{
  "version": 4,
  "terraform_version": "1.5.6",
  "serial": 4953,
  "lineage": "b2b40986-67e7-24ec-d442-4640072c4cb7",
  "outputs": {
    "ads": {
      "value": [
        {
          "compartment_id": "ocid1.tenancy.oc1..aaaaaaaa7ir42cknj7xvbqc77vftjpvx7aavbueua4hzkuaur6wx7lyyvuxq",
          "id": "ocid1.availabilitydomain.oc1..aaaaaaaapjv4p3qtly2fesrig77q4tlmi3wvakeet6fskc7do2fmawz3xctq",
          "name": "bKRu:UK-LONDON-1-AD-1"
        },
        {
          "compartment_id": "ocid1.tenancy.oc1..aaaaaaaa7ir42cknj7xvbqc77vftjpvx7aavbueua4hzkuaur6wx7lyyvuxq",
          "id": "ocid1.availabilitydomain.oc1..aaaaaaaaw2i3i53quioaywmhx56ss5plwk7bmmeg2266lo7inilhbizeroua",
          "name": "bKRu:UK-LONDON-1-AD-2"
        },
        {
          "compartment_id": "ocid1.tenancy.oc1..aaaaaaaa7ir42cknj7xvbqc77vftjpvx7aavbueua4hzkuaur6wx7lyyvuxq",
          "id": "ocid1.availabilitydomain.oc1..aaaaaaaac6kgqnl5eberztbdm2ufhpxohk7cuelajmafpqa3m6rpri4tc2yq",
          "name": "bKRu:UK-LONDON-1-AD-3"
        }
      ],
      "type": [
        "list",
        [
          "object",
          {
            "compartment_id": "string",
            "id": "string",
            "name": "string"
          }
        ]
      ]
    },
    "subnet_id_1": {
      "value": "ocid1.subnet.oc1.uk-london-1.aaaaaaaahzbns3jzlfqixfafdhuwvit5e55vcbakpmnhrvy2mr7b4f65snna",
      "type": "string"
    }
  },
  "resources": [
    {
      "module": "module.compute",
      "mode": "data",
      "type": "oci_core_images",
      "name": "ewp_images",
      "provider": "provider[\"registry.terraform.io/hashicorp/oci\"]",
      "instances": [
        {
          "schema_version": 0,
          "attributes": {
            "compartment_id": "ocid1.tenancy.oc1..aaaaaaaa7ir42cknj7xvbqc77vftjpvx7aavbueua4hzkuaur6wx7lyyvuxq",
            "display_name": null,
            "filter": null,
            "id": "CoreImagesDataSource-2119436945",
            "images": [
              {
                "agent_features": [],
                "base_image_id": "",
                "billable_size_in_gbs": "2",
                "compartment_id": "",
                "create_image_allowed": true,
                "defined_tags": {},
                "display_name": "Canonical-Ubuntu-22.04-2023.07.20-0",
                "freeform_tags": {},
                "id": "ocid1.image.oc1.uk-london-1.aaaaaaaahyhkbel5zxxlnlq7ox7ri6icnx3hhwxqqud3v5jdycs2rfqjqovq",
                "image_source_details": [],
                "instance_id": "",
                "launch_mode": "NATIVE",
                "launch_options": [
                  {
                    "boot_volume_type": "PARAVIRTUALIZED",
                    "firmware": "UEFI_64",
                    "is_consistent_volume_naming_enabled": true,
                    "is_pv_encryption_in_transit_enabled": true,
                    "network_type": "PARAVIRTUALIZED",
                    "remote_data_volume_type": "PARAVIRTUALIZED"
                  }
                ],
                "listing_type": "",
                "operating_system": "Canonical Ubuntu",
                "operating_system_version": "22.04",
                "size_in_mbs": "47694",
                "state": "AVAILABLE",
                "time_created": "2023-07-31 07:16:12.813 +0000 UTC"
              },
              {
                "agent_features": [],
                "base_image_id": "",
                "billable_size_in_gbs": "2",
                "compartment_id": "",
                "create_image_allowed": true,
                "defined_tags": {},
                "display_name": "Canonical-Ubuntu-22.04-2023.06.30-0",
                "freeform_tags": {},
                "id": "ocid1.image.oc1.uk-london-1.aaaaaaaarytsus6dgeof7tgp53asviyifz2qpkg7y7gybuynqa2u4tqiiodq",
                "image_source_details": [],
                "instance_id": "",
                "launch_mode": "NATIVE",
                "launch_options": [
                  {
                    "boot_volume_type": "PARAVIRTUALIZED",
                    "firmware": "UEFI_64",
                    "is_consistent_volume_naming_enabled": true,
                    "is_pv_encryption_in_transit_enabled": true,
                    "network_type": "PARAVIRTUALIZED",
                    "remote_data_volume_type": "PARAVIRTUALIZED"
                  }
                ],
                "listing_type": "",
                "operating_system": "Canonical Ubuntu",
                "operating_system_version": "22.04",
                "size_in_mbs": "47694",
                "state": "AVAILABLE",
                "time_created": "2023-07-11 22:11:46.062 +0000 UTC"
              },
              {
                "agent_features": [],
                "base_image_id": "",
                "billable_size_in_gbs": "2",
                "compartment_id": "",
                "create_image_allowed": true,
                "defined_tags": {},
                "display_name": "Canonical-Ubuntu-22.04-2023.05.19-0",
                "freeform_tags": {},
                "id": "ocid1.image.oc1.uk-london-1.aaaaaaaammeqam3el4udg242ti2pns3awuuusmw3kqtrxoud3huy7p3ebjsa",
                "image_source_details": [],
                "instance_id": "",
                "launch_mode": "NATIVE",
                "launch_options": [
                  {
                    "boot_volume_type": "PARAVIRTUALIZED",
                    "firmware": "UEFI_64",
                    "is_consistent_volume_naming_enabled": true,
                    "is_pv_encryption_in_transit_enabled": true,
                    "network_type": "PARAVIRTUALIZED",
                    "remote_data_volume_type": "PARAVIRTUALIZED"
                  }
                ],
                "listing_type": "",
                "operating_system": "Canonical Ubuntu",
                "operating_system_version": "22.04",
                "size_in_mbs": "47694",
                "state": "AVAILABLE",
                "time_created": "2023-06-05 05:41:08.677 +0000 UTC"
              }
            ],
            "operating_system": "Canonical Ubuntu",
            "operating_system_version": "22.04",
            "shape": "VM.Standard.E2.1.Micro",
            "sort_by": "TIMECREATED",
            "sort_order": "DESC",
            "state": null
          },
          "sensitive_attributes": []
        }
      ]
    },
    {
      "module": "module.compute",
      "mode": "data",
      "type": "oci_core_private_ips",
      "name": "ewp",
      "provider": "provider[\"registry.terraform.io/hashicorp/oci\"]",
      "instances": [
        {
          "index_key": "0",
          "schema_version": 0,
          "attributes": {
            "filter": null,
            "id": "CorePrivateIpsDataSource-111165457",
            "ip_address": null,
            "private_ips": [
              {
                "availability_domain": "bKRu:UK-LONDON-1-AD-1",
                "compartment_id": "ocid1.tenancy.oc1..aaaaaaaa7ir42cknj7xvbqc77vftjpvx7aavbueua4hzkuaur6wx7lyyvuxq",
                "defined_tags": {
                  "Oracle-Tags.CreatedBy": "default/mike@wyss.co.uk",
                  "Oracle-Tags.CreatedOn": "2023-08-28T22:18:00.786Z"
                },
                "display_name": "ewp_instance_1",
                "freeform_tags": {},
                "hostname_label": "ewp-instance-1",
                "id": "ocid1.privateip.oc1.uk-london-1.abwgiljtbxf5uvfdumnifuidagl4faijaesvswutqz2uonzxqjmvoeptu5hq",
                "ip_address": "10.0.1.11",
                "is_primary": true,
                "is_reserved": false,
                "subnet_id": "ocid1.subnet.oc1.uk-london-1.aaaaaaaahzbns3jzlfqixfafdhuwvit5e55vcbakpmnhrvy2mr7b4f65snna",
                "time_created": "2023-08-28 22:18:05.254 +0000 UTC",
                "vlan_id": "",
                "vnic_id": "ocid1.vnic.oc1.uk-london-1.abwgiljtqzaetxer3thhs575ossvs7soyno2jmifm774sko7snwlldocw3vq"
              }
            ],
            "subnet_id": "ocid1.subnet.oc1.uk-london-1.aaaaaaaahzbns3jzlfqixfafdhuwvit5e55vcbakpmnhrvy2mr7b4f65snna",
            "vlan_id": null,
            "vnic_id": null
          },
          "sensitive_attributes": []
        }
      ]
    },
    {
      "module": "module.compute",
      "mode": "data",
      "type": "oci_identity_availability_domains",
      "name": "ad",
      "provider": "provider[\"registry.terraform.io/hashicorp/oci\"]",
      "instances": [
        {
          "schema_version": 0,
          "attributes": {
            "availability_domains": [
              {
                "compartment_id": "ocid1.tenancy.oc1..aaaaaaaa7ir42cknj7xvbqc77vftjpvx7aavbueua4hzkuaur6wx7lyyvuxq",
                "id": "ocid1.availabilitydomain.oc1..aaaaaaaapjv4p3qtly2fesrig77q4tlmi3wvakeet6fskc7do2fmawz3xctq",
                "name": "bKRu:UK-LONDON-1-AD-1"
              },
              {
                "compartment_id": "ocid1.tenancy.oc1..aaaaaaaa7ir42cknj7xvbqc77vftjpvx7aavbueua4hzkuaur6wx7lyyvuxq",
                "id": "ocid1.availabilitydomain.oc1..aaaaaaaaw2i3i53quioaywmhx56ss5plwk7bmmeg2266lo7inilhbizeroua",
                "name": "bKRu:UK-LONDON-1-AD-2"
              },
              {
                "compartment_id": "ocid1.tenancy.oc1..aaaaaaaa7ir42cknj7xvbqc77vftjpvx7aavbueua4hzkuaur6wx7lyyvuxq",
                "id": "ocid1.availabilitydomain.oc1..aaaaaaaac6kgqnl5eberztbdm2ufhpxohk7cuelajmafpqa3m6rpri4tc2yq",
                "name": "bKRu:UK-LONDON-1-AD-3"
              }
            ],
            "compartment_id": "ocid1.tenancy.oc1..aaaaaaaa7ir42cknj7xvbqc77vftjpvx7aavbueua4hzkuaur6wx7lyyvuxq",
            "filter": null,
            "id": "IdentityAvailabilityDomainsDataSource-833945507"
          },
          "sensitive_attributes": []
        }
      ]
    },
    {
      "module": "module.compute",
      "mode": "data",
      "type": "template_file",
      "name": "ad_names",
      "provider": "provider[\"registry.terraform.io/hashicorp/template\"]",
      "instances": [
        {
          "index_key": 0,
          "schema_version": 0,
          "attributes": {
            "filename": null,
            "id": "2d15789160306cb7e376b476b06e93b2baf6503721f088d4fa1a9700ddb46f37",
            "rendered": "bKRu:UK-LONDON-1-AD-1",
            "template": "bKRu:UK-LONDON-1-AD-1",
            "vars": null
          },
          "sensitive_attributes": []
        },
        {
          "index_key": 1,
          "schema_version": 0,
          "attributes": {
            "filename": null,
            "id": "567785060efc42683629883382163d576be55243bced995d6b71b3d1e8866247",
            "rendered": "bKRu:UK-LONDON-1-AD-2",
            "template": "bKRu:UK-LONDON-1-AD-2",
            "vars": null
          },
          "sensitive_attributes": []
        },
        {
          "index_key": 2,
          "schema_version": 0,
          "attributes": {
            "filename": null,
            "id": "2ef06edc6bb2c11aa9431b5c6c75946e477c3a8d0a8d3ffc7c0e3b16d49bce45",
            "rendered": "bKRu:UK-LONDON-1-AD-3",
            "template": "bKRu:UK-LONDON-1-AD-3",
            "vars": null
          },
          "sensitive_attributes": []
        }
      ]
    },
    {
      "module": "module.compute",
      "mode": "managed",
      "type": "oci_core_instance",
      "name": "ewp_instance",
      "provider": "provider[\"registry.terraform.io/hashicorp/oci\"]",
      "instances": [
        {
          "index_key": "0",
          "schema_version": 0,
          "attributes": {
            "agent_config": [
              {
                "are_all_plugins_disabled": false,
                "is_management_disabled": false,
                "is_monitoring_disabled": false,
                "plugins_config": []
              }
            ],
            "async": null,
            "availability_config": [
              {
                "is_live_migration_preferred": false,
                "recovery_action": "RESTORE_INSTANCE"
              }
            ],
            "availability_domain": "bKRu:UK-LONDON-1-AD-1",
            "boot_volume_id": "ocid1.bootvolume.oc1.uk-london-1.abwgiljtfnzezh4ssv7dg6c56khp66kura4s7vgw77neroenh2dakm64qkpq",
            "capacity_reservation_id": null,
            "compartment_id": "ocid1.tenancy.oc1..aaaaaaaa7ir42cknj7xvbqc77vftjpvx7aavbueua4hzkuaur6wx7lyyvuxq",
            "compute_cluster_id": null,
            "create_vnic_details": [
              {
                "assign_private_dns_record": false,
                "assign_public_ip": "false",
                "defined_tags": {
                  "Oracle-Tags.CreatedBy": "default/mike@wyss.co.uk",
                  "Oracle-Tags.CreatedOn": "2023-08-28T22:18:00.786Z"
                },
                "display_name": "ewp_instance_1",
                "freeform_tags": {},
                "hostname_label": "ewp-instance-1",
                "nsg_ids": [
                  "ocid1.networksecuritygroup.oc1.uk-london-1.aaaaaaaabgmxsif4p6b4z2xestjdf37cmyhmvv655prqdewrwiiulidjfkta"
                ],
                "private_ip": "10.0.1.11",
                "skip_source_dest_check": false,
                "subnet_id": "ocid1.subnet.oc1.uk-london-1.aaaaaaaahzbns3jzlfqixfafdhuwvit5e55vcbakpmnhrvy2mr7b4f65snna",
                "vlan_id": ""
              }
            ],
            "dedicated_vm_host_id": null,
            "defined_tags": {
              "Oracle-Tags.CreatedBy": "default/mike@wyss.co.uk",
              "Oracle-Tags.CreatedOn": "2023-08-28T22:18:00.651Z"
            },
            "display_name": "ewp_instance_1",
            "extended_metadata": {},
            "fault_domain": "FAULT-DOMAIN-1",
            "freeform_tags": {},
            "hostname_label": "ewp-instance-1",
            "id": "ocid1.instance.oc1.uk-london-1.anwgiljtavf7xtycnuwqffg26ngjcqusjv6anyktecxkrgxfjfcxndakqt3a",
            "image": "ocid1.image.oc1.uk-london-1.aaaaaaaahyhkbel5zxxlnlq7ox7ri6icnx3hhwxqqud3v5jdycs2rfqjqovq",
            "instance_configuration_id": null,
            "instance_options": [
              {
                "are_legacy_imds_endpoints_disabled": false
              }
            ],
            "ipxe_script": null,
            "is_cross_numa_node": false,
            "is_pv_encryption_in_transit_enabled": null,
            "launch_mode": "PARAVIRTUALIZED",
            "launch_options": [
              {
                "boot_volume_type": "PARAVIRTUALIZED",
                "firmware": "UEFI_64",
                "is_consistent_volume_naming_enabled": true,
                "is_pv_encryption_in_transit_enabled": false,
                "network_type": "PARAVIRTUALIZED",
                "remote_data_volume_type": "PARAVIRTUALIZED"
              }
            ],
            "metadata": {
              "ssh_authorized_keys": "ssh-rsa AAAAB3NzaC1yc2EAAAADAQABAAACAQDNhWRY2zbzVkaMpRM7z1WugVDqfeXBRXXVn7XOqo204RVbtDZeeFN7XCGOJ8TU3d+aJQTWYE2gRsFJnVtT7P43DIExDU2DeIaOAdGCuR9RGD7pTwUMcZXmmJszOt8LZSlQgtTisOYju3CkEmal//yKUAAXXpv09ovJrl6pUg6Pd2eQ+CCLqcW7y5y0hm3GEQW3pqDpi8LDUA2Z2NMFOTCYTezvJ9LeXZAsYdCYmNtuvLgPFIjWAXRgCOqViNMEn9re6XIlXrN50i7uKlNjN/bhWmsNF6Qf2ulgnD3yfVqYFzyoYM4M5nVillPOxEEzxdofqZFAxPS+QlhotKMJopBxfdJiVvfBbkeizUAdcBCsobog06g5dPrqOcBHP27l5b/MxWDWDgpYT0+b8Ks187TtN9yr1qyCsxy4mtOFrXCoexgfipo2+KKyT1iLlN/kybKwJj9/kFqDU57foYn9GBsHsk36Y9WeCf5WiwofuMDxrWzHVEMIEPfLdveD2fErcfnSEDhLipGp0qjfZRAvhbfAqtOKp4K0/mAUbgVgXe/vCAuNUlItlqX4fS0MQxcLdBWCgYK5DcYsvFicVKF4lKKvWmWqe/aKtrckgODKt0G/7iyHlDfg/F77aka02CRuqL8dzvJg6aiLAUQugXT/dKeuhnO8Sv30tTNa8NI6DUCc7w== mike@mikewyss\n",
              "user_data": "IyEgL2Jpbi9iYXNoCgpjdXJsIC1mc1NMIGh0dHBzOi8vZ2V0LmRvY2tlci5jb20gLW8gZ2V0LWRvY2tlci5zaApzdWRvIHNoIGdldC1kb2NrZXIuc2gKCnN1ZG8gc3lzdGVtY3RsIGVuYWJsZSBkb2NrZXIuc2VydmljZQpzdWRvIHN5c3RlbWN0bCBlbmFibGUgY29udGFpbmVyZC5zZXJ2aWNlCgpzdWRvIGRvY2tlciBsb2dpbiAtdSBtd3lzc3kgLXAgRXZVZVFrJXA3ODI0CnN1ZG8gZG9ja2VyIHB1bGwgbXd5c3N5L2V3cC1iZTpsYXRlc3QKc3VkbyBkb2NrZXIgcnVuIC1kIC1lIE9DSV9VU0VSPW9jaWQxLnVzZXIub2MxLi5hYWFhYWFhYWZvcDd6aHJia2ticDMybDQzZWR1aWJvZmppd2g1aHg1YWxheXB6aHZyYnlmdzNyaDNxM2EgLWUgT0NJX0ZJTkdFUlBSSU5UPTVkOmQ1OjliOjhiOmI4OmJlOjhhOjcyOmZkOmI5OmQ2OmYzOmFhOjM4OjgxOmM3IC1lIE9DSV9URU5BTkNZPW9jaWQxLnRlbmFuY3kub2MxLi5hYWFhYWFhYTdpcjQyY2tuajd4dmJxYzc3dmZ0anB2eDdhYXZidWV1YTRoemt1YXVyNnd4N2x5eXZ1eHEgLWUgT0NJX1JFR0lPTj11ay1sb25kb24tMSAtcCA1MDAwOjUwMDAgbXd5c3N5L2V3cC1iZTpsYXRlc3Q="
            },
            "platform_config": [],
            "preemptible_instance_config": [],
            "preserve_boot_volume": null,
            "private_ip": "10.0.1.11",
            "public_ip": "",
            "region": "uk-london-1",
            "shape": "VM.Standard.E2.1.Micro",
            "shape_config": [
              {
                "baseline_ocpu_utilization": "",
                "gpu_description": "",
                "gpus": 0,
                "local_disk_description": "",
                "local_disks": 0,
                "local_disks_total_size_in_gbs": 0,
                "max_vnic_attachments": 1,
                "memory_in_gbs": 1,
                "networking_bandwidth_in_gbps": 0.47999998927116394,
                "nvmes": 0,
                "ocpus": 1,
                "processor_description": "2.0 GHz AMD EPYC™ 7551 (Naples)",
                "vcpus": 2
              }
            ],
            "source_details": [
              {
                "boot_volume_size_in_gbs": "47",
                "boot_volume_vpus_per_gb": "10",
                "instance_source_image_filter_details": [],
                "kms_key_id": "",
                "source_id": "ocid1.image.oc1.uk-london-1.aaaaaaaahyhkbel5zxxlnlq7ox7ri6icnx3hhwxqqud3v5jdycs2rfqjqovq",
                "source_type": "image"
              }
            ],
            "state": "RUNNING",
            "subnet_id": "ocid1.subnet.oc1.uk-london-1.aaaaaaaahzbns3jzlfqixfafdhuwvit5e55vcbakpmnhrvy2mr7b4f65snna",
            "system_tags": {
              "orcl-cloud.free-tier-retained": "true"
            },
            "time_created": "2023-08-28 22:18:01.378 +0000 UTC",
            "time_maintenance_reboot_due": "",
            "timeouts": null,
            "update_operation_constraint": null
          },
          "sensitive_attributes": [],
          "private": "eyJlMmJmYjczMC1lY2FhLTExZTYtOGY4OC0zNDM2M2JjN2M0YzAiOnsiY3JlYXRlIjoyNzAwMDAwMDAwMDAwLCJkZWxldGUiOjQ1MDAwMDAwMDAwMDAsInVwZGF0ZSI6MjcwMDAwMDAwMDAwMH19",
          "dependencies": [
            "module.compute.data.oci_core_images.ewp_images",
            "module.compute.data.template_file.ad_names",
            "module.network.data.external.my_ip",
            "module.network.module.vcn.data.oci_core_services.all_oci_services",
            "module.network.module.vcn.module.subnet.data.oci_core_dhcp_options.dhcp_options",
            "module.network.module.vcn.module.subnet.oci_core_subnet.vcn_subnet",
            "module.network.module.vcn.oci_core_default_security_list.lockdown",
            "module.network.module.vcn.oci_core_default_security_list.restore_default",
            "module.network.module.vcn.oci_core_internet_gateway.ig",
            "module.network.module.vcn.oci_core_local_peering_gateway.lpg",
            "module.network.module.vcn.oci_core_nat_gateway.nat_gateway",
            "module.network.module.vcn.oci_core_route_table.ig",
            "module.network.module.vcn.oci_core_route_table.nat",
            "module.network.module.vcn.oci_core_route_table.service_gw",
            "module.network.module.vcn.oci_core_service_gateway.service_gateway",
            "module.network.module.vcn.oci_core_vcn.vcn",
            "module.network.oci_core_network_security_group.ewp_sg",
            "module.network.oci_core_network_security_group_security_rule.egress_internet",
            "module.network.oci_core_network_security_group_security_rule.egress_port",
            "module.network.oci_core_network_security_group_security_rule.ingress_api",
            "module.network.oci_core_network_security_group_security_rule.ingress_http",
            "module.network.oci_core_network_security_group_security_rule.ingress_https",
            "module.network.oci_core_network_security_group_security_rule.ingress_ssh",
            "module.network.oci_core_security_list.ewp_security_list",
            "module.network.oci_core_subnet.ewp_public"
          ]
        }
      ]
    },
    {
      "module": "module.compute",
      "mode": "managed",
      "type": "oci_core_public_ip",
      "name": "ewp_ip",
      "provider": "provider[\"registry.terraform.io/hashicorp/oci\"]",
      "instances": [
        {
          "index_key": "0",
          "schema_version": 0,
          "attributes": {
            "assigned_entity_id": "ocid1.privateip.oc1.uk-london-1.abwgiljtbxf5uvfdumnifuidagl4faijaesvswutqz2uonzxqjmvoeptu5hq",
            "assigned_entity_type": "PRIVATE_IP",
            "availability_domain": null,
            "compartment_id": "ocid1.tenancy.oc1..aaaaaaaa7ir42cknj7xvbqc77vftjpvx7aavbueua4hzkuaur6wx7lyyvuxq",
            "defined_tags": {
              "Oracle-Tags.CreatedBy": "default/mike@wyss.co.uk",
              "Oracle-Tags.CreatedOn": "2023-08-28T22:18:36.595Z"
            },
            "display_name": "publicip20230828221836",
            "freeform_tags": {},
            "id": "ocid1.publicip.oc1.uk-london-1.amaaaaaaavf7xtya2opd6htc4j3t3vdpoorqtsu65pmgu4tepm6ltwktj3va",
            "ip_address": "141.147.110.69",
            "lifetime": "RESERVED",
            "private_ip_id": "ocid1.privateip.oc1.uk-london-1.abwgiljtbxf5uvfdumnifuidagl4faijaesvswutqz2uonzxqjmvoeptu5hq",
            "public_ip_pool_id": null,
            "scope": "REGION",
            "state": "ASSIGNED",
            "time_created": "2023-08-28 22:18:36.933 +0000 UTC",
            "timeouts": null
          },
          "sensitive_attributes": [],
          "private": "eyJlMmJmYjczMC1lY2FhLTExZTYtOGY4OC0zNDM2M2JjN2M0YzAiOnsiY3JlYXRlIjoxMjAwMDAwMDAwMDAwLCJkZWxldGUiOjEyMDAwMDAwMDAwMDAsInVwZGF0ZSI6MTIwMDAwMDAwMDAwMH19",
          "dependencies": [
            "module.compute.data.oci_core_images.ewp_images",
            "module.compute.data.oci_core_private_ips.ewp",
            "module.compute.data.template_file.ad_names",
            "module.compute.oci_core_instance.ewp_instance",
            "module.network.data.external.my_ip",
            "module.network.module.vcn.data.oci_core_services.all_oci_services",
            "module.network.module.vcn.module.subnet.data.oci_core_dhcp_options.dhcp_options",
            "module.network.module.vcn.module.subnet.oci_core_subnet.vcn_subnet",
            "module.network.module.vcn.oci_core_default_security_list.lockdown",
            "module.network.module.vcn.oci_core_default_security_list.restore_default",
            "module.network.module.vcn.oci_core_internet_gateway.ig",
            "module.network.module.vcn.oci_core_local_peering_gateway.lpg",
            "module.network.module.vcn.oci_core_nat_gateway.nat_gateway",
            "module.network.module.vcn.oci_core_route_table.ig",
            "module.network.module.vcn.oci_core_route_table.nat",
            "module.network.module.vcn.oci_core_route_table.service_gw",
            "module.network.module.vcn.oci_core_service_gateway.service_gateway",
            "module.network.module.vcn.oci_core_vcn.vcn",
            "module.network.oci_core_network_security_group.ewp_sg",
            "module.network.oci_core_network_security_group_security_rule.egress_internet",
            "module.network.oci_core_network_security_group_security_rule.egress_port",
            "module.network.oci_core_network_security_group_security_rule.ingress_api",
            "module.network.oci_core_network_security_group_security_rule.ingress_http",
            "module.network.oci_core_network_security_group_security_rule.ingress_https",
            "module.network.oci_core_network_security_group_security_rule.ingress_ssh",
            "module.network.oci_core_security_list.ewp_security_list",
            "module.network.oci_core_subnet.ewp_public"
          ]
        }
      ]
    },
    {
      "module": "module.network",
      "mode": "data",
      "type": "external",
      "name": "my_ip",
      "provider": "provider[\"registry.terraform.io/hashicorp/external\"]",
      "instances": [
        {
          "schema_version": 0,
          "attributes": {
            "id": "-",
            "program": [
              "bash",
              "modules/network/get_my_ip.sh"
            ],
            "query": null,
            "result": {
              "MY_IP": "62.3.76.144"
            },
            "working_dir": null
          },
          "sensitive_attributes": []
        }
      ]
    },
    {
      "module": "module.network",
      "mode": "managed",
      "type": "oci_core_network_security_group",
      "name": "ewp_sg",
      "provider": "provider[\"registry.terraform.io/hashicorp/oci\"]",
      "instances": [
        {
          "schema_version": 0,
          "attributes": {
            "compartment_id": "ocid1.tenancy.oc1..aaaaaaaa7ir42cknj7xvbqc77vftjpvx7aavbueua4hzkuaur6wx7lyyvuxq",
            "defined_tags": {
              "Oracle-Tags.CreatedBy": "default/mike@wyss.co.uk",
              "Oracle-Tags.CreatedOn": "2023-08-28T22:09:33.271Z"
            },
            "display_name": "ewp_sg",
            "freeform_tags": {},
            "id": "ocid1.networksecuritygroup.oc1.uk-london-1.aaaaaaaabgmxsif4p6b4z2xestjdf37cmyhmvv655prqdewrwiiulidjfkta",
            "state": "AVAILABLE",
            "time_created": "2023-08-28 22:09:33.436 +0000 UTC",
            "timeouts": null,
            "vcn_id": "ocid1.vcn.oc1.uk-london-1.amaaaaaaavf7xtyatijwai37jigdf3uqyt4phwqjatxwlu365tugpufgrwrq"
          },
          "sensitive_attributes": [],
          "private": "eyJlMmJmYjczMC1lY2FhLTExZTYtOGY4OC0zNDM2M2JjN2M0YzAiOnsiY3JlYXRlIjoxMjAwMDAwMDAwMDAwLCJkZWxldGUiOjEyMDAwMDAwMDAwMDAsInVwZGF0ZSI6MTIwMDAwMDAwMDAwMH19",
          "dependencies": [
            "module.network.module.vcn.oci_core_vcn.vcn"
          ]
        }
      ]
    },
    {
      "module": "module.network",
      "mode": "managed",
      "type": "oci_core_network_security_group_security_rule",
      "name": "egress_internet",
      "provider": "provider[\"registry.terraform.io/hashicorp/oci\"]",
      "instances": [
        {
          "schema_version": 0,
          "attributes": {
            "description": null,
            "destination": "0.0.0.0/0",
            "destination_type": "CIDR_BLOCK",
            "direction": "EGRESS",
            "icmp_options": [],
            "id": "9A4F03",
            "is_valid": true,
            "network_security_group_id": "ocid1.networksecuritygroup.oc1.uk-london-1.aaaaaaaabgmxsif4p6b4z2xestjdf37cmyhmvv655prqdewrwiiulidjfkta",
            "protocol": "6",
            "source": null,
            "source_type": "",
            "stateless": false,
            "tcp_options": [
              {
                "destination_port_range": [
                  {
                    "max": 443,
                    "min": 443
                  }
                ],
                "source_port_range": []
              }
            ],
            "time_created": "2023-08-28 22:09:34.612 +0000 UTC",
            "timeouts": null,
            "udp_options": []
          },
          "sensitive_attributes": [],
          "private": "eyJlMmJmYjczMC1lY2FhLTExZTYtOGY4OC0zNDM2M2JjN2M0YzAiOnsiY3JlYXRlIjoxMjAwMDAwMDAwMDAwLCJkZWxldGUiOjEyMDAwMDAwMDAwMDAsInVwZGF0ZSI6MTIwMDAwMDAwMDAwMH19",
          "dependencies": [
            "module.network.module.vcn.oci_core_vcn.vcn",
            "module.network.oci_core_network_security_group.ewp_sg"
          ]
        }
      ]
    },
    {
      "module": "module.network",
      "mode": "managed",
      "type": "oci_core_network_security_group_security_rule",
      "name": "egress_port",
      "provider": "provider[\"registry.terraform.io/hashicorp/oci\"]",
      "instances": [
        {
          "schema_version": 0,
          "attributes": {
            "description": null,
            "destination": "0.0.0.0/0",
            "destination_type": "CIDR_BLOCK",
            "direction": "EGRESS",
            "icmp_options": [],
            "id": "11BF85",
            "is_valid": true,
            "network_security_group_id": "ocid1.networksecuritygroup.oc1.uk-london-1.aaaaaaaabgmxsif4p6b4z2xestjdf37cmyhmvv655prqdewrwiiulidjfkta",
            "protocol": "6",
            "source": null,
            "source_type": "",
            "stateless": false,
            "tcp_options": [
              {
                "destination_port_range": [
                  {
                    "max": 5000,
                    "min": 5000
                  }
                ],
                "source_port_range": []
              }
            ],
            "time_created": "2023-08-28 22:09:34.15 +0000 UTC",
            "timeouts": null,
            "udp_options": []
          },
          "sensitive_attributes": [],
          "private": "eyJlMmJmYjczMC1lY2FhLTExZTYtOGY4OC0zNDM2M2JjN2M0YzAiOnsiY3JlYXRlIjoxMjAwMDAwMDAwMDAwLCJkZWxldGUiOjEyMDAwMDAwMDAwMDAsInVwZGF0ZSI6MTIwMDAwMDAwMDAwMH19",
          "dependencies": [
            "module.network.module.vcn.oci_core_vcn.vcn",
            "module.network.oci_core_network_security_group.ewp_sg"
          ]
        }
      ]
    },
    {
      "module": "module.network",
      "mode": "managed",
      "type": "oci_core_network_security_group_security_rule",
      "name": "ingress_api",
      "provider": "provider[\"registry.terraform.io/hashicorp/oci\"]",
      "instances": [
        {
          "schema_version": 0,
          "attributes": {
            "description": null,
            "destination": null,
            "destination_type": "",
            "direction": "INGRESS",
            "icmp_options": [],
            "id": "B04341",
            "is_valid": true,
            "network_security_group_id": "ocid1.networksecuritygroup.oc1.uk-london-1.aaaaaaaabgmxsif4p6b4z2xestjdf37cmyhmvv655prqdewrwiiulidjfkta",
            "protocol": "6",
            "source": "0.0.0.0/0",
            "source_type": "CIDR_BLOCK",
            "stateless": false,
            "tcp_options": [
              {
                "destination_port_range": [
                  {
                    "max": 5000,
                    "min": 5000
                  }
                ],
                "source_port_range": []
              }
            ],
            "time_created": "2023-08-28 22:09:34.928 +0000 UTC",
            "timeouts": null,
            "udp_options": []
          },
          "sensitive_attributes": [],
          "private": "eyJlMmJmYjczMC1lY2FhLTExZTYtOGY4OC0zNDM2M2JjN2M0YzAiOnsiY3JlYXRlIjoxMjAwMDAwMDAwMDAwLCJkZWxldGUiOjEyMDAwMDAwMDAwMDAsInVwZGF0ZSI6MTIwMDAwMDAwMDAwMH19",
          "dependencies": [
            "module.network.module.vcn.oci_core_vcn.vcn",
            "module.network.oci_core_network_security_group.ewp_sg"
          ]
        }
      ]
    },
    {
      "module": "module.network",
      "mode": "managed",
      "type": "oci_core_network_security_group_security_rule",
      "name": "ingress_http",
      "provider": "provider[\"registry.terraform.io/hashicorp/oci\"]",
      "instances": [
        {
          "schema_version": 0,
          "attributes": {
            "description": null,
            "destination": null,
            "destination_type": "",
            "direction": "INGRESS",
            "icmp_options": [],
            "id": "23B699",
            "is_valid": true,
            "network_security_group_id": "ocid1.networksecuritygroup.oc1.uk-london-1.aaaaaaaabgmxsif4p6b4z2xestjdf37cmyhmvv655prqdewrwiiulidjfkta",
            "protocol": "6",
            "source": "0.0.0.0/0",
            "source_type": "CIDR_BLOCK",
            "stateless": false,
            "tcp_options": [
              {
                "destination_port_range": [
                  {
                    "max": 80,
                    "min": 80
                  }
                ],
                "source_port_range": []
              }
            ],
            "time_created": "2023-08-28 22:09:34.023 +0000 UTC",
            "timeouts": null,
            "udp_options": []
          },
          "sensitive_attributes": [],
          "private": "eyJlMmJmYjczMC1lY2FhLTExZTYtOGY4OC0zNDM2M2JjN2M0YzAiOnsiY3JlYXRlIjoxMjAwMDAwMDAwMDAwLCJkZWxldGUiOjEyMDAwMDAwMDAwMDAsInVwZGF0ZSI6MTIwMDAwMDAwMDAwMH19",
          "dependencies": [
            "module.network.module.vcn.oci_core_vcn.vcn",
            "module.network.oci_core_network_security_group.ewp_sg"
          ]
        }
      ]
    },
    {
      "module": "module.network",
      "mode": "managed",
      "type": "oci_core_network_security_group_security_rule",
      "name": "ingress_https",
      "provider": "provider[\"registry.terraform.io/hashicorp/oci\"]",
      "instances": [
        {
          "schema_version": 0,
          "attributes": {
            "description": null,
            "destination": null,
            "destination_type": "",
            "direction": "INGRESS",
            "icmp_options": [],
            "id": "2DE171",
            "is_valid": true,
            "network_security_group_id": "ocid1.networksecuritygroup.oc1.uk-london-1.aaaaaaaabgmxsif4p6b4z2xestjdf37cmyhmvv655prqdewrwiiulidjfkta",
            "protocol": "6",
            "source": "0.0.0.0/0",
            "source_type": "CIDR_BLOCK",
            "stateless": false,
            "tcp_options": [
              {
                "destination_port_range": [
                  {
                    "max": 443,
                    "min": 443
                  }
                ],
                "source_port_range": []
              }
            ],
            "time_created": "2023-08-28 22:09:34.282 +0000 UTC",
            "timeouts": null,
            "udp_options": []
          },
          "sensitive_attributes": [],
          "private": "eyJlMmJmYjczMC1lY2FhLTExZTYtOGY4OC0zNDM2M2JjN2M0YzAiOnsiY3JlYXRlIjoxMjAwMDAwMDAwMDAwLCJkZWxldGUiOjEyMDAwMDAwMDAwMDAsInVwZGF0ZSI6MTIwMDAwMDAwMDAwMH19",
          "dependencies": [
            "module.network.module.vcn.oci_core_vcn.vcn",
            "module.network.oci_core_network_security_group.ewp_sg"
          ]
        }
      ]
    },
    {
      "module": "module.network",
      "mode": "managed",
      "type": "oci_core_network_security_group_security_rule",
      "name": "ingress_ssh",
      "provider": "provider[\"registry.terraform.io/hashicorp/oci\"]",
      "instances": [
        {
          "schema_version": 0,
          "attributes": {
            "description": null,
            "destination": null,
            "destination_type": "",
            "direction": "INGRESS",
            "icmp_options": [],
            "id": "D39938",
            "is_valid": true,
            "network_security_group_id": "ocid1.networksecuritygroup.oc1.uk-london-1.aaaaaaaabgmxsif4p6b4z2xestjdf37cmyhmvv655prqdewrwiiulidjfkta",
            "protocol": "6",
            "source": "62.3.76.144/32",
            "source_type": "CIDR_BLOCK",
            "stateless": false,
            "tcp_options": [
              {
                "destination_port_range": [
                  {
                    "max": 22,
                    "min": 22
                  }
                ],
                "source_port_range": []
              }
            ],
            "time_created": "2023-08-28 22:09:34.496 +0000 UTC",
            "timeouts": null,
            "udp_options": []
          },
          "sensitive_attributes": [],
          "private": "eyJlMmJmYjczMC1lY2FhLTExZTYtOGY4OC0zNDM2M2JjN2M0YzAiOnsiY3JlYXRlIjoxMjAwMDAwMDAwMDAwLCJkZWxldGUiOjEyMDAwMDAwMDAwMDAsInVwZGF0ZSI6MTIwMDAwMDAwMDAwMH19",
          "dependencies": [
            "module.network.data.external.my_ip",
            "module.network.module.vcn.oci_core_vcn.vcn",
            "module.network.oci_core_network_security_group.ewp_sg"
          ]
        }
      ]
    },
    {
      "module": "module.network",
      "mode": "managed",
      "type": "oci_core_security_list",
      "name": "ewp_security_list",
      "provider": "provider[\"registry.terraform.io/hashicorp/oci\"]",
      "instances": [
        {
          "schema_version": 0,
          "attributes": {
            "compartment_id": "ocid1.tenancy.oc1..aaaaaaaa7ir42cknj7xvbqc77vftjpvx7aavbueua4hzkuaur6wx7lyyvuxq",
            "defined_tags": {
              "Oracle-Tags.CreatedBy": "default/mike@wyss.co.uk",
              "Oracle-Tags.CreatedOn": "2023-08-28T22:09:33.315Z"
            },
            "display_name": "ewp_security_list",
            "egress_security_rules": [
              {
                "description": "",
                "destination": "0.0.0.0/0",
                "destination_type": "CIDR_BLOCK",
                "icmp_options": [],
                "protocol": "all",
                "stateless": false,
                "tcp_options": [],
                "udp_options": []
              }
            ],
            "freeform_tags": {},
            "id": "ocid1.securitylist.oc1.uk-london-1.aaaaaaaapnetoziiy7u6ivwlqlaskhwikr6akir4qr47s7scpcwbh7kcso4a",
            "ingress_security_rules": [
              {
                "description": "",
                "icmp_options": [],
                "protocol": "6",
                "source": "62.3.76.144/32",
                "source_type": "CIDR_BLOCK",
                "stateless": false,
                "tcp_options": [
                  {
                    "max": 22,
                    "min": 22,
                    "source_port_range": []
                  }
                ],
                "udp_options": []
              },
              {
                "description": "",
                "icmp_options": [],
                "protocol": "all",
                "source": "0.0.0.0/0",
                "source_type": "CIDR_BLOCK",
                "stateless": false,
                "tcp_options": [],
                "udp_options": []
              }
            ],
            "state": "AVAILABLE",
            "time_created": "2023-08-28 22:09:33.35 +0000 UTC",
            "timeouts": null,
            "vcn_id": "ocid1.vcn.oc1.uk-london-1.amaaaaaaavf7xtyatijwai37jigdf3uqyt4phwqjatxwlu365tugpufgrwrq"
          },
          "sensitive_attributes": [],
          "private": "eyJlMmJmYjczMC1lY2FhLTExZTYtOGY4OC0zNDM2M2JjN2M0YzAiOnsiY3JlYXRlIjoxMjAwMDAwMDAwMDAwLCJkZWxldGUiOjEyMDAwMDAwMDAwMDAsInVwZGF0ZSI6MTIwMDAwMDAwMDAwMH19",
          "dependencies": [
            "module.network.data.external.my_ip",
            "module.network.module.vcn.oci_core_vcn.vcn"
          ]
        }
      ]
    },
    {
      "module": "module.network",
      "mode": "managed",
      "type": "oci_core_subnet",
      "name": "ewp_public",
      "provider": "provider[\"registry.terraform.io/hashicorp/oci\"]",
      "instances": [
        {
          "index_key": 0,
          "schema_version": 0,
          "attributes": {
            "availability_domain": null,
            "cidr_block": "10.0.1.0/24",
            "compartment_id": "ocid1.tenancy.oc1..aaaaaaaa7ir42cknj7xvbqc77vftjpvx7aavbueua4hzkuaur6wx7lyyvuxq",
            "defined_tags": {
              "Oracle-Tags.CreatedBy": "default/mike@wyss.co.uk",
              "Oracle-Tags.CreatedOn": "2023-08-28T22:09:34.547Z"
            },
            "dhcp_options_id": "ocid1.dhcpoptions.oc1.uk-london-1.aaaaaaaaybca6cggowgw5xgcmk45du3naeocuf5dc3rr5ugggcbyudoame7q",
            "display_name": "subnet20230828220935",
            "dns_label": "ewp0",
            "freeform_tags": {
              "CreatedBy": "Terraform",
              "UsedBy": "Elle Wyss Photography"
            },
            "id": "ocid1.subnet.oc1.uk-london-1.aaaaaaaahzbns3jzlfqixfafdhuwvit5e55vcbakpmnhrvy2mr7b4f65snna",
            "ipv6cidr_block": null,
            "ipv6cidr_blocks": [],
            "ipv6virtual_router_ip": null,
            "prohibit_internet_ingress": false,
            "prohibit_public_ip_on_vnic": false,
            "route_table_id": "ocid1.routetable.oc1.uk-london-1.aaaaaaaadzuj7pegjpsoe2fnjp3i2lvbkhowm2iuhtrkc32np3fiqmc7bwzq",
            "security_list_ids": [
              "ocid1.securitylist.oc1.uk-london-1.aaaaaaaapnetoziiy7u6ivwlqlaskhwikr6akir4qr47s7scpcwbh7kcso4a"
            ],
            "state": "AVAILABLE",
            "subnet_domain_name": "ewp0.apivcn.oraclevcn.com",
            "time_created": "2023-08-28 22:09:35.142 +0000 UTC",
            "timeouts": null,
            "vcn_id": "ocid1.vcn.oc1.uk-london-1.amaaaaaaavf7xtyatijwai37jigdf3uqyt4phwqjatxwlu365tugpufgrwrq",
            "virtual_router_ip": "10.0.1.1",
            "virtual_router_mac": "00:00:17:29:3D:57"
          },
          "sensitive_attributes": [],
          "private": "eyJlMmJmYjczMC1lY2FhLTExZTYtOGY4OC0zNDM2M2JjN2M0YzAiOnsiY3JlYXRlIjoxMjAwMDAwMDAwMDAwLCJkZWxldGUiOjEyMDAwMDAwMDAwMDAsInVwZGF0ZSI6MTIwMDAwMDAwMDAwMH19",
          "dependencies": [
            "module.network.data.external.my_ip",
            "module.network.module.vcn.oci_core_internet_gateway.ig",
            "module.network.module.vcn.oci_core_route_table.ig",
            "module.network.module.vcn.oci_core_vcn.vcn",
            "module.network.oci_core_security_list.ewp_security_list"
          ]
        },
        {
          "index_key": 1,
          "schema_version": 0,
          "attributes": {
            "availability_domain": null,
            "cidr_block": "10.0.2.0/24",
            "compartment_id": "ocid1.tenancy.oc1..aaaaaaaa7ir42cknj7xvbqc77vftjpvx7aavbueua4hzkuaur6wx7lyyvuxq",
            "defined_tags": {
              "Oracle-Tags.CreatedBy": "default/mike@wyss.co.uk",
              "Oracle-Tags.CreatedOn": "2023-08-28T22:09:34.482Z"
            },
            "dhcp_options_id": "ocid1.dhcpoptions.oc1.uk-london-1.aaaaaaaaybca6cggowgw5xgcmk45du3naeocuf5dc3rr5ugggcbyudoame7q",
            "display_name": "subnet20230828220934",
            "dns_label": "ewp1",
            "freeform_tags": {
              "CreatedBy": "Terraform",
              "UsedBy": "Elle Wyss Photography"
            },
            "id": "ocid1.subnet.oc1.uk-london-1.aaaaaaaaugupc2wxjndz6uxzyb2slecmnrepdu7xs7chphk7k5gtc35xqbeq",
            "ipv6cidr_block": null,
            "ipv6cidr_blocks": [],
            "ipv6virtual_router_ip": null,
            "prohibit_internet_ingress": false,
            "prohibit_public_ip_on_vnic": false,
            "route_table_id": "ocid1.routetable.oc1.uk-london-1.aaaaaaaadzuj7pegjpsoe2fnjp3i2lvbkhowm2iuhtrkc32np3fiqmc7bwzq",
            "security_list_ids": [
              "ocid1.securitylist.oc1.uk-london-1.aaaaaaaapnetoziiy7u6ivwlqlaskhwikr6akir4qr47s7scpcwbh7kcso4a"
            ],
            "state": "AVAILABLE",
            "subnet_domain_name": "ewp1.apivcn.oraclevcn.com",
            "time_created": "2023-08-28 22:09:34.545 +0000 UTC",
            "timeouts": null,
            "vcn_id": "ocid1.vcn.oc1.uk-london-1.amaaaaaaavf7xtyatijwai37jigdf3uqyt4phwqjatxwlu365tugpufgrwrq",
            "virtual_router_ip": "10.0.2.1",
            "virtual_router_mac": "00:00:17:29:3D:57"
          },
          "sensitive_attributes": [],
          "private": "eyJlMmJmYjczMC1lY2FhLTExZTYtOGY4OC0zNDM2M2JjN2M0YzAiOnsiY3JlYXRlIjoxMjAwMDAwMDAwMDAwLCJkZWxldGUiOjEyMDAwMDAwMDAwMDAsInVwZGF0ZSI6MTIwMDAwMDAwMDAwMH19",
          "dependencies": [
            "module.network.data.external.my_ip",
            "module.network.module.vcn.oci_core_internet_gateway.ig",
            "module.network.module.vcn.oci_core_route_table.ig",
            "module.network.module.vcn.oci_core_vcn.vcn",
            "module.network.oci_core_security_list.ewp_security_list"
          ]
        }
      ]
    },
    {
      "module": "module.network.module.vcn",
      "mode": "managed",
      "type": "oci_core_default_security_list",
      "name": "lockdown",
      "provider": "provider[\"registry.terraform.io/oracle/oci\"]",
      "instances": [
        {
          "index_key": 0,
          "schema_version": 0,
          "attributes": {
            "compartment_id": "ocid1.tenancy.oc1..aaaaaaaa7ir42cknj7xvbqc77vftjpvx7aavbueua4hzkuaur6wx7lyyvuxq",
            "defined_tags": {
              "Oracle-Tags.CreatedBy": "default/mike@wyss.co.uk",
              "Oracle-Tags.CreatedOn": "2023-08-28T22:09:22.564Z"
            },
            "display_name": "Default Security List for ewp_vcn",
            "egress_security_rules": [],
            "freeform_tags": {
              "CreatedBy": "Terraform",
              "UsedBy": "Elle Wyss Photography"
            },
            "id": "ocid1.securitylist.oc1.uk-london-1.aaaaaaaantbzeubi5bbwozjsqctnsvansqnah7jx6s6u45aazrtusqvhamja",
            "ingress_security_rules": [],
            "manage_default_resource_id": "ocid1.securitylist.oc1.uk-london-1.aaaaaaaantbzeubi5bbwozjsqctnsvansqnah7jx6s6u45aazrtusqvhamja",
            "state": "AVAILABLE",
            "time_created": "2023-08-28 22:09:22.798 +0000 UTC",
            "timeouts": null
          },
          "sensitive_attributes": [],
          "private": "eyJlMmJmYjczMC1lY2FhLTExZTYtOGY4OC0zNDM2M2JjN2M0YzAiOnsiY3JlYXRlIjoxMjAwMDAwMDAwMDAwLCJkZWxldGUiOjEyMDAwMDAwMDAwMDAsInVwZGF0ZSI6MTIwMDAwMDAwMDAwMH19",
          "dependencies": [
            "module.network.module.vcn.oci_core_vcn.vcn"
          ]
        }
      ]
    },
    {
      "module": "module.network.module.vcn",
      "mode": "managed",
      "type": "oci_core_internet_gateway",
      "name": "ig",
      "provider": "provider[\"registry.terraform.io/oracle/oci\"]",
      "instances": [
        {
          "index_key": 0,
          "schema_version": 0,
          "attributes": {
            "compartment_id": "ocid1.tenancy.oc1..aaaaaaaa7ir42cknj7xvbqc77vftjpvx7aavbueua4hzkuaur6wx7lyyvuxq",
            "defined_tags": {
              "Oracle-Tags.CreatedBy": "default/mike@wyss.co.uk",
              "Oracle-Tags.CreatedOn": "2023-08-28T22:09:33.237Z"
            },
            "display_name": "internet-gateway",
            "enabled": true,
            "freeform_tags": {
              "CreatedBy": "Terraform",
              "UsedBy": "Elle Wyss Photography"
            },
            "id": "ocid1.internetgateway.oc1.uk-london-1.aaaaaaaagr65duuoqu3bzuk7gazx5j7hrx422536kpxw7ovv4fez67icipga",
            "route_table_id": null,
            "state": "AVAILABLE",
            "time_created": "2023-08-28 22:09:33.276 +0000 UTC",
            "timeouts": null,
            "vcn_id": "ocid1.vcn.oc1.uk-london-1.amaaaaaaavf7xtyatijwai37jigdf3uqyt4phwqjatxwlu365tugpufgrwrq"
          },
          "sensitive_attributes": [],
          "private": "eyJlMmJmYjczMC1lY2FhLTExZTYtOGY4OC0zNDM2M2JjN2M0YzAiOnsiY3JlYXRlIjoxMjAwMDAwMDAwMDAwLCJkZWxldGUiOjEyMDAwMDAwMDAwMDAsInVwZGF0ZSI6MTIwMDAwMDAwMDAwMH19",
          "dependencies": [
            "module.network.module.vcn.oci_core_vcn.vcn"
          ]
        }
      ]
    },
    {
      "module": "module.network.module.vcn",
      "mode": "managed",
      "type": "oci_core_nat_gateway",
      "name": "nat_gateway",
      "provider": "provider[\"registry.terraform.io/oracle/oci\"]",
      "instances": [
        {
          "index_key": 0,
          "schema_version": 0,
          "attributes": {
            "block_traffic": false,
            "compartment_id": "ocid1.tenancy.oc1..aaaaaaaa7ir42cknj7xvbqc77vftjpvx7aavbueua4hzkuaur6wx7lyyvuxq",
            "defined_tags": {
              "Oracle-Tags.CreatedBy": "default/mike@wyss.co.uk",
              "Oracle-Tags.CreatedOn": "2023-08-28T22:09:33.144Z"
            },
            "display_name": "ewp_nat_gateway",
            "freeform_tags": {
              "CreatedBy": "Terraform",
              "UsedBy": "Elle Wyss Photography"
            },
            "id": "ocid1.natgateway.oc1.uk-london-1.aaaaaaaaazmvvw7ym6bs5upj2qrt3hmpjwmqlqwoimwoka3i2abh6u7aa4yq",
            "nat_ip": "130.162.188.177",
            "public_ip_id": "ocid1.publicip.oc1.uk-london-1.aaaaaaaay6vplo3w73zp6yeteffovflaxvultiilomshvtxixqbc7gpp3kca",
            "route_table_id": null,
            "state": "AVAILABLE",
            "time_created": "2023-08-28 22:09:33.444 +0000 UTC",
            "timeouts": null,
            "vcn_id": "ocid1.vcn.oc1.uk-london-1.amaaaaaaavf7xtyatijwai37jigdf3uqyt4phwqjatxwlu365tugpufgrwrq"
          },
          "sensitive_attributes": [],
          "private": "eyJlMmJmYjczMC1lY2FhLTExZTYtOGY4OC0zNDM2M2JjN2M0YzAiOnsiY3JlYXRlIjoxMjAwMDAwMDAwMDAwLCJkZWxldGUiOjEyMDAwMDAwMDAwMDAsInVwZGF0ZSI6MTIwMDAwMDAwMDAwMH19",
          "dependencies": [
            "module.network.module.vcn.oci_core_vcn.vcn"
          ]
        }
      ]
    },
    {
      "module": "module.network.module.vcn",
      "mode": "managed",
      "type": "oci_core_route_table",
      "name": "ig",
      "provider": "provider[\"registry.terraform.io/oracle/oci\"]",
      "instances": [
        {
          "index_key": 0,
          "schema_version": 0,
          "attributes": {
            "compartment_id": "ocid1.tenancy.oc1..aaaaaaaa7ir42cknj7xvbqc77vftjpvx7aavbueua4hzkuaur6wx7lyyvuxq",
            "defined_tags": {
              "Oracle-Tags.CreatedBy": "default/mike@wyss.co.uk",
              "Oracle-Tags.CreatedOn": "2023-08-28T22:09:33.930Z"
            },
            "display_name": "internet-route",
            "freeform_tags": {
              "CreatedBy": "Terraform",
              "UsedBy": "Elle Wyss Photography"
            },
            "id": "ocid1.routetable.oc1.uk-london-1.aaaaaaaadzuj7pegjpsoe2fnjp3i2lvbkhowm2iuhtrkc32np3fiqmc7bwzq",
            "route_rules": [
              {
                "cidr_block": "",
                "description": "Terraformed - Auto-generated at Internet Gateway creation: Internet Gateway as default gateway",
                "destination": "0.0.0.0/0",
                "destination_type": "CIDR_BLOCK",
                "network_entity_id": "ocid1.internetgateway.oc1.uk-london-1.aaaaaaaagr65duuoqu3bzuk7gazx5j7hrx422536kpxw7ovv4fez67icipga",
                "route_type": ""
              }
            ],
            "state": "AVAILABLE",
            "time_created": "2023-08-28 22:09:33.952 +0000 UTC",
            "timeouts": null,
            "vcn_id": "ocid1.vcn.oc1.uk-london-1.amaaaaaaavf7xtyatijwai37jigdf3uqyt4phwqjatxwlu365tugpufgrwrq"
          },
          "sensitive_attributes": [],
          "private": "eyJlMmJmYjczMC1lY2FhLTExZTYtOGY4OC0zNDM2M2JjN2M0YzAiOnsiY3JlYXRlIjoxMjAwMDAwMDAwMDAwLCJkZWxldGUiOjEyMDAwMDAwMDAwMDAsInVwZGF0ZSI6MTIwMDAwMDAwMDAwMH19",
          "dependencies": [
            "module.network.module.vcn.oci_core_internet_gateway.ig",
            "module.network.module.vcn.oci_core_vcn.vcn"
          ]
        }
      ]
    },
    {
      "module": "module.network.module.vcn",
      "mode": "managed",
      "type": "oci_core_route_table",
      "name": "nat",
      "provider": "provider[\"registry.terraform.io/oracle/oci\"]",
      "instances": [
        {
          "index_key": 0,
          "schema_version": 0,
          "attributes": {
            "compartment_id": "ocid1.tenancy.oc1..aaaaaaaa7ir42cknj7xvbqc77vftjpvx7aavbueua4hzkuaur6wx7lyyvuxq",
            "defined_tags": {
              "Oracle-Tags.CreatedBy": "default/mike@wyss.co.uk",
              "Oracle-Tags.CreatedOn": "2023-08-28T22:09:34.769Z"
            },
            "display_name": "nat-route",
            "freeform_tags": {
              "CreatedBy": "Terraform",
              "UsedBy": "Elle Wyss Photography"
            },
            "id": "ocid1.routetable.oc1.uk-london-1.aaaaaaaa7ejrwfe6rzwidq62o5za7aexz63igifjn4tbc62iz3ze5kinaz4a",
            "route_rules": [
              {
                "cidr_block": "",
                "description": "Terraformed - Auto-generated at NAT Gateway creation: NAT Gateway as default gateway",
                "destination": "0.0.0.0/0",
                "destination_type": "CIDR_BLOCK",
                "network_entity_id": "ocid1.natgateway.oc1.uk-london-1.aaaaaaaaazmvvw7ym6bs5upj2qrt3hmpjwmqlqwoimwoka3i2abh6u7aa4yq",
                "route_type": ""
              }
            ],
            "state": "AVAILABLE",
            "time_created": "2023-08-28 22:09:34.798 +0000 UTC",
            "timeouts": null,
            "vcn_id": "ocid1.vcn.oc1.uk-london-1.amaaaaaaavf7xtyatijwai37jigdf3uqyt4phwqjatxwlu365tugpufgrwrq"
          },
          "sensitive_attributes": [],
          "private": "eyJlMmJmYjczMC1lY2FhLTExZTYtOGY4OC0zNDM2M2JjN2M0YzAiOnsiY3JlYXRlIjoxMjAwMDAwMDAwMDAwLCJkZWxldGUiOjEyMDAwMDAwMDAwMDAsInVwZGF0ZSI6MTIwMDAwMDAwMDAwMH19",
          "dependencies": [
            "module.network.module.vcn.oci_core_nat_gateway.nat_gateway",
            "module.network.module.vcn.oci_core_vcn.vcn"
          ]
        }
      ]
    },
    {
      "module": "module.network.module.vcn",
      "mode": "managed",
      "type": "oci_core_vcn",
      "name": "vcn",
      "provider": "provider[\"registry.terraform.io/oracle/oci\"]",
      "instances": [
        {
          "schema_version": 0,
          "attributes": {
            "byoipv6cidr_blocks": [],
            "byoipv6cidr_details": [],
            "cidr_block": "10.0.0.0/16",
            "cidr_blocks": [
              "10.0.0.0/16"
            ],
            "compartment_id": "ocid1.tenancy.oc1..aaaaaaaa7ir42cknj7xvbqc77vftjpvx7aavbueua4hzkuaur6wx7lyyvuxq",
            "default_dhcp_options_id": "ocid1.dhcpoptions.oc1.uk-london-1.aaaaaaaaybca6cggowgw5xgcmk45du3naeocuf5dc3rr5ugggcbyudoame7q",
            "default_route_table_id": "ocid1.routetable.oc1.uk-london-1.aaaaaaaaturhlyegbd2wxqdsbau4kq2g4f43oju5e6goukrs5vse7mbm6oqq",
            "default_security_list_id": "ocid1.securitylist.oc1.uk-london-1.aaaaaaaantbzeubi5bbwozjsqctnsvansqnah7jx6s6u45aazrtusqvhamja",
            "defined_tags": {
              "Oracle-Tags.CreatedBy": "default/mike@wyss.co.uk",
              "Oracle-Tags.CreatedOn": "2023-08-28T22:09:22.564Z"
            },
            "display_name": "ewp_vcn",
            "dns_label": "apivcn",
            "freeform_tags": {
              "CreatedBy": "Terraform",
              "UsedBy": "Elle Wyss Photography"
            },
            "id": "ocid1.vcn.oc1.uk-london-1.amaaaaaaavf7xtyatijwai37jigdf3uqyt4phwqjatxwlu365tugpufgrwrq",
            "ipv6cidr_blocks": [],
            "ipv6private_cidr_blocks": [],
            "is_ipv6enabled": false,
            "is_oracle_gua_allocation_enabled": null,
            "state": "AVAILABLE",
            "time_created": "2023-08-28 22:09:22.798 +0000 UTC",
            "timeouts": null,
            "vcn_domain_name": "apivcn.oraclevcn.com"
          },
          "sensitive_attributes": [],
          "private": "eyJlMmJmYjczMC1lY2FhLTExZTYtOGY4OC0zNDM2M2JjN2M0YzAiOnsiY3JlYXRlIjoxMjAwMDAwMDAwMDAwLCJkZWxldGUiOjEyMDAwMDAwMDAwMDAsInVwZGF0ZSI6MTIwMDAwMDAwMDAwMH19"
        }
      ]
    },
    {
      "module": "module.object-storage",
      "mode": "managed",
      "type": "oci_objectstorage_bucket",
      "name": "ewp_image_storage",
      "provider": "provider[\"registry.terraform.io/hashicorp/oci\"]",
      "instances": [
        {
          "schema_version": 0,
          "attributes": {
            "access_type": "ObjectRead",
            "approximate_count": "285",
            "approximate_size": "202513522",
            "auto_tiering": "InfrequentAccess",
            "bucket_id": "ocid1.bucket.oc1.uk-london-1.aaaaaaaaliyqkild66ohd5xuvyuy6quzdwbny777qctuwxi7sntekxh55ikq",
            "compartment_id": "ocid1.tenancy.oc1..aaaaaaaa7ir42cknj7xvbqc77vftjpvx7aavbueua4hzkuaur6wx7lyyvuxq",
            "created_by": "ocid1.user.oc1..aaaaaaaafop7zhrbkkbp32l43eduibofjiwh5hx5alaypzhvrbyfw3rh3q3a",
            "defined_tags": {
              "Oracle-Tags.CreatedBy": "default/mike@wyss.co.uk",
              "Oracle-Tags.CreatedOn": "2023-08-28T22:09:22.741Z"
            },
            "etag": "59ea3397-aafe-4c76-82c9-b8c71a3733a4",
            "freeform_tags": {
              "CreatedBy": "Terraform",
              "UsedBy": "Elle Wyss Photography"
            },
            "id": "n/lr4poue3hwjl/b/ewp_image_store",
            "is_read_only": false,
            "kms_key_id": null,
            "metadata": {},
            "name": "ewp_image_store",
            "namespace": "lr4poue3hwjl",
            "object_events_enabled": false,
            "object_lifecycle_policy_etag": null,
            "replication_enabled": false,
            "retention_rules": [],
            "storage_tier": "Standard",
            "time_created": "2023-08-28 22:09:22.758 +0000 UTC",
            "timeouts": null,
            "versioning": "Disabled"
          },
          "sensitive_attributes": [],
          "private": "eyJlMmJmYjczMC1lY2FhLTExZTYtOGY4OC0zNDM2M2JjN2M0YzAiOnsiY3JlYXRlIjoxMjAwMDAwMDAwMDAwLCJkZWxldGUiOjEyMDAwMDAwMDAwMDAsInVwZGF0ZSI6MTIwMDAwMDAwMDAwMH19"
        }
      ]
    },
    {
      "module": "module.object-storage",
      "mode": "managed",
      "type": "oci_objectstorage_object",
      "name": "ewp_image_storage",
      "provider": "provider[\"registry.terraform.io/hashicorp/oci\"]",
      "instances": [
        {
          "index_key": 0,
          "schema_version": 0,
          "attributes": {
            "bucket": "ewp_image_store",
            "cache_control": null,
            "content": null,
            "content_disposition": null,
            "content_encoding": null,
            "content_language": null,
            "content_length": "787435",
            "content_md5": "jmGqImUZ1GHWCyWIFbyeuA==",
            "content_type": "image/jpeg",
            "delete_all_object_versions": false,
            "id": "n/lr4poue3hwjl/b/ewp_image_store/o/weddings%2FAdrian%20and%20Monica%2F1.jpg",
            "metadata": {},
            "namespace": "lr4poue3hwjl",
            "object": "weddings/Adrian and Monica/1.jpg",
            "opc_sse_kms_key_id": null,
            "source": "../assets/weddings/Adrian and Monica/1.jpg 2016-03-09 09:22:23 +0000 GMT",
            "source_uri_details": [],
            "state": "COMPLETED",
            "storage_tier": "Standard",
            "timeouts": null,
            "version_id": "0b8439cd-67ed-4b63-bffd-f5bb5281a488",
            "work_request_id": ""
          },
          "sensitive_attributes": [],
          "private": "eyJlMmJmYjczMC1lY2FhLTExZTYtOGY4OC0zNDM2M2JjN2M0YzAiOnsiY3JlYXRlIjoxMjAwMDAwMDAwMDAwLCJkZWxldGUiOjEyMDAwMDAwMDAwMDAsInVwZGF0ZSI6MTIwMDAwMDAwMDAwMH19",
          "dependencies": [
            "module.object-storage.oci_objectstorage_bucket.ewp_image_storage"
          ]
        },
        {
          "index_key": 1,
          "schema_version": 0,
          "attributes": {
            "bucket": "ewp_image_store",
            "cache_control": null,
            "content": null,
            "content_disposition": null,
            "content_encoding": null,
            "content_language": null,
            "content_length": "265146",
            "content_md5": "WhLXRvZGgSn5ulhkDKqcEg==",
            "content_type": "image/jpeg",
            "delete_all_object_versions": false,
            "id": "n/lr4poue3hwjl/b/ewp_image_store/o/weddings%2FAdrian%20and%20Monica%2F10.jpg",
            "metadata": {},
            "namespace": "lr4poue3hwjl",
            "object": "weddings/Adrian and Monica/10.jpg",
            "opc_sse_kms_key_id": null,
            "source": "../assets/weddings/Adrian and Monica/10.jpg 2016-03-09 09:23:31 +0000 GMT",
            "source_uri_details": [],
            "state": "COMPLETED",
            "storage_tier": "Standard",
            "timeouts": null,
            "version_id": "cffb1396-0c4c-4157-8161-e8ae39ad5544",
            "work_request_id": ""
          },
          "sensitive_attributes": [],
          "private": "eyJlMmJmYjczMC1lY2FhLTExZTYtOGY4OC0zNDM2M2JjN2M0YzAiOnsiY3JlYXRlIjoxMjAwMDAwMDAwMDAwLCJkZWxldGUiOjEyMDAwMDAwMDAwMDAsInVwZGF0ZSI6MTIwMDAwMDAwMDAwMH19",
          "dependencies": [
            "module.object-storage.oci_objectstorage_bucket.ewp_image_storage"
          ]
        },
        {
          "index_key": 2,
          "schema_version": 0,
          "attributes": {
            "bucket": "ewp_image_store",
            "cache_control": null,
            "content": null,
            "content_disposition": null,
            "content_encoding": null,
            "content_language": null,
            "content_length": "746388",
            "content_md5": "4nZJ4Ec/bZddMAqfVFP83Q==",
            "content_type": "image/jpeg",
            "delete_all_object_versions": false,
            "id": "n/lr4poue3hwjl/b/ewp_image_store/o/weddings%2FAdrian%20and%20Monica%2F11.jpg",
            "metadata": {},
            "namespace": "lr4poue3hwjl",
            "object": "weddings/Adrian and Monica/11.jpg",
            "opc_sse_kms_key_id": null,
            "source": "../assets/weddings/Adrian and Monica/11.jpg 2016-03-09 09:27:42 +0000 GMT",
            "source_uri_details": [],
            "state": "COMPLETED",
            "storage_tier": "Standard",
            "timeouts": null,
            "version_id": "f2b44a6c-9055-47a2-9e1e-96903cefbde2",
            "work_request_id": ""
          },
          "sensitive_attributes": [],
          "private": "eyJlMmJmYjczMC1lY2FhLTExZTYtOGY4OC0zNDM2M2JjN2M0YzAiOnsiY3JlYXRlIjoxMjAwMDAwMDAwMDAwLCJkZWxldGUiOjEyMDAwMDAwMDAwMDAsInVwZGF0ZSI6MTIwMDAwMDAwMDAwMH19",
          "dependencies": [
            "module.object-storage.oci_objectstorage_bucket.ewp_image_storage"
          ]
        },
        {
          "index_key": 3,
          "schema_version": 0,
          "attributes": {
            "bucket": "ewp_image_store",
            "cache_control": null,
            "content": null,
            "content_disposition": null,
            "content_encoding": null,
            "content_language": null,
            "content_length": "670692",
            "content_md5": "IfxklR9PeuWslL+wXQQFOg==",
            "content_type": "image/jpeg",
            "delete_all_object_versions": false,
            "id": "n/lr4poue3hwjl/b/ewp_image_store/o/weddings%2FAdrian%20and%20Monica%2F12.jpg",
            "metadata": {},
            "namespace": "lr4poue3hwjl",
            "object": "weddings/Adrian and Monica/12.jpg",
            "opc_sse_kms_key_id": null,
            "source": "../assets/weddings/Adrian and Monica/12.jpg 2016-03-09 09:27:49 +0000 GMT",
            "source_uri_details": [],
            "state": "COMPLETED",
            "storage_tier": "Standard",
            "timeouts": null,
            "version_id": "ce686d0e-23a3-4e34-81fd-ab26d3b9a1bd",
            "work_request_id": ""
          },
          "sensitive_attributes": [],
          "private": "eyJlMmJmYjczMC1lY2FhLTExZTYtOGY4OC0zNDM2M2JjN2M0YzAiOnsiY3JlYXRlIjoxMjAwMDAwMDAwMDAwLCJkZWxldGUiOjEyMDAwMDAwMDAwMDAsInVwZGF0ZSI6MTIwMDAwMDAwMDAwMH19",
          "dependencies": [
            "module.object-storage.oci_objectstorage_bucket.ewp_image_storage"
          ]
        },
        {
          "index_key": 4,
          "schema_version": 0,
          "attributes": {
            "bucket": "ewp_image_store",
            "cache_control": null,
            "content": null,
            "content_disposition": null,
            "content_encoding": null,
            "content_language": null,
            "content_length": "918713",
            "content_md5": "C1hKz83JI1eFV3HO3Vm3PQ==",
            "content_type": "image/jpeg",
            "delete_all_object_versions": false,
            "id": "n/lr4poue3hwjl/b/ewp_image_store/o/weddings%2FAdrian%20and%20Monica%2F13.jpg",
            "metadata": {},
            "namespace": "lr4poue3hwjl",
            "object": "weddings/Adrian and Monica/13.jpg",
            "opc_sse_kms_key_id": null,
            "source": "../assets/weddings/Adrian and Monica/13.jpg 2016-03-09 09:23:39 +0000 GMT",
            "source_uri_details": [],
            "state": "COMPLETED",
            "storage_tier": "Standard",
            "timeouts": null,
            "version_id": "260bbea1-715c-48ba-ae8f-6b413e96fc15",
            "work_request_id": ""
          },
          "sensitive_attributes": [],
          "private": "eyJlMmJmYjczMC1lY2FhLTExZTYtOGY4OC0zNDM2M2JjN2M0YzAiOnsiY3JlYXRlIjoxMjAwMDAwMDAwMDAwLCJkZWxldGUiOjEyMDAwMDAwMDAwMDAsInVwZGF0ZSI6MTIwMDAwMDAwMDAwMH19",
          "dependencies": [
            "module.object-storage.oci_objectstorage_bucket.ewp_image_storage"
          ]
        },
        {
          "index_key": 5,
          "schema_version": 0,
          "attributes": {
            "bucket": "ewp_image_store",
            "cache_control": null,
            "content": null,
            "content_disposition": null,
            "content_encoding": null,
            "content_language": null,
            "content_length": "929042",
            "content_md5": "dsNOYN0JCSvbo6JLYzBVqg==",
            "content_type": "image/jpeg",
            "delete_all_object_versions": false,
            "id": "n/lr4poue3hwjl/b/ewp_image_store/o/weddings%2FAdrian%20and%20Monica%2F14.jpg",
            "metadata": {},
            "namespace": "lr4poue3hwjl",
            "object": "weddings/Adrian and Monica/14.jpg",
            "opc_sse_kms_key_id": null,
            "source": "../assets/weddings/Adrian and Monica/14.jpg 2016-03-09 09:23:44 +0000 GMT",
            "source_uri_details": [],
            "state": "COMPLETED",
            "storage_tier": "Standard",
            "timeouts": null,
            "version_id": "d332b7b7-91e2-46fd-9e7b-7ab88abee09c",
            "work_request_id": ""
          },
          "sensitive_attributes": [],
          "private": "eyJlMmJmYjczMC1lY2FhLTExZTYtOGY4OC0zNDM2M2JjN2M0YzAiOnsiY3JlYXRlIjoxMjAwMDAwMDAwMDAwLCJkZWxldGUiOjEyMDAwMDAwMDAwMDAsInVwZGF0ZSI6MTIwMDAwMDAwMDAwMH19",
          "dependencies": [
            "module.object-storage.oci_objectstorage_bucket.ewp_image_storage"
          ]
        },
        {
          "index_key": 6,
          "schema_version": 0,
          "attributes": {
            "bucket": "ewp_image_store",
            "cache_control": null,
            "content": null,
            "content_disposition": null,
            "content_encoding": null,
            "content_language": null,
            "content_length": "935027",
            "content_md5": "JUB4p/JZy9DrwEhwoKAVKg==",
            "content_type": "image/jpeg",
            "delete_all_object_versions": false,
            "id": "n/lr4poue3hwjl/b/ewp_image_store/o/weddings%2FAdrian%20and%20Monica%2F15.jpg",
            "metadata": {},
            "namespace": "lr4poue3hwjl",
            "object": "weddings/Adrian and Monica/15.jpg",
            "opc_sse_kms_key_id": null,
            "source": "../assets/weddings/Adrian and Monica/15.jpg 2016-03-09 09:23:50 +0000 GMT",
            "source_uri_details": [],
            "state": "COMPLETED",
            "storage_tier": "Standard",
            "timeouts": null,
            "version_id": "cf6353ca-bd38-478f-abd3-307f1a0d5330",
            "work_request_id": ""
          },
          "sensitive_attributes": [],
          "private": "eyJlMmJmYjczMC1lY2FhLTExZTYtOGY4OC0zNDM2M2JjN2M0YzAiOnsiY3JlYXRlIjoxMjAwMDAwMDAwMDAwLCJkZWxldGUiOjEyMDAwMDAwMDAwMDAsInVwZGF0ZSI6MTIwMDAwMDAwMDAwMH19",
          "dependencies": [
            "module.object-storage.oci_objectstorage_bucket.ewp_image_storage"
          ]
        },
        {
          "index_key": 7,
          "schema_version": 0,
          "attributes": {
            "bucket": "ewp_image_store",
            "cache_control": null,
            "content": null,
            "content_disposition": null,
            "content_encoding": null,
            "content_language": null,
            "content_length": "233797",
            "content_md5": "jhVnJWAYVJ/lfpMtPELilQ==",
            "content_type": "image/jpeg",
            "delete_all_object_versions": false,
            "id": "n/lr4poue3hwjl/b/ewp_image_store/o/weddings%2FAdrian%20and%20Monica%2F16.jpg",
            "metadata": {},
            "namespace": "lr4poue3hwjl",
            "object": "weddings/Adrian and Monica/16.jpg",
            "opc_sse_kms_key_id": null,
            "source": "../assets/weddings/Adrian and Monica/16.jpg 2016-03-09 09:23:56 +0000 GMT",
            "source_uri_details": [],
            "state": "COMPLETED",
            "storage_tier": "Standard",
            "timeouts": null,
            "version_id": "10e367d3-257d-47c2-914b-d87788ebd9cd",
            "work_request_id": ""
          },
          "sensitive_attributes": [],
          "private": "eyJlMmJmYjczMC1lY2FhLTExZTYtOGY4OC0zNDM2M2JjN2M0YzAiOnsiY3JlYXRlIjoxMjAwMDAwMDAwMDAwLCJkZWxldGUiOjEyMDAwMDAwMDAwMDAsInVwZGF0ZSI6MTIwMDAwMDAwMDAwMH19",
          "dependencies": [
            "module.object-storage.oci_objectstorage_bucket.ewp_image_storage"
          ]
        },
        {
          "index_key": 8,
          "schema_version": 0,
          "attributes": {
            "bucket": "ewp_image_store",
            "cache_control": null,
            "content": null,
            "content_disposition": null,
            "content_encoding": null,
            "content_language": null,
            "content_length": "447670",
            "content_md5": "NO96tzjN2RB4YMK9dD+sGA==",
            "content_type": "image/jpeg",
            "delete_all_object_versions": false,
            "id": "n/lr4poue3hwjl/b/ewp_image_store/o/weddings%2FAdrian%20and%20Monica%2F17.jpg",
            "metadata": {},
            "namespace": "lr4poue3hwjl",
            "object": "weddings/Adrian and Monica/17.jpg",
            "opc_sse_kms_key_id": null,
            "source": "../assets/weddings/Adrian and Monica/17.jpg 2016-03-09 09:24:00 +0000 GMT",
            "source_uri_details": [],
            "state": "COMPLETED",
            "storage_tier": "Standard",
            "timeouts": null,
            "version_id": "cddcba89-0881-4595-8da6-8927f4156ce5",
            "work_request_id": ""
          },
          "sensitive_attributes": [],
          "private": "eyJlMmJmYjczMC1lY2FhLTExZTYtOGY4OC0zNDM2M2JjN2M0YzAiOnsiY3JlYXRlIjoxMjAwMDAwMDAwMDAwLCJkZWxldGUiOjEyMDAwMDAwMDAwMDAsInVwZGF0ZSI6MTIwMDAwMDAwMDAwMH19",
          "dependencies": [
            "module.object-storage.oci_objectstorage_bucket.ewp_image_storage"
          ]
        },
        {
          "index_key": 9,
          "schema_version": 0,
          "attributes": {
            "bucket": "ewp_image_store",
            "cache_control": null,
            "content": null,
            "content_disposition": null,
            "content_encoding": null,
            "content_language": null,
            "content_length": "463356",
            "content_md5": "W0OEx17h5jUuSIMV+47Oqw==",
            "content_type": "image/jpeg",
            "delete_all_object_versions": false,
            "id": "n/lr4poue3hwjl/b/ewp_image_store/o/weddings%2FAdrian%20and%20Monica%2F18.jpg",
            "metadata": {},
            "namespace": "lr4poue3hwjl",
            "object": "weddings/Adrian and Monica/18.jpg",
            "opc_sse_kms_key_id": null,
            "source": "../assets/weddings/Adrian and Monica/18.jpg 2016-03-09 09:24:05 +0000 GMT",
            "source_uri_details": [],
            "state": "COMPLETED",
            "storage_tier": "Standard",
            "timeouts": null,
            "version_id": "2f099dc3-dcb7-47b1-a0c7-ded832508f3b",
            "work_request_id": ""
          },
          "sensitive_attributes": [],
          "private": "eyJlMmJmYjczMC1lY2FhLTExZTYtOGY4OC0zNDM2M2JjN2M0YzAiOnsiY3JlYXRlIjoxMjAwMDAwMDAwMDAwLCJkZWxldGUiOjEyMDAwMDAwMDAwMDAsInVwZGF0ZSI6MTIwMDAwMDAwMDAwMH19",
          "dependencies": [
            "module.object-storage.oci_objectstorage_bucket.ewp_image_storage"
          ]
        },
        {
          "index_key": 10,
          "schema_version": 0,
          "attributes": {
            "bucket": "ewp_image_store",
            "cache_control": null,
            "content": null,
            "content_disposition": null,
            "content_encoding": null,
            "content_language": null,
            "content_length": "962692",
            "content_md5": "OjHs7A4ikIELEER22DNbLA==",
            "content_type": "image/jpeg",
            "delete_all_object_versions": false,
            "id": "n/lr4poue3hwjl/b/ewp_image_store/o/weddings%2FAdrian%20and%20Monica%2F19.jpg",
            "metadata": {},
            "namespace": "lr4poue3hwjl",
            "object": "weddings/Adrian and Monica/19.jpg",
            "opc_sse_kms_key_id": null,
            "source": "../assets/weddings/Adrian and Monica/19.jpg 2016-03-09 09:27:55 +0000 GMT",
            "source_uri_details": [],
            "state": "COMPLETED",
            "storage_tier": "Standard",
            "timeouts": null,
            "version_id": "951b2b35-7539-4426-bece-53eae89cc115",
            "work_request_id": ""
          },
          "sensitive_attributes": [],
          "private": "eyJlMmJmYjczMC1lY2FhLTExZTYtOGY4OC0zNDM2M2JjN2M0YzAiOnsiY3JlYXRlIjoxMjAwMDAwMDAwMDAwLCJkZWxldGUiOjEyMDAwMDAwMDAwMDAsInVwZGF0ZSI6MTIwMDAwMDAwMDAwMH19",
          "dependencies": [
            "module.object-storage.oci_objectstorage_bucket.ewp_image_storage"
          ]
        },
        {
          "index_key": 11,
          "schema_version": 0,
          "attributes": {
            "bucket": "ewp_image_store",
            "cache_control": null,
            "content": null,
            "content_disposition": null,
            "content_encoding": null,
            "content_language": null,
            "content_length": "202037",
            "content_md5": "oYubTiTM1dCOsYOnVMYS3A==",
            "content_type": "image/jpeg",
            "delete_all_object_versions": false,
            "id": "n/lr4poue3hwjl/b/ewp_image_store/o/weddings%2FAdrian%20and%20Monica%2F2.jpg",
            "metadata": {},
            "namespace": "lr4poue3hwjl",
            "object": "weddings/Adrian and Monica/2.jpg",
            "opc_sse_kms_key_id": null,
            "source": "../assets/weddings/Adrian and Monica/2.jpg 2016-03-09 09:22:29 +0000 GMT",
            "source_uri_details": [],
            "state": "COMPLETED",
            "storage_tier": "Standard",
            "timeouts": null,
            "version_id": "d5844fef-5ce3-4063-a783-a3087af25025",
            "work_request_id": ""
          },
          "sensitive_attributes": [],
          "private": "eyJlMmJmYjczMC1lY2FhLTExZTYtOGY4OC0zNDM2M2JjN2M0YzAiOnsiY3JlYXRlIjoxMjAwMDAwMDAwMDAwLCJkZWxldGUiOjEyMDAwMDAwMDAwMDAsInVwZGF0ZSI6MTIwMDAwMDAwMDAwMH19",
          "dependencies": [
            "module.object-storage.oci_objectstorage_bucket.ewp_image_storage"
          ]
        },
        {
          "index_key": 12,
          "schema_version": 0,
          "attributes": {
            "bucket": "ewp_image_store",
            "cache_control": null,
            "content": null,
            "content_disposition": null,
            "content_encoding": null,
            "content_language": null,
            "content_length": "762777",
            "content_md5": "PHCZ6jpspMv0zfmi+MiO4Q==",
            "content_type": "image/jpeg",
            "delete_all_object_versions": false,
            "id": "n/lr4poue3hwjl/b/ewp_image_store/o/weddings%2FAdrian%20and%20Monica%2F20.jpg",
            "metadata": {},
            "namespace": "lr4poue3hwjl",
            "object": "weddings/Adrian and Monica/20.jpg",
            "opc_sse_kms_key_id": null,
            "source": "../assets/weddings/Adrian and Monica/20.jpg 2016-03-09 09:24:17 +0000 GMT",
            "source_uri_details": [],
            "state": "COMPLETED",
            "storage_tier": "Standard",
            "timeouts": null,
            "version_id": "9e15e65e-d09f-4d7f-80f6-d9f0ae9e90cc",
            "work_request_id": ""
          },
          "sensitive_attributes": [],
          "private": "eyJlMmJmYjczMC1lY2FhLTExZTYtOGY4OC0zNDM2M2JjN2M0YzAiOnsiY3JlYXRlIjoxMjAwMDAwMDAwMDAwLCJkZWxldGUiOjEyMDAwMDAwMDAwMDAsInVwZGF0ZSI6MTIwMDAwMDAwMDAwMH19",
          "dependencies": [
            "module.object-storage.oci_objectstorage_bucket.ewp_image_storage"
          ]
        },
        {
          "index_key": 13,
          "schema_version": 0,
          "attributes": {
            "bucket": "ewp_image_store",
            "cache_control": null,
            "content": null,
            "content_disposition": null,
            "content_encoding": null,
            "content_language": null,
            "content_length": "786607",
            "content_md5": "VllojCldJr0C40ck2lxSgQ==",
            "content_type": "image/jpeg",
            "delete_all_object_versions": false,
            "id": "n/lr4poue3hwjl/b/ewp_image_store/o/weddings%2FAdrian%20and%20Monica%2F21.jpg",
            "metadata": {},
            "namespace": "lr4poue3hwjl",
            "object": "weddings/Adrian and Monica/21.jpg",
            "opc_sse_kms_key_id": null,
            "source": "../assets/weddings/Adrian and Monica/21.jpg 2016-03-09 09:24:22 +0000 GMT",
            "source_uri_details": [],
            "state": "COMPLETED",
            "storage_tier": "Standard",
            "timeouts": null,
            "version_id": "f6391d37-0fbd-4a1d-904c-c9fbdf0884ca",
            "work_request_id": ""
          },
          "sensitive_attributes": [],
          "private": "eyJlMmJmYjczMC1lY2FhLTExZTYtOGY4OC0zNDM2M2JjN2M0YzAiOnsiY3JlYXRlIjoxMjAwMDAwMDAwMDAwLCJkZWxldGUiOjEyMDAwMDAwMDAwMDAsInVwZGF0ZSI6MTIwMDAwMDAwMDAwMH19",
          "dependencies": [
            "module.object-storage.oci_objectstorage_bucket.ewp_image_storage"
          ]
        },
        {
          "index_key": 14,
          "schema_version": 0,
          "attributes": {
            "bucket": "ewp_image_store",
            "cache_control": null,
            "content": null,
            "content_disposition": null,
            "content_encoding": null,
            "content_language": null,
            "content_length": "302394",
            "content_md5": "+UlUvnes7zVxYzdQBTECTg==",
            "content_type": "image/jpeg",
            "delete_all_object_versions": false,
            "id": "n/lr4poue3hwjl/b/ewp_image_store/o/weddings%2FAdrian%20and%20Monica%2F22.jpg",
            "metadata": {},
            "namespace": "lr4poue3hwjl",
            "object": "weddings/Adrian and Monica/22.jpg",
            "opc_sse_kms_key_id": null,
            "source": "../assets/weddings/Adrian and Monica/22.jpg 2016-03-09 09:24:27 +0000 GMT",
            "source_uri_details": [],
            "state": "COMPLETED",
            "storage_tier": "Standard",
            "timeouts": null,
            "version_id": "ea6957cf-2065-44fb-b5a1-c0fa61cf39a3",
            "work_request_id": ""
          },
          "sensitive_attributes": [],
          "private": "eyJlMmJmYjczMC1lY2FhLTExZTYtOGY4OC0zNDM2M2JjN2M0YzAiOnsiY3JlYXRlIjoxMjAwMDAwMDAwMDAwLCJkZWxldGUiOjEyMDAwMDAwMDAwMDAsInVwZGF0ZSI6MTIwMDAwMDAwMDAwMH19",
          "dependencies": [
            "module.object-storage.oci_objectstorage_bucket.ewp_image_storage"
          ]
        },
        {
          "index_key": 15,
          "schema_version": 0,
          "attributes": {
            "bucket": "ewp_image_store",
            "cache_control": null,
            "content": null,
            "content_disposition": null,
            "content_encoding": null,
            "content_language": null,
            "content_length": "415045",
            "content_md5": "uEH0wpfWmvlEdZNy6zsNnQ==",
            "content_type": "image/jpeg",
            "delete_all_object_versions": false,
            "id": "n/lr4poue3hwjl/b/ewp_image_store/o/weddings%2FAdrian%20and%20Monica%2F23.jpg",
            "metadata": {},
            "namespace": "lr4poue3hwjl",
            "object": "weddings/Adrian and Monica/23.jpg",
            "opc_sse_kms_key_id": null,
            "source": "../assets/weddings/Adrian and Monica/23.jpg 2016-03-09 09:24:32 +0000 GMT",
            "source_uri_details": [],
            "state": "COMPLETED",
            "storage_tier": "Standard",
            "timeouts": null,
            "version_id": "f99ff6f2-d279-43ea-a83e-4f84d5bd1944",
            "work_request_id": ""
          },
          "sensitive_attributes": [],
          "private": "eyJlMmJmYjczMC1lY2FhLTExZTYtOGY4OC0zNDM2M2JjN2M0YzAiOnsiY3JlYXRlIjoxMjAwMDAwMDAwMDAwLCJkZWxldGUiOjEyMDAwMDAwMDAwMDAsInVwZGF0ZSI6MTIwMDAwMDAwMDAwMH19",
          "dependencies": [
            "module.object-storage.oci_objectstorage_bucket.ewp_image_storage"
          ]
        },
        {
          "index_key": 16,
          "schema_version": 0,
          "attributes": {
            "bucket": "ewp_image_store",
            "cache_control": null,
            "content": null,
            "content_disposition": null,
            "content_encoding": null,
            "content_language": null,
            "content_length": "1400561",
            "content_md5": "YA/VzZi7C0n4j6fNtXi0Fg==",
            "content_type": "image/jpeg",
            "delete_all_object_versions": false,
            "id": "n/lr4poue3hwjl/b/ewp_image_store/o/weddings%2FAdrian%20and%20Monica%2F24.jpg",
            "metadata": {},
            "namespace": "lr4poue3hwjl",
            "object": "weddings/Adrian and Monica/24.jpg",
            "opc_sse_kms_key_id": null,
            "source": "../assets/weddings/Adrian and Monica/24.jpg 2016-03-09 09:24:37 +0000 GMT",
            "source_uri_details": [],
            "state": "COMPLETED",
            "storage_tier": "Standard",
            "timeouts": null,
            "version_id": "ca845bba-ba22-4be3-9267-6c3f1efbe1c0",
            "work_request_id": ""
          },
          "sensitive_attributes": [],
          "private": "eyJlMmJmYjczMC1lY2FhLTExZTYtOGY4OC0zNDM2M2JjN2M0YzAiOnsiY3JlYXRlIjoxMjAwMDAwMDAwMDAwLCJkZWxldGUiOjEyMDAwMDAwMDAwMDAsInVwZGF0ZSI6MTIwMDAwMDAwMDAwMH19",
          "dependencies": [
            "module.object-storage.oci_objectstorage_bucket.ewp_image_storage"
          ]
        },
        {
          "index_key": 17,
          "schema_version": 0,
          "attributes": {
            "bucket": "ewp_image_store",
            "cache_control": null,
            "content": null,
            "content_disposition": null,
            "content_encoding": null,
            "content_language": null,
            "content_length": "783866",
            "content_md5": "zpdZ0s08CwPXctmww9Y4ZQ==",
            "content_type": "image/jpeg",
            "delete_all_object_versions": false,
            "id": "n/lr4poue3hwjl/b/ewp_image_store/o/weddings%2FAdrian%20and%20Monica%2F25.jpg",
            "metadata": {},
            "namespace": "lr4poue3hwjl",
            "object": "weddings/Adrian and Monica/25.jpg",
            "opc_sse_kms_key_id": null,
            "source": "../assets/weddings/Adrian and Monica/25.jpg 2016-03-09 09:24:43 +0000 GMT",
            "source_uri_details": [],
            "state": "COMPLETED",
            "storage_tier": "Standard",
            "timeouts": null,
            "version_id": "d74d572f-1f70-4ddd-ad6b-bd67eda76f4f",
            "work_request_id": ""
          },
          "sensitive_attributes": [],
          "private": "eyJlMmJmYjczMC1lY2FhLTExZTYtOGY4OC0zNDM2M2JjN2M0YzAiOnsiY3JlYXRlIjoxMjAwMDAwMDAwMDAwLCJkZWxldGUiOjEyMDAwMDAwMDAwMDAsInVwZGF0ZSI6MTIwMDAwMDAwMDAwMH19",
          "dependencies": [
            "module.object-storage.oci_objectstorage_bucket.ewp_image_storage"
          ]
        },
        {
          "index_key": 18,
          "schema_version": 0,
          "attributes": {
            "bucket": "ewp_image_store",
            "cache_control": null,
            "content": null,
            "content_disposition": null,
            "content_encoding": null,
            "content_language": null,
            "content_length": "794771",
            "content_md5": "zM2xpXjCn3rAVgDMf6DuSg==",
            "content_type": "image/jpeg",
            "delete_all_object_versions": false,
            "id": "n/lr4poue3hwjl/b/ewp_image_store/o/weddings%2FAdrian%20and%20Monica%2F26.jpg",
            "metadata": {},
            "namespace": "lr4poue3hwjl",
            "object": "weddings/Adrian and Monica/26.jpg",
            "opc_sse_kms_key_id": null,
            "source": "../assets/weddings/Adrian and Monica/26.jpg 2016-03-09 09:24:54 +0000 GMT",
            "source_uri_details": [],
            "state": "COMPLETED",
            "storage_tier": "Standard",
            "timeouts": null,
            "version_id": "3cc61ce7-01dd-49ed-baab-2d6a50b261a0",
            "work_request_id": ""
          },
          "sensitive_attributes": [],
          "private": "eyJlMmJmYjczMC1lY2FhLTExZTYtOGY4OC0zNDM2M2JjN2M0YzAiOnsiY3JlYXRlIjoxMjAwMDAwMDAwMDAwLCJkZWxldGUiOjEyMDAwMDAwMDAwMDAsInVwZGF0ZSI6MTIwMDAwMDAwMDAwMH19",
          "dependencies": [
            "module.object-storage.oci_objectstorage_bucket.ewp_image_storage"
          ]
        },
        {
          "index_key": 19,
          "schema_version": 0,
          "attributes": {
            "bucket": "ewp_image_store",
            "cache_control": null,
            "content": null,
            "content_disposition": null,
            "content_encoding": null,
            "content_language": null,
            "content_length": "942851",
            "content_md5": "49tWzvZxHScwLTm/Cz5uDw==",
            "content_type": "image/jpeg",
            "delete_all_object_versions": false,
            "id": "n/lr4poue3hwjl/b/ewp_image_store/o/weddings%2FAdrian%20and%20Monica%2F27.jpg",
            "metadata": {},
            "namespace": "lr4poue3hwjl",
            "object": "weddings/Adrian and Monica/27.jpg",
            "opc_sse_kms_key_id": null,
            "source": "../assets/weddings/Adrian and Monica/27.jpg 2016-03-09 09:24:49 +0000 GMT",
            "source_uri_details": [],
            "state": "COMPLETED",
            "storage_tier": "Standard",
            "timeouts": null,
            "version_id": "ef10233e-e051-4411-8de2-80cb95b9d66d",
            "work_request_id": ""
          },
          "sensitive_attributes": [],
          "private": "eyJlMmJmYjczMC1lY2FhLTExZTYtOGY4OC0zNDM2M2JjN2M0YzAiOnsiY3JlYXRlIjoxMjAwMDAwMDAwMDAwLCJkZWxldGUiOjEyMDAwMDAwMDAwMDAsInVwZGF0ZSI6MTIwMDAwMDAwMDAwMH19",
          "dependencies": [
            "module.object-storage.oci_objectstorage_bucket.ewp_image_storage"
          ]
        },
        {
          "index_key": 20,
          "schema_version": 0,
          "attributes": {
            "bucket": "ewp_image_store",
            "cache_control": null,
            "content": null,
            "content_disposition": null,
            "content_encoding": null,
            "content_language": null,
            "content_length": "922069",
            "content_md5": "ZUntoejjZAOvh2BlsvpdYQ==",
            "content_type": "image/jpeg",
            "delete_all_object_versions": false,
            "id": "n/lr4poue3hwjl/b/ewp_image_store/o/weddings%2FAdrian%20and%20Monica%2F28.jpg",
            "metadata": {},
            "namespace": "lr4poue3hwjl",
            "object": "weddings/Adrian and Monica/28.jpg",
            "opc_sse_kms_key_id": null,
            "source": "../assets/weddings/Adrian and Monica/28.jpg 2016-03-09 09:28:03 +0000 GMT",
            "source_uri_details": [],
            "state": "COMPLETED",
            "storage_tier": "Standard",
            "timeouts": null,
            "version_id": "18328798-536c-4ab6-a491-10569f4ce0b1",
            "work_request_id": ""
          },
          "sensitive_attributes": [],
          "private": "eyJlMmJmYjczMC1lY2FhLTExZTYtOGY4OC0zNDM2M2JjN2M0YzAiOnsiY3JlYXRlIjoxMjAwMDAwMDAwMDAwLCJkZWxldGUiOjEyMDAwMDAwMDAwMDAsInVwZGF0ZSI6MTIwMDAwMDAwMDAwMH19",
          "dependencies": [
            "module.object-storage.oci_objectstorage_bucket.ewp_image_storage"
          ]
        },
        {
          "index_key": 21,
          "schema_version": 0,
          "attributes": {
            "bucket": "ewp_image_store",
            "cache_control": null,
            "content": null,
            "content_disposition": null,
            "content_encoding": null,
            "content_language": null,
            "content_length": "752393",
            "content_md5": "GoMaFXd7KJ8JTvk9mNqMsw==",
            "content_type": "image/jpeg",
            "delete_all_object_versions": false,
            "id": "n/lr4poue3hwjl/b/ewp_image_store/o/weddings%2FAdrian%20and%20Monica%2F29.jpg",
            "metadata": {},
            "namespace": "lr4poue3hwjl",
            "object": "weddings/Adrian and Monica/29.jpg",
            "opc_sse_kms_key_id": null,
            "source": "../assets/weddings/Adrian and Monica/29.jpg 2016-03-09 09:25:00 +0000 GMT",
            "source_uri_details": [],
            "state": "COMPLETED",
            "storage_tier": "Standard",
            "timeouts": null,
            "version_id": "21bee85e-de9f-432a-aee4-95d5a060e4a9",
            "work_request_id": ""
          },
          "sensitive_attributes": [],
          "private": "eyJlMmJmYjczMC1lY2FhLTExZTYtOGY4OC0zNDM2M2JjN2M0YzAiOnsiY3JlYXRlIjoxMjAwMDAwMDAwMDAwLCJkZWxldGUiOjEyMDAwMDAwMDAwMDAsInVwZGF0ZSI6MTIwMDAwMDAwMDAwMH19",
          "dependencies": [
            "module.object-storage.oci_objectstorage_bucket.ewp_image_storage"
          ]
        },
        {
          "index_key": 22,
          "schema_version": 0,
          "attributes": {
            "bucket": "ewp_image_store",
            "cache_control": null,
            "content": null,
            "content_disposition": null,
            "content_encoding": null,
            "content_language": null,
            "content_length": "862784",
            "content_md5": "Ua0D+rDKka+gkYSTXLeThQ==",
            "content_type": "image/jpeg",
            "delete_all_object_versions": false,
            "id": "n/lr4poue3hwjl/b/ewp_image_store/o/weddings%2FAdrian%20and%20Monica%2F3.jpg",
            "metadata": {},
            "namespace": "lr4poue3hwjl",
            "object": "weddings/Adrian and Monica/3.jpg",
            "opc_sse_kms_key_id": null,
            "source": "../assets/weddings/Adrian and Monica/3.jpg 2016-03-09 09:22:52 +0000 GMT",
            "source_uri_details": [],
            "state": "COMPLETED",
            "storage_tier": "Standard",
            "timeouts": null,
            "version_id": "85403a4d-a4e6-4606-ae3c-787f11704fa5",
            "work_request_id": ""
          },
          "sensitive_attributes": [],
          "private": "eyJlMmJmYjczMC1lY2FhLTExZTYtOGY4OC0zNDM2M2JjN2M0YzAiOnsiY3JlYXRlIjoxMjAwMDAwMDAwMDAwLCJkZWxldGUiOjEyMDAwMDAwMDAwMDAsInVwZGF0ZSI6MTIwMDAwMDAwMDAwMH19",
          "dependencies": [
            "module.object-storage.oci_objectstorage_bucket.ewp_image_storage"
          ]
        },
        {
          "index_key": 23,
          "schema_version": 0,
          "attributes": {
            "bucket": "ewp_image_store",
            "cache_control": null,
            "content": null,
            "content_disposition": null,
            "content_encoding": null,
            "content_language": null,
            "content_length": "338525",
            "content_md5": "jjVz/eZ4/TOGyMCnsKt/1w==",
            "content_type": "image/jpeg",
            "delete_all_object_versions": false,
            "id": "n/lr4poue3hwjl/b/ewp_image_store/o/weddings%2FAdrian%20and%20Monica%2F30.jpg",
            "metadata": {},
            "namespace": "lr4poue3hwjl",
            "object": "weddings/Adrian and Monica/30.jpg",
            "opc_sse_kms_key_id": null,
            "source": "../assets/weddings/Adrian and Monica/30.jpg 2016-03-09 09:25:10 +0000 GMT",
            "source_uri_details": [],
            "state": "COMPLETED",
            "storage_tier": "Standard",
            "timeouts": null,
            "version_id": "e08eef7f-12b8-47a3-b647-11a19cec091a",
            "work_request_id": ""
          },
          "sensitive_attributes": [],
          "private": "eyJlMmJmYjczMC1lY2FhLTExZTYtOGY4OC0zNDM2M2JjN2M0YzAiOnsiY3JlYXRlIjoxMjAwMDAwMDAwMDAwLCJkZWxldGUiOjEyMDAwMDAwMDAwMDAsInVwZGF0ZSI6MTIwMDAwMDAwMDAwMH19",
          "dependencies": [
            "module.object-storage.oci_objectstorage_bucket.ewp_image_storage"
          ]
        },
        {
          "index_key": 24,
          "schema_version": 0,
          "attributes": {
            "bucket": "ewp_image_store",
            "cache_control": null,
            "content": null,
            "content_disposition": null,
            "content_encoding": null,
            "content_language": null,
            "content_length": "262999",
            "content_md5": "JEneyB9lZ001HQ+CnqDLmw==",
            "content_type": "image/jpeg",
            "delete_all_object_versions": false,
            "id": "n/lr4poue3hwjl/b/ewp_image_store/o/weddings%2FAdrian%20and%20Monica%2F31.jpg",
            "metadata": {},
            "namespace": "lr4poue3hwjl",
            "object": "weddings/Adrian and Monica/31.jpg",
            "opc_sse_kms_key_id": null,
            "source": "../assets/weddings/Adrian and Monica/31.jpg 2016-03-09 09:25:05 +0000 GMT",
            "source_uri_details": [],
            "state": "COMPLETED",
            "storage_tier": "Standard",
            "timeouts": null,
            "version_id": "a043be06-a6ca-4700-a91f-a435fc4dca5b",
            "work_request_id": ""
          },
          "sensitive_attributes": [],
          "private": "eyJlMmJmYjczMC1lY2FhLTExZTYtOGY4OC0zNDM2M2JjN2M0YzAiOnsiY3JlYXRlIjoxMjAwMDAwMDAwMDAwLCJkZWxldGUiOjEyMDAwMDAwMDAwMDAsInVwZGF0ZSI6MTIwMDAwMDAwMDAwMH19",
          "dependencies": [
            "module.object-storage.oci_objectstorage_bucket.ewp_image_storage"
          ]
        },
        {
          "index_key": 25,
          "schema_version": 0,
          "attributes": {
            "bucket": "ewp_image_store",
            "cache_control": null,
            "content": null,
            "content_disposition": null,
            "content_encoding": null,
            "content_language": null,
            "content_length": "892284",
            "content_md5": "gZRDd6XWyWtELd+MrVyoMw==",
            "content_type": "image/jpeg",
            "delete_all_object_versions": false,
            "id": "n/lr4poue3hwjl/b/ewp_image_store/o/weddings%2FAdrian%20and%20Monica%2F32.jpg",
            "metadata": {},
            "namespace": "lr4poue3hwjl",
            "object": "weddings/Adrian and Monica/32.jpg",
            "opc_sse_kms_key_id": null,
            "source": "../assets/weddings/Adrian and Monica/32.jpg 2016-03-09 09:25:15 +0000 GMT",
            "source_uri_details": [],
            "state": "COMPLETED",
            "storage_tier": "Standard",
            "timeouts": null,
            "version_id": "5ddb7223-8632-468b-9fb1-0fe40c03da74",
            "work_request_id": ""
          },
          "sensitive_attributes": [],
          "private": "eyJlMmJmYjczMC1lY2FhLTExZTYtOGY4OC0zNDM2M2JjN2M0YzAiOnsiY3JlYXRlIjoxMjAwMDAwMDAwMDAwLCJkZWxldGUiOjEyMDAwMDAwMDAwMDAsInVwZGF0ZSI6MTIwMDAwMDAwMDAwMH19",
          "dependencies": [
            "module.object-storage.oci_objectstorage_bucket.ewp_image_storage"
          ]
        },
        {
          "index_key": 26,
          "schema_version": 0,
          "attributes": {
            "bucket": "ewp_image_store",
            "cache_control": null,
            "content": null,
            "content_disposition": null,
            "content_encoding": null,
            "content_language": null,
            "content_length": "837339",
            "content_md5": "LUr87NJq38VX7WFJZZ+/OQ==",
            "content_type": "image/jpeg",
            "delete_all_object_versions": false,
            "id": "n/lr4poue3hwjl/b/ewp_image_store/o/weddings%2FAdrian%20and%20Monica%2F33.jpg",
            "metadata": {},
            "namespace": "lr4poue3hwjl",
            "object": "weddings/Adrian and Monica/33.jpg",
            "opc_sse_kms_key_id": null,
            "source": "../assets/weddings/Adrian and Monica/33.jpg 2016-03-09 09:25:21 +0000 GMT",
            "source_uri_details": [],
            "state": "COMPLETED",
            "storage_tier": "Standard",
            "timeouts": null,
            "version_id": "fb15fae6-afb3-4e35-a92e-8f9b7dfbcccf",
            "work_request_id": ""
          },
          "sensitive_attributes": [],
          "private": "eyJlMmJmYjczMC1lY2FhLTExZTYtOGY4OC0zNDM2M2JjN2M0YzAiOnsiY3JlYXRlIjoxMjAwMDAwMDAwMDAwLCJkZWxldGUiOjEyMDAwMDAwMDAwMDAsInVwZGF0ZSI6MTIwMDAwMDAwMDAwMH19",
          "dependencies": [
            "module.object-storage.oci_objectstorage_bucket.ewp_image_storage"
          ]
        },
        {
          "index_key": 27,
          "schema_version": 0,
          "attributes": {
            "bucket": "ewp_image_store",
            "cache_control": null,
            "content": null,
            "content_disposition": null,
            "content_encoding": null,
            "content_language": null,
            "content_length": "411375",
            "content_md5": "QeAgwAvtGBycXjD226k6rw==",
            "content_type": "image/jpeg",
            "delete_all_object_versions": false,
            "id": "n/lr4poue3hwjl/b/ewp_image_store/o/weddings%2FAdrian%20and%20Monica%2F34.jpg",
            "metadata": {},
            "namespace": "lr4poue3hwjl",
            "object": "weddings/Adrian and Monica/34.jpg",
            "opc_sse_kms_key_id": null,
            "source": "../assets/weddings/Adrian and Monica/34.jpg 2016-03-09 09:25:25 +0000 GMT",
            "source_uri_details": [],
            "state": "COMPLETED",
            "storage_tier": "Standard",
            "timeouts": null,
            "version_id": "8422f6ba-7a18-448b-b578-1863aec276be",
            "work_request_id": ""
          },
          "sensitive_attributes": [],
          "private": "eyJlMmJmYjczMC1lY2FhLTExZTYtOGY4OC0zNDM2M2JjN2M0YzAiOnsiY3JlYXRlIjoxMjAwMDAwMDAwMDAwLCJkZWxldGUiOjEyMDAwMDAwMDAwMDAsInVwZGF0ZSI6MTIwMDAwMDAwMDAwMH19",
          "dependencies": [
            "module.object-storage.oci_objectstorage_bucket.ewp_image_storage"
          ]
        },
        {
          "index_key": 28,
          "schema_version": 0,
          "attributes": {
            "bucket": "ewp_image_store",
            "cache_control": null,
            "content": null,
            "content_disposition": null,
            "content_encoding": null,
            "content_language": null,
            "content_length": "480914",
            "content_md5": "SqAFBhZilNPx1zEIG8NkXA==",
            "content_type": "image/jpeg",
            "delete_all_object_versions": false,
            "id": "n/lr4poue3hwjl/b/ewp_image_store/o/weddings%2FAdrian%20and%20Monica%2F35.jpg",
            "metadata": {},
            "namespace": "lr4poue3hwjl",
            "object": "weddings/Adrian and Monica/35.jpg",
            "opc_sse_kms_key_id": null,
            "source": "../assets/weddings/Adrian and Monica/35.jpg 2016-03-09 09:25:30 +0000 GMT",
            "source_uri_details": [],
            "state": "COMPLETED",
            "storage_tier": "Standard",
            "timeouts": null,
            "version_id": "65f53187-a773-4bea-b7f9-1e2fe590f637",
            "work_request_id": ""
          },
          "sensitive_attributes": [],
          "private": "eyJlMmJmYjczMC1lY2FhLTExZTYtOGY4OC0zNDM2M2JjN2M0YzAiOnsiY3JlYXRlIjoxMjAwMDAwMDAwMDAwLCJkZWxldGUiOjEyMDAwMDAwMDAwMDAsInVwZGF0ZSI6MTIwMDAwMDAwMDAwMH19",
          "dependencies": [
            "module.object-storage.oci_objectstorage_bucket.ewp_image_storage"
          ]
        },
        {
          "index_key": 29,
          "schema_version": 0,
          "attributes": {
            "bucket": "ewp_image_store",
            "cache_control": null,
            "content": null,
            "content_disposition": null,
            "content_encoding": null,
            "content_language": null,
            "content_length": "412507",
            "content_md5": "r6DHxcTF53ur/UvGmDRmqg==",
            "content_type": "image/jpeg",
            "delete_all_object_versions": false,
            "id": "n/lr4poue3hwjl/b/ewp_image_store/o/weddings%2FAdrian%20and%20Monica%2F36.jpg",
            "metadata": {},
            "namespace": "lr4poue3hwjl",
            "object": "weddings/Adrian and Monica/36.jpg",
            "opc_sse_kms_key_id": null,
            "source": "../assets/weddings/Adrian and Monica/36.jpg 2016-03-09 09:25:35 +0000 GMT",
            "source_uri_details": [],
            "state": "COMPLETED",
            "storage_tier": "Standard",
            "timeouts": null,
            "version_id": "052abb66-4034-4797-87f7-e09b7de90589",
            "work_request_id": ""
          },
          "sensitive_attributes": [],
          "private": "eyJlMmJmYjczMC1lY2FhLTExZTYtOGY4OC0zNDM2M2JjN2M0YzAiOnsiY3JlYXRlIjoxMjAwMDAwMDAwMDAwLCJkZWxldGUiOjEyMDAwMDAwMDAwMDAsInVwZGF0ZSI6MTIwMDAwMDAwMDAwMH19",
          "dependencies": [
            "module.object-storage.oci_objectstorage_bucket.ewp_image_storage"
          ]
        },
        {
          "index_key": 30,
          "schema_version": 0,
          "attributes": {
            "bucket": "ewp_image_store",
            "cache_control": null,
            "content": null,
            "content_disposition": null,
            "content_encoding": null,
            "content_language": null,
            "content_length": "775602",
            "content_md5": "8l1trX5VUqasbp48kczNJQ==",
            "content_type": "image/jpeg",
            "delete_all_object_versions": false,
            "id": "n/lr4poue3hwjl/b/ewp_image_store/o/weddings%2FAdrian%20and%20Monica%2F37.jpg",
            "metadata": {},
            "namespace": "lr4poue3hwjl",
            "object": "weddings/Adrian and Monica/37.jpg",
            "opc_sse_kms_key_id": null,
            "source": "../assets/weddings/Adrian and Monica/37.jpg 2016-03-09 09:25:41 +0000 GMT",
            "source_uri_details": [],
            "state": "COMPLETED",
            "storage_tier": "Standard",
            "timeouts": null,
            "version_id": "8f338aa6-0ecd-461e-b067-9fca02caf3f1",
            "work_request_id": ""
          },
          "sensitive_attributes": [],
          "private": "eyJlMmJmYjczMC1lY2FhLTExZTYtOGY4OC0zNDM2M2JjN2M0YzAiOnsiY3JlYXRlIjoxMjAwMDAwMDAwMDAwLCJkZWxldGUiOjEyMDAwMDAwMDAwMDAsInVwZGF0ZSI6MTIwMDAwMDAwMDAwMH19",
          "dependencies": [
            "module.object-storage.oci_objectstorage_bucket.ewp_image_storage"
          ]
        },
        {
          "index_key": 31,
          "schema_version": 0,
          "attributes": {
            "bucket": "ewp_image_store",
            "cache_control": null,
            "content": null,
            "content_disposition": null,
            "content_encoding": null,
            "content_language": null,
            "content_length": "581578",
            "content_md5": "RMqSxspxerCfaPVQZ7PpUQ==",
            "content_type": "image/jpeg",
            "delete_all_object_versions": false,
            "id": "n/lr4poue3hwjl/b/ewp_image_store/o/weddings%2FAdrian%20and%20Monica%2F38.jpg",
            "metadata": {},
            "namespace": "lr4poue3hwjl",
            "object": "weddings/Adrian and Monica/38.jpg",
            "opc_sse_kms_key_id": null,
            "source": "../assets/weddings/Adrian and Monica/38.jpg 2016-03-09 09:25:47 +0000 GMT",
            "source_uri_details": [],
            "state": "COMPLETED",
            "storage_tier": "Standard",
            "timeouts": null,
            "version_id": "79ebe1d2-d173-4314-8946-43e093ca464e",
            "work_request_id": ""
          },
          "sensitive_attributes": [],
          "private": "eyJlMmJmYjczMC1lY2FhLTExZTYtOGY4OC0zNDM2M2JjN2M0YzAiOnsiY3JlYXRlIjoxMjAwMDAwMDAwMDAwLCJkZWxldGUiOjEyMDAwMDAwMDAwMDAsInVwZGF0ZSI6MTIwMDAwMDAwMDAwMH19",
          "dependencies": [
            "module.object-storage.oci_objectstorage_bucket.ewp_image_storage"
          ]
        },
        {
          "index_key": 32,
          "schema_version": 0,
          "attributes": {
            "bucket": "ewp_image_store",
            "cache_control": null,
            "content": null,
            "content_disposition": null,
            "content_encoding": null,
            "content_language": null,
            "content_length": "778942",
            "content_md5": "ooSA+PT4y6l5+YFFwXf9BA==",
            "content_type": "image/jpeg",
            "delete_all_object_versions": false,
            "id": "n/lr4poue3hwjl/b/ewp_image_store/o/weddings%2FAdrian%20and%20Monica%2F39.jpg",
            "metadata": {},
            "namespace": "lr4poue3hwjl",
            "object": "weddings/Adrian and Monica/39.jpg",
            "opc_sse_kms_key_id": null,
            "source": "../assets/weddings/Adrian and Monica/39.jpg 2016-03-09 09:28:32 +0000 GMT",
            "source_uri_details": [],
            "state": "COMPLETED",
            "storage_tier": "Standard",
            "timeouts": null,
            "version_id": "8db9c618-2bf1-46f7-aea1-abd966ac4abf",
            "work_request_id": ""
          },
          "sensitive_attributes": [],
          "private": "eyJlMmJmYjczMC1lY2FhLTExZTYtOGY4OC0zNDM2M2JjN2M0YzAiOnsiY3JlYXRlIjoxMjAwMDAwMDAwMDAwLCJkZWxldGUiOjEyMDAwMDAwMDAwMDAsInVwZGF0ZSI6MTIwMDAwMDAwMDAwMH19",
          "dependencies": [
            "module.object-storage.oci_objectstorage_bucket.ewp_image_storage"
          ]
        },
        {
          "index_key": 33,
          "schema_version": 0,
          "attributes": {
            "bucket": "ewp_image_store",
            "cache_control": null,
            "content": null,
            "content_disposition": null,
            "content_encoding": null,
            "content_language": null,
            "content_length": "980771",
            "content_md5": "ETfOWcpwSp7G8LJsMuUpSQ==",
            "content_type": "image/jpeg",
            "delete_all_object_versions": false,
            "id": "n/lr4poue3hwjl/b/ewp_image_store/o/weddings%2FAdrian%20and%20Monica%2F4.jpg",
            "metadata": {},
            "namespace": "lr4poue3hwjl",
            "object": "weddings/Adrian and Monica/4.jpg",
            "opc_sse_kms_key_id": null,
            "source": "../assets/weddings/Adrian and Monica/4.jpg 2016-03-09 09:22:58 +0000 GMT",
            "source_uri_details": [],
            "state": "COMPLETED",
            "storage_tier": "Standard",
            "timeouts": null,
            "version_id": "7db274ce-851d-45f5-b81e-7f1c57b09752",
            "work_request_id": ""
          },
          "sensitive_attributes": [],
          "private": "eyJlMmJmYjczMC1lY2FhLTExZTYtOGY4OC0zNDM2M2JjN2M0YzAiOnsiY3JlYXRlIjoxMjAwMDAwMDAwMDAwLCJkZWxldGUiOjEyMDAwMDAwMDAwMDAsInVwZGF0ZSI6MTIwMDAwMDAwMDAwMH19",
          "dependencies": [
            "module.object-storage.oci_objectstorage_bucket.ewp_image_storage"
          ]
        },
        {
          "index_key": 34,
          "schema_version": 0,
          "attributes": {
            "bucket": "ewp_image_store",
            "cache_control": null,
            "content": null,
            "content_disposition": null,
            "content_encoding": null,
            "content_language": null,
            "content_length": "688752",
            "content_md5": "XifyGCRt3aRMjsZWINJjzQ==",
            "content_type": "image/jpeg",
            "delete_all_object_versions": false,
            "id": "n/lr4poue3hwjl/b/ewp_image_store/o/weddings%2FAdrian%20and%20Monica%2F40.jpg",
            "metadata": {},
            "namespace": "lr4poue3hwjl",
            "object": "weddings/Adrian and Monica/40.jpg",
            "opc_sse_kms_key_id": null,
            "source": "../assets/weddings/Adrian and Monica/40.jpg 2016-03-09 09:25:53 +0000 GMT",
            "source_uri_details": [],
            "state": "COMPLETED",
            "storage_tier": "Standard",
            "timeouts": null,
            "version_id": "b97ad1ac-703d-4a06-8eb7-0389189eb321",
            "work_request_id": ""
          },
          "sensitive_attributes": [],
          "private": "eyJlMmJmYjczMC1lY2FhLTExZTYtOGY4OC0zNDM2M2JjN2M0YzAiOnsiY3JlYXRlIjoxMjAwMDAwMDAwMDAwLCJkZWxldGUiOjEyMDAwMDAwMDAwMDAsInVwZGF0ZSI6MTIwMDAwMDAwMDAwMH19",
          "dependencies": [
            "module.object-storage.oci_objectstorage_bucket.ewp_image_storage"
          ]
        },
        {
          "index_key": 35,
          "schema_version": 0,
          "attributes": {
            "bucket": "ewp_image_store",
            "cache_control": null,
            "content": null,
            "content_disposition": null,
            "content_encoding": null,
            "content_language": null,
            "content_length": "1453938",
            "content_md5": "uL/Zondz/98B/9vJa4FdVg==",
            "content_type": "image/jpeg",
            "delete_all_object_versions": false,
            "id": "n/lr4poue3hwjl/b/ewp_image_store/o/weddings%2FAdrian%20and%20Monica%2F41.jpg",
            "metadata": {},
            "namespace": "lr4poue3hwjl",
            "object": "weddings/Adrian and Monica/41.jpg",
            "opc_sse_kms_key_id": null,
            "source": "../assets/weddings/Adrian and Monica/41.jpg 2016-03-09 09:25:59 +0000 GMT",
            "source_uri_details": [],
            "state": "COMPLETED",
            "storage_tier": "Standard",
            "timeouts": null,
            "version_id": "71fcfbb6-beac-47d5-85be-c854834f8572",
            "work_request_id": ""
          },
          "sensitive_attributes": [],
          "private": "eyJlMmJmYjczMC1lY2FhLTExZTYtOGY4OC0zNDM2M2JjN2M0YzAiOnsiY3JlYXRlIjoxMjAwMDAwMDAwMDAwLCJkZWxldGUiOjEyMDAwMDAwMDAwMDAsInVwZGF0ZSI6MTIwMDAwMDAwMDAwMH19",
          "dependencies": [
            "module.object-storage.oci_objectstorage_bucket.ewp_image_storage"
          ]
        },
        {
          "index_key": 36,
          "schema_version": 0,
          "attributes": {
            "bucket": "ewp_image_store",
            "cache_control": null,
            "content": null,
            "content_disposition": null,
            "content_encoding": null,
            "content_language": null,
            "content_length": "837783",
            "content_md5": "wI3J4UHLrB1c6A2YbMb/NQ==",
            "content_type": "image/jpeg",
            "delete_all_object_versions": false,
            "id": "n/lr4poue3hwjl/b/ewp_image_store/o/weddings%2FAdrian%20and%20Monica%2F42.jpg",
            "metadata": {},
            "namespace": "lr4poue3hwjl",
            "object": "weddings/Adrian and Monica/42.jpg",
            "opc_sse_kms_key_id": null,
            "source": "../assets/weddings/Adrian and Monica/42.jpg 2016-03-09 09:28:10 +0000 GMT",
            "source_uri_details": [],
            "state": "COMPLETED",
            "storage_tier": "Standard",
            "timeouts": null,
            "version_id": "a6cfb1fb-512b-443e-ab4e-509fc157e19b",
            "work_request_id": ""
          },
          "sensitive_attributes": [],
          "private": "eyJlMmJmYjczMC1lY2FhLTExZTYtOGY4OC0zNDM2M2JjN2M0YzAiOnsiY3JlYXRlIjoxMjAwMDAwMDAwMDAwLCJkZWxldGUiOjEyMDAwMDAwMDAwMDAsInVwZGF0ZSI6MTIwMDAwMDAwMDAwMH19",
          "dependencies": [
            "module.object-storage.oci_objectstorage_bucket.ewp_image_storage"
          ]
        },
        {
          "index_key": 37,
          "schema_version": 0,
          "attributes": {
            "bucket": "ewp_image_store",
            "cache_control": null,
            "content": null,
            "content_disposition": null,
            "content_encoding": null,
            "content_language": null,
            "content_length": "899974",
            "content_md5": "ZG/3dcBDgdr5b2fWzCfv/g==",
            "content_type": "image/jpeg",
            "delete_all_object_versions": false,
            "id": "n/lr4poue3hwjl/b/ewp_image_store/o/weddings%2FAdrian%20and%20Monica%2F43.jpg",
            "metadata": {},
            "namespace": "lr4poue3hwjl",
            "object": "weddings/Adrian and Monica/43.jpg",
            "opc_sse_kms_key_id": null,
            "source": "../assets/weddings/Adrian and Monica/43.jpg 2016-03-09 09:26:05 +0000 GMT",
            "source_uri_details": [],
            "state": "COMPLETED",
            "storage_tier": "Standard",
            "timeouts": null,
            "version_id": "d0848074-b1f8-4e30-8454-c8e222471109",
            "work_request_id": ""
          },
          "sensitive_attributes": [],
          "private": "eyJlMmJmYjczMC1lY2FhLTExZTYtOGY4OC0zNDM2M2JjN2M0YzAiOnsiY3JlYXRlIjoxMjAwMDAwMDAwMDAwLCJkZWxldGUiOjEyMDAwMDAwMDAwMDAsInVwZGF0ZSI6MTIwMDAwMDAwMDAwMH19",
          "dependencies": [
            "module.object-storage.oci_objectstorage_bucket.ewp_image_storage"
          ]
        },
        {
          "index_key": 38,
          "schema_version": 0,
          "attributes": {
            "bucket": "ewp_image_store",
            "cache_control": null,
            "content": null,
            "content_disposition": null,
            "content_encoding": null,
            "content_language": null,
            "content_length": "563767",
            "content_md5": "lgL5MO7yE4j2pHXZ75Oatg==",
            "content_type": "image/jpeg",
            "delete_all_object_versions": false,
            "id": "n/lr4poue3hwjl/b/ewp_image_store/o/weddings%2FAdrian%20and%20Monica%2F44.jpg",
            "metadata": {},
            "namespace": "lr4poue3hwjl",
            "object": "weddings/Adrian and Monica/44.jpg",
            "opc_sse_kms_key_id": null,
            "source": "../assets/weddings/Adrian and Monica/44.jpg 2016-03-09 09:28:16 +0000 GMT",
            "source_uri_details": [],
            "state": "COMPLETED",
            "storage_tier": "Standard",
            "timeouts": null,
            "version_id": "85497e57-7dda-49cd-9c34-27d8614be27d",
            "work_request_id": ""
          },
          "sensitive_attributes": [],
          "private": "eyJlMmJmYjczMC1lY2FhLTExZTYtOGY4OC0zNDM2M2JjN2M0YzAiOnsiY3JlYXRlIjoxMjAwMDAwMDAwMDAwLCJkZWxldGUiOjEyMDAwMDAwMDAwMDAsInVwZGF0ZSI6MTIwMDAwMDAwMDAwMH19",
          "dependencies": [
            "module.object-storage.oci_objectstorage_bucket.ewp_image_storage"
          ]
        },
        {
          "index_key": 39,
          "schema_version": 0,
          "attributes": {
            "bucket": "ewp_image_store",
            "cache_control": null,
            "content": null,
            "content_disposition": null,
            "content_encoding": null,
            "content_language": null,
            "content_length": "1247517",
            "content_md5": "iPexXcWEfmuL9KSf6pVJ0w==",
            "content_type": "image/jpeg",
            "delete_all_object_versions": false,
            "id": "n/lr4poue3hwjl/b/ewp_image_store/o/weddings%2FAdrian%20and%20Monica%2F45.jpg",
            "metadata": {},
            "namespace": "lr4poue3hwjl",
            "object": "weddings/Adrian and Monica/45.jpg",
            "opc_sse_kms_key_id": null,
            "source": "../assets/weddings/Adrian and Monica/45.jpg 2016-03-09 09:26:11 +0000 GMT",
            "source_uri_details": [],
            "state": "COMPLETED",
            "storage_tier": "Standard",
            "timeouts": null,
            "version_id": "9fb0d775-a5dc-42f1-8f21-9c016a212d7f",
            "work_request_id": ""
          },
          "sensitive_attributes": [],
          "private": "eyJlMmJmYjczMC1lY2FhLTExZTYtOGY4OC0zNDM2M2JjN2M0YzAiOnsiY3JlYXRlIjoxMjAwMDAwMDAwMDAwLCJkZWxldGUiOjEyMDAwMDAwMDAwMDAsInVwZGF0ZSI6MTIwMDAwMDAwMDAwMH19",
          "dependencies": [
            "module.object-storage.oci_objectstorage_bucket.ewp_image_storage"
          ]
        },
        {
          "index_key": 40,
          "schema_version": 0,
          "attributes": {
            "bucket": "ewp_image_store",
            "cache_control": null,
            "content": null,
            "content_disposition": null,
            "content_encoding": null,
            "content_language": null,
            "content_length": "481926",
            "content_md5": "5iDFI+r7oVqW9YY8iilCMg==",
            "content_type": "image/jpeg",
            "delete_all_object_versions": false,
            "id": "n/lr4poue3hwjl/b/ewp_image_store/o/weddings%2FAdrian%20and%20Monica%2F46.jpg",
            "metadata": {},
            "namespace": "lr4poue3hwjl",
            "object": "weddings/Adrian and Monica/46.jpg",
            "opc_sse_kms_key_id": null,
            "source": "../assets/weddings/Adrian and Monica/46.jpg 2016-03-09 09:26:16 +0000 GMT",
            "source_uri_details": [],
            "state": "COMPLETED",
            "storage_tier": "Standard",
            "timeouts": null,
            "version_id": "fdb7dc4d-1fb4-499a-94ec-c43e06a725ac",
            "work_request_id": ""
          },
          "sensitive_attributes": [],
          "private": "eyJlMmJmYjczMC1lY2FhLTExZTYtOGY4OC0zNDM2M2JjN2M0YzAiOnsiY3JlYXRlIjoxMjAwMDAwMDAwMDAwLCJkZWxldGUiOjEyMDAwMDAwMDAwMDAsInVwZGF0ZSI6MTIwMDAwMDAwMDAwMH19",
          "dependencies": [
            "module.object-storage.oci_objectstorage_bucket.ewp_image_storage"
          ]
        },
        {
          "index_key": 41,
          "schema_version": 0,
          "attributes": {
            "bucket": "ewp_image_store",
            "cache_control": null,
            "content": null,
            "content_disposition": null,
            "content_encoding": null,
            "content_language": null,
            "content_length": "987806",
            "content_md5": "/KPu1TxyGp9V3cFy49Toqg==",
            "content_type": "image/jpeg",
            "delete_all_object_versions": false,
            "id": "n/lr4poue3hwjl/b/ewp_image_store/o/weddings%2FAdrian%20and%20Monica%2F47.jpg",
            "metadata": {},
            "namespace": "lr4poue3hwjl",
            "object": "weddings/Adrian and Monica/47.jpg",
            "opc_sse_kms_key_id": null,
            "source": "../assets/weddings/Adrian and Monica/47.jpg 2016-03-09 09:26:21 +0000 GMT",
            "source_uri_details": [],
            "state": "COMPLETED",
            "storage_tier": "Standard",
            "timeouts": null,
            "version_id": "14682791-4486-43af-8719-2e38a3758136",
            "work_request_id": ""
          },
          "sensitive_attributes": [],
          "private": "eyJlMmJmYjczMC1lY2FhLTExZTYtOGY4OC0zNDM2M2JjN2M0YzAiOnsiY3JlYXRlIjoxMjAwMDAwMDAwMDAwLCJkZWxldGUiOjEyMDAwMDAwMDAwMDAsInVwZGF0ZSI6MTIwMDAwMDAwMDAwMH19",
          "dependencies": [
            "module.object-storage.oci_objectstorage_bucket.ewp_image_storage"
          ]
        },
        {
          "index_key": 42,
          "schema_version": 0,
          "attributes": {
            "bucket": "ewp_image_store",
            "cache_control": null,
            "content": null,
            "content_disposition": null,
            "content_encoding": null,
            "content_language": null,
            "content_length": "2138153",
            "content_md5": "uJtqI8lyeBx4ETM9AZUprA==",
            "content_type": "image/jpeg",
            "delete_all_object_versions": false,
            "id": "n/lr4poue3hwjl/b/ewp_image_store/o/weddings%2FAdrian%20and%20Monica%2F48.jpg",
            "metadata": {},
            "namespace": "lr4poue3hwjl",
            "object": "weddings/Adrian and Monica/48.jpg",
            "opc_sse_kms_key_id": null,
            "source": "../assets/weddings/Adrian and Monica/48.jpg 2016-03-09 09:26:27 +0000 GMT",
            "source_uri_details": [],
            "state": "COMPLETED",
            "storage_tier": "Standard",
            "timeouts": null,
            "version_id": "1cbb3e97-c7bc-4428-97d9-6650437da4c4",
            "work_request_id": ""
          },
          "sensitive_attributes": [],
          "private": "eyJlMmJmYjczMC1lY2FhLTExZTYtOGY4OC0zNDM2M2JjN2M0YzAiOnsiY3JlYXRlIjoxMjAwMDAwMDAwMDAwLCJkZWxldGUiOjEyMDAwMDAwMDAwMDAsInVwZGF0ZSI6MTIwMDAwMDAwMDAwMH19",
          "dependencies": [
            "module.object-storage.oci_objectstorage_bucket.ewp_image_storage"
          ]
        },
        {
          "index_key": 43,
          "schema_version": 0,
          "attributes": {
            "bucket": "ewp_image_store",
            "cache_control": null,
            "content": null,
            "content_disposition": null,
            "content_encoding": null,
            "content_language": null,
            "content_length": "1977754",
            "content_md5": "ZDdDk+x5rtLhEIqwcXJf9g==",
            "content_type": "image/jpeg",
            "delete_all_object_versions": false,
            "id": "n/lr4poue3hwjl/b/ewp_image_store/o/weddings%2FAdrian%20and%20Monica%2F49.jpg",
            "metadata": {},
            "namespace": "lr4poue3hwjl",
            "object": "weddings/Adrian and Monica/49.jpg",
            "opc_sse_kms_key_id": null,
            "source": "../assets/weddings/Adrian and Monica/49.jpg 2016-03-09 09:28:26 +0000 GMT",
            "source_uri_details": [],
            "state": "COMPLETED",
            "storage_tier": "Standard",
            "timeouts": null,
            "version_id": "4f484a0b-1b83-4679-8b4e-93c0386ccea7",
            "work_request_id": ""
          },
          "sensitive_attributes": [],
          "private": "eyJlMmJmYjczMC1lY2FhLTExZTYtOGY4OC0zNDM2M2JjN2M0YzAiOnsiY3JlYXRlIjoxMjAwMDAwMDAwMDAwLCJkZWxldGUiOjEyMDAwMDAwMDAwMDAsInVwZGF0ZSI6MTIwMDAwMDAwMDAwMH19",
          "dependencies": [
            "module.object-storage.oci_objectstorage_bucket.ewp_image_storage"
          ]
        },
        {
          "index_key": 44,
          "schema_version": 0,
          "attributes": {
            "bucket": "ewp_image_store",
            "cache_control": null,
            "content": null,
            "content_disposition": null,
            "content_encoding": null,
            "content_language": null,
            "content_length": "1377041",
            "content_md5": "J1n5uJhtFan7n8k9STv5CQ==",
            "content_type": "image/jpeg",
            "delete_all_object_versions": false,
            "id": "n/lr4poue3hwjl/b/ewp_image_store/o/weddings%2FAdrian%20and%20Monica%2F5.jpg",
            "metadata": {},
            "namespace": "lr4poue3hwjl",
            "object": "weddings/Adrian and Monica/5.jpg",
            "opc_sse_kms_key_id": null,
            "source": "../assets/weddings/Adrian and Monica/5.jpg 2016-03-09 09:23:05 +0000 GMT",
            "source_uri_details": [],
            "state": "COMPLETED",
            "storage_tier": "Standard",
            "timeouts": null,
            "version_id": "4523ee89-5c5f-4356-a175-44bde0e23225",
            "work_request_id": ""
          },
          "sensitive_attributes": [],
          "private": "eyJlMmJmYjczMC1lY2FhLTExZTYtOGY4OC0zNDM2M2JjN2M0YzAiOnsiY3JlYXRlIjoxMjAwMDAwMDAwMDAwLCJkZWxldGUiOjEyMDAwMDAwMDAwMDAsInVwZGF0ZSI6MTIwMDAwMDAwMDAwMH19",
          "dependencies": [
            "module.object-storage.oci_objectstorage_bucket.ewp_image_storage"
          ]
        },
        {
          "index_key": 45,
          "schema_version": 0,
          "attributes": {
            "bucket": "ewp_image_store",
            "cache_control": null,
            "content": null,
            "content_disposition": null,
            "content_encoding": null,
            "content_language": null,
            "content_length": "1353392",
            "content_md5": "waTbruPsd2EBqfPuWAAHSg==",
            "content_type": "image/jpeg",
            "delete_all_object_versions": false,
            "id": "n/lr4poue3hwjl/b/ewp_image_store/o/weddings%2FAdrian%20and%20Monica%2F50.jpg",
            "metadata": {},
            "namespace": "lr4poue3hwjl",
            "object": "weddings/Adrian and Monica/50.jpg",
            "opc_sse_kms_key_id": null,
            "source": "../assets/weddings/Adrian and Monica/50.jpg 2016-03-09 09:26:43 +0000 GMT",
            "source_uri_details": [],
            "state": "COMPLETED",
            "storage_tier": "Standard",
            "timeouts": null,
            "version_id": "961db0aa-69d1-43a5-88c0-c17eac86ae8c",
            "work_request_id": ""
          },
          "sensitive_attributes": [],
          "private": "eyJlMmJmYjczMC1lY2FhLTExZTYtOGY4OC0zNDM2M2JjN2M0YzAiOnsiY3JlYXRlIjoxMjAwMDAwMDAwMDAwLCJkZWxldGUiOjEyMDAwMDAwMDAwMDAsInVwZGF0ZSI6MTIwMDAwMDAwMDAwMH19",
          "dependencies": [
            "module.object-storage.oci_objectstorage_bucket.ewp_image_storage"
          ]
        },
        {
          "index_key": 46,
          "schema_version": 0,
          "attributes": {
            "bucket": "ewp_image_store",
            "cache_control": null,
            "content": null,
            "content_disposition": null,
            "content_encoding": null,
            "content_language": null,
            "content_length": "1045767",
            "content_md5": "traPaAhvYptC4Drf3XyW6w==",
            "content_type": "image/jpeg",
            "delete_all_object_versions": false,
            "id": "n/lr4poue3hwjl/b/ewp_image_store/o/weddings%2FAdrian%20and%20Monica%2F51.jpg",
            "metadata": {},
            "namespace": "lr4poue3hwjl",
            "object": "weddings/Adrian and Monica/51.jpg",
            "opc_sse_kms_key_id": null,
            "source": "../assets/weddings/Adrian and Monica/51.jpg 2016-03-09 09:26:49 +0000 GMT",
            "source_uri_details": [],
            "state": "COMPLETED",
            "storage_tier": "Standard",
            "timeouts": null,
            "version_id": "8797ffc7-b5f0-4c7b-bc9b-6978d284df26",
            "work_request_id": ""
          },
          "sensitive_attributes": [],
          "private": "eyJlMmJmYjczMC1lY2FhLTExZTYtOGY4OC0zNDM2M2JjN2M0YzAiOnsiY3JlYXRlIjoxMjAwMDAwMDAwMDAwLCJkZWxldGUiOjEyMDAwMDAwMDAwMDAsInVwZGF0ZSI6MTIwMDAwMDAwMDAwMH19",
          "dependencies": [
            "module.object-storage.oci_objectstorage_bucket.ewp_image_storage"
          ]
        },
        {
          "index_key": 47,
          "schema_version": 0,
          "attributes": {
            "bucket": "ewp_image_store",
            "cache_control": null,
            "content": null,
            "content_disposition": null,
            "content_encoding": null,
            "content_language": null,
            "content_length": "682534",
            "content_md5": "PtJzykcv25dqBNiK0TU53w==",
            "content_type": "image/jpeg",
            "delete_all_object_versions": false,
            "id": "n/lr4poue3hwjl/b/ewp_image_store/o/weddings%2FAdrian%20and%20Monica%2F52.jpg",
            "metadata": {},
            "namespace": "lr4poue3hwjl",
            "object": "weddings/Adrian and Monica/52.jpg",
            "opc_sse_kms_key_id": null,
            "source": "../assets/weddings/Adrian and Monica/52.jpg 2016-03-09 09:27:00 +0000 GMT",
            "source_uri_details": [],
            "state": "COMPLETED",
            "storage_tier": "Standard",
            "timeouts": null,
            "version_id": "3cfbfc01-5413-4675-9f2a-666e2783a3e7",
            "work_request_id": ""
          },
          "sensitive_attributes": [],
          "private": "eyJlMmJmYjczMC1lY2FhLTExZTYtOGY4OC0zNDM2M2JjN2M0YzAiOnsiY3JlYXRlIjoxMjAwMDAwMDAwMDAwLCJkZWxldGUiOjEyMDAwMDAwMDAwMDAsInVwZGF0ZSI6MTIwMDAwMDAwMDAwMH19",
          "dependencies": [
            "module.object-storage.oci_objectstorage_bucket.ewp_image_storage"
          ]
        },
        {
          "index_key": 48,
          "schema_version": 0,
          "attributes": {
            "bucket": "ewp_image_store",
            "cache_control": null,
            "content": null,
            "content_disposition": null,
            "content_encoding": null,
            "content_language": null,
            "content_length": "768538",
            "content_md5": "uuglprSf/egUkEVJBCeUZQ==",
            "content_type": "image/jpeg",
            "delete_all_object_versions": false,
            "id": "n/lr4poue3hwjl/b/ewp_image_store/o/weddings%2FAdrian%20and%20Monica%2F53.jpg",
            "metadata": {},
            "namespace": "lr4poue3hwjl",
            "object": "weddings/Adrian and Monica/53.jpg",
            "opc_sse_kms_key_id": null,
            "source": "../assets/weddings/Adrian and Monica/53.jpg 2016-03-09 09:28:48 +0000 GMT",
            "source_uri_details": [],
            "state": "COMPLETED",
            "storage_tier": "Standard",
            "timeouts": null,
            "version_id": "932d5d58-ae86-4e08-8822-1a904b5c3849",
            "work_request_id": ""
          },
          "sensitive_attributes": [],
          "private": "eyJlMmJmYjczMC1lY2FhLTExZTYtOGY4OC0zNDM2M2JjN2M0YzAiOnsiY3JlYXRlIjoxMjAwMDAwMDAwMDAwLCJkZWxldGUiOjEyMDAwMDAwMDAwMDAsInVwZGF0ZSI6MTIwMDAwMDAwMDAwMH19",
          "dependencies": [
            "module.object-storage.oci_objectstorage_bucket.ewp_image_storage"
          ]
        },
        {
          "index_key": 49,
          "schema_version": 0,
          "attributes": {
            "bucket": "ewp_image_store",
            "cache_control": null,
            "content": null,
            "content_disposition": null,
            "content_encoding": null,
            "content_language": null,
            "content_length": "667305",
            "content_md5": "csLqqJp8ouDhXxeLfWqRpw==",
            "content_type": "image/jpeg",
            "delete_all_object_versions": false,
            "id": "n/lr4poue3hwjl/b/ewp_image_store/o/weddings%2FAdrian%20and%20Monica%2F54.jpg",
            "metadata": {},
            "namespace": "lr4poue3hwjl",
            "object": "weddings/Adrian and Monica/54.jpg",
            "opc_sse_kms_key_id": null,
            "source": "../assets/weddings/Adrian and Monica/54.jpg 2016-03-09 09:28:41 +0000 GMT",
            "source_uri_details": [],
            "state": "COMPLETED",
            "storage_tier": "Standard",
            "timeouts": null,
            "version_id": "b93cb184-b7d2-4029-a3fa-3c2da8136cf8",
            "work_request_id": ""
          },
          "sensitive_attributes": [],
          "private": "eyJlMmJmYjczMC1lY2FhLTExZTYtOGY4OC0zNDM2M2JjN2M0YzAiOnsiY3JlYXRlIjoxMjAwMDAwMDAwMDAwLCJkZWxldGUiOjEyMDAwMDAwMDAwMDAsInVwZGF0ZSI6MTIwMDAwMDAwMDAwMH19",
          "dependencies": [
            "module.object-storage.oci_objectstorage_bucket.ewp_image_storage"
          ]
        },
        {
          "index_key": 50,
          "schema_version": 0,
          "attributes": {
            "bucket": "ewp_image_store",
            "cache_control": null,
            "content": null,
            "content_disposition": null,
            "content_encoding": null,
            "content_language": null,
            "content_length": "747482",
            "content_md5": "ZmS87fUTIS1CpolUNHkF6w==",
            "content_type": "image/jpeg",
            "delete_all_object_versions": false,
            "id": "n/lr4poue3hwjl/b/ewp_image_store/o/weddings%2FAdrian%20and%20Monica%2F55.jpg",
            "metadata": {},
            "namespace": "lr4poue3hwjl",
            "object": "weddings/Adrian and Monica/55.jpg",
            "opc_sse_kms_key_id": null,
            "source": "../assets/weddings/Adrian and Monica/55.jpg 2016-03-09 09:29:35 +0000 GMT",
            "source_uri_details": [],
            "state": "COMPLETED",
            "storage_tier": "Standard",
            "timeouts": null,
            "version_id": "e166efa1-8adc-4f49-a1b7-0eca6ed35390",
            "work_request_id": ""
          },
          "sensitive_attributes": [],
          "private": "eyJlMmJmYjczMC1lY2FhLTExZTYtOGY4OC0zNDM2M2JjN2M0YzAiOnsiY3JlYXRlIjoxMjAwMDAwMDAwMDAwLCJkZWxldGUiOjEyMDAwMDAwMDAwMDAsInVwZGF0ZSI6MTIwMDAwMDAwMDAwMH19",
          "dependencies": [
            "module.object-storage.oci_objectstorage_bucket.ewp_image_storage"
          ]
        },
        {
          "index_key": 51,
          "schema_version": 0,
          "attributes": {
            "bucket": "ewp_image_store",
            "cache_control": null,
            "content": null,
            "content_disposition": null,
            "content_encoding": null,
            "content_language": null,
            "content_length": "474276",
            "content_md5": "MXMq4lWYJt0jD+0QRd8sIQ==",
            "content_type": "image/jpeg",
            "delete_all_object_versions": false,
            "id": "n/lr4poue3hwjl/b/ewp_image_store/o/weddings%2FAdrian%20and%20Monica%2F56.jpg",
            "metadata": {},
            "namespace": "lr4poue3hwjl",
            "object": "weddings/Adrian and Monica/56.jpg",
            "opc_sse_kms_key_id": null,
            "source": "../assets/weddings/Adrian and Monica/56.jpg 2016-03-09 09:26:55 +0000 GMT",
            "source_uri_details": [],
            "state": "COMPLETED",
            "storage_tier": "Standard",
            "timeouts": null,
            "version_id": "538eff9c-5fe2-4617-995e-7a7bd1a86d49",
            "work_request_id": ""
          },
          "sensitive_attributes": [],
          "private": "eyJlMmJmYjczMC1lY2FhLTExZTYtOGY4OC0zNDM2M2JjN2M0YzAiOnsiY3JlYXRlIjoxMjAwMDAwMDAwMDAwLCJkZWxldGUiOjEyMDAwMDAwMDAwMDAsInVwZGF0ZSI6MTIwMDAwMDAwMDAwMH19",
          "dependencies": [
            "module.object-storage.oci_objectstorage_bucket.ewp_image_storage"
          ]
        },
        {
          "index_key": 52,
          "schema_version": 0,
          "attributes": {
            "bucket": "ewp_image_store",
            "cache_control": null,
            "content": null,
            "content_disposition": null,
            "content_encoding": null,
            "content_language": null,
            "content_length": "1028335",
            "content_md5": "WnQvcVIJUhqkmsKpYOgm+w==",
            "content_type": "image/jpeg",
            "delete_all_object_versions": false,
            "id": "n/lr4poue3hwjl/b/ewp_image_store/o/weddings%2FAdrian%20and%20Monica%2F57.jpg",
            "metadata": {},
            "namespace": "lr4poue3hwjl",
            "object": "weddings/Adrian and Monica/57.jpg",
            "opc_sse_kms_key_id": null,
            "source": "../assets/weddings/Adrian and Monica/57.jpg 2016-03-09 09:28:54 +0000 GMT",
            "source_uri_details": [],
            "state": "COMPLETED",
            "storage_tier": "Standard",
            "timeouts": null,
            "version_id": "61ab6ea6-83fd-4487-a212-950da748e5d2",
            "work_request_id": ""
          },
          "sensitive_attributes": [],
          "private": "eyJlMmJmYjczMC1lY2FhLTExZTYtOGY4OC0zNDM2M2JjN2M0YzAiOnsiY3JlYXRlIjoxMjAwMDAwMDAwMDAwLCJkZWxldGUiOjEyMDAwMDAwMDAwMDAsInVwZGF0ZSI6MTIwMDAwMDAwMDAwMH19",
          "dependencies": [
            "module.object-storage.oci_objectstorage_bucket.ewp_image_storage"
          ]
        },
        {
          "index_key": 53,
          "schema_version": 0,
          "attributes": {
            "bucket": "ewp_image_store",
            "cache_control": null,
            "content": null,
            "content_disposition": null,
            "content_encoding": null,
            "content_language": null,
            "content_length": "328406",
            "content_md5": "WLdCIPPN3eZdqZR+Sopffg==",
            "content_type": "image/jpeg",
            "delete_all_object_versions": false,
            "id": "n/lr4poue3hwjl/b/ewp_image_store/o/weddings%2FAdrian%20and%20Monica%2F58.jpg",
            "metadata": {},
            "namespace": "lr4poue3hwjl",
            "object": "weddings/Adrian and Monica/58.jpg",
            "opc_sse_kms_key_id": null,
            "source": "../assets/weddings/Adrian and Monica/58.jpg 2016-03-09 09:29:00 +0000 GMT",
            "source_uri_details": [],
            "state": "COMPLETED",
            "storage_tier": "Standard",
            "timeouts": null,
            "version_id": "40ea0185-5a2d-4797-8652-9a75ac9c5df3",
            "work_request_id": ""
          },
          "sensitive_attributes": [],
          "private": "eyJlMmJmYjczMC1lY2FhLTExZTYtOGY4OC0zNDM2M2JjN2M0YzAiOnsiY3JlYXRlIjoxMjAwMDAwMDAwMDAwLCJkZWxldGUiOjEyMDAwMDAwMDAwMDAsInVwZGF0ZSI6MTIwMDAwMDAwMDAwMH19",
          "dependencies": [
            "module.object-storage.oci_objectstorage_bucket.ewp_image_storage"
          ]
        },
        {
          "index_key": 54,
          "schema_version": 0,
          "attributes": {
            "bucket": "ewp_image_store",
            "cache_control": null,
            "content": null,
            "content_disposition": null,
            "content_encoding": null,
            "content_language": null,
            "content_length": "831605",
            "content_md5": "QIppFNm4dri0dxggJGlQ+A==",
            "content_type": "image/jpeg",
            "delete_all_object_versions": false,
            "id": "n/lr4poue3hwjl/b/ewp_image_store/o/weddings%2FAdrian%20and%20Monica%2F59.jpg",
            "metadata": {},
            "namespace": "lr4poue3hwjl",
            "object": "weddings/Adrian and Monica/59.jpg",
            "opc_sse_kms_key_id": null,
            "source": "../assets/weddings/Adrian and Monica/59.jpg 2016-03-09 09:27:07 +0000 GMT",
            "source_uri_details": [],
            "state": "COMPLETED",
            "storage_tier": "Standard",
            "timeouts": null,
            "version_id": "00e204d7-725f-46eb-9357-acf8ccaa3bd1",
            "work_request_id": ""
          },
          "sensitive_attributes": [],
          "private": "eyJlMmJmYjczMC1lY2FhLTExZTYtOGY4OC0zNDM2M2JjN2M0YzAiOnsiY3JlYXRlIjoxMjAwMDAwMDAwMDAwLCJkZWxldGUiOjEyMDAwMDAwMDAwMDAsInVwZGF0ZSI6MTIwMDAwMDAwMDAwMH19",
          "dependencies": [
            "module.object-storage.oci_objectstorage_bucket.ewp_image_storage"
          ]
        },
        {
          "index_key": 55,
          "schema_version": 0,
          "attributes": {
            "bucket": "ewp_image_store",
            "cache_control": null,
            "content": null,
            "content_disposition": null,
            "content_encoding": null,
            "content_language": null,
            "content_length": "180566",
            "content_md5": "2iKiM4Y8tTwJHcUr618UDw==",
            "content_type": "image/jpeg",
            "delete_all_object_versions": false,
            "id": "n/lr4poue3hwjl/b/ewp_image_store/o/weddings%2FAdrian%20and%20Monica%2F6.jpg",
            "metadata": {},
            "namespace": "lr4poue3hwjl",
            "object": "weddings/Adrian and Monica/6.jpg",
            "opc_sse_kms_key_id": null,
            "source": "../assets/weddings/Adrian and Monica/6.jpg 2016-03-09 09:23:10 +0000 GMT",
            "source_uri_details": [],
            "state": "COMPLETED",
            "storage_tier": "Standard",
            "timeouts": null,
            "version_id": "29abdb48-711c-40cd-88f8-286cf8c9c3ce",
            "work_request_id": ""
          },
          "sensitive_attributes": [],
          "private": "eyJlMmJmYjczMC1lY2FhLTExZTYtOGY4OC0zNDM2M2JjN2M0YzAiOnsiY3JlYXRlIjoxMjAwMDAwMDAwMDAwLCJkZWxldGUiOjEyMDAwMDAwMDAwMDAsInVwZGF0ZSI6MTIwMDAwMDAwMDAwMH19",
          "dependencies": [
            "module.object-storage.oci_objectstorage_bucket.ewp_image_storage"
          ]
        },
        {
          "index_key": 56,
          "schema_version": 0,
          "attributes": {
            "bucket": "ewp_image_store",
            "cache_control": null,
            "content": null,
            "content_disposition": null,
            "content_encoding": null,
            "content_language": null,
            "content_length": "581802",
            "content_md5": "1yfPqwg67aODFu4dMqDBYg==",
            "content_type": "image/jpeg",
            "delete_all_object_versions": false,
            "id": "n/lr4poue3hwjl/b/ewp_image_store/o/weddings%2FAdrian%20and%20Monica%2F60.jpg",
            "metadata": {},
            "namespace": "lr4poue3hwjl",
            "object": "weddings/Adrian and Monica/60.jpg",
            "opc_sse_kms_key_id": null,
            "source": "../assets/weddings/Adrian and Monica/60.jpg 2016-03-09 09:27:20 +0000 GMT",
            "source_uri_details": [],
            "state": "COMPLETED",
            "storage_tier": "Standard",
            "timeouts": null,
            "version_id": "9cebe536-1c74-4f2f-99cd-5b0a72213f94",
            "work_request_id": ""
          },
          "sensitive_attributes": [],
          "private": "eyJlMmJmYjczMC1lY2FhLTExZTYtOGY4OC0zNDM2M2JjN2M0YzAiOnsiY3JlYXRlIjoxMjAwMDAwMDAwMDAwLCJkZWxldGUiOjEyMDAwMDAwMDAwMDAsInVwZGF0ZSI6MTIwMDAwMDAwMDAwMH19",
          "dependencies": [
            "module.object-storage.oci_objectstorage_bucket.ewp_image_storage"
          ]
        },
        {
          "index_key": 57,
          "schema_version": 0,
          "attributes": {
            "bucket": "ewp_image_store",
            "cache_control": null,
            "content": null,
            "content_disposition": null,
            "content_encoding": null,
            "content_language": null,
            "content_length": "675535",
            "content_md5": "5wN+rxJItQJhEVZGZfRKiA==",
            "content_type": "image/jpeg",
            "delete_all_object_versions": false,
            "id": "n/lr4poue3hwjl/b/ewp_image_store/o/weddings%2FAdrian%20and%20Monica%2F61.jpg",
            "metadata": {},
            "namespace": "lr4poue3hwjl",
            "object": "weddings/Adrian and Monica/61.jpg",
            "opc_sse_kms_key_id": null,
            "source": "../assets/weddings/Adrian and Monica/61.jpg 2016-03-09 09:29:21 +0000 GMT",
            "source_uri_details": [],
            "state": "COMPLETED",
            "storage_tier": "Standard",
            "timeouts": null,
            "version_id": "0060af9f-b810-48b2-a986-0576470a50fc",
            "work_request_id": ""
          },
          "sensitive_attributes": [],
          "private": "eyJlMmJmYjczMC1lY2FhLTExZTYtOGY4OC0zNDM2M2JjN2M0YzAiOnsiY3JlYXRlIjoxMjAwMDAwMDAwMDAwLCJkZWxldGUiOjEyMDAwMDAwMDAwMDAsInVwZGF0ZSI6MTIwMDAwMDAwMDAwMH19",
          "dependencies": [
            "module.object-storage.oci_objectstorage_bucket.ewp_image_storage"
          ]
        },
        {
          "index_key": 58,
          "schema_version": 0,
          "attributes": {
            "bucket": "ewp_image_store",
            "cache_control": null,
            "content": null,
            "content_disposition": null,
            "content_encoding": null,
            "content_language": null,
            "content_length": "762171",
            "content_md5": "gyxPFDftvyWrDa3k9zWUvg==",
            "content_type": "image/jpeg",
            "delete_all_object_versions": false,
            "id": "n/lr4poue3hwjl/b/ewp_image_store/o/weddings%2FAdrian%20and%20Monica%2F62.jpg",
            "metadata": {},
            "namespace": "lr4poue3hwjl",
            "object": "weddings/Adrian and Monica/62.jpg",
            "opc_sse_kms_key_id": null,
            "source": "../assets/weddings/Adrian and Monica/62.jpg 2016-03-09 09:27:13 +0000 GMT",
            "source_uri_details": [],
            "state": "COMPLETED",
            "storage_tier": "Standard",
            "timeouts": null,
            "version_id": "c9317d39-e38f-432c-afea-bfad65153711",
            "work_request_id": ""
          },
          "sensitive_attributes": [],
          "private": "eyJlMmJmYjczMC1lY2FhLTExZTYtOGY4OC0zNDM2M2JjN2M0YzAiOnsiY3JlYXRlIjoxMjAwMDAwMDAwMDAwLCJkZWxldGUiOjEyMDAwMDAwMDAwMDAsInVwZGF0ZSI6MTIwMDAwMDAwMDAwMH19",
          "dependencies": [
            "module.object-storage.oci_objectstorage_bucket.ewp_image_storage"
          ]
        },
        {
          "index_key": 59,
          "schema_version": 0,
          "attributes": {
            "bucket": "ewp_image_store",
            "cache_control": null,
            "content": null,
            "content_disposition": null,
            "content_encoding": null,
            "content_language": null,
            "content_length": "667431",
            "content_md5": "L6uDFSWKmR5ykwi1xP6R6A==",
            "content_type": "image/jpeg",
            "delete_all_object_versions": false,
            "id": "n/lr4poue3hwjl/b/ewp_image_store/o/weddings%2FAdrian%20and%20Monica%2F63.jpg",
            "metadata": {},
            "namespace": "lr4poue3hwjl",
            "object": "weddings/Adrian and Monica/63.jpg",
            "opc_sse_kms_key_id": null,
            "source": "../assets/weddings/Adrian and Monica/63.jpg 2016-03-09 09:29:27 +0000 GMT",
            "source_uri_details": [],
            "state": "COMPLETED",
            "storage_tier": "Standard",
            "timeouts": null,
            "version_id": "b84f8839-799e-4f6a-b9a1-073f5f86c140",
            "work_request_id": ""
          },
          "sensitive_attributes": [],
          "private": "eyJlMmJmYjczMC1lY2FhLTExZTYtOGY4OC0zNDM2M2JjN2M0YzAiOnsiY3JlYXRlIjoxMjAwMDAwMDAwMDAwLCJkZWxldGUiOjEyMDAwMDAwMDAwMDAsInVwZGF0ZSI6MTIwMDAwMDAwMDAwMH19",
          "dependencies": [
            "module.object-storage.oci_objectstorage_bucket.ewp_image_storage"
          ]
        },
        {
          "index_key": 60,
          "schema_version": 0,
          "attributes": {
            "bucket": "ewp_image_store",
            "cache_control": null,
            "content": null,
            "content_disposition": null,
            "content_encoding": null,
            "content_language": null,
            "content_length": "800668",
            "content_md5": "2Kz+ekF08/C/iIEBi+bd4w==",
            "content_type": "image/jpeg",
            "delete_all_object_versions": false,
            "id": "n/lr4poue3hwjl/b/ewp_image_store/o/weddings%2FAdrian%20and%20Monica%2F64.jpg",
            "metadata": {},
            "namespace": "lr4poue3hwjl",
            "object": "weddings/Adrian and Monica/64.jpg",
            "opc_sse_kms_key_id": null,
            "source": "../assets/weddings/Adrian and Monica/64.jpg 2016-03-09 09:27:27 +0000 GMT",
            "source_uri_details": [],
            "state": "COMPLETED",
            "storage_tier": "Standard",
            "timeouts": null,
            "version_id": "456e246e-92bf-44d9-900b-8250f0b18945",
            "work_request_id": ""
          },
          "sensitive_attributes": [],
          "private": "eyJlMmJmYjczMC1lY2FhLTExZTYtOGY4OC0zNDM2M2JjN2M0YzAiOnsiY3JlYXRlIjoxMjAwMDAwMDAwMDAwLCJkZWxldGUiOjEyMDAwMDAwMDAwMDAsInVwZGF0ZSI6MTIwMDAwMDAwMDAwMH19",
          "dependencies": [
            "module.object-storage.oci_objectstorage_bucket.ewp_image_storage"
          ]
        },
        {
          "index_key": 61,
          "schema_version": 0,
          "attributes": {
            "bucket": "ewp_image_store",
            "cache_control": null,
            "content": null,
            "content_disposition": null,
            "content_encoding": null,
            "content_language": null,
            "content_length": "1010580",
            "content_md5": "dNdDxV5ez2l5jWVJ89ox3A==",
            "content_type": "image/jpeg",
            "delete_all_object_versions": false,
            "id": "n/lr4poue3hwjl/b/ewp_image_store/o/weddings%2FAdrian%20and%20Monica%2F65.jpg",
            "metadata": {},
            "namespace": "lr4poue3hwjl",
            "object": "weddings/Adrian and Monica/65.jpg",
            "opc_sse_kms_key_id": null,
            "source": "../assets/weddings/Adrian and Monica/65.jpg 2016-03-09 09:29:41 +0000 GMT",
            "source_uri_details": [],
            "state": "COMPLETED",
            "storage_tier": "Standard",
            "timeouts": null,
            "version_id": "581f4b42-8570-4eca-b618-7eb9fcf84ff3",
            "work_request_id": ""
          },
          "sensitive_attributes": [],
          "private": "eyJlMmJmYjczMC1lY2FhLTExZTYtOGY4OC0zNDM2M2JjN2M0YzAiOnsiY3JlYXRlIjoxMjAwMDAwMDAwMDAwLCJkZWxldGUiOjEyMDAwMDAwMDAwMDAsInVwZGF0ZSI6MTIwMDAwMDAwMDAwMH19",
          "dependencies": [
            "module.object-storage.oci_objectstorage_bucket.ewp_image_storage"
          ]
        },
        {
          "index_key": 62,
          "schema_version": 0,
          "attributes": {
            "bucket": "ewp_image_store",
            "cache_control": null,
            "content": null,
            "content_disposition": null,
            "content_encoding": null,
            "content_language": null,
            "content_length": "973130",
            "content_md5": "I+07IPrVAKPibzqvAt5klQ==",
            "content_type": "image/jpeg",
            "delete_all_object_versions": false,
            "id": "n/lr4poue3hwjl/b/ewp_image_store/o/weddings%2FAdrian%20and%20Monica%2F66.jpg",
            "metadata": {},
            "namespace": "lr4poue3hwjl",
            "object": "weddings/Adrian and Monica/66.jpg",
            "opc_sse_kms_key_id": null,
            "source": "../assets/weddings/Adrian and Monica/66.jpg 2016-03-09 09:27:34 +0000 GMT",
            "source_uri_details": [],
            "state": "COMPLETED",
            "storage_tier": "Standard",
            "timeouts": null,
            "version_id": "fb3e07d8-7479-42ce-b52f-41c06de42a9c",
            "work_request_id": ""
          },
          "sensitive_attributes": [],
          "private": "eyJlMmJmYjczMC1lY2FhLTExZTYtOGY4OC0zNDM2M2JjN2M0YzAiOnsiY3JlYXRlIjoxMjAwMDAwMDAwMDAwLCJkZWxldGUiOjEyMDAwMDAwMDAwMDAsInVwZGF0ZSI6MTIwMDAwMDAwMDAwMH19",
          "dependencies": [
            "module.object-storage.oci_objectstorage_bucket.ewp_image_storage"
          ]
        },
        {
          "index_key": 63,
          "schema_version": 0,
          "attributes": {
            "bucket": "ewp_image_store",
            "cache_control": null,
            "content": null,
            "content_disposition": null,
            "content_encoding": null,
            "content_language": null,
            "content_length": "918071",
            "content_md5": "73PFk2EGWoyzLjMq/EhC+A==",
            "content_type": "image/jpeg",
            "delete_all_object_versions": false,
            "id": "n/lr4poue3hwjl/b/ewp_image_store/o/weddings%2FAdrian%20and%20Monica%2F67.jpg",
            "metadata": {},
            "namespace": "lr4poue3hwjl",
            "object": "weddings/Adrian and Monica/67.jpg",
            "opc_sse_kms_key_id": null,
            "source": "../assets/weddings/Adrian and Monica/67.jpg 2016-03-09 09:29:47 +0000 GMT",
            "source_uri_details": [],
            "state": "COMPLETED",
            "storage_tier": "Standard",
            "timeouts": null,
            "version_id": "f52dd3ea-1ad3-4878-a9e3-fc2ae062b365",
            "work_request_id": ""
          },
          "sensitive_attributes": [],
          "private": "eyJlMmJmYjczMC1lY2FhLTExZTYtOGY4OC0zNDM2M2JjN2M0YzAiOnsiY3JlYXRlIjoxMjAwMDAwMDAwMDAwLCJkZWxldGUiOjEyMDAwMDAwMDAwMDAsInVwZGF0ZSI6MTIwMDAwMDAwMDAwMH19",
          "dependencies": [
            "module.object-storage.oci_objectstorage_bucket.ewp_image_storage"
          ]
        },
        {
          "index_key": 64,
          "schema_version": 0,
          "attributes": {
            "bucket": "ewp_image_store",
            "cache_control": null,
            "content": null,
            "content_disposition": null,
            "content_encoding": null,
            "content_language": null,
            "content_length": "262546",
            "content_md5": "CAcrPmLNTCb102HEmfKJXg==",
            "content_type": "image/jpeg",
            "delete_all_object_versions": false,
            "id": "n/lr4poue3hwjl/b/ewp_image_store/o/weddings%2FAdrian%20and%20Monica%2F7.jpg",
            "metadata": {},
            "namespace": "lr4poue3hwjl",
            "object": "weddings/Adrian and Monica/7.jpg",
            "opc_sse_kms_key_id": null,
            "source": "../assets/weddings/Adrian and Monica/7.jpg 2016-03-09 09:23:15 +0000 GMT",
            "source_uri_details": [],
            "state": "COMPLETED",
            "storage_tier": "Standard",
            "timeouts": null,
            "version_id": "4fb772c2-d78e-4e15-a708-187b4dd3f59b",
            "work_request_id": ""
          },
          "sensitive_attributes": [],
          "private": "eyJlMmJmYjczMC1lY2FhLTExZTYtOGY4OC0zNDM2M2JjN2M0YzAiOnsiY3JlYXRlIjoxMjAwMDAwMDAwMDAwLCJkZWxldGUiOjEyMDAwMDAwMDAwMDAsInVwZGF0ZSI6MTIwMDAwMDAwMDAwMH19",
          "dependencies": [
            "module.object-storage.oci_objectstorage_bucket.ewp_image_storage"
          ]
        },
        {
          "index_key": 65,
          "schema_version": 0,
          "attributes": {
            "bucket": "ewp_image_store",
            "cache_control": null,
            "content": null,
            "content_disposition": null,
            "content_encoding": null,
            "content_language": null,
            "content_length": "158589",
            "content_md5": "UXatxSGCos76K7zadAXZYA==",
            "content_type": "image/jpeg",
            "delete_all_object_versions": false,
            "id": "n/lr4poue3hwjl/b/ewp_image_store/o/weddings%2FAdrian%20and%20Monica%2F8.jpg",
            "metadata": {},
            "namespace": "lr4poue3hwjl",
            "object": "weddings/Adrian and Monica/8.jpg",
            "opc_sse_kms_key_id": null,
            "source": "../assets/weddings/Adrian and Monica/8.jpg 2016-03-09 09:23:20 +0000 GMT",
            "source_uri_details": [],
            "state": "COMPLETED",
            "storage_tier": "Standard",
            "timeouts": null,
            "version_id": "bac497a1-9e24-4db8-87fb-58964795ed87",
            "work_request_id": ""
          },
          "sensitive_attributes": [],
          "private": "eyJlMmJmYjczMC1lY2FhLTExZTYtOGY4OC0zNDM2M2JjN2M0YzAiOnsiY3JlYXRlIjoxMjAwMDAwMDAwMDAwLCJkZWxldGUiOjEyMDAwMDAwMDAwMDAsInVwZGF0ZSI6MTIwMDAwMDAwMDAwMH19",
          "dependencies": [
            "module.object-storage.oci_objectstorage_bucket.ewp_image_storage"
          ]
        },
        {
          "index_key": 66,
          "schema_version": 0,
          "attributes": {
            "bucket": "ewp_image_store",
            "cache_control": null,
            "content": null,
            "content_disposition": null,
            "content_encoding": null,
            "content_language": null,
            "content_length": "875033",
            "content_md5": "SpsjOtrmRreUcu440aXqCA==",
            "content_type": "image/jpeg",
            "delete_all_object_versions": false,
            "id": "n/lr4poue3hwjl/b/ewp_image_store/o/weddings%2FAdrian%20and%20Monica%2F9.jpg",
            "metadata": {},
            "namespace": "lr4poue3hwjl",
            "object": "weddings/Adrian and Monica/9.jpg",
            "opc_sse_kms_key_id": null,
            "source": "../assets/weddings/Adrian and Monica/9.jpg 2016-03-09 09:23:25 +0000 GMT",
            "source_uri_details": [],
            "state": "COMPLETED",
            "storage_tier": "Standard",
            "timeouts": null,
            "version_id": "4aa4a750-3644-4f4d-87f5-ff1e3797c17d",
            "work_request_id": ""
          },
          "sensitive_attributes": [],
          "private": "eyJlMmJmYjczMC1lY2FhLTExZTYtOGY4OC0zNDM2M2JjN2M0YzAiOnsiY3JlYXRlIjoxMjAwMDAwMDAwMDAwLCJkZWxldGUiOjEyMDAwMDAwMDAwMDAsInVwZGF0ZSI6MTIwMDAwMDAwMDAwMH19",
          "dependencies": [
            "module.object-storage.oci_objectstorage_bucket.ewp_image_storage"
          ]
        },
        {
          "index_key": 67,
          "schema_version": 0,
          "attributes": {
            "bucket": "ewp_image_store",
            "cache_control": null,
            "content": null,
            "content_disposition": null,
            "content_encoding": null,
            "content_language": null,
            "content_length": "2138153",
            "content_md5": "uJtqI8lyeBx4ETM9AZUprA==",
            "content_type": "image/jpeg",
            "delete_all_object_versions": false,
            "id": "n/lr4poue3hwjl/b/ewp_image_store/o/weddings%2FAdrian%20and%20Monica%2Fcover.jpg",
            "metadata": {},
            "namespace": "lr4poue3hwjl",
            "object": "weddings/Adrian and Monica/cover.jpg",
            "opc_sse_kms_key_id": null,
            "source": "../assets/weddings/Adrian and Monica/cover.jpg 2016-03-09 09:26:27 +0000 GMT",
            "source_uri_details": [],
            "state": "COMPLETED",
            "storage_tier": "Standard",
            "timeouts": null,
            "version_id": "daf9bf78-c744-4088-abab-7c0d50f3faf3",
            "work_request_id": ""
          },
          "sensitive_attributes": [],
          "private": "eyJlMmJmYjczMC1lY2FhLTExZTYtOGY4OC0zNDM2M2JjN2M0YzAiOnsiY3JlYXRlIjoxMjAwMDAwMDAwMDAwLCJkZWxldGUiOjEyMDAwMDAwMDAwMDAsInVwZGF0ZSI6MTIwMDAwMDAwMDAwMH19",
          "dependencies": [
            "module.object-storage.oci_objectstorage_bucket.ewp_image_storage"
          ]
        },
        {
          "index_key": 68,
          "schema_version": 0,
          "attributes": {
            "bucket": "ewp_image_store",
            "cache_control": null,
            "content": null,
            "content_disposition": null,
            "content_encoding": null,
            "content_language": null,
            "content_length": "839789",
            "content_md5": "GdJuoCumU1HQdQN/IxJ1OQ==",
            "content_type": "image/jpeg",
            "delete_all_object_versions": false,
            "id": "n/lr4poue3hwjl/b/ewp_image_store/o/weddings%2FBeth%20and%20Tom%2F1.jpg",
            "metadata": {},
            "namespace": "lr4poue3hwjl",
            "object": "weddings/Beth and Tom/1.jpg",
            "opc_sse_kms_key_id": null,
            "source": "../assets/weddings/Beth and Tom/1.jpg 2016-03-09 09:06:29 +0000 GMT",
            "source_uri_details": [],
            "state": "COMPLETED",
            "storage_tier": "Standard",
            "timeouts": null,
            "version_id": "d85a96e8-8124-4475-aaeb-b2bcf79e80a2",
            "work_request_id": ""
          },
          "sensitive_attributes": [],
          "private": "eyJlMmJmYjczMC1lY2FhLTExZTYtOGY4OC0zNDM2M2JjN2M0YzAiOnsiY3JlYXRlIjoxMjAwMDAwMDAwMDAwLCJkZWxldGUiOjEyMDAwMDAwMDAwMDAsInVwZGF0ZSI6MTIwMDAwMDAwMDAwMH19",
          "dependencies": [
            "module.object-storage.oci_objectstorage_bucket.ewp_image_storage"
          ]
        },
        {
          "index_key": 69,
          "schema_version": 0,
          "attributes": {
            "bucket": "ewp_image_store",
            "cache_control": null,
            "content": null,
            "content_disposition": null,
            "content_encoding": null,
            "content_language": null,
            "content_length": "783308",
            "content_md5": "/VhNZSHmrW96l05sUTnnbQ==",
            "content_type": "image/jpeg",
            "delete_all_object_versions": false,
            "id": "n/lr4poue3hwjl/b/ewp_image_store/o/weddings%2FBeth%20and%20Tom%2F10.jpg",
            "metadata": {},
            "namespace": "lr4poue3hwjl",
            "object": "weddings/Beth and Tom/10.jpg",
            "opc_sse_kms_key_id": null,
            "source": "../assets/weddings/Beth and Tom/10.jpg 2016-03-09 09:12:20 +0000 GMT",
            "source_uri_details": [],
            "state": "COMPLETED",
            "storage_tier": "Standard",
            "timeouts": null,
            "version_id": "e1f38905-0cf0-4e0d-87e6-f07168587de1",
            "work_request_id": ""
          },
          "sensitive_attributes": [],
          "private": "eyJlMmJmYjczMC1lY2FhLTExZTYtOGY4OC0zNDM2M2JjN2M0YzAiOnsiY3JlYXRlIjoxMjAwMDAwMDAwMDAwLCJkZWxldGUiOjEyMDAwMDAwMDAwMDAsInVwZGF0ZSI6MTIwMDAwMDAwMDAwMH19",
          "dependencies": [
            "module.object-storage.oci_objectstorage_bucket.ewp_image_storage"
          ]
        },
        {
          "index_key": 70,
          "schema_version": 0,
          "attributes": {
            "bucket": "ewp_image_store",
            "cache_control": null,
            "content": null,
            "content_disposition": null,
            "content_encoding": null,
            "content_language": null,
            "content_length": "1169145",
            "content_md5": "SLlOOpi9+CcKAKwd9iEu8w==",
            "content_type": "image/jpeg",
            "delete_all_object_versions": false,
            "id": "n/lr4poue3hwjl/b/ewp_image_store/o/weddings%2FBeth%20and%20Tom%2F11.jpg",
            "metadata": {},
            "namespace": "lr4poue3hwjl",
            "object": "weddings/Beth and Tom/11.jpg",
            "opc_sse_kms_key_id": null,
            "source": "../assets/weddings/Beth and Tom/11.jpg 2016-03-09 09:12:27 +0000 GMT",
            "source_uri_details": [],
            "state": "COMPLETED",
            "storage_tier": "Standard",
            "timeouts": null,
            "version_id": "3f62ca0c-1382-4112-8dfd-daee6646e5e5",
            "work_request_id": ""
          },
          "sensitive_attributes": [],
          "private": "eyJlMmJmYjczMC1lY2FhLTExZTYtOGY4OC0zNDM2M2JjN2M0YzAiOnsiY3JlYXRlIjoxMjAwMDAwMDAwMDAwLCJkZWxldGUiOjEyMDAwMDAwMDAwMDAsInVwZGF0ZSI6MTIwMDAwMDAwMDAwMH19",
          "dependencies": [
            "module.object-storage.oci_objectstorage_bucket.ewp_image_storage"
          ]
        },
        {
          "index_key": 71,
          "schema_version": 0,
          "attributes": {
            "bucket": "ewp_image_store",
            "cache_control": null,
            "content": null,
            "content_disposition": null,
            "content_encoding": null,
            "content_language": null,
            "content_length": "1268622",
            "content_md5": "wLH5sHBR57g2hiLlokT7cA==",
            "content_type": "image/jpeg",
            "delete_all_object_versions": false,
            "id": "n/lr4poue3hwjl/b/ewp_image_store/o/weddings%2FBeth%20and%20Tom%2F12.jpg",
            "metadata": {},
            "namespace": "lr4poue3hwjl",
            "object": "weddings/Beth and Tom/12.jpg",
            "opc_sse_kms_key_id": null,
            "source": "../assets/weddings/Beth and Tom/12.jpg 2016-03-09 09:12:32 +0000 GMT",
            "source_uri_details": [],
            "state": "COMPLETED",
            "storage_tier": "Standard",
            "timeouts": null,
            "version_id": "318a9e2d-801d-4148-a777-1243b64c5ed0",
            "work_request_id": ""
          },
          "sensitive_attributes": [],
          "private": "eyJlMmJmYjczMC1lY2FhLTExZTYtOGY4OC0zNDM2M2JjN2M0YzAiOnsiY3JlYXRlIjoxMjAwMDAwMDAwMDAwLCJkZWxldGUiOjEyMDAwMDAwMDAwMDAsInVwZGF0ZSI6MTIwMDAwMDAwMDAwMH19",
          "dependencies": [
            "module.object-storage.oci_objectstorage_bucket.ewp_image_storage"
          ]
        },
        {
          "index_key": 72,
          "schema_version": 0,
          "attributes": {
            "bucket": "ewp_image_store",
            "cache_control": null,
            "content": null,
            "content_disposition": null,
            "content_encoding": null,
            "content_language": null,
            "content_length": "1721453",
            "content_md5": "+dHiu/foIT2xx1MTHlmOEg==",
            "content_type": "image/jpeg",
            "delete_all_object_versions": false,
            "id": "n/lr4poue3hwjl/b/ewp_image_store/o/weddings%2FBeth%20and%20Tom%2F13.jpg",
            "metadata": {},
            "namespace": "lr4poue3hwjl",
            "object": "weddings/Beth and Tom/13.jpg",
            "opc_sse_kms_key_id": null,
            "source": "../assets/weddings/Beth and Tom/13.jpg 2016-03-09 09:12:38 +0000 GMT",
            "source_uri_details": [],
            "state": "COMPLETED",
            "storage_tier": "Standard",
            "timeouts": null,
            "version_id": "2d93e42f-c4b7-4af9-93ad-1176106b7242",
            "work_request_id": ""
          },
          "sensitive_attributes": [],
          "private": "eyJlMmJmYjczMC1lY2FhLTExZTYtOGY4OC0zNDM2M2JjN2M0YzAiOnsiY3JlYXRlIjoxMjAwMDAwMDAwMDAwLCJkZWxldGUiOjEyMDAwMDAwMDAwMDAsInVwZGF0ZSI6MTIwMDAwMDAwMDAwMH19",
          "dependencies": [
            "module.object-storage.oci_objectstorage_bucket.ewp_image_storage"
          ]
        },
        {
          "index_key": 73,
          "schema_version": 0,
          "attributes": {
            "bucket": "ewp_image_store",
            "cache_control": null,
            "content": null,
            "content_disposition": null,
            "content_encoding": null,
            "content_language": null,
            "content_length": "1255587",
            "content_md5": "lTJcBC3Gp/vSJy5naXC4/g==",
            "content_type": "image/jpeg",
            "delete_all_object_versions": false,
            "id": "n/lr4poue3hwjl/b/ewp_image_store/o/weddings%2FBeth%20and%20Tom%2F14.jpg",
            "metadata": {},
            "namespace": "lr4poue3hwjl",
            "object": "weddings/Beth and Tom/14.jpg",
            "opc_sse_kms_key_id": null,
            "source": "../assets/weddings/Beth and Tom/14.jpg 2016-03-09 09:12:44 +0000 GMT",
            "source_uri_details": [],
            "state": "COMPLETED",
            "storage_tier": "Standard",
            "timeouts": null,
            "version_id": "3ef3a240-b67a-4a53-a52e-7d3f15d16180",
            "work_request_id": ""
          },
          "sensitive_attributes": [],
          "private": "eyJlMmJmYjczMC1lY2FhLTExZTYtOGY4OC0zNDM2M2JjN2M0YzAiOnsiY3JlYXRlIjoxMjAwMDAwMDAwMDAwLCJkZWxldGUiOjEyMDAwMDAwMDAwMDAsInVwZGF0ZSI6MTIwMDAwMDAwMDAwMH19",
          "dependencies": [
            "module.object-storage.oci_objectstorage_bucket.ewp_image_storage"
          ]
        },
        {
          "index_key": 74,
          "schema_version": 0,
          "attributes": {
            "bucket": "ewp_image_store",
            "cache_control": null,
            "content": null,
            "content_disposition": null,
            "content_encoding": null,
            "content_language": null,
            "content_length": "543054",
            "content_md5": "CX0WBpdTORw8wEISYtrRdg==",
            "content_type": "image/jpeg",
            "delete_all_object_versions": false,
            "id": "n/lr4poue3hwjl/b/ewp_image_store/o/weddings%2FBeth%20and%20Tom%2F15.jpg",
            "metadata": {},
            "namespace": "lr4poue3hwjl",
            "object": "weddings/Beth and Tom/15.jpg",
            "opc_sse_kms_key_id": null,
            "source": "../assets/weddings/Beth and Tom/15.jpg 2016-03-09 09:12:49 +0000 GMT",
            "source_uri_details": [],
            "state": "COMPLETED",
            "storage_tier": "Standard",
            "timeouts": null,
            "version_id": "b1594912-af70-4f5c-afe5-e66e774d3260",
            "work_request_id": ""
          },
          "sensitive_attributes": [],
          "private": "eyJlMmJmYjczMC1lY2FhLTExZTYtOGY4OC0zNDM2M2JjN2M0YzAiOnsiY3JlYXRlIjoxMjAwMDAwMDAwMDAwLCJkZWxldGUiOjEyMDAwMDAwMDAwMDAsInVwZGF0ZSI6MTIwMDAwMDAwMDAwMH19",
          "dependencies": [
            "module.object-storage.oci_objectstorage_bucket.ewp_image_storage"
          ]
        },
        {
          "index_key": 75,
          "schema_version": 0,
          "attributes": {
            "bucket": "ewp_image_store",
            "cache_control": null,
            "content": null,
            "content_disposition": null,
            "content_encoding": null,
            "content_language": null,
            "content_length": "1481846",
            "content_md5": "79TtD86CF/9keApZ1onMRQ==",
            "content_type": "image/jpeg",
            "delete_all_object_versions": false,
            "id": "n/lr4poue3hwjl/b/ewp_image_store/o/weddings%2FBeth%20and%20Tom%2F16.jpg",
            "metadata": {},
            "namespace": "lr4poue3hwjl",
            "object": "weddings/Beth and Tom/16.jpg",
            "opc_sse_kms_key_id": null,
            "source": "../assets/weddings/Beth and Tom/16.jpg 2016-03-09 09:12:55 +0000 GMT",
            "source_uri_details": [],
            "state": "COMPLETED",
            "storage_tier": "Standard",
            "timeouts": null,
            "version_id": "4d5461e0-b8bb-4be5-89ab-a0563e02a4be",
            "work_request_id": ""
          },
          "sensitive_attributes": [],
          "private": "eyJlMmJmYjczMC1lY2FhLTExZTYtOGY4OC0zNDM2M2JjN2M0YzAiOnsiY3JlYXRlIjoxMjAwMDAwMDAwMDAwLCJkZWxldGUiOjEyMDAwMDAwMDAwMDAsInVwZGF0ZSI6MTIwMDAwMDAwMDAwMH19",
          "dependencies": [
            "module.object-storage.oci_objectstorage_bucket.ewp_image_storage"
          ]
        },
        {
          "index_key": 76,
          "schema_version": 0,
          "attributes": {
            "bucket": "ewp_image_store",
            "cache_control": null,
            "content": null,
            "content_disposition": null,
            "content_encoding": null,
            "content_language": null,
            "content_length": "992427",
            "content_md5": "bnGf9vk1NTwZ/WpMIZ7Wzw==",
            "content_type": "image/jpeg",
            "delete_all_object_versions": false,
            "id": "n/lr4poue3hwjl/b/ewp_image_store/o/weddings%2FBeth%20and%20Tom%2F17.jpg",
            "metadata": {},
            "namespace": "lr4poue3hwjl",
            "object": "weddings/Beth and Tom/17.jpg",
            "opc_sse_kms_key_id": null,
            "source": "../assets/weddings/Beth and Tom/17.jpg 2016-03-09 09:13:01 +0000 GMT",
            "source_uri_details": [],
            "state": "COMPLETED",
            "storage_tier": "Standard",
            "timeouts": null,
            "version_id": "ec3bbf11-9fe3-43b1-aebb-5ccdfe888144",
            "work_request_id": ""
          },
          "sensitive_attributes": [],
          "private": "eyJlMmJmYjczMC1lY2FhLTExZTYtOGY4OC0zNDM2M2JjN2M0YzAiOnsiY3JlYXRlIjoxMjAwMDAwMDAwMDAwLCJkZWxldGUiOjEyMDAwMDAwMDAwMDAsInVwZGF0ZSI6MTIwMDAwMDAwMDAwMH19",
          "dependencies": [
            "module.object-storage.oci_objectstorage_bucket.ewp_image_storage"
          ]
        },
        {
          "index_key": 77,
          "schema_version": 0,
          "attributes": {
            "bucket": "ewp_image_store",
            "cache_control": null,
            "content": null,
            "content_disposition": null,
            "content_encoding": null,
            "content_language": null,
            "content_length": "665783",
            "content_md5": "y7An1UYW3jLN6dvhYAS//Q==",
            "content_type": "image/jpeg",
            "delete_all_object_versions": false,
            "id": "n/lr4poue3hwjl/b/ewp_image_store/o/weddings%2FBeth%20and%20Tom%2F18.jpg",
            "metadata": {},
            "namespace": "lr4poue3hwjl",
            "object": "weddings/Beth and Tom/18.jpg",
            "opc_sse_kms_key_id": null,
            "source": "../assets/weddings/Beth and Tom/18.jpg 2016-03-09 09:13:07 +0000 GMT",
            "source_uri_details": [],
            "state": "COMPLETED",
            "storage_tier": "Standard",
            "timeouts": null,
            "version_id": "6cd7263a-e3c0-4742-991e-401e1685dd8b",
            "work_request_id": ""
          },
          "sensitive_attributes": [],
          "private": "eyJlMmJmYjczMC1lY2FhLTExZTYtOGY4OC0zNDM2M2JjN2M0YzAiOnsiY3JlYXRlIjoxMjAwMDAwMDAwMDAwLCJkZWxldGUiOjEyMDAwMDAwMDAwMDAsInVwZGF0ZSI6MTIwMDAwMDAwMDAwMH19",
          "dependencies": [
            "module.object-storage.oci_objectstorage_bucket.ewp_image_storage"
          ]
        },
        {
          "index_key": 78,
          "schema_version": 0,
          "attributes": {
            "bucket": "ewp_image_store",
            "cache_control": null,
            "content": null,
            "content_disposition": null,
            "content_encoding": null,
            "content_language": null,
            "content_length": "1157680",
            "content_md5": "AfZFObVpKQuye5S482gvOg==",
            "content_type": "image/jpeg",
            "delete_all_object_versions": false,
            "id": "n/lr4poue3hwjl/b/ewp_image_store/o/weddings%2FBeth%20and%20Tom%2F19.jpg",
            "metadata": {},
            "namespace": "lr4poue3hwjl",
            "object": "weddings/Beth and Tom/19.jpg",
            "opc_sse_kms_key_id": null,
            "source": "../assets/weddings/Beth and Tom/19.jpg 2016-03-09 09:13:13 +0000 GMT",
            "source_uri_details": [],
            "state": "COMPLETED",
            "storage_tier": "Standard",
            "timeouts": null,
            "version_id": "ed8a2398-c15b-4cda-a841-32c17b58cea4",
            "work_request_id": ""
          },
          "sensitive_attributes": [],
          "private": "eyJlMmJmYjczMC1lY2FhLTExZTYtOGY4OC0zNDM2M2JjN2M0YzAiOnsiY3JlYXRlIjoxMjAwMDAwMDAwMDAwLCJkZWxldGUiOjEyMDAwMDAwMDAwMDAsInVwZGF0ZSI6MTIwMDAwMDAwMDAwMH19",
          "dependencies": [
            "module.object-storage.oci_objectstorage_bucket.ewp_image_storage"
          ]
        },
        {
          "index_key": 79,
          "schema_version": 0,
          "attributes": {
            "bucket": "ewp_image_store",
            "cache_control": null,
            "content": null,
            "content_disposition": null,
            "content_encoding": null,
            "content_language": null,
            "content_length": "1590856",
            "content_md5": "KX/71aKIykWorSYKNfeNjQ==",
            "content_type": "image/jpeg",
            "delete_all_object_versions": false,
            "id": "n/lr4poue3hwjl/b/ewp_image_store/o/weddings%2FBeth%20and%20Tom%2F2.jpg",
            "metadata": {},
            "namespace": "lr4poue3hwjl",
            "object": "weddings/Beth and Tom/2.jpg",
            "opc_sse_kms_key_id": null,
            "source": "../assets/weddings/Beth and Tom/2.jpg 2016-03-09 09:10:59 +0000 GMT",
            "source_uri_details": [],
            "state": "COMPLETED",
            "storage_tier": "Standard",
            "timeouts": null,
            "version_id": "18cd079f-f85b-4870-b350-a7989870fca7",
            "work_request_id": ""
          },
          "sensitive_attributes": [],
          "private": "eyJlMmJmYjczMC1lY2FhLTExZTYtOGY4OC0zNDM2M2JjN2M0YzAiOnsiY3JlYXRlIjoxMjAwMDAwMDAwMDAwLCJkZWxldGUiOjEyMDAwMDAwMDAwMDAsInVwZGF0ZSI6MTIwMDAwMDAwMDAwMH19",
          "dependencies": [
            "module.object-storage.oci_objectstorage_bucket.ewp_image_storage"
          ]
        },
        {
          "index_key": 80,
          "schema_version": 0,
          "attributes": {
            "bucket": "ewp_image_store",
            "cache_control": null,
            "content": null,
            "content_disposition": null,
            "content_encoding": null,
            "content_language": null,
            "content_length": "1285191",
            "content_md5": "TMBhnnlmodiIxqviDyFYlQ==",
            "content_type": "image/jpeg",
            "delete_all_object_versions": false,
            "id": "n/lr4poue3hwjl/b/ewp_image_store/o/weddings%2FBeth%20and%20Tom%2F20.jpg",
            "metadata": {},
            "namespace": "lr4poue3hwjl",
            "object": "weddings/Beth and Tom/20.jpg",
            "opc_sse_kms_key_id": null,
            "source": "../assets/weddings/Beth and Tom/20.jpg 2016-03-09 09:13:19 +0000 GMT",
            "source_uri_details": [],
            "state": "COMPLETED",
            "storage_tier": "Standard",
            "timeouts": null,
            "version_id": "ae434ecc-45c3-4725-9474-8763ac83c70e",
            "work_request_id": ""
          },
          "sensitive_attributes": [],
          "private": "eyJlMmJmYjczMC1lY2FhLTExZTYtOGY4OC0zNDM2M2JjN2M0YzAiOnsiY3JlYXRlIjoxMjAwMDAwMDAwMDAwLCJkZWxldGUiOjEyMDAwMDAwMDAwMDAsInVwZGF0ZSI6MTIwMDAwMDAwMDAwMH19",
          "dependencies": [
            "module.object-storage.oci_objectstorage_bucket.ewp_image_storage"
          ]
        },
        {
          "index_key": 81,
          "schema_version": 0,
          "attributes": {
            "bucket": "ewp_image_store",
            "cache_control": null,
            "content": null,
            "content_disposition": null,
            "content_encoding": null,
            "content_language": null,
            "content_length": "1325376",
            "content_md5": "qEAW4fqv6Uo178wEgW5uag==",
            "content_type": "image/jpeg",
            "delete_all_object_versions": false,
            "id": "n/lr4poue3hwjl/b/ewp_image_store/o/weddings%2FBeth%20and%20Tom%2F21.jpg",
            "metadata": {},
            "namespace": "lr4poue3hwjl",
            "object": "weddings/Beth and Tom/21.jpg",
            "opc_sse_kms_key_id": null,
            "source": "../assets/weddings/Beth and Tom/21.jpg 2016-03-09 09:13:25 +0000 GMT",
            "source_uri_details": [],
            "state": "COMPLETED",
            "storage_tier": "Standard",
            "timeouts": null,
            "version_id": "35328d62-68f7-49dc-9f05-d2eed50761ab",
            "work_request_id": ""
          },
          "sensitive_attributes": [],
          "private": "eyJlMmJmYjczMC1lY2FhLTExZTYtOGY4OC0zNDM2M2JjN2M0YzAiOnsiY3JlYXRlIjoxMjAwMDAwMDAwMDAwLCJkZWxldGUiOjEyMDAwMDAwMDAwMDAsInVwZGF0ZSI6MTIwMDAwMDAwMDAwMH19",
          "dependencies": [
            "module.object-storage.oci_objectstorage_bucket.ewp_image_storage"
          ]
        },
        {
          "index_key": 82,
          "schema_version": 0,
          "attributes": {
            "bucket": "ewp_image_store",
            "cache_control": null,
            "content": null,
            "content_disposition": null,
            "content_encoding": null,
            "content_language": null,
            "content_length": "953379",
            "content_md5": "dgPbAKh0iqVxK5bNWmermw==",
            "content_type": "image/jpeg",
            "delete_all_object_versions": false,
            "id": "n/lr4poue3hwjl/b/ewp_image_store/o/weddings%2FBeth%20and%20Tom%2F22.jpg",
            "metadata": {},
            "namespace": "lr4poue3hwjl",
            "object": "weddings/Beth and Tom/22.jpg",
            "opc_sse_kms_key_id": null,
            "source": "../assets/weddings/Beth and Tom/22.jpg 2016-03-09 09:13:31 +0000 GMT",
            "source_uri_details": [],
            "state": "COMPLETED",
            "storage_tier": "Standard",
            "timeouts": null,
            "version_id": "2acc4c18-7aa8-4891-bc7c-06c7e1158ae3",
            "work_request_id": ""
          },
          "sensitive_attributes": [],
          "private": "eyJlMmJmYjczMC1lY2FhLTExZTYtOGY4OC0zNDM2M2JjN2M0YzAiOnsiY3JlYXRlIjoxMjAwMDAwMDAwMDAwLCJkZWxldGUiOjEyMDAwMDAwMDAwMDAsInVwZGF0ZSI6MTIwMDAwMDAwMDAwMH19",
          "dependencies": [
            "module.object-storage.oci_objectstorage_bucket.ewp_image_storage"
          ]
        },
        {
          "index_key": 83,
          "schema_version": 0,
          "attributes": {
            "bucket": "ewp_image_store",
            "cache_control": null,
            "content": null,
            "content_disposition": null,
            "content_encoding": null,
            "content_language": null,
            "content_length": "830741",
            "content_md5": "SNGGppolV1iO/72+0EPc5g==",
            "content_type": "image/jpeg",
            "delete_all_object_versions": false,
            "id": "n/lr4poue3hwjl/b/ewp_image_store/o/weddings%2FBeth%20and%20Tom%2F23.jpg",
            "metadata": {},
            "namespace": "lr4poue3hwjl",
            "object": "weddings/Beth and Tom/23.jpg",
            "opc_sse_kms_key_id": null,
            "source": "../assets/weddings/Beth and Tom/23.jpg 2016-03-09 09:13:37 +0000 GMT",
            "source_uri_details": [],
            "state": "COMPLETED",
            "storage_tier": "Standard",
            "timeouts": null,
            "version_id": "c40dfa73-b749-4c29-97c7-484c36d94c7c",
            "work_request_id": ""
          },
          "sensitive_attributes": [],
          "private": "eyJlMmJmYjczMC1lY2FhLTExZTYtOGY4OC0zNDM2M2JjN2M0YzAiOnsiY3JlYXRlIjoxMjAwMDAwMDAwMDAwLCJkZWxldGUiOjEyMDAwMDAwMDAwMDAsInVwZGF0ZSI6MTIwMDAwMDAwMDAwMH19",
          "dependencies": [
            "module.object-storage.oci_objectstorage_bucket.ewp_image_storage"
          ]
        },
        {
          "index_key": 84,
          "schema_version": 0,
          "attributes": {
            "bucket": "ewp_image_store",
            "cache_control": null,
            "content": null,
            "content_disposition": null,
            "content_encoding": null,
            "content_language": null,
            "content_length": "794650",
            "content_md5": "SMm5bms0X9oT9qKOFQuMmg==",
            "content_type": "image/jpeg",
            "delete_all_object_versions": false,
            "id": "n/lr4poue3hwjl/b/ewp_image_store/o/weddings%2FBeth%20and%20Tom%2F24.jpg",
            "metadata": {},
            "namespace": "lr4poue3hwjl",
            "object": "weddings/Beth and Tom/24.jpg",
            "opc_sse_kms_key_id": null,
            "source": "../assets/weddings/Beth and Tom/24.jpg 2016-03-09 09:13:53 +0000 GMT",
            "source_uri_details": [],
            "state": "COMPLETED",
            "storage_tier": "Standard",
            "timeouts": null,
            "version_id": "3be086d3-6f5e-48a8-aa9d-d4bafa70f107",
            "work_request_id": ""
          },
          "sensitive_attributes": [],
          "private": "eyJlMmJmYjczMC1lY2FhLTExZTYtOGY4OC0zNDM2M2JjN2M0YzAiOnsiY3JlYXRlIjoxMjAwMDAwMDAwMDAwLCJkZWxldGUiOjEyMDAwMDAwMDAwMDAsInVwZGF0ZSI6MTIwMDAwMDAwMDAwMH19",
          "dependencies": [
            "module.object-storage.oci_objectstorage_bucket.ewp_image_storage"
          ]
        },
        {
          "index_key": 85,
          "schema_version": 0,
          "attributes": {
            "bucket": "ewp_image_store",
            "cache_control": null,
            "content": null,
            "content_disposition": null,
            "content_encoding": null,
            "content_language": null,
            "content_length": "607508",
            "content_md5": "IdWr+fQqfkpyQwPR+GuHfQ==",
            "content_type": "image/jpeg",
            "delete_all_object_versions": false,
            "id": "n/lr4poue3hwjl/b/ewp_image_store/o/weddings%2FBeth%20and%20Tom%2F25.jpg",
            "metadata": {},
            "namespace": "lr4poue3hwjl",
            "object": "weddings/Beth and Tom/25.jpg",
            "opc_sse_kms_key_id": null,
            "source": "../assets/weddings/Beth and Tom/25.jpg 2016-03-09 09:13:59 +0000 GMT",
            "source_uri_details": [],
            "state": "COMPLETED",
            "storage_tier": "Standard",
            "timeouts": null,
            "version_id": "0172639c-7e51-49f6-86bf-3196aef563cb",
            "work_request_id": ""
          },
          "sensitive_attributes": [],
          "private": "eyJlMmJmYjczMC1lY2FhLTExZTYtOGY4OC0zNDM2M2JjN2M0YzAiOnsiY3JlYXRlIjoxMjAwMDAwMDAwMDAwLCJkZWxldGUiOjEyMDAwMDAwMDAwMDAsInVwZGF0ZSI6MTIwMDAwMDAwMDAwMH19",
          "dependencies": [
            "module.object-storage.oci_objectstorage_bucket.ewp_image_storage"
          ]
        },
        {
          "index_key": 86,
          "schema_version": 0,
          "attributes": {
            "bucket": "ewp_image_store",
            "cache_control": null,
            "content": null,
            "content_disposition": null,
            "content_encoding": null,
            "content_language": null,
            "content_length": "365175",
            "content_md5": "CL3JBv4VMFbJQYCAC6hCig==",
            "content_type": "image/jpeg",
            "delete_all_object_versions": false,
            "id": "n/lr4poue3hwjl/b/ewp_image_store/o/weddings%2FBeth%20and%20Tom%2F26.jpg",
            "metadata": {},
            "namespace": "lr4poue3hwjl",
            "object": "weddings/Beth and Tom/26.jpg",
            "opc_sse_kms_key_id": null,
            "source": "../assets/weddings/Beth and Tom/26.jpg 2016-03-09 09:14:05 +0000 GMT",
            "source_uri_details": [],
            "state": "COMPLETED",
            "storage_tier": "Standard",
            "timeouts": null,
            "version_id": "b678e082-95c9-44ba-b0a3-512ce922bd50",
            "work_request_id": ""
          },
          "sensitive_attributes": [],
          "private": "eyJlMmJmYjczMC1lY2FhLTExZTYtOGY4OC0zNDM2M2JjN2M0YzAiOnsiY3JlYXRlIjoxMjAwMDAwMDAwMDAwLCJkZWxldGUiOjEyMDAwMDAwMDAwMDAsInVwZGF0ZSI6MTIwMDAwMDAwMDAwMH19",
          "dependencies": [
            "module.object-storage.oci_objectstorage_bucket.ewp_image_storage"
          ]
        },
        {
          "index_key": 87,
          "schema_version": 0,
          "attributes": {
            "bucket": "ewp_image_store",
            "cache_control": null,
            "content": null,
            "content_disposition": null,
            "content_encoding": null,
            "content_language": null,
            "content_length": "385038",
            "content_md5": "Bj4KPrGczCll8VrQrDScZw==",
            "content_type": "image/jpeg",
            "delete_all_object_versions": false,
            "id": "n/lr4poue3hwjl/b/ewp_image_store/o/weddings%2FBeth%20and%20Tom%2F27.jpg",
            "metadata": {},
            "namespace": "lr4poue3hwjl",
            "object": "weddings/Beth and Tom/27.jpg",
            "opc_sse_kms_key_id": null,
            "source": "../assets/weddings/Beth and Tom/27.jpg 2016-03-09 09:14:11 +0000 GMT",
            "source_uri_details": [],
            "state": "COMPLETED",
            "storage_tier": "Standard",
            "timeouts": null,
            "version_id": "26ccc8ab-fea0-4773-862d-4ee51c79a416",
            "work_request_id": ""
          },
          "sensitive_attributes": [],
          "private": "eyJlMmJmYjczMC1lY2FhLTExZTYtOGY4OC0zNDM2M2JjN2M0YzAiOnsiY3JlYXRlIjoxMjAwMDAwMDAwMDAwLCJkZWxldGUiOjEyMDAwMDAwMDAwMDAsInVwZGF0ZSI6MTIwMDAwMDAwMDAwMH19",
          "dependencies": [
            "module.object-storage.oci_objectstorage_bucket.ewp_image_storage"
          ]
        },
        {
          "index_key": 88,
          "schema_version": 0,
          "attributes": {
            "bucket": "ewp_image_store",
            "cache_control": null,
            "content": null,
            "content_disposition": null,
            "content_encoding": null,
            "content_language": null,
            "content_length": "438764",
            "content_md5": "NNrA8qg2PF7kKqOiTVQCtw==",
            "content_type": "image/jpeg",
            "delete_all_object_versions": false,
            "id": "n/lr4poue3hwjl/b/ewp_image_store/o/weddings%2FBeth%20and%20Tom%2F28.jpg",
            "metadata": {},
            "namespace": "lr4poue3hwjl",
            "object": "weddings/Beth and Tom/28.jpg",
            "opc_sse_kms_key_id": null,
            "source": "../assets/weddings/Beth and Tom/28.jpg 2016-03-09 09:14:22 +0000 GMT",
            "source_uri_details": [],
            "state": "COMPLETED",
            "storage_tier": "Standard",
            "timeouts": null,
            "version_id": "f64f5bc0-9c62-4d89-952e-e882eed91619",
            "work_request_id": ""
          },
          "sensitive_attributes": [],
          "private": "eyJlMmJmYjczMC1lY2FhLTExZTYtOGY4OC0zNDM2M2JjN2M0YzAiOnsiY3JlYXRlIjoxMjAwMDAwMDAwMDAwLCJkZWxldGUiOjEyMDAwMDAwMDAwMDAsInVwZGF0ZSI6MTIwMDAwMDAwMDAwMH19",
          "dependencies": [
            "module.object-storage.oci_objectstorage_bucket.ewp_image_storage"
          ]
        },
        {
          "index_key": 89,
          "schema_version": 0,
          "attributes": {
            "bucket": "ewp_image_store",
            "cache_control": null,
            "content": null,
            "content_disposition": null,
            "content_encoding": null,
            "content_language": null,
            "content_length": "166078",
            "content_md5": "OsfHRBZO/1aZE5YbTlZmBg==",
            "content_type": "image/jpeg",
            "delete_all_object_versions": false,
            "id": "n/lr4poue3hwjl/b/ewp_image_store/o/weddings%2FBeth%20and%20Tom%2F29.jpg",
            "metadata": {},
            "namespace": "lr4poue3hwjl",
            "object": "weddings/Beth and Tom/29.jpg",
            "opc_sse_kms_key_id": null,
            "source": "../assets/weddings/Beth and Tom/29.jpg 2016-03-09 09:14:28 +0000 GMT",
            "source_uri_details": [],
            "state": "COMPLETED",
            "storage_tier": "Standard",
            "timeouts": null,
            "version_id": "cd650c0c-40fd-4c81-a7a3-bb81b4ccc2fa",
            "work_request_id": ""
          },
          "sensitive_attributes": [],
          "private": "eyJlMmJmYjczMC1lY2FhLTExZTYtOGY4OC0zNDM2M2JjN2M0YzAiOnsiY3JlYXRlIjoxMjAwMDAwMDAwMDAwLCJkZWxldGUiOjEyMDAwMDAwMDAwMDAsInVwZGF0ZSI6MTIwMDAwMDAwMDAwMH19",
          "dependencies": [
            "module.object-storage.oci_objectstorage_bucket.ewp_image_storage"
          ]
        },
        {
          "index_key": 90,
          "schema_version": 0,
          "attributes": {
            "bucket": "ewp_image_store",
            "cache_control": null,
            "content": null,
            "content_disposition": null,
            "content_encoding": null,
            "content_language": null,
            "content_length": "863850",
            "content_md5": "HDJ2jMBmpe6hkFBpUE/Giw==",
            "content_type": "image/jpeg",
            "delete_all_object_versions": false,
            "id": "n/lr4poue3hwjl/b/ewp_image_store/o/weddings%2FBeth%20and%20Tom%2F3.jpg",
            "metadata": {},
            "namespace": "lr4poue3hwjl",
            "object": "weddings/Beth and Tom/3.jpg",
            "opc_sse_kms_key_id": null,
            "source": "../assets/weddings/Beth and Tom/3.jpg 2016-03-09 09:11:35 +0000 GMT",
            "source_uri_details": [],
            "state": "COMPLETED",
            "storage_tier": "Standard",
            "timeouts": null,
            "version_id": "29e6ccbb-1f8a-4bd4-ab01-c7407f6197e2",
            "work_request_id": ""
          },
          "sensitive_attributes": [],
          "private": "eyJlMmJmYjczMC1lY2FhLTExZTYtOGY4OC0zNDM2M2JjN2M0YzAiOnsiY3JlYXRlIjoxMjAwMDAwMDAwMDAwLCJkZWxldGUiOjEyMDAwMDAwMDAwMDAsInVwZGF0ZSI6MTIwMDAwMDAwMDAwMH19",
          "dependencies": [
            "module.object-storage.oci_objectstorage_bucket.ewp_image_storage"
          ]
        },
        {
          "index_key": 91,
          "schema_version": 0,
          "attributes": {
            "bucket": "ewp_image_store",
            "cache_control": null,
            "content": null,
            "content_disposition": null,
            "content_encoding": null,
            "content_language": null,
            "content_length": "380470",
            "content_md5": "4A7Y57QFbGk5QgMlf2c15w==",
            "content_type": "image/jpeg",
            "delete_all_object_versions": false,
            "id": "n/lr4poue3hwjl/b/ewp_image_store/o/weddings%2FBeth%20and%20Tom%2F31.jpg",
            "metadata": {},
            "namespace": "lr4poue3hwjl",
            "object": "weddings/Beth and Tom/31.jpg",
            "opc_sse_kms_key_id": null,
            "source": "../assets/weddings/Beth and Tom/31.jpg 2016-03-09 09:14:33 +0000 GMT",
            "source_uri_details": [],
            "state": "COMPLETED",
            "storage_tier": "Standard",
            "timeouts": null,
            "version_id": "08ffaffe-48f8-4150-afd0-aeab6d8855e4",
            "work_request_id": ""
          },
          "sensitive_attributes": [],
          "private": "eyJlMmJmYjczMC1lY2FhLTExZTYtOGY4OC0zNDM2M2JjN2M0YzAiOnsiY3JlYXRlIjoxMjAwMDAwMDAwMDAwLCJkZWxldGUiOjEyMDAwMDAwMDAwMDAsInVwZGF0ZSI6MTIwMDAwMDAwMDAwMH19",
          "dependencies": [
            "module.object-storage.oci_objectstorage_bucket.ewp_image_storage"
          ]
        },
        {
          "index_key": 92,
          "schema_version": 0,
          "attributes": {
            "bucket": "ewp_image_store",
            "cache_control": null,
            "content": null,
            "content_disposition": null,
            "content_encoding": null,
            "content_language": null,
            "content_length": "483411",
            "content_md5": "+EJcpaYUqXTH7s1Wiag2mA==",
            "content_type": "image/jpeg",
            "delete_all_object_versions": false,
            "id": "n/lr4poue3hwjl/b/ewp_image_store/o/weddings%2FBeth%20and%20Tom%2F32.jpg",
            "metadata": {},
            "namespace": "lr4poue3hwjl",
            "object": "weddings/Beth and Tom/32.jpg",
            "opc_sse_kms_key_id": null,
            "source": "../assets/weddings/Beth and Tom/32.jpg 2016-03-09 09:14:38 +0000 GMT",
            "source_uri_details": [],
            "state": "COMPLETED",
            "storage_tier": "Standard",
            "timeouts": null,
            "version_id": "2568d7b6-c8d1-4d2e-bca1-bc98891feb0f",
            "work_request_id": ""
          },
          "sensitive_attributes": [],
          "private": "eyJlMmJmYjczMC1lY2FhLTExZTYtOGY4OC0zNDM2M2JjN2M0YzAiOnsiY3JlYXRlIjoxMjAwMDAwMDAwMDAwLCJkZWxldGUiOjEyMDAwMDAwMDAwMDAsInVwZGF0ZSI6MTIwMDAwMDAwMDAwMH19",
          "dependencies": [
            "module.object-storage.oci_objectstorage_bucket.ewp_image_storage"
          ]
        },
        {
          "index_key": 93,
          "schema_version": 0,
          "attributes": {
            "bucket": "ewp_image_store",
            "cache_control": null,
            "content": null,
            "content_disposition": null,
            "content_encoding": null,
            "content_language": null,
            "content_length": "904851",
            "content_md5": "cCL4EhoqJprvNkrQ37LkOQ==",
            "content_type": "image/jpeg",
            "delete_all_object_versions": false,
            "id": "n/lr4poue3hwjl/b/ewp_image_store/o/weddings%2FBeth%20and%20Tom%2F33.jpg",
            "metadata": {},
            "namespace": "lr4poue3hwjl",
            "object": "weddings/Beth and Tom/33.jpg",
            "opc_sse_kms_key_id": null,
            "source": "../assets/weddings/Beth and Tom/33.jpg 2016-03-09 09:14:44 +0000 GMT",
            "source_uri_details": [],
            "state": "COMPLETED",
            "storage_tier": "Standard",
            "timeouts": null,
            "version_id": "70d21ae0-1896-4215-9331-4f695d998e15",
            "work_request_id": ""
          },
          "sensitive_attributes": [],
          "private": "eyJlMmJmYjczMC1lY2FhLTExZTYtOGY4OC0zNDM2M2JjN2M0YzAiOnsiY3JlYXRlIjoxMjAwMDAwMDAwMDAwLCJkZWxldGUiOjEyMDAwMDAwMDAwMDAsInVwZGF0ZSI6MTIwMDAwMDAwMDAwMH19",
          "dependencies": [
            "module.object-storage.oci_objectstorage_bucket.ewp_image_storage"
          ]
        },
        {
          "index_key": 94,
          "schema_version": 0,
          "attributes": {
            "bucket": "ewp_image_store",
            "cache_control": null,
            "content": null,
            "content_disposition": null,
            "content_encoding": null,
            "content_language": null,
            "content_length": "489482",
            "content_md5": "2PApPZ7TPbGn14gMAEdH3g==",
            "content_type": "image/jpeg",
            "delete_all_object_versions": false,
            "id": "n/lr4poue3hwjl/b/ewp_image_store/o/weddings%2FBeth%20and%20Tom%2F34.jpg",
            "metadata": {},
            "namespace": "lr4poue3hwjl",
            "object": "weddings/Beth and Tom/34.jpg",
            "opc_sse_kms_key_id": null,
            "source": "../assets/weddings/Beth and Tom/34.jpg 2016-03-09 09:14:50 +0000 GMT",
            "source_uri_details": [],
            "state": "COMPLETED",
            "storage_tier": "Standard",
            "timeouts": null,
            "version_id": "2da98e44-79aa-491b-893d-e43355ca355b",
            "work_request_id": ""
          },
          "sensitive_attributes": [],
          "private": "eyJlMmJmYjczMC1lY2FhLTExZTYtOGY4OC0zNDM2M2JjN2M0YzAiOnsiY3JlYXRlIjoxMjAwMDAwMDAwMDAwLCJkZWxldGUiOjEyMDAwMDAwMDAwMDAsInVwZGF0ZSI6MTIwMDAwMDAwMDAwMH19",
          "dependencies": [
            "module.object-storage.oci_objectstorage_bucket.ewp_image_storage"
          ]
        },
        {
          "index_key": 95,
          "schema_version": 0,
          "attributes": {
            "bucket": "ewp_image_store",
            "cache_control": null,
            "content": null,
            "content_disposition": null,
            "content_encoding": null,
            "content_language": null,
            "content_length": "1014293",
            "content_md5": "rqyJOVnF1mwYx5+8YVKz2g==",
            "content_type": "image/jpeg",
            "delete_all_object_versions": false,
            "id": "n/lr4poue3hwjl/b/ewp_image_store/o/weddings%2FBeth%20and%20Tom%2F35.jpg",
            "metadata": {},
            "namespace": "lr4poue3hwjl",
            "object": "weddings/Beth and Tom/35.jpg",
            "opc_sse_kms_key_id": null,
            "source": "../assets/weddings/Beth and Tom/35.jpg 2016-03-09 09:14:56 +0000 GMT",
            "source_uri_details": [],
            "state": "COMPLETED",
            "storage_tier": "Standard",
            "timeouts": null,
            "version_id": "e8c4d764-fc74-4aa8-bfb6-ac932dd273cd",
            "work_request_id": ""
          },
          "sensitive_attributes": [],
          "private": "eyJlMmJmYjczMC1lY2FhLTExZTYtOGY4OC0zNDM2M2JjN2M0YzAiOnsiY3JlYXRlIjoxMjAwMDAwMDAwMDAwLCJkZWxldGUiOjEyMDAwMDAwMDAwMDAsInVwZGF0ZSI6MTIwMDAwMDAwMDAwMH19",
          "dependencies": [
            "module.object-storage.oci_objectstorage_bucket.ewp_image_storage"
          ]
        },
        {
          "index_key": 96,
          "schema_version": 0,
          "attributes": {
            "bucket": "ewp_image_store",
            "cache_control": null,
            "content": null,
            "content_disposition": null,
            "content_encoding": null,
            "content_language": null,
            "content_length": "685838",
            "content_md5": "l0K36JAZIFECiaeV1hhapg==",
            "content_type": "image/jpeg",
            "delete_all_object_versions": false,
            "id": "n/lr4poue3hwjl/b/ewp_image_store/o/weddings%2FBeth%20and%20Tom%2F36.jpg",
            "metadata": {},
            "namespace": "lr4poue3hwjl",
            "object": "weddings/Beth and Tom/36.jpg",
            "opc_sse_kms_key_id": null,
            "source": "../assets/weddings/Beth and Tom/36.jpg 2016-03-09 09:15:02 +0000 GMT",
            "source_uri_details": [],
            "state": "COMPLETED",
            "storage_tier": "Standard",
            "timeouts": null,
            "version_id": "1dde4cb1-6f5f-4cd5-ac33-b1cdee5c8d11",
            "work_request_id": ""
          },
          "sensitive_attributes": [],
          "private": "eyJlMmJmYjczMC1lY2FhLTExZTYtOGY4OC0zNDM2M2JjN2M0YzAiOnsiY3JlYXRlIjoxMjAwMDAwMDAwMDAwLCJkZWxldGUiOjEyMDAwMDAwMDAwMDAsInVwZGF0ZSI6MTIwMDAwMDAwMDAwMH19",
          "dependencies": [
            "module.object-storage.oci_objectstorage_bucket.ewp_image_storage"
          ]
        },
        {
          "index_key": 97,
          "schema_version": 0,
          "attributes": {
            "bucket": "ewp_image_store",
            "cache_control": null,
            "content": null,
            "content_disposition": null,
            "content_encoding": null,
            "content_language": null,
            "content_length": "482854",
            "content_md5": "5SGo4HO4lAh3yHOH2hJKPQ==",
            "content_type": "image/jpeg",
            "delete_all_object_versions": false,
            "id": "n/lr4poue3hwjl/b/ewp_image_store/o/weddings%2FBeth%20and%20Tom%2F37.jpg",
            "metadata": {},
            "namespace": "lr4poue3hwjl",
            "object": "weddings/Beth and Tom/37.jpg",
            "opc_sse_kms_key_id": null,
            "source": "../assets/weddings/Beth and Tom/37.jpg 2016-03-09 09:15:07 +0000 GMT",
            "source_uri_details": [],
            "state": "COMPLETED",
            "storage_tier": "Standard",
            "timeouts": null,
            "version_id": "e0ecbfe5-b0cb-4354-bb20-1ffc865b160b",
            "work_request_id": ""
          },
          "sensitive_attributes": [],
          "private": "eyJlMmJmYjczMC1lY2FhLTExZTYtOGY4OC0zNDM2M2JjN2M0YzAiOnsiY3JlYXRlIjoxMjAwMDAwMDAwMDAwLCJkZWxldGUiOjEyMDAwMDAwMDAwMDAsInVwZGF0ZSI6MTIwMDAwMDAwMDAwMH19",
          "dependencies": [
            "module.object-storage.oci_objectstorage_bucket.ewp_image_storage"
          ]
        },
        {
          "index_key": 98,
          "schema_version": 0,
          "attributes": {
            "bucket": "ewp_image_store",
            "cache_control": null,
            "content": null,
            "content_disposition": null,
            "content_encoding": null,
            "content_language": null,
            "content_length": "698999",
            "content_md5": "nHh4CTPCLgzpGZ3bb2AK9A==",
            "content_type": "image/jpeg",
            "delete_all_object_versions": false,
            "id": "n/lr4poue3hwjl/b/ewp_image_store/o/weddings%2FBeth%20and%20Tom%2F38.jpg",
            "metadata": {},
            "namespace": "lr4poue3hwjl",
            "object": "weddings/Beth and Tom/38.jpg",
            "opc_sse_kms_key_id": null,
            "source": "../assets/weddings/Beth and Tom/38.jpg 2016-03-09 09:15:14 +0000 GMT",
            "source_uri_details": [],
            "state": "COMPLETED",
            "storage_tier": "Standard",
            "timeouts": null,
            "version_id": "8772bc64-6428-4abc-ba77-167689ed9928",
            "work_request_id": ""
          },
          "sensitive_attributes": [],
          "private": "eyJlMmJmYjczMC1lY2FhLTExZTYtOGY4OC0zNDM2M2JjN2M0YzAiOnsiY3JlYXRlIjoxMjAwMDAwMDAwMDAwLCJkZWxldGUiOjEyMDAwMDAwMDAwMDAsInVwZGF0ZSI6MTIwMDAwMDAwMDAwMH19",
          "dependencies": [
            "module.object-storage.oci_objectstorage_bucket.ewp_image_storage"
          ]
        },
        {
          "index_key": 99,
          "schema_version": 0,
          "attributes": {
            "bucket": "ewp_image_store",
            "cache_control": null,
            "content": null,
            "content_disposition": null,
            "content_encoding": null,
            "content_language": null,
            "content_length": "687082",
            "content_md5": "dGQIMDWilajQfCGOxLCE7w==",
            "content_type": "image/jpeg",
            "delete_all_object_versions": false,
            "id": "n/lr4poue3hwjl/b/ewp_image_store/o/weddings%2FBeth%20and%20Tom%2F39.jpg",
            "metadata": {},
            "namespace": "lr4poue3hwjl",
            "object": "weddings/Beth and Tom/39.jpg",
            "opc_sse_kms_key_id": null,
            "source": "../assets/weddings/Beth and Tom/39.jpg 2016-03-09 09:15:23 +0000 GMT",
            "source_uri_details": [],
            "state": "COMPLETED",
            "storage_tier": "Standard",
            "timeouts": null,
            "version_id": "b59849ce-d2ae-406a-bb56-a0d9238f1fd3",
            "work_request_id": ""
          },
          "sensitive_attributes": [],
          "private": "eyJlMmJmYjczMC1lY2FhLTExZTYtOGY4OC0zNDM2M2JjN2M0YzAiOnsiY3JlYXRlIjoxMjAwMDAwMDAwMDAwLCJkZWxldGUiOjEyMDAwMDAwMDAwMDAsInVwZGF0ZSI6MTIwMDAwMDAwMDAwMH19",
          "dependencies": [
            "module.object-storage.oci_objectstorage_bucket.ewp_image_storage"
          ]
        },
        {
          "index_key": 100,
          "schema_version": 0,
          "attributes": {
            "bucket": "ewp_image_store",
            "cache_control": null,
            "content": null,
            "content_disposition": null,
            "content_encoding": null,
            "content_language": null,
            "content_length": "1408755",
            "content_md5": "8Ka1iYVRWF6PmZUW2gyaOA==",
            "content_type": "image/jpeg",
            "delete_all_object_versions": false,
            "id": "n/lr4poue3hwjl/b/ewp_image_store/o/weddings%2FBeth%20and%20Tom%2F4.jpg",
            "metadata": {},
            "namespace": "lr4poue3hwjl",
            "object": "weddings/Beth and Tom/4.jpg",
            "opc_sse_kms_key_id": null,
            "source": "../assets/weddings/Beth and Tom/4.jpg 2016-03-09 09:11:42 +0000 GMT",
            "source_uri_details": [],
            "state": "COMPLETED",
            "storage_tier": "Standard",
            "timeouts": null,
            "version_id": "89106747-3e07-4d25-8f9e-c1f191302ea5",
            "work_request_id": ""
          },
          "sensitive_attributes": [],
          "private": "eyJlMmJmYjczMC1lY2FhLTExZTYtOGY4OC0zNDM2M2JjN2M0YzAiOnsiY3JlYXRlIjoxMjAwMDAwMDAwMDAwLCJkZWxldGUiOjEyMDAwMDAwMDAwMDAsInVwZGF0ZSI6MTIwMDAwMDAwMDAwMH19",
          "dependencies": [
            "module.object-storage.oci_objectstorage_bucket.ewp_image_storage"
          ]
        },
        {
          "index_key": 101,
          "schema_version": 0,
          "attributes": {
            "bucket": "ewp_image_store",
            "cache_control": null,
            "content": null,
            "content_disposition": null,
            "content_encoding": null,
            "content_language": null,
            "content_length": "330202",
            "content_md5": "5ZWRpY9JwQmIq3b+4/JE9w==",
            "content_type": "image/jpeg",
            "delete_all_object_versions": false,
            "id": "n/lr4poue3hwjl/b/ewp_image_store/o/weddings%2FBeth%20and%20Tom%2F40.jpg",
            "metadata": {},
            "namespace": "lr4poue3hwjl",
            "object": "weddings/Beth and Tom/40.jpg",
            "opc_sse_kms_key_id": null,
            "source": "../assets/weddings/Beth and Tom/40.jpg 2016-03-09 09:15:35 +0000 GMT",
            "source_uri_details": [],
            "state": "COMPLETED",
            "storage_tier": "Standard",
            "timeouts": null,
            "version_id": "076f5d30-7c8b-4597-834f-ff0324ad95bb",
            "work_request_id": ""
          },
          "sensitive_attributes": [],
          "private": "eyJlMmJmYjczMC1lY2FhLTExZTYtOGY4OC0zNDM2M2JjN2M0YzAiOnsiY3JlYXRlIjoxMjAwMDAwMDAwMDAwLCJkZWxldGUiOjEyMDAwMDAwMDAwMDAsInVwZGF0ZSI6MTIwMDAwMDAwMDAwMH19",
          "dependencies": [
            "module.object-storage.oci_objectstorage_bucket.ewp_image_storage"
          ]
        },
        {
          "index_key": 102,
          "schema_version": 0,
          "attributes": {
            "bucket": "ewp_image_store",
            "cache_control": null,
            "content": null,
            "content_disposition": null,
            "content_encoding": null,
            "content_language": null,
            "content_length": "1066211",
            "content_md5": "RKlXOqmqEuRJqBPobVj1ow==",
            "content_type": "image/jpeg",
            "delete_all_object_versions": false,
            "id": "n/lr4poue3hwjl/b/ewp_image_store/o/weddings%2FBeth%20and%20Tom%2F41.jpg",
            "metadata": {},
            "namespace": "lr4poue3hwjl",
            "object": "weddings/Beth and Tom/41.jpg",
            "opc_sse_kms_key_id": null,
            "source": "../assets/weddings/Beth and Tom/41.jpg 2016-03-09 09:15:30 +0000 GMT",
            "source_uri_details": [],
            "state": "COMPLETED",
            "storage_tier": "Standard",
            "timeouts": null,
            "version_id": "afa3fa65-5c42-4fa6-a547-c3d339f8b777",
            "work_request_id": ""
          },
          "sensitive_attributes": [],
          "private": "eyJlMmJmYjczMC1lY2FhLTExZTYtOGY4OC0zNDM2M2JjN2M0YzAiOnsiY3JlYXRlIjoxMjAwMDAwMDAwMDAwLCJkZWxldGUiOjEyMDAwMDAwMDAwMDAsInVwZGF0ZSI6MTIwMDAwMDAwMDAwMH19",
          "dependencies": [
            "module.object-storage.oci_objectstorage_bucket.ewp_image_storage"
          ]
        },
        {
          "index_key": 103,
          "schema_version": 0,
          "attributes": {
            "bucket": "ewp_image_store",
            "cache_control": null,
            "content": null,
            "content_disposition": null,
            "content_encoding": null,
            "content_language": null,
            "content_length": "709812",
            "content_md5": "5+pYjVXfjTVRPOABDqhxhg==",
            "content_type": "image/jpeg",
            "delete_all_object_versions": false,
            "id": "n/lr4poue3hwjl/b/ewp_image_store/o/weddings%2FBeth%20and%20Tom%2F42.jpg",
            "metadata": {},
            "namespace": "lr4poue3hwjl",
            "object": "weddings/Beth and Tom/42.jpg",
            "opc_sse_kms_key_id": null,
            "source": "../assets/weddings/Beth and Tom/42.jpg 2016-03-09 09:15:41 +0000 GMT",
            "source_uri_details": [],
            "state": "COMPLETED",
            "storage_tier": "Standard",
            "timeouts": null,
            "version_id": "034a5608-77fa-47c7-88d2-bcad5c244dc1",
            "work_request_id": ""
          },
          "sensitive_attributes": [],
          "private": "eyJlMmJmYjczMC1lY2FhLTExZTYtOGY4OC0zNDM2M2JjN2M0YzAiOnsiY3JlYXRlIjoxMjAwMDAwMDAwMDAwLCJkZWxldGUiOjEyMDAwMDAwMDAwMDAsInVwZGF0ZSI6MTIwMDAwMDAwMDAwMH19",
          "dependencies": [
            "module.object-storage.oci_objectstorage_bucket.ewp_image_storage"
          ]
        },
        {
          "index_key": 104,
          "schema_version": 0,
          "attributes": {
            "bucket": "ewp_image_store",
            "cache_control": null,
            "content": null,
            "content_disposition": null,
            "content_encoding": null,
            "content_language": null,
            "content_length": "908789",
            "content_md5": "aIY3HhVsxmW4jPp35JMlIg==",
            "content_type": "image/jpeg",
            "delete_all_object_versions": false,
            "id": "n/lr4poue3hwjl/b/ewp_image_store/o/weddings%2FBeth%20and%20Tom%2F43.jpg",
            "metadata": {},
            "namespace": "lr4poue3hwjl",
            "object": "weddings/Beth and Tom/43.jpg",
            "opc_sse_kms_key_id": null,
            "source": "../assets/weddings/Beth and Tom/43.jpg 2016-03-09 09:15:48 +0000 GMT",
            "source_uri_details": [],
            "state": "COMPLETED",
            "storage_tier": "Standard",
            "timeouts": null,
            "version_id": "45719464-a1f4-42be-a32c-514b4b0e483a",
            "work_request_id": ""
          },
          "sensitive_attributes": [],
          "private": "eyJlMmJmYjczMC1lY2FhLTExZTYtOGY4OC0zNDM2M2JjN2M0YzAiOnsiY3JlYXRlIjoxMjAwMDAwMDAwMDAwLCJkZWxldGUiOjEyMDAwMDAwMDAwMDAsInVwZGF0ZSI6MTIwMDAwMDAwMDAwMH19",
          "dependencies": [
            "module.object-storage.oci_objectstorage_bucket.ewp_image_storage"
          ]
        },
        {
          "index_key": 105,
          "schema_version": 0,
          "attributes": {
            "bucket": "ewp_image_store",
            "cache_control": null,
            "content": null,
            "content_disposition": null,
            "content_encoding": null,
            "content_language": null,
            "content_length": "819725",
            "content_md5": "09eLTs1jFMqjSFa0aUOgXg==",
            "content_type": "image/jpeg",
            "delete_all_object_versions": false,
            "id": "n/lr4poue3hwjl/b/ewp_image_store/o/weddings%2FBeth%20and%20Tom%2F44.jpg",
            "metadata": {},
            "namespace": "lr4poue3hwjl",
            "object": "weddings/Beth and Tom/44.jpg",
            "opc_sse_kms_key_id": null,
            "source": "../assets/weddings/Beth and Tom/44.jpg 2016-03-09 09:15:54 +0000 GMT",
            "source_uri_details": [],
            "state": "COMPLETED",
            "storage_tier": "Standard",
            "timeouts": null,
            "version_id": "95d048c7-f08e-4871-a003-c62225183939",
            "work_request_id": ""
          },
          "sensitive_attributes": [],
          "private": "eyJlMmJmYjczMC1lY2FhLTExZTYtOGY4OC0zNDM2M2JjN2M0YzAiOnsiY3JlYXRlIjoxMjAwMDAwMDAwMDAwLCJkZWxldGUiOjEyMDAwMDAwMDAwMDAsInVwZGF0ZSI6MTIwMDAwMDAwMDAwMH19",
          "dependencies": [
            "module.object-storage.oci_objectstorage_bucket.ewp_image_storage"
          ]
        },
        {
          "index_key": 106,
          "schema_version": 0,
          "attributes": {
            "bucket": "ewp_image_store",
            "cache_control": null,
            "content": null,
            "content_disposition": null,
            "content_encoding": null,
            "content_language": null,
            "content_length": "786628",
            "content_md5": "vHOUEYyXGxuYWcFXs0HPFg==",
            "content_type": "image/jpeg",
            "delete_all_object_versions": false,
            "id": "n/lr4poue3hwjl/b/ewp_image_store/o/weddings%2FBeth%20and%20Tom%2F45.jpg",
            "metadata": {},
            "namespace": "lr4poue3hwjl",
            "object": "weddings/Beth and Tom/45.jpg",
            "opc_sse_kms_key_id": null,
            "source": "../assets/weddings/Beth and Tom/45.jpg 2016-03-09 09:16:00 +0000 GMT",
            "source_uri_details": [],
            "state": "COMPLETED",
            "storage_tier": "Standard",
            "timeouts": null,
            "version_id": "a08eb54e-94bc-427a-99fd-c6c7bdf58d44",
            "work_request_id": ""
          },
          "sensitive_attributes": [],
          "private": "eyJlMmJmYjczMC1lY2FhLTExZTYtOGY4OC0zNDM2M2JjN2M0YzAiOnsiY3JlYXRlIjoxMjAwMDAwMDAwMDAwLCJkZWxldGUiOjEyMDAwMDAwMDAwMDAsInVwZGF0ZSI6MTIwMDAwMDAwMDAwMH19",
          "dependencies": [
            "module.object-storage.oci_objectstorage_bucket.ewp_image_storage"
          ]
        },
        {
          "index_key": 107,
          "schema_version": 0,
          "attributes": {
            "bucket": "ewp_image_store",
            "cache_control": null,
            "content": null,
            "content_disposition": null,
            "content_encoding": null,
            "content_language": null,
            "content_length": "1947127",
            "content_md5": "Etbe7J0qMUE9/+2N2FVUhg==",
            "content_type": "image/jpeg",
            "delete_all_object_versions": false,
            "id": "n/lr4poue3hwjl/b/ewp_image_store/o/weddings%2FBeth%20and%20Tom%2F46.jpg",
            "metadata": {},
            "namespace": "lr4poue3hwjl",
            "object": "weddings/Beth and Tom/46.jpg",
            "opc_sse_kms_key_id": null,
            "source": "../assets/weddings/Beth and Tom/46.jpg 2016-03-09 09:16:06 +0000 GMT",
            "source_uri_details": [],
            "state": "COMPLETED",
            "storage_tier": "Standard",
            "timeouts": null,
            "version_id": "e6fff26b-54da-45c9-85da-17cf5154c784",
            "work_request_id": ""
          },
          "sensitive_attributes": [],
          "private": "eyJlMmJmYjczMC1lY2FhLTExZTYtOGY4OC0zNDM2M2JjN2M0YzAiOnsiY3JlYXRlIjoxMjAwMDAwMDAwMDAwLCJkZWxldGUiOjEyMDAwMDAwMDAwMDAsInVwZGF0ZSI6MTIwMDAwMDAwMDAwMH19",
          "dependencies": [
            "module.object-storage.oci_objectstorage_bucket.ewp_image_storage"
          ]
        },
        {
          "index_key": 108,
          "schema_version": 0,
          "attributes": {
            "bucket": "ewp_image_store",
            "cache_control": null,
            "content": null,
            "content_disposition": null,
            "content_encoding": null,
            "content_language": null,
            "content_length": "1374887",
            "content_md5": "Igoew/26nQg8kEWoGbcN5g==",
            "content_type": "image/jpeg",
            "delete_all_object_versions": false,
            "id": "n/lr4poue3hwjl/b/ewp_image_store/o/weddings%2FBeth%20and%20Tom%2F47.jpg",
            "metadata": {},
            "namespace": "lr4poue3hwjl",
            "object": "weddings/Beth and Tom/47.jpg",
            "opc_sse_kms_key_id": null,
            "source": "../assets/weddings/Beth and Tom/47.jpg 2016-03-09 09:16:12 +0000 GMT",
            "source_uri_details": [],
            "state": "COMPLETED",
            "storage_tier": "Standard",
            "timeouts": null,
            "version_id": "08e29ee7-f1bc-4732-9ba8-ad4afed56b6d",
            "work_request_id": ""
          },
          "sensitive_attributes": [],
          "private": "eyJlMmJmYjczMC1lY2FhLTExZTYtOGY4OC0zNDM2M2JjN2M0YzAiOnsiY3JlYXRlIjoxMjAwMDAwMDAwMDAwLCJkZWxldGUiOjEyMDAwMDAwMDAwMDAsInVwZGF0ZSI6MTIwMDAwMDAwMDAwMH19",
          "dependencies": [
            "module.object-storage.oci_objectstorage_bucket.ewp_image_storage"
          ]
        },
        {
          "index_key": 109,
          "schema_version": 0,
          "attributes": {
            "bucket": "ewp_image_store",
            "cache_control": null,
            "content": null,
            "content_disposition": null,
            "content_encoding": null,
            "content_language": null,
            "content_length": "1334293",
            "content_md5": "x5rXZu9k3mivKfIcwXxOYg==",
            "content_type": "image/jpeg",
            "delete_all_object_versions": false,
            "id": "n/lr4poue3hwjl/b/ewp_image_store/o/weddings%2FBeth%20and%20Tom%2F48.jpg",
            "metadata": {},
            "namespace": "lr4poue3hwjl",
            "object": "weddings/Beth and Tom/48.jpg",
            "opc_sse_kms_key_id": null,
            "source": "../assets/weddings/Beth and Tom/48.jpg 2016-03-09 09:16:18 +0000 GMT",
            "source_uri_details": [],
            "state": "COMPLETED",
            "storage_tier": "Standard",
            "timeouts": null,
            "version_id": "abe7f6ad-2967-4805-a0af-4fe6e5a2d708",
            "work_request_id": ""
          },
          "sensitive_attributes": [],
          "private": "eyJlMmJmYjczMC1lY2FhLTExZTYtOGY4OC0zNDM2M2JjN2M0YzAiOnsiY3JlYXRlIjoxMjAwMDAwMDAwMDAwLCJkZWxldGUiOjEyMDAwMDAwMDAwMDAsInVwZGF0ZSI6MTIwMDAwMDAwMDAwMH19",
          "dependencies": [
            "module.object-storage.oci_objectstorage_bucket.ewp_image_storage"
          ]
        },
        {
          "index_key": 110,
          "schema_version": 0,
          "attributes": {
            "bucket": "ewp_image_store",
            "cache_control": null,
            "content": null,
            "content_disposition": null,
            "content_encoding": null,
            "content_language": null,
            "content_length": "1637403",
            "content_md5": "/BVij0g/PLCkpmCnj3TUBQ==",
            "content_type": "image/jpeg",
            "delete_all_object_versions": false,
            "id": "n/lr4poue3hwjl/b/ewp_image_store/o/weddings%2FBeth%20and%20Tom%2F49.jpg",
            "metadata": {},
            "namespace": "lr4poue3hwjl",
            "object": "weddings/Beth and Tom/49.jpg",
            "opc_sse_kms_key_id": null,
            "source": "../assets/weddings/Beth and Tom/49.jpg 2016-03-09 09:16:58 +0000 GMT",
            "source_uri_details": [],
            "state": "COMPLETED",
            "storage_tier": "Standard",
            "timeouts": null,
            "version_id": "72bdcc2e-4491-4172-ae68-e3d011ae1fb4",
            "work_request_id": ""
          },
          "sensitive_attributes": [],
          "private": "eyJlMmJmYjczMC1lY2FhLTExZTYtOGY4OC0zNDM2M2JjN2M0YzAiOnsiY3JlYXRlIjoxMjAwMDAwMDAwMDAwLCJkZWxldGUiOjEyMDAwMDAwMDAwMDAsInVwZGF0ZSI6MTIwMDAwMDAwMDAwMH19",
          "dependencies": [
            "module.object-storage.oci_objectstorage_bucket.ewp_image_storage"
          ]
        },
        {
          "index_key": 111,
          "schema_version": 0,
          "attributes": {
            "bucket": "ewp_image_store",
            "cache_control": null,
            "content": null,
            "content_disposition": null,
            "content_encoding": null,
            "content_language": null,
            "content_length": "964776",
            "content_md5": "3dHGxTuoqvjofw7wpic6TA==",
            "content_type": "image/jpeg",
            "delete_all_object_versions": false,
            "id": "n/lr4poue3hwjl/b/ewp_image_store/o/weddings%2FBeth%20and%20Tom%2F5.jpg",
            "metadata": {},
            "namespace": "lr4poue3hwjl",
            "object": "weddings/Beth and Tom/5.jpg",
            "opc_sse_kms_key_id": null,
            "source": "../assets/weddings/Beth and Tom/5.jpg 2016-03-09 09:11:50 +0000 GMT",
            "source_uri_details": [],
            "state": "COMPLETED",
            "storage_tier": "Standard",
            "timeouts": null,
            "version_id": "c639b203-5a74-4400-8ba4-9102786052fc",
            "work_request_id": ""
          },
          "sensitive_attributes": [],
          "private": "eyJlMmJmYjczMC1lY2FhLTExZTYtOGY4OC0zNDM2M2JjN2M0YzAiOnsiY3JlYXRlIjoxMjAwMDAwMDAwMDAwLCJkZWxldGUiOjEyMDAwMDAwMDAwMDAsInVwZGF0ZSI6MTIwMDAwMDAwMDAwMH19",
          "dependencies": [
            "module.object-storage.oci_objectstorage_bucket.ewp_image_storage"
          ]
        },
        {
          "index_key": 112,
          "schema_version": 0,
          "attributes": {
            "bucket": "ewp_image_store",
            "cache_control": null,
            "content": null,
            "content_disposition": null,
            "content_encoding": null,
            "content_language": null,
            "content_length": "1089817",
            "content_md5": "ibQLEiPI0uWOK1wiXwxUkQ==",
            "content_type": "image/jpeg",
            "delete_all_object_versions": false,
            "id": "n/lr4poue3hwjl/b/ewp_image_store/o/weddings%2FBeth%20and%20Tom%2F50.jpg",
            "metadata": {},
            "namespace": "lr4poue3hwjl",
            "object": "weddings/Beth and Tom/50.jpg",
            "opc_sse_kms_key_id": null,
            "source": "../assets/weddings/Beth and Tom/50.jpg 2016-03-09 09:16:25 +0000 GMT",
            "source_uri_details": [],
            "state": "COMPLETED",
            "storage_tier": "Standard",
            "timeouts": null,
            "version_id": "1fa4bb52-c629-4956-8324-8499b34c84c5",
            "work_request_id": ""
          },
          "sensitive_attributes": [],
          "private": "eyJlMmJmYjczMC1lY2FhLTExZTYtOGY4OC0zNDM2M2JjN2M0YzAiOnsiY3JlYXRlIjoxMjAwMDAwMDAwMDAwLCJkZWxldGUiOjEyMDAwMDAwMDAwMDAsInVwZGF0ZSI6MTIwMDAwMDAwMDAwMH19",
          "dependencies": [
            "module.object-storage.oci_objectstorage_bucket.ewp_image_storage"
          ]
        },
        {
          "index_key": 113,
          "schema_version": 0,
          "attributes": {
            "bucket": "ewp_image_store",
            "cache_control": null,
            "content": null,
            "content_disposition": null,
            "content_encoding": null,
            "content_language": null,
            "content_length": "1319237",
            "content_md5": "Buu02iaqQ71mJhJHuBko6w==",
            "content_type": "image/jpeg",
            "delete_all_object_versions": false,
            "id": "n/lr4poue3hwjl/b/ewp_image_store/o/weddings%2FBeth%20and%20Tom%2F51.jpg",
            "metadata": {},
            "namespace": "lr4poue3hwjl",
            "object": "weddings/Beth and Tom/51.jpg",
            "opc_sse_kms_key_id": null,
            "source": "../assets/weddings/Beth and Tom/51.jpg 2016-03-09 09:16:30 +0000 GMT",
            "source_uri_details": [],
            "state": "COMPLETED",
            "storage_tier": "Standard",
            "timeouts": null,
            "version_id": "9293ed3c-75c9-48ee-9c92-e3c6a14cdda1",
            "work_request_id": ""
          },
          "sensitive_attributes": [],
          "private": "eyJlMmJmYjczMC1lY2FhLTExZTYtOGY4OC0zNDM2M2JjN2M0YzAiOnsiY3JlYXRlIjoxMjAwMDAwMDAwMDAwLCJkZWxldGUiOjEyMDAwMDAwMDAwMDAsInVwZGF0ZSI6MTIwMDAwMDAwMDAwMH19",
          "dependencies": [
            "module.object-storage.oci_objectstorage_bucket.ewp_image_storage"
          ]
        },
        {
          "index_key": 114,
          "schema_version": 0,
          "attributes": {
            "bucket": "ewp_image_store",
            "cache_control": null,
            "content": null,
            "content_disposition": null,
            "content_encoding": null,
            "content_language": null,
            "content_length": "1264901",
            "content_md5": "iJs/VeBjvekCdQv1S4laLQ==",
            "content_type": "image/jpeg",
            "delete_all_object_versions": false,
            "id": "n/lr4poue3hwjl/b/ewp_image_store/o/weddings%2FBeth%20and%20Tom%2F52.jpg",
            "metadata": {},
            "namespace": "lr4poue3hwjl",
            "object": "weddings/Beth and Tom/52.jpg",
            "opc_sse_kms_key_id": null,
            "source": "../assets/weddings/Beth and Tom/52.jpg 2016-03-09 09:16:36 +0000 GMT",
            "source_uri_details": [],
            "state": "COMPLETED",
            "storage_tier": "Standard",
            "timeouts": null,
            "version_id": "82b2f094-f97c-4adc-8521-66b32bd4883e",
            "work_request_id": ""
          },
          "sensitive_attributes": [],
          "private": "eyJlMmJmYjczMC1lY2FhLTExZTYtOGY4OC0zNDM2M2JjN2M0YzAiOnsiY3JlYXRlIjoxMjAwMDAwMDAwMDAwLCJkZWxldGUiOjEyMDAwMDAwMDAwMDAsInVwZGF0ZSI6MTIwMDAwMDAwMDAwMH19",
          "dependencies": [
            "module.object-storage.oci_objectstorage_bucket.ewp_image_storage"
          ]
        },
        {
          "index_key": 115,
          "schema_version": 0,
          "attributes": {
            "bucket": "ewp_image_store",
            "cache_control": null,
            "content": null,
            "content_disposition": null,
            "content_encoding": null,
            "content_language": null,
            "content_length": "873860",
            "content_md5": "7qzhVxzd+Obr0nU3umKlHw==",
            "content_type": "image/jpeg",
            "delete_all_object_versions": false,
            "id": "n/lr4poue3hwjl/b/ewp_image_store/o/weddings%2FBeth%20and%20Tom%2F53.jpg",
            "metadata": {},
            "namespace": "lr4poue3hwjl",
            "object": "weddings/Beth and Tom/53.jpg",
            "opc_sse_kms_key_id": null,
            "source": "../assets/weddings/Beth and Tom/53.jpg 2016-03-09 09:16:41 +0000 GMT",
            "source_uri_details": [],
            "state": "COMPLETED",
            "storage_tier": "Standard",
            "timeouts": null,
            "version_id": "f4e75f4f-797e-4701-a5e9-b19d01857b26",
            "work_request_id": ""
          },
          "sensitive_attributes": [],
          "private": "eyJlMmJmYjczMC1lY2FhLTExZTYtOGY4OC0zNDM2M2JjN2M0YzAiOnsiY3JlYXRlIjoxMjAwMDAwMDAwMDAwLCJkZWxldGUiOjEyMDAwMDAwMDAwMDAsInVwZGF0ZSI6MTIwMDAwMDAwMDAwMH19",
          "dependencies": [
            "module.object-storage.oci_objectstorage_bucket.ewp_image_storage"
          ]
        },
        {
          "index_key": 116,
          "schema_version": 0,
          "attributes": {
            "bucket": "ewp_image_store",
            "cache_control": null,
            "content": null,
            "content_disposition": null,
            "content_encoding": null,
            "content_language": null,
            "content_length": "1058427",
            "content_md5": "Hy2aJku83Kr6VCgBTUBz3w==",
            "content_type": "image/jpeg",
            "delete_all_object_versions": false,
            "id": "n/lr4poue3hwjl/b/ewp_image_store/o/weddings%2FBeth%20and%20Tom%2F54.jpg",
            "metadata": {},
            "namespace": "lr4poue3hwjl",
            "object": "weddings/Beth and Tom/54.jpg",
            "opc_sse_kms_key_id": null,
            "source": "../assets/weddings/Beth and Tom/54.jpg 2016-03-09 09:16:47 +0000 GMT",
            "source_uri_details": [],
            "state": "COMPLETED",
            "storage_tier": "Standard",
            "timeouts": null,
            "version_id": "bd1446ed-6f3d-4f8d-bc3e-88bfc687f5e1",
            "work_request_id": ""
          },
          "sensitive_attributes": [],
          "private": "eyJlMmJmYjczMC1lY2FhLTExZTYtOGY4OC0zNDM2M2JjN2M0YzAiOnsiY3JlYXRlIjoxMjAwMDAwMDAwMDAwLCJkZWxldGUiOjEyMDAwMDAwMDAwMDAsInVwZGF0ZSI6MTIwMDAwMDAwMDAwMH19",
          "dependencies": [
            "module.object-storage.oci_objectstorage_bucket.ewp_image_storage"
          ]
        },
        {
          "index_key": 117,
          "schema_version": 0,
          "attributes": {
            "bucket": "ewp_image_store",
            "cache_control": null,
            "content": null,
            "content_disposition": null,
            "content_encoding": null,
            "content_language": null,
            "content_length": "1625997",
            "content_md5": "+KEWCH+AzLJPx2dwg7SfXw==",
            "content_type": "image/jpeg",
            "delete_all_object_versions": false,
            "id": "n/lr4poue3hwjl/b/ewp_image_store/o/weddings%2FBeth%20and%20Tom%2F55.jpg",
            "metadata": {},
            "namespace": "lr4poue3hwjl",
            "object": "weddings/Beth and Tom/55.jpg",
            "opc_sse_kms_key_id": null,
            "source": "../assets/weddings/Beth and Tom/55.jpg 2016-03-09 09:16:53 +0000 GMT",
            "source_uri_details": [],
            "state": "COMPLETED",
            "storage_tier": "Standard",
            "timeouts": null,
            "version_id": "8ca1774b-5cfe-420a-9c89-023578b7eaa9",
            "work_request_id": ""
          },
          "sensitive_attributes": [],
          "private": "eyJlMmJmYjczMC1lY2FhLTExZTYtOGY4OC0zNDM2M2JjN2M0YzAiOnsiY3JlYXRlIjoxMjAwMDAwMDAwMDAwLCJkZWxldGUiOjEyMDAwMDAwMDAwMDAsInVwZGF0ZSI6MTIwMDAwMDAwMDAwMH19",
          "dependencies": [
            "module.object-storage.oci_objectstorage_bucket.ewp_image_storage"
          ]
        },
        {
          "index_key": 118,
          "schema_version": 0,
          "attributes": {
            "bucket": "ewp_image_store",
            "cache_control": null,
            "content": null,
            "content_disposition": null,
            "content_encoding": null,
            "content_language": null,
            "content_length": "1424842",
            "content_md5": "z5v2XH2fbHefESo3ht831w==",
            "content_type": "image/jpeg",
            "delete_all_object_versions": false,
            "id": "n/lr4poue3hwjl/b/ewp_image_store/o/weddings%2FBeth%20and%20Tom%2F56.jpg",
            "metadata": {},
            "namespace": "lr4poue3hwjl",
            "object": "weddings/Beth and Tom/56.jpg",
            "opc_sse_kms_key_id": null,
            "source": "../assets/weddings/Beth and Tom/56.jpg 2016-03-09 09:17:14 +0000 GMT",
            "source_uri_details": [],
            "state": "COMPLETED",
            "storage_tier": "Standard",
            "timeouts": null,
            "version_id": "9aeb9f38-2505-4099-84a9-056c03953ef0",
            "work_request_id": ""
          },
          "sensitive_attributes": [],
          "private": "eyJlMmJmYjczMC1lY2FhLTExZTYtOGY4OC0zNDM2M2JjN2M0YzAiOnsiY3JlYXRlIjoxMjAwMDAwMDAwMDAwLCJkZWxldGUiOjEyMDAwMDAwMDAwMDAsInVwZGF0ZSI6MTIwMDAwMDAwMDAwMH19",
          "dependencies": [
            "module.object-storage.oci_objectstorage_bucket.ewp_image_storage"
          ]
        },
        {
          "index_key": 119,
          "schema_version": 0,
          "attributes": {
            "bucket": "ewp_image_store",
            "cache_control": null,
            "content": null,
            "content_disposition": null,
            "content_encoding": null,
            "content_language": null,
            "content_length": "736903",
            "content_md5": "CyPC3LULRXq0Hy8c5O74AA==",
            "content_type": "image/jpeg",
            "delete_all_object_versions": false,
            "id": "n/lr4poue3hwjl/b/ewp_image_store/o/weddings%2FBeth%20and%20Tom%2F57.jpg",
            "metadata": {},
            "namespace": "lr4poue3hwjl",
            "object": "weddings/Beth and Tom/57.jpg",
            "opc_sse_kms_key_id": null,
            "source": "../assets/weddings/Beth and Tom/57.jpg 2016-03-09 09:17:04 +0000 GMT",
            "source_uri_details": [],
            "state": "COMPLETED",
            "storage_tier": "Standard",
            "timeouts": null,
            "version_id": "51e8ac99-9564-4a41-9c22-e670aab7129b",
            "work_request_id": ""
          },
          "sensitive_attributes": [],
          "private": "eyJlMmJmYjczMC1lY2FhLTExZTYtOGY4OC0zNDM2M2JjN2M0YzAiOnsiY3JlYXRlIjoxMjAwMDAwMDAwMDAwLCJkZWxldGUiOjEyMDAwMDAwMDAwMDAsInVwZGF0ZSI6MTIwMDAwMDAwMDAwMH19",
          "dependencies": [
            "module.object-storage.oci_objectstorage_bucket.ewp_image_storage"
          ]
        },
        {
          "index_key": 120,
          "schema_version": 0,
          "attributes": {
            "bucket": "ewp_image_store",
            "cache_control": null,
            "content": null,
            "content_disposition": null,
            "content_encoding": null,
            "content_language": null,
            "content_length": "778268",
            "content_md5": "RPAzMwUGqhb2o14MD8Xzaw==",
            "content_type": "image/jpeg",
            "delete_all_object_versions": false,
            "id": "n/lr4poue3hwjl/b/ewp_image_store/o/weddings%2FBeth%20and%20Tom%2F58.jpg",
            "metadata": {},
            "namespace": "lr4poue3hwjl",
            "object": "weddings/Beth and Tom/58.jpg",
            "opc_sse_kms_key_id": null,
            "source": "../assets/weddings/Beth and Tom/58.jpg 2016-03-09 09:17:09 +0000 GMT",
            "source_uri_details": [],
            "state": "COMPLETED",
            "storage_tier": "Standard",
            "timeouts": null,
            "version_id": "a46870ad-d67b-4966-8557-d98c7709076d",
            "work_request_id": ""
          },
          "sensitive_attributes": [],
          "private": "eyJlMmJmYjczMC1lY2FhLTExZTYtOGY4OC0zNDM2M2JjN2M0YzAiOnsiY3JlYXRlIjoxMjAwMDAwMDAwMDAwLCJkZWxldGUiOjEyMDAwMDAwMDAwMDAsInVwZGF0ZSI6MTIwMDAwMDAwMDAwMH19",
          "dependencies": [
            "module.object-storage.oci_objectstorage_bucket.ewp_image_storage"
          ]
        },
        {
          "index_key": 121,
          "schema_version": 0,
          "attributes": {
            "bucket": "ewp_image_store",
            "cache_control": null,
            "content": null,
            "content_disposition": null,
            "content_encoding": null,
            "content_language": null,
            "content_length": "724218",
            "content_md5": "aQtctt1g2rS10uD/b/MLnQ==",
            "content_type": "image/jpeg",
            "delete_all_object_versions": false,
            "id": "n/lr4poue3hwjl/b/ewp_image_store/o/weddings%2FBeth%20and%20Tom%2F59.jpg",
            "metadata": {},
            "namespace": "lr4poue3hwjl",
            "object": "weddings/Beth and Tom/59.jpg",
            "opc_sse_kms_key_id": null,
            "source": "../assets/weddings/Beth and Tom/59.jpg 2016-03-09 09:17:20 +0000 GMT",
            "source_uri_details": [],
            "state": "COMPLETED",
            "storage_tier": "Standard",
            "timeouts": null,
            "version_id": "d71b4f3c-5f02-4f79-926f-e463101f588c",
            "work_request_id": ""
          },
          "sensitive_attributes": [],
          "private": "eyJlMmJmYjczMC1lY2FhLTExZTYtOGY4OC0zNDM2M2JjN2M0YzAiOnsiY3JlYXRlIjoxMjAwMDAwMDAwMDAwLCJkZWxldGUiOjEyMDAwMDAwMDAwMDAsInVwZGF0ZSI6MTIwMDAwMDAwMDAwMH19",
          "dependencies": [
            "module.object-storage.oci_objectstorage_bucket.ewp_image_storage"
          ]
        },
        {
          "index_key": 122,
          "schema_version": 0,
          "attributes": {
            "bucket": "ewp_image_store",
            "cache_control": null,
            "content": null,
            "content_disposition": null,
            "content_encoding": null,
            "content_language": null,
            "content_length": "1185967",
            "content_md5": "MdXnIdT7yQkiz1rrVgU2Tg==",
            "content_type": "image/jpeg",
            "delete_all_object_versions": false,
            "id": "n/lr4poue3hwjl/b/ewp_image_store/o/weddings%2FBeth%20and%20Tom%2F6.jpg",
            "metadata": {},
            "namespace": "lr4poue3hwjl",
            "object": "weddings/Beth and Tom/6.jpg",
            "opc_sse_kms_key_id": null,
            "source": "../assets/weddings/Beth and Tom/6.jpg 2016-03-09 09:11:56 +0000 GMT",
            "source_uri_details": [],
            "state": "COMPLETED",
            "storage_tier": "Standard",
            "timeouts": null,
            "version_id": "eb04b34f-28b9-45f8-b0e8-a5ca8b673229",
            "work_request_id": ""
          },
          "sensitive_attributes": [],
          "private": "eyJlMmJmYjczMC1lY2FhLTExZTYtOGY4OC0zNDM2M2JjN2M0YzAiOnsiY3JlYXRlIjoxMjAwMDAwMDAwMDAwLCJkZWxldGUiOjEyMDAwMDAwMDAwMDAsInVwZGF0ZSI6MTIwMDAwMDAwMDAwMH19",
          "dependencies": [
            "module.object-storage.oci_objectstorage_bucket.ewp_image_storage"
          ]
        },
        {
          "index_key": 123,
          "schema_version": 0,
          "attributes": {
            "bucket": "ewp_image_store",
            "cache_control": null,
            "content": null,
            "content_disposition": null,
            "content_encoding": null,
            "content_language": null,
            "content_length": "1198203",
            "content_md5": "bvVO3z2ZmF8pZTXHiqD6Jg==",
            "content_type": "image/jpeg",
            "delete_all_object_versions": false,
            "id": "n/lr4poue3hwjl/b/ewp_image_store/o/weddings%2FBeth%20and%20Tom%2F60.jpg",
            "metadata": {},
            "namespace": "lr4poue3hwjl",
            "object": "weddings/Beth and Tom/60.jpg",
            "opc_sse_kms_key_id": null,
            "source": "../assets/weddings/Beth and Tom/60.jpg 2016-03-09 09:17:25 +0000 GMT",
            "source_uri_details": [],
            "state": "COMPLETED",
            "storage_tier": "Standard",
            "timeouts": null,
            "version_id": "36d03c85-b0b8-485e-9e91-790e14dcb465",
            "work_request_id": ""
          },
          "sensitive_attributes": [],
          "private": "eyJlMmJmYjczMC1lY2FhLTExZTYtOGY4OC0zNDM2M2JjN2M0YzAiOnsiY3JlYXRlIjoxMjAwMDAwMDAwMDAwLCJkZWxldGUiOjEyMDAwMDAwMDAwMDAsInVwZGF0ZSI6MTIwMDAwMDAwMDAwMH19",
          "dependencies": [
            "module.object-storage.oci_objectstorage_bucket.ewp_image_storage"
          ]
        },
        {
          "index_key": 124,
          "schema_version": 0,
          "attributes": {
            "bucket": "ewp_image_store",
            "cache_control": null,
            "content": null,
            "content_disposition": null,
            "content_encoding": null,
            "content_language": null,
            "content_length": "356816",
            "content_md5": "n2t0NgD0dxBkEPPCy9YVMQ==",
            "content_type": "image/jpeg",
            "delete_all_object_versions": false,
            "id": "n/lr4poue3hwjl/b/ewp_image_store/o/weddings%2FBeth%20and%20Tom%2F61.jpg",
            "metadata": {},
            "namespace": "lr4poue3hwjl",
            "object": "weddings/Beth and Tom/61.jpg",
            "opc_sse_kms_key_id": null,
            "source": "../assets/weddings/Beth and Tom/61.jpg 2016-03-09 09:17:31 +0000 GMT",
            "source_uri_details": [],
            "state": "COMPLETED",
            "storage_tier": "Standard",
            "timeouts": null,
            "version_id": "164a8352-913e-4eb5-b74a-567ab5b6e261",
            "work_request_id": ""
          },
          "sensitive_attributes": [],
          "private": "eyJlMmJmYjczMC1lY2FhLTExZTYtOGY4OC0zNDM2M2JjN2M0YzAiOnsiY3JlYXRlIjoxMjAwMDAwMDAwMDAwLCJkZWxldGUiOjEyMDAwMDAwMDAwMDAsInVwZGF0ZSI6MTIwMDAwMDAwMDAwMH19",
          "dependencies": [
            "module.object-storage.oci_objectstorage_bucket.ewp_image_storage"
          ]
        },
        {
          "index_key": 125,
          "schema_version": 0,
          "attributes": {
            "bucket": "ewp_image_store",
            "cache_control": null,
            "content": null,
            "content_disposition": null,
            "content_encoding": null,
            "content_language": null,
            "content_length": "544106",
            "content_md5": "gSXudt4qk8kIdkjJAvciyw==",
            "content_type": "image/jpeg",
            "delete_all_object_versions": false,
            "id": "n/lr4poue3hwjl/b/ewp_image_store/o/weddings%2FBeth%20and%20Tom%2F62.jpg",
            "metadata": {},
            "namespace": "lr4poue3hwjl",
            "object": "weddings/Beth and Tom/62.jpg",
            "opc_sse_kms_key_id": null,
            "source": "../assets/weddings/Beth and Tom/62.jpg 2016-03-09 09:17:36 +0000 GMT",
            "source_uri_details": [],
            "state": "COMPLETED",
            "storage_tier": "Standard",
            "timeouts": null,
            "version_id": "9789e994-4106-4563-b1d9-4aebe55fca2b",
            "work_request_id": ""
          },
          "sensitive_attributes": [],
          "private": "eyJlMmJmYjczMC1lY2FhLTExZTYtOGY4OC0zNDM2M2JjN2M0YzAiOnsiY3JlYXRlIjoxMjAwMDAwMDAwMDAwLCJkZWxldGUiOjEyMDAwMDAwMDAwMDAsInVwZGF0ZSI6MTIwMDAwMDAwMDAwMH19",
          "dependencies": [
            "module.object-storage.oci_objectstorage_bucket.ewp_image_storage"
          ]
        },
        {
          "index_key": 126,
          "schema_version": 0,
          "attributes": {
            "bucket": "ewp_image_store",
            "cache_control": null,
            "content": null,
            "content_disposition": null,
            "content_encoding": null,
            "content_language": null,
            "content_length": "853682",
            "content_md5": "KcS4h538JbwI+oxpLfbr+g==",
            "content_type": "image/jpeg",
            "delete_all_object_versions": false,
            "id": "n/lr4poue3hwjl/b/ewp_image_store/o/weddings%2FBeth%20and%20Tom%2F63.jpg",
            "metadata": {},
            "namespace": "lr4poue3hwjl",
            "object": "weddings/Beth and Tom/63.jpg",
            "opc_sse_kms_key_id": null,
            "source": "../assets/weddings/Beth and Tom/63.jpg 2016-03-09 09:17:42 +0000 GMT",
            "source_uri_details": [],
            "state": "COMPLETED",
            "storage_tier": "Standard",
            "timeouts": null,
            "version_id": "08959fd3-39a0-4a28-9ce4-19fb46efabd5",
            "work_request_id": ""
          },
          "sensitive_attributes": [],
          "private": "eyJlMmJmYjczMC1lY2FhLTExZTYtOGY4OC0zNDM2M2JjN2M0YzAiOnsiY3JlYXRlIjoxMjAwMDAwMDAwMDAwLCJkZWxldGUiOjEyMDAwMDAwMDAwMDAsInVwZGF0ZSI6MTIwMDAwMDAwMDAwMH19",
          "dependencies": [
            "module.object-storage.oci_objectstorage_bucket.ewp_image_storage"
          ]
        },
        {
          "index_key": 127,
          "schema_version": 0,
          "attributes": {
            "bucket": "ewp_image_store",
            "cache_control": null,
            "content": null,
            "content_disposition": null,
            "content_encoding": null,
            "content_language": null,
            "content_length": "1338083",
            "content_md5": "4Z1H7yuDRfK+mWilsogWEQ==",
            "content_type": "image/jpeg",
            "delete_all_object_versions": false,
            "id": "n/lr4poue3hwjl/b/ewp_image_store/o/weddings%2FBeth%20and%20Tom%2F64.jpg",
            "metadata": {},
            "namespace": "lr4poue3hwjl",
            "object": "weddings/Beth and Tom/64.jpg",
            "opc_sse_kms_key_id": null,
            "source": "../assets/weddings/Beth and Tom/64.jpg 2016-03-09 09:17:48 +0000 GMT",
            "source_uri_details": [],
            "state": "COMPLETED",
            "storage_tier": "Standard",
            "timeouts": null,
            "version_id": "3680d3a2-81cc-476c-898e-d46b296ad6b2",
            "work_request_id": ""
          },
          "sensitive_attributes": [],
          "private": "eyJlMmJmYjczMC1lY2FhLTExZTYtOGY4OC0zNDM2M2JjN2M0YzAiOnsiY3JlYXRlIjoxMjAwMDAwMDAwMDAwLCJkZWxldGUiOjEyMDAwMDAwMDAwMDAsInVwZGF0ZSI6MTIwMDAwMDAwMDAwMH19",
          "dependencies": [
            "module.object-storage.oci_objectstorage_bucket.ewp_image_storage"
          ]
        },
        {
          "index_key": 128,
          "schema_version": 0,
          "attributes": {
            "bucket": "ewp_image_store",
            "cache_control": null,
            "content": null,
            "content_disposition": null,
            "content_encoding": null,
            "content_language": null,
            "content_length": "839306",
            "content_md5": "vHsNeRbWD7jZ5uh/+6V9VA==",
            "content_type": "image/jpeg",
            "delete_all_object_versions": false,
            "id": "n/lr4poue3hwjl/b/ewp_image_store/o/weddings%2FBeth%20and%20Tom%2F65.jpg",
            "metadata": {},
            "namespace": "lr4poue3hwjl",
            "object": "weddings/Beth and Tom/65.jpg",
            "opc_sse_kms_key_id": null,
            "source": "../assets/weddings/Beth and Tom/65.jpg 2016-03-09 09:17:54 +0000 GMT",
            "source_uri_details": [],
            "state": "COMPLETED",
            "storage_tier": "Standard",
            "timeouts": null,
            "version_id": "c0e50af0-f97b-428d-9d90-60407319f210",
            "work_request_id": ""
          },
          "sensitive_attributes": [],
          "private": "eyJlMmJmYjczMC1lY2FhLTExZTYtOGY4OC0zNDM2M2JjN2M0YzAiOnsiY3JlYXRlIjoxMjAwMDAwMDAwMDAwLCJkZWxldGUiOjEyMDAwMDAwMDAwMDAsInVwZGF0ZSI6MTIwMDAwMDAwMDAwMH19",
          "dependencies": [
            "module.object-storage.oci_objectstorage_bucket.ewp_image_storage"
          ]
        },
        {
          "index_key": 129,
          "schema_version": 0,
          "attributes": {
            "bucket": "ewp_image_store",
            "cache_control": null,
            "content": null,
            "content_disposition": null,
            "content_encoding": null,
            "content_language": null,
            "content_length": "1266247",
            "content_md5": "fhGEsAM30vwEtTRiKHGqXQ==",
            "content_type": "image/jpeg",
            "delete_all_object_versions": false,
            "id": "n/lr4poue3hwjl/b/ewp_image_store/o/weddings%2FBeth%20and%20Tom%2F66.jpg",
            "metadata": {},
            "namespace": "lr4poue3hwjl",
            "object": "weddings/Beth and Tom/66.jpg",
            "opc_sse_kms_key_id": null,
            "source": "../assets/weddings/Beth and Tom/66.jpg 2016-03-09 09:18:00 +0000 GMT",
            "source_uri_details": [],
            "state": "COMPLETED",
            "storage_tier": "Standard",
            "timeouts": null,
            "version_id": "37e01775-f8c1-4ff9-b5f9-f47b026506f1",
            "work_request_id": ""
          },
          "sensitive_attributes": [],
          "private": "eyJlMmJmYjczMC1lY2FhLTExZTYtOGY4OC0zNDM2M2JjN2M0YzAiOnsiY3JlYXRlIjoxMjAwMDAwMDAwMDAwLCJkZWxldGUiOjEyMDAwMDAwMDAwMDAsInVwZGF0ZSI6MTIwMDAwMDAwMDAwMH19",
          "dependencies": [
            "module.object-storage.oci_objectstorage_bucket.ewp_image_storage"
          ]
        },
        {
          "index_key": 130,
          "schema_version": 0,
          "attributes": {
            "bucket": "ewp_image_store",
            "cache_control": null,
            "content": null,
            "content_disposition": null,
            "content_encoding": null,
            "content_language": null,
            "content_length": "1339736",
            "content_md5": "wiWIQEdmQXZRXPYIoY0Cog==",
            "content_type": "image/jpeg",
            "delete_all_object_versions": false,
            "id": "n/lr4poue3hwjl/b/ewp_image_store/o/weddings%2FBeth%20and%20Tom%2F67.jpg",
            "metadata": {},
            "namespace": "lr4poue3hwjl",
            "object": "weddings/Beth and Tom/67.jpg",
            "opc_sse_kms_key_id": null,
            "source": "../assets/weddings/Beth and Tom/67.jpg 2016-03-09 09:18:07 +0000 GMT",
            "source_uri_details": [],
            "state": "COMPLETED",
            "storage_tier": "Standard",
            "timeouts": null,
            "version_id": "03f5ab61-bd36-46d3-96da-c925a68e65b0",
            "work_request_id": ""
          },
          "sensitive_attributes": [],
          "private": "eyJlMmJmYjczMC1lY2FhLTExZTYtOGY4OC0zNDM2M2JjN2M0YzAiOnsiY3JlYXRlIjoxMjAwMDAwMDAwMDAwLCJkZWxldGUiOjEyMDAwMDAwMDAwMDAsInVwZGF0ZSI6MTIwMDAwMDAwMDAwMH19",
          "dependencies": [
            "module.object-storage.oci_objectstorage_bucket.ewp_image_storage"
          ]
        },
        {
          "index_key": 131,
          "schema_version": 0,
          "attributes": {
            "bucket": "ewp_image_store",
            "cache_control": null,
            "content": null,
            "content_disposition": null,
            "content_encoding": null,
            "content_language": null,
            "content_length": "1137663",
            "content_md5": "aIVKo7bNTWsLRM7NCLYsPQ==",
            "content_type": "image/jpeg",
            "delete_all_object_versions": false,
            "id": "n/lr4poue3hwjl/b/ewp_image_store/o/weddings%2FBeth%20and%20Tom%2F68.jpg",
            "metadata": {},
            "namespace": "lr4poue3hwjl",
            "object": "weddings/Beth and Tom/68.jpg",
            "opc_sse_kms_key_id": null,
            "source": "../assets/weddings/Beth and Tom/68.jpg 2016-03-09 09:18:13 +0000 GMT",
            "source_uri_details": [],
            "state": "COMPLETED",
            "storage_tier": "Standard",
            "timeouts": null,
            "version_id": "0576488d-f59a-4582-9960-bf33724f2c9d",
            "work_request_id": ""
          },
          "sensitive_attributes": [],
          "private": "eyJlMmJmYjczMC1lY2FhLTExZTYtOGY4OC0zNDM2M2JjN2M0YzAiOnsiY3JlYXRlIjoxMjAwMDAwMDAwMDAwLCJkZWxldGUiOjEyMDAwMDAwMDAwMDAsInVwZGF0ZSI6MTIwMDAwMDAwMDAwMH19",
          "dependencies": [
            "module.object-storage.oci_objectstorage_bucket.ewp_image_storage"
          ]
        },
        {
          "index_key": 132,
          "schema_version": 0,
          "attributes": {
            "bucket": "ewp_image_store",
            "cache_control": null,
            "content": null,
            "content_disposition": null,
            "content_encoding": null,
            "content_language": null,
            "content_length": "809334",
            "content_md5": "ZPIdduhV71/fxw7tVbjvfQ==",
            "content_type": "image/jpeg",
            "delete_all_object_versions": false,
            "id": "n/lr4poue3hwjl/b/ewp_image_store/o/weddings%2FBeth%20and%20Tom%2F69.jpg",
            "metadata": {},
            "namespace": "lr4poue3hwjl",
            "object": "weddings/Beth and Tom/69.jpg",
            "opc_sse_kms_key_id": null,
            "source": "../assets/weddings/Beth and Tom/69.jpg 2016-03-09 09:18:19 +0000 GMT",
            "source_uri_details": [],
            "state": "COMPLETED",
            "storage_tier": "Standard",
            "timeouts": null,
            "version_id": "6f8c27f3-d624-479e-acda-ae3cd282bd14",
            "work_request_id": ""
          },
          "sensitive_attributes": [],
          "private": "eyJlMmJmYjczMC1lY2FhLTExZTYtOGY4OC0zNDM2M2JjN2M0YzAiOnsiY3JlYXRlIjoxMjAwMDAwMDAwMDAwLCJkZWxldGUiOjEyMDAwMDAwMDAwMDAsInVwZGF0ZSI6MTIwMDAwMDAwMDAwMH19",
          "dependencies": [
            "module.object-storage.oci_objectstorage_bucket.ewp_image_storage"
          ]
        },
        {
          "index_key": 133,
          "schema_version": 0,
          "attributes": {
            "bucket": "ewp_image_store",
            "cache_control": null,
            "content": null,
            "content_disposition": null,
            "content_encoding": null,
            "content_language": null,
            "content_length": "405318",
            "content_md5": "Wq7sCmkwpHLFKhhe/Qbz0g==",
            "content_type": "image/jpeg",
            "delete_all_object_versions": false,
            "id": "n/lr4poue3hwjl/b/ewp_image_store/o/weddings%2FBeth%20and%20Tom%2F7.jpg",
            "metadata": {},
            "namespace": "lr4poue3hwjl",
            "object": "weddings/Beth and Tom/7.jpg",
            "opc_sse_kms_key_id": null,
            "source": "../assets/weddings/Beth and Tom/7.jpg 2016-03-09 09:12:02 +0000 GMT",
            "source_uri_details": [],
            "state": "COMPLETED",
            "storage_tier": "Standard",
            "timeouts": null,
            "version_id": "71d99847-93e7-41ec-acc7-7cfc7e493cc3",
            "work_request_id": ""
          },
          "sensitive_attributes": [],
          "private": "eyJlMmJmYjczMC1lY2FhLTExZTYtOGY4OC0zNDM2M2JjN2M0YzAiOnsiY3JlYXRlIjoxMjAwMDAwMDAwMDAwLCJkZWxldGUiOjEyMDAwMDAwMDAwMDAsInVwZGF0ZSI6MTIwMDAwMDAwMDAwMH19",
          "dependencies": [
            "module.object-storage.oci_objectstorage_bucket.ewp_image_storage"
          ]
        },
        {
          "index_key": 134,
          "schema_version": 0,
          "attributes": {
            "bucket": "ewp_image_store",
            "cache_control": null,
            "content": null,
            "content_disposition": null,
            "content_encoding": null,
            "content_language": null,
            "content_length": "1037882",
            "content_md5": "RlW4f5wE6kVkxUFGYi7SMg==",
            "content_type": "image/jpeg",
            "delete_all_object_versions": false,
            "id": "n/lr4poue3hwjl/b/ewp_image_store/o/weddings%2FBeth%20and%20Tom%2F70.jpg",
            "metadata": {},
            "namespace": "lr4poue3hwjl",
            "object": "weddings/Beth and Tom/70.jpg",
            "opc_sse_kms_key_id": null,
            "source": "../assets/weddings/Beth and Tom/70.jpg 2016-03-09 09:18:25 +0000 GMT",
            "source_uri_details": [],
            "state": "COMPLETED",
            "storage_tier": "Standard",
            "timeouts": null,
            "version_id": "e1f917c0-e045-473d-a13a-ac7eb4ff2caa",
            "work_request_id": ""
          },
          "sensitive_attributes": [],
          "private": "eyJlMmJmYjczMC1lY2FhLTExZTYtOGY4OC0zNDM2M2JjN2M0YzAiOnsiY3JlYXRlIjoxMjAwMDAwMDAwMDAwLCJkZWxldGUiOjEyMDAwMDAwMDAwMDAsInVwZGF0ZSI6MTIwMDAwMDAwMDAwMH19",
          "dependencies": [
            "module.object-storage.oci_objectstorage_bucket.ewp_image_storage"
          ]
        },
        {
          "index_key": 135,
          "schema_version": 0,
          "attributes": {
            "bucket": "ewp_image_store",
            "cache_control": null,
            "content": null,
            "content_disposition": null,
            "content_encoding": null,
            "content_language": null,
            "content_length": "400948",
            "content_md5": "IZZJeOEovyQvvy1gX+hcgA==",
            "content_type": "image/jpeg",
            "delete_all_object_versions": false,
            "id": "n/lr4poue3hwjl/b/ewp_image_store/o/weddings%2FBeth%20and%20Tom%2F71.jpg",
            "metadata": {},
            "namespace": "lr4poue3hwjl",
            "object": "weddings/Beth and Tom/71.jpg",
            "opc_sse_kms_key_id": null,
            "source": "../assets/weddings/Beth and Tom/71.jpg 2016-03-09 09:18:30 +0000 GMT",
            "source_uri_details": [],
            "state": "COMPLETED",
            "storage_tier": "Standard",
            "timeouts": null,
            "version_id": "25875c72-e60d-4890-962e-20c739b39664",
            "work_request_id": ""
          },
          "sensitive_attributes": [],
          "private": "eyJlMmJmYjczMC1lY2FhLTExZTYtOGY4OC0zNDM2M2JjN2M0YzAiOnsiY3JlYXRlIjoxMjAwMDAwMDAwMDAwLCJkZWxldGUiOjEyMDAwMDAwMDAwMDAsInVwZGF0ZSI6MTIwMDAwMDAwMDAwMH19",
          "dependencies": [
            "module.object-storage.oci_objectstorage_bucket.ewp_image_storage"
          ]
        },
        {
          "index_key": 136,
          "schema_version": 0,
          "attributes": {
            "bucket": "ewp_image_store",
            "cache_control": null,
            "content": null,
            "content_disposition": null,
            "content_encoding": null,
            "content_language": null,
            "content_length": "493703",
            "content_md5": "DUJ4DJ97F5S3lqtOsihs8w==",
            "content_type": "image/jpeg",
            "delete_all_object_versions": false,
            "id": "n/lr4poue3hwjl/b/ewp_image_store/o/weddings%2FBeth%20and%20Tom%2F72.jpg",
            "metadata": {},
            "namespace": "lr4poue3hwjl",
            "object": "weddings/Beth and Tom/72.jpg",
            "opc_sse_kms_key_id": null,
            "source": "../assets/weddings/Beth and Tom/72.jpg 2016-03-09 09:18:36 +0000 GMT",
            "source_uri_details": [],
            "state": "COMPLETED",
            "storage_tier": "Standard",
            "timeouts": null,
            "version_id": "c7c0e9aa-b216-4771-9d00-0964b0fe33b9",
            "work_request_id": ""
          },
          "sensitive_attributes": [],
          "private": "eyJlMmJmYjczMC1lY2FhLTExZTYtOGY4OC0zNDM2M2JjN2M0YzAiOnsiY3JlYXRlIjoxMjAwMDAwMDAwMDAwLCJkZWxldGUiOjEyMDAwMDAwMDAwMDAsInVwZGF0ZSI6MTIwMDAwMDAwMDAwMH19",
          "dependencies": [
            "module.object-storage.oci_objectstorage_bucket.ewp_image_storage"
          ]
        },
        {
          "index_key": 137,
          "schema_version": 0,
          "attributes": {
            "bucket": "ewp_image_store",
            "cache_control": null,
            "content": null,
            "content_disposition": null,
            "content_encoding": null,
            "content_language": null,
            "content_length": "218297",
            "content_md5": "1Iw4ZuRus+rB3Woe3pB8xw==",
            "content_type": "image/jpeg",
            "delete_all_object_versions": false,
            "id": "n/lr4poue3hwjl/b/ewp_image_store/o/weddings%2FBeth%20and%20Tom%2F73.jpg",
            "metadata": {},
            "namespace": "lr4poue3hwjl",
            "object": "weddings/Beth and Tom/73.jpg",
            "opc_sse_kms_key_id": null,
            "source": "../assets/weddings/Beth and Tom/73.jpg 2016-03-09 09:18:53 +0000 GMT",
            "source_uri_details": [],
            "state": "COMPLETED",
            "storage_tier": "Standard",
            "timeouts": null,
            "version_id": "c21f1dd1-1a20-4f4d-9043-44a419ae9aa9",
            "work_request_id": ""
          },
          "sensitive_attributes": [],
          "private": "eyJlMmJmYjczMC1lY2FhLTExZTYtOGY4OC0zNDM2M2JjN2M0YzAiOnsiY3JlYXRlIjoxMjAwMDAwMDAwMDAwLCJkZWxldGUiOjEyMDAwMDAwMDAwMDAsInVwZGF0ZSI6MTIwMDAwMDAwMDAwMH19",
          "dependencies": [
            "module.object-storage.oci_objectstorage_bucket.ewp_image_storage"
          ]
        },
        {
          "index_key": 138,
          "schema_version": 0,
          "attributes": {
            "bucket": "ewp_image_store",
            "cache_control": null,
            "content": null,
            "content_disposition": null,
            "content_encoding": null,
            "content_language": null,
            "content_length": "390688",
            "content_md5": "rHkF7eeVvWqobAdMY7Chpw==",
            "content_type": "image/jpeg",
            "delete_all_object_versions": false,
            "id": "n/lr4poue3hwjl/b/ewp_image_store/o/weddings%2FBeth%20and%20Tom%2F74.jpg",
            "metadata": {},
            "namespace": "lr4poue3hwjl",
            "object": "weddings/Beth and Tom/74.jpg",
            "opc_sse_kms_key_id": null,
            "source": "../assets/weddings/Beth and Tom/74.jpg 2016-03-09 09:19:01 +0000 GMT",
            "source_uri_details": [],
            "state": "COMPLETED",
            "storage_tier": "Standard",
            "timeouts": null,
            "version_id": "c95f8f72-770e-4cee-863f-c800ad4635e4",
            "work_request_id": ""
          },
          "sensitive_attributes": [],
          "private": "eyJlMmJmYjczMC1lY2FhLTExZTYtOGY4OC0zNDM2M2JjN2M0YzAiOnsiY3JlYXRlIjoxMjAwMDAwMDAwMDAwLCJkZWxldGUiOjEyMDAwMDAwMDAwMDAsInVwZGF0ZSI6MTIwMDAwMDAwMDAwMH19",
          "dependencies": [
            "module.object-storage.oci_objectstorage_bucket.ewp_image_storage"
          ]
        },
        {
          "index_key": 139,
          "schema_version": 0,
          "attributes": {
            "bucket": "ewp_image_store",
            "cache_control": null,
            "content": null,
            "content_disposition": null,
            "content_encoding": null,
            "content_language": null,
            "content_length": "1196831",
            "content_md5": "94cZRAHYpaTKjxWMRybetA==",
            "content_type": "image/jpeg",
            "delete_all_object_versions": false,
            "id": "n/lr4poue3hwjl/b/ewp_image_store/o/weddings%2FBeth%20and%20Tom%2F75.jpg",
            "metadata": {},
            "namespace": "lr4poue3hwjl",
            "object": "weddings/Beth and Tom/75.jpg",
            "opc_sse_kms_key_id": null,
            "source": "../assets/weddings/Beth and Tom/75.jpg 2016-03-09 09:19:09 +0000 GMT",
            "source_uri_details": [],
            "state": "COMPLETED",
            "storage_tier": "Standard",
            "timeouts": null,
            "version_id": "bf0090ed-b287-4c7c-9878-9ea4bc714b21",
            "work_request_id": ""
          },
          "sensitive_attributes": [],
          "private": "eyJlMmJmYjczMC1lY2FhLTExZTYtOGY4OC0zNDM2M2JjN2M0YzAiOnsiY3JlYXRlIjoxMjAwMDAwMDAwMDAwLCJkZWxldGUiOjEyMDAwMDAwMDAwMDAsInVwZGF0ZSI6MTIwMDAwMDAwMDAwMH19",
          "dependencies": [
            "module.object-storage.oci_objectstorage_bucket.ewp_image_storage"
          ]
        },
        {
          "index_key": 140,
          "schema_version": 0,
          "attributes": {
            "bucket": "ewp_image_store",
            "cache_control": null,
            "content": null,
            "content_disposition": null,
            "content_encoding": null,
            "content_language": null,
            "content_length": "342742",
            "content_md5": "HDC+TQ1hav9tnkYrq4G9jA==",
            "content_type": "image/jpeg",
            "delete_all_object_versions": false,
            "id": "n/lr4poue3hwjl/b/ewp_image_store/o/weddings%2FBeth%20and%20Tom%2F8.jpg",
            "metadata": {},
            "namespace": "lr4poue3hwjl",
            "object": "weddings/Beth and Tom/8.jpg",
            "opc_sse_kms_key_id": null,
            "source": "../assets/weddings/Beth and Tom/8.jpg 2016-03-09 09:12:07 +0000 GMT",
            "source_uri_details": [],
            "state": "COMPLETED",
            "storage_tier": "Standard",
            "timeouts": null,
            "version_id": "24045563-92c6-4f43-9513-93331f3d14c0",
            "work_request_id": ""
          },
          "sensitive_attributes": [],
          "private": "eyJlMmJmYjczMC1lY2FhLTExZTYtOGY4OC0zNDM2M2JjN2M0YzAiOnsiY3JlYXRlIjoxMjAwMDAwMDAwMDAwLCJkZWxldGUiOjEyMDAwMDAwMDAwMDAsInVwZGF0ZSI6MTIwMDAwMDAwMDAwMH19",
          "dependencies": [
            "module.object-storage.oci_objectstorage_bucket.ewp_image_storage"
          ]
        },
        {
          "index_key": 141,
          "schema_version": 0,
          "attributes": {
            "bucket": "ewp_image_store",
            "cache_control": null,
            "content": null,
            "content_disposition": null,
            "content_encoding": null,
            "content_language": null,
            "content_length": "908263",
            "content_md5": "3xdD2mfoku3iPAw63Xa1nQ==",
            "content_type": "image/jpeg",
            "delete_all_object_versions": false,
            "id": "n/lr4poue3hwjl/b/ewp_image_store/o/weddings%2FBeth%20and%20Tom%2F9.jpg",
            "metadata": {},
            "namespace": "lr4poue3hwjl",
            "object": "weddings/Beth and Tom/9.jpg",
            "opc_sse_kms_key_id": null,
            "source": "../assets/weddings/Beth and Tom/9.jpg 2016-03-09 09:12:15 +0000 GMT",
            "source_uri_details": [],
            "state": "COMPLETED",
            "storage_tier": "Standard",
            "timeouts": null,
            "version_id": "1cae5893-9603-4014-a2ac-493d5593d26a",
            "work_request_id": ""
          },
          "sensitive_attributes": [],
          "private": "eyJlMmJmYjczMC1lY2FhLTExZTYtOGY4OC0zNDM2M2JjN2M0YzAiOnsiY3JlYXRlIjoxMjAwMDAwMDAwMDAwLCJkZWxldGUiOjEyMDAwMDAwMDAwMDAsInVwZGF0ZSI6MTIwMDAwMDAwMDAwMH19",
          "dependencies": [
            "module.object-storage.oci_objectstorage_bucket.ewp_image_storage"
          ]
        },
        {
          "index_key": 142,
          "schema_version": 0,
          "attributes": {
            "bucket": "ewp_image_store",
            "cache_control": null,
            "content": null,
            "content_disposition": null,
            "content_encoding": null,
            "content_language": null,
            "content_length": "709812",
            "content_md5": "5+pYjVXfjTVRPOABDqhxhg==",
            "content_type": "image/jpeg",
            "delete_all_object_versions": false,
            "id": "n/lr4poue3hwjl/b/ewp_image_store/o/weddings%2FBeth%20and%20Tom%2Fcover.jpg",
            "metadata": {},
            "namespace": "lr4poue3hwjl",
            "object": "weddings/Beth and Tom/cover.jpg",
            "opc_sse_kms_key_id": null,
            "source": "../assets/weddings/Beth and Tom/cover.jpg 2016-03-09 09:15:41 +0000 GMT",
            "source_uri_details": [],
            "state": "COMPLETED",
            "storage_tier": "Standard",
            "timeouts": null,
            "version_id": "149d43db-2060-4e93-9226-01de88b31102",
            "work_request_id": ""
          },
          "sensitive_attributes": [],
          "private": "eyJlMmJmYjczMC1lY2FhLTExZTYtOGY4OC0zNDM2M2JjN2M0YzAiOnsiY3JlYXRlIjoxMjAwMDAwMDAwMDAwLCJkZWxldGUiOjEyMDAwMDAwMDAwMDAsInVwZGF0ZSI6MTIwMDAwMDAwMDAwMH19",
          "dependencies": [
            "module.object-storage.oci_objectstorage_bucket.ewp_image_storage"
          ]
        },
        {
          "index_key": 143,
          "schema_version": 0,
          "attributes": {
            "bucket": "ewp_image_store",
            "cache_control": null,
            "content": null,
            "content_disposition": null,
            "content_encoding": null,
            "content_language": null,
            "content_length": "476815",
            "content_md5": "m2jhFhhANA5NKOI6KxQVfg==",
            "content_type": "image/jpeg",
            "delete_all_object_versions": false,
            "id": "n/lr4poue3hwjl/b/ewp_image_store/o/weddings%2FEllie%20and%20Pete%2F1.jpg",
            "metadata": {},
            "namespace": "lr4poue3hwjl",
            "object": "weddings/Ellie and Pete/1.jpg",
            "opc_sse_kms_key_id": null,
            "source": "../assets/weddings/Ellie and Pete/1.jpg 2014-07-30 16:35:10 +0100 BST",
            "source_uri_details": [],
            "state": "COMPLETED",
            "storage_tier": "Standard",
            "timeouts": null,
            "version_id": "4df8c060-c3b8-449d-bfbb-4fe6acbc05cd",
            "work_request_id": ""
          },
          "sensitive_attributes": [],
          "private": "eyJlMmJmYjczMC1lY2FhLTExZTYtOGY4OC0zNDM2M2JjN2M0YzAiOnsiY3JlYXRlIjoxMjAwMDAwMDAwMDAwLCJkZWxldGUiOjEyMDAwMDAwMDAwMDAsInVwZGF0ZSI6MTIwMDAwMDAwMDAwMH19",
          "dependencies": [
            "module.object-storage.oci_objectstorage_bucket.ewp_image_storage"
          ]
        },
        {
          "index_key": 144,
          "schema_version": 0,
          "attributes": {
            "bucket": "ewp_image_store",
            "cache_control": null,
            "content": null,
            "content_disposition": null,
            "content_encoding": null,
            "content_language": null,
            "content_length": "444316",
            "content_md5": "Y6HhtfMb89hZg1lrtEjjWw==",
            "content_type": "image/jpeg",
            "delete_all_object_versions": false,
            "id": "n/lr4poue3hwjl/b/ewp_image_store/o/weddings%2FEllie%20and%20Pete%2F10.jpg",
            "metadata": {},
            "namespace": "lr4poue3hwjl",
            "object": "weddings/Ellie and Pete/10.jpg",
            "opc_sse_kms_key_id": null,
            "source": "../assets/weddings/Ellie and Pete/10.jpg 2014-07-30 16:33:13 +0100 BST",
            "source_uri_details": [],
            "state": "COMPLETED",
            "storage_tier": "Standard",
            "timeouts": null,
            "version_id": "5b05df8d-d2c6-4159-9ea2-27a896b90f49",
            "work_request_id": ""
          },
          "sensitive_attributes": [],
          "private": "eyJlMmJmYjczMC1lY2FhLTExZTYtOGY4OC0zNDM2M2JjN2M0YzAiOnsiY3JlYXRlIjoxMjAwMDAwMDAwMDAwLCJkZWxldGUiOjEyMDAwMDAwMDAwMDAsInVwZGF0ZSI6MTIwMDAwMDAwMDAwMH19",
          "dependencies": [
            "module.object-storage.oci_objectstorage_bucket.ewp_image_storage"
          ]
        },
        {
          "index_key": 145,
          "schema_version": 0,
          "attributes": {
            "bucket": "ewp_image_store",
            "cache_control": null,
            "content": null,
            "content_disposition": null,
            "content_encoding": null,
            "content_language": null,
            "content_length": "499470",
            "content_md5": "2P3VROWOdMH6hLo+CwuH0A==",
            "content_type": "image/jpeg",
            "delete_all_object_versions": false,
            "id": "n/lr4poue3hwjl/b/ewp_image_store/o/weddings%2FEllie%20and%20Pete%2F11.jpg",
            "metadata": {},
            "namespace": "lr4poue3hwjl",
            "object": "weddings/Ellie and Pete/11.jpg",
            "opc_sse_kms_key_id": null,
            "source": "../assets/weddings/Ellie and Pete/11.jpg 2014-07-30 16:33:00 +0100 BST",
            "source_uri_details": [],
            "state": "COMPLETED",
            "storage_tier": "Standard",
            "timeouts": null,
            "version_id": "1db68e3a-002e-4633-bb71-1f4a3832ea04",
            "work_request_id": ""
          },
          "sensitive_attributes": [],
          "private": "eyJlMmJmYjczMC1lY2FhLTExZTYtOGY4OC0zNDM2M2JjN2M0YzAiOnsiY3JlYXRlIjoxMjAwMDAwMDAwMDAwLCJkZWxldGUiOjEyMDAwMDAwMDAwMDAsInVwZGF0ZSI6MTIwMDAwMDAwMDAwMH19",
          "dependencies": [
            "module.object-storage.oci_objectstorage_bucket.ewp_image_storage"
          ]
        },
        {
          "index_key": 146,
          "schema_version": 0,
          "attributes": {
            "bucket": "ewp_image_store",
            "cache_control": null,
            "content": null,
            "content_disposition": null,
            "content_encoding": null,
            "content_language": null,
            "content_length": "460053",
            "content_md5": "mNdudOia6VtUkWhzO6WyTA==",
            "content_type": "image/jpeg",
            "delete_all_object_versions": false,
            "id": "n/lr4poue3hwjl/b/ewp_image_store/o/weddings%2FEllie%20and%20Pete%2F12.jpg",
            "metadata": {},
            "namespace": "lr4poue3hwjl",
            "object": "weddings/Ellie and Pete/12.jpg",
            "opc_sse_kms_key_id": null,
            "source": "../assets/weddings/Ellie and Pete/12.jpg 2014-07-30 16:32:48 +0100 BST",
            "source_uri_details": [],
            "state": "COMPLETED",
            "storage_tier": "Standard",
            "timeouts": null,
            "version_id": "4527031f-68d0-42d3-97ba-a6aa430edb70",
            "work_request_id": ""
          },
          "sensitive_attributes": [],
          "private": "eyJlMmJmYjczMC1lY2FhLTExZTYtOGY4OC0zNDM2M2JjN2M0YzAiOnsiY3JlYXRlIjoxMjAwMDAwMDAwMDAwLCJkZWxldGUiOjEyMDAwMDAwMDAwMDAsInVwZGF0ZSI6MTIwMDAwMDAwMDAwMH19",
          "dependencies": [
            "module.object-storage.oci_objectstorage_bucket.ewp_image_storage"
          ]
        },
        {
          "index_key": 147,
          "schema_version": 0,
          "attributes": {
            "bucket": "ewp_image_store",
            "cache_control": null,
            "content": null,
            "content_disposition": null,
            "content_encoding": null,
            "content_language": null,
            "content_length": "401336",
            "content_md5": "9JRBhCUnWOZM9ypXzFHdMA==",
            "content_type": "image/jpeg",
            "delete_all_object_versions": false,
            "id": "n/lr4poue3hwjl/b/ewp_image_store/o/weddings%2FEllie%20and%20Pete%2F13.jpg",
            "metadata": {},
            "namespace": "lr4poue3hwjl",
            "object": "weddings/Ellie and Pete/13.jpg",
            "opc_sse_kms_key_id": null,
            "source": "../assets/weddings/Ellie and Pete/13.jpg 2014-07-30 16:32:32 +0100 BST",
            "source_uri_details": [],
            "state": "COMPLETED",
            "storage_tier": "Standard",
            "timeouts": null,
            "version_id": "e813e53a-2883-450f-bb3c-fc4ae6fefcde",
            "work_request_id": ""
          },
          "sensitive_attributes": [],
          "private": "eyJlMmJmYjczMC1lY2FhLTExZTYtOGY4OC0zNDM2M2JjN2M0YzAiOnsiY3JlYXRlIjoxMjAwMDAwMDAwMDAwLCJkZWxldGUiOjEyMDAwMDAwMDAwMDAsInVwZGF0ZSI6MTIwMDAwMDAwMDAwMH19",
          "dependencies": [
            "module.object-storage.oci_objectstorage_bucket.ewp_image_storage"
          ]
        },
        {
          "index_key": 148,
          "schema_version": 0,
          "attributes": {
            "bucket": "ewp_image_store",
            "cache_control": null,
            "content": null,
            "content_disposition": null,
            "content_encoding": null,
            "content_language": null,
            "content_length": "454875",
            "content_md5": "gE54uVnDOg72lFzpuRdTyw==",
            "content_type": "image/jpeg",
            "delete_all_object_versions": false,
            "id": "n/lr4poue3hwjl/b/ewp_image_store/o/weddings%2FEllie%20and%20Pete%2F14.jpg",
            "metadata": {},
            "namespace": "lr4poue3hwjl",
            "object": "weddings/Ellie and Pete/14.jpg",
            "opc_sse_kms_key_id": null,
            "source": "../assets/weddings/Ellie and Pete/14.jpg 2014-07-30 16:32:18 +0100 BST",
            "source_uri_details": [],
            "state": "COMPLETED",
            "storage_tier": "Standard",
            "timeouts": null,
            "version_id": "c6e51695-802d-4506-8cc1-d918c67542c2",
            "work_request_id": ""
          },
          "sensitive_attributes": [],
          "private": "eyJlMmJmYjczMC1lY2FhLTExZTYtOGY4OC0zNDM2M2JjN2M0YzAiOnsiY3JlYXRlIjoxMjAwMDAwMDAwMDAwLCJkZWxldGUiOjEyMDAwMDAwMDAwMDAsInVwZGF0ZSI6MTIwMDAwMDAwMDAwMH19",
          "dependencies": [
            "module.object-storage.oci_objectstorage_bucket.ewp_image_storage"
          ]
        },
        {
          "index_key": 149,
          "schema_version": 0,
          "attributes": {
            "bucket": "ewp_image_store",
            "cache_control": null,
            "content": null,
            "content_disposition": null,
            "content_encoding": null,
            "content_language": null,
            "content_length": "498973",
            "content_md5": "Ml+QDUHYWUEqZJBncUhjYg==",
            "content_type": "image/jpeg",
            "delete_all_object_versions": false,
            "id": "n/lr4poue3hwjl/b/ewp_image_store/o/weddings%2FEllie%20and%20Pete%2F15.jpg",
            "metadata": {},
            "namespace": "lr4poue3hwjl",
            "object": "weddings/Ellie and Pete/15.jpg",
            "opc_sse_kms_key_id": null,
            "source": "../assets/weddings/Ellie and Pete/15.jpg 2014-07-30 16:32:03 +0100 BST",
            "source_uri_details": [],
            "state": "COMPLETED",
            "storage_tier": "Standard",
            "timeouts": null,
            "version_id": "612b9359-556f-40cf-8fe5-468a12bf48d3",
            "work_request_id": ""
          },
          "sensitive_attributes": [],
          "private": "eyJlMmJmYjczMC1lY2FhLTExZTYtOGY4OC0zNDM2M2JjN2M0YzAiOnsiY3JlYXRlIjoxMjAwMDAwMDAwMDAwLCJkZWxldGUiOjEyMDAwMDAwMDAwMDAsInVwZGF0ZSI6MTIwMDAwMDAwMDAwMH19",
          "dependencies": [
            "module.object-storage.oci_objectstorage_bucket.ewp_image_storage"
          ]
        },
        {
          "index_key": 150,
          "schema_version": 0,
          "attributes": {
            "bucket": "ewp_image_store",
            "cache_control": null,
            "content": null,
            "content_disposition": null,
            "content_encoding": null,
            "content_language": null,
            "content_length": "422007",
            "content_md5": "lcyL/H31a5V5vGQvjudj8A==",
            "content_type": "image/jpeg",
            "delete_all_object_versions": false,
            "id": "n/lr4poue3hwjl/b/ewp_image_store/o/weddings%2FEllie%20and%20Pete%2F16.jpg",
            "metadata": {},
            "namespace": "lr4poue3hwjl",
            "object": "weddings/Ellie and Pete/16.jpg",
            "opc_sse_kms_key_id": null,
            "source": "../assets/weddings/Ellie and Pete/16.jpg 2014-07-30 16:31:53 +0100 BST",
            "source_uri_details": [],
            "state": "COMPLETED",
            "storage_tier": "Standard",
            "timeouts": null,
            "version_id": "82eb57d3-3a33-4aec-8444-f4e0d0a51318",
            "work_request_id": ""
          },
          "sensitive_attributes": [],
          "private": "eyJlMmJmYjczMC1lY2FhLTExZTYtOGY4OC0zNDM2M2JjN2M0YzAiOnsiY3JlYXRlIjoxMjAwMDAwMDAwMDAwLCJkZWxldGUiOjEyMDAwMDAwMDAwMDAsInVwZGF0ZSI6MTIwMDAwMDAwMDAwMH19",
          "dependencies": [
            "module.object-storage.oci_objectstorage_bucket.ewp_image_storage"
          ]
        },
        {
          "index_key": 151,
          "schema_version": 0,
          "attributes": {
            "bucket": "ewp_image_store",
            "cache_control": null,
            "content": null,
            "content_disposition": null,
            "content_encoding": null,
            "content_language": null,
            "content_length": "411083",
            "content_md5": "HCsLSRNhHBjAmmnVmWAwLw==",
            "content_type": "image/jpeg",
            "delete_all_object_versions": false,
            "id": "n/lr4poue3hwjl/b/ewp_image_store/o/weddings%2FEllie%20and%20Pete%2F17.jpg",
            "metadata": {},
            "namespace": "lr4poue3hwjl",
            "object": "weddings/Ellie and Pete/17.jpg",
            "opc_sse_kms_key_id": null,
            "source": "../assets/weddings/Ellie and Pete/17.jpg 2014-07-30 16:31:38 +0100 BST",
            "source_uri_details": [],
            "state": "COMPLETED",
            "storage_tier": "Standard",
            "timeouts": null,
            "version_id": "ba3b8c7d-c486-4a20-be07-2a23bbdc2be9",
            "work_request_id": ""
          },
          "sensitive_attributes": [],
          "private": "eyJlMmJmYjczMC1lY2FhLTExZTYtOGY4OC0zNDM2M2JjN2M0YzAiOnsiY3JlYXRlIjoxMjAwMDAwMDAwMDAwLCJkZWxldGUiOjEyMDAwMDAwMDAwMDAsInVwZGF0ZSI6MTIwMDAwMDAwMDAwMH19",
          "dependencies": [
            "module.object-storage.oci_objectstorage_bucket.ewp_image_storage"
          ]
        },
        {
          "index_key": 152,
          "schema_version": 0,
          "attributes": {
            "bucket": "ewp_image_store",
            "cache_control": null,
            "content": null,
            "content_disposition": null,
            "content_encoding": null,
            "content_language": null,
            "content_length": "423143",
            "content_md5": "aPuqTVSw3eChHS6YoPDB/A==",
            "content_type": "image/jpeg",
            "delete_all_object_versions": false,
            "id": "n/lr4poue3hwjl/b/ewp_image_store/o/weddings%2FEllie%20and%20Pete%2F18.jpg",
            "metadata": {},
            "namespace": "lr4poue3hwjl",
            "object": "weddings/Ellie and Pete/18.jpg",
            "opc_sse_kms_key_id": null,
            "source": "../assets/weddings/Ellie and Pete/18.jpg 2014-07-30 16:31:25 +0100 BST",
            "source_uri_details": [],
            "state": "COMPLETED",
            "storage_tier": "Standard",
            "timeouts": null,
            "version_id": "9b6bb977-8b09-4a98-82c2-20323f705727",
            "work_request_id": ""
          },
          "sensitive_attributes": [],
          "private": "eyJlMmJmYjczMC1lY2FhLTExZTYtOGY4OC0zNDM2M2JjN2M0YzAiOnsiY3JlYXRlIjoxMjAwMDAwMDAwMDAwLCJkZWxldGUiOjEyMDAwMDAwMDAwMDAsInVwZGF0ZSI6MTIwMDAwMDAwMDAwMH19",
          "dependencies": [
            "module.object-storage.oci_objectstorage_bucket.ewp_image_storage"
          ]
        },
        {
          "index_key": 153,
          "schema_version": 0,
          "attributes": {
            "bucket": "ewp_image_store",
            "cache_control": null,
            "content": null,
            "content_disposition": null,
            "content_encoding": null,
            "content_language": null,
            "content_length": "386691",
            "content_md5": "cI5TQUsQGn9DSXnMbsvLrQ==",
            "content_type": "image/jpeg",
            "delete_all_object_versions": false,
            "id": "n/lr4poue3hwjl/b/ewp_image_store/o/weddings%2FEllie%20and%20Pete%2F19.jpg",
            "metadata": {},
            "namespace": "lr4poue3hwjl",
            "object": "weddings/Ellie and Pete/19.jpg",
            "opc_sse_kms_key_id": null,
            "source": "../assets/weddings/Ellie and Pete/19.jpg 2014-07-30 16:31:13 +0100 BST",
            "source_uri_details": [],
            "state": "COMPLETED",
            "storage_tier": "Standard",
            "timeouts": null,
            "version_id": "88ea4677-3d51-4976-b668-7c4a9ccb57dd",
            "work_request_id": ""
          },
          "sensitive_attributes": [],
          "private": "eyJlMmJmYjczMC1lY2FhLTExZTYtOGY4OC0zNDM2M2JjN2M0YzAiOnsiY3JlYXRlIjoxMjAwMDAwMDAwMDAwLCJkZWxldGUiOjEyMDAwMDAwMDAwMDAsInVwZGF0ZSI6MTIwMDAwMDAwMDAwMH19",
          "dependencies": [
            "module.object-storage.oci_objectstorage_bucket.ewp_image_storage"
          ]
        },
        {
          "index_key": 154,
          "schema_version": 0,
          "attributes": {
            "bucket": "ewp_image_store",
            "cache_control": null,
            "content": null,
            "content_disposition": null,
            "content_encoding": null,
            "content_language": null,
            "content_length": "534913",
            "content_md5": "AXhGaRXW4aYt5cVHN/H4/w==",
            "content_type": "image/jpeg",
            "delete_all_object_versions": false,
            "id": "n/lr4poue3hwjl/b/ewp_image_store/o/weddings%2FEllie%20and%20Pete%2F2.jpg",
            "metadata": {},
            "namespace": "lr4poue3hwjl",
            "object": "weddings/Ellie and Pete/2.jpg",
            "opc_sse_kms_key_id": null,
            "source": "../assets/weddings/Ellie and Pete/2.jpg 2014-07-30 16:34:57 +0100 BST",
            "source_uri_details": [],
            "state": "COMPLETED",
            "storage_tier": "Standard",
            "timeouts": null,
            "version_id": "881e3cb6-4b16-4bb4-8db0-3309de232638",
            "work_request_id": ""
          },
          "sensitive_attributes": [],
          "private": "eyJlMmJmYjczMC1lY2FhLTExZTYtOGY4OC0zNDM2M2JjN2M0YzAiOnsiY3JlYXRlIjoxMjAwMDAwMDAwMDAwLCJkZWxldGUiOjEyMDAwMDAwMDAwMDAsInVwZGF0ZSI6MTIwMDAwMDAwMDAwMH19",
          "dependencies": [
            "module.object-storage.oci_objectstorage_bucket.ewp_image_storage"
          ]
        },
        {
          "index_key": 155,
          "schema_version": 0,
          "attributes": {
            "bucket": "ewp_image_store",
            "cache_control": null,
            "content": null,
            "content_disposition": null,
            "content_encoding": null,
            "content_language": null,
            "content_length": "381831",
            "content_md5": "jKANwoD3z4E3OnXiU4eHfA==",
            "content_type": "image/jpeg",
            "delete_all_object_versions": false,
            "id": "n/lr4poue3hwjl/b/ewp_image_store/o/weddings%2FEllie%20and%20Pete%2F20.jpg",
            "metadata": {},
            "namespace": "lr4poue3hwjl",
            "object": "weddings/Ellie and Pete/20.jpg",
            "opc_sse_kms_key_id": null,
            "source": "../assets/weddings/Ellie and Pete/20.jpg 2014-07-30 16:30:58 +0100 BST",
            "source_uri_details": [],
            "state": "COMPLETED",
            "storage_tier": "Standard",
            "timeouts": null,
            "version_id": "59fd8dec-ec4b-402f-bba7-69f6e60da4fe",
            "work_request_id": ""
          },
          "sensitive_attributes": [],
          "private": "eyJlMmJmYjczMC1lY2FhLTExZTYtOGY4OC0zNDM2M2JjN2M0YzAiOnsiY3JlYXRlIjoxMjAwMDAwMDAwMDAwLCJkZWxldGUiOjEyMDAwMDAwMDAwMDAsInVwZGF0ZSI6MTIwMDAwMDAwMDAwMH19",
          "dependencies": [
            "module.object-storage.oci_objectstorage_bucket.ewp_image_storage"
          ]
        },
        {
          "index_key": 156,
          "schema_version": 0,
          "attributes": {
            "bucket": "ewp_image_store",
            "cache_control": null,
            "content": null,
            "content_disposition": null,
            "content_encoding": null,
            "content_language": null,
            "content_length": "467770",
            "content_md5": "mKRH+IM11d/JSlNA37AAcg==",
            "content_type": "image/jpeg",
            "delete_all_object_versions": false,
            "id": "n/lr4poue3hwjl/b/ewp_image_store/o/weddings%2FEllie%20and%20Pete%2F21.jpg",
            "metadata": {},
            "namespace": "lr4poue3hwjl",
            "object": "weddings/Ellie and Pete/21.jpg",
            "opc_sse_kms_key_id": null,
            "source": "../assets/weddings/Ellie and Pete/21.jpg 2014-07-30 16:30:44 +0100 BST",
            "source_uri_details": [],
            "state": "COMPLETED",
            "storage_tier": "Standard",
            "timeouts": null,
            "version_id": "e3e3e191-85d9-4bcf-869b-059a3db3d3ff",
            "work_request_id": ""
          },
          "sensitive_attributes": [],
          "private": "eyJlMmJmYjczMC1lY2FhLTExZTYtOGY4OC0zNDM2M2JjN2M0YzAiOnsiY3JlYXRlIjoxMjAwMDAwMDAwMDAwLCJkZWxldGUiOjEyMDAwMDAwMDAwMDAsInVwZGF0ZSI6MTIwMDAwMDAwMDAwMH19",
          "dependencies": [
            "module.object-storage.oci_objectstorage_bucket.ewp_image_storage"
          ]
        },
        {
          "index_key": 157,
          "schema_version": 0,
          "attributes": {
            "bucket": "ewp_image_store",
            "cache_control": null,
            "content": null,
            "content_disposition": null,
            "content_encoding": null,
            "content_language": null,
            "content_length": "1168310",
            "content_md5": "hCO/S1e/jUVfM6qlNd7iaw==",
            "content_type": "image/jpeg",
            "delete_all_object_versions": false,
            "id": "n/lr4poue3hwjl/b/ewp_image_store/o/weddings%2FEllie%20and%20Pete%2F22.jpg",
            "metadata": {},
            "namespace": "lr4poue3hwjl",
            "object": "weddings/Ellie and Pete/22.jpg",
            "opc_sse_kms_key_id": null,
            "source": "../assets/weddings/Ellie and Pete/22.jpg 2014-07-30 16:30:32 +0100 BST",
            "source_uri_details": [],
            "state": "COMPLETED",
            "storage_tier": "Standard",
            "timeouts": null,
            "version_id": "bb240bd2-bef2-430f-b7e8-6626ceb8bbbd",
            "work_request_id": ""
          },
          "sensitive_attributes": [],
          "private": "eyJlMmJmYjczMC1lY2FhLTExZTYtOGY4OC0zNDM2M2JjN2M0YzAiOnsiY3JlYXRlIjoxMjAwMDAwMDAwMDAwLCJkZWxldGUiOjEyMDAwMDAwMDAwMDAsInVwZGF0ZSI6MTIwMDAwMDAwMDAwMH19",
          "dependencies": [
            "module.object-storage.oci_objectstorage_bucket.ewp_image_storage"
          ]
        },
        {
          "index_key": 158,
          "schema_version": 0,
          "attributes": {
            "bucket": "ewp_image_store",
            "cache_control": null,
            "content": null,
            "content_disposition": null,
            "content_encoding": null,
            "content_language": null,
            "content_length": "489608",
            "content_md5": "CpQtTeDvTz49jYQk/X6dEA==",
            "content_type": "image/jpeg",
            "delete_all_object_versions": false,
            "id": "n/lr4poue3hwjl/b/ewp_image_store/o/weddings%2FEllie%20and%20Pete%2F23.jpg",
            "metadata": {},
            "namespace": "lr4poue3hwjl",
            "object": "weddings/Ellie and Pete/23.jpg",
            "opc_sse_kms_key_id": null,
            "source": "../assets/weddings/Ellie and Pete/23.jpg 2014-07-30 16:29:37 +0100 BST",
            "source_uri_details": [],
            "state": "COMPLETED",
            "storage_tier": "Standard",
            "timeouts": null,
            "version_id": "b3f8c341-8da0-47d8-9558-94a0940bd592",
            "work_request_id": ""
          },
          "sensitive_attributes": [],
          "private": "eyJlMmJmYjczMC1lY2FhLTExZTYtOGY4OC0zNDM2M2JjN2M0YzAiOnsiY3JlYXRlIjoxMjAwMDAwMDAwMDAwLCJkZWxldGUiOjEyMDAwMDAwMDAwMDAsInVwZGF0ZSI6MTIwMDAwMDAwMDAwMH19",
          "dependencies": [
            "module.object-storage.oci_objectstorage_bucket.ewp_image_storage"
          ]
        },
        {
          "index_key": 159,
          "schema_version": 0,
          "attributes": {
            "bucket": "ewp_image_store",
            "cache_control": null,
            "content": null,
            "content_disposition": null,
            "content_encoding": null,
            "content_language": null,
            "content_length": "497601",
            "content_md5": "o0E6vumXz47oT/AM5D6nSg==",
            "content_type": "image/jpeg",
            "delete_all_object_versions": false,
            "id": "n/lr4poue3hwjl/b/ewp_image_store/o/weddings%2FEllie%20and%20Pete%2F24.jpg",
            "metadata": {},
            "namespace": "lr4poue3hwjl",
            "object": "weddings/Ellie and Pete/24.jpg",
            "opc_sse_kms_key_id": null,
            "source": "../assets/weddings/Ellie and Pete/24.jpg 2014-07-30 16:29:23 +0100 BST",
            "source_uri_details": [],
            "state": "COMPLETED",
            "storage_tier": "Standard",
            "timeouts": null,
            "version_id": "d4d5fecf-52cd-4469-9502-f962eaee9528",
            "work_request_id": ""
          },
          "sensitive_attributes": [],
          "private": "eyJlMmJmYjczMC1lY2FhLTExZTYtOGY4OC0zNDM2M2JjN2M0YzAiOnsiY3JlYXRlIjoxMjAwMDAwMDAwMDAwLCJkZWxldGUiOjEyMDAwMDAwMDAwMDAsInVwZGF0ZSI6MTIwMDAwMDAwMDAwMH19",
          "dependencies": [
            "module.object-storage.oci_objectstorage_bucket.ewp_image_storage"
          ]
        },
        {
          "index_key": 160,
          "schema_version": 0,
          "attributes": {
            "bucket": "ewp_image_store",
            "cache_control": null,
            "content": null,
            "content_disposition": null,
            "content_encoding": null,
            "content_language": null,
            "content_length": "517454",
            "content_md5": "jhsafJ84zKOgubCymYlZOA==",
            "content_type": "image/jpeg",
            "delete_all_object_versions": false,
            "id": "n/lr4poue3hwjl/b/ewp_image_store/o/weddings%2FEllie%20and%20Pete%2F25.jpg",
            "metadata": {},
            "namespace": "lr4poue3hwjl",
            "object": "weddings/Ellie and Pete/25.jpg",
            "opc_sse_kms_key_id": null,
            "source": "../assets/weddings/Ellie and Pete/25.jpg 2014-07-30 16:29:09 +0100 BST",
            "source_uri_details": [],
            "state": "COMPLETED",
            "storage_tier": "Standard",
            "timeouts": null,
            "version_id": "c681e0f7-1df5-464e-82d2-90fae6798269",
            "work_request_id": ""
          },
          "sensitive_attributes": [],
          "private": "eyJlMmJmYjczMC1lY2FhLTExZTYtOGY4OC0zNDM2M2JjN2M0YzAiOnsiY3JlYXRlIjoxMjAwMDAwMDAwMDAwLCJkZWxldGUiOjEyMDAwMDAwMDAwMDAsInVwZGF0ZSI6MTIwMDAwMDAwMDAwMH19",
          "dependencies": [
            "module.object-storage.oci_objectstorage_bucket.ewp_image_storage"
          ]
        },
        {
          "index_key": 161,
          "schema_version": 0,
          "attributes": {
            "bucket": "ewp_image_store",
            "cache_control": null,
            "content": null,
            "content_disposition": null,
            "content_encoding": null,
            "content_language": null,
            "content_length": "569401",
            "content_md5": "Wjdpvlaw92wNBvMFP2KrxA==",
            "content_type": "image/jpeg",
            "delete_all_object_versions": false,
            "id": "n/lr4poue3hwjl/b/ewp_image_store/o/weddings%2FEllie%20and%20Pete%2F26.jpg",
            "metadata": {},
            "namespace": "lr4poue3hwjl",
            "object": "weddings/Ellie and Pete/26.jpg",
            "opc_sse_kms_key_id": null,
            "source": "../assets/weddings/Ellie and Pete/26.jpg 2014-07-30 16:28:57 +0100 BST",
            "source_uri_details": [],
            "state": "COMPLETED",
            "storage_tier": "Standard",
            "timeouts": null,
            "version_id": "5a68848a-10ed-4d06-bcd0-b81d5ceb9c44",
            "work_request_id": ""
          },
          "sensitive_attributes": [],
          "private": "eyJlMmJmYjczMC1lY2FhLTExZTYtOGY4OC0zNDM2M2JjN2M0YzAiOnsiY3JlYXRlIjoxMjAwMDAwMDAwMDAwLCJkZWxldGUiOjEyMDAwMDAwMDAwMDAsInVwZGF0ZSI6MTIwMDAwMDAwMDAwMH19",
          "dependencies": [
            "module.object-storage.oci_objectstorage_bucket.ewp_image_storage"
          ]
        },
        {
          "index_key": 162,
          "schema_version": 0,
          "attributes": {
            "bucket": "ewp_image_store",
            "cache_control": null,
            "content": null,
            "content_disposition": null,
            "content_encoding": null,
            "content_language": null,
            "content_length": "568872",
            "content_md5": "ruq3B9MlDS7HctOrwMDqQg==",
            "content_type": "image/jpeg",
            "delete_all_object_versions": false,
            "id": "n/lr4poue3hwjl/b/ewp_image_store/o/weddings%2FEllie%20and%20Pete%2F27.jpg",
            "metadata": {},
            "namespace": "lr4poue3hwjl",
            "object": "weddings/Ellie and Pete/27.jpg",
            "opc_sse_kms_key_id": null,
            "source": "../assets/weddings/Ellie and Pete/27.jpg 2014-07-30 16:28:35 +0100 BST",
            "source_uri_details": [],
            "state": "COMPLETED",
            "storage_tier": "Standard",
            "timeouts": null,
            "version_id": "78582641-24ee-4c02-801f-5905fe2d506c",
            "work_request_id": ""
          },
          "sensitive_attributes": [],
          "private": "eyJlMmJmYjczMC1lY2FhLTExZTYtOGY4OC0zNDM2M2JjN2M0YzAiOnsiY3JlYXRlIjoxMjAwMDAwMDAwMDAwLCJkZWxldGUiOjEyMDAwMDAwMDAwMDAsInVwZGF0ZSI6MTIwMDAwMDAwMDAwMH19",
          "dependencies": [
            "module.object-storage.oci_objectstorage_bucket.ewp_image_storage"
          ]
        },
        {
          "index_key": 163,
          "schema_version": 0,
          "attributes": {
            "bucket": "ewp_image_store",
            "cache_control": null,
            "content": null,
            "content_disposition": null,
            "content_encoding": null,
            "content_language": null,
            "content_length": "430036",
            "content_md5": "UsbntTFX59al7Ml023YRLw==",
            "content_type": "image/jpeg",
            "delete_all_object_versions": false,
            "id": "n/lr4poue3hwjl/b/ewp_image_store/o/weddings%2FEllie%20and%20Pete%2F28.jpg",
            "metadata": {},
            "namespace": "lr4poue3hwjl",
            "object": "weddings/Ellie and Pete/28.jpg",
            "opc_sse_kms_key_id": null,
            "source": "../assets/weddings/Ellie and Pete/28.jpg 2014-07-30 16:28:17 +0100 BST",
            "source_uri_details": [],
            "state": "COMPLETED",
            "storage_tier": "Standard",
            "timeouts": null,
            "version_id": "82ebff61-7b4f-4596-b096-b61b53f3a342",
            "work_request_id": ""
          },
          "sensitive_attributes": [],
          "private": "eyJlMmJmYjczMC1lY2FhLTExZTYtOGY4OC0zNDM2M2JjN2M0YzAiOnsiY3JlYXRlIjoxMjAwMDAwMDAwMDAwLCJkZWxldGUiOjEyMDAwMDAwMDAwMDAsInVwZGF0ZSI6MTIwMDAwMDAwMDAwMH19",
          "dependencies": [
            "module.object-storage.oci_objectstorage_bucket.ewp_image_storage"
          ]
        },
        {
          "index_key": 164,
          "schema_version": 0,
          "attributes": {
            "bucket": "ewp_image_store",
            "cache_control": null,
            "content": null,
            "content_disposition": null,
            "content_encoding": null,
            "content_language": null,
            "content_length": "539155",
            "content_md5": "vpz9o55Kn7KWlHytMdHbww==",
            "content_type": "image/jpeg",
            "delete_all_object_versions": false,
            "id": "n/lr4poue3hwjl/b/ewp_image_store/o/weddings%2FEllie%20and%20Pete%2F29.jpg",
            "metadata": {},
            "namespace": "lr4poue3hwjl",
            "object": "weddings/Ellie and Pete/29.jpg",
            "opc_sse_kms_key_id": null,
            "source": "../assets/weddings/Ellie and Pete/29.jpg 2014-07-30 16:28:01 +0100 BST",
            "source_uri_details": [],
            "state": "COMPLETED",
            "storage_tier": "Standard",
            "timeouts": null,
            "version_id": "0003550f-0dc0-4dbf-bb34-61ddf405c4ae",
            "work_request_id": ""
          },
          "sensitive_attributes": [],
          "private": "eyJlMmJmYjczMC1lY2FhLTExZTYtOGY4OC0zNDM2M2JjN2M0YzAiOnsiY3JlYXRlIjoxMjAwMDAwMDAwMDAwLCJkZWxldGUiOjEyMDAwMDAwMDAwMDAsInVwZGF0ZSI6MTIwMDAwMDAwMDAwMH19",
          "dependencies": [
            "module.object-storage.oci_objectstorage_bucket.ewp_image_storage"
          ]
        },
        {
          "index_key": 165,
          "schema_version": 0,
          "attributes": {
            "bucket": "ewp_image_store",
            "cache_control": null,
            "content": null,
            "content_disposition": null,
            "content_encoding": null,
            "content_language": null,
            "content_length": "343182",
            "content_md5": "ZEvvDMrkjLUARpGG+mndxg==",
            "content_type": "image/jpeg",
            "delete_all_object_versions": false,
            "id": "n/lr4poue3hwjl/b/ewp_image_store/o/weddings%2FEllie%20and%20Pete%2F3.jpg",
            "metadata": {},
            "namespace": "lr4poue3hwjl",
            "object": "weddings/Ellie and Pete/3.jpg",
            "opc_sse_kms_key_id": null,
            "source": "../assets/weddings/Ellie and Pete/3.jpg 2014-07-30 16:34:44 +0100 BST",
            "source_uri_details": [],
            "state": "COMPLETED",
            "storage_tier": "Standard",
            "timeouts": null,
            "version_id": "e85d5cc1-e1b9-46a0-a89f-06131ea91138",
            "work_request_id": ""
          },
          "sensitive_attributes": [],
          "private": "eyJlMmJmYjczMC1lY2FhLTExZTYtOGY4OC0zNDM2M2JjN2M0YzAiOnsiY3JlYXRlIjoxMjAwMDAwMDAwMDAwLCJkZWxldGUiOjEyMDAwMDAwMDAwMDAsInVwZGF0ZSI6MTIwMDAwMDAwMDAwMH19",
          "dependencies": [
            "module.object-storage.oci_objectstorage_bucket.ewp_image_storage"
          ]
        },
        {
          "index_key": 166,
          "schema_version": 0,
          "attributes": {
            "bucket": "ewp_image_store",
            "cache_control": null,
            "content": null,
            "content_disposition": null,
            "content_encoding": null,
            "content_language": null,
            "content_length": "529650",
            "content_md5": "ZFJE+WVlojP0YCfokddAUQ==",
            "content_type": "image/jpeg",
            "delete_all_object_versions": false,
            "id": "n/lr4poue3hwjl/b/ewp_image_store/o/weddings%2FEllie%20and%20Pete%2F30.jpg",
            "metadata": {},
            "namespace": "lr4poue3hwjl",
            "object": "weddings/Ellie and Pete/30.jpg",
            "opc_sse_kms_key_id": null,
            "source": "../assets/weddings/Ellie and Pete/30.jpg 2014-07-30 16:27:40 +0100 BST",
            "source_uri_details": [],
            "state": "COMPLETED",
            "storage_tier": "Standard",
            "timeouts": null,
            "version_id": "cf319991-c439-4675-91b1-50d4d21f8b5c",
            "work_request_id": ""
          },
          "sensitive_attributes": [],
          "private": "eyJlMmJmYjczMC1lY2FhLTExZTYtOGY4OC0zNDM2M2JjN2M0YzAiOnsiY3JlYXRlIjoxMjAwMDAwMDAwMDAwLCJkZWxldGUiOjEyMDAwMDAwMDAwMDAsInVwZGF0ZSI6MTIwMDAwMDAwMDAwMH19",
          "dependencies": [
            "module.object-storage.oci_objectstorage_bucket.ewp_image_storage"
          ]
        },
        {
          "index_key": 167,
          "schema_version": 0,
          "attributes": {
            "bucket": "ewp_image_store",
            "cache_control": null,
            "content": null,
            "content_disposition": null,
            "content_encoding": null,
            "content_language": null,
            "content_length": "541616",
            "content_md5": "B/gNUH60eAq8hWjdj6v0pA==",
            "content_type": "image/jpeg",
            "delete_all_object_versions": false,
            "id": "n/lr4poue3hwjl/b/ewp_image_store/o/weddings%2FEllie%20and%20Pete%2F31.jpg",
            "metadata": {},
            "namespace": "lr4poue3hwjl",
            "object": "weddings/Ellie and Pete/31.jpg",
            "opc_sse_kms_key_id": null,
            "source": "../assets/weddings/Ellie and Pete/31.jpg 2014-07-30 16:35:23 +0100 BST",
            "source_uri_details": [],
            "state": "COMPLETED",
            "storage_tier": "Standard",
            "timeouts": null,
            "version_id": "3258b2c6-9159-40dc-a353-f7a97f8ebd50",
            "work_request_id": ""
          },
          "sensitive_attributes": [],
          "private": "eyJlMmJmYjczMC1lY2FhLTExZTYtOGY4OC0zNDM2M2JjN2M0YzAiOnsiY3JlYXRlIjoxMjAwMDAwMDAwMDAwLCJkZWxldGUiOjEyMDAwMDAwMDAwMDAsInVwZGF0ZSI6MTIwMDAwMDAwMDAwMH19",
          "dependencies": [
            "module.object-storage.oci_objectstorage_bucket.ewp_image_storage"
          ]
        },
        {
          "index_key": 168,
          "schema_version": 0,
          "attributes": {
            "bucket": "ewp_image_store",
            "cache_control": null,
            "content": null,
            "content_disposition": null,
            "content_encoding": null,
            "content_language": null,
            "content_length": "533774",
            "content_md5": "Per/Z4+HEuJIavOsktJYqQ==",
            "content_type": "image/jpeg",
            "delete_all_object_versions": false,
            "id": "n/lr4poue3hwjl/b/ewp_image_store/o/weddings%2FEllie%20and%20Pete%2F32.jpg",
            "metadata": {},
            "namespace": "lr4poue3hwjl",
            "object": "weddings/Ellie and Pete/32.jpg",
            "opc_sse_kms_key_id": null,
            "source": "../assets/weddings/Ellie and Pete/32.jpg 2014-07-30 16:26:54 +0100 BST",
            "source_uri_details": [],
            "state": "COMPLETED",
            "storage_tier": "Standard",
            "timeouts": null,
            "version_id": "a299d31c-bc32-46c1-809c-a1a51f13c85a",
            "work_request_id": ""
          },
          "sensitive_attributes": [],
          "private": "eyJlMmJmYjczMC1lY2FhLTExZTYtOGY4OC0zNDM2M2JjN2M0YzAiOnsiY3JlYXRlIjoxMjAwMDAwMDAwMDAwLCJkZWxldGUiOjEyMDAwMDAwMDAwMDAsInVwZGF0ZSI6MTIwMDAwMDAwMDAwMH19",
          "dependencies": [
            "module.object-storage.oci_objectstorage_bucket.ewp_image_storage"
          ]
        },
        {
          "index_key": 169,
          "schema_version": 0,
          "attributes": {
            "bucket": "ewp_image_store",
            "cache_control": null,
            "content": null,
            "content_disposition": null,
            "content_encoding": null,
            "content_language": null,
            "content_length": "440535",
            "content_md5": "v2UIbz+3sML8BRqd/KC9Kg==",
            "content_type": "image/jpeg",
            "delete_all_object_versions": false,
            "id": "n/lr4poue3hwjl/b/ewp_image_store/o/weddings%2FEllie%20and%20Pete%2F33.jpg",
            "metadata": {},
            "namespace": "lr4poue3hwjl",
            "object": "weddings/Ellie and Pete/33.jpg",
            "opc_sse_kms_key_id": null,
            "source": "../assets/weddings/Ellie and Pete/33.jpg 2014-07-30 16:26:26 +0100 BST",
            "source_uri_details": [],
            "state": "COMPLETED",
            "storage_tier": "Standard",
            "timeouts": null,
            "version_id": "ac5e4d54-adaf-4035-af24-687d78cea615",
            "work_request_id": ""
          },
          "sensitive_attributes": [],
          "private": "eyJlMmJmYjczMC1lY2FhLTExZTYtOGY4OC0zNDM2M2JjN2M0YzAiOnsiY3JlYXRlIjoxMjAwMDAwMDAwMDAwLCJkZWxldGUiOjEyMDAwMDAwMDAwMDAsInVwZGF0ZSI6MTIwMDAwMDAwMDAwMH19",
          "dependencies": [
            "module.object-storage.oci_objectstorage_bucket.ewp_image_storage"
          ]
        },
        {
          "index_key": 170,
          "schema_version": 0,
          "attributes": {
            "bucket": "ewp_image_store",
            "cache_control": null,
            "content": null,
            "content_disposition": null,
            "content_encoding": null,
            "content_language": null,
            "content_length": "337806",
            "content_md5": "qVxOYJmyJbzVzU1nxCPNgg==",
            "content_type": "image/jpeg",
            "delete_all_object_versions": false,
            "id": "n/lr4poue3hwjl/b/ewp_image_store/o/weddings%2FEllie%20and%20Pete%2F4.jpg",
            "metadata": {},
            "namespace": "lr4poue3hwjl",
            "object": "weddings/Ellie and Pete/4.jpg",
            "opc_sse_kms_key_id": null,
            "source": "../assets/weddings/Ellie and Pete/4.jpg 2014-07-30 16:34:30 +0100 BST",
            "source_uri_details": [],
            "state": "COMPLETED",
            "storage_tier": "Standard",
            "timeouts": null,
            "version_id": "09ba8f08-3d56-4174-aaf9-cf31a3e88583",
            "work_request_id": ""
          },
          "sensitive_attributes": [],
          "private": "eyJlMmJmYjczMC1lY2FhLTExZTYtOGY4OC0zNDM2M2JjN2M0YzAiOnsiY3JlYXRlIjoxMjAwMDAwMDAwMDAwLCJkZWxldGUiOjEyMDAwMDAwMDAwMDAsInVwZGF0ZSI6MTIwMDAwMDAwMDAwMH19",
          "dependencies": [
            "module.object-storage.oci_objectstorage_bucket.ewp_image_storage"
          ]
        },
        {
          "index_key": 171,
          "schema_version": 0,
          "attributes": {
            "bucket": "ewp_image_store",
            "cache_control": null,
            "content": null,
            "content_disposition": null,
            "content_encoding": null,
            "content_language": null,
            "content_length": "372027",
            "content_md5": "9vtkOeEARt6J7pnVf+nJkA==",
            "content_type": "image/jpeg",
            "delete_all_object_versions": false,
            "id": "n/lr4poue3hwjl/b/ewp_image_store/o/weddings%2FEllie%20and%20Pete%2F5.jpg",
            "metadata": {},
            "namespace": "lr4poue3hwjl",
            "object": "weddings/Ellie and Pete/5.jpg",
            "opc_sse_kms_key_id": null,
            "source": "../assets/weddings/Ellie and Pete/5.jpg 2014-07-30 16:34:17 +0100 BST",
            "source_uri_details": [],
            "state": "COMPLETED",
            "storage_tier": "Standard",
            "timeouts": null,
            "version_id": "a81d2061-67a1-4531-aacf-6cc3898bf007",
            "work_request_id": ""
          },
          "sensitive_attributes": [],
          "private": "eyJlMmJmYjczMC1lY2FhLTExZTYtOGY4OC0zNDM2M2JjN2M0YzAiOnsiY3JlYXRlIjoxMjAwMDAwMDAwMDAwLCJkZWxldGUiOjEyMDAwMDAwMDAwMDAsInVwZGF0ZSI6MTIwMDAwMDAwMDAwMH19",
          "dependencies": [
            "module.object-storage.oci_objectstorage_bucket.ewp_image_storage"
          ]
        },
        {
          "index_key": 172,
          "schema_version": 0,
          "attributes": {
            "bucket": "ewp_image_store",
            "cache_control": null,
            "content": null,
            "content_disposition": null,
            "content_encoding": null,
            "content_language": null,
            "content_length": "441455",
            "content_md5": "qnhlK29CgvBHcbuvlH58pg==",
            "content_type": "image/jpeg",
            "delete_all_object_versions": false,
            "id": "n/lr4poue3hwjl/b/ewp_image_store/o/weddings%2FEllie%20and%20Pete%2F6.jpg",
            "metadata": {},
            "namespace": "lr4poue3hwjl",
            "object": "weddings/Ellie and Pete/6.jpg",
            "opc_sse_kms_key_id": null,
            "source": "../assets/weddings/Ellie and Pete/6.jpg 2014-07-30 16:34:04 +0100 BST",
            "source_uri_details": [],
            "state": "COMPLETED",
            "storage_tier": "Standard",
            "timeouts": null,
            "version_id": "e7403abc-3452-4ae0-bc51-6312fd39ae0c",
            "work_request_id": ""
          },
          "sensitive_attributes": [],
          "private": "eyJlMmJmYjczMC1lY2FhLTExZTYtOGY4OC0zNDM2M2JjN2M0YzAiOnsiY3JlYXRlIjoxMjAwMDAwMDAwMDAwLCJkZWxldGUiOjEyMDAwMDAwMDAwMDAsInVwZGF0ZSI6MTIwMDAwMDAwMDAwMH19",
          "dependencies": [
            "module.object-storage.oci_objectstorage_bucket.ewp_image_storage"
          ]
        },
        {
          "index_key": 173,
          "schema_version": 0,
          "attributes": {
            "bucket": "ewp_image_store",
            "cache_control": null,
            "content": null,
            "content_disposition": null,
            "content_encoding": null,
            "content_language": null,
            "content_length": "519863",
            "content_md5": "qtOjor7fgOZ/PvC6US16xw==",
            "content_type": "image/jpeg",
            "delete_all_object_versions": false,
            "id": "n/lr4poue3hwjl/b/ewp_image_store/o/weddings%2FEllie%20and%20Pete%2F7.jpg",
            "metadata": {},
            "namespace": "lr4poue3hwjl",
            "object": "weddings/Ellie and Pete/7.jpg",
            "opc_sse_kms_key_id": null,
            "source": "../assets/weddings/Ellie and Pete/7.jpg 2014-07-30 16:33:50 +0100 BST",
            "source_uri_details": [],
            "state": "COMPLETED",
            "storage_tier": "Standard",
            "timeouts": null,
            "version_id": "e2da86a1-bbbf-4768-b158-231d3ddab798",
            "work_request_id": ""
          },
          "sensitive_attributes": [],
          "private": "eyJlMmJmYjczMC1lY2FhLTExZTYtOGY4OC0zNDM2M2JjN2M0YzAiOnsiY3JlYXRlIjoxMjAwMDAwMDAwMDAwLCJkZWxldGUiOjEyMDAwMDAwMDAwMDAsInVwZGF0ZSI6MTIwMDAwMDAwMDAwMH19",
          "dependencies": [
            "module.object-storage.oci_objectstorage_bucket.ewp_image_storage"
          ]
        },
        {
          "index_key": 174,
          "schema_version": 0,
          "attributes": {
            "bucket": "ewp_image_store",
            "cache_control": null,
            "content": null,
            "content_disposition": null,
            "content_encoding": null,
            "content_language": null,
            "content_length": "409672",
            "content_md5": "T+TL1NnenFgTiJiWhvkIAQ==",
            "content_type": "image/jpeg",
            "delete_all_object_versions": false,
            "id": "n/lr4poue3hwjl/b/ewp_image_store/o/weddings%2FEllie%20and%20Pete%2F8.jpg",
            "metadata": {},
            "namespace": "lr4poue3hwjl",
            "object": "weddings/Ellie and Pete/8.jpg",
            "opc_sse_kms_key_id": null,
            "source": "../assets/weddings/Ellie and Pete/8.jpg 2014-07-30 16:33:39 +0100 BST",
            "source_uri_details": [],
            "state": "COMPLETED",
            "storage_tier": "Standard",
            "timeouts": null,
            "version_id": "dcdc9720-69d1-417d-ad28-32fa89874972",
            "work_request_id": ""
          },
          "sensitive_attributes": [],
          "private": "eyJlMmJmYjczMC1lY2FhLTExZTYtOGY4OC0zNDM2M2JjN2M0YzAiOnsiY3JlYXRlIjoxMjAwMDAwMDAwMDAwLCJkZWxldGUiOjEyMDAwMDAwMDAwMDAsInVwZGF0ZSI6MTIwMDAwMDAwMDAwMH19",
          "dependencies": [
            "module.object-storage.oci_objectstorage_bucket.ewp_image_storage"
          ]
        },
        {
          "index_key": 175,
          "schema_version": 0,
          "attributes": {
            "bucket": "ewp_image_store",
            "cache_control": null,
            "content": null,
            "content_disposition": null,
            "content_encoding": null,
            "content_language": null,
            "content_length": "542963",
            "content_md5": "q9B42E3iwGQTPjbRlJlS2g==",
            "content_type": "image/jpeg",
            "delete_all_object_versions": false,
            "id": "n/lr4poue3hwjl/b/ewp_image_store/o/weddings%2FEllie%20and%20Pete%2F9.jpg",
            "metadata": {},
            "namespace": "lr4poue3hwjl",
            "object": "weddings/Ellie and Pete/9.jpg",
            "opc_sse_kms_key_id": null,
            "source": "../assets/weddings/Ellie and Pete/9.jpg 2014-07-30 16:33:30 +0100 BST",
            "source_uri_details": [],
            "state": "COMPLETED",
            "storage_tier": "Standard",
            "timeouts": null,
            "version_id": "e73c19e4-9340-4dd2-99d5-ccec1f7627af",
            "work_request_id": ""
          },
          "sensitive_attributes": [],
          "private": "eyJlMmJmYjczMC1lY2FhLTExZTYtOGY4OC0zNDM2M2JjN2M0YzAiOnsiY3JlYXRlIjoxMjAwMDAwMDAwMDAwLCJkZWxldGUiOjEyMDAwMDAwMDAwMDAsInVwZGF0ZSI6MTIwMDAwMDAwMDAwMH19",
          "dependencies": [
            "module.object-storage.oci_objectstorage_bucket.ewp_image_storage"
          ]
        },
        {
          "index_key": 176,
          "schema_version": 0,
          "attributes": {
            "bucket": "ewp_image_store",
            "cache_control": null,
            "content": null,
            "content_disposition": null,
            "content_encoding": null,
            "content_language": null,
            "content_length": "1168310",
            "content_md5": "hCO/S1e/jUVfM6qlNd7iaw==",
            "content_type": "image/jpeg",
            "delete_all_object_versions": false,
            "id": "n/lr4poue3hwjl/b/ewp_image_store/o/weddings%2FEllie%20and%20Pete%2Fcover.jpg",
            "metadata": {},
            "namespace": "lr4poue3hwjl",
            "object": "weddings/Ellie and Pete/cover.jpg",
            "opc_sse_kms_key_id": null,
            "source": "../assets/weddings/Ellie and Pete/cover.jpg 2014-07-30 16:30:32 +0100 BST",
            "source_uri_details": [],
            "state": "COMPLETED",
            "storage_tier": "Standard",
            "timeouts": null,
            "version_id": "e1ab74ce-92f2-4d86-835d-eb48e9f66b88",
            "work_request_id": ""
          },
          "sensitive_attributes": [],
          "private": "eyJlMmJmYjczMC1lY2FhLTExZTYtOGY4OC0zNDM2M2JjN2M0YzAiOnsiY3JlYXRlIjoxMjAwMDAwMDAwMDAwLCJkZWxldGUiOjEyMDAwMDAwMDAwMDAsInVwZGF0ZSI6MTIwMDAwMDAwMDAwMH19",
          "dependencies": [
            "module.object-storage.oci_objectstorage_bucket.ewp_image_storage"
          ]
        },
        {
          "index_key": 177,
          "schema_version": 0,
          "attributes": {
            "bucket": "ewp_image_store",
            "cache_control": null,
            "content": null,
            "content_disposition": null,
            "content_encoding": null,
            "content_language": null,
            "content_length": "506520",
            "content_md5": "uz8hdAirlUb7+eVHplArEw==",
            "content_type": "image/jpeg",
            "delete_all_object_versions": false,
            "id": "n/lr4poue3hwjl/b/ewp_image_store/o/weddings%2FSarah%20and%20Toma%2F1.jpg",
            "metadata": {},
            "namespace": "lr4poue3hwjl",
            "object": "weddings/Sarah and Toma/1.jpg",
            "opc_sse_kms_key_id": null,
            "source": "../assets/weddings/Sarah and Toma/1.jpg 2014-07-30 18:06:33 +0100 BST",
            "source_uri_details": [],
            "state": "COMPLETED",
            "storage_tier": "Standard",
            "timeouts": null,
            "version_id": "1b1c5208-dc14-43ad-9a8b-144fcb5f7f10",
            "work_request_id": ""
          },
          "sensitive_attributes": [],
          "private": "eyJlMmJmYjczMC1lY2FhLTExZTYtOGY4OC0zNDM2M2JjN2M0YzAiOnsiY3JlYXRlIjoxMjAwMDAwMDAwMDAwLCJkZWxldGUiOjEyMDAwMDAwMDAwMDAsInVwZGF0ZSI6MTIwMDAwMDAwMDAwMH19",
          "dependencies": [
            "module.object-storage.oci_objectstorage_bucket.ewp_image_storage"
          ]
        },
        {
          "index_key": 178,
          "schema_version": 0,
          "attributes": {
            "bucket": "ewp_image_store",
            "cache_control": null,
            "content": null,
            "content_disposition": null,
            "content_encoding": null,
            "content_language": null,
            "content_length": "490563",
            "content_md5": "DQOYWOQkS73F5mmW1Ydy/Q==",
            "content_type": "image/jpeg",
            "delete_all_object_versions": false,
            "id": "n/lr4poue3hwjl/b/ewp_image_store/o/weddings%2FSarah%20and%20Toma%2F10.jpg",
            "metadata": {},
            "namespace": "lr4poue3hwjl",
            "object": "weddings/Sarah and Toma/10.jpg",
            "opc_sse_kms_key_id": null,
            "source": "../assets/weddings/Sarah and Toma/10.jpg 2014-07-30 18:03:06 +0100 BST",
            "source_uri_details": [],
            "state": "COMPLETED",
            "storage_tier": "Standard",
            "timeouts": null,
            "version_id": "1bb89348-1ca2-441f-bceb-315fa8bf9dc9",
            "work_request_id": ""
          },
          "sensitive_attributes": [],
          "private": "eyJlMmJmYjczMC1lY2FhLTExZTYtOGY4OC0zNDM2M2JjN2M0YzAiOnsiY3JlYXRlIjoxMjAwMDAwMDAwMDAwLCJkZWxldGUiOjEyMDAwMDAwMDAwMDAsInVwZGF0ZSI6MTIwMDAwMDAwMDAwMH19",
          "dependencies": [
            "module.object-storage.oci_objectstorage_bucket.ewp_image_storage"
          ]
        },
        {
          "index_key": 179,
          "schema_version": 0,
          "attributes": {
            "bucket": "ewp_image_store",
            "cache_control": null,
            "content": null,
            "content_disposition": null,
            "content_encoding": null,
            "content_language": null,
            "content_length": "480063",
            "content_md5": "/LNx8Han4KxPZxCOc+f5hQ==",
            "content_type": "image/jpeg",
            "delete_all_object_versions": false,
            "id": "n/lr4poue3hwjl/b/ewp_image_store/o/weddings%2FSarah%20and%20Toma%2F11.jpg",
            "metadata": {},
            "namespace": "lr4poue3hwjl",
            "object": "weddings/Sarah and Toma/11.jpg",
            "opc_sse_kms_key_id": null,
            "source": "../assets/weddings/Sarah and Toma/11.jpg 2014-07-30 18:03:20 +0100 BST",
            "source_uri_details": [],
            "state": "COMPLETED",
            "storage_tier": "Standard",
            "timeouts": null,
            "version_id": "617c762b-9de5-4660-a1ba-5eb8b76bf67e",
            "work_request_id": ""
          },
          "sensitive_attributes": [],
          "private": "eyJlMmJmYjczMC1lY2FhLTExZTYtOGY4OC0zNDM2M2JjN2M0YzAiOnsiY3JlYXRlIjoxMjAwMDAwMDAwMDAwLCJkZWxldGUiOjEyMDAwMDAwMDAwMDAsInVwZGF0ZSI6MTIwMDAwMDAwMDAwMH19",
          "dependencies": [
            "module.object-storage.oci_objectstorage_bucket.ewp_image_storage"
          ]
        },
        {
          "index_key": 180,
          "schema_version": 0,
          "attributes": {
            "bucket": "ewp_image_store",
            "cache_control": null,
            "content": null,
            "content_disposition": null,
            "content_encoding": null,
            "content_language": null,
            "content_length": "419200",
            "content_md5": "O6cocec6OXMD0JPg2YS7UQ==",
            "content_type": "image/jpeg",
            "delete_all_object_versions": false,
            "id": "n/lr4poue3hwjl/b/ewp_image_store/o/weddings%2FSarah%20and%20Toma%2F12.jpg",
            "metadata": {},
            "namespace": "lr4poue3hwjl",
            "object": "weddings/Sarah and Toma/12.jpg",
            "opc_sse_kms_key_id": null,
            "source": "../assets/weddings/Sarah and Toma/12.jpg 2014-07-30 18:02:53 +0100 BST",
            "source_uri_details": [],
            "state": "COMPLETED",
            "storage_tier": "Standard",
            "timeouts": null,
            "version_id": "cfc110ce-aa6e-4495-8aa6-5cd2133a102c",
            "work_request_id": ""
          },
          "sensitive_attributes": [],
          "private": "eyJlMmJmYjczMC1lY2FhLTExZTYtOGY4OC0zNDM2M2JjN2M0YzAiOnsiY3JlYXRlIjoxMjAwMDAwMDAwMDAwLCJkZWxldGUiOjEyMDAwMDAwMDAwMDAsInVwZGF0ZSI6MTIwMDAwMDAwMDAwMH19",
          "dependencies": [
            "module.object-storage.oci_objectstorage_bucket.ewp_image_storage"
          ]
        },
        {
          "index_key": 181,
          "schema_version": 0,
          "attributes": {
            "bucket": "ewp_image_store",
            "cache_control": null,
            "content": null,
            "content_disposition": null,
            "content_encoding": null,
            "content_language": null,
            "content_length": "453421",
            "content_md5": "SzM1UTtA4xZR/nN9XXeMqg==",
            "content_type": "image/jpeg",
            "delete_all_object_versions": false,
            "id": "n/lr4poue3hwjl/b/ewp_image_store/o/weddings%2FSarah%20and%20Toma%2F13.jpg",
            "metadata": {},
            "namespace": "lr4poue3hwjl",
            "object": "weddings/Sarah and Toma/13.jpg",
            "opc_sse_kms_key_id": null,
            "source": "../assets/weddings/Sarah and Toma/13.jpg 2014-07-30 18:02:26 +0100 BST",
            "source_uri_details": [],
            "state": "COMPLETED",
            "storage_tier": "Standard",
            "timeouts": null,
            "version_id": "ff215277-b21f-4fc3-a8f0-1f882544eb09",
            "work_request_id": ""
          },
          "sensitive_attributes": [],
          "private": "eyJlMmJmYjczMC1lY2FhLTExZTYtOGY4OC0zNDM2M2JjN2M0YzAiOnsiY3JlYXRlIjoxMjAwMDAwMDAwMDAwLCJkZWxldGUiOjEyMDAwMDAwMDAwMDAsInVwZGF0ZSI6MTIwMDAwMDAwMDAwMH19",
          "dependencies": [
            "module.object-storage.oci_objectstorage_bucket.ewp_image_storage"
          ]
        },
        {
          "index_key": 182,
          "schema_version": 0,
          "attributes": {
            "bucket": "ewp_image_store",
            "cache_control": null,
            "content": null,
            "content_disposition": null,
            "content_encoding": null,
            "content_language": null,
            "content_length": "490435",
            "content_md5": "tLm5BhKtVfsnqyCQtLIj6A==",
            "content_type": "image/jpeg",
            "delete_all_object_versions": false,
            "id": "n/lr4poue3hwjl/b/ewp_image_store/o/weddings%2FSarah%20and%20Toma%2F14.jpg",
            "metadata": {},
            "namespace": "lr4poue3hwjl",
            "object": "weddings/Sarah and Toma/14.jpg",
            "opc_sse_kms_key_id": null,
            "source": "../assets/weddings/Sarah and Toma/14.jpg 2014-07-30 18:04:03 +0100 BST",
            "source_uri_details": [],
            "state": "COMPLETED",
            "storage_tier": "Standard",
            "timeouts": null,
            "version_id": "80f3a5e5-7b71-46ac-b0ab-2c9b8d7830b1",
            "work_request_id": ""
          },
          "sensitive_attributes": [],
          "private": "eyJlMmJmYjczMC1lY2FhLTExZTYtOGY4OC0zNDM2M2JjN2M0YzAiOnsiY3JlYXRlIjoxMjAwMDAwMDAwMDAwLCJkZWxldGUiOjEyMDAwMDAwMDAwMDAsInVwZGF0ZSI6MTIwMDAwMDAwMDAwMH19",
          "dependencies": [
            "module.object-storage.oci_objectstorage_bucket.ewp_image_storage"
          ]
        },
        {
          "index_key": 183,
          "schema_version": 0,
          "attributes": {
            "bucket": "ewp_image_store",
            "cache_control": null,
            "content": null,
            "content_disposition": null,
            "content_encoding": null,
            "content_language": null,
            "content_length": "444785",
            "content_md5": "+XMjSs+AJ5p341YJQreL5A==",
            "content_type": "image/jpeg",
            "delete_all_object_versions": false,
            "id": "n/lr4poue3hwjl/b/ewp_image_store/o/weddings%2FSarah%20and%20Toma%2F15.jpg",
            "metadata": {},
            "namespace": "lr4poue3hwjl",
            "object": "weddings/Sarah and Toma/15.jpg",
            "opc_sse_kms_key_id": null,
            "source": "../assets/weddings/Sarah and Toma/15.jpg 2014-07-30 18:02:15 +0100 BST",
            "source_uri_details": [],
            "state": "COMPLETED",
            "storage_tier": "Standard",
            "timeouts": null,
            "version_id": "9bd18668-e241-443e-a8e0-2077c3df1904",
            "work_request_id": ""
          },
          "sensitive_attributes": [],
          "private": "eyJlMmJmYjczMC1lY2FhLTExZTYtOGY4OC0zNDM2M2JjN2M0YzAiOnsiY3JlYXRlIjoxMjAwMDAwMDAwMDAwLCJkZWxldGUiOjEyMDAwMDAwMDAwMDAsInVwZGF0ZSI6MTIwMDAwMDAwMDAwMH19",
          "dependencies": [
            "module.object-storage.oci_objectstorage_bucket.ewp_image_storage"
          ]
        },
        {
          "index_key": 184,
          "schema_version": 0,
          "attributes": {
            "bucket": "ewp_image_store",
            "cache_control": null,
            "content": null,
            "content_disposition": null,
            "content_encoding": null,
            "content_language": null,
            "content_length": "619460",
            "content_md5": "NGGBFmox0xGI1rqJysTK/Q==",
            "content_type": "image/jpeg",
            "delete_all_object_versions": false,
            "id": "n/lr4poue3hwjl/b/ewp_image_store/o/weddings%2FSarah%20and%20Toma%2F16.jpg",
            "metadata": {},
            "namespace": "lr4poue3hwjl",
            "object": "weddings/Sarah and Toma/16.jpg",
            "opc_sse_kms_key_id": null,
            "source": "../assets/weddings/Sarah and Toma/16.jpg 2014-07-30 18:02:41 +0100 BST",
            "source_uri_details": [],
            "state": "COMPLETED",
            "storage_tier": "Standard",
            "timeouts": null,
            "version_id": "deecb7fa-1f94-46d0-92c7-eac1e6d2c4fc",
            "work_request_id": ""
          },
          "sensitive_attributes": [],
          "private": "eyJlMmJmYjczMC1lY2FhLTExZTYtOGY4OC0zNDM2M2JjN2M0YzAiOnsiY3JlYXRlIjoxMjAwMDAwMDAwMDAwLCJkZWxldGUiOjEyMDAwMDAwMDAwMDAsInVwZGF0ZSI6MTIwMDAwMDAwMDAwMH19",
          "dependencies": [
            "module.object-storage.oci_objectstorage_bucket.ewp_image_storage"
          ]
        },
        {
          "index_key": 185,
          "schema_version": 0,
          "attributes": {
            "bucket": "ewp_image_store",
            "cache_control": null,
            "content": null,
            "content_disposition": null,
            "content_encoding": null,
            "content_language": null,
            "content_length": "452671",
            "content_md5": "fTXxy+xLySvoR/kx5AhVwg==",
            "content_type": "image/jpeg",
            "delete_all_object_versions": false,
            "id": "n/lr4poue3hwjl/b/ewp_image_store/o/weddings%2FSarah%20and%20Toma%2F17.jpg",
            "metadata": {},
            "namespace": "lr4poue3hwjl",
            "object": "weddings/Sarah and Toma/17.jpg",
            "opc_sse_kms_key_id": null,
            "source": "../assets/weddings/Sarah and Toma/17.jpg 2014-07-30 18:02:00 +0100 BST",
            "source_uri_details": [],
            "state": "COMPLETED",
            "storage_tier": "Standard",
            "timeouts": null,
            "version_id": "80a4be29-a9d3-4a93-8fdd-61c4646827b1",
            "work_request_id": ""
          },
          "sensitive_attributes": [],
          "private": "eyJlMmJmYjczMC1lY2FhLTExZTYtOGY4OC0zNDM2M2JjN2M0YzAiOnsiY3JlYXRlIjoxMjAwMDAwMDAwMDAwLCJkZWxldGUiOjEyMDAwMDAwMDAwMDAsInVwZGF0ZSI6MTIwMDAwMDAwMDAwMH19",
          "dependencies": [
            "module.object-storage.oci_objectstorage_bucket.ewp_image_storage"
          ]
        },
        {
          "index_key": 186,
          "schema_version": 0,
          "attributes": {
            "bucket": "ewp_image_store",
            "cache_control": null,
            "content": null,
            "content_disposition": null,
            "content_encoding": null,
            "content_language": null,
            "content_length": "445955",
            "content_md5": "a81MBPH92gvAIvNz1it5GQ==",
            "content_type": "image/jpeg",
            "delete_all_object_versions": false,
            "id": "n/lr4poue3hwjl/b/ewp_image_store/o/weddings%2FSarah%20and%20Toma%2F18.jpg",
            "metadata": {},
            "namespace": "lr4poue3hwjl",
            "object": "weddings/Sarah and Toma/18.jpg",
            "opc_sse_kms_key_id": null,
            "source": "../assets/weddings/Sarah and Toma/18.jpg 2014-07-30 18:01:49 +0100 BST",
            "source_uri_details": [],
            "state": "COMPLETED",
            "storage_tier": "Standard",
            "timeouts": null,
            "version_id": "79f7435d-7ac4-44fb-ab8a-99df4d03451c",
            "work_request_id": ""
          },
          "sensitive_attributes": [],
          "private": "eyJlMmJmYjczMC1lY2FhLTExZTYtOGY4OC0zNDM2M2JjN2M0YzAiOnsiY3JlYXRlIjoxMjAwMDAwMDAwMDAwLCJkZWxldGUiOjEyMDAwMDAwMDAwMDAsInVwZGF0ZSI6MTIwMDAwMDAwMDAwMH19",
          "dependencies": [
            "module.object-storage.oci_objectstorage_bucket.ewp_image_storage"
          ]
        },
        {
          "index_key": 187,
          "schema_version": 0,
          "attributes": {
            "bucket": "ewp_image_store",
            "cache_control": null,
            "content": null,
            "content_disposition": null,
            "content_encoding": null,
            "content_language": null,
            "content_length": "388441",
            "content_md5": "GFEQeI/HBP21O+YFqchD3A==",
            "content_type": "image/jpeg",
            "delete_all_object_versions": false,
            "id": "n/lr4poue3hwjl/b/ewp_image_store/o/weddings%2FSarah%20and%20Toma%2F19.jpg",
            "metadata": {},
            "namespace": "lr4poue3hwjl",
            "object": "weddings/Sarah and Toma/19.jpg",
            "opc_sse_kms_key_id": null,
            "source": "../assets/weddings/Sarah and Toma/19.jpg 2014-07-30 18:01:35 +0100 BST",
            "source_uri_details": [],
            "state": "COMPLETED",
            "storage_tier": "Standard",
            "timeouts": null,
            "version_id": "0b09e175-e299-4a70-be0a-717b6e97e923",
            "work_request_id": ""
          },
          "sensitive_attributes": [],
          "private": "eyJlMmJmYjczMC1lY2FhLTExZTYtOGY4OC0zNDM2M2JjN2M0YzAiOnsiY3JlYXRlIjoxMjAwMDAwMDAwMDAwLCJkZWxldGUiOjEyMDAwMDAwMDAwMDAsInVwZGF0ZSI6MTIwMDAwMDAwMDAwMH19",
          "dependencies": [
            "module.object-storage.oci_objectstorage_bucket.ewp_image_storage"
          ]
        },
        {
          "index_key": 188,
          "schema_version": 0,
          "attributes": {
            "bucket": "ewp_image_store",
            "cache_control": null,
            "content": null,
            "content_disposition": null,
            "content_encoding": null,
            "content_language": null,
            "content_length": "465804",
            "content_md5": "JFPwnHFyFOK4FhCYPZk1BQ==",
            "content_type": "image/jpeg",
            "delete_all_object_versions": false,
            "id": "n/lr4poue3hwjl/b/ewp_image_store/o/weddings%2FSarah%20and%20Toma%2F2.jpg",
            "metadata": {},
            "namespace": "lr4poue3hwjl",
            "object": "weddings/Sarah and Toma/2.jpg",
            "opc_sse_kms_key_id": null,
            "source": "../assets/weddings/Sarah and Toma/2.jpg 2014-07-30 18:06:19 +0100 BST",
            "source_uri_details": [],
            "state": "COMPLETED",
            "storage_tier": "Standard",
            "timeouts": null,
            "version_id": "d014fde2-ef3c-48ce-a857-79ae067a21cd",
            "work_request_id": ""
          },
          "sensitive_attributes": [],
          "private": "eyJlMmJmYjczMC1lY2FhLTExZTYtOGY4OC0zNDM2M2JjN2M0YzAiOnsiY3JlYXRlIjoxMjAwMDAwMDAwMDAwLCJkZWxldGUiOjEyMDAwMDAwMDAwMDAsInVwZGF0ZSI6MTIwMDAwMDAwMDAwMH19",
          "dependencies": [
            "module.object-storage.oci_objectstorage_bucket.ewp_image_storage"
          ]
        },
        {
          "index_key": 189,
          "schema_version": 0,
          "attributes": {
            "bucket": "ewp_image_store",
            "cache_control": null,
            "content": null,
            "content_disposition": null,
            "content_encoding": null,
            "content_language": null,
            "content_length": "457306",
            "content_md5": "VL0BEJ5VXXMF3/fcz+QRRA==",
            "content_type": "image/jpeg",
            "delete_all_object_versions": false,
            "id": "n/lr4poue3hwjl/b/ewp_image_store/o/weddings%2FSarah%20and%20Toma%2F20.jpg",
            "metadata": {},
            "namespace": "lr4poue3hwjl",
            "object": "weddings/Sarah and Toma/20.jpg",
            "opc_sse_kms_key_id": null,
            "source": "../assets/weddings/Sarah and Toma/20.jpg 2014-07-30 18:01:06 +0100 BST",
            "source_uri_details": [],
            "state": "COMPLETED",
            "storage_tier": "Standard",
            "timeouts": null,
            "version_id": "2cb39d06-f13d-4318-a809-e0470a27ba76",
            "work_request_id": ""
          },
          "sensitive_attributes": [],
          "private": "eyJlMmJmYjczMC1lY2FhLTExZTYtOGY4OC0zNDM2M2JjN2M0YzAiOnsiY3JlYXRlIjoxMjAwMDAwMDAwMDAwLCJkZWxldGUiOjEyMDAwMDAwMDAwMDAsInVwZGF0ZSI6MTIwMDAwMDAwMDAwMH19",
          "dependencies": [
            "module.object-storage.oci_objectstorage_bucket.ewp_image_storage"
          ]
        },
        {
          "index_key": 190,
          "schema_version": 0,
          "attributes": {
            "bucket": "ewp_image_store",
            "cache_control": null,
            "content": null,
            "content_disposition": null,
            "content_encoding": null,
            "content_language": null,
            "content_length": "531693",
            "content_md5": "utHuFBZWQRHTRe8i7ZEn4A==",
            "content_type": "image/jpeg",
            "delete_all_object_versions": false,
            "id": "n/lr4poue3hwjl/b/ewp_image_store/o/weddings%2FSarah%20and%20Toma%2F21.jpg",
            "metadata": {},
            "namespace": "lr4poue3hwjl",
            "object": "weddings/Sarah and Toma/21.jpg",
            "opc_sse_kms_key_id": null,
            "source": "../assets/weddings/Sarah and Toma/21.jpg 2014-07-30 17:59:51 +0100 BST",
            "source_uri_details": [],
            "state": "COMPLETED",
            "storage_tier": "Standard",
            "timeouts": null,
            "version_id": "4c7a656b-68d1-4e99-8582-0dfc9a1a8afb",
            "work_request_id": ""
          },
          "sensitive_attributes": [],
          "private": "eyJlMmJmYjczMC1lY2FhLTExZTYtOGY4OC0zNDM2M2JjN2M0YzAiOnsiY3JlYXRlIjoxMjAwMDAwMDAwMDAwLCJkZWxldGUiOjEyMDAwMDAwMDAwMDAsInVwZGF0ZSI6MTIwMDAwMDAwMDAwMH19",
          "dependencies": [
            "module.object-storage.oci_objectstorage_bucket.ewp_image_storage"
          ]
        },
        {
          "index_key": 191,
          "schema_version": 0,
          "attributes": {
            "bucket": "ewp_image_store",
            "cache_control": null,
            "content": null,
            "content_disposition": null,
            "content_encoding": null,
            "content_language": null,
            "content_length": "392917",
            "content_md5": "9bd3p/XFqMOoLJomPSnaMg==",
            "content_type": "image/jpeg",
            "delete_all_object_versions": false,
            "id": "n/lr4poue3hwjl/b/ewp_image_store/o/weddings%2FSarah%20and%20Toma%2F22.jpg",
            "metadata": {},
            "namespace": "lr4poue3hwjl",
            "object": "weddings/Sarah and Toma/22.jpg",
            "opc_sse_kms_key_id": null,
            "source": "../assets/weddings/Sarah and Toma/22.jpg 2014-07-30 17:57:19 +0100 BST",
            "source_uri_details": [],
            "state": "COMPLETED",
            "storage_tier": "Standard",
            "timeouts": null,
            "version_id": "f4b29f3a-1e20-402c-9044-b4432946e28d",
            "work_request_id": ""
          },
          "sensitive_attributes": [],
          "private": "eyJlMmJmYjczMC1lY2FhLTExZTYtOGY4OC0zNDM2M2JjN2M0YzAiOnsiY3JlYXRlIjoxMjAwMDAwMDAwMDAwLCJkZWxldGUiOjEyMDAwMDAwMDAwMDAsInVwZGF0ZSI6MTIwMDAwMDAwMDAwMH19",
          "dependencies": [
            "module.object-storage.oci_objectstorage_bucket.ewp_image_storage"
          ]
        },
        {
          "index_key": 192,
          "schema_version": 0,
          "attributes": {
            "bucket": "ewp_image_store",
            "cache_control": null,
            "content": null,
            "content_disposition": null,
            "content_encoding": null,
            "content_language": null,
            "content_length": "456400",
            "content_md5": "33jmsC5vqLcSaShs5FUmcA==",
            "content_type": "image/jpeg",
            "delete_all_object_versions": false,
            "id": "n/lr4poue3hwjl/b/ewp_image_store/o/weddings%2FSarah%20and%20Toma%2F23.jpg",
            "metadata": {},
            "namespace": "lr4poue3hwjl",
            "object": "weddings/Sarah and Toma/23.jpg",
            "opc_sse_kms_key_id": null,
            "source": "../assets/weddings/Sarah and Toma/23.jpg 2014-07-30 17:57:08 +0100 BST",
            "source_uri_details": [],
            "state": "COMPLETED",
            "storage_tier": "Standard",
            "timeouts": null,
            "version_id": "facd9f74-c513-4a1e-a3ae-682d9f72f8bf",
            "work_request_id": ""
          },
          "sensitive_attributes": [],
          "private": "eyJlMmJmYjczMC1lY2FhLTExZTYtOGY4OC0zNDM2M2JjN2M0YzAiOnsiY3JlYXRlIjoxMjAwMDAwMDAwMDAwLCJkZWxldGUiOjEyMDAwMDAwMDAwMDAsInVwZGF0ZSI6MTIwMDAwMDAwMDAwMH19",
          "dependencies": [
            "module.object-storage.oci_objectstorage_bucket.ewp_image_storage"
          ]
        },
        {
          "index_key": 193,
          "schema_version": 0,
          "attributes": {
            "bucket": "ewp_image_store",
            "cache_control": null,
            "content": null,
            "content_disposition": null,
            "content_encoding": null,
            "content_language": null,
            "content_length": "419281",
            "content_md5": "b1XfQyrRsLUA7nsbJ5IwBA==",
            "content_type": "image/jpeg",
            "delete_all_object_versions": false,
            "id": "n/lr4poue3hwjl/b/ewp_image_store/o/weddings%2FSarah%20and%20Toma%2F24.jpg",
            "metadata": {},
            "namespace": "lr4poue3hwjl",
            "object": "weddings/Sarah and Toma/24.jpg",
            "opc_sse_kms_key_id": null,
            "source": "../assets/weddings/Sarah and Toma/24.jpg 2014-07-30 17:56:56 +0100 BST",
            "source_uri_details": [],
            "state": "COMPLETED",
            "storage_tier": "Standard",
            "timeouts": null,
            "version_id": "60fd6d47-1caf-4f49-be3e-3c490f7c0aeb",
            "work_request_id": ""
          },
          "sensitive_attributes": [],
          "private": "eyJlMmJmYjczMC1lY2FhLTExZTYtOGY4OC0zNDM2M2JjN2M0YzAiOnsiY3JlYXRlIjoxMjAwMDAwMDAwMDAwLCJkZWxldGUiOjEyMDAwMDAwMDAwMDAsInVwZGF0ZSI6MTIwMDAwMDAwMDAwMH19",
          "dependencies": [
            "module.object-storage.oci_objectstorage_bucket.ewp_image_storage"
          ]
        },
        {
          "index_key": 194,
          "schema_version": 0,
          "attributes": {
            "bucket": "ewp_image_store",
            "cache_control": null,
            "content": null,
            "content_disposition": null,
            "content_encoding": null,
            "content_language": null,
            "content_length": "449496",
            "content_md5": "nqsF/oKPcrjV5XE0ZIqfMA==",
            "content_type": "image/jpeg",
            "delete_all_object_versions": false,
            "id": "n/lr4poue3hwjl/b/ewp_image_store/o/weddings%2FSarah%20and%20Toma%2F25.jpg",
            "metadata": {},
            "namespace": "lr4poue3hwjl",
            "object": "weddings/Sarah and Toma/25.jpg",
            "opc_sse_kms_key_id": null,
            "source": "../assets/weddings/Sarah and Toma/25.jpg 2014-07-30 17:56:40 +0100 BST",
            "source_uri_details": [],
            "state": "COMPLETED",
            "storage_tier": "Standard",
            "timeouts": null,
            "version_id": "9705c11b-b741-4b77-8a25-adce30acb4da",
            "work_request_id": ""
          },
          "sensitive_attributes": [],
          "private": "eyJlMmJmYjczMC1lY2FhLTExZTYtOGY4OC0zNDM2M2JjN2M0YzAiOnsiY3JlYXRlIjoxMjAwMDAwMDAwMDAwLCJkZWxldGUiOjEyMDAwMDAwMDAwMDAsInVwZGF0ZSI6MTIwMDAwMDAwMDAwMH19",
          "dependencies": [
            "module.object-storage.oci_objectstorage_bucket.ewp_image_storage"
          ]
        },
        {
          "index_key": 195,
          "schema_version": 0,
          "attributes": {
            "bucket": "ewp_image_store",
            "cache_control": null,
            "content": null,
            "content_disposition": null,
            "content_encoding": null,
            "content_language": null,
            "content_length": "414274",
            "content_md5": "XuqVG7BJasEb/jSa/ORSGA==",
            "content_type": "image/jpeg",
            "delete_all_object_versions": false,
            "id": "n/lr4poue3hwjl/b/ewp_image_store/o/weddings%2FSarah%20and%20Toma%2F26.jpg",
            "metadata": {},
            "namespace": "lr4poue3hwjl",
            "object": "weddings/Sarah and Toma/26.jpg",
            "opc_sse_kms_key_id": null,
            "source": "../assets/weddings/Sarah and Toma/26.jpg 2014-07-30 17:56:24 +0100 BST",
            "source_uri_details": [],
            "state": "COMPLETED",
            "storage_tier": "Standard",
            "timeouts": null,
            "version_id": "51ab8db9-f916-44bc-889e-5513c8ac0a40",
            "work_request_id": ""
          },
          "sensitive_attributes": [],
          "private": "eyJlMmJmYjczMC1lY2FhLTExZTYtOGY4OC0zNDM2M2JjN2M0YzAiOnsiY3JlYXRlIjoxMjAwMDAwMDAwMDAwLCJkZWxldGUiOjEyMDAwMDAwMDAwMDAsInVwZGF0ZSI6MTIwMDAwMDAwMDAwMH19",
          "dependencies": [
            "module.object-storage.oci_objectstorage_bucket.ewp_image_storage"
          ]
        },
        {
          "index_key": 196,
          "schema_version": 0,
          "attributes": {
            "bucket": "ewp_image_store",
            "cache_control": null,
            "content": null,
            "content_disposition": null,
            "content_encoding": null,
            "content_language": null,
            "content_length": "431905",
            "content_md5": "HrlIWFJu54CzcGDdpDepWQ==",
            "content_type": "image/jpeg",
            "delete_all_object_versions": false,
            "id": "n/lr4poue3hwjl/b/ewp_image_store/o/weddings%2FSarah%20and%20Toma%2F27.jpg",
            "metadata": {},
            "namespace": "lr4poue3hwjl",
            "object": "weddings/Sarah and Toma/27.jpg",
            "opc_sse_kms_key_id": null,
            "source": "../assets/weddings/Sarah and Toma/27.jpg 2014-07-30 17:56:11 +0100 BST",
            "source_uri_details": [],
            "state": "COMPLETED",
            "storage_tier": "Standard",
            "timeouts": null,
            "version_id": "2e25f839-0986-4a4f-951f-c5f82e723bac",
            "work_request_id": ""
          },
          "sensitive_attributes": [],
          "private": "eyJlMmJmYjczMC1lY2FhLTExZTYtOGY4OC0zNDM2M2JjN2M0YzAiOnsiY3JlYXRlIjoxMjAwMDAwMDAwMDAwLCJkZWxldGUiOjEyMDAwMDAwMDAwMDAsInVwZGF0ZSI6MTIwMDAwMDAwMDAwMH19",
          "dependencies": [
            "module.object-storage.oci_objectstorage_bucket.ewp_image_storage"
          ]
        },
        {
          "index_key": 197,
          "schema_version": 0,
          "attributes": {
            "bucket": "ewp_image_store",
            "cache_control": null,
            "content": null,
            "content_disposition": null,
            "content_encoding": null,
            "content_language": null,
            "content_length": "483881",
            "content_md5": "ifvR9lLLlxe7FZ57wgEfgA==",
            "content_type": "image/jpeg",
            "delete_all_object_versions": false,
            "id": "n/lr4poue3hwjl/b/ewp_image_store/o/weddings%2FSarah%20and%20Toma%2F28.jpg",
            "metadata": {},
            "namespace": "lr4poue3hwjl",
            "object": "weddings/Sarah and Toma/28.jpg",
            "opc_sse_kms_key_id": null,
            "source": "../assets/weddings/Sarah and Toma/28.jpg 2014-07-30 17:55:54 +0100 BST",
            "source_uri_details": [],
            "state": "COMPLETED",
            "storage_tier": "Standard",
            "timeouts": null,
            "version_id": "9389f0a7-8bb6-4df2-9741-2961380f0c27",
            "work_request_id": ""
          },
          "sensitive_attributes": [],
          "private": "eyJlMmJmYjczMC1lY2FhLTExZTYtOGY4OC0zNDM2M2JjN2M0YzAiOnsiY3JlYXRlIjoxMjAwMDAwMDAwMDAwLCJkZWxldGUiOjEyMDAwMDAwMDAwMDAsInVwZGF0ZSI6MTIwMDAwMDAwMDAwMH19",
          "dependencies": [
            "module.object-storage.oci_objectstorage_bucket.ewp_image_storage"
          ]
        },
        {
          "index_key": 198,
          "schema_version": 0,
          "attributes": {
            "bucket": "ewp_image_store",
            "cache_control": null,
            "content": null,
            "content_disposition": null,
            "content_encoding": null,
            "content_language": null,
            "content_length": "465186",
            "content_md5": "Gq87BSWeBL+pyWALHeEXDA==",
            "content_type": "image/jpeg",
            "delete_all_object_versions": false,
            "id": "n/lr4poue3hwjl/b/ewp_image_store/o/weddings%2FSarah%20and%20Toma%2F29.jpg",
            "metadata": {},
            "namespace": "lr4poue3hwjl",
            "object": "weddings/Sarah and Toma/29.jpg",
            "opc_sse_kms_key_id": null,
            "source": "../assets/weddings/Sarah and Toma/29.jpg 2014-07-30 17:55:34 +0100 BST",
            "source_uri_details": [],
            "state": "COMPLETED",
            "storage_tier": "Standard",
            "timeouts": null,
            "version_id": "4d8765cc-9ab3-466b-b8a7-fd0ac60c6e0f",
            "work_request_id": ""
          },
          "sensitive_attributes": [],
          "private": "eyJlMmJmYjczMC1lY2FhLTExZTYtOGY4OC0zNDM2M2JjN2M0YzAiOnsiY3JlYXRlIjoxMjAwMDAwMDAwMDAwLCJkZWxldGUiOjEyMDAwMDAwMDAwMDAsInVwZGF0ZSI6MTIwMDAwMDAwMDAwMH19",
          "dependencies": [
            "module.object-storage.oci_objectstorage_bucket.ewp_image_storage"
          ]
        },
        {
          "index_key": 199,
          "schema_version": 0,
          "attributes": {
            "bucket": "ewp_image_store",
            "cache_control": null,
            "content": null,
            "content_disposition": null,
            "content_encoding": null,
            "content_language": null,
            "content_length": "341315",
            "content_md5": "TsBLjsqeegqN0DY8DyUF/g==",
            "content_type": "image/jpeg",
            "delete_all_object_versions": false,
            "id": "n/lr4poue3hwjl/b/ewp_image_store/o/weddings%2FSarah%20and%20Toma%2F3.jpg",
            "metadata": {},
            "namespace": "lr4poue3hwjl",
            "object": "weddings/Sarah and Toma/3.jpg",
            "opc_sse_kms_key_id": null,
            "source": "../assets/weddings/Sarah and Toma/3.jpg 2014-07-30 18:06:05 +0100 BST",
            "source_uri_details": [],
            "state": "COMPLETED",
            "storage_tier": "Standard",
            "timeouts": null,
            "version_id": "7586bdae-c7c5-4c87-b925-604af837df3b",
            "work_request_id": ""
          },
          "sensitive_attributes": [],
          "private": "eyJlMmJmYjczMC1lY2FhLTExZTYtOGY4OC0zNDM2M2JjN2M0YzAiOnsiY3JlYXRlIjoxMjAwMDAwMDAwMDAwLCJkZWxldGUiOjEyMDAwMDAwMDAwMDAsInVwZGF0ZSI6MTIwMDAwMDAwMDAwMH19",
          "dependencies": [
            "module.object-storage.oci_objectstorage_bucket.ewp_image_storage"
          ]
        },
        {
          "index_key": 200,
          "schema_version": 0,
          "attributes": {
            "bucket": "ewp_image_store",
            "cache_control": null,
            "content": null,
            "content_disposition": null,
            "content_encoding": null,
            "content_language": null,
            "content_length": "548317",
            "content_md5": "kvKsrjghMig6f1P40VROwA==",
            "content_type": "image/jpeg",
            "delete_all_object_versions": false,
            "id": "n/lr4poue3hwjl/b/ewp_image_store/o/weddings%2FSarah%20and%20Toma%2F30.jpg",
            "metadata": {},
            "namespace": "lr4poue3hwjl",
            "object": "weddings/Sarah and Toma/30.jpg",
            "opc_sse_kms_key_id": null,
            "source": "../assets/weddings/Sarah and Toma/30.jpg 2014-07-30 17:54:41 +0100 BST",
            "source_uri_details": [],
            "state": "COMPLETED",
            "storage_tier": "Standard",
            "timeouts": null,
            "version_id": "d18cba06-ca60-4078-9c4d-79bd7f7c1ce0",
            "work_request_id": ""
          },
          "sensitive_attributes": [],
          "private": "eyJlMmJmYjczMC1lY2FhLTExZTYtOGY4OC0zNDM2M2JjN2M0YzAiOnsiY3JlYXRlIjoxMjAwMDAwMDAwMDAwLCJkZWxldGUiOjEyMDAwMDAwMDAwMDAsInVwZGF0ZSI6MTIwMDAwMDAwMDAwMH19",
          "dependencies": [
            "module.object-storage.oci_objectstorage_bucket.ewp_image_storage"
          ]
        },
        {
          "index_key": 201,
          "schema_version": 0,
          "attributes": {
            "bucket": "ewp_image_store",
            "cache_control": null,
            "content": null,
            "content_disposition": null,
            "content_encoding": null,
            "content_language": null,
            "content_length": "460373",
            "content_md5": "4t9c5WUkq2d/z9opR4hEMw==",
            "content_type": "image/jpeg",
            "delete_all_object_versions": false,
            "id": "n/lr4poue3hwjl/b/ewp_image_store/o/weddings%2FSarah%20and%20Toma%2F31.jpg",
            "metadata": {},
            "namespace": "lr4poue3hwjl",
            "object": "weddings/Sarah and Toma/31.jpg",
            "opc_sse_kms_key_id": null,
            "source": "../assets/weddings/Sarah and Toma/31.jpg 2014-07-30 17:54:16 +0100 BST",
            "source_uri_details": [],
            "state": "COMPLETED",
            "storage_tier": "Standard",
            "timeouts": null,
            "version_id": "9ecda12d-eded-4af7-af0d-8207e4588c94",
            "work_request_id": ""
          },
          "sensitive_attributes": [],
          "private": "eyJlMmJmYjczMC1lY2FhLTExZTYtOGY4OC0zNDM2M2JjN2M0YzAiOnsiY3JlYXRlIjoxMjAwMDAwMDAwMDAwLCJkZWxldGUiOjEyMDAwMDAwMDAwMDAsInVwZGF0ZSI6MTIwMDAwMDAwMDAwMH19",
          "dependencies": [
            "module.object-storage.oci_objectstorage_bucket.ewp_image_storage"
          ]
        },
        {
          "index_key": 202,
          "schema_version": 0,
          "attributes": {
            "bucket": "ewp_image_store",
            "cache_control": null,
            "content": null,
            "content_disposition": null,
            "content_encoding": null,
            "content_language": null,
            "content_length": "462837",
            "content_md5": "+AyGKMG/pwt3rHwFGQALBw==",
            "content_type": "image/jpeg",
            "delete_all_object_versions": false,
            "id": "n/lr4poue3hwjl/b/ewp_image_store/o/weddings%2FSarah%20and%20Toma%2F32.jpg",
            "metadata": {},
            "namespace": "lr4poue3hwjl",
            "object": "weddings/Sarah and Toma/32.jpg",
            "opc_sse_kms_key_id": null,
            "source": "../assets/weddings/Sarah and Toma/32.jpg 2014-07-30 17:53:59 +0100 BST",
            "source_uri_details": [],
            "state": "COMPLETED",
            "storage_tier": "Standard",
            "timeouts": null,
            "version_id": "98348665-a8cd-430e-9de6-6655e66e672b",
            "work_request_id": ""
          },
          "sensitive_attributes": [],
          "private": "eyJlMmJmYjczMC1lY2FhLTExZTYtOGY4OC0zNDM2M2JjN2M0YzAiOnsiY3JlYXRlIjoxMjAwMDAwMDAwMDAwLCJkZWxldGUiOjEyMDAwMDAwMDAwMDAsInVwZGF0ZSI6MTIwMDAwMDAwMDAwMH19",
          "dependencies": [
            "module.object-storage.oci_objectstorage_bucket.ewp_image_storage"
          ]
        },
        {
          "index_key": 203,
          "schema_version": 0,
          "attributes": {
            "bucket": "ewp_image_store",
            "cache_control": null,
            "content": null,
            "content_disposition": null,
            "content_encoding": null,
            "content_language": null,
            "content_length": "381999",
            "content_md5": "GSdIdv1Rydpi/sTYJumxJQ==",
            "content_type": "image/jpeg",
            "delete_all_object_versions": false,
            "id": "n/lr4poue3hwjl/b/ewp_image_store/o/weddings%2FSarah%20and%20Toma%2F33.jpg",
            "metadata": {},
            "namespace": "lr4poue3hwjl",
            "object": "weddings/Sarah and Toma/33.jpg",
            "opc_sse_kms_key_id": null,
            "source": "../assets/weddings/Sarah and Toma/33.jpg 2014-07-30 17:53:21 +0100 BST",
            "source_uri_details": [],
            "state": "COMPLETED",
            "storage_tier": "Standard",
            "timeouts": null,
            "version_id": "b0daf0cc-a184-492b-82ff-35b7a1e22552",
            "work_request_id": ""
          },
          "sensitive_attributes": [],
          "private": "eyJlMmJmYjczMC1lY2FhLTExZTYtOGY4OC0zNDM2M2JjN2M0YzAiOnsiY3JlYXRlIjoxMjAwMDAwMDAwMDAwLCJkZWxldGUiOjEyMDAwMDAwMDAwMDAsInVwZGF0ZSI6MTIwMDAwMDAwMDAwMH19",
          "dependencies": [
            "module.object-storage.oci_objectstorage_bucket.ewp_image_storage"
          ]
        },
        {
          "index_key": 204,
          "schema_version": 0,
          "attributes": {
            "bucket": "ewp_image_store",
            "cache_control": null,
            "content": null,
            "content_disposition": null,
            "content_encoding": null,
            "content_language": null,
            "content_length": "423407",
            "content_md5": "ryuisUr+GbAQnzb7ZqWXTA==",
            "content_type": "image/jpeg",
            "delete_all_object_versions": false,
            "id": "n/lr4poue3hwjl/b/ewp_image_store/o/weddings%2FSarah%20and%20Toma%2F34.jpg",
            "metadata": {},
            "namespace": "lr4poue3hwjl",
            "object": "weddings/Sarah and Toma/34.jpg",
            "opc_sse_kms_key_id": null,
            "source": "../assets/weddings/Sarah and Toma/34.jpg 2014-07-30 17:52:57 +0100 BST",
            "source_uri_details": [],
            "state": "COMPLETED",
            "storage_tier": "Standard",
            "timeouts": null,
            "version_id": "30056795-a29e-4d2a-afc1-83069ec111e9",
            "work_request_id": ""
          },
          "sensitive_attributes": [],
          "private": "eyJlMmJmYjczMC1lY2FhLTExZTYtOGY4OC0zNDM2M2JjN2M0YzAiOnsiY3JlYXRlIjoxMjAwMDAwMDAwMDAwLCJkZWxldGUiOjEyMDAwMDAwMDAwMDAsInVwZGF0ZSI6MTIwMDAwMDAwMDAwMH19",
          "dependencies": [
            "module.object-storage.oci_objectstorage_bucket.ewp_image_storage"
          ]
        },
        {
          "index_key": 205,
          "schema_version": 0,
          "attributes": {
            "bucket": "ewp_image_store",
            "cache_control": null,
            "content": null,
            "content_disposition": null,
            "content_encoding": null,
            "content_language": null,
            "content_length": "417807",
            "content_md5": "Y3wBDcyDmzYWtELVpufLPA==",
            "content_type": "image/jpeg",
            "delete_all_object_versions": false,
            "id": "n/lr4poue3hwjl/b/ewp_image_store/o/weddings%2FSarah%20and%20Toma%2F35.jpg",
            "metadata": {},
            "namespace": "lr4poue3hwjl",
            "object": "weddings/Sarah and Toma/35.jpg",
            "opc_sse_kms_key_id": null,
            "source": "../assets/weddings/Sarah and Toma/35.jpg 2014-07-30 17:52:42 +0100 BST",
            "source_uri_details": [],
            "state": "COMPLETED",
            "storage_tier": "Standard",
            "timeouts": null,
            "version_id": "6406fa05-6530-433a-9f53-025877251438",
            "work_request_id": ""
          },
          "sensitive_attributes": [],
          "private": "eyJlMmJmYjczMC1lY2FhLTExZTYtOGY4OC0zNDM2M2JjN2M0YzAiOnsiY3JlYXRlIjoxMjAwMDAwMDAwMDAwLCJkZWxldGUiOjEyMDAwMDAwMDAwMDAsInVwZGF0ZSI6MTIwMDAwMDAwMDAwMH19",
          "dependencies": [
            "module.object-storage.oci_objectstorage_bucket.ewp_image_storage"
          ]
        },
        {
          "index_key": 206,
          "schema_version": 0,
          "attributes": {
            "bucket": "ewp_image_store",
            "cache_control": null,
            "content": null,
            "content_disposition": null,
            "content_encoding": null,
            "content_language": null,
            "content_length": "376378",
            "content_md5": "CuISY6EWk78+Zn8XteSKtQ==",
            "content_type": "image/jpeg",
            "delete_all_object_versions": false,
            "id": "n/lr4poue3hwjl/b/ewp_image_store/o/weddings%2FSarah%20and%20Toma%2F36.jpg",
            "metadata": {},
            "namespace": "lr4poue3hwjl",
            "object": "weddings/Sarah and Toma/36.jpg",
            "opc_sse_kms_key_id": null,
            "source": "../assets/weddings/Sarah and Toma/36.jpg 2014-07-30 18:07:03 +0100 BST",
            "source_uri_details": [],
            "state": "COMPLETED",
            "storage_tier": "Standard",
            "timeouts": null,
            "version_id": "da2de023-1977-4df6-91ff-8f4d7161534b",
            "work_request_id": ""
          },
          "sensitive_attributes": [],
          "private": "eyJlMmJmYjczMC1lY2FhLTExZTYtOGY4OC0zNDM2M2JjN2M0YzAiOnsiY3JlYXRlIjoxMjAwMDAwMDAwMDAwLCJkZWxldGUiOjEyMDAwMDAwMDAwMDAsInVwZGF0ZSI6MTIwMDAwMDAwMDAwMH19",
          "dependencies": [
            "module.object-storage.oci_objectstorage_bucket.ewp_image_storage"
          ]
        },
        {
          "index_key": 207,
          "schema_version": 0,
          "attributes": {
            "bucket": "ewp_image_store",
            "cache_control": null,
            "content": null,
            "content_disposition": null,
            "content_encoding": null,
            "content_language": null,
            "content_length": "418646",
            "content_md5": "DaoGhq/ix6uJxpFlzpcqHw==",
            "content_type": "image/jpeg",
            "delete_all_object_versions": false,
            "id": "n/lr4poue3hwjl/b/ewp_image_store/o/weddings%2FSarah%20and%20Toma%2F37.jpg",
            "metadata": {},
            "namespace": "lr4poue3hwjl",
            "object": "weddings/Sarah and Toma/37.jpg",
            "opc_sse_kms_key_id": null,
            "source": "../assets/weddings/Sarah and Toma/37.jpg 2014-07-30 18:06:47 +0100 BST",
            "source_uri_details": [],
            "state": "COMPLETED",
            "storage_tier": "Standard",
            "timeouts": null,
            "version_id": "0abfe2cf-8cad-49b8-bde0-6a206b77037c",
            "work_request_id": ""
          },
          "sensitive_attributes": [],
          "private": "eyJlMmJmYjczMC1lY2FhLTExZTYtOGY4OC0zNDM2M2JjN2M0YzAiOnsiY3JlYXRlIjoxMjAwMDAwMDAwMDAwLCJkZWxldGUiOjEyMDAwMDAwMDAwMDAsInVwZGF0ZSI6MTIwMDAwMDAwMDAwMH19",
          "dependencies": [
            "module.object-storage.oci_objectstorage_bucket.ewp_image_storage"
          ]
        },
        {
          "index_key": 208,
          "schema_version": 0,
          "attributes": {
            "bucket": "ewp_image_store",
            "cache_control": null,
            "content": null,
            "content_disposition": null,
            "content_encoding": null,
            "content_language": null,
            "content_length": "635310",
            "content_md5": "ePYglppVnNELymEIkTnFdg==",
            "content_type": "image/jpeg",
            "delete_all_object_versions": false,
            "id": "n/lr4poue3hwjl/b/ewp_image_store/o/weddings%2FSarah%20and%20Toma%2F38.jpg",
            "metadata": {},
            "namespace": "lr4poue3hwjl",
            "object": "weddings/Sarah and Toma/38.jpg",
            "opc_sse_kms_key_id": null,
            "source": "../assets/weddings/Sarah and Toma/38.jpg 2014-07-30 18:00:46 +0100 BST",
            "source_uri_details": [],
            "state": "COMPLETED",
            "storage_tier": "Standard",
            "timeouts": null,
            "version_id": "7567fbef-f9b6-424f-bd56-cdf9fe6ad082",
            "work_request_id": ""
          },
          "sensitive_attributes": [],
          "private": "eyJlMmJmYjczMC1lY2FhLTExZTYtOGY4OC0zNDM2M2JjN2M0YzAiOnsiY3JlYXRlIjoxMjAwMDAwMDAwMDAwLCJkZWxldGUiOjEyMDAwMDAwMDAwMDAsInVwZGF0ZSI6MTIwMDAwMDAwMDAwMH19",
          "dependencies": [
            "module.object-storage.oci_objectstorage_bucket.ewp_image_storage"
          ]
        },
        {
          "index_key": 209,
          "schema_version": 0,
          "attributes": {
            "bucket": "ewp_image_store",
            "cache_control": null,
            "content": null,
            "content_disposition": null,
            "content_encoding": null,
            "content_language": null,
            "content_length": "464938",
            "content_md5": "RxISjfMqm/6xNSJ+G1OZFQ==",
            "content_type": "image/jpeg",
            "delete_all_object_versions": false,
            "id": "n/lr4poue3hwjl/b/ewp_image_store/o/weddings%2FSarah%20and%20Toma%2F39.jpg",
            "metadata": {},
            "namespace": "lr4poue3hwjl",
            "object": "weddings/Sarah and Toma/39.jpg",
            "opc_sse_kms_key_id": null,
            "source": "../assets/weddings/Sarah and Toma/39.jpg 2014-07-30 18:00:04 +0100 BST",
            "source_uri_details": [],
            "state": "COMPLETED",
            "storage_tier": "Standard",
            "timeouts": null,
            "version_id": "341b2d01-07f7-4114-affc-0fe11b441b8c",
            "work_request_id": ""
          },
          "sensitive_attributes": [],
          "private": "eyJlMmJmYjczMC1lY2FhLTExZTYtOGY4OC0zNDM2M2JjN2M0YzAiOnsiY3JlYXRlIjoxMjAwMDAwMDAwMDAwLCJkZWxldGUiOjEyMDAwMDAwMDAwMDAsInVwZGF0ZSI6MTIwMDAwMDAwMDAwMH19",
          "dependencies": [
            "module.object-storage.oci_objectstorage_bucket.ewp_image_storage"
          ]
        },
        {
          "index_key": 210,
          "schema_version": 0,
          "attributes": {
            "bucket": "ewp_image_store",
            "cache_control": null,
            "content": null,
            "content_disposition": null,
            "content_encoding": null,
            "content_language": null,
            "content_length": "559248",
            "content_md5": "CSW7dQl5bpy4i86gPp7TvA==",
            "content_type": "image/jpeg",
            "delete_all_object_versions": false,
            "id": "n/lr4poue3hwjl/b/ewp_image_store/o/weddings%2FSarah%20and%20Toma%2F4.jpg",
            "metadata": {},
            "namespace": "lr4poue3hwjl",
            "object": "weddings/Sarah and Toma/4.jpg",
            "opc_sse_kms_key_id": null,
            "source": "../assets/weddings/Sarah and Toma/4.jpg 2014-07-30 18:05:54 +0100 BST",
            "source_uri_details": [],
            "state": "COMPLETED",
            "storage_tier": "Standard",
            "timeouts": null,
            "version_id": "e9ff7bea-43ab-4d83-b70c-d378bd03db89",
            "work_request_id": ""
          },
          "sensitive_attributes": [],
          "private": "eyJlMmJmYjczMC1lY2FhLTExZTYtOGY4OC0zNDM2M2JjN2M0YzAiOnsiY3JlYXRlIjoxMjAwMDAwMDAwMDAwLCJkZWxldGUiOjEyMDAwMDAwMDAwMDAsInVwZGF0ZSI6MTIwMDAwMDAwMDAwMH19",
          "dependencies": [
            "module.object-storage.oci_objectstorage_bucket.ewp_image_storage"
          ]
        },
        {
          "index_key": 211,
          "schema_version": 0,
          "attributes": {
            "bucket": "ewp_image_store",
            "cache_control": null,
            "content": null,
            "content_disposition": null,
            "content_encoding": null,
            "content_language": null,
            "content_length": "482941",
            "content_md5": "uT1A1JwtANNP5nd+NnneJw==",
            "content_type": "image/jpeg",
            "delete_all_object_versions": false,
            "id": "n/lr4poue3hwjl/b/ewp_image_store/o/weddings%2FSarah%20and%20Toma%2F40.jpg",
            "metadata": {},
            "namespace": "lr4poue3hwjl",
            "object": "weddings/Sarah and Toma/40.jpg",
            "opc_sse_kms_key_id": null,
            "source": "../assets/weddings/Sarah and Toma/40.jpg 2014-07-30 18:05:29 +0100 BST",
            "source_uri_details": [],
            "state": "COMPLETED",
            "storage_tier": "Standard",
            "timeouts": null,
            "version_id": "315f9c4f-9d3f-4077-8943-75fe3e015257",
            "work_request_id": ""
          },
          "sensitive_attributes": [],
          "private": "eyJlMmJmYjczMC1lY2FhLTExZTYtOGY4OC0zNDM2M2JjN2M0YzAiOnsiY3JlYXRlIjoxMjAwMDAwMDAwMDAwLCJkZWxldGUiOjEyMDAwMDAwMDAwMDAsInVwZGF0ZSI6MTIwMDAwMDAwMDAwMH19",
          "dependencies": [
            "module.object-storage.oci_objectstorage_bucket.ewp_image_storage"
          ]
        },
        {
          "index_key": 212,
          "schema_version": 0,
          "attributes": {
            "bucket": "ewp_image_store",
            "cache_control": null,
            "content": null,
            "content_disposition": null,
            "content_encoding": null,
            "content_language": null,
            "content_length": "467621",
            "content_md5": "oqOvcFCY3LgsQUNF1HoI3g==",
            "content_type": "image/jpeg",
            "delete_all_object_versions": false,
            "id": "n/lr4poue3hwjl/b/ewp_image_store/o/weddings%2FSarah%20and%20Toma%2F41.jpg",
            "metadata": {},
            "namespace": "lr4poue3hwjl",
            "object": "weddings/Sarah and Toma/41.jpg",
            "opc_sse_kms_key_id": null,
            "source": "../assets/weddings/Sarah and Toma/41.jpg 2014-07-30 18:05:03 +0100 BST",
            "source_uri_details": [],
            "state": "COMPLETED",
            "storage_tier": "Standard",
            "timeouts": null,
            "version_id": "cdb1130c-3bc5-4862-a432-7a14e0a9897d",
            "work_request_id": ""
          },
          "sensitive_attributes": [],
          "private": "eyJlMmJmYjczMC1lY2FhLTExZTYtOGY4OC0zNDM2M2JjN2M0YzAiOnsiY3JlYXRlIjoxMjAwMDAwMDAwMDAwLCJkZWxldGUiOjEyMDAwMDAwMDAwMDAsInVwZGF0ZSI6MTIwMDAwMDAwMDAwMH19",
          "dependencies": [
            "module.object-storage.oci_objectstorage_bucket.ewp_image_storage"
          ]
        },
        {
          "index_key": 213,
          "schema_version": 0,
          "attributes": {
            "bucket": "ewp_image_store",
            "cache_control": null,
            "content": null,
            "content_disposition": null,
            "content_encoding": null,
            "content_language": null,
            "content_length": "516574",
            "content_md5": "kgSBi0PCZB17iyKMKGEQDA==",
            "content_type": "image/jpeg",
            "delete_all_object_versions": false,
            "id": "n/lr4poue3hwjl/b/ewp_image_store/o/weddings%2FSarah%20and%20Toma%2F42.jpg",
            "metadata": {},
            "namespace": "lr4poue3hwjl",
            "object": "weddings/Sarah and Toma/42.jpg",
            "opc_sse_kms_key_id": null,
            "source": "../assets/weddings/Sarah and Toma/42.jpg 2014-07-30 18:04:52 +0100 BST",
            "source_uri_details": [],
            "state": "COMPLETED",
            "storage_tier": "Standard",
            "timeouts": null,
            "version_id": "bfa705b5-9dd5-4459-89d1-5f9e75c8e0ea",
            "work_request_id": ""
          },
          "sensitive_attributes": [],
          "private": "eyJlMmJmYjczMC1lY2FhLTExZTYtOGY4OC0zNDM2M2JjN2M0YzAiOnsiY3JlYXRlIjoxMjAwMDAwMDAwMDAwLCJkZWxldGUiOjEyMDAwMDAwMDAwMDAsInVwZGF0ZSI6MTIwMDAwMDAwMDAwMH19",
          "dependencies": [
            "module.object-storage.oci_objectstorage_bucket.ewp_image_storage"
          ]
        },
        {
          "index_key": 214,
          "schema_version": 0,
          "attributes": {
            "bucket": "ewp_image_store",
            "cache_control": null,
            "content": null,
            "content_disposition": null,
            "content_encoding": null,
            "content_language": null,
            "content_length": "420529",
            "content_md5": "xz9JawKIQV36qxSl/kacxg==",
            "content_type": "image/jpeg",
            "delete_all_object_versions": false,
            "id": "n/lr4poue3hwjl/b/ewp_image_store/o/weddings%2FSarah%20and%20Toma%2F43.jpg",
            "metadata": {},
            "namespace": "lr4poue3hwjl",
            "object": "weddings/Sarah and Toma/43.jpg",
            "opc_sse_kms_key_id": null,
            "source": "../assets/weddings/Sarah and Toma/43.jpg 2014-07-30 18:04:16 +0100 BST",
            "source_uri_details": [],
            "state": "COMPLETED",
            "storage_tier": "Standard",
            "timeouts": null,
            "version_id": "ff7d143e-c249-4ab1-9aee-aeb903bda3b3",
            "work_request_id": ""
          },
          "sensitive_attributes": [],
          "private": "eyJlMmJmYjczMC1lY2FhLTExZTYtOGY4OC0zNDM2M2JjN2M0YzAiOnsiY3JlYXRlIjoxMjAwMDAwMDAwMDAwLCJkZWxldGUiOjEyMDAwMDAwMDAwMDAsInVwZGF0ZSI6MTIwMDAwMDAwMDAwMH19",
          "dependencies": [
            "module.object-storage.oci_objectstorage_bucket.ewp_image_storage"
          ]
        },
        {
          "index_key": 215,
          "schema_version": 0,
          "attributes": {
            "bucket": "ewp_image_store",
            "cache_control": null,
            "content": null,
            "content_disposition": null,
            "content_encoding": null,
            "content_language": null,
            "content_length": "484898",
            "content_md5": "Qe02mV1KBKfeMKFSt7xr8Q==",
            "content_type": "image/jpeg",
            "delete_all_object_versions": false,
            "id": "n/lr4poue3hwjl/b/ewp_image_store/o/weddings%2FSarah%20and%20Toma%2F5.jpg",
            "metadata": {},
            "namespace": "lr4poue3hwjl",
            "object": "weddings/Sarah and Toma/5.jpg",
            "opc_sse_kms_key_id": null,
            "source": "../assets/weddings/Sarah and Toma/5.jpg 2014-07-30 18:05:41 +0100 BST",
            "source_uri_details": [],
            "state": "COMPLETED",
            "storage_tier": "Standard",
            "timeouts": null,
            "version_id": "010b3050-be33-4710-9681-cf625d025a81",
            "work_request_id": ""
          },
          "sensitive_attributes": [],
          "private": "eyJlMmJmYjczMC1lY2FhLTExZTYtOGY4OC0zNDM2M2JjN2M0YzAiOnsiY3JlYXRlIjoxMjAwMDAwMDAwMDAwLCJkZWxldGUiOjEyMDAwMDAwMDAwMDAsInVwZGF0ZSI6MTIwMDAwMDAwMDAwMH19",
          "dependencies": [
            "module.object-storage.oci_objectstorage_bucket.ewp_image_storage"
          ]
        },
        {
          "index_key": 216,
          "schema_version": 0,
          "attributes": {
            "bucket": "ewp_image_store",
            "cache_control": null,
            "content": null,
            "content_disposition": null,
            "content_encoding": null,
            "content_language": null,
            "content_length": "462789",
            "content_md5": "7mSg7x8lk4Wf4pkH+i4w3A==",
            "content_type": "image/jpeg",
            "delete_all_object_versions": false,
            "id": "n/lr4poue3hwjl/b/ewp_image_store/o/weddings%2FSarah%20and%20Toma%2F6.jpg",
            "metadata": {},
            "namespace": "lr4poue3hwjl",
            "object": "weddings/Sarah and Toma/6.jpg",
            "opc_sse_kms_key_id": null,
            "source": "../assets/weddings/Sarah and Toma/6.jpg 2014-07-30 18:05:19 +0100 BST",
            "source_uri_details": [],
            "state": "COMPLETED",
            "storage_tier": "Standard",
            "timeouts": null,
            "version_id": "401d2305-07bd-4f81-ad6b-e138a5253ef7",
            "work_request_id": ""
          },
          "sensitive_attributes": [],
          "private": "eyJlMmJmYjczMC1lY2FhLTExZTYtOGY4OC0zNDM2M2JjN2M0YzAiOnsiY3JlYXRlIjoxMjAwMDAwMDAwMDAwLCJkZWxldGUiOjEyMDAwMDAwMDAwMDAsInVwZGF0ZSI6MTIwMDAwMDAwMDAwMH19",
          "dependencies": [
            "module.object-storage.oci_objectstorage_bucket.ewp_image_storage"
          ]
        },
        {
          "index_key": 217,
          "schema_version": 0,
          "attributes": {
            "bucket": "ewp_image_store",
            "cache_control": null,
            "content": null,
            "content_disposition": null,
            "content_encoding": null,
            "content_language": null,
            "content_length": "424843",
            "content_md5": "wmmFLHhaShnmk1PWm5IRTA==",
            "content_type": "image/jpeg",
            "delete_all_object_versions": false,
            "id": "n/lr4poue3hwjl/b/ewp_image_store/o/weddings%2FSarah%20and%20Toma%2F7.jpg",
            "metadata": {},
            "namespace": "lr4poue3hwjl",
            "object": "weddings/Sarah and Toma/7.jpg",
            "opc_sse_kms_key_id": null,
            "source": "../assets/weddings/Sarah and Toma/7.jpg 2014-07-30 18:04:29 +0100 BST",
            "source_uri_details": [],
            "state": "COMPLETED",
            "storage_tier": "Standard",
            "timeouts": null,
            "version_id": "375ee75f-1f32-4ca2-ba21-2093f614ac62",
            "work_request_id": ""
          },
          "sensitive_attributes": [],
          "private": "eyJlMmJmYjczMC1lY2FhLTExZTYtOGY4OC0zNDM2M2JjN2M0YzAiOnsiY3JlYXRlIjoxMjAwMDAwMDAwMDAwLCJkZWxldGUiOjEyMDAwMDAwMDAwMDAsInVwZGF0ZSI6MTIwMDAwMDAwMDAwMH19",
          "dependencies": [
            "module.object-storage.oci_objectstorage_bucket.ewp_image_storage"
          ]
        },
        {
          "index_key": 218,
          "schema_version": 0,
          "attributes": {
            "bucket": "ewp_image_store",
            "cache_control": null,
            "content": null,
            "content_disposition": null,
            "content_encoding": null,
            "content_language": null,
            "content_length": "404060",
            "content_md5": "/5qn0SIvrOUfrCcrQPWf/g==",
            "content_type": "image/jpeg",
            "delete_all_object_versions": false,
            "id": "n/lr4poue3hwjl/b/ewp_image_store/o/weddings%2FSarah%20and%20Toma%2F8.jpg",
            "metadata": {},
            "namespace": "lr4poue3hwjl",
            "object": "weddings/Sarah and Toma/8.jpg",
            "opc_sse_kms_key_id": null,
            "source": "../assets/weddings/Sarah and Toma/8.jpg 2014-07-30 18:03:51 +0100 BST",
            "source_uri_details": [],
            "state": "COMPLETED",
            "storage_tier": "Standard",
            "timeouts": null,
            "version_id": "14ed0152-9ba0-44f3-b8fb-26d991ec999f",
            "work_request_id": ""
          },
          "sensitive_attributes": [],
          "private": "eyJlMmJmYjczMC1lY2FhLTExZTYtOGY4OC0zNDM2M2JjN2M0YzAiOnsiY3JlYXRlIjoxMjAwMDAwMDAwMDAwLCJkZWxldGUiOjEyMDAwMDAwMDAwMDAsInVwZGF0ZSI6MTIwMDAwMDAwMDAwMH19",
          "dependencies": [
            "module.object-storage.oci_objectstorage_bucket.ewp_image_storage"
          ]
        },
        {
          "index_key": 219,
          "schema_version": 0,
          "attributes": {
            "bucket": "ewp_image_store",
            "cache_control": null,
            "content": null,
            "content_disposition": null,
            "content_encoding": null,
            "content_language": null,
            "content_length": "400584",
            "content_md5": "RvHgs29L7TRqcNS0uss18w==",
            "content_type": "image/jpeg",
            "delete_all_object_versions": false,
            "id": "n/lr4poue3hwjl/b/ewp_image_store/o/weddings%2FSarah%20and%20Toma%2F9.jpg",
            "metadata": {},
            "namespace": "lr4poue3hwjl",
            "object": "weddings/Sarah and Toma/9.jpg",
            "opc_sse_kms_key_id": null,
            "source": "../assets/weddings/Sarah and Toma/9.jpg 2014-07-30 18:03:36 +0100 BST",
            "source_uri_details": [],
            "state": "COMPLETED",
            "storage_tier": "Standard",
            "timeouts": null,
            "version_id": "78d915f3-c433-4d30-9f80-5523382716e9",
            "work_request_id": ""
          },
          "sensitive_attributes": [],
          "private": "eyJlMmJmYjczMC1lY2FhLTExZTYtOGY4OC0zNDM2M2JjN2M0YzAiOnsiY3JlYXRlIjoxMjAwMDAwMDAwMDAwLCJkZWxldGUiOjEyMDAwMDAwMDAwMDAsInVwZGF0ZSI6MTIwMDAwMDAwMDAwMH19",
          "dependencies": [
            "module.object-storage.oci_objectstorage_bucket.ewp_image_storage"
          ]
        },
        {
          "index_key": 220,
          "schema_version": 0,
          "attributes": {
            "bucket": "ewp_image_store",
            "cache_control": null,
            "content": null,
            "content_disposition": null,
            "content_encoding": null,
            "content_language": null,
            "content_length": "483881",
            "content_md5": "ifvR9lLLlxe7FZ57wgEfgA==",
            "content_type": "image/jpeg",
            "delete_all_object_versions": false,
            "id": "n/lr4poue3hwjl/b/ewp_image_store/o/weddings%2FSarah%20and%20Toma%2Fcover.jpg",
            "metadata": {},
            "namespace": "lr4poue3hwjl",
            "object": "weddings/Sarah and Toma/cover.jpg",
            "opc_sse_kms_key_id": null,
            "source": "../assets/weddings/Sarah and Toma/cover.jpg 2014-07-30 17:55:54 +0100 BST",
            "source_uri_details": [],
            "state": "COMPLETED",
            "storage_tier": "Standard",
            "timeouts": null,
            "version_id": "7eb7231f-41fa-4c3b-9404-08e9232afe0e",
            "work_request_id": ""
          },
          "sensitive_attributes": [],
          "private": "eyJlMmJmYjczMC1lY2FhLTExZTYtOGY4OC0zNDM2M2JjN2M0YzAiOnsiY3JlYXRlIjoxMjAwMDAwMDAwMDAwLCJkZWxldGUiOjEyMDAwMDAwMDAwMDAsInVwZGF0ZSI6MTIwMDAwMDAwMDAwMH19",
          "dependencies": [
            "module.object-storage.oci_objectstorage_bucket.ewp_image_storage"
          ]
        },
        {
          "index_key": 221,
          "schema_version": 0,
          "attributes": {
            "bucket": "ewp_image_store",
            "cache_control": null,
            "content": null,
            "content_disposition": null,
            "content_encoding": null,
            "content_language": null,
            "content_length": "703542",
            "content_md5": "ou4nP3PUVsKqbaiDGwhw7A==",
            "content_type": "image/jpeg",
            "delete_all_object_versions": false,
            "id": "n/lr4poue3hwjl/b/ewp_image_store/o/weddings%2FTom%20and%20Rebecca%2F1.jpg",
            "metadata": {},
            "namespace": "lr4poue3hwjl",
            "object": "weddings/Tom and Rebecca/1.jpg",
            "opc_sse_kms_key_id": null,
            "source": "../assets/weddings/Tom and Rebecca/1.jpg 2015-07-19 13:13:12 +0100 BST",
            "source_uri_details": [],
            "state": "COMPLETED",
            "storage_tier": "Standard",
            "timeouts": null,
            "version_id": "7db57e67-f06a-4b31-959c-a4cb2acfdbbf",
            "work_request_id": ""
          },
          "sensitive_attributes": [],
          "private": "eyJlMmJmYjczMC1lY2FhLTExZTYtOGY4OC0zNDM2M2JjN2M0YzAiOnsiY3JlYXRlIjoxMjAwMDAwMDAwMDAwLCJkZWxldGUiOjEyMDAwMDAwMDAwMDAsInVwZGF0ZSI6MTIwMDAwMDAwMDAwMH19",
          "dependencies": [
            "module.object-storage.oci_objectstorage_bucket.ewp_image_storage"
          ]
        },
        {
          "index_key": 222,
          "schema_version": 0,
          "attributes": {
            "bucket": "ewp_image_store",
            "cache_control": null,
            "content": null,
            "content_disposition": null,
            "content_encoding": null,
            "content_language": null,
            "content_length": "266308",
            "content_md5": "KbZFMSJsq2gOs2JSWL6Ycg==",
            "content_type": "image/jpeg",
            "delete_all_object_versions": false,
            "id": "n/lr4poue3hwjl/b/ewp_image_store/o/weddings%2FTom%20and%20Rebecca%2F10.jpg",
            "metadata": {},
            "namespace": "lr4poue3hwjl",
            "object": "weddings/Tom and Rebecca/10.jpg",
            "opc_sse_kms_key_id": null,
            "source": "../assets/weddings/Tom and Rebecca/10.jpg 2015-07-19 13:11:41 +0100 BST",
            "source_uri_details": [],
            "state": "COMPLETED",
            "storage_tier": "Standard",
            "timeouts": null,
            "version_id": "f370fc41-fc03-4af3-9842-9a4db82ed074",
            "work_request_id": ""
          },
          "sensitive_attributes": [],
          "private": "eyJlMmJmYjczMC1lY2FhLTExZTYtOGY4OC0zNDM2M2JjN2M0YzAiOnsiY3JlYXRlIjoxMjAwMDAwMDAwMDAwLCJkZWxldGUiOjEyMDAwMDAwMDAwMDAsInVwZGF0ZSI6MTIwMDAwMDAwMDAwMH19",
          "dependencies": [
            "module.object-storage.oci_objectstorage_bucket.ewp_image_storage"
          ]
        },
        {
          "index_key": 223,
          "schema_version": 0,
          "attributes": {
            "bucket": "ewp_image_store",
            "cache_control": null,
            "content": null,
            "content_disposition": null,
            "content_encoding": null,
            "content_language": null,
            "content_length": "656688",
            "content_md5": "6AHUzlZXu67knQRxwCvKcQ==",
            "content_type": "image/jpeg",
            "delete_all_object_versions": false,
            "id": "n/lr4poue3hwjl/b/ewp_image_store/o/weddings%2FTom%20and%20Rebecca%2F11.jpg",
            "metadata": {},
            "namespace": "lr4poue3hwjl",
            "object": "weddings/Tom and Rebecca/11.jpg",
            "opc_sse_kms_key_id": null,
            "source": "../assets/weddings/Tom and Rebecca/11.jpg 2015-07-19 13:11:32 +0100 BST",
            "source_uri_details": [],
            "state": "COMPLETED",
            "storage_tier": "Standard",
            "timeouts": null,
            "version_id": "2282cee0-85a0-454c-becc-d787444f3035",
            "work_request_id": ""
          },
          "sensitive_attributes": [],
          "private": "eyJlMmJmYjczMC1lY2FhLTExZTYtOGY4OC0zNDM2M2JjN2M0YzAiOnsiY3JlYXRlIjoxMjAwMDAwMDAwMDAwLCJkZWxldGUiOjEyMDAwMDAwMDAwMDAsInVwZGF0ZSI6MTIwMDAwMDAwMDAwMH19",
          "dependencies": [
            "module.object-storage.oci_objectstorage_bucket.ewp_image_storage"
          ]
        },
        {
          "index_key": 224,
          "schema_version": 0,
          "attributes": {
            "bucket": "ewp_image_store",
            "cache_control": null,
            "content": null,
            "content_disposition": null,
            "content_encoding": null,
            "content_language": null,
            "content_length": "701829",
            "content_md5": "UgeFsTTBhZDOleijOK1dbA==",
            "content_type": "image/jpeg",
            "delete_all_object_versions": false,
            "id": "n/lr4poue3hwjl/b/ewp_image_store/o/weddings%2FTom%20and%20Rebecca%2F12.jpg",
            "metadata": {},
            "namespace": "lr4poue3hwjl",
            "object": "weddings/Tom and Rebecca/12.jpg",
            "opc_sse_kms_key_id": null,
            "source": "../assets/weddings/Tom and Rebecca/12.jpg 2015-07-19 13:11:22 +0100 BST",
            "source_uri_details": [],
            "state": "COMPLETED",
            "storage_tier": "Standard",
            "timeouts": null,
            "version_id": "cfdfd645-770f-4b11-9ffc-d26fb4dc5f25",
            "work_request_id": ""
          },
          "sensitive_attributes": [],
          "private": "eyJlMmJmYjczMC1lY2FhLTExZTYtOGY4OC0zNDM2M2JjN2M0YzAiOnsiY3JlYXRlIjoxMjAwMDAwMDAwMDAwLCJkZWxldGUiOjEyMDAwMDAwMDAwMDAsInVwZGF0ZSI6MTIwMDAwMDAwMDAwMH19",
          "dependencies": [
            "module.object-storage.oci_objectstorage_bucket.ewp_image_storage"
          ]
        },
        {
          "index_key": 225,
          "schema_version": 0,
          "attributes": {
            "bucket": "ewp_image_store",
            "cache_control": null,
            "content": null,
            "content_disposition": null,
            "content_encoding": null,
            "content_language": null,
            "content_length": "1066487",
            "content_md5": "wkFJZP9B1o5iLIhldikAdA==",
            "content_type": "image/jpeg",
            "delete_all_object_versions": false,
            "id": "n/lr4poue3hwjl/b/ewp_image_store/o/weddings%2FTom%20and%20Rebecca%2F13.jpg",
            "metadata": {},
            "namespace": "lr4poue3hwjl",
            "object": "weddings/Tom and Rebecca/13.jpg",
            "opc_sse_kms_key_id": null,
            "source": "../assets/weddings/Tom and Rebecca/13.jpg 2015-07-19 13:11:12 +0100 BST",
            "source_uri_details": [],
            "state": "COMPLETED",
            "storage_tier": "Standard",
            "timeouts": null,
            "version_id": "7977f75e-7de0-4287-8545-d3164258af56",
            "work_request_id": ""
          },
          "sensitive_attributes": [],
          "private": "eyJlMmJmYjczMC1lY2FhLTExZTYtOGY4OC0zNDM2M2JjN2M0YzAiOnsiY3JlYXRlIjoxMjAwMDAwMDAwMDAwLCJkZWxldGUiOjEyMDAwMDAwMDAwMDAsInVwZGF0ZSI6MTIwMDAwMDAwMDAwMH19",
          "dependencies": [
            "module.object-storage.oci_objectstorage_bucket.ewp_image_storage"
          ]
        },
        {
          "index_key": 226,
          "schema_version": 0,
          "attributes": {
            "bucket": "ewp_image_store",
            "cache_control": null,
            "content": null,
            "content_disposition": null,
            "content_encoding": null,
            "content_language": null,
            "content_length": "491529",
            "content_md5": "Nk8Vi3iT2AEeMSSmxNnL1w==",
            "content_type": "image/jpeg",
            "delete_all_object_versions": false,
            "id": "n/lr4poue3hwjl/b/ewp_image_store/o/weddings%2FTom%20and%20Rebecca%2F14.jpg",
            "metadata": {},
            "namespace": "lr4poue3hwjl",
            "object": "weddings/Tom and Rebecca/14.jpg",
            "opc_sse_kms_key_id": null,
            "source": "../assets/weddings/Tom and Rebecca/14.jpg 2015-07-19 13:11:03 +0100 BST",
            "source_uri_details": [],
            "state": "COMPLETED",
            "storage_tier": "Standard",
            "timeouts": null,
            "version_id": "166b7c42-0c83-47ce-9cfc-2ef5e2d3b40c",
            "work_request_id": ""
          },
          "sensitive_attributes": [],
          "private": "eyJlMmJmYjczMC1lY2FhLTExZTYtOGY4OC0zNDM2M2JjN2M0YzAiOnsiY3JlYXRlIjoxMjAwMDAwMDAwMDAwLCJkZWxldGUiOjEyMDAwMDAwMDAwMDAsInVwZGF0ZSI6MTIwMDAwMDAwMDAwMH19",
          "dependencies": [
            "module.object-storage.oci_objectstorage_bucket.ewp_image_storage"
          ]
        },
        {
          "index_key": 227,
          "schema_version": 0,
          "attributes": {
            "bucket": "ewp_image_store",
            "cache_control": null,
            "content": null,
            "content_disposition": null,
            "content_encoding": null,
            "content_language": null,
            "content_length": "325933",
            "content_md5": "3Tz/1VOYx3RQxpcfs1jKTg==",
            "content_type": "image/jpeg",
            "delete_all_object_versions": false,
            "id": "n/lr4poue3hwjl/b/ewp_image_store/o/weddings%2FTom%20and%20Rebecca%2F15.jpg",
            "metadata": {},
            "namespace": "lr4poue3hwjl",
            "object": "weddings/Tom and Rebecca/15.jpg",
            "opc_sse_kms_key_id": null,
            "source": "../assets/weddings/Tom and Rebecca/15.jpg 2015-07-19 13:10:51 +0100 BST",
            "source_uri_details": [],
            "state": "COMPLETED",
            "storage_tier": "Standard",
            "timeouts": null,
            "version_id": "e52efc4e-0917-4e27-8e00-52f3b51c870c",
            "work_request_id": ""
          },
          "sensitive_attributes": [],
          "private": "eyJlMmJmYjczMC1lY2FhLTExZTYtOGY4OC0zNDM2M2JjN2M0YzAiOnsiY3JlYXRlIjoxMjAwMDAwMDAwMDAwLCJkZWxldGUiOjEyMDAwMDAwMDAwMDAsInVwZGF0ZSI6MTIwMDAwMDAwMDAwMH19",
          "dependencies": [
            "module.object-storage.oci_objectstorage_bucket.ewp_image_storage"
          ]
        },
        {
          "index_key": 228,
          "schema_version": 0,
          "attributes": {
            "bucket": "ewp_image_store",
            "cache_control": null,
            "content": null,
            "content_disposition": null,
            "content_encoding": null,
            "content_language": null,
            "content_length": "681602",
            "content_md5": "dzLapl3p4MBAcTO6tOvEIg==",
            "content_type": "image/jpeg",
            "delete_all_object_versions": false,
            "id": "n/lr4poue3hwjl/b/ewp_image_store/o/weddings%2FTom%20and%20Rebecca%2F16.jpg",
            "metadata": {},
            "namespace": "lr4poue3hwjl",
            "object": "weddings/Tom and Rebecca/16.jpg",
            "opc_sse_kms_key_id": null,
            "source": "../assets/weddings/Tom and Rebecca/16.jpg 2015-07-19 13:10:42 +0100 BST",
            "source_uri_details": [],
            "state": "COMPLETED",
            "storage_tier": "Standard",
            "timeouts": null,
            "version_id": "733ea868-d4c2-4020-91f9-e1577b5d436c",
            "work_request_id": ""
          },
          "sensitive_attributes": [],
          "private": "eyJlMmJmYjczMC1lY2FhLTExZTYtOGY4OC0zNDM2M2JjN2M0YzAiOnsiY3JlYXRlIjoxMjAwMDAwMDAwMDAwLCJkZWxldGUiOjEyMDAwMDAwMDAwMDAsInVwZGF0ZSI6MTIwMDAwMDAwMDAwMH19",
          "dependencies": [
            "module.object-storage.oci_objectstorage_bucket.ewp_image_storage"
          ]
        },
        {
          "index_key": 229,
          "schema_version": 0,
          "attributes": {
            "bucket": "ewp_image_store",
            "cache_control": null,
            "content": null,
            "content_disposition": null,
            "content_encoding": null,
            "content_language": null,
            "content_length": "442600",
            "content_md5": "i9GOx0R75AFVDW8UhaelcA==",
            "content_type": "image/jpeg",
            "delete_all_object_versions": false,
            "id": "n/lr4poue3hwjl/b/ewp_image_store/o/weddings%2FTom%20and%20Rebecca%2F17.jpg",
            "metadata": {},
            "namespace": "lr4poue3hwjl",
            "object": "weddings/Tom and Rebecca/17.jpg",
            "opc_sse_kms_key_id": null,
            "source": "../assets/weddings/Tom and Rebecca/17.jpg 2015-07-19 13:10:32 +0100 BST",
            "source_uri_details": [],
            "state": "COMPLETED",
            "storage_tier": "Standard",
            "timeouts": null,
            "version_id": "1effc22d-245c-48ef-a23d-2a5f4ae49039",
            "work_request_id": ""
          },
          "sensitive_attributes": [],
          "private": "eyJlMmJmYjczMC1lY2FhLTExZTYtOGY4OC0zNDM2M2JjN2M0YzAiOnsiY3JlYXRlIjoxMjAwMDAwMDAwMDAwLCJkZWxldGUiOjEyMDAwMDAwMDAwMDAsInVwZGF0ZSI6MTIwMDAwMDAwMDAwMH19",
          "dependencies": [
            "module.object-storage.oci_objectstorage_bucket.ewp_image_storage"
          ]
        },
        {
          "index_key": 230,
          "schema_version": 0,
          "attributes": {
            "bucket": "ewp_image_store",
            "cache_control": null,
            "content": null,
            "content_disposition": null,
            "content_encoding": null,
            "content_language": null,
            "content_length": "397677",
            "content_md5": "FeKGhs/TCjhHbIMyKQH9tw==",
            "content_type": "image/jpeg",
            "delete_all_object_versions": false,
            "id": "n/lr4poue3hwjl/b/ewp_image_store/o/weddings%2FTom%20and%20Rebecca%2F18.jpg",
            "metadata": {},
            "namespace": "lr4poue3hwjl",
            "object": "weddings/Tom and Rebecca/18.jpg",
            "opc_sse_kms_key_id": null,
            "source": "../assets/weddings/Tom and Rebecca/18.jpg 2015-07-19 13:10:23 +0100 BST",
            "source_uri_details": [],
            "state": "COMPLETED",
            "storage_tier": "Standard",
            "timeouts": null,
            "version_id": "2d04c2ac-4c59-43ce-9f80-ddadfff9d1a9",
            "work_request_id": ""
          },
          "sensitive_attributes": [],
          "private": "eyJlMmJmYjczMC1lY2FhLTExZTYtOGY4OC0zNDM2M2JjN2M0YzAiOnsiY3JlYXRlIjoxMjAwMDAwMDAwMDAwLCJkZWxldGUiOjEyMDAwMDAwMDAwMDAsInVwZGF0ZSI6MTIwMDAwMDAwMDAwMH19",
          "dependencies": [
            "module.object-storage.oci_objectstorage_bucket.ewp_image_storage"
          ]
        },
        {
          "index_key": 231,
          "schema_version": 0,
          "attributes": {
            "bucket": "ewp_image_store",
            "cache_control": null,
            "content": null,
            "content_disposition": null,
            "content_encoding": null,
            "content_language": null,
            "content_length": "349324",
            "content_md5": "0GLkNDeuEdrIbGeGytrJug==",
            "content_type": "image/jpeg",
            "delete_all_object_versions": false,
            "id": "n/lr4poue3hwjl/b/ewp_image_store/o/weddings%2FTom%20and%20Rebecca%2F19.jpg",
            "metadata": {},
            "namespace": "lr4poue3hwjl",
            "object": "weddings/Tom and Rebecca/19.jpg",
            "opc_sse_kms_key_id": null,
            "source": "../assets/weddings/Tom and Rebecca/19.jpg 2015-07-19 13:10:11 +0100 BST",
            "source_uri_details": [],
            "state": "COMPLETED",
            "storage_tier": "Standard",
            "timeouts": null,
            "version_id": "533b88ca-ba8f-44ab-8543-53349b53b386",
            "work_request_id": ""
          },
          "sensitive_attributes": [],
          "private": "eyJlMmJmYjczMC1lY2FhLTExZTYtOGY4OC0zNDM2M2JjN2M0YzAiOnsiY3JlYXRlIjoxMjAwMDAwMDAwMDAwLCJkZWxldGUiOjEyMDAwMDAwMDAwMDAsInVwZGF0ZSI6MTIwMDAwMDAwMDAwMH19",
          "dependencies": [
            "module.object-storage.oci_objectstorage_bucket.ewp_image_storage"
          ]
        },
        {
          "index_key": 232,
          "schema_version": 0,
          "attributes": {
            "bucket": "ewp_image_store",
            "cache_control": null,
            "content": null,
            "content_disposition": null,
            "content_encoding": null,
            "content_language": null,
            "content_length": "874064",
            "content_md5": "PQuyBNf9heVxFmO0CBkxVA==",
            "content_type": "image/jpeg",
            "delete_all_object_versions": false,
            "id": "n/lr4poue3hwjl/b/ewp_image_store/o/weddings%2FTom%20and%20Rebecca%2F2.jpg",
            "metadata": {},
            "namespace": "lr4poue3hwjl",
            "object": "weddings/Tom and Rebecca/2.jpg",
            "opc_sse_kms_key_id": null,
            "source": "../assets/weddings/Tom and Rebecca/2.jpg 2015-07-19 13:12:57 +0100 BST",
            "source_uri_details": [],
            "state": "COMPLETED",
            "storage_tier": "Standard",
            "timeouts": null,
            "version_id": "063ccdde-2ecc-4161-b975-57a390e19408",
            "work_request_id": ""
          },
          "sensitive_attributes": [],
          "private": "eyJlMmJmYjczMC1lY2FhLTExZTYtOGY4OC0zNDM2M2JjN2M0YzAiOnsiY3JlYXRlIjoxMjAwMDAwMDAwMDAwLCJkZWxldGUiOjEyMDAwMDAwMDAwMDAsInVwZGF0ZSI6MTIwMDAwMDAwMDAwMH19",
          "dependencies": [
            "module.object-storage.oci_objectstorage_bucket.ewp_image_storage"
          ]
        },
        {
          "index_key": 233,
          "schema_version": 0,
          "attributes": {
            "bucket": "ewp_image_store",
            "cache_control": null,
            "content": null,
            "content_disposition": null,
            "content_encoding": null,
            "content_language": null,
            "content_length": "1065856",
            "content_md5": "eE15jEraUF2meHUZjQwQ+Q==",
            "content_type": "image/jpeg",
            "delete_all_object_versions": false,
            "id": "n/lr4poue3hwjl/b/ewp_image_store/o/weddings%2FTom%20and%20Rebecca%2F20.jpg",
            "metadata": {},
            "namespace": "lr4poue3hwjl",
            "object": "weddings/Tom and Rebecca/20.jpg",
            "opc_sse_kms_key_id": null,
            "source": "../assets/weddings/Tom and Rebecca/20.jpg 2015-07-19 13:10:02 +0100 BST",
            "source_uri_details": [],
            "state": "COMPLETED",
            "storage_tier": "Standard",
            "timeouts": null,
            "version_id": "19ddbc0a-fa72-4e86-a66a-92f44f485525",
            "work_request_id": ""
          },
          "sensitive_attributes": [],
          "private": "eyJlMmJmYjczMC1lY2FhLTExZTYtOGY4OC0zNDM2M2JjN2M0YzAiOnsiY3JlYXRlIjoxMjAwMDAwMDAwMDAwLCJkZWxldGUiOjEyMDAwMDAwMDAwMDAsInVwZGF0ZSI6MTIwMDAwMDAwMDAwMH19",
          "dependencies": [
            "module.object-storage.oci_objectstorage_bucket.ewp_image_storage"
          ]
        },
        {
          "index_key": 234,
          "schema_version": 0,
          "attributes": {
            "bucket": "ewp_image_store",
            "cache_control": null,
            "content": null,
            "content_disposition": null,
            "content_encoding": null,
            "content_language": null,
            "content_length": "768731",
            "content_md5": "AbkneHStIzOY7Rs2eU1u9A==",
            "content_type": "image/jpeg",
            "delete_all_object_versions": false,
            "id": "n/lr4poue3hwjl/b/ewp_image_store/o/weddings%2FTom%20and%20Rebecca%2F21.jpg",
            "metadata": {},
            "namespace": "lr4poue3hwjl",
            "object": "weddings/Tom and Rebecca/21.jpg",
            "opc_sse_kms_key_id": null,
            "source": "../assets/weddings/Tom and Rebecca/21.jpg 2015-07-19 13:09:53 +0100 BST",
            "source_uri_details": [],
            "state": "COMPLETED",
            "storage_tier": "Standard",
            "timeouts": null,
            "version_id": "d23e5459-ff6f-4ce0-8b58-efa5ce7ff934",
            "work_request_id": ""
          },
          "sensitive_attributes": [],
          "private": "eyJlMmJmYjczMC1lY2FhLTExZTYtOGY4OC0zNDM2M2JjN2M0YzAiOnsiY3JlYXRlIjoxMjAwMDAwMDAwMDAwLCJkZWxldGUiOjEyMDAwMDAwMDAwMDAsInVwZGF0ZSI6MTIwMDAwMDAwMDAwMH19",
          "dependencies": [
            "module.object-storage.oci_objectstorage_bucket.ewp_image_storage"
          ]
        },
        {
          "index_key": 235,
          "schema_version": 0,
          "attributes": {
            "bucket": "ewp_image_store",
            "cache_control": null,
            "content": null,
            "content_disposition": null,
            "content_encoding": null,
            "content_language": null,
            "content_length": "759361",
            "content_md5": "42WWCupbRYeIE0vhkC+7AQ==",
            "content_type": "image/jpeg",
            "delete_all_object_versions": false,
            "id": "n/lr4poue3hwjl/b/ewp_image_store/o/weddings%2FTom%20and%20Rebecca%2F22.jpg",
            "metadata": {},
            "namespace": "lr4poue3hwjl",
            "object": "weddings/Tom and Rebecca/22.jpg",
            "opc_sse_kms_key_id": null,
            "source": "../assets/weddings/Tom and Rebecca/22.jpg 2015-07-19 13:09:44 +0100 BST",
            "source_uri_details": [],
            "state": "COMPLETED",
            "storage_tier": "Standard",
            "timeouts": null,
            "version_id": "65662ef1-f465-4d78-8351-fd65bcfee51e",
            "work_request_id": ""
          },
          "sensitive_attributes": [],
          "private": "eyJlMmJmYjczMC1lY2FhLTExZTYtOGY4OC0zNDM2M2JjN2M0YzAiOnsiY3JlYXRlIjoxMjAwMDAwMDAwMDAwLCJkZWxldGUiOjEyMDAwMDAwMDAwMDAsInVwZGF0ZSI6MTIwMDAwMDAwMDAwMH19",
          "dependencies": [
            "module.object-storage.oci_objectstorage_bucket.ewp_image_storage"
          ]
        },
        {
          "index_key": 236,
          "schema_version": 0,
          "attributes": {
            "bucket": "ewp_image_store",
            "cache_control": null,
            "content": null,
            "content_disposition": null,
            "content_encoding": null,
            "content_language": null,
            "content_length": "694397",
            "content_md5": "KyXCI+MzyjeFNevrBi9gEw==",
            "content_type": "image/jpeg",
            "delete_all_object_versions": false,
            "id": "n/lr4poue3hwjl/b/ewp_image_store/o/weddings%2FTom%20and%20Rebecca%2F23.jpg",
            "metadata": {},
            "namespace": "lr4poue3hwjl",
            "object": "weddings/Tom and Rebecca/23.jpg",
            "opc_sse_kms_key_id": null,
            "source": "../assets/weddings/Tom and Rebecca/23.jpg 2015-07-19 13:09:31 +0100 BST",
            "source_uri_details": [],
            "state": "COMPLETED",
            "storage_tier": "Standard",
            "timeouts": null,
            "version_id": "aef98a7e-7b0d-444a-90d1-3b7a89c71e6f",
            "work_request_id": ""
          },
          "sensitive_attributes": [],
          "private": "eyJlMmJmYjczMC1lY2FhLTExZTYtOGY4OC0zNDM2M2JjN2M0YzAiOnsiY3JlYXRlIjoxMjAwMDAwMDAwMDAwLCJkZWxldGUiOjEyMDAwMDAwMDAwMDAsInVwZGF0ZSI6MTIwMDAwMDAwMDAwMH19",
          "dependencies": [
            "module.object-storage.oci_objectstorage_bucket.ewp_image_storage"
          ]
        },
        {
          "index_key": 237,
          "schema_version": 0,
          "attributes": {
            "bucket": "ewp_image_store",
            "cache_control": null,
            "content": null,
            "content_disposition": null,
            "content_encoding": null,
            "content_language": null,
            "content_length": "820001",
            "content_md5": "G99EPspbRsCAzOONauGbfw==",
            "content_type": "image/jpeg",
            "delete_all_object_versions": false,
            "id": "n/lr4poue3hwjl/b/ewp_image_store/o/weddings%2FTom%20and%20Rebecca%2F24.jpg",
            "metadata": {},
            "namespace": "lr4poue3hwjl",
            "object": "weddings/Tom and Rebecca/24.jpg",
            "opc_sse_kms_key_id": null,
            "source": "../assets/weddings/Tom and Rebecca/24.jpg 2015-07-19 13:09:21 +0100 BST",
            "source_uri_details": [],
            "state": "COMPLETED",
            "storage_tier": "Standard",
            "timeouts": null,
            "version_id": "cc074416-88e6-4479-aec6-21129bdbc247",
            "work_request_id": ""
          },
          "sensitive_attributes": [],
          "private": "eyJlMmJmYjczMC1lY2FhLTExZTYtOGY4OC0zNDM2M2JjN2M0YzAiOnsiY3JlYXRlIjoxMjAwMDAwMDAwMDAwLCJkZWxldGUiOjEyMDAwMDAwMDAwMDAsInVwZGF0ZSI6MTIwMDAwMDAwMDAwMH19",
          "dependencies": [
            "module.object-storage.oci_objectstorage_bucket.ewp_image_storage"
          ]
        },
        {
          "index_key": 238,
          "schema_version": 0,
          "attributes": {
            "bucket": "ewp_image_store",
            "cache_control": null,
            "content": null,
            "content_disposition": null,
            "content_encoding": null,
            "content_language": null,
            "content_length": "547783",
            "content_md5": "UZnUFyO0Ai2wzAJ9bMtFgQ==",
            "content_type": "image/jpeg",
            "delete_all_object_versions": false,
            "id": "n/lr4poue3hwjl/b/ewp_image_store/o/weddings%2FTom%20and%20Rebecca%2F25.jpg",
            "metadata": {},
            "namespace": "lr4poue3hwjl",
            "object": "weddings/Tom and Rebecca/25.jpg",
            "opc_sse_kms_key_id": null,
            "source": "../assets/weddings/Tom and Rebecca/25.jpg 2015-07-19 13:09:10 +0100 BST",
            "source_uri_details": [],
            "state": "COMPLETED",
            "storage_tier": "Standard",
            "timeouts": null,
            "version_id": "5ea61405-6a2b-4087-b303-6747248f59c9",
            "work_request_id": ""
          },
          "sensitive_attributes": [],
          "private": "eyJlMmJmYjczMC1lY2FhLTExZTYtOGY4OC0zNDM2M2JjN2M0YzAiOnsiY3JlYXRlIjoxMjAwMDAwMDAwMDAwLCJkZWxldGUiOjEyMDAwMDAwMDAwMDAsInVwZGF0ZSI6MTIwMDAwMDAwMDAwMH19",
          "dependencies": [
            "module.object-storage.oci_objectstorage_bucket.ewp_image_storage"
          ]
        },
        {
          "index_key": 239,
          "schema_version": 0,
          "attributes": {
            "bucket": "ewp_image_store",
            "cache_control": null,
            "content": null,
            "content_disposition": null,
            "content_encoding": null,
            "content_language": null,
            "content_length": "1207152",
            "content_md5": "qqvca+DX+WZHCtOHZ9uOKA==",
            "content_type": "image/jpeg",
            "delete_all_object_versions": false,
            "id": "n/lr4poue3hwjl/b/ewp_image_store/o/weddings%2FTom%20and%20Rebecca%2F26.jpg",
            "metadata": {},
            "namespace": "lr4poue3hwjl",
            "object": "weddings/Tom and Rebecca/26.jpg",
            "opc_sse_kms_key_id": null,
            "source": "../assets/weddings/Tom and Rebecca/26.jpg 2015-07-19 13:09:01 +0100 BST",
            "source_uri_details": [],
            "state": "COMPLETED",
            "storage_tier": "Standard",
            "timeouts": null,
            "version_id": "3810e7ec-94b9-4ea7-ab11-45a0d2d1c8be",
            "work_request_id": ""
          },
          "sensitive_attributes": [],
          "private": "eyJlMmJmYjczMC1lY2FhLTExZTYtOGY4OC0zNDM2M2JjN2M0YzAiOnsiY3JlYXRlIjoxMjAwMDAwMDAwMDAwLCJkZWxldGUiOjEyMDAwMDAwMDAwMDAsInVwZGF0ZSI6MTIwMDAwMDAwMDAwMH19",
          "dependencies": [
            "module.object-storage.oci_objectstorage_bucket.ewp_image_storage"
          ]
        },
        {
          "index_key": 240,
          "schema_version": 0,
          "attributes": {
            "bucket": "ewp_image_store",
            "cache_control": null,
            "content": null,
            "content_disposition": null,
            "content_encoding": null,
            "content_language": null,
            "content_length": "910047",
            "content_md5": "t5qScDby7+SXmrtVL39O9g==",
            "content_type": "image/jpeg",
            "delete_all_object_versions": false,
            "id": "n/lr4poue3hwjl/b/ewp_image_store/o/weddings%2FTom%20and%20Rebecca%2F27.jpg",
            "metadata": {},
            "namespace": "lr4poue3hwjl",
            "object": "weddings/Tom and Rebecca/27.jpg",
            "opc_sse_kms_key_id": null,
            "source": "../assets/weddings/Tom and Rebecca/27.jpg 2015-07-19 13:08:51 +0100 BST",
            "source_uri_details": [],
            "state": "COMPLETED",
            "storage_tier": "Standard",
            "timeouts": null,
            "version_id": "d13416ec-79b0-4041-916d-af6c139d686a",
            "work_request_id": ""
          },
          "sensitive_attributes": [],
          "private": "eyJlMmJmYjczMC1lY2FhLTExZTYtOGY4OC0zNDM2M2JjN2M0YzAiOnsiY3JlYXRlIjoxMjAwMDAwMDAwMDAwLCJkZWxldGUiOjEyMDAwMDAwMDAwMDAsInVwZGF0ZSI6MTIwMDAwMDAwMDAwMH19",
          "dependencies": [
            "module.object-storage.oci_objectstorage_bucket.ewp_image_storage"
          ]
        },
        {
          "index_key": 241,
          "schema_version": 0,
          "attributes": {
            "bucket": "ewp_image_store",
            "cache_control": null,
            "content": null,
            "content_disposition": null,
            "content_encoding": null,
            "content_language": null,
            "content_length": "717823",
            "content_md5": "gcMgnw1IIU9YstzEsZC74w==",
            "content_type": "image/jpeg",
            "delete_all_object_versions": false,
            "id": "n/lr4poue3hwjl/b/ewp_image_store/o/weddings%2FTom%20and%20Rebecca%2F28.jpg",
            "metadata": {},
            "namespace": "lr4poue3hwjl",
            "object": "weddings/Tom and Rebecca/28.jpg",
            "opc_sse_kms_key_id": null,
            "source": "../assets/weddings/Tom and Rebecca/28.jpg 2015-07-19 13:08:41 +0100 BST",
            "source_uri_details": [],
            "state": "COMPLETED",
            "storage_tier": "Standard",
            "timeouts": null,
            "version_id": "f9e93d7c-3897-44c1-8aa5-1f2d86f5abbc",
            "work_request_id": ""
          },
          "sensitive_attributes": [],
          "private": "eyJlMmJmYjczMC1lY2FhLTExZTYtOGY4OC0zNDM2M2JjN2M0YzAiOnsiY3JlYXRlIjoxMjAwMDAwMDAwMDAwLCJkZWxldGUiOjEyMDAwMDAwMDAwMDAsInVwZGF0ZSI6MTIwMDAwMDAwMDAwMH19",
          "dependencies": [
            "module.object-storage.oci_objectstorage_bucket.ewp_image_storage"
          ]
        },
        {
          "index_key": 242,
          "schema_version": 0,
          "attributes": {
            "bucket": "ewp_image_store",
            "cache_control": null,
            "content": null,
            "content_disposition": null,
            "content_encoding": null,
            "content_language": null,
            "content_length": "684708",
            "content_md5": "Pt7sd6o+EVzCsOcq0ACqwA==",
            "content_type": "image/jpeg",
            "delete_all_object_versions": false,
            "id": "n/lr4poue3hwjl/b/ewp_image_store/o/weddings%2FTom%20and%20Rebecca%2F29.jpg",
            "metadata": {},
            "namespace": "lr4poue3hwjl",
            "object": "weddings/Tom and Rebecca/29.jpg",
            "opc_sse_kms_key_id": null,
            "source": "../assets/weddings/Tom and Rebecca/29.jpg 2015-07-19 13:08:31 +0100 BST",
            "source_uri_details": [],
            "state": "COMPLETED",
            "storage_tier": "Standard",
            "timeouts": null,
            "version_id": "64f6e86e-3027-42bb-b8f6-2535e6738393",
            "work_request_id": ""
          },
          "sensitive_attributes": [],
          "private": "eyJlMmJmYjczMC1lY2FhLTExZTYtOGY4OC0zNDM2M2JjN2M0YzAiOnsiY3JlYXRlIjoxMjAwMDAwMDAwMDAwLCJkZWxldGUiOjEyMDAwMDAwMDAwMDAsInVwZGF0ZSI6MTIwMDAwMDAwMDAwMH19",
          "dependencies": [
            "module.object-storage.oci_objectstorage_bucket.ewp_image_storage"
          ]
        },
        {
          "index_key": 243,
          "schema_version": 0,
          "attributes": {
            "bucket": "ewp_image_store",
            "cache_control": null,
            "content": null,
            "content_disposition": null,
            "content_encoding": null,
            "content_language": null,
            "content_length": "439667",
            "content_md5": "9UWQbYyDvGjgt/f72dx+Ng==",
            "content_type": "image/jpeg",
            "delete_all_object_versions": false,
            "id": "n/lr4poue3hwjl/b/ewp_image_store/o/weddings%2FTom%20and%20Rebecca%2F3.jpg",
            "metadata": {},
            "namespace": "lr4poue3hwjl",
            "object": "weddings/Tom and Rebecca/3.jpg",
            "opc_sse_kms_key_id": null,
            "source": "../assets/weddings/Tom and Rebecca/3.jpg 2015-07-19 13:12:47 +0100 BST",
            "source_uri_details": [],
            "state": "COMPLETED",
            "storage_tier": "Standard",
            "timeouts": null,
            "version_id": "c4e81694-3ba5-4d64-b032-c3385a98d75c",
            "work_request_id": ""
          },
          "sensitive_attributes": [],
          "private": "eyJlMmJmYjczMC1lY2FhLTExZTYtOGY4OC0zNDM2M2JjN2M0YzAiOnsiY3JlYXRlIjoxMjAwMDAwMDAwMDAwLCJkZWxldGUiOjEyMDAwMDAwMDAwMDAsInVwZGF0ZSI6MTIwMDAwMDAwMDAwMH19",
          "dependencies": [
            "module.object-storage.oci_objectstorage_bucket.ewp_image_storage"
          ]
        },
        {
          "index_key": 244,
          "schema_version": 0,
          "attributes": {
            "bucket": "ewp_image_store",
            "cache_control": null,
            "content": null,
            "content_disposition": null,
            "content_encoding": null,
            "content_language": null,
            "content_length": "588748",
            "content_md5": "o48v23P7vES7heZaZQBHjg==",
            "content_type": "image/jpeg",
            "delete_all_object_versions": false,
            "id": "n/lr4poue3hwjl/b/ewp_image_store/o/weddings%2FTom%20and%20Rebecca%2F30.jpg",
            "metadata": {},
            "namespace": "lr4poue3hwjl",
            "object": "weddings/Tom and Rebecca/30.jpg",
            "opc_sse_kms_key_id": null,
            "source": "../assets/weddings/Tom and Rebecca/30.jpg 2015-07-19 13:08:17 +0100 BST",
            "source_uri_details": [],
            "state": "COMPLETED",
            "storage_tier": "Standard",
            "timeouts": null,
            "version_id": "e9079fcd-8179-4209-bf4b-89765d5a9d87",
            "work_request_id": ""
          },
          "sensitive_attributes": [],
          "private": "eyJlMmJmYjczMC1lY2FhLTExZTYtOGY4OC0zNDM2M2JjN2M0YzAiOnsiY3JlYXRlIjoxMjAwMDAwMDAwMDAwLCJkZWxldGUiOjEyMDAwMDAwMDAwMDAsInVwZGF0ZSI6MTIwMDAwMDAwMDAwMH19",
          "dependencies": [
            "module.object-storage.oci_objectstorage_bucket.ewp_image_storage"
          ]
        },
        {
          "index_key": 245,
          "schema_version": 0,
          "attributes": {
            "bucket": "ewp_image_store",
            "cache_control": null,
            "content": null,
            "content_disposition": null,
            "content_encoding": null,
            "content_language": null,
            "content_length": "1366129",
            "content_md5": "lIXnnkMg/7Xg+UuWDeyUVg==",
            "content_type": "image/jpeg",
            "delete_all_object_versions": false,
            "id": "n/lr4poue3hwjl/b/ewp_image_store/o/weddings%2FTom%20and%20Rebecca%2F31.jpg",
            "metadata": {},
            "namespace": "lr4poue3hwjl",
            "object": "weddings/Tom and Rebecca/31.jpg",
            "opc_sse_kms_key_id": null,
            "source": "../assets/weddings/Tom and Rebecca/31.jpg 2015-07-19 13:08:07 +0100 BST",
            "source_uri_details": [],
            "state": "COMPLETED",
            "storage_tier": "Standard",
            "timeouts": null,
            "version_id": "f8fd91af-9eea-4bca-89f0-c35914524282",
            "work_request_id": ""
          },
          "sensitive_attributes": [],
          "private": "eyJlMmJmYjczMC1lY2FhLTExZTYtOGY4OC0zNDM2M2JjN2M0YzAiOnsiY3JlYXRlIjoxMjAwMDAwMDAwMDAwLCJkZWxldGUiOjEyMDAwMDAwMDAwMDAsInVwZGF0ZSI6MTIwMDAwMDAwMDAwMH19",
          "dependencies": [
            "module.object-storage.oci_objectstorage_bucket.ewp_image_storage"
          ]
        },
        {
          "index_key": 246,
          "schema_version": 0,
          "attributes": {
            "bucket": "ewp_image_store",
            "cache_control": null,
            "content": null,
            "content_disposition": null,
            "content_encoding": null,
            "content_language": null,
            "content_length": "1087755",
            "content_md5": "WeIOqmdC1QbycbNFgHqPog==",
            "content_type": "image/jpeg",
            "delete_all_object_versions": false,
            "id": "n/lr4poue3hwjl/b/ewp_image_store/o/weddings%2FTom%20and%20Rebecca%2F32.jpg",
            "metadata": {},
            "namespace": "lr4poue3hwjl",
            "object": "weddings/Tom and Rebecca/32.jpg",
            "opc_sse_kms_key_id": null,
            "source": "../assets/weddings/Tom and Rebecca/32.jpg 2015-07-19 13:07:58 +0100 BST",
            "source_uri_details": [],
            "state": "COMPLETED",
            "storage_tier": "Standard",
            "timeouts": null,
            "version_id": "03e82255-562d-49dd-b7d8-2ec3fba4ea83",
            "work_request_id": ""
          },
          "sensitive_attributes": [],
          "private": "eyJlMmJmYjczMC1lY2FhLTExZTYtOGY4OC0zNDM2M2JjN2M0YzAiOnsiY3JlYXRlIjoxMjAwMDAwMDAwMDAwLCJkZWxldGUiOjEyMDAwMDAwMDAwMDAsInVwZGF0ZSI6MTIwMDAwMDAwMDAwMH19",
          "dependencies": [
            "module.object-storage.oci_objectstorage_bucket.ewp_image_storage"
          ]
        },
        {
          "index_key": 247,
          "schema_version": 0,
          "attributes": {
            "bucket": "ewp_image_store",
            "cache_control": null,
            "content": null,
            "content_disposition": null,
            "content_encoding": null,
            "content_language": null,
            "content_length": "446213",
            "content_md5": "N4GTFC8Ah1vttyxc7UfFyA==",
            "content_type": "image/jpeg",
            "delete_all_object_versions": false,
            "id": "n/lr4poue3hwjl/b/ewp_image_store/o/weddings%2FTom%20and%20Rebecca%2F33.jpg",
            "metadata": {},
            "namespace": "lr4poue3hwjl",
            "object": "weddings/Tom and Rebecca/33.jpg",
            "opc_sse_kms_key_id": null,
            "source": "../assets/weddings/Tom and Rebecca/33.jpg 2015-07-19 13:07:45 +0100 BST",
            "source_uri_details": [],
            "state": "COMPLETED",
            "storage_tier": "Standard",
            "timeouts": null,
            "version_id": "5e04eeeb-4bc0-45cf-b7d9-979b5afb38ff",
            "work_request_id": ""
          },
          "sensitive_attributes": [],
          "private": "eyJlMmJmYjczMC1lY2FhLTExZTYtOGY4OC0zNDM2M2JjN2M0YzAiOnsiY3JlYXRlIjoxMjAwMDAwMDAwMDAwLCJkZWxldGUiOjEyMDAwMDAwMDAwMDAsInVwZGF0ZSI6MTIwMDAwMDAwMDAwMH19",
          "dependencies": [
            "module.object-storage.oci_objectstorage_bucket.ewp_image_storage"
          ]
        },
        {
          "index_key": 248,
          "schema_version": 0,
          "attributes": {
            "bucket": "ewp_image_store",
            "cache_control": null,
            "content": null,
            "content_disposition": null,
            "content_encoding": null,
            "content_language": null,
            "content_length": "671984",
            "content_md5": "eC1kpnmuvTuahenGDOEmDA==",
            "content_type": "image/jpeg",
            "delete_all_object_versions": false,
            "id": "n/lr4poue3hwjl/b/ewp_image_store/o/weddings%2FTom%20and%20Rebecca%2F34.jpg",
            "metadata": {},
            "namespace": "lr4poue3hwjl",
            "object": "weddings/Tom and Rebecca/34.jpg",
            "opc_sse_kms_key_id": null,
            "source": "../assets/weddings/Tom and Rebecca/34.jpg 2015-07-19 13:07:37 +0100 BST",
            "source_uri_details": [],
            "state": "COMPLETED",
            "storage_tier": "Standard",
            "timeouts": null,
            "version_id": "4b608b7b-0d55-47d8-a275-6d388115aad8",
            "work_request_id": ""
          },
          "sensitive_attributes": [],
          "private": "eyJlMmJmYjczMC1lY2FhLTExZTYtOGY4OC0zNDM2M2JjN2M0YzAiOnsiY3JlYXRlIjoxMjAwMDAwMDAwMDAwLCJkZWxldGUiOjEyMDAwMDAwMDAwMDAsInVwZGF0ZSI6MTIwMDAwMDAwMDAwMH19",
          "dependencies": [
            "module.object-storage.oci_objectstorage_bucket.ewp_image_storage"
          ]
        },
        {
          "index_key": 249,
          "schema_version": 0,
          "attributes": {
            "bucket": "ewp_image_store",
            "cache_control": null,
            "content": null,
            "content_disposition": null,
            "content_encoding": null,
            "content_language": null,
            "content_length": "510893",
            "content_md5": "7Gb8l02ctGq5zzSbuYNuVg==",
            "content_type": "image/jpeg",
            "delete_all_object_versions": false,
            "id": "n/lr4poue3hwjl/b/ewp_image_store/o/weddings%2FTom%20and%20Rebecca%2F35.jpg",
            "metadata": {},
            "namespace": "lr4poue3hwjl",
            "object": "weddings/Tom and Rebecca/35.jpg",
            "opc_sse_kms_key_id": null,
            "source": "../assets/weddings/Tom and Rebecca/35.jpg 2015-07-19 13:07:24 +0100 BST",
            "source_uri_details": [],
            "state": "COMPLETED",
            "storage_tier": "Standard",
            "timeouts": null,
            "version_id": "f0641938-8515-49fe-83e7-063c6dba714c",
            "work_request_id": ""
          },
          "sensitive_attributes": [],
          "private": "eyJlMmJmYjczMC1lY2FhLTExZTYtOGY4OC0zNDM2M2JjN2M0YzAiOnsiY3JlYXRlIjoxMjAwMDAwMDAwMDAwLCJkZWxldGUiOjEyMDAwMDAwMDAwMDAsInVwZGF0ZSI6MTIwMDAwMDAwMDAwMH19",
          "dependencies": [
            "module.object-storage.oci_objectstorage_bucket.ewp_image_storage"
          ]
        },
        {
          "index_key": 250,
          "schema_version": 0,
          "attributes": {
            "bucket": "ewp_image_store",
            "cache_control": null,
            "content": null,
            "content_disposition": null,
            "content_encoding": null,
            "content_language": null,
            "content_length": "1416616",
            "content_md5": "QY1Ed1ObfoKnr1wJlzkNJQ==",
            "content_type": "image/jpeg",
            "delete_all_object_versions": false,
            "id": "n/lr4poue3hwjl/b/ewp_image_store/o/weddings%2FTom%20and%20Rebecca%2F36.jpg",
            "metadata": {},
            "namespace": "lr4poue3hwjl",
            "object": "weddings/Tom and Rebecca/36.jpg",
            "opc_sse_kms_key_id": null,
            "source": "../assets/weddings/Tom and Rebecca/36.jpg 2015-07-19 13:07:12 +0100 BST",
            "source_uri_details": [],
            "state": "COMPLETED",
            "storage_tier": "Standard",
            "timeouts": null,
            "version_id": "483fbc39-d96d-4868-bbd4-d511c8492f7c",
            "work_request_id": ""
          },
          "sensitive_attributes": [],
          "private": "eyJlMmJmYjczMC1lY2FhLTExZTYtOGY4OC0zNDM2M2JjN2M0YzAiOnsiY3JlYXRlIjoxMjAwMDAwMDAwMDAwLCJkZWxldGUiOjEyMDAwMDAwMDAwMDAsInVwZGF0ZSI6MTIwMDAwMDAwMDAwMH19",
          "dependencies": [
            "module.object-storage.oci_objectstorage_bucket.ewp_image_storage"
          ]
        },
        {
          "index_key": 251,
          "schema_version": 0,
          "attributes": {
            "bucket": "ewp_image_store",
            "cache_control": null,
            "content": null,
            "content_disposition": null,
            "content_encoding": null,
            "content_language": null,
            "content_length": "419367",
            "content_md5": "w+NWL5Nd69eVQTpjLuA5tw==",
            "content_type": "image/jpeg",
            "delete_all_object_versions": false,
            "id": "n/lr4poue3hwjl/b/ewp_image_store/o/weddings%2FTom%20and%20Rebecca%2F37.jpg",
            "metadata": {},
            "namespace": "lr4poue3hwjl",
            "object": "weddings/Tom and Rebecca/37.jpg",
            "opc_sse_kms_key_id": null,
            "source": "../assets/weddings/Tom and Rebecca/37.jpg 2015-07-19 13:07:03 +0100 BST",
            "source_uri_details": [],
            "state": "COMPLETED",
            "storage_tier": "Standard",
            "timeouts": null,
            "version_id": "f53627b2-428f-4884-94de-6d40882b6c69",
            "work_request_id": ""
          },
          "sensitive_attributes": [],
          "private": "eyJlMmJmYjczMC1lY2FhLTExZTYtOGY4OC0zNDM2M2JjN2M0YzAiOnsiY3JlYXRlIjoxMjAwMDAwMDAwMDAwLCJkZWxldGUiOjEyMDAwMDAwMDAwMDAsInVwZGF0ZSI6MTIwMDAwMDAwMDAwMH19",
          "dependencies": [
            "module.object-storage.oci_objectstorage_bucket.ewp_image_storage"
          ]
        },
        {
          "index_key": 252,
          "schema_version": 0,
          "attributes": {
            "bucket": "ewp_image_store",
            "cache_control": null,
            "content": null,
            "content_disposition": null,
            "content_encoding": null,
            "content_language": null,
            "content_length": "937868",
            "content_md5": "b4FVwc+lKNEIdgqDe6VKLA==",
            "content_type": "image/jpeg",
            "delete_all_object_versions": false,
            "id": "n/lr4poue3hwjl/b/ewp_image_store/o/weddings%2FTom%20and%20Rebecca%2F38.jpg",
            "metadata": {},
            "namespace": "lr4poue3hwjl",
            "object": "weddings/Tom and Rebecca/38.jpg",
            "opc_sse_kms_key_id": null,
            "source": "../assets/weddings/Tom and Rebecca/38.jpg 2015-07-19 13:06:55 +0100 BST",
            "source_uri_details": [],
            "state": "COMPLETED",
            "storage_tier": "Standard",
            "timeouts": null,
            "version_id": "10fb5ba4-cc78-4235-b3fb-483cc0da84e0",
            "work_request_id": ""
          },
          "sensitive_attributes": [],
          "private": "eyJlMmJmYjczMC1lY2FhLTExZTYtOGY4OC0zNDM2M2JjN2M0YzAiOnsiY3JlYXRlIjoxMjAwMDAwMDAwMDAwLCJkZWxldGUiOjEyMDAwMDAwMDAwMDAsInVwZGF0ZSI6MTIwMDAwMDAwMDAwMH19",
          "dependencies": [
            "module.object-storage.oci_objectstorage_bucket.ewp_image_storage"
          ]
        },
        {
          "index_key": 253,
          "schema_version": 0,
          "attributes": {
            "bucket": "ewp_image_store",
            "cache_control": null,
            "content": null,
            "content_disposition": null,
            "content_encoding": null,
            "content_language": null,
            "content_length": "346535",
            "content_md5": "5WR0ar1re2Rr5gxDgx3miw==",
            "content_type": "image/jpeg",
            "delete_all_object_versions": false,
            "id": "n/lr4poue3hwjl/b/ewp_image_store/o/weddings%2FTom%20and%20Rebecca%2F39.jpg",
            "metadata": {},
            "namespace": "lr4poue3hwjl",
            "object": "weddings/Tom and Rebecca/39.jpg",
            "opc_sse_kms_key_id": null,
            "source": "../assets/weddings/Tom and Rebecca/39.jpg 2015-07-19 13:06:44 +0100 BST",
            "source_uri_details": [],
            "state": "COMPLETED",
            "storage_tier": "Standard",
            "timeouts": null,
            "version_id": "7c2a2bdc-9406-4edd-b08e-a31ce8aff834",
            "work_request_id": ""
          },
          "sensitive_attributes": [],
          "private": "eyJlMmJmYjczMC1lY2FhLTExZTYtOGY4OC0zNDM2M2JjN2M0YzAiOnsiY3JlYXRlIjoxMjAwMDAwMDAwMDAwLCJkZWxldGUiOjEyMDAwMDAwMDAwMDAsInVwZGF0ZSI6MTIwMDAwMDAwMDAwMH19",
          "dependencies": [
            "module.object-storage.oci_objectstorage_bucket.ewp_image_storage"
          ]
        },
        {
          "index_key": 254,
          "schema_version": 0,
          "attributes": {
            "bucket": "ewp_image_store",
            "cache_control": null,
            "content": null,
            "content_disposition": null,
            "content_encoding": null,
            "content_language": null,
            "content_length": "304453",
            "content_md5": "0tA/rsqo1a9NXGKTriplZg==",
            "content_type": "image/jpeg",
            "delete_all_object_versions": false,
            "id": "n/lr4poue3hwjl/b/ewp_image_store/o/weddings%2FTom%20and%20Rebecca%2F4.jpg",
            "metadata": {},
            "namespace": "lr4poue3hwjl",
            "object": "weddings/Tom and Rebecca/4.jpg",
            "opc_sse_kms_key_id": null,
            "source": "../assets/weddings/Tom and Rebecca/4.jpg 2015-07-19 13:12:38 +0100 BST",
            "source_uri_details": [],
            "state": "COMPLETED",
            "storage_tier": "Standard",
            "timeouts": null,
            "version_id": "a3462241-1305-4cb0-aea5-614630eb346b",
            "work_request_id": ""
          },
          "sensitive_attributes": [],
          "private": "eyJlMmJmYjczMC1lY2FhLTExZTYtOGY4OC0zNDM2M2JjN2M0YzAiOnsiY3JlYXRlIjoxMjAwMDAwMDAwMDAwLCJkZWxldGUiOjEyMDAwMDAwMDAwMDAsInVwZGF0ZSI6MTIwMDAwMDAwMDAwMH19",
          "dependencies": [
            "module.object-storage.oci_objectstorage_bucket.ewp_image_storage"
          ]
        },
        {
          "index_key": 255,
          "schema_version": 0,
          "attributes": {
            "bucket": "ewp_image_store",
            "cache_control": null,
            "content": null,
            "content_disposition": null,
            "content_encoding": null,
            "content_language": null,
            "content_length": "492631",
            "content_md5": "CJ45AwmGn0y/RZikz1Rvgw==",
            "content_type": "image/jpeg",
            "delete_all_object_versions": false,
            "id": "n/lr4poue3hwjl/b/ewp_image_store/o/weddings%2FTom%20and%20Rebecca%2F40.jpg",
            "metadata": {},
            "namespace": "lr4poue3hwjl",
            "object": "weddings/Tom and Rebecca/40.jpg",
            "opc_sse_kms_key_id": null,
            "source": "../assets/weddings/Tom and Rebecca/40.jpg 2015-07-19 13:06:34 +0100 BST",
            "source_uri_details": [],
            "state": "COMPLETED",
            "storage_tier": "Standard",
            "timeouts": null,
            "version_id": "b117817c-d9e8-4ccb-b4d3-7b55dde56c84",
            "work_request_id": ""
          },
          "sensitive_attributes": [],
          "private": "eyJlMmJmYjczMC1lY2FhLTExZTYtOGY4OC0zNDM2M2JjN2M0YzAiOnsiY3JlYXRlIjoxMjAwMDAwMDAwMDAwLCJkZWxldGUiOjEyMDAwMDAwMDAwMDAsInVwZGF0ZSI6MTIwMDAwMDAwMDAwMH19",
          "dependencies": [
            "module.object-storage.oci_objectstorage_bucket.ewp_image_storage"
          ]
        },
        {
          "index_key": 256,
          "schema_version": 0,
          "attributes": {
            "bucket": "ewp_image_store",
            "cache_control": null,
            "content": null,
            "content_disposition": null,
            "content_encoding": null,
            "content_language": null,
            "content_length": "334736",
            "content_md5": "a2kl4uBLd0lUlWZ125H7Mw==",
            "content_type": "image/jpeg",
            "delete_all_object_versions": false,
            "id": "n/lr4poue3hwjl/b/ewp_image_store/o/weddings%2FTom%20and%20Rebecca%2F41.jpg",
            "metadata": {},
            "namespace": "lr4poue3hwjl",
            "object": "weddings/Tom and Rebecca/41.jpg",
            "opc_sse_kms_key_id": null,
            "source": "../assets/weddings/Tom and Rebecca/41.jpg 2015-07-19 13:06:24 +0100 BST",
            "source_uri_details": [],
            "state": "COMPLETED",
            "storage_tier": "Standard",
            "timeouts": null,
            "version_id": "89716bc5-4cfa-4774-9d50-c53de0577961",
            "work_request_id": ""
          },
          "sensitive_attributes": [],
          "private": "eyJlMmJmYjczMC1lY2FhLTExZTYtOGY4OC0zNDM2M2JjN2M0YzAiOnsiY3JlYXRlIjoxMjAwMDAwMDAwMDAwLCJkZWxldGUiOjEyMDAwMDAwMDAwMDAsInVwZGF0ZSI6MTIwMDAwMDAwMDAwMH19",
          "dependencies": [
            "module.object-storage.oci_objectstorage_bucket.ewp_image_storage"
          ]
        },
        {
          "index_key": 257,
          "schema_version": 0,
          "attributes": {
            "bucket": "ewp_image_store",
            "cache_control": null,
            "content": null,
            "content_disposition": null,
            "content_encoding": null,
            "content_language": null,
            "content_length": "381742",
            "content_md5": "Ycasv/J1LDIEIyidoxA/NA==",
            "content_type": "image/jpeg",
            "delete_all_object_versions": false,
            "id": "n/lr4poue3hwjl/b/ewp_image_store/o/weddings%2FTom%20and%20Rebecca%2F42.jpg",
            "metadata": {},
            "namespace": "lr4poue3hwjl",
            "object": "weddings/Tom and Rebecca/42.jpg",
            "opc_sse_kms_key_id": null,
            "source": "../assets/weddings/Tom and Rebecca/42.jpg 2015-07-19 13:06:15 +0100 BST",
            "source_uri_details": [],
            "state": "COMPLETED",
            "storage_tier": "Standard",
            "timeouts": null,
            "version_id": "1c986659-450e-4d20-b28b-6e7eab877188",
            "work_request_id": ""
          },
          "sensitive_attributes": [],
          "private": "eyJlMmJmYjczMC1lY2FhLTExZTYtOGY4OC0zNDM2M2JjN2M0YzAiOnsiY3JlYXRlIjoxMjAwMDAwMDAwMDAwLCJkZWxldGUiOjEyMDAwMDAwMDAwMDAsInVwZGF0ZSI6MTIwMDAwMDAwMDAwMH19",
          "dependencies": [
            "module.object-storage.oci_objectstorage_bucket.ewp_image_storage"
          ]
        },
        {
          "index_key": 258,
          "schema_version": 0,
          "attributes": {
            "bucket": "ewp_image_store",
            "cache_control": null,
            "content": null,
            "content_disposition": null,
            "content_encoding": null,
            "content_language": null,
            "content_length": "381034",
            "content_md5": "e+MKyhHxHG0aanAQD66l8Q==",
            "content_type": "image/jpeg",
            "delete_all_object_versions": false,
            "id": "n/lr4poue3hwjl/b/ewp_image_store/o/weddings%2FTom%20and%20Rebecca%2F43.jpg",
            "metadata": {},
            "namespace": "lr4poue3hwjl",
            "object": "weddings/Tom and Rebecca/43.jpg",
            "opc_sse_kms_key_id": null,
            "source": "../assets/weddings/Tom and Rebecca/43.jpg 2015-07-19 13:06:06 +0100 BST",
            "source_uri_details": [],
            "state": "COMPLETED",
            "storage_tier": "Standard",
            "timeouts": null,
            "version_id": "77fe55e0-9b39-4b5c-8631-75806e61e888",
            "work_request_id": ""
          },
          "sensitive_attributes": [],
          "private": "eyJlMmJmYjczMC1lY2FhLTExZTYtOGY4OC0zNDM2M2JjN2M0YzAiOnsiY3JlYXRlIjoxMjAwMDAwMDAwMDAwLCJkZWxldGUiOjEyMDAwMDAwMDAwMDAsInVwZGF0ZSI6MTIwMDAwMDAwMDAwMH19",
          "dependencies": [
            "module.object-storage.oci_objectstorage_bucket.ewp_image_storage"
          ]
        },
        {
          "index_key": 259,
          "schema_version": 0,
          "attributes": {
            "bucket": "ewp_image_store",
            "cache_control": null,
            "content": null,
            "content_disposition": null,
            "content_encoding": null,
            "content_language": null,
            "content_length": "81067",
            "content_md5": "nvxIFA2+Hx4rHKUpsFUWqg==",
            "content_type": "image/jpeg",
            "delete_all_object_versions": false,
            "id": "n/lr4poue3hwjl/b/ewp_image_store/o/weddings%2FTom%20and%20Rebecca%2F44.jpg",
            "metadata": {},
            "namespace": "lr4poue3hwjl",
            "object": "weddings/Tom and Rebecca/44.jpg",
            "opc_sse_kms_key_id": null,
            "source": "../assets/weddings/Tom and Rebecca/44.jpg 2015-07-19 13:05:56 +0100 BST",
            "source_uri_details": [],
            "state": "COMPLETED",
            "storage_tier": "Standard",
            "timeouts": null,
            "version_id": "087091ef-b027-4463-998a-1dad908dff4d",
            "work_request_id": ""
          },
          "sensitive_attributes": [],
          "private": "eyJlMmJmYjczMC1lY2FhLTExZTYtOGY4OC0zNDM2M2JjN2M0YzAiOnsiY3JlYXRlIjoxMjAwMDAwMDAwMDAwLCJkZWxldGUiOjEyMDAwMDAwMDAwMDAsInVwZGF0ZSI6MTIwMDAwMDAwMDAwMH19",
          "dependencies": [
            "module.object-storage.oci_objectstorage_bucket.ewp_image_storage"
          ]
        },
        {
          "index_key": 260,
          "schema_version": 0,
          "attributes": {
            "bucket": "ewp_image_store",
            "cache_control": null,
            "content": null,
            "content_disposition": null,
            "content_encoding": null,
            "content_language": null,
            "content_length": "996580",
            "content_md5": "3jJ9Sa0MgbqMYHrRyzsqvQ==",
            "content_type": "image/jpeg",
            "delete_all_object_versions": false,
            "id": "n/lr4poue3hwjl/b/ewp_image_store/o/weddings%2FTom%20and%20Rebecca%2F45.jpg",
            "metadata": {},
            "namespace": "lr4poue3hwjl",
            "object": "weddings/Tom and Rebecca/45.jpg",
            "opc_sse_kms_key_id": null,
            "source": "../assets/weddings/Tom and Rebecca/45.jpg 2015-07-19 13:05:47 +0100 BST",
            "source_uri_details": [],
            "state": "COMPLETED",
            "storage_tier": "Standard",
            "timeouts": null,
            "version_id": "63dbc447-6abe-4feb-b59c-0437c5857705",
            "work_request_id": ""
          },
          "sensitive_attributes": [],
          "private": "eyJlMmJmYjczMC1lY2FhLTExZTYtOGY4OC0zNDM2M2JjN2M0YzAiOnsiY3JlYXRlIjoxMjAwMDAwMDAwMDAwLCJkZWxldGUiOjEyMDAwMDAwMDAwMDAsInVwZGF0ZSI6MTIwMDAwMDAwMDAwMH19",
          "dependencies": [
            "module.object-storage.oci_objectstorage_bucket.ewp_image_storage"
          ]
        },
        {
          "index_key": 261,
          "schema_version": 0,
          "attributes": {
            "bucket": "ewp_image_store",
            "cache_control": null,
            "content": null,
            "content_disposition": null,
            "content_encoding": null,
            "content_language": null,
            "content_length": "240587",
            "content_md5": "VDDAI6mRjccm1C7ht9rCfA==",
            "content_type": "image/jpeg",
            "delete_all_object_versions": false,
            "id": "n/lr4poue3hwjl/b/ewp_image_store/o/weddings%2FTom%20and%20Rebecca%2F46.jpg",
            "metadata": {},
            "namespace": "lr4poue3hwjl",
            "object": "weddings/Tom and Rebecca/46.jpg",
            "opc_sse_kms_key_id": null,
            "source": "../assets/weddings/Tom and Rebecca/46.jpg 2015-07-19 13:05:37 +0100 BST",
            "source_uri_details": [],
            "state": "COMPLETED",
            "storage_tier": "Standard",
            "timeouts": null,
            "version_id": "57e43bf2-218e-4b01-a297-0021ad403aea",
            "work_request_id": ""
          },
          "sensitive_attributes": [],
          "private": "eyJlMmJmYjczMC1lY2FhLTExZTYtOGY4OC0zNDM2M2JjN2M0YzAiOnsiY3JlYXRlIjoxMjAwMDAwMDAwMDAwLCJkZWxldGUiOjEyMDAwMDAwMDAwMDAsInVwZGF0ZSI6MTIwMDAwMDAwMDAwMH19",
          "dependencies": [
            "module.object-storage.oci_objectstorage_bucket.ewp_image_storage"
          ]
        },
        {
          "index_key": 262,
          "schema_version": 0,
          "attributes": {
            "bucket": "ewp_image_store",
            "cache_control": null,
            "content": null,
            "content_disposition": null,
            "content_encoding": null,
            "content_language": null,
            "content_length": "1231827",
            "content_md5": "K3h64ISrpMvIG6gPA08O0Q==",
            "content_type": "image/jpeg",
            "delete_all_object_versions": false,
            "id": "n/lr4poue3hwjl/b/ewp_image_store/o/weddings%2FTom%20and%20Rebecca%2F47.jpg",
            "metadata": {},
            "namespace": "lr4poue3hwjl",
            "object": "weddings/Tom and Rebecca/47.jpg",
            "opc_sse_kms_key_id": null,
            "source": "../assets/weddings/Tom and Rebecca/47.jpg 2015-07-19 13:05:28 +0100 BST",
            "source_uri_details": [],
            "state": "COMPLETED",
            "storage_tier": "Standard",
            "timeouts": null,
            "version_id": "bcd2fa68-ed56-49c7-91cd-1763e9163e53",
            "work_request_id": ""
          },
          "sensitive_attributes": [],
          "private": "eyJlMmJmYjczMC1lY2FhLTExZTYtOGY4OC0zNDM2M2JjN2M0YzAiOnsiY3JlYXRlIjoxMjAwMDAwMDAwMDAwLCJkZWxldGUiOjEyMDAwMDAwMDAwMDAsInVwZGF0ZSI6MTIwMDAwMDAwMDAwMH19",
          "dependencies": [
            "module.object-storage.oci_objectstorage_bucket.ewp_image_storage"
          ]
        },
        {
          "index_key": 263,
          "schema_version": 0,
          "attributes": {
            "bucket": "ewp_image_store",
            "cache_control": null,
            "content": null,
            "content_disposition": null,
            "content_encoding": null,
            "content_language": null,
            "content_length": "1742005",
            "content_md5": "3d2yHSJwc8BidHPjUSGjLQ==",
            "content_type": "image/jpeg",
            "delete_all_object_versions": false,
            "id": "n/lr4poue3hwjl/b/ewp_image_store/o/weddings%2FTom%20and%20Rebecca%2F48.jpg",
            "metadata": {},
            "namespace": "lr4poue3hwjl",
            "object": "weddings/Tom and Rebecca/48.jpg",
            "opc_sse_kms_key_id": null,
            "source": "../assets/weddings/Tom and Rebecca/48.jpg 2015-07-19 13:05:16 +0100 BST",
            "source_uri_details": [],
            "state": "COMPLETED",
            "storage_tier": "Standard",
            "timeouts": null,
            "version_id": "98271424-917e-41ed-8c78-f8fa64e6fbc0",
            "work_request_id": ""
          },
          "sensitive_attributes": [],
          "private": "eyJlMmJmYjczMC1lY2FhLTExZTYtOGY4OC0zNDM2M2JjN2M0YzAiOnsiY3JlYXRlIjoxMjAwMDAwMDAwMDAwLCJkZWxldGUiOjEyMDAwMDAwMDAwMDAsInVwZGF0ZSI6MTIwMDAwMDAwMDAwMH19",
          "dependencies": [
            "module.object-storage.oci_objectstorage_bucket.ewp_image_storage"
          ]
        },
        {
          "index_key": 264,
          "schema_version": 0,
          "attributes": {
            "bucket": "ewp_image_store",
            "cache_control": null,
            "content": null,
            "content_disposition": null,
            "content_encoding": null,
            "content_language": null,
            "content_length": "287870",
            "content_md5": "4Tx1iLOZOs1XosS5ZvFKww==",
            "content_type": "image/jpeg",
            "delete_all_object_versions": false,
            "id": "n/lr4poue3hwjl/b/ewp_image_store/o/weddings%2FTom%20and%20Rebecca%2F49.jpg",
            "metadata": {},
            "namespace": "lr4poue3hwjl",
            "object": "weddings/Tom and Rebecca/49.jpg",
            "opc_sse_kms_key_id": null,
            "source": "../assets/weddings/Tom and Rebecca/49.jpg 2015-07-19 13:05:05 +0100 BST",
            "source_uri_details": [],
            "state": "COMPLETED",
            "storage_tier": "Standard",
            "timeouts": null,
            "version_id": "c03658ec-9bed-417e-92a6-f311d5aad66c",
            "work_request_id": ""
          },
          "sensitive_attributes": [],
          "private": "eyJlMmJmYjczMC1lY2FhLTExZTYtOGY4OC0zNDM2M2JjN2M0YzAiOnsiY3JlYXRlIjoxMjAwMDAwMDAwMDAwLCJkZWxldGUiOjEyMDAwMDAwMDAwMDAsInVwZGF0ZSI6MTIwMDAwMDAwMDAwMH19",
          "dependencies": [
            "module.object-storage.oci_objectstorage_bucket.ewp_image_storage"
          ]
        },
        {
          "index_key": 265,
          "schema_version": 0,
          "attributes": {
            "bucket": "ewp_image_store",
            "cache_control": null,
            "content": null,
            "content_disposition": null,
            "content_encoding": null,
            "content_language": null,
            "content_length": "829531",
            "content_md5": "g/w7IgdKW3VXOeFyA44vGQ==",
            "content_type": "image/jpeg",
            "delete_all_object_versions": false,
            "id": "n/lr4poue3hwjl/b/ewp_image_store/o/weddings%2FTom%20and%20Rebecca%2F5.jpg",
            "metadata": {},
            "namespace": "lr4poue3hwjl",
            "object": "weddings/Tom and Rebecca/5.jpg",
            "opc_sse_kms_key_id": null,
            "source": "../assets/weddings/Tom and Rebecca/5.jpg 2015-07-19 13:12:29 +0100 BST",
            "source_uri_details": [],
            "state": "COMPLETED",
            "storage_tier": "Standard",
            "timeouts": null,
            "version_id": "016db334-9a2f-496e-9135-9dedba50a0bb",
            "work_request_id": ""
          },
          "sensitive_attributes": [],
          "private": "eyJlMmJmYjczMC1lY2FhLTExZTYtOGY4OC0zNDM2M2JjN2M0YzAiOnsiY3JlYXRlIjoxMjAwMDAwMDAwMDAwLCJkZWxldGUiOjEyMDAwMDAwMDAwMDAsInVwZGF0ZSI6MTIwMDAwMDAwMDAwMH19",
          "dependencies": [
            "module.object-storage.oci_objectstorage_bucket.ewp_image_storage"
          ]
        },
        {
          "index_key": 266,
          "schema_version": 0,
          "attributes": {
            "bucket": "ewp_image_store",
            "cache_control": null,
            "content": null,
            "content_disposition": null,
            "content_encoding": null,
            "content_language": null,
            "content_length": "952706",
            "content_md5": "g4MG5CVTgS617aId/RggVQ==",
            "content_type": "image/jpeg",
            "delete_all_object_versions": false,
            "id": "n/lr4poue3hwjl/b/ewp_image_store/o/weddings%2FTom%20and%20Rebecca%2F50.jpg",
            "metadata": {},
            "namespace": "lr4poue3hwjl",
            "object": "weddings/Tom and Rebecca/50.jpg",
            "opc_sse_kms_key_id": null,
            "source": "../assets/weddings/Tom and Rebecca/50.jpg 2015-07-19 13:04:57 +0100 BST",
            "source_uri_details": [],
            "state": "COMPLETED",
            "storage_tier": "Standard",
            "timeouts": null,
            "version_id": "1c3fe615-f05d-4dc2-bcbe-a1634d9f9fea",
            "work_request_id": ""
          },
          "sensitive_attributes": [],
          "private": "eyJlMmJmYjczMC1lY2FhLTExZTYtOGY4OC0zNDM2M2JjN2M0YzAiOnsiY3JlYXRlIjoxMjAwMDAwMDAwMDAwLCJkZWxldGUiOjEyMDAwMDAwMDAwMDAsInVwZGF0ZSI6MTIwMDAwMDAwMDAwMH19",
          "dependencies": [
            "module.object-storage.oci_objectstorage_bucket.ewp_image_storage"
          ]
        },
        {
          "index_key": 267,
          "schema_version": 0,
          "attributes": {
            "bucket": "ewp_image_store",
            "cache_control": null,
            "content": null,
            "content_disposition": null,
            "content_encoding": null,
            "content_language": null,
            "content_length": "403947",
            "content_md5": "EEmVC1dVlNnlIUZHsESY/g==",
            "content_type": "image/jpeg",
            "delete_all_object_versions": false,
            "id": "n/lr4poue3hwjl/b/ewp_image_store/o/weddings%2FTom%20and%20Rebecca%2F51.jpg",
            "metadata": {},
            "namespace": "lr4poue3hwjl",
            "object": "weddings/Tom and Rebecca/51.jpg",
            "opc_sse_kms_key_id": null,
            "source": "../assets/weddings/Tom and Rebecca/51.jpg 2015-07-19 13:04:45 +0100 BST",
            "source_uri_details": [],
            "state": "COMPLETED",
            "storage_tier": "Standard",
            "timeouts": null,
            "version_id": "22e97d26-c31e-45ba-95e7-f22ff0e245d9",
            "work_request_id": ""
          },
          "sensitive_attributes": [],
          "private": "eyJlMmJmYjczMC1lY2FhLTExZTYtOGY4OC0zNDM2M2JjN2M0YzAiOnsiY3JlYXRlIjoxMjAwMDAwMDAwMDAwLCJkZWxldGUiOjEyMDAwMDAwMDAwMDAsInVwZGF0ZSI6MTIwMDAwMDAwMDAwMH19",
          "dependencies": [
            "module.object-storage.oci_objectstorage_bucket.ewp_image_storage"
          ]
        },
        {
          "index_key": 268,
          "schema_version": 0,
          "attributes": {
            "bucket": "ewp_image_store",
            "cache_control": null,
            "content": null,
            "content_disposition": null,
            "content_encoding": null,
            "content_language": null,
            "content_length": "342717",
            "content_md5": "6jRlL4CAyY+SIaG+up3dpg==",
            "content_type": "image/jpeg",
            "delete_all_object_versions": false,
            "id": "n/lr4poue3hwjl/b/ewp_image_store/o/weddings%2FTom%20and%20Rebecca%2F52.jpg",
            "metadata": {},
            "namespace": "lr4poue3hwjl",
            "object": "weddings/Tom and Rebecca/52.jpg",
            "opc_sse_kms_key_id": null,
            "source": "../assets/weddings/Tom and Rebecca/52.jpg 2015-07-19 13:04:36 +0100 BST",
            "source_uri_details": [],
            "state": "COMPLETED",
            "storage_tier": "Standard",
            "timeouts": null,
            "version_id": "52bd5881-37e2-4921-a056-b7cbed3a0c19",
            "work_request_id": ""
          },
          "sensitive_attributes": [],
          "private": "eyJlMmJmYjczMC1lY2FhLTExZTYtOGY4OC0zNDM2M2JjN2M0YzAiOnsiY3JlYXRlIjoxMjAwMDAwMDAwMDAwLCJkZWxldGUiOjEyMDAwMDAwMDAwMDAsInVwZGF0ZSI6MTIwMDAwMDAwMDAwMH19",
          "dependencies": [
            "module.object-storage.oci_objectstorage_bucket.ewp_image_storage"
          ]
        },
        {
          "index_key": 269,
          "schema_version": 0,
          "attributes": {
            "bucket": "ewp_image_store",
            "cache_control": null,
            "content": null,
            "content_disposition": null,
            "content_encoding": null,
            "content_language": null,
            "content_length": "371966",
            "content_md5": "0LJyGMuUfXjFTuazAhDnQA==",
            "content_type": "image/jpeg",
            "delete_all_object_versions": false,
            "id": "n/lr4poue3hwjl/b/ewp_image_store/o/weddings%2FTom%20and%20Rebecca%2F53.jpg",
            "metadata": {},
            "namespace": "lr4poue3hwjl",
            "object": "weddings/Tom and Rebecca/53.jpg",
            "opc_sse_kms_key_id": null,
            "source": "../assets/weddings/Tom and Rebecca/53.jpg 2015-07-19 13:04:25 +0100 BST",
            "source_uri_details": [],
            "state": "COMPLETED",
            "storage_tier": "Standard",
            "timeouts": null,
            "version_id": "ccf2e526-7629-47c1-86f3-5b815b8b8b03",
            "work_request_id": ""
          },
          "sensitive_attributes": [],
          "private": "eyJlMmJmYjczMC1lY2FhLTExZTYtOGY4OC0zNDM2M2JjN2M0YzAiOnsiY3JlYXRlIjoxMjAwMDAwMDAwMDAwLCJkZWxldGUiOjEyMDAwMDAwMDAwMDAsInVwZGF0ZSI6MTIwMDAwMDAwMDAwMH19",
          "dependencies": [
            "module.object-storage.oci_objectstorage_bucket.ewp_image_storage"
          ]
        },
        {
          "index_key": 270,
          "schema_version": 0,
          "attributes": {
            "bucket": "ewp_image_store",
            "cache_control": null,
            "content": null,
            "content_disposition": null,
            "content_encoding": null,
            "content_language": null,
            "content_length": "613674",
            "content_md5": "rq7hxrNS9eZ9KW19jD61Vw==",
            "content_type": "image/jpeg",
            "delete_all_object_versions": false,
            "id": "n/lr4poue3hwjl/b/ewp_image_store/o/weddings%2FTom%20and%20Rebecca%2F54.jpg",
            "metadata": {},
            "namespace": "lr4poue3hwjl",
            "object": "weddings/Tom and Rebecca/54.jpg",
            "opc_sse_kms_key_id": null,
            "source": "../assets/weddings/Tom and Rebecca/54.jpg 2015-07-19 13:04:16 +0100 BST",
            "source_uri_details": [],
            "state": "COMPLETED",
            "storage_tier": "Standard",
            "timeouts": null,
            "version_id": "3d5c9ebc-9550-4f16-b71e-f87ff5487b03",
            "work_request_id": ""
          },
          "sensitive_attributes": [],
          "private": "eyJlMmJmYjczMC1lY2FhLTExZTYtOGY4OC0zNDM2M2JjN2M0YzAiOnsiY3JlYXRlIjoxMjAwMDAwMDAwMDAwLCJkZWxldGUiOjEyMDAwMDAwMDAwMDAsInVwZGF0ZSI6MTIwMDAwMDAwMDAwMH19",
          "dependencies": [
            "module.object-storage.oci_objectstorage_bucket.ewp_image_storage"
          ]
        },
        {
          "index_key": 271,
          "schema_version": 0,
          "attributes": {
            "bucket": "ewp_image_store",
            "cache_control": null,
            "content": null,
            "content_disposition": null,
            "content_encoding": null,
            "content_language": null,
            "content_length": "944374",
            "content_md5": "mO6/ar6xeJcdUR5NJ1Z8uQ==",
            "content_type": "image/jpeg",
            "delete_all_object_versions": false,
            "id": "n/lr4poue3hwjl/b/ewp_image_store/o/weddings%2FTom%20and%20Rebecca%2F55.jpg",
            "metadata": {},
            "namespace": "lr4poue3hwjl",
            "object": "weddings/Tom and Rebecca/55.jpg",
            "opc_sse_kms_key_id": null,
            "source": "../assets/weddings/Tom and Rebecca/55.jpg 2015-07-19 13:04:05 +0100 BST",
            "source_uri_details": [],
            "state": "COMPLETED",
            "storage_tier": "Standard",
            "timeouts": null,
            "version_id": "002c00a7-4dcb-4cc1-ac59-cc04438a0eaf",
            "work_request_id": ""
          },
          "sensitive_attributes": [],
          "private": "eyJlMmJmYjczMC1lY2FhLTExZTYtOGY4OC0zNDM2M2JjN2M0YzAiOnsiY3JlYXRlIjoxMjAwMDAwMDAwMDAwLCJkZWxldGUiOjEyMDAwMDAwMDAwMDAsInVwZGF0ZSI6MTIwMDAwMDAwMDAwMH19",
          "dependencies": [
            "module.object-storage.oci_objectstorage_bucket.ewp_image_storage"
          ]
        },
        {
          "index_key": 272,
          "schema_version": 0,
          "attributes": {
            "bucket": "ewp_image_store",
            "cache_control": null,
            "content": null,
            "content_disposition": null,
            "content_encoding": null,
            "content_language": null,
            "content_length": "1019131",
            "content_md5": "+f9srWwA5rqTb2YKA1iiYg==",
            "content_type": "image/jpeg",
            "delete_all_object_versions": false,
            "id": "n/lr4poue3hwjl/b/ewp_image_store/o/weddings%2FTom%20and%20Rebecca%2F56.jpg",
            "metadata": {},
            "namespace": "lr4poue3hwjl",
            "object": "weddings/Tom and Rebecca/56.jpg",
            "opc_sse_kms_key_id": null,
            "source": "../assets/weddings/Tom and Rebecca/56.jpg 2015-07-19 13:03:54 +0100 BST",
            "source_uri_details": [],
            "state": "COMPLETED",
            "storage_tier": "Standard",
            "timeouts": null,
            "version_id": "4b6a863d-4663-44f0-8e71-f1d07125ce71",
            "work_request_id": ""
          },
          "sensitive_attributes": [],
          "private": "eyJlMmJmYjczMC1lY2FhLTExZTYtOGY4OC0zNDM2M2JjN2M0YzAiOnsiY3JlYXRlIjoxMjAwMDAwMDAwMDAwLCJkZWxldGUiOjEyMDAwMDAwMDAwMDAsInVwZGF0ZSI6MTIwMDAwMDAwMDAwMH19",
          "dependencies": [
            "module.object-storage.oci_objectstorage_bucket.ewp_image_storage"
          ]
        },
        {
          "index_key": 273,
          "schema_version": 0,
          "attributes": {
            "bucket": "ewp_image_store",
            "cache_control": null,
            "content": null,
            "content_disposition": null,
            "content_encoding": null,
            "content_language": null,
            "content_length": "809695",
            "content_md5": "nu6ss5i2GYHDTR6tOxp9wQ==",
            "content_type": "image/jpeg",
            "delete_all_object_versions": false,
            "id": "n/lr4poue3hwjl/b/ewp_image_store/o/weddings%2FTom%20and%20Rebecca%2F57.jpg",
            "metadata": {},
            "namespace": "lr4poue3hwjl",
            "object": "weddings/Tom and Rebecca/57.jpg",
            "opc_sse_kms_key_id": null,
            "source": "../assets/weddings/Tom and Rebecca/57.jpg 2015-07-19 13:03:43 +0100 BST",
            "source_uri_details": [],
            "state": "COMPLETED",
            "storage_tier": "Standard",
            "timeouts": null,
            "version_id": "b8b3b786-8ade-4ef5-ba26-2808e79133f0",
            "work_request_id": ""
          },
          "sensitive_attributes": [],
          "private": "eyJlMmJmYjczMC1lY2FhLTExZTYtOGY4OC0zNDM2M2JjN2M0YzAiOnsiY3JlYXRlIjoxMjAwMDAwMDAwMDAwLCJkZWxldGUiOjEyMDAwMDAwMDAwMDAsInVwZGF0ZSI6MTIwMDAwMDAwMDAwMH19",
          "dependencies": [
            "module.object-storage.oci_objectstorage_bucket.ewp_image_storage"
          ]
        },
        {
          "index_key": 274,
          "schema_version": 0,
          "attributes": {
            "bucket": "ewp_image_store",
            "cache_control": null,
            "content": null,
            "content_disposition": null,
            "content_encoding": null,
            "content_language": null,
            "content_length": "802329",
            "content_md5": "JeBf3A/Q2KjVGSXqWbgpBQ==",
            "content_type": "image/jpeg",
            "delete_all_object_versions": false,
            "id": "n/lr4poue3hwjl/b/ewp_image_store/o/weddings%2FTom%20and%20Rebecca%2F58.jpg",
            "metadata": {},
            "namespace": "lr4poue3hwjl",
            "object": "weddings/Tom and Rebecca/58.jpg",
            "opc_sse_kms_key_id": null,
            "source": "../assets/weddings/Tom and Rebecca/58.jpg 2015-07-19 13:03:33 +0100 BST",
            "source_uri_details": [],
            "state": "COMPLETED",
            "storage_tier": "Standard",
            "timeouts": null,
            "version_id": "5268eb4c-624c-41d1-ab76-eb78bfc93c03",
            "work_request_id": ""
          },
          "sensitive_attributes": [],
          "private": "eyJlMmJmYjczMC1lY2FhLTExZTYtOGY4OC0zNDM2M2JjN2M0YzAiOnsiY3JlYXRlIjoxMjAwMDAwMDAwMDAwLCJkZWxldGUiOjEyMDAwMDAwMDAwMDAsInVwZGF0ZSI6MTIwMDAwMDAwMDAwMH19",
          "dependencies": [
            "module.object-storage.oci_objectstorage_bucket.ewp_image_storage"
          ]
        },
        {
          "index_key": 275,
          "schema_version": 0,
          "attributes": {
            "bucket": "ewp_image_store",
            "cache_control": null,
            "content": null,
            "content_disposition": null,
            "content_encoding": null,
            "content_language": null,
            "content_length": "745312",
            "content_md5": "gavJHt9d6wsKhyGMAvoaig==",
            "content_type": "image/jpeg",
            "delete_all_object_versions": false,
            "id": "n/lr4poue3hwjl/b/ewp_image_store/o/weddings%2FTom%20and%20Rebecca%2F59.jpg",
            "metadata": {},
            "namespace": "lr4poue3hwjl",
            "object": "weddings/Tom and Rebecca/59.jpg",
            "opc_sse_kms_key_id": null,
            "source": "../assets/weddings/Tom and Rebecca/59.jpg 2015-07-19 13:03:21 +0100 BST",
            "source_uri_details": [],
            "state": "COMPLETED",
            "storage_tier": "Standard",
            "timeouts": null,
            "version_id": "dcda7e4e-f54b-4d18-8648-f62593c6dae7",
            "work_request_id": ""
          },
          "sensitive_attributes": [],
          "private": "eyJlMmJmYjczMC1lY2FhLTExZTYtOGY4OC0zNDM2M2JjN2M0YzAiOnsiY3JlYXRlIjoxMjAwMDAwMDAwMDAwLCJkZWxldGUiOjEyMDAwMDAwMDAwMDAsInVwZGF0ZSI6MTIwMDAwMDAwMDAwMH19",
          "dependencies": [
            "module.object-storage.oci_objectstorage_bucket.ewp_image_storage"
          ]
        },
        {
          "index_key": 276,
          "schema_version": 0,
          "attributes": {
            "bucket": "ewp_image_store",
            "cache_control": null,
            "content": null,
            "content_disposition": null,
            "content_encoding": null,
            "content_language": null,
            "content_length": "767058",
            "content_md5": "nrohEF0lMAv41NIa7vxaug==",
            "content_type": "image/jpeg",
            "delete_all_object_versions": false,
            "id": "n/lr4poue3hwjl/b/ewp_image_store/o/weddings%2FTom%20and%20Rebecca%2F6.jpg",
            "metadata": {},
            "namespace": "lr4poue3hwjl",
            "object": "weddings/Tom and Rebecca/6.jpg",
            "opc_sse_kms_key_id": null,
            "source": "../assets/weddings/Tom and Rebecca/6.jpg 2015-07-19 13:12:20 +0100 BST",
            "source_uri_details": [],
            "state": "COMPLETED",
            "storage_tier": "Standard",
            "timeouts": null,
            "version_id": "419b5473-ae7e-400e-a479-d3643f7491a9",
            "work_request_id": ""
          },
          "sensitive_attributes": [],
          "private": "eyJlMmJmYjczMC1lY2FhLTExZTYtOGY4OC0zNDM2M2JjN2M0YzAiOnsiY3JlYXRlIjoxMjAwMDAwMDAwMDAwLCJkZWxldGUiOjEyMDAwMDAwMDAwMDAsInVwZGF0ZSI6MTIwMDAwMDAwMDAwMH19",
          "dependencies": [
            "module.object-storage.oci_objectstorage_bucket.ewp_image_storage"
          ]
        },
        {
          "index_key": 277,
          "schema_version": 0,
          "attributes": {
            "bucket": "ewp_image_store",
            "cache_control": null,
            "content": null,
            "content_disposition": null,
            "content_encoding": null,
            "content_language": null,
            "content_length": "911618",
            "content_md5": "bOCTy9G4aw7X/GShrgSqDw==",
            "content_type": "image/jpeg",
            "delete_all_object_versions": false,
            "id": "n/lr4poue3hwjl/b/ewp_image_store/o/weddings%2FTom%20and%20Rebecca%2F60.jpg",
            "metadata": {},
            "namespace": "lr4poue3hwjl",
            "object": "weddings/Tom and Rebecca/60.jpg",
            "opc_sse_kms_key_id": null,
            "source": "../assets/weddings/Tom and Rebecca/60.jpg 2015-07-19 13:03:12 +0100 BST",
            "source_uri_details": [],
            "state": "COMPLETED",
            "storage_tier": "Standard",
            "timeouts": null,
            "version_id": "f16883ed-f353-4b1a-9797-4417cf20ee74",
            "work_request_id": ""
          },
          "sensitive_attributes": [],
          "private": "eyJlMmJmYjczMC1lY2FhLTExZTYtOGY4OC0zNDM2M2JjN2M0YzAiOnsiY3JlYXRlIjoxMjAwMDAwMDAwMDAwLCJkZWxldGUiOjEyMDAwMDAwMDAwMDAsInVwZGF0ZSI6MTIwMDAwMDAwMDAwMH19",
          "dependencies": [
            "module.object-storage.oci_objectstorage_bucket.ewp_image_storage"
          ]
        },
        {
          "index_key": 278,
          "schema_version": 0,
          "attributes": {
            "bucket": "ewp_image_store",
            "cache_control": null,
            "content": null,
            "content_disposition": null,
            "content_encoding": null,
            "content_language": null,
            "content_length": "312991",
            "content_md5": "UVvPCKrP8ml1g0FSvwFP4w==",
            "content_type": "image/jpeg",
            "delete_all_object_versions": false,
            "id": "n/lr4poue3hwjl/b/ewp_image_store/o/weddings%2FTom%20and%20Rebecca%2F61.jpg",
            "metadata": {},
            "namespace": "lr4poue3hwjl",
            "object": "weddings/Tom and Rebecca/61.jpg",
            "opc_sse_kms_key_id": null,
            "source": "../assets/weddings/Tom and Rebecca/61.jpg 2015-07-19 13:02:59 +0100 BST",
            "source_uri_details": [],
            "state": "COMPLETED",
            "storage_tier": "Standard",
            "timeouts": null,
            "version_id": "67f25f2b-6d77-429f-a51e-ce1be9efb2a6",
            "work_request_id": ""
          },
          "sensitive_attributes": [],
          "private": "eyJlMmJmYjczMC1lY2FhLTExZTYtOGY4OC0zNDM2M2JjN2M0YzAiOnsiY3JlYXRlIjoxMjAwMDAwMDAwMDAwLCJkZWxldGUiOjEyMDAwMDAwMDAwMDAsInVwZGF0ZSI6MTIwMDAwMDAwMDAwMH19",
          "dependencies": [
            "module.object-storage.oci_objectstorage_bucket.ewp_image_storage"
          ]
        },
        {
          "index_key": 279,
          "schema_version": 0,
          "attributes": {
            "bucket": "ewp_image_store",
            "cache_control": null,
            "content": null,
            "content_disposition": null,
            "content_encoding": null,
            "content_language": null,
            "content_length": "741856",
            "content_md5": "JOQS9Vcdki91rD53YvAuZg==",
            "content_type": "image/jpeg",
            "delete_all_object_versions": false,
            "id": "n/lr4poue3hwjl/b/ewp_image_store/o/weddings%2FTom%20and%20Rebecca%2F62.jpg",
            "metadata": {},
            "namespace": "lr4poue3hwjl",
            "object": "weddings/Tom and Rebecca/62.jpg",
            "opc_sse_kms_key_id": null,
            "source": "../assets/weddings/Tom and Rebecca/62.jpg 2015-07-19 13:02:49 +0100 BST",
            "source_uri_details": [],
            "state": "COMPLETED",
            "storage_tier": "Standard",
            "timeouts": null,
            "version_id": "82528bed-2d7f-4e6b-a2f5-142fdffdf3a2",
            "work_request_id": ""
          },
          "sensitive_attributes": [],
          "private": "eyJlMmJmYjczMC1lY2FhLTExZTYtOGY4OC0zNDM2M2JjN2M0YzAiOnsiY3JlYXRlIjoxMjAwMDAwMDAwMDAwLCJkZWxldGUiOjEyMDAwMDAwMDAwMDAsInVwZGF0ZSI6MTIwMDAwMDAwMDAwMH19",
          "dependencies": [
            "module.object-storage.oci_objectstorage_bucket.ewp_image_storage"
          ]
        },
        {
          "index_key": 280,
          "schema_version": 0,
          "attributes": {
            "bucket": "ewp_image_store",
            "cache_control": null,
            "content": null,
            "content_disposition": null,
            "content_encoding": null,
            "content_language": null,
            "content_length": "876526",
            "content_md5": "98O1xkv1SYpsHcwOnVAUMw==",
            "content_type": "image/jpeg",
            "delete_all_object_versions": false,
            "id": "n/lr4poue3hwjl/b/ewp_image_store/o/weddings%2FTom%20and%20Rebecca%2F63.jpg",
            "metadata": {},
            "namespace": "lr4poue3hwjl",
            "object": "weddings/Tom and Rebecca/63.jpg",
            "opc_sse_kms_key_id": null,
            "source": "../assets/weddings/Tom and Rebecca/63.jpg 2015-07-19 13:02:40 +0100 BST",
            "source_uri_details": [],
            "state": "COMPLETED",
            "storage_tier": "Standard",
            "timeouts": null,
            "version_id": "08d48e91-f0d0-4980-a32a-a2dd23573a5a",
            "work_request_id": ""
          },
          "sensitive_attributes": [],
          "private": "eyJlMmJmYjczMC1lY2FhLTExZTYtOGY4OC0zNDM2M2JjN2M0YzAiOnsiY3JlYXRlIjoxMjAwMDAwMDAwMDAwLCJkZWxldGUiOjEyMDAwMDAwMDAwMDAsInVwZGF0ZSI6MTIwMDAwMDAwMDAwMH19",
          "dependencies": [
            "module.object-storage.oci_objectstorage_bucket.ewp_image_storage"
          ]
        },
        {
          "index_key": 281,
          "schema_version": 0,
          "attributes": {
            "bucket": "ewp_image_store",
            "cache_control": null,
            "content": null,
            "content_disposition": null,
            "content_encoding": null,
            "content_language": null,
            "content_length": "869082",
            "content_md5": "Adl7Db6zxN2H1WNIpkB8NQ==",
            "content_type": "image/jpeg",
            "delete_all_object_versions": false,
            "id": "n/lr4poue3hwjl/b/ewp_image_store/o/weddings%2FTom%20and%20Rebecca%2F64.jpg",
            "metadata": {},
            "namespace": "lr4poue3hwjl",
            "object": "weddings/Tom and Rebecca/64.jpg",
            "opc_sse_kms_key_id": null,
            "source": "../assets/weddings/Tom and Rebecca/64.jpg 2015-07-19 13:02:28 +0100 BST",
            "source_uri_details": [],
            "state": "COMPLETED",
            "storage_tier": "Standard",
            "timeouts": null,
            "version_id": "6548f98e-3922-4e7e-8b83-e3a66986604e",
            "work_request_id": ""
          },
          "sensitive_attributes": [],
          "private": "eyJlMmJmYjczMC1lY2FhLTExZTYtOGY4OC0zNDM2M2JjN2M0YzAiOnsiY3JlYXRlIjoxMjAwMDAwMDAwMDAwLCJkZWxldGUiOjEyMDAwMDAwMDAwMDAsInVwZGF0ZSI6MTIwMDAwMDAwMDAwMH19",
          "dependencies": [
            "module.object-storage.oci_objectstorage_bucket.ewp_image_storage"
          ]
        },
        {
          "index_key": 282,
          "schema_version": 0,
          "attributes": {
            "bucket": "ewp_image_store",
            "cache_control": null,
            "content": null,
            "content_disposition": null,
            "content_encoding": null,
            "content_language": null,
            "content_length": "685428",
            "content_md5": "kgnxIvwB1AFC5DtyFoajlg==",
            "content_type": "image/jpeg",
            "delete_all_object_versions": false,
            "id": "n/lr4poue3hwjl/b/ewp_image_store/o/weddings%2FTom%20and%20Rebecca%2F65.jpg",
            "metadata": {},
            "namespace": "lr4poue3hwjl",
            "object": "weddings/Tom and Rebecca/65.jpg",
            "opc_sse_kms_key_id": null,
            "source": "../assets/weddings/Tom and Rebecca/65.jpg 2015-07-19 13:02:16 +0100 BST",
            "source_uri_details": [],
            "state": "COMPLETED",
            "storage_tier": "Standard",
            "timeouts": null,
            "version_id": "150c9485-bd52-4d63-a3a0-7e15abf7cee5",
            "work_request_id": ""
          },
          "sensitive_attributes": [],
          "private": "eyJlMmJmYjczMC1lY2FhLTExZTYtOGY4OC0zNDM2M2JjN2M0YzAiOnsiY3JlYXRlIjoxMjAwMDAwMDAwMDAwLCJkZWxldGUiOjEyMDAwMDAwMDAwMDAsInVwZGF0ZSI6MTIwMDAwMDAwMDAwMH19",
          "dependencies": [
            "module.object-storage.oci_objectstorage_bucket.ewp_image_storage"
          ]
        },
        {
          "index_key": 283,
          "schema_version": 0,
          "attributes": {
            "bucket": "ewp_image_store",
            "cache_control": null,
            "content": null,
            "content_disposition": null,
            "content_encoding": null,
            "content_language": null,
            "content_length": "688727",
            "content_md5": "hmKNohbdUsxQcOLUe2gChg==",
            "content_type": "image/jpeg",
            "delete_all_object_versions": false,
            "id": "n/lr4poue3hwjl/b/ewp_image_store/o/weddings%2FTom%20and%20Rebecca%2F66.jpg",
            "metadata": {},
            "namespace": "lr4poue3hwjl",
            "object": "weddings/Tom and Rebecca/66.jpg",
            "opc_sse_kms_key_id": null,
            "source": "../assets/weddings/Tom and Rebecca/66.jpg 2015-07-19 13:02:07 +0100 BST",
            "source_uri_details": [],
            "state": "COMPLETED",
            "storage_tier": "Standard",
            "timeouts": null,
            "version_id": "01af3aab-aa20-4bac-9477-d56bf5be8981",
            "work_request_id": ""
          },
          "sensitive_attributes": [],
          "private": "eyJlMmJmYjczMC1lY2FhLTExZTYtOGY4OC0zNDM2M2JjN2M0YzAiOnsiY3JlYXRlIjoxMjAwMDAwMDAwMDAwLCJkZWxldGUiOjEyMDAwMDAwMDAwMDAsInVwZGF0ZSI6MTIwMDAwMDAwMDAwMH19",
          "dependencies": [
            "module.object-storage.oci_objectstorage_bucket.ewp_image_storage"
          ]
        },
        {
          "index_key": 284,
          "schema_version": 0,
          "attributes": {
            "bucket": "ewp_image_store",
            "cache_control": null,
            "content": null,
            "content_disposition": null,
            "content_encoding": null,
            "content_language": null,
            "content_length": "413731",
            "content_md5": "lqI51lJECvVW2/yTYFCRIg==",
            "content_type": "image/jpeg",
            "delete_all_object_versions": false,
            "id": "n/lr4poue3hwjl/b/ewp_image_store/o/weddings%2FTom%20and%20Rebecca%2F67.jpg",
            "metadata": {},
            "namespace": "lr4poue3hwjl",
            "object": "weddings/Tom and Rebecca/67.jpg",
            "opc_sse_kms_key_id": null,
            "source": "../assets/weddings/Tom and Rebecca/67.jpg 2015-07-19 13:01:57 +0100 BST",
            "source_uri_details": [],
            "state": "COMPLETED",
            "storage_tier": "Standard",
            "timeouts": null,
            "version_id": "ebe7afbf-e397-4cbf-a427-e8d9f50a455c",
            "work_request_id": ""
          },
          "sensitive_attributes": [],
          "private": "eyJlMmJmYjczMC1lY2FhLTExZTYtOGY4OC0zNDM2M2JjN2M0YzAiOnsiY3JlYXRlIjoxMjAwMDAwMDAwMDAwLCJkZWxldGUiOjEyMDAwMDAwMDAwMDAsInVwZGF0ZSI6MTIwMDAwMDAwMDAwMH19",
          "dependencies": [
            "module.object-storage.oci_objectstorage_bucket.ewp_image_storage"
          ]
        },
        {
          "index_key": 285,
          "schema_version": 0,
          "attributes": {
            "bucket": "ewp_image_store",
            "cache_control": null,
            "content": null,
            "content_disposition": null,
            "content_encoding": null,
            "content_language": null,
            "content_length": "857098",
            "content_md5": "IdhaSNkTDgifzWB+s+v7Zg==",
            "content_type": "image/jpeg",
            "delete_all_object_versions": false,
            "id": "n/lr4poue3hwjl/b/ewp_image_store/o/weddings%2FTom%20and%20Rebecca%2F68.jpg",
            "metadata": {},
            "namespace": "lr4poue3hwjl",
            "object": "weddings/Tom and Rebecca/68.jpg",
            "opc_sse_kms_key_id": null,
            "source": "../assets/weddings/Tom and Rebecca/68.jpg 2015-07-19 13:01:47 +0100 BST",
            "source_uri_details": [],
            "state": "COMPLETED",
            "storage_tier": "Standard",
            "timeouts": null,
            "version_id": "d61d63b1-7d1e-442b-a583-d410c095ff84",
            "work_request_id": ""
          },
          "sensitive_attributes": [],
          "private": "eyJlMmJmYjczMC1lY2FhLTExZTYtOGY4OC0zNDM2M2JjN2M0YzAiOnsiY3JlYXRlIjoxMjAwMDAwMDAwMDAwLCJkZWxldGUiOjEyMDAwMDAwMDAwMDAsInVwZGF0ZSI6MTIwMDAwMDAwMDAwMH19",
          "dependencies": [
            "module.object-storage.oci_objectstorage_bucket.ewp_image_storage"
          ]
        },
        {
          "index_key": 286,
          "schema_version": 0,
          "attributes": {
            "bucket": "ewp_image_store",
            "cache_control": null,
            "content": null,
            "content_disposition": null,
            "content_encoding": null,
            "content_language": null,
            "content_length": "347764",
            "content_md5": "JKYuaLVIuPGiAo7/REElFg==",
            "content_type": "image/jpeg",
            "delete_all_object_versions": false,
            "id": "n/lr4poue3hwjl/b/ewp_image_store/o/weddings%2FTom%20and%20Rebecca%2F69.jpg",
            "metadata": {},
            "namespace": "lr4poue3hwjl",
            "object": "weddings/Tom and Rebecca/69.jpg",
            "opc_sse_kms_key_id": null,
            "source": "../assets/weddings/Tom and Rebecca/69.jpg 2015-07-19 13:01:34 +0100 BST",
            "source_uri_details": [],
            "state": "COMPLETED",
            "storage_tier": "Standard",
            "timeouts": null,
            "version_id": "09e38319-7660-4010-8566-45f8b5bfbb03",
            "work_request_id": ""
          },
          "sensitive_attributes": [],
          "private": "eyJlMmJmYjczMC1lY2FhLTExZTYtOGY4OC0zNDM2M2JjN2M0YzAiOnsiY3JlYXRlIjoxMjAwMDAwMDAwMDAwLCJkZWxldGUiOjEyMDAwMDAwMDAwMDAsInVwZGF0ZSI6MTIwMDAwMDAwMDAwMH19",
          "dependencies": [
            "module.object-storage.oci_objectstorage_bucket.ewp_image_storage"
          ]
        },
        {
          "index_key": 287,
          "schema_version": 0,
          "attributes": {
            "bucket": "ewp_image_store",
            "cache_control": null,
            "content": null,
            "content_disposition": null,
            "content_encoding": null,
            "content_language": null,
            "content_length": "685007",
            "content_md5": "0uNh+zvR4S/MISPmpBwQsQ==",
            "content_type": "image/jpeg",
            "delete_all_object_versions": false,
            "id": "n/lr4poue3hwjl/b/ewp_image_store/o/weddings%2FTom%20and%20Rebecca%2F7.jpg",
            "metadata": {},
            "namespace": "lr4poue3hwjl",
            "object": "weddings/Tom and Rebecca/7.jpg",
            "opc_sse_kms_key_id": null,
            "source": "../assets/weddings/Tom and Rebecca/7.jpg 2015-07-19 13:12:12 +0100 BST",
            "source_uri_details": [],
            "state": "COMPLETED",
            "storage_tier": "Standard",
            "timeouts": null,
            "version_id": "1f972064-4abd-445f-a44f-1580c1f97897",
            "work_request_id": ""
          },
          "sensitive_attributes": [],
          "private": "eyJlMmJmYjczMC1lY2FhLTExZTYtOGY4OC0zNDM2M2JjN2M0YzAiOnsiY3JlYXRlIjoxMjAwMDAwMDAwMDAwLCJkZWxldGUiOjEyMDAwMDAwMDAwMDAsInVwZGF0ZSI6MTIwMDAwMDAwMDAwMH19",
          "dependencies": [
            "module.object-storage.oci_objectstorage_bucket.ewp_image_storage"
          ]
        },
        {
          "index_key": 288,
          "schema_version": 0,
          "attributes": {
            "bucket": "ewp_image_store",
            "cache_control": null,
            "content": null,
            "content_disposition": null,
            "content_encoding": null,
            "content_language": null,
            "content_length": "864149",
            "content_md5": "LZLK9lbUEStikvMCjrWOqA==",
            "content_type": "image/jpeg",
            "delete_all_object_versions": false,
            "id": "n/lr4poue3hwjl/b/ewp_image_store/o/weddings%2FTom%20and%20Rebecca%2F70.jpg",
            "metadata": {},
            "namespace": "lr4poue3hwjl",
            "object": "weddings/Tom and Rebecca/70.jpg",
            "opc_sse_kms_key_id": null,
            "source": "../assets/weddings/Tom and Rebecca/70.jpg 2015-07-19 13:01:23 +0100 BST",
            "source_uri_details": [],
            "state": "COMPLETED",
            "storage_tier": "Standard",
            "timeouts": null,
            "version_id": "b237a886-c1a2-48a3-9c91-ae443c81d158",
            "work_request_id": ""
          },
          "sensitive_attributes": [],
          "private": "eyJlMmJmYjczMC1lY2FhLTExZTYtOGY4OC0zNDM2M2JjN2M0YzAiOnsiY3JlYXRlIjoxMjAwMDAwMDAwMDAwLCJkZWxldGUiOjEyMDAwMDAwMDAwMDAsInVwZGF0ZSI6MTIwMDAwMDAwMDAwMH19",
          "dependencies": [
            "module.object-storage.oci_objectstorage_bucket.ewp_image_storage"
          ]
        },
        {
          "index_key": 289,
          "schema_version": 0,
          "attributes": {
            "bucket": "ewp_image_store",
            "cache_control": null,
            "content": null,
            "content_disposition": null,
            "content_encoding": null,
            "content_language": null,
            "content_length": "1043786",
            "content_md5": "OTzAx2vWLcWPot3boTrZqg==",
            "content_type": "image/jpeg",
            "delete_all_object_versions": false,
            "id": "n/lr4poue3hwjl/b/ewp_image_store/o/weddings%2FTom%20and%20Rebecca%2F71.jpg",
            "metadata": {},
            "namespace": "lr4poue3hwjl",
            "object": "weddings/Tom and Rebecca/71.jpg",
            "opc_sse_kms_key_id": null,
            "source": "../assets/weddings/Tom and Rebecca/71.jpg 2015-07-19 13:01:09 +0100 BST",
            "source_uri_details": [],
            "state": "COMPLETED",
            "storage_tier": "Standard",
            "timeouts": null,
            "version_id": "12825c62-76b8-4b48-a168-bfd11bc29a34",
            "work_request_id": ""
          },
          "sensitive_attributes": [],
          "private": "eyJlMmJmYjczMC1lY2FhLTExZTYtOGY4OC0zNDM2M2JjN2M0YzAiOnsiY3JlYXRlIjoxMjAwMDAwMDAwMDAwLCJkZWxldGUiOjEyMDAwMDAwMDAwMDAsInVwZGF0ZSI6MTIwMDAwMDAwMDAwMH19",
          "dependencies": [
            "module.object-storage.oci_objectstorage_bucket.ewp_image_storage"
          ]
        },
        {
          "index_key": 290,
          "schema_version": 0,
          "attributes": {
            "bucket": "ewp_image_store",
            "cache_control": null,
            "content": null,
            "content_disposition": null,
            "content_encoding": null,
            "content_language": null,
            "content_length": "841475",
            "content_md5": "58E5AGiod/hZWQv7iUe5fg==",
            "content_type": "image/jpeg",
            "delete_all_object_versions": false,
            "id": "n/lr4poue3hwjl/b/ewp_image_store/o/weddings%2FTom%20and%20Rebecca%2F72.jpg",
            "metadata": {},
            "namespace": "lr4poue3hwjl",
            "object": "weddings/Tom and Rebecca/72.jpg",
            "opc_sse_kms_key_id": null,
            "source": "../assets/weddings/Tom and Rebecca/72.jpg 2015-07-19 12:59:37 +0100 BST",
            "source_uri_details": [],
            "state": "COMPLETED",
            "storage_tier": "Standard",
            "timeouts": null,
            "version_id": "2d6cd573-8034-4381-81b2-ab97c966f0c8",
            "work_request_id": ""
          },
          "sensitive_attributes": [],
          "private": "eyJlMmJmYjczMC1lY2FhLTExZTYtOGY4OC0zNDM2M2JjN2M0YzAiOnsiY3JlYXRlIjoxMjAwMDAwMDAwMDAwLCJkZWxldGUiOjEyMDAwMDAwMDAwMDAsInVwZGF0ZSI6MTIwMDAwMDAwMDAwMH19",
          "dependencies": [
            "module.object-storage.oci_objectstorage_bucket.ewp_image_storage"
          ]
        },
        {
          "index_key": 291,
          "schema_version": 0,
          "attributes": {
            "bucket": "ewp_image_store",
            "cache_control": null,
            "content": null,
            "content_disposition": null,
            "content_encoding": null,
            "content_language": null,
            "content_length": "433388",
            "content_md5": "9g8AXNxqGSyLEXY9230sCA==",
            "content_type": "image/jpeg",
            "delete_all_object_versions": false,
            "id": "n/lr4poue3hwjl/b/ewp_image_store/o/weddings%2FTom%20and%20Rebecca%2F8.jpg",
            "metadata": {},
            "namespace": "lr4poue3hwjl",
            "object": "weddings/Tom and Rebecca/8.jpg",
            "opc_sse_kms_key_id": null,
            "source": "../assets/weddings/Tom and Rebecca/8.jpg 2015-07-19 13:12:01 +0100 BST",
            "source_uri_details": [],
            "state": "COMPLETED",
            "storage_tier": "Standard",
            "timeouts": null,
            "version_id": "7d6813da-65bb-4876-a108-1d42d6d14d21",
            "work_request_id": ""
          },
          "sensitive_attributes": [],
          "private": "eyJlMmJmYjczMC1lY2FhLTExZTYtOGY4OC0zNDM2M2JjN2M0YzAiOnsiY3JlYXRlIjoxMjAwMDAwMDAwMDAwLCJkZWxldGUiOjEyMDAwMDAwMDAwMDAsInVwZGF0ZSI6MTIwMDAwMDAwMDAwMH19",
          "dependencies": [
            "module.object-storage.oci_objectstorage_bucket.ewp_image_storage"
          ]
        },
        {
          "index_key": 292,
          "schema_version": 0,
          "attributes": {
            "bucket": "ewp_image_store",
            "cache_control": null,
            "content": null,
            "content_disposition": null,
            "content_encoding": null,
            "content_language": null,
            "content_length": "741154",
            "content_md5": "7nWSpGMzslKKSUWUynFV4Q==",
            "content_type": "image/jpeg",
            "delete_all_object_versions": false,
            "id": "n/lr4poue3hwjl/b/ewp_image_store/o/weddings%2FTom%20and%20Rebecca%2F9.jpg",
            "metadata": {},
            "namespace": "lr4poue3hwjl",
            "object": "weddings/Tom and Rebecca/9.jpg",
            "opc_sse_kms_key_id": null,
            "source": "../assets/weddings/Tom and Rebecca/9.jpg 2015-07-19 13:11:51 +0100 BST",
            "source_uri_details": [],
            "state": "COMPLETED",
            "storage_tier": "Standard",
            "timeouts": null,
            "version_id": "db7fdc7e-3fc0-48ef-a075-afaee779127f",
            "work_request_id": ""
          },
          "sensitive_attributes": [],
          "private": "eyJlMmJmYjczMC1lY2FhLTExZTYtOGY4OC0zNDM2M2JjN2M0YzAiOnsiY3JlYXRlIjoxMjAwMDAwMDAwMDAwLCJkZWxldGUiOjEyMDAwMDAwMDAwMDAsInVwZGF0ZSI6MTIwMDAwMDAwMDAwMH19",
          "dependencies": [
            "module.object-storage.oci_objectstorage_bucket.ewp_image_storage"
          ]
        },
        {
          "index_key": 293,
          "schema_version": 0,
          "attributes": {
            "bucket": "ewp_image_store",
            "cache_control": null,
            "content": null,
            "content_disposition": null,
            "content_encoding": null,
            "content_language": null,
            "content_length": "381742",
            "content_md5": "Ycasv/J1LDIEIyidoxA/NA==",
            "content_type": "image/jpeg",
            "delete_all_object_versions": false,
            "id": "n/lr4poue3hwjl/b/ewp_image_store/o/weddings%2FTom%20and%20Rebecca%2Fcover.jpg",
            "metadata": {},
            "namespace": "lr4poue3hwjl",
            "object": "weddings/Tom and Rebecca/cover.jpg",
            "opc_sse_kms_key_id": null,
            "source": "../assets/weddings/Tom and Rebecca/cover.jpg 2015-07-19 13:06:15 +0100 BST",
            "source_uri_details": [],
            "state": "COMPLETED",
            "storage_tier": "Standard",
            "timeouts": null,
            "version_id": "91949ce3-b394-4381-a763-d37a873a58b4",
            "work_request_id": ""
          },
          "sensitive_attributes": [],
          "private": "eyJlMmJmYjczMC1lY2FhLTExZTYtOGY4OC0zNDM2M2JjN2M0YzAiOnsiY3JlYXRlIjoxMjAwMDAwMDAwMDAwLCJkZWxldGUiOjEyMDAwMDAwMDAwMDAsInVwZGF0ZSI6MTIwMDAwMDAwMDAwMH19",
          "dependencies": [
            "module.object-storage.oci_objectstorage_bucket.ewp_image_storage"
          ]
        }
      ]
    }
  ],
  "check_results": null
}
