{
  "version": 4,
  "terraform_version": "1.5.6",
  "serial": 3159,
  "lineage": "b2b40986-67e7-24ec-d442-4640072c4cb7",
  "outputs": {
    "ads": {
      "value": [
        {
          "compartment_id": "ocid1.tenancy.oc1..aaaaaaaa7ir42cknj7xvbqc77vftjpvx7aavbueua4hzkuaur6wx7lyyvuxq",
          "id": "ocid1.availabilitydomain.oc1..aaaaaaaapjv4p3qtly2fesrig77q4tlmi3wvakeet6fskc7do2fmawz3xctq",
          "name": "bKRu:UK-LONDON-1-AD-1"
        },
        {
          "compartment_id": "ocid1.tenancy.oc1..aaaaaaaa7ir42cknj7xvbqc77vftjpvx7aavbueua4hzkuaur6wx7lyyvuxq",
          "id": "ocid1.availabilitydomain.oc1..aaaaaaaaw2i3i53quioaywmhx56ss5plwk7bmmeg2266lo7inilhbizeroua",
          "name": "bKRu:UK-LONDON-1-AD-2"
        },
        {
          "compartment_id": "ocid1.tenancy.oc1..aaaaaaaa7ir42cknj7xvbqc77vftjpvx7aavbueua4hzkuaur6wx7lyyvuxq",
          "id": "ocid1.availabilitydomain.oc1..aaaaaaaac6kgqnl5eberztbdm2ufhpxohk7cuelajmafpqa3m6rpri4tc2yq",
          "name": "bKRu:UK-LONDON-1-AD-3"
        }
      ],
      "type": [
        "list",
        [
          "object",
          {
            "compartment_id": "string",
            "id": "string",
            "name": "string"
          }
        ]
      ]
    },
    "subnet_id_1": {
      "value": "ocid1.subnet.oc1.uk-london-1.aaaaaaaayy552jzhrcidsmngjwt72awem6mxfxjipmxr7dlqqbz7qpsq63va",
      "type": "string"
    }
  },
  "resources": [
    {
      "module": "module.compute",
      "mode": "data",
      "type": "oci_core_images",
      "name": "ewp_images",
      "provider": "provider[\"registry.terraform.io/hashicorp/oci\"]",
      "instances": [
        {
          "schema_version": 0,
          "attributes": {
            "compartment_id": "ocid1.tenancy.oc1..aaaaaaaa7ir42cknj7xvbqc77vftjpvx7aavbueua4hzkuaur6wx7lyyvuxq",
            "display_name": null,
            "filter": null,
            "id": "CoreImagesDataSource-2119436945",
            "images": [
              {
                "agent_features": [],
                "base_image_id": "",
                "billable_size_in_gbs": "2",
                "compartment_id": "",
                "create_image_allowed": true,
                "defined_tags": {},
                "display_name": "Canonical-Ubuntu-22.04-2023.07.20-0",
                "freeform_tags": {},
                "id": "ocid1.image.oc1.uk-london-1.aaaaaaaahyhkbel5zxxlnlq7ox7ri6icnx3hhwxqqud3v5jdycs2rfqjqovq",
                "image_source_details": [],
                "instance_id": "",
                "launch_mode": "NATIVE",
                "launch_options": [
                  {
                    "boot_volume_type": "PARAVIRTUALIZED",
                    "firmware": "UEFI_64",
                    "is_consistent_volume_naming_enabled": true,
                    "is_pv_encryption_in_transit_enabled": true,
                    "network_type": "PARAVIRTUALIZED",
                    "remote_data_volume_type": "PARAVIRTUALIZED"
                  }
                ],
                "listing_type": "",
                "operating_system": "Canonical Ubuntu",
                "operating_system_version": "22.04",
                "size_in_mbs": "47694",
                "state": "AVAILABLE",
                "time_created": "2023-07-31 07:16:12.813 +0000 UTC"
              },
              {
                "agent_features": [],
                "base_image_id": "",
                "billable_size_in_gbs": "2",
                "compartment_id": "",
                "create_image_allowed": true,
                "defined_tags": {},
                "display_name": "Canonical-Ubuntu-22.04-2023.06.30-0",
                "freeform_tags": {},
                "id": "ocid1.image.oc1.uk-london-1.aaaaaaaarytsus6dgeof7tgp53asviyifz2qpkg7y7gybuynqa2u4tqiiodq",
                "image_source_details": [],
                "instance_id": "",
                "launch_mode": "NATIVE",
                "launch_options": [
                  {
                    "boot_volume_type": "PARAVIRTUALIZED",
                    "firmware": "UEFI_64",
                    "is_consistent_volume_naming_enabled": true,
                    "is_pv_encryption_in_transit_enabled": true,
                    "network_type": "PARAVIRTUALIZED",
                    "remote_data_volume_type": "PARAVIRTUALIZED"
                  }
                ],
                "listing_type": "",
                "operating_system": "Canonical Ubuntu",
                "operating_system_version": "22.04",
                "size_in_mbs": "47694",
                "state": "AVAILABLE",
                "time_created": "2023-07-11 22:11:46.062 +0000 UTC"
              },
              {
                "agent_features": [],
                "base_image_id": "",
                "billable_size_in_gbs": "2",
                "compartment_id": "",
                "create_image_allowed": true,
                "defined_tags": {},
                "display_name": "Canonical-Ubuntu-22.04-2023.05.19-0",
                "freeform_tags": {},
                "id": "ocid1.image.oc1.uk-london-1.aaaaaaaammeqam3el4udg242ti2pns3awuuusmw3kqtrxoud3huy7p3ebjsa",
                "image_source_details": [],
                "instance_id": "",
                "launch_mode": "NATIVE",
                "launch_options": [
                  {
                    "boot_volume_type": "PARAVIRTUALIZED",
                    "firmware": "UEFI_64",
                    "is_consistent_volume_naming_enabled": true,
                    "is_pv_encryption_in_transit_enabled": true,
                    "network_type": "PARAVIRTUALIZED",
                    "remote_data_volume_type": "PARAVIRTUALIZED"
                  }
                ],
                "listing_type": "",
                "operating_system": "Canonical Ubuntu",
                "operating_system_version": "22.04",
                "size_in_mbs": "47694",
                "state": "AVAILABLE",
                "time_created": "2023-06-05 05:41:08.677 +0000 UTC"
              }
            ],
            "operating_system": "Canonical Ubuntu",
            "operating_system_version": "22.04",
            "shape": "VM.Standard.E2.1.Micro",
            "sort_by": "TIMECREATED",
            "sort_order": "DESC",
            "state": null
          },
          "sensitive_attributes": []
        }
      ]
    },
    {
      "module": "module.compute",
      "mode": "data",
      "type": "oci_identity_availability_domains",
      "name": "ad",
      "provider": "provider[\"registry.terraform.io/hashicorp/oci\"]",
      "instances": [
        {
          "schema_version": 0,
          "attributes": {
            "availability_domains": [
              {
                "compartment_id": "ocid1.tenancy.oc1..aaaaaaaa7ir42cknj7xvbqc77vftjpvx7aavbueua4hzkuaur6wx7lyyvuxq",
                "id": "ocid1.availabilitydomain.oc1..aaaaaaaapjv4p3qtly2fesrig77q4tlmi3wvakeet6fskc7do2fmawz3xctq",
                "name": "bKRu:UK-LONDON-1-AD-1"
              },
              {
                "compartment_id": "ocid1.tenancy.oc1..aaaaaaaa7ir42cknj7xvbqc77vftjpvx7aavbueua4hzkuaur6wx7lyyvuxq",
                "id": "ocid1.availabilitydomain.oc1..aaaaaaaaw2i3i53quioaywmhx56ss5plwk7bmmeg2266lo7inilhbizeroua",
                "name": "bKRu:UK-LONDON-1-AD-2"
              },
              {
                "compartment_id": "ocid1.tenancy.oc1..aaaaaaaa7ir42cknj7xvbqc77vftjpvx7aavbueua4hzkuaur6wx7lyyvuxq",
                "id": "ocid1.availabilitydomain.oc1..aaaaaaaac6kgqnl5eberztbdm2ufhpxohk7cuelajmafpqa3m6rpri4tc2yq",
                "name": "bKRu:UK-LONDON-1-AD-3"
              }
            ],
            "compartment_id": "ocid1.tenancy.oc1..aaaaaaaa7ir42cknj7xvbqc77vftjpvx7aavbueua4hzkuaur6wx7lyyvuxq",
            "filter": null,
            "id": "IdentityAvailabilityDomainsDataSource-833945507"
          },
          "sensitive_attributes": []
        }
      ]
    },
    {
      "module": "module.compute",
      "mode": "data",
      "type": "template_file",
      "name": "ad_names",
      "provider": "provider[\"registry.terraform.io/hashicorp/template\"]",
      "instances": [
        {
          "index_key": 0,
          "schema_version": 0,
          "attributes": {
            "filename": null,
            "id": "2d15789160306cb7e376b476b06e93b2baf6503721f088d4fa1a9700ddb46f37",
            "rendered": "bKRu:UK-LONDON-1-AD-1",
            "template": "bKRu:UK-LONDON-1-AD-1",
            "vars": null
          },
          "sensitive_attributes": []
        },
        {
          "index_key": 1,
          "schema_version": 0,
          "attributes": {
            "filename": null,
            "id": "567785060efc42683629883382163d576be55243bced995d6b71b3d1e8866247",
            "rendered": "bKRu:UK-LONDON-1-AD-2",
            "template": "bKRu:UK-LONDON-1-AD-2",
            "vars": null
          },
          "sensitive_attributes": []
        },
        {
          "index_key": 2,
          "schema_version": 0,
          "attributes": {
            "filename": null,
            "id": "2ef06edc6bb2c11aa9431b5c6c75946e477c3a8d0a8d3ffc7c0e3b16d49bce45",
            "rendered": "bKRu:UK-LONDON-1-AD-3",
            "template": "bKRu:UK-LONDON-1-AD-3",
            "vars": null
          },
          "sensitive_attributes": []
        }
      ]
    },
    {
      "module": "module.compute",
      "mode": "managed",
      "type": "oci_core_instance",
      "name": "ewp_instance",
      "provider": "provider[\"registry.terraform.io/hashicorp/oci\"]",
      "instances": [
        {
          "index_key": "0",
          "schema_version": 0,
          "attributes": {
            "agent_config": [
              {
                "are_all_plugins_disabled": false,
                "is_management_disabled": false,
                "is_monitoring_disabled": false,
                "plugins_config": []
              }
            ],
            "async": null,
            "availability_config": [
              {
                "is_live_migration_preferred": false,
                "recovery_action": "RESTORE_INSTANCE"
              }
            ],
            "availability_domain": "bKRu:UK-LONDON-1-AD-1",
            "boot_volume_id": "ocid1.bootvolume.oc1.uk-london-1.abwgiljtrtcrhqhch47he7oi6t3d2narp7w2o2srmydatjsd56brafdfrwpq",
            "capacity_reservation_id": null,
            "compartment_id": "ocid1.tenancy.oc1..aaaaaaaa7ir42cknj7xvbqc77vftjpvx7aavbueua4hzkuaur6wx7lyyvuxq",
            "compute_cluster_id": null,
            "create_vnic_details": [
              {
                "assign_private_dns_record": false,
                "assign_public_ip": "true",
                "defined_tags": {
                  "Oracle-Tags.CreatedBy": "default/mike@wyss.co.uk",
                  "Oracle-Tags.CreatedOn": "2023-08-28T16:00:44.584Z"
                },
                "display_name": "ewp_instance_1",
                "freeform_tags": {},
                "hostname_label": "ewp-instance-1",
                "nsg_ids": [
                  "ocid1.networksecuritygroup.oc1.uk-london-1.aaaaaaaahbgempwpsmejmpzekqdmzpyjnqmze2kukck3ktz3xccwixsr6pmq"
                ],
                "private_ip": "10.0.1.11",
                "skip_source_dest_check": false,
                "subnet_id": "ocid1.subnet.oc1.uk-london-1.aaaaaaaayy552jzhrcidsmngjwt72awem6mxfxjipmxr7dlqqbz7qpsq63va",
                "vlan_id": ""
              }
            ],
            "dedicated_vm_host_id": null,
            "defined_tags": {
              "Oracle-Tags.CreatedBy": "default/mike@wyss.co.uk",
              "Oracle-Tags.CreatedOn": "2023-08-28T16:00:44.366Z"
            },
            "display_name": "ewp_instance_1",
            "extended_metadata": {},
            "fault_domain": "FAULT-DOMAIN-3",
            "freeform_tags": {},
            "hostname_label": "ewp-instance-1",
            "id": "ocid1.instance.oc1.uk-london-1.anwgiljtavf7xtycpnn7diiwxjl7kgwz6eb3ox2pkskrtngjxddweewtpvaq",
            "image": "ocid1.image.oc1.uk-london-1.aaaaaaaahyhkbel5zxxlnlq7ox7ri6icnx3hhwxqqud3v5jdycs2rfqjqovq",
            "instance_configuration_id": null,
            "instance_options": [
              {
                "are_legacy_imds_endpoints_disabled": false
              }
            ],
            "ipxe_script": null,
            "is_cross_numa_node": false,
            "is_pv_encryption_in_transit_enabled": null,
            "launch_mode": "PARAVIRTUALIZED",
            "launch_options": [
              {
                "boot_volume_type": "PARAVIRTUALIZED",
                "firmware": "UEFI_64",
                "is_consistent_volume_naming_enabled": true,
                "is_pv_encryption_in_transit_enabled": false,
                "network_type": "PARAVIRTUALIZED",
                "remote_data_volume_type": "PARAVIRTUALIZED"
              }
            ],
            "metadata": {
              "ssh_authorized_keys": "ssh-rsa AAAAB3NzaC1yc2EAAAADAQABAAACAQDNhWRY2zbzVkaMpRM7z1WugVDqfeXBRXXVn7XOqo204RVbtDZeeFN7XCGOJ8TU3d+aJQTWYE2gRsFJnVtT7P43DIExDU2DeIaOAdGCuR9RGD7pTwUMcZXmmJszOt8LZSlQgtTisOYju3CkEmal//yKUAAXXpv09ovJrl6pUg6Pd2eQ+CCLqcW7y5y0hm3GEQW3pqDpi8LDUA2Z2NMFOTCYTezvJ9LeXZAsYdCYmNtuvLgPFIjWAXRgCOqViNMEn9re6XIlXrN50i7uKlNjN/bhWmsNF6Qf2ulgnD3yfVqYFzyoYM4M5nVillPOxEEzxdofqZFAxPS+QlhotKMJopBxfdJiVvfBbkeizUAdcBCsobog06g5dPrqOcBHP27l5b/MxWDWDgpYT0+b8Ks187TtN9yr1qyCsxy4mtOFrXCoexgfipo2+KKyT1iLlN/kybKwJj9/kFqDU57foYn9GBsHsk36Y9WeCf5WiwofuMDxrWzHVEMIEPfLdveD2fErcfnSEDhLipGp0qjfZRAvhbfAqtOKp4K0/mAUbgVgXe/vCAuNUlItlqX4fS0MQxcLdBWCgYK5DcYsvFicVKF4lKKvWmWqe/aKtrckgODKt0G/7iyHlDfg/F77aka02CRuqL8dzvJg6aiLAUQugXT/dKeuhnO8Sv30tTNa8NI6DUCc7w== mike@mikewyss\n",
              "user_data": "IyEgL2Jpbi9iYXNoCgpjdXJsIC1mc1NMIGh0dHBzOi8vZ2V0LmRvY2tlci5jb20gLW8gZ2V0LWRvY2tlci5zaApzdWRvIHNoIGdldC1kb2NrZXIuc2gKCmRvY2tlciBwdWxsIG13eXNzeS9ld3AtYmU6bGF0ZXN0CmRvY2tlciBydW4gLWQgLWUgT0NJX1VTRVI9b2NpZDEudXNlci5vYzEuLmFhYWFhYWFhZm9wN3pocmJra2JwMzJsNDNlZHVpYm9maml3aDVoeDVhbGF5cHpodnJieWZ3M3JoM3EzYSAtZSBPQ0lfRklOR0VSUFJJTlQ9NWQ6ZDU6OWI6OGI6Yjg6YmU6OGE6NzI6ZmQ6Yjk6ZDY6ZjM6YWE6Mzg6ODE6YzcgLWUgT0NJX1RFTkFOQ1k9b2NpZDEudGVuYW5jeS5vYzEuLmFhYWFhYWFhN2lyNDJja25qN3h2YnFjNzd2ZnRqcHZ4N2FhdmJ1ZXVhNGh6a3VhdXI2d3g3bHl5dnV4cSAtZSBPQ0lfUkVHSU9OPXJlZ2lvbj11ay1sb25kb24tMSAtcCA1MDAwOjUwMDAgbXd5c3N5L2V3cC1iZTpsYXRlc3Q="
            },
            "platform_config": [],
            "preemptible_instance_config": [],
            "preserve_boot_volume": null,
            "private_ip": "10.0.1.11",
            "public_ip": "141.147.102.120",
            "region": "uk-london-1",
            "shape": "VM.Standard.E2.1.Micro",
            "shape_config": [
              {
                "baseline_ocpu_utilization": "",
                "gpu_description": "",
                "gpus": 0,
                "local_disk_description": "",
                "local_disks": 0,
                "local_disks_total_size_in_gbs": 0,
                "max_vnic_attachments": 1,
                "memory_in_gbs": 1,
                "networking_bandwidth_in_gbps": 0.47999998927116394,
                "nvmes": 0,
                "ocpus": 1,
                "processor_description": "2.0 GHz AMD EPYC™ 7551 (Naples)",
                "vcpus": 2
              }
            ],
            "source_details": [
              {
                "boot_volume_size_in_gbs": "47",
                "boot_volume_vpus_per_gb": "10",
                "instance_source_image_filter_details": [],
                "kms_key_id": "",
                "source_id": "ocid1.image.oc1.uk-london-1.aaaaaaaahyhkbel5zxxlnlq7ox7ri6icnx3hhwxqqud3v5jdycs2rfqjqovq",
                "source_type": "image"
              }
            ],
            "state": "RUNNING",
            "subnet_id": "ocid1.subnet.oc1.uk-london-1.aaaaaaaayy552jzhrcidsmngjwt72awem6mxfxjipmxr7dlqqbz7qpsq63va",
            "system_tags": {
              "orcl-cloud.free-tier-retained": "true"
            },
            "time_created": "2023-08-28 16:00:45.103 +0000 UTC",
            "time_maintenance_reboot_due": "",
            "timeouts": null,
            "update_operation_constraint": null
          },
          "sensitive_attributes": [],
          "private": "eyJlMmJmYjczMC1lY2FhLTExZTYtOGY4OC0zNDM2M2JjN2M0YzAiOnsiY3JlYXRlIjoyNzAwMDAwMDAwMDAwLCJkZWxldGUiOjQ1MDAwMDAwMDAwMDAsInVwZGF0ZSI6MjcwMDAwMDAwMDAwMH19",
          "dependencies": [
            "module.compute.data.oci_core_images.ewp_images",
            "module.compute.data.oci_identity_availability_domains.ad",
            "module.compute.data.template_file.ad_names",
            "module.network.data.external.my_ip",
            "module.network.module.vcn.data.oci_core_services.all_oci_services",
            "module.network.module.vcn.module.subnet.data.oci_core_dhcp_options.dhcp_options",
            "module.network.module.vcn.module.subnet.oci_core_subnet.vcn_subnet",
            "module.network.module.vcn.oci_core_default_security_list.lockdown",
            "module.network.module.vcn.oci_core_default_security_list.restore_default",
            "module.network.module.vcn.oci_core_internet_gateway.ig",
            "module.network.module.vcn.oci_core_local_peering_gateway.lpg",
            "module.network.module.vcn.oci_core_nat_gateway.nat_gateway",
            "module.network.module.vcn.oci_core_route_table.ig",
            "module.network.module.vcn.oci_core_route_table.nat",
            "module.network.module.vcn.oci_core_route_table.service_gw",
            "module.network.module.vcn.oci_core_service_gateway.service_gateway",
            "module.network.module.vcn.oci_core_vcn.vcn",
            "module.network.oci_core_network_security_group.ewp_sg",
            "module.network.oci_core_network_security_group_security_rule.egress_port",
            "module.network.oci_core_network_security_group_security_rule.ingress_api",
            "module.network.oci_core_network_security_group_security_rule.ingress_http",
            "module.network.oci_core_network_security_group_security_rule.ingress_https",
            "module.network.oci_core_network_security_group_security_rule.ingress_ssh",
            "module.network.oci_core_security_list.ewp_security_list",
            "module.network.oci_core_subnet.ewp_public"
          ]
        }
      ]
    },
    {
      "module": "module.network",
      "mode": "data",
      "type": "external",
      "name": "my_ip",
      "provider": "provider[\"registry.terraform.io/hashicorp/external\"]",
      "instances": [
        {
          "schema_version": 0,
          "attributes": {
            "id": "-",
            "program": [
              "bash",
              "modules/network/get_my_ip.sh"
            ],
            "query": null,
            "result": {
              "MY_IP": "62.3.76.144"
            },
            "working_dir": null
          },
          "sensitive_attributes": []
        }
      ]
    },
    {
      "module": "module.network",
      "mode": "managed",
      "type": "oci_core_network_security_group",
      "name": "ewp_sg",
      "provider": "provider[\"registry.terraform.io/hashicorp/oci\"]",
      "instances": [
        {
          "schema_version": 0,
          "attributes": {
            "compartment_id": "ocid1.tenancy.oc1..aaaaaaaa7ir42cknj7xvbqc77vftjpvx7aavbueua4hzkuaur6wx7lyyvuxq",
            "defined_tags": {
              "Oracle-Tags.CreatedBy": "default/mike@wyss.co.uk",
              "Oracle-Tags.CreatedOn": "2023-08-28T14:40:51.317Z"
            },
            "display_name": "ewp_sg",
            "freeform_tags": {},
            "id": "ocid1.networksecuritygroup.oc1.uk-london-1.aaaaaaaahbgempwpsmejmpzekqdmzpyjnqmze2kukck3ktz3xccwixsr6pmq",
            "state": "AVAILABLE",
            "time_created": "2023-08-28 14:40:51.454 +0000 UTC",
            "timeouts": null,
            "vcn_id": "ocid1.vcn.oc1.uk-london-1.amaaaaaaavf7xtyalnk7cknrzczf6nye7natdshsgugbbpyw26ps4apjcjhq"
          },
          "sensitive_attributes": [],
          "private": "eyJlMmJmYjczMC1lY2FhLTExZTYtOGY4OC0zNDM2M2JjN2M0YzAiOnsiY3JlYXRlIjoxMjAwMDAwMDAwMDAwLCJkZWxldGUiOjEyMDAwMDAwMDAwMDAsInVwZGF0ZSI6MTIwMDAwMDAwMDAwMH19",
          "dependencies": [
            "module.network.module.vcn.oci_core_vcn.vcn"
          ]
        }
      ]
    },
    {
      "module": "module.network",
      "mode": "managed",
      "type": "oci_core_network_security_group_security_rule",
      "name": "egress_port",
      "provider": "provider[\"registry.terraform.io/hashicorp/oci\"]",
      "instances": [
        {
          "schema_version": 0,
          "attributes": {
            "description": null,
            "destination": "0.0.0.0/0",
            "destination_type": "CIDR_BLOCK",
            "direction": "EGRESS",
            "icmp_options": [],
            "id": "57A954",
            "is_valid": true,
            "network_security_group_id": "ocid1.networksecuritygroup.oc1.uk-london-1.aaaaaaaahbgempwpsmejmpzekqdmzpyjnqmze2kukck3ktz3xccwixsr6pmq",
            "protocol": "6",
            "source": null,
            "source_type": "",
            "stateless": false,
            "tcp_options": [
              {
                "destination_port_range": [
                  {
                    "max": 5000,
                    "min": 5000
                  }
                ],
                "source_port_range": []
              }
            ],
            "time_created": "2023-08-28 14:40:52.525 +0000 UTC",
            "timeouts": null,
            "udp_options": []
          },
          "sensitive_attributes": [],
          "private": "eyJlMmJmYjczMC1lY2FhLTExZTYtOGY4OC0zNDM2M2JjN2M0YzAiOnsiY3JlYXRlIjoxMjAwMDAwMDAwMDAwLCJkZWxldGUiOjEyMDAwMDAwMDAwMDAsInVwZGF0ZSI6MTIwMDAwMDAwMDAwMH19",
          "dependencies": [
            "module.network.module.vcn.oci_core_vcn.vcn",
            "module.network.oci_core_network_security_group.ewp_sg"
          ]
        }
      ]
    },
    {
      "module": "module.network",
      "mode": "managed",
      "type": "oci_core_network_security_group_security_rule",
      "name": "ingress_api",
      "provider": "provider[\"registry.terraform.io/hashicorp/oci\"]",
      "instances": [
        {
          "schema_version": 0,
          "attributes": {
            "description": null,
            "destination": null,
            "destination_type": "",
            "direction": "INGRESS",
            "icmp_options": [],
            "id": "35D912",
            "is_valid": true,
            "network_security_group_id": "ocid1.networksecuritygroup.oc1.uk-london-1.aaaaaaaahbgempwpsmejmpzekqdmzpyjnqmze2kukck3ktz3xccwixsr6pmq",
            "protocol": "6",
            "source": "0.0.0.0/0",
            "source_type": "CIDR_BLOCK",
            "stateless": false,
            "tcp_options": [
              {
                "destination_port_range": [
                  {
                    "max": 5000,
                    "min": 5000
                  }
                ],
                "source_port_range": []
              }
            ],
            "time_created": "2023-08-28 16:00:43.73 +0000 UTC",
            "timeouts": null,
            "udp_options": []
          },
          "sensitive_attributes": [],
          "private": "eyJlMmJmYjczMC1lY2FhLTExZTYtOGY4OC0zNDM2M2JjN2M0YzAiOnsiY3JlYXRlIjoxMjAwMDAwMDAwMDAwLCJkZWxldGUiOjEyMDAwMDAwMDAwMDAsInVwZGF0ZSI6MTIwMDAwMDAwMDAwMH19",
          "dependencies": [
            "module.network.oci_core_network_security_group.ewp_sg"
          ]
        }
      ]
    },
    {
      "module": "module.network",
      "mode": "managed",
      "type": "oci_core_network_security_group_security_rule",
      "name": "ingress_http",
      "provider": "provider[\"registry.terraform.io/hashicorp/oci\"]",
      "instances": [
        {
          "schema_version": 0,
          "attributes": {
            "description": null,
            "destination": null,
            "destination_type": "",
            "direction": "INGRESS",
            "icmp_options": [],
            "id": "EC3A94",
            "is_valid": true,
            "network_security_group_id": "ocid1.networksecuritygroup.oc1.uk-london-1.aaaaaaaahbgempwpsmejmpzekqdmzpyjnqmze2kukck3ktz3xccwixsr6pmq",
            "protocol": "6",
            "source": "0.0.0.0/0",
            "source_type": "CIDR_BLOCK",
            "stateless": false,
            "tcp_options": [
              {
                "destination_port_range": [
                  {
                    "max": 80,
                    "min": 80
                  }
                ],
                "source_port_range": []
              }
            ],
            "time_created": "2023-08-28 14:40:52.031 +0000 UTC",
            "timeouts": null,
            "udp_options": []
          },
          "sensitive_attributes": [],
          "private": "eyJlMmJmYjczMC1lY2FhLTExZTYtOGY4OC0zNDM2M2JjN2M0YzAiOnsiY3JlYXRlIjoxMjAwMDAwMDAwMDAwLCJkZWxldGUiOjEyMDAwMDAwMDAwMDAsInVwZGF0ZSI6MTIwMDAwMDAwMDAwMH19",
          "dependencies": [
            "module.network.module.vcn.oci_core_vcn.vcn",
            "module.network.oci_core_network_security_group.ewp_sg"
          ]
        }
      ]
    },
    {
      "module": "module.network",
      "mode": "managed",
      "type": "oci_core_network_security_group_security_rule",
      "name": "ingress_https",
      "provider": "provider[\"registry.terraform.io/hashicorp/oci\"]",
      "instances": [
        {
          "schema_version": 0,
          "attributes": {
            "description": null,
            "destination": null,
            "destination_type": "",
            "direction": "INGRESS",
            "icmp_options": [],
            "id": "9549E8",
            "is_valid": true,
            "network_security_group_id": "ocid1.networksecuritygroup.oc1.uk-london-1.aaaaaaaahbgempwpsmejmpzekqdmzpyjnqmze2kukck3ktz3xccwixsr6pmq",
            "protocol": "6",
            "source": "0.0.0.0/0",
            "source_type": "CIDR_BLOCK",
            "stateless": false,
            "tcp_options": [
              {
                "destination_port_range": [
                  {
                    "max": 443,
                    "min": 443
                  }
                ],
                "source_port_range": []
              }
            ],
            "time_created": "2023-08-28 14:40:52.268 +0000 UTC",
            "timeouts": null,
            "udp_options": []
          },
          "sensitive_attributes": [],
          "private": "eyJlMmJmYjczMC1lY2FhLTExZTYtOGY4OC0zNDM2M2JjN2M0YzAiOnsiY3JlYXRlIjoxMjAwMDAwMDAwMDAwLCJkZWxldGUiOjEyMDAwMDAwMDAwMDAsInVwZGF0ZSI6MTIwMDAwMDAwMDAwMH19",
          "dependencies": [
            "module.network.module.vcn.oci_core_vcn.vcn",
            "module.network.oci_core_network_security_group.ewp_sg"
          ]
        }
      ]
    },
    {
      "module": "module.network",
      "mode": "managed",
      "type": "oci_core_network_security_group_security_rule",
      "name": "ingress_ssh",
      "provider": "provider[\"registry.terraform.io/hashicorp/oci\"]",
      "instances": [
        {
          "schema_version": 0,
          "attributes": {
            "description": null,
            "destination": null,
            "destination_type": "",
            "direction": "INGRESS",
            "icmp_options": [],
            "id": "B14B33",
            "is_valid": true,
            "network_security_group_id": "ocid1.networksecuritygroup.oc1.uk-london-1.aaaaaaaahbgempwpsmejmpzekqdmzpyjnqmze2kukck3ktz3xccwixsr6pmq",
            "protocol": "6",
            "source": "62.3.76.144/32",
            "source_type": "CIDR_BLOCK",
            "stateless": false,
            "tcp_options": [
              {
                "destination_port_range": [
                  {
                    "max": 22,
                    "min": 22
                  }
                ],
                "source_port_range": []
              }
            ],
            "time_created": "2023-08-28 14:40:52.119 +0000 UTC",
            "timeouts": null,
            "udp_options": []
          },
          "sensitive_attributes": [],
          "private": "eyJlMmJmYjczMC1lY2FhLTExZTYtOGY4OC0zNDM2M2JjN2M0YzAiOnsiY3JlYXRlIjoxMjAwMDAwMDAwMDAwLCJkZWxldGUiOjEyMDAwMDAwMDAwMDAsInVwZGF0ZSI6MTIwMDAwMDAwMDAwMH19",
          "dependencies": [
            "module.network.data.external.my_ip",
            "module.network.module.vcn.oci_core_vcn.vcn",
            "module.network.oci_core_network_security_group.ewp_sg"
          ]
        }
      ]
    },
    {
      "module": "module.network",
      "mode": "managed",
      "type": "oci_core_security_list",
      "name": "ewp_security_list",
      "provider": "provider[\"registry.terraform.io/hashicorp/oci\"]",
      "instances": [
        {
          "schema_version": 0,
          "attributes": {
            "compartment_id": "ocid1.tenancy.oc1..aaaaaaaa7ir42cknj7xvbqc77vftjpvx7aavbueua4hzkuaur6wx7lyyvuxq",
            "defined_tags": {
              "Oracle-Tags.CreatedBy": "default/mike@wyss.co.uk",
              "Oracle-Tags.CreatedOn": "2023-08-28T14:40:51.392Z"
            },
            "display_name": "ewp_security_list",
            "egress_security_rules": [
              {
                "description": "",
                "destination": "0.0.0.0/0",
                "destination_type": "CIDR_BLOCK",
                "icmp_options": [],
                "protocol": "all",
                "stateless": false,
                "tcp_options": [],
                "udp_options": []
              }
            ],
            "freeform_tags": {},
            "id": "ocid1.securitylist.oc1.uk-london-1.aaaaaaaaa2a45phmzjfuuz6htf5jbj4q7kufzfxh3pdwlweriwz2kgis5ska",
            "ingress_security_rules": [
              {
                "description": "",
                "icmp_options": [],
                "protocol": "6",
                "source": "62.3.76.144/32",
                "source_type": "CIDR_BLOCK",
                "stateless": false,
                "tcp_options": [
                  {
                    "max": 22,
                    "min": 22,
                    "source_port_range": []
                  }
                ],
                "udp_options": []
              },
              {
                "description": "",
                "icmp_options": [],
                "protocol": "all",
                "source": "0.0.0.0/0",
                "source_type": "CIDR_BLOCK",
                "stateless": false,
                "tcp_options": [],
                "udp_options": []
              }
            ],
            "state": "AVAILABLE",
            "time_created": "2023-08-28 14:40:51.438 +0000 UTC",
            "timeouts": null,
            "vcn_id": "ocid1.vcn.oc1.uk-london-1.amaaaaaaavf7xtyalnk7cknrzczf6nye7natdshsgugbbpyw26ps4apjcjhq"
          },
          "sensitive_attributes": [],
          "private": "eyJlMmJmYjczMC1lY2FhLTExZTYtOGY4OC0zNDM2M2JjN2M0YzAiOnsiY3JlYXRlIjoxMjAwMDAwMDAwMDAwLCJkZWxldGUiOjEyMDAwMDAwMDAwMDAsInVwZGF0ZSI6MTIwMDAwMDAwMDAwMH19",
          "dependencies": [
            "module.network.data.external.my_ip",
            "module.network.module.vcn.oci_core_vcn.vcn"
          ]
        }
      ]
    },
    {
      "module": "module.network",
      "mode": "managed",
      "type": "oci_core_subnet",
      "name": "ewp_public",
      "provider": "provider[\"registry.terraform.io/hashicorp/oci\"]",
      "instances": [
        {
          "index_key": 0,
          "schema_version": 0,
          "attributes": {
            "availability_domain": null,
            "cidr_block": "10.0.1.0/24",
            "compartment_id": "ocid1.tenancy.oc1..aaaaaaaa7ir42cknj7xvbqc77vftjpvx7aavbueua4hzkuaur6wx7lyyvuxq",
            "defined_tags": {
              "Oracle-Tags.CreatedBy": "default/mike@wyss.co.uk",
              "Oracle-Tags.CreatedOn": "2023-08-28T14:40:52.681Z"
            },
            "dhcp_options_id": "ocid1.dhcpoptions.oc1.uk-london-1.aaaaaaaaj65x3q6je3odaedh5q3i4kribftctpy33ehs5zweshnrq5e4borq",
            "display_name": "subnet20230828144052",
            "dns_label": "ewp0",
            "freeform_tags": {
              "CreatedBy": "Terraform",
              "UsedBy": "Elle Wyss Photography"
            },
            "id": "ocid1.subnet.oc1.uk-london-1.aaaaaaaayy552jzhrcidsmngjwt72awem6mxfxjipmxr7dlqqbz7qpsq63va",
            "ipv6cidr_block": null,
            "ipv6cidr_blocks": [],
            "ipv6virtual_router_ip": null,
            "prohibit_internet_ingress": false,
            "prohibit_public_ip_on_vnic": false,
            "route_table_id": "ocid1.routetable.oc1.uk-london-1.aaaaaaaa6y3unof7durokypvc6poljngsyvrmwfko2f6cwwaugityw74nzwq",
            "security_list_ids": [
              "ocid1.securitylist.oc1.uk-london-1.aaaaaaaaa2a45phmzjfuuz6htf5jbj4q7kufzfxh3pdwlweriwz2kgis5ska"
            ],
            "state": "AVAILABLE",
            "subnet_domain_name": "ewp0.apivcn.oraclevcn.com",
            "time_created": "2023-08-28 14:40:52.755 +0000 UTC",
            "timeouts": null,
            "vcn_id": "ocid1.vcn.oc1.uk-london-1.amaaaaaaavf7xtyalnk7cknrzczf6nye7natdshsgugbbpyw26ps4apjcjhq",
            "virtual_router_ip": "10.0.1.1",
            "virtual_router_mac": "00:00:17:6B:AA:93"
          },
          "sensitive_attributes": [],
          "private": "eyJlMmJmYjczMC1lY2FhLTExZTYtOGY4OC0zNDM2M2JjN2M0YzAiOnsiY3JlYXRlIjoxMjAwMDAwMDAwMDAwLCJkZWxldGUiOjEyMDAwMDAwMDAwMDAsInVwZGF0ZSI6MTIwMDAwMDAwMDAwMH19",
          "dependencies": [
            "module.network.data.external.my_ip",
            "module.network.module.vcn.oci_core_internet_gateway.ig",
            "module.network.module.vcn.oci_core_route_table.ig",
            "module.network.module.vcn.oci_core_vcn.vcn",
            "module.network.oci_core_security_list.ewp_security_list"
          ]
        }
      ]
    },
    {
      "module": "module.network.module.vcn",
      "mode": "managed",
      "type": "oci_core_default_security_list",
      "name": "lockdown",
      "provider": "provider[\"registry.terraform.io/oracle/oci\"]",
      "instances": [
        {
          "index_key": 0,
          "schema_version": 0,
          "attributes": {
            "compartment_id": "ocid1.tenancy.oc1..aaaaaaaa7ir42cknj7xvbqc77vftjpvx7aavbueua4hzkuaur6wx7lyyvuxq",
            "defined_tags": {
              "Oracle-Tags.CreatedBy": "default/mike@wyss.co.uk",
              "Oracle-Tags.CreatedOn": "2023-08-28T14:40:38.592Z"
            },
            "display_name": "Default Security List for ewp_vcn",
            "egress_security_rules": [],
            "freeform_tags": {
              "CreatedBy": "Terraform",
              "UsedBy": "Elle Wyss Photography"
            },
            "id": "ocid1.securitylist.oc1.uk-london-1.aaaaaaaasgdout6e4msjytrfjwtj6lthdmvrq54qodr53bh7hqtr7k3jknoq",
            "ingress_security_rules": [],
            "manage_default_resource_id": "ocid1.securitylist.oc1.uk-london-1.aaaaaaaasgdout6e4msjytrfjwtj6lthdmvrq54qodr53bh7hqtr7k3jknoq",
            "state": "AVAILABLE",
            "time_created": "2023-08-28 14:40:38.696 +0000 UTC",
            "timeouts": null
          },
          "sensitive_attributes": [],
          "private": "eyJlMmJmYjczMC1lY2FhLTExZTYtOGY4OC0zNDM2M2JjN2M0YzAiOnsiY3JlYXRlIjoxMjAwMDAwMDAwMDAwLCJkZWxldGUiOjEyMDAwMDAwMDAwMDAsInVwZGF0ZSI6MTIwMDAwMDAwMDAwMH19",
          "dependencies": [
            "module.network.module.vcn.oci_core_vcn.vcn"
          ]
        }
      ]
    },
    {
      "module": "module.network.module.vcn",
      "mode": "managed",
      "type": "oci_core_internet_gateway",
      "name": "ig",
      "provider": "provider[\"registry.terraform.io/oracle/oci\"]",
      "instances": [
        {
          "index_key": 0,
          "schema_version": 0,
          "attributes": {
            "compartment_id": "ocid1.tenancy.oc1..aaaaaaaa7ir42cknj7xvbqc77vftjpvx7aavbueua4hzkuaur6wx7lyyvuxq",
            "defined_tags": {
              "Oracle-Tags.CreatedBy": "default/mike@wyss.co.uk",
              "Oracle-Tags.CreatedOn": "2023-08-28T14:40:51.233Z"
            },
            "display_name": "internet-gateway",
            "enabled": true,
            "freeform_tags": {
              "CreatedBy": "Terraform",
              "UsedBy": "Elle Wyss Photography"
            },
            "id": "ocid1.internetgateway.oc1.uk-london-1.aaaaaaaatytdp5wh5cstxsibxwmwvlx4pxrefu44ejyqd7ldtqg3lz4bdrsq",
            "route_table_id": null,
            "state": "AVAILABLE",
            "time_created": "2023-08-28 14:40:51.278 +0000 UTC",
            "timeouts": null,
            "vcn_id": "ocid1.vcn.oc1.uk-london-1.amaaaaaaavf7xtyalnk7cknrzczf6nye7natdshsgugbbpyw26ps4apjcjhq"
          },
          "sensitive_attributes": [],
          "private": "eyJlMmJmYjczMC1lY2FhLTExZTYtOGY4OC0zNDM2M2JjN2M0YzAiOnsiY3JlYXRlIjoxMjAwMDAwMDAwMDAwLCJkZWxldGUiOjEyMDAwMDAwMDAwMDAsInVwZGF0ZSI6MTIwMDAwMDAwMDAwMH19",
          "dependencies": [
            "module.network.module.vcn.oci_core_vcn.vcn"
          ]
        }
      ]
    },
    {
      "module": "module.network.module.vcn",
      "mode": "managed",
      "type": "oci_core_nat_gateway",
      "name": "nat_gateway",
      "provider": "provider[\"registry.terraform.io/oracle/oci\"]",
      "instances": [
        {
          "index_key": 0,
          "schema_version": 0,
          "attributes": {
            "block_traffic": false,
            "compartment_id": "ocid1.tenancy.oc1..aaaaaaaa7ir42cknj7xvbqc77vftjpvx7aavbueua4hzkuaur6wx7lyyvuxq",
            "defined_tags": {
              "Oracle-Tags.CreatedBy": "default/mike@wyss.co.uk",
              "Oracle-Tags.CreatedOn": "2023-08-28T14:40:51.141Z"
            },
            "display_name": "ewp_nat_gateway",
            "freeform_tags": {
              "CreatedBy": "Terraform",
              "UsedBy": "Elle Wyss Photography"
            },
            "id": "ocid1.natgateway.oc1.uk-london-1.aaaaaaaafv76wyb3pwfk3r3ykilcyciygr26ly7omckulrelakubwgeffr3q",
            "nat_ip": "144.21.61.56",
            "public_ip_id": "ocid1.publicip.oc1.uk-london-1.aaaaaaaafshkyjejkruwfra7cc2nea5rgbs5jc7nzpwvjlr3ozjpiyggtqma",
            "route_table_id": null,
            "state": "AVAILABLE",
            "time_created": "2023-08-28 14:40:51.448 +0000 UTC",
            "timeouts": null,
            "vcn_id": "ocid1.vcn.oc1.uk-london-1.amaaaaaaavf7xtyalnk7cknrzczf6nye7natdshsgugbbpyw26ps4apjcjhq"
          },
          "sensitive_attributes": [],
          "private": "eyJlMmJmYjczMC1lY2FhLTExZTYtOGY4OC0zNDM2M2JjN2M0YzAiOnsiY3JlYXRlIjoxMjAwMDAwMDAwMDAwLCJkZWxldGUiOjEyMDAwMDAwMDAwMDAsInVwZGF0ZSI6MTIwMDAwMDAwMDAwMH19",
          "dependencies": [
            "module.network.module.vcn.oci_core_vcn.vcn"
          ]
        }
      ]
    },
    {
      "module": "module.network.module.vcn",
      "mode": "managed",
      "type": "oci_core_route_table",
      "name": "ig",
      "provider": "provider[\"registry.terraform.io/oracle/oci\"]",
      "instances": [
        {
          "index_key": 0,
          "schema_version": 0,
          "attributes": {
            "compartment_id": "ocid1.tenancy.oc1..aaaaaaaa7ir42cknj7xvbqc77vftjpvx7aavbueua4hzkuaur6wx7lyyvuxq",
            "defined_tags": {
              "Oracle-Tags.CreatedBy": "default/mike@wyss.co.uk",
              "Oracle-Tags.CreatedOn": "2023-08-28T14:40:51.967Z"
            },
            "display_name": "internet-route",
            "freeform_tags": {
              "CreatedBy": "Terraform",
              "UsedBy": "Elle Wyss Photography"
            },
            "id": "ocid1.routetable.oc1.uk-london-1.aaaaaaaa6y3unof7durokypvc6poljngsyvrmwfko2f6cwwaugityw74nzwq",
            "route_rules": [
              {
                "cidr_block": "",
                "description": "Terraformed - Auto-generated at Internet Gateway creation: Internet Gateway as default gateway",
                "destination": "0.0.0.0/0",
                "destination_type": "CIDR_BLOCK",
                "network_entity_id": "ocid1.internetgateway.oc1.uk-london-1.aaaaaaaatytdp5wh5cstxsibxwmwvlx4pxrefu44ejyqd7ldtqg3lz4bdrsq",
                "route_type": ""
              }
            ],
            "state": "AVAILABLE",
            "time_created": "2023-08-28 14:40:51.996 +0000 UTC",
            "timeouts": null,
            "vcn_id": "ocid1.vcn.oc1.uk-london-1.amaaaaaaavf7xtyalnk7cknrzczf6nye7natdshsgugbbpyw26ps4apjcjhq"
          },
          "sensitive_attributes": [],
          "private": "eyJlMmJmYjczMC1lY2FhLTExZTYtOGY4OC0zNDM2M2JjN2M0YzAiOnsiY3JlYXRlIjoxMjAwMDAwMDAwMDAwLCJkZWxldGUiOjEyMDAwMDAwMDAwMDAsInVwZGF0ZSI6MTIwMDAwMDAwMDAwMH19",
          "dependencies": [
            "module.network.module.vcn.oci_core_internet_gateway.ig",
            "module.network.module.vcn.oci_core_vcn.vcn"
          ]
        }
      ]
    },
    {
      "module": "module.network.module.vcn",
      "mode": "managed",
      "type": "oci_core_route_table",
      "name": "nat",
      "provider": "provider[\"registry.terraform.io/oracle/oci\"]",
      "instances": [
        {
          "index_key": 0,
          "schema_version": 0,
          "attributes": {
            "compartment_id": "ocid1.tenancy.oc1..aaaaaaaa7ir42cknj7xvbqc77vftjpvx7aavbueua4hzkuaur6wx7lyyvuxq",
            "defined_tags": {
              "Oracle-Tags.CreatedBy": "default/mike@wyss.co.uk",
              "Oracle-Tags.CreatedOn": "2023-08-28T14:40:52.727Z"
            },
            "display_name": "nat-route",
            "freeform_tags": {
              "CreatedBy": "Terraform",
              "UsedBy": "Elle Wyss Photography"
            },
            "id": "ocid1.routetable.oc1.uk-london-1.aaaaaaaaqtt7xune63666pu72hiaffxshmnbxfjtnuwy6h7dtm6kzc46qnvq",
            "route_rules": [
              {
                "cidr_block": "",
                "description": "Terraformed - Auto-generated at NAT Gateway creation: NAT Gateway as default gateway",
                "destination": "0.0.0.0/0",
                "destination_type": "CIDR_BLOCK",
                "network_entity_id": "ocid1.natgateway.oc1.uk-london-1.aaaaaaaafv76wyb3pwfk3r3ykilcyciygr26ly7omckulrelakubwgeffr3q",
                "route_type": ""
              }
            ],
            "state": "AVAILABLE",
            "time_created": "2023-08-28 14:40:52.755 +0000 UTC",
            "timeouts": null,
            "vcn_id": "ocid1.vcn.oc1.uk-london-1.amaaaaaaavf7xtyalnk7cknrzczf6nye7natdshsgugbbpyw26ps4apjcjhq"
          },
          "sensitive_attributes": [],
          "private": "eyJlMmJmYjczMC1lY2FhLTExZTYtOGY4OC0zNDM2M2JjN2M0YzAiOnsiY3JlYXRlIjoxMjAwMDAwMDAwMDAwLCJkZWxldGUiOjEyMDAwMDAwMDAwMDAsInVwZGF0ZSI6MTIwMDAwMDAwMDAwMH19",
          "dependencies": [
            "module.network.module.vcn.oci_core_nat_gateway.nat_gateway",
            "module.network.module.vcn.oci_core_vcn.vcn"
          ]
        }
      ]
    },
    {
      "module": "module.network.module.vcn",
      "mode": "managed",
      "type": "oci_core_vcn",
      "name": "vcn",
      "provider": "provider[\"registry.terraform.io/oracle/oci\"]",
      "instances": [
        {
          "schema_version": 0,
          "attributes": {
            "byoipv6cidr_blocks": [],
            "byoipv6cidr_details": [],
            "cidr_block": "10.0.0.0/16",
            "cidr_blocks": [
              "10.0.0.0/16"
            ],
            "compartment_id": "ocid1.tenancy.oc1..aaaaaaaa7ir42cknj7xvbqc77vftjpvx7aavbueua4hzkuaur6wx7lyyvuxq",
            "default_dhcp_options_id": "ocid1.dhcpoptions.oc1.uk-london-1.aaaaaaaaj65x3q6je3odaedh5q3i4kribftctpy33ehs5zweshnrq5e4borq",
            "default_route_table_id": "ocid1.routetable.oc1.uk-london-1.aaaaaaaasrma65oqvpnhwu7y6ycb6wbtv7maw6dmkyldwrjy4bsw2fzmd2sa",
            "default_security_list_id": "ocid1.securitylist.oc1.uk-london-1.aaaaaaaasgdout6e4msjytrfjwtj6lthdmvrq54qodr53bh7hqtr7k3jknoq",
            "defined_tags": {
              "Oracle-Tags.CreatedBy": "default/mike@wyss.co.uk",
              "Oracle-Tags.CreatedOn": "2023-08-28T14:40:38.592Z"
            },
            "display_name": "ewp_vcn",
            "dns_label": "apivcn",
            "freeform_tags": {
              "CreatedBy": "Terraform",
              "UsedBy": "Elle Wyss Photography"
            },
            "id": "ocid1.vcn.oc1.uk-london-1.amaaaaaaavf7xtyalnk7cknrzczf6nye7natdshsgugbbpyw26ps4apjcjhq",
            "ipv6cidr_blocks": [],
            "ipv6private_cidr_blocks": [],
            "is_ipv6enabled": false,
            "is_oracle_gua_allocation_enabled": null,
            "state": "AVAILABLE",
            "time_created": "2023-08-28 14:40:38.696 +0000 UTC",
            "timeouts": null,
            "vcn_domain_name": "apivcn.oraclevcn.com"
          },
          "sensitive_attributes": [],
          "private": "eyJlMmJmYjczMC1lY2FhLTExZTYtOGY4OC0zNDM2M2JjN2M0YzAiOnsiY3JlYXRlIjoxMjAwMDAwMDAwMDAwLCJkZWxldGUiOjEyMDAwMDAwMDAwMDAsInVwZGF0ZSI6MTIwMDAwMDAwMDAwMH19"
        }
      ]
    },
    {
      "module": "module.object-storage",
      "mode": "managed",
      "type": "oci_objectstorage_bucket",
      "name": "ewp_image_storage",
      "provider": "provider[\"registry.terraform.io/hashicorp/oci\"]",
      "instances": [
        {
          "schema_version": 0,
          "attributes": {
            "access_type": "ObjectRead",
            "approximate_count": "289",
            "approximate_size": "204777891",
            "auto_tiering": "InfrequentAccess",
            "bucket_id": "ocid1.bucket.oc1.uk-london-1.aaaaaaaak5fl63ybegqjgcbw3rht5ox524mxvn36ub6kuyln4n4bmg2sllnq",
            "compartment_id": "ocid1.tenancy.oc1..aaaaaaaa7ir42cknj7xvbqc77vftjpvx7aavbueua4hzkuaur6wx7lyyvuxq",
            "created_by": "ocid1.user.oc1..aaaaaaaafop7zhrbkkbp32l43eduibofjiwh5hx5alaypzhvrbyfw3rh3q3a",
            "defined_tags": {
              "Oracle-Tags.CreatedBy": "default/mike@wyss.co.uk",
              "Oracle-Tags.CreatedOn": "2023-08-28T14:40:38.729Z"
            },
            "etag": "68aef4f5-de65-4dec-bb3b-dab1561907f2",
            "freeform_tags": {
              "CreatedBy": "Terraform",
              "UsedBy": "Elle Wyss Photography"
            },
            "id": "n/lr4poue3hwjl/b/ewp_image_store",
            "is_read_only": false,
            "kms_key_id": null,
            "metadata": {},
            "name": "ewp_image_store",
            "namespace": "lr4poue3hwjl",
            "object_events_enabled": false,
            "object_lifecycle_policy_etag": null,
            "replication_enabled": false,
            "retention_rules": [],
            "storage_tier": "Standard",
            "time_created": "2023-08-28 14:40:38.746 +0000 UTC",
            "timeouts": null,
            "versioning": "Disabled"
          },
          "sensitive_attributes": [],
          "private": "eyJlMmJmYjczMC1lY2FhLTExZTYtOGY4OC0zNDM2M2JjN2M0YzAiOnsiY3JlYXRlIjoxMjAwMDAwMDAwMDAwLCJkZWxldGUiOjEyMDAwMDAwMDAwMDAsInVwZGF0ZSI6MTIwMDAwMDAwMDAwMH19"
        }
      ]
    },
    {
      "module": "module.object-storage",
      "mode": "managed",
      "type": "oci_objectstorage_object",
      "name": "ewp_image_storage",
      "provider": "provider[\"registry.terraform.io/hashicorp/oci\"]",
      "instances": [
        {
          "index_key": 0,
          "schema_version": 0,
          "attributes": {
            "bucket": "ewp_image_store",
            "cache_control": null,
            "content": null,
            "content_disposition": null,
            "content_encoding": null,
            "content_language": null,
            "content_length": "787435",
            "content_md5": "jmGqImUZ1GHWCyWIFbyeuA==",
            "content_type": "image/jpeg",
            "delete_all_object_versions": false,
            "id": "n/lr4poue3hwjl/b/ewp_image_store/o/weddings%2FAdrian%20and%20Monica%2F1.jpg",
            "metadata": {},
            "namespace": "lr4poue3hwjl",
            "object": "weddings/Adrian and Monica/1.jpg",
            "opc_sse_kms_key_id": null,
            "source": "../assets/weddings/Adrian and Monica/1.jpg 2016-03-09 09:22:23 +0000 GMT",
            "source_uri_details": [],
            "state": "COMPLETED",
            "storage_tier": "Standard",
            "timeouts": null,
            "version_id": "3333a53d-8497-4a0b-8c28-2ab7d2ddef6e",
            "work_request_id": ""
          },
          "sensitive_attributes": [],
          "private": "eyJlMmJmYjczMC1lY2FhLTExZTYtOGY4OC0zNDM2M2JjN2M0YzAiOnsiY3JlYXRlIjoxMjAwMDAwMDAwMDAwLCJkZWxldGUiOjEyMDAwMDAwMDAwMDAsInVwZGF0ZSI6MTIwMDAwMDAwMDAwMH19",
          "dependencies": [
            "module.object-storage.oci_objectstorage_bucket.ewp_image_storage"
          ]
        },
        {
          "index_key": 1,
          "schema_version": 0,
          "attributes": {
            "bucket": "ewp_image_store",
            "cache_control": null,
            "content": null,
            "content_disposition": null,
            "content_encoding": null,
            "content_language": null,
            "content_length": "265146",
            "content_md5": "WhLXRvZGgSn5ulhkDKqcEg==",
            "content_type": "image/jpeg",
            "delete_all_object_versions": false,
            "id": "n/lr4poue3hwjl/b/ewp_image_store/o/weddings%2FAdrian%20and%20Monica%2F10.jpg",
            "metadata": {},
            "namespace": "lr4poue3hwjl",
            "object": "weddings/Adrian and Monica/10.jpg",
            "opc_sse_kms_key_id": null,
            "source": "../assets/weddings/Adrian and Monica/10.jpg 2016-03-09 09:23:31 +0000 GMT",
            "source_uri_details": [],
            "state": "COMPLETED",
            "storage_tier": "Standard",
            "timeouts": null,
            "version_id": "e5e2c8a3-e568-43be-9aec-ed96f02c25cd",
            "work_request_id": ""
          },
          "sensitive_attributes": [],
          "private": "eyJlMmJmYjczMC1lY2FhLTExZTYtOGY4OC0zNDM2M2JjN2M0YzAiOnsiY3JlYXRlIjoxMjAwMDAwMDAwMDAwLCJkZWxldGUiOjEyMDAwMDAwMDAwMDAsInVwZGF0ZSI6MTIwMDAwMDAwMDAwMH19",
          "dependencies": [
            "module.object-storage.oci_objectstorage_bucket.ewp_image_storage"
          ]
        },
        {
          "index_key": 2,
          "schema_version": 0,
          "attributes": {
            "bucket": "ewp_image_store",
            "cache_control": null,
            "content": null,
            "content_disposition": null,
            "content_encoding": null,
            "content_language": null,
            "content_length": "746388",
            "content_md5": "4nZJ4Ec/bZddMAqfVFP83Q==",
            "content_type": "image/jpeg",
            "delete_all_object_versions": false,
            "id": "n/lr4poue3hwjl/b/ewp_image_store/o/weddings%2FAdrian%20and%20Monica%2F11.jpg",
            "metadata": {},
            "namespace": "lr4poue3hwjl",
            "object": "weddings/Adrian and Monica/11.jpg",
            "opc_sse_kms_key_id": null,
            "source": "../assets/weddings/Adrian and Monica/11.jpg 2016-03-09 09:27:42 +0000 GMT",
            "source_uri_details": [],
            "state": "COMPLETED",
            "storage_tier": "Standard",
            "timeouts": null,
            "version_id": "bc9c6179-c8be-4365-baf9-a854ebfb1b21",
            "work_request_id": ""
          },
          "sensitive_attributes": [],
          "private": "eyJlMmJmYjczMC1lY2FhLTExZTYtOGY4OC0zNDM2M2JjN2M0YzAiOnsiY3JlYXRlIjoxMjAwMDAwMDAwMDAwLCJkZWxldGUiOjEyMDAwMDAwMDAwMDAsInVwZGF0ZSI6MTIwMDAwMDAwMDAwMH19",
          "dependencies": [
            "module.object-storage.oci_objectstorage_bucket.ewp_image_storage"
          ]
        },
        {
          "index_key": 3,
          "schema_version": 0,
          "attributes": {
            "bucket": "ewp_image_store",
            "cache_control": null,
            "content": null,
            "content_disposition": null,
            "content_encoding": null,
            "content_language": null,
            "content_length": "670692",
            "content_md5": "IfxklR9PeuWslL+wXQQFOg==",
            "content_type": "image/jpeg",
            "delete_all_object_versions": false,
            "id": "n/lr4poue3hwjl/b/ewp_image_store/o/weddings%2FAdrian%20and%20Monica%2F12.jpg",
            "metadata": {},
            "namespace": "lr4poue3hwjl",
            "object": "weddings/Adrian and Monica/12.jpg",
            "opc_sse_kms_key_id": null,
            "source": "../assets/weddings/Adrian and Monica/12.jpg 2016-03-09 09:27:49 +0000 GMT",
            "source_uri_details": [],
            "state": "COMPLETED",
            "storage_tier": "Standard",
            "timeouts": null,
            "version_id": "697edfef-fb34-48e0-994e-dcdd7ee83050",
            "work_request_id": ""
          },
          "sensitive_attributes": [],
          "private": "eyJlMmJmYjczMC1lY2FhLTExZTYtOGY4OC0zNDM2M2JjN2M0YzAiOnsiY3JlYXRlIjoxMjAwMDAwMDAwMDAwLCJkZWxldGUiOjEyMDAwMDAwMDAwMDAsInVwZGF0ZSI6MTIwMDAwMDAwMDAwMH19",
          "dependencies": [
            "module.object-storage.oci_objectstorage_bucket.ewp_image_storage"
          ]
        },
        {
          "index_key": 4,
          "schema_version": 0,
          "attributes": {
            "bucket": "ewp_image_store",
            "cache_control": null,
            "content": null,
            "content_disposition": null,
            "content_encoding": null,
            "content_language": null,
            "content_length": "918713",
            "content_md5": "C1hKz83JI1eFV3HO3Vm3PQ==",
            "content_type": "image/jpeg",
            "delete_all_object_versions": false,
            "id": "n/lr4poue3hwjl/b/ewp_image_store/o/weddings%2FAdrian%20and%20Monica%2F13.jpg",
            "metadata": {},
            "namespace": "lr4poue3hwjl",
            "object": "weddings/Adrian and Monica/13.jpg",
            "opc_sse_kms_key_id": null,
            "source": "../assets/weddings/Adrian and Monica/13.jpg 2016-03-09 09:23:39 +0000 GMT",
            "source_uri_details": [],
            "state": "COMPLETED",
            "storage_tier": "Standard",
            "timeouts": null,
            "version_id": "2e1cc5ba-85c1-4b5c-b661-f926ea99f5be",
            "work_request_id": ""
          },
          "sensitive_attributes": [],
          "private": "eyJlMmJmYjczMC1lY2FhLTExZTYtOGY4OC0zNDM2M2JjN2M0YzAiOnsiY3JlYXRlIjoxMjAwMDAwMDAwMDAwLCJkZWxldGUiOjEyMDAwMDAwMDAwMDAsInVwZGF0ZSI6MTIwMDAwMDAwMDAwMH19",
          "dependencies": [
            "module.object-storage.oci_objectstorage_bucket.ewp_image_storage"
          ]
        },
        {
          "index_key": 5,
          "schema_version": 0,
          "attributes": {
            "bucket": "ewp_image_store",
            "cache_control": null,
            "content": null,
            "content_disposition": null,
            "content_encoding": null,
            "content_language": null,
            "content_length": "929042",
            "content_md5": "dsNOYN0JCSvbo6JLYzBVqg==",
            "content_type": "image/jpeg",
            "delete_all_object_versions": false,
            "id": "n/lr4poue3hwjl/b/ewp_image_store/o/weddings%2FAdrian%20and%20Monica%2F14.jpg",
            "metadata": {},
            "namespace": "lr4poue3hwjl",
            "object": "weddings/Adrian and Monica/14.jpg",
            "opc_sse_kms_key_id": null,
            "source": "../assets/weddings/Adrian and Monica/14.jpg 2016-03-09 09:23:44 +0000 GMT",
            "source_uri_details": [],
            "state": "COMPLETED",
            "storage_tier": "Standard",
            "timeouts": null,
            "version_id": "b29649d1-ef31-426a-9ea9-b0e2733fd013",
            "work_request_id": ""
          },
          "sensitive_attributes": [],
          "private": "eyJlMmJmYjczMC1lY2FhLTExZTYtOGY4OC0zNDM2M2JjN2M0YzAiOnsiY3JlYXRlIjoxMjAwMDAwMDAwMDAwLCJkZWxldGUiOjEyMDAwMDAwMDAwMDAsInVwZGF0ZSI6MTIwMDAwMDAwMDAwMH19",
          "dependencies": [
            "module.object-storage.oci_objectstorage_bucket.ewp_image_storage"
          ]
        },
        {
          "index_key": 6,
          "schema_version": 0,
          "attributes": {
            "bucket": "ewp_image_store",
            "cache_control": null,
            "content": null,
            "content_disposition": null,
            "content_encoding": null,
            "content_language": null,
            "content_length": "935027",
            "content_md5": "JUB4p/JZy9DrwEhwoKAVKg==",
            "content_type": "image/jpeg",
            "delete_all_object_versions": false,
            "id": "n/lr4poue3hwjl/b/ewp_image_store/o/weddings%2FAdrian%20and%20Monica%2F15.jpg",
            "metadata": {},
            "namespace": "lr4poue3hwjl",
            "object": "weddings/Adrian and Monica/15.jpg",
            "opc_sse_kms_key_id": null,
            "source": "../assets/weddings/Adrian and Monica/15.jpg 2016-03-09 09:23:50 +0000 GMT",
            "source_uri_details": [],
            "state": "COMPLETED",
            "storage_tier": "Standard",
            "timeouts": null,
            "version_id": "ee4e2a8d-d61d-4284-9792-60ab3701dec2",
            "work_request_id": ""
          },
          "sensitive_attributes": [],
          "private": "eyJlMmJmYjczMC1lY2FhLTExZTYtOGY4OC0zNDM2M2JjN2M0YzAiOnsiY3JlYXRlIjoxMjAwMDAwMDAwMDAwLCJkZWxldGUiOjEyMDAwMDAwMDAwMDAsInVwZGF0ZSI6MTIwMDAwMDAwMDAwMH19",
          "dependencies": [
            "module.object-storage.oci_objectstorage_bucket.ewp_image_storage"
          ]
        },
        {
          "index_key": 7,
          "schema_version": 0,
          "attributes": {
            "bucket": "ewp_image_store",
            "cache_control": null,
            "content": null,
            "content_disposition": null,
            "content_encoding": null,
            "content_language": null,
            "content_length": "233797",
            "content_md5": "jhVnJWAYVJ/lfpMtPELilQ==",
            "content_type": "image/jpeg",
            "delete_all_object_versions": false,
            "id": "n/lr4poue3hwjl/b/ewp_image_store/o/weddings%2FAdrian%20and%20Monica%2F16.jpg",
            "metadata": {},
            "namespace": "lr4poue3hwjl",
            "object": "weddings/Adrian and Monica/16.jpg",
            "opc_sse_kms_key_id": null,
            "source": "../assets/weddings/Adrian and Monica/16.jpg 2016-03-09 09:23:56 +0000 GMT",
            "source_uri_details": [],
            "state": "COMPLETED",
            "storage_tier": "Standard",
            "timeouts": null,
            "version_id": "3008e7a7-1740-4948-8b46-c75c7b095ca8",
            "work_request_id": ""
          },
          "sensitive_attributes": [],
          "private": "eyJlMmJmYjczMC1lY2FhLTExZTYtOGY4OC0zNDM2M2JjN2M0YzAiOnsiY3JlYXRlIjoxMjAwMDAwMDAwMDAwLCJkZWxldGUiOjEyMDAwMDAwMDAwMDAsInVwZGF0ZSI6MTIwMDAwMDAwMDAwMH19",
          "dependencies": [
            "module.object-storage.oci_objectstorage_bucket.ewp_image_storage"
          ]
        },
        {
          "index_key": 8,
          "schema_version": 0,
          "attributes": {
            "bucket": "ewp_image_store",
            "cache_control": null,
            "content": null,
            "content_disposition": null,
            "content_encoding": null,
            "content_language": null,
            "content_length": "447670",
            "content_md5": "NO96tzjN2RB4YMK9dD+sGA==",
            "content_type": "image/jpeg",
            "delete_all_object_versions": false,
            "id": "n/lr4poue3hwjl/b/ewp_image_store/o/weddings%2FAdrian%20and%20Monica%2F17.jpg",
            "metadata": {},
            "namespace": "lr4poue3hwjl",
            "object": "weddings/Adrian and Monica/17.jpg",
            "opc_sse_kms_key_id": null,
            "source": "../assets/weddings/Adrian and Monica/17.jpg 2016-03-09 09:24:00 +0000 GMT",
            "source_uri_details": [],
            "state": "COMPLETED",
            "storage_tier": "Standard",
            "timeouts": null,
            "version_id": "db8f3e3a-7195-40b6-962d-4e99b8792c5d",
            "work_request_id": ""
          },
          "sensitive_attributes": [],
          "private": "eyJlMmJmYjczMC1lY2FhLTExZTYtOGY4OC0zNDM2M2JjN2M0YzAiOnsiY3JlYXRlIjoxMjAwMDAwMDAwMDAwLCJkZWxldGUiOjEyMDAwMDAwMDAwMDAsInVwZGF0ZSI6MTIwMDAwMDAwMDAwMH19",
          "dependencies": [
            "module.object-storage.oci_objectstorage_bucket.ewp_image_storage"
          ]
        },
        {
          "index_key": 9,
          "schema_version": 0,
          "attributes": {
            "bucket": "ewp_image_store",
            "cache_control": null,
            "content": null,
            "content_disposition": null,
            "content_encoding": null,
            "content_language": null,
            "content_length": "463356",
            "content_md5": "W0OEx17h5jUuSIMV+47Oqw==",
            "content_type": "image/jpeg",
            "delete_all_object_versions": false,
            "id": "n/lr4poue3hwjl/b/ewp_image_store/o/weddings%2FAdrian%20and%20Monica%2F18.jpg",
            "metadata": {},
            "namespace": "lr4poue3hwjl",
            "object": "weddings/Adrian and Monica/18.jpg",
            "opc_sse_kms_key_id": null,
            "source": "../assets/weddings/Adrian and Monica/18.jpg 2016-03-09 09:24:05 +0000 GMT",
            "source_uri_details": [],
            "state": "COMPLETED",
            "storage_tier": "Standard",
            "timeouts": null,
            "version_id": "852ebbe8-2a74-40f5-b730-4796c676ae10",
            "work_request_id": ""
          },
          "sensitive_attributes": [],
          "private": "eyJlMmJmYjczMC1lY2FhLTExZTYtOGY4OC0zNDM2M2JjN2M0YzAiOnsiY3JlYXRlIjoxMjAwMDAwMDAwMDAwLCJkZWxldGUiOjEyMDAwMDAwMDAwMDAsInVwZGF0ZSI6MTIwMDAwMDAwMDAwMH19",
          "dependencies": [
            "module.object-storage.oci_objectstorage_bucket.ewp_image_storage"
          ]
        },
        {
          "index_key": 10,
          "schema_version": 0,
          "attributes": {
            "bucket": "ewp_image_store",
            "cache_control": null,
            "content": null,
            "content_disposition": null,
            "content_encoding": null,
            "content_language": null,
            "content_length": "962692",
            "content_md5": "OjHs7A4ikIELEER22DNbLA==",
            "content_type": "image/jpeg",
            "delete_all_object_versions": false,
            "id": "n/lr4poue3hwjl/b/ewp_image_store/o/weddings%2FAdrian%20and%20Monica%2F19.jpg",
            "metadata": {},
            "namespace": "lr4poue3hwjl",
            "object": "weddings/Adrian and Monica/19.jpg",
            "opc_sse_kms_key_id": null,
            "source": "../assets/weddings/Adrian and Monica/19.jpg 2016-03-09 09:27:55 +0000 GMT",
            "source_uri_details": [],
            "state": "COMPLETED",
            "storage_tier": "Standard",
            "timeouts": null,
            "version_id": "42913f8a-5743-4074-89d3-a6ec6a3c4186",
            "work_request_id": ""
          },
          "sensitive_attributes": [],
          "private": "eyJlMmJmYjczMC1lY2FhLTExZTYtOGY4OC0zNDM2M2JjN2M0YzAiOnsiY3JlYXRlIjoxMjAwMDAwMDAwMDAwLCJkZWxldGUiOjEyMDAwMDAwMDAwMDAsInVwZGF0ZSI6MTIwMDAwMDAwMDAwMH19",
          "dependencies": [
            "module.object-storage.oci_objectstorage_bucket.ewp_image_storage"
          ]
        },
        {
          "index_key": 11,
          "schema_version": 0,
          "attributes": {
            "bucket": "ewp_image_store",
            "cache_control": null,
            "content": null,
            "content_disposition": null,
            "content_encoding": null,
            "content_language": null,
            "content_length": "202037",
            "content_md5": "oYubTiTM1dCOsYOnVMYS3A==",
            "content_type": "image/jpeg",
            "delete_all_object_versions": false,
            "id": "n/lr4poue3hwjl/b/ewp_image_store/o/weddings%2FAdrian%20and%20Monica%2F2.jpg",
            "metadata": {},
            "namespace": "lr4poue3hwjl",
            "object": "weddings/Adrian and Monica/2.jpg",
            "opc_sse_kms_key_id": null,
            "source": "../assets/weddings/Adrian and Monica/2.jpg 2016-03-09 09:22:29 +0000 GMT",
            "source_uri_details": [],
            "state": "COMPLETED",
            "storage_tier": "Standard",
            "timeouts": null,
            "version_id": "a2b65447-242b-4b21-86f8-88d7b532b781",
            "work_request_id": ""
          },
          "sensitive_attributes": [],
          "private": "eyJlMmJmYjczMC1lY2FhLTExZTYtOGY4OC0zNDM2M2JjN2M0YzAiOnsiY3JlYXRlIjoxMjAwMDAwMDAwMDAwLCJkZWxldGUiOjEyMDAwMDAwMDAwMDAsInVwZGF0ZSI6MTIwMDAwMDAwMDAwMH19",
          "dependencies": [
            "module.object-storage.oci_objectstorage_bucket.ewp_image_storage"
          ]
        },
        {
          "index_key": 12,
          "schema_version": 0,
          "attributes": {
            "bucket": "ewp_image_store",
            "cache_control": null,
            "content": null,
            "content_disposition": null,
            "content_encoding": null,
            "content_language": null,
            "content_length": "762777",
            "content_md5": "PHCZ6jpspMv0zfmi+MiO4Q==",
            "content_type": "image/jpeg",
            "delete_all_object_versions": false,
            "id": "n/lr4poue3hwjl/b/ewp_image_store/o/weddings%2FAdrian%20and%20Monica%2F20.jpg",
            "metadata": {},
            "namespace": "lr4poue3hwjl",
            "object": "weddings/Adrian and Monica/20.jpg",
            "opc_sse_kms_key_id": null,
            "source": "../assets/weddings/Adrian and Monica/20.jpg 2016-03-09 09:24:17 +0000 GMT",
            "source_uri_details": [],
            "state": "COMPLETED",
            "storage_tier": "Standard",
            "timeouts": null,
            "version_id": "a7e1acc9-cb17-462e-9802-4ca2f8900167",
            "work_request_id": ""
          },
          "sensitive_attributes": [],
          "private": "eyJlMmJmYjczMC1lY2FhLTExZTYtOGY4OC0zNDM2M2JjN2M0YzAiOnsiY3JlYXRlIjoxMjAwMDAwMDAwMDAwLCJkZWxldGUiOjEyMDAwMDAwMDAwMDAsInVwZGF0ZSI6MTIwMDAwMDAwMDAwMH19",
          "dependencies": [
            "module.object-storage.oci_objectstorage_bucket.ewp_image_storage"
          ]
        },
        {
          "index_key": 13,
          "schema_version": 0,
          "attributes": {
            "bucket": "ewp_image_store",
            "cache_control": null,
            "content": null,
            "content_disposition": null,
            "content_encoding": null,
            "content_language": null,
            "content_length": "786607",
            "content_md5": "VllojCldJr0C40ck2lxSgQ==",
            "content_type": "image/jpeg",
            "delete_all_object_versions": false,
            "id": "n/lr4poue3hwjl/b/ewp_image_store/o/weddings%2FAdrian%20and%20Monica%2F21.jpg",
            "metadata": {},
            "namespace": "lr4poue3hwjl",
            "object": "weddings/Adrian and Monica/21.jpg",
            "opc_sse_kms_key_id": null,
            "source": "../assets/weddings/Adrian and Monica/21.jpg 2016-03-09 09:24:22 +0000 GMT",
            "source_uri_details": [],
            "state": "COMPLETED",
            "storage_tier": "Standard",
            "timeouts": null,
            "version_id": "6e524ceb-54ac-4075-aea3-0bbb14722a5a",
            "work_request_id": ""
          },
          "sensitive_attributes": [],
          "private": "eyJlMmJmYjczMC1lY2FhLTExZTYtOGY4OC0zNDM2M2JjN2M0YzAiOnsiY3JlYXRlIjoxMjAwMDAwMDAwMDAwLCJkZWxldGUiOjEyMDAwMDAwMDAwMDAsInVwZGF0ZSI6MTIwMDAwMDAwMDAwMH19",
          "dependencies": [
            "module.object-storage.oci_objectstorage_bucket.ewp_image_storage"
          ]
        },
        {
          "index_key": 14,
          "schema_version": 0,
          "attributes": {
            "bucket": "ewp_image_store",
            "cache_control": null,
            "content": null,
            "content_disposition": null,
            "content_encoding": null,
            "content_language": null,
            "content_length": "302394",
            "content_md5": "+UlUvnes7zVxYzdQBTECTg==",
            "content_type": "image/jpeg",
            "delete_all_object_versions": false,
            "id": "n/lr4poue3hwjl/b/ewp_image_store/o/weddings%2FAdrian%20and%20Monica%2F22.jpg",
            "metadata": {},
            "namespace": "lr4poue3hwjl",
            "object": "weddings/Adrian and Monica/22.jpg",
            "opc_sse_kms_key_id": null,
            "source": "../assets/weddings/Adrian and Monica/22.jpg 2016-03-09 09:24:27 +0000 GMT",
            "source_uri_details": [],
            "state": "COMPLETED",
            "storage_tier": "Standard",
            "timeouts": null,
            "version_id": "fdf7edd3-642e-48d9-8265-58022166a797",
            "work_request_id": ""
          },
          "sensitive_attributes": [],
          "private": "eyJlMmJmYjczMC1lY2FhLTExZTYtOGY4OC0zNDM2M2JjN2M0YzAiOnsiY3JlYXRlIjoxMjAwMDAwMDAwMDAwLCJkZWxldGUiOjEyMDAwMDAwMDAwMDAsInVwZGF0ZSI6MTIwMDAwMDAwMDAwMH19",
          "dependencies": [
            "module.object-storage.oci_objectstorage_bucket.ewp_image_storage"
          ]
        },
        {
          "index_key": 15,
          "schema_version": 0,
          "attributes": {
            "bucket": "ewp_image_store",
            "cache_control": null,
            "content": null,
            "content_disposition": null,
            "content_encoding": null,
            "content_language": null,
            "content_length": "415045",
            "content_md5": "uEH0wpfWmvlEdZNy6zsNnQ==",
            "content_type": "image/jpeg",
            "delete_all_object_versions": false,
            "id": "n/lr4poue3hwjl/b/ewp_image_store/o/weddings%2FAdrian%20and%20Monica%2F23.jpg",
            "metadata": {},
            "namespace": "lr4poue3hwjl",
            "object": "weddings/Adrian and Monica/23.jpg",
            "opc_sse_kms_key_id": null,
            "source": "../assets/weddings/Adrian and Monica/23.jpg 2016-03-09 09:24:32 +0000 GMT",
            "source_uri_details": [],
            "state": "COMPLETED",
            "storage_tier": "Standard",
            "timeouts": null,
            "version_id": "d4d7bbdf-d975-45fd-8be1-960ac4c17bab",
            "work_request_id": ""
          },
          "sensitive_attributes": [],
          "private": "eyJlMmJmYjczMC1lY2FhLTExZTYtOGY4OC0zNDM2M2JjN2M0YzAiOnsiY3JlYXRlIjoxMjAwMDAwMDAwMDAwLCJkZWxldGUiOjEyMDAwMDAwMDAwMDAsInVwZGF0ZSI6MTIwMDAwMDAwMDAwMH19",
          "dependencies": [
            "module.object-storage.oci_objectstorage_bucket.ewp_image_storage"
          ]
        },
        {
          "index_key": 16,
          "schema_version": 0,
          "attributes": {
            "bucket": "ewp_image_store",
            "cache_control": null,
            "content": null,
            "content_disposition": null,
            "content_encoding": null,
            "content_language": null,
            "content_length": "1400561",
            "content_md5": "YA/VzZi7C0n4j6fNtXi0Fg==",
            "content_type": "image/jpeg",
            "delete_all_object_versions": false,
            "id": "n/lr4poue3hwjl/b/ewp_image_store/o/weddings%2FAdrian%20and%20Monica%2F24.jpg",
            "metadata": {},
            "namespace": "lr4poue3hwjl",
            "object": "weddings/Adrian and Monica/24.jpg",
            "opc_sse_kms_key_id": null,
            "source": "../assets/weddings/Adrian and Monica/24.jpg 2016-03-09 09:24:37 +0000 GMT",
            "source_uri_details": [],
            "state": "COMPLETED",
            "storage_tier": "Standard",
            "timeouts": null,
            "version_id": "d170f47e-7487-491b-ba91-a19d1408ce88",
            "work_request_id": ""
          },
          "sensitive_attributes": [],
          "private": "eyJlMmJmYjczMC1lY2FhLTExZTYtOGY4OC0zNDM2M2JjN2M0YzAiOnsiY3JlYXRlIjoxMjAwMDAwMDAwMDAwLCJkZWxldGUiOjEyMDAwMDAwMDAwMDAsInVwZGF0ZSI6MTIwMDAwMDAwMDAwMH19",
          "dependencies": [
            "module.object-storage.oci_objectstorage_bucket.ewp_image_storage"
          ]
        },
        {
          "index_key": 17,
          "schema_version": 0,
          "attributes": {
            "bucket": "ewp_image_store",
            "cache_control": null,
            "content": null,
            "content_disposition": null,
            "content_encoding": null,
            "content_language": null,
            "content_length": "783866",
            "content_md5": "zpdZ0s08CwPXctmww9Y4ZQ==",
            "content_type": "image/jpeg",
            "delete_all_object_versions": false,
            "id": "n/lr4poue3hwjl/b/ewp_image_store/o/weddings%2FAdrian%20and%20Monica%2F25.jpg",
            "metadata": {},
            "namespace": "lr4poue3hwjl",
            "object": "weddings/Adrian and Monica/25.jpg",
            "opc_sse_kms_key_id": null,
            "source": "../assets/weddings/Adrian and Monica/25.jpg 2016-03-09 09:24:43 +0000 GMT",
            "source_uri_details": [],
            "state": "COMPLETED",
            "storage_tier": "Standard",
            "timeouts": null,
            "version_id": "d5b226ed-924c-458b-9cb7-cfa605eaaa84",
            "work_request_id": ""
          },
          "sensitive_attributes": [],
          "private": "eyJlMmJmYjczMC1lY2FhLTExZTYtOGY4OC0zNDM2M2JjN2M0YzAiOnsiY3JlYXRlIjoxMjAwMDAwMDAwMDAwLCJkZWxldGUiOjEyMDAwMDAwMDAwMDAsInVwZGF0ZSI6MTIwMDAwMDAwMDAwMH19",
          "dependencies": [
            "module.object-storage.oci_objectstorage_bucket.ewp_image_storage"
          ]
        },
        {
          "index_key": 18,
          "schema_version": 0,
          "attributes": {
            "bucket": "ewp_image_store",
            "cache_control": null,
            "content": null,
            "content_disposition": null,
            "content_encoding": null,
            "content_language": null,
            "content_length": "794771",
            "content_md5": "zM2xpXjCn3rAVgDMf6DuSg==",
            "content_type": "image/jpeg",
            "delete_all_object_versions": false,
            "id": "n/lr4poue3hwjl/b/ewp_image_store/o/weddings%2FAdrian%20and%20Monica%2F26.jpg",
            "metadata": {},
            "namespace": "lr4poue3hwjl",
            "object": "weddings/Adrian and Monica/26.jpg",
            "opc_sse_kms_key_id": null,
            "source": "../assets/weddings/Adrian and Monica/26.jpg 2016-03-09 09:24:54 +0000 GMT",
            "source_uri_details": [],
            "state": "COMPLETED",
            "storage_tier": "Standard",
            "timeouts": null,
            "version_id": "72bf2db9-670d-4515-b8e1-2d938268ed28",
            "work_request_id": ""
          },
          "sensitive_attributes": [],
          "private": "eyJlMmJmYjczMC1lY2FhLTExZTYtOGY4OC0zNDM2M2JjN2M0YzAiOnsiY3JlYXRlIjoxMjAwMDAwMDAwMDAwLCJkZWxldGUiOjEyMDAwMDAwMDAwMDAsInVwZGF0ZSI6MTIwMDAwMDAwMDAwMH19",
          "dependencies": [
            "module.object-storage.oci_objectstorage_bucket.ewp_image_storage"
          ]
        },
        {
          "index_key": 19,
          "schema_version": 0,
          "attributes": {
            "bucket": "ewp_image_store",
            "cache_control": null,
            "content": null,
            "content_disposition": null,
            "content_encoding": null,
            "content_language": null,
            "content_length": "942851",
            "content_md5": "49tWzvZxHScwLTm/Cz5uDw==",
            "content_type": "image/jpeg",
            "delete_all_object_versions": false,
            "id": "n/lr4poue3hwjl/b/ewp_image_store/o/weddings%2FAdrian%20and%20Monica%2F27.jpg",
            "metadata": {},
            "namespace": "lr4poue3hwjl",
            "object": "weddings/Adrian and Monica/27.jpg",
            "opc_sse_kms_key_id": null,
            "source": "../assets/weddings/Adrian and Monica/27.jpg 2016-03-09 09:24:49 +0000 GMT",
            "source_uri_details": [],
            "state": "COMPLETED",
            "storage_tier": "Standard",
            "timeouts": null,
            "version_id": "36e20bd9-957b-43c2-b86b-d982bbcd3750",
            "work_request_id": ""
          },
          "sensitive_attributes": [],
          "private": "eyJlMmJmYjczMC1lY2FhLTExZTYtOGY4OC0zNDM2M2JjN2M0YzAiOnsiY3JlYXRlIjoxMjAwMDAwMDAwMDAwLCJkZWxldGUiOjEyMDAwMDAwMDAwMDAsInVwZGF0ZSI6MTIwMDAwMDAwMDAwMH19",
          "dependencies": [
            "module.object-storage.oci_objectstorage_bucket.ewp_image_storage"
          ]
        },
        {
          "index_key": 20,
          "schema_version": 0,
          "attributes": {
            "bucket": "ewp_image_store",
            "cache_control": null,
            "content": null,
            "content_disposition": null,
            "content_encoding": null,
            "content_language": null,
            "content_length": "922069",
            "content_md5": "ZUntoejjZAOvh2BlsvpdYQ==",
            "content_type": "image/jpeg",
            "delete_all_object_versions": false,
            "id": "n/lr4poue3hwjl/b/ewp_image_store/o/weddings%2FAdrian%20and%20Monica%2F28.jpg",
            "metadata": {},
            "namespace": "lr4poue3hwjl",
            "object": "weddings/Adrian and Monica/28.jpg",
            "opc_sse_kms_key_id": null,
            "source": "../assets/weddings/Adrian and Monica/28.jpg 2016-03-09 09:28:03 +0000 GMT",
            "source_uri_details": [],
            "state": "COMPLETED",
            "storage_tier": "Standard",
            "timeouts": null,
            "version_id": "bc48c3bc-4119-4680-a791-45960b79c7d2",
            "work_request_id": ""
          },
          "sensitive_attributes": [],
          "private": "eyJlMmJmYjczMC1lY2FhLTExZTYtOGY4OC0zNDM2M2JjN2M0YzAiOnsiY3JlYXRlIjoxMjAwMDAwMDAwMDAwLCJkZWxldGUiOjEyMDAwMDAwMDAwMDAsInVwZGF0ZSI6MTIwMDAwMDAwMDAwMH19",
          "dependencies": [
            "module.object-storage.oci_objectstorage_bucket.ewp_image_storage"
          ]
        },
        {
          "index_key": 21,
          "schema_version": 0,
          "attributes": {
            "bucket": "ewp_image_store",
            "cache_control": null,
            "content": null,
            "content_disposition": null,
            "content_encoding": null,
            "content_language": null,
            "content_length": "752393",
            "content_md5": "GoMaFXd7KJ8JTvk9mNqMsw==",
            "content_type": "image/jpeg",
            "delete_all_object_versions": false,
            "id": "n/lr4poue3hwjl/b/ewp_image_store/o/weddings%2FAdrian%20and%20Monica%2F29.jpg",
            "metadata": {},
            "namespace": "lr4poue3hwjl",
            "object": "weddings/Adrian and Monica/29.jpg",
            "opc_sse_kms_key_id": null,
            "source": "../assets/weddings/Adrian and Monica/29.jpg 2016-03-09 09:25:00 +0000 GMT",
            "source_uri_details": [],
            "state": "COMPLETED",
            "storage_tier": "Standard",
            "timeouts": null,
            "version_id": "327baddd-df67-4f03-aafa-fc6da9da3829",
            "work_request_id": ""
          },
          "sensitive_attributes": [],
          "private": "eyJlMmJmYjczMC1lY2FhLTExZTYtOGY4OC0zNDM2M2JjN2M0YzAiOnsiY3JlYXRlIjoxMjAwMDAwMDAwMDAwLCJkZWxldGUiOjEyMDAwMDAwMDAwMDAsInVwZGF0ZSI6MTIwMDAwMDAwMDAwMH19",
          "dependencies": [
            "module.object-storage.oci_objectstorage_bucket.ewp_image_storage"
          ]
        },
        {
          "index_key": 22,
          "schema_version": 0,
          "attributes": {
            "bucket": "ewp_image_store",
            "cache_control": null,
            "content": null,
            "content_disposition": null,
            "content_encoding": null,
            "content_language": null,
            "content_length": "862784",
            "content_md5": "Ua0D+rDKka+gkYSTXLeThQ==",
            "content_type": "image/jpeg",
            "delete_all_object_versions": false,
            "id": "n/lr4poue3hwjl/b/ewp_image_store/o/weddings%2FAdrian%20and%20Monica%2F3.jpg",
            "metadata": {},
            "namespace": "lr4poue3hwjl",
            "object": "weddings/Adrian and Monica/3.jpg",
            "opc_sse_kms_key_id": null,
            "source": "../assets/weddings/Adrian and Monica/3.jpg 2016-03-09 09:22:52 +0000 GMT",
            "source_uri_details": [],
            "state": "COMPLETED",
            "storage_tier": "Standard",
            "timeouts": null,
            "version_id": "0ab38938-8496-4c97-916d-6f420325d04b",
            "work_request_id": ""
          },
          "sensitive_attributes": [],
          "private": "eyJlMmJmYjczMC1lY2FhLTExZTYtOGY4OC0zNDM2M2JjN2M0YzAiOnsiY3JlYXRlIjoxMjAwMDAwMDAwMDAwLCJkZWxldGUiOjEyMDAwMDAwMDAwMDAsInVwZGF0ZSI6MTIwMDAwMDAwMDAwMH19",
          "dependencies": [
            "module.object-storage.oci_objectstorage_bucket.ewp_image_storage"
          ]
        },
        {
          "index_key": 23,
          "schema_version": 0,
          "attributes": {
            "bucket": "ewp_image_store",
            "cache_control": null,
            "content": null,
            "content_disposition": null,
            "content_encoding": null,
            "content_language": null,
            "content_length": "338525",
            "content_md5": "jjVz/eZ4/TOGyMCnsKt/1w==",
            "content_type": "image/jpeg",
            "delete_all_object_versions": false,
            "id": "n/lr4poue3hwjl/b/ewp_image_store/o/weddings%2FAdrian%20and%20Monica%2F30.jpg",
            "metadata": {},
            "namespace": "lr4poue3hwjl",
            "object": "weddings/Adrian and Monica/30.jpg",
            "opc_sse_kms_key_id": null,
            "source": "../assets/weddings/Adrian and Monica/30.jpg 2016-03-09 09:25:10 +0000 GMT",
            "source_uri_details": [],
            "state": "COMPLETED",
            "storage_tier": "Standard",
            "timeouts": null,
            "version_id": "cd92e26f-73e5-4c86-a147-54c59004defc",
            "work_request_id": ""
          },
          "sensitive_attributes": [],
          "private": "eyJlMmJmYjczMC1lY2FhLTExZTYtOGY4OC0zNDM2M2JjN2M0YzAiOnsiY3JlYXRlIjoxMjAwMDAwMDAwMDAwLCJkZWxldGUiOjEyMDAwMDAwMDAwMDAsInVwZGF0ZSI6MTIwMDAwMDAwMDAwMH19",
          "dependencies": [
            "module.object-storage.oci_objectstorage_bucket.ewp_image_storage"
          ]
        },
        {
          "index_key": 24,
          "schema_version": 0,
          "attributes": {
            "bucket": "ewp_image_store",
            "cache_control": null,
            "content": null,
            "content_disposition": null,
            "content_encoding": null,
            "content_language": null,
            "content_length": "262999",
            "content_md5": "JEneyB9lZ001HQ+CnqDLmw==",
            "content_type": "image/jpeg",
            "delete_all_object_versions": false,
            "id": "n/lr4poue3hwjl/b/ewp_image_store/o/weddings%2FAdrian%20and%20Monica%2F31.jpg",
            "metadata": {},
            "namespace": "lr4poue3hwjl",
            "object": "weddings/Adrian and Monica/31.jpg",
            "opc_sse_kms_key_id": null,
            "source": "../assets/weddings/Adrian and Monica/31.jpg 2016-03-09 09:25:05 +0000 GMT",
            "source_uri_details": [],
            "state": "COMPLETED",
            "storage_tier": "Standard",
            "timeouts": null,
            "version_id": "37413fe9-d1c3-4115-a276-858b6bbaacff",
            "work_request_id": ""
          },
          "sensitive_attributes": [],
          "private": "eyJlMmJmYjczMC1lY2FhLTExZTYtOGY4OC0zNDM2M2JjN2M0YzAiOnsiY3JlYXRlIjoxMjAwMDAwMDAwMDAwLCJkZWxldGUiOjEyMDAwMDAwMDAwMDAsInVwZGF0ZSI6MTIwMDAwMDAwMDAwMH19",
          "dependencies": [
            "module.object-storage.oci_objectstorage_bucket.ewp_image_storage"
          ]
        },
        {
          "index_key": 25,
          "schema_version": 0,
          "attributes": {
            "bucket": "ewp_image_store",
            "cache_control": null,
            "content": null,
            "content_disposition": null,
            "content_encoding": null,
            "content_language": null,
            "content_length": "892284",
            "content_md5": "gZRDd6XWyWtELd+MrVyoMw==",
            "content_type": "image/jpeg",
            "delete_all_object_versions": false,
            "id": "n/lr4poue3hwjl/b/ewp_image_store/o/weddings%2FAdrian%20and%20Monica%2F32.jpg",
            "metadata": {},
            "namespace": "lr4poue3hwjl",
            "object": "weddings/Adrian and Monica/32.jpg",
            "opc_sse_kms_key_id": null,
            "source": "../assets/weddings/Adrian and Monica/32.jpg 2016-03-09 09:25:15 +0000 GMT",
            "source_uri_details": [],
            "state": "COMPLETED",
            "storage_tier": "Standard",
            "timeouts": null,
            "version_id": "85125ee8-d81b-4282-a7b3-09b505e52410",
            "work_request_id": ""
          },
          "sensitive_attributes": [],
          "private": "eyJlMmJmYjczMC1lY2FhLTExZTYtOGY4OC0zNDM2M2JjN2M0YzAiOnsiY3JlYXRlIjoxMjAwMDAwMDAwMDAwLCJkZWxldGUiOjEyMDAwMDAwMDAwMDAsInVwZGF0ZSI6MTIwMDAwMDAwMDAwMH19",
          "dependencies": [
            "module.object-storage.oci_objectstorage_bucket.ewp_image_storage"
          ]
        },
        {
          "index_key": 26,
          "schema_version": 0,
          "attributes": {
            "bucket": "ewp_image_store",
            "cache_control": null,
            "content": null,
            "content_disposition": null,
            "content_encoding": null,
            "content_language": null,
            "content_length": "837339",
            "content_md5": "LUr87NJq38VX7WFJZZ+/OQ==",
            "content_type": "image/jpeg",
            "delete_all_object_versions": false,
            "id": "n/lr4poue3hwjl/b/ewp_image_store/o/weddings%2FAdrian%20and%20Monica%2F33.jpg",
            "metadata": {},
            "namespace": "lr4poue3hwjl",
            "object": "weddings/Adrian and Monica/33.jpg",
            "opc_sse_kms_key_id": null,
            "source": "../assets/weddings/Adrian and Monica/33.jpg 2016-03-09 09:25:21 +0000 GMT",
            "source_uri_details": [],
            "state": "COMPLETED",
            "storage_tier": "Standard",
            "timeouts": null,
            "version_id": "19c659b8-4ff3-4f54-9f5b-5ae9f5cb6274",
            "work_request_id": ""
          },
          "sensitive_attributes": [],
          "private": "eyJlMmJmYjczMC1lY2FhLTExZTYtOGY4OC0zNDM2M2JjN2M0YzAiOnsiY3JlYXRlIjoxMjAwMDAwMDAwMDAwLCJkZWxldGUiOjEyMDAwMDAwMDAwMDAsInVwZGF0ZSI6MTIwMDAwMDAwMDAwMH19",
          "dependencies": [
            "module.object-storage.oci_objectstorage_bucket.ewp_image_storage"
          ]
        },
        {
          "index_key": 27,
          "schema_version": 0,
          "attributes": {
            "bucket": "ewp_image_store",
            "cache_control": null,
            "content": null,
            "content_disposition": null,
            "content_encoding": null,
            "content_language": null,
            "content_length": "411375",
            "content_md5": "QeAgwAvtGBycXjD226k6rw==",
            "content_type": "image/jpeg",
            "delete_all_object_versions": false,
            "id": "n/lr4poue3hwjl/b/ewp_image_store/o/weddings%2FAdrian%20and%20Monica%2F34.jpg",
            "metadata": {},
            "namespace": "lr4poue3hwjl",
            "object": "weddings/Adrian and Monica/34.jpg",
            "opc_sse_kms_key_id": null,
            "source": "../assets/weddings/Adrian and Monica/34.jpg 2016-03-09 09:25:25 +0000 GMT",
            "source_uri_details": [],
            "state": "COMPLETED",
            "storage_tier": "Standard",
            "timeouts": null,
            "version_id": "83377870-2587-4f8e-aad1-032abc38f6d3",
            "work_request_id": ""
          },
          "sensitive_attributes": [],
          "private": "eyJlMmJmYjczMC1lY2FhLTExZTYtOGY4OC0zNDM2M2JjN2M0YzAiOnsiY3JlYXRlIjoxMjAwMDAwMDAwMDAwLCJkZWxldGUiOjEyMDAwMDAwMDAwMDAsInVwZGF0ZSI6MTIwMDAwMDAwMDAwMH19",
          "dependencies": [
            "module.object-storage.oci_objectstorage_bucket.ewp_image_storage"
          ]
        },
        {
          "index_key": 28,
          "schema_version": 0,
          "attributes": {
            "bucket": "ewp_image_store",
            "cache_control": null,
            "content": null,
            "content_disposition": null,
            "content_encoding": null,
            "content_language": null,
            "content_length": "480914",
            "content_md5": "SqAFBhZilNPx1zEIG8NkXA==",
            "content_type": "image/jpeg",
            "delete_all_object_versions": false,
            "id": "n/lr4poue3hwjl/b/ewp_image_store/o/weddings%2FAdrian%20and%20Monica%2F35.jpg",
            "metadata": {},
            "namespace": "lr4poue3hwjl",
            "object": "weddings/Adrian and Monica/35.jpg",
            "opc_sse_kms_key_id": null,
            "source": "../assets/weddings/Adrian and Monica/35.jpg 2016-03-09 09:25:30 +0000 GMT",
            "source_uri_details": [],
            "state": "COMPLETED",
            "storage_tier": "Standard",
            "timeouts": null,
            "version_id": "c21bb590-90d0-4588-b218-5949b42a5009",
            "work_request_id": ""
          },
          "sensitive_attributes": [],
          "private": "eyJlMmJmYjczMC1lY2FhLTExZTYtOGY4OC0zNDM2M2JjN2M0YzAiOnsiY3JlYXRlIjoxMjAwMDAwMDAwMDAwLCJkZWxldGUiOjEyMDAwMDAwMDAwMDAsInVwZGF0ZSI6MTIwMDAwMDAwMDAwMH19",
          "dependencies": [
            "module.object-storage.oci_objectstorage_bucket.ewp_image_storage"
          ]
        },
        {
          "index_key": 29,
          "schema_version": 0,
          "attributes": {
            "bucket": "ewp_image_store",
            "cache_control": null,
            "content": null,
            "content_disposition": null,
            "content_encoding": null,
            "content_language": null,
            "content_length": "412507",
            "content_md5": "r6DHxcTF53ur/UvGmDRmqg==",
            "content_type": "image/jpeg",
            "delete_all_object_versions": false,
            "id": "n/lr4poue3hwjl/b/ewp_image_store/o/weddings%2FAdrian%20and%20Monica%2F36.jpg",
            "metadata": {},
            "namespace": "lr4poue3hwjl",
            "object": "weddings/Adrian and Monica/36.jpg",
            "opc_sse_kms_key_id": null,
            "source": "../assets/weddings/Adrian and Monica/36.jpg 2016-03-09 09:25:35 +0000 GMT",
            "source_uri_details": [],
            "state": "COMPLETED",
            "storage_tier": "Standard",
            "timeouts": null,
            "version_id": "cbae33e5-a0b7-40d5-99ff-2c0d01cad03d",
            "work_request_id": ""
          },
          "sensitive_attributes": [],
          "private": "eyJlMmJmYjczMC1lY2FhLTExZTYtOGY4OC0zNDM2M2JjN2M0YzAiOnsiY3JlYXRlIjoxMjAwMDAwMDAwMDAwLCJkZWxldGUiOjEyMDAwMDAwMDAwMDAsInVwZGF0ZSI6MTIwMDAwMDAwMDAwMH19",
          "dependencies": [
            "module.object-storage.oci_objectstorage_bucket.ewp_image_storage"
          ]
        },
        {
          "index_key": 30,
          "schema_version": 0,
          "attributes": {
            "bucket": "ewp_image_store",
            "cache_control": null,
            "content": null,
            "content_disposition": null,
            "content_encoding": null,
            "content_language": null,
            "content_length": "775602",
            "content_md5": "8l1trX5VUqasbp48kczNJQ==",
            "content_type": "image/jpeg",
            "delete_all_object_versions": false,
            "id": "n/lr4poue3hwjl/b/ewp_image_store/o/weddings%2FAdrian%20and%20Monica%2F37.jpg",
            "metadata": {},
            "namespace": "lr4poue3hwjl",
            "object": "weddings/Adrian and Monica/37.jpg",
            "opc_sse_kms_key_id": null,
            "source": "../assets/weddings/Adrian and Monica/37.jpg 2016-03-09 09:25:41 +0000 GMT",
            "source_uri_details": [],
            "state": "COMPLETED",
            "storage_tier": "Standard",
            "timeouts": null,
            "version_id": "64f1e601-6c82-4e0c-a021-9223dbb2846d",
            "work_request_id": ""
          },
          "sensitive_attributes": [],
          "private": "eyJlMmJmYjczMC1lY2FhLTExZTYtOGY4OC0zNDM2M2JjN2M0YzAiOnsiY3JlYXRlIjoxMjAwMDAwMDAwMDAwLCJkZWxldGUiOjEyMDAwMDAwMDAwMDAsInVwZGF0ZSI6MTIwMDAwMDAwMDAwMH19",
          "dependencies": [
            "module.object-storage.oci_objectstorage_bucket.ewp_image_storage"
          ]
        },
        {
          "index_key": 31,
          "schema_version": 0,
          "attributes": {
            "bucket": "ewp_image_store",
            "cache_control": null,
            "content": null,
            "content_disposition": null,
            "content_encoding": null,
            "content_language": null,
            "content_length": "581578",
            "content_md5": "RMqSxspxerCfaPVQZ7PpUQ==",
            "content_type": "image/jpeg",
            "delete_all_object_versions": false,
            "id": "n/lr4poue3hwjl/b/ewp_image_store/o/weddings%2FAdrian%20and%20Monica%2F38.jpg",
            "metadata": {},
            "namespace": "lr4poue3hwjl",
            "object": "weddings/Adrian and Monica/38.jpg",
            "opc_sse_kms_key_id": null,
            "source": "../assets/weddings/Adrian and Monica/38.jpg 2016-03-09 09:25:47 +0000 GMT",
            "source_uri_details": [],
            "state": "COMPLETED",
            "storage_tier": "Standard",
            "timeouts": null,
            "version_id": "0679b534-97e2-4cb4-8490-0f178fc5398a",
            "work_request_id": ""
          },
          "sensitive_attributes": [],
          "private": "eyJlMmJmYjczMC1lY2FhLTExZTYtOGY4OC0zNDM2M2JjN2M0YzAiOnsiY3JlYXRlIjoxMjAwMDAwMDAwMDAwLCJkZWxldGUiOjEyMDAwMDAwMDAwMDAsInVwZGF0ZSI6MTIwMDAwMDAwMDAwMH19",
          "dependencies": [
            "module.object-storage.oci_objectstorage_bucket.ewp_image_storage"
          ]
        },
        {
          "index_key": 32,
          "schema_version": 0,
          "attributes": {
            "bucket": "ewp_image_store",
            "cache_control": null,
            "content": null,
            "content_disposition": null,
            "content_encoding": null,
            "content_language": null,
            "content_length": "778942",
            "content_md5": "ooSA+PT4y6l5+YFFwXf9BA==",
            "content_type": "image/jpeg",
            "delete_all_object_versions": false,
            "id": "n/lr4poue3hwjl/b/ewp_image_store/o/weddings%2FAdrian%20and%20Monica%2F39.jpg",
            "metadata": {},
            "namespace": "lr4poue3hwjl",
            "object": "weddings/Adrian and Monica/39.jpg",
            "opc_sse_kms_key_id": null,
            "source": "../assets/weddings/Adrian and Monica/39.jpg 2016-03-09 09:28:32 +0000 GMT",
            "source_uri_details": [],
            "state": "COMPLETED",
            "storage_tier": "Standard",
            "timeouts": null,
            "version_id": "0a90ca31-60b9-4e00-b242-efe76f224acf",
            "work_request_id": ""
          },
          "sensitive_attributes": [],
          "private": "eyJlMmJmYjczMC1lY2FhLTExZTYtOGY4OC0zNDM2M2JjN2M0YzAiOnsiY3JlYXRlIjoxMjAwMDAwMDAwMDAwLCJkZWxldGUiOjEyMDAwMDAwMDAwMDAsInVwZGF0ZSI6MTIwMDAwMDAwMDAwMH19",
          "dependencies": [
            "module.object-storage.oci_objectstorage_bucket.ewp_image_storage"
          ]
        },
        {
          "index_key": 33,
          "schema_version": 0,
          "attributes": {
            "bucket": "ewp_image_store",
            "cache_control": null,
            "content": null,
            "content_disposition": null,
            "content_encoding": null,
            "content_language": null,
            "content_length": "980771",
            "content_md5": "ETfOWcpwSp7G8LJsMuUpSQ==",
            "content_type": "image/jpeg",
            "delete_all_object_versions": false,
            "id": "n/lr4poue3hwjl/b/ewp_image_store/o/weddings%2FAdrian%20and%20Monica%2F4.jpg",
            "metadata": {},
            "namespace": "lr4poue3hwjl",
            "object": "weddings/Adrian and Monica/4.jpg",
            "opc_sse_kms_key_id": null,
            "source": "../assets/weddings/Adrian and Monica/4.jpg 2016-03-09 09:22:58 +0000 GMT",
            "source_uri_details": [],
            "state": "COMPLETED",
            "storage_tier": "Standard",
            "timeouts": null,
            "version_id": "c8a67c41-4c98-4dbc-af8c-fd22e74587e3",
            "work_request_id": ""
          },
          "sensitive_attributes": [],
          "private": "eyJlMmJmYjczMC1lY2FhLTExZTYtOGY4OC0zNDM2M2JjN2M0YzAiOnsiY3JlYXRlIjoxMjAwMDAwMDAwMDAwLCJkZWxldGUiOjEyMDAwMDAwMDAwMDAsInVwZGF0ZSI6MTIwMDAwMDAwMDAwMH19",
          "dependencies": [
            "module.object-storage.oci_objectstorage_bucket.ewp_image_storage"
          ]
        },
        {
          "index_key": 34,
          "schema_version": 0,
          "attributes": {
            "bucket": "ewp_image_store",
            "cache_control": null,
            "content": null,
            "content_disposition": null,
            "content_encoding": null,
            "content_language": null,
            "content_length": "688752",
            "content_md5": "XifyGCRt3aRMjsZWINJjzQ==",
            "content_type": "image/jpeg",
            "delete_all_object_versions": false,
            "id": "n/lr4poue3hwjl/b/ewp_image_store/o/weddings%2FAdrian%20and%20Monica%2F40.jpg",
            "metadata": {},
            "namespace": "lr4poue3hwjl",
            "object": "weddings/Adrian and Monica/40.jpg",
            "opc_sse_kms_key_id": null,
            "source": "../assets/weddings/Adrian and Monica/40.jpg 2016-03-09 09:25:53 +0000 GMT",
            "source_uri_details": [],
            "state": "COMPLETED",
            "storage_tier": "Standard",
            "timeouts": null,
            "version_id": "5a314b3c-4102-47ae-b185-a4730254ef02",
            "work_request_id": ""
          },
          "sensitive_attributes": [],
          "private": "eyJlMmJmYjczMC1lY2FhLTExZTYtOGY4OC0zNDM2M2JjN2M0YzAiOnsiY3JlYXRlIjoxMjAwMDAwMDAwMDAwLCJkZWxldGUiOjEyMDAwMDAwMDAwMDAsInVwZGF0ZSI6MTIwMDAwMDAwMDAwMH19",
          "dependencies": [
            "module.object-storage.oci_objectstorage_bucket.ewp_image_storage"
          ]
        },
        {
          "index_key": 35,
          "schema_version": 0,
          "attributes": {
            "bucket": "ewp_image_store",
            "cache_control": null,
            "content": null,
            "content_disposition": null,
            "content_encoding": null,
            "content_language": null,
            "content_length": "1453938",
            "content_md5": "uL/Zondz/98B/9vJa4FdVg==",
            "content_type": "image/jpeg",
            "delete_all_object_versions": false,
            "id": "n/lr4poue3hwjl/b/ewp_image_store/o/weddings%2FAdrian%20and%20Monica%2F41.jpg",
            "metadata": {},
            "namespace": "lr4poue3hwjl",
            "object": "weddings/Adrian and Monica/41.jpg",
            "opc_sse_kms_key_id": null,
            "source": "../assets/weddings/Adrian and Monica/41.jpg 2016-03-09 09:25:59 +0000 GMT",
            "source_uri_details": [],
            "state": "COMPLETED",
            "storage_tier": "Standard",
            "timeouts": null,
            "version_id": "f0c31d5f-6e64-4a06-9ef0-553c09e4c200",
            "work_request_id": ""
          },
          "sensitive_attributes": [],
          "private": "eyJlMmJmYjczMC1lY2FhLTExZTYtOGY4OC0zNDM2M2JjN2M0YzAiOnsiY3JlYXRlIjoxMjAwMDAwMDAwMDAwLCJkZWxldGUiOjEyMDAwMDAwMDAwMDAsInVwZGF0ZSI6MTIwMDAwMDAwMDAwMH19",
          "dependencies": [
            "module.object-storage.oci_objectstorage_bucket.ewp_image_storage"
          ]
        },
        {
          "index_key": 36,
          "schema_version": 0,
          "attributes": {
            "bucket": "ewp_image_store",
            "cache_control": null,
            "content": null,
            "content_disposition": null,
            "content_encoding": null,
            "content_language": null,
            "content_length": "837783",
            "content_md5": "wI3J4UHLrB1c6A2YbMb/NQ==",
            "content_type": "image/jpeg",
            "delete_all_object_versions": false,
            "id": "n/lr4poue3hwjl/b/ewp_image_store/o/weddings%2FAdrian%20and%20Monica%2F42.jpg",
            "metadata": {},
            "namespace": "lr4poue3hwjl",
            "object": "weddings/Adrian and Monica/42.jpg",
            "opc_sse_kms_key_id": null,
            "source": "../assets/weddings/Adrian and Monica/42.jpg 2016-03-09 09:28:10 +0000 GMT",
            "source_uri_details": [],
            "state": "COMPLETED",
            "storage_tier": "Standard",
            "timeouts": null,
            "version_id": "27e188fa-037d-4f22-bbee-1b60fa6f9ee5",
            "work_request_id": ""
          },
          "sensitive_attributes": [],
          "private": "eyJlMmJmYjczMC1lY2FhLTExZTYtOGY4OC0zNDM2M2JjN2M0YzAiOnsiY3JlYXRlIjoxMjAwMDAwMDAwMDAwLCJkZWxldGUiOjEyMDAwMDAwMDAwMDAsInVwZGF0ZSI6MTIwMDAwMDAwMDAwMH19",
          "dependencies": [
            "module.object-storage.oci_objectstorage_bucket.ewp_image_storage"
          ]
        },
        {
          "index_key": 37,
          "schema_version": 0,
          "attributes": {
            "bucket": "ewp_image_store",
            "cache_control": null,
            "content": null,
            "content_disposition": null,
            "content_encoding": null,
            "content_language": null,
            "content_length": "899974",
            "content_md5": "ZG/3dcBDgdr5b2fWzCfv/g==",
            "content_type": "image/jpeg",
            "delete_all_object_versions": false,
            "id": "n/lr4poue3hwjl/b/ewp_image_store/o/weddings%2FAdrian%20and%20Monica%2F43.jpg",
            "metadata": {},
            "namespace": "lr4poue3hwjl",
            "object": "weddings/Adrian and Monica/43.jpg",
            "opc_sse_kms_key_id": null,
            "source": "../assets/weddings/Adrian and Monica/43.jpg 2016-03-09 09:26:05 +0000 GMT",
            "source_uri_details": [],
            "state": "COMPLETED",
            "storage_tier": "Standard",
            "timeouts": null,
            "version_id": "25f8dfe1-d67c-4f81-abc7-769db927ae87",
            "work_request_id": ""
          },
          "sensitive_attributes": [],
          "private": "eyJlMmJmYjczMC1lY2FhLTExZTYtOGY4OC0zNDM2M2JjN2M0YzAiOnsiY3JlYXRlIjoxMjAwMDAwMDAwMDAwLCJkZWxldGUiOjEyMDAwMDAwMDAwMDAsInVwZGF0ZSI6MTIwMDAwMDAwMDAwMH19",
          "dependencies": [
            "module.object-storage.oci_objectstorage_bucket.ewp_image_storage"
          ]
        },
        {
          "index_key": 38,
          "schema_version": 0,
          "attributes": {
            "bucket": "ewp_image_store",
            "cache_control": null,
            "content": null,
            "content_disposition": null,
            "content_encoding": null,
            "content_language": null,
            "content_length": "563767",
            "content_md5": "lgL5MO7yE4j2pHXZ75Oatg==",
            "content_type": "image/jpeg",
            "delete_all_object_versions": false,
            "id": "n/lr4poue3hwjl/b/ewp_image_store/o/weddings%2FAdrian%20and%20Monica%2F44.jpg",
            "metadata": {},
            "namespace": "lr4poue3hwjl",
            "object": "weddings/Adrian and Monica/44.jpg",
            "opc_sse_kms_key_id": null,
            "source": "../assets/weddings/Adrian and Monica/44.jpg 2016-03-09 09:28:16 +0000 GMT",
            "source_uri_details": [],
            "state": "COMPLETED",
            "storage_tier": "Standard",
            "timeouts": null,
            "version_id": "7dc6a5de-22ae-4218-8cb1-5f480887624c",
            "work_request_id": ""
          },
          "sensitive_attributes": [],
          "private": "eyJlMmJmYjczMC1lY2FhLTExZTYtOGY4OC0zNDM2M2JjN2M0YzAiOnsiY3JlYXRlIjoxMjAwMDAwMDAwMDAwLCJkZWxldGUiOjEyMDAwMDAwMDAwMDAsInVwZGF0ZSI6MTIwMDAwMDAwMDAwMH19",
          "dependencies": [
            "module.object-storage.oci_objectstorage_bucket.ewp_image_storage"
          ]
        },
        {
          "index_key": 39,
          "schema_version": 0,
          "attributes": {
            "bucket": "ewp_image_store",
            "cache_control": null,
            "content": null,
            "content_disposition": null,
            "content_encoding": null,
            "content_language": null,
            "content_length": "1247517",
            "content_md5": "iPexXcWEfmuL9KSf6pVJ0w==",
            "content_type": "image/jpeg",
            "delete_all_object_versions": false,
            "id": "n/lr4poue3hwjl/b/ewp_image_store/o/weddings%2FAdrian%20and%20Monica%2F45.jpg",
            "metadata": {},
            "namespace": "lr4poue3hwjl",
            "object": "weddings/Adrian and Monica/45.jpg",
            "opc_sse_kms_key_id": null,
            "source": "../assets/weddings/Adrian and Monica/45.jpg 2016-03-09 09:26:11 +0000 GMT",
            "source_uri_details": [],
            "state": "COMPLETED",
            "storage_tier": "Standard",
            "timeouts": null,
            "version_id": "fe5883fb-3b2d-4cff-99f5-99144b05b488",
            "work_request_id": ""
          },
          "sensitive_attributes": [],
          "private": "eyJlMmJmYjczMC1lY2FhLTExZTYtOGY4OC0zNDM2M2JjN2M0YzAiOnsiY3JlYXRlIjoxMjAwMDAwMDAwMDAwLCJkZWxldGUiOjEyMDAwMDAwMDAwMDAsInVwZGF0ZSI6MTIwMDAwMDAwMDAwMH19",
          "dependencies": [
            "module.object-storage.oci_objectstorage_bucket.ewp_image_storage"
          ]
        },
        {
          "index_key": 40,
          "schema_version": 0,
          "attributes": {
            "bucket": "ewp_image_store",
            "cache_control": null,
            "content": null,
            "content_disposition": null,
            "content_encoding": null,
            "content_language": null,
            "content_length": "481926",
            "content_md5": "5iDFI+r7oVqW9YY8iilCMg==",
            "content_type": "image/jpeg",
            "delete_all_object_versions": false,
            "id": "n/lr4poue3hwjl/b/ewp_image_store/o/weddings%2FAdrian%20and%20Monica%2F46.jpg",
            "metadata": {},
            "namespace": "lr4poue3hwjl",
            "object": "weddings/Adrian and Monica/46.jpg",
            "opc_sse_kms_key_id": null,
            "source": "../assets/weddings/Adrian and Monica/46.jpg 2016-03-09 09:26:16 +0000 GMT",
            "source_uri_details": [],
            "state": "COMPLETED",
            "storage_tier": "Standard",
            "timeouts": null,
            "version_id": "b58dc110-d416-497b-bd6b-3ce33bcfe122",
            "work_request_id": ""
          },
          "sensitive_attributes": [],
          "private": "eyJlMmJmYjczMC1lY2FhLTExZTYtOGY4OC0zNDM2M2JjN2M0YzAiOnsiY3JlYXRlIjoxMjAwMDAwMDAwMDAwLCJkZWxldGUiOjEyMDAwMDAwMDAwMDAsInVwZGF0ZSI6MTIwMDAwMDAwMDAwMH19",
          "dependencies": [
            "module.object-storage.oci_objectstorage_bucket.ewp_image_storage"
          ]
        },
        {
          "index_key": 41,
          "schema_version": 0,
          "attributes": {
            "bucket": "ewp_image_store",
            "cache_control": null,
            "content": null,
            "content_disposition": null,
            "content_encoding": null,
            "content_language": null,
            "content_length": "987806",
            "content_md5": "/KPu1TxyGp9V3cFy49Toqg==",
            "content_type": "image/jpeg",
            "delete_all_object_versions": false,
            "id": "n/lr4poue3hwjl/b/ewp_image_store/o/weddings%2FAdrian%20and%20Monica%2F47.jpg",
            "metadata": {},
            "namespace": "lr4poue3hwjl",
            "object": "weddings/Adrian and Monica/47.jpg",
            "opc_sse_kms_key_id": null,
            "source": "../assets/weddings/Adrian and Monica/47.jpg 2016-03-09 09:26:21 +0000 GMT",
            "source_uri_details": [],
            "state": "COMPLETED",
            "storage_tier": "Standard",
            "timeouts": null,
            "version_id": "3363df18-c941-4473-a39e-3d2162415094",
            "work_request_id": ""
          },
          "sensitive_attributes": [],
          "private": "eyJlMmJmYjczMC1lY2FhLTExZTYtOGY4OC0zNDM2M2JjN2M0YzAiOnsiY3JlYXRlIjoxMjAwMDAwMDAwMDAwLCJkZWxldGUiOjEyMDAwMDAwMDAwMDAsInVwZGF0ZSI6MTIwMDAwMDAwMDAwMH19",
          "dependencies": [
            "module.object-storage.oci_objectstorage_bucket.ewp_image_storage"
          ]
        },
        {
          "index_key": 42,
          "schema_version": 0,
          "attributes": {
            "bucket": "ewp_image_store",
            "cache_control": null,
            "content": null,
            "content_disposition": null,
            "content_encoding": null,
            "content_language": null,
            "content_length": "2138153",
            "content_md5": "uJtqI8lyeBx4ETM9AZUprA==",
            "content_type": "image/jpeg",
            "delete_all_object_versions": false,
            "id": "n/lr4poue3hwjl/b/ewp_image_store/o/weddings%2FAdrian%20and%20Monica%2F48.jpg",
            "metadata": {},
            "namespace": "lr4poue3hwjl",
            "object": "weddings/Adrian and Monica/48.jpg",
            "opc_sse_kms_key_id": null,
            "source": "../assets/weddings/Adrian and Monica/48.jpg 2016-03-09 09:26:27 +0000 GMT",
            "source_uri_details": [],
            "state": "COMPLETED",
            "storage_tier": "Standard",
            "timeouts": null,
            "version_id": "862cd696-3096-4926-826f-c0cc43ca84eb",
            "work_request_id": ""
          },
          "sensitive_attributes": [],
          "private": "eyJlMmJmYjczMC1lY2FhLTExZTYtOGY4OC0zNDM2M2JjN2M0YzAiOnsiY3JlYXRlIjoxMjAwMDAwMDAwMDAwLCJkZWxldGUiOjEyMDAwMDAwMDAwMDAsInVwZGF0ZSI6MTIwMDAwMDAwMDAwMH19",
          "dependencies": [
            "module.object-storage.oci_objectstorage_bucket.ewp_image_storage"
          ]
        },
        {
          "index_key": 43,
          "schema_version": 0,
          "attributes": {
            "bucket": "ewp_image_store",
            "cache_control": null,
            "content": null,
            "content_disposition": null,
            "content_encoding": null,
            "content_language": null,
            "content_length": "1977754",
            "content_md5": "ZDdDk+x5rtLhEIqwcXJf9g==",
            "content_type": "image/jpeg",
            "delete_all_object_versions": false,
            "id": "n/lr4poue3hwjl/b/ewp_image_store/o/weddings%2FAdrian%20and%20Monica%2F49.jpg",
            "metadata": {},
            "namespace": "lr4poue3hwjl",
            "object": "weddings/Adrian and Monica/49.jpg",
            "opc_sse_kms_key_id": null,
            "source": "../assets/weddings/Adrian and Monica/49.jpg 2016-03-09 09:28:26 +0000 GMT",
            "source_uri_details": [],
            "state": "COMPLETED",
            "storage_tier": "Standard",
            "timeouts": null,
            "version_id": "7a92919e-8122-4160-b0bd-6aa0418a0840",
            "work_request_id": ""
          },
          "sensitive_attributes": [],
          "private": "eyJlMmJmYjczMC1lY2FhLTExZTYtOGY4OC0zNDM2M2JjN2M0YzAiOnsiY3JlYXRlIjoxMjAwMDAwMDAwMDAwLCJkZWxldGUiOjEyMDAwMDAwMDAwMDAsInVwZGF0ZSI6MTIwMDAwMDAwMDAwMH19",
          "dependencies": [
            "module.object-storage.oci_objectstorage_bucket.ewp_image_storage"
          ]
        },
        {
          "index_key": 44,
          "schema_version": 0,
          "attributes": {
            "bucket": "ewp_image_store",
            "cache_control": null,
            "content": null,
            "content_disposition": null,
            "content_encoding": null,
            "content_language": null,
            "content_length": "1377041",
            "content_md5": "J1n5uJhtFan7n8k9STv5CQ==",
            "content_type": "image/jpeg",
            "delete_all_object_versions": false,
            "id": "n/lr4poue3hwjl/b/ewp_image_store/o/weddings%2FAdrian%20and%20Monica%2F5.jpg",
            "metadata": {},
            "namespace": "lr4poue3hwjl",
            "object": "weddings/Adrian and Monica/5.jpg",
            "opc_sse_kms_key_id": null,
            "source": "../assets/weddings/Adrian and Monica/5.jpg 2016-03-09 09:23:05 +0000 GMT",
            "source_uri_details": [],
            "state": "COMPLETED",
            "storage_tier": "Standard",
            "timeouts": null,
            "version_id": "d7ca823e-eaf0-45a6-bff7-43cd6ffad718",
            "work_request_id": ""
          },
          "sensitive_attributes": [],
          "private": "eyJlMmJmYjczMC1lY2FhLTExZTYtOGY4OC0zNDM2M2JjN2M0YzAiOnsiY3JlYXRlIjoxMjAwMDAwMDAwMDAwLCJkZWxldGUiOjEyMDAwMDAwMDAwMDAsInVwZGF0ZSI6MTIwMDAwMDAwMDAwMH19",
          "dependencies": [
            "module.object-storage.oci_objectstorage_bucket.ewp_image_storage"
          ]
        },
        {
          "index_key": 45,
          "schema_version": 0,
          "attributes": {
            "bucket": "ewp_image_store",
            "cache_control": null,
            "content": null,
            "content_disposition": null,
            "content_encoding": null,
            "content_language": null,
            "content_length": "1353392",
            "content_md5": "waTbruPsd2EBqfPuWAAHSg==",
            "content_type": "image/jpeg",
            "delete_all_object_versions": false,
            "id": "n/lr4poue3hwjl/b/ewp_image_store/o/weddings%2FAdrian%20and%20Monica%2F50.jpg",
            "metadata": {},
            "namespace": "lr4poue3hwjl",
            "object": "weddings/Adrian and Monica/50.jpg",
            "opc_sse_kms_key_id": null,
            "source": "../assets/weddings/Adrian and Monica/50.jpg 2016-03-09 09:26:43 +0000 GMT",
            "source_uri_details": [],
            "state": "COMPLETED",
            "storage_tier": "Standard",
            "timeouts": null,
            "version_id": "68c0a5dd-2e86-44ef-bf52-432b480e47f9",
            "work_request_id": ""
          },
          "sensitive_attributes": [],
          "private": "eyJlMmJmYjczMC1lY2FhLTExZTYtOGY4OC0zNDM2M2JjN2M0YzAiOnsiY3JlYXRlIjoxMjAwMDAwMDAwMDAwLCJkZWxldGUiOjEyMDAwMDAwMDAwMDAsInVwZGF0ZSI6MTIwMDAwMDAwMDAwMH19",
          "dependencies": [
            "module.object-storage.oci_objectstorage_bucket.ewp_image_storage"
          ]
        },
        {
          "index_key": 46,
          "schema_version": 0,
          "attributes": {
            "bucket": "ewp_image_store",
            "cache_control": null,
            "content": null,
            "content_disposition": null,
            "content_encoding": null,
            "content_language": null,
            "content_length": "1045767",
            "content_md5": "traPaAhvYptC4Drf3XyW6w==",
            "content_type": "image/jpeg",
            "delete_all_object_versions": false,
            "id": "n/lr4poue3hwjl/b/ewp_image_store/o/weddings%2FAdrian%20and%20Monica%2F51.jpg",
            "metadata": {},
            "namespace": "lr4poue3hwjl",
            "object": "weddings/Adrian and Monica/51.jpg",
            "opc_sse_kms_key_id": null,
            "source": "../assets/weddings/Adrian and Monica/51.jpg 2016-03-09 09:26:49 +0000 GMT",
            "source_uri_details": [],
            "state": "COMPLETED",
            "storage_tier": "Standard",
            "timeouts": null,
            "version_id": "8075fa33-a6c9-42e8-8d2d-ee0c21732380",
            "work_request_id": ""
          },
          "sensitive_attributes": [],
          "private": "eyJlMmJmYjczMC1lY2FhLTExZTYtOGY4OC0zNDM2M2JjN2M0YzAiOnsiY3JlYXRlIjoxMjAwMDAwMDAwMDAwLCJkZWxldGUiOjEyMDAwMDAwMDAwMDAsInVwZGF0ZSI6MTIwMDAwMDAwMDAwMH19",
          "dependencies": [
            "module.object-storage.oci_objectstorage_bucket.ewp_image_storage"
          ]
        },
        {
          "index_key": 47,
          "schema_version": 0,
          "attributes": {
            "bucket": "ewp_image_store",
            "cache_control": null,
            "content": null,
            "content_disposition": null,
            "content_encoding": null,
            "content_language": null,
            "content_length": "682534",
            "content_md5": "PtJzykcv25dqBNiK0TU53w==",
            "content_type": "image/jpeg",
            "delete_all_object_versions": false,
            "id": "n/lr4poue3hwjl/b/ewp_image_store/o/weddings%2FAdrian%20and%20Monica%2F52.jpg",
            "metadata": {},
            "namespace": "lr4poue3hwjl",
            "object": "weddings/Adrian and Monica/52.jpg",
            "opc_sse_kms_key_id": null,
            "source": "../assets/weddings/Adrian and Monica/52.jpg 2016-03-09 09:27:00 +0000 GMT",
            "source_uri_details": [],
            "state": "COMPLETED",
            "storage_tier": "Standard",
            "timeouts": null,
            "version_id": "1bef3d5e-9c98-46ce-877f-141fb843e697",
            "work_request_id": ""
          },
          "sensitive_attributes": [],
          "private": "eyJlMmJmYjczMC1lY2FhLTExZTYtOGY4OC0zNDM2M2JjN2M0YzAiOnsiY3JlYXRlIjoxMjAwMDAwMDAwMDAwLCJkZWxldGUiOjEyMDAwMDAwMDAwMDAsInVwZGF0ZSI6MTIwMDAwMDAwMDAwMH19",
          "dependencies": [
            "module.object-storage.oci_objectstorage_bucket.ewp_image_storage"
          ]
        },
        {
          "index_key": 48,
          "schema_version": 0,
          "attributes": {
            "bucket": "ewp_image_store",
            "cache_control": null,
            "content": null,
            "content_disposition": null,
            "content_encoding": null,
            "content_language": null,
            "content_length": "768538",
            "content_md5": "uuglprSf/egUkEVJBCeUZQ==",
            "content_type": "image/jpeg",
            "delete_all_object_versions": false,
            "id": "n/lr4poue3hwjl/b/ewp_image_store/o/weddings%2FAdrian%20and%20Monica%2F53.jpg",
            "metadata": {},
            "namespace": "lr4poue3hwjl",
            "object": "weddings/Adrian and Monica/53.jpg",
            "opc_sse_kms_key_id": null,
            "source": "../assets/weddings/Adrian and Monica/53.jpg 2016-03-09 09:28:48 +0000 GMT",
            "source_uri_details": [],
            "state": "COMPLETED",
            "storage_tier": "Standard",
            "timeouts": null,
            "version_id": "764f9b4e-4332-410d-90dd-c13eca0844e9",
            "work_request_id": ""
          },
          "sensitive_attributes": [],
          "private": "eyJlMmJmYjczMC1lY2FhLTExZTYtOGY4OC0zNDM2M2JjN2M0YzAiOnsiY3JlYXRlIjoxMjAwMDAwMDAwMDAwLCJkZWxldGUiOjEyMDAwMDAwMDAwMDAsInVwZGF0ZSI6MTIwMDAwMDAwMDAwMH19",
          "dependencies": [
            "module.object-storage.oci_objectstorage_bucket.ewp_image_storage"
          ]
        },
        {
          "index_key": 49,
          "schema_version": 0,
          "attributes": {
            "bucket": "ewp_image_store",
            "cache_control": null,
            "content": null,
            "content_disposition": null,
            "content_encoding": null,
            "content_language": null,
            "content_length": "667305",
            "content_md5": "csLqqJp8ouDhXxeLfWqRpw==",
            "content_type": "image/jpeg",
            "delete_all_object_versions": false,
            "id": "n/lr4poue3hwjl/b/ewp_image_store/o/weddings%2FAdrian%20and%20Monica%2F54.jpg",
            "metadata": {},
            "namespace": "lr4poue3hwjl",
            "object": "weddings/Adrian and Monica/54.jpg",
            "opc_sse_kms_key_id": null,
            "source": "../assets/weddings/Adrian and Monica/54.jpg 2016-03-09 09:28:41 +0000 GMT",
            "source_uri_details": [],
            "state": "COMPLETED",
            "storage_tier": "Standard",
            "timeouts": null,
            "version_id": "832d58dd-9227-4656-b904-7d0b22648bad",
            "work_request_id": ""
          },
          "sensitive_attributes": [],
          "private": "eyJlMmJmYjczMC1lY2FhLTExZTYtOGY4OC0zNDM2M2JjN2M0YzAiOnsiY3JlYXRlIjoxMjAwMDAwMDAwMDAwLCJkZWxldGUiOjEyMDAwMDAwMDAwMDAsInVwZGF0ZSI6MTIwMDAwMDAwMDAwMH19",
          "dependencies": [
            "module.object-storage.oci_objectstorage_bucket.ewp_image_storage"
          ]
        },
        {
          "index_key": 50,
          "schema_version": 0,
          "attributes": {
            "bucket": "ewp_image_store",
            "cache_control": null,
            "content": null,
            "content_disposition": null,
            "content_encoding": null,
            "content_language": null,
            "content_length": "747482",
            "content_md5": "ZmS87fUTIS1CpolUNHkF6w==",
            "content_type": "image/jpeg",
            "delete_all_object_versions": false,
            "id": "n/lr4poue3hwjl/b/ewp_image_store/o/weddings%2FAdrian%20and%20Monica%2F55.jpg",
            "metadata": {},
            "namespace": "lr4poue3hwjl",
            "object": "weddings/Adrian and Monica/55.jpg",
            "opc_sse_kms_key_id": null,
            "source": "../assets/weddings/Adrian and Monica/55.jpg 2016-03-09 09:29:35 +0000 GMT",
            "source_uri_details": [],
            "state": "COMPLETED",
            "storage_tier": "Standard",
            "timeouts": null,
            "version_id": "57a24159-71cf-4980-973c-a55bf74d72c8",
            "work_request_id": ""
          },
          "sensitive_attributes": [],
          "private": "eyJlMmJmYjczMC1lY2FhLTExZTYtOGY4OC0zNDM2M2JjN2M0YzAiOnsiY3JlYXRlIjoxMjAwMDAwMDAwMDAwLCJkZWxldGUiOjEyMDAwMDAwMDAwMDAsInVwZGF0ZSI6MTIwMDAwMDAwMDAwMH19",
          "dependencies": [
            "module.object-storage.oci_objectstorage_bucket.ewp_image_storage"
          ]
        },
        {
          "index_key": 51,
          "schema_version": 0,
          "attributes": {
            "bucket": "ewp_image_store",
            "cache_control": null,
            "content": null,
            "content_disposition": null,
            "content_encoding": null,
            "content_language": null,
            "content_length": "474276",
            "content_md5": "MXMq4lWYJt0jD+0QRd8sIQ==",
            "content_type": "image/jpeg",
            "delete_all_object_versions": false,
            "id": "n/lr4poue3hwjl/b/ewp_image_store/o/weddings%2FAdrian%20and%20Monica%2F56.jpg",
            "metadata": {},
            "namespace": "lr4poue3hwjl",
            "object": "weddings/Adrian and Monica/56.jpg",
            "opc_sse_kms_key_id": null,
            "source": "../assets/weddings/Adrian and Monica/56.jpg 2016-03-09 09:26:55 +0000 GMT",
            "source_uri_details": [],
            "state": "COMPLETED",
            "storage_tier": "Standard",
            "timeouts": null,
            "version_id": "f1d43265-f889-49cb-a78d-83e9f41c831b",
            "work_request_id": ""
          },
          "sensitive_attributes": [],
          "private": "eyJlMmJmYjczMC1lY2FhLTExZTYtOGY4OC0zNDM2M2JjN2M0YzAiOnsiY3JlYXRlIjoxMjAwMDAwMDAwMDAwLCJkZWxldGUiOjEyMDAwMDAwMDAwMDAsInVwZGF0ZSI6MTIwMDAwMDAwMDAwMH19",
          "dependencies": [
            "module.object-storage.oci_objectstorage_bucket.ewp_image_storage"
          ]
        },
        {
          "index_key": 52,
          "schema_version": 0,
          "attributes": {
            "bucket": "ewp_image_store",
            "cache_control": null,
            "content": null,
            "content_disposition": null,
            "content_encoding": null,
            "content_language": null,
            "content_length": "1028335",
            "content_md5": "WnQvcVIJUhqkmsKpYOgm+w==",
            "content_type": "image/jpeg",
            "delete_all_object_versions": false,
            "id": "n/lr4poue3hwjl/b/ewp_image_store/o/weddings%2FAdrian%20and%20Monica%2F57.jpg",
            "metadata": {},
            "namespace": "lr4poue3hwjl",
            "object": "weddings/Adrian and Monica/57.jpg",
            "opc_sse_kms_key_id": null,
            "source": "../assets/weddings/Adrian and Monica/57.jpg 2016-03-09 09:28:54 +0000 GMT",
            "source_uri_details": [],
            "state": "COMPLETED",
            "storage_tier": "Standard",
            "timeouts": null,
            "version_id": "70ee33ce-daab-48fb-994d-7d5abb533d6e",
            "work_request_id": ""
          },
          "sensitive_attributes": [],
          "private": "eyJlMmJmYjczMC1lY2FhLTExZTYtOGY4OC0zNDM2M2JjN2M0YzAiOnsiY3JlYXRlIjoxMjAwMDAwMDAwMDAwLCJkZWxldGUiOjEyMDAwMDAwMDAwMDAsInVwZGF0ZSI6MTIwMDAwMDAwMDAwMH19",
          "dependencies": [
            "module.object-storage.oci_objectstorage_bucket.ewp_image_storage"
          ]
        },
        {
          "index_key": 53,
          "schema_version": 0,
          "attributes": {
            "bucket": "ewp_image_store",
            "cache_control": null,
            "content": null,
            "content_disposition": null,
            "content_encoding": null,
            "content_language": null,
            "content_length": "328406",
            "content_md5": "WLdCIPPN3eZdqZR+Sopffg==",
            "content_type": "image/jpeg",
            "delete_all_object_versions": false,
            "id": "n/lr4poue3hwjl/b/ewp_image_store/o/weddings%2FAdrian%20and%20Monica%2F58.jpg",
            "metadata": {},
            "namespace": "lr4poue3hwjl",
            "object": "weddings/Adrian and Monica/58.jpg",
            "opc_sse_kms_key_id": null,
            "source": "../assets/weddings/Adrian and Monica/58.jpg 2016-03-09 09:29:00 +0000 GMT",
            "source_uri_details": [],
            "state": "COMPLETED",
            "storage_tier": "Standard",
            "timeouts": null,
            "version_id": "b3ca5674-50ad-4ace-93d4-7d8258df4fe7",
            "work_request_id": ""
          },
          "sensitive_attributes": [],
          "private": "eyJlMmJmYjczMC1lY2FhLTExZTYtOGY4OC0zNDM2M2JjN2M0YzAiOnsiY3JlYXRlIjoxMjAwMDAwMDAwMDAwLCJkZWxldGUiOjEyMDAwMDAwMDAwMDAsInVwZGF0ZSI6MTIwMDAwMDAwMDAwMH19",
          "dependencies": [
            "module.object-storage.oci_objectstorage_bucket.ewp_image_storage"
          ]
        },
        {
          "index_key": 54,
          "schema_version": 0,
          "attributes": {
            "bucket": "ewp_image_store",
            "cache_control": null,
            "content": null,
            "content_disposition": null,
            "content_encoding": null,
            "content_language": null,
            "content_length": "831605",
            "content_md5": "QIppFNm4dri0dxggJGlQ+A==",
            "content_type": "image/jpeg",
            "delete_all_object_versions": false,
            "id": "n/lr4poue3hwjl/b/ewp_image_store/o/weddings%2FAdrian%20and%20Monica%2F59.jpg",
            "metadata": {},
            "namespace": "lr4poue3hwjl",
            "object": "weddings/Adrian and Monica/59.jpg",
            "opc_sse_kms_key_id": null,
            "source": "../assets/weddings/Adrian and Monica/59.jpg 2016-03-09 09:27:07 +0000 GMT",
            "source_uri_details": [],
            "state": "COMPLETED",
            "storage_tier": "Standard",
            "timeouts": null,
            "version_id": "24ff285e-b401-4ca0-a75b-f1e7dc4d3d8c",
            "work_request_id": ""
          },
          "sensitive_attributes": [],
          "private": "eyJlMmJmYjczMC1lY2FhLTExZTYtOGY4OC0zNDM2M2JjN2M0YzAiOnsiY3JlYXRlIjoxMjAwMDAwMDAwMDAwLCJkZWxldGUiOjEyMDAwMDAwMDAwMDAsInVwZGF0ZSI6MTIwMDAwMDAwMDAwMH19",
          "dependencies": [
            "module.object-storage.oci_objectstorage_bucket.ewp_image_storage"
          ]
        },
        {
          "index_key": 55,
          "schema_version": 0,
          "attributes": {
            "bucket": "ewp_image_store",
            "cache_control": null,
            "content": null,
            "content_disposition": null,
            "content_encoding": null,
            "content_language": null,
            "content_length": "180566",
            "content_md5": "2iKiM4Y8tTwJHcUr618UDw==",
            "content_type": "image/jpeg",
            "delete_all_object_versions": false,
            "id": "n/lr4poue3hwjl/b/ewp_image_store/o/weddings%2FAdrian%20and%20Monica%2F6.jpg",
            "metadata": {},
            "namespace": "lr4poue3hwjl",
            "object": "weddings/Adrian and Monica/6.jpg",
            "opc_sse_kms_key_id": null,
            "source": "../assets/weddings/Adrian and Monica/6.jpg 2016-03-09 09:23:10 +0000 GMT",
            "source_uri_details": [],
            "state": "COMPLETED",
            "storage_tier": "Standard",
            "timeouts": null,
            "version_id": "d396c46c-2cd7-4771-b852-74edfd01099a",
            "work_request_id": ""
          },
          "sensitive_attributes": [],
          "private": "eyJlMmJmYjczMC1lY2FhLTExZTYtOGY4OC0zNDM2M2JjN2M0YzAiOnsiY3JlYXRlIjoxMjAwMDAwMDAwMDAwLCJkZWxldGUiOjEyMDAwMDAwMDAwMDAsInVwZGF0ZSI6MTIwMDAwMDAwMDAwMH19",
          "dependencies": [
            "module.object-storage.oci_objectstorage_bucket.ewp_image_storage"
          ]
        },
        {
          "index_key": 56,
          "schema_version": 0,
          "attributes": {
            "bucket": "ewp_image_store",
            "cache_control": null,
            "content": null,
            "content_disposition": null,
            "content_encoding": null,
            "content_language": null,
            "content_length": "581802",
            "content_md5": "1yfPqwg67aODFu4dMqDBYg==",
            "content_type": "image/jpeg",
            "delete_all_object_versions": false,
            "id": "n/lr4poue3hwjl/b/ewp_image_store/o/weddings%2FAdrian%20and%20Monica%2F60.jpg",
            "metadata": {},
            "namespace": "lr4poue3hwjl",
            "object": "weddings/Adrian and Monica/60.jpg",
            "opc_sse_kms_key_id": null,
            "source": "../assets/weddings/Adrian and Monica/60.jpg 2016-03-09 09:27:20 +0000 GMT",
            "source_uri_details": [],
            "state": "COMPLETED",
            "storage_tier": "Standard",
            "timeouts": null,
            "version_id": "af243d51-b1c1-4513-91d1-671039d0548d",
            "work_request_id": ""
          },
          "sensitive_attributes": [],
          "private": "eyJlMmJmYjczMC1lY2FhLTExZTYtOGY4OC0zNDM2M2JjN2M0YzAiOnsiY3JlYXRlIjoxMjAwMDAwMDAwMDAwLCJkZWxldGUiOjEyMDAwMDAwMDAwMDAsInVwZGF0ZSI6MTIwMDAwMDAwMDAwMH19",
          "dependencies": [
            "module.object-storage.oci_objectstorage_bucket.ewp_image_storage"
          ]
        },
        {
          "index_key": 57,
          "schema_version": 0,
          "attributes": {
            "bucket": "ewp_image_store",
            "cache_control": null,
            "content": null,
            "content_disposition": null,
            "content_encoding": null,
            "content_language": null,
            "content_length": "675535",
            "content_md5": "5wN+rxJItQJhEVZGZfRKiA==",
            "content_type": "image/jpeg",
            "delete_all_object_versions": false,
            "id": "n/lr4poue3hwjl/b/ewp_image_store/o/weddings%2FAdrian%20and%20Monica%2F61.jpg",
            "metadata": {},
            "namespace": "lr4poue3hwjl",
            "object": "weddings/Adrian and Monica/61.jpg",
            "opc_sse_kms_key_id": null,
            "source": "../assets/weddings/Adrian and Monica/61.jpg 2016-03-09 09:29:21 +0000 GMT",
            "source_uri_details": [],
            "state": "COMPLETED",
            "storage_tier": "Standard",
            "timeouts": null,
            "version_id": "60da2760-0ed6-4125-9d65-81baf1e772e9",
            "work_request_id": ""
          },
          "sensitive_attributes": [],
          "private": "eyJlMmJmYjczMC1lY2FhLTExZTYtOGY4OC0zNDM2M2JjN2M0YzAiOnsiY3JlYXRlIjoxMjAwMDAwMDAwMDAwLCJkZWxldGUiOjEyMDAwMDAwMDAwMDAsInVwZGF0ZSI6MTIwMDAwMDAwMDAwMH19",
          "dependencies": [
            "module.object-storage.oci_objectstorage_bucket.ewp_image_storage"
          ]
        },
        {
          "index_key": 58,
          "schema_version": 0,
          "attributes": {
            "bucket": "ewp_image_store",
            "cache_control": null,
            "content": null,
            "content_disposition": null,
            "content_encoding": null,
            "content_language": null,
            "content_length": "762171",
            "content_md5": "gyxPFDftvyWrDa3k9zWUvg==",
            "content_type": "image/jpeg",
            "delete_all_object_versions": false,
            "id": "n/lr4poue3hwjl/b/ewp_image_store/o/weddings%2FAdrian%20and%20Monica%2F62.jpg",
            "metadata": {},
            "namespace": "lr4poue3hwjl",
            "object": "weddings/Adrian and Monica/62.jpg",
            "opc_sse_kms_key_id": null,
            "source": "../assets/weddings/Adrian and Monica/62.jpg 2016-03-09 09:27:13 +0000 GMT",
            "source_uri_details": [],
            "state": "COMPLETED",
            "storage_tier": "Standard",
            "timeouts": null,
            "version_id": "a9511ef5-bcf4-4fcd-9904-cc136dc7db08",
            "work_request_id": ""
          },
          "sensitive_attributes": [],
          "private": "eyJlMmJmYjczMC1lY2FhLTExZTYtOGY4OC0zNDM2M2JjN2M0YzAiOnsiY3JlYXRlIjoxMjAwMDAwMDAwMDAwLCJkZWxldGUiOjEyMDAwMDAwMDAwMDAsInVwZGF0ZSI6MTIwMDAwMDAwMDAwMH19",
          "dependencies": [
            "module.object-storage.oci_objectstorage_bucket.ewp_image_storage"
          ]
        },
        {
          "index_key": 59,
          "schema_version": 0,
          "attributes": {
            "bucket": "ewp_image_store",
            "cache_control": null,
            "content": null,
            "content_disposition": null,
            "content_encoding": null,
            "content_language": null,
            "content_length": "667431",
            "content_md5": "L6uDFSWKmR5ykwi1xP6R6A==",
            "content_type": "image/jpeg",
            "delete_all_object_versions": false,
            "id": "n/lr4poue3hwjl/b/ewp_image_store/o/weddings%2FAdrian%20and%20Monica%2F63.jpg",
            "metadata": {},
            "namespace": "lr4poue3hwjl",
            "object": "weddings/Adrian and Monica/63.jpg",
            "opc_sse_kms_key_id": null,
            "source": "../assets/weddings/Adrian and Monica/63.jpg 2016-03-09 09:29:27 +0000 GMT",
            "source_uri_details": [],
            "state": "COMPLETED",
            "storage_tier": "Standard",
            "timeouts": null,
            "version_id": "92add96b-5934-4f28-9590-8f3c4340e341",
            "work_request_id": ""
          },
          "sensitive_attributes": [],
          "private": "eyJlMmJmYjczMC1lY2FhLTExZTYtOGY4OC0zNDM2M2JjN2M0YzAiOnsiY3JlYXRlIjoxMjAwMDAwMDAwMDAwLCJkZWxldGUiOjEyMDAwMDAwMDAwMDAsInVwZGF0ZSI6MTIwMDAwMDAwMDAwMH19",
          "dependencies": [
            "module.object-storage.oci_objectstorage_bucket.ewp_image_storage"
          ]
        },
        {
          "index_key": 60,
          "schema_version": 0,
          "attributes": {
            "bucket": "ewp_image_store",
            "cache_control": null,
            "content": null,
            "content_disposition": null,
            "content_encoding": null,
            "content_language": null,
            "content_length": "800668",
            "content_md5": "2Kz+ekF08/C/iIEBi+bd4w==",
            "content_type": "image/jpeg",
            "delete_all_object_versions": false,
            "id": "n/lr4poue3hwjl/b/ewp_image_store/o/weddings%2FAdrian%20and%20Monica%2F64.jpg",
            "metadata": {},
            "namespace": "lr4poue3hwjl",
            "object": "weddings/Adrian and Monica/64.jpg",
            "opc_sse_kms_key_id": null,
            "source": "../assets/weddings/Adrian and Monica/64.jpg 2016-03-09 09:27:27 +0000 GMT",
            "source_uri_details": [],
            "state": "COMPLETED",
            "storage_tier": "Standard",
            "timeouts": null,
            "version_id": "680fda5b-5266-4a88-b131-21c3d68f4c7d",
            "work_request_id": ""
          },
          "sensitive_attributes": [],
          "private": "eyJlMmJmYjczMC1lY2FhLTExZTYtOGY4OC0zNDM2M2JjN2M0YzAiOnsiY3JlYXRlIjoxMjAwMDAwMDAwMDAwLCJkZWxldGUiOjEyMDAwMDAwMDAwMDAsInVwZGF0ZSI6MTIwMDAwMDAwMDAwMH19",
          "dependencies": [
            "module.object-storage.oci_objectstorage_bucket.ewp_image_storage"
          ]
        },
        {
          "index_key": 61,
          "schema_version": 0,
          "attributes": {
            "bucket": "ewp_image_store",
            "cache_control": null,
            "content": null,
            "content_disposition": null,
            "content_encoding": null,
            "content_language": null,
            "content_length": "1010580",
            "content_md5": "dNdDxV5ez2l5jWVJ89ox3A==",
            "content_type": "image/jpeg",
            "delete_all_object_versions": false,
            "id": "n/lr4poue3hwjl/b/ewp_image_store/o/weddings%2FAdrian%20and%20Monica%2F65.jpg",
            "metadata": {},
            "namespace": "lr4poue3hwjl",
            "object": "weddings/Adrian and Monica/65.jpg",
            "opc_sse_kms_key_id": null,
            "source": "../assets/weddings/Adrian and Monica/65.jpg 2016-03-09 09:29:41 +0000 GMT",
            "source_uri_details": [],
            "state": "COMPLETED",
            "storage_tier": "Standard",
            "timeouts": null,
            "version_id": "93192854-ab43-44f6-9690-a46d7ff2606b",
            "work_request_id": ""
          },
          "sensitive_attributes": [],
          "private": "eyJlMmJmYjczMC1lY2FhLTExZTYtOGY4OC0zNDM2M2JjN2M0YzAiOnsiY3JlYXRlIjoxMjAwMDAwMDAwMDAwLCJkZWxldGUiOjEyMDAwMDAwMDAwMDAsInVwZGF0ZSI6MTIwMDAwMDAwMDAwMH19",
          "dependencies": [
            "module.object-storage.oci_objectstorage_bucket.ewp_image_storage"
          ]
        },
        {
          "index_key": 62,
          "schema_version": 0,
          "attributes": {
            "bucket": "ewp_image_store",
            "cache_control": null,
            "content": null,
            "content_disposition": null,
            "content_encoding": null,
            "content_language": null,
            "content_length": "973130",
            "content_md5": "I+07IPrVAKPibzqvAt5klQ==",
            "content_type": "image/jpeg",
            "delete_all_object_versions": false,
            "id": "n/lr4poue3hwjl/b/ewp_image_store/o/weddings%2FAdrian%20and%20Monica%2F66.jpg",
            "metadata": {},
            "namespace": "lr4poue3hwjl",
            "object": "weddings/Adrian and Monica/66.jpg",
            "opc_sse_kms_key_id": null,
            "source": "../assets/weddings/Adrian and Monica/66.jpg 2016-03-09 09:27:34 +0000 GMT",
            "source_uri_details": [],
            "state": "COMPLETED",
            "storage_tier": "Standard",
            "timeouts": null,
            "version_id": "37ef11f9-a9db-4055-9d90-5aa6e30ea5e1",
            "work_request_id": ""
          },
          "sensitive_attributes": [],
          "private": "eyJlMmJmYjczMC1lY2FhLTExZTYtOGY4OC0zNDM2M2JjN2M0YzAiOnsiY3JlYXRlIjoxMjAwMDAwMDAwMDAwLCJkZWxldGUiOjEyMDAwMDAwMDAwMDAsInVwZGF0ZSI6MTIwMDAwMDAwMDAwMH19",
          "dependencies": [
            "module.object-storage.oci_objectstorage_bucket.ewp_image_storage"
          ]
        },
        {
          "index_key": 63,
          "schema_version": 0,
          "attributes": {
            "bucket": "ewp_image_store",
            "cache_control": null,
            "content": null,
            "content_disposition": null,
            "content_encoding": null,
            "content_language": null,
            "content_length": "918071",
            "content_md5": "73PFk2EGWoyzLjMq/EhC+A==",
            "content_type": "image/jpeg",
            "delete_all_object_versions": false,
            "id": "n/lr4poue3hwjl/b/ewp_image_store/o/weddings%2FAdrian%20and%20Monica%2F67.jpg",
            "metadata": {},
            "namespace": "lr4poue3hwjl",
            "object": "weddings/Adrian and Monica/67.jpg",
            "opc_sse_kms_key_id": null,
            "source": "../assets/weddings/Adrian and Monica/67.jpg 2016-03-09 09:29:47 +0000 GMT",
            "source_uri_details": [],
            "state": "COMPLETED",
            "storage_tier": "Standard",
            "timeouts": null,
            "version_id": "abc2a60b-67d7-4385-89e4-cd089a8f3137",
            "work_request_id": ""
          },
          "sensitive_attributes": [],
          "private": "eyJlMmJmYjczMC1lY2FhLTExZTYtOGY4OC0zNDM2M2JjN2M0YzAiOnsiY3JlYXRlIjoxMjAwMDAwMDAwMDAwLCJkZWxldGUiOjEyMDAwMDAwMDAwMDAsInVwZGF0ZSI6MTIwMDAwMDAwMDAwMH19",
          "dependencies": [
            "module.object-storage.oci_objectstorage_bucket.ewp_image_storage"
          ]
        },
        {
          "index_key": 64,
          "schema_version": 0,
          "attributes": {
            "bucket": "ewp_image_store",
            "cache_control": null,
            "content": null,
            "content_disposition": null,
            "content_encoding": null,
            "content_language": null,
            "content_length": "262546",
            "content_md5": "CAcrPmLNTCb102HEmfKJXg==",
            "content_type": "image/jpeg",
            "delete_all_object_versions": false,
            "id": "n/lr4poue3hwjl/b/ewp_image_store/o/weddings%2FAdrian%20and%20Monica%2F7.jpg",
            "metadata": {},
            "namespace": "lr4poue3hwjl",
            "object": "weddings/Adrian and Monica/7.jpg",
            "opc_sse_kms_key_id": null,
            "source": "../assets/weddings/Adrian and Monica/7.jpg 2016-03-09 09:23:15 +0000 GMT",
            "source_uri_details": [],
            "state": "COMPLETED",
            "storage_tier": "Standard",
            "timeouts": null,
            "version_id": "5b5b7a18-2015-4645-b2b7-76653c9f8385",
            "work_request_id": ""
          },
          "sensitive_attributes": [],
          "private": "eyJlMmJmYjczMC1lY2FhLTExZTYtOGY4OC0zNDM2M2JjN2M0YzAiOnsiY3JlYXRlIjoxMjAwMDAwMDAwMDAwLCJkZWxldGUiOjEyMDAwMDAwMDAwMDAsInVwZGF0ZSI6MTIwMDAwMDAwMDAwMH19",
          "dependencies": [
            "module.object-storage.oci_objectstorage_bucket.ewp_image_storage"
          ]
        },
        {
          "index_key": 65,
          "schema_version": 0,
          "attributes": {
            "bucket": "ewp_image_store",
            "cache_control": null,
            "content": null,
            "content_disposition": null,
            "content_encoding": null,
            "content_language": null,
            "content_length": "158589",
            "content_md5": "UXatxSGCos76K7zadAXZYA==",
            "content_type": "image/jpeg",
            "delete_all_object_versions": false,
            "id": "n/lr4poue3hwjl/b/ewp_image_store/o/weddings%2FAdrian%20and%20Monica%2F8.jpg",
            "metadata": {},
            "namespace": "lr4poue3hwjl",
            "object": "weddings/Adrian and Monica/8.jpg",
            "opc_sse_kms_key_id": null,
            "source": "../assets/weddings/Adrian and Monica/8.jpg 2016-03-09 09:23:20 +0000 GMT",
            "source_uri_details": [],
            "state": "COMPLETED",
            "storage_tier": "Standard",
            "timeouts": null,
            "version_id": "7b7355b2-83dc-4897-b1bb-46780525fff6",
            "work_request_id": ""
          },
          "sensitive_attributes": [],
          "private": "eyJlMmJmYjczMC1lY2FhLTExZTYtOGY4OC0zNDM2M2JjN2M0YzAiOnsiY3JlYXRlIjoxMjAwMDAwMDAwMDAwLCJkZWxldGUiOjEyMDAwMDAwMDAwMDAsInVwZGF0ZSI6MTIwMDAwMDAwMDAwMH19",
          "dependencies": [
            "module.object-storage.oci_objectstorage_bucket.ewp_image_storage"
          ]
        },
        {
          "index_key": 66,
          "schema_version": 0,
          "attributes": {
            "bucket": "ewp_image_store",
            "cache_control": null,
            "content": null,
            "content_disposition": null,
            "content_encoding": null,
            "content_language": null,
            "content_length": "875033",
            "content_md5": "SpsjOtrmRreUcu440aXqCA==",
            "content_type": "image/jpeg",
            "delete_all_object_versions": false,
            "id": "n/lr4poue3hwjl/b/ewp_image_store/o/weddings%2FAdrian%20and%20Monica%2F9.jpg",
            "metadata": {},
            "namespace": "lr4poue3hwjl",
            "object": "weddings/Adrian and Monica/9.jpg",
            "opc_sse_kms_key_id": null,
            "source": "../assets/weddings/Adrian and Monica/9.jpg 2016-03-09 09:23:25 +0000 GMT",
            "source_uri_details": [],
            "state": "COMPLETED",
            "storage_tier": "Standard",
            "timeouts": null,
            "version_id": "3f394a44-4ae6-44a6-90de-6a43b4973dc4",
            "work_request_id": ""
          },
          "sensitive_attributes": [],
          "private": "eyJlMmJmYjczMC1lY2FhLTExZTYtOGY4OC0zNDM2M2JjN2M0YzAiOnsiY3JlYXRlIjoxMjAwMDAwMDAwMDAwLCJkZWxldGUiOjEyMDAwMDAwMDAwMDAsInVwZGF0ZSI6MTIwMDAwMDAwMDAwMH19",
          "dependencies": [
            "module.object-storage.oci_objectstorage_bucket.ewp_image_storage"
          ]
        },
        {
          "index_key": 67,
          "schema_version": 0,
          "attributes": {
            "bucket": "ewp_image_store",
            "cache_control": null,
            "content": null,
            "content_disposition": null,
            "content_encoding": null,
            "content_language": null,
            "content_length": "839789",
            "content_md5": "GdJuoCumU1HQdQN/IxJ1OQ==",
            "content_type": "image/jpeg",
            "delete_all_object_versions": false,
            "id": "n/lr4poue3hwjl/b/ewp_image_store/o/weddings%2FBeth%20and%20Tom%2F1.jpg",
            "metadata": {},
            "namespace": "lr4poue3hwjl",
            "object": "weddings/Beth and Tom/1.jpg",
            "opc_sse_kms_key_id": null,
            "source": "../assets/weddings/Beth and Tom/1.jpg 2016-03-09 09:06:29 +0000 GMT",
            "source_uri_details": [],
            "state": "COMPLETED",
            "storage_tier": "Standard",
            "timeouts": null,
            "version_id": "ce9808ee-bf00-4e59-bd65-495325e810a8",
            "work_request_id": ""
          },
          "sensitive_attributes": [],
          "private": "eyJlMmJmYjczMC1lY2FhLTExZTYtOGY4OC0zNDM2M2JjN2M0YzAiOnsiY3JlYXRlIjoxMjAwMDAwMDAwMDAwLCJkZWxldGUiOjEyMDAwMDAwMDAwMDAsInVwZGF0ZSI6MTIwMDAwMDAwMDAwMH19",
          "dependencies": [
            "module.object-storage.oci_objectstorage_bucket.ewp_image_storage"
          ]
        },
        {
          "index_key": 68,
          "schema_version": 0,
          "attributes": {
            "bucket": "ewp_image_store",
            "cache_control": null,
            "content": null,
            "content_disposition": null,
            "content_encoding": null,
            "content_language": null,
            "content_length": "783308",
            "content_md5": "/VhNZSHmrW96l05sUTnnbQ==",
            "content_type": "image/jpeg",
            "delete_all_object_versions": false,
            "id": "n/lr4poue3hwjl/b/ewp_image_store/o/weddings%2FBeth%20and%20Tom%2F10.jpg",
            "metadata": {},
            "namespace": "lr4poue3hwjl",
            "object": "weddings/Beth and Tom/10.jpg",
            "opc_sse_kms_key_id": null,
            "source": "../assets/weddings/Beth and Tom/10.jpg 2016-03-09 09:12:20 +0000 GMT",
            "source_uri_details": [],
            "state": "COMPLETED",
            "storage_tier": "Standard",
            "timeouts": null,
            "version_id": "05d958dc-dadd-4a0e-96ce-e6fcc09e1ea9",
            "work_request_id": ""
          },
          "sensitive_attributes": [],
          "private": "eyJlMmJmYjczMC1lY2FhLTExZTYtOGY4OC0zNDM2M2JjN2M0YzAiOnsiY3JlYXRlIjoxMjAwMDAwMDAwMDAwLCJkZWxldGUiOjEyMDAwMDAwMDAwMDAsInVwZGF0ZSI6MTIwMDAwMDAwMDAwMH19",
          "dependencies": [
            "module.object-storage.oci_objectstorage_bucket.ewp_image_storage"
          ]
        },
        {
          "index_key": 69,
          "schema_version": 0,
          "attributes": {
            "bucket": "ewp_image_store",
            "cache_control": null,
            "content": null,
            "content_disposition": null,
            "content_encoding": null,
            "content_language": null,
            "content_length": "1169145",
            "content_md5": "SLlOOpi9+CcKAKwd9iEu8w==",
            "content_type": "image/jpeg",
            "delete_all_object_versions": false,
            "id": "n/lr4poue3hwjl/b/ewp_image_store/o/weddings%2FBeth%20and%20Tom%2F11.jpg",
            "metadata": {},
            "namespace": "lr4poue3hwjl",
            "object": "weddings/Beth and Tom/11.jpg",
            "opc_sse_kms_key_id": null,
            "source": "../assets/weddings/Beth and Tom/11.jpg 2016-03-09 09:12:27 +0000 GMT",
            "source_uri_details": [],
            "state": "COMPLETED",
            "storage_tier": "Standard",
            "timeouts": null,
            "version_id": "b7f95929-51cc-4d3c-b71f-111c1d88e96f",
            "work_request_id": ""
          },
          "sensitive_attributes": [],
          "private": "eyJlMmJmYjczMC1lY2FhLTExZTYtOGY4OC0zNDM2M2JjN2M0YzAiOnsiY3JlYXRlIjoxMjAwMDAwMDAwMDAwLCJkZWxldGUiOjEyMDAwMDAwMDAwMDAsInVwZGF0ZSI6MTIwMDAwMDAwMDAwMH19",
          "dependencies": [
            "module.object-storage.oci_objectstorage_bucket.ewp_image_storage"
          ]
        },
        {
          "index_key": 70,
          "schema_version": 0,
          "attributes": {
            "bucket": "ewp_image_store",
            "cache_control": null,
            "content": null,
            "content_disposition": null,
            "content_encoding": null,
            "content_language": null,
            "content_length": "1268622",
            "content_md5": "wLH5sHBR57g2hiLlokT7cA==",
            "content_type": "image/jpeg",
            "delete_all_object_versions": false,
            "id": "n/lr4poue3hwjl/b/ewp_image_store/o/weddings%2FBeth%20and%20Tom%2F12.jpg",
            "metadata": {},
            "namespace": "lr4poue3hwjl",
            "object": "weddings/Beth and Tom/12.jpg",
            "opc_sse_kms_key_id": null,
            "source": "../assets/weddings/Beth and Tom/12.jpg 2016-03-09 09:12:32 +0000 GMT",
            "source_uri_details": [],
            "state": "COMPLETED",
            "storage_tier": "Standard",
            "timeouts": null,
            "version_id": "7f40ed29-8466-4c6f-b56c-30a32e738589",
            "work_request_id": ""
          },
          "sensitive_attributes": [],
          "private": "eyJlMmJmYjczMC1lY2FhLTExZTYtOGY4OC0zNDM2M2JjN2M0YzAiOnsiY3JlYXRlIjoxMjAwMDAwMDAwMDAwLCJkZWxldGUiOjEyMDAwMDAwMDAwMDAsInVwZGF0ZSI6MTIwMDAwMDAwMDAwMH19",
          "dependencies": [
            "module.object-storage.oci_objectstorage_bucket.ewp_image_storage"
          ]
        },
        {
          "index_key": 71,
          "schema_version": 0,
          "attributes": {
            "bucket": "ewp_image_store",
            "cache_control": null,
            "content": null,
            "content_disposition": null,
            "content_encoding": null,
            "content_language": null,
            "content_length": "1721453",
            "content_md5": "+dHiu/foIT2xx1MTHlmOEg==",
            "content_type": "image/jpeg",
            "delete_all_object_versions": false,
            "id": "n/lr4poue3hwjl/b/ewp_image_store/o/weddings%2FBeth%20and%20Tom%2F13.jpg",
            "metadata": {},
            "namespace": "lr4poue3hwjl",
            "object": "weddings/Beth and Tom/13.jpg",
            "opc_sse_kms_key_id": null,
            "source": "../assets/weddings/Beth and Tom/13.jpg 2016-03-09 09:12:38 +0000 GMT",
            "source_uri_details": [],
            "state": "COMPLETED",
            "storage_tier": "Standard",
            "timeouts": null,
            "version_id": "30ab6843-4fa3-4af0-8d74-ea040c068f2d",
            "work_request_id": ""
          },
          "sensitive_attributes": [],
          "private": "eyJlMmJmYjczMC1lY2FhLTExZTYtOGY4OC0zNDM2M2JjN2M0YzAiOnsiY3JlYXRlIjoxMjAwMDAwMDAwMDAwLCJkZWxldGUiOjEyMDAwMDAwMDAwMDAsInVwZGF0ZSI6MTIwMDAwMDAwMDAwMH19",
          "dependencies": [
            "module.object-storage.oci_objectstorage_bucket.ewp_image_storage"
          ]
        },
        {
          "index_key": 72,
          "schema_version": 0,
          "attributes": {
            "bucket": "ewp_image_store",
            "cache_control": null,
            "content": null,
            "content_disposition": null,
            "content_encoding": null,
            "content_language": null,
            "content_length": "1255587",
            "content_md5": "lTJcBC3Gp/vSJy5naXC4/g==",
            "content_type": "image/jpeg",
            "delete_all_object_versions": false,
            "id": "n/lr4poue3hwjl/b/ewp_image_store/o/weddings%2FBeth%20and%20Tom%2F14.jpg",
            "metadata": {},
            "namespace": "lr4poue3hwjl",
            "object": "weddings/Beth and Tom/14.jpg",
            "opc_sse_kms_key_id": null,
            "source": "../assets/weddings/Beth and Tom/14.jpg 2016-03-09 09:12:44 +0000 GMT",
            "source_uri_details": [],
            "state": "COMPLETED",
            "storage_tier": "Standard",
            "timeouts": null,
            "version_id": "44298144-c267-4c90-a64f-85765762db3f",
            "work_request_id": ""
          },
          "sensitive_attributes": [],
          "private": "eyJlMmJmYjczMC1lY2FhLTExZTYtOGY4OC0zNDM2M2JjN2M0YzAiOnsiY3JlYXRlIjoxMjAwMDAwMDAwMDAwLCJkZWxldGUiOjEyMDAwMDAwMDAwMDAsInVwZGF0ZSI6MTIwMDAwMDAwMDAwMH19",
          "dependencies": [
            "module.object-storage.oci_objectstorage_bucket.ewp_image_storage"
          ]
        },
        {
          "index_key": 73,
          "schema_version": 0,
          "attributes": {
            "bucket": "ewp_image_store",
            "cache_control": null,
            "content": null,
            "content_disposition": null,
            "content_encoding": null,
            "content_language": null,
            "content_length": "543054",
            "content_md5": "CX0WBpdTORw8wEISYtrRdg==",
            "content_type": "image/jpeg",
            "delete_all_object_versions": false,
            "id": "n/lr4poue3hwjl/b/ewp_image_store/o/weddings%2FBeth%20and%20Tom%2F15.jpg",
            "metadata": {},
            "namespace": "lr4poue3hwjl",
            "object": "weddings/Beth and Tom/15.jpg",
            "opc_sse_kms_key_id": null,
            "source": "../assets/weddings/Beth and Tom/15.jpg 2016-03-09 09:12:49 +0000 GMT",
            "source_uri_details": [],
            "state": "COMPLETED",
            "storage_tier": "Standard",
            "timeouts": null,
            "version_id": "a457d066-c9a5-423c-b6ca-b05f507596f3",
            "work_request_id": ""
          },
          "sensitive_attributes": [],
          "private": "eyJlMmJmYjczMC1lY2FhLTExZTYtOGY4OC0zNDM2M2JjN2M0YzAiOnsiY3JlYXRlIjoxMjAwMDAwMDAwMDAwLCJkZWxldGUiOjEyMDAwMDAwMDAwMDAsInVwZGF0ZSI6MTIwMDAwMDAwMDAwMH19",
          "dependencies": [
            "module.object-storage.oci_objectstorage_bucket.ewp_image_storage"
          ]
        },
        {
          "index_key": 74,
          "schema_version": 0,
          "attributes": {
            "bucket": "ewp_image_store",
            "cache_control": null,
            "content": null,
            "content_disposition": null,
            "content_encoding": null,
            "content_language": null,
            "content_length": "1481846",
            "content_md5": "79TtD86CF/9keApZ1onMRQ==",
            "content_type": "image/jpeg",
            "delete_all_object_versions": false,
            "id": "n/lr4poue3hwjl/b/ewp_image_store/o/weddings%2FBeth%20and%20Tom%2F16.jpg",
            "metadata": {},
            "namespace": "lr4poue3hwjl",
            "object": "weddings/Beth and Tom/16.jpg",
            "opc_sse_kms_key_id": null,
            "source": "../assets/weddings/Beth and Tom/16.jpg 2016-03-09 09:12:55 +0000 GMT",
            "source_uri_details": [],
            "state": "COMPLETED",
            "storage_tier": "Standard",
            "timeouts": null,
            "version_id": "b3a736b6-4368-481e-954b-be29232f355a",
            "work_request_id": ""
          },
          "sensitive_attributes": [],
          "private": "eyJlMmJmYjczMC1lY2FhLTExZTYtOGY4OC0zNDM2M2JjN2M0YzAiOnsiY3JlYXRlIjoxMjAwMDAwMDAwMDAwLCJkZWxldGUiOjEyMDAwMDAwMDAwMDAsInVwZGF0ZSI6MTIwMDAwMDAwMDAwMH19",
          "dependencies": [
            "module.object-storage.oci_objectstorage_bucket.ewp_image_storage"
          ]
        },
        {
          "index_key": 75,
          "schema_version": 0,
          "attributes": {
            "bucket": "ewp_image_store",
            "cache_control": null,
            "content": null,
            "content_disposition": null,
            "content_encoding": null,
            "content_language": null,
            "content_length": "992427",
            "content_md5": "bnGf9vk1NTwZ/WpMIZ7Wzw==",
            "content_type": "image/jpeg",
            "delete_all_object_versions": false,
            "id": "n/lr4poue3hwjl/b/ewp_image_store/o/weddings%2FBeth%20and%20Tom%2F17.jpg",
            "metadata": {},
            "namespace": "lr4poue3hwjl",
            "object": "weddings/Beth and Tom/17.jpg",
            "opc_sse_kms_key_id": null,
            "source": "../assets/weddings/Beth and Tom/17.jpg 2016-03-09 09:13:01 +0000 GMT",
            "source_uri_details": [],
            "state": "COMPLETED",
            "storage_tier": "Standard",
            "timeouts": null,
            "version_id": "d0ed1d75-ffe8-4359-aa82-c6d668c70374",
            "work_request_id": ""
          },
          "sensitive_attributes": [],
          "private": "eyJlMmJmYjczMC1lY2FhLTExZTYtOGY4OC0zNDM2M2JjN2M0YzAiOnsiY3JlYXRlIjoxMjAwMDAwMDAwMDAwLCJkZWxldGUiOjEyMDAwMDAwMDAwMDAsInVwZGF0ZSI6MTIwMDAwMDAwMDAwMH19",
          "dependencies": [
            "module.object-storage.oci_objectstorage_bucket.ewp_image_storage"
          ]
        },
        {
          "index_key": 76,
          "schema_version": 0,
          "attributes": {
            "bucket": "ewp_image_store",
            "cache_control": null,
            "content": null,
            "content_disposition": null,
            "content_encoding": null,
            "content_language": null,
            "content_length": "665783",
            "content_md5": "y7An1UYW3jLN6dvhYAS//Q==",
            "content_type": "image/jpeg",
            "delete_all_object_versions": false,
            "id": "n/lr4poue3hwjl/b/ewp_image_store/o/weddings%2FBeth%20and%20Tom%2F18.jpg",
            "metadata": {},
            "namespace": "lr4poue3hwjl",
            "object": "weddings/Beth and Tom/18.jpg",
            "opc_sse_kms_key_id": null,
            "source": "../assets/weddings/Beth and Tom/18.jpg 2016-03-09 09:13:07 +0000 GMT",
            "source_uri_details": [],
            "state": "COMPLETED",
            "storage_tier": "Standard",
            "timeouts": null,
            "version_id": "55687a84-71d9-420c-8ca3-411cb67347bd",
            "work_request_id": ""
          },
          "sensitive_attributes": [],
          "private": "eyJlMmJmYjczMC1lY2FhLTExZTYtOGY4OC0zNDM2M2JjN2M0YzAiOnsiY3JlYXRlIjoxMjAwMDAwMDAwMDAwLCJkZWxldGUiOjEyMDAwMDAwMDAwMDAsInVwZGF0ZSI6MTIwMDAwMDAwMDAwMH19",
          "dependencies": [
            "module.object-storage.oci_objectstorage_bucket.ewp_image_storage"
          ]
        },
        {
          "index_key": 77,
          "schema_version": 0,
          "attributes": {
            "bucket": "ewp_image_store",
            "cache_control": null,
            "content": null,
            "content_disposition": null,
            "content_encoding": null,
            "content_language": null,
            "content_length": "1157680",
            "content_md5": "AfZFObVpKQuye5S482gvOg==",
            "content_type": "image/jpeg",
            "delete_all_object_versions": false,
            "id": "n/lr4poue3hwjl/b/ewp_image_store/o/weddings%2FBeth%20and%20Tom%2F19.jpg",
            "metadata": {},
            "namespace": "lr4poue3hwjl",
            "object": "weddings/Beth and Tom/19.jpg",
            "opc_sse_kms_key_id": null,
            "source": "../assets/weddings/Beth and Tom/19.jpg 2016-03-09 09:13:13 +0000 GMT",
            "source_uri_details": [],
            "state": "COMPLETED",
            "storage_tier": "Standard",
            "timeouts": null,
            "version_id": "89d5e77a-727d-4a85-bb14-ddf03784f341",
            "work_request_id": ""
          },
          "sensitive_attributes": [],
          "private": "eyJlMmJmYjczMC1lY2FhLTExZTYtOGY4OC0zNDM2M2JjN2M0YzAiOnsiY3JlYXRlIjoxMjAwMDAwMDAwMDAwLCJkZWxldGUiOjEyMDAwMDAwMDAwMDAsInVwZGF0ZSI6MTIwMDAwMDAwMDAwMH19",
          "dependencies": [
            "module.object-storage.oci_objectstorage_bucket.ewp_image_storage"
          ]
        },
        {
          "index_key": 78,
          "schema_version": 0,
          "attributes": {
            "bucket": "ewp_image_store",
            "cache_control": null,
            "content": null,
            "content_disposition": null,
            "content_encoding": null,
            "content_language": null,
            "content_length": "1590856",
            "content_md5": "KX/71aKIykWorSYKNfeNjQ==",
            "content_type": "image/jpeg",
            "delete_all_object_versions": false,
            "id": "n/lr4poue3hwjl/b/ewp_image_store/o/weddings%2FBeth%20and%20Tom%2F2.jpg",
            "metadata": {},
            "namespace": "lr4poue3hwjl",
            "object": "weddings/Beth and Tom/2.jpg",
            "opc_sse_kms_key_id": null,
            "source": "../assets/weddings/Beth and Tom/2.jpg 2016-03-09 09:10:59 +0000 GMT",
            "source_uri_details": [],
            "state": "COMPLETED",
            "storage_tier": "Standard",
            "timeouts": null,
            "version_id": "b05d4dce-612c-4841-86b0-6948f6e2e69b",
            "work_request_id": ""
          },
          "sensitive_attributes": [],
          "private": "eyJlMmJmYjczMC1lY2FhLTExZTYtOGY4OC0zNDM2M2JjN2M0YzAiOnsiY3JlYXRlIjoxMjAwMDAwMDAwMDAwLCJkZWxldGUiOjEyMDAwMDAwMDAwMDAsInVwZGF0ZSI6MTIwMDAwMDAwMDAwMH19",
          "dependencies": [
            "module.object-storage.oci_objectstorage_bucket.ewp_image_storage"
          ]
        },
        {
          "index_key": 79,
          "schema_version": 0,
          "attributes": {
            "bucket": "ewp_image_store",
            "cache_control": null,
            "content": null,
            "content_disposition": null,
            "content_encoding": null,
            "content_language": null,
            "content_length": "1285191",
            "content_md5": "TMBhnnlmodiIxqviDyFYlQ==",
            "content_type": "image/jpeg",
            "delete_all_object_versions": false,
            "id": "n/lr4poue3hwjl/b/ewp_image_store/o/weddings%2FBeth%20and%20Tom%2F20.jpg",
            "metadata": {},
            "namespace": "lr4poue3hwjl",
            "object": "weddings/Beth and Tom/20.jpg",
            "opc_sse_kms_key_id": null,
            "source": "../assets/weddings/Beth and Tom/20.jpg 2016-03-09 09:13:19 +0000 GMT",
            "source_uri_details": [],
            "state": "COMPLETED",
            "storage_tier": "Standard",
            "timeouts": null,
            "version_id": "7570f422-b163-4a86-b485-6175420dc6d0",
            "work_request_id": ""
          },
          "sensitive_attributes": [],
          "private": "eyJlMmJmYjczMC1lY2FhLTExZTYtOGY4OC0zNDM2M2JjN2M0YzAiOnsiY3JlYXRlIjoxMjAwMDAwMDAwMDAwLCJkZWxldGUiOjEyMDAwMDAwMDAwMDAsInVwZGF0ZSI6MTIwMDAwMDAwMDAwMH19",
          "dependencies": [
            "module.object-storage.oci_objectstorage_bucket.ewp_image_storage"
          ]
        },
        {
          "index_key": 80,
          "schema_version": 0,
          "attributes": {
            "bucket": "ewp_image_store",
            "cache_control": null,
            "content": null,
            "content_disposition": null,
            "content_encoding": null,
            "content_language": null,
            "content_length": "1325376",
            "content_md5": "qEAW4fqv6Uo178wEgW5uag==",
            "content_type": "image/jpeg",
            "delete_all_object_versions": false,
            "id": "n/lr4poue3hwjl/b/ewp_image_store/o/weddings%2FBeth%20and%20Tom%2F21.jpg",
            "metadata": {},
            "namespace": "lr4poue3hwjl",
            "object": "weddings/Beth and Tom/21.jpg",
            "opc_sse_kms_key_id": null,
            "source": "../assets/weddings/Beth and Tom/21.jpg 2016-03-09 09:13:25 +0000 GMT",
            "source_uri_details": [],
            "state": "COMPLETED",
            "storage_tier": "Standard",
            "timeouts": null,
            "version_id": "1419a501-55ed-431d-8140-f5dd367e6a35",
            "work_request_id": ""
          },
          "sensitive_attributes": [],
          "private": "eyJlMmJmYjczMC1lY2FhLTExZTYtOGY4OC0zNDM2M2JjN2M0YzAiOnsiY3JlYXRlIjoxMjAwMDAwMDAwMDAwLCJkZWxldGUiOjEyMDAwMDAwMDAwMDAsInVwZGF0ZSI6MTIwMDAwMDAwMDAwMH19",
          "dependencies": [
            "module.object-storage.oci_objectstorage_bucket.ewp_image_storage"
          ]
        },
        {
          "index_key": 81,
          "schema_version": 0,
          "attributes": {
            "bucket": "ewp_image_store",
            "cache_control": null,
            "content": null,
            "content_disposition": null,
            "content_encoding": null,
            "content_language": null,
            "content_length": "953379",
            "content_md5": "dgPbAKh0iqVxK5bNWmermw==",
            "content_type": "image/jpeg",
            "delete_all_object_versions": false,
            "id": "n/lr4poue3hwjl/b/ewp_image_store/o/weddings%2FBeth%20and%20Tom%2F22.jpg",
            "metadata": {},
            "namespace": "lr4poue3hwjl",
            "object": "weddings/Beth and Tom/22.jpg",
            "opc_sse_kms_key_id": null,
            "source": "../assets/weddings/Beth and Tom/22.jpg 2016-03-09 09:13:31 +0000 GMT",
            "source_uri_details": [],
            "state": "COMPLETED",
            "storage_tier": "Standard",
            "timeouts": null,
            "version_id": "24a7451c-00c3-4fd4-b547-9af442a93095",
            "work_request_id": ""
          },
          "sensitive_attributes": [],
          "private": "eyJlMmJmYjczMC1lY2FhLTExZTYtOGY4OC0zNDM2M2JjN2M0YzAiOnsiY3JlYXRlIjoxMjAwMDAwMDAwMDAwLCJkZWxldGUiOjEyMDAwMDAwMDAwMDAsInVwZGF0ZSI6MTIwMDAwMDAwMDAwMH19",
          "dependencies": [
            "module.object-storage.oci_objectstorage_bucket.ewp_image_storage"
          ]
        },
        {
          "index_key": 82,
          "schema_version": 0,
          "attributes": {
            "bucket": "ewp_image_store",
            "cache_control": null,
            "content": null,
            "content_disposition": null,
            "content_encoding": null,
            "content_language": null,
            "content_length": "830741",
            "content_md5": "SNGGppolV1iO/72+0EPc5g==",
            "content_type": "image/jpeg",
            "delete_all_object_versions": false,
            "id": "n/lr4poue3hwjl/b/ewp_image_store/o/weddings%2FBeth%20and%20Tom%2F23.jpg",
            "metadata": {},
            "namespace": "lr4poue3hwjl",
            "object": "weddings/Beth and Tom/23.jpg",
            "opc_sse_kms_key_id": null,
            "source": "../assets/weddings/Beth and Tom/23.jpg 2016-03-09 09:13:37 +0000 GMT",
            "source_uri_details": [],
            "state": "COMPLETED",
            "storage_tier": "Standard",
            "timeouts": null,
            "version_id": "904a41ee-2925-4f15-9a0f-84fd4ccb0376",
            "work_request_id": ""
          },
          "sensitive_attributes": [],
          "private": "eyJlMmJmYjczMC1lY2FhLTExZTYtOGY4OC0zNDM2M2JjN2M0YzAiOnsiY3JlYXRlIjoxMjAwMDAwMDAwMDAwLCJkZWxldGUiOjEyMDAwMDAwMDAwMDAsInVwZGF0ZSI6MTIwMDAwMDAwMDAwMH19",
          "dependencies": [
            "module.object-storage.oci_objectstorage_bucket.ewp_image_storage"
          ]
        },
        {
          "index_key": 83,
          "schema_version": 0,
          "attributes": {
            "bucket": "ewp_image_store",
            "cache_control": null,
            "content": null,
            "content_disposition": null,
            "content_encoding": null,
            "content_language": null,
            "content_length": "794650",
            "content_md5": "SMm5bms0X9oT9qKOFQuMmg==",
            "content_type": "image/jpeg",
            "delete_all_object_versions": false,
            "id": "n/lr4poue3hwjl/b/ewp_image_store/o/weddings%2FBeth%20and%20Tom%2F24.jpg",
            "metadata": {},
            "namespace": "lr4poue3hwjl",
            "object": "weddings/Beth and Tom/24.jpg",
            "opc_sse_kms_key_id": null,
            "source": "../assets/weddings/Beth and Tom/24.jpg 2016-03-09 09:13:53 +0000 GMT",
            "source_uri_details": [],
            "state": "COMPLETED",
            "storage_tier": "Standard",
            "timeouts": null,
            "version_id": "ff321135-0863-4f6a-8529-43c5d18ea20a",
            "work_request_id": ""
          },
          "sensitive_attributes": [],
          "private": "eyJlMmJmYjczMC1lY2FhLTExZTYtOGY4OC0zNDM2M2JjN2M0YzAiOnsiY3JlYXRlIjoxMjAwMDAwMDAwMDAwLCJkZWxldGUiOjEyMDAwMDAwMDAwMDAsInVwZGF0ZSI6MTIwMDAwMDAwMDAwMH19",
          "dependencies": [
            "module.object-storage.oci_objectstorage_bucket.ewp_image_storage"
          ]
        },
        {
          "index_key": 84,
          "schema_version": 0,
          "attributes": {
            "bucket": "ewp_image_store",
            "cache_control": null,
            "content": null,
            "content_disposition": null,
            "content_encoding": null,
            "content_language": null,
            "content_length": "607508",
            "content_md5": "IdWr+fQqfkpyQwPR+GuHfQ==",
            "content_type": "image/jpeg",
            "delete_all_object_versions": false,
            "id": "n/lr4poue3hwjl/b/ewp_image_store/o/weddings%2FBeth%20and%20Tom%2F25.jpg",
            "metadata": {},
            "namespace": "lr4poue3hwjl",
            "object": "weddings/Beth and Tom/25.jpg",
            "opc_sse_kms_key_id": null,
            "source": "../assets/weddings/Beth and Tom/25.jpg 2016-03-09 09:13:59 +0000 GMT",
            "source_uri_details": [],
            "state": "COMPLETED",
            "storage_tier": "Standard",
            "timeouts": null,
            "version_id": "65d9c087-767d-4914-b39f-8991d825a2c6",
            "work_request_id": ""
          },
          "sensitive_attributes": [],
          "private": "eyJlMmJmYjczMC1lY2FhLTExZTYtOGY4OC0zNDM2M2JjN2M0YzAiOnsiY3JlYXRlIjoxMjAwMDAwMDAwMDAwLCJkZWxldGUiOjEyMDAwMDAwMDAwMDAsInVwZGF0ZSI6MTIwMDAwMDAwMDAwMH19",
          "dependencies": [
            "module.object-storage.oci_objectstorage_bucket.ewp_image_storage"
          ]
        },
        {
          "index_key": 85,
          "schema_version": 0,
          "attributes": {
            "bucket": "ewp_image_store",
            "cache_control": null,
            "content": null,
            "content_disposition": null,
            "content_encoding": null,
            "content_language": null,
            "content_length": "365175",
            "content_md5": "CL3JBv4VMFbJQYCAC6hCig==",
            "content_type": "image/jpeg",
            "delete_all_object_versions": false,
            "id": "n/lr4poue3hwjl/b/ewp_image_store/o/weddings%2FBeth%20and%20Tom%2F26.jpg",
            "metadata": {},
            "namespace": "lr4poue3hwjl",
            "object": "weddings/Beth and Tom/26.jpg",
            "opc_sse_kms_key_id": null,
            "source": "../assets/weddings/Beth and Tom/26.jpg 2016-03-09 09:14:05 +0000 GMT",
            "source_uri_details": [],
            "state": "COMPLETED",
            "storage_tier": "Standard",
            "timeouts": null,
            "version_id": "e80af3c9-5fe4-4806-892d-e753dd172aba",
            "work_request_id": ""
          },
          "sensitive_attributes": [],
          "private": "eyJlMmJmYjczMC1lY2FhLTExZTYtOGY4OC0zNDM2M2JjN2M0YzAiOnsiY3JlYXRlIjoxMjAwMDAwMDAwMDAwLCJkZWxldGUiOjEyMDAwMDAwMDAwMDAsInVwZGF0ZSI6MTIwMDAwMDAwMDAwMH19",
          "dependencies": [
            "module.object-storage.oci_objectstorage_bucket.ewp_image_storage"
          ]
        },
        {
          "index_key": 86,
          "schema_version": 0,
          "attributes": {
            "bucket": "ewp_image_store",
            "cache_control": null,
            "content": null,
            "content_disposition": null,
            "content_encoding": null,
            "content_language": null,
            "content_length": "385038",
            "content_md5": "Bj4KPrGczCll8VrQrDScZw==",
            "content_type": "image/jpeg",
            "delete_all_object_versions": false,
            "id": "n/lr4poue3hwjl/b/ewp_image_store/o/weddings%2FBeth%20and%20Tom%2F27.jpg",
            "metadata": {},
            "namespace": "lr4poue3hwjl",
            "object": "weddings/Beth and Tom/27.jpg",
            "opc_sse_kms_key_id": null,
            "source": "../assets/weddings/Beth and Tom/27.jpg 2016-03-09 09:14:11 +0000 GMT",
            "source_uri_details": [],
            "state": "COMPLETED",
            "storage_tier": "Standard",
            "timeouts": null,
            "version_id": "07cdcc6e-516c-4b8d-8441-72d1d63e4b86",
            "work_request_id": ""
          },
          "sensitive_attributes": [],
          "private": "eyJlMmJmYjczMC1lY2FhLTExZTYtOGY4OC0zNDM2M2JjN2M0YzAiOnsiY3JlYXRlIjoxMjAwMDAwMDAwMDAwLCJkZWxldGUiOjEyMDAwMDAwMDAwMDAsInVwZGF0ZSI6MTIwMDAwMDAwMDAwMH19",
          "dependencies": [
            "module.object-storage.oci_objectstorage_bucket.ewp_image_storage"
          ]
        },
        {
          "index_key": 87,
          "schema_version": 0,
          "attributes": {
            "bucket": "ewp_image_store",
            "cache_control": null,
            "content": null,
            "content_disposition": null,
            "content_encoding": null,
            "content_language": null,
            "content_length": "438764",
            "content_md5": "NNrA8qg2PF7kKqOiTVQCtw==",
            "content_type": "image/jpeg",
            "delete_all_object_versions": false,
            "id": "n/lr4poue3hwjl/b/ewp_image_store/o/weddings%2FBeth%20and%20Tom%2F28.jpg",
            "metadata": {},
            "namespace": "lr4poue3hwjl",
            "object": "weddings/Beth and Tom/28.jpg",
            "opc_sse_kms_key_id": null,
            "source": "../assets/weddings/Beth and Tom/28.jpg 2016-03-09 09:14:22 +0000 GMT",
            "source_uri_details": [],
            "state": "COMPLETED",
            "storage_tier": "Standard",
            "timeouts": null,
            "version_id": "3a1255c2-e6cb-4740-a951-24ad6cc6a635",
            "work_request_id": ""
          },
          "sensitive_attributes": [],
          "private": "eyJlMmJmYjczMC1lY2FhLTExZTYtOGY4OC0zNDM2M2JjN2M0YzAiOnsiY3JlYXRlIjoxMjAwMDAwMDAwMDAwLCJkZWxldGUiOjEyMDAwMDAwMDAwMDAsInVwZGF0ZSI6MTIwMDAwMDAwMDAwMH19",
          "dependencies": [
            "module.object-storage.oci_objectstorage_bucket.ewp_image_storage"
          ]
        },
        {
          "index_key": 88,
          "schema_version": 0,
          "attributes": {
            "bucket": "ewp_image_store",
            "cache_control": null,
            "content": null,
            "content_disposition": null,
            "content_encoding": null,
            "content_language": null,
            "content_length": "166078",
            "content_md5": "OsfHRBZO/1aZE5YbTlZmBg==",
            "content_type": "image/jpeg",
            "delete_all_object_versions": false,
            "id": "n/lr4poue3hwjl/b/ewp_image_store/o/weddings%2FBeth%20and%20Tom%2F29.jpg",
            "metadata": {},
            "namespace": "lr4poue3hwjl",
            "object": "weddings/Beth and Tom/29.jpg",
            "opc_sse_kms_key_id": null,
            "source": "../assets/weddings/Beth and Tom/29.jpg 2016-03-09 09:14:28 +0000 GMT",
            "source_uri_details": [],
            "state": "COMPLETED",
            "storage_tier": "Standard",
            "timeouts": null,
            "version_id": "74b0cbe3-bde8-480f-a9ff-57d2fe237aa6",
            "work_request_id": ""
          },
          "sensitive_attributes": [],
          "private": "eyJlMmJmYjczMC1lY2FhLTExZTYtOGY4OC0zNDM2M2JjN2M0YzAiOnsiY3JlYXRlIjoxMjAwMDAwMDAwMDAwLCJkZWxldGUiOjEyMDAwMDAwMDAwMDAsInVwZGF0ZSI6MTIwMDAwMDAwMDAwMH19",
          "dependencies": [
            "module.object-storage.oci_objectstorage_bucket.ewp_image_storage"
          ]
        },
        {
          "index_key": 89,
          "schema_version": 0,
          "attributes": {
            "bucket": "ewp_image_store",
            "cache_control": null,
            "content": null,
            "content_disposition": null,
            "content_encoding": null,
            "content_language": null,
            "content_length": "863850",
            "content_md5": "HDJ2jMBmpe6hkFBpUE/Giw==",
            "content_type": "image/jpeg",
            "delete_all_object_versions": false,
            "id": "n/lr4poue3hwjl/b/ewp_image_store/o/weddings%2FBeth%20and%20Tom%2F3.jpg",
            "metadata": {},
            "namespace": "lr4poue3hwjl",
            "object": "weddings/Beth and Tom/3.jpg",
            "opc_sse_kms_key_id": null,
            "source": "../assets/weddings/Beth and Tom/3.jpg 2016-03-09 09:11:35 +0000 GMT",
            "source_uri_details": [],
            "state": "COMPLETED",
            "storage_tier": "Standard",
            "timeouts": null,
            "version_id": "7d9d3de6-f8e3-416d-9fdf-1f669da49f8b",
            "work_request_id": ""
          },
          "sensitive_attributes": [],
          "private": "eyJlMmJmYjczMC1lY2FhLTExZTYtOGY4OC0zNDM2M2JjN2M0YzAiOnsiY3JlYXRlIjoxMjAwMDAwMDAwMDAwLCJkZWxldGUiOjEyMDAwMDAwMDAwMDAsInVwZGF0ZSI6MTIwMDAwMDAwMDAwMH19",
          "dependencies": [
            "module.object-storage.oci_objectstorage_bucket.ewp_image_storage"
          ]
        },
        {
          "index_key": 90,
          "schema_version": 0,
          "attributes": {
            "bucket": "ewp_image_store",
            "cache_control": null,
            "content": null,
            "content_disposition": null,
            "content_encoding": null,
            "content_language": null,
            "content_length": "380470",
            "content_md5": "4A7Y57QFbGk5QgMlf2c15w==",
            "content_type": "image/jpeg",
            "delete_all_object_versions": false,
            "id": "n/lr4poue3hwjl/b/ewp_image_store/o/weddings%2FBeth%20and%20Tom%2F31.jpg",
            "metadata": {},
            "namespace": "lr4poue3hwjl",
            "object": "weddings/Beth and Tom/31.jpg",
            "opc_sse_kms_key_id": null,
            "source": "../assets/weddings/Beth and Tom/31.jpg 2016-03-09 09:14:33 +0000 GMT",
            "source_uri_details": [],
            "state": "COMPLETED",
            "storage_tier": "Standard",
            "timeouts": null,
            "version_id": "726bbabb-be0a-4b86-9c3d-0b4ce877f8db",
            "work_request_id": ""
          },
          "sensitive_attributes": [],
          "private": "eyJlMmJmYjczMC1lY2FhLTExZTYtOGY4OC0zNDM2M2JjN2M0YzAiOnsiY3JlYXRlIjoxMjAwMDAwMDAwMDAwLCJkZWxldGUiOjEyMDAwMDAwMDAwMDAsInVwZGF0ZSI6MTIwMDAwMDAwMDAwMH19",
          "dependencies": [
            "module.object-storage.oci_objectstorage_bucket.ewp_image_storage"
          ]
        },
        {
          "index_key": 91,
          "schema_version": 0,
          "attributes": {
            "bucket": "ewp_image_store",
            "cache_control": null,
            "content": null,
            "content_disposition": null,
            "content_encoding": null,
            "content_language": null,
            "content_length": "483411",
            "content_md5": "+EJcpaYUqXTH7s1Wiag2mA==",
            "content_type": "image/jpeg",
            "delete_all_object_versions": false,
            "id": "n/lr4poue3hwjl/b/ewp_image_store/o/weddings%2FBeth%20and%20Tom%2F32.jpg",
            "metadata": {},
            "namespace": "lr4poue3hwjl",
            "object": "weddings/Beth and Tom/32.jpg",
            "opc_sse_kms_key_id": null,
            "source": "../assets/weddings/Beth and Tom/32.jpg 2016-03-09 09:14:38 +0000 GMT",
            "source_uri_details": [],
            "state": "COMPLETED",
            "storage_tier": "Standard",
            "timeouts": null,
            "version_id": "c0d8f475-d12b-44c6-8511-5f8a3ec2df9b",
            "work_request_id": ""
          },
          "sensitive_attributes": [],
          "private": "eyJlMmJmYjczMC1lY2FhLTExZTYtOGY4OC0zNDM2M2JjN2M0YzAiOnsiY3JlYXRlIjoxMjAwMDAwMDAwMDAwLCJkZWxldGUiOjEyMDAwMDAwMDAwMDAsInVwZGF0ZSI6MTIwMDAwMDAwMDAwMH19",
          "dependencies": [
            "module.object-storage.oci_objectstorage_bucket.ewp_image_storage"
          ]
        },
        {
          "index_key": 92,
          "schema_version": 0,
          "attributes": {
            "bucket": "ewp_image_store",
            "cache_control": null,
            "content": null,
            "content_disposition": null,
            "content_encoding": null,
            "content_language": null,
            "content_length": "904851",
            "content_md5": "cCL4EhoqJprvNkrQ37LkOQ==",
            "content_type": "image/jpeg",
            "delete_all_object_versions": false,
            "id": "n/lr4poue3hwjl/b/ewp_image_store/o/weddings%2FBeth%20and%20Tom%2F33.jpg",
            "metadata": {},
            "namespace": "lr4poue3hwjl",
            "object": "weddings/Beth and Tom/33.jpg",
            "opc_sse_kms_key_id": null,
            "source": "../assets/weddings/Beth and Tom/33.jpg 2016-03-09 09:14:44 +0000 GMT",
            "source_uri_details": [],
            "state": "COMPLETED",
            "storage_tier": "Standard",
            "timeouts": null,
            "version_id": "67b0c8a9-9e3e-4900-8a01-bbfbc4b1af50",
            "work_request_id": ""
          },
          "sensitive_attributes": [],
          "private": "eyJlMmJmYjczMC1lY2FhLTExZTYtOGY4OC0zNDM2M2JjN2M0YzAiOnsiY3JlYXRlIjoxMjAwMDAwMDAwMDAwLCJkZWxldGUiOjEyMDAwMDAwMDAwMDAsInVwZGF0ZSI6MTIwMDAwMDAwMDAwMH19",
          "dependencies": [
            "module.object-storage.oci_objectstorage_bucket.ewp_image_storage"
          ]
        },
        {
          "index_key": 93,
          "schema_version": 0,
          "attributes": {
            "bucket": "ewp_image_store",
            "cache_control": null,
            "content": null,
            "content_disposition": null,
            "content_encoding": null,
            "content_language": null,
            "content_length": "489482",
            "content_md5": "2PApPZ7TPbGn14gMAEdH3g==",
            "content_type": "image/jpeg",
            "delete_all_object_versions": false,
            "id": "n/lr4poue3hwjl/b/ewp_image_store/o/weddings%2FBeth%20and%20Tom%2F34.jpg",
            "metadata": {},
            "namespace": "lr4poue3hwjl",
            "object": "weddings/Beth and Tom/34.jpg",
            "opc_sse_kms_key_id": null,
            "source": "../assets/weddings/Beth and Tom/34.jpg 2016-03-09 09:14:50 +0000 GMT",
            "source_uri_details": [],
            "state": "COMPLETED",
            "storage_tier": "Standard",
            "timeouts": null,
            "version_id": "a3c35db9-c36b-4d6d-98fd-45f7276569ce",
            "work_request_id": ""
          },
          "sensitive_attributes": [],
          "private": "eyJlMmJmYjczMC1lY2FhLTExZTYtOGY4OC0zNDM2M2JjN2M0YzAiOnsiY3JlYXRlIjoxMjAwMDAwMDAwMDAwLCJkZWxldGUiOjEyMDAwMDAwMDAwMDAsInVwZGF0ZSI6MTIwMDAwMDAwMDAwMH19",
          "dependencies": [
            "module.object-storage.oci_objectstorage_bucket.ewp_image_storage"
          ]
        },
        {
          "index_key": 94,
          "schema_version": 0,
          "attributes": {
            "bucket": "ewp_image_store",
            "cache_control": null,
            "content": null,
            "content_disposition": null,
            "content_encoding": null,
            "content_language": null,
            "content_length": "1014293",
            "content_md5": "rqyJOVnF1mwYx5+8YVKz2g==",
            "content_type": "image/jpeg",
            "delete_all_object_versions": false,
            "id": "n/lr4poue3hwjl/b/ewp_image_store/o/weddings%2FBeth%20and%20Tom%2F35.jpg",
            "metadata": {},
            "namespace": "lr4poue3hwjl",
            "object": "weddings/Beth and Tom/35.jpg",
            "opc_sse_kms_key_id": null,
            "source": "../assets/weddings/Beth and Tom/35.jpg 2016-03-09 09:14:56 +0000 GMT",
            "source_uri_details": [],
            "state": "COMPLETED",
            "storage_tier": "Standard",
            "timeouts": null,
            "version_id": "9fadaf03-0d8a-4ae7-ade1-7167513bdbf2",
            "work_request_id": ""
          },
          "sensitive_attributes": [],
          "private": "eyJlMmJmYjczMC1lY2FhLTExZTYtOGY4OC0zNDM2M2JjN2M0YzAiOnsiY3JlYXRlIjoxMjAwMDAwMDAwMDAwLCJkZWxldGUiOjEyMDAwMDAwMDAwMDAsInVwZGF0ZSI6MTIwMDAwMDAwMDAwMH19",
          "dependencies": [
            "module.object-storage.oci_objectstorage_bucket.ewp_image_storage"
          ]
        },
        {
          "index_key": 95,
          "schema_version": 0,
          "attributes": {
            "bucket": "ewp_image_store",
            "cache_control": null,
            "content": null,
            "content_disposition": null,
            "content_encoding": null,
            "content_language": null,
            "content_length": "685838",
            "content_md5": "l0K36JAZIFECiaeV1hhapg==",
            "content_type": "image/jpeg",
            "delete_all_object_versions": false,
            "id": "n/lr4poue3hwjl/b/ewp_image_store/o/weddings%2FBeth%20and%20Tom%2F36.jpg",
            "metadata": {},
            "namespace": "lr4poue3hwjl",
            "object": "weddings/Beth and Tom/36.jpg",
            "opc_sse_kms_key_id": null,
            "source": "../assets/weddings/Beth and Tom/36.jpg 2016-03-09 09:15:02 +0000 GMT",
            "source_uri_details": [],
            "state": "COMPLETED",
            "storage_tier": "Standard",
            "timeouts": null,
            "version_id": "1186fde3-a823-4273-9c54-1511ca1da666",
            "work_request_id": ""
          },
          "sensitive_attributes": [],
          "private": "eyJlMmJmYjczMC1lY2FhLTExZTYtOGY4OC0zNDM2M2JjN2M0YzAiOnsiY3JlYXRlIjoxMjAwMDAwMDAwMDAwLCJkZWxldGUiOjEyMDAwMDAwMDAwMDAsInVwZGF0ZSI6MTIwMDAwMDAwMDAwMH19",
          "dependencies": [
            "module.object-storage.oci_objectstorage_bucket.ewp_image_storage"
          ]
        },
        {
          "index_key": 96,
          "schema_version": 0,
          "attributes": {
            "bucket": "ewp_image_store",
            "cache_control": null,
            "content": null,
            "content_disposition": null,
            "content_encoding": null,
            "content_language": null,
            "content_length": "482854",
            "content_md5": "5SGo4HO4lAh3yHOH2hJKPQ==",
            "content_type": "image/jpeg",
            "delete_all_object_versions": false,
            "id": "n/lr4poue3hwjl/b/ewp_image_store/o/weddings%2FBeth%20and%20Tom%2F37.jpg",
            "metadata": {},
            "namespace": "lr4poue3hwjl",
            "object": "weddings/Beth and Tom/37.jpg",
            "opc_sse_kms_key_id": null,
            "source": "../assets/weddings/Beth and Tom/37.jpg 2016-03-09 09:15:07 +0000 GMT",
            "source_uri_details": [],
            "state": "COMPLETED",
            "storage_tier": "Standard",
            "timeouts": null,
            "version_id": "bb8e3b72-5611-420c-bf20-927228c5774f",
            "work_request_id": ""
          },
          "sensitive_attributes": [],
          "private": "eyJlMmJmYjczMC1lY2FhLTExZTYtOGY4OC0zNDM2M2JjN2M0YzAiOnsiY3JlYXRlIjoxMjAwMDAwMDAwMDAwLCJkZWxldGUiOjEyMDAwMDAwMDAwMDAsInVwZGF0ZSI6MTIwMDAwMDAwMDAwMH19",
          "dependencies": [
            "module.object-storage.oci_objectstorage_bucket.ewp_image_storage"
          ]
        },
        {
          "index_key": 97,
          "schema_version": 0,
          "attributes": {
            "bucket": "ewp_image_store",
            "cache_control": null,
            "content": null,
            "content_disposition": null,
            "content_encoding": null,
            "content_language": null,
            "content_length": "698999",
            "content_md5": "nHh4CTPCLgzpGZ3bb2AK9A==",
            "content_type": "image/jpeg",
            "delete_all_object_versions": false,
            "id": "n/lr4poue3hwjl/b/ewp_image_store/o/weddings%2FBeth%20and%20Tom%2F38.jpg",
            "metadata": {},
            "namespace": "lr4poue3hwjl",
            "object": "weddings/Beth and Tom/38.jpg",
            "opc_sse_kms_key_id": null,
            "source": "../assets/weddings/Beth and Tom/38.jpg 2016-03-09 09:15:14 +0000 GMT",
            "source_uri_details": [],
            "state": "COMPLETED",
            "storage_tier": "Standard",
            "timeouts": null,
            "version_id": "a5877ae7-d555-4397-be20-3bb73c7b3168",
            "work_request_id": ""
          },
          "sensitive_attributes": [],
          "private": "eyJlMmJmYjczMC1lY2FhLTExZTYtOGY4OC0zNDM2M2JjN2M0YzAiOnsiY3JlYXRlIjoxMjAwMDAwMDAwMDAwLCJkZWxldGUiOjEyMDAwMDAwMDAwMDAsInVwZGF0ZSI6MTIwMDAwMDAwMDAwMH19",
          "dependencies": [
            "module.object-storage.oci_objectstorage_bucket.ewp_image_storage"
          ]
        },
        {
          "index_key": 98,
          "schema_version": 0,
          "attributes": {
            "bucket": "ewp_image_store",
            "cache_control": null,
            "content": null,
            "content_disposition": null,
            "content_encoding": null,
            "content_language": null,
            "content_length": "687082",
            "content_md5": "dGQIMDWilajQfCGOxLCE7w==",
            "content_type": "image/jpeg",
            "delete_all_object_versions": false,
            "id": "n/lr4poue3hwjl/b/ewp_image_store/o/weddings%2FBeth%20and%20Tom%2F39.jpg",
            "metadata": {},
            "namespace": "lr4poue3hwjl",
            "object": "weddings/Beth and Tom/39.jpg",
            "opc_sse_kms_key_id": null,
            "source": "../assets/weddings/Beth and Tom/39.jpg 2016-03-09 09:15:23 +0000 GMT",
            "source_uri_details": [],
            "state": "COMPLETED",
            "storage_tier": "Standard",
            "timeouts": null,
            "version_id": "a61145c6-bf23-4cef-b711-ad6ad4e594f8",
            "work_request_id": ""
          },
          "sensitive_attributes": [],
          "private": "eyJlMmJmYjczMC1lY2FhLTExZTYtOGY4OC0zNDM2M2JjN2M0YzAiOnsiY3JlYXRlIjoxMjAwMDAwMDAwMDAwLCJkZWxldGUiOjEyMDAwMDAwMDAwMDAsInVwZGF0ZSI6MTIwMDAwMDAwMDAwMH19",
          "dependencies": [
            "module.object-storage.oci_objectstorage_bucket.ewp_image_storage"
          ]
        },
        {
          "index_key": 99,
          "schema_version": 0,
          "attributes": {
            "bucket": "ewp_image_store",
            "cache_control": null,
            "content": null,
            "content_disposition": null,
            "content_encoding": null,
            "content_language": null,
            "content_length": "1408755",
            "content_md5": "8Ka1iYVRWF6PmZUW2gyaOA==",
            "content_type": "image/jpeg",
            "delete_all_object_versions": false,
            "id": "n/lr4poue3hwjl/b/ewp_image_store/o/weddings%2FBeth%20and%20Tom%2F4.jpg",
            "metadata": {},
            "namespace": "lr4poue3hwjl",
            "object": "weddings/Beth and Tom/4.jpg",
            "opc_sse_kms_key_id": null,
            "source": "../assets/weddings/Beth and Tom/4.jpg 2016-03-09 09:11:42 +0000 GMT",
            "source_uri_details": [],
            "state": "COMPLETED",
            "storage_tier": "Standard",
            "timeouts": null,
            "version_id": "bf27f7cb-a21b-44aa-ae15-bfd3c1a508aa",
            "work_request_id": ""
          },
          "sensitive_attributes": [],
          "private": "eyJlMmJmYjczMC1lY2FhLTExZTYtOGY4OC0zNDM2M2JjN2M0YzAiOnsiY3JlYXRlIjoxMjAwMDAwMDAwMDAwLCJkZWxldGUiOjEyMDAwMDAwMDAwMDAsInVwZGF0ZSI6MTIwMDAwMDAwMDAwMH19",
          "dependencies": [
            "module.object-storage.oci_objectstorage_bucket.ewp_image_storage"
          ]
        },
        {
          "index_key": 100,
          "schema_version": 0,
          "attributes": {
            "bucket": "ewp_image_store",
            "cache_control": null,
            "content": null,
            "content_disposition": null,
            "content_encoding": null,
            "content_language": null,
            "content_length": "330202",
            "content_md5": "5ZWRpY9JwQmIq3b+4/JE9w==",
            "content_type": "image/jpeg",
            "delete_all_object_versions": false,
            "id": "n/lr4poue3hwjl/b/ewp_image_store/o/weddings%2FBeth%20and%20Tom%2F40.jpg",
            "metadata": {},
            "namespace": "lr4poue3hwjl",
            "object": "weddings/Beth and Tom/40.jpg",
            "opc_sse_kms_key_id": null,
            "source": "../assets/weddings/Beth and Tom/40.jpg 2016-03-09 09:15:35 +0000 GMT",
            "source_uri_details": [],
            "state": "COMPLETED",
            "storage_tier": "Standard",
            "timeouts": null,
            "version_id": "62c284db-d87e-4906-84b8-c025f90f4012",
            "work_request_id": ""
          },
          "sensitive_attributes": [],
          "private": "eyJlMmJmYjczMC1lY2FhLTExZTYtOGY4OC0zNDM2M2JjN2M0YzAiOnsiY3JlYXRlIjoxMjAwMDAwMDAwMDAwLCJkZWxldGUiOjEyMDAwMDAwMDAwMDAsInVwZGF0ZSI6MTIwMDAwMDAwMDAwMH19",
          "dependencies": [
            "module.object-storage.oci_objectstorage_bucket.ewp_image_storage"
          ]
        },
        {
          "index_key": 101,
          "schema_version": 0,
          "attributes": {
            "bucket": "ewp_image_store",
            "cache_control": null,
            "content": null,
            "content_disposition": null,
            "content_encoding": null,
            "content_language": null,
            "content_length": "1066211",
            "content_md5": "RKlXOqmqEuRJqBPobVj1ow==",
            "content_type": "image/jpeg",
            "delete_all_object_versions": false,
            "id": "n/lr4poue3hwjl/b/ewp_image_store/o/weddings%2FBeth%20and%20Tom%2F41.jpg",
            "metadata": {},
            "namespace": "lr4poue3hwjl",
            "object": "weddings/Beth and Tom/41.jpg",
            "opc_sse_kms_key_id": null,
            "source": "../assets/weddings/Beth and Tom/41.jpg 2016-03-09 09:15:30 +0000 GMT",
            "source_uri_details": [],
            "state": "COMPLETED",
            "storage_tier": "Standard",
            "timeouts": null,
            "version_id": "2cb84405-3a52-4e96-b528-ca6ec663be91",
            "work_request_id": ""
          },
          "sensitive_attributes": [],
          "private": "eyJlMmJmYjczMC1lY2FhLTExZTYtOGY4OC0zNDM2M2JjN2M0YzAiOnsiY3JlYXRlIjoxMjAwMDAwMDAwMDAwLCJkZWxldGUiOjEyMDAwMDAwMDAwMDAsInVwZGF0ZSI6MTIwMDAwMDAwMDAwMH19",
          "dependencies": [
            "module.object-storage.oci_objectstorage_bucket.ewp_image_storage"
          ]
        },
        {
          "index_key": 102,
          "schema_version": 0,
          "attributes": {
            "bucket": "ewp_image_store",
            "cache_control": null,
            "content": null,
            "content_disposition": null,
            "content_encoding": null,
            "content_language": null,
            "content_length": "709812",
            "content_md5": "5+pYjVXfjTVRPOABDqhxhg==",
            "content_type": "image/jpeg",
            "delete_all_object_versions": false,
            "id": "n/lr4poue3hwjl/b/ewp_image_store/o/weddings%2FBeth%20and%20Tom%2F42.jpg",
            "metadata": {},
            "namespace": "lr4poue3hwjl",
            "object": "weddings/Beth and Tom/42.jpg",
            "opc_sse_kms_key_id": null,
            "source": "../assets/weddings/Beth and Tom/42.jpg 2016-03-09 09:15:41 +0000 GMT",
            "source_uri_details": [],
            "state": "COMPLETED",
            "storage_tier": "Standard",
            "timeouts": null,
            "version_id": "a8e8190b-3670-4d8c-846d-6d4c8a81b2a0",
            "work_request_id": ""
          },
          "sensitive_attributes": [],
          "private": "eyJlMmJmYjczMC1lY2FhLTExZTYtOGY4OC0zNDM2M2JjN2M0YzAiOnsiY3JlYXRlIjoxMjAwMDAwMDAwMDAwLCJkZWxldGUiOjEyMDAwMDAwMDAwMDAsInVwZGF0ZSI6MTIwMDAwMDAwMDAwMH19",
          "dependencies": [
            "module.object-storage.oci_objectstorage_bucket.ewp_image_storage"
          ]
        },
        {
          "index_key": 103,
          "schema_version": 0,
          "attributes": {
            "bucket": "ewp_image_store",
            "cache_control": null,
            "content": null,
            "content_disposition": null,
            "content_encoding": null,
            "content_language": null,
            "content_length": "908789",
            "content_md5": "aIY3HhVsxmW4jPp35JMlIg==",
            "content_type": "image/jpeg",
            "delete_all_object_versions": false,
            "id": "n/lr4poue3hwjl/b/ewp_image_store/o/weddings%2FBeth%20and%20Tom%2F43.jpg",
            "metadata": {},
            "namespace": "lr4poue3hwjl",
            "object": "weddings/Beth and Tom/43.jpg",
            "opc_sse_kms_key_id": null,
            "source": "../assets/weddings/Beth and Tom/43.jpg 2016-03-09 09:15:48 +0000 GMT",
            "source_uri_details": [],
            "state": "COMPLETED",
            "storage_tier": "Standard",
            "timeouts": null,
            "version_id": "2f20501a-4d37-46e3-9db8-551aa3c81a6d",
            "work_request_id": ""
          },
          "sensitive_attributes": [],
          "private": "eyJlMmJmYjczMC1lY2FhLTExZTYtOGY4OC0zNDM2M2JjN2M0YzAiOnsiY3JlYXRlIjoxMjAwMDAwMDAwMDAwLCJkZWxldGUiOjEyMDAwMDAwMDAwMDAsInVwZGF0ZSI6MTIwMDAwMDAwMDAwMH19",
          "dependencies": [
            "module.object-storage.oci_objectstorage_bucket.ewp_image_storage"
          ]
        },
        {
          "index_key": 104,
          "schema_version": 0,
          "attributes": {
            "bucket": "ewp_image_store",
            "cache_control": null,
            "content": null,
            "content_disposition": null,
            "content_encoding": null,
            "content_language": null,
            "content_length": "819725",
            "content_md5": "09eLTs1jFMqjSFa0aUOgXg==",
            "content_type": "image/jpeg",
            "delete_all_object_versions": false,
            "id": "n/lr4poue3hwjl/b/ewp_image_store/o/weddings%2FBeth%20and%20Tom%2F44.jpg",
            "metadata": {},
            "namespace": "lr4poue3hwjl",
            "object": "weddings/Beth and Tom/44.jpg",
            "opc_sse_kms_key_id": null,
            "source": "../assets/weddings/Beth and Tom/44.jpg 2016-03-09 09:15:54 +0000 GMT",
            "source_uri_details": [],
            "state": "COMPLETED",
            "storage_tier": "Standard",
            "timeouts": null,
            "version_id": "d1445687-7a5e-41eb-a75e-429e7eff9883",
            "work_request_id": ""
          },
          "sensitive_attributes": [],
          "private": "eyJlMmJmYjczMC1lY2FhLTExZTYtOGY4OC0zNDM2M2JjN2M0YzAiOnsiY3JlYXRlIjoxMjAwMDAwMDAwMDAwLCJkZWxldGUiOjEyMDAwMDAwMDAwMDAsInVwZGF0ZSI6MTIwMDAwMDAwMDAwMH19",
          "dependencies": [
            "module.object-storage.oci_objectstorage_bucket.ewp_image_storage"
          ]
        },
        {
          "index_key": 105,
          "schema_version": 0,
          "attributes": {
            "bucket": "ewp_image_store",
            "cache_control": null,
            "content": null,
            "content_disposition": null,
            "content_encoding": null,
            "content_language": null,
            "content_length": "786628",
            "content_md5": "vHOUEYyXGxuYWcFXs0HPFg==",
            "content_type": "image/jpeg",
            "delete_all_object_versions": false,
            "id": "n/lr4poue3hwjl/b/ewp_image_store/o/weddings%2FBeth%20and%20Tom%2F45.jpg",
            "metadata": {},
            "namespace": "lr4poue3hwjl",
            "object": "weddings/Beth and Tom/45.jpg",
            "opc_sse_kms_key_id": null,
            "source": "../assets/weddings/Beth and Tom/45.jpg 2016-03-09 09:16:00 +0000 GMT",
            "source_uri_details": [],
            "state": "COMPLETED",
            "storage_tier": "Standard",
            "timeouts": null,
            "version_id": "6c9b5d4b-4dec-4842-9b1a-1cc1655c65a4",
            "work_request_id": ""
          },
          "sensitive_attributes": [],
          "private": "eyJlMmJmYjczMC1lY2FhLTExZTYtOGY4OC0zNDM2M2JjN2M0YzAiOnsiY3JlYXRlIjoxMjAwMDAwMDAwMDAwLCJkZWxldGUiOjEyMDAwMDAwMDAwMDAsInVwZGF0ZSI6MTIwMDAwMDAwMDAwMH19",
          "dependencies": [
            "module.object-storage.oci_objectstorage_bucket.ewp_image_storage"
          ]
        },
        {
          "index_key": 106,
          "schema_version": 0,
          "attributes": {
            "bucket": "ewp_image_store",
            "cache_control": null,
            "content": null,
            "content_disposition": null,
            "content_encoding": null,
            "content_language": null,
            "content_length": "1947127",
            "content_md5": "Etbe7J0qMUE9/+2N2FVUhg==",
            "content_type": "image/jpeg",
            "delete_all_object_versions": false,
            "id": "n/lr4poue3hwjl/b/ewp_image_store/o/weddings%2FBeth%20and%20Tom%2F46.jpg",
            "metadata": {},
            "namespace": "lr4poue3hwjl",
            "object": "weddings/Beth and Tom/46.jpg",
            "opc_sse_kms_key_id": null,
            "source": "../assets/weddings/Beth and Tom/46.jpg 2016-03-09 09:16:06 +0000 GMT",
            "source_uri_details": [],
            "state": "COMPLETED",
            "storage_tier": "Standard",
            "timeouts": null,
            "version_id": "aa0b29aa-8164-4c22-9b6f-858a705746f9",
            "work_request_id": ""
          },
          "sensitive_attributes": [],
          "private": "eyJlMmJmYjczMC1lY2FhLTExZTYtOGY4OC0zNDM2M2JjN2M0YzAiOnsiY3JlYXRlIjoxMjAwMDAwMDAwMDAwLCJkZWxldGUiOjEyMDAwMDAwMDAwMDAsInVwZGF0ZSI6MTIwMDAwMDAwMDAwMH19",
          "dependencies": [
            "module.object-storage.oci_objectstorage_bucket.ewp_image_storage"
          ]
        },
        {
          "index_key": 107,
          "schema_version": 0,
          "attributes": {
            "bucket": "ewp_image_store",
            "cache_control": null,
            "content": null,
            "content_disposition": null,
            "content_encoding": null,
            "content_language": null,
            "content_length": "1374887",
            "content_md5": "Igoew/26nQg8kEWoGbcN5g==",
            "content_type": "image/jpeg",
            "delete_all_object_versions": false,
            "id": "n/lr4poue3hwjl/b/ewp_image_store/o/weddings%2FBeth%20and%20Tom%2F47.jpg",
            "metadata": {},
            "namespace": "lr4poue3hwjl",
            "object": "weddings/Beth and Tom/47.jpg",
            "opc_sse_kms_key_id": null,
            "source": "../assets/weddings/Beth and Tom/47.jpg 2016-03-09 09:16:12 +0000 GMT",
            "source_uri_details": [],
            "state": "COMPLETED",
            "storage_tier": "Standard",
            "timeouts": null,
            "version_id": "415f7d78-71ca-4deb-b851-30def8317eed",
            "work_request_id": ""
          },
          "sensitive_attributes": [],
          "private": "eyJlMmJmYjczMC1lY2FhLTExZTYtOGY4OC0zNDM2M2JjN2M0YzAiOnsiY3JlYXRlIjoxMjAwMDAwMDAwMDAwLCJkZWxldGUiOjEyMDAwMDAwMDAwMDAsInVwZGF0ZSI6MTIwMDAwMDAwMDAwMH19",
          "dependencies": [
            "module.object-storage.oci_objectstorage_bucket.ewp_image_storage"
          ]
        },
        {
          "index_key": 108,
          "schema_version": 0,
          "attributes": {
            "bucket": "ewp_image_store",
            "cache_control": null,
            "content": null,
            "content_disposition": null,
            "content_encoding": null,
            "content_language": null,
            "content_length": "1334293",
            "content_md5": "x5rXZu9k3mivKfIcwXxOYg==",
            "content_type": "image/jpeg",
            "delete_all_object_versions": false,
            "id": "n/lr4poue3hwjl/b/ewp_image_store/o/weddings%2FBeth%20and%20Tom%2F48.jpg",
            "metadata": {},
            "namespace": "lr4poue3hwjl",
            "object": "weddings/Beth and Tom/48.jpg",
            "opc_sse_kms_key_id": null,
            "source": "../assets/weddings/Beth and Tom/48.jpg 2016-03-09 09:16:18 +0000 GMT",
            "source_uri_details": [],
            "state": "COMPLETED",
            "storage_tier": "Standard",
            "timeouts": null,
            "version_id": "a1b7b7b4-6cbf-456f-8ce8-c66d1f9edc1c",
            "work_request_id": ""
          },
          "sensitive_attributes": [],
          "private": "eyJlMmJmYjczMC1lY2FhLTExZTYtOGY4OC0zNDM2M2JjN2M0YzAiOnsiY3JlYXRlIjoxMjAwMDAwMDAwMDAwLCJkZWxldGUiOjEyMDAwMDAwMDAwMDAsInVwZGF0ZSI6MTIwMDAwMDAwMDAwMH19",
          "dependencies": [
            "module.object-storage.oci_objectstorage_bucket.ewp_image_storage"
          ]
        },
        {
          "index_key": 109,
          "schema_version": 0,
          "attributes": {
            "bucket": "ewp_image_store",
            "cache_control": null,
            "content": null,
            "content_disposition": null,
            "content_encoding": null,
            "content_language": null,
            "content_length": "1637403",
            "content_md5": "/BVij0g/PLCkpmCnj3TUBQ==",
            "content_type": "image/jpeg",
            "delete_all_object_versions": false,
            "id": "n/lr4poue3hwjl/b/ewp_image_store/o/weddings%2FBeth%20and%20Tom%2F49.jpg",
            "metadata": {},
            "namespace": "lr4poue3hwjl",
            "object": "weddings/Beth and Tom/49.jpg",
            "opc_sse_kms_key_id": null,
            "source": "../assets/weddings/Beth and Tom/49.jpg 2016-03-09 09:16:58 +0000 GMT",
            "source_uri_details": [],
            "state": "COMPLETED",
            "storage_tier": "Standard",
            "timeouts": null,
            "version_id": "fe9f2a56-15e7-4f6e-9e90-57c03b71b2a6",
            "work_request_id": ""
          },
          "sensitive_attributes": [],
          "private": "eyJlMmJmYjczMC1lY2FhLTExZTYtOGY4OC0zNDM2M2JjN2M0YzAiOnsiY3JlYXRlIjoxMjAwMDAwMDAwMDAwLCJkZWxldGUiOjEyMDAwMDAwMDAwMDAsInVwZGF0ZSI6MTIwMDAwMDAwMDAwMH19",
          "dependencies": [
            "module.object-storage.oci_objectstorage_bucket.ewp_image_storage"
          ]
        },
        {
          "index_key": 110,
          "schema_version": 0,
          "attributes": {
            "bucket": "ewp_image_store",
            "cache_control": null,
            "content": null,
            "content_disposition": null,
            "content_encoding": null,
            "content_language": null,
            "content_length": "964776",
            "content_md5": "3dHGxTuoqvjofw7wpic6TA==",
            "content_type": "image/jpeg",
            "delete_all_object_versions": false,
            "id": "n/lr4poue3hwjl/b/ewp_image_store/o/weddings%2FBeth%20and%20Tom%2F5.jpg",
            "metadata": {},
            "namespace": "lr4poue3hwjl",
            "object": "weddings/Beth and Tom/5.jpg",
            "opc_sse_kms_key_id": null,
            "source": "../assets/weddings/Beth and Tom/5.jpg 2016-03-09 09:11:50 +0000 GMT",
            "source_uri_details": [],
            "state": "COMPLETED",
            "storage_tier": "Standard",
            "timeouts": null,
            "version_id": "07e8829c-709f-4970-b05f-a414c73bf82d",
            "work_request_id": ""
          },
          "sensitive_attributes": [],
          "private": "eyJlMmJmYjczMC1lY2FhLTExZTYtOGY4OC0zNDM2M2JjN2M0YzAiOnsiY3JlYXRlIjoxMjAwMDAwMDAwMDAwLCJkZWxldGUiOjEyMDAwMDAwMDAwMDAsInVwZGF0ZSI6MTIwMDAwMDAwMDAwMH19",
          "dependencies": [
            "module.object-storage.oci_objectstorage_bucket.ewp_image_storage"
          ]
        },
        {
          "index_key": 111,
          "schema_version": 0,
          "attributes": {
            "bucket": "ewp_image_store",
            "cache_control": null,
            "content": null,
            "content_disposition": null,
            "content_encoding": null,
            "content_language": null,
            "content_length": "1089817",
            "content_md5": "ibQLEiPI0uWOK1wiXwxUkQ==",
            "content_type": "image/jpeg",
            "delete_all_object_versions": false,
            "id": "n/lr4poue3hwjl/b/ewp_image_store/o/weddings%2FBeth%20and%20Tom%2F50.jpg",
            "metadata": {},
            "namespace": "lr4poue3hwjl",
            "object": "weddings/Beth and Tom/50.jpg",
            "opc_sse_kms_key_id": null,
            "source": "../assets/weddings/Beth and Tom/50.jpg 2016-03-09 09:16:25 +0000 GMT",
            "source_uri_details": [],
            "state": "COMPLETED",
            "storage_tier": "Standard",
            "timeouts": null,
            "version_id": "229af443-deea-4643-b729-1744ecf0bddd",
            "work_request_id": ""
          },
          "sensitive_attributes": [],
          "private": "eyJlMmJmYjczMC1lY2FhLTExZTYtOGY4OC0zNDM2M2JjN2M0YzAiOnsiY3JlYXRlIjoxMjAwMDAwMDAwMDAwLCJkZWxldGUiOjEyMDAwMDAwMDAwMDAsInVwZGF0ZSI6MTIwMDAwMDAwMDAwMH19",
          "dependencies": [
            "module.object-storage.oci_objectstorage_bucket.ewp_image_storage"
          ]
        },
        {
          "index_key": 112,
          "schema_version": 0,
          "attributes": {
            "bucket": "ewp_image_store",
            "cache_control": null,
            "content": null,
            "content_disposition": null,
            "content_encoding": null,
            "content_language": null,
            "content_length": "1319237",
            "content_md5": "Buu02iaqQ71mJhJHuBko6w==",
            "content_type": "image/jpeg",
            "delete_all_object_versions": false,
            "id": "n/lr4poue3hwjl/b/ewp_image_store/o/weddings%2FBeth%20and%20Tom%2F51.jpg",
            "metadata": {},
            "namespace": "lr4poue3hwjl",
            "object": "weddings/Beth and Tom/51.jpg",
            "opc_sse_kms_key_id": null,
            "source": "../assets/weddings/Beth and Tom/51.jpg 2016-03-09 09:16:30 +0000 GMT",
            "source_uri_details": [],
            "state": "COMPLETED",
            "storage_tier": "Standard",
            "timeouts": null,
            "version_id": "a4c67f00-ea5e-4e0b-81c0-96d7e92f8cff",
            "work_request_id": ""
          },
          "sensitive_attributes": [],
          "private": "eyJlMmJmYjczMC1lY2FhLTExZTYtOGY4OC0zNDM2M2JjN2M0YzAiOnsiY3JlYXRlIjoxMjAwMDAwMDAwMDAwLCJkZWxldGUiOjEyMDAwMDAwMDAwMDAsInVwZGF0ZSI6MTIwMDAwMDAwMDAwMH19",
          "dependencies": [
            "module.object-storage.oci_objectstorage_bucket.ewp_image_storage"
          ]
        },
        {
          "index_key": 113,
          "schema_version": 0,
          "attributes": {
            "bucket": "ewp_image_store",
            "cache_control": null,
            "content": null,
            "content_disposition": null,
            "content_encoding": null,
            "content_language": null,
            "content_length": "1264901",
            "content_md5": "iJs/VeBjvekCdQv1S4laLQ==",
            "content_type": "image/jpeg",
            "delete_all_object_versions": false,
            "id": "n/lr4poue3hwjl/b/ewp_image_store/o/weddings%2FBeth%20and%20Tom%2F52.jpg",
            "metadata": {},
            "namespace": "lr4poue3hwjl",
            "object": "weddings/Beth and Tom/52.jpg",
            "opc_sse_kms_key_id": null,
            "source": "../assets/weddings/Beth and Tom/52.jpg 2016-03-09 09:16:36 +0000 GMT",
            "source_uri_details": [],
            "state": "COMPLETED",
            "storage_tier": "Standard",
            "timeouts": null,
            "version_id": "5467a356-1311-499b-972b-b20ccde19bb2",
            "work_request_id": ""
          },
          "sensitive_attributes": [],
          "private": "eyJlMmJmYjczMC1lY2FhLTExZTYtOGY4OC0zNDM2M2JjN2M0YzAiOnsiY3JlYXRlIjoxMjAwMDAwMDAwMDAwLCJkZWxldGUiOjEyMDAwMDAwMDAwMDAsInVwZGF0ZSI6MTIwMDAwMDAwMDAwMH19",
          "dependencies": [
            "module.object-storage.oci_objectstorage_bucket.ewp_image_storage"
          ]
        },
        {
          "index_key": 114,
          "schema_version": 0,
          "attributes": {
            "bucket": "ewp_image_store",
            "cache_control": null,
            "content": null,
            "content_disposition": null,
            "content_encoding": null,
            "content_language": null,
            "content_length": "873860",
            "content_md5": "7qzhVxzd+Obr0nU3umKlHw==",
            "content_type": "image/jpeg",
            "delete_all_object_versions": false,
            "id": "n/lr4poue3hwjl/b/ewp_image_store/o/weddings%2FBeth%20and%20Tom%2F53.jpg",
            "metadata": {},
            "namespace": "lr4poue3hwjl",
            "object": "weddings/Beth and Tom/53.jpg",
            "opc_sse_kms_key_id": null,
            "source": "../assets/weddings/Beth and Tom/53.jpg 2016-03-09 09:16:41 +0000 GMT",
            "source_uri_details": [],
            "state": "COMPLETED",
            "storage_tier": "Standard",
            "timeouts": null,
            "version_id": "fac2b908-25fc-48bc-8f5a-329950128214",
            "work_request_id": ""
          },
          "sensitive_attributes": [],
          "private": "eyJlMmJmYjczMC1lY2FhLTExZTYtOGY4OC0zNDM2M2JjN2M0YzAiOnsiY3JlYXRlIjoxMjAwMDAwMDAwMDAwLCJkZWxldGUiOjEyMDAwMDAwMDAwMDAsInVwZGF0ZSI6MTIwMDAwMDAwMDAwMH19",
          "dependencies": [
            "module.object-storage.oci_objectstorage_bucket.ewp_image_storage"
          ]
        },
        {
          "index_key": 115,
          "schema_version": 0,
          "attributes": {
            "bucket": "ewp_image_store",
            "cache_control": null,
            "content": null,
            "content_disposition": null,
            "content_encoding": null,
            "content_language": null,
            "content_length": "1058427",
            "content_md5": "Hy2aJku83Kr6VCgBTUBz3w==",
            "content_type": "image/jpeg",
            "delete_all_object_versions": false,
            "id": "n/lr4poue3hwjl/b/ewp_image_store/o/weddings%2FBeth%20and%20Tom%2F54.jpg",
            "metadata": {},
            "namespace": "lr4poue3hwjl",
            "object": "weddings/Beth and Tom/54.jpg",
            "opc_sse_kms_key_id": null,
            "source": "../assets/weddings/Beth and Tom/54.jpg 2016-03-09 09:16:47 +0000 GMT",
            "source_uri_details": [],
            "state": "COMPLETED",
            "storage_tier": "Standard",
            "timeouts": null,
            "version_id": "c44e865f-64b1-4c66-af01-421e0bdf88ad",
            "work_request_id": ""
          },
          "sensitive_attributes": [],
          "private": "eyJlMmJmYjczMC1lY2FhLTExZTYtOGY4OC0zNDM2M2JjN2M0YzAiOnsiY3JlYXRlIjoxMjAwMDAwMDAwMDAwLCJkZWxldGUiOjEyMDAwMDAwMDAwMDAsInVwZGF0ZSI6MTIwMDAwMDAwMDAwMH19",
          "dependencies": [
            "module.object-storage.oci_objectstorage_bucket.ewp_image_storage"
          ]
        },
        {
          "index_key": 116,
          "schema_version": 0,
          "attributes": {
            "bucket": "ewp_image_store",
            "cache_control": null,
            "content": null,
            "content_disposition": null,
            "content_encoding": null,
            "content_language": null,
            "content_length": "1625997",
            "content_md5": "+KEWCH+AzLJPx2dwg7SfXw==",
            "content_type": "image/jpeg",
            "delete_all_object_versions": false,
            "id": "n/lr4poue3hwjl/b/ewp_image_store/o/weddings%2FBeth%20and%20Tom%2F55.jpg",
            "metadata": {},
            "namespace": "lr4poue3hwjl",
            "object": "weddings/Beth and Tom/55.jpg",
            "opc_sse_kms_key_id": null,
            "source": "../assets/weddings/Beth and Tom/55.jpg 2016-03-09 09:16:53 +0000 GMT",
            "source_uri_details": [],
            "state": "COMPLETED",
            "storage_tier": "Standard",
            "timeouts": null,
            "version_id": "3a786e3d-34b3-4410-b807-fac40db96b79",
            "work_request_id": ""
          },
          "sensitive_attributes": [],
          "private": "eyJlMmJmYjczMC1lY2FhLTExZTYtOGY4OC0zNDM2M2JjN2M0YzAiOnsiY3JlYXRlIjoxMjAwMDAwMDAwMDAwLCJkZWxldGUiOjEyMDAwMDAwMDAwMDAsInVwZGF0ZSI6MTIwMDAwMDAwMDAwMH19",
          "dependencies": [
            "module.object-storage.oci_objectstorage_bucket.ewp_image_storage"
          ]
        },
        {
          "index_key": 117,
          "schema_version": 0,
          "attributes": {
            "bucket": "ewp_image_store",
            "cache_control": null,
            "content": null,
            "content_disposition": null,
            "content_encoding": null,
            "content_language": null,
            "content_length": "1424842",
            "content_md5": "z5v2XH2fbHefESo3ht831w==",
            "content_type": "image/jpeg",
            "delete_all_object_versions": false,
            "id": "n/lr4poue3hwjl/b/ewp_image_store/o/weddings%2FBeth%20and%20Tom%2F56.jpg",
            "metadata": {},
            "namespace": "lr4poue3hwjl",
            "object": "weddings/Beth and Tom/56.jpg",
            "opc_sse_kms_key_id": null,
            "source": "../assets/weddings/Beth and Tom/56.jpg 2016-03-09 09:17:14 +0000 GMT",
            "source_uri_details": [],
            "state": "COMPLETED",
            "storage_tier": "Standard",
            "timeouts": null,
            "version_id": "2d95edea-bf28-4212-9ca1-23f27e1c4503",
            "work_request_id": ""
          },
          "sensitive_attributes": [],
          "private": "eyJlMmJmYjczMC1lY2FhLTExZTYtOGY4OC0zNDM2M2JjN2M0YzAiOnsiY3JlYXRlIjoxMjAwMDAwMDAwMDAwLCJkZWxldGUiOjEyMDAwMDAwMDAwMDAsInVwZGF0ZSI6MTIwMDAwMDAwMDAwMH19",
          "dependencies": [
            "module.object-storage.oci_objectstorage_bucket.ewp_image_storage"
          ]
        },
        {
          "index_key": 118,
          "schema_version": 0,
          "attributes": {
            "bucket": "ewp_image_store",
            "cache_control": null,
            "content": null,
            "content_disposition": null,
            "content_encoding": null,
            "content_language": null,
            "content_length": "736903",
            "content_md5": "CyPC3LULRXq0Hy8c5O74AA==",
            "content_type": "image/jpeg",
            "delete_all_object_versions": false,
            "id": "n/lr4poue3hwjl/b/ewp_image_store/o/weddings%2FBeth%20and%20Tom%2F57.jpg",
            "metadata": {},
            "namespace": "lr4poue3hwjl",
            "object": "weddings/Beth and Tom/57.jpg",
            "opc_sse_kms_key_id": null,
            "source": "../assets/weddings/Beth and Tom/57.jpg 2016-03-09 09:17:04 +0000 GMT",
            "source_uri_details": [],
            "state": "COMPLETED",
            "storage_tier": "Standard",
            "timeouts": null,
            "version_id": "a933ecbc-fb2e-4eb8-8d0b-d4a61b72d197",
            "work_request_id": ""
          },
          "sensitive_attributes": [],
          "private": "eyJlMmJmYjczMC1lY2FhLTExZTYtOGY4OC0zNDM2M2JjN2M0YzAiOnsiY3JlYXRlIjoxMjAwMDAwMDAwMDAwLCJkZWxldGUiOjEyMDAwMDAwMDAwMDAsInVwZGF0ZSI6MTIwMDAwMDAwMDAwMH19",
          "dependencies": [
            "module.object-storage.oci_objectstorage_bucket.ewp_image_storage"
          ]
        },
        {
          "index_key": 119,
          "schema_version": 0,
          "attributes": {
            "bucket": "ewp_image_store",
            "cache_control": null,
            "content": null,
            "content_disposition": null,
            "content_encoding": null,
            "content_language": null,
            "content_length": "778268",
            "content_md5": "RPAzMwUGqhb2o14MD8Xzaw==",
            "content_type": "image/jpeg",
            "delete_all_object_versions": false,
            "id": "n/lr4poue3hwjl/b/ewp_image_store/o/weddings%2FBeth%20and%20Tom%2F58.jpg",
            "metadata": {},
            "namespace": "lr4poue3hwjl",
            "object": "weddings/Beth and Tom/58.jpg",
            "opc_sse_kms_key_id": null,
            "source": "../assets/weddings/Beth and Tom/58.jpg 2016-03-09 09:17:09 +0000 GMT",
            "source_uri_details": [],
            "state": "COMPLETED",
            "storage_tier": "Standard",
            "timeouts": null,
            "version_id": "4d42752f-3474-4b87-aeaf-c62c7178e662",
            "work_request_id": ""
          },
          "sensitive_attributes": [],
          "private": "eyJlMmJmYjczMC1lY2FhLTExZTYtOGY4OC0zNDM2M2JjN2M0YzAiOnsiY3JlYXRlIjoxMjAwMDAwMDAwMDAwLCJkZWxldGUiOjEyMDAwMDAwMDAwMDAsInVwZGF0ZSI6MTIwMDAwMDAwMDAwMH19",
          "dependencies": [
            "module.object-storage.oci_objectstorage_bucket.ewp_image_storage"
          ]
        },
        {
          "index_key": 120,
          "schema_version": 0,
          "attributes": {
            "bucket": "ewp_image_store",
            "cache_control": null,
            "content": null,
            "content_disposition": null,
            "content_encoding": null,
            "content_language": null,
            "content_length": "724218",
            "content_md5": "aQtctt1g2rS10uD/b/MLnQ==",
            "content_type": "image/jpeg",
            "delete_all_object_versions": false,
            "id": "n/lr4poue3hwjl/b/ewp_image_store/o/weddings%2FBeth%20and%20Tom%2F59.jpg",
            "metadata": {},
            "namespace": "lr4poue3hwjl",
            "object": "weddings/Beth and Tom/59.jpg",
            "opc_sse_kms_key_id": null,
            "source": "../assets/weddings/Beth and Tom/59.jpg 2016-03-09 09:17:20 +0000 GMT",
            "source_uri_details": [],
            "state": "COMPLETED",
            "storage_tier": "Standard",
            "timeouts": null,
            "version_id": "cfeb3429-05ce-4007-b1d5-400924497a57",
            "work_request_id": ""
          },
          "sensitive_attributes": [],
          "private": "eyJlMmJmYjczMC1lY2FhLTExZTYtOGY4OC0zNDM2M2JjN2M0YzAiOnsiY3JlYXRlIjoxMjAwMDAwMDAwMDAwLCJkZWxldGUiOjEyMDAwMDAwMDAwMDAsInVwZGF0ZSI6MTIwMDAwMDAwMDAwMH19",
          "dependencies": [
            "module.object-storage.oci_objectstorage_bucket.ewp_image_storage"
          ]
        },
        {
          "index_key": 121,
          "schema_version": 0,
          "attributes": {
            "bucket": "ewp_image_store",
            "cache_control": null,
            "content": null,
            "content_disposition": null,
            "content_encoding": null,
            "content_language": null,
            "content_length": "1185967",
            "content_md5": "MdXnIdT7yQkiz1rrVgU2Tg==",
            "content_type": "image/jpeg",
            "delete_all_object_versions": false,
            "id": "n/lr4poue3hwjl/b/ewp_image_store/o/weddings%2FBeth%20and%20Tom%2F6.jpg",
            "metadata": {},
            "namespace": "lr4poue3hwjl",
            "object": "weddings/Beth and Tom/6.jpg",
            "opc_sse_kms_key_id": null,
            "source": "../assets/weddings/Beth and Tom/6.jpg 2016-03-09 09:11:56 +0000 GMT",
            "source_uri_details": [],
            "state": "COMPLETED",
            "storage_tier": "Standard",
            "timeouts": null,
            "version_id": "43452e31-cb4a-4c15-9863-f0101ff730dc",
            "work_request_id": ""
          },
          "sensitive_attributes": [],
          "private": "eyJlMmJmYjczMC1lY2FhLTExZTYtOGY4OC0zNDM2M2JjN2M0YzAiOnsiY3JlYXRlIjoxMjAwMDAwMDAwMDAwLCJkZWxldGUiOjEyMDAwMDAwMDAwMDAsInVwZGF0ZSI6MTIwMDAwMDAwMDAwMH19",
          "dependencies": [
            "module.object-storage.oci_objectstorage_bucket.ewp_image_storage"
          ]
        },
        {
          "index_key": 122,
          "schema_version": 0,
          "attributes": {
            "bucket": "ewp_image_store",
            "cache_control": null,
            "content": null,
            "content_disposition": null,
            "content_encoding": null,
            "content_language": null,
            "content_length": "1198203",
            "content_md5": "bvVO3z2ZmF8pZTXHiqD6Jg==",
            "content_type": "image/jpeg",
            "delete_all_object_versions": false,
            "id": "n/lr4poue3hwjl/b/ewp_image_store/o/weddings%2FBeth%20and%20Tom%2F60.jpg",
            "metadata": {},
            "namespace": "lr4poue3hwjl",
            "object": "weddings/Beth and Tom/60.jpg",
            "opc_sse_kms_key_id": null,
            "source": "../assets/weddings/Beth and Tom/60.jpg 2016-03-09 09:17:25 +0000 GMT",
            "source_uri_details": [],
            "state": "COMPLETED",
            "storage_tier": "Standard",
            "timeouts": null,
            "version_id": "f7c01fe7-618b-4495-83bc-4640f6df1317",
            "work_request_id": ""
          },
          "sensitive_attributes": [],
          "private": "eyJlMmJmYjczMC1lY2FhLTExZTYtOGY4OC0zNDM2M2JjN2M0YzAiOnsiY3JlYXRlIjoxMjAwMDAwMDAwMDAwLCJkZWxldGUiOjEyMDAwMDAwMDAwMDAsInVwZGF0ZSI6MTIwMDAwMDAwMDAwMH19",
          "dependencies": [
            "module.object-storage.oci_objectstorage_bucket.ewp_image_storage"
          ]
        },
        {
          "index_key": 123,
          "schema_version": 0,
          "attributes": {
            "bucket": "ewp_image_store",
            "cache_control": null,
            "content": null,
            "content_disposition": null,
            "content_encoding": null,
            "content_language": null,
            "content_length": "356816",
            "content_md5": "n2t0NgD0dxBkEPPCy9YVMQ==",
            "content_type": "image/jpeg",
            "delete_all_object_versions": false,
            "id": "n/lr4poue3hwjl/b/ewp_image_store/o/weddings%2FBeth%20and%20Tom%2F61.jpg",
            "metadata": {},
            "namespace": "lr4poue3hwjl",
            "object": "weddings/Beth and Tom/61.jpg",
            "opc_sse_kms_key_id": null,
            "source": "../assets/weddings/Beth and Tom/61.jpg 2016-03-09 09:17:31 +0000 GMT",
            "source_uri_details": [],
            "state": "COMPLETED",
            "storage_tier": "Standard",
            "timeouts": null,
            "version_id": "2a47b675-8aee-455b-bbe6-5b3d76bd8669",
            "work_request_id": ""
          },
          "sensitive_attributes": [],
          "private": "eyJlMmJmYjczMC1lY2FhLTExZTYtOGY4OC0zNDM2M2JjN2M0YzAiOnsiY3JlYXRlIjoxMjAwMDAwMDAwMDAwLCJkZWxldGUiOjEyMDAwMDAwMDAwMDAsInVwZGF0ZSI6MTIwMDAwMDAwMDAwMH19",
          "dependencies": [
            "module.object-storage.oci_objectstorage_bucket.ewp_image_storage"
          ]
        },
        {
          "index_key": 124,
          "schema_version": 0,
          "attributes": {
            "bucket": "ewp_image_store",
            "cache_control": null,
            "content": null,
            "content_disposition": null,
            "content_encoding": null,
            "content_language": null,
            "content_length": "544106",
            "content_md5": "gSXudt4qk8kIdkjJAvciyw==",
            "content_type": "image/jpeg",
            "delete_all_object_versions": false,
            "id": "n/lr4poue3hwjl/b/ewp_image_store/o/weddings%2FBeth%20and%20Tom%2F62.jpg",
            "metadata": {},
            "namespace": "lr4poue3hwjl",
            "object": "weddings/Beth and Tom/62.jpg",
            "opc_sse_kms_key_id": null,
            "source": "../assets/weddings/Beth and Tom/62.jpg 2016-03-09 09:17:36 +0000 GMT",
            "source_uri_details": [],
            "state": "COMPLETED",
            "storage_tier": "Standard",
            "timeouts": null,
            "version_id": "482f11b3-9e02-4ca8-b346-498c513dc20d",
            "work_request_id": ""
          },
          "sensitive_attributes": [],
          "private": "eyJlMmJmYjczMC1lY2FhLTExZTYtOGY4OC0zNDM2M2JjN2M0YzAiOnsiY3JlYXRlIjoxMjAwMDAwMDAwMDAwLCJkZWxldGUiOjEyMDAwMDAwMDAwMDAsInVwZGF0ZSI6MTIwMDAwMDAwMDAwMH19",
          "dependencies": [
            "module.object-storage.oci_objectstorage_bucket.ewp_image_storage"
          ]
        },
        {
          "index_key": 125,
          "schema_version": 0,
          "attributes": {
            "bucket": "ewp_image_store",
            "cache_control": null,
            "content": null,
            "content_disposition": null,
            "content_encoding": null,
            "content_language": null,
            "content_length": "853682",
            "content_md5": "KcS4h538JbwI+oxpLfbr+g==",
            "content_type": "image/jpeg",
            "delete_all_object_versions": false,
            "id": "n/lr4poue3hwjl/b/ewp_image_store/o/weddings%2FBeth%20and%20Tom%2F63.jpg",
            "metadata": {},
            "namespace": "lr4poue3hwjl",
            "object": "weddings/Beth and Tom/63.jpg",
            "opc_sse_kms_key_id": null,
            "source": "../assets/weddings/Beth and Tom/63.jpg 2016-03-09 09:17:42 +0000 GMT",
            "source_uri_details": [],
            "state": "COMPLETED",
            "storage_tier": "Standard",
            "timeouts": null,
            "version_id": "6c2deea8-54b5-4166-9ebe-5e1bfebad37e",
            "work_request_id": ""
          },
          "sensitive_attributes": [],
          "private": "eyJlMmJmYjczMC1lY2FhLTExZTYtOGY4OC0zNDM2M2JjN2M0YzAiOnsiY3JlYXRlIjoxMjAwMDAwMDAwMDAwLCJkZWxldGUiOjEyMDAwMDAwMDAwMDAsInVwZGF0ZSI6MTIwMDAwMDAwMDAwMH19",
          "dependencies": [
            "module.object-storage.oci_objectstorage_bucket.ewp_image_storage"
          ]
        },
        {
          "index_key": 126,
          "schema_version": 0,
          "attributes": {
            "bucket": "ewp_image_store",
            "cache_control": null,
            "content": null,
            "content_disposition": null,
            "content_encoding": null,
            "content_language": null,
            "content_length": "1338083",
            "content_md5": "4Z1H7yuDRfK+mWilsogWEQ==",
            "content_type": "image/jpeg",
            "delete_all_object_versions": false,
            "id": "n/lr4poue3hwjl/b/ewp_image_store/o/weddings%2FBeth%20and%20Tom%2F64.jpg",
            "metadata": {},
            "namespace": "lr4poue3hwjl",
            "object": "weddings/Beth and Tom/64.jpg",
            "opc_sse_kms_key_id": null,
            "source": "../assets/weddings/Beth and Tom/64.jpg 2016-03-09 09:17:48 +0000 GMT",
            "source_uri_details": [],
            "state": "COMPLETED",
            "storage_tier": "Standard",
            "timeouts": null,
            "version_id": "145394c4-a923-45de-b9f0-fa72fd734f79",
            "work_request_id": ""
          },
          "sensitive_attributes": [],
          "private": "eyJlMmJmYjczMC1lY2FhLTExZTYtOGY4OC0zNDM2M2JjN2M0YzAiOnsiY3JlYXRlIjoxMjAwMDAwMDAwMDAwLCJkZWxldGUiOjEyMDAwMDAwMDAwMDAsInVwZGF0ZSI6MTIwMDAwMDAwMDAwMH19",
          "dependencies": [
            "module.object-storage.oci_objectstorage_bucket.ewp_image_storage"
          ]
        },
        {
          "index_key": 127,
          "schema_version": 0,
          "attributes": {
            "bucket": "ewp_image_store",
            "cache_control": null,
            "content": null,
            "content_disposition": null,
            "content_encoding": null,
            "content_language": null,
            "content_length": "839306",
            "content_md5": "vHsNeRbWD7jZ5uh/+6V9VA==",
            "content_type": "image/jpeg",
            "delete_all_object_versions": false,
            "id": "n/lr4poue3hwjl/b/ewp_image_store/o/weddings%2FBeth%20and%20Tom%2F65.jpg",
            "metadata": {},
            "namespace": "lr4poue3hwjl",
            "object": "weddings/Beth and Tom/65.jpg",
            "opc_sse_kms_key_id": null,
            "source": "../assets/weddings/Beth and Tom/65.jpg 2016-03-09 09:17:54 +0000 GMT",
            "source_uri_details": [],
            "state": "COMPLETED",
            "storage_tier": "Standard",
            "timeouts": null,
            "version_id": "64f2dcac-51c1-42ac-8fc8-95dd1f0109bb",
            "work_request_id": ""
          },
          "sensitive_attributes": [],
          "private": "eyJlMmJmYjczMC1lY2FhLTExZTYtOGY4OC0zNDM2M2JjN2M0YzAiOnsiY3JlYXRlIjoxMjAwMDAwMDAwMDAwLCJkZWxldGUiOjEyMDAwMDAwMDAwMDAsInVwZGF0ZSI6MTIwMDAwMDAwMDAwMH19",
          "dependencies": [
            "module.object-storage.oci_objectstorage_bucket.ewp_image_storage"
          ]
        },
        {
          "index_key": 128,
          "schema_version": 0,
          "attributes": {
            "bucket": "ewp_image_store",
            "cache_control": null,
            "content": null,
            "content_disposition": null,
            "content_encoding": null,
            "content_language": null,
            "content_length": "1266247",
            "content_md5": "fhGEsAM30vwEtTRiKHGqXQ==",
            "content_type": "image/jpeg",
            "delete_all_object_versions": false,
            "id": "n/lr4poue3hwjl/b/ewp_image_store/o/weddings%2FBeth%20and%20Tom%2F66.jpg",
            "metadata": {},
            "namespace": "lr4poue3hwjl",
            "object": "weddings/Beth and Tom/66.jpg",
            "opc_sse_kms_key_id": null,
            "source": "../assets/weddings/Beth and Tom/66.jpg 2016-03-09 09:18:00 +0000 GMT",
            "source_uri_details": [],
            "state": "COMPLETED",
            "storage_tier": "Standard",
            "timeouts": null,
            "version_id": "f8b3ddb8-7df8-4a97-b771-12e3c9e7a7a8",
            "work_request_id": ""
          },
          "sensitive_attributes": [],
          "private": "eyJlMmJmYjczMC1lY2FhLTExZTYtOGY4OC0zNDM2M2JjN2M0YzAiOnsiY3JlYXRlIjoxMjAwMDAwMDAwMDAwLCJkZWxldGUiOjEyMDAwMDAwMDAwMDAsInVwZGF0ZSI6MTIwMDAwMDAwMDAwMH19",
          "dependencies": [
            "module.object-storage.oci_objectstorage_bucket.ewp_image_storage"
          ]
        },
        {
          "index_key": 129,
          "schema_version": 0,
          "attributes": {
            "bucket": "ewp_image_store",
            "cache_control": null,
            "content": null,
            "content_disposition": null,
            "content_encoding": null,
            "content_language": null,
            "content_length": "1339736",
            "content_md5": "wiWIQEdmQXZRXPYIoY0Cog==",
            "content_type": "image/jpeg",
            "delete_all_object_versions": false,
            "id": "n/lr4poue3hwjl/b/ewp_image_store/o/weddings%2FBeth%20and%20Tom%2F67.jpg",
            "metadata": {},
            "namespace": "lr4poue3hwjl",
            "object": "weddings/Beth and Tom/67.jpg",
            "opc_sse_kms_key_id": null,
            "source": "../assets/weddings/Beth and Tom/67.jpg 2016-03-09 09:18:07 +0000 GMT",
            "source_uri_details": [],
            "state": "COMPLETED",
            "storage_tier": "Standard",
            "timeouts": null,
            "version_id": "79fbab67-4edf-4b4d-8db1-b58b813d81a8",
            "work_request_id": ""
          },
          "sensitive_attributes": [],
          "private": "eyJlMmJmYjczMC1lY2FhLTExZTYtOGY4OC0zNDM2M2JjN2M0YzAiOnsiY3JlYXRlIjoxMjAwMDAwMDAwMDAwLCJkZWxldGUiOjEyMDAwMDAwMDAwMDAsInVwZGF0ZSI6MTIwMDAwMDAwMDAwMH19",
          "dependencies": [
            "module.object-storage.oci_objectstorage_bucket.ewp_image_storage"
          ]
        },
        {
          "index_key": 130,
          "schema_version": 0,
          "attributes": {
            "bucket": "ewp_image_store",
            "cache_control": null,
            "content": null,
            "content_disposition": null,
            "content_encoding": null,
            "content_language": null,
            "content_length": "1137663",
            "content_md5": "aIVKo7bNTWsLRM7NCLYsPQ==",
            "content_type": "image/jpeg",
            "delete_all_object_versions": false,
            "id": "n/lr4poue3hwjl/b/ewp_image_store/o/weddings%2FBeth%20and%20Tom%2F68.jpg",
            "metadata": {},
            "namespace": "lr4poue3hwjl",
            "object": "weddings/Beth and Tom/68.jpg",
            "opc_sse_kms_key_id": null,
            "source": "../assets/weddings/Beth and Tom/68.jpg 2016-03-09 09:18:13 +0000 GMT",
            "source_uri_details": [],
            "state": "COMPLETED",
            "storage_tier": "Standard",
            "timeouts": null,
            "version_id": "2755b085-f42c-40e1-a388-c28ef138b66f",
            "work_request_id": ""
          },
          "sensitive_attributes": [],
          "private": "eyJlMmJmYjczMC1lY2FhLTExZTYtOGY4OC0zNDM2M2JjN2M0YzAiOnsiY3JlYXRlIjoxMjAwMDAwMDAwMDAwLCJkZWxldGUiOjEyMDAwMDAwMDAwMDAsInVwZGF0ZSI6MTIwMDAwMDAwMDAwMH19",
          "dependencies": [
            "module.object-storage.oci_objectstorage_bucket.ewp_image_storage"
          ]
        },
        {
          "index_key": 131,
          "schema_version": 0,
          "attributes": {
            "bucket": "ewp_image_store",
            "cache_control": null,
            "content": null,
            "content_disposition": null,
            "content_encoding": null,
            "content_language": null,
            "content_length": "809334",
            "content_md5": "ZPIdduhV71/fxw7tVbjvfQ==",
            "content_type": "image/jpeg",
            "delete_all_object_versions": false,
            "id": "n/lr4poue3hwjl/b/ewp_image_store/o/weddings%2FBeth%20and%20Tom%2F69.jpg",
            "metadata": {},
            "namespace": "lr4poue3hwjl",
            "object": "weddings/Beth and Tom/69.jpg",
            "opc_sse_kms_key_id": null,
            "source": "../assets/weddings/Beth and Tom/69.jpg 2016-03-09 09:18:19 +0000 GMT",
            "source_uri_details": [],
            "state": "COMPLETED",
            "storage_tier": "Standard",
            "timeouts": null,
            "version_id": "7bb5dbae-16cc-4922-9dc8-f15252540608",
            "work_request_id": ""
          },
          "sensitive_attributes": [],
          "private": "eyJlMmJmYjczMC1lY2FhLTExZTYtOGY4OC0zNDM2M2JjN2M0YzAiOnsiY3JlYXRlIjoxMjAwMDAwMDAwMDAwLCJkZWxldGUiOjEyMDAwMDAwMDAwMDAsInVwZGF0ZSI6MTIwMDAwMDAwMDAwMH19",
          "dependencies": [
            "module.object-storage.oci_objectstorage_bucket.ewp_image_storage"
          ]
        },
        {
          "index_key": 132,
          "schema_version": 0,
          "attributes": {
            "bucket": "ewp_image_store",
            "cache_control": null,
            "content": null,
            "content_disposition": null,
            "content_encoding": null,
            "content_language": null,
            "content_length": "405318",
            "content_md5": "Wq7sCmkwpHLFKhhe/Qbz0g==",
            "content_type": "image/jpeg",
            "delete_all_object_versions": false,
            "id": "n/lr4poue3hwjl/b/ewp_image_store/o/weddings%2FBeth%20and%20Tom%2F7.jpg",
            "metadata": {},
            "namespace": "lr4poue3hwjl",
            "object": "weddings/Beth and Tom/7.jpg",
            "opc_sse_kms_key_id": null,
            "source": "../assets/weddings/Beth and Tom/7.jpg 2016-03-09 09:12:02 +0000 GMT",
            "source_uri_details": [],
            "state": "COMPLETED",
            "storage_tier": "Standard",
            "timeouts": null,
            "version_id": "cf1e43e0-8183-41e4-a098-c684d507fdc8",
            "work_request_id": ""
          },
          "sensitive_attributes": [],
          "private": "eyJlMmJmYjczMC1lY2FhLTExZTYtOGY4OC0zNDM2M2JjN2M0YzAiOnsiY3JlYXRlIjoxMjAwMDAwMDAwMDAwLCJkZWxldGUiOjEyMDAwMDAwMDAwMDAsInVwZGF0ZSI6MTIwMDAwMDAwMDAwMH19",
          "dependencies": [
            "module.object-storage.oci_objectstorage_bucket.ewp_image_storage"
          ]
        },
        {
          "index_key": 133,
          "schema_version": 0,
          "attributes": {
            "bucket": "ewp_image_store",
            "cache_control": null,
            "content": null,
            "content_disposition": null,
            "content_encoding": null,
            "content_language": null,
            "content_length": "1037882",
            "content_md5": "RlW4f5wE6kVkxUFGYi7SMg==",
            "content_type": "image/jpeg",
            "delete_all_object_versions": false,
            "id": "n/lr4poue3hwjl/b/ewp_image_store/o/weddings%2FBeth%20and%20Tom%2F70.jpg",
            "metadata": {},
            "namespace": "lr4poue3hwjl",
            "object": "weddings/Beth and Tom/70.jpg",
            "opc_sse_kms_key_id": null,
            "source": "../assets/weddings/Beth and Tom/70.jpg 2016-03-09 09:18:25 +0000 GMT",
            "source_uri_details": [],
            "state": "COMPLETED",
            "storage_tier": "Standard",
            "timeouts": null,
            "version_id": "16b5b438-1f5c-4bcc-ad4d-6ca726e071cd",
            "work_request_id": ""
          },
          "sensitive_attributes": [],
          "private": "eyJlMmJmYjczMC1lY2FhLTExZTYtOGY4OC0zNDM2M2JjN2M0YzAiOnsiY3JlYXRlIjoxMjAwMDAwMDAwMDAwLCJkZWxldGUiOjEyMDAwMDAwMDAwMDAsInVwZGF0ZSI6MTIwMDAwMDAwMDAwMH19",
          "dependencies": [
            "module.object-storage.oci_objectstorage_bucket.ewp_image_storage"
          ]
        },
        {
          "index_key": 134,
          "schema_version": 0,
          "attributes": {
            "bucket": "ewp_image_store",
            "cache_control": null,
            "content": null,
            "content_disposition": null,
            "content_encoding": null,
            "content_language": null,
            "content_length": "400948",
            "content_md5": "IZZJeOEovyQvvy1gX+hcgA==",
            "content_type": "image/jpeg",
            "delete_all_object_versions": false,
            "id": "n/lr4poue3hwjl/b/ewp_image_store/o/weddings%2FBeth%20and%20Tom%2F71.jpg",
            "metadata": {},
            "namespace": "lr4poue3hwjl",
            "object": "weddings/Beth and Tom/71.jpg",
            "opc_sse_kms_key_id": null,
            "source": "../assets/weddings/Beth and Tom/71.jpg 2016-03-09 09:18:30 +0000 GMT",
            "source_uri_details": [],
            "state": "COMPLETED",
            "storage_tier": "Standard",
            "timeouts": null,
            "version_id": "db1d2376-935a-4301-ac13-46d886fd4183",
            "work_request_id": ""
          },
          "sensitive_attributes": [],
          "private": "eyJlMmJmYjczMC1lY2FhLTExZTYtOGY4OC0zNDM2M2JjN2M0YzAiOnsiY3JlYXRlIjoxMjAwMDAwMDAwMDAwLCJkZWxldGUiOjEyMDAwMDAwMDAwMDAsInVwZGF0ZSI6MTIwMDAwMDAwMDAwMH19",
          "dependencies": [
            "module.object-storage.oci_objectstorage_bucket.ewp_image_storage"
          ]
        },
        {
          "index_key": 135,
          "schema_version": 0,
          "attributes": {
            "bucket": "ewp_image_store",
            "cache_control": null,
            "content": null,
            "content_disposition": null,
            "content_encoding": null,
            "content_language": null,
            "content_length": "493703",
            "content_md5": "DUJ4DJ97F5S3lqtOsihs8w==",
            "content_type": "image/jpeg",
            "delete_all_object_versions": false,
            "id": "n/lr4poue3hwjl/b/ewp_image_store/o/weddings%2FBeth%20and%20Tom%2F72.jpg",
            "metadata": {},
            "namespace": "lr4poue3hwjl",
            "object": "weddings/Beth and Tom/72.jpg",
            "opc_sse_kms_key_id": null,
            "source": "../assets/weddings/Beth and Tom/72.jpg 2016-03-09 09:18:36 +0000 GMT",
            "source_uri_details": [],
            "state": "COMPLETED",
            "storage_tier": "Standard",
            "timeouts": null,
            "version_id": "edd51288-f678-4639-9123-96d0f7964495",
            "work_request_id": ""
          },
          "sensitive_attributes": [],
          "private": "eyJlMmJmYjczMC1lY2FhLTExZTYtOGY4OC0zNDM2M2JjN2M0YzAiOnsiY3JlYXRlIjoxMjAwMDAwMDAwMDAwLCJkZWxldGUiOjEyMDAwMDAwMDAwMDAsInVwZGF0ZSI6MTIwMDAwMDAwMDAwMH19",
          "dependencies": [
            "module.object-storage.oci_objectstorage_bucket.ewp_image_storage"
          ]
        },
        {
          "index_key": 136,
          "schema_version": 0,
          "attributes": {
            "bucket": "ewp_image_store",
            "cache_control": null,
            "content": null,
            "content_disposition": null,
            "content_encoding": null,
            "content_language": null,
            "content_length": "218297",
            "content_md5": "1Iw4ZuRus+rB3Woe3pB8xw==",
            "content_type": "image/jpeg",
            "delete_all_object_versions": false,
            "id": "n/lr4poue3hwjl/b/ewp_image_store/o/weddings%2FBeth%20and%20Tom%2F73.jpg",
            "metadata": {},
            "namespace": "lr4poue3hwjl",
            "object": "weddings/Beth and Tom/73.jpg",
            "opc_sse_kms_key_id": null,
            "source": "../assets/weddings/Beth and Tom/73.jpg 2016-03-09 09:18:53 +0000 GMT",
            "source_uri_details": [],
            "state": "COMPLETED",
            "storage_tier": "Standard",
            "timeouts": null,
            "version_id": "1442e723-734f-46b5-854d-a2a7299a6371",
            "work_request_id": ""
          },
          "sensitive_attributes": [],
          "private": "eyJlMmJmYjczMC1lY2FhLTExZTYtOGY4OC0zNDM2M2JjN2M0YzAiOnsiY3JlYXRlIjoxMjAwMDAwMDAwMDAwLCJkZWxldGUiOjEyMDAwMDAwMDAwMDAsInVwZGF0ZSI6MTIwMDAwMDAwMDAwMH19",
          "dependencies": [
            "module.object-storage.oci_objectstorage_bucket.ewp_image_storage"
          ]
        },
        {
          "index_key": 137,
          "schema_version": 0,
          "attributes": {
            "bucket": "ewp_image_store",
            "cache_control": null,
            "content": null,
            "content_disposition": null,
            "content_encoding": null,
            "content_language": null,
            "content_length": "390688",
            "content_md5": "rHkF7eeVvWqobAdMY7Chpw==",
            "content_type": "image/jpeg",
            "delete_all_object_versions": false,
            "id": "n/lr4poue3hwjl/b/ewp_image_store/o/weddings%2FBeth%20and%20Tom%2F74.jpg",
            "metadata": {},
            "namespace": "lr4poue3hwjl",
            "object": "weddings/Beth and Tom/74.jpg",
            "opc_sse_kms_key_id": null,
            "source": "../assets/weddings/Beth and Tom/74.jpg 2016-03-09 09:19:01 +0000 GMT",
            "source_uri_details": [],
            "state": "COMPLETED",
            "storage_tier": "Standard",
            "timeouts": null,
            "version_id": "a5e1cc6b-d5e2-4a7b-afc9-be7eff712a45",
            "work_request_id": ""
          },
          "sensitive_attributes": [],
          "private": "eyJlMmJmYjczMC1lY2FhLTExZTYtOGY4OC0zNDM2M2JjN2M0YzAiOnsiY3JlYXRlIjoxMjAwMDAwMDAwMDAwLCJkZWxldGUiOjEyMDAwMDAwMDAwMDAsInVwZGF0ZSI6MTIwMDAwMDAwMDAwMH19",
          "dependencies": [
            "module.object-storage.oci_objectstorage_bucket.ewp_image_storage"
          ]
        },
        {
          "index_key": 138,
          "schema_version": 0,
          "attributes": {
            "bucket": "ewp_image_store",
            "cache_control": null,
            "content": null,
            "content_disposition": null,
            "content_encoding": null,
            "content_language": null,
            "content_length": "1196831",
            "content_md5": "94cZRAHYpaTKjxWMRybetA==",
            "content_type": "image/jpeg",
            "delete_all_object_versions": false,
            "id": "n/lr4poue3hwjl/b/ewp_image_store/o/weddings%2FBeth%20and%20Tom%2F75.jpg",
            "metadata": {},
            "namespace": "lr4poue3hwjl",
            "object": "weddings/Beth and Tom/75.jpg",
            "opc_sse_kms_key_id": null,
            "source": "../assets/weddings/Beth and Tom/75.jpg 2016-03-09 09:19:09 +0000 GMT",
            "source_uri_details": [],
            "state": "COMPLETED",
            "storage_tier": "Standard",
            "timeouts": null,
            "version_id": "94897f26-3230-413b-a9ff-f66993db19f9",
            "work_request_id": ""
          },
          "sensitive_attributes": [],
          "private": "eyJlMmJmYjczMC1lY2FhLTExZTYtOGY4OC0zNDM2M2JjN2M0YzAiOnsiY3JlYXRlIjoxMjAwMDAwMDAwMDAwLCJkZWxldGUiOjEyMDAwMDAwMDAwMDAsInVwZGF0ZSI6MTIwMDAwMDAwMDAwMH19",
          "dependencies": [
            "module.object-storage.oci_objectstorage_bucket.ewp_image_storage"
          ]
        },
        {
          "index_key": 139,
          "schema_version": 0,
          "attributes": {
            "bucket": "ewp_image_store",
            "cache_control": null,
            "content": null,
            "content_disposition": null,
            "content_encoding": null,
            "content_language": null,
            "content_length": "342742",
            "content_md5": "HDC+TQ1hav9tnkYrq4G9jA==",
            "content_type": "image/jpeg",
            "delete_all_object_versions": false,
            "id": "n/lr4poue3hwjl/b/ewp_image_store/o/weddings%2FBeth%20and%20Tom%2F8.jpg",
            "metadata": {},
            "namespace": "lr4poue3hwjl",
            "object": "weddings/Beth and Tom/8.jpg",
            "opc_sse_kms_key_id": null,
            "source": "../assets/weddings/Beth and Tom/8.jpg 2016-03-09 09:12:07 +0000 GMT",
            "source_uri_details": [],
            "state": "COMPLETED",
            "storage_tier": "Standard",
            "timeouts": null,
            "version_id": "ddfe0529-ee54-4309-902b-8d32f5d8505b",
            "work_request_id": ""
          },
          "sensitive_attributes": [],
          "private": "eyJlMmJmYjczMC1lY2FhLTExZTYtOGY4OC0zNDM2M2JjN2M0YzAiOnsiY3JlYXRlIjoxMjAwMDAwMDAwMDAwLCJkZWxldGUiOjEyMDAwMDAwMDAwMDAsInVwZGF0ZSI6MTIwMDAwMDAwMDAwMH19",
          "dependencies": [
            "module.object-storage.oci_objectstorage_bucket.ewp_image_storage"
          ]
        },
        {
          "index_key": 140,
          "schema_version": 0,
          "attributes": {
            "bucket": "ewp_image_store",
            "cache_control": null,
            "content": null,
            "content_disposition": null,
            "content_encoding": null,
            "content_language": null,
            "content_length": "908263",
            "content_md5": "3xdD2mfoku3iPAw63Xa1nQ==",
            "content_type": "image/jpeg",
            "delete_all_object_versions": false,
            "id": "n/lr4poue3hwjl/b/ewp_image_store/o/weddings%2FBeth%20and%20Tom%2F9.jpg",
            "metadata": {},
            "namespace": "lr4poue3hwjl",
            "object": "weddings/Beth and Tom/9.jpg",
            "opc_sse_kms_key_id": null,
            "source": "../assets/weddings/Beth and Tom/9.jpg 2016-03-09 09:12:15 +0000 GMT",
            "source_uri_details": [],
            "state": "COMPLETED",
            "storage_tier": "Standard",
            "timeouts": null,
            "version_id": "99de5d54-c5a1-4529-9c35-d10e1142cc08",
            "work_request_id": ""
          },
          "sensitive_attributes": [],
          "private": "eyJlMmJmYjczMC1lY2FhLTExZTYtOGY4OC0zNDM2M2JjN2M0YzAiOnsiY3JlYXRlIjoxMjAwMDAwMDAwMDAwLCJkZWxldGUiOjEyMDAwMDAwMDAwMDAsInVwZGF0ZSI6MTIwMDAwMDAwMDAwMH19",
          "dependencies": [
            "module.object-storage.oci_objectstorage_bucket.ewp_image_storage"
          ]
        },
        {
          "index_key": 141,
          "schema_version": 0,
          "attributes": {
            "bucket": "ewp_image_store",
            "cache_control": null,
            "content": null,
            "content_disposition": null,
            "content_encoding": null,
            "content_language": null,
            "content_length": "476815",
            "content_md5": "m2jhFhhANA5NKOI6KxQVfg==",
            "content_type": "image/jpeg",
            "delete_all_object_versions": false,
            "id": "n/lr4poue3hwjl/b/ewp_image_store/o/weddings%2FEllie%20and%20Pete%2F1.jpg",
            "metadata": {},
            "namespace": "lr4poue3hwjl",
            "object": "weddings/Ellie and Pete/1.jpg",
            "opc_sse_kms_key_id": null,
            "source": "../assets/weddings/Ellie and Pete/1.jpg 2014-07-30 16:35:10 +0100 BST",
            "source_uri_details": [],
            "state": "COMPLETED",
            "storage_tier": "Standard",
            "timeouts": null,
            "version_id": "08c72094-550e-4580-854e-9d3e8b66d699",
            "work_request_id": ""
          },
          "sensitive_attributes": [],
          "private": "eyJlMmJmYjczMC1lY2FhLTExZTYtOGY4OC0zNDM2M2JjN2M0YzAiOnsiY3JlYXRlIjoxMjAwMDAwMDAwMDAwLCJkZWxldGUiOjEyMDAwMDAwMDAwMDAsInVwZGF0ZSI6MTIwMDAwMDAwMDAwMH19",
          "dependencies": [
            "module.object-storage.oci_objectstorage_bucket.ewp_image_storage"
          ]
        },
        {
          "index_key": 142,
          "schema_version": 0,
          "attributes": {
            "bucket": "ewp_image_store",
            "cache_control": null,
            "content": null,
            "content_disposition": null,
            "content_encoding": null,
            "content_language": null,
            "content_length": "444316",
            "content_md5": "Y6HhtfMb89hZg1lrtEjjWw==",
            "content_type": "image/jpeg",
            "delete_all_object_versions": false,
            "id": "n/lr4poue3hwjl/b/ewp_image_store/o/weddings%2FEllie%20and%20Pete%2F10.jpg",
            "metadata": {},
            "namespace": "lr4poue3hwjl",
            "object": "weddings/Ellie and Pete/10.jpg",
            "opc_sse_kms_key_id": null,
            "source": "../assets/weddings/Ellie and Pete/10.jpg 2014-07-30 16:33:13 +0100 BST",
            "source_uri_details": [],
            "state": "COMPLETED",
            "storage_tier": "Standard",
            "timeouts": null,
            "version_id": "f31e04b0-d255-42a0-8243-ced1d834cfc2",
            "work_request_id": ""
          },
          "sensitive_attributes": [],
          "private": "eyJlMmJmYjczMC1lY2FhLTExZTYtOGY4OC0zNDM2M2JjN2M0YzAiOnsiY3JlYXRlIjoxMjAwMDAwMDAwMDAwLCJkZWxldGUiOjEyMDAwMDAwMDAwMDAsInVwZGF0ZSI6MTIwMDAwMDAwMDAwMH19",
          "dependencies": [
            "module.object-storage.oci_objectstorage_bucket.ewp_image_storage"
          ]
        },
        {
          "index_key": 143,
          "schema_version": 0,
          "attributes": {
            "bucket": "ewp_image_store",
            "cache_control": null,
            "content": null,
            "content_disposition": null,
            "content_encoding": null,
            "content_language": null,
            "content_length": "499470",
            "content_md5": "2P3VROWOdMH6hLo+CwuH0A==",
            "content_type": "image/jpeg",
            "delete_all_object_versions": false,
            "id": "n/lr4poue3hwjl/b/ewp_image_store/o/weddings%2FEllie%20and%20Pete%2F11.jpg",
            "metadata": {},
            "namespace": "lr4poue3hwjl",
            "object": "weddings/Ellie and Pete/11.jpg",
            "opc_sse_kms_key_id": null,
            "source": "../assets/weddings/Ellie and Pete/11.jpg 2014-07-30 16:33:00 +0100 BST",
            "source_uri_details": [],
            "state": "COMPLETED",
            "storage_tier": "Standard",
            "timeouts": null,
            "version_id": "91369f3a-a4bd-42bb-ad38-04e5c4228992",
            "work_request_id": ""
          },
          "sensitive_attributes": [],
          "private": "eyJlMmJmYjczMC1lY2FhLTExZTYtOGY4OC0zNDM2M2JjN2M0YzAiOnsiY3JlYXRlIjoxMjAwMDAwMDAwMDAwLCJkZWxldGUiOjEyMDAwMDAwMDAwMDAsInVwZGF0ZSI6MTIwMDAwMDAwMDAwMH19",
          "dependencies": [
            "module.object-storage.oci_objectstorage_bucket.ewp_image_storage"
          ]
        },
        {
          "index_key": 144,
          "schema_version": 0,
          "attributes": {
            "bucket": "ewp_image_store",
            "cache_control": null,
            "content": null,
            "content_disposition": null,
            "content_encoding": null,
            "content_language": null,
            "content_length": "460053",
            "content_md5": "mNdudOia6VtUkWhzO6WyTA==",
            "content_type": "image/jpeg",
            "delete_all_object_versions": false,
            "id": "n/lr4poue3hwjl/b/ewp_image_store/o/weddings%2FEllie%20and%20Pete%2F12.jpg",
            "metadata": {},
            "namespace": "lr4poue3hwjl",
            "object": "weddings/Ellie and Pete/12.jpg",
            "opc_sse_kms_key_id": null,
            "source": "../assets/weddings/Ellie and Pete/12.jpg 2014-07-30 16:32:48 +0100 BST",
            "source_uri_details": [],
            "state": "COMPLETED",
            "storage_tier": "Standard",
            "timeouts": null,
            "version_id": "ff24c053-c51d-4432-b684-8e860d2f9cea",
            "work_request_id": ""
          },
          "sensitive_attributes": [],
          "private": "eyJlMmJmYjczMC1lY2FhLTExZTYtOGY4OC0zNDM2M2JjN2M0YzAiOnsiY3JlYXRlIjoxMjAwMDAwMDAwMDAwLCJkZWxldGUiOjEyMDAwMDAwMDAwMDAsInVwZGF0ZSI6MTIwMDAwMDAwMDAwMH19",
          "dependencies": [
            "module.object-storage.oci_objectstorage_bucket.ewp_image_storage"
          ]
        },
        {
          "index_key": 145,
          "schema_version": 0,
          "attributes": {
            "bucket": "ewp_image_store",
            "cache_control": null,
            "content": null,
            "content_disposition": null,
            "content_encoding": null,
            "content_language": null,
            "content_length": "401336",
            "content_md5": "9JRBhCUnWOZM9ypXzFHdMA==",
            "content_type": "image/jpeg",
            "delete_all_object_versions": false,
            "id": "n/lr4poue3hwjl/b/ewp_image_store/o/weddings%2FEllie%20and%20Pete%2F13.jpg",
            "metadata": {},
            "namespace": "lr4poue3hwjl",
            "object": "weddings/Ellie and Pete/13.jpg",
            "opc_sse_kms_key_id": null,
            "source": "../assets/weddings/Ellie and Pete/13.jpg 2014-07-30 16:32:32 +0100 BST",
            "source_uri_details": [],
            "state": "COMPLETED",
            "storage_tier": "Standard",
            "timeouts": null,
            "version_id": "c18a175f-ba6b-46fd-9890-c7761f236766",
            "work_request_id": ""
          },
          "sensitive_attributes": [],
          "private": "eyJlMmJmYjczMC1lY2FhLTExZTYtOGY4OC0zNDM2M2JjN2M0YzAiOnsiY3JlYXRlIjoxMjAwMDAwMDAwMDAwLCJkZWxldGUiOjEyMDAwMDAwMDAwMDAsInVwZGF0ZSI6MTIwMDAwMDAwMDAwMH19",
          "dependencies": [
            "module.object-storage.oci_objectstorage_bucket.ewp_image_storage"
          ]
        },
        {
          "index_key": 146,
          "schema_version": 0,
          "attributes": {
            "bucket": "ewp_image_store",
            "cache_control": null,
            "content": null,
            "content_disposition": null,
            "content_encoding": null,
            "content_language": null,
            "content_length": "454875",
            "content_md5": "gE54uVnDOg72lFzpuRdTyw==",
            "content_type": "image/jpeg",
            "delete_all_object_versions": false,
            "id": "n/lr4poue3hwjl/b/ewp_image_store/o/weddings%2FEllie%20and%20Pete%2F14.jpg",
            "metadata": {},
            "namespace": "lr4poue3hwjl",
            "object": "weddings/Ellie and Pete/14.jpg",
            "opc_sse_kms_key_id": null,
            "source": "../assets/weddings/Ellie and Pete/14.jpg 2014-07-30 16:32:18 +0100 BST",
            "source_uri_details": [],
            "state": "COMPLETED",
            "storage_tier": "Standard",
            "timeouts": null,
            "version_id": "66cda34b-fb42-41ab-9eff-b61c9c45cd47",
            "work_request_id": ""
          },
          "sensitive_attributes": [],
          "private": "eyJlMmJmYjczMC1lY2FhLTExZTYtOGY4OC0zNDM2M2JjN2M0YzAiOnsiY3JlYXRlIjoxMjAwMDAwMDAwMDAwLCJkZWxldGUiOjEyMDAwMDAwMDAwMDAsInVwZGF0ZSI6MTIwMDAwMDAwMDAwMH19",
          "dependencies": [
            "module.object-storage.oci_objectstorage_bucket.ewp_image_storage"
          ]
        },
        {
          "index_key": 147,
          "schema_version": 0,
          "attributes": {
            "bucket": "ewp_image_store",
            "cache_control": null,
            "content": null,
            "content_disposition": null,
            "content_encoding": null,
            "content_language": null,
            "content_length": "498973",
            "content_md5": "Ml+QDUHYWUEqZJBncUhjYg==",
            "content_type": "image/jpeg",
            "delete_all_object_versions": false,
            "id": "n/lr4poue3hwjl/b/ewp_image_store/o/weddings%2FEllie%20and%20Pete%2F15.jpg",
            "metadata": {},
            "namespace": "lr4poue3hwjl",
            "object": "weddings/Ellie and Pete/15.jpg",
            "opc_sse_kms_key_id": null,
            "source": "../assets/weddings/Ellie and Pete/15.jpg 2014-07-30 16:32:03 +0100 BST",
            "source_uri_details": [],
            "state": "COMPLETED",
            "storage_tier": "Standard",
            "timeouts": null,
            "version_id": "00af8092-0cb5-4fcf-8655-7c676df34f60",
            "work_request_id": ""
          },
          "sensitive_attributes": [],
          "private": "eyJlMmJmYjczMC1lY2FhLTExZTYtOGY4OC0zNDM2M2JjN2M0YzAiOnsiY3JlYXRlIjoxMjAwMDAwMDAwMDAwLCJkZWxldGUiOjEyMDAwMDAwMDAwMDAsInVwZGF0ZSI6MTIwMDAwMDAwMDAwMH19",
          "dependencies": [
            "module.object-storage.oci_objectstorage_bucket.ewp_image_storage"
          ]
        },
        {
          "index_key": 148,
          "schema_version": 0,
          "attributes": {
            "bucket": "ewp_image_store",
            "cache_control": null,
            "content": null,
            "content_disposition": null,
            "content_encoding": null,
            "content_language": null,
            "content_length": "422007",
            "content_md5": "lcyL/H31a5V5vGQvjudj8A==",
            "content_type": "image/jpeg",
            "delete_all_object_versions": false,
            "id": "n/lr4poue3hwjl/b/ewp_image_store/o/weddings%2FEllie%20and%20Pete%2F16.jpg",
            "metadata": {},
            "namespace": "lr4poue3hwjl",
            "object": "weddings/Ellie and Pete/16.jpg",
            "opc_sse_kms_key_id": null,
            "source": "../assets/weddings/Ellie and Pete/16.jpg 2014-07-30 16:31:53 +0100 BST",
            "source_uri_details": [],
            "state": "COMPLETED",
            "storage_tier": "Standard",
            "timeouts": null,
            "version_id": "7347fd5d-3939-4810-8315-794c9f802138",
            "work_request_id": ""
          },
          "sensitive_attributes": [],
          "private": "eyJlMmJmYjczMC1lY2FhLTExZTYtOGY4OC0zNDM2M2JjN2M0YzAiOnsiY3JlYXRlIjoxMjAwMDAwMDAwMDAwLCJkZWxldGUiOjEyMDAwMDAwMDAwMDAsInVwZGF0ZSI6MTIwMDAwMDAwMDAwMH19",
          "dependencies": [
            "module.object-storage.oci_objectstorage_bucket.ewp_image_storage"
          ]
        },
        {
          "index_key": 149,
          "schema_version": 0,
          "attributes": {
            "bucket": "ewp_image_store",
            "cache_control": null,
            "content": null,
            "content_disposition": null,
            "content_encoding": null,
            "content_language": null,
            "content_length": "411083",
            "content_md5": "HCsLSRNhHBjAmmnVmWAwLw==",
            "content_type": "image/jpeg",
            "delete_all_object_versions": false,
            "id": "n/lr4poue3hwjl/b/ewp_image_store/o/weddings%2FEllie%20and%20Pete%2F17.jpg",
            "metadata": {},
            "namespace": "lr4poue3hwjl",
            "object": "weddings/Ellie and Pete/17.jpg",
            "opc_sse_kms_key_id": null,
            "source": "../assets/weddings/Ellie and Pete/17.jpg 2014-07-30 16:31:38 +0100 BST",
            "source_uri_details": [],
            "state": "COMPLETED",
            "storage_tier": "Standard",
            "timeouts": null,
            "version_id": "8b8ccfcb-3deb-4cc8-ac03-cd4fdc17063a",
            "work_request_id": ""
          },
          "sensitive_attributes": [],
          "private": "eyJlMmJmYjczMC1lY2FhLTExZTYtOGY4OC0zNDM2M2JjN2M0YzAiOnsiY3JlYXRlIjoxMjAwMDAwMDAwMDAwLCJkZWxldGUiOjEyMDAwMDAwMDAwMDAsInVwZGF0ZSI6MTIwMDAwMDAwMDAwMH19",
          "dependencies": [
            "module.object-storage.oci_objectstorage_bucket.ewp_image_storage"
          ]
        },
        {
          "index_key": 150,
          "schema_version": 0,
          "attributes": {
            "bucket": "ewp_image_store",
            "cache_control": null,
            "content": null,
            "content_disposition": null,
            "content_encoding": null,
            "content_language": null,
            "content_length": "423143",
            "content_md5": "aPuqTVSw3eChHS6YoPDB/A==",
            "content_type": "image/jpeg",
            "delete_all_object_versions": false,
            "id": "n/lr4poue3hwjl/b/ewp_image_store/o/weddings%2FEllie%20and%20Pete%2F18.jpg",
            "metadata": {},
            "namespace": "lr4poue3hwjl",
            "object": "weddings/Ellie and Pete/18.jpg",
            "opc_sse_kms_key_id": null,
            "source": "../assets/weddings/Ellie and Pete/18.jpg 2014-07-30 16:31:25 +0100 BST",
            "source_uri_details": [],
            "state": "COMPLETED",
            "storage_tier": "Standard",
            "timeouts": null,
            "version_id": "c5b7a4d6-6cf0-4055-8ee4-69566b5c4ad4",
            "work_request_id": ""
          },
          "sensitive_attributes": [],
          "private": "eyJlMmJmYjczMC1lY2FhLTExZTYtOGY4OC0zNDM2M2JjN2M0YzAiOnsiY3JlYXRlIjoxMjAwMDAwMDAwMDAwLCJkZWxldGUiOjEyMDAwMDAwMDAwMDAsInVwZGF0ZSI6MTIwMDAwMDAwMDAwMH19",
          "dependencies": [
            "module.object-storage.oci_objectstorage_bucket.ewp_image_storage"
          ]
        },
        {
          "index_key": 151,
          "schema_version": 0,
          "attributes": {
            "bucket": "ewp_image_store",
            "cache_control": null,
            "content": null,
            "content_disposition": null,
            "content_encoding": null,
            "content_language": null,
            "content_length": "386691",
            "content_md5": "cI5TQUsQGn9DSXnMbsvLrQ==",
            "content_type": "image/jpeg",
            "delete_all_object_versions": false,
            "id": "n/lr4poue3hwjl/b/ewp_image_store/o/weddings%2FEllie%20and%20Pete%2F19.jpg",
            "metadata": {},
            "namespace": "lr4poue3hwjl",
            "object": "weddings/Ellie and Pete/19.jpg",
            "opc_sse_kms_key_id": null,
            "source": "../assets/weddings/Ellie and Pete/19.jpg 2014-07-30 16:31:13 +0100 BST",
            "source_uri_details": [],
            "state": "COMPLETED",
            "storage_tier": "Standard",
            "timeouts": null,
            "version_id": "71f7e595-09a8-479a-9663-9769e0c5916c",
            "work_request_id": ""
          },
          "sensitive_attributes": [],
          "private": "eyJlMmJmYjczMC1lY2FhLTExZTYtOGY4OC0zNDM2M2JjN2M0YzAiOnsiY3JlYXRlIjoxMjAwMDAwMDAwMDAwLCJkZWxldGUiOjEyMDAwMDAwMDAwMDAsInVwZGF0ZSI6MTIwMDAwMDAwMDAwMH19",
          "dependencies": [
            "module.object-storage.oci_objectstorage_bucket.ewp_image_storage"
          ]
        },
        {
          "index_key": 152,
          "schema_version": 0,
          "attributes": {
            "bucket": "ewp_image_store",
            "cache_control": null,
            "content": null,
            "content_disposition": null,
            "content_encoding": null,
            "content_language": null,
            "content_length": "534913",
            "content_md5": "AXhGaRXW4aYt5cVHN/H4/w==",
            "content_type": "image/jpeg",
            "delete_all_object_versions": false,
            "id": "n/lr4poue3hwjl/b/ewp_image_store/o/weddings%2FEllie%20and%20Pete%2F2.jpg",
            "metadata": {},
            "namespace": "lr4poue3hwjl",
            "object": "weddings/Ellie and Pete/2.jpg",
            "opc_sse_kms_key_id": null,
            "source": "../assets/weddings/Ellie and Pete/2.jpg 2014-07-30 16:34:57 +0100 BST",
            "source_uri_details": [],
            "state": "COMPLETED",
            "storage_tier": "Standard",
            "timeouts": null,
            "version_id": "f40dcf61-35a0-4371-8b9a-d88305d110b1",
            "work_request_id": ""
          },
          "sensitive_attributes": [],
          "private": "eyJlMmJmYjczMC1lY2FhLTExZTYtOGY4OC0zNDM2M2JjN2M0YzAiOnsiY3JlYXRlIjoxMjAwMDAwMDAwMDAwLCJkZWxldGUiOjEyMDAwMDAwMDAwMDAsInVwZGF0ZSI6MTIwMDAwMDAwMDAwMH19",
          "dependencies": [
            "module.object-storage.oci_objectstorage_bucket.ewp_image_storage"
          ]
        },
        {
          "index_key": 153,
          "schema_version": 0,
          "attributes": {
            "bucket": "ewp_image_store",
            "cache_control": null,
            "content": null,
            "content_disposition": null,
            "content_encoding": null,
            "content_language": null,
            "content_length": "381831",
            "content_md5": "jKANwoD3z4E3OnXiU4eHfA==",
            "content_type": "image/jpeg",
            "delete_all_object_versions": false,
            "id": "n/lr4poue3hwjl/b/ewp_image_store/o/weddings%2FEllie%20and%20Pete%2F20.jpg",
            "metadata": {},
            "namespace": "lr4poue3hwjl",
            "object": "weddings/Ellie and Pete/20.jpg",
            "opc_sse_kms_key_id": null,
            "source": "../assets/weddings/Ellie and Pete/20.jpg 2014-07-30 16:30:58 +0100 BST",
            "source_uri_details": [],
            "state": "COMPLETED",
            "storage_tier": "Standard",
            "timeouts": null,
            "version_id": "ebaab54d-bf31-4fbf-a18b-f8132524f0cb",
            "work_request_id": ""
          },
          "sensitive_attributes": [],
          "private": "eyJlMmJmYjczMC1lY2FhLTExZTYtOGY4OC0zNDM2M2JjN2M0YzAiOnsiY3JlYXRlIjoxMjAwMDAwMDAwMDAwLCJkZWxldGUiOjEyMDAwMDAwMDAwMDAsInVwZGF0ZSI6MTIwMDAwMDAwMDAwMH19",
          "dependencies": [
            "module.object-storage.oci_objectstorage_bucket.ewp_image_storage"
          ]
        },
        {
          "index_key": 154,
          "schema_version": 0,
          "attributes": {
            "bucket": "ewp_image_store",
            "cache_control": null,
            "content": null,
            "content_disposition": null,
            "content_encoding": null,
            "content_language": null,
            "content_length": "467770",
            "content_md5": "mKRH+IM11d/JSlNA37AAcg==",
            "content_type": "image/jpeg",
            "delete_all_object_versions": false,
            "id": "n/lr4poue3hwjl/b/ewp_image_store/o/weddings%2FEllie%20and%20Pete%2F21.jpg",
            "metadata": {},
            "namespace": "lr4poue3hwjl",
            "object": "weddings/Ellie and Pete/21.jpg",
            "opc_sse_kms_key_id": null,
            "source": "../assets/weddings/Ellie and Pete/21.jpg 2014-07-30 16:30:44 +0100 BST",
            "source_uri_details": [],
            "state": "COMPLETED",
            "storage_tier": "Standard",
            "timeouts": null,
            "version_id": "d106c8f0-0eb1-40be-9fa2-ca7bd8eb95c8",
            "work_request_id": ""
          },
          "sensitive_attributes": [],
          "private": "eyJlMmJmYjczMC1lY2FhLTExZTYtOGY4OC0zNDM2M2JjN2M0YzAiOnsiY3JlYXRlIjoxMjAwMDAwMDAwMDAwLCJkZWxldGUiOjEyMDAwMDAwMDAwMDAsInVwZGF0ZSI6MTIwMDAwMDAwMDAwMH19",
          "dependencies": [
            "module.object-storage.oci_objectstorage_bucket.ewp_image_storage"
          ]
        },
        {
          "index_key": 155,
          "schema_version": 0,
          "attributes": {
            "bucket": "ewp_image_store",
            "cache_control": null,
            "content": null,
            "content_disposition": null,
            "content_encoding": null,
            "content_language": null,
            "content_length": "1168310",
            "content_md5": "hCO/S1e/jUVfM6qlNd7iaw==",
            "content_type": "image/jpeg",
            "delete_all_object_versions": false,
            "id": "n/lr4poue3hwjl/b/ewp_image_store/o/weddings%2FEllie%20and%20Pete%2F22.jpg",
            "metadata": {},
            "namespace": "lr4poue3hwjl",
            "object": "weddings/Ellie and Pete/22.jpg",
            "opc_sse_kms_key_id": null,
            "source": "../assets/weddings/Ellie and Pete/22.jpg 2014-07-30 16:30:32 +0100 BST",
            "source_uri_details": [],
            "state": "COMPLETED",
            "storage_tier": "Standard",
            "timeouts": null,
            "version_id": "1679fad2-23df-412f-bbeb-dac2145f60d7",
            "work_request_id": ""
          },
          "sensitive_attributes": [],
          "private": "eyJlMmJmYjczMC1lY2FhLTExZTYtOGY4OC0zNDM2M2JjN2M0YzAiOnsiY3JlYXRlIjoxMjAwMDAwMDAwMDAwLCJkZWxldGUiOjEyMDAwMDAwMDAwMDAsInVwZGF0ZSI6MTIwMDAwMDAwMDAwMH19",
          "dependencies": [
            "module.object-storage.oci_objectstorage_bucket.ewp_image_storage"
          ]
        },
        {
          "index_key": 156,
          "schema_version": 0,
          "attributes": {
            "bucket": "ewp_image_store",
            "cache_control": null,
            "content": null,
            "content_disposition": null,
            "content_encoding": null,
            "content_language": null,
            "content_length": "489608",
            "content_md5": "CpQtTeDvTz49jYQk/X6dEA==",
            "content_type": "image/jpeg",
            "delete_all_object_versions": false,
            "id": "n/lr4poue3hwjl/b/ewp_image_store/o/weddings%2FEllie%20and%20Pete%2F23.jpg",
            "metadata": {},
            "namespace": "lr4poue3hwjl",
            "object": "weddings/Ellie and Pete/23.jpg",
            "opc_sse_kms_key_id": null,
            "source": "../assets/weddings/Ellie and Pete/23.jpg 2014-07-30 16:29:37 +0100 BST",
            "source_uri_details": [],
            "state": "COMPLETED",
            "storage_tier": "Standard",
            "timeouts": null,
            "version_id": "8ec29931-b897-421f-8fac-d18d4f9aa8f4",
            "work_request_id": ""
          },
          "sensitive_attributes": [],
          "private": "eyJlMmJmYjczMC1lY2FhLTExZTYtOGY4OC0zNDM2M2JjN2M0YzAiOnsiY3JlYXRlIjoxMjAwMDAwMDAwMDAwLCJkZWxldGUiOjEyMDAwMDAwMDAwMDAsInVwZGF0ZSI6MTIwMDAwMDAwMDAwMH19",
          "dependencies": [
            "module.object-storage.oci_objectstorage_bucket.ewp_image_storage"
          ]
        },
        {
          "index_key": 157,
          "schema_version": 0,
          "attributes": {
            "bucket": "ewp_image_store",
            "cache_control": null,
            "content": null,
            "content_disposition": null,
            "content_encoding": null,
            "content_language": null,
            "content_length": "497601",
            "content_md5": "o0E6vumXz47oT/AM5D6nSg==",
            "content_type": "image/jpeg",
            "delete_all_object_versions": false,
            "id": "n/lr4poue3hwjl/b/ewp_image_store/o/weddings%2FEllie%20and%20Pete%2F24.jpg",
            "metadata": {},
            "namespace": "lr4poue3hwjl",
            "object": "weddings/Ellie and Pete/24.jpg",
            "opc_sse_kms_key_id": null,
            "source": "../assets/weddings/Ellie and Pete/24.jpg 2014-07-30 16:29:23 +0100 BST",
            "source_uri_details": [],
            "state": "COMPLETED",
            "storage_tier": "Standard",
            "timeouts": null,
            "version_id": "5d72cc14-9fcb-4e8a-af84-c02db585f07c",
            "work_request_id": ""
          },
          "sensitive_attributes": [],
          "private": "eyJlMmJmYjczMC1lY2FhLTExZTYtOGY4OC0zNDM2M2JjN2M0YzAiOnsiY3JlYXRlIjoxMjAwMDAwMDAwMDAwLCJkZWxldGUiOjEyMDAwMDAwMDAwMDAsInVwZGF0ZSI6MTIwMDAwMDAwMDAwMH19",
          "dependencies": [
            "module.object-storage.oci_objectstorage_bucket.ewp_image_storage"
          ]
        },
        {
          "index_key": 158,
          "schema_version": 0,
          "attributes": {
            "bucket": "ewp_image_store",
            "cache_control": null,
            "content": null,
            "content_disposition": null,
            "content_encoding": null,
            "content_language": null,
            "content_length": "517454",
            "content_md5": "jhsafJ84zKOgubCymYlZOA==",
            "content_type": "image/jpeg",
            "delete_all_object_versions": false,
            "id": "n/lr4poue3hwjl/b/ewp_image_store/o/weddings%2FEllie%20and%20Pete%2F25.jpg",
            "metadata": {},
            "namespace": "lr4poue3hwjl",
            "object": "weddings/Ellie and Pete/25.jpg",
            "opc_sse_kms_key_id": null,
            "source": "../assets/weddings/Ellie and Pete/25.jpg 2014-07-30 16:29:09 +0100 BST",
            "source_uri_details": [],
            "state": "COMPLETED",
            "storage_tier": "Standard",
            "timeouts": null,
            "version_id": "b9db4011-8a31-4aac-80c7-8120cf6b3d8a",
            "work_request_id": ""
          },
          "sensitive_attributes": [],
          "private": "eyJlMmJmYjczMC1lY2FhLTExZTYtOGY4OC0zNDM2M2JjN2M0YzAiOnsiY3JlYXRlIjoxMjAwMDAwMDAwMDAwLCJkZWxldGUiOjEyMDAwMDAwMDAwMDAsInVwZGF0ZSI6MTIwMDAwMDAwMDAwMH19",
          "dependencies": [
            "module.object-storage.oci_objectstorage_bucket.ewp_image_storage"
          ]
        },
        {
          "index_key": 159,
          "schema_version": 0,
          "attributes": {
            "bucket": "ewp_image_store",
            "cache_control": null,
            "content": null,
            "content_disposition": null,
            "content_encoding": null,
            "content_language": null,
            "content_length": "569401",
            "content_md5": "Wjdpvlaw92wNBvMFP2KrxA==",
            "content_type": "image/jpeg",
            "delete_all_object_versions": false,
            "id": "n/lr4poue3hwjl/b/ewp_image_store/o/weddings%2FEllie%20and%20Pete%2F26.jpg",
            "metadata": {},
            "namespace": "lr4poue3hwjl",
            "object": "weddings/Ellie and Pete/26.jpg",
            "opc_sse_kms_key_id": null,
            "source": "../assets/weddings/Ellie and Pete/26.jpg 2014-07-30 16:28:57 +0100 BST",
            "source_uri_details": [],
            "state": "COMPLETED",
            "storage_tier": "Standard",
            "timeouts": null,
            "version_id": "f3ddddf5-d3cb-4c31-8962-a2f7770e6bc6",
            "work_request_id": ""
          },
          "sensitive_attributes": [],
          "private": "eyJlMmJmYjczMC1lY2FhLTExZTYtOGY4OC0zNDM2M2JjN2M0YzAiOnsiY3JlYXRlIjoxMjAwMDAwMDAwMDAwLCJkZWxldGUiOjEyMDAwMDAwMDAwMDAsInVwZGF0ZSI6MTIwMDAwMDAwMDAwMH19",
          "dependencies": [
            "module.object-storage.oci_objectstorage_bucket.ewp_image_storage"
          ]
        },
        {
          "index_key": 160,
          "schema_version": 0,
          "attributes": {
            "bucket": "ewp_image_store",
            "cache_control": null,
            "content": null,
            "content_disposition": null,
            "content_encoding": null,
            "content_language": null,
            "content_length": "568872",
            "content_md5": "ruq3B9MlDS7HctOrwMDqQg==",
            "content_type": "image/jpeg",
            "delete_all_object_versions": false,
            "id": "n/lr4poue3hwjl/b/ewp_image_store/o/weddings%2FEllie%20and%20Pete%2F27.jpg",
            "metadata": {},
            "namespace": "lr4poue3hwjl",
            "object": "weddings/Ellie and Pete/27.jpg",
            "opc_sse_kms_key_id": null,
            "source": "../assets/weddings/Ellie and Pete/27.jpg 2014-07-30 16:28:35 +0100 BST",
            "source_uri_details": [],
            "state": "COMPLETED",
            "storage_tier": "Standard",
            "timeouts": null,
            "version_id": "41195f87-a78d-430c-a9e2-ef15679059be",
            "work_request_id": ""
          },
          "sensitive_attributes": [],
          "private": "eyJlMmJmYjczMC1lY2FhLTExZTYtOGY4OC0zNDM2M2JjN2M0YzAiOnsiY3JlYXRlIjoxMjAwMDAwMDAwMDAwLCJkZWxldGUiOjEyMDAwMDAwMDAwMDAsInVwZGF0ZSI6MTIwMDAwMDAwMDAwMH19",
          "dependencies": [
            "module.object-storage.oci_objectstorage_bucket.ewp_image_storage"
          ]
        },
        {
          "index_key": 161,
          "schema_version": 0,
          "attributes": {
            "bucket": "ewp_image_store",
            "cache_control": null,
            "content": null,
            "content_disposition": null,
            "content_encoding": null,
            "content_language": null,
            "content_length": "430036",
            "content_md5": "UsbntTFX59al7Ml023YRLw==",
            "content_type": "image/jpeg",
            "delete_all_object_versions": false,
            "id": "n/lr4poue3hwjl/b/ewp_image_store/o/weddings%2FEllie%20and%20Pete%2F28.jpg",
            "metadata": {},
            "namespace": "lr4poue3hwjl",
            "object": "weddings/Ellie and Pete/28.jpg",
            "opc_sse_kms_key_id": null,
            "source": "../assets/weddings/Ellie and Pete/28.jpg 2014-07-30 16:28:17 +0100 BST",
            "source_uri_details": [],
            "state": "COMPLETED",
            "storage_tier": "Standard",
            "timeouts": null,
            "version_id": "00fdd040-6ead-4349-b09d-7365b721cd99",
            "work_request_id": ""
          },
          "sensitive_attributes": [],
          "private": "eyJlMmJmYjczMC1lY2FhLTExZTYtOGY4OC0zNDM2M2JjN2M0YzAiOnsiY3JlYXRlIjoxMjAwMDAwMDAwMDAwLCJkZWxldGUiOjEyMDAwMDAwMDAwMDAsInVwZGF0ZSI6MTIwMDAwMDAwMDAwMH19",
          "dependencies": [
            "module.object-storage.oci_objectstorage_bucket.ewp_image_storage"
          ]
        },
        {
          "index_key": 162,
          "schema_version": 0,
          "attributes": {
            "bucket": "ewp_image_store",
            "cache_control": null,
            "content": null,
            "content_disposition": null,
            "content_encoding": null,
            "content_language": null,
            "content_length": "539155",
            "content_md5": "vpz9o55Kn7KWlHytMdHbww==",
            "content_type": "image/jpeg",
            "delete_all_object_versions": false,
            "id": "n/lr4poue3hwjl/b/ewp_image_store/o/weddings%2FEllie%20and%20Pete%2F29.jpg",
            "metadata": {},
            "namespace": "lr4poue3hwjl",
            "object": "weddings/Ellie and Pete/29.jpg",
            "opc_sse_kms_key_id": null,
            "source": "../assets/weddings/Ellie and Pete/29.jpg 2014-07-30 16:28:01 +0100 BST",
            "source_uri_details": [],
            "state": "COMPLETED",
            "storage_tier": "Standard",
            "timeouts": null,
            "version_id": "0c16e35d-df62-4f2a-a377-e0b9e276113d",
            "work_request_id": ""
          },
          "sensitive_attributes": [],
          "private": "eyJlMmJmYjczMC1lY2FhLTExZTYtOGY4OC0zNDM2M2JjN2M0YzAiOnsiY3JlYXRlIjoxMjAwMDAwMDAwMDAwLCJkZWxldGUiOjEyMDAwMDAwMDAwMDAsInVwZGF0ZSI6MTIwMDAwMDAwMDAwMH19",
          "dependencies": [
            "module.object-storage.oci_objectstorage_bucket.ewp_image_storage"
          ]
        },
        {
          "index_key": 163,
          "schema_version": 0,
          "attributes": {
            "bucket": "ewp_image_store",
            "cache_control": null,
            "content": null,
            "content_disposition": null,
            "content_encoding": null,
            "content_language": null,
            "content_length": "343182",
            "content_md5": "ZEvvDMrkjLUARpGG+mndxg==",
            "content_type": "image/jpeg",
            "delete_all_object_versions": false,
            "id": "n/lr4poue3hwjl/b/ewp_image_store/o/weddings%2FEllie%20and%20Pete%2F3.jpg",
            "metadata": {},
            "namespace": "lr4poue3hwjl",
            "object": "weddings/Ellie and Pete/3.jpg",
            "opc_sse_kms_key_id": null,
            "source": "../assets/weddings/Ellie and Pete/3.jpg 2014-07-30 16:34:44 +0100 BST",
            "source_uri_details": [],
            "state": "COMPLETED",
            "storage_tier": "Standard",
            "timeouts": null,
            "version_id": "3fc62622-a862-4090-8626-052980070363",
            "work_request_id": ""
          },
          "sensitive_attributes": [],
          "private": "eyJlMmJmYjczMC1lY2FhLTExZTYtOGY4OC0zNDM2M2JjN2M0YzAiOnsiY3JlYXRlIjoxMjAwMDAwMDAwMDAwLCJkZWxldGUiOjEyMDAwMDAwMDAwMDAsInVwZGF0ZSI6MTIwMDAwMDAwMDAwMH19",
          "dependencies": [
            "module.object-storage.oci_objectstorage_bucket.ewp_image_storage"
          ]
        },
        {
          "index_key": 164,
          "schema_version": 0,
          "attributes": {
            "bucket": "ewp_image_store",
            "cache_control": null,
            "content": null,
            "content_disposition": null,
            "content_encoding": null,
            "content_language": null,
            "content_length": "529650",
            "content_md5": "ZFJE+WVlojP0YCfokddAUQ==",
            "content_type": "image/jpeg",
            "delete_all_object_versions": false,
            "id": "n/lr4poue3hwjl/b/ewp_image_store/o/weddings%2FEllie%20and%20Pete%2F30.jpg",
            "metadata": {},
            "namespace": "lr4poue3hwjl",
            "object": "weddings/Ellie and Pete/30.jpg",
            "opc_sse_kms_key_id": null,
            "source": "../assets/weddings/Ellie and Pete/30.jpg 2014-07-30 16:27:40 +0100 BST",
            "source_uri_details": [],
            "state": "COMPLETED",
            "storage_tier": "Standard",
            "timeouts": null,
            "version_id": "592e5d50-1f81-455a-9bfa-ab9c9595a36a",
            "work_request_id": ""
          },
          "sensitive_attributes": [],
          "private": "eyJlMmJmYjczMC1lY2FhLTExZTYtOGY4OC0zNDM2M2JjN2M0YzAiOnsiY3JlYXRlIjoxMjAwMDAwMDAwMDAwLCJkZWxldGUiOjEyMDAwMDAwMDAwMDAsInVwZGF0ZSI6MTIwMDAwMDAwMDAwMH19",
          "dependencies": [
            "module.object-storage.oci_objectstorage_bucket.ewp_image_storage"
          ]
        },
        {
          "index_key": 165,
          "schema_version": 0,
          "attributes": {
            "bucket": "ewp_image_store",
            "cache_control": null,
            "content": null,
            "content_disposition": null,
            "content_encoding": null,
            "content_language": null,
            "content_length": "541616",
            "content_md5": "B/gNUH60eAq8hWjdj6v0pA==",
            "content_type": "image/jpeg",
            "delete_all_object_versions": false,
            "id": "n/lr4poue3hwjl/b/ewp_image_store/o/weddings%2FEllie%20and%20Pete%2F31.jpg",
            "metadata": {},
            "namespace": "lr4poue3hwjl",
            "object": "weddings/Ellie and Pete/31.jpg",
            "opc_sse_kms_key_id": null,
            "source": "../assets/weddings/Ellie and Pete/31.jpg 2014-07-30 16:35:23 +0100 BST",
            "source_uri_details": [],
            "state": "COMPLETED",
            "storage_tier": "Standard",
            "timeouts": null,
            "version_id": "ba3c6458-5248-4ac8-a4c1-704a65e3e5c4",
            "work_request_id": ""
          },
          "sensitive_attributes": [],
          "private": "eyJlMmJmYjczMC1lY2FhLTExZTYtOGY4OC0zNDM2M2JjN2M0YzAiOnsiY3JlYXRlIjoxMjAwMDAwMDAwMDAwLCJkZWxldGUiOjEyMDAwMDAwMDAwMDAsInVwZGF0ZSI6MTIwMDAwMDAwMDAwMH19",
          "dependencies": [
            "module.object-storage.oci_objectstorage_bucket.ewp_image_storage"
          ]
        },
        {
          "index_key": 166,
          "schema_version": 0,
          "attributes": {
            "bucket": "ewp_image_store",
            "cache_control": null,
            "content": null,
            "content_disposition": null,
            "content_encoding": null,
            "content_language": null,
            "content_length": "533774",
            "content_md5": "Per/Z4+HEuJIavOsktJYqQ==",
            "content_type": "image/jpeg",
            "delete_all_object_versions": false,
            "id": "n/lr4poue3hwjl/b/ewp_image_store/o/weddings%2FEllie%20and%20Pete%2F32.jpg",
            "metadata": {},
            "namespace": "lr4poue3hwjl",
            "object": "weddings/Ellie and Pete/32.jpg",
            "opc_sse_kms_key_id": null,
            "source": "../assets/weddings/Ellie and Pete/32.jpg 2014-07-30 16:26:54 +0100 BST",
            "source_uri_details": [],
            "state": "COMPLETED",
            "storage_tier": "Standard",
            "timeouts": null,
            "version_id": "a6f2efc6-6f21-4ae0-8de6-e4be66059781",
            "work_request_id": ""
          },
          "sensitive_attributes": [],
          "private": "eyJlMmJmYjczMC1lY2FhLTExZTYtOGY4OC0zNDM2M2JjN2M0YzAiOnsiY3JlYXRlIjoxMjAwMDAwMDAwMDAwLCJkZWxldGUiOjEyMDAwMDAwMDAwMDAsInVwZGF0ZSI6MTIwMDAwMDAwMDAwMH19",
          "dependencies": [
            "module.object-storage.oci_objectstorage_bucket.ewp_image_storage"
          ]
        },
        {
          "index_key": 167,
          "schema_version": 0,
          "attributes": {
            "bucket": "ewp_image_store",
            "cache_control": null,
            "content": null,
            "content_disposition": null,
            "content_encoding": null,
            "content_language": null,
            "content_length": "440535",
            "content_md5": "v2UIbz+3sML8BRqd/KC9Kg==",
            "content_type": "image/jpeg",
            "delete_all_object_versions": false,
            "id": "n/lr4poue3hwjl/b/ewp_image_store/o/weddings%2FEllie%20and%20Pete%2F33.jpg",
            "metadata": {},
            "namespace": "lr4poue3hwjl",
            "object": "weddings/Ellie and Pete/33.jpg",
            "opc_sse_kms_key_id": null,
            "source": "../assets/weddings/Ellie and Pete/33.jpg 2014-07-30 16:26:26 +0100 BST",
            "source_uri_details": [],
            "state": "COMPLETED",
            "storage_tier": "Standard",
            "timeouts": null,
            "version_id": "eb8af792-2d31-4953-8ad0-7109ce22e01c",
            "work_request_id": ""
          },
          "sensitive_attributes": [],
          "private": "eyJlMmJmYjczMC1lY2FhLTExZTYtOGY4OC0zNDM2M2JjN2M0YzAiOnsiY3JlYXRlIjoxMjAwMDAwMDAwMDAwLCJkZWxldGUiOjEyMDAwMDAwMDAwMDAsInVwZGF0ZSI6MTIwMDAwMDAwMDAwMH19",
          "dependencies": [
            "module.object-storage.oci_objectstorage_bucket.ewp_image_storage"
          ]
        },
        {
          "index_key": 168,
          "schema_version": 0,
          "attributes": {
            "bucket": "ewp_image_store",
            "cache_control": null,
            "content": null,
            "content_disposition": null,
            "content_encoding": null,
            "content_language": null,
            "content_length": "337806",
            "content_md5": "qVxOYJmyJbzVzU1nxCPNgg==",
            "content_type": "image/jpeg",
            "delete_all_object_versions": false,
            "id": "n/lr4poue3hwjl/b/ewp_image_store/o/weddings%2FEllie%20and%20Pete%2F4.jpg",
            "metadata": {},
            "namespace": "lr4poue3hwjl",
            "object": "weddings/Ellie and Pete/4.jpg",
            "opc_sse_kms_key_id": null,
            "source": "../assets/weddings/Ellie and Pete/4.jpg 2014-07-30 16:34:30 +0100 BST",
            "source_uri_details": [],
            "state": "COMPLETED",
            "storage_tier": "Standard",
            "timeouts": null,
            "version_id": "d9eec118-eb26-4be4-bd70-1f24b47b3f47",
            "work_request_id": ""
          },
          "sensitive_attributes": [],
          "private": "eyJlMmJmYjczMC1lY2FhLTExZTYtOGY4OC0zNDM2M2JjN2M0YzAiOnsiY3JlYXRlIjoxMjAwMDAwMDAwMDAwLCJkZWxldGUiOjEyMDAwMDAwMDAwMDAsInVwZGF0ZSI6MTIwMDAwMDAwMDAwMH19",
          "dependencies": [
            "module.object-storage.oci_objectstorage_bucket.ewp_image_storage"
          ]
        },
        {
          "index_key": 169,
          "schema_version": 0,
          "attributes": {
            "bucket": "ewp_image_store",
            "cache_control": null,
            "content": null,
            "content_disposition": null,
            "content_encoding": null,
            "content_language": null,
            "content_length": "372027",
            "content_md5": "9vtkOeEARt6J7pnVf+nJkA==",
            "content_type": "image/jpeg",
            "delete_all_object_versions": false,
            "id": "n/lr4poue3hwjl/b/ewp_image_store/o/weddings%2FEllie%20and%20Pete%2F5.jpg",
            "metadata": {},
            "namespace": "lr4poue3hwjl",
            "object": "weddings/Ellie and Pete/5.jpg",
            "opc_sse_kms_key_id": null,
            "source": "../assets/weddings/Ellie and Pete/5.jpg 2014-07-30 16:34:17 +0100 BST",
            "source_uri_details": [],
            "state": "COMPLETED",
            "storage_tier": "Standard",
            "timeouts": null,
            "version_id": "fd06341c-89ea-451f-8ea4-d903a748248c",
            "work_request_id": ""
          },
          "sensitive_attributes": [],
          "private": "eyJlMmJmYjczMC1lY2FhLTExZTYtOGY4OC0zNDM2M2JjN2M0YzAiOnsiY3JlYXRlIjoxMjAwMDAwMDAwMDAwLCJkZWxldGUiOjEyMDAwMDAwMDAwMDAsInVwZGF0ZSI6MTIwMDAwMDAwMDAwMH19",
          "dependencies": [
            "module.object-storage.oci_objectstorage_bucket.ewp_image_storage"
          ]
        },
        {
          "index_key": 170,
          "schema_version": 0,
          "attributes": {
            "bucket": "ewp_image_store",
            "cache_control": null,
            "content": null,
            "content_disposition": null,
            "content_encoding": null,
            "content_language": null,
            "content_length": "441455",
            "content_md5": "qnhlK29CgvBHcbuvlH58pg==",
            "content_type": "image/jpeg",
            "delete_all_object_versions": false,
            "id": "n/lr4poue3hwjl/b/ewp_image_store/o/weddings%2FEllie%20and%20Pete%2F6.jpg",
            "metadata": {},
            "namespace": "lr4poue3hwjl",
            "object": "weddings/Ellie and Pete/6.jpg",
            "opc_sse_kms_key_id": null,
            "source": "../assets/weddings/Ellie and Pete/6.jpg 2014-07-30 16:34:04 +0100 BST",
            "source_uri_details": [],
            "state": "COMPLETED",
            "storage_tier": "Standard",
            "timeouts": null,
            "version_id": "4598b18f-16b5-4c4b-81ac-8304403e3c47",
            "work_request_id": ""
          },
          "sensitive_attributes": [],
          "private": "eyJlMmJmYjczMC1lY2FhLTExZTYtOGY4OC0zNDM2M2JjN2M0YzAiOnsiY3JlYXRlIjoxMjAwMDAwMDAwMDAwLCJkZWxldGUiOjEyMDAwMDAwMDAwMDAsInVwZGF0ZSI6MTIwMDAwMDAwMDAwMH19",
          "dependencies": [
            "module.object-storage.oci_objectstorage_bucket.ewp_image_storage"
          ]
        },
        {
          "index_key": 171,
          "schema_version": 0,
          "attributes": {
            "bucket": "ewp_image_store",
            "cache_control": null,
            "content": null,
            "content_disposition": null,
            "content_encoding": null,
            "content_language": null,
            "content_length": "519863",
            "content_md5": "qtOjor7fgOZ/PvC6US16xw==",
            "content_type": "image/jpeg",
            "delete_all_object_versions": false,
            "id": "n/lr4poue3hwjl/b/ewp_image_store/o/weddings%2FEllie%20and%20Pete%2F7.jpg",
            "metadata": {},
            "namespace": "lr4poue3hwjl",
            "object": "weddings/Ellie and Pete/7.jpg",
            "opc_sse_kms_key_id": null,
            "source": "../assets/weddings/Ellie and Pete/7.jpg 2014-07-30 16:33:50 +0100 BST",
            "source_uri_details": [],
            "state": "COMPLETED",
            "storage_tier": "Standard",
            "timeouts": null,
            "version_id": "32cbe6c1-402c-4f9d-9396-d89d3feca7db",
            "work_request_id": ""
          },
          "sensitive_attributes": [],
          "private": "eyJlMmJmYjczMC1lY2FhLTExZTYtOGY4OC0zNDM2M2JjN2M0YzAiOnsiY3JlYXRlIjoxMjAwMDAwMDAwMDAwLCJkZWxldGUiOjEyMDAwMDAwMDAwMDAsInVwZGF0ZSI6MTIwMDAwMDAwMDAwMH19",
          "dependencies": [
            "module.object-storage.oci_objectstorage_bucket.ewp_image_storage"
          ]
        },
        {
          "index_key": 172,
          "schema_version": 0,
          "attributes": {
            "bucket": "ewp_image_store",
            "cache_control": null,
            "content": null,
            "content_disposition": null,
            "content_encoding": null,
            "content_language": null,
            "content_length": "409672",
            "content_md5": "T+TL1NnenFgTiJiWhvkIAQ==",
            "content_type": "image/jpeg",
            "delete_all_object_versions": false,
            "id": "n/lr4poue3hwjl/b/ewp_image_store/o/weddings%2FEllie%20and%20Pete%2F8.jpg",
            "metadata": {},
            "namespace": "lr4poue3hwjl",
            "object": "weddings/Ellie and Pete/8.jpg",
            "opc_sse_kms_key_id": null,
            "source": "../assets/weddings/Ellie and Pete/8.jpg 2014-07-30 16:33:39 +0100 BST",
            "source_uri_details": [],
            "state": "COMPLETED",
            "storage_tier": "Standard",
            "timeouts": null,
            "version_id": "504d1e52-14f4-4551-939b-2dce59046e27",
            "work_request_id": ""
          },
          "sensitive_attributes": [],
          "private": "eyJlMmJmYjczMC1lY2FhLTExZTYtOGY4OC0zNDM2M2JjN2M0YzAiOnsiY3JlYXRlIjoxMjAwMDAwMDAwMDAwLCJkZWxldGUiOjEyMDAwMDAwMDAwMDAsInVwZGF0ZSI6MTIwMDAwMDAwMDAwMH19",
          "dependencies": [
            "module.object-storage.oci_objectstorage_bucket.ewp_image_storage"
          ]
        },
        {
          "index_key": 173,
          "schema_version": 0,
          "attributes": {
            "bucket": "ewp_image_store",
            "cache_control": null,
            "content": null,
            "content_disposition": null,
            "content_encoding": null,
            "content_language": null,
            "content_length": "542963",
            "content_md5": "q9B42E3iwGQTPjbRlJlS2g==",
            "content_type": "image/jpeg",
            "delete_all_object_versions": false,
            "id": "n/lr4poue3hwjl/b/ewp_image_store/o/weddings%2FEllie%20and%20Pete%2F9.jpg",
            "metadata": {},
            "namespace": "lr4poue3hwjl",
            "object": "weddings/Ellie and Pete/9.jpg",
            "opc_sse_kms_key_id": null,
            "source": "../assets/weddings/Ellie and Pete/9.jpg 2014-07-30 16:33:30 +0100 BST",
            "source_uri_details": [],
            "state": "COMPLETED",
            "storage_tier": "Standard",
            "timeouts": null,
            "version_id": "522267d5-311d-4ed9-b154-83461238cbb3",
            "work_request_id": ""
          },
          "sensitive_attributes": [],
          "private": "eyJlMmJmYjczMC1lY2FhLTExZTYtOGY4OC0zNDM2M2JjN2M0YzAiOnsiY3JlYXRlIjoxMjAwMDAwMDAwMDAwLCJkZWxldGUiOjEyMDAwMDAwMDAwMDAsInVwZGF0ZSI6MTIwMDAwMDAwMDAwMH19",
          "dependencies": [
            "module.object-storage.oci_objectstorage_bucket.ewp_image_storage"
          ]
        },
        {
          "index_key": 174,
          "schema_version": 0,
          "attributes": {
            "bucket": "ewp_image_store",
            "cache_control": null,
            "content": null,
            "content_disposition": null,
            "content_encoding": null,
            "content_language": null,
            "content_length": "506520",
            "content_md5": "uz8hdAirlUb7+eVHplArEw==",
            "content_type": "image/jpeg",
            "delete_all_object_versions": false,
            "id": "n/lr4poue3hwjl/b/ewp_image_store/o/weddings%2FSarah%20and%20Toma%2F1.jpg",
            "metadata": {},
            "namespace": "lr4poue3hwjl",
            "object": "weddings/Sarah and Toma/1.jpg",
            "opc_sse_kms_key_id": null,
            "source": "../assets/weddings/Sarah and Toma/1.jpg 2014-07-30 18:06:33 +0100 BST",
            "source_uri_details": [],
            "state": "COMPLETED",
            "storage_tier": "Standard",
            "timeouts": null,
            "version_id": "8cf35662-0109-4556-a410-5e8bc4481b1c",
            "work_request_id": ""
          },
          "sensitive_attributes": [],
          "private": "eyJlMmJmYjczMC1lY2FhLTExZTYtOGY4OC0zNDM2M2JjN2M0YzAiOnsiY3JlYXRlIjoxMjAwMDAwMDAwMDAwLCJkZWxldGUiOjEyMDAwMDAwMDAwMDAsInVwZGF0ZSI6MTIwMDAwMDAwMDAwMH19",
          "dependencies": [
            "module.object-storage.oci_objectstorage_bucket.ewp_image_storage"
          ]
        },
        {
          "index_key": 175,
          "schema_version": 0,
          "attributes": {
            "bucket": "ewp_image_store",
            "cache_control": null,
            "content": null,
            "content_disposition": null,
            "content_encoding": null,
            "content_language": null,
            "content_length": "490563",
            "content_md5": "DQOYWOQkS73F5mmW1Ydy/Q==",
            "content_type": "image/jpeg",
            "delete_all_object_versions": false,
            "id": "n/lr4poue3hwjl/b/ewp_image_store/o/weddings%2FSarah%20and%20Toma%2F10.jpg",
            "metadata": {},
            "namespace": "lr4poue3hwjl",
            "object": "weddings/Sarah and Toma/10.jpg",
            "opc_sse_kms_key_id": null,
            "source": "../assets/weddings/Sarah and Toma/10.jpg 2014-07-30 18:03:06 +0100 BST",
            "source_uri_details": [],
            "state": "COMPLETED",
            "storage_tier": "Standard",
            "timeouts": null,
            "version_id": "e8ab3e86-513d-4860-95ae-e29c19b1ffa7",
            "work_request_id": ""
          },
          "sensitive_attributes": [],
          "private": "eyJlMmJmYjczMC1lY2FhLTExZTYtOGY4OC0zNDM2M2JjN2M0YzAiOnsiY3JlYXRlIjoxMjAwMDAwMDAwMDAwLCJkZWxldGUiOjEyMDAwMDAwMDAwMDAsInVwZGF0ZSI6MTIwMDAwMDAwMDAwMH19",
          "dependencies": [
            "module.object-storage.oci_objectstorage_bucket.ewp_image_storage"
          ]
        },
        {
          "index_key": 176,
          "schema_version": 0,
          "attributes": {
            "bucket": "ewp_image_store",
            "cache_control": null,
            "content": null,
            "content_disposition": null,
            "content_encoding": null,
            "content_language": null,
            "content_length": "480063",
            "content_md5": "/LNx8Han4KxPZxCOc+f5hQ==",
            "content_type": "image/jpeg",
            "delete_all_object_versions": false,
            "id": "n/lr4poue3hwjl/b/ewp_image_store/o/weddings%2FSarah%20and%20Toma%2F11.jpg",
            "metadata": {},
            "namespace": "lr4poue3hwjl",
            "object": "weddings/Sarah and Toma/11.jpg",
            "opc_sse_kms_key_id": null,
            "source": "../assets/weddings/Sarah and Toma/11.jpg 2014-07-30 18:03:20 +0100 BST",
            "source_uri_details": [],
            "state": "COMPLETED",
            "storage_tier": "Standard",
            "timeouts": null,
            "version_id": "1f11d488-b35d-4d00-b76e-822099266619",
            "work_request_id": ""
          },
          "sensitive_attributes": [],
          "private": "eyJlMmJmYjczMC1lY2FhLTExZTYtOGY4OC0zNDM2M2JjN2M0YzAiOnsiY3JlYXRlIjoxMjAwMDAwMDAwMDAwLCJkZWxldGUiOjEyMDAwMDAwMDAwMDAsInVwZGF0ZSI6MTIwMDAwMDAwMDAwMH19",
          "dependencies": [
            "module.object-storage.oci_objectstorage_bucket.ewp_image_storage"
          ]
        },
        {
          "index_key": 177,
          "schema_version": 0,
          "attributes": {
            "bucket": "ewp_image_store",
            "cache_control": null,
            "content": null,
            "content_disposition": null,
            "content_encoding": null,
            "content_language": null,
            "content_length": "419200",
            "content_md5": "O6cocec6OXMD0JPg2YS7UQ==",
            "content_type": "image/jpeg",
            "delete_all_object_versions": false,
            "id": "n/lr4poue3hwjl/b/ewp_image_store/o/weddings%2FSarah%20and%20Toma%2F12.jpg",
            "metadata": {},
            "namespace": "lr4poue3hwjl",
            "object": "weddings/Sarah and Toma/12.jpg",
            "opc_sse_kms_key_id": null,
            "source": "../assets/weddings/Sarah and Toma/12.jpg 2014-07-30 18:02:53 +0100 BST",
            "source_uri_details": [],
            "state": "COMPLETED",
            "storage_tier": "Standard",
            "timeouts": null,
            "version_id": "5d13c310-f1bb-44b7-be91-dd2fe27eae5c",
            "work_request_id": ""
          },
          "sensitive_attributes": [],
          "private": "eyJlMmJmYjczMC1lY2FhLTExZTYtOGY4OC0zNDM2M2JjN2M0YzAiOnsiY3JlYXRlIjoxMjAwMDAwMDAwMDAwLCJkZWxldGUiOjEyMDAwMDAwMDAwMDAsInVwZGF0ZSI6MTIwMDAwMDAwMDAwMH19",
          "dependencies": [
            "module.object-storage.oci_objectstorage_bucket.ewp_image_storage"
          ]
        },
        {
          "index_key": 178,
          "schema_version": 0,
          "attributes": {
            "bucket": "ewp_image_store",
            "cache_control": null,
            "content": null,
            "content_disposition": null,
            "content_encoding": null,
            "content_language": null,
            "content_length": "453421",
            "content_md5": "SzM1UTtA4xZR/nN9XXeMqg==",
            "content_type": "image/jpeg",
            "delete_all_object_versions": false,
            "id": "n/lr4poue3hwjl/b/ewp_image_store/o/weddings%2FSarah%20and%20Toma%2F13.jpg",
            "metadata": {},
            "namespace": "lr4poue3hwjl",
            "object": "weddings/Sarah and Toma/13.jpg",
            "opc_sse_kms_key_id": null,
            "source": "../assets/weddings/Sarah and Toma/13.jpg 2014-07-30 18:02:26 +0100 BST",
            "source_uri_details": [],
            "state": "COMPLETED",
            "storage_tier": "Standard",
            "timeouts": null,
            "version_id": "d2289d11-9738-4d81-a77e-fac21f808093",
            "work_request_id": ""
          },
          "sensitive_attributes": [],
          "private": "eyJlMmJmYjczMC1lY2FhLTExZTYtOGY4OC0zNDM2M2JjN2M0YzAiOnsiY3JlYXRlIjoxMjAwMDAwMDAwMDAwLCJkZWxldGUiOjEyMDAwMDAwMDAwMDAsInVwZGF0ZSI6MTIwMDAwMDAwMDAwMH19",
          "dependencies": [
            "module.object-storage.oci_objectstorage_bucket.ewp_image_storage"
          ]
        },
        {
          "index_key": 179,
          "schema_version": 0,
          "attributes": {
            "bucket": "ewp_image_store",
            "cache_control": null,
            "content": null,
            "content_disposition": null,
            "content_encoding": null,
            "content_language": null,
            "content_length": "490435",
            "content_md5": "tLm5BhKtVfsnqyCQtLIj6A==",
            "content_type": "image/jpeg",
            "delete_all_object_versions": false,
            "id": "n/lr4poue3hwjl/b/ewp_image_store/o/weddings%2FSarah%20and%20Toma%2F14.jpg",
            "metadata": {},
            "namespace": "lr4poue3hwjl",
            "object": "weddings/Sarah and Toma/14.jpg",
            "opc_sse_kms_key_id": null,
            "source": "../assets/weddings/Sarah and Toma/14.jpg 2014-07-30 18:04:03 +0100 BST",
            "source_uri_details": [],
            "state": "COMPLETED",
            "storage_tier": "Standard",
            "timeouts": null,
            "version_id": "a5a4b144-842b-45ae-94ff-27b34fda9d4d",
            "work_request_id": ""
          },
          "sensitive_attributes": [],
          "private": "eyJlMmJmYjczMC1lY2FhLTExZTYtOGY4OC0zNDM2M2JjN2M0YzAiOnsiY3JlYXRlIjoxMjAwMDAwMDAwMDAwLCJkZWxldGUiOjEyMDAwMDAwMDAwMDAsInVwZGF0ZSI6MTIwMDAwMDAwMDAwMH19",
          "dependencies": [
            "module.object-storage.oci_objectstorage_bucket.ewp_image_storage"
          ]
        },
        {
          "index_key": 180,
          "schema_version": 0,
          "attributes": {
            "bucket": "ewp_image_store",
            "cache_control": null,
            "content": null,
            "content_disposition": null,
            "content_encoding": null,
            "content_language": null,
            "content_length": "444785",
            "content_md5": "+XMjSs+AJ5p341YJQreL5A==",
            "content_type": "image/jpeg",
            "delete_all_object_versions": false,
            "id": "n/lr4poue3hwjl/b/ewp_image_store/o/weddings%2FSarah%20and%20Toma%2F15.jpg",
            "metadata": {},
            "namespace": "lr4poue3hwjl",
            "object": "weddings/Sarah and Toma/15.jpg",
            "opc_sse_kms_key_id": null,
            "source": "../assets/weddings/Sarah and Toma/15.jpg 2014-07-30 18:02:15 +0100 BST",
            "source_uri_details": [],
            "state": "COMPLETED",
            "storage_tier": "Standard",
            "timeouts": null,
            "version_id": "2ba36705-4dd7-46e8-9e2d-f9e1d2deba25",
            "work_request_id": ""
          },
          "sensitive_attributes": [],
          "private": "eyJlMmJmYjczMC1lY2FhLTExZTYtOGY4OC0zNDM2M2JjN2M0YzAiOnsiY3JlYXRlIjoxMjAwMDAwMDAwMDAwLCJkZWxldGUiOjEyMDAwMDAwMDAwMDAsInVwZGF0ZSI6MTIwMDAwMDAwMDAwMH19",
          "dependencies": [
            "module.object-storage.oci_objectstorage_bucket.ewp_image_storage"
          ]
        },
        {
          "index_key": 181,
          "schema_version": 0,
          "attributes": {
            "bucket": "ewp_image_store",
            "cache_control": null,
            "content": null,
            "content_disposition": null,
            "content_encoding": null,
            "content_language": null,
            "content_length": "619460",
            "content_md5": "NGGBFmox0xGI1rqJysTK/Q==",
            "content_type": "image/jpeg",
            "delete_all_object_versions": false,
            "id": "n/lr4poue3hwjl/b/ewp_image_store/o/weddings%2FSarah%20and%20Toma%2F16.jpg",
            "metadata": {},
            "namespace": "lr4poue3hwjl",
            "object": "weddings/Sarah and Toma/16.jpg",
            "opc_sse_kms_key_id": null,
            "source": "../assets/weddings/Sarah and Toma/16.jpg 2014-07-30 18:02:41 +0100 BST",
            "source_uri_details": [],
            "state": "COMPLETED",
            "storage_tier": "Standard",
            "timeouts": null,
            "version_id": "b218fbb0-d030-475f-b445-c402c6f050df",
            "work_request_id": ""
          },
          "sensitive_attributes": [],
          "private": "eyJlMmJmYjczMC1lY2FhLTExZTYtOGY4OC0zNDM2M2JjN2M0YzAiOnsiY3JlYXRlIjoxMjAwMDAwMDAwMDAwLCJkZWxldGUiOjEyMDAwMDAwMDAwMDAsInVwZGF0ZSI6MTIwMDAwMDAwMDAwMH19",
          "dependencies": [
            "module.object-storage.oci_objectstorage_bucket.ewp_image_storage"
          ]
        },
        {
          "index_key": 182,
          "schema_version": 0,
          "attributes": {
            "bucket": "ewp_image_store",
            "cache_control": null,
            "content": null,
            "content_disposition": null,
            "content_encoding": null,
            "content_language": null,
            "content_length": "452671",
            "content_md5": "fTXxy+xLySvoR/kx5AhVwg==",
            "content_type": "image/jpeg",
            "delete_all_object_versions": false,
            "id": "n/lr4poue3hwjl/b/ewp_image_store/o/weddings%2FSarah%20and%20Toma%2F17.jpg",
            "metadata": {},
            "namespace": "lr4poue3hwjl",
            "object": "weddings/Sarah and Toma/17.jpg",
            "opc_sse_kms_key_id": null,
            "source": "../assets/weddings/Sarah and Toma/17.jpg 2014-07-30 18:02:00 +0100 BST",
            "source_uri_details": [],
            "state": "COMPLETED",
            "storage_tier": "Standard",
            "timeouts": null,
            "version_id": "f67ab503-77ee-4268-8422-a2ad0f97832b",
            "work_request_id": ""
          },
          "sensitive_attributes": [],
          "private": "eyJlMmJmYjczMC1lY2FhLTExZTYtOGY4OC0zNDM2M2JjN2M0YzAiOnsiY3JlYXRlIjoxMjAwMDAwMDAwMDAwLCJkZWxldGUiOjEyMDAwMDAwMDAwMDAsInVwZGF0ZSI6MTIwMDAwMDAwMDAwMH19",
          "dependencies": [
            "module.object-storage.oci_objectstorage_bucket.ewp_image_storage"
          ]
        },
        {
          "index_key": 183,
          "schema_version": 0,
          "attributes": {
            "bucket": "ewp_image_store",
            "cache_control": null,
            "content": null,
            "content_disposition": null,
            "content_encoding": null,
            "content_language": null,
            "content_length": "445955",
            "content_md5": "a81MBPH92gvAIvNz1it5GQ==",
            "content_type": "image/jpeg",
            "delete_all_object_versions": false,
            "id": "n/lr4poue3hwjl/b/ewp_image_store/o/weddings%2FSarah%20and%20Toma%2F18.jpg",
            "metadata": {},
            "namespace": "lr4poue3hwjl",
            "object": "weddings/Sarah and Toma/18.jpg",
            "opc_sse_kms_key_id": null,
            "source": "../assets/weddings/Sarah and Toma/18.jpg 2014-07-30 18:01:49 +0100 BST",
            "source_uri_details": [],
            "state": "COMPLETED",
            "storage_tier": "Standard",
            "timeouts": null,
            "version_id": "6d8f4667-7418-44bc-a104-50f0d5fa3841",
            "work_request_id": ""
          },
          "sensitive_attributes": [],
          "private": "eyJlMmJmYjczMC1lY2FhLTExZTYtOGY4OC0zNDM2M2JjN2M0YzAiOnsiY3JlYXRlIjoxMjAwMDAwMDAwMDAwLCJkZWxldGUiOjEyMDAwMDAwMDAwMDAsInVwZGF0ZSI6MTIwMDAwMDAwMDAwMH19",
          "dependencies": [
            "module.object-storage.oci_objectstorage_bucket.ewp_image_storage"
          ]
        },
        {
          "index_key": 184,
          "schema_version": 0,
          "attributes": {
            "bucket": "ewp_image_store",
            "cache_control": null,
            "content": null,
            "content_disposition": null,
            "content_encoding": null,
            "content_language": null,
            "content_length": "388441",
            "content_md5": "GFEQeI/HBP21O+YFqchD3A==",
            "content_type": "image/jpeg",
            "delete_all_object_versions": false,
            "id": "n/lr4poue3hwjl/b/ewp_image_store/o/weddings%2FSarah%20and%20Toma%2F19.jpg",
            "metadata": {},
            "namespace": "lr4poue3hwjl",
            "object": "weddings/Sarah and Toma/19.jpg",
            "opc_sse_kms_key_id": null,
            "source": "../assets/weddings/Sarah and Toma/19.jpg 2014-07-30 18:01:35 +0100 BST",
            "source_uri_details": [],
            "state": "COMPLETED",
            "storage_tier": "Standard",
            "timeouts": null,
            "version_id": "c9f99b6d-0589-4685-bd1a-169b1fe8c9ee",
            "work_request_id": ""
          },
          "sensitive_attributes": [],
          "private": "eyJlMmJmYjczMC1lY2FhLTExZTYtOGY4OC0zNDM2M2JjN2M0YzAiOnsiY3JlYXRlIjoxMjAwMDAwMDAwMDAwLCJkZWxldGUiOjEyMDAwMDAwMDAwMDAsInVwZGF0ZSI6MTIwMDAwMDAwMDAwMH19",
          "dependencies": [
            "module.object-storage.oci_objectstorage_bucket.ewp_image_storage"
          ]
        },
        {
          "index_key": 185,
          "schema_version": 0,
          "attributes": {
            "bucket": "ewp_image_store",
            "cache_control": null,
            "content": null,
            "content_disposition": null,
            "content_encoding": null,
            "content_language": null,
            "content_length": "465804",
            "content_md5": "JFPwnHFyFOK4FhCYPZk1BQ==",
            "content_type": "image/jpeg",
            "delete_all_object_versions": false,
            "id": "n/lr4poue3hwjl/b/ewp_image_store/o/weddings%2FSarah%20and%20Toma%2F2.jpg",
            "metadata": {},
            "namespace": "lr4poue3hwjl",
            "object": "weddings/Sarah and Toma/2.jpg",
            "opc_sse_kms_key_id": null,
            "source": "../assets/weddings/Sarah and Toma/2.jpg 2014-07-30 18:06:19 +0100 BST",
            "source_uri_details": [],
            "state": "COMPLETED",
            "storage_tier": "Standard",
            "timeouts": null,
            "version_id": "c7985626-d20f-4be0-9012-ca782d26ea7f",
            "work_request_id": ""
          },
          "sensitive_attributes": [],
          "private": "eyJlMmJmYjczMC1lY2FhLTExZTYtOGY4OC0zNDM2M2JjN2M0YzAiOnsiY3JlYXRlIjoxMjAwMDAwMDAwMDAwLCJkZWxldGUiOjEyMDAwMDAwMDAwMDAsInVwZGF0ZSI6MTIwMDAwMDAwMDAwMH19",
          "dependencies": [
            "module.object-storage.oci_objectstorage_bucket.ewp_image_storage"
          ]
        },
        {
          "index_key": 186,
          "schema_version": 0,
          "attributes": {
            "bucket": "ewp_image_store",
            "cache_control": null,
            "content": null,
            "content_disposition": null,
            "content_encoding": null,
            "content_language": null,
            "content_length": "457306",
            "content_md5": "VL0BEJ5VXXMF3/fcz+QRRA==",
            "content_type": "image/jpeg",
            "delete_all_object_versions": false,
            "id": "n/lr4poue3hwjl/b/ewp_image_store/o/weddings%2FSarah%20and%20Toma%2F20.jpg",
            "metadata": {},
            "namespace": "lr4poue3hwjl",
            "object": "weddings/Sarah and Toma/20.jpg",
            "opc_sse_kms_key_id": null,
            "source": "../assets/weddings/Sarah and Toma/20.jpg 2014-07-30 18:01:06 +0100 BST",
            "source_uri_details": [],
            "state": "COMPLETED",
            "storage_tier": "Standard",
            "timeouts": null,
            "version_id": "fc6640f5-532d-45f3-96c9-90f4c2d886bf",
            "work_request_id": ""
          },
          "sensitive_attributes": [],
          "private": "eyJlMmJmYjczMC1lY2FhLTExZTYtOGY4OC0zNDM2M2JjN2M0YzAiOnsiY3JlYXRlIjoxMjAwMDAwMDAwMDAwLCJkZWxldGUiOjEyMDAwMDAwMDAwMDAsInVwZGF0ZSI6MTIwMDAwMDAwMDAwMH19",
          "dependencies": [
            "module.object-storage.oci_objectstorage_bucket.ewp_image_storage"
          ]
        },
        {
          "index_key": 187,
          "schema_version": 0,
          "attributes": {
            "bucket": "ewp_image_store",
            "cache_control": null,
            "content": null,
            "content_disposition": null,
            "content_encoding": null,
            "content_language": null,
            "content_length": "531693",
            "content_md5": "utHuFBZWQRHTRe8i7ZEn4A==",
            "content_type": "image/jpeg",
            "delete_all_object_versions": false,
            "id": "n/lr4poue3hwjl/b/ewp_image_store/o/weddings%2FSarah%20and%20Toma%2F21.jpg",
            "metadata": {},
            "namespace": "lr4poue3hwjl",
            "object": "weddings/Sarah and Toma/21.jpg",
            "opc_sse_kms_key_id": null,
            "source": "../assets/weddings/Sarah and Toma/21.jpg 2014-07-30 17:59:51 +0100 BST",
            "source_uri_details": [],
            "state": "COMPLETED",
            "storage_tier": "Standard",
            "timeouts": null,
            "version_id": "0e5dea81-8018-499d-86c4-d50ceee278f2",
            "work_request_id": ""
          },
          "sensitive_attributes": [],
          "private": "eyJlMmJmYjczMC1lY2FhLTExZTYtOGY4OC0zNDM2M2JjN2M0YzAiOnsiY3JlYXRlIjoxMjAwMDAwMDAwMDAwLCJkZWxldGUiOjEyMDAwMDAwMDAwMDAsInVwZGF0ZSI6MTIwMDAwMDAwMDAwMH19",
          "dependencies": [
            "module.object-storage.oci_objectstorage_bucket.ewp_image_storage"
          ]
        },
        {
          "index_key": 188,
          "schema_version": 0,
          "attributes": {
            "bucket": "ewp_image_store",
            "cache_control": null,
            "content": null,
            "content_disposition": null,
            "content_encoding": null,
            "content_language": null,
            "content_length": "392917",
            "content_md5": "9bd3p/XFqMOoLJomPSnaMg==",
            "content_type": "image/jpeg",
            "delete_all_object_versions": false,
            "id": "n/lr4poue3hwjl/b/ewp_image_store/o/weddings%2FSarah%20and%20Toma%2F22.jpg",
            "metadata": {},
            "namespace": "lr4poue3hwjl",
            "object": "weddings/Sarah and Toma/22.jpg",
            "opc_sse_kms_key_id": null,
            "source": "../assets/weddings/Sarah and Toma/22.jpg 2014-07-30 17:57:19 +0100 BST",
            "source_uri_details": [],
            "state": "COMPLETED",
            "storage_tier": "Standard",
            "timeouts": null,
            "version_id": "d88bd75f-3f2e-402c-99a2-90d6a6f8588e",
            "work_request_id": ""
          },
          "sensitive_attributes": [],
          "private": "eyJlMmJmYjczMC1lY2FhLTExZTYtOGY4OC0zNDM2M2JjN2M0YzAiOnsiY3JlYXRlIjoxMjAwMDAwMDAwMDAwLCJkZWxldGUiOjEyMDAwMDAwMDAwMDAsInVwZGF0ZSI6MTIwMDAwMDAwMDAwMH19",
          "dependencies": [
            "module.object-storage.oci_objectstorage_bucket.ewp_image_storage"
          ]
        },
        {
          "index_key": 189,
          "schema_version": 0,
          "attributes": {
            "bucket": "ewp_image_store",
            "cache_control": null,
            "content": null,
            "content_disposition": null,
            "content_encoding": null,
            "content_language": null,
            "content_length": "456400",
            "content_md5": "33jmsC5vqLcSaShs5FUmcA==",
            "content_type": "image/jpeg",
            "delete_all_object_versions": false,
            "id": "n/lr4poue3hwjl/b/ewp_image_store/o/weddings%2FSarah%20and%20Toma%2F23.jpg",
            "metadata": {},
            "namespace": "lr4poue3hwjl",
            "object": "weddings/Sarah and Toma/23.jpg",
            "opc_sse_kms_key_id": null,
            "source": "../assets/weddings/Sarah and Toma/23.jpg 2014-07-30 17:57:08 +0100 BST",
            "source_uri_details": [],
            "state": "COMPLETED",
            "storage_tier": "Standard",
            "timeouts": null,
            "version_id": "2e466e8c-bd94-4832-aa5d-e63903089d20",
            "work_request_id": ""
          },
          "sensitive_attributes": [],
          "private": "eyJlMmJmYjczMC1lY2FhLTExZTYtOGY4OC0zNDM2M2JjN2M0YzAiOnsiY3JlYXRlIjoxMjAwMDAwMDAwMDAwLCJkZWxldGUiOjEyMDAwMDAwMDAwMDAsInVwZGF0ZSI6MTIwMDAwMDAwMDAwMH19",
          "dependencies": [
            "module.object-storage.oci_objectstorage_bucket.ewp_image_storage"
          ]
        },
        {
          "index_key": 190,
          "schema_version": 0,
          "attributes": {
            "bucket": "ewp_image_store",
            "cache_control": null,
            "content": null,
            "content_disposition": null,
            "content_encoding": null,
            "content_language": null,
            "content_length": "419281",
            "content_md5": "b1XfQyrRsLUA7nsbJ5IwBA==",
            "content_type": "image/jpeg",
            "delete_all_object_versions": false,
            "id": "n/lr4poue3hwjl/b/ewp_image_store/o/weddings%2FSarah%20and%20Toma%2F24.jpg",
            "metadata": {},
            "namespace": "lr4poue3hwjl",
            "object": "weddings/Sarah and Toma/24.jpg",
            "opc_sse_kms_key_id": null,
            "source": "../assets/weddings/Sarah and Toma/24.jpg 2014-07-30 17:56:56 +0100 BST",
            "source_uri_details": [],
            "state": "COMPLETED",
            "storage_tier": "Standard",
            "timeouts": null,
            "version_id": "06077ffe-784c-4362-b406-80e410edd438",
            "work_request_id": ""
          },
          "sensitive_attributes": [],
          "private": "eyJlMmJmYjczMC1lY2FhLTExZTYtOGY4OC0zNDM2M2JjN2M0YzAiOnsiY3JlYXRlIjoxMjAwMDAwMDAwMDAwLCJkZWxldGUiOjEyMDAwMDAwMDAwMDAsInVwZGF0ZSI6MTIwMDAwMDAwMDAwMH19",
          "dependencies": [
            "module.object-storage.oci_objectstorage_bucket.ewp_image_storage"
          ]
        },
        {
          "index_key": 191,
          "schema_version": 0,
          "attributes": {
            "bucket": "ewp_image_store",
            "cache_control": null,
            "content": null,
            "content_disposition": null,
            "content_encoding": null,
            "content_language": null,
            "content_length": "449496",
            "content_md5": "nqsF/oKPcrjV5XE0ZIqfMA==",
            "content_type": "image/jpeg",
            "delete_all_object_versions": false,
            "id": "n/lr4poue3hwjl/b/ewp_image_store/o/weddings%2FSarah%20and%20Toma%2F25.jpg",
            "metadata": {},
            "namespace": "lr4poue3hwjl",
            "object": "weddings/Sarah and Toma/25.jpg",
            "opc_sse_kms_key_id": null,
            "source": "../assets/weddings/Sarah and Toma/25.jpg 2014-07-30 17:56:40 +0100 BST",
            "source_uri_details": [],
            "state": "COMPLETED",
            "storage_tier": "Standard",
            "timeouts": null,
            "version_id": "07f8821d-28be-414d-8c52-5cc520998030",
            "work_request_id": ""
          },
          "sensitive_attributes": [],
          "private": "eyJlMmJmYjczMC1lY2FhLTExZTYtOGY4OC0zNDM2M2JjN2M0YzAiOnsiY3JlYXRlIjoxMjAwMDAwMDAwMDAwLCJkZWxldGUiOjEyMDAwMDAwMDAwMDAsInVwZGF0ZSI6MTIwMDAwMDAwMDAwMH19",
          "dependencies": [
            "module.object-storage.oci_objectstorage_bucket.ewp_image_storage"
          ]
        },
        {
          "index_key": 192,
          "schema_version": 0,
          "attributes": {
            "bucket": "ewp_image_store",
            "cache_control": null,
            "content": null,
            "content_disposition": null,
            "content_encoding": null,
            "content_language": null,
            "content_length": "414274",
            "content_md5": "XuqVG7BJasEb/jSa/ORSGA==",
            "content_type": "image/jpeg",
            "delete_all_object_versions": false,
            "id": "n/lr4poue3hwjl/b/ewp_image_store/o/weddings%2FSarah%20and%20Toma%2F26.jpg",
            "metadata": {},
            "namespace": "lr4poue3hwjl",
            "object": "weddings/Sarah and Toma/26.jpg",
            "opc_sse_kms_key_id": null,
            "source": "../assets/weddings/Sarah and Toma/26.jpg 2014-07-30 17:56:24 +0100 BST",
            "source_uri_details": [],
            "state": "COMPLETED",
            "storage_tier": "Standard",
            "timeouts": null,
            "version_id": "b60e97b0-099c-4e5e-bc53-a19b5a9f5f7e",
            "work_request_id": ""
          },
          "sensitive_attributes": [],
          "private": "eyJlMmJmYjczMC1lY2FhLTExZTYtOGY4OC0zNDM2M2JjN2M0YzAiOnsiY3JlYXRlIjoxMjAwMDAwMDAwMDAwLCJkZWxldGUiOjEyMDAwMDAwMDAwMDAsInVwZGF0ZSI6MTIwMDAwMDAwMDAwMH19",
          "dependencies": [
            "module.object-storage.oci_objectstorage_bucket.ewp_image_storage"
          ]
        },
        {
          "index_key": 193,
          "schema_version": 0,
          "attributes": {
            "bucket": "ewp_image_store",
            "cache_control": null,
            "content": null,
            "content_disposition": null,
            "content_encoding": null,
            "content_language": null,
            "content_length": "431905",
            "content_md5": "HrlIWFJu54CzcGDdpDepWQ==",
            "content_type": "image/jpeg",
            "delete_all_object_versions": false,
            "id": "n/lr4poue3hwjl/b/ewp_image_store/o/weddings%2FSarah%20and%20Toma%2F27.jpg",
            "metadata": {},
            "namespace": "lr4poue3hwjl",
            "object": "weddings/Sarah and Toma/27.jpg",
            "opc_sse_kms_key_id": null,
            "source": "../assets/weddings/Sarah and Toma/27.jpg 2014-07-30 17:56:11 +0100 BST",
            "source_uri_details": [],
            "state": "COMPLETED",
            "storage_tier": "Standard",
            "timeouts": null,
            "version_id": "cbe938a7-4ce3-490a-bf12-b5b67ba0f936",
            "work_request_id": ""
          },
          "sensitive_attributes": [],
          "private": "eyJlMmJmYjczMC1lY2FhLTExZTYtOGY4OC0zNDM2M2JjN2M0YzAiOnsiY3JlYXRlIjoxMjAwMDAwMDAwMDAwLCJkZWxldGUiOjEyMDAwMDAwMDAwMDAsInVwZGF0ZSI6MTIwMDAwMDAwMDAwMH19",
          "dependencies": [
            "module.object-storage.oci_objectstorage_bucket.ewp_image_storage"
          ]
        },
        {
          "index_key": 194,
          "schema_version": 0,
          "attributes": {
            "bucket": "ewp_image_store",
            "cache_control": null,
            "content": null,
            "content_disposition": null,
            "content_encoding": null,
            "content_language": null,
            "content_length": "483881",
            "content_md5": "ifvR9lLLlxe7FZ57wgEfgA==",
            "content_type": "image/jpeg",
            "delete_all_object_versions": false,
            "id": "n/lr4poue3hwjl/b/ewp_image_store/o/weddings%2FSarah%20and%20Toma%2F28.jpg",
            "metadata": {},
            "namespace": "lr4poue3hwjl",
            "object": "weddings/Sarah and Toma/28.jpg",
            "opc_sse_kms_key_id": null,
            "source": "../assets/weddings/Sarah and Toma/28.jpg 2014-07-30 17:55:54 +0100 BST",
            "source_uri_details": [],
            "state": "COMPLETED",
            "storage_tier": "Standard",
            "timeouts": null,
            "version_id": "1a8cbdc5-ac1b-435f-a96b-35802e85e3e7",
            "work_request_id": ""
          },
          "sensitive_attributes": [],
          "private": "eyJlMmJmYjczMC1lY2FhLTExZTYtOGY4OC0zNDM2M2JjN2M0YzAiOnsiY3JlYXRlIjoxMjAwMDAwMDAwMDAwLCJkZWxldGUiOjEyMDAwMDAwMDAwMDAsInVwZGF0ZSI6MTIwMDAwMDAwMDAwMH19",
          "dependencies": [
            "module.object-storage.oci_objectstorage_bucket.ewp_image_storage"
          ]
        },
        {
          "index_key": 195,
          "schema_version": 0,
          "attributes": {
            "bucket": "ewp_image_store",
            "cache_control": null,
            "content": null,
            "content_disposition": null,
            "content_encoding": null,
            "content_language": null,
            "content_length": "465186",
            "content_md5": "Gq87BSWeBL+pyWALHeEXDA==",
            "content_type": "image/jpeg",
            "delete_all_object_versions": false,
            "id": "n/lr4poue3hwjl/b/ewp_image_store/o/weddings%2FSarah%20and%20Toma%2F29.jpg",
            "metadata": {},
            "namespace": "lr4poue3hwjl",
            "object": "weddings/Sarah and Toma/29.jpg",
            "opc_sse_kms_key_id": null,
            "source": "../assets/weddings/Sarah and Toma/29.jpg 2014-07-30 17:55:34 +0100 BST",
            "source_uri_details": [],
            "state": "COMPLETED",
            "storage_tier": "Standard",
            "timeouts": null,
            "version_id": "5ce090e0-e2d3-491f-9168-41f6ecdc8e88",
            "work_request_id": ""
          },
          "sensitive_attributes": [],
          "private": "eyJlMmJmYjczMC1lY2FhLTExZTYtOGY4OC0zNDM2M2JjN2M0YzAiOnsiY3JlYXRlIjoxMjAwMDAwMDAwMDAwLCJkZWxldGUiOjEyMDAwMDAwMDAwMDAsInVwZGF0ZSI6MTIwMDAwMDAwMDAwMH19",
          "dependencies": [
            "module.object-storage.oci_objectstorage_bucket.ewp_image_storage"
          ]
        },
        {
          "index_key": 196,
          "schema_version": 0,
          "attributes": {
            "bucket": "ewp_image_store",
            "cache_control": null,
            "content": null,
            "content_disposition": null,
            "content_encoding": null,
            "content_language": null,
            "content_length": "341315",
            "content_md5": "TsBLjsqeegqN0DY8DyUF/g==",
            "content_type": "image/jpeg",
            "delete_all_object_versions": false,
            "id": "n/lr4poue3hwjl/b/ewp_image_store/o/weddings%2FSarah%20and%20Toma%2F3.jpg",
            "metadata": {},
            "namespace": "lr4poue3hwjl",
            "object": "weddings/Sarah and Toma/3.jpg",
            "opc_sse_kms_key_id": null,
            "source": "../assets/weddings/Sarah and Toma/3.jpg 2014-07-30 18:06:05 +0100 BST",
            "source_uri_details": [],
            "state": "COMPLETED",
            "storage_tier": "Standard",
            "timeouts": null,
            "version_id": "6dae7af5-2307-4223-9b69-121e0e686ba4",
            "work_request_id": ""
          },
          "sensitive_attributes": [],
          "private": "eyJlMmJmYjczMC1lY2FhLTExZTYtOGY4OC0zNDM2M2JjN2M0YzAiOnsiY3JlYXRlIjoxMjAwMDAwMDAwMDAwLCJkZWxldGUiOjEyMDAwMDAwMDAwMDAsInVwZGF0ZSI6MTIwMDAwMDAwMDAwMH19",
          "dependencies": [
            "module.object-storage.oci_objectstorage_bucket.ewp_image_storage"
          ]
        },
        {
          "index_key": 197,
          "schema_version": 0,
          "attributes": {
            "bucket": "ewp_image_store",
            "cache_control": null,
            "content": null,
            "content_disposition": null,
            "content_encoding": null,
            "content_language": null,
            "content_length": "548317",
            "content_md5": "kvKsrjghMig6f1P40VROwA==",
            "content_type": "image/jpeg",
            "delete_all_object_versions": false,
            "id": "n/lr4poue3hwjl/b/ewp_image_store/o/weddings%2FSarah%20and%20Toma%2F30.jpg",
            "metadata": {},
            "namespace": "lr4poue3hwjl",
            "object": "weddings/Sarah and Toma/30.jpg",
            "opc_sse_kms_key_id": null,
            "source": "../assets/weddings/Sarah and Toma/30.jpg 2014-07-30 17:54:41 +0100 BST",
            "source_uri_details": [],
            "state": "COMPLETED",
            "storage_tier": "Standard",
            "timeouts": null,
            "version_id": "96401495-7ae0-46a1-a13a-164eda785991",
            "work_request_id": ""
          },
          "sensitive_attributes": [],
          "private": "eyJlMmJmYjczMC1lY2FhLTExZTYtOGY4OC0zNDM2M2JjN2M0YzAiOnsiY3JlYXRlIjoxMjAwMDAwMDAwMDAwLCJkZWxldGUiOjEyMDAwMDAwMDAwMDAsInVwZGF0ZSI6MTIwMDAwMDAwMDAwMH19",
          "dependencies": [
            "module.object-storage.oci_objectstorage_bucket.ewp_image_storage"
          ]
        },
        {
          "index_key": 198,
          "schema_version": 0,
          "attributes": {
            "bucket": "ewp_image_store",
            "cache_control": null,
            "content": null,
            "content_disposition": null,
            "content_encoding": null,
            "content_language": null,
            "content_length": "460373",
            "content_md5": "4t9c5WUkq2d/z9opR4hEMw==",
            "content_type": "image/jpeg",
            "delete_all_object_versions": false,
            "id": "n/lr4poue3hwjl/b/ewp_image_store/o/weddings%2FSarah%20and%20Toma%2F31.jpg",
            "metadata": {},
            "namespace": "lr4poue3hwjl",
            "object": "weddings/Sarah and Toma/31.jpg",
            "opc_sse_kms_key_id": null,
            "source": "../assets/weddings/Sarah and Toma/31.jpg 2014-07-30 17:54:16 +0100 BST",
            "source_uri_details": [],
            "state": "COMPLETED",
            "storage_tier": "Standard",
            "timeouts": null,
            "version_id": "64a955b2-dc10-488f-a2dd-13a74b7e8000",
            "work_request_id": ""
          },
          "sensitive_attributes": [],
          "private": "eyJlMmJmYjczMC1lY2FhLTExZTYtOGY4OC0zNDM2M2JjN2M0YzAiOnsiY3JlYXRlIjoxMjAwMDAwMDAwMDAwLCJkZWxldGUiOjEyMDAwMDAwMDAwMDAsInVwZGF0ZSI6MTIwMDAwMDAwMDAwMH19",
          "dependencies": [
            "module.object-storage.oci_objectstorage_bucket.ewp_image_storage"
          ]
        },
        {
          "index_key": 199,
          "schema_version": 0,
          "attributes": {
            "bucket": "ewp_image_store",
            "cache_control": null,
            "content": null,
            "content_disposition": null,
            "content_encoding": null,
            "content_language": null,
            "content_length": "462837",
            "content_md5": "+AyGKMG/pwt3rHwFGQALBw==",
            "content_type": "image/jpeg",
            "delete_all_object_versions": false,
            "id": "n/lr4poue3hwjl/b/ewp_image_store/o/weddings%2FSarah%20and%20Toma%2F32.jpg",
            "metadata": {},
            "namespace": "lr4poue3hwjl",
            "object": "weddings/Sarah and Toma/32.jpg",
            "opc_sse_kms_key_id": null,
            "source": "../assets/weddings/Sarah and Toma/32.jpg 2014-07-30 17:53:59 +0100 BST",
            "source_uri_details": [],
            "state": "COMPLETED",
            "storage_tier": "Standard",
            "timeouts": null,
            "version_id": "7dc6e0f5-b98d-4944-b6f2-84f5f66b8201",
            "work_request_id": ""
          },
          "sensitive_attributes": [],
          "private": "eyJlMmJmYjczMC1lY2FhLTExZTYtOGY4OC0zNDM2M2JjN2M0YzAiOnsiY3JlYXRlIjoxMjAwMDAwMDAwMDAwLCJkZWxldGUiOjEyMDAwMDAwMDAwMDAsInVwZGF0ZSI6MTIwMDAwMDAwMDAwMH19",
          "dependencies": [
            "module.object-storage.oci_objectstorage_bucket.ewp_image_storage"
          ]
        },
        {
          "index_key": 200,
          "schema_version": 0,
          "attributes": {
            "bucket": "ewp_image_store",
            "cache_control": null,
            "content": null,
            "content_disposition": null,
            "content_encoding": null,
            "content_language": null,
            "content_length": "381999",
            "content_md5": "GSdIdv1Rydpi/sTYJumxJQ==",
            "content_type": "image/jpeg",
            "delete_all_object_versions": false,
            "id": "n/lr4poue3hwjl/b/ewp_image_store/o/weddings%2FSarah%20and%20Toma%2F33.jpg",
            "metadata": {},
            "namespace": "lr4poue3hwjl",
            "object": "weddings/Sarah and Toma/33.jpg",
            "opc_sse_kms_key_id": null,
            "source": "../assets/weddings/Sarah and Toma/33.jpg 2014-07-30 17:53:21 +0100 BST",
            "source_uri_details": [],
            "state": "COMPLETED",
            "storage_tier": "Standard",
            "timeouts": null,
            "version_id": "5081e0db-299f-4919-8bc5-be71173d717f",
            "work_request_id": ""
          },
          "sensitive_attributes": [],
          "private": "eyJlMmJmYjczMC1lY2FhLTExZTYtOGY4OC0zNDM2M2JjN2M0YzAiOnsiY3JlYXRlIjoxMjAwMDAwMDAwMDAwLCJkZWxldGUiOjEyMDAwMDAwMDAwMDAsInVwZGF0ZSI6MTIwMDAwMDAwMDAwMH19",
          "dependencies": [
            "module.object-storage.oci_objectstorage_bucket.ewp_image_storage"
          ]
        },
        {
          "index_key": 201,
          "schema_version": 0,
          "attributes": {
            "bucket": "ewp_image_store",
            "cache_control": null,
            "content": null,
            "content_disposition": null,
            "content_encoding": null,
            "content_language": null,
            "content_length": "423407",
            "content_md5": "ryuisUr+GbAQnzb7ZqWXTA==",
            "content_type": "image/jpeg",
            "delete_all_object_versions": false,
            "id": "n/lr4poue3hwjl/b/ewp_image_store/o/weddings%2FSarah%20and%20Toma%2F34.jpg",
            "metadata": {},
            "namespace": "lr4poue3hwjl",
            "object": "weddings/Sarah and Toma/34.jpg",
            "opc_sse_kms_key_id": null,
            "source": "../assets/weddings/Sarah and Toma/34.jpg 2014-07-30 17:52:57 +0100 BST",
            "source_uri_details": [],
            "state": "COMPLETED",
            "storage_tier": "Standard",
            "timeouts": null,
            "version_id": "682189c8-7b10-4e48-973c-0d3c85910d72",
            "work_request_id": ""
          },
          "sensitive_attributes": [],
          "private": "eyJlMmJmYjczMC1lY2FhLTExZTYtOGY4OC0zNDM2M2JjN2M0YzAiOnsiY3JlYXRlIjoxMjAwMDAwMDAwMDAwLCJkZWxldGUiOjEyMDAwMDAwMDAwMDAsInVwZGF0ZSI6MTIwMDAwMDAwMDAwMH19",
          "dependencies": [
            "module.object-storage.oci_objectstorage_bucket.ewp_image_storage"
          ]
        },
        {
          "index_key": 202,
          "schema_version": 0,
          "attributes": {
            "bucket": "ewp_image_store",
            "cache_control": null,
            "content": null,
            "content_disposition": null,
            "content_encoding": null,
            "content_language": null,
            "content_length": "417807",
            "content_md5": "Y3wBDcyDmzYWtELVpufLPA==",
            "content_type": "image/jpeg",
            "delete_all_object_versions": false,
            "id": "n/lr4poue3hwjl/b/ewp_image_store/o/weddings%2FSarah%20and%20Toma%2F35.jpg",
            "metadata": {},
            "namespace": "lr4poue3hwjl",
            "object": "weddings/Sarah and Toma/35.jpg",
            "opc_sse_kms_key_id": null,
            "source": "../assets/weddings/Sarah and Toma/35.jpg 2014-07-30 17:52:42 +0100 BST",
            "source_uri_details": [],
            "state": "COMPLETED",
            "storage_tier": "Standard",
            "timeouts": null,
            "version_id": "45253a6c-4e29-4c53-a654-9f1177015958",
            "work_request_id": ""
          },
          "sensitive_attributes": [],
          "private": "eyJlMmJmYjczMC1lY2FhLTExZTYtOGY4OC0zNDM2M2JjN2M0YzAiOnsiY3JlYXRlIjoxMjAwMDAwMDAwMDAwLCJkZWxldGUiOjEyMDAwMDAwMDAwMDAsInVwZGF0ZSI6MTIwMDAwMDAwMDAwMH19",
          "dependencies": [
            "module.object-storage.oci_objectstorage_bucket.ewp_image_storage"
          ]
        },
        {
          "index_key": 203,
          "schema_version": 0,
          "attributes": {
            "bucket": "ewp_image_store",
            "cache_control": null,
            "content": null,
            "content_disposition": null,
            "content_encoding": null,
            "content_language": null,
            "content_length": "376378",
            "content_md5": "CuISY6EWk78+Zn8XteSKtQ==",
            "content_type": "image/jpeg",
            "delete_all_object_versions": false,
            "id": "n/lr4poue3hwjl/b/ewp_image_store/o/weddings%2FSarah%20and%20Toma%2F36.jpg",
            "metadata": {},
            "namespace": "lr4poue3hwjl",
            "object": "weddings/Sarah and Toma/36.jpg",
            "opc_sse_kms_key_id": null,
            "source": "../assets/weddings/Sarah and Toma/36.jpg 2014-07-30 18:07:03 +0100 BST",
            "source_uri_details": [],
            "state": "COMPLETED",
            "storage_tier": "Standard",
            "timeouts": null,
            "version_id": "2fbc4ba4-6f4f-43e6-af85-3a573dd022e7",
            "work_request_id": ""
          },
          "sensitive_attributes": [],
          "private": "eyJlMmJmYjczMC1lY2FhLTExZTYtOGY4OC0zNDM2M2JjN2M0YzAiOnsiY3JlYXRlIjoxMjAwMDAwMDAwMDAwLCJkZWxldGUiOjEyMDAwMDAwMDAwMDAsInVwZGF0ZSI6MTIwMDAwMDAwMDAwMH19",
          "dependencies": [
            "module.object-storage.oci_objectstorage_bucket.ewp_image_storage"
          ]
        },
        {
          "index_key": 204,
          "schema_version": 0,
          "attributes": {
            "bucket": "ewp_image_store",
            "cache_control": null,
            "content": null,
            "content_disposition": null,
            "content_encoding": null,
            "content_language": null,
            "content_length": "418646",
            "content_md5": "DaoGhq/ix6uJxpFlzpcqHw==",
            "content_type": "image/jpeg",
            "delete_all_object_versions": false,
            "id": "n/lr4poue3hwjl/b/ewp_image_store/o/weddings%2FSarah%20and%20Toma%2F37.jpg",
            "metadata": {},
            "namespace": "lr4poue3hwjl",
            "object": "weddings/Sarah and Toma/37.jpg",
            "opc_sse_kms_key_id": null,
            "source": "../assets/weddings/Sarah and Toma/37.jpg 2014-07-30 18:06:47 +0100 BST",
            "source_uri_details": [],
            "state": "COMPLETED",
            "storage_tier": "Standard",
            "timeouts": null,
            "version_id": "e9e4674c-a479-4668-93ac-cb2a566eab9d",
            "work_request_id": ""
          },
          "sensitive_attributes": [],
          "private": "eyJlMmJmYjczMC1lY2FhLTExZTYtOGY4OC0zNDM2M2JjN2M0YzAiOnsiY3JlYXRlIjoxMjAwMDAwMDAwMDAwLCJkZWxldGUiOjEyMDAwMDAwMDAwMDAsInVwZGF0ZSI6MTIwMDAwMDAwMDAwMH19",
          "dependencies": [
            "module.object-storage.oci_objectstorage_bucket.ewp_image_storage"
          ]
        },
        {
          "index_key": 205,
          "schema_version": 0,
          "attributes": {
            "bucket": "ewp_image_store",
            "cache_control": null,
            "content": null,
            "content_disposition": null,
            "content_encoding": null,
            "content_language": null,
            "content_length": "635310",
            "content_md5": "ePYglppVnNELymEIkTnFdg==",
            "content_type": "image/jpeg",
            "delete_all_object_versions": false,
            "id": "n/lr4poue3hwjl/b/ewp_image_store/o/weddings%2FSarah%20and%20Toma%2F38.jpg",
            "metadata": {},
            "namespace": "lr4poue3hwjl",
            "object": "weddings/Sarah and Toma/38.jpg",
            "opc_sse_kms_key_id": null,
            "source": "../assets/weddings/Sarah and Toma/38.jpg 2014-07-30 18:00:46 +0100 BST",
            "source_uri_details": [],
            "state": "COMPLETED",
            "storage_tier": "Standard",
            "timeouts": null,
            "version_id": "888a95b5-40a5-48f5-90ce-d206b8d49a23",
            "work_request_id": ""
          },
          "sensitive_attributes": [],
          "private": "eyJlMmJmYjczMC1lY2FhLTExZTYtOGY4OC0zNDM2M2JjN2M0YzAiOnsiY3JlYXRlIjoxMjAwMDAwMDAwMDAwLCJkZWxldGUiOjEyMDAwMDAwMDAwMDAsInVwZGF0ZSI6MTIwMDAwMDAwMDAwMH19",
          "dependencies": [
            "module.object-storage.oci_objectstorage_bucket.ewp_image_storage"
          ]
        },
        {
          "index_key": 206,
          "schema_version": 0,
          "attributes": {
            "bucket": "ewp_image_store",
            "cache_control": null,
            "content": null,
            "content_disposition": null,
            "content_encoding": null,
            "content_language": null,
            "content_length": "464938",
            "content_md5": "RxISjfMqm/6xNSJ+G1OZFQ==",
            "content_type": "image/jpeg",
            "delete_all_object_versions": false,
            "id": "n/lr4poue3hwjl/b/ewp_image_store/o/weddings%2FSarah%20and%20Toma%2F39.jpg",
            "metadata": {},
            "namespace": "lr4poue3hwjl",
            "object": "weddings/Sarah and Toma/39.jpg",
            "opc_sse_kms_key_id": null,
            "source": "../assets/weddings/Sarah and Toma/39.jpg 2014-07-30 18:00:04 +0100 BST",
            "source_uri_details": [],
            "state": "COMPLETED",
            "storage_tier": "Standard",
            "timeouts": null,
            "version_id": "443ae4e8-1514-49f9-8eb6-c5c6834f2d84",
            "work_request_id": ""
          },
          "sensitive_attributes": [],
          "private": "eyJlMmJmYjczMC1lY2FhLTExZTYtOGY4OC0zNDM2M2JjN2M0YzAiOnsiY3JlYXRlIjoxMjAwMDAwMDAwMDAwLCJkZWxldGUiOjEyMDAwMDAwMDAwMDAsInVwZGF0ZSI6MTIwMDAwMDAwMDAwMH19",
          "dependencies": [
            "module.object-storage.oci_objectstorage_bucket.ewp_image_storage"
          ]
        },
        {
          "index_key": 207,
          "schema_version": 0,
          "attributes": {
            "bucket": "ewp_image_store",
            "cache_control": null,
            "content": null,
            "content_disposition": null,
            "content_encoding": null,
            "content_language": null,
            "content_length": "559248",
            "content_md5": "CSW7dQl5bpy4i86gPp7TvA==",
            "content_type": "image/jpeg",
            "delete_all_object_versions": false,
            "id": "n/lr4poue3hwjl/b/ewp_image_store/o/weddings%2FSarah%20and%20Toma%2F4.jpg",
            "metadata": {},
            "namespace": "lr4poue3hwjl",
            "object": "weddings/Sarah and Toma/4.jpg",
            "opc_sse_kms_key_id": null,
            "source": "../assets/weddings/Sarah and Toma/4.jpg 2014-07-30 18:05:54 +0100 BST",
            "source_uri_details": [],
            "state": "COMPLETED",
            "storage_tier": "Standard",
            "timeouts": null,
            "version_id": "a4f30f2b-f018-4d05-98b4-14e07d470f85",
            "work_request_id": ""
          },
          "sensitive_attributes": [],
          "private": "eyJlMmJmYjczMC1lY2FhLTExZTYtOGY4OC0zNDM2M2JjN2M0YzAiOnsiY3JlYXRlIjoxMjAwMDAwMDAwMDAwLCJkZWxldGUiOjEyMDAwMDAwMDAwMDAsInVwZGF0ZSI6MTIwMDAwMDAwMDAwMH19",
          "dependencies": [
            "module.object-storage.oci_objectstorage_bucket.ewp_image_storage"
          ]
        },
        {
          "index_key": 208,
          "schema_version": 0,
          "attributes": {
            "bucket": "ewp_image_store",
            "cache_control": null,
            "content": null,
            "content_disposition": null,
            "content_encoding": null,
            "content_language": null,
            "content_length": "482941",
            "content_md5": "uT1A1JwtANNP5nd+NnneJw==",
            "content_type": "image/jpeg",
            "delete_all_object_versions": false,
            "id": "n/lr4poue3hwjl/b/ewp_image_store/o/weddings%2FSarah%20and%20Toma%2F40.jpg",
            "metadata": {},
            "namespace": "lr4poue3hwjl",
            "object": "weddings/Sarah and Toma/40.jpg",
            "opc_sse_kms_key_id": null,
            "source": "../assets/weddings/Sarah and Toma/40.jpg 2014-07-30 18:05:29 +0100 BST",
            "source_uri_details": [],
            "state": "COMPLETED",
            "storage_tier": "Standard",
            "timeouts": null,
            "version_id": "4ba92f22-efde-4892-aed4-3a61e9849893",
            "work_request_id": ""
          },
          "sensitive_attributes": [],
          "private": "eyJlMmJmYjczMC1lY2FhLTExZTYtOGY4OC0zNDM2M2JjN2M0YzAiOnsiY3JlYXRlIjoxMjAwMDAwMDAwMDAwLCJkZWxldGUiOjEyMDAwMDAwMDAwMDAsInVwZGF0ZSI6MTIwMDAwMDAwMDAwMH19",
          "dependencies": [
            "module.object-storage.oci_objectstorage_bucket.ewp_image_storage"
          ]
        },
        {
          "index_key": 209,
          "schema_version": 0,
          "attributes": {
            "bucket": "ewp_image_store",
            "cache_control": null,
            "content": null,
            "content_disposition": null,
            "content_encoding": null,
            "content_language": null,
            "content_length": "467621",
            "content_md5": "oqOvcFCY3LgsQUNF1HoI3g==",
            "content_type": "image/jpeg",
            "delete_all_object_versions": false,
            "id": "n/lr4poue3hwjl/b/ewp_image_store/o/weddings%2FSarah%20and%20Toma%2F41.jpg",
            "metadata": {},
            "namespace": "lr4poue3hwjl",
            "object": "weddings/Sarah and Toma/41.jpg",
            "opc_sse_kms_key_id": null,
            "source": "../assets/weddings/Sarah and Toma/41.jpg 2014-07-30 18:05:03 +0100 BST",
            "source_uri_details": [],
            "state": "COMPLETED",
            "storage_tier": "Standard",
            "timeouts": null,
            "version_id": "ea0f2db5-ea02-4ae7-bb39-9e81b0653204",
            "work_request_id": ""
          },
          "sensitive_attributes": [],
          "private": "eyJlMmJmYjczMC1lY2FhLTExZTYtOGY4OC0zNDM2M2JjN2M0YzAiOnsiY3JlYXRlIjoxMjAwMDAwMDAwMDAwLCJkZWxldGUiOjEyMDAwMDAwMDAwMDAsInVwZGF0ZSI6MTIwMDAwMDAwMDAwMH19",
          "dependencies": [
            "module.object-storage.oci_objectstorage_bucket.ewp_image_storage"
          ]
        },
        {
          "index_key": 210,
          "schema_version": 0,
          "attributes": {
            "bucket": "ewp_image_store",
            "cache_control": null,
            "content": null,
            "content_disposition": null,
            "content_encoding": null,
            "content_language": null,
            "content_length": "516574",
            "content_md5": "kgSBi0PCZB17iyKMKGEQDA==",
            "content_type": "image/jpeg",
            "delete_all_object_versions": false,
            "id": "n/lr4poue3hwjl/b/ewp_image_store/o/weddings%2FSarah%20and%20Toma%2F42.jpg",
            "metadata": {},
            "namespace": "lr4poue3hwjl",
            "object": "weddings/Sarah and Toma/42.jpg",
            "opc_sse_kms_key_id": null,
            "source": "../assets/weddings/Sarah and Toma/42.jpg 2014-07-30 18:04:52 +0100 BST",
            "source_uri_details": [],
            "state": "COMPLETED",
            "storage_tier": "Standard",
            "timeouts": null,
            "version_id": "0f4b5471-ce23-473f-bd86-b0ddbcb22e21",
            "work_request_id": ""
          },
          "sensitive_attributes": [],
          "private": "eyJlMmJmYjczMC1lY2FhLTExZTYtOGY4OC0zNDM2M2JjN2M0YzAiOnsiY3JlYXRlIjoxMjAwMDAwMDAwMDAwLCJkZWxldGUiOjEyMDAwMDAwMDAwMDAsInVwZGF0ZSI6MTIwMDAwMDAwMDAwMH19",
          "dependencies": [
            "module.object-storage.oci_objectstorage_bucket.ewp_image_storage"
          ]
        },
        {
          "index_key": 211,
          "schema_version": 0,
          "attributes": {
            "bucket": "ewp_image_store",
            "cache_control": null,
            "content": null,
            "content_disposition": null,
            "content_encoding": null,
            "content_language": null,
            "content_length": "420529",
            "content_md5": "xz9JawKIQV36qxSl/kacxg==",
            "content_type": "image/jpeg",
            "delete_all_object_versions": false,
            "id": "n/lr4poue3hwjl/b/ewp_image_store/o/weddings%2FSarah%20and%20Toma%2F43.jpg",
            "metadata": {},
            "namespace": "lr4poue3hwjl",
            "object": "weddings/Sarah and Toma/43.jpg",
            "opc_sse_kms_key_id": null,
            "source": "../assets/weddings/Sarah and Toma/43.jpg 2014-07-30 18:04:16 +0100 BST",
            "source_uri_details": [],
            "state": "COMPLETED",
            "storage_tier": "Standard",
            "timeouts": null,
            "version_id": "32d9e48a-690c-428c-a3d0-db628f9cd570",
            "work_request_id": ""
          },
          "sensitive_attributes": [],
          "private": "eyJlMmJmYjczMC1lY2FhLTExZTYtOGY4OC0zNDM2M2JjN2M0YzAiOnsiY3JlYXRlIjoxMjAwMDAwMDAwMDAwLCJkZWxldGUiOjEyMDAwMDAwMDAwMDAsInVwZGF0ZSI6MTIwMDAwMDAwMDAwMH19",
          "dependencies": [
            "module.object-storage.oci_objectstorage_bucket.ewp_image_storage"
          ]
        },
        {
          "index_key": 212,
          "schema_version": 0,
          "attributes": {
            "bucket": "ewp_image_store",
            "cache_control": null,
            "content": null,
            "content_disposition": null,
            "content_encoding": null,
            "content_language": null,
            "content_length": "484898",
            "content_md5": "Qe02mV1KBKfeMKFSt7xr8Q==",
            "content_type": "image/jpeg",
            "delete_all_object_versions": false,
            "id": "n/lr4poue3hwjl/b/ewp_image_store/o/weddings%2FSarah%20and%20Toma%2F5.jpg",
            "metadata": {},
            "namespace": "lr4poue3hwjl",
            "object": "weddings/Sarah and Toma/5.jpg",
            "opc_sse_kms_key_id": null,
            "source": "../assets/weddings/Sarah and Toma/5.jpg 2014-07-30 18:05:41 +0100 BST",
            "source_uri_details": [],
            "state": "COMPLETED",
            "storage_tier": "Standard",
            "timeouts": null,
            "version_id": "bf22165b-7468-43c6-b6b5-9d584275ba79",
            "work_request_id": ""
          },
          "sensitive_attributes": [],
          "private": "eyJlMmJmYjczMC1lY2FhLTExZTYtOGY4OC0zNDM2M2JjN2M0YzAiOnsiY3JlYXRlIjoxMjAwMDAwMDAwMDAwLCJkZWxldGUiOjEyMDAwMDAwMDAwMDAsInVwZGF0ZSI6MTIwMDAwMDAwMDAwMH19",
          "dependencies": [
            "module.object-storage.oci_objectstorage_bucket.ewp_image_storage"
          ]
        },
        {
          "index_key": 213,
          "schema_version": 0,
          "attributes": {
            "bucket": "ewp_image_store",
            "cache_control": null,
            "content": null,
            "content_disposition": null,
            "content_encoding": null,
            "content_language": null,
            "content_length": "462789",
            "content_md5": "7mSg7x8lk4Wf4pkH+i4w3A==",
            "content_type": "image/jpeg",
            "delete_all_object_versions": false,
            "id": "n/lr4poue3hwjl/b/ewp_image_store/o/weddings%2FSarah%20and%20Toma%2F6.jpg",
            "metadata": {},
            "namespace": "lr4poue3hwjl",
            "object": "weddings/Sarah and Toma/6.jpg",
            "opc_sse_kms_key_id": null,
            "source": "../assets/weddings/Sarah and Toma/6.jpg 2014-07-30 18:05:19 +0100 BST",
            "source_uri_details": [],
            "state": "COMPLETED",
            "storage_tier": "Standard",
            "timeouts": null,
            "version_id": "4042a07a-ac8d-403d-b13d-24fe5d25fdb3",
            "work_request_id": ""
          },
          "sensitive_attributes": [],
          "private": "eyJlMmJmYjczMC1lY2FhLTExZTYtOGY4OC0zNDM2M2JjN2M0YzAiOnsiY3JlYXRlIjoxMjAwMDAwMDAwMDAwLCJkZWxldGUiOjEyMDAwMDAwMDAwMDAsInVwZGF0ZSI6MTIwMDAwMDAwMDAwMH19",
          "dependencies": [
            "module.object-storage.oci_objectstorage_bucket.ewp_image_storage"
          ]
        },
        {
          "index_key": 214,
          "schema_version": 0,
          "attributes": {
            "bucket": "ewp_image_store",
            "cache_control": null,
            "content": null,
            "content_disposition": null,
            "content_encoding": null,
            "content_language": null,
            "content_length": "424843",
            "content_md5": "wmmFLHhaShnmk1PWm5IRTA==",
            "content_type": "image/jpeg",
            "delete_all_object_versions": false,
            "id": "n/lr4poue3hwjl/b/ewp_image_store/o/weddings%2FSarah%20and%20Toma%2F7.jpg",
            "metadata": {},
            "namespace": "lr4poue3hwjl",
            "object": "weddings/Sarah and Toma/7.jpg",
            "opc_sse_kms_key_id": null,
            "source": "../assets/weddings/Sarah and Toma/7.jpg 2014-07-30 18:04:29 +0100 BST",
            "source_uri_details": [],
            "state": "COMPLETED",
            "storage_tier": "Standard",
            "timeouts": null,
            "version_id": "4665630a-d7d9-4fb3-9ee0-eadc94cd7ffc",
            "work_request_id": ""
          },
          "sensitive_attributes": [],
          "private": "eyJlMmJmYjczMC1lY2FhLTExZTYtOGY4OC0zNDM2M2JjN2M0YzAiOnsiY3JlYXRlIjoxMjAwMDAwMDAwMDAwLCJkZWxldGUiOjEyMDAwMDAwMDAwMDAsInVwZGF0ZSI6MTIwMDAwMDAwMDAwMH19",
          "dependencies": [
            "module.object-storage.oci_objectstorage_bucket.ewp_image_storage"
          ]
        },
        {
          "index_key": 215,
          "schema_version": 0,
          "attributes": {
            "bucket": "ewp_image_store",
            "cache_control": null,
            "content": null,
            "content_disposition": null,
            "content_encoding": null,
            "content_language": null,
            "content_length": "404060",
            "content_md5": "/5qn0SIvrOUfrCcrQPWf/g==",
            "content_type": "image/jpeg",
            "delete_all_object_versions": false,
            "id": "n/lr4poue3hwjl/b/ewp_image_store/o/weddings%2FSarah%20and%20Toma%2F8.jpg",
            "metadata": {},
            "namespace": "lr4poue3hwjl",
            "object": "weddings/Sarah and Toma/8.jpg",
            "opc_sse_kms_key_id": null,
            "source": "../assets/weddings/Sarah and Toma/8.jpg 2014-07-30 18:03:51 +0100 BST",
            "source_uri_details": [],
            "state": "COMPLETED",
            "storage_tier": "Standard",
            "timeouts": null,
            "version_id": "c060b8aa-b7cd-41ea-8e5e-067b0213b0c0",
            "work_request_id": ""
          },
          "sensitive_attributes": [],
          "private": "eyJlMmJmYjczMC1lY2FhLTExZTYtOGY4OC0zNDM2M2JjN2M0YzAiOnsiY3JlYXRlIjoxMjAwMDAwMDAwMDAwLCJkZWxldGUiOjEyMDAwMDAwMDAwMDAsInVwZGF0ZSI6MTIwMDAwMDAwMDAwMH19",
          "dependencies": [
            "module.object-storage.oci_objectstorage_bucket.ewp_image_storage"
          ]
        },
        {
          "index_key": 216,
          "schema_version": 0,
          "attributes": {
            "bucket": "ewp_image_store",
            "cache_control": null,
            "content": null,
            "content_disposition": null,
            "content_encoding": null,
            "content_language": null,
            "content_length": "400584",
            "content_md5": "RvHgs29L7TRqcNS0uss18w==",
            "content_type": "image/jpeg",
            "delete_all_object_versions": false,
            "id": "n/lr4poue3hwjl/b/ewp_image_store/o/weddings%2FSarah%20and%20Toma%2F9.jpg",
            "metadata": {},
            "namespace": "lr4poue3hwjl",
            "object": "weddings/Sarah and Toma/9.jpg",
            "opc_sse_kms_key_id": null,
            "source": "../assets/weddings/Sarah and Toma/9.jpg 2014-07-30 18:03:36 +0100 BST",
            "source_uri_details": [],
            "state": "COMPLETED",
            "storage_tier": "Standard",
            "timeouts": null,
            "version_id": "755564f6-1ce7-47c6-92cf-574478375f35",
            "work_request_id": ""
          },
          "sensitive_attributes": [],
          "private": "eyJlMmJmYjczMC1lY2FhLTExZTYtOGY4OC0zNDM2M2JjN2M0YzAiOnsiY3JlYXRlIjoxMjAwMDAwMDAwMDAwLCJkZWxldGUiOjEyMDAwMDAwMDAwMDAsInVwZGF0ZSI6MTIwMDAwMDAwMDAwMH19",
          "dependencies": [
            "module.object-storage.oci_objectstorage_bucket.ewp_image_storage"
          ]
        },
        {
          "index_key": 217,
          "schema_version": 0,
          "attributes": {
            "bucket": "ewp_image_store",
            "cache_control": null,
            "content": null,
            "content_disposition": null,
            "content_encoding": null,
            "content_language": null,
            "content_length": "703542",
            "content_md5": "ou4nP3PUVsKqbaiDGwhw7A==",
            "content_type": "image/jpeg",
            "delete_all_object_versions": false,
            "id": "n/lr4poue3hwjl/b/ewp_image_store/o/weddings%2FTom%20and%20Rebecca%2F1.jpg",
            "metadata": {},
            "namespace": "lr4poue3hwjl",
            "object": "weddings/Tom and Rebecca/1.jpg",
            "opc_sse_kms_key_id": null,
            "source": "../assets/weddings/Tom and Rebecca/1.jpg 2015-07-19 13:13:12 +0100 BST",
            "source_uri_details": [],
            "state": "COMPLETED",
            "storage_tier": "Standard",
            "timeouts": null,
            "version_id": "3fdcdde1-230e-4e4d-b231-685f868711a8",
            "work_request_id": ""
          },
          "sensitive_attributes": [],
          "private": "eyJlMmJmYjczMC1lY2FhLTExZTYtOGY4OC0zNDM2M2JjN2M0YzAiOnsiY3JlYXRlIjoxMjAwMDAwMDAwMDAwLCJkZWxldGUiOjEyMDAwMDAwMDAwMDAsInVwZGF0ZSI6MTIwMDAwMDAwMDAwMH19",
          "dependencies": [
            "module.object-storage.oci_objectstorage_bucket.ewp_image_storage"
          ]
        },
        {
          "index_key": 218,
          "schema_version": 0,
          "attributes": {
            "bucket": "ewp_image_store",
            "cache_control": null,
            "content": null,
            "content_disposition": null,
            "content_encoding": null,
            "content_language": null,
            "content_length": "266308",
            "content_md5": "KbZFMSJsq2gOs2JSWL6Ycg==",
            "content_type": "image/jpeg",
            "delete_all_object_versions": false,
            "id": "n/lr4poue3hwjl/b/ewp_image_store/o/weddings%2FTom%20and%20Rebecca%2F10.jpg",
            "metadata": {},
            "namespace": "lr4poue3hwjl",
            "object": "weddings/Tom and Rebecca/10.jpg",
            "opc_sse_kms_key_id": null,
            "source": "../assets/weddings/Tom and Rebecca/10.jpg 2015-07-19 13:11:41 +0100 BST",
            "source_uri_details": [],
            "state": "COMPLETED",
            "storage_tier": "Standard",
            "timeouts": null,
            "version_id": "81f3f9bd-e8f8-4ced-95c1-4cfe86a68f24",
            "work_request_id": ""
          },
          "sensitive_attributes": [],
          "private": "eyJlMmJmYjczMC1lY2FhLTExZTYtOGY4OC0zNDM2M2JjN2M0YzAiOnsiY3JlYXRlIjoxMjAwMDAwMDAwMDAwLCJkZWxldGUiOjEyMDAwMDAwMDAwMDAsInVwZGF0ZSI6MTIwMDAwMDAwMDAwMH19",
          "dependencies": [
            "module.object-storage.oci_objectstorage_bucket.ewp_image_storage"
          ]
        },
        {
          "index_key": 219,
          "schema_version": 0,
          "attributes": {
            "bucket": "ewp_image_store",
            "cache_control": null,
            "content": null,
            "content_disposition": null,
            "content_encoding": null,
            "content_language": null,
            "content_length": "656688",
            "content_md5": "6AHUzlZXu67knQRxwCvKcQ==",
            "content_type": "image/jpeg",
            "delete_all_object_versions": false,
            "id": "n/lr4poue3hwjl/b/ewp_image_store/o/weddings%2FTom%20and%20Rebecca%2F11.jpg",
            "metadata": {},
            "namespace": "lr4poue3hwjl",
            "object": "weddings/Tom and Rebecca/11.jpg",
            "opc_sse_kms_key_id": null,
            "source": "../assets/weddings/Tom and Rebecca/11.jpg 2015-07-19 13:11:32 +0100 BST",
            "source_uri_details": [],
            "state": "COMPLETED",
            "storage_tier": "Standard",
            "timeouts": null,
            "version_id": "799e0e96-6750-4e9e-95f0-40a52fb2fb99",
            "work_request_id": ""
          },
          "sensitive_attributes": [],
          "private": "eyJlMmJmYjczMC1lY2FhLTExZTYtOGY4OC0zNDM2M2JjN2M0YzAiOnsiY3JlYXRlIjoxMjAwMDAwMDAwMDAwLCJkZWxldGUiOjEyMDAwMDAwMDAwMDAsInVwZGF0ZSI6MTIwMDAwMDAwMDAwMH19",
          "dependencies": [
            "module.object-storage.oci_objectstorage_bucket.ewp_image_storage"
          ]
        },
        {
          "index_key": 220,
          "schema_version": 0,
          "attributes": {
            "bucket": "ewp_image_store",
            "cache_control": null,
            "content": null,
            "content_disposition": null,
            "content_encoding": null,
            "content_language": null,
            "content_length": "701829",
            "content_md5": "UgeFsTTBhZDOleijOK1dbA==",
            "content_type": "image/jpeg",
            "delete_all_object_versions": false,
            "id": "n/lr4poue3hwjl/b/ewp_image_store/o/weddings%2FTom%20and%20Rebecca%2F12.jpg",
            "metadata": {},
            "namespace": "lr4poue3hwjl",
            "object": "weddings/Tom and Rebecca/12.jpg",
            "opc_sse_kms_key_id": null,
            "source": "../assets/weddings/Tom and Rebecca/12.jpg 2015-07-19 13:11:22 +0100 BST",
            "source_uri_details": [],
            "state": "COMPLETED",
            "storage_tier": "Standard",
            "timeouts": null,
            "version_id": "91972b0b-5f79-42aa-b2d5-e86059c698eb",
            "work_request_id": ""
          },
          "sensitive_attributes": [],
          "private": "eyJlMmJmYjczMC1lY2FhLTExZTYtOGY4OC0zNDM2M2JjN2M0YzAiOnsiY3JlYXRlIjoxMjAwMDAwMDAwMDAwLCJkZWxldGUiOjEyMDAwMDAwMDAwMDAsInVwZGF0ZSI6MTIwMDAwMDAwMDAwMH19",
          "dependencies": [
            "module.object-storage.oci_objectstorage_bucket.ewp_image_storage"
          ]
        },
        {
          "index_key": 221,
          "schema_version": 0,
          "attributes": {
            "bucket": "ewp_image_store",
            "cache_control": null,
            "content": null,
            "content_disposition": null,
            "content_encoding": null,
            "content_language": null,
            "content_length": "1066487",
            "content_md5": "wkFJZP9B1o5iLIhldikAdA==",
            "content_type": "image/jpeg",
            "delete_all_object_versions": false,
            "id": "n/lr4poue3hwjl/b/ewp_image_store/o/weddings%2FTom%20and%20Rebecca%2F13.jpg",
            "metadata": {},
            "namespace": "lr4poue3hwjl",
            "object": "weddings/Tom and Rebecca/13.jpg",
            "opc_sse_kms_key_id": null,
            "source": "../assets/weddings/Tom and Rebecca/13.jpg 2015-07-19 13:11:12 +0100 BST",
            "source_uri_details": [],
            "state": "COMPLETED",
            "storage_tier": "Standard",
            "timeouts": null,
            "version_id": "c5fff4dd-6cdf-4edc-95f3-82e5efca9a22",
            "work_request_id": ""
          },
          "sensitive_attributes": [],
          "private": "eyJlMmJmYjczMC1lY2FhLTExZTYtOGY4OC0zNDM2M2JjN2M0YzAiOnsiY3JlYXRlIjoxMjAwMDAwMDAwMDAwLCJkZWxldGUiOjEyMDAwMDAwMDAwMDAsInVwZGF0ZSI6MTIwMDAwMDAwMDAwMH19",
          "dependencies": [
            "module.object-storage.oci_objectstorage_bucket.ewp_image_storage"
          ]
        },
        {
          "index_key": 222,
          "schema_version": 0,
          "attributes": {
            "bucket": "ewp_image_store",
            "cache_control": null,
            "content": null,
            "content_disposition": null,
            "content_encoding": null,
            "content_language": null,
            "content_length": "491529",
            "content_md5": "Nk8Vi3iT2AEeMSSmxNnL1w==",
            "content_type": "image/jpeg",
            "delete_all_object_versions": false,
            "id": "n/lr4poue3hwjl/b/ewp_image_store/o/weddings%2FTom%20and%20Rebecca%2F14.jpg",
            "metadata": {},
            "namespace": "lr4poue3hwjl",
            "object": "weddings/Tom and Rebecca/14.jpg",
            "opc_sse_kms_key_id": null,
            "source": "../assets/weddings/Tom and Rebecca/14.jpg 2015-07-19 13:11:03 +0100 BST",
            "source_uri_details": [],
            "state": "COMPLETED",
            "storage_tier": "Standard",
            "timeouts": null,
            "version_id": "cf814544-2853-4189-80d8-ac2d9bf13634",
            "work_request_id": ""
          },
          "sensitive_attributes": [],
          "private": "eyJlMmJmYjczMC1lY2FhLTExZTYtOGY4OC0zNDM2M2JjN2M0YzAiOnsiY3JlYXRlIjoxMjAwMDAwMDAwMDAwLCJkZWxldGUiOjEyMDAwMDAwMDAwMDAsInVwZGF0ZSI6MTIwMDAwMDAwMDAwMH19",
          "dependencies": [
            "module.object-storage.oci_objectstorage_bucket.ewp_image_storage"
          ]
        },
        {
          "index_key": 223,
          "schema_version": 0,
          "attributes": {
            "bucket": "ewp_image_store",
            "cache_control": null,
            "content": null,
            "content_disposition": null,
            "content_encoding": null,
            "content_language": null,
            "content_length": "325933",
            "content_md5": "3Tz/1VOYx3RQxpcfs1jKTg==",
            "content_type": "image/jpeg",
            "delete_all_object_versions": false,
            "id": "n/lr4poue3hwjl/b/ewp_image_store/o/weddings%2FTom%20and%20Rebecca%2F15.jpg",
            "metadata": {},
            "namespace": "lr4poue3hwjl",
            "object": "weddings/Tom and Rebecca/15.jpg",
            "opc_sse_kms_key_id": null,
            "source": "../assets/weddings/Tom and Rebecca/15.jpg 2015-07-19 13:10:51 +0100 BST",
            "source_uri_details": [],
            "state": "COMPLETED",
            "storage_tier": "Standard",
            "timeouts": null,
            "version_id": "5566eeb1-8624-4849-ab06-156cb2f958ca",
            "work_request_id": ""
          },
          "sensitive_attributes": [],
          "private": "eyJlMmJmYjczMC1lY2FhLTExZTYtOGY4OC0zNDM2M2JjN2M0YzAiOnsiY3JlYXRlIjoxMjAwMDAwMDAwMDAwLCJkZWxldGUiOjEyMDAwMDAwMDAwMDAsInVwZGF0ZSI6MTIwMDAwMDAwMDAwMH19",
          "dependencies": [
            "module.object-storage.oci_objectstorage_bucket.ewp_image_storage"
          ]
        },
        {
          "index_key": 224,
          "schema_version": 0,
          "attributes": {
            "bucket": "ewp_image_store",
            "cache_control": null,
            "content": null,
            "content_disposition": null,
            "content_encoding": null,
            "content_language": null,
            "content_length": "681602",
            "content_md5": "dzLapl3p4MBAcTO6tOvEIg==",
            "content_type": "image/jpeg",
            "delete_all_object_versions": false,
            "id": "n/lr4poue3hwjl/b/ewp_image_store/o/weddings%2FTom%20and%20Rebecca%2F16.jpg",
            "metadata": {},
            "namespace": "lr4poue3hwjl",
            "object": "weddings/Tom and Rebecca/16.jpg",
            "opc_sse_kms_key_id": null,
            "source": "../assets/weddings/Tom and Rebecca/16.jpg 2015-07-19 13:10:42 +0100 BST",
            "source_uri_details": [],
            "state": "COMPLETED",
            "storage_tier": "Standard",
            "timeouts": null,
            "version_id": "7d703231-d676-4cf3-97ce-10f5407c152c",
            "work_request_id": ""
          },
          "sensitive_attributes": [],
          "private": "eyJlMmJmYjczMC1lY2FhLTExZTYtOGY4OC0zNDM2M2JjN2M0YzAiOnsiY3JlYXRlIjoxMjAwMDAwMDAwMDAwLCJkZWxldGUiOjEyMDAwMDAwMDAwMDAsInVwZGF0ZSI6MTIwMDAwMDAwMDAwMH19",
          "dependencies": [
            "module.object-storage.oci_objectstorage_bucket.ewp_image_storage"
          ]
        },
        {
          "index_key": 225,
          "schema_version": 0,
          "attributes": {
            "bucket": "ewp_image_store",
            "cache_control": null,
            "content": null,
            "content_disposition": null,
            "content_encoding": null,
            "content_language": null,
            "content_length": "442600",
            "content_md5": "i9GOx0R75AFVDW8UhaelcA==",
            "content_type": "image/jpeg",
            "delete_all_object_versions": false,
            "id": "n/lr4poue3hwjl/b/ewp_image_store/o/weddings%2FTom%20and%20Rebecca%2F17.jpg",
            "metadata": {},
            "namespace": "lr4poue3hwjl",
            "object": "weddings/Tom and Rebecca/17.jpg",
            "opc_sse_kms_key_id": null,
            "source": "../assets/weddings/Tom and Rebecca/17.jpg 2015-07-19 13:10:32 +0100 BST",
            "source_uri_details": [],
            "state": "COMPLETED",
            "storage_tier": "Standard",
            "timeouts": null,
            "version_id": "cf388ed4-352e-4cb9-82db-3a5861a6676b",
            "work_request_id": ""
          },
          "sensitive_attributes": [],
          "private": "eyJlMmJmYjczMC1lY2FhLTExZTYtOGY4OC0zNDM2M2JjN2M0YzAiOnsiY3JlYXRlIjoxMjAwMDAwMDAwMDAwLCJkZWxldGUiOjEyMDAwMDAwMDAwMDAsInVwZGF0ZSI6MTIwMDAwMDAwMDAwMH19",
          "dependencies": [
            "module.object-storage.oci_objectstorage_bucket.ewp_image_storage"
          ]
        },
        {
          "index_key": 226,
          "schema_version": 0,
          "attributes": {
            "bucket": "ewp_image_store",
            "cache_control": null,
            "content": null,
            "content_disposition": null,
            "content_encoding": null,
            "content_language": null,
            "content_length": "397677",
            "content_md5": "FeKGhs/TCjhHbIMyKQH9tw==",
            "content_type": "image/jpeg",
            "delete_all_object_versions": false,
            "id": "n/lr4poue3hwjl/b/ewp_image_store/o/weddings%2FTom%20and%20Rebecca%2F18.jpg",
            "metadata": {},
            "namespace": "lr4poue3hwjl",
            "object": "weddings/Tom and Rebecca/18.jpg",
            "opc_sse_kms_key_id": null,
            "source": "../assets/weddings/Tom and Rebecca/18.jpg 2015-07-19 13:10:23 +0100 BST",
            "source_uri_details": [],
            "state": "COMPLETED",
            "storage_tier": "Standard",
            "timeouts": null,
            "version_id": "664b8607-9018-41a5-b9e3-c799a615364e",
            "work_request_id": ""
          },
          "sensitive_attributes": [],
          "private": "eyJlMmJmYjczMC1lY2FhLTExZTYtOGY4OC0zNDM2M2JjN2M0YzAiOnsiY3JlYXRlIjoxMjAwMDAwMDAwMDAwLCJkZWxldGUiOjEyMDAwMDAwMDAwMDAsInVwZGF0ZSI6MTIwMDAwMDAwMDAwMH19",
          "dependencies": [
            "module.object-storage.oci_objectstorage_bucket.ewp_image_storage"
          ]
        },
        {
          "index_key": 227,
          "schema_version": 0,
          "attributes": {
            "bucket": "ewp_image_store",
            "cache_control": null,
            "content": null,
            "content_disposition": null,
            "content_encoding": null,
            "content_language": null,
            "content_length": "349324",
            "content_md5": "0GLkNDeuEdrIbGeGytrJug==",
            "content_type": "image/jpeg",
            "delete_all_object_versions": false,
            "id": "n/lr4poue3hwjl/b/ewp_image_store/o/weddings%2FTom%20and%20Rebecca%2F19.jpg",
            "metadata": {},
            "namespace": "lr4poue3hwjl",
            "object": "weddings/Tom and Rebecca/19.jpg",
            "opc_sse_kms_key_id": null,
            "source": "../assets/weddings/Tom and Rebecca/19.jpg 2015-07-19 13:10:11 +0100 BST",
            "source_uri_details": [],
            "state": "COMPLETED",
            "storage_tier": "Standard",
            "timeouts": null,
            "version_id": "d40b371b-ea40-4a37-829b-e0373764251a",
            "work_request_id": ""
          },
          "sensitive_attributes": [],
          "private": "eyJlMmJmYjczMC1lY2FhLTExZTYtOGY4OC0zNDM2M2JjN2M0YzAiOnsiY3JlYXRlIjoxMjAwMDAwMDAwMDAwLCJkZWxldGUiOjEyMDAwMDAwMDAwMDAsInVwZGF0ZSI6MTIwMDAwMDAwMDAwMH19",
          "dependencies": [
            "module.object-storage.oci_objectstorage_bucket.ewp_image_storage"
          ]
        },
        {
          "index_key": 228,
          "schema_version": 0,
          "attributes": {
            "bucket": "ewp_image_store",
            "cache_control": null,
            "content": null,
            "content_disposition": null,
            "content_encoding": null,
            "content_language": null,
            "content_length": "874064",
            "content_md5": "PQuyBNf9heVxFmO0CBkxVA==",
            "content_type": "image/jpeg",
            "delete_all_object_versions": false,
            "id": "n/lr4poue3hwjl/b/ewp_image_store/o/weddings%2FTom%20and%20Rebecca%2F2.jpg",
            "metadata": {},
            "namespace": "lr4poue3hwjl",
            "object": "weddings/Tom and Rebecca/2.jpg",
            "opc_sse_kms_key_id": null,
            "source": "../assets/weddings/Tom and Rebecca/2.jpg 2015-07-19 13:12:57 +0100 BST",
            "source_uri_details": [],
            "state": "COMPLETED",
            "storage_tier": "Standard",
            "timeouts": null,
            "version_id": "07183445-3116-4a4d-98f8-fc24d8e31f62",
            "work_request_id": ""
          },
          "sensitive_attributes": [],
          "private": "eyJlMmJmYjczMC1lY2FhLTExZTYtOGY4OC0zNDM2M2JjN2M0YzAiOnsiY3JlYXRlIjoxMjAwMDAwMDAwMDAwLCJkZWxldGUiOjEyMDAwMDAwMDAwMDAsInVwZGF0ZSI6MTIwMDAwMDAwMDAwMH19",
          "dependencies": [
            "module.object-storage.oci_objectstorage_bucket.ewp_image_storage"
          ]
        },
        {
          "index_key": 229,
          "schema_version": 0,
          "attributes": {
            "bucket": "ewp_image_store",
            "cache_control": null,
            "content": null,
            "content_disposition": null,
            "content_encoding": null,
            "content_language": null,
            "content_length": "1065856",
            "content_md5": "eE15jEraUF2meHUZjQwQ+Q==",
            "content_type": "image/jpeg",
            "delete_all_object_versions": false,
            "id": "n/lr4poue3hwjl/b/ewp_image_store/o/weddings%2FTom%20and%20Rebecca%2F20.jpg",
            "metadata": {},
            "namespace": "lr4poue3hwjl",
            "object": "weddings/Tom and Rebecca/20.jpg",
            "opc_sse_kms_key_id": null,
            "source": "../assets/weddings/Tom and Rebecca/20.jpg 2015-07-19 13:10:02 +0100 BST",
            "source_uri_details": [],
            "state": "COMPLETED",
            "storage_tier": "Standard",
            "timeouts": null,
            "version_id": "efdf287c-8d61-4499-bb0f-f275aec98645",
            "work_request_id": ""
          },
          "sensitive_attributes": [],
          "private": "eyJlMmJmYjczMC1lY2FhLTExZTYtOGY4OC0zNDM2M2JjN2M0YzAiOnsiY3JlYXRlIjoxMjAwMDAwMDAwMDAwLCJkZWxldGUiOjEyMDAwMDAwMDAwMDAsInVwZGF0ZSI6MTIwMDAwMDAwMDAwMH19",
          "dependencies": [
            "module.object-storage.oci_objectstorage_bucket.ewp_image_storage"
          ]
        },
        {
          "index_key": 230,
          "schema_version": 0,
          "attributes": {
            "bucket": "ewp_image_store",
            "cache_control": null,
            "content": null,
            "content_disposition": null,
            "content_encoding": null,
            "content_language": null,
            "content_length": "768731",
            "content_md5": "AbkneHStIzOY7Rs2eU1u9A==",
            "content_type": "image/jpeg",
            "delete_all_object_versions": false,
            "id": "n/lr4poue3hwjl/b/ewp_image_store/o/weddings%2FTom%20and%20Rebecca%2F21.jpg",
            "metadata": {},
            "namespace": "lr4poue3hwjl",
            "object": "weddings/Tom and Rebecca/21.jpg",
            "opc_sse_kms_key_id": null,
            "source": "../assets/weddings/Tom and Rebecca/21.jpg 2015-07-19 13:09:53 +0100 BST",
            "source_uri_details": [],
            "state": "COMPLETED",
            "storage_tier": "Standard",
            "timeouts": null,
            "version_id": "70a789bf-2bc4-4855-b0c7-bd111cbaadc9",
            "work_request_id": ""
          },
          "sensitive_attributes": [],
          "private": "eyJlMmJmYjczMC1lY2FhLTExZTYtOGY4OC0zNDM2M2JjN2M0YzAiOnsiY3JlYXRlIjoxMjAwMDAwMDAwMDAwLCJkZWxldGUiOjEyMDAwMDAwMDAwMDAsInVwZGF0ZSI6MTIwMDAwMDAwMDAwMH19",
          "dependencies": [
            "module.object-storage.oci_objectstorage_bucket.ewp_image_storage"
          ]
        },
        {
          "index_key": 231,
          "schema_version": 0,
          "attributes": {
            "bucket": "ewp_image_store",
            "cache_control": null,
            "content": null,
            "content_disposition": null,
            "content_encoding": null,
            "content_language": null,
            "content_length": "759361",
            "content_md5": "42WWCupbRYeIE0vhkC+7AQ==",
            "content_type": "image/jpeg",
            "delete_all_object_versions": false,
            "id": "n/lr4poue3hwjl/b/ewp_image_store/o/weddings%2FTom%20and%20Rebecca%2F22.jpg",
            "metadata": {},
            "namespace": "lr4poue3hwjl",
            "object": "weddings/Tom and Rebecca/22.jpg",
            "opc_sse_kms_key_id": null,
            "source": "../assets/weddings/Tom and Rebecca/22.jpg 2015-07-19 13:09:44 +0100 BST",
            "source_uri_details": [],
            "state": "COMPLETED",
            "storage_tier": "Standard",
            "timeouts": null,
            "version_id": "959198e4-9a81-4673-a09e-81ba065e5575",
            "work_request_id": ""
          },
          "sensitive_attributes": [],
          "private": "eyJlMmJmYjczMC1lY2FhLTExZTYtOGY4OC0zNDM2M2JjN2M0YzAiOnsiY3JlYXRlIjoxMjAwMDAwMDAwMDAwLCJkZWxldGUiOjEyMDAwMDAwMDAwMDAsInVwZGF0ZSI6MTIwMDAwMDAwMDAwMH19",
          "dependencies": [
            "module.object-storage.oci_objectstorage_bucket.ewp_image_storage"
          ]
        },
        {
          "index_key": 232,
          "schema_version": 0,
          "attributes": {
            "bucket": "ewp_image_store",
            "cache_control": null,
            "content": null,
            "content_disposition": null,
            "content_encoding": null,
            "content_language": null,
            "content_length": "694397",
            "content_md5": "KyXCI+MzyjeFNevrBi9gEw==",
            "content_type": "image/jpeg",
            "delete_all_object_versions": false,
            "id": "n/lr4poue3hwjl/b/ewp_image_store/o/weddings%2FTom%20and%20Rebecca%2F23.jpg",
            "metadata": {},
            "namespace": "lr4poue3hwjl",
            "object": "weddings/Tom and Rebecca/23.jpg",
            "opc_sse_kms_key_id": null,
            "source": "../assets/weddings/Tom and Rebecca/23.jpg 2015-07-19 13:09:31 +0100 BST",
            "source_uri_details": [],
            "state": "COMPLETED",
            "storage_tier": "Standard",
            "timeouts": null,
            "version_id": "e00baf77-bd2f-4061-a41f-b0b28eb72ed1",
            "work_request_id": ""
          },
          "sensitive_attributes": [],
          "private": "eyJlMmJmYjczMC1lY2FhLTExZTYtOGY4OC0zNDM2M2JjN2M0YzAiOnsiY3JlYXRlIjoxMjAwMDAwMDAwMDAwLCJkZWxldGUiOjEyMDAwMDAwMDAwMDAsInVwZGF0ZSI6MTIwMDAwMDAwMDAwMH19",
          "dependencies": [
            "module.object-storage.oci_objectstorage_bucket.ewp_image_storage"
          ]
        },
        {
          "index_key": 233,
          "schema_version": 0,
          "attributes": {
            "bucket": "ewp_image_store",
            "cache_control": null,
            "content": null,
            "content_disposition": null,
            "content_encoding": null,
            "content_language": null,
            "content_length": "820001",
            "content_md5": "G99EPspbRsCAzOONauGbfw==",
            "content_type": "image/jpeg",
            "delete_all_object_versions": false,
            "id": "n/lr4poue3hwjl/b/ewp_image_store/o/weddings%2FTom%20and%20Rebecca%2F24.jpg",
            "metadata": {},
            "namespace": "lr4poue3hwjl",
            "object": "weddings/Tom and Rebecca/24.jpg",
            "opc_sse_kms_key_id": null,
            "source": "../assets/weddings/Tom and Rebecca/24.jpg 2015-07-19 13:09:21 +0100 BST",
            "source_uri_details": [],
            "state": "COMPLETED",
            "storage_tier": "Standard",
            "timeouts": null,
            "version_id": "bffea440-a377-4351-bb00-6ef412591254",
            "work_request_id": ""
          },
          "sensitive_attributes": [],
          "private": "eyJlMmJmYjczMC1lY2FhLTExZTYtOGY4OC0zNDM2M2JjN2M0YzAiOnsiY3JlYXRlIjoxMjAwMDAwMDAwMDAwLCJkZWxldGUiOjEyMDAwMDAwMDAwMDAsInVwZGF0ZSI6MTIwMDAwMDAwMDAwMH19",
          "dependencies": [
            "module.object-storage.oci_objectstorage_bucket.ewp_image_storage"
          ]
        },
        {
          "index_key": 234,
          "schema_version": 0,
          "attributes": {
            "bucket": "ewp_image_store",
            "cache_control": null,
            "content": null,
            "content_disposition": null,
            "content_encoding": null,
            "content_language": null,
            "content_length": "547783",
            "content_md5": "UZnUFyO0Ai2wzAJ9bMtFgQ==",
            "content_type": "image/jpeg",
            "delete_all_object_versions": false,
            "id": "n/lr4poue3hwjl/b/ewp_image_store/o/weddings%2FTom%20and%20Rebecca%2F25.jpg",
            "metadata": {},
            "namespace": "lr4poue3hwjl",
            "object": "weddings/Tom and Rebecca/25.jpg",
            "opc_sse_kms_key_id": null,
            "source": "../assets/weddings/Tom and Rebecca/25.jpg 2015-07-19 13:09:10 +0100 BST",
            "source_uri_details": [],
            "state": "COMPLETED",
            "storage_tier": "Standard",
            "timeouts": null,
            "version_id": "5909889d-2087-4e53-b2ad-faa89f1d50ac",
            "work_request_id": ""
          },
          "sensitive_attributes": [],
          "private": "eyJlMmJmYjczMC1lY2FhLTExZTYtOGY4OC0zNDM2M2JjN2M0YzAiOnsiY3JlYXRlIjoxMjAwMDAwMDAwMDAwLCJkZWxldGUiOjEyMDAwMDAwMDAwMDAsInVwZGF0ZSI6MTIwMDAwMDAwMDAwMH19",
          "dependencies": [
            "module.object-storage.oci_objectstorage_bucket.ewp_image_storage"
          ]
        },
        {
          "index_key": 235,
          "schema_version": 0,
          "attributes": {
            "bucket": "ewp_image_store",
            "cache_control": null,
            "content": null,
            "content_disposition": null,
            "content_encoding": null,
            "content_language": null,
            "content_length": "1207152",
            "content_md5": "qqvca+DX+WZHCtOHZ9uOKA==",
            "content_type": "image/jpeg",
            "delete_all_object_versions": false,
            "id": "n/lr4poue3hwjl/b/ewp_image_store/o/weddings%2FTom%20and%20Rebecca%2F26.jpg",
            "metadata": {},
            "namespace": "lr4poue3hwjl",
            "object": "weddings/Tom and Rebecca/26.jpg",
            "opc_sse_kms_key_id": null,
            "source": "../assets/weddings/Tom and Rebecca/26.jpg 2015-07-19 13:09:01 +0100 BST",
            "source_uri_details": [],
            "state": "COMPLETED",
            "storage_tier": "Standard",
            "timeouts": null,
            "version_id": "e37bf7c3-5d48-481f-ab5a-a3078f77c6ac",
            "work_request_id": ""
          },
          "sensitive_attributes": [],
          "private": "eyJlMmJmYjczMC1lY2FhLTExZTYtOGY4OC0zNDM2M2JjN2M0YzAiOnsiY3JlYXRlIjoxMjAwMDAwMDAwMDAwLCJkZWxldGUiOjEyMDAwMDAwMDAwMDAsInVwZGF0ZSI6MTIwMDAwMDAwMDAwMH19",
          "dependencies": [
            "module.object-storage.oci_objectstorage_bucket.ewp_image_storage"
          ]
        },
        {
          "index_key": 236,
          "schema_version": 0,
          "attributes": {
            "bucket": "ewp_image_store",
            "cache_control": null,
            "content": null,
            "content_disposition": null,
            "content_encoding": null,
            "content_language": null,
            "content_length": "910047",
            "content_md5": "t5qScDby7+SXmrtVL39O9g==",
            "content_type": "image/jpeg",
            "delete_all_object_versions": false,
            "id": "n/lr4poue3hwjl/b/ewp_image_store/o/weddings%2FTom%20and%20Rebecca%2F27.jpg",
            "metadata": {},
            "namespace": "lr4poue3hwjl",
            "object": "weddings/Tom and Rebecca/27.jpg",
            "opc_sse_kms_key_id": null,
            "source": "../assets/weddings/Tom and Rebecca/27.jpg 2015-07-19 13:08:51 +0100 BST",
            "source_uri_details": [],
            "state": "COMPLETED",
            "storage_tier": "Standard",
            "timeouts": null,
            "version_id": "a5279db6-79d8-4012-b79f-a3d05628235f",
            "work_request_id": ""
          },
          "sensitive_attributes": [],
          "private": "eyJlMmJmYjczMC1lY2FhLTExZTYtOGY4OC0zNDM2M2JjN2M0YzAiOnsiY3JlYXRlIjoxMjAwMDAwMDAwMDAwLCJkZWxldGUiOjEyMDAwMDAwMDAwMDAsInVwZGF0ZSI6MTIwMDAwMDAwMDAwMH19",
          "dependencies": [
            "module.object-storage.oci_objectstorage_bucket.ewp_image_storage"
          ]
        },
        {
          "index_key": 237,
          "schema_version": 0,
          "attributes": {
            "bucket": "ewp_image_store",
            "cache_control": null,
            "content": null,
            "content_disposition": null,
            "content_encoding": null,
            "content_language": null,
            "content_length": "717823",
            "content_md5": "gcMgnw1IIU9YstzEsZC74w==",
            "content_type": "image/jpeg",
            "delete_all_object_versions": false,
            "id": "n/lr4poue3hwjl/b/ewp_image_store/o/weddings%2FTom%20and%20Rebecca%2F28.jpg",
            "metadata": {},
            "namespace": "lr4poue3hwjl",
            "object": "weddings/Tom and Rebecca/28.jpg",
            "opc_sse_kms_key_id": null,
            "source": "../assets/weddings/Tom and Rebecca/28.jpg 2015-07-19 13:08:41 +0100 BST",
            "source_uri_details": [],
            "state": "COMPLETED",
            "storage_tier": "Standard",
            "timeouts": null,
            "version_id": "d1116c70-7c0b-471b-bc11-3202ab22c3ae",
            "work_request_id": ""
          },
          "sensitive_attributes": [],
          "private": "eyJlMmJmYjczMC1lY2FhLTExZTYtOGY4OC0zNDM2M2JjN2M0YzAiOnsiY3JlYXRlIjoxMjAwMDAwMDAwMDAwLCJkZWxldGUiOjEyMDAwMDAwMDAwMDAsInVwZGF0ZSI6MTIwMDAwMDAwMDAwMH19",
          "dependencies": [
            "module.object-storage.oci_objectstorage_bucket.ewp_image_storage"
          ]
        },
        {
          "index_key": 238,
          "schema_version": 0,
          "attributes": {
            "bucket": "ewp_image_store",
            "cache_control": null,
            "content": null,
            "content_disposition": null,
            "content_encoding": null,
            "content_language": null,
            "content_length": "684708",
            "content_md5": "Pt7sd6o+EVzCsOcq0ACqwA==",
            "content_type": "image/jpeg",
            "delete_all_object_versions": false,
            "id": "n/lr4poue3hwjl/b/ewp_image_store/o/weddings%2FTom%20and%20Rebecca%2F29.jpg",
            "metadata": {},
            "namespace": "lr4poue3hwjl",
            "object": "weddings/Tom and Rebecca/29.jpg",
            "opc_sse_kms_key_id": null,
            "source": "../assets/weddings/Tom and Rebecca/29.jpg 2015-07-19 13:08:31 +0100 BST",
            "source_uri_details": [],
            "state": "COMPLETED",
            "storage_tier": "Standard",
            "timeouts": null,
            "version_id": "601963c4-3e23-4ea6-93f5-3723253a26f4",
            "work_request_id": ""
          },
          "sensitive_attributes": [],
          "private": "eyJlMmJmYjczMC1lY2FhLTExZTYtOGY4OC0zNDM2M2JjN2M0YzAiOnsiY3JlYXRlIjoxMjAwMDAwMDAwMDAwLCJkZWxldGUiOjEyMDAwMDAwMDAwMDAsInVwZGF0ZSI6MTIwMDAwMDAwMDAwMH19",
          "dependencies": [
            "module.object-storage.oci_objectstorage_bucket.ewp_image_storage"
          ]
        },
        {
          "index_key": 239,
          "schema_version": 0,
          "attributes": {
            "bucket": "ewp_image_store",
            "cache_control": null,
            "content": null,
            "content_disposition": null,
            "content_encoding": null,
            "content_language": null,
            "content_length": "439667",
            "content_md5": "9UWQbYyDvGjgt/f72dx+Ng==",
            "content_type": "image/jpeg",
            "delete_all_object_versions": false,
            "id": "n/lr4poue3hwjl/b/ewp_image_store/o/weddings%2FTom%20and%20Rebecca%2F3.jpg",
            "metadata": {},
            "namespace": "lr4poue3hwjl",
            "object": "weddings/Tom and Rebecca/3.jpg",
            "opc_sse_kms_key_id": null,
            "source": "../assets/weddings/Tom and Rebecca/3.jpg 2015-07-19 13:12:47 +0100 BST",
            "source_uri_details": [],
            "state": "COMPLETED",
            "storage_tier": "Standard",
            "timeouts": null,
            "version_id": "dea58208-5554-4dcd-bd22-a0c33914854a",
            "work_request_id": ""
          },
          "sensitive_attributes": [],
          "private": "eyJlMmJmYjczMC1lY2FhLTExZTYtOGY4OC0zNDM2M2JjN2M0YzAiOnsiY3JlYXRlIjoxMjAwMDAwMDAwMDAwLCJkZWxldGUiOjEyMDAwMDAwMDAwMDAsInVwZGF0ZSI6MTIwMDAwMDAwMDAwMH19",
          "dependencies": [
            "module.object-storage.oci_objectstorage_bucket.ewp_image_storage"
          ]
        },
        {
          "index_key": 240,
          "schema_version": 0,
          "attributes": {
            "bucket": "ewp_image_store",
            "cache_control": null,
            "content": null,
            "content_disposition": null,
            "content_encoding": null,
            "content_language": null,
            "content_length": "588748",
            "content_md5": "o48v23P7vES7heZaZQBHjg==",
            "content_type": "image/jpeg",
            "delete_all_object_versions": false,
            "id": "n/lr4poue3hwjl/b/ewp_image_store/o/weddings%2FTom%20and%20Rebecca%2F30.jpg",
            "metadata": {},
            "namespace": "lr4poue3hwjl",
            "object": "weddings/Tom and Rebecca/30.jpg",
            "opc_sse_kms_key_id": null,
            "source": "../assets/weddings/Tom and Rebecca/30.jpg 2015-07-19 13:08:17 +0100 BST",
            "source_uri_details": [],
            "state": "COMPLETED",
            "storage_tier": "Standard",
            "timeouts": null,
            "version_id": "8c5dd0af-4b70-495c-8d67-d72896c530df",
            "work_request_id": ""
          },
          "sensitive_attributes": [],
          "private": "eyJlMmJmYjczMC1lY2FhLTExZTYtOGY4OC0zNDM2M2JjN2M0YzAiOnsiY3JlYXRlIjoxMjAwMDAwMDAwMDAwLCJkZWxldGUiOjEyMDAwMDAwMDAwMDAsInVwZGF0ZSI6MTIwMDAwMDAwMDAwMH19",
          "dependencies": [
            "module.object-storage.oci_objectstorage_bucket.ewp_image_storage"
          ]
        },
        {
          "index_key": 241,
          "schema_version": 0,
          "attributes": {
            "bucket": "ewp_image_store",
            "cache_control": null,
            "content": null,
            "content_disposition": null,
            "content_encoding": null,
            "content_language": null,
            "content_length": "1366129",
            "content_md5": "lIXnnkMg/7Xg+UuWDeyUVg==",
            "content_type": "image/jpeg",
            "delete_all_object_versions": false,
            "id": "n/lr4poue3hwjl/b/ewp_image_store/o/weddings%2FTom%20and%20Rebecca%2F31.jpg",
            "metadata": {},
            "namespace": "lr4poue3hwjl",
            "object": "weddings/Tom and Rebecca/31.jpg",
            "opc_sse_kms_key_id": null,
            "source": "../assets/weddings/Tom and Rebecca/31.jpg 2015-07-19 13:08:07 +0100 BST",
            "source_uri_details": [],
            "state": "COMPLETED",
            "storage_tier": "Standard",
            "timeouts": null,
            "version_id": "268f9c7d-7699-49c0-862b-3e690c1edd74",
            "work_request_id": ""
          },
          "sensitive_attributes": [],
          "private": "eyJlMmJmYjczMC1lY2FhLTExZTYtOGY4OC0zNDM2M2JjN2M0YzAiOnsiY3JlYXRlIjoxMjAwMDAwMDAwMDAwLCJkZWxldGUiOjEyMDAwMDAwMDAwMDAsInVwZGF0ZSI6MTIwMDAwMDAwMDAwMH19",
          "dependencies": [
            "module.object-storage.oci_objectstorage_bucket.ewp_image_storage"
          ]
        },
        {
          "index_key": 242,
          "schema_version": 0,
          "attributes": {
            "bucket": "ewp_image_store",
            "cache_control": null,
            "content": null,
            "content_disposition": null,
            "content_encoding": null,
            "content_language": null,
            "content_length": "1087755",
            "content_md5": "WeIOqmdC1QbycbNFgHqPog==",
            "content_type": "image/jpeg",
            "delete_all_object_versions": false,
            "id": "n/lr4poue3hwjl/b/ewp_image_store/o/weddings%2FTom%20and%20Rebecca%2F32.jpg",
            "metadata": {},
            "namespace": "lr4poue3hwjl",
            "object": "weddings/Tom and Rebecca/32.jpg",
            "opc_sse_kms_key_id": null,
            "source": "../assets/weddings/Tom and Rebecca/32.jpg 2015-07-19 13:07:58 +0100 BST",
            "source_uri_details": [],
            "state": "COMPLETED",
            "storage_tier": "Standard",
            "timeouts": null,
            "version_id": "31cec344-dda3-4a47-8f4b-332e5d9665eb",
            "work_request_id": ""
          },
          "sensitive_attributes": [],
          "private": "eyJlMmJmYjczMC1lY2FhLTExZTYtOGY4OC0zNDM2M2JjN2M0YzAiOnsiY3JlYXRlIjoxMjAwMDAwMDAwMDAwLCJkZWxldGUiOjEyMDAwMDAwMDAwMDAsInVwZGF0ZSI6MTIwMDAwMDAwMDAwMH19",
          "dependencies": [
            "module.object-storage.oci_objectstorage_bucket.ewp_image_storage"
          ]
        },
        {
          "index_key": 243,
          "schema_version": 0,
          "attributes": {
            "bucket": "ewp_image_store",
            "cache_control": null,
            "content": null,
            "content_disposition": null,
            "content_encoding": null,
            "content_language": null,
            "content_length": "446213",
            "content_md5": "N4GTFC8Ah1vttyxc7UfFyA==",
            "content_type": "image/jpeg",
            "delete_all_object_versions": false,
            "id": "n/lr4poue3hwjl/b/ewp_image_store/o/weddings%2FTom%20and%20Rebecca%2F33.jpg",
            "metadata": {},
            "namespace": "lr4poue3hwjl",
            "object": "weddings/Tom and Rebecca/33.jpg",
            "opc_sse_kms_key_id": null,
            "source": "../assets/weddings/Tom and Rebecca/33.jpg 2015-07-19 13:07:45 +0100 BST",
            "source_uri_details": [],
            "state": "COMPLETED",
            "storage_tier": "Standard",
            "timeouts": null,
            "version_id": "998ad19a-8541-43c3-9ee8-d1382dffa64f",
            "work_request_id": ""
          },
          "sensitive_attributes": [],
          "private": "eyJlMmJmYjczMC1lY2FhLTExZTYtOGY4OC0zNDM2M2JjN2M0YzAiOnsiY3JlYXRlIjoxMjAwMDAwMDAwMDAwLCJkZWxldGUiOjEyMDAwMDAwMDAwMDAsInVwZGF0ZSI6MTIwMDAwMDAwMDAwMH19",
          "dependencies": [
            "module.object-storage.oci_objectstorage_bucket.ewp_image_storage"
          ]
        },
        {
          "index_key": 244,
          "schema_version": 0,
          "attributes": {
            "bucket": "ewp_image_store",
            "cache_control": null,
            "content": null,
            "content_disposition": null,
            "content_encoding": null,
            "content_language": null,
            "content_length": "671984",
            "content_md5": "eC1kpnmuvTuahenGDOEmDA==",
            "content_type": "image/jpeg",
            "delete_all_object_versions": false,
            "id": "n/lr4poue3hwjl/b/ewp_image_store/o/weddings%2FTom%20and%20Rebecca%2F34.jpg",
            "metadata": {},
            "namespace": "lr4poue3hwjl",
            "object": "weddings/Tom and Rebecca/34.jpg",
            "opc_sse_kms_key_id": null,
            "source": "../assets/weddings/Tom and Rebecca/34.jpg 2015-07-19 13:07:37 +0100 BST",
            "source_uri_details": [],
            "state": "COMPLETED",
            "storage_tier": "Standard",
            "timeouts": null,
            "version_id": "dab72c5b-99cc-4cf6-af40-5d9bfce1905b",
            "work_request_id": ""
          },
          "sensitive_attributes": [],
          "private": "eyJlMmJmYjczMC1lY2FhLTExZTYtOGY4OC0zNDM2M2JjN2M0YzAiOnsiY3JlYXRlIjoxMjAwMDAwMDAwMDAwLCJkZWxldGUiOjEyMDAwMDAwMDAwMDAsInVwZGF0ZSI6MTIwMDAwMDAwMDAwMH19",
          "dependencies": [
            "module.object-storage.oci_objectstorage_bucket.ewp_image_storage"
          ]
        },
        {
          "index_key": 245,
          "schema_version": 0,
          "attributes": {
            "bucket": "ewp_image_store",
            "cache_control": null,
            "content": null,
            "content_disposition": null,
            "content_encoding": null,
            "content_language": null,
            "content_length": "510893",
            "content_md5": "7Gb8l02ctGq5zzSbuYNuVg==",
            "content_type": "image/jpeg",
            "delete_all_object_versions": false,
            "id": "n/lr4poue3hwjl/b/ewp_image_store/o/weddings%2FTom%20and%20Rebecca%2F35.jpg",
            "metadata": {},
            "namespace": "lr4poue3hwjl",
            "object": "weddings/Tom and Rebecca/35.jpg",
            "opc_sse_kms_key_id": null,
            "source": "../assets/weddings/Tom and Rebecca/35.jpg 2015-07-19 13:07:24 +0100 BST",
            "source_uri_details": [],
            "state": "COMPLETED",
            "storage_tier": "Standard",
            "timeouts": null,
            "version_id": "84e66bb1-599c-4721-b599-3317ada27e07",
            "work_request_id": ""
          },
          "sensitive_attributes": [],
          "private": "eyJlMmJmYjczMC1lY2FhLTExZTYtOGY4OC0zNDM2M2JjN2M0YzAiOnsiY3JlYXRlIjoxMjAwMDAwMDAwMDAwLCJkZWxldGUiOjEyMDAwMDAwMDAwMDAsInVwZGF0ZSI6MTIwMDAwMDAwMDAwMH19",
          "dependencies": [
            "module.object-storage.oci_objectstorage_bucket.ewp_image_storage"
          ]
        },
        {
          "index_key": 246,
          "schema_version": 0,
          "attributes": {
            "bucket": "ewp_image_store",
            "cache_control": null,
            "content": null,
            "content_disposition": null,
            "content_encoding": null,
            "content_language": null,
            "content_length": "1416616",
            "content_md5": "QY1Ed1ObfoKnr1wJlzkNJQ==",
            "content_type": "image/jpeg",
            "delete_all_object_versions": false,
            "id": "n/lr4poue3hwjl/b/ewp_image_store/o/weddings%2FTom%20and%20Rebecca%2F36.jpg",
            "metadata": {},
            "namespace": "lr4poue3hwjl",
            "object": "weddings/Tom and Rebecca/36.jpg",
            "opc_sse_kms_key_id": null,
            "source": "../assets/weddings/Tom and Rebecca/36.jpg 2015-07-19 13:07:12 +0100 BST",
            "source_uri_details": [],
            "state": "COMPLETED",
            "storage_tier": "Standard",
            "timeouts": null,
            "version_id": "f323f5f5-d05b-4ce4-86f1-1394d600c21a",
            "work_request_id": ""
          },
          "sensitive_attributes": [],
          "private": "eyJlMmJmYjczMC1lY2FhLTExZTYtOGY4OC0zNDM2M2JjN2M0YzAiOnsiY3JlYXRlIjoxMjAwMDAwMDAwMDAwLCJkZWxldGUiOjEyMDAwMDAwMDAwMDAsInVwZGF0ZSI6MTIwMDAwMDAwMDAwMH19",
          "dependencies": [
            "module.object-storage.oci_objectstorage_bucket.ewp_image_storage"
          ]
        },
        {
          "index_key": 247,
          "schema_version": 0,
          "attributes": {
            "bucket": "ewp_image_store",
            "cache_control": null,
            "content": null,
            "content_disposition": null,
            "content_encoding": null,
            "content_language": null,
            "content_length": "419367",
            "content_md5": "w+NWL5Nd69eVQTpjLuA5tw==",
            "content_type": "image/jpeg",
            "delete_all_object_versions": false,
            "id": "n/lr4poue3hwjl/b/ewp_image_store/o/weddings%2FTom%20and%20Rebecca%2F37.jpg",
            "metadata": {},
            "namespace": "lr4poue3hwjl",
            "object": "weddings/Tom and Rebecca/37.jpg",
            "opc_sse_kms_key_id": null,
            "source": "../assets/weddings/Tom and Rebecca/37.jpg 2015-07-19 13:07:03 +0100 BST",
            "source_uri_details": [],
            "state": "COMPLETED",
            "storage_tier": "Standard",
            "timeouts": null,
            "version_id": "90e3031c-a8e3-4bd8-8de2-3eb779394762",
            "work_request_id": ""
          },
          "sensitive_attributes": [],
          "private": "eyJlMmJmYjczMC1lY2FhLTExZTYtOGY4OC0zNDM2M2JjN2M0YzAiOnsiY3JlYXRlIjoxMjAwMDAwMDAwMDAwLCJkZWxldGUiOjEyMDAwMDAwMDAwMDAsInVwZGF0ZSI6MTIwMDAwMDAwMDAwMH19",
          "dependencies": [
            "module.object-storage.oci_objectstorage_bucket.ewp_image_storage"
          ]
        },
        {
          "index_key": 248,
          "schema_version": 0,
          "attributes": {
            "bucket": "ewp_image_store",
            "cache_control": null,
            "content": null,
            "content_disposition": null,
            "content_encoding": null,
            "content_language": null,
            "content_length": "937868",
            "content_md5": "b4FVwc+lKNEIdgqDe6VKLA==",
            "content_type": "image/jpeg",
            "delete_all_object_versions": false,
            "id": "n/lr4poue3hwjl/b/ewp_image_store/o/weddings%2FTom%20and%20Rebecca%2F38.jpg",
            "metadata": {},
            "namespace": "lr4poue3hwjl",
            "object": "weddings/Tom and Rebecca/38.jpg",
            "opc_sse_kms_key_id": null,
            "source": "../assets/weddings/Tom and Rebecca/38.jpg 2015-07-19 13:06:55 +0100 BST",
            "source_uri_details": [],
            "state": "COMPLETED",
            "storage_tier": "Standard",
            "timeouts": null,
            "version_id": "34bcf7d6-2e50-4ada-9964-7a670ebd9859",
            "work_request_id": ""
          },
          "sensitive_attributes": [],
          "private": "eyJlMmJmYjczMC1lY2FhLTExZTYtOGY4OC0zNDM2M2JjN2M0YzAiOnsiY3JlYXRlIjoxMjAwMDAwMDAwMDAwLCJkZWxldGUiOjEyMDAwMDAwMDAwMDAsInVwZGF0ZSI6MTIwMDAwMDAwMDAwMH19",
          "dependencies": [
            "module.object-storage.oci_objectstorage_bucket.ewp_image_storage"
          ]
        },
        {
          "index_key": 249,
          "schema_version": 0,
          "attributes": {
            "bucket": "ewp_image_store",
            "cache_control": null,
            "content": null,
            "content_disposition": null,
            "content_encoding": null,
            "content_language": null,
            "content_length": "346535",
            "content_md5": "5WR0ar1re2Rr5gxDgx3miw==",
            "content_type": "image/jpeg",
            "delete_all_object_versions": false,
            "id": "n/lr4poue3hwjl/b/ewp_image_store/o/weddings%2FTom%20and%20Rebecca%2F39.jpg",
            "metadata": {},
            "namespace": "lr4poue3hwjl",
            "object": "weddings/Tom and Rebecca/39.jpg",
            "opc_sse_kms_key_id": null,
            "source": "../assets/weddings/Tom and Rebecca/39.jpg 2015-07-19 13:06:44 +0100 BST",
            "source_uri_details": [],
            "state": "COMPLETED",
            "storage_tier": "Standard",
            "timeouts": null,
            "version_id": "507f74f4-6f83-450f-ac2b-aad24f04c86e",
            "work_request_id": ""
          },
          "sensitive_attributes": [],
          "private": "eyJlMmJmYjczMC1lY2FhLTExZTYtOGY4OC0zNDM2M2JjN2M0YzAiOnsiY3JlYXRlIjoxMjAwMDAwMDAwMDAwLCJkZWxldGUiOjEyMDAwMDAwMDAwMDAsInVwZGF0ZSI6MTIwMDAwMDAwMDAwMH19",
          "dependencies": [
            "module.object-storage.oci_objectstorage_bucket.ewp_image_storage"
          ]
        },
        {
          "index_key": 250,
          "schema_version": 0,
          "attributes": {
            "bucket": "ewp_image_store",
            "cache_control": null,
            "content": null,
            "content_disposition": null,
            "content_encoding": null,
            "content_language": null,
            "content_length": "304453",
            "content_md5": "0tA/rsqo1a9NXGKTriplZg==",
            "content_type": "image/jpeg",
            "delete_all_object_versions": false,
            "id": "n/lr4poue3hwjl/b/ewp_image_store/o/weddings%2FTom%20and%20Rebecca%2F4.jpg",
            "metadata": {},
            "namespace": "lr4poue3hwjl",
            "object": "weddings/Tom and Rebecca/4.jpg",
            "opc_sse_kms_key_id": null,
            "source": "../assets/weddings/Tom and Rebecca/4.jpg 2015-07-19 13:12:38 +0100 BST",
            "source_uri_details": [],
            "state": "COMPLETED",
            "storage_tier": "Standard",
            "timeouts": null,
            "version_id": "d52fb7fd-9c19-44da-a7de-00c6806b3ae5",
            "work_request_id": ""
          },
          "sensitive_attributes": [],
          "private": "eyJlMmJmYjczMC1lY2FhLTExZTYtOGY4OC0zNDM2M2JjN2M0YzAiOnsiY3JlYXRlIjoxMjAwMDAwMDAwMDAwLCJkZWxldGUiOjEyMDAwMDAwMDAwMDAsInVwZGF0ZSI6MTIwMDAwMDAwMDAwMH19",
          "dependencies": [
            "module.object-storage.oci_objectstorage_bucket.ewp_image_storage"
          ]
        },
        {
          "index_key": 251,
          "schema_version": 0,
          "attributes": {
            "bucket": "ewp_image_store",
            "cache_control": null,
            "content": null,
            "content_disposition": null,
            "content_encoding": null,
            "content_language": null,
            "content_length": "492631",
            "content_md5": "CJ45AwmGn0y/RZikz1Rvgw==",
            "content_type": "image/jpeg",
            "delete_all_object_versions": false,
            "id": "n/lr4poue3hwjl/b/ewp_image_store/o/weddings%2FTom%20and%20Rebecca%2F40.jpg",
            "metadata": {},
            "namespace": "lr4poue3hwjl",
            "object": "weddings/Tom and Rebecca/40.jpg",
            "opc_sse_kms_key_id": null,
            "source": "../assets/weddings/Tom and Rebecca/40.jpg 2015-07-19 13:06:34 +0100 BST",
            "source_uri_details": [],
            "state": "COMPLETED",
            "storage_tier": "Standard",
            "timeouts": null,
            "version_id": "1cfdb81b-df44-42f0-9b09-fe9963a7a55d",
            "work_request_id": ""
          },
          "sensitive_attributes": [],
          "private": "eyJlMmJmYjczMC1lY2FhLTExZTYtOGY4OC0zNDM2M2JjN2M0YzAiOnsiY3JlYXRlIjoxMjAwMDAwMDAwMDAwLCJkZWxldGUiOjEyMDAwMDAwMDAwMDAsInVwZGF0ZSI6MTIwMDAwMDAwMDAwMH19",
          "dependencies": [
            "module.object-storage.oci_objectstorage_bucket.ewp_image_storage"
          ]
        },
        {
          "index_key": 252,
          "schema_version": 0,
          "attributes": {
            "bucket": "ewp_image_store",
            "cache_control": null,
            "content": null,
            "content_disposition": null,
            "content_encoding": null,
            "content_language": null,
            "content_length": "334736",
            "content_md5": "a2kl4uBLd0lUlWZ125H7Mw==",
            "content_type": "image/jpeg",
            "delete_all_object_versions": false,
            "id": "n/lr4poue3hwjl/b/ewp_image_store/o/weddings%2FTom%20and%20Rebecca%2F41.jpg",
            "metadata": {},
            "namespace": "lr4poue3hwjl",
            "object": "weddings/Tom and Rebecca/41.jpg",
            "opc_sse_kms_key_id": null,
            "source": "../assets/weddings/Tom and Rebecca/41.jpg 2015-07-19 13:06:24 +0100 BST",
            "source_uri_details": [],
            "state": "COMPLETED",
            "storage_tier": "Standard",
            "timeouts": null,
            "version_id": "815400c9-12ea-40dd-a7e3-f7b037bef84a",
            "work_request_id": ""
          },
          "sensitive_attributes": [],
          "private": "eyJlMmJmYjczMC1lY2FhLTExZTYtOGY4OC0zNDM2M2JjN2M0YzAiOnsiY3JlYXRlIjoxMjAwMDAwMDAwMDAwLCJkZWxldGUiOjEyMDAwMDAwMDAwMDAsInVwZGF0ZSI6MTIwMDAwMDAwMDAwMH19",
          "dependencies": [
            "module.object-storage.oci_objectstorage_bucket.ewp_image_storage"
          ]
        },
        {
          "index_key": 253,
          "schema_version": 0,
          "attributes": {
            "bucket": "ewp_image_store",
            "cache_control": null,
            "content": null,
            "content_disposition": null,
            "content_encoding": null,
            "content_language": null,
            "content_length": "381742",
            "content_md5": "Ycasv/J1LDIEIyidoxA/NA==",
            "content_type": "image/jpeg",
            "delete_all_object_versions": false,
            "id": "n/lr4poue3hwjl/b/ewp_image_store/o/weddings%2FTom%20and%20Rebecca%2F42.jpg",
            "metadata": {},
            "namespace": "lr4poue3hwjl",
            "object": "weddings/Tom and Rebecca/42.jpg",
            "opc_sse_kms_key_id": null,
            "source": "../assets/weddings/Tom and Rebecca/42.jpg 2015-07-19 13:06:15 +0100 BST",
            "source_uri_details": [],
            "state": "COMPLETED",
            "storage_tier": "Standard",
            "timeouts": null,
            "version_id": "0bba8b99-5fc5-45a8-96a8-fa1f06daaf69",
            "work_request_id": ""
          },
          "sensitive_attributes": [],
          "private": "eyJlMmJmYjczMC1lY2FhLTExZTYtOGY4OC0zNDM2M2JjN2M0YzAiOnsiY3JlYXRlIjoxMjAwMDAwMDAwMDAwLCJkZWxldGUiOjEyMDAwMDAwMDAwMDAsInVwZGF0ZSI6MTIwMDAwMDAwMDAwMH19",
          "dependencies": [
            "module.object-storage.oci_objectstorage_bucket.ewp_image_storage"
          ]
        },
        {
          "index_key": 254,
          "schema_version": 0,
          "attributes": {
            "bucket": "ewp_image_store",
            "cache_control": null,
            "content": null,
            "content_disposition": null,
            "content_encoding": null,
            "content_language": null,
            "content_length": "381034",
            "content_md5": "e+MKyhHxHG0aanAQD66l8Q==",
            "content_type": "image/jpeg",
            "delete_all_object_versions": false,
            "id": "n/lr4poue3hwjl/b/ewp_image_store/o/weddings%2FTom%20and%20Rebecca%2F43.jpg",
            "metadata": {},
            "namespace": "lr4poue3hwjl",
            "object": "weddings/Tom and Rebecca/43.jpg",
            "opc_sse_kms_key_id": null,
            "source": "../assets/weddings/Tom and Rebecca/43.jpg 2015-07-19 13:06:06 +0100 BST",
            "source_uri_details": [],
            "state": "COMPLETED",
            "storage_tier": "Standard",
            "timeouts": null,
            "version_id": "ded2edb1-2f28-47be-88bd-400c0f192ef7",
            "work_request_id": ""
          },
          "sensitive_attributes": [],
          "private": "eyJlMmJmYjczMC1lY2FhLTExZTYtOGY4OC0zNDM2M2JjN2M0YzAiOnsiY3JlYXRlIjoxMjAwMDAwMDAwMDAwLCJkZWxldGUiOjEyMDAwMDAwMDAwMDAsInVwZGF0ZSI6MTIwMDAwMDAwMDAwMH19",
          "dependencies": [
            "module.object-storage.oci_objectstorage_bucket.ewp_image_storage"
          ]
        },
        {
          "index_key": 255,
          "schema_version": 0,
          "attributes": {
            "bucket": "ewp_image_store",
            "cache_control": null,
            "content": null,
            "content_disposition": null,
            "content_encoding": null,
            "content_language": null,
            "content_length": "81067",
            "content_md5": "nvxIFA2+Hx4rHKUpsFUWqg==",
            "content_type": "image/jpeg",
            "delete_all_object_versions": false,
            "id": "n/lr4poue3hwjl/b/ewp_image_store/o/weddings%2FTom%20and%20Rebecca%2F44.jpg",
            "metadata": {},
            "namespace": "lr4poue3hwjl",
            "object": "weddings/Tom and Rebecca/44.jpg",
            "opc_sse_kms_key_id": null,
            "source": "../assets/weddings/Tom and Rebecca/44.jpg 2015-07-19 13:05:56 +0100 BST",
            "source_uri_details": [],
            "state": "COMPLETED",
            "storage_tier": "Standard",
            "timeouts": null,
            "version_id": "fe0c7e97-ba53-439b-915c-596dfbb2415b",
            "work_request_id": ""
          },
          "sensitive_attributes": [],
          "private": "eyJlMmJmYjczMC1lY2FhLTExZTYtOGY4OC0zNDM2M2JjN2M0YzAiOnsiY3JlYXRlIjoxMjAwMDAwMDAwMDAwLCJkZWxldGUiOjEyMDAwMDAwMDAwMDAsInVwZGF0ZSI6MTIwMDAwMDAwMDAwMH19",
          "dependencies": [
            "module.object-storage.oci_objectstorage_bucket.ewp_image_storage"
          ]
        },
        {
          "index_key": 256,
          "schema_version": 0,
          "attributes": {
            "bucket": "ewp_image_store",
            "cache_control": null,
            "content": null,
            "content_disposition": null,
            "content_encoding": null,
            "content_language": null,
            "content_length": "996580",
            "content_md5": "3jJ9Sa0MgbqMYHrRyzsqvQ==",
            "content_type": "image/jpeg",
            "delete_all_object_versions": false,
            "id": "n/lr4poue3hwjl/b/ewp_image_store/o/weddings%2FTom%20and%20Rebecca%2F45.jpg",
            "metadata": {},
            "namespace": "lr4poue3hwjl",
            "object": "weddings/Tom and Rebecca/45.jpg",
            "opc_sse_kms_key_id": null,
            "source": "../assets/weddings/Tom and Rebecca/45.jpg 2015-07-19 13:05:47 +0100 BST",
            "source_uri_details": [],
            "state": "COMPLETED",
            "storage_tier": "Standard",
            "timeouts": null,
            "version_id": "9ff3bafd-9e48-4d09-86b3-8ad64137917f",
            "work_request_id": ""
          },
          "sensitive_attributes": [],
          "private": "eyJlMmJmYjczMC1lY2FhLTExZTYtOGY4OC0zNDM2M2JjN2M0YzAiOnsiY3JlYXRlIjoxMjAwMDAwMDAwMDAwLCJkZWxldGUiOjEyMDAwMDAwMDAwMDAsInVwZGF0ZSI6MTIwMDAwMDAwMDAwMH19",
          "dependencies": [
            "module.object-storage.oci_objectstorage_bucket.ewp_image_storage"
          ]
        },
        {
          "index_key": 257,
          "schema_version": 0,
          "attributes": {
            "bucket": "ewp_image_store",
            "cache_control": null,
            "content": null,
            "content_disposition": null,
            "content_encoding": null,
            "content_language": null,
            "content_length": "240587",
            "content_md5": "VDDAI6mRjccm1C7ht9rCfA==",
            "content_type": "image/jpeg",
            "delete_all_object_versions": false,
            "id": "n/lr4poue3hwjl/b/ewp_image_store/o/weddings%2FTom%20and%20Rebecca%2F46.jpg",
            "metadata": {},
            "namespace": "lr4poue3hwjl",
            "object": "weddings/Tom and Rebecca/46.jpg",
            "opc_sse_kms_key_id": null,
            "source": "../assets/weddings/Tom and Rebecca/46.jpg 2015-07-19 13:05:37 +0100 BST",
            "source_uri_details": [],
            "state": "COMPLETED",
            "storage_tier": "Standard",
            "timeouts": null,
            "version_id": "21cbbe33-7553-4e21-83df-d7b8d9793cc5",
            "work_request_id": ""
          },
          "sensitive_attributes": [],
          "private": "eyJlMmJmYjczMC1lY2FhLTExZTYtOGY4OC0zNDM2M2JjN2M0YzAiOnsiY3JlYXRlIjoxMjAwMDAwMDAwMDAwLCJkZWxldGUiOjEyMDAwMDAwMDAwMDAsInVwZGF0ZSI6MTIwMDAwMDAwMDAwMH19",
          "dependencies": [
            "module.object-storage.oci_objectstorage_bucket.ewp_image_storage"
          ]
        },
        {
          "index_key": 258,
          "schema_version": 0,
          "attributes": {
            "bucket": "ewp_image_store",
            "cache_control": null,
            "content": null,
            "content_disposition": null,
            "content_encoding": null,
            "content_language": null,
            "content_length": "1231827",
            "content_md5": "K3h64ISrpMvIG6gPA08O0Q==",
            "content_type": "image/jpeg",
            "delete_all_object_versions": false,
            "id": "n/lr4poue3hwjl/b/ewp_image_store/o/weddings%2FTom%20and%20Rebecca%2F47.jpg",
            "metadata": {},
            "namespace": "lr4poue3hwjl",
            "object": "weddings/Tom and Rebecca/47.jpg",
            "opc_sse_kms_key_id": null,
            "source": "../assets/weddings/Tom and Rebecca/47.jpg 2015-07-19 13:05:28 +0100 BST",
            "source_uri_details": [],
            "state": "COMPLETED",
            "storage_tier": "Standard",
            "timeouts": null,
            "version_id": "99a9d3e6-7275-4699-be69-3321f6ee2b02",
            "work_request_id": ""
          },
          "sensitive_attributes": [],
          "private": "eyJlMmJmYjczMC1lY2FhLTExZTYtOGY4OC0zNDM2M2JjN2M0YzAiOnsiY3JlYXRlIjoxMjAwMDAwMDAwMDAwLCJkZWxldGUiOjEyMDAwMDAwMDAwMDAsInVwZGF0ZSI6MTIwMDAwMDAwMDAwMH19",
          "dependencies": [
            "module.object-storage.oci_objectstorage_bucket.ewp_image_storage"
          ]
        },
        {
          "index_key": 259,
          "schema_version": 0,
          "attributes": {
            "bucket": "ewp_image_store",
            "cache_control": null,
            "content": null,
            "content_disposition": null,
            "content_encoding": null,
            "content_language": null,
            "content_length": "1742005",
            "content_md5": "3d2yHSJwc8BidHPjUSGjLQ==",
            "content_type": "image/jpeg",
            "delete_all_object_versions": false,
            "id": "n/lr4poue3hwjl/b/ewp_image_store/o/weddings%2FTom%20and%20Rebecca%2F48.jpg",
            "metadata": {},
            "namespace": "lr4poue3hwjl",
            "object": "weddings/Tom and Rebecca/48.jpg",
            "opc_sse_kms_key_id": null,
            "source": "../assets/weddings/Tom and Rebecca/48.jpg 2015-07-19 13:05:16 +0100 BST",
            "source_uri_details": [],
            "state": "COMPLETED",
            "storage_tier": "Standard",
            "timeouts": null,
            "version_id": "166dab9f-7ad1-481a-9deb-5a39fcf69f46",
            "work_request_id": ""
          },
          "sensitive_attributes": [],
          "private": "eyJlMmJmYjczMC1lY2FhLTExZTYtOGY4OC0zNDM2M2JjN2M0YzAiOnsiY3JlYXRlIjoxMjAwMDAwMDAwMDAwLCJkZWxldGUiOjEyMDAwMDAwMDAwMDAsInVwZGF0ZSI6MTIwMDAwMDAwMDAwMH19",
          "dependencies": [
            "module.object-storage.oci_objectstorage_bucket.ewp_image_storage"
          ]
        },
        {
          "index_key": 260,
          "schema_version": 0,
          "attributes": {
            "bucket": "ewp_image_store",
            "cache_control": null,
            "content": null,
            "content_disposition": null,
            "content_encoding": null,
            "content_language": null,
            "content_length": "287870",
            "content_md5": "4Tx1iLOZOs1XosS5ZvFKww==",
            "content_type": "image/jpeg",
            "delete_all_object_versions": false,
            "id": "n/lr4poue3hwjl/b/ewp_image_store/o/weddings%2FTom%20and%20Rebecca%2F49.jpg",
            "metadata": {},
            "namespace": "lr4poue3hwjl",
            "object": "weddings/Tom and Rebecca/49.jpg",
            "opc_sse_kms_key_id": null,
            "source": "../assets/weddings/Tom and Rebecca/49.jpg 2015-07-19 13:05:05 +0100 BST",
            "source_uri_details": [],
            "state": "COMPLETED",
            "storage_tier": "Standard",
            "timeouts": null,
            "version_id": "753a5c59-3ac7-4ad8-a747-a243cb2e2905",
            "work_request_id": ""
          },
          "sensitive_attributes": [],
          "private": "eyJlMmJmYjczMC1lY2FhLTExZTYtOGY4OC0zNDM2M2JjN2M0YzAiOnsiY3JlYXRlIjoxMjAwMDAwMDAwMDAwLCJkZWxldGUiOjEyMDAwMDAwMDAwMDAsInVwZGF0ZSI6MTIwMDAwMDAwMDAwMH19",
          "dependencies": [
            "module.object-storage.oci_objectstorage_bucket.ewp_image_storage"
          ]
        },
        {
          "index_key": 261,
          "schema_version": 0,
          "attributes": {
            "bucket": "ewp_image_store",
            "cache_control": null,
            "content": null,
            "content_disposition": null,
            "content_encoding": null,
            "content_language": null,
            "content_length": "829531",
            "content_md5": "g/w7IgdKW3VXOeFyA44vGQ==",
            "content_type": "image/jpeg",
            "delete_all_object_versions": false,
            "id": "n/lr4poue3hwjl/b/ewp_image_store/o/weddings%2FTom%20and%20Rebecca%2F5.jpg",
            "metadata": {},
            "namespace": "lr4poue3hwjl",
            "object": "weddings/Tom and Rebecca/5.jpg",
            "opc_sse_kms_key_id": null,
            "source": "../assets/weddings/Tom and Rebecca/5.jpg 2015-07-19 13:12:29 +0100 BST",
            "source_uri_details": [],
            "state": "COMPLETED",
            "storage_tier": "Standard",
            "timeouts": null,
            "version_id": "24652472-83d5-4595-9b21-fd69e0956b1d",
            "work_request_id": ""
          },
          "sensitive_attributes": [],
          "private": "eyJlMmJmYjczMC1lY2FhLTExZTYtOGY4OC0zNDM2M2JjN2M0YzAiOnsiY3JlYXRlIjoxMjAwMDAwMDAwMDAwLCJkZWxldGUiOjEyMDAwMDAwMDAwMDAsInVwZGF0ZSI6MTIwMDAwMDAwMDAwMH19",
          "dependencies": [
            "module.object-storage.oci_objectstorage_bucket.ewp_image_storage"
          ]
        },
        {
          "index_key": 262,
          "schema_version": 0,
          "attributes": {
            "bucket": "ewp_image_store",
            "cache_control": null,
            "content": null,
            "content_disposition": null,
            "content_encoding": null,
            "content_language": null,
            "content_length": "952706",
            "content_md5": "g4MG5CVTgS617aId/RggVQ==",
            "content_type": "image/jpeg",
            "delete_all_object_versions": false,
            "id": "n/lr4poue3hwjl/b/ewp_image_store/o/weddings%2FTom%20and%20Rebecca%2F50.jpg",
            "metadata": {},
            "namespace": "lr4poue3hwjl",
            "object": "weddings/Tom and Rebecca/50.jpg",
            "opc_sse_kms_key_id": null,
            "source": "../assets/weddings/Tom and Rebecca/50.jpg 2015-07-19 13:04:57 +0100 BST",
            "source_uri_details": [],
            "state": "COMPLETED",
            "storage_tier": "Standard",
            "timeouts": null,
            "version_id": "90d05b54-78ef-4acf-ad14-083d9cd704f7",
            "work_request_id": ""
          },
          "sensitive_attributes": [],
          "private": "eyJlMmJmYjczMC1lY2FhLTExZTYtOGY4OC0zNDM2M2JjN2M0YzAiOnsiY3JlYXRlIjoxMjAwMDAwMDAwMDAwLCJkZWxldGUiOjEyMDAwMDAwMDAwMDAsInVwZGF0ZSI6MTIwMDAwMDAwMDAwMH19",
          "dependencies": [
            "module.object-storage.oci_objectstorage_bucket.ewp_image_storage"
          ]
        },
        {
          "index_key": 263,
          "schema_version": 0,
          "attributes": {
            "bucket": "ewp_image_store",
            "cache_control": null,
            "content": null,
            "content_disposition": null,
            "content_encoding": null,
            "content_language": null,
            "content_length": "403947",
            "content_md5": "EEmVC1dVlNnlIUZHsESY/g==",
            "content_type": "image/jpeg",
            "delete_all_object_versions": false,
            "id": "n/lr4poue3hwjl/b/ewp_image_store/o/weddings%2FTom%20and%20Rebecca%2F51.jpg",
            "metadata": {},
            "namespace": "lr4poue3hwjl",
            "object": "weddings/Tom and Rebecca/51.jpg",
            "opc_sse_kms_key_id": null,
            "source": "../assets/weddings/Tom and Rebecca/51.jpg 2015-07-19 13:04:45 +0100 BST",
            "source_uri_details": [],
            "state": "COMPLETED",
            "storage_tier": "Standard",
            "timeouts": null,
            "version_id": "993a0769-8b4f-4305-b2a3-a5d324a006a6",
            "work_request_id": ""
          },
          "sensitive_attributes": [],
          "private": "eyJlMmJmYjczMC1lY2FhLTExZTYtOGY4OC0zNDM2M2JjN2M0YzAiOnsiY3JlYXRlIjoxMjAwMDAwMDAwMDAwLCJkZWxldGUiOjEyMDAwMDAwMDAwMDAsInVwZGF0ZSI6MTIwMDAwMDAwMDAwMH19",
          "dependencies": [
            "module.object-storage.oci_objectstorage_bucket.ewp_image_storage"
          ]
        },
        {
          "index_key": 264,
          "schema_version": 0,
          "attributes": {
            "bucket": "ewp_image_store",
            "cache_control": null,
            "content": null,
            "content_disposition": null,
            "content_encoding": null,
            "content_language": null,
            "content_length": "342717",
            "content_md5": "6jRlL4CAyY+SIaG+up3dpg==",
            "content_type": "image/jpeg",
            "delete_all_object_versions": false,
            "id": "n/lr4poue3hwjl/b/ewp_image_store/o/weddings%2FTom%20and%20Rebecca%2F52.jpg",
            "metadata": {},
            "namespace": "lr4poue3hwjl",
            "object": "weddings/Tom and Rebecca/52.jpg",
            "opc_sse_kms_key_id": null,
            "source": "../assets/weddings/Tom and Rebecca/52.jpg 2015-07-19 13:04:36 +0100 BST",
            "source_uri_details": [],
            "state": "COMPLETED",
            "storage_tier": "Standard",
            "timeouts": null,
            "version_id": "6d558ffe-8b30-43d1-acfe-5c534db8a75f",
            "work_request_id": ""
          },
          "sensitive_attributes": [],
          "private": "eyJlMmJmYjczMC1lY2FhLTExZTYtOGY4OC0zNDM2M2JjN2M0YzAiOnsiY3JlYXRlIjoxMjAwMDAwMDAwMDAwLCJkZWxldGUiOjEyMDAwMDAwMDAwMDAsInVwZGF0ZSI6MTIwMDAwMDAwMDAwMH19",
          "dependencies": [
            "module.object-storage.oci_objectstorage_bucket.ewp_image_storage"
          ]
        },
        {
          "index_key": 265,
          "schema_version": 0,
          "attributes": {
            "bucket": "ewp_image_store",
            "cache_control": null,
            "content": null,
            "content_disposition": null,
            "content_encoding": null,
            "content_language": null,
            "content_length": "371966",
            "content_md5": "0LJyGMuUfXjFTuazAhDnQA==",
            "content_type": "image/jpeg",
            "delete_all_object_versions": false,
            "id": "n/lr4poue3hwjl/b/ewp_image_store/o/weddings%2FTom%20and%20Rebecca%2F53.jpg",
            "metadata": {},
            "namespace": "lr4poue3hwjl",
            "object": "weddings/Tom and Rebecca/53.jpg",
            "opc_sse_kms_key_id": null,
            "source": "../assets/weddings/Tom and Rebecca/53.jpg 2015-07-19 13:04:25 +0100 BST",
            "source_uri_details": [],
            "state": "COMPLETED",
            "storage_tier": "Standard",
            "timeouts": null,
            "version_id": "4e654903-cbe6-439e-bed0-190419f70350",
            "work_request_id": ""
          },
          "sensitive_attributes": [],
          "private": "eyJlMmJmYjczMC1lY2FhLTExZTYtOGY4OC0zNDM2M2JjN2M0YzAiOnsiY3JlYXRlIjoxMjAwMDAwMDAwMDAwLCJkZWxldGUiOjEyMDAwMDAwMDAwMDAsInVwZGF0ZSI6MTIwMDAwMDAwMDAwMH19",
          "dependencies": [
            "module.object-storage.oci_objectstorage_bucket.ewp_image_storage"
          ]
        },
        {
          "index_key": 266,
          "schema_version": 0,
          "attributes": {
            "bucket": "ewp_image_store",
            "cache_control": null,
            "content": null,
            "content_disposition": null,
            "content_encoding": null,
            "content_language": null,
            "content_length": "613674",
            "content_md5": "rq7hxrNS9eZ9KW19jD61Vw==",
            "content_type": "image/jpeg",
            "delete_all_object_versions": false,
            "id": "n/lr4poue3hwjl/b/ewp_image_store/o/weddings%2FTom%20and%20Rebecca%2F54.jpg",
            "metadata": {},
            "namespace": "lr4poue3hwjl",
            "object": "weddings/Tom and Rebecca/54.jpg",
            "opc_sse_kms_key_id": null,
            "source": "../assets/weddings/Tom and Rebecca/54.jpg 2015-07-19 13:04:16 +0100 BST",
            "source_uri_details": [],
            "state": "COMPLETED",
            "storage_tier": "Standard",
            "timeouts": null,
            "version_id": "0a877489-52dd-4e8a-acb4-4b495acc2784",
            "work_request_id": ""
          },
          "sensitive_attributes": [],
          "private": "eyJlMmJmYjczMC1lY2FhLTExZTYtOGY4OC0zNDM2M2JjN2M0YzAiOnsiY3JlYXRlIjoxMjAwMDAwMDAwMDAwLCJkZWxldGUiOjEyMDAwMDAwMDAwMDAsInVwZGF0ZSI6MTIwMDAwMDAwMDAwMH19",
          "dependencies": [
            "module.object-storage.oci_objectstorage_bucket.ewp_image_storage"
          ]
        },
        {
          "index_key": 267,
          "schema_version": 0,
          "attributes": {
            "bucket": "ewp_image_store",
            "cache_control": null,
            "content": null,
            "content_disposition": null,
            "content_encoding": null,
            "content_language": null,
            "content_length": "944374",
            "content_md5": "mO6/ar6xeJcdUR5NJ1Z8uQ==",
            "content_type": "image/jpeg",
            "delete_all_object_versions": false,
            "id": "n/lr4poue3hwjl/b/ewp_image_store/o/weddings%2FTom%20and%20Rebecca%2F55.jpg",
            "metadata": {},
            "namespace": "lr4poue3hwjl",
            "object": "weddings/Tom and Rebecca/55.jpg",
            "opc_sse_kms_key_id": null,
            "source": "../assets/weddings/Tom and Rebecca/55.jpg 2015-07-19 13:04:05 +0100 BST",
            "source_uri_details": [],
            "state": "COMPLETED",
            "storage_tier": "Standard",
            "timeouts": null,
            "version_id": "4b626f7d-4b18-4493-bdfe-89606469a248",
            "work_request_id": ""
          },
          "sensitive_attributes": [],
          "private": "eyJlMmJmYjczMC1lY2FhLTExZTYtOGY4OC0zNDM2M2JjN2M0YzAiOnsiY3JlYXRlIjoxMjAwMDAwMDAwMDAwLCJkZWxldGUiOjEyMDAwMDAwMDAwMDAsInVwZGF0ZSI6MTIwMDAwMDAwMDAwMH19",
          "dependencies": [
            "module.object-storage.oci_objectstorage_bucket.ewp_image_storage"
          ]
        },
        {
          "index_key": 268,
          "schema_version": 0,
          "attributes": {
            "bucket": "ewp_image_store",
            "cache_control": null,
            "content": null,
            "content_disposition": null,
            "content_encoding": null,
            "content_language": null,
            "content_length": "1019131",
            "content_md5": "+f9srWwA5rqTb2YKA1iiYg==",
            "content_type": "image/jpeg",
            "delete_all_object_versions": false,
            "id": "n/lr4poue3hwjl/b/ewp_image_store/o/weddings%2FTom%20and%20Rebecca%2F56.jpg",
            "metadata": {},
            "namespace": "lr4poue3hwjl",
            "object": "weddings/Tom and Rebecca/56.jpg",
            "opc_sse_kms_key_id": null,
            "source": "../assets/weddings/Tom and Rebecca/56.jpg 2015-07-19 13:03:54 +0100 BST",
            "source_uri_details": [],
            "state": "COMPLETED",
            "storage_tier": "Standard",
            "timeouts": null,
            "version_id": "0f989c4b-c5d8-48ae-85ef-55b239eb26ae",
            "work_request_id": ""
          },
          "sensitive_attributes": [],
          "private": "eyJlMmJmYjczMC1lY2FhLTExZTYtOGY4OC0zNDM2M2JjN2M0YzAiOnsiY3JlYXRlIjoxMjAwMDAwMDAwMDAwLCJkZWxldGUiOjEyMDAwMDAwMDAwMDAsInVwZGF0ZSI6MTIwMDAwMDAwMDAwMH19",
          "dependencies": [
            "module.object-storage.oci_objectstorage_bucket.ewp_image_storage"
          ]
        },
        {
          "index_key": 269,
          "schema_version": 0,
          "attributes": {
            "bucket": "ewp_image_store",
            "cache_control": null,
            "content": null,
            "content_disposition": null,
            "content_encoding": null,
            "content_language": null,
            "content_length": "809695",
            "content_md5": "nu6ss5i2GYHDTR6tOxp9wQ==",
            "content_type": "image/jpeg",
            "delete_all_object_versions": false,
            "id": "n/lr4poue3hwjl/b/ewp_image_store/o/weddings%2FTom%20and%20Rebecca%2F57.jpg",
            "metadata": {},
            "namespace": "lr4poue3hwjl",
            "object": "weddings/Tom and Rebecca/57.jpg",
            "opc_sse_kms_key_id": null,
            "source": "../assets/weddings/Tom and Rebecca/57.jpg 2015-07-19 13:03:43 +0100 BST",
            "source_uri_details": [],
            "state": "COMPLETED",
            "storage_tier": "Standard",
            "timeouts": null,
            "version_id": "589a6d82-139e-4e60-8930-3b5635c9ddf7",
            "work_request_id": ""
          },
          "sensitive_attributes": [],
          "private": "eyJlMmJmYjczMC1lY2FhLTExZTYtOGY4OC0zNDM2M2JjN2M0YzAiOnsiY3JlYXRlIjoxMjAwMDAwMDAwMDAwLCJkZWxldGUiOjEyMDAwMDAwMDAwMDAsInVwZGF0ZSI6MTIwMDAwMDAwMDAwMH19",
          "dependencies": [
            "module.object-storage.oci_objectstorage_bucket.ewp_image_storage"
          ]
        },
        {
          "index_key": 270,
          "schema_version": 0,
          "attributes": {
            "bucket": "ewp_image_store",
            "cache_control": null,
            "content": null,
            "content_disposition": null,
            "content_encoding": null,
            "content_language": null,
            "content_length": "802329",
            "content_md5": "JeBf3A/Q2KjVGSXqWbgpBQ==",
            "content_type": "image/jpeg",
            "delete_all_object_versions": false,
            "id": "n/lr4poue3hwjl/b/ewp_image_store/o/weddings%2FTom%20and%20Rebecca%2F58.jpg",
            "metadata": {},
            "namespace": "lr4poue3hwjl",
            "object": "weddings/Tom and Rebecca/58.jpg",
            "opc_sse_kms_key_id": null,
            "source": "../assets/weddings/Tom and Rebecca/58.jpg 2015-07-19 13:03:33 +0100 BST",
            "source_uri_details": [],
            "state": "COMPLETED",
            "storage_tier": "Standard",
            "timeouts": null,
            "version_id": "ceeab235-b631-4934-8495-7d78545b4a47",
            "work_request_id": ""
          },
          "sensitive_attributes": [],
          "private": "eyJlMmJmYjczMC1lY2FhLTExZTYtOGY4OC0zNDM2M2JjN2M0YzAiOnsiY3JlYXRlIjoxMjAwMDAwMDAwMDAwLCJkZWxldGUiOjEyMDAwMDAwMDAwMDAsInVwZGF0ZSI6MTIwMDAwMDAwMDAwMH19",
          "dependencies": [
            "module.object-storage.oci_objectstorage_bucket.ewp_image_storage"
          ]
        },
        {
          "index_key": 271,
          "schema_version": 0,
          "attributes": {
            "bucket": "ewp_image_store",
            "cache_control": null,
            "content": null,
            "content_disposition": null,
            "content_encoding": null,
            "content_language": null,
            "content_length": "745312",
            "content_md5": "gavJHt9d6wsKhyGMAvoaig==",
            "content_type": "image/jpeg",
            "delete_all_object_versions": false,
            "id": "n/lr4poue3hwjl/b/ewp_image_store/o/weddings%2FTom%20and%20Rebecca%2F59.jpg",
            "metadata": {},
            "namespace": "lr4poue3hwjl",
            "object": "weddings/Tom and Rebecca/59.jpg",
            "opc_sse_kms_key_id": null,
            "source": "../assets/weddings/Tom and Rebecca/59.jpg 2015-07-19 13:03:21 +0100 BST",
            "source_uri_details": [],
            "state": "COMPLETED",
            "storage_tier": "Standard",
            "timeouts": null,
            "version_id": "ab9282c3-0288-4611-9fb9-ddfa5b7ee317",
            "work_request_id": ""
          },
          "sensitive_attributes": [],
          "private": "eyJlMmJmYjczMC1lY2FhLTExZTYtOGY4OC0zNDM2M2JjN2M0YzAiOnsiY3JlYXRlIjoxMjAwMDAwMDAwMDAwLCJkZWxldGUiOjEyMDAwMDAwMDAwMDAsInVwZGF0ZSI6MTIwMDAwMDAwMDAwMH19",
          "dependencies": [
            "module.object-storage.oci_objectstorage_bucket.ewp_image_storage"
          ]
        },
        {
          "index_key": 272,
          "schema_version": 0,
          "attributes": {
            "bucket": "ewp_image_store",
            "cache_control": null,
            "content": null,
            "content_disposition": null,
            "content_encoding": null,
            "content_language": null,
            "content_length": "767058",
            "content_md5": "nrohEF0lMAv41NIa7vxaug==",
            "content_type": "image/jpeg",
            "delete_all_object_versions": false,
            "id": "n/lr4poue3hwjl/b/ewp_image_store/o/weddings%2FTom%20and%20Rebecca%2F6.jpg",
            "metadata": {},
            "namespace": "lr4poue3hwjl",
            "object": "weddings/Tom and Rebecca/6.jpg",
            "opc_sse_kms_key_id": null,
            "source": "../assets/weddings/Tom and Rebecca/6.jpg 2015-07-19 13:12:20 +0100 BST",
            "source_uri_details": [],
            "state": "COMPLETED",
            "storage_tier": "Standard",
            "timeouts": null,
            "version_id": "6a5f8f9f-1cb1-4d16-bfba-3c20255010f3",
            "work_request_id": ""
          },
          "sensitive_attributes": [],
          "private": "eyJlMmJmYjczMC1lY2FhLTExZTYtOGY4OC0zNDM2M2JjN2M0YzAiOnsiY3JlYXRlIjoxMjAwMDAwMDAwMDAwLCJkZWxldGUiOjEyMDAwMDAwMDAwMDAsInVwZGF0ZSI6MTIwMDAwMDAwMDAwMH19",
          "dependencies": [
            "module.object-storage.oci_objectstorage_bucket.ewp_image_storage"
          ]
        },
        {
          "index_key": 273,
          "schema_version": 0,
          "attributes": {
            "bucket": "ewp_image_store",
            "cache_control": null,
            "content": null,
            "content_disposition": null,
            "content_encoding": null,
            "content_language": null,
            "content_length": "911618",
            "content_md5": "bOCTy9G4aw7X/GShrgSqDw==",
            "content_type": "image/jpeg",
            "delete_all_object_versions": false,
            "id": "n/lr4poue3hwjl/b/ewp_image_store/o/weddings%2FTom%20and%20Rebecca%2F60.jpg",
            "metadata": {},
            "namespace": "lr4poue3hwjl",
            "object": "weddings/Tom and Rebecca/60.jpg",
            "opc_sse_kms_key_id": null,
            "source": "../assets/weddings/Tom and Rebecca/60.jpg 2015-07-19 13:03:12 +0100 BST",
            "source_uri_details": [],
            "state": "COMPLETED",
            "storage_tier": "Standard",
            "timeouts": null,
            "version_id": "3c16eb7b-f0be-4391-a321-7ab19d59742a",
            "work_request_id": ""
          },
          "sensitive_attributes": [],
          "private": "eyJlMmJmYjczMC1lY2FhLTExZTYtOGY4OC0zNDM2M2JjN2M0YzAiOnsiY3JlYXRlIjoxMjAwMDAwMDAwMDAwLCJkZWxldGUiOjEyMDAwMDAwMDAwMDAsInVwZGF0ZSI6MTIwMDAwMDAwMDAwMH19",
          "dependencies": [
            "module.object-storage.oci_objectstorage_bucket.ewp_image_storage"
          ]
        },
        {
          "index_key": 274,
          "schema_version": 0,
          "attributes": {
            "bucket": "ewp_image_store",
            "cache_control": null,
            "content": null,
            "content_disposition": null,
            "content_encoding": null,
            "content_language": null,
            "content_length": "312991",
            "content_md5": "UVvPCKrP8ml1g0FSvwFP4w==",
            "content_type": "image/jpeg",
            "delete_all_object_versions": false,
            "id": "n/lr4poue3hwjl/b/ewp_image_store/o/weddings%2FTom%20and%20Rebecca%2F61.jpg",
            "metadata": {},
            "namespace": "lr4poue3hwjl",
            "object": "weddings/Tom and Rebecca/61.jpg",
            "opc_sse_kms_key_id": null,
            "source": "../assets/weddings/Tom and Rebecca/61.jpg 2015-07-19 13:02:59 +0100 BST",
            "source_uri_details": [],
            "state": "COMPLETED",
            "storage_tier": "Standard",
            "timeouts": null,
            "version_id": "d56c660b-7c73-463c-b396-ee11aea98a0b",
            "work_request_id": ""
          },
          "sensitive_attributes": [],
          "private": "eyJlMmJmYjczMC1lY2FhLTExZTYtOGY4OC0zNDM2M2JjN2M0YzAiOnsiY3JlYXRlIjoxMjAwMDAwMDAwMDAwLCJkZWxldGUiOjEyMDAwMDAwMDAwMDAsInVwZGF0ZSI6MTIwMDAwMDAwMDAwMH19",
          "dependencies": [
            "module.object-storage.oci_objectstorage_bucket.ewp_image_storage"
          ]
        },
        {
          "index_key": 275,
          "schema_version": 0,
          "attributes": {
            "bucket": "ewp_image_store",
            "cache_control": null,
            "content": null,
            "content_disposition": null,
            "content_encoding": null,
            "content_language": null,
            "content_length": "741856",
            "content_md5": "JOQS9Vcdki91rD53YvAuZg==",
            "content_type": "image/jpeg",
            "delete_all_object_versions": false,
            "id": "n/lr4poue3hwjl/b/ewp_image_store/o/weddings%2FTom%20and%20Rebecca%2F62.jpg",
            "metadata": {},
            "namespace": "lr4poue3hwjl",
            "object": "weddings/Tom and Rebecca/62.jpg",
            "opc_sse_kms_key_id": null,
            "source": "../assets/weddings/Tom and Rebecca/62.jpg 2015-07-19 13:02:49 +0100 BST",
            "source_uri_details": [],
            "state": "COMPLETED",
            "storage_tier": "Standard",
            "timeouts": null,
            "version_id": "1426f7c7-d151-4d4e-9c9c-c66218d42ea3",
            "work_request_id": ""
          },
          "sensitive_attributes": [],
          "private": "eyJlMmJmYjczMC1lY2FhLTExZTYtOGY4OC0zNDM2M2JjN2M0YzAiOnsiY3JlYXRlIjoxMjAwMDAwMDAwMDAwLCJkZWxldGUiOjEyMDAwMDAwMDAwMDAsInVwZGF0ZSI6MTIwMDAwMDAwMDAwMH19",
          "dependencies": [
            "module.object-storage.oci_objectstorage_bucket.ewp_image_storage"
          ]
        },
        {
          "index_key": 276,
          "schema_version": 0,
          "attributes": {
            "bucket": "ewp_image_store",
            "cache_control": null,
            "content": null,
            "content_disposition": null,
            "content_encoding": null,
            "content_language": null,
            "content_length": "876526",
            "content_md5": "98O1xkv1SYpsHcwOnVAUMw==",
            "content_type": "image/jpeg",
            "delete_all_object_versions": false,
            "id": "n/lr4poue3hwjl/b/ewp_image_store/o/weddings%2FTom%20and%20Rebecca%2F63.jpg",
            "metadata": {},
            "namespace": "lr4poue3hwjl",
            "object": "weddings/Tom and Rebecca/63.jpg",
            "opc_sse_kms_key_id": null,
            "source": "../assets/weddings/Tom and Rebecca/63.jpg 2015-07-19 13:02:40 +0100 BST",
            "source_uri_details": [],
            "state": "COMPLETED",
            "storage_tier": "Standard",
            "timeouts": null,
            "version_id": "cfa1841a-78cc-463f-a6be-d9795058e8e7",
            "work_request_id": ""
          },
          "sensitive_attributes": [],
          "private": "eyJlMmJmYjczMC1lY2FhLTExZTYtOGY4OC0zNDM2M2JjN2M0YzAiOnsiY3JlYXRlIjoxMjAwMDAwMDAwMDAwLCJkZWxldGUiOjEyMDAwMDAwMDAwMDAsInVwZGF0ZSI6MTIwMDAwMDAwMDAwMH19",
          "dependencies": [
            "module.object-storage.oci_objectstorage_bucket.ewp_image_storage"
          ]
        },
        {
          "index_key": 277,
          "schema_version": 0,
          "attributes": {
            "bucket": "ewp_image_store",
            "cache_control": null,
            "content": null,
            "content_disposition": null,
            "content_encoding": null,
            "content_language": null,
            "content_length": "869082",
            "content_md5": "Adl7Db6zxN2H1WNIpkB8NQ==",
            "content_type": "image/jpeg",
            "delete_all_object_versions": false,
            "id": "n/lr4poue3hwjl/b/ewp_image_store/o/weddings%2FTom%20and%20Rebecca%2F64.jpg",
            "metadata": {},
            "namespace": "lr4poue3hwjl",
            "object": "weddings/Tom and Rebecca/64.jpg",
            "opc_sse_kms_key_id": null,
            "source": "../assets/weddings/Tom and Rebecca/64.jpg 2015-07-19 13:02:28 +0100 BST",
            "source_uri_details": [],
            "state": "COMPLETED",
            "storage_tier": "Standard",
            "timeouts": null,
            "version_id": "29ff007d-4f0b-4e17-affc-20b5c7425f47",
            "work_request_id": ""
          },
          "sensitive_attributes": [],
          "private": "eyJlMmJmYjczMC1lY2FhLTExZTYtOGY4OC0zNDM2M2JjN2M0YzAiOnsiY3JlYXRlIjoxMjAwMDAwMDAwMDAwLCJkZWxldGUiOjEyMDAwMDAwMDAwMDAsInVwZGF0ZSI6MTIwMDAwMDAwMDAwMH19",
          "dependencies": [
            "module.object-storage.oci_objectstorage_bucket.ewp_image_storage"
          ]
        },
        {
          "index_key": 278,
          "schema_version": 0,
          "attributes": {
            "bucket": "ewp_image_store",
            "cache_control": null,
            "content": null,
            "content_disposition": null,
            "content_encoding": null,
            "content_language": null,
            "content_length": "685428",
            "content_md5": "kgnxIvwB1AFC5DtyFoajlg==",
            "content_type": "image/jpeg",
            "delete_all_object_versions": false,
            "id": "n/lr4poue3hwjl/b/ewp_image_store/o/weddings%2FTom%20and%20Rebecca%2F65.jpg",
            "metadata": {},
            "namespace": "lr4poue3hwjl",
            "object": "weddings/Tom and Rebecca/65.jpg",
            "opc_sse_kms_key_id": null,
            "source": "../assets/weddings/Tom and Rebecca/65.jpg 2015-07-19 13:02:16 +0100 BST",
            "source_uri_details": [],
            "state": "COMPLETED",
            "storage_tier": "Standard",
            "timeouts": null,
            "version_id": "10d25f75-9f7f-4f3a-9273-e48dcc420a80",
            "work_request_id": ""
          },
          "sensitive_attributes": [],
          "private": "eyJlMmJmYjczMC1lY2FhLTExZTYtOGY4OC0zNDM2M2JjN2M0YzAiOnsiY3JlYXRlIjoxMjAwMDAwMDAwMDAwLCJkZWxldGUiOjEyMDAwMDAwMDAwMDAsInVwZGF0ZSI6MTIwMDAwMDAwMDAwMH19",
          "dependencies": [
            "module.object-storage.oci_objectstorage_bucket.ewp_image_storage"
          ]
        },
        {
          "index_key": 279,
          "schema_version": 0,
          "attributes": {
            "bucket": "ewp_image_store",
            "cache_control": null,
            "content": null,
            "content_disposition": null,
            "content_encoding": null,
            "content_language": null,
            "content_length": "688727",
            "content_md5": "hmKNohbdUsxQcOLUe2gChg==",
            "content_type": "image/jpeg",
            "delete_all_object_versions": false,
            "id": "n/lr4poue3hwjl/b/ewp_image_store/o/weddings%2FTom%20and%20Rebecca%2F66.jpg",
            "metadata": {},
            "namespace": "lr4poue3hwjl",
            "object": "weddings/Tom and Rebecca/66.jpg",
            "opc_sse_kms_key_id": null,
            "source": "../assets/weddings/Tom and Rebecca/66.jpg 2015-07-19 13:02:07 +0100 BST",
            "source_uri_details": [],
            "state": "COMPLETED",
            "storage_tier": "Standard",
            "timeouts": null,
            "version_id": "91487b06-8324-49c3-bfdf-cbb398dcab34",
            "work_request_id": ""
          },
          "sensitive_attributes": [],
          "private": "eyJlMmJmYjczMC1lY2FhLTExZTYtOGY4OC0zNDM2M2JjN2M0YzAiOnsiY3JlYXRlIjoxMjAwMDAwMDAwMDAwLCJkZWxldGUiOjEyMDAwMDAwMDAwMDAsInVwZGF0ZSI6MTIwMDAwMDAwMDAwMH19",
          "dependencies": [
            "module.object-storage.oci_objectstorage_bucket.ewp_image_storage"
          ]
        },
        {
          "index_key": 280,
          "schema_version": 0,
          "attributes": {
            "bucket": "ewp_image_store",
            "cache_control": null,
            "content": null,
            "content_disposition": null,
            "content_encoding": null,
            "content_language": null,
            "content_length": "413731",
            "content_md5": "lqI51lJECvVW2/yTYFCRIg==",
            "content_type": "image/jpeg",
            "delete_all_object_versions": false,
            "id": "n/lr4poue3hwjl/b/ewp_image_store/o/weddings%2FTom%20and%20Rebecca%2F67.jpg",
            "metadata": {},
            "namespace": "lr4poue3hwjl",
            "object": "weddings/Tom and Rebecca/67.jpg",
            "opc_sse_kms_key_id": null,
            "source": "../assets/weddings/Tom and Rebecca/67.jpg 2015-07-19 13:01:57 +0100 BST",
            "source_uri_details": [],
            "state": "COMPLETED",
            "storage_tier": "Standard",
            "timeouts": null,
            "version_id": "bd93f027-80e2-4424-b4f7-894f81b944b4",
            "work_request_id": ""
          },
          "sensitive_attributes": [],
          "private": "eyJlMmJmYjczMC1lY2FhLTExZTYtOGY4OC0zNDM2M2JjN2M0YzAiOnsiY3JlYXRlIjoxMjAwMDAwMDAwMDAwLCJkZWxldGUiOjEyMDAwMDAwMDAwMDAsInVwZGF0ZSI6MTIwMDAwMDAwMDAwMH19",
          "dependencies": [
            "module.object-storage.oci_objectstorage_bucket.ewp_image_storage"
          ]
        },
        {
          "index_key": 281,
          "schema_version": 0,
          "attributes": {
            "bucket": "ewp_image_store",
            "cache_control": null,
            "content": null,
            "content_disposition": null,
            "content_encoding": null,
            "content_language": null,
            "content_length": "857098",
            "content_md5": "IdhaSNkTDgifzWB+s+v7Zg==",
            "content_type": "image/jpeg",
            "delete_all_object_versions": false,
            "id": "n/lr4poue3hwjl/b/ewp_image_store/o/weddings%2FTom%20and%20Rebecca%2F68.jpg",
            "metadata": {},
            "namespace": "lr4poue3hwjl",
            "object": "weddings/Tom and Rebecca/68.jpg",
            "opc_sse_kms_key_id": null,
            "source": "../assets/weddings/Tom and Rebecca/68.jpg 2015-07-19 13:01:47 +0100 BST",
            "source_uri_details": [],
            "state": "COMPLETED",
            "storage_tier": "Standard",
            "timeouts": null,
            "version_id": "c185792a-38f2-432e-8c33-d3e05d2711b4",
            "work_request_id": ""
          },
          "sensitive_attributes": [],
          "private": "eyJlMmJmYjczMC1lY2FhLTExZTYtOGY4OC0zNDM2M2JjN2M0YzAiOnsiY3JlYXRlIjoxMjAwMDAwMDAwMDAwLCJkZWxldGUiOjEyMDAwMDAwMDAwMDAsInVwZGF0ZSI6MTIwMDAwMDAwMDAwMH19",
          "dependencies": [
            "module.object-storage.oci_objectstorage_bucket.ewp_image_storage"
          ]
        },
        {
          "index_key": 282,
          "schema_version": 0,
          "attributes": {
            "bucket": "ewp_image_store",
            "cache_control": null,
            "content": null,
            "content_disposition": null,
            "content_encoding": null,
            "content_language": null,
            "content_length": "347764",
            "content_md5": "JKYuaLVIuPGiAo7/REElFg==",
            "content_type": "image/jpeg",
            "delete_all_object_versions": false,
            "id": "n/lr4poue3hwjl/b/ewp_image_store/o/weddings%2FTom%20and%20Rebecca%2F69.jpg",
            "metadata": {},
            "namespace": "lr4poue3hwjl",
            "object": "weddings/Tom and Rebecca/69.jpg",
            "opc_sse_kms_key_id": null,
            "source": "../assets/weddings/Tom and Rebecca/69.jpg 2015-07-19 13:01:34 +0100 BST",
            "source_uri_details": [],
            "state": "COMPLETED",
            "storage_tier": "Standard",
            "timeouts": null,
            "version_id": "0c22c976-d181-447f-939c-a83ce66f259d",
            "work_request_id": ""
          },
          "sensitive_attributes": [],
          "private": "eyJlMmJmYjczMC1lY2FhLTExZTYtOGY4OC0zNDM2M2JjN2M0YzAiOnsiY3JlYXRlIjoxMjAwMDAwMDAwMDAwLCJkZWxldGUiOjEyMDAwMDAwMDAwMDAsInVwZGF0ZSI6MTIwMDAwMDAwMDAwMH19",
          "dependencies": [
            "module.object-storage.oci_objectstorage_bucket.ewp_image_storage"
          ]
        },
        {
          "index_key": 283,
          "schema_version": 0,
          "attributes": {
            "bucket": "ewp_image_store",
            "cache_control": null,
            "content": null,
            "content_disposition": null,
            "content_encoding": null,
            "content_language": null,
            "content_length": "685007",
            "content_md5": "0uNh+zvR4S/MISPmpBwQsQ==",
            "content_type": "image/jpeg",
            "delete_all_object_versions": false,
            "id": "n/lr4poue3hwjl/b/ewp_image_store/o/weddings%2FTom%20and%20Rebecca%2F7.jpg",
            "metadata": {},
            "namespace": "lr4poue3hwjl",
            "object": "weddings/Tom and Rebecca/7.jpg",
            "opc_sse_kms_key_id": null,
            "source": "../assets/weddings/Tom and Rebecca/7.jpg 2015-07-19 13:12:12 +0100 BST",
            "source_uri_details": [],
            "state": "COMPLETED",
            "storage_tier": "Standard",
            "timeouts": null,
            "version_id": "3583f488-8e37-4d26-8318-46a5d38e045a",
            "work_request_id": ""
          },
          "sensitive_attributes": [],
          "private": "eyJlMmJmYjczMC1lY2FhLTExZTYtOGY4OC0zNDM2M2JjN2M0YzAiOnsiY3JlYXRlIjoxMjAwMDAwMDAwMDAwLCJkZWxldGUiOjEyMDAwMDAwMDAwMDAsInVwZGF0ZSI6MTIwMDAwMDAwMDAwMH19",
          "dependencies": [
            "module.object-storage.oci_objectstorage_bucket.ewp_image_storage"
          ]
        },
        {
          "index_key": 284,
          "schema_version": 0,
          "attributes": {
            "bucket": "ewp_image_store",
            "cache_control": null,
            "content": null,
            "content_disposition": null,
            "content_encoding": null,
            "content_language": null,
            "content_length": "864149",
            "content_md5": "LZLK9lbUEStikvMCjrWOqA==",
            "content_type": "image/jpeg",
            "delete_all_object_versions": false,
            "id": "n/lr4poue3hwjl/b/ewp_image_store/o/weddings%2FTom%20and%20Rebecca%2F70.jpg",
            "metadata": {},
            "namespace": "lr4poue3hwjl",
            "object": "weddings/Tom and Rebecca/70.jpg",
            "opc_sse_kms_key_id": null,
            "source": "../assets/weddings/Tom and Rebecca/70.jpg 2015-07-19 13:01:23 +0100 BST",
            "source_uri_details": [],
            "state": "COMPLETED",
            "storage_tier": "Standard",
            "timeouts": null,
            "version_id": "ab8aac74-68e9-4a44-854f-6e38690628f3",
            "work_request_id": ""
          },
          "sensitive_attributes": [],
          "private": "eyJlMmJmYjczMC1lY2FhLTExZTYtOGY4OC0zNDM2M2JjN2M0YzAiOnsiY3JlYXRlIjoxMjAwMDAwMDAwMDAwLCJkZWxldGUiOjEyMDAwMDAwMDAwMDAsInVwZGF0ZSI6MTIwMDAwMDAwMDAwMH19",
          "dependencies": [
            "module.object-storage.oci_objectstorage_bucket.ewp_image_storage"
          ]
        },
        {
          "index_key": 285,
          "schema_version": 0,
          "attributes": {
            "bucket": "ewp_image_store",
            "cache_control": null,
            "content": null,
            "content_disposition": null,
            "content_encoding": null,
            "content_language": null,
            "content_length": "1043786",
            "content_md5": "OTzAx2vWLcWPot3boTrZqg==",
            "content_type": "image/jpeg",
            "delete_all_object_versions": false,
            "id": "n/lr4poue3hwjl/b/ewp_image_store/o/weddings%2FTom%20and%20Rebecca%2F71.jpg",
            "metadata": {},
            "namespace": "lr4poue3hwjl",
            "object": "weddings/Tom and Rebecca/71.jpg",
            "opc_sse_kms_key_id": null,
            "source": "../assets/weddings/Tom and Rebecca/71.jpg 2015-07-19 13:01:09 +0100 BST",
            "source_uri_details": [],
            "state": "COMPLETED",
            "storage_tier": "Standard",
            "timeouts": null,
            "version_id": "927acee6-a531-451b-991f-592007ad417b",
            "work_request_id": ""
          },
          "sensitive_attributes": [],
          "private": "eyJlMmJmYjczMC1lY2FhLTExZTYtOGY4OC0zNDM2M2JjN2M0YzAiOnsiY3JlYXRlIjoxMjAwMDAwMDAwMDAwLCJkZWxldGUiOjEyMDAwMDAwMDAwMDAsInVwZGF0ZSI6MTIwMDAwMDAwMDAwMH19",
          "dependencies": [
            "module.object-storage.oci_objectstorage_bucket.ewp_image_storage"
          ]
        },
        {
          "index_key": 286,
          "schema_version": 0,
          "attributes": {
            "bucket": "ewp_image_store",
            "cache_control": null,
            "content": null,
            "content_disposition": null,
            "content_encoding": null,
            "content_language": null,
            "content_length": "841475",
            "content_md5": "58E5AGiod/hZWQv7iUe5fg==",
            "content_type": "image/jpeg",
            "delete_all_object_versions": false,
            "id": "n/lr4poue3hwjl/b/ewp_image_store/o/weddings%2FTom%20and%20Rebecca%2F72.jpg",
            "metadata": {},
            "namespace": "lr4poue3hwjl",
            "object": "weddings/Tom and Rebecca/72.jpg",
            "opc_sse_kms_key_id": null,
            "source": "../assets/weddings/Tom and Rebecca/72.jpg 2015-07-19 12:59:37 +0100 BST",
            "source_uri_details": [],
            "state": "COMPLETED",
            "storage_tier": "Standard",
            "timeouts": null,
            "version_id": "3c52c862-c29d-48e6-9751-6eb0b408ced7",
            "work_request_id": ""
          },
          "sensitive_attributes": [],
          "private": "eyJlMmJmYjczMC1lY2FhLTExZTYtOGY4OC0zNDM2M2JjN2M0YzAiOnsiY3JlYXRlIjoxMjAwMDAwMDAwMDAwLCJkZWxldGUiOjEyMDAwMDAwMDAwMDAsInVwZGF0ZSI6MTIwMDAwMDAwMDAwMH19",
          "dependencies": [
            "module.object-storage.oci_objectstorage_bucket.ewp_image_storage"
          ]
        },
        {
          "index_key": 287,
          "schema_version": 0,
          "attributes": {
            "bucket": "ewp_image_store",
            "cache_control": null,
            "content": null,
            "content_disposition": null,
            "content_encoding": null,
            "content_language": null,
            "content_length": "433388",
            "content_md5": "9g8AXNxqGSyLEXY9230sCA==",
            "content_type": "image/jpeg",
            "delete_all_object_versions": false,
            "id": "n/lr4poue3hwjl/b/ewp_image_store/o/weddings%2FTom%20and%20Rebecca%2F8.jpg",
            "metadata": {},
            "namespace": "lr4poue3hwjl",
            "object": "weddings/Tom and Rebecca/8.jpg",
            "opc_sse_kms_key_id": null,
            "source": "../assets/weddings/Tom and Rebecca/8.jpg 2015-07-19 13:12:01 +0100 BST",
            "source_uri_details": [],
            "state": "COMPLETED",
            "storage_tier": "Standard",
            "timeouts": null,
            "version_id": "f55d0904-b6cd-48f2-b7bd-bce4ed4d8e7d",
            "work_request_id": ""
          },
          "sensitive_attributes": [],
          "private": "eyJlMmJmYjczMC1lY2FhLTExZTYtOGY4OC0zNDM2M2JjN2M0YzAiOnsiY3JlYXRlIjoxMjAwMDAwMDAwMDAwLCJkZWxldGUiOjEyMDAwMDAwMDAwMDAsInVwZGF0ZSI6MTIwMDAwMDAwMDAwMH19",
          "dependencies": [
            "module.object-storage.oci_objectstorage_bucket.ewp_image_storage"
          ]
        },
        {
          "index_key": 288,
          "schema_version": 0,
          "attributes": {
            "bucket": "ewp_image_store",
            "cache_control": null,
            "content": null,
            "content_disposition": null,
            "content_encoding": null,
            "content_language": null,
            "content_length": "741154",
            "content_md5": "7nWSpGMzslKKSUWUynFV4Q==",
            "content_type": "image/jpeg",
            "delete_all_object_versions": false,
            "id": "n/lr4poue3hwjl/b/ewp_image_store/o/weddings%2FTom%20and%20Rebecca%2F9.jpg",
            "metadata": {},
            "namespace": "lr4poue3hwjl",
            "object": "weddings/Tom and Rebecca/9.jpg",
            "opc_sse_kms_key_id": null,
            "source": "../assets/weddings/Tom and Rebecca/9.jpg 2015-07-19 13:11:51 +0100 BST",
            "source_uri_details": [],
            "state": "COMPLETED",
            "storage_tier": "Standard",
            "timeouts": null,
            "version_id": "7e8e823f-b933-414c-969b-6725890389b7",
            "work_request_id": ""
          },
          "sensitive_attributes": [],
          "private": "eyJlMmJmYjczMC1lY2FhLTExZTYtOGY4OC0zNDM2M2JjN2M0YzAiOnsiY3JlYXRlIjoxMjAwMDAwMDAwMDAwLCJkZWxldGUiOjEyMDAwMDAwMDAwMDAsInVwZGF0ZSI6MTIwMDAwMDAwMDAwMH19",
          "dependencies": [
            "module.object-storage.oci_objectstorage_bucket.ewp_image_storage"
          ]
        }
      ]
    }
  ],
  "check_results": null
}
