{
  "version": 4,
  "terraform_version": "1.5.6",
  "serial": 622,
  "lineage": "b2b40986-67e7-24ec-d442-4640072c4cb7",
  "outputs": {},
  "resources": [
    {
      "module": "module.network",
      "mode": "managed",
      "type": "oci_core_subnet",
      "name": "ewp_public",
      "provider": "provider[\"registry.terraform.io/hashicorp/oci\"]",
      "instances": [
        {
          "index_key": 0,
          "schema_version": 0,
          "attributes": {
            "availability_domain": null,
            "cidr_block": "10.0.1.0/24",
            "compartment_id": "ocid1.tenancy.oc1..aaaaaaaa7ir42cknj7xvbqc77vftjpvx7aavbueua4hzkuaur6wx7lyyvuxq",
            "defined_tags": {
              "Oracle-Tags.CreatedBy": "default/mike@wyss.co.uk",
              "Oracle-Tags.CreatedOn": "2023-08-24T19:33:04.477Z"
            },
            "dhcp_options_id": "ocid1.dhcpoptions.oc1.uk-london-1.aaaaaaaa2mlrvbqu2vl3fwx5jz63lfhlxqwi3l3ri6b2uya5gkjmdpmg4jua",
            "display_name": "subnet20230824193304",
            "dns_label": "ewp0",
            "freeform_tags": {
              "CreatedBy": "Terraform",
              "UsedBy": "Elle Wyss Photography"
            },
            "id": "ocid1.subnet.oc1.uk-london-1.aaaaaaaaa7qwyccez5sq2bi6uusdbl3ep3riqoss4kcrqcy74yfmxnqiggfq",
            "ipv6cidr_block": null,
            "ipv6cidr_blocks": [],
            "ipv6virtual_router_ip": null,
            "prohibit_internet_ingress": false,
            "prohibit_public_ip_on_vnic": false,
            "route_table_id": "ocid1.routetable.oc1.uk-london-1.aaaaaaaaxqkxwnil56mlptx5x4o7xwxjm7dry2wukbwuilnkiehuybdfpuvq",
            "security_list_ids": [
              "ocid1.securitylist.oc1.uk-london-1.aaaaaaaad3fzfecbc245agbztk7th332pgm4drpkmnlbr6ofkvbkkuuz37gq"
            ],
            "state": "AVAILABLE",
            "subnet_domain_name": "ewp0.vcnmodule.oraclevcn.com",
            "time_created": "2023-08-24 19:33:04.523 +0000 UTC",
            "timeouts": null,
            "vcn_id": "ocid1.vcn.oc1.uk-london-1.amaaaaaaavf7xtyan3fq7i6xjqtdualtqjhaowinaef52k645lmrxliuphfq",
            "virtual_router_ip": "10.0.1.1",
            "virtual_router_mac": "00:00:17:6E:4B:B7"
          },
          "sensitive_attributes": [],
          "private": "eyJlMmJmYjczMC1lY2FhLTExZTYtOGY4OC0zNDM2M2JjN2M0YzAiOnsiY3JlYXRlIjoxMjAwMDAwMDAwMDAwLCJkZWxldGUiOjEyMDAwMDAwMDAwMDAsInVwZGF0ZSI6MTIwMDAwMDAwMDAwMH19",
          "dependencies": [
            "module.network.module.vcn.oci_core_route_table.ig",
            "module.network.module.vcn.oci_core_vcn.vcn"
          ]
        },
        {
          "index_key": 1,
          "schema_version": 0,
          "attributes": {
            "availability_domain": null,
            "cidr_block": "10.0.2.0/24",
            "compartment_id": "ocid1.tenancy.oc1..aaaaaaaa7ir42cknj7xvbqc77vftjpvx7aavbueua4hzkuaur6wx7lyyvuxq",
            "defined_tags": {
              "Oracle-Tags.CreatedBy": "default/mike@wyss.co.uk",
              "Oracle-Tags.CreatedOn": "2023-08-24T19:33:05.814Z"
            },
            "dhcp_options_id": "ocid1.dhcpoptions.oc1.uk-london-1.aaaaaaaa2mlrvbqu2vl3fwx5jz63lfhlxqwi3l3ri6b2uya5gkjmdpmg4jua",
            "display_name": "subnet20230824193306",
            "dns_label": "ewp1",
            "freeform_tags": {
              "CreatedBy": "Terraform",
              "UsedBy": "Elle Wyss Photography"
            },
            "id": "ocid1.subnet.oc1.uk-london-1.aaaaaaaae5kw4uyx5enftnossaljjfxuwsvsnmh2vy6x7jz6i2ifuuntsgdq",
            "ipv6cidr_block": null,
            "ipv6cidr_blocks": [],
            "ipv6virtual_router_ip": null,
            "prohibit_internet_ingress": false,
            "prohibit_public_ip_on_vnic": false,
            "route_table_id": "ocid1.routetable.oc1.uk-london-1.aaaaaaaaxqkxwnil56mlptx5x4o7xwxjm7dry2wukbwuilnkiehuybdfpuvq",
            "security_list_ids": [
              "ocid1.securitylist.oc1.uk-london-1.aaaaaaaad3fzfecbc245agbztk7th332pgm4drpkmnlbr6ofkvbkkuuz37gq"
            ],
            "state": "AVAILABLE",
            "subnet_domain_name": "ewp1.vcnmodule.oraclevcn.com",
            "time_created": "2023-08-24 19:33:06.178 +0000 UTC",
            "timeouts": null,
            "vcn_id": "ocid1.vcn.oc1.uk-london-1.amaaaaaaavf7xtyan3fq7i6xjqtdualtqjhaowinaef52k645lmrxliuphfq",
            "virtual_router_ip": "10.0.2.1",
            "virtual_router_mac": "00:00:17:6E:4B:B7"
          },
          "sensitive_attributes": [],
          "private": "eyJlMmJmYjczMC1lY2FhLTExZTYtOGY4OC0zNDM2M2JjN2M0YzAiOnsiY3JlYXRlIjoxMjAwMDAwMDAwMDAwLCJkZWxldGUiOjEyMDAwMDAwMDAwMDAsInVwZGF0ZSI6MTIwMDAwMDAwMDAwMH19",
          "dependencies": [
            "module.network.module.vcn.oci_core_route_table.ig",
            "module.network.module.vcn.oci_core_vcn.vcn"
          ]
        }
      ]
    },
    {
      "module": "module.network.module.vcn",
      "mode": "managed",
      "type": "oci_core_default_security_list",
      "name": "lockdown",
      "provider": "provider[\"registry.terraform.io/oracle/oci\"]",
      "instances": [
        {
          "index_key": 0,
          "schema_version": 0,
          "attributes": {
            "compartment_id": "ocid1.tenancy.oc1..aaaaaaaa7ir42cknj7xvbqc77vftjpvx7aavbueua4hzkuaur6wx7lyyvuxq",
            "defined_tags": {
              "Oracle-Tags.CreatedBy": "default/mike@wyss.co.uk",
              "Oracle-Tags.CreatedOn": "2023-08-24T19:12:02.179Z"
            },
            "display_name": "Default Security List for ewp_vcn",
            "egress_security_rules": [],
            "freeform_tags": {
              "CreatedBy": "Terraform",
              "UsedBy": "Elle Wyss Photography"
            },
            "id": "ocid1.securitylist.oc1.uk-london-1.aaaaaaaad3fzfecbc245agbztk7th332pgm4drpkmnlbr6ofkvbkkuuz37gq",
            "ingress_security_rules": [],
            "manage_default_resource_id": "ocid1.securitylist.oc1.uk-london-1.aaaaaaaad3fzfecbc245agbztk7th332pgm4drpkmnlbr6ofkvbkkuuz37gq",
            "state": "AVAILABLE",
            "time_created": "2023-08-24 19:12:02.289 +0000 UTC",
            "timeouts": null
          },
          "sensitive_attributes": [],
          "private": "eyJlMmJmYjczMC1lY2FhLTExZTYtOGY4OC0zNDM2M2JjN2M0YzAiOnsiY3JlYXRlIjoxMjAwMDAwMDAwMDAwLCJkZWxldGUiOjEyMDAwMDAwMDAwMDAsInVwZGF0ZSI6MTIwMDAwMDAwMDAwMH19",
          "dependencies": [
            "module.network.module.vcn.oci_core_vcn.vcn"
          ]
        }
      ]
    },
    {
      "module": "module.network.module.vcn",
      "mode": "managed",
      "type": "oci_core_internet_gateway",
      "name": "ig",
      "provider": "provider[\"registry.terraform.io/oracle/oci\"]",
      "instances": [
        {
          "index_key": 0,
          "schema_version": 0,
          "attributes": {
            "compartment_id": "ocid1.tenancy.oc1..aaaaaaaa7ir42cknj7xvbqc77vftjpvx7aavbueua4hzkuaur6wx7lyyvuxq",
            "defined_tags": {
              "Oracle-Tags.CreatedBy": "default/mike@wyss.co.uk",
              "Oracle-Tags.CreatedOn": "2023-08-24T19:12:03.182Z"
            },
            "display_name": "internet-gateway",
            "enabled": true,
            "freeform_tags": {
              "CreatedBy": "Terraform",
              "UsedBy": "Elle Wyss Photography"
            },
            "id": "ocid1.internetgateway.oc1.uk-london-1.aaaaaaaaiqcgvbq7edrp7k3dywx3p63nfgz3ndrlvdyqd743hvyc53beltka",
            "route_table_id": null,
            "state": "AVAILABLE",
            "time_created": "2023-08-24 19:12:03.22 +0000 UTC",
            "timeouts": null,
            "vcn_id": "ocid1.vcn.oc1.uk-london-1.amaaaaaaavf7xtyan3fq7i6xjqtdualtqjhaowinaef52k645lmrxliuphfq"
          },
          "sensitive_attributes": [],
          "private": "eyJlMmJmYjczMC1lY2FhLTExZTYtOGY4OC0zNDM2M2JjN2M0YzAiOnsiY3JlYXRlIjoxMjAwMDAwMDAwMDAwLCJkZWxldGUiOjEyMDAwMDAwMDAwMDAsInVwZGF0ZSI6MTIwMDAwMDAwMDAwMH19",
          "dependencies": [
            "module.network.module.vcn.oci_core_vcn.vcn"
          ]
        }
      ]
    },
    {
      "module": "module.network.module.vcn",
      "mode": "managed",
      "type": "oci_core_nat_gateway",
      "name": "nat_gateway",
      "provider": "provider[\"registry.terraform.io/oracle/oci\"]",
      "instances": [
        {
          "index_key": 0,
          "schema_version": 0,
          "attributes": {
            "block_traffic": false,
            "compartment_id": "ocid1.tenancy.oc1..aaaaaaaa7ir42cknj7xvbqc77vftjpvx7aavbueua4hzkuaur6wx7lyyvuxq",
            "defined_tags": {
              "Oracle-Tags.CreatedBy": "default/mike@wyss.co.uk",
              "Oracle-Tags.CreatedOn": "2023-08-24T19:12:03.222Z"
            },
            "display_name": "ewp_nat_gateway",
            "freeform_tags": {
              "CreatedBy": "Terraform",
              "UsedBy": "Elle Wyss Photography"
            },
            "id": "ocid1.natgateway.oc1.uk-london-1.aaaaaaaao7i4sun7yorphuydfoktiizwuxshnzo5m37n6ichacws3ixaw2ma",
            "nat_ip": "132.226.209.68",
            "public_ip_id": "ocid1.publicip.oc1.uk-london-1.aaaaaaaanv76alm4dmnj2uczxxsdhpz5gcyqeaozpaidygy3ptonb6x3z4xa",
            "route_table_id": null,
            "state": "AVAILABLE",
            "time_created": "2023-08-24 19:12:03.545 +0000 UTC",
            "timeouts": null,
            "vcn_id": "ocid1.vcn.oc1.uk-london-1.amaaaaaaavf7xtyan3fq7i6xjqtdualtqjhaowinaef52k645lmrxliuphfq"
          },
          "sensitive_attributes": [],
          "private": "eyJlMmJmYjczMC1lY2FhLTExZTYtOGY4OC0zNDM2M2JjN2M0YzAiOnsiY3JlYXRlIjoxMjAwMDAwMDAwMDAwLCJkZWxldGUiOjEyMDAwMDAwMDAwMDAsInVwZGF0ZSI6MTIwMDAwMDAwMDAwMH19",
          "dependencies": [
            "module.network.module.vcn.oci_core_vcn.vcn"
          ]
        }
      ]
    },
    {
      "module": "module.network.module.vcn",
      "mode": "managed",
      "type": "oci_core_route_table",
      "name": "ig",
      "provider": "provider[\"registry.terraform.io/oracle/oci\"]",
      "instances": [
        {
          "index_key": 0,
          "schema_version": 0,
          "attributes": {
            "compartment_id": "ocid1.tenancy.oc1..aaaaaaaa7ir42cknj7xvbqc77vftjpvx7aavbueua4hzkuaur6wx7lyyvuxq",
            "defined_tags": {
              "Oracle-Tags.CreatedBy": "default/mike@wyss.co.uk",
              "Oracle-Tags.CreatedOn": "2023-08-24T19:12:03.803Z"
            },
            "display_name": "internet-route",
            "freeform_tags": {
              "CreatedBy": "Terraform",
              "UsedBy": "Elle Wyss Photography"
            },
            "id": "ocid1.routetable.oc1.uk-london-1.aaaaaaaaxqkxwnil56mlptx5x4o7xwxjm7dry2wukbwuilnkiehuybdfpuvq",
            "route_rules": [
              {
                "cidr_block": "",
                "description": "Terraformed - Auto-generated at Internet Gateway creation: Internet Gateway as default gateway",
                "destination": "0.0.0.0/0",
                "destination_type": "CIDR_BLOCK",
                "network_entity_id": "ocid1.internetgateway.oc1.uk-london-1.aaaaaaaaiqcgvbq7edrp7k3dywx3p63nfgz3ndrlvdyqd743hvyc53beltka",
                "route_type": ""
              }
            ],
            "state": "AVAILABLE",
            "time_created": "2023-08-24 19:12:03.822 +0000 UTC",
            "timeouts": null,
            "vcn_id": "ocid1.vcn.oc1.uk-london-1.amaaaaaaavf7xtyan3fq7i6xjqtdualtqjhaowinaef52k645lmrxliuphfq"
          },
          "sensitive_attributes": [],
          "private": "eyJlMmJmYjczMC1lY2FhLTExZTYtOGY4OC0zNDM2M2JjN2M0YzAiOnsiY3JlYXRlIjoxMjAwMDAwMDAwMDAwLCJkZWxldGUiOjEyMDAwMDAwMDAwMDAsInVwZGF0ZSI6MTIwMDAwMDAwMDAwMH19",
          "dependencies": [
            "module.network.module.vcn.oci_core_internet_gateway.ig",
            "module.network.module.vcn.oci_core_vcn.vcn"
          ]
        }
      ]
    },
    {
      "module": "module.network.module.vcn",
      "mode": "managed",
      "type": "oci_core_route_table",
      "name": "nat",
      "provider": "provider[\"registry.terraform.io/oracle/oci\"]",
      "instances": [
        {
          "index_key": 0,
          "schema_version": 0,
          "attributes": {
            "compartment_id": "ocid1.tenancy.oc1..aaaaaaaa7ir42cknj7xvbqc77vftjpvx7aavbueua4hzkuaur6wx7lyyvuxq",
            "defined_tags": {
              "Oracle-Tags.CreatedBy": "default/mike@wyss.co.uk",
              "Oracle-Tags.CreatedOn": "2023-08-24T19:12:04.870Z"
            },
            "display_name": "nat-route",
            "freeform_tags": {
              "CreatedBy": "Terraform",
              "UsedBy": "Elle Wyss Photography"
            },
            "id": "ocid1.routetable.oc1.uk-london-1.aaaaaaaad74obelk4fls3gswmnetklxgec2gmflwtreo7vhhzalknif7u4kq",
            "route_rules": [
              {
                "cidr_block": "",
                "description": "Terraformed - Auto-generated at NAT Gateway creation: NAT Gateway as default gateway",
                "destination": "0.0.0.0/0",
                "destination_type": "CIDR_BLOCK",
                "network_entity_id": "ocid1.natgateway.oc1.uk-london-1.aaaaaaaao7i4sun7yorphuydfoktiizwuxshnzo5m37n6ichacws3ixaw2ma",
                "route_type": ""
              }
            ],
            "state": "AVAILABLE",
            "time_created": "2023-08-24 19:12:04.891 +0000 UTC",
            "timeouts": null,
            "vcn_id": "ocid1.vcn.oc1.uk-london-1.amaaaaaaavf7xtyan3fq7i6xjqtdualtqjhaowinaef52k645lmrxliuphfq"
          },
          "sensitive_attributes": [],
          "private": "eyJlMmJmYjczMC1lY2FhLTExZTYtOGY4OC0zNDM2M2JjN2M0YzAiOnsiY3JlYXRlIjoxMjAwMDAwMDAwMDAwLCJkZWxldGUiOjEyMDAwMDAwMDAwMDAsInVwZGF0ZSI6MTIwMDAwMDAwMDAwMH19",
          "dependencies": [
            "module.network.module.vcn.oci_core_nat_gateway.nat_gateway",
            "module.network.module.vcn.oci_core_vcn.vcn"
          ]
        }
      ]
    },
    {
      "module": "module.network.module.vcn",
      "mode": "managed",
      "type": "oci_core_vcn",
      "name": "vcn",
      "provider": "provider[\"registry.terraform.io/oracle/oci\"]",
      "instances": [
        {
          "schema_version": 0,
          "attributes": {
            "byoipv6cidr_blocks": [],
            "byoipv6cidr_details": [],
            "cidr_block": "10.0.0.0/16",
            "cidr_blocks": [
              "10.0.0.0/16"
            ],
            "compartment_id": "ocid1.tenancy.oc1..aaaaaaaa7ir42cknj7xvbqc77vftjpvx7aavbueua4hzkuaur6wx7lyyvuxq",
            "default_dhcp_options_id": "ocid1.dhcpoptions.oc1.uk-london-1.aaaaaaaa2mlrvbqu2vl3fwx5jz63lfhlxqwi3l3ri6b2uya5gkjmdpmg4jua",
            "default_route_table_id": "ocid1.routetable.oc1.uk-london-1.aaaaaaaacvqajzvkwiusiylvtpux4sllnatt5p6w3uksb55a3r4frd5rg6xa",
            "default_security_list_id": "ocid1.securitylist.oc1.uk-london-1.aaaaaaaad3fzfecbc245agbztk7th332pgm4drpkmnlbr6ofkvbkkuuz37gq",
            "defined_tags": {
              "Oracle-Tags.CreatedBy": "default/mike@wyss.co.uk",
              "Oracle-Tags.CreatedOn": "2023-08-24T19:12:02.179Z"
            },
            "display_name": "ewp_vcn",
            "dns_label": "vcnmodule",
            "freeform_tags": {
              "CreatedBy": "Terraform",
              "UsedBy": "Elle Wyss Photography"
            },
            "id": "ocid1.vcn.oc1.uk-london-1.amaaaaaaavf7xtyan3fq7i6xjqtdualtqjhaowinaef52k645lmrxliuphfq",
            "ipv6cidr_blocks": [],
            "ipv6private_cidr_blocks": [],
            "is_ipv6enabled": false,
            "is_oracle_gua_allocation_enabled": null,
            "state": "AVAILABLE",
            "time_created": "2023-08-24 19:12:02.289 +0000 UTC",
            "timeouts": null,
            "vcn_domain_name": "vcnmodule.oraclevcn.com"
          },
          "sensitive_attributes": [],
          "private": "eyJlMmJmYjczMC1lY2FhLTExZTYtOGY4OC0zNDM2M2JjN2M0YzAiOnsiY3JlYXRlIjoxMjAwMDAwMDAwMDAwLCJkZWxldGUiOjEyMDAwMDAwMDAwMDAsInVwZGF0ZSI6MTIwMDAwMDAwMDAwMH19"
        }
      ]
    },
    {
      "module": "module.object-storage",
      "mode": "managed",
      "type": "oci_objectstorage_bucket",
      "name": "ewp_image_storage",
      "provider": "provider[\"registry.terraform.io/hashicorp/oci\"]",
      "instances": [
        {
          "schema_version": 0,
          "attributes": {
            "access_type": "ObjectRead",
            "approximate_count": "294",
            "approximate_size": "209659789",
            "auto_tiering": "InfrequentAccess",
            "bucket_id": "ocid1.bucket.oc1.uk-london-1.aaaaaaaapn4chm4bwdquhoep356rkuvljvafrx6dhi6ageogsih7klwkxg3a",
            "compartment_id": "ocid1.tenancy.oc1..aaaaaaaa7ir42cknj7xvbqc77vftjpvx7aavbueua4hzkuaur6wx7lyyvuxq",
            "created_by": "ocid1.user.oc1..aaaaaaaafop7zhrbkkbp32l43eduibofjiwh5hx5alaypzhvrbyfw3rh3q3a",
            "defined_tags": {
              "Oracle-Tags.CreatedBy": "default/mike@wyss.co.uk",
              "Oracle-Tags.CreatedOn": "2023-08-23T21:42:39.708Z"
            },
            "etag": "c1c71352-67c2-451c-bdca-2b33659353f5",
            "freeform_tags": {
              "CreatedBy": "Terraform",
              "UsedBy": "Elle Wyss Photography"
            },
            "id": "n/lr4poue3hwjl/b/ewp_image_store",
            "is_read_only": false,
            "kms_key_id": null,
            "metadata": {},
            "name": "ewp_image_store",
            "namespace": "lr4poue3hwjl",
            "object_events_enabled": false,
            "object_lifecycle_policy_etag": null,
            "replication_enabled": false,
            "retention_rules": [],
            "storage_tier": "Standard",
            "time_created": "2023-08-23 21:42:39.724 +0000 UTC",
            "timeouts": null,
            "versioning": "Disabled"
          },
          "sensitive_attributes": [],
          "private": "eyJlMmJmYjczMC1lY2FhLTExZTYtOGY4OC0zNDM2M2JjN2M0YzAiOnsiY3JlYXRlIjoxMjAwMDAwMDAwMDAwLCJkZWxldGUiOjEyMDAwMDAwMDAwMDAsInVwZGF0ZSI6MTIwMDAwMDAwMDAwMH19"
        }
      ]
    },
    {
      "module": "module.object-storage",
      "mode": "managed",
      "type": "oci_objectstorage_object",
      "name": "ewp_image_storage",
      "provider": "provider[\"registry.terraform.io/hashicorp/oci\"]",
      "instances": [
        {
          "index_key": 0,
          "schema_version": 0,
          "attributes": {
            "bucket": "ewp_image_store",
            "cache_control": null,
            "content": null,
            "content_disposition": null,
            "content_encoding": null,
            "content_language": null,
            "content_length": "787435",
            "content_md5": "jmGqImUZ1GHWCyWIFbyeuA==",
            "content_type": "image/jpeg",
            "delete_all_object_versions": false,
            "id": "n/lr4poue3hwjl/b/ewp_image_store/o/weddings%2FAdrian%20and%20Monica%2F1.jpg",
            "metadata": {},
            "namespace": "lr4poue3hwjl",
            "object": "weddings/Adrian and Monica/1.jpg",
            "opc_sse_kms_key_id": null,
            "source": "assets/weddings/Adrian and Monica/1.jpg 2016-03-09 09:22:23 +0000 GMT",
            "source_uri_details": [],
            "state": "COMPLETED",
            "storage_tier": "Standard",
            "timeouts": null,
            "version_id": "0868888a-0bb4-40e0-aeda-637b984b4e46",
            "work_request_id": ""
          },
          "sensitive_attributes": [],
          "private": "eyJlMmJmYjczMC1lY2FhLTExZTYtOGY4OC0zNDM2M2JjN2M0YzAiOnsiY3JlYXRlIjoxMjAwMDAwMDAwMDAwLCJkZWxldGUiOjEyMDAwMDAwMDAwMDAsInVwZGF0ZSI6MTIwMDAwMDAwMDAwMH19",
          "dependencies": [
            "module.object-storage.oci_objectstorage_bucket.ewp_image_storage"
          ]
        },
        {
          "index_key": 1,
          "schema_version": 0,
          "attributes": {
            "bucket": "ewp_image_store",
            "cache_control": null,
            "content": null,
            "content_disposition": null,
            "content_encoding": null,
            "content_language": null,
            "content_length": "265146",
            "content_md5": "WhLXRvZGgSn5ulhkDKqcEg==",
            "content_type": "image/jpeg",
            "delete_all_object_versions": false,
            "id": "n/lr4poue3hwjl/b/ewp_image_store/o/weddings%2FAdrian%20and%20Monica%2F10.jpg",
            "metadata": {},
            "namespace": "lr4poue3hwjl",
            "object": "weddings/Adrian and Monica/10.jpg",
            "opc_sse_kms_key_id": null,
            "source": "assets/weddings/Adrian and Monica/10.jpg 2016-03-09 09:23:31 +0000 GMT",
            "source_uri_details": [],
            "state": "COMPLETED",
            "storage_tier": "Standard",
            "timeouts": null,
            "version_id": "891404e1-2e46-4e42-9bf9-4be388eb1e5d",
            "work_request_id": ""
          },
          "sensitive_attributes": [],
          "private": "eyJlMmJmYjczMC1lY2FhLTExZTYtOGY4OC0zNDM2M2JjN2M0YzAiOnsiY3JlYXRlIjoxMjAwMDAwMDAwMDAwLCJkZWxldGUiOjEyMDAwMDAwMDAwMDAsInVwZGF0ZSI6MTIwMDAwMDAwMDAwMH19",
          "dependencies": [
            "module.object-storage.oci_objectstorage_bucket.ewp_image_storage"
          ]
        },
        {
          "index_key": 2,
          "schema_version": 0,
          "attributes": {
            "bucket": "ewp_image_store",
            "cache_control": null,
            "content": null,
            "content_disposition": null,
            "content_encoding": null,
            "content_language": null,
            "content_length": "746388",
            "content_md5": "4nZJ4Ec/bZddMAqfVFP83Q==",
            "content_type": "image/jpeg",
            "delete_all_object_versions": false,
            "id": "n/lr4poue3hwjl/b/ewp_image_store/o/weddings%2FAdrian%20and%20Monica%2F11.jpg",
            "metadata": {},
            "namespace": "lr4poue3hwjl",
            "object": "weddings/Adrian and Monica/11.jpg",
            "opc_sse_kms_key_id": null,
            "source": "assets/weddings/Adrian and Monica/11.jpg 2016-03-09 09:27:42 +0000 GMT",
            "source_uri_details": [],
            "state": "COMPLETED",
            "storage_tier": "Standard",
            "timeouts": null,
            "version_id": "0d3a0ee5-6fa7-4bf9-ba50-295c2e0773ff",
            "work_request_id": ""
          },
          "sensitive_attributes": [],
          "private": "eyJlMmJmYjczMC1lY2FhLTExZTYtOGY4OC0zNDM2M2JjN2M0YzAiOnsiY3JlYXRlIjoxMjAwMDAwMDAwMDAwLCJkZWxldGUiOjEyMDAwMDAwMDAwMDAsInVwZGF0ZSI6MTIwMDAwMDAwMDAwMH19",
          "dependencies": [
            "module.object-storage.oci_objectstorage_bucket.ewp_image_storage"
          ]
        },
        {
          "index_key": 3,
          "schema_version": 0,
          "attributes": {
            "bucket": "ewp_image_store",
            "cache_control": null,
            "content": null,
            "content_disposition": null,
            "content_encoding": null,
            "content_language": null,
            "content_length": "670692",
            "content_md5": "IfxklR9PeuWslL+wXQQFOg==",
            "content_type": "image/jpeg",
            "delete_all_object_versions": false,
            "id": "n/lr4poue3hwjl/b/ewp_image_store/o/weddings%2FAdrian%20and%20Monica%2F12.jpg",
            "metadata": {},
            "namespace": "lr4poue3hwjl",
            "object": "weddings/Adrian and Monica/12.jpg",
            "opc_sse_kms_key_id": null,
            "source": "assets/weddings/Adrian and Monica/12.jpg 2016-03-09 09:27:49 +0000 GMT",
            "source_uri_details": [],
            "state": "COMPLETED",
            "storage_tier": "Standard",
            "timeouts": null,
            "version_id": "eb52019c-11c9-400e-88ab-656cd5811ac6",
            "work_request_id": ""
          },
          "sensitive_attributes": [],
          "private": "eyJlMmJmYjczMC1lY2FhLTExZTYtOGY4OC0zNDM2M2JjN2M0YzAiOnsiY3JlYXRlIjoxMjAwMDAwMDAwMDAwLCJkZWxldGUiOjEyMDAwMDAwMDAwMDAsInVwZGF0ZSI6MTIwMDAwMDAwMDAwMH19",
          "dependencies": [
            "module.object-storage.oci_objectstorage_bucket.ewp_image_storage"
          ]
        },
        {
          "index_key": 4,
          "schema_version": 0,
          "attributes": {
            "bucket": "ewp_image_store",
            "cache_control": null,
            "content": null,
            "content_disposition": null,
            "content_encoding": null,
            "content_language": null,
            "content_length": "918713",
            "content_md5": "C1hKz83JI1eFV3HO3Vm3PQ==",
            "content_type": "image/jpeg",
            "delete_all_object_versions": false,
            "id": "n/lr4poue3hwjl/b/ewp_image_store/o/weddings%2FAdrian%20and%20Monica%2F13.jpg",
            "metadata": {},
            "namespace": "lr4poue3hwjl",
            "object": "weddings/Adrian and Monica/13.jpg",
            "opc_sse_kms_key_id": null,
            "source": "assets/weddings/Adrian and Monica/13.jpg 2016-03-09 09:23:39 +0000 GMT",
            "source_uri_details": [],
            "state": "COMPLETED",
            "storage_tier": "Standard",
            "timeouts": null,
            "version_id": "bdee75b2-0682-4010-a203-07e428e63b9e",
            "work_request_id": ""
          },
          "sensitive_attributes": [],
          "private": "eyJlMmJmYjczMC1lY2FhLTExZTYtOGY4OC0zNDM2M2JjN2M0YzAiOnsiY3JlYXRlIjoxMjAwMDAwMDAwMDAwLCJkZWxldGUiOjEyMDAwMDAwMDAwMDAsInVwZGF0ZSI6MTIwMDAwMDAwMDAwMH19",
          "dependencies": [
            "module.object-storage.oci_objectstorage_bucket.ewp_image_storage"
          ]
        },
        {
          "index_key": 5,
          "schema_version": 0,
          "attributes": {
            "bucket": "ewp_image_store",
            "cache_control": null,
            "content": null,
            "content_disposition": null,
            "content_encoding": null,
            "content_language": null,
            "content_length": "929042",
            "content_md5": "dsNOYN0JCSvbo6JLYzBVqg==",
            "content_type": "image/jpeg",
            "delete_all_object_versions": false,
            "id": "n/lr4poue3hwjl/b/ewp_image_store/o/weddings%2FAdrian%20and%20Monica%2F14.jpg",
            "metadata": {},
            "namespace": "lr4poue3hwjl",
            "object": "weddings/Adrian and Monica/14.jpg",
            "opc_sse_kms_key_id": null,
            "source": "assets/weddings/Adrian and Monica/14.jpg 2016-03-09 09:23:44 +0000 GMT",
            "source_uri_details": [],
            "state": "COMPLETED",
            "storage_tier": "Standard",
            "timeouts": null,
            "version_id": "17a99f1d-0d58-4911-ab95-5c6dab6cf839",
            "work_request_id": ""
          },
          "sensitive_attributes": [],
          "private": "eyJlMmJmYjczMC1lY2FhLTExZTYtOGY4OC0zNDM2M2JjN2M0YzAiOnsiY3JlYXRlIjoxMjAwMDAwMDAwMDAwLCJkZWxldGUiOjEyMDAwMDAwMDAwMDAsInVwZGF0ZSI6MTIwMDAwMDAwMDAwMH19",
          "dependencies": [
            "module.object-storage.oci_objectstorage_bucket.ewp_image_storage"
          ]
        },
        {
          "index_key": 6,
          "schema_version": 0,
          "attributes": {
            "bucket": "ewp_image_store",
            "cache_control": null,
            "content": null,
            "content_disposition": null,
            "content_encoding": null,
            "content_language": null,
            "content_length": "935027",
            "content_md5": "JUB4p/JZy9DrwEhwoKAVKg==",
            "content_type": "image/jpeg",
            "delete_all_object_versions": false,
            "id": "n/lr4poue3hwjl/b/ewp_image_store/o/weddings%2FAdrian%20and%20Monica%2F15.jpg",
            "metadata": {},
            "namespace": "lr4poue3hwjl",
            "object": "weddings/Adrian and Monica/15.jpg",
            "opc_sse_kms_key_id": null,
            "source": "assets/weddings/Adrian and Monica/15.jpg 2016-03-09 09:23:50 +0000 GMT",
            "source_uri_details": [],
            "state": "COMPLETED",
            "storage_tier": "Standard",
            "timeouts": null,
            "version_id": "f5cd82f2-adf4-4bd4-89e3-f438f68f709f",
            "work_request_id": ""
          },
          "sensitive_attributes": [],
          "private": "eyJlMmJmYjczMC1lY2FhLTExZTYtOGY4OC0zNDM2M2JjN2M0YzAiOnsiY3JlYXRlIjoxMjAwMDAwMDAwMDAwLCJkZWxldGUiOjEyMDAwMDAwMDAwMDAsInVwZGF0ZSI6MTIwMDAwMDAwMDAwMH19",
          "dependencies": [
            "module.object-storage.oci_objectstorage_bucket.ewp_image_storage"
          ]
        },
        {
          "index_key": 7,
          "schema_version": 0,
          "attributes": {
            "bucket": "ewp_image_store",
            "cache_control": null,
            "content": null,
            "content_disposition": null,
            "content_encoding": null,
            "content_language": null,
            "content_length": "233797",
            "content_md5": "jhVnJWAYVJ/lfpMtPELilQ==",
            "content_type": "image/jpeg",
            "delete_all_object_versions": false,
            "id": "n/lr4poue3hwjl/b/ewp_image_store/o/weddings%2FAdrian%20and%20Monica%2F16.jpg",
            "metadata": {},
            "namespace": "lr4poue3hwjl",
            "object": "weddings/Adrian and Monica/16.jpg",
            "opc_sse_kms_key_id": null,
            "source": "assets/weddings/Adrian and Monica/16.jpg 2016-03-09 09:23:56 +0000 GMT",
            "source_uri_details": [],
            "state": "COMPLETED",
            "storage_tier": "Standard",
            "timeouts": null,
            "version_id": "b52a3b76-6283-4b3a-819e-087b8423bd18",
            "work_request_id": ""
          },
          "sensitive_attributes": [],
          "private": "eyJlMmJmYjczMC1lY2FhLTExZTYtOGY4OC0zNDM2M2JjN2M0YzAiOnsiY3JlYXRlIjoxMjAwMDAwMDAwMDAwLCJkZWxldGUiOjEyMDAwMDAwMDAwMDAsInVwZGF0ZSI6MTIwMDAwMDAwMDAwMH19",
          "dependencies": [
            "module.object-storage.oci_objectstorage_bucket.ewp_image_storage"
          ]
        },
        {
          "index_key": 8,
          "schema_version": 0,
          "attributes": {
            "bucket": "ewp_image_store",
            "cache_control": null,
            "content": null,
            "content_disposition": null,
            "content_encoding": null,
            "content_language": null,
            "content_length": "447670",
            "content_md5": "NO96tzjN2RB4YMK9dD+sGA==",
            "content_type": "image/jpeg",
            "delete_all_object_versions": false,
            "id": "n/lr4poue3hwjl/b/ewp_image_store/o/weddings%2FAdrian%20and%20Monica%2F17.jpg",
            "metadata": {},
            "namespace": "lr4poue3hwjl",
            "object": "weddings/Adrian and Monica/17.jpg",
            "opc_sse_kms_key_id": null,
            "source": "assets/weddings/Adrian and Monica/17.jpg 2016-03-09 09:24:00 +0000 GMT",
            "source_uri_details": [],
            "state": "COMPLETED",
            "storage_tier": "Standard",
            "timeouts": null,
            "version_id": "c21568a1-8850-4768-92f4-132f1f139912",
            "work_request_id": ""
          },
          "sensitive_attributes": [],
          "private": "eyJlMmJmYjczMC1lY2FhLTExZTYtOGY4OC0zNDM2M2JjN2M0YzAiOnsiY3JlYXRlIjoxMjAwMDAwMDAwMDAwLCJkZWxldGUiOjEyMDAwMDAwMDAwMDAsInVwZGF0ZSI6MTIwMDAwMDAwMDAwMH19",
          "dependencies": [
            "module.object-storage.oci_objectstorage_bucket.ewp_image_storage"
          ]
        },
        {
          "index_key": 9,
          "schema_version": 0,
          "attributes": {
            "bucket": "ewp_image_store",
            "cache_control": null,
            "content": null,
            "content_disposition": null,
            "content_encoding": null,
            "content_language": null,
            "content_length": "463356",
            "content_md5": "W0OEx17h5jUuSIMV+47Oqw==",
            "content_type": "image/jpeg",
            "delete_all_object_versions": false,
            "id": "n/lr4poue3hwjl/b/ewp_image_store/o/weddings%2FAdrian%20and%20Monica%2F18.jpg",
            "metadata": {},
            "namespace": "lr4poue3hwjl",
            "object": "weddings/Adrian and Monica/18.jpg",
            "opc_sse_kms_key_id": null,
            "source": "assets/weddings/Adrian and Monica/18.jpg 2016-03-09 09:24:05 +0000 GMT",
            "source_uri_details": [],
            "state": "COMPLETED",
            "storage_tier": "Standard",
            "timeouts": null,
            "version_id": "e032bcac-6e02-4198-a1fe-7264c8c5745f",
            "work_request_id": ""
          },
          "sensitive_attributes": [],
          "private": "eyJlMmJmYjczMC1lY2FhLTExZTYtOGY4OC0zNDM2M2JjN2M0YzAiOnsiY3JlYXRlIjoxMjAwMDAwMDAwMDAwLCJkZWxldGUiOjEyMDAwMDAwMDAwMDAsInVwZGF0ZSI6MTIwMDAwMDAwMDAwMH19",
          "dependencies": [
            "module.object-storage.oci_objectstorage_bucket.ewp_image_storage"
          ]
        },
        {
          "index_key": 10,
          "schema_version": 0,
          "attributes": {
            "bucket": "ewp_image_store",
            "cache_control": null,
            "content": null,
            "content_disposition": null,
            "content_encoding": null,
            "content_language": null,
            "content_length": "962692",
            "content_md5": "OjHs7A4ikIELEER22DNbLA==",
            "content_type": "image/jpeg",
            "delete_all_object_versions": false,
            "id": "n/lr4poue3hwjl/b/ewp_image_store/o/weddings%2FAdrian%20and%20Monica%2F19.jpg",
            "metadata": {},
            "namespace": "lr4poue3hwjl",
            "object": "weddings/Adrian and Monica/19.jpg",
            "opc_sse_kms_key_id": null,
            "source": "assets/weddings/Adrian and Monica/19.jpg 2016-03-09 09:27:55 +0000 GMT",
            "source_uri_details": [],
            "state": "COMPLETED",
            "storage_tier": "Standard",
            "timeouts": null,
            "version_id": "3e61405e-7861-4f41-8f43-547e528a8685",
            "work_request_id": ""
          },
          "sensitive_attributes": [],
          "private": "eyJlMmJmYjczMC1lY2FhLTExZTYtOGY4OC0zNDM2M2JjN2M0YzAiOnsiY3JlYXRlIjoxMjAwMDAwMDAwMDAwLCJkZWxldGUiOjEyMDAwMDAwMDAwMDAsInVwZGF0ZSI6MTIwMDAwMDAwMDAwMH19",
          "dependencies": [
            "module.object-storage.oci_objectstorage_bucket.ewp_image_storage"
          ]
        },
        {
          "index_key": 11,
          "schema_version": 0,
          "attributes": {
            "bucket": "ewp_image_store",
            "cache_control": null,
            "content": null,
            "content_disposition": null,
            "content_encoding": null,
            "content_language": null,
            "content_length": "202037",
            "content_md5": "oYubTiTM1dCOsYOnVMYS3A==",
            "content_type": "image/jpeg",
            "delete_all_object_versions": false,
            "id": "n/lr4poue3hwjl/b/ewp_image_store/o/weddings%2FAdrian%20and%20Monica%2F2.jpg",
            "metadata": {},
            "namespace": "lr4poue3hwjl",
            "object": "weddings/Adrian and Monica/2.jpg",
            "opc_sse_kms_key_id": null,
            "source": "assets/weddings/Adrian and Monica/2.jpg 2016-03-09 09:22:29 +0000 GMT",
            "source_uri_details": [],
            "state": "COMPLETED",
            "storage_tier": "Standard",
            "timeouts": null,
            "version_id": "637b1d86-c56a-41c2-9f6a-9d6d9b7d71ec",
            "work_request_id": ""
          },
          "sensitive_attributes": [],
          "private": "eyJlMmJmYjczMC1lY2FhLTExZTYtOGY4OC0zNDM2M2JjN2M0YzAiOnsiY3JlYXRlIjoxMjAwMDAwMDAwMDAwLCJkZWxldGUiOjEyMDAwMDAwMDAwMDAsInVwZGF0ZSI6MTIwMDAwMDAwMDAwMH19",
          "dependencies": [
            "module.object-storage.oci_objectstorage_bucket.ewp_image_storage"
          ]
        },
        {
          "index_key": 12,
          "schema_version": 0,
          "attributes": {
            "bucket": "ewp_image_store",
            "cache_control": null,
            "content": null,
            "content_disposition": null,
            "content_encoding": null,
            "content_language": null,
            "content_length": "762777",
            "content_md5": "PHCZ6jpspMv0zfmi+MiO4Q==",
            "content_type": "image/jpeg",
            "delete_all_object_versions": false,
            "id": "n/lr4poue3hwjl/b/ewp_image_store/o/weddings%2FAdrian%20and%20Monica%2F20.jpg",
            "metadata": {},
            "namespace": "lr4poue3hwjl",
            "object": "weddings/Adrian and Monica/20.jpg",
            "opc_sse_kms_key_id": null,
            "source": "assets/weddings/Adrian and Monica/20.jpg 2016-03-09 09:24:17 +0000 GMT",
            "source_uri_details": [],
            "state": "COMPLETED",
            "storage_tier": "Standard",
            "timeouts": null,
            "version_id": "df3de85e-a1cc-414e-acdc-15b7a839e710",
            "work_request_id": ""
          },
          "sensitive_attributes": [],
          "private": "eyJlMmJmYjczMC1lY2FhLTExZTYtOGY4OC0zNDM2M2JjN2M0YzAiOnsiY3JlYXRlIjoxMjAwMDAwMDAwMDAwLCJkZWxldGUiOjEyMDAwMDAwMDAwMDAsInVwZGF0ZSI6MTIwMDAwMDAwMDAwMH19",
          "dependencies": [
            "module.object-storage.oci_objectstorage_bucket.ewp_image_storage"
          ]
        },
        {
          "index_key": 13,
          "schema_version": 0,
          "attributes": {
            "bucket": "ewp_image_store",
            "cache_control": null,
            "content": null,
            "content_disposition": null,
            "content_encoding": null,
            "content_language": null,
            "content_length": "786607",
            "content_md5": "VllojCldJr0C40ck2lxSgQ==",
            "content_type": "image/jpeg",
            "delete_all_object_versions": false,
            "id": "n/lr4poue3hwjl/b/ewp_image_store/o/weddings%2FAdrian%20and%20Monica%2F21.jpg",
            "metadata": {},
            "namespace": "lr4poue3hwjl",
            "object": "weddings/Adrian and Monica/21.jpg",
            "opc_sse_kms_key_id": null,
            "source": "assets/weddings/Adrian and Monica/21.jpg 2016-03-09 09:24:22 +0000 GMT",
            "source_uri_details": [],
            "state": "COMPLETED",
            "storage_tier": "Standard",
            "timeouts": null,
            "version_id": "698e5b41-2012-4404-a39f-6bffc36664bb",
            "work_request_id": ""
          },
          "sensitive_attributes": [],
          "private": "eyJlMmJmYjczMC1lY2FhLTExZTYtOGY4OC0zNDM2M2JjN2M0YzAiOnsiY3JlYXRlIjoxMjAwMDAwMDAwMDAwLCJkZWxldGUiOjEyMDAwMDAwMDAwMDAsInVwZGF0ZSI6MTIwMDAwMDAwMDAwMH19",
          "dependencies": [
            "module.object-storage.oci_objectstorage_bucket.ewp_image_storage"
          ]
        },
        {
          "index_key": 14,
          "schema_version": 0,
          "attributes": {
            "bucket": "ewp_image_store",
            "cache_control": null,
            "content": null,
            "content_disposition": null,
            "content_encoding": null,
            "content_language": null,
            "content_length": "302394",
            "content_md5": "+UlUvnes7zVxYzdQBTECTg==",
            "content_type": "image/jpeg",
            "delete_all_object_versions": false,
            "id": "n/lr4poue3hwjl/b/ewp_image_store/o/weddings%2FAdrian%20and%20Monica%2F22.jpg",
            "metadata": {},
            "namespace": "lr4poue3hwjl",
            "object": "weddings/Adrian and Monica/22.jpg",
            "opc_sse_kms_key_id": null,
            "source": "assets/weddings/Adrian and Monica/22.jpg 2016-03-09 09:24:27 +0000 GMT",
            "source_uri_details": [],
            "state": "COMPLETED",
            "storage_tier": "Standard",
            "timeouts": null,
            "version_id": "c7777ff4-d0a9-41f1-baf8-466a702fe9a5",
            "work_request_id": ""
          },
          "sensitive_attributes": [],
          "private": "eyJlMmJmYjczMC1lY2FhLTExZTYtOGY4OC0zNDM2M2JjN2M0YzAiOnsiY3JlYXRlIjoxMjAwMDAwMDAwMDAwLCJkZWxldGUiOjEyMDAwMDAwMDAwMDAsInVwZGF0ZSI6MTIwMDAwMDAwMDAwMH19",
          "dependencies": [
            "module.object-storage.oci_objectstorage_bucket.ewp_image_storage"
          ]
        },
        {
          "index_key": 15,
          "schema_version": 0,
          "attributes": {
            "bucket": "ewp_image_store",
            "cache_control": null,
            "content": null,
            "content_disposition": null,
            "content_encoding": null,
            "content_language": null,
            "content_length": "415045",
            "content_md5": "uEH0wpfWmvlEdZNy6zsNnQ==",
            "content_type": "image/jpeg",
            "delete_all_object_versions": false,
            "id": "n/lr4poue3hwjl/b/ewp_image_store/o/weddings%2FAdrian%20and%20Monica%2F23.jpg",
            "metadata": {},
            "namespace": "lr4poue3hwjl",
            "object": "weddings/Adrian and Monica/23.jpg",
            "opc_sse_kms_key_id": null,
            "source": "assets/weddings/Adrian and Monica/23.jpg 2016-03-09 09:24:32 +0000 GMT",
            "source_uri_details": [],
            "state": "COMPLETED",
            "storage_tier": "Standard",
            "timeouts": null,
            "version_id": "c14ca590-4e62-40b6-9062-2f0e8185aebf",
            "work_request_id": ""
          },
          "sensitive_attributes": [],
          "private": "eyJlMmJmYjczMC1lY2FhLTExZTYtOGY4OC0zNDM2M2JjN2M0YzAiOnsiY3JlYXRlIjoxMjAwMDAwMDAwMDAwLCJkZWxldGUiOjEyMDAwMDAwMDAwMDAsInVwZGF0ZSI6MTIwMDAwMDAwMDAwMH19",
          "dependencies": [
            "module.object-storage.oci_objectstorage_bucket.ewp_image_storage"
          ]
        },
        {
          "index_key": 16,
          "schema_version": 0,
          "attributes": {
            "bucket": "ewp_image_store",
            "cache_control": null,
            "content": null,
            "content_disposition": null,
            "content_encoding": null,
            "content_language": null,
            "content_length": "1400561",
            "content_md5": "YA/VzZi7C0n4j6fNtXi0Fg==",
            "content_type": "image/jpeg",
            "delete_all_object_versions": false,
            "id": "n/lr4poue3hwjl/b/ewp_image_store/o/weddings%2FAdrian%20and%20Monica%2F24.jpg",
            "metadata": {},
            "namespace": "lr4poue3hwjl",
            "object": "weddings/Adrian and Monica/24.jpg",
            "opc_sse_kms_key_id": null,
            "source": "assets/weddings/Adrian and Monica/24.jpg 2016-03-09 09:24:37 +0000 GMT",
            "source_uri_details": [],
            "state": "COMPLETED",
            "storage_tier": "Standard",
            "timeouts": null,
            "version_id": "595e8aac-56d0-4e34-af8d-8a75f9648a47",
            "work_request_id": ""
          },
          "sensitive_attributes": [],
          "private": "eyJlMmJmYjczMC1lY2FhLTExZTYtOGY4OC0zNDM2M2JjN2M0YzAiOnsiY3JlYXRlIjoxMjAwMDAwMDAwMDAwLCJkZWxldGUiOjEyMDAwMDAwMDAwMDAsInVwZGF0ZSI6MTIwMDAwMDAwMDAwMH19",
          "dependencies": [
            "module.object-storage.oci_objectstorage_bucket.ewp_image_storage"
          ]
        },
        {
          "index_key": 17,
          "schema_version": 0,
          "attributes": {
            "bucket": "ewp_image_store",
            "cache_control": null,
            "content": null,
            "content_disposition": null,
            "content_encoding": null,
            "content_language": null,
            "content_length": "783866",
            "content_md5": "zpdZ0s08CwPXctmww9Y4ZQ==",
            "content_type": "image/jpeg",
            "delete_all_object_versions": false,
            "id": "n/lr4poue3hwjl/b/ewp_image_store/o/weddings%2FAdrian%20and%20Monica%2F25.jpg",
            "metadata": {},
            "namespace": "lr4poue3hwjl",
            "object": "weddings/Adrian and Monica/25.jpg",
            "opc_sse_kms_key_id": null,
            "source": "assets/weddings/Adrian and Monica/25.jpg 2016-03-09 09:24:43 +0000 GMT",
            "source_uri_details": [],
            "state": "COMPLETED",
            "storage_tier": "Standard",
            "timeouts": null,
            "version_id": "c183c890-32e8-4b20-bdea-9bd6e36dde4b",
            "work_request_id": ""
          },
          "sensitive_attributes": [],
          "private": "eyJlMmJmYjczMC1lY2FhLTExZTYtOGY4OC0zNDM2M2JjN2M0YzAiOnsiY3JlYXRlIjoxMjAwMDAwMDAwMDAwLCJkZWxldGUiOjEyMDAwMDAwMDAwMDAsInVwZGF0ZSI6MTIwMDAwMDAwMDAwMH19",
          "dependencies": [
            "module.object-storage.oci_objectstorage_bucket.ewp_image_storage"
          ]
        },
        {
          "index_key": 18,
          "schema_version": 0,
          "attributes": {
            "bucket": "ewp_image_store",
            "cache_control": null,
            "content": null,
            "content_disposition": null,
            "content_encoding": null,
            "content_language": null,
            "content_length": "942851",
            "content_md5": "49tWzvZxHScwLTm/Cz5uDw==",
            "content_type": "image/jpeg",
            "delete_all_object_versions": false,
            "id": "n/lr4poue3hwjl/b/ewp_image_store/o/weddings%2FAdrian%20and%20Monica%2F26.jpg",
            "metadata": {},
            "namespace": "lr4poue3hwjl",
            "object": "weddings/Adrian and Monica/26.jpg",
            "opc_sse_kms_key_id": null,
            "source": "assets/weddings/Adrian and Monica/26.jpg 2016-03-09 09:24:49 +0000 GMT",
            "source_uri_details": [],
            "state": "COMPLETED",
            "storage_tier": "Standard",
            "timeouts": null,
            "version_id": "173e8965-2928-4306-a0f1-1b0dd5b2d114",
            "work_request_id": ""
          },
          "sensitive_attributes": [],
          "private": "eyJlMmJmYjczMC1lY2FhLTExZTYtOGY4OC0zNDM2M2JjN2M0YzAiOnsiY3JlYXRlIjoxMjAwMDAwMDAwMDAwLCJkZWxldGUiOjEyMDAwMDAwMDAwMDAsInVwZGF0ZSI6MTIwMDAwMDAwMDAwMH19",
          "dependencies": [
            "module.object-storage.oci_objectstorage_bucket.ewp_image_storage"
          ]
        },
        {
          "index_key": 19,
          "schema_version": 0,
          "attributes": {
            "bucket": "ewp_image_store",
            "cache_control": null,
            "content": null,
            "content_disposition": null,
            "content_encoding": null,
            "content_language": null,
            "content_length": "794771",
            "content_md5": "zM2xpXjCn3rAVgDMf6DuSg==",
            "content_type": "image/jpeg",
            "delete_all_object_versions": false,
            "id": "n/lr4poue3hwjl/b/ewp_image_store/o/weddings%2FAdrian%20and%20Monica%2F27.jpg",
            "metadata": {},
            "namespace": "lr4poue3hwjl",
            "object": "weddings/Adrian and Monica/27.jpg",
            "opc_sse_kms_key_id": null,
            "source": "assets/weddings/Adrian and Monica/27.jpg 2016-03-09 09:24:54 +0000 GMT",
            "source_uri_details": [],
            "state": "COMPLETED",
            "storage_tier": "Standard",
            "timeouts": null,
            "version_id": "092122af-bac2-4534-9a49-10eddbfb9848",
            "work_request_id": ""
          },
          "sensitive_attributes": [],
          "private": "eyJlMmJmYjczMC1lY2FhLTExZTYtOGY4OC0zNDM2M2JjN2M0YzAiOnsiY3JlYXRlIjoxMjAwMDAwMDAwMDAwLCJkZWxldGUiOjEyMDAwMDAwMDAwMDAsInVwZGF0ZSI6MTIwMDAwMDAwMDAwMH19",
          "dependencies": [
            "module.object-storage.oci_objectstorage_bucket.ewp_image_storage"
          ]
        },
        {
          "index_key": 20,
          "schema_version": 0,
          "attributes": {
            "bucket": "ewp_image_store",
            "cache_control": null,
            "content": null,
            "content_disposition": null,
            "content_encoding": null,
            "content_language": null,
            "content_length": "922069",
            "content_md5": "ZUntoejjZAOvh2BlsvpdYQ==",
            "content_type": "image/jpeg",
            "delete_all_object_versions": false,
            "id": "n/lr4poue3hwjl/b/ewp_image_store/o/weddings%2FAdrian%20and%20Monica%2F28.jpg",
            "metadata": {},
            "namespace": "lr4poue3hwjl",
            "object": "weddings/Adrian and Monica/28.jpg",
            "opc_sse_kms_key_id": null,
            "source": "assets/weddings/Adrian and Monica/28.jpg 2016-03-09 09:28:03 +0000 GMT",
            "source_uri_details": [],
            "state": "COMPLETED",
            "storage_tier": "Standard",
            "timeouts": null,
            "version_id": "63ed4885-c071-4827-aaaa-8a73bc3aef95",
            "work_request_id": ""
          },
          "sensitive_attributes": [],
          "private": "eyJlMmJmYjczMC1lY2FhLTExZTYtOGY4OC0zNDM2M2JjN2M0YzAiOnsiY3JlYXRlIjoxMjAwMDAwMDAwMDAwLCJkZWxldGUiOjEyMDAwMDAwMDAwMDAsInVwZGF0ZSI6MTIwMDAwMDAwMDAwMH19",
          "dependencies": [
            "module.object-storage.oci_objectstorage_bucket.ewp_image_storage"
          ]
        },
        {
          "index_key": 21,
          "schema_version": 0,
          "attributes": {
            "bucket": "ewp_image_store",
            "cache_control": null,
            "content": null,
            "content_disposition": null,
            "content_encoding": null,
            "content_language": null,
            "content_length": "752393",
            "content_md5": "GoMaFXd7KJ8JTvk9mNqMsw==",
            "content_type": "image/jpeg",
            "delete_all_object_versions": false,
            "id": "n/lr4poue3hwjl/b/ewp_image_store/o/weddings%2FAdrian%20and%20Monica%2F29.jpg",
            "metadata": {},
            "namespace": "lr4poue3hwjl",
            "object": "weddings/Adrian and Monica/29.jpg",
            "opc_sse_kms_key_id": null,
            "source": "assets/weddings/Adrian and Monica/29.jpg 2016-03-09 09:25:00 +0000 GMT",
            "source_uri_details": [],
            "state": "COMPLETED",
            "storage_tier": "Standard",
            "timeouts": null,
            "version_id": "238d5e26-df36-4086-a5fd-528ebe53a2d2",
            "work_request_id": ""
          },
          "sensitive_attributes": [],
          "private": "eyJlMmJmYjczMC1lY2FhLTExZTYtOGY4OC0zNDM2M2JjN2M0YzAiOnsiY3JlYXRlIjoxMjAwMDAwMDAwMDAwLCJkZWxldGUiOjEyMDAwMDAwMDAwMDAsInVwZGF0ZSI6MTIwMDAwMDAwMDAwMH19",
          "dependencies": [
            "module.object-storage.oci_objectstorage_bucket.ewp_image_storage"
          ]
        },
        {
          "index_key": 22,
          "schema_version": 0,
          "attributes": {
            "bucket": "ewp_image_store",
            "cache_control": null,
            "content": null,
            "content_disposition": null,
            "content_encoding": null,
            "content_language": null,
            "content_length": "862784",
            "content_md5": "Ua0D+rDKka+gkYSTXLeThQ==",
            "content_type": "image/jpeg",
            "delete_all_object_versions": false,
            "id": "n/lr4poue3hwjl/b/ewp_image_store/o/weddings%2FAdrian%20and%20Monica%2F3.jpg",
            "metadata": {},
            "namespace": "lr4poue3hwjl",
            "object": "weddings/Adrian and Monica/3.jpg",
            "opc_sse_kms_key_id": null,
            "source": "assets/weddings/Adrian and Monica/3.jpg 2016-03-09 09:22:52 +0000 GMT",
            "source_uri_details": [],
            "state": "COMPLETED",
            "storage_tier": "Standard",
            "timeouts": null,
            "version_id": "7037a5b5-e2eb-413c-9293-69ac05a01d98",
            "work_request_id": ""
          },
          "sensitive_attributes": [],
          "private": "eyJlMmJmYjczMC1lY2FhLTExZTYtOGY4OC0zNDM2M2JjN2M0YzAiOnsiY3JlYXRlIjoxMjAwMDAwMDAwMDAwLCJkZWxldGUiOjEyMDAwMDAwMDAwMDAsInVwZGF0ZSI6MTIwMDAwMDAwMDAwMH19",
          "dependencies": [
            "module.object-storage.oci_objectstorage_bucket.ewp_image_storage"
          ]
        },
        {
          "index_key": 23,
          "schema_version": 0,
          "attributes": {
            "bucket": "ewp_image_store",
            "cache_control": null,
            "content": null,
            "content_disposition": null,
            "content_encoding": null,
            "content_language": null,
            "content_length": "262999",
            "content_md5": "JEneyB9lZ001HQ+CnqDLmw==",
            "content_type": "image/jpeg",
            "delete_all_object_versions": false,
            "id": "n/lr4poue3hwjl/b/ewp_image_store/o/weddings%2FAdrian%20and%20Monica%2F30.jpg",
            "metadata": {},
            "namespace": "lr4poue3hwjl",
            "object": "weddings/Adrian and Monica/30.jpg",
            "opc_sse_kms_key_id": null,
            "source": "assets/weddings/Adrian and Monica/30.jpg 2016-03-09 09:25:05 +0000 GMT",
            "source_uri_details": [],
            "state": "COMPLETED",
            "storage_tier": "Standard",
            "timeouts": null,
            "version_id": "5612dd3b-5974-4657-bac9-1bea893faa62",
            "work_request_id": ""
          },
          "sensitive_attributes": [],
          "private": "eyJlMmJmYjczMC1lY2FhLTExZTYtOGY4OC0zNDM2M2JjN2M0YzAiOnsiY3JlYXRlIjoxMjAwMDAwMDAwMDAwLCJkZWxldGUiOjEyMDAwMDAwMDAwMDAsInVwZGF0ZSI6MTIwMDAwMDAwMDAwMH19",
          "dependencies": [
            "module.object-storage.oci_objectstorage_bucket.ewp_image_storage"
          ]
        },
        {
          "index_key": 24,
          "schema_version": 0,
          "attributes": {
            "bucket": "ewp_image_store",
            "cache_control": null,
            "content": null,
            "content_disposition": null,
            "content_encoding": null,
            "content_language": null,
            "content_length": "338525",
            "content_md5": "jjVz/eZ4/TOGyMCnsKt/1w==",
            "content_type": "image/jpeg",
            "delete_all_object_versions": false,
            "id": "n/lr4poue3hwjl/b/ewp_image_store/o/weddings%2FAdrian%20and%20Monica%2F31.jpg",
            "metadata": {},
            "namespace": "lr4poue3hwjl",
            "object": "weddings/Adrian and Monica/31.jpg",
            "opc_sse_kms_key_id": null,
            "source": "assets/weddings/Adrian and Monica/31.jpg 2016-03-09 09:25:10 +0000 GMT",
            "source_uri_details": [],
            "state": "COMPLETED",
            "storage_tier": "Standard",
            "timeouts": null,
            "version_id": "c51cbc61-2484-4838-b931-52273ed0cbc3",
            "work_request_id": ""
          },
          "sensitive_attributes": [],
          "private": "eyJlMmJmYjczMC1lY2FhLTExZTYtOGY4OC0zNDM2M2JjN2M0YzAiOnsiY3JlYXRlIjoxMjAwMDAwMDAwMDAwLCJkZWxldGUiOjEyMDAwMDAwMDAwMDAsInVwZGF0ZSI6MTIwMDAwMDAwMDAwMH19",
          "dependencies": [
            "module.object-storage.oci_objectstorage_bucket.ewp_image_storage"
          ]
        },
        {
          "index_key": 25,
          "schema_version": 0,
          "attributes": {
            "bucket": "ewp_image_store",
            "cache_control": null,
            "content": null,
            "content_disposition": null,
            "content_encoding": null,
            "content_language": null,
            "content_length": "892284",
            "content_md5": "gZRDd6XWyWtELd+MrVyoMw==",
            "content_type": "image/jpeg",
            "delete_all_object_versions": false,
            "id": "n/lr4poue3hwjl/b/ewp_image_store/o/weddings%2FAdrian%20and%20Monica%2F32.jpg",
            "metadata": {},
            "namespace": "lr4poue3hwjl",
            "object": "weddings/Adrian and Monica/32.jpg",
            "opc_sse_kms_key_id": null,
            "source": "assets/weddings/Adrian and Monica/32.jpg 2016-03-09 09:25:15 +0000 GMT",
            "source_uri_details": [],
            "state": "COMPLETED",
            "storage_tier": "Standard",
            "timeouts": null,
            "version_id": "0707dc66-c332-49a4-a053-54b6e00eb7b3",
            "work_request_id": ""
          },
          "sensitive_attributes": [],
          "private": "eyJlMmJmYjczMC1lY2FhLTExZTYtOGY4OC0zNDM2M2JjN2M0YzAiOnsiY3JlYXRlIjoxMjAwMDAwMDAwMDAwLCJkZWxldGUiOjEyMDAwMDAwMDAwMDAsInVwZGF0ZSI6MTIwMDAwMDAwMDAwMH19",
          "dependencies": [
            "module.object-storage.oci_objectstorage_bucket.ewp_image_storage"
          ]
        },
        {
          "index_key": 26,
          "schema_version": 0,
          "attributes": {
            "bucket": "ewp_image_store",
            "cache_control": null,
            "content": null,
            "content_disposition": null,
            "content_encoding": null,
            "content_language": null,
            "content_length": "837339",
            "content_md5": "LUr87NJq38VX7WFJZZ+/OQ==",
            "content_type": "image/jpeg",
            "delete_all_object_versions": false,
            "id": "n/lr4poue3hwjl/b/ewp_image_store/o/weddings%2FAdrian%20and%20Monica%2F33.jpg",
            "metadata": {},
            "namespace": "lr4poue3hwjl",
            "object": "weddings/Adrian and Monica/33.jpg",
            "opc_sse_kms_key_id": null,
            "source": "assets/weddings/Adrian and Monica/33.jpg 2016-03-09 09:25:21 +0000 GMT",
            "source_uri_details": [],
            "state": "COMPLETED",
            "storage_tier": "Standard",
            "timeouts": null,
            "version_id": "674e7f3e-c814-45c1-8958-fcbf0ff3fd30",
            "work_request_id": ""
          },
          "sensitive_attributes": [],
          "private": "eyJlMmJmYjczMC1lY2FhLTExZTYtOGY4OC0zNDM2M2JjN2M0YzAiOnsiY3JlYXRlIjoxMjAwMDAwMDAwMDAwLCJkZWxldGUiOjEyMDAwMDAwMDAwMDAsInVwZGF0ZSI6MTIwMDAwMDAwMDAwMH19",
          "dependencies": [
            "module.object-storage.oci_objectstorage_bucket.ewp_image_storage"
          ]
        },
        {
          "index_key": 27,
          "schema_version": 0,
          "attributes": {
            "bucket": "ewp_image_store",
            "cache_control": null,
            "content": null,
            "content_disposition": null,
            "content_encoding": null,
            "content_language": null,
            "content_length": "411375",
            "content_md5": "QeAgwAvtGBycXjD226k6rw==",
            "content_type": "image/jpeg",
            "delete_all_object_versions": false,
            "id": "n/lr4poue3hwjl/b/ewp_image_store/o/weddings%2FAdrian%20and%20Monica%2F34.jpg",
            "metadata": {},
            "namespace": "lr4poue3hwjl",
            "object": "weddings/Adrian and Monica/34.jpg",
            "opc_sse_kms_key_id": null,
            "source": "assets/weddings/Adrian and Monica/34.jpg 2016-03-09 09:25:25 +0000 GMT",
            "source_uri_details": [],
            "state": "COMPLETED",
            "storage_tier": "Standard",
            "timeouts": null,
            "version_id": "697c1107-3329-4f68-9f89-9f1d403447c4",
            "work_request_id": ""
          },
          "sensitive_attributes": [],
          "private": "eyJlMmJmYjczMC1lY2FhLTExZTYtOGY4OC0zNDM2M2JjN2M0YzAiOnsiY3JlYXRlIjoxMjAwMDAwMDAwMDAwLCJkZWxldGUiOjEyMDAwMDAwMDAwMDAsInVwZGF0ZSI6MTIwMDAwMDAwMDAwMH19",
          "dependencies": [
            "module.object-storage.oci_objectstorage_bucket.ewp_image_storage"
          ]
        },
        {
          "index_key": 28,
          "schema_version": 0,
          "attributes": {
            "bucket": "ewp_image_store",
            "cache_control": null,
            "content": null,
            "content_disposition": null,
            "content_encoding": null,
            "content_language": null,
            "content_length": "480914",
            "content_md5": "SqAFBhZilNPx1zEIG8NkXA==",
            "content_type": "image/jpeg",
            "delete_all_object_versions": false,
            "id": "n/lr4poue3hwjl/b/ewp_image_store/o/weddings%2FAdrian%20and%20Monica%2F35.jpg",
            "metadata": {},
            "namespace": "lr4poue3hwjl",
            "object": "weddings/Adrian and Monica/35.jpg",
            "opc_sse_kms_key_id": null,
            "source": "assets/weddings/Adrian and Monica/35.jpg 2016-03-09 09:25:30 +0000 GMT",
            "source_uri_details": [],
            "state": "COMPLETED",
            "storage_tier": "Standard",
            "timeouts": null,
            "version_id": "056b1c30-6ec8-422f-98ef-41a09e4dbd7f",
            "work_request_id": ""
          },
          "sensitive_attributes": [],
          "private": "eyJlMmJmYjczMC1lY2FhLTExZTYtOGY4OC0zNDM2M2JjN2M0YzAiOnsiY3JlYXRlIjoxMjAwMDAwMDAwMDAwLCJkZWxldGUiOjEyMDAwMDAwMDAwMDAsInVwZGF0ZSI6MTIwMDAwMDAwMDAwMH19",
          "dependencies": [
            "module.object-storage.oci_objectstorage_bucket.ewp_image_storage"
          ]
        },
        {
          "index_key": 29,
          "schema_version": 0,
          "attributes": {
            "bucket": "ewp_image_store",
            "cache_control": null,
            "content": null,
            "content_disposition": null,
            "content_encoding": null,
            "content_language": null,
            "content_length": "412507",
            "content_md5": "r6DHxcTF53ur/UvGmDRmqg==",
            "content_type": "image/jpeg",
            "delete_all_object_versions": false,
            "id": "n/lr4poue3hwjl/b/ewp_image_store/o/weddings%2FAdrian%20and%20Monica%2F36.jpg",
            "metadata": {},
            "namespace": "lr4poue3hwjl",
            "object": "weddings/Adrian and Monica/36.jpg",
            "opc_sse_kms_key_id": null,
            "source": "assets/weddings/Adrian and Monica/36.jpg 2016-03-09 09:25:35 +0000 GMT",
            "source_uri_details": [],
            "state": "COMPLETED",
            "storage_tier": "Standard",
            "timeouts": null,
            "version_id": "6fbf1459-d1b4-4690-bf00-5732c7684a1f",
            "work_request_id": ""
          },
          "sensitive_attributes": [],
          "private": "eyJlMmJmYjczMC1lY2FhLTExZTYtOGY4OC0zNDM2M2JjN2M0YzAiOnsiY3JlYXRlIjoxMjAwMDAwMDAwMDAwLCJkZWxldGUiOjEyMDAwMDAwMDAwMDAsInVwZGF0ZSI6MTIwMDAwMDAwMDAwMH19",
          "dependencies": [
            "module.object-storage.oci_objectstorage_bucket.ewp_image_storage"
          ]
        },
        {
          "index_key": 30,
          "schema_version": 0,
          "attributes": {
            "bucket": "ewp_image_store",
            "cache_control": null,
            "content": null,
            "content_disposition": null,
            "content_encoding": null,
            "content_language": null,
            "content_length": "775602",
            "content_md5": "8l1trX5VUqasbp48kczNJQ==",
            "content_type": "image/jpeg",
            "delete_all_object_versions": false,
            "id": "n/lr4poue3hwjl/b/ewp_image_store/o/weddings%2FAdrian%20and%20Monica%2F37.jpg",
            "metadata": {},
            "namespace": "lr4poue3hwjl",
            "object": "weddings/Adrian and Monica/37.jpg",
            "opc_sse_kms_key_id": null,
            "source": "assets/weddings/Adrian and Monica/37.jpg 2016-03-09 09:25:41 +0000 GMT",
            "source_uri_details": [],
            "state": "COMPLETED",
            "storage_tier": "Standard",
            "timeouts": null,
            "version_id": "0e1cba81-300e-4df4-b98b-fcf814a6a8f2",
            "work_request_id": ""
          },
          "sensitive_attributes": [],
          "private": "eyJlMmJmYjczMC1lY2FhLTExZTYtOGY4OC0zNDM2M2JjN2M0YzAiOnsiY3JlYXRlIjoxMjAwMDAwMDAwMDAwLCJkZWxldGUiOjEyMDAwMDAwMDAwMDAsInVwZGF0ZSI6MTIwMDAwMDAwMDAwMH19",
          "dependencies": [
            "module.object-storage.oci_objectstorage_bucket.ewp_image_storage"
          ]
        },
        {
          "index_key": 31,
          "schema_version": 0,
          "attributes": {
            "bucket": "ewp_image_store",
            "cache_control": null,
            "content": null,
            "content_disposition": null,
            "content_encoding": null,
            "content_language": null,
            "content_length": "581578",
            "content_md5": "RMqSxspxerCfaPVQZ7PpUQ==",
            "content_type": "image/jpeg",
            "delete_all_object_versions": false,
            "id": "n/lr4poue3hwjl/b/ewp_image_store/o/weddings%2FAdrian%20and%20Monica%2F38.jpg",
            "metadata": {},
            "namespace": "lr4poue3hwjl",
            "object": "weddings/Adrian and Monica/38.jpg",
            "opc_sse_kms_key_id": null,
            "source": "assets/weddings/Adrian and Monica/38.jpg 2016-03-09 09:25:47 +0000 GMT",
            "source_uri_details": [],
            "state": "COMPLETED",
            "storage_tier": "Standard",
            "timeouts": null,
            "version_id": "fc3a7838-35c2-425e-aba7-a38757d56ddf",
            "work_request_id": ""
          },
          "sensitive_attributes": [],
          "private": "eyJlMmJmYjczMC1lY2FhLTExZTYtOGY4OC0zNDM2M2JjN2M0YzAiOnsiY3JlYXRlIjoxMjAwMDAwMDAwMDAwLCJkZWxldGUiOjEyMDAwMDAwMDAwMDAsInVwZGF0ZSI6MTIwMDAwMDAwMDAwMH19",
          "dependencies": [
            "module.object-storage.oci_objectstorage_bucket.ewp_image_storage"
          ]
        },
        {
          "index_key": 32,
          "schema_version": 0,
          "attributes": {
            "bucket": "ewp_image_store",
            "cache_control": null,
            "content": null,
            "content_disposition": null,
            "content_encoding": null,
            "content_language": null,
            "content_length": "778942",
            "content_md5": "ooSA+PT4y6l5+YFFwXf9BA==",
            "content_type": "image/jpeg",
            "delete_all_object_versions": false,
            "id": "n/lr4poue3hwjl/b/ewp_image_store/o/weddings%2FAdrian%20and%20Monica%2F39.jpg",
            "metadata": {},
            "namespace": "lr4poue3hwjl",
            "object": "weddings/Adrian and Monica/39.jpg",
            "opc_sse_kms_key_id": null,
            "source": "assets/weddings/Adrian and Monica/39.jpg 2016-03-09 09:28:32 +0000 GMT",
            "source_uri_details": [],
            "state": "COMPLETED",
            "storage_tier": "Standard",
            "timeouts": null,
            "version_id": "0b136d0e-cecc-4218-9d7a-e8388310f046",
            "work_request_id": ""
          },
          "sensitive_attributes": [],
          "private": "eyJlMmJmYjczMC1lY2FhLTExZTYtOGY4OC0zNDM2M2JjN2M0YzAiOnsiY3JlYXRlIjoxMjAwMDAwMDAwMDAwLCJkZWxldGUiOjEyMDAwMDAwMDAwMDAsInVwZGF0ZSI6MTIwMDAwMDAwMDAwMH19",
          "dependencies": [
            "module.object-storage.oci_objectstorage_bucket.ewp_image_storage"
          ]
        },
        {
          "index_key": 33,
          "schema_version": 0,
          "attributes": {
            "bucket": "ewp_image_store",
            "cache_control": null,
            "content": null,
            "content_disposition": null,
            "content_encoding": null,
            "content_language": null,
            "content_length": "980771",
            "content_md5": "ETfOWcpwSp7G8LJsMuUpSQ==",
            "content_type": "image/jpeg",
            "delete_all_object_versions": false,
            "id": "n/lr4poue3hwjl/b/ewp_image_store/o/weddings%2FAdrian%20and%20Monica%2F4.jpg",
            "metadata": {},
            "namespace": "lr4poue3hwjl",
            "object": "weddings/Adrian and Monica/4.jpg",
            "opc_sse_kms_key_id": null,
            "source": "assets/weddings/Adrian and Monica/4.jpg 2016-03-09 09:22:58 +0000 GMT",
            "source_uri_details": [],
            "state": "COMPLETED",
            "storage_tier": "Standard",
            "timeouts": null,
            "version_id": "5a0459e7-f77c-4061-991a-e6b553a7fe8b",
            "work_request_id": ""
          },
          "sensitive_attributes": [],
          "private": "eyJlMmJmYjczMC1lY2FhLTExZTYtOGY4OC0zNDM2M2JjN2M0YzAiOnsiY3JlYXRlIjoxMjAwMDAwMDAwMDAwLCJkZWxldGUiOjEyMDAwMDAwMDAwMDAsInVwZGF0ZSI6MTIwMDAwMDAwMDAwMH19",
          "dependencies": [
            "module.object-storage.oci_objectstorage_bucket.ewp_image_storage"
          ]
        },
        {
          "index_key": 34,
          "schema_version": 0,
          "attributes": {
            "bucket": "ewp_image_store",
            "cache_control": null,
            "content": null,
            "content_disposition": null,
            "content_encoding": null,
            "content_language": null,
            "content_length": "688752",
            "content_md5": "XifyGCRt3aRMjsZWINJjzQ==",
            "content_type": "image/jpeg",
            "delete_all_object_versions": false,
            "id": "n/lr4poue3hwjl/b/ewp_image_store/o/weddings%2FAdrian%20and%20Monica%2F40.jpg",
            "metadata": {},
            "namespace": "lr4poue3hwjl",
            "object": "weddings/Adrian and Monica/40.jpg",
            "opc_sse_kms_key_id": null,
            "source": "assets/weddings/Adrian and Monica/40.jpg 2016-03-09 09:25:53 +0000 GMT",
            "source_uri_details": [],
            "state": "COMPLETED",
            "storage_tier": "Standard",
            "timeouts": null,
            "version_id": "8cd33836-5899-4e53-81d4-bd3ed15948e7",
            "work_request_id": ""
          },
          "sensitive_attributes": [],
          "private": "eyJlMmJmYjczMC1lY2FhLTExZTYtOGY4OC0zNDM2M2JjN2M0YzAiOnsiY3JlYXRlIjoxMjAwMDAwMDAwMDAwLCJkZWxldGUiOjEyMDAwMDAwMDAwMDAsInVwZGF0ZSI6MTIwMDAwMDAwMDAwMH19",
          "dependencies": [
            "module.object-storage.oci_objectstorage_bucket.ewp_image_storage"
          ]
        },
        {
          "index_key": 35,
          "schema_version": 0,
          "attributes": {
            "bucket": "ewp_image_store",
            "cache_control": null,
            "content": null,
            "content_disposition": null,
            "content_encoding": null,
            "content_language": null,
            "content_length": "1453938",
            "content_md5": "uL/Zondz/98B/9vJa4FdVg==",
            "content_type": "image/jpeg",
            "delete_all_object_versions": false,
            "id": "n/lr4poue3hwjl/b/ewp_image_store/o/weddings%2FAdrian%20and%20Monica%2F41.jpg",
            "metadata": {},
            "namespace": "lr4poue3hwjl",
            "object": "weddings/Adrian and Monica/41.jpg",
            "opc_sse_kms_key_id": null,
            "source": "assets/weddings/Adrian and Monica/41.jpg 2016-03-09 09:25:59 +0000 GMT",
            "source_uri_details": [],
            "state": "COMPLETED",
            "storage_tier": "Standard",
            "timeouts": null,
            "version_id": "ba5e7c74-b2d8-4705-928b-e574e40f64ab",
            "work_request_id": ""
          },
          "sensitive_attributes": [],
          "private": "eyJlMmJmYjczMC1lY2FhLTExZTYtOGY4OC0zNDM2M2JjN2M0YzAiOnsiY3JlYXRlIjoxMjAwMDAwMDAwMDAwLCJkZWxldGUiOjEyMDAwMDAwMDAwMDAsInVwZGF0ZSI6MTIwMDAwMDAwMDAwMH19",
          "dependencies": [
            "module.object-storage.oci_objectstorage_bucket.ewp_image_storage"
          ]
        },
        {
          "index_key": 36,
          "schema_version": 0,
          "attributes": {
            "bucket": "ewp_image_store",
            "cache_control": null,
            "content": null,
            "content_disposition": null,
            "content_encoding": null,
            "content_language": null,
            "content_length": "837783",
            "content_md5": "wI3J4UHLrB1c6A2YbMb/NQ==",
            "content_type": "image/jpeg",
            "delete_all_object_versions": false,
            "id": "n/lr4poue3hwjl/b/ewp_image_store/o/weddings%2FAdrian%20and%20Monica%2F42.jpg",
            "metadata": {},
            "namespace": "lr4poue3hwjl",
            "object": "weddings/Adrian and Monica/42.jpg",
            "opc_sse_kms_key_id": null,
            "source": "assets/weddings/Adrian and Monica/42.jpg 2016-03-09 09:28:10 +0000 GMT",
            "source_uri_details": [],
            "state": "COMPLETED",
            "storage_tier": "Standard",
            "timeouts": null,
            "version_id": "5c0b8731-3427-4f3b-8acb-160f806c94b6",
            "work_request_id": ""
          },
          "sensitive_attributes": [],
          "private": "eyJlMmJmYjczMC1lY2FhLTExZTYtOGY4OC0zNDM2M2JjN2M0YzAiOnsiY3JlYXRlIjoxMjAwMDAwMDAwMDAwLCJkZWxldGUiOjEyMDAwMDAwMDAwMDAsInVwZGF0ZSI6MTIwMDAwMDAwMDAwMH19",
          "dependencies": [
            "module.object-storage.oci_objectstorage_bucket.ewp_image_storage"
          ]
        },
        {
          "index_key": 37,
          "schema_version": 0,
          "attributes": {
            "bucket": "ewp_image_store",
            "cache_control": null,
            "content": null,
            "content_disposition": null,
            "content_encoding": null,
            "content_language": null,
            "content_length": "899974",
            "content_md5": "ZG/3dcBDgdr5b2fWzCfv/g==",
            "content_type": "image/jpeg",
            "delete_all_object_versions": false,
            "id": "n/lr4poue3hwjl/b/ewp_image_store/o/weddings%2FAdrian%20and%20Monica%2F43.jpg",
            "metadata": {},
            "namespace": "lr4poue3hwjl",
            "object": "weddings/Adrian and Monica/43.jpg",
            "opc_sse_kms_key_id": null,
            "source": "assets/weddings/Adrian and Monica/43.jpg 2016-03-09 09:26:05 +0000 GMT",
            "source_uri_details": [],
            "state": "COMPLETED",
            "storage_tier": "Standard",
            "timeouts": null,
            "version_id": "2911c6c7-ad2e-464f-90f5-31048671a060",
            "work_request_id": ""
          },
          "sensitive_attributes": [],
          "private": "eyJlMmJmYjczMC1lY2FhLTExZTYtOGY4OC0zNDM2M2JjN2M0YzAiOnsiY3JlYXRlIjoxMjAwMDAwMDAwMDAwLCJkZWxldGUiOjEyMDAwMDAwMDAwMDAsInVwZGF0ZSI6MTIwMDAwMDAwMDAwMH19",
          "dependencies": [
            "module.object-storage.oci_objectstorage_bucket.ewp_image_storage"
          ]
        },
        {
          "index_key": 38,
          "schema_version": 0,
          "attributes": {
            "bucket": "ewp_image_store",
            "cache_control": null,
            "content": null,
            "content_disposition": null,
            "content_encoding": null,
            "content_language": null,
            "content_length": "563767",
            "content_md5": "lgL5MO7yE4j2pHXZ75Oatg==",
            "content_type": "image/jpeg",
            "delete_all_object_versions": false,
            "id": "n/lr4poue3hwjl/b/ewp_image_store/o/weddings%2FAdrian%20and%20Monica%2F44.jpg",
            "metadata": {},
            "namespace": "lr4poue3hwjl",
            "object": "weddings/Adrian and Monica/44.jpg",
            "opc_sse_kms_key_id": null,
            "source": "assets/weddings/Adrian and Monica/44.jpg 2016-03-09 09:28:16 +0000 GMT",
            "source_uri_details": [],
            "state": "COMPLETED",
            "storage_tier": "Standard",
            "timeouts": null,
            "version_id": "8d45e470-1927-47d1-955d-b9fcbebd46ea",
            "work_request_id": ""
          },
          "sensitive_attributes": [],
          "private": "eyJlMmJmYjczMC1lY2FhLTExZTYtOGY4OC0zNDM2M2JjN2M0YzAiOnsiY3JlYXRlIjoxMjAwMDAwMDAwMDAwLCJkZWxldGUiOjEyMDAwMDAwMDAwMDAsInVwZGF0ZSI6MTIwMDAwMDAwMDAwMH19",
          "dependencies": [
            "module.object-storage.oci_objectstorage_bucket.ewp_image_storage"
          ]
        },
        {
          "index_key": 39,
          "schema_version": 0,
          "attributes": {
            "bucket": "ewp_image_store",
            "cache_control": null,
            "content": null,
            "content_disposition": null,
            "content_encoding": null,
            "content_language": null,
            "content_length": "1247517",
            "content_md5": "iPexXcWEfmuL9KSf6pVJ0w==",
            "content_type": "image/jpeg",
            "delete_all_object_versions": false,
            "id": "n/lr4poue3hwjl/b/ewp_image_store/o/weddings%2FAdrian%20and%20Monica%2F45.jpg",
            "metadata": {},
            "namespace": "lr4poue3hwjl",
            "object": "weddings/Adrian and Monica/45.jpg",
            "opc_sse_kms_key_id": null,
            "source": "assets/weddings/Adrian and Monica/45.jpg 2016-03-09 09:26:11 +0000 GMT",
            "source_uri_details": [],
            "state": "COMPLETED",
            "storage_tier": "Standard",
            "timeouts": null,
            "version_id": "d37415b5-cd1c-4fc0-a8f7-5c6e84c3f06d",
            "work_request_id": ""
          },
          "sensitive_attributes": [],
          "private": "eyJlMmJmYjczMC1lY2FhLTExZTYtOGY4OC0zNDM2M2JjN2M0YzAiOnsiY3JlYXRlIjoxMjAwMDAwMDAwMDAwLCJkZWxldGUiOjEyMDAwMDAwMDAwMDAsInVwZGF0ZSI6MTIwMDAwMDAwMDAwMH19",
          "dependencies": [
            "module.object-storage.oci_objectstorage_bucket.ewp_image_storage"
          ]
        },
        {
          "index_key": 40,
          "schema_version": 0,
          "attributes": {
            "bucket": "ewp_image_store",
            "cache_control": null,
            "content": null,
            "content_disposition": null,
            "content_encoding": null,
            "content_language": null,
            "content_length": "481926",
            "content_md5": "5iDFI+r7oVqW9YY8iilCMg==",
            "content_type": "image/jpeg",
            "delete_all_object_versions": false,
            "id": "n/lr4poue3hwjl/b/ewp_image_store/o/weddings%2FAdrian%20and%20Monica%2F46.jpg",
            "metadata": {},
            "namespace": "lr4poue3hwjl",
            "object": "weddings/Adrian and Monica/46.jpg",
            "opc_sse_kms_key_id": null,
            "source": "assets/weddings/Adrian and Monica/46.jpg 2016-03-09 09:26:16 +0000 GMT",
            "source_uri_details": [],
            "state": "COMPLETED",
            "storage_tier": "Standard",
            "timeouts": null,
            "version_id": "ed307f62-f632-4b43-a608-8c910aaac084",
            "work_request_id": ""
          },
          "sensitive_attributes": [],
          "private": "eyJlMmJmYjczMC1lY2FhLTExZTYtOGY4OC0zNDM2M2JjN2M0YzAiOnsiY3JlYXRlIjoxMjAwMDAwMDAwMDAwLCJkZWxldGUiOjEyMDAwMDAwMDAwMDAsInVwZGF0ZSI6MTIwMDAwMDAwMDAwMH19",
          "dependencies": [
            "module.object-storage.oci_objectstorage_bucket.ewp_image_storage"
          ]
        },
        {
          "index_key": 41,
          "schema_version": 0,
          "attributes": {
            "bucket": "ewp_image_store",
            "cache_control": null,
            "content": null,
            "content_disposition": null,
            "content_encoding": null,
            "content_language": null,
            "content_length": "987806",
            "content_md5": "/KPu1TxyGp9V3cFy49Toqg==",
            "content_type": "image/jpeg",
            "delete_all_object_versions": false,
            "id": "n/lr4poue3hwjl/b/ewp_image_store/o/weddings%2FAdrian%20and%20Monica%2F47.jpg",
            "metadata": {},
            "namespace": "lr4poue3hwjl",
            "object": "weddings/Adrian and Monica/47.jpg",
            "opc_sse_kms_key_id": null,
            "source": "assets/weddings/Adrian and Monica/47.jpg 2016-03-09 09:26:21 +0000 GMT",
            "source_uri_details": [],
            "state": "COMPLETED",
            "storage_tier": "Standard",
            "timeouts": null,
            "version_id": "af3bc158-23bf-4b70-9e89-65a4f5b4e6c2",
            "work_request_id": ""
          },
          "sensitive_attributes": [],
          "private": "eyJlMmJmYjczMC1lY2FhLTExZTYtOGY4OC0zNDM2M2JjN2M0YzAiOnsiY3JlYXRlIjoxMjAwMDAwMDAwMDAwLCJkZWxldGUiOjEyMDAwMDAwMDAwMDAsInVwZGF0ZSI6MTIwMDAwMDAwMDAwMH19",
          "dependencies": [
            "module.object-storage.oci_objectstorage_bucket.ewp_image_storage"
          ]
        },
        {
          "index_key": 42,
          "schema_version": 0,
          "attributes": {
            "bucket": "ewp_image_store",
            "cache_control": null,
            "content": null,
            "content_disposition": null,
            "content_encoding": null,
            "content_language": null,
            "content_length": "2138153",
            "content_md5": "uJtqI8lyeBx4ETM9AZUprA==",
            "content_type": "image/jpeg",
            "delete_all_object_versions": false,
            "id": "n/lr4poue3hwjl/b/ewp_image_store/o/weddings%2FAdrian%20and%20Monica%2F48.jpg",
            "metadata": {},
            "namespace": "lr4poue3hwjl",
            "object": "weddings/Adrian and Monica/48.jpg",
            "opc_sse_kms_key_id": null,
            "source": "assets/weddings/Adrian and Monica/48.jpg 2016-03-09 09:26:27 +0000 GMT",
            "source_uri_details": [],
            "state": "COMPLETED",
            "storage_tier": "Standard",
            "timeouts": null,
            "version_id": "15ca6217-0835-4ed4-b003-787a5587366f",
            "work_request_id": ""
          },
          "sensitive_attributes": [],
          "private": "eyJlMmJmYjczMC1lY2FhLTExZTYtOGY4OC0zNDM2M2JjN2M0YzAiOnsiY3JlYXRlIjoxMjAwMDAwMDAwMDAwLCJkZWxldGUiOjEyMDAwMDAwMDAwMDAsInVwZGF0ZSI6MTIwMDAwMDAwMDAwMH19",
          "dependencies": [
            "module.object-storage.oci_objectstorage_bucket.ewp_image_storage"
          ]
        },
        {
          "index_key": 43,
          "schema_version": 0,
          "attributes": {
            "bucket": "ewp_image_store",
            "cache_control": null,
            "content": null,
            "content_disposition": null,
            "content_encoding": null,
            "content_language": null,
            "content_length": "1977754",
            "content_md5": "ZDdDk+x5rtLhEIqwcXJf9g==",
            "content_type": "image/jpeg",
            "delete_all_object_versions": false,
            "id": "n/lr4poue3hwjl/b/ewp_image_store/o/weddings%2FAdrian%20and%20Monica%2F49.jpg",
            "metadata": {},
            "namespace": "lr4poue3hwjl",
            "object": "weddings/Adrian and Monica/49.jpg",
            "opc_sse_kms_key_id": null,
            "source": "assets/weddings/Adrian and Monica/49.jpg 2016-03-09 09:28:26 +0000 GMT",
            "source_uri_details": [],
            "state": "COMPLETED",
            "storage_tier": "Standard",
            "timeouts": null,
            "version_id": "8c134ae6-36db-480d-a2ed-61a6afa500c7",
            "work_request_id": ""
          },
          "sensitive_attributes": [],
          "private": "eyJlMmJmYjczMC1lY2FhLTExZTYtOGY4OC0zNDM2M2JjN2M0YzAiOnsiY3JlYXRlIjoxMjAwMDAwMDAwMDAwLCJkZWxldGUiOjEyMDAwMDAwMDAwMDAsInVwZGF0ZSI6MTIwMDAwMDAwMDAwMH19",
          "dependencies": [
            "module.object-storage.oci_objectstorage_bucket.ewp_image_storage"
          ]
        },
        {
          "index_key": 44,
          "schema_version": 0,
          "attributes": {
            "bucket": "ewp_image_store",
            "cache_control": null,
            "content": null,
            "content_disposition": null,
            "content_encoding": null,
            "content_language": null,
            "content_length": "1377041",
            "content_md5": "J1n5uJhtFan7n8k9STv5CQ==",
            "content_type": "image/jpeg",
            "delete_all_object_versions": false,
            "id": "n/lr4poue3hwjl/b/ewp_image_store/o/weddings%2FAdrian%20and%20Monica%2F5.jpg",
            "metadata": {},
            "namespace": "lr4poue3hwjl",
            "object": "weddings/Adrian and Monica/5.jpg",
            "opc_sse_kms_key_id": null,
            "source": "assets/weddings/Adrian and Monica/5.jpg 2016-03-09 09:23:05 +0000 GMT",
            "source_uri_details": [],
            "state": "COMPLETED",
            "storage_tier": "Standard",
            "timeouts": null,
            "version_id": "b84e3d04-cba6-4e07-851d-2ba15c906094",
            "work_request_id": ""
          },
          "sensitive_attributes": [],
          "private": "eyJlMmJmYjczMC1lY2FhLTExZTYtOGY4OC0zNDM2M2JjN2M0YzAiOnsiY3JlYXRlIjoxMjAwMDAwMDAwMDAwLCJkZWxldGUiOjEyMDAwMDAwMDAwMDAsInVwZGF0ZSI6MTIwMDAwMDAwMDAwMH19",
          "dependencies": [
            "module.object-storage.oci_objectstorage_bucket.ewp_image_storage"
          ]
        },
        {
          "index_key": 45,
          "schema_version": 0,
          "attributes": {
            "bucket": "ewp_image_store",
            "cache_control": null,
            "content": null,
            "content_disposition": null,
            "content_encoding": null,
            "content_language": null,
            "content_length": "1353392",
            "content_md5": "waTbruPsd2EBqfPuWAAHSg==",
            "content_type": "image/jpeg",
            "delete_all_object_versions": false,
            "id": "n/lr4poue3hwjl/b/ewp_image_store/o/weddings%2FAdrian%20and%20Monica%2F50.jpg",
            "metadata": {},
            "namespace": "lr4poue3hwjl",
            "object": "weddings/Adrian and Monica/50.jpg",
            "opc_sse_kms_key_id": null,
            "source": "assets/weddings/Adrian and Monica/50.jpg 2016-03-09 09:26:43 +0000 GMT",
            "source_uri_details": [],
            "state": "COMPLETED",
            "storage_tier": "Standard",
            "timeouts": null,
            "version_id": "9d9b56ac-835a-433e-9809-56e2009ce9bb",
            "work_request_id": ""
          },
          "sensitive_attributes": [],
          "private": "eyJlMmJmYjczMC1lY2FhLTExZTYtOGY4OC0zNDM2M2JjN2M0YzAiOnsiY3JlYXRlIjoxMjAwMDAwMDAwMDAwLCJkZWxldGUiOjEyMDAwMDAwMDAwMDAsInVwZGF0ZSI6MTIwMDAwMDAwMDAwMH19",
          "dependencies": [
            "module.object-storage.oci_objectstorage_bucket.ewp_image_storage"
          ]
        },
        {
          "index_key": 46,
          "schema_version": 0,
          "attributes": {
            "bucket": "ewp_image_store",
            "cache_control": null,
            "content": null,
            "content_disposition": null,
            "content_encoding": null,
            "content_language": null,
            "content_length": "1045767",
            "content_md5": "traPaAhvYptC4Drf3XyW6w==",
            "content_type": "image/jpeg",
            "delete_all_object_versions": false,
            "id": "n/lr4poue3hwjl/b/ewp_image_store/o/weddings%2FAdrian%20and%20Monica%2F51.jpg",
            "metadata": {},
            "namespace": "lr4poue3hwjl",
            "object": "weddings/Adrian and Monica/51.jpg",
            "opc_sse_kms_key_id": null,
            "source": "assets/weddings/Adrian and Monica/51.jpg 2016-03-09 09:26:49 +0000 GMT",
            "source_uri_details": [],
            "state": "COMPLETED",
            "storage_tier": "Standard",
            "timeouts": null,
            "version_id": "b0556799-8928-4447-b2a8-10c310a750f7",
            "work_request_id": ""
          },
          "sensitive_attributes": [],
          "private": "eyJlMmJmYjczMC1lY2FhLTExZTYtOGY4OC0zNDM2M2JjN2M0YzAiOnsiY3JlYXRlIjoxMjAwMDAwMDAwMDAwLCJkZWxldGUiOjEyMDAwMDAwMDAwMDAsInVwZGF0ZSI6MTIwMDAwMDAwMDAwMH19",
          "dependencies": [
            "module.object-storage.oci_objectstorage_bucket.ewp_image_storage"
          ]
        },
        {
          "index_key": 47,
          "schema_version": 0,
          "attributes": {
            "bucket": "ewp_image_store",
            "cache_control": null,
            "content": null,
            "content_disposition": null,
            "content_encoding": null,
            "content_language": null,
            "content_length": "667305",
            "content_md5": "csLqqJp8ouDhXxeLfWqRpw==",
            "content_type": "image/jpeg",
            "delete_all_object_versions": false,
            "id": "n/lr4poue3hwjl/b/ewp_image_store/o/weddings%2FAdrian%20and%20Monica%2F52.jpg",
            "metadata": {},
            "namespace": "lr4poue3hwjl",
            "object": "weddings/Adrian and Monica/52.jpg",
            "opc_sse_kms_key_id": null,
            "source": "assets/weddings/Adrian and Monica/52.jpg 2016-03-09 09:28:41 +0000 GMT",
            "source_uri_details": [],
            "state": "COMPLETED",
            "storage_tier": "Standard",
            "timeouts": null,
            "version_id": "531cab9c-d455-4eeb-9c82-0a1216b519f1",
            "work_request_id": ""
          },
          "sensitive_attributes": [],
          "private": "eyJlMmJmYjczMC1lY2FhLTExZTYtOGY4OC0zNDM2M2JjN2M0YzAiOnsiY3JlYXRlIjoxMjAwMDAwMDAwMDAwLCJkZWxldGUiOjEyMDAwMDAwMDAwMDAsInVwZGF0ZSI6MTIwMDAwMDAwMDAwMH19",
          "dependencies": [
            "module.object-storage.oci_objectstorage_bucket.ewp_image_storage"
          ]
        },
        {
          "index_key": 48,
          "schema_version": 0,
          "attributes": {
            "bucket": "ewp_image_store",
            "cache_control": null,
            "content": null,
            "content_disposition": null,
            "content_encoding": null,
            "content_language": null,
            "content_length": "768538",
            "content_md5": "uuglprSf/egUkEVJBCeUZQ==",
            "content_type": "image/jpeg",
            "delete_all_object_versions": false,
            "id": "n/lr4poue3hwjl/b/ewp_image_store/o/weddings%2FAdrian%20and%20Monica%2F53.jpg",
            "metadata": {},
            "namespace": "lr4poue3hwjl",
            "object": "weddings/Adrian and Monica/53.jpg",
            "opc_sse_kms_key_id": null,
            "source": "assets/weddings/Adrian and Monica/53.jpg 2016-03-09 09:28:48 +0000 GMT",
            "source_uri_details": [],
            "state": "COMPLETED",
            "storage_tier": "Standard",
            "timeouts": null,
            "version_id": "9daef8be-b9e3-406a-8b29-67b3cd86eaa2",
            "work_request_id": ""
          },
          "sensitive_attributes": [],
          "private": "eyJlMmJmYjczMC1lY2FhLTExZTYtOGY4OC0zNDM2M2JjN2M0YzAiOnsiY3JlYXRlIjoxMjAwMDAwMDAwMDAwLCJkZWxldGUiOjEyMDAwMDAwMDAwMDAsInVwZGF0ZSI6MTIwMDAwMDAwMDAwMH19",
          "dependencies": [
            "module.object-storage.oci_objectstorage_bucket.ewp_image_storage"
          ]
        },
        {
          "index_key": 49,
          "schema_version": 0,
          "attributes": {
            "bucket": "ewp_image_store",
            "cache_control": null,
            "content": null,
            "content_disposition": null,
            "content_encoding": null,
            "content_language": null,
            "content_length": "328406",
            "content_md5": "WLdCIPPN3eZdqZR+Sopffg==",
            "content_type": "image/jpeg",
            "delete_all_object_versions": false,
            "id": "n/lr4poue3hwjl/b/ewp_image_store/o/weddings%2FAdrian%20and%20Monica%2F54.jpg",
            "metadata": {},
            "namespace": "lr4poue3hwjl",
            "object": "weddings/Adrian and Monica/54.jpg",
            "opc_sse_kms_key_id": null,
            "source": "assets/weddings/Adrian and Monica/54.jpg 2016-03-09 09:29:00 +0000 GMT",
            "source_uri_details": [],
            "state": "COMPLETED",
            "storage_tier": "Standard",
            "timeouts": null,
            "version_id": "eb4ff0d0-d8ce-4787-84c1-72368b89d0d7",
            "work_request_id": ""
          },
          "sensitive_attributes": [],
          "private": "eyJlMmJmYjczMC1lY2FhLTExZTYtOGY4OC0zNDM2M2JjN2M0YzAiOnsiY3JlYXRlIjoxMjAwMDAwMDAwMDAwLCJkZWxldGUiOjEyMDAwMDAwMDAwMDAsInVwZGF0ZSI6MTIwMDAwMDAwMDAwMH19",
          "dependencies": [
            "module.object-storage.oci_objectstorage_bucket.ewp_image_storage"
          ]
        },
        {
          "index_key": 50,
          "schema_version": 0,
          "attributes": {
            "bucket": "ewp_image_store",
            "cache_control": null,
            "content": null,
            "content_disposition": null,
            "content_encoding": null,
            "content_language": null,
            "content_length": "474276",
            "content_md5": "MXMq4lWYJt0jD+0QRd8sIQ==",
            "content_type": "image/jpeg",
            "delete_all_object_versions": false,
            "id": "n/lr4poue3hwjl/b/ewp_image_store/o/weddings%2FAdrian%20and%20Monica%2F55.jpg",
            "metadata": {},
            "namespace": "lr4poue3hwjl",
            "object": "weddings/Adrian and Monica/55.jpg",
            "opc_sse_kms_key_id": null,
            "source": "assets/weddings/Adrian and Monica/55.jpg 2016-03-09 09:26:55 +0000 GMT",
            "source_uri_details": [],
            "state": "COMPLETED",
            "storage_tier": "Standard",
            "timeouts": null,
            "version_id": "9fd93e85-29f8-4613-b1f2-e8b01a53144b",
            "work_request_id": ""
          },
          "sensitive_attributes": [],
          "private": "eyJlMmJmYjczMC1lY2FhLTExZTYtOGY4OC0zNDM2M2JjN2M0YzAiOnsiY3JlYXRlIjoxMjAwMDAwMDAwMDAwLCJkZWxldGUiOjEyMDAwMDAwMDAwMDAsInVwZGF0ZSI6MTIwMDAwMDAwMDAwMH19",
          "dependencies": [
            "module.object-storage.oci_objectstorage_bucket.ewp_image_storage"
          ]
        },
        {
          "index_key": 51,
          "schema_version": 0,
          "attributes": {
            "bucket": "ewp_image_store",
            "cache_control": null,
            "content": null,
            "content_disposition": null,
            "content_encoding": null,
            "content_language": null,
            "content_length": "1028335",
            "content_md5": "WnQvcVIJUhqkmsKpYOgm+w==",
            "content_type": "image/jpeg",
            "delete_all_object_versions": false,
            "id": "n/lr4poue3hwjl/b/ewp_image_store/o/weddings%2FAdrian%20and%20Monica%2F56.jpg",
            "metadata": {},
            "namespace": "lr4poue3hwjl",
            "object": "weddings/Adrian and Monica/56.jpg",
            "opc_sse_kms_key_id": null,
            "source": "assets/weddings/Adrian and Monica/56.jpg 2016-03-09 09:28:54 +0000 GMT",
            "source_uri_details": [],
            "state": "COMPLETED",
            "storage_tier": "Standard",
            "timeouts": null,
            "version_id": "e8024e71-626e-4de5-bf3c-c2167baa464a",
            "work_request_id": ""
          },
          "sensitive_attributes": [],
          "private": "eyJlMmJmYjczMC1lY2FhLTExZTYtOGY4OC0zNDM2M2JjN2M0YzAiOnsiY3JlYXRlIjoxMjAwMDAwMDAwMDAwLCJkZWxldGUiOjEyMDAwMDAwMDAwMDAsInVwZGF0ZSI6MTIwMDAwMDAwMDAwMH19",
          "dependencies": [
            "module.object-storage.oci_objectstorage_bucket.ewp_image_storage"
          ]
        },
        {
          "index_key": 52,
          "schema_version": 0,
          "attributes": {
            "bucket": "ewp_image_store",
            "cache_control": null,
            "content": null,
            "content_disposition": null,
            "content_encoding": null,
            "content_language": null,
            "content_length": "581802",
            "content_md5": "1yfPqwg67aODFu4dMqDBYg==",
            "content_type": "image/jpeg",
            "delete_all_object_versions": false,
            "id": "n/lr4poue3hwjl/b/ewp_image_store/o/weddings%2FAdrian%20and%20Monica%2F57.jpg",
            "metadata": {},
            "namespace": "lr4poue3hwjl",
            "object": "weddings/Adrian and Monica/57.jpg",
            "opc_sse_kms_key_id": null,
            "source": "assets/weddings/Adrian and Monica/57.jpg 2016-03-09 09:27:20 +0000 GMT",
            "source_uri_details": [],
            "state": "COMPLETED",
            "storage_tier": "Standard",
            "timeouts": null,
            "version_id": "c9f27604-d1fc-4d29-8389-c18409835eb4",
            "work_request_id": ""
          },
          "sensitive_attributes": [],
          "private": "eyJlMmJmYjczMC1lY2FhLTExZTYtOGY4OC0zNDM2M2JjN2M0YzAiOnsiY3JlYXRlIjoxMjAwMDAwMDAwMDAwLCJkZWxldGUiOjEyMDAwMDAwMDAwMDAsInVwZGF0ZSI6MTIwMDAwMDAwMDAwMH19",
          "dependencies": [
            "module.object-storage.oci_objectstorage_bucket.ewp_image_storage"
          ]
        },
        {
          "index_key": 53,
          "schema_version": 0,
          "attributes": {
            "bucket": "ewp_image_store",
            "cache_control": null,
            "content": null,
            "content_disposition": null,
            "content_encoding": null,
            "content_language": null,
            "content_length": "667431",
            "content_md5": "L6uDFSWKmR5ykwi1xP6R6A==",
            "content_type": "image/jpeg",
            "delete_all_object_versions": false,
            "id": "n/lr4poue3hwjl/b/ewp_image_store/o/weddings%2FAdrian%20and%20Monica%2F58.jpg",
            "metadata": {},
            "namespace": "lr4poue3hwjl",
            "object": "weddings/Adrian and Monica/58.jpg",
            "opc_sse_kms_key_id": null,
            "source": "assets/weddings/Adrian and Monica/58.jpg 2016-03-09 09:29:27 +0000 GMT",
            "source_uri_details": [],
            "state": "COMPLETED",
            "storage_tier": "Standard",
            "timeouts": null,
            "version_id": "eb3b4a48-dc2a-43bc-a419-a9f117bae8d6",
            "work_request_id": ""
          },
          "sensitive_attributes": [],
          "private": "eyJlMmJmYjczMC1lY2FhLTExZTYtOGY4OC0zNDM2M2JjN2M0YzAiOnsiY3JlYXRlIjoxMjAwMDAwMDAwMDAwLCJkZWxldGUiOjEyMDAwMDAwMDAwMDAsInVwZGF0ZSI6MTIwMDAwMDAwMDAwMH19",
          "dependencies": [
            "module.object-storage.oci_objectstorage_bucket.ewp_image_storage"
          ]
        },
        {
          "index_key": 54,
          "schema_version": 0,
          "attributes": {
            "bucket": "ewp_image_store",
            "cache_control": null,
            "content": null,
            "content_disposition": null,
            "content_encoding": null,
            "content_language": null,
            "content_length": "762171",
            "content_md5": "gyxPFDftvyWrDa3k9zWUvg==",
            "content_type": "image/jpeg",
            "delete_all_object_versions": false,
            "id": "n/lr4poue3hwjl/b/ewp_image_store/o/weddings%2FAdrian%20and%20Monica%2F59.jpg",
            "metadata": {},
            "namespace": "lr4poue3hwjl",
            "object": "weddings/Adrian and Monica/59.jpg",
            "opc_sse_kms_key_id": null,
            "source": "assets/weddings/Adrian and Monica/59.jpg 2016-03-09 09:27:13 +0000 GMT",
            "source_uri_details": [],
            "state": "COMPLETED",
            "storage_tier": "Standard",
            "timeouts": null,
            "version_id": "a03daf86-7789-41a9-873e-7e5bd5fff703",
            "work_request_id": ""
          },
          "sensitive_attributes": [],
          "private": "eyJlMmJmYjczMC1lY2FhLTExZTYtOGY4OC0zNDM2M2JjN2M0YzAiOnsiY3JlYXRlIjoxMjAwMDAwMDAwMDAwLCJkZWxldGUiOjEyMDAwMDAwMDAwMDAsInVwZGF0ZSI6MTIwMDAwMDAwMDAwMH19",
          "dependencies": [
            "module.object-storage.oci_objectstorage_bucket.ewp_image_storage"
          ]
        },
        {
          "index_key": 55,
          "schema_version": 0,
          "attributes": {
            "bucket": "ewp_image_store",
            "cache_control": null,
            "content": null,
            "content_disposition": null,
            "content_encoding": null,
            "content_language": null,
            "content_length": "180566",
            "content_md5": "2iKiM4Y8tTwJHcUr618UDw==",
            "content_type": "image/jpeg",
            "delete_all_object_versions": false,
            "id": "n/lr4poue3hwjl/b/ewp_image_store/o/weddings%2FAdrian%20and%20Monica%2F6.jpg",
            "metadata": {},
            "namespace": "lr4poue3hwjl",
            "object": "weddings/Adrian and Monica/6.jpg",
            "opc_sse_kms_key_id": null,
            "source": "assets/weddings/Adrian and Monica/6.jpg 2016-03-09 09:23:10 +0000 GMT",
            "source_uri_details": [],
            "state": "COMPLETED",
            "storage_tier": "Standard",
            "timeouts": null,
            "version_id": "d86f608f-8aef-4244-b27f-174cd771429d",
            "work_request_id": ""
          },
          "sensitive_attributes": [],
          "private": "eyJlMmJmYjczMC1lY2FhLTExZTYtOGY4OC0zNDM2M2JjN2M0YzAiOnsiY3JlYXRlIjoxMjAwMDAwMDAwMDAwLCJkZWxldGUiOjEyMDAwMDAwMDAwMDAsInVwZGF0ZSI6MTIwMDAwMDAwMDAwMH19",
          "dependencies": [
            "module.object-storage.oci_objectstorage_bucket.ewp_image_storage"
          ]
        },
        {
          "index_key": 56,
          "schema_version": 0,
          "attributes": {
            "bucket": "ewp_image_store",
            "cache_control": null,
            "content": null,
            "content_disposition": null,
            "content_encoding": null,
            "content_language": null,
            "content_length": "682534",
            "content_md5": "PtJzykcv25dqBNiK0TU53w==",
            "content_type": "image/jpeg",
            "delete_all_object_versions": false,
            "id": "n/lr4poue3hwjl/b/ewp_image_store/o/weddings%2FAdrian%20and%20Monica%2F60.jpg",
            "metadata": {},
            "namespace": "lr4poue3hwjl",
            "object": "weddings/Adrian and Monica/60.jpg",
            "opc_sse_kms_key_id": null,
            "source": "assets/weddings/Adrian and Monica/60.jpg 2016-03-09 09:27:00 +0000 GMT",
            "source_uri_details": [],
            "state": "COMPLETED",
            "storage_tier": "Standard",
            "timeouts": null,
            "version_id": "4827d47b-985f-484d-b2ff-58017def5417",
            "work_request_id": ""
          },
          "sensitive_attributes": [],
          "private": "eyJlMmJmYjczMC1lY2FhLTExZTYtOGY4OC0zNDM2M2JjN2M0YzAiOnsiY3JlYXRlIjoxMjAwMDAwMDAwMDAwLCJkZWxldGUiOjEyMDAwMDAwMDAwMDAsInVwZGF0ZSI6MTIwMDAwMDAwMDAwMH19",
          "dependencies": [
            "module.object-storage.oci_objectstorage_bucket.ewp_image_storage"
          ]
        },
        {
          "index_key": 57,
          "schema_version": 0,
          "attributes": {
            "bucket": "ewp_image_store",
            "cache_control": null,
            "content": null,
            "content_disposition": null,
            "content_encoding": null,
            "content_language": null,
            "content_length": "831605",
            "content_md5": "QIppFNm4dri0dxggJGlQ+A==",
            "content_type": "image/jpeg",
            "delete_all_object_versions": false,
            "id": "n/lr4poue3hwjl/b/ewp_image_store/o/weddings%2FAdrian%20and%20Monica%2F61.jpg",
            "metadata": {},
            "namespace": "lr4poue3hwjl",
            "object": "weddings/Adrian and Monica/61.jpg",
            "opc_sse_kms_key_id": null,
            "source": "assets/weddings/Adrian and Monica/61.jpg 2016-03-09 09:27:07 +0000 GMT",
            "source_uri_details": [],
            "state": "COMPLETED",
            "storage_tier": "Standard",
            "timeouts": null,
            "version_id": "827f3d73-c056-42cf-9839-e77725d37dca",
            "work_request_id": ""
          },
          "sensitive_attributes": [],
          "private": "eyJlMmJmYjczMC1lY2FhLTExZTYtOGY4OC0zNDM2M2JjN2M0YzAiOnsiY3JlYXRlIjoxMjAwMDAwMDAwMDAwLCJkZWxldGUiOjEyMDAwMDAwMDAwMDAsInVwZGF0ZSI6MTIwMDAwMDAwMDAwMH19",
          "dependencies": [
            "module.object-storage.oci_objectstorage_bucket.ewp_image_storage"
          ]
        },
        {
          "index_key": 58,
          "schema_version": 0,
          "attributes": {
            "bucket": "ewp_image_store",
            "cache_control": null,
            "content": null,
            "content_disposition": null,
            "content_encoding": null,
            "content_language": null,
            "content_length": "675535",
            "content_md5": "5wN+rxJItQJhEVZGZfRKiA==",
            "content_type": "image/jpeg",
            "delete_all_object_versions": false,
            "id": "n/lr4poue3hwjl/b/ewp_image_store/o/weddings%2FAdrian%20and%20Monica%2F62.jpg",
            "metadata": {},
            "namespace": "lr4poue3hwjl",
            "object": "weddings/Adrian and Monica/62.jpg",
            "opc_sse_kms_key_id": null,
            "source": "assets/weddings/Adrian and Monica/62.jpg 2016-03-09 09:29:21 +0000 GMT",
            "source_uri_details": [],
            "state": "COMPLETED",
            "storage_tier": "Standard",
            "timeouts": null,
            "version_id": "f5cc022c-3bfc-47a8-a042-d26964546dad",
            "work_request_id": ""
          },
          "sensitive_attributes": [],
          "private": "eyJlMmJmYjczMC1lY2FhLTExZTYtOGY4OC0zNDM2M2JjN2M0YzAiOnsiY3JlYXRlIjoxMjAwMDAwMDAwMDAwLCJkZWxldGUiOjEyMDAwMDAwMDAwMDAsInVwZGF0ZSI6MTIwMDAwMDAwMDAwMH19",
          "dependencies": [
            "module.object-storage.oci_objectstorage_bucket.ewp_image_storage"
          ]
        },
        {
          "index_key": 59,
          "schema_version": 0,
          "attributes": {
            "bucket": "ewp_image_store",
            "cache_control": null,
            "content": null,
            "content_disposition": null,
            "content_encoding": null,
            "content_language": null,
            "content_length": "1010580",
            "content_md5": "dNdDxV5ez2l5jWVJ89ox3A==",
            "content_type": "image/jpeg",
            "delete_all_object_versions": false,
            "id": "n/lr4poue3hwjl/b/ewp_image_store/o/weddings%2FAdrian%20and%20Monica%2F63.jpg",
            "metadata": {},
            "namespace": "lr4poue3hwjl",
            "object": "weddings/Adrian and Monica/63.jpg",
            "opc_sse_kms_key_id": null,
            "source": "assets/weddings/Adrian and Monica/63.jpg 2016-03-09 09:29:41 +0000 GMT",
            "source_uri_details": [],
            "state": "COMPLETED",
            "storage_tier": "Standard",
            "timeouts": null,
            "version_id": "efcdd181-11aa-48b7-9fd2-f3148a25956e",
            "work_request_id": ""
          },
          "sensitive_attributes": [],
          "private": "eyJlMmJmYjczMC1lY2FhLTExZTYtOGY4OC0zNDM2M2JjN2M0YzAiOnsiY3JlYXRlIjoxMjAwMDAwMDAwMDAwLCJkZWxldGUiOjEyMDAwMDAwMDAwMDAsInVwZGF0ZSI6MTIwMDAwMDAwMDAwMH19",
          "dependencies": [
            "module.object-storage.oci_objectstorage_bucket.ewp_image_storage"
          ]
        },
        {
          "index_key": 60,
          "schema_version": 0,
          "attributes": {
            "bucket": "ewp_image_store",
            "cache_control": null,
            "content": null,
            "content_disposition": null,
            "content_encoding": null,
            "content_language": null,
            "content_length": "747482",
            "content_md5": "ZmS87fUTIS1CpolUNHkF6w==",
            "content_type": "image/jpeg",
            "delete_all_object_versions": false,
            "id": "n/lr4poue3hwjl/b/ewp_image_store/o/weddings%2FAdrian%20and%20Monica%2F64.jpg",
            "metadata": {},
            "namespace": "lr4poue3hwjl",
            "object": "weddings/Adrian and Monica/64.jpg",
            "opc_sse_kms_key_id": null,
            "source": "assets/weddings/Adrian and Monica/64.jpg 2016-03-09 09:29:35 +0000 GMT",
            "source_uri_details": [],
            "state": "COMPLETED",
            "storage_tier": "Standard",
            "timeouts": null,
            "version_id": "b122e407-eb0f-44a2-85fb-2caba95bbbcd",
            "work_request_id": ""
          },
          "sensitive_attributes": [],
          "private": "eyJlMmJmYjczMC1lY2FhLTExZTYtOGY4OC0zNDM2M2JjN2M0YzAiOnsiY3JlYXRlIjoxMjAwMDAwMDAwMDAwLCJkZWxldGUiOjEyMDAwMDAwMDAwMDAsInVwZGF0ZSI6MTIwMDAwMDAwMDAwMH19",
          "dependencies": [
            "module.object-storage.oci_objectstorage_bucket.ewp_image_storage"
          ]
        },
        {
          "index_key": 61,
          "schema_version": 0,
          "attributes": {
            "bucket": "ewp_image_store",
            "cache_control": null,
            "content": null,
            "content_disposition": null,
            "content_encoding": null,
            "content_language": null,
            "content_length": "800668",
            "content_md5": "2Kz+ekF08/C/iIEBi+bd4w==",
            "content_type": "image/jpeg",
            "delete_all_object_versions": false,
            "id": "n/lr4poue3hwjl/b/ewp_image_store/o/weddings%2FAdrian%20and%20Monica%2F65.jpg",
            "metadata": {},
            "namespace": "lr4poue3hwjl",
            "object": "weddings/Adrian and Monica/65.jpg",
            "opc_sse_kms_key_id": null,
            "source": "assets/weddings/Adrian and Monica/65.jpg 2016-03-09 09:27:27 +0000 GMT",
            "source_uri_details": [],
            "state": "COMPLETED",
            "storage_tier": "Standard",
            "timeouts": null,
            "version_id": "88eac23d-2692-4d91-813d-f7f9765a5fa2",
            "work_request_id": ""
          },
          "sensitive_attributes": [],
          "private": "eyJlMmJmYjczMC1lY2FhLTExZTYtOGY4OC0zNDM2M2JjN2M0YzAiOnsiY3JlYXRlIjoxMjAwMDAwMDAwMDAwLCJkZWxldGUiOjEyMDAwMDAwMDAwMDAsInVwZGF0ZSI6MTIwMDAwMDAwMDAwMH19",
          "dependencies": [
            "module.object-storage.oci_objectstorage_bucket.ewp_image_storage"
          ]
        },
        {
          "index_key": 62,
          "schema_version": 0,
          "attributes": {
            "bucket": "ewp_image_store",
            "cache_control": null,
            "content": null,
            "content_disposition": null,
            "content_encoding": null,
            "content_language": null,
            "content_length": "973130",
            "content_md5": "I+07IPrVAKPibzqvAt5klQ==",
            "content_type": "image/jpeg",
            "delete_all_object_versions": false,
            "id": "n/lr4poue3hwjl/b/ewp_image_store/o/weddings%2FAdrian%20and%20Monica%2F66.jpg",
            "metadata": {},
            "namespace": "lr4poue3hwjl",
            "object": "weddings/Adrian and Monica/66.jpg",
            "opc_sse_kms_key_id": null,
            "source": "assets/weddings/Adrian and Monica/66.jpg 2016-03-09 09:27:34 +0000 GMT",
            "source_uri_details": [],
            "state": "COMPLETED",
            "storage_tier": "Standard",
            "timeouts": null,
            "version_id": "6d2086d8-edf9-4170-b4aa-e8538802986f",
            "work_request_id": ""
          },
          "sensitive_attributes": [],
          "private": "eyJlMmJmYjczMC1lY2FhLTExZTYtOGY4OC0zNDM2M2JjN2M0YzAiOnsiY3JlYXRlIjoxMjAwMDAwMDAwMDAwLCJkZWxldGUiOjEyMDAwMDAwMDAwMDAsInVwZGF0ZSI6MTIwMDAwMDAwMDAwMH19",
          "dependencies": [
            "module.object-storage.oci_objectstorage_bucket.ewp_image_storage"
          ]
        },
        {
          "index_key": 63,
          "schema_version": 0,
          "attributes": {
            "bucket": "ewp_image_store",
            "cache_control": null,
            "content": null,
            "content_disposition": null,
            "content_encoding": null,
            "content_language": null,
            "content_length": "918071",
            "content_md5": "73PFk2EGWoyzLjMq/EhC+A==",
            "content_type": "image/jpeg",
            "delete_all_object_versions": false,
            "id": "n/lr4poue3hwjl/b/ewp_image_store/o/weddings%2FAdrian%20and%20Monica%2F67.jpg",
            "metadata": {},
            "namespace": "lr4poue3hwjl",
            "object": "weddings/Adrian and Monica/67.jpg",
            "opc_sse_kms_key_id": null,
            "source": "assets/weddings/Adrian and Monica/67.jpg 2016-03-09 09:29:47 +0000 GMT",
            "source_uri_details": [],
            "state": "COMPLETED",
            "storage_tier": "Standard",
            "timeouts": null,
            "version_id": "567bd614-a4fa-4936-99a3-66f334c2a35c",
            "work_request_id": ""
          },
          "sensitive_attributes": [],
          "private": "eyJlMmJmYjczMC1lY2FhLTExZTYtOGY4OC0zNDM2M2JjN2M0YzAiOnsiY3JlYXRlIjoxMjAwMDAwMDAwMDAwLCJkZWxldGUiOjEyMDAwMDAwMDAwMDAsInVwZGF0ZSI6MTIwMDAwMDAwMDAwMH19",
          "dependencies": [
            "module.object-storage.oci_objectstorage_bucket.ewp_image_storage"
          ]
        },
        {
          "index_key": 64,
          "schema_version": 0,
          "attributes": {
            "bucket": "ewp_image_store",
            "cache_control": null,
            "content": null,
            "content_disposition": null,
            "content_encoding": null,
            "content_language": null,
            "content_length": "262546",
            "content_md5": "CAcrPmLNTCb102HEmfKJXg==",
            "content_type": "image/jpeg",
            "delete_all_object_versions": false,
            "id": "n/lr4poue3hwjl/b/ewp_image_store/o/weddings%2FAdrian%20and%20Monica%2F7.jpg",
            "metadata": {},
            "namespace": "lr4poue3hwjl",
            "object": "weddings/Adrian and Monica/7.jpg",
            "opc_sse_kms_key_id": null,
            "source": "assets/weddings/Adrian and Monica/7.jpg 2016-03-09 09:23:15 +0000 GMT",
            "source_uri_details": [],
            "state": "COMPLETED",
            "storage_tier": "Standard",
            "timeouts": null,
            "version_id": "fe96ac58-b28b-4820-8be4-2a671ca80465",
            "work_request_id": ""
          },
          "sensitive_attributes": [],
          "private": "eyJlMmJmYjczMC1lY2FhLTExZTYtOGY4OC0zNDM2M2JjN2M0YzAiOnsiY3JlYXRlIjoxMjAwMDAwMDAwMDAwLCJkZWxldGUiOjEyMDAwMDAwMDAwMDAsInVwZGF0ZSI6MTIwMDAwMDAwMDAwMH19",
          "dependencies": [
            "module.object-storage.oci_objectstorage_bucket.ewp_image_storage"
          ]
        },
        {
          "index_key": 65,
          "schema_version": 0,
          "attributes": {
            "bucket": "ewp_image_store",
            "cache_control": null,
            "content": null,
            "content_disposition": null,
            "content_encoding": null,
            "content_language": null,
            "content_length": "158589",
            "content_md5": "UXatxSGCos76K7zadAXZYA==",
            "content_type": "image/jpeg",
            "delete_all_object_versions": false,
            "id": "n/lr4poue3hwjl/b/ewp_image_store/o/weddings%2FAdrian%20and%20Monica%2F8.jpg",
            "metadata": {},
            "namespace": "lr4poue3hwjl",
            "object": "weddings/Adrian and Monica/8.jpg",
            "opc_sse_kms_key_id": null,
            "source": "assets/weddings/Adrian and Monica/8.jpg 2016-03-09 09:23:20 +0000 GMT",
            "source_uri_details": [],
            "state": "COMPLETED",
            "storage_tier": "Standard",
            "timeouts": null,
            "version_id": "0bca4fc1-9af4-4742-8c9a-3c872da9d58e",
            "work_request_id": ""
          },
          "sensitive_attributes": [],
          "private": "eyJlMmJmYjczMC1lY2FhLTExZTYtOGY4OC0zNDM2M2JjN2M0YzAiOnsiY3JlYXRlIjoxMjAwMDAwMDAwMDAwLCJkZWxldGUiOjEyMDAwMDAwMDAwMDAsInVwZGF0ZSI6MTIwMDAwMDAwMDAwMH19",
          "dependencies": [
            "module.object-storage.oci_objectstorage_bucket.ewp_image_storage"
          ]
        },
        {
          "index_key": 66,
          "schema_version": 0,
          "attributes": {
            "bucket": "ewp_image_store",
            "cache_control": null,
            "content": null,
            "content_disposition": null,
            "content_encoding": null,
            "content_language": null,
            "content_length": "875033",
            "content_md5": "SpsjOtrmRreUcu440aXqCA==",
            "content_type": "image/jpeg",
            "delete_all_object_versions": false,
            "id": "n/lr4poue3hwjl/b/ewp_image_store/o/weddings%2FAdrian%20and%20Monica%2F9.jpg",
            "metadata": {},
            "namespace": "lr4poue3hwjl",
            "object": "weddings/Adrian and Monica/9.jpg",
            "opc_sse_kms_key_id": null,
            "source": "assets/weddings/Adrian and Monica/9.jpg 2016-03-09 09:23:25 +0000 GMT",
            "source_uri_details": [],
            "state": "COMPLETED",
            "storage_tier": "Standard",
            "timeouts": null,
            "version_id": "d345280c-b472-4291-931c-405fef0f3a6d",
            "work_request_id": ""
          },
          "sensitive_attributes": [],
          "private": "eyJlMmJmYjczMC1lY2FhLTExZTYtOGY4OC0zNDM2M2JjN2M0YzAiOnsiY3JlYXRlIjoxMjAwMDAwMDAwMDAwLCJkZWxldGUiOjEyMDAwMDAwMDAwMDAsInVwZGF0ZSI6MTIwMDAwMDAwMDAwMH19",
          "dependencies": [
            "module.object-storage.oci_objectstorage_bucket.ewp_image_storage"
          ]
        },
        {
          "index_key": 67,
          "schema_version": 0,
          "attributes": {
            "bucket": "ewp_image_store",
            "cache_control": null,
            "content": null,
            "content_disposition": null,
            "content_encoding": null,
            "content_language": null,
            "content_length": "2138153",
            "content_md5": "uJtqI8lyeBx4ETM9AZUprA==",
            "content_type": "image/jpeg",
            "delete_all_object_versions": false,
            "id": "n/lr4poue3hwjl/b/ewp_image_store/o/weddings%2FAdrian%20and%20Monica%2Fcover.jpg",
            "metadata": {},
            "namespace": "lr4poue3hwjl",
            "object": "weddings/Adrian and Monica/cover.jpg",
            "opc_sse_kms_key_id": null,
            "source": "assets/weddings/Adrian and Monica/cover.jpg 2016-03-09 09:26:27 +0000 GMT",
            "source_uri_details": [],
            "state": "COMPLETED",
            "storage_tier": "Standard",
            "timeouts": null,
            "version_id": "91ffe830-bd24-4405-a422-ef11182c8c27",
            "work_request_id": ""
          },
          "sensitive_attributes": [],
          "private": "eyJlMmJmYjczMC1lY2FhLTExZTYtOGY4OC0zNDM2M2JjN2M0YzAiOnsiY3JlYXRlIjoxMjAwMDAwMDAwMDAwLCJkZWxldGUiOjEyMDAwMDAwMDAwMDAsInVwZGF0ZSI6MTIwMDAwMDAwMDAwMH19",
          "dependencies": [
            "module.object-storage.oci_objectstorage_bucket.ewp_image_storage"
          ]
        },
        {
          "index_key": 68,
          "schema_version": 0,
          "attributes": {
            "bucket": "ewp_image_store",
            "cache_control": null,
            "content": null,
            "content_disposition": null,
            "content_encoding": null,
            "content_language": null,
            "content_length": "839789",
            "content_md5": "GdJuoCumU1HQdQN/IxJ1OQ==",
            "content_type": "image/jpeg",
            "delete_all_object_versions": false,
            "id": "n/lr4poue3hwjl/b/ewp_image_store/o/weddings%2FBeth%20and%20Tom%2F1.jpg",
            "metadata": {},
            "namespace": "lr4poue3hwjl",
            "object": "weddings/Beth and Tom/1.jpg",
            "opc_sse_kms_key_id": null,
            "source": "assets/weddings/Beth and Tom/1.jpg 2016-03-09 09:06:29 +0000 GMT",
            "source_uri_details": [],
            "state": "COMPLETED",
            "storage_tier": "Standard",
            "timeouts": null,
            "version_id": "f479c6bf-888e-41db-968c-f8b546eff24a",
            "work_request_id": ""
          },
          "sensitive_attributes": [],
          "private": "eyJlMmJmYjczMC1lY2FhLTExZTYtOGY4OC0zNDM2M2JjN2M0YzAiOnsiY3JlYXRlIjoxMjAwMDAwMDAwMDAwLCJkZWxldGUiOjEyMDAwMDAwMDAwMDAsInVwZGF0ZSI6MTIwMDAwMDAwMDAwMH19",
          "dependencies": [
            "module.object-storage.oci_objectstorage_bucket.ewp_image_storage"
          ]
        },
        {
          "index_key": 69,
          "schema_version": 0,
          "attributes": {
            "bucket": "ewp_image_store",
            "cache_control": null,
            "content": null,
            "content_disposition": null,
            "content_encoding": null,
            "content_language": null,
            "content_length": "783308",
            "content_md5": "/VhNZSHmrW96l05sUTnnbQ==",
            "content_type": "image/jpeg",
            "delete_all_object_versions": false,
            "id": "n/lr4poue3hwjl/b/ewp_image_store/o/weddings%2FBeth%20and%20Tom%2F10.jpg",
            "metadata": {},
            "namespace": "lr4poue3hwjl",
            "object": "weddings/Beth and Tom/10.jpg",
            "opc_sse_kms_key_id": null,
            "source": "assets/weddings/Beth and Tom/10.jpg 2016-03-09 09:12:20 +0000 GMT",
            "source_uri_details": [],
            "state": "COMPLETED",
            "storage_tier": "Standard",
            "timeouts": null,
            "version_id": "a7a0b55f-d34d-4d5b-9b17-cf96483873ec",
            "work_request_id": ""
          },
          "sensitive_attributes": [],
          "private": "eyJlMmJmYjczMC1lY2FhLTExZTYtOGY4OC0zNDM2M2JjN2M0YzAiOnsiY3JlYXRlIjoxMjAwMDAwMDAwMDAwLCJkZWxldGUiOjEyMDAwMDAwMDAwMDAsInVwZGF0ZSI6MTIwMDAwMDAwMDAwMH19",
          "dependencies": [
            "module.object-storage.oci_objectstorage_bucket.ewp_image_storage"
          ]
        },
        {
          "index_key": 70,
          "schema_version": 0,
          "attributes": {
            "bucket": "ewp_image_store",
            "cache_control": null,
            "content": null,
            "content_disposition": null,
            "content_encoding": null,
            "content_language": null,
            "content_length": "1169145",
            "content_md5": "SLlOOpi9+CcKAKwd9iEu8w==",
            "content_type": "image/jpeg",
            "delete_all_object_versions": false,
            "id": "n/lr4poue3hwjl/b/ewp_image_store/o/weddings%2FBeth%20and%20Tom%2F11.jpg",
            "metadata": {},
            "namespace": "lr4poue3hwjl",
            "object": "weddings/Beth and Tom/11.jpg",
            "opc_sse_kms_key_id": null,
            "source": "assets/weddings/Beth and Tom/11.jpg 2016-03-09 09:12:27 +0000 GMT",
            "source_uri_details": [],
            "state": "COMPLETED",
            "storage_tier": "Standard",
            "timeouts": null,
            "version_id": "0beb1512-4ef0-4972-98b8-89c8f39fd5b0",
            "work_request_id": ""
          },
          "sensitive_attributes": [],
          "private": "eyJlMmJmYjczMC1lY2FhLTExZTYtOGY4OC0zNDM2M2JjN2M0YzAiOnsiY3JlYXRlIjoxMjAwMDAwMDAwMDAwLCJkZWxldGUiOjEyMDAwMDAwMDAwMDAsInVwZGF0ZSI6MTIwMDAwMDAwMDAwMH19",
          "dependencies": [
            "module.object-storage.oci_objectstorage_bucket.ewp_image_storage"
          ]
        },
        {
          "index_key": 71,
          "schema_version": 0,
          "attributes": {
            "bucket": "ewp_image_store",
            "cache_control": null,
            "content": null,
            "content_disposition": null,
            "content_encoding": null,
            "content_language": null,
            "content_length": "1268622",
            "content_md5": "wLH5sHBR57g2hiLlokT7cA==",
            "content_type": "image/jpeg",
            "delete_all_object_versions": false,
            "id": "n/lr4poue3hwjl/b/ewp_image_store/o/weddings%2FBeth%20and%20Tom%2F12.jpg",
            "metadata": {},
            "namespace": "lr4poue3hwjl",
            "object": "weddings/Beth and Tom/12.jpg",
            "opc_sse_kms_key_id": null,
            "source": "assets/weddings/Beth and Tom/12.jpg 2016-03-09 09:12:32 +0000 GMT",
            "source_uri_details": [],
            "state": "COMPLETED",
            "storage_tier": "Standard",
            "timeouts": null,
            "version_id": "dfea5934-5bd2-45b1-a7a4-d562f51c3478",
            "work_request_id": ""
          },
          "sensitive_attributes": [],
          "private": "eyJlMmJmYjczMC1lY2FhLTExZTYtOGY4OC0zNDM2M2JjN2M0YzAiOnsiY3JlYXRlIjoxMjAwMDAwMDAwMDAwLCJkZWxldGUiOjEyMDAwMDAwMDAwMDAsInVwZGF0ZSI6MTIwMDAwMDAwMDAwMH19",
          "dependencies": [
            "module.object-storage.oci_objectstorage_bucket.ewp_image_storage"
          ]
        },
        {
          "index_key": 72,
          "schema_version": 0,
          "attributes": {
            "bucket": "ewp_image_store",
            "cache_control": null,
            "content": null,
            "content_disposition": null,
            "content_encoding": null,
            "content_language": null,
            "content_length": "1721453",
            "content_md5": "+dHiu/foIT2xx1MTHlmOEg==",
            "content_type": "image/jpeg",
            "delete_all_object_versions": false,
            "id": "n/lr4poue3hwjl/b/ewp_image_store/o/weddings%2FBeth%20and%20Tom%2F13.jpg",
            "metadata": {},
            "namespace": "lr4poue3hwjl",
            "object": "weddings/Beth and Tom/13.jpg",
            "opc_sse_kms_key_id": null,
            "source": "assets/weddings/Beth and Tom/13.jpg 2016-03-09 09:12:38 +0000 GMT",
            "source_uri_details": [],
            "state": "COMPLETED",
            "storage_tier": "Standard",
            "timeouts": null,
            "version_id": "c672a41d-904a-47cc-8ee7-3984509e33f5",
            "work_request_id": ""
          },
          "sensitive_attributes": [],
          "private": "eyJlMmJmYjczMC1lY2FhLTExZTYtOGY4OC0zNDM2M2JjN2M0YzAiOnsiY3JlYXRlIjoxMjAwMDAwMDAwMDAwLCJkZWxldGUiOjEyMDAwMDAwMDAwMDAsInVwZGF0ZSI6MTIwMDAwMDAwMDAwMH19",
          "dependencies": [
            "module.object-storage.oci_objectstorage_bucket.ewp_image_storage"
          ]
        },
        {
          "index_key": 73,
          "schema_version": 0,
          "attributes": {
            "bucket": "ewp_image_store",
            "cache_control": null,
            "content": null,
            "content_disposition": null,
            "content_encoding": null,
            "content_language": null,
            "content_length": "1255587",
            "content_md5": "lTJcBC3Gp/vSJy5naXC4/g==",
            "content_type": "image/jpeg",
            "delete_all_object_versions": false,
            "id": "n/lr4poue3hwjl/b/ewp_image_store/o/weddings%2FBeth%20and%20Tom%2F14.jpg",
            "metadata": {},
            "namespace": "lr4poue3hwjl",
            "object": "weddings/Beth and Tom/14.jpg",
            "opc_sse_kms_key_id": null,
            "source": "assets/weddings/Beth and Tom/14.jpg 2016-03-09 09:12:44 +0000 GMT",
            "source_uri_details": [],
            "state": "COMPLETED",
            "storage_tier": "Standard",
            "timeouts": null,
            "version_id": "071128e9-d275-487f-8254-8593f80562ce",
            "work_request_id": ""
          },
          "sensitive_attributes": [],
          "private": "eyJlMmJmYjczMC1lY2FhLTExZTYtOGY4OC0zNDM2M2JjN2M0YzAiOnsiY3JlYXRlIjoxMjAwMDAwMDAwMDAwLCJkZWxldGUiOjEyMDAwMDAwMDAwMDAsInVwZGF0ZSI6MTIwMDAwMDAwMDAwMH19",
          "dependencies": [
            "module.object-storage.oci_objectstorage_bucket.ewp_image_storage"
          ]
        },
        {
          "index_key": 74,
          "schema_version": 0,
          "attributes": {
            "bucket": "ewp_image_store",
            "cache_control": null,
            "content": null,
            "content_disposition": null,
            "content_encoding": null,
            "content_language": null,
            "content_length": "543054",
            "content_md5": "CX0WBpdTORw8wEISYtrRdg==",
            "content_type": "image/jpeg",
            "delete_all_object_versions": false,
            "id": "n/lr4poue3hwjl/b/ewp_image_store/o/weddings%2FBeth%20and%20Tom%2F15.jpg",
            "metadata": {},
            "namespace": "lr4poue3hwjl",
            "object": "weddings/Beth and Tom/15.jpg",
            "opc_sse_kms_key_id": null,
            "source": "assets/weddings/Beth and Tom/15.jpg 2016-03-09 09:12:49 +0000 GMT",
            "source_uri_details": [],
            "state": "COMPLETED",
            "storage_tier": "Standard",
            "timeouts": null,
            "version_id": "bc814215-3ca2-44ed-b0de-aca290e66d7e",
            "work_request_id": ""
          },
          "sensitive_attributes": [],
          "private": "eyJlMmJmYjczMC1lY2FhLTExZTYtOGY4OC0zNDM2M2JjN2M0YzAiOnsiY3JlYXRlIjoxMjAwMDAwMDAwMDAwLCJkZWxldGUiOjEyMDAwMDAwMDAwMDAsInVwZGF0ZSI6MTIwMDAwMDAwMDAwMH19",
          "dependencies": [
            "module.object-storage.oci_objectstorage_bucket.ewp_image_storage"
          ]
        },
        {
          "index_key": 75,
          "schema_version": 0,
          "attributes": {
            "bucket": "ewp_image_store",
            "cache_control": null,
            "content": null,
            "content_disposition": null,
            "content_encoding": null,
            "content_language": null,
            "content_length": "1481846",
            "content_md5": "79TtD86CF/9keApZ1onMRQ==",
            "content_type": "image/jpeg",
            "delete_all_object_versions": false,
            "id": "n/lr4poue3hwjl/b/ewp_image_store/o/weddings%2FBeth%20and%20Tom%2F16.jpg",
            "metadata": {},
            "namespace": "lr4poue3hwjl",
            "object": "weddings/Beth and Tom/16.jpg",
            "opc_sse_kms_key_id": null,
            "source": "assets/weddings/Beth and Tom/16.jpg 2016-03-09 09:12:55 +0000 GMT",
            "source_uri_details": [],
            "state": "COMPLETED",
            "storage_tier": "Standard",
            "timeouts": null,
            "version_id": "e9ad2594-b436-4f2f-80d0-c095697ea932",
            "work_request_id": ""
          },
          "sensitive_attributes": [],
          "private": "eyJlMmJmYjczMC1lY2FhLTExZTYtOGY4OC0zNDM2M2JjN2M0YzAiOnsiY3JlYXRlIjoxMjAwMDAwMDAwMDAwLCJkZWxldGUiOjEyMDAwMDAwMDAwMDAsInVwZGF0ZSI6MTIwMDAwMDAwMDAwMH19",
          "dependencies": [
            "module.object-storage.oci_objectstorage_bucket.ewp_image_storage"
          ]
        },
        {
          "index_key": 76,
          "schema_version": 0,
          "attributes": {
            "bucket": "ewp_image_store",
            "cache_control": null,
            "content": null,
            "content_disposition": null,
            "content_encoding": null,
            "content_language": null,
            "content_length": "992427",
            "content_md5": "bnGf9vk1NTwZ/WpMIZ7Wzw==",
            "content_type": "image/jpeg",
            "delete_all_object_versions": false,
            "id": "n/lr4poue3hwjl/b/ewp_image_store/o/weddings%2FBeth%20and%20Tom%2F17.jpg",
            "metadata": {},
            "namespace": "lr4poue3hwjl",
            "object": "weddings/Beth and Tom/17.jpg",
            "opc_sse_kms_key_id": null,
            "source": "assets/weddings/Beth and Tom/17.jpg 2016-03-09 09:13:01 +0000 GMT",
            "source_uri_details": [],
            "state": "COMPLETED",
            "storage_tier": "Standard",
            "timeouts": null,
            "version_id": "08e8360c-4b5a-4aec-b61e-888bb5b53af6",
            "work_request_id": ""
          },
          "sensitive_attributes": [],
          "private": "eyJlMmJmYjczMC1lY2FhLTExZTYtOGY4OC0zNDM2M2JjN2M0YzAiOnsiY3JlYXRlIjoxMjAwMDAwMDAwMDAwLCJkZWxldGUiOjEyMDAwMDAwMDAwMDAsInVwZGF0ZSI6MTIwMDAwMDAwMDAwMH19",
          "dependencies": [
            "module.object-storage.oci_objectstorage_bucket.ewp_image_storage"
          ]
        },
        {
          "index_key": 77,
          "schema_version": 0,
          "attributes": {
            "bucket": "ewp_image_store",
            "cache_control": null,
            "content": null,
            "content_disposition": null,
            "content_encoding": null,
            "content_language": null,
            "content_length": "665783",
            "content_md5": "y7An1UYW3jLN6dvhYAS//Q==",
            "content_type": "image/jpeg",
            "delete_all_object_versions": false,
            "id": "n/lr4poue3hwjl/b/ewp_image_store/o/weddings%2FBeth%20and%20Tom%2F18.jpg",
            "metadata": {},
            "namespace": "lr4poue3hwjl",
            "object": "weddings/Beth and Tom/18.jpg",
            "opc_sse_kms_key_id": null,
            "source": "assets/weddings/Beth and Tom/18.jpg 2016-03-09 09:13:07 +0000 GMT",
            "source_uri_details": [],
            "state": "COMPLETED",
            "storage_tier": "Standard",
            "timeouts": null,
            "version_id": "64c9687c-081f-4ee7-9704-b9321246d869",
            "work_request_id": ""
          },
          "sensitive_attributes": [],
          "private": "eyJlMmJmYjczMC1lY2FhLTExZTYtOGY4OC0zNDM2M2JjN2M0YzAiOnsiY3JlYXRlIjoxMjAwMDAwMDAwMDAwLCJkZWxldGUiOjEyMDAwMDAwMDAwMDAsInVwZGF0ZSI6MTIwMDAwMDAwMDAwMH19",
          "dependencies": [
            "module.object-storage.oci_objectstorage_bucket.ewp_image_storage"
          ]
        },
        {
          "index_key": 78,
          "schema_version": 0,
          "attributes": {
            "bucket": "ewp_image_store",
            "cache_control": null,
            "content": null,
            "content_disposition": null,
            "content_encoding": null,
            "content_language": null,
            "content_length": "1157680",
            "content_md5": "AfZFObVpKQuye5S482gvOg==",
            "content_type": "image/jpeg",
            "delete_all_object_versions": false,
            "id": "n/lr4poue3hwjl/b/ewp_image_store/o/weddings%2FBeth%20and%20Tom%2F19.jpg",
            "metadata": {},
            "namespace": "lr4poue3hwjl",
            "object": "weddings/Beth and Tom/19.jpg",
            "opc_sse_kms_key_id": null,
            "source": "assets/weddings/Beth and Tom/19.jpg 2016-03-09 09:13:13 +0000 GMT",
            "source_uri_details": [],
            "state": "COMPLETED",
            "storage_tier": "Standard",
            "timeouts": null,
            "version_id": "e82efc6c-b4bf-4440-b15d-3e152aeb82b8",
            "work_request_id": ""
          },
          "sensitive_attributes": [],
          "private": "eyJlMmJmYjczMC1lY2FhLTExZTYtOGY4OC0zNDM2M2JjN2M0YzAiOnsiY3JlYXRlIjoxMjAwMDAwMDAwMDAwLCJkZWxldGUiOjEyMDAwMDAwMDAwMDAsInVwZGF0ZSI6MTIwMDAwMDAwMDAwMH19",
          "dependencies": [
            "module.object-storage.oci_objectstorage_bucket.ewp_image_storage"
          ]
        },
        {
          "index_key": 79,
          "schema_version": 0,
          "attributes": {
            "bucket": "ewp_image_store",
            "cache_control": null,
            "content": null,
            "content_disposition": null,
            "content_encoding": null,
            "content_language": null,
            "content_length": "1590856",
            "content_md5": "KX/71aKIykWorSYKNfeNjQ==",
            "content_type": "image/jpeg",
            "delete_all_object_versions": false,
            "id": "n/lr4poue3hwjl/b/ewp_image_store/o/weddings%2FBeth%20and%20Tom%2F2.jpg",
            "metadata": {},
            "namespace": "lr4poue3hwjl",
            "object": "weddings/Beth and Tom/2.jpg",
            "opc_sse_kms_key_id": null,
            "source": "assets/weddings/Beth and Tom/2.jpg 2016-03-09 09:10:59 +0000 GMT",
            "source_uri_details": [],
            "state": "COMPLETED",
            "storage_tier": "Standard",
            "timeouts": null,
            "version_id": "3dd1cb64-5ebb-486c-9732-d6fe042c37d8",
            "work_request_id": ""
          },
          "sensitive_attributes": [],
          "private": "eyJlMmJmYjczMC1lY2FhLTExZTYtOGY4OC0zNDM2M2JjN2M0YzAiOnsiY3JlYXRlIjoxMjAwMDAwMDAwMDAwLCJkZWxldGUiOjEyMDAwMDAwMDAwMDAsInVwZGF0ZSI6MTIwMDAwMDAwMDAwMH19",
          "dependencies": [
            "module.object-storage.oci_objectstorage_bucket.ewp_image_storage"
          ]
        },
        {
          "index_key": 80,
          "schema_version": 0,
          "attributes": {
            "bucket": "ewp_image_store",
            "cache_control": null,
            "content": null,
            "content_disposition": null,
            "content_encoding": null,
            "content_language": null,
            "content_length": "1285191",
            "content_md5": "TMBhnnlmodiIxqviDyFYlQ==",
            "content_type": "image/jpeg",
            "delete_all_object_versions": false,
            "id": "n/lr4poue3hwjl/b/ewp_image_store/o/weddings%2FBeth%20and%20Tom%2F20.jpg",
            "metadata": {},
            "namespace": "lr4poue3hwjl",
            "object": "weddings/Beth and Tom/20.jpg",
            "opc_sse_kms_key_id": null,
            "source": "assets/weddings/Beth and Tom/20.jpg 2016-03-09 09:13:19 +0000 GMT",
            "source_uri_details": [],
            "state": "COMPLETED",
            "storage_tier": "Standard",
            "timeouts": null,
            "version_id": "e7df59aa-97fc-4803-a2c9-0fdecddebebc",
            "work_request_id": ""
          },
          "sensitive_attributes": [],
          "private": "eyJlMmJmYjczMC1lY2FhLTExZTYtOGY4OC0zNDM2M2JjN2M0YzAiOnsiY3JlYXRlIjoxMjAwMDAwMDAwMDAwLCJkZWxldGUiOjEyMDAwMDAwMDAwMDAsInVwZGF0ZSI6MTIwMDAwMDAwMDAwMH19",
          "dependencies": [
            "module.object-storage.oci_objectstorage_bucket.ewp_image_storage"
          ]
        },
        {
          "index_key": 81,
          "schema_version": 0,
          "attributes": {
            "bucket": "ewp_image_store",
            "cache_control": null,
            "content": null,
            "content_disposition": null,
            "content_encoding": null,
            "content_language": null,
            "content_length": "1325376",
            "content_md5": "qEAW4fqv6Uo178wEgW5uag==",
            "content_type": "image/jpeg",
            "delete_all_object_versions": false,
            "id": "n/lr4poue3hwjl/b/ewp_image_store/o/weddings%2FBeth%20and%20Tom%2F21.jpg",
            "metadata": {},
            "namespace": "lr4poue3hwjl",
            "object": "weddings/Beth and Tom/21.jpg",
            "opc_sse_kms_key_id": null,
            "source": "assets/weddings/Beth and Tom/21.jpg 2016-03-09 09:13:25 +0000 GMT",
            "source_uri_details": [],
            "state": "COMPLETED",
            "storage_tier": "Standard",
            "timeouts": null,
            "version_id": "53fd7c56-44f3-4628-ab8b-7991db24e908",
            "work_request_id": ""
          },
          "sensitive_attributes": [],
          "private": "eyJlMmJmYjczMC1lY2FhLTExZTYtOGY4OC0zNDM2M2JjN2M0YzAiOnsiY3JlYXRlIjoxMjAwMDAwMDAwMDAwLCJkZWxldGUiOjEyMDAwMDAwMDAwMDAsInVwZGF0ZSI6MTIwMDAwMDAwMDAwMH19",
          "dependencies": [
            "module.object-storage.oci_objectstorage_bucket.ewp_image_storage"
          ]
        },
        {
          "index_key": 82,
          "schema_version": 0,
          "attributes": {
            "bucket": "ewp_image_store",
            "cache_control": null,
            "content": null,
            "content_disposition": null,
            "content_encoding": null,
            "content_language": null,
            "content_length": "953379",
            "content_md5": "dgPbAKh0iqVxK5bNWmermw==",
            "content_type": "image/jpeg",
            "delete_all_object_versions": false,
            "id": "n/lr4poue3hwjl/b/ewp_image_store/o/weddings%2FBeth%20and%20Tom%2F22.jpg",
            "metadata": {},
            "namespace": "lr4poue3hwjl",
            "object": "weddings/Beth and Tom/22.jpg",
            "opc_sse_kms_key_id": null,
            "source": "assets/weddings/Beth and Tom/22.jpg 2016-03-09 09:13:31 +0000 GMT",
            "source_uri_details": [],
            "state": "COMPLETED",
            "storage_tier": "Standard",
            "timeouts": null,
            "version_id": "d4ec68da-8c2c-45b7-a23b-451f01fe74db",
            "work_request_id": ""
          },
          "sensitive_attributes": [],
          "private": "eyJlMmJmYjczMC1lY2FhLTExZTYtOGY4OC0zNDM2M2JjN2M0YzAiOnsiY3JlYXRlIjoxMjAwMDAwMDAwMDAwLCJkZWxldGUiOjEyMDAwMDAwMDAwMDAsInVwZGF0ZSI6MTIwMDAwMDAwMDAwMH19",
          "dependencies": [
            "module.object-storage.oci_objectstorage_bucket.ewp_image_storage"
          ]
        },
        {
          "index_key": 83,
          "schema_version": 0,
          "attributes": {
            "bucket": "ewp_image_store",
            "cache_control": null,
            "content": null,
            "content_disposition": null,
            "content_encoding": null,
            "content_language": null,
            "content_length": "830741",
            "content_md5": "SNGGppolV1iO/72+0EPc5g==",
            "content_type": "image/jpeg",
            "delete_all_object_versions": false,
            "id": "n/lr4poue3hwjl/b/ewp_image_store/o/weddings%2FBeth%20and%20Tom%2F23.jpg",
            "metadata": {},
            "namespace": "lr4poue3hwjl",
            "object": "weddings/Beth and Tom/23.jpg",
            "opc_sse_kms_key_id": null,
            "source": "assets/weddings/Beth and Tom/23.jpg 2016-03-09 09:13:37 +0000 GMT",
            "source_uri_details": [],
            "state": "COMPLETED",
            "storage_tier": "Standard",
            "timeouts": null,
            "version_id": "9f128198-1c03-4161-9253-3cf99e7b93a1",
            "work_request_id": ""
          },
          "sensitive_attributes": [],
          "private": "eyJlMmJmYjczMC1lY2FhLTExZTYtOGY4OC0zNDM2M2JjN2M0YzAiOnsiY3JlYXRlIjoxMjAwMDAwMDAwMDAwLCJkZWxldGUiOjEyMDAwMDAwMDAwMDAsInVwZGF0ZSI6MTIwMDAwMDAwMDAwMH19",
          "dependencies": [
            "module.object-storage.oci_objectstorage_bucket.ewp_image_storage"
          ]
        },
        {
          "index_key": 84,
          "schema_version": 0,
          "attributes": {
            "bucket": "ewp_image_store",
            "cache_control": null,
            "content": null,
            "content_disposition": null,
            "content_encoding": null,
            "content_language": null,
            "content_length": "794650",
            "content_md5": "SMm5bms0X9oT9qKOFQuMmg==",
            "content_type": "image/jpeg",
            "delete_all_object_versions": false,
            "id": "n/lr4poue3hwjl/b/ewp_image_store/o/weddings%2FBeth%20and%20Tom%2F24.jpg",
            "metadata": {},
            "namespace": "lr4poue3hwjl",
            "object": "weddings/Beth and Tom/24.jpg",
            "opc_sse_kms_key_id": null,
            "source": "assets/weddings/Beth and Tom/24.jpg 2016-03-09 09:13:53 +0000 GMT",
            "source_uri_details": [],
            "state": "COMPLETED",
            "storage_tier": "Standard",
            "timeouts": null,
            "version_id": "981f2dfc-e5ca-4585-ac7f-a31bd48ee744",
            "work_request_id": ""
          },
          "sensitive_attributes": [],
          "private": "eyJlMmJmYjczMC1lY2FhLTExZTYtOGY4OC0zNDM2M2JjN2M0YzAiOnsiY3JlYXRlIjoxMjAwMDAwMDAwMDAwLCJkZWxldGUiOjEyMDAwMDAwMDAwMDAsInVwZGF0ZSI6MTIwMDAwMDAwMDAwMH19",
          "dependencies": [
            "module.object-storage.oci_objectstorage_bucket.ewp_image_storage"
          ]
        },
        {
          "index_key": 85,
          "schema_version": 0,
          "attributes": {
            "bucket": "ewp_image_store",
            "cache_control": null,
            "content": null,
            "content_disposition": null,
            "content_encoding": null,
            "content_language": null,
            "content_length": "607508",
            "content_md5": "IdWr+fQqfkpyQwPR+GuHfQ==",
            "content_type": "image/jpeg",
            "delete_all_object_versions": false,
            "id": "n/lr4poue3hwjl/b/ewp_image_store/o/weddings%2FBeth%20and%20Tom%2F25.jpg",
            "metadata": {},
            "namespace": "lr4poue3hwjl",
            "object": "weddings/Beth and Tom/25.jpg",
            "opc_sse_kms_key_id": null,
            "source": "assets/weddings/Beth and Tom/25.jpg 2016-03-09 09:13:59 +0000 GMT",
            "source_uri_details": [],
            "state": "COMPLETED",
            "storage_tier": "Standard",
            "timeouts": null,
            "version_id": "23e866f0-2a07-48f0-bcc5-0824ae3a9b84",
            "work_request_id": ""
          },
          "sensitive_attributes": [],
          "private": "eyJlMmJmYjczMC1lY2FhLTExZTYtOGY4OC0zNDM2M2JjN2M0YzAiOnsiY3JlYXRlIjoxMjAwMDAwMDAwMDAwLCJkZWxldGUiOjEyMDAwMDAwMDAwMDAsInVwZGF0ZSI6MTIwMDAwMDAwMDAwMH19",
          "dependencies": [
            "module.object-storage.oci_objectstorage_bucket.ewp_image_storage"
          ]
        },
        {
          "index_key": 86,
          "schema_version": 0,
          "attributes": {
            "bucket": "ewp_image_store",
            "cache_control": null,
            "content": null,
            "content_disposition": null,
            "content_encoding": null,
            "content_language": null,
            "content_length": "365175",
            "content_md5": "CL3JBv4VMFbJQYCAC6hCig==",
            "content_type": "image/jpeg",
            "delete_all_object_versions": false,
            "id": "n/lr4poue3hwjl/b/ewp_image_store/o/weddings%2FBeth%20and%20Tom%2F26.jpg",
            "metadata": {},
            "namespace": "lr4poue3hwjl",
            "object": "weddings/Beth and Tom/26.jpg",
            "opc_sse_kms_key_id": null,
            "source": "assets/weddings/Beth and Tom/26.jpg 2016-03-09 09:14:05 +0000 GMT",
            "source_uri_details": [],
            "state": "COMPLETED",
            "storage_tier": "Standard",
            "timeouts": null,
            "version_id": "2336241d-1420-4bff-a067-67e43a742b38",
            "work_request_id": ""
          },
          "sensitive_attributes": [],
          "private": "eyJlMmJmYjczMC1lY2FhLTExZTYtOGY4OC0zNDM2M2JjN2M0YzAiOnsiY3JlYXRlIjoxMjAwMDAwMDAwMDAwLCJkZWxldGUiOjEyMDAwMDAwMDAwMDAsInVwZGF0ZSI6MTIwMDAwMDAwMDAwMH19",
          "dependencies": [
            "module.object-storage.oci_objectstorage_bucket.ewp_image_storage"
          ]
        },
        {
          "index_key": 87,
          "schema_version": 0,
          "attributes": {
            "bucket": "ewp_image_store",
            "cache_control": null,
            "content": null,
            "content_disposition": null,
            "content_encoding": null,
            "content_language": null,
            "content_length": "385038",
            "content_md5": "Bj4KPrGczCll8VrQrDScZw==",
            "content_type": "image/jpeg",
            "delete_all_object_versions": false,
            "id": "n/lr4poue3hwjl/b/ewp_image_store/o/weddings%2FBeth%20and%20Tom%2F27.jpg",
            "metadata": {},
            "namespace": "lr4poue3hwjl",
            "object": "weddings/Beth and Tom/27.jpg",
            "opc_sse_kms_key_id": null,
            "source": "assets/weddings/Beth and Tom/27.jpg 2016-03-09 09:14:11 +0000 GMT",
            "source_uri_details": [],
            "state": "COMPLETED",
            "storage_tier": "Standard",
            "timeouts": null,
            "version_id": "e673088f-6b18-4331-a6e4-1e0330d8d635",
            "work_request_id": ""
          },
          "sensitive_attributes": [],
          "private": "eyJlMmJmYjczMC1lY2FhLTExZTYtOGY4OC0zNDM2M2JjN2M0YzAiOnsiY3JlYXRlIjoxMjAwMDAwMDAwMDAwLCJkZWxldGUiOjEyMDAwMDAwMDAwMDAsInVwZGF0ZSI6MTIwMDAwMDAwMDAwMH19",
          "dependencies": [
            "module.object-storage.oci_objectstorage_bucket.ewp_image_storage"
          ]
        },
        {
          "index_key": 88,
          "schema_version": 0,
          "attributes": {
            "bucket": "ewp_image_store",
            "cache_control": null,
            "content": null,
            "content_disposition": null,
            "content_encoding": null,
            "content_language": null,
            "content_length": "438764",
            "content_md5": "NNrA8qg2PF7kKqOiTVQCtw==",
            "content_type": "image/jpeg",
            "delete_all_object_versions": false,
            "id": "n/lr4poue3hwjl/b/ewp_image_store/o/weddings%2FBeth%20and%20Tom%2F28.jpg",
            "metadata": {},
            "namespace": "lr4poue3hwjl",
            "object": "weddings/Beth and Tom/28.jpg",
            "opc_sse_kms_key_id": null,
            "source": "assets/weddings/Beth and Tom/28.jpg 2016-03-09 09:14:22 +0000 GMT",
            "source_uri_details": [],
            "state": "COMPLETED",
            "storage_tier": "Standard",
            "timeouts": null,
            "version_id": "1f88e82c-92c6-4acc-9afe-387b5190acc3",
            "work_request_id": ""
          },
          "sensitive_attributes": [],
          "private": "eyJlMmJmYjczMC1lY2FhLTExZTYtOGY4OC0zNDM2M2JjN2M0YzAiOnsiY3JlYXRlIjoxMjAwMDAwMDAwMDAwLCJkZWxldGUiOjEyMDAwMDAwMDAwMDAsInVwZGF0ZSI6MTIwMDAwMDAwMDAwMH19",
          "dependencies": [
            "module.object-storage.oci_objectstorage_bucket.ewp_image_storage"
          ]
        },
        {
          "index_key": 89,
          "schema_version": 0,
          "attributes": {
            "bucket": "ewp_image_store",
            "cache_control": null,
            "content": null,
            "content_disposition": null,
            "content_encoding": null,
            "content_language": null,
            "content_length": "166078",
            "content_md5": "OsfHRBZO/1aZE5YbTlZmBg==",
            "content_type": "image/jpeg",
            "delete_all_object_versions": false,
            "id": "n/lr4poue3hwjl/b/ewp_image_store/o/weddings%2FBeth%20and%20Tom%2F29.jpg",
            "metadata": {},
            "namespace": "lr4poue3hwjl",
            "object": "weddings/Beth and Tom/29.jpg",
            "opc_sse_kms_key_id": null,
            "source": "assets/weddings/Beth and Tom/29.jpg 2016-03-09 09:14:28 +0000 GMT",
            "source_uri_details": [],
            "state": "COMPLETED",
            "storage_tier": "Standard",
            "timeouts": null,
            "version_id": "f528eaf6-7fa3-477c-a2dd-a914de09d8e2",
            "work_request_id": ""
          },
          "sensitive_attributes": [],
          "private": "eyJlMmJmYjczMC1lY2FhLTExZTYtOGY4OC0zNDM2M2JjN2M0YzAiOnsiY3JlYXRlIjoxMjAwMDAwMDAwMDAwLCJkZWxldGUiOjEyMDAwMDAwMDAwMDAsInVwZGF0ZSI6MTIwMDAwMDAwMDAwMH19",
          "dependencies": [
            "module.object-storage.oci_objectstorage_bucket.ewp_image_storage"
          ]
        },
        {
          "index_key": 90,
          "schema_version": 0,
          "attributes": {
            "bucket": "ewp_image_store",
            "cache_control": null,
            "content": null,
            "content_disposition": null,
            "content_encoding": null,
            "content_language": null,
            "content_length": "863850",
            "content_md5": "HDJ2jMBmpe6hkFBpUE/Giw==",
            "content_type": "image/jpeg",
            "delete_all_object_versions": false,
            "id": "n/lr4poue3hwjl/b/ewp_image_store/o/weddings%2FBeth%20and%20Tom%2F3.jpg",
            "metadata": {},
            "namespace": "lr4poue3hwjl",
            "object": "weddings/Beth and Tom/3.jpg",
            "opc_sse_kms_key_id": null,
            "source": "assets/weddings/Beth and Tom/3.jpg 2016-03-09 09:11:35 +0000 GMT",
            "source_uri_details": [],
            "state": "COMPLETED",
            "storage_tier": "Standard",
            "timeouts": null,
            "version_id": "93b2b420-daa9-4d5a-8558-ff1c06e34bca",
            "work_request_id": ""
          },
          "sensitive_attributes": [],
          "private": "eyJlMmJmYjczMC1lY2FhLTExZTYtOGY4OC0zNDM2M2JjN2M0YzAiOnsiY3JlYXRlIjoxMjAwMDAwMDAwMDAwLCJkZWxldGUiOjEyMDAwMDAwMDAwMDAsInVwZGF0ZSI6MTIwMDAwMDAwMDAwMH19",
          "dependencies": [
            "module.object-storage.oci_objectstorage_bucket.ewp_image_storage"
          ]
        },
        {
          "index_key": 91,
          "schema_version": 0,
          "attributes": {
            "bucket": "ewp_image_store",
            "cache_control": null,
            "content": null,
            "content_disposition": null,
            "content_encoding": null,
            "content_language": null,
            "content_length": "380470",
            "content_md5": "4A7Y57QFbGk5QgMlf2c15w==",
            "content_type": "image/jpeg",
            "delete_all_object_versions": false,
            "id": "n/lr4poue3hwjl/b/ewp_image_store/o/weddings%2FBeth%20and%20Tom%2F30.jpg",
            "metadata": {},
            "namespace": "lr4poue3hwjl",
            "object": "weddings/Beth and Tom/30.jpg",
            "opc_sse_kms_key_id": null,
            "source": "assets/weddings/Beth and Tom/30.jpg 2016-03-09 09:14:33 +0000 GMT",
            "source_uri_details": [],
            "state": "COMPLETED",
            "storage_tier": "Standard",
            "timeouts": null,
            "version_id": "3ada8282-1735-4c43-8ffc-9b9cfe9321ce",
            "work_request_id": ""
          },
          "sensitive_attributes": [],
          "private": "eyJlMmJmYjczMC1lY2FhLTExZTYtOGY4OC0zNDM2M2JjN2M0YzAiOnsiY3JlYXRlIjoxMjAwMDAwMDAwMDAwLCJkZWxldGUiOjEyMDAwMDAwMDAwMDAsInVwZGF0ZSI6MTIwMDAwMDAwMDAwMH19",
          "dependencies": [
            "module.object-storage.oci_objectstorage_bucket.ewp_image_storage"
          ]
        },
        {
          "index_key": 92,
          "schema_version": 0,
          "attributes": {
            "bucket": "ewp_image_store",
            "cache_control": null,
            "content": null,
            "content_disposition": null,
            "content_encoding": null,
            "content_language": null,
            "content_length": "483411",
            "content_md5": "+EJcpaYUqXTH7s1Wiag2mA==",
            "content_type": "image/jpeg",
            "delete_all_object_versions": false,
            "id": "n/lr4poue3hwjl/b/ewp_image_store/o/weddings%2FBeth%20and%20Tom%2F31.jpg",
            "metadata": {},
            "namespace": "lr4poue3hwjl",
            "object": "weddings/Beth and Tom/31.jpg",
            "opc_sse_kms_key_id": null,
            "source": "assets/weddings/Beth and Tom/31.jpg 2016-03-09 09:14:38 +0000 GMT",
            "source_uri_details": [],
            "state": "COMPLETED",
            "storage_tier": "Standard",
            "timeouts": null,
            "version_id": "d1820b77-2a08-45f3-97ba-ecec003acf86",
            "work_request_id": ""
          },
          "sensitive_attributes": [],
          "private": "eyJlMmJmYjczMC1lY2FhLTExZTYtOGY4OC0zNDM2M2JjN2M0YzAiOnsiY3JlYXRlIjoxMjAwMDAwMDAwMDAwLCJkZWxldGUiOjEyMDAwMDAwMDAwMDAsInVwZGF0ZSI6MTIwMDAwMDAwMDAwMH19",
          "dependencies": [
            "module.object-storage.oci_objectstorage_bucket.ewp_image_storage"
          ]
        },
        {
          "index_key": 93,
          "schema_version": 0,
          "attributes": {
            "bucket": "ewp_image_store",
            "cache_control": null,
            "content": null,
            "content_disposition": null,
            "content_encoding": null,
            "content_language": null,
            "content_length": "904851",
            "content_md5": "cCL4EhoqJprvNkrQ37LkOQ==",
            "content_type": "image/jpeg",
            "delete_all_object_versions": false,
            "id": "n/lr4poue3hwjl/b/ewp_image_store/o/weddings%2FBeth%20and%20Tom%2F32.jpg",
            "metadata": {},
            "namespace": "lr4poue3hwjl",
            "object": "weddings/Beth and Tom/32.jpg",
            "opc_sse_kms_key_id": null,
            "source": "assets/weddings/Beth and Tom/32.jpg 2016-03-09 09:14:44 +0000 GMT",
            "source_uri_details": [],
            "state": "COMPLETED",
            "storage_tier": "Standard",
            "timeouts": null,
            "version_id": "601d2d81-b28a-4aa3-8dcc-ac0ab3941b38",
            "work_request_id": ""
          },
          "sensitive_attributes": [],
          "private": "eyJlMmJmYjczMC1lY2FhLTExZTYtOGY4OC0zNDM2M2JjN2M0YzAiOnsiY3JlYXRlIjoxMjAwMDAwMDAwMDAwLCJkZWxldGUiOjEyMDAwMDAwMDAwMDAsInVwZGF0ZSI6MTIwMDAwMDAwMDAwMH19",
          "dependencies": [
            "module.object-storage.oci_objectstorage_bucket.ewp_image_storage"
          ]
        },
        {
          "index_key": 94,
          "schema_version": 0,
          "attributes": {
            "bucket": "ewp_image_store",
            "cache_control": null,
            "content": null,
            "content_disposition": null,
            "content_encoding": null,
            "content_language": null,
            "content_length": "489482",
            "content_md5": "2PApPZ7TPbGn14gMAEdH3g==",
            "content_type": "image/jpeg",
            "delete_all_object_versions": false,
            "id": "n/lr4poue3hwjl/b/ewp_image_store/o/weddings%2FBeth%20and%20Tom%2F33.jpg",
            "metadata": {},
            "namespace": "lr4poue3hwjl",
            "object": "weddings/Beth and Tom/33.jpg",
            "opc_sse_kms_key_id": null,
            "source": "assets/weddings/Beth and Tom/33.jpg 2016-03-09 09:14:50 +0000 GMT",
            "source_uri_details": [],
            "state": "COMPLETED",
            "storage_tier": "Standard",
            "timeouts": null,
            "version_id": "43ff6b0a-6b69-4db2-9da2-0afa905010b2",
            "work_request_id": ""
          },
          "sensitive_attributes": [],
          "private": "eyJlMmJmYjczMC1lY2FhLTExZTYtOGY4OC0zNDM2M2JjN2M0YzAiOnsiY3JlYXRlIjoxMjAwMDAwMDAwMDAwLCJkZWxldGUiOjEyMDAwMDAwMDAwMDAsInVwZGF0ZSI6MTIwMDAwMDAwMDAwMH19",
          "dependencies": [
            "module.object-storage.oci_objectstorage_bucket.ewp_image_storage"
          ]
        },
        {
          "index_key": 95,
          "schema_version": 0,
          "attributes": {
            "bucket": "ewp_image_store",
            "cache_control": null,
            "content": null,
            "content_disposition": null,
            "content_encoding": null,
            "content_language": null,
            "content_length": "1014293",
            "content_md5": "rqyJOVnF1mwYx5+8YVKz2g==",
            "content_type": "image/jpeg",
            "delete_all_object_versions": false,
            "id": "n/lr4poue3hwjl/b/ewp_image_store/o/weddings%2FBeth%20and%20Tom%2F34.jpg",
            "metadata": {},
            "namespace": "lr4poue3hwjl",
            "object": "weddings/Beth and Tom/34.jpg",
            "opc_sse_kms_key_id": null,
            "source": "assets/weddings/Beth and Tom/34.jpg 2016-03-09 09:14:56 +0000 GMT",
            "source_uri_details": [],
            "state": "COMPLETED",
            "storage_tier": "Standard",
            "timeouts": null,
            "version_id": "b1cd0de9-a6eb-4153-996f-717e6d0b61f7",
            "work_request_id": ""
          },
          "sensitive_attributes": [],
          "private": "eyJlMmJmYjczMC1lY2FhLTExZTYtOGY4OC0zNDM2M2JjN2M0YzAiOnsiY3JlYXRlIjoxMjAwMDAwMDAwMDAwLCJkZWxldGUiOjEyMDAwMDAwMDAwMDAsInVwZGF0ZSI6MTIwMDAwMDAwMDAwMH19",
          "dependencies": [
            "module.object-storage.oci_objectstorage_bucket.ewp_image_storage"
          ]
        },
        {
          "index_key": 96,
          "schema_version": 0,
          "attributes": {
            "bucket": "ewp_image_store",
            "cache_control": null,
            "content": null,
            "content_disposition": null,
            "content_encoding": null,
            "content_language": null,
            "content_length": "685838",
            "content_md5": "l0K36JAZIFECiaeV1hhapg==",
            "content_type": "image/jpeg",
            "delete_all_object_versions": false,
            "id": "n/lr4poue3hwjl/b/ewp_image_store/o/weddings%2FBeth%20and%20Tom%2F35.jpg",
            "metadata": {},
            "namespace": "lr4poue3hwjl",
            "object": "weddings/Beth and Tom/35.jpg",
            "opc_sse_kms_key_id": null,
            "source": "assets/weddings/Beth and Tom/35.jpg 2016-03-09 09:15:02 +0000 GMT",
            "source_uri_details": [],
            "state": "COMPLETED",
            "storage_tier": "Standard",
            "timeouts": null,
            "version_id": "64ad6444-2b4d-4944-95f4-8f65ca8c87c3",
            "work_request_id": ""
          },
          "sensitive_attributes": [],
          "private": "eyJlMmJmYjczMC1lY2FhLTExZTYtOGY4OC0zNDM2M2JjN2M0YzAiOnsiY3JlYXRlIjoxMjAwMDAwMDAwMDAwLCJkZWxldGUiOjEyMDAwMDAwMDAwMDAsInVwZGF0ZSI6MTIwMDAwMDAwMDAwMH19",
          "dependencies": [
            "module.object-storage.oci_objectstorage_bucket.ewp_image_storage"
          ]
        },
        {
          "index_key": 97,
          "schema_version": 0,
          "attributes": {
            "bucket": "ewp_image_store",
            "cache_control": null,
            "content": null,
            "content_disposition": null,
            "content_encoding": null,
            "content_language": null,
            "content_length": "482854",
            "content_md5": "5SGo4HO4lAh3yHOH2hJKPQ==",
            "content_type": "image/jpeg",
            "delete_all_object_versions": false,
            "id": "n/lr4poue3hwjl/b/ewp_image_store/o/weddings%2FBeth%20and%20Tom%2F36.jpg",
            "metadata": {},
            "namespace": "lr4poue3hwjl",
            "object": "weddings/Beth and Tom/36.jpg",
            "opc_sse_kms_key_id": null,
            "source": "assets/weddings/Beth and Tom/36.jpg 2016-03-09 09:15:07 +0000 GMT",
            "source_uri_details": [],
            "state": "COMPLETED",
            "storage_tier": "Standard",
            "timeouts": null,
            "version_id": "55ad35b7-c049-44e9-9890-2eaee37f7459",
            "work_request_id": ""
          },
          "sensitive_attributes": [],
          "private": "eyJlMmJmYjczMC1lY2FhLTExZTYtOGY4OC0zNDM2M2JjN2M0YzAiOnsiY3JlYXRlIjoxMjAwMDAwMDAwMDAwLCJkZWxldGUiOjEyMDAwMDAwMDAwMDAsInVwZGF0ZSI6MTIwMDAwMDAwMDAwMH19",
          "dependencies": [
            "module.object-storage.oci_objectstorage_bucket.ewp_image_storage"
          ]
        },
        {
          "index_key": 98,
          "schema_version": 0,
          "attributes": {
            "bucket": "ewp_image_store",
            "cache_control": null,
            "content": null,
            "content_disposition": null,
            "content_encoding": null,
            "content_language": null,
            "content_length": "698999",
            "content_md5": "nHh4CTPCLgzpGZ3bb2AK9A==",
            "content_type": "image/jpeg",
            "delete_all_object_versions": false,
            "id": "n/lr4poue3hwjl/b/ewp_image_store/o/weddings%2FBeth%20and%20Tom%2F37.jpg",
            "metadata": {},
            "namespace": "lr4poue3hwjl",
            "object": "weddings/Beth and Tom/37.jpg",
            "opc_sse_kms_key_id": null,
            "source": "assets/weddings/Beth and Tom/37.jpg 2016-03-09 09:15:14 +0000 GMT",
            "source_uri_details": [],
            "state": "COMPLETED",
            "storage_tier": "Standard",
            "timeouts": null,
            "version_id": "84caf6b3-d1aa-4d3b-927c-bddfaa3037af",
            "work_request_id": ""
          },
          "sensitive_attributes": [],
          "private": "eyJlMmJmYjczMC1lY2FhLTExZTYtOGY4OC0zNDM2M2JjN2M0YzAiOnsiY3JlYXRlIjoxMjAwMDAwMDAwMDAwLCJkZWxldGUiOjEyMDAwMDAwMDAwMDAsInVwZGF0ZSI6MTIwMDAwMDAwMDAwMH19",
          "dependencies": [
            "module.object-storage.oci_objectstorage_bucket.ewp_image_storage"
          ]
        },
        {
          "index_key": 99,
          "schema_version": 0,
          "attributes": {
            "bucket": "ewp_image_store",
            "cache_control": null,
            "content": null,
            "content_disposition": null,
            "content_encoding": null,
            "content_language": null,
            "content_length": "687082",
            "content_md5": "dGQIMDWilajQfCGOxLCE7w==",
            "content_type": "image/jpeg",
            "delete_all_object_versions": false,
            "id": "n/lr4poue3hwjl/b/ewp_image_store/o/weddings%2FBeth%20and%20Tom%2F38.jpg",
            "metadata": {},
            "namespace": "lr4poue3hwjl",
            "object": "weddings/Beth and Tom/38.jpg",
            "opc_sse_kms_key_id": null,
            "source": "assets/weddings/Beth and Tom/38.jpg 2016-03-09 09:15:23 +0000 GMT",
            "source_uri_details": [],
            "state": "COMPLETED",
            "storage_tier": "Standard",
            "timeouts": null,
            "version_id": "06f73684-4f8e-42bd-b488-06380bdb5add",
            "work_request_id": ""
          },
          "sensitive_attributes": [],
          "private": "eyJlMmJmYjczMC1lY2FhLTExZTYtOGY4OC0zNDM2M2JjN2M0YzAiOnsiY3JlYXRlIjoxMjAwMDAwMDAwMDAwLCJkZWxldGUiOjEyMDAwMDAwMDAwMDAsInVwZGF0ZSI6MTIwMDAwMDAwMDAwMH19",
          "dependencies": [
            "module.object-storage.oci_objectstorage_bucket.ewp_image_storage"
          ]
        },
        {
          "index_key": 100,
          "schema_version": 0,
          "attributes": {
            "bucket": "ewp_image_store",
            "cache_control": null,
            "content": null,
            "content_disposition": null,
            "content_encoding": null,
            "content_language": null,
            "content_length": "1066211",
            "content_md5": "RKlXOqmqEuRJqBPobVj1ow==",
            "content_type": "image/jpeg",
            "delete_all_object_versions": false,
            "id": "n/lr4poue3hwjl/b/ewp_image_store/o/weddings%2FBeth%20and%20Tom%2F39.jpg",
            "metadata": {},
            "namespace": "lr4poue3hwjl",
            "object": "weddings/Beth and Tom/39.jpg",
            "opc_sse_kms_key_id": null,
            "source": "assets/weddings/Beth and Tom/39.jpg 2016-03-09 09:15:30 +0000 GMT",
            "source_uri_details": [],
            "state": "COMPLETED",
            "storage_tier": "Standard",
            "timeouts": null,
            "version_id": "a47a7300-6d1b-4f0d-a62b-145734d211d8",
            "work_request_id": ""
          },
          "sensitive_attributes": [],
          "private": "eyJlMmJmYjczMC1lY2FhLTExZTYtOGY4OC0zNDM2M2JjN2M0YzAiOnsiY3JlYXRlIjoxMjAwMDAwMDAwMDAwLCJkZWxldGUiOjEyMDAwMDAwMDAwMDAsInVwZGF0ZSI6MTIwMDAwMDAwMDAwMH19",
          "dependencies": [
            "module.object-storage.oci_objectstorage_bucket.ewp_image_storage"
          ]
        },
        {
          "index_key": 101,
          "schema_version": 0,
          "attributes": {
            "bucket": "ewp_image_store",
            "cache_control": null,
            "content": null,
            "content_disposition": null,
            "content_encoding": null,
            "content_language": null,
            "content_length": "1408755",
            "content_md5": "8Ka1iYVRWF6PmZUW2gyaOA==",
            "content_type": "image/jpeg",
            "delete_all_object_versions": false,
            "id": "n/lr4poue3hwjl/b/ewp_image_store/o/weddings%2FBeth%20and%20Tom%2F4.jpg",
            "metadata": {},
            "namespace": "lr4poue3hwjl",
            "object": "weddings/Beth and Tom/4.jpg",
            "opc_sse_kms_key_id": null,
            "source": "assets/weddings/Beth and Tom/4.jpg 2016-03-09 09:11:42 +0000 GMT",
            "source_uri_details": [],
            "state": "COMPLETED",
            "storage_tier": "Standard",
            "timeouts": null,
            "version_id": "1699a5a5-ba85-4b26-843f-d400214504e7",
            "work_request_id": ""
          },
          "sensitive_attributes": [],
          "private": "eyJlMmJmYjczMC1lY2FhLTExZTYtOGY4OC0zNDM2M2JjN2M0YzAiOnsiY3JlYXRlIjoxMjAwMDAwMDAwMDAwLCJkZWxldGUiOjEyMDAwMDAwMDAwMDAsInVwZGF0ZSI6MTIwMDAwMDAwMDAwMH19",
          "dependencies": [
            "module.object-storage.oci_objectstorage_bucket.ewp_image_storage"
          ]
        },
        {
          "index_key": 102,
          "schema_version": 0,
          "attributes": {
            "bucket": "ewp_image_store",
            "cache_control": null,
            "content": null,
            "content_disposition": null,
            "content_encoding": null,
            "content_language": null,
            "content_length": "330202",
            "content_md5": "5ZWRpY9JwQmIq3b+4/JE9w==",
            "content_type": "image/jpeg",
            "delete_all_object_versions": false,
            "id": "n/lr4poue3hwjl/b/ewp_image_store/o/weddings%2FBeth%20and%20Tom%2F40.jpg",
            "metadata": {},
            "namespace": "lr4poue3hwjl",
            "object": "weddings/Beth and Tom/40.jpg",
            "opc_sse_kms_key_id": null,
            "source": "assets/weddings/Beth and Tom/40.jpg 2016-03-09 09:15:35 +0000 GMT",
            "source_uri_details": [],
            "state": "COMPLETED",
            "storage_tier": "Standard",
            "timeouts": null,
            "version_id": "edc9dadc-7dee-4515-ab60-c2d2c431fd69",
            "work_request_id": ""
          },
          "sensitive_attributes": [],
          "private": "eyJlMmJmYjczMC1lY2FhLTExZTYtOGY4OC0zNDM2M2JjN2M0YzAiOnsiY3JlYXRlIjoxMjAwMDAwMDAwMDAwLCJkZWxldGUiOjEyMDAwMDAwMDAwMDAsInVwZGF0ZSI6MTIwMDAwMDAwMDAwMH19",
          "dependencies": [
            "module.object-storage.oci_objectstorage_bucket.ewp_image_storage"
          ]
        },
        {
          "index_key": 103,
          "schema_version": 0,
          "attributes": {
            "bucket": "ewp_image_store",
            "cache_control": null,
            "content": null,
            "content_disposition": null,
            "content_encoding": null,
            "content_language": null,
            "content_length": "709812",
            "content_md5": "5+pYjVXfjTVRPOABDqhxhg==",
            "content_type": "image/jpeg",
            "delete_all_object_versions": false,
            "id": "n/lr4poue3hwjl/b/ewp_image_store/o/weddings%2FBeth%20and%20Tom%2F41.jpg",
            "metadata": {},
            "namespace": "lr4poue3hwjl",
            "object": "weddings/Beth and Tom/41.jpg",
            "opc_sse_kms_key_id": null,
            "source": "assets/weddings/Beth and Tom/41.jpg 2016-03-09 09:15:41 +0000 GMT",
            "source_uri_details": [],
            "state": "COMPLETED",
            "storage_tier": "Standard",
            "timeouts": null,
            "version_id": "91bf3ced-2cd1-4157-bfb9-bed23d964dda",
            "work_request_id": ""
          },
          "sensitive_attributes": [],
          "private": "eyJlMmJmYjczMC1lY2FhLTExZTYtOGY4OC0zNDM2M2JjN2M0YzAiOnsiY3JlYXRlIjoxMjAwMDAwMDAwMDAwLCJkZWxldGUiOjEyMDAwMDAwMDAwMDAsInVwZGF0ZSI6MTIwMDAwMDAwMDAwMH19",
          "dependencies": [
            "module.object-storage.oci_objectstorage_bucket.ewp_image_storage"
          ]
        },
        {
          "index_key": 104,
          "schema_version": 0,
          "attributes": {
            "bucket": "ewp_image_store",
            "cache_control": null,
            "content": null,
            "content_disposition": null,
            "content_encoding": null,
            "content_language": null,
            "content_length": "908789",
            "content_md5": "aIY3HhVsxmW4jPp35JMlIg==",
            "content_type": "image/jpeg",
            "delete_all_object_versions": false,
            "id": "n/lr4poue3hwjl/b/ewp_image_store/o/weddings%2FBeth%20and%20Tom%2F42.jpg",
            "metadata": {},
            "namespace": "lr4poue3hwjl",
            "object": "weddings/Beth and Tom/42.jpg",
            "opc_sse_kms_key_id": null,
            "source": "assets/weddings/Beth and Tom/42.jpg 2016-03-09 09:15:48 +0000 GMT",
            "source_uri_details": [],
            "state": "COMPLETED",
            "storage_tier": "Standard",
            "timeouts": null,
            "version_id": "8ada2bef-b850-4531-89c7-215e1158844f",
            "work_request_id": ""
          },
          "sensitive_attributes": [],
          "private": "eyJlMmJmYjczMC1lY2FhLTExZTYtOGY4OC0zNDM2M2JjN2M0YzAiOnsiY3JlYXRlIjoxMjAwMDAwMDAwMDAwLCJkZWxldGUiOjEyMDAwMDAwMDAwMDAsInVwZGF0ZSI6MTIwMDAwMDAwMDAwMH19",
          "dependencies": [
            "module.object-storage.oci_objectstorage_bucket.ewp_image_storage"
          ]
        },
        {
          "index_key": 105,
          "schema_version": 0,
          "attributes": {
            "bucket": "ewp_image_store",
            "cache_control": null,
            "content": null,
            "content_disposition": null,
            "content_encoding": null,
            "content_language": null,
            "content_length": "819725",
            "content_md5": "09eLTs1jFMqjSFa0aUOgXg==",
            "content_type": "image/jpeg",
            "delete_all_object_versions": false,
            "id": "n/lr4poue3hwjl/b/ewp_image_store/o/weddings%2FBeth%20and%20Tom%2F43.jpg",
            "metadata": {},
            "namespace": "lr4poue3hwjl",
            "object": "weddings/Beth and Tom/43.jpg",
            "opc_sse_kms_key_id": null,
            "source": "assets/weddings/Beth and Tom/43.jpg 2016-03-09 09:15:54 +0000 GMT",
            "source_uri_details": [],
            "state": "COMPLETED",
            "storage_tier": "Standard",
            "timeouts": null,
            "version_id": "8ad81bb8-e676-497c-b3c2-6516c8cfdf47",
            "work_request_id": ""
          },
          "sensitive_attributes": [],
          "private": "eyJlMmJmYjczMC1lY2FhLTExZTYtOGY4OC0zNDM2M2JjN2M0YzAiOnsiY3JlYXRlIjoxMjAwMDAwMDAwMDAwLCJkZWxldGUiOjEyMDAwMDAwMDAwMDAsInVwZGF0ZSI6MTIwMDAwMDAwMDAwMH19",
          "dependencies": [
            "module.object-storage.oci_objectstorage_bucket.ewp_image_storage"
          ]
        },
        {
          "index_key": 106,
          "schema_version": 0,
          "attributes": {
            "bucket": "ewp_image_store",
            "cache_control": null,
            "content": null,
            "content_disposition": null,
            "content_encoding": null,
            "content_language": null,
            "content_length": "786628",
            "content_md5": "vHOUEYyXGxuYWcFXs0HPFg==",
            "content_type": "image/jpeg",
            "delete_all_object_versions": false,
            "id": "n/lr4poue3hwjl/b/ewp_image_store/o/weddings%2FBeth%20and%20Tom%2F44.jpg",
            "metadata": {},
            "namespace": "lr4poue3hwjl",
            "object": "weddings/Beth and Tom/44.jpg",
            "opc_sse_kms_key_id": null,
            "source": "assets/weddings/Beth and Tom/44.jpg 2016-03-09 09:16:00 +0000 GMT",
            "source_uri_details": [],
            "state": "COMPLETED",
            "storage_tier": "Standard",
            "timeouts": null,
            "version_id": "8b899f71-d688-4268-b26f-b0540c2f7c2c",
            "work_request_id": ""
          },
          "sensitive_attributes": [],
          "private": "eyJlMmJmYjczMC1lY2FhLTExZTYtOGY4OC0zNDM2M2JjN2M0YzAiOnsiY3JlYXRlIjoxMjAwMDAwMDAwMDAwLCJkZWxldGUiOjEyMDAwMDAwMDAwMDAsInVwZGF0ZSI6MTIwMDAwMDAwMDAwMH19",
          "dependencies": [
            "module.object-storage.oci_objectstorage_bucket.ewp_image_storage"
          ]
        },
        {
          "index_key": 107,
          "schema_version": 0,
          "attributes": {
            "bucket": "ewp_image_store",
            "cache_control": null,
            "content": null,
            "content_disposition": null,
            "content_encoding": null,
            "content_language": null,
            "content_length": "1947127",
            "content_md5": "Etbe7J0qMUE9/+2N2FVUhg==",
            "content_type": "image/jpeg",
            "delete_all_object_versions": false,
            "id": "n/lr4poue3hwjl/b/ewp_image_store/o/weddings%2FBeth%20and%20Tom%2F45.jpg",
            "metadata": {},
            "namespace": "lr4poue3hwjl",
            "object": "weddings/Beth and Tom/45.jpg",
            "opc_sse_kms_key_id": null,
            "source": "assets/weddings/Beth and Tom/45.jpg 2016-03-09 09:16:06 +0000 GMT",
            "source_uri_details": [],
            "state": "COMPLETED",
            "storage_tier": "Standard",
            "timeouts": null,
            "version_id": "80eacb7f-aa49-4ba4-842d-7c9e26d60df2",
            "work_request_id": ""
          },
          "sensitive_attributes": [],
          "private": "eyJlMmJmYjczMC1lY2FhLTExZTYtOGY4OC0zNDM2M2JjN2M0YzAiOnsiY3JlYXRlIjoxMjAwMDAwMDAwMDAwLCJkZWxldGUiOjEyMDAwMDAwMDAwMDAsInVwZGF0ZSI6MTIwMDAwMDAwMDAwMH19",
          "dependencies": [
            "module.object-storage.oci_objectstorage_bucket.ewp_image_storage"
          ]
        },
        {
          "index_key": 108,
          "schema_version": 0,
          "attributes": {
            "bucket": "ewp_image_store",
            "cache_control": null,
            "content": null,
            "content_disposition": null,
            "content_encoding": null,
            "content_language": null,
            "content_length": "1374887",
            "content_md5": "Igoew/26nQg8kEWoGbcN5g==",
            "content_type": "image/jpeg",
            "delete_all_object_versions": false,
            "id": "n/lr4poue3hwjl/b/ewp_image_store/o/weddings%2FBeth%20and%20Tom%2F46.jpg",
            "metadata": {},
            "namespace": "lr4poue3hwjl",
            "object": "weddings/Beth and Tom/46.jpg",
            "opc_sse_kms_key_id": null,
            "source": "assets/weddings/Beth and Tom/46.jpg 2016-03-09 09:16:12 +0000 GMT",
            "source_uri_details": [],
            "state": "COMPLETED",
            "storage_tier": "Standard",
            "timeouts": null,
            "version_id": "e7b26428-abe2-4cb1-9511-5d115d55a3a3",
            "work_request_id": ""
          },
          "sensitive_attributes": [],
          "private": "eyJlMmJmYjczMC1lY2FhLTExZTYtOGY4OC0zNDM2M2JjN2M0YzAiOnsiY3JlYXRlIjoxMjAwMDAwMDAwMDAwLCJkZWxldGUiOjEyMDAwMDAwMDAwMDAsInVwZGF0ZSI6MTIwMDAwMDAwMDAwMH19",
          "dependencies": [
            "module.object-storage.oci_objectstorage_bucket.ewp_image_storage"
          ]
        },
        {
          "index_key": 109,
          "schema_version": 0,
          "attributes": {
            "bucket": "ewp_image_store",
            "cache_control": null,
            "content": null,
            "content_disposition": null,
            "content_encoding": null,
            "content_language": null,
            "content_length": "1334293",
            "content_md5": "x5rXZu9k3mivKfIcwXxOYg==",
            "content_type": "image/jpeg",
            "delete_all_object_versions": false,
            "id": "n/lr4poue3hwjl/b/ewp_image_store/o/weddings%2FBeth%20and%20Tom%2F47.jpg",
            "metadata": {},
            "namespace": "lr4poue3hwjl",
            "object": "weddings/Beth and Tom/47.jpg",
            "opc_sse_kms_key_id": null,
            "source": "assets/weddings/Beth and Tom/47.jpg 2016-03-09 09:16:18 +0000 GMT",
            "source_uri_details": [],
            "state": "COMPLETED",
            "storage_tier": "Standard",
            "timeouts": null,
            "version_id": "0d684b34-d75d-48cb-bc97-6d305e3f67d0",
            "work_request_id": ""
          },
          "sensitive_attributes": [],
          "private": "eyJlMmJmYjczMC1lY2FhLTExZTYtOGY4OC0zNDM2M2JjN2M0YzAiOnsiY3JlYXRlIjoxMjAwMDAwMDAwMDAwLCJkZWxldGUiOjEyMDAwMDAwMDAwMDAsInVwZGF0ZSI6MTIwMDAwMDAwMDAwMH19",
          "dependencies": [
            "module.object-storage.oci_objectstorage_bucket.ewp_image_storage"
          ]
        },
        {
          "index_key": 110,
          "schema_version": 0,
          "attributes": {
            "bucket": "ewp_image_store",
            "cache_control": null,
            "content": null,
            "content_disposition": null,
            "content_encoding": null,
            "content_language": null,
            "content_length": "1089817",
            "content_md5": "ibQLEiPI0uWOK1wiXwxUkQ==",
            "content_type": "image/jpeg",
            "delete_all_object_versions": false,
            "id": "n/lr4poue3hwjl/b/ewp_image_store/o/weddings%2FBeth%20and%20Tom%2F48.jpg",
            "metadata": {},
            "namespace": "lr4poue3hwjl",
            "object": "weddings/Beth and Tom/48.jpg",
            "opc_sse_kms_key_id": null,
            "source": "assets/weddings/Beth and Tom/48.jpg 2016-03-09 09:16:25 +0000 GMT",
            "source_uri_details": [],
            "state": "COMPLETED",
            "storage_tier": "Standard",
            "timeouts": null,
            "version_id": "6c9fe401-93af-44fa-bbb7-92524f55039d",
            "work_request_id": ""
          },
          "sensitive_attributes": [],
          "private": "eyJlMmJmYjczMC1lY2FhLTExZTYtOGY4OC0zNDM2M2JjN2M0YzAiOnsiY3JlYXRlIjoxMjAwMDAwMDAwMDAwLCJkZWxldGUiOjEyMDAwMDAwMDAwMDAsInVwZGF0ZSI6MTIwMDAwMDAwMDAwMH19",
          "dependencies": [
            "module.object-storage.oci_objectstorage_bucket.ewp_image_storage"
          ]
        },
        {
          "index_key": 111,
          "schema_version": 0,
          "attributes": {
            "bucket": "ewp_image_store",
            "cache_control": null,
            "content": null,
            "content_disposition": null,
            "content_encoding": null,
            "content_language": null,
            "content_length": "1319237",
            "content_md5": "Buu02iaqQ71mJhJHuBko6w==",
            "content_type": "image/jpeg",
            "delete_all_object_versions": false,
            "id": "n/lr4poue3hwjl/b/ewp_image_store/o/weddings%2FBeth%20and%20Tom%2F49.jpg",
            "metadata": {},
            "namespace": "lr4poue3hwjl",
            "object": "weddings/Beth and Tom/49.jpg",
            "opc_sse_kms_key_id": null,
            "source": "assets/weddings/Beth and Tom/49.jpg 2016-03-09 09:16:30 +0000 GMT",
            "source_uri_details": [],
            "state": "COMPLETED",
            "storage_tier": "Standard",
            "timeouts": null,
            "version_id": "60d66185-01cf-469b-9547-56ddc50725d3",
            "work_request_id": ""
          },
          "sensitive_attributes": [],
          "private": "eyJlMmJmYjczMC1lY2FhLTExZTYtOGY4OC0zNDM2M2JjN2M0YzAiOnsiY3JlYXRlIjoxMjAwMDAwMDAwMDAwLCJkZWxldGUiOjEyMDAwMDAwMDAwMDAsInVwZGF0ZSI6MTIwMDAwMDAwMDAwMH19",
          "dependencies": [
            "module.object-storage.oci_objectstorage_bucket.ewp_image_storage"
          ]
        },
        {
          "index_key": 112,
          "schema_version": 0,
          "attributes": {
            "bucket": "ewp_image_store",
            "cache_control": null,
            "content": null,
            "content_disposition": null,
            "content_encoding": null,
            "content_language": null,
            "content_length": "964776",
            "content_md5": "3dHGxTuoqvjofw7wpic6TA==",
            "content_type": "image/jpeg",
            "delete_all_object_versions": false,
            "id": "n/lr4poue3hwjl/b/ewp_image_store/o/weddings%2FBeth%20and%20Tom%2F5.jpg",
            "metadata": {},
            "namespace": "lr4poue3hwjl",
            "object": "weddings/Beth and Tom/5.jpg",
            "opc_sse_kms_key_id": null,
            "source": "assets/weddings/Beth and Tom/5.jpg 2016-03-09 09:11:50 +0000 GMT",
            "source_uri_details": [],
            "state": "COMPLETED",
            "storage_tier": "Standard",
            "timeouts": null,
            "version_id": "730b1fde-d332-4f2a-9d0c-022ea29c0824",
            "work_request_id": ""
          },
          "sensitive_attributes": [],
          "private": "eyJlMmJmYjczMC1lY2FhLTExZTYtOGY4OC0zNDM2M2JjN2M0YzAiOnsiY3JlYXRlIjoxMjAwMDAwMDAwMDAwLCJkZWxldGUiOjEyMDAwMDAwMDAwMDAsInVwZGF0ZSI6MTIwMDAwMDAwMDAwMH19",
          "dependencies": [
            "module.object-storage.oci_objectstorage_bucket.ewp_image_storage"
          ]
        },
        {
          "index_key": 113,
          "schema_version": 0,
          "attributes": {
            "bucket": "ewp_image_store",
            "cache_control": null,
            "content": null,
            "content_disposition": null,
            "content_encoding": null,
            "content_language": null,
            "content_length": "1264901",
            "content_md5": "iJs/VeBjvekCdQv1S4laLQ==",
            "content_type": "image/jpeg",
            "delete_all_object_versions": false,
            "id": "n/lr4poue3hwjl/b/ewp_image_store/o/weddings%2FBeth%20and%20Tom%2F50.jpg",
            "metadata": {},
            "namespace": "lr4poue3hwjl",
            "object": "weddings/Beth and Tom/50.jpg",
            "opc_sse_kms_key_id": null,
            "source": "assets/weddings/Beth and Tom/50.jpg 2016-03-09 09:16:36 +0000 GMT",
            "source_uri_details": [],
            "state": "COMPLETED",
            "storage_tier": "Standard",
            "timeouts": null,
            "version_id": "114637f4-dfe1-408d-b992-3d982ed81504",
            "work_request_id": ""
          },
          "sensitive_attributes": [],
          "private": "eyJlMmJmYjczMC1lY2FhLTExZTYtOGY4OC0zNDM2M2JjN2M0YzAiOnsiY3JlYXRlIjoxMjAwMDAwMDAwMDAwLCJkZWxldGUiOjEyMDAwMDAwMDAwMDAsInVwZGF0ZSI6MTIwMDAwMDAwMDAwMH19",
          "dependencies": [
            "module.object-storage.oci_objectstorage_bucket.ewp_image_storage"
          ]
        },
        {
          "index_key": 114,
          "schema_version": 0,
          "attributes": {
            "bucket": "ewp_image_store",
            "cache_control": null,
            "content": null,
            "content_disposition": null,
            "content_encoding": null,
            "content_language": null,
            "content_length": "1198203",
            "content_md5": "bvVO3z2ZmF8pZTXHiqD6Jg==",
            "content_type": "image/jpeg",
            "delete_all_object_versions": false,
            "id": "n/lr4poue3hwjl/b/ewp_image_store/o/weddings%2FBeth%20and%20Tom%2F51.jpg",
            "metadata": {},
            "namespace": "lr4poue3hwjl",
            "object": "weddings/Beth and Tom/51.jpg",
            "opc_sse_kms_key_id": null,
            "source": "assets/weddings/Beth and Tom/51.jpg 2016-03-09 09:17:25 +0000 GMT",
            "source_uri_details": [],
            "state": "COMPLETED",
            "storage_tier": "Standard",
            "timeouts": null,
            "version_id": "f31a9d5e-3881-4ac1-893e-1429a14f8526",
            "work_request_id": ""
          },
          "sensitive_attributes": [],
          "private": "eyJlMmJmYjczMC1lY2FhLTExZTYtOGY4OC0zNDM2M2JjN2M0YzAiOnsiY3JlYXRlIjoxMjAwMDAwMDAwMDAwLCJkZWxldGUiOjEyMDAwMDAwMDAwMDAsInVwZGF0ZSI6MTIwMDAwMDAwMDAwMH19",
          "dependencies": [
            "module.object-storage.oci_objectstorage_bucket.ewp_image_storage"
          ]
        },
        {
          "index_key": 115,
          "schema_version": 0,
          "attributes": {
            "bucket": "ewp_image_store",
            "cache_control": null,
            "content": null,
            "content_disposition": null,
            "content_encoding": null,
            "content_language": null,
            "content_length": "1424842",
            "content_md5": "z5v2XH2fbHefESo3ht831w==",
            "content_type": "image/jpeg",
            "delete_all_object_versions": false,
            "id": "n/lr4poue3hwjl/b/ewp_image_store/o/weddings%2FBeth%20and%20Tom%2F52.jpg",
            "metadata": {},
            "namespace": "lr4poue3hwjl",
            "object": "weddings/Beth and Tom/52.jpg",
            "opc_sse_kms_key_id": null,
            "source": "assets/weddings/Beth and Tom/52.jpg 2016-03-09 09:17:14 +0000 GMT",
            "source_uri_details": [],
            "state": "COMPLETED",
            "storage_tier": "Standard",
            "timeouts": null,
            "version_id": "c9a6b8d9-2cd1-4536-93d1-8d5b26aa5551",
            "work_request_id": ""
          },
          "sensitive_attributes": [],
          "private": "eyJlMmJmYjczMC1lY2FhLTExZTYtOGY4OC0zNDM2M2JjN2M0YzAiOnsiY3JlYXRlIjoxMjAwMDAwMDAwMDAwLCJkZWxldGUiOjEyMDAwMDAwMDAwMDAsInVwZGF0ZSI6MTIwMDAwMDAwMDAwMH19",
          "dependencies": [
            "module.object-storage.oci_objectstorage_bucket.ewp_image_storage"
          ]
        },
        {
          "index_key": 116,
          "schema_version": 0,
          "attributes": {
            "bucket": "ewp_image_store",
            "cache_control": null,
            "content": null,
            "content_disposition": null,
            "content_encoding": null,
            "content_language": null,
            "content_length": "873860",
            "content_md5": "7qzhVxzd+Obr0nU3umKlHw==",
            "content_type": "image/jpeg",
            "delete_all_object_versions": false,
            "id": "n/lr4poue3hwjl/b/ewp_image_store/o/weddings%2FBeth%20and%20Tom%2F53.jpg",
            "metadata": {},
            "namespace": "lr4poue3hwjl",
            "object": "weddings/Beth and Tom/53.jpg",
            "opc_sse_kms_key_id": null,
            "source": "assets/weddings/Beth and Tom/53.jpg 2016-03-09 09:16:41 +0000 GMT",
            "source_uri_details": [],
            "state": "COMPLETED",
            "storage_tier": "Standard",
            "timeouts": null,
            "version_id": "6d6c1f23-5f47-4788-ac69-5ca17d7bc70b",
            "work_request_id": ""
          },
          "sensitive_attributes": [],
          "private": "eyJlMmJmYjczMC1lY2FhLTExZTYtOGY4OC0zNDM2M2JjN2M0YzAiOnsiY3JlYXRlIjoxMjAwMDAwMDAwMDAwLCJkZWxldGUiOjEyMDAwMDAwMDAwMDAsInVwZGF0ZSI6MTIwMDAwMDAwMDAwMH19",
          "dependencies": [
            "module.object-storage.oci_objectstorage_bucket.ewp_image_storage"
          ]
        },
        {
          "index_key": 117,
          "schema_version": 0,
          "attributes": {
            "bucket": "ewp_image_store",
            "cache_control": null,
            "content": null,
            "content_disposition": null,
            "content_encoding": null,
            "content_language": null,
            "content_length": "1058427",
            "content_md5": "Hy2aJku83Kr6VCgBTUBz3w==",
            "content_type": "image/jpeg",
            "delete_all_object_versions": false,
            "id": "n/lr4poue3hwjl/b/ewp_image_store/o/weddings%2FBeth%20and%20Tom%2F54.jpg",
            "metadata": {},
            "namespace": "lr4poue3hwjl",
            "object": "weddings/Beth and Tom/54.jpg",
            "opc_sse_kms_key_id": null,
            "source": "assets/weddings/Beth and Tom/54.jpg 2016-03-09 09:16:47 +0000 GMT",
            "source_uri_details": [],
            "state": "COMPLETED",
            "storage_tier": "Standard",
            "timeouts": null,
            "version_id": "1406a07e-f99c-435f-a225-e70d4942c82d",
            "work_request_id": ""
          },
          "sensitive_attributes": [],
          "private": "eyJlMmJmYjczMC1lY2FhLTExZTYtOGY4OC0zNDM2M2JjN2M0YzAiOnsiY3JlYXRlIjoxMjAwMDAwMDAwMDAwLCJkZWxldGUiOjEyMDAwMDAwMDAwMDAsInVwZGF0ZSI6MTIwMDAwMDAwMDAwMH19",
          "dependencies": [
            "module.object-storage.oci_objectstorage_bucket.ewp_image_storage"
          ]
        },
        {
          "index_key": 118,
          "schema_version": 0,
          "attributes": {
            "bucket": "ewp_image_store",
            "cache_control": null,
            "content": null,
            "content_disposition": null,
            "content_encoding": null,
            "content_language": null,
            "content_length": "1625997",
            "content_md5": "+KEWCH+AzLJPx2dwg7SfXw==",
            "content_type": "image/jpeg",
            "delete_all_object_versions": false,
            "id": "n/lr4poue3hwjl/b/ewp_image_store/o/weddings%2FBeth%20and%20Tom%2F55.jpg",
            "metadata": {},
            "namespace": "lr4poue3hwjl",
            "object": "weddings/Beth and Tom/55.jpg",
            "opc_sse_kms_key_id": null,
            "source": "assets/weddings/Beth and Tom/55.jpg 2016-03-09 09:16:53 +0000 GMT",
            "source_uri_details": [],
            "state": "COMPLETED",
            "storage_tier": "Standard",
            "timeouts": null,
            "version_id": "956cbb24-cda4-4866-a750-0c3c95ce0a8e",
            "work_request_id": ""
          },
          "sensitive_attributes": [],
          "private": "eyJlMmJmYjczMC1lY2FhLTExZTYtOGY4OC0zNDM2M2JjN2M0YzAiOnsiY3JlYXRlIjoxMjAwMDAwMDAwMDAwLCJkZWxldGUiOjEyMDAwMDAwMDAwMDAsInVwZGF0ZSI6MTIwMDAwMDAwMDAwMH19",
          "dependencies": [
            "module.object-storage.oci_objectstorage_bucket.ewp_image_storage"
          ]
        },
        {
          "index_key": 119,
          "schema_version": 0,
          "attributes": {
            "bucket": "ewp_image_store",
            "cache_control": null,
            "content": null,
            "content_disposition": null,
            "content_encoding": null,
            "content_language": null,
            "content_length": "1637403",
            "content_md5": "/BVij0g/PLCkpmCnj3TUBQ==",
            "content_type": "image/jpeg",
            "delete_all_object_versions": false,
            "id": "n/lr4poue3hwjl/b/ewp_image_store/o/weddings%2FBeth%20and%20Tom%2F56.jpg",
            "metadata": {},
            "namespace": "lr4poue3hwjl",
            "object": "weddings/Beth and Tom/56.jpg",
            "opc_sse_kms_key_id": null,
            "source": "assets/weddings/Beth and Tom/56.jpg 2016-03-09 09:16:58 +0000 GMT",
            "source_uri_details": [],
            "state": "COMPLETED",
            "storage_tier": "Standard",
            "timeouts": null,
            "version_id": "c5e277d5-dec9-4b2c-b7f9-d643bf0f85c9",
            "work_request_id": ""
          },
          "sensitive_attributes": [],
          "private": "eyJlMmJmYjczMC1lY2FhLTExZTYtOGY4OC0zNDM2M2JjN2M0YzAiOnsiY3JlYXRlIjoxMjAwMDAwMDAwMDAwLCJkZWxldGUiOjEyMDAwMDAwMDAwMDAsInVwZGF0ZSI6MTIwMDAwMDAwMDAwMH19",
          "dependencies": [
            "module.object-storage.oci_objectstorage_bucket.ewp_image_storage"
          ]
        },
        {
          "index_key": 120,
          "schema_version": 0,
          "attributes": {
            "bucket": "ewp_image_store",
            "cache_control": null,
            "content": null,
            "content_disposition": null,
            "content_encoding": null,
            "content_language": null,
            "content_length": "736903",
            "content_md5": "CyPC3LULRXq0Hy8c5O74AA==",
            "content_type": "image/jpeg",
            "delete_all_object_versions": false,
            "id": "n/lr4poue3hwjl/b/ewp_image_store/o/weddings%2FBeth%20and%20Tom%2F57.jpg",
            "metadata": {},
            "namespace": "lr4poue3hwjl",
            "object": "weddings/Beth and Tom/57.jpg",
            "opc_sse_kms_key_id": null,
            "source": "assets/weddings/Beth and Tom/57.jpg 2016-03-09 09:17:04 +0000 GMT",
            "source_uri_details": [],
            "state": "COMPLETED",
            "storage_tier": "Standard",
            "timeouts": null,
            "version_id": "83356ab2-6625-4e4d-95ce-539a7a58474b",
            "work_request_id": ""
          },
          "sensitive_attributes": [],
          "private": "eyJlMmJmYjczMC1lY2FhLTExZTYtOGY4OC0zNDM2M2JjN2M0YzAiOnsiY3JlYXRlIjoxMjAwMDAwMDAwMDAwLCJkZWxldGUiOjEyMDAwMDAwMDAwMDAsInVwZGF0ZSI6MTIwMDAwMDAwMDAwMH19",
          "dependencies": [
            "module.object-storage.oci_objectstorage_bucket.ewp_image_storage"
          ]
        },
        {
          "index_key": 121,
          "schema_version": 0,
          "attributes": {
            "bucket": "ewp_image_store",
            "cache_control": null,
            "content": null,
            "content_disposition": null,
            "content_encoding": null,
            "content_language": null,
            "content_length": "778268",
            "content_md5": "RPAzMwUGqhb2o14MD8Xzaw==",
            "content_type": "image/jpeg",
            "delete_all_object_versions": false,
            "id": "n/lr4poue3hwjl/b/ewp_image_store/o/weddings%2FBeth%20and%20Tom%2F58.jpg",
            "metadata": {},
            "namespace": "lr4poue3hwjl",
            "object": "weddings/Beth and Tom/58.jpg",
            "opc_sse_kms_key_id": null,
            "source": "assets/weddings/Beth and Tom/58.jpg 2016-03-09 09:17:09 +0000 GMT",
            "source_uri_details": [],
            "state": "COMPLETED",
            "storage_tier": "Standard",
            "timeouts": null,
            "version_id": "36d5ec40-2ca9-4b4d-8215-3faac32690ad",
            "work_request_id": ""
          },
          "sensitive_attributes": [],
          "private": "eyJlMmJmYjczMC1lY2FhLTExZTYtOGY4OC0zNDM2M2JjN2M0YzAiOnsiY3JlYXRlIjoxMjAwMDAwMDAwMDAwLCJkZWxldGUiOjEyMDAwMDAwMDAwMDAsInVwZGF0ZSI6MTIwMDAwMDAwMDAwMH19",
          "dependencies": [
            "module.object-storage.oci_objectstorage_bucket.ewp_image_storage"
          ]
        },
        {
          "index_key": 122,
          "schema_version": 0,
          "attributes": {
            "bucket": "ewp_image_store",
            "cache_control": null,
            "content": null,
            "content_disposition": null,
            "content_encoding": null,
            "content_language": null,
            "content_length": "724218",
            "content_md5": "aQtctt1g2rS10uD/b/MLnQ==",
            "content_type": "image/jpeg",
            "delete_all_object_versions": false,
            "id": "n/lr4poue3hwjl/b/ewp_image_store/o/weddings%2FBeth%20and%20Tom%2F59.jpg",
            "metadata": {},
            "namespace": "lr4poue3hwjl",
            "object": "weddings/Beth and Tom/59.jpg",
            "opc_sse_kms_key_id": null,
            "source": "assets/weddings/Beth and Tom/59.jpg 2016-03-09 09:17:20 +0000 GMT",
            "source_uri_details": [],
            "state": "COMPLETED",
            "storage_tier": "Standard",
            "timeouts": null,
            "version_id": "51c1e42e-5b28-4a10-b5a2-3def49416528",
            "work_request_id": ""
          },
          "sensitive_attributes": [],
          "private": "eyJlMmJmYjczMC1lY2FhLTExZTYtOGY4OC0zNDM2M2JjN2M0YzAiOnsiY3JlYXRlIjoxMjAwMDAwMDAwMDAwLCJkZWxldGUiOjEyMDAwMDAwMDAwMDAsInVwZGF0ZSI6MTIwMDAwMDAwMDAwMH19",
          "dependencies": [
            "module.object-storage.oci_objectstorage_bucket.ewp_image_storage"
          ]
        },
        {
          "index_key": 123,
          "schema_version": 0,
          "attributes": {
            "bucket": "ewp_image_store",
            "cache_control": null,
            "content": null,
            "content_disposition": null,
            "content_encoding": null,
            "content_language": null,
            "content_length": "1185967",
            "content_md5": "MdXnIdT7yQkiz1rrVgU2Tg==",
            "content_type": "image/jpeg",
            "delete_all_object_versions": false,
            "id": "n/lr4poue3hwjl/b/ewp_image_store/o/weddings%2FBeth%20and%20Tom%2F6.jpg",
            "metadata": {},
            "namespace": "lr4poue3hwjl",
            "object": "weddings/Beth and Tom/6.jpg",
            "opc_sse_kms_key_id": null,
            "source": "assets/weddings/Beth and Tom/6.jpg 2016-03-09 09:11:56 +0000 GMT",
            "source_uri_details": [],
            "state": "COMPLETED",
            "storage_tier": "Standard",
            "timeouts": null,
            "version_id": "c10fc294-a91c-4bde-8d00-7d34711b6971",
            "work_request_id": ""
          },
          "sensitive_attributes": [],
          "private": "eyJlMmJmYjczMC1lY2FhLTExZTYtOGY4OC0zNDM2M2JjN2M0YzAiOnsiY3JlYXRlIjoxMjAwMDAwMDAwMDAwLCJkZWxldGUiOjEyMDAwMDAwMDAwMDAsInVwZGF0ZSI6MTIwMDAwMDAwMDAwMH19",
          "dependencies": [
            "module.object-storage.oci_objectstorage_bucket.ewp_image_storage"
          ]
        },
        {
          "index_key": 124,
          "schema_version": 0,
          "attributes": {
            "bucket": "ewp_image_store",
            "cache_control": null,
            "content": null,
            "content_disposition": null,
            "content_encoding": null,
            "content_language": null,
            "content_length": "356816",
            "content_md5": "n2t0NgD0dxBkEPPCy9YVMQ==",
            "content_type": "image/jpeg",
            "delete_all_object_versions": false,
            "id": "n/lr4poue3hwjl/b/ewp_image_store/o/weddings%2FBeth%20and%20Tom%2F60.jpg",
            "metadata": {},
            "namespace": "lr4poue3hwjl",
            "object": "weddings/Beth and Tom/60.jpg",
            "opc_sse_kms_key_id": null,
            "source": "assets/weddings/Beth and Tom/60.jpg 2016-03-09 09:17:31 +0000 GMT",
            "source_uri_details": [],
            "state": "COMPLETED",
            "storage_tier": "Standard",
            "timeouts": null,
            "version_id": "9d572a7a-f186-4afd-9f0c-bcec54403d36",
            "work_request_id": ""
          },
          "sensitive_attributes": [],
          "private": "eyJlMmJmYjczMC1lY2FhLTExZTYtOGY4OC0zNDM2M2JjN2M0YzAiOnsiY3JlYXRlIjoxMjAwMDAwMDAwMDAwLCJkZWxldGUiOjEyMDAwMDAwMDAwMDAsInVwZGF0ZSI6MTIwMDAwMDAwMDAwMH19",
          "dependencies": [
            "module.object-storage.oci_objectstorage_bucket.ewp_image_storage"
          ]
        },
        {
          "index_key": 125,
          "schema_version": 0,
          "attributes": {
            "bucket": "ewp_image_store",
            "cache_control": null,
            "content": null,
            "content_disposition": null,
            "content_encoding": null,
            "content_language": null,
            "content_length": "544106",
            "content_md5": "gSXudt4qk8kIdkjJAvciyw==",
            "content_type": "image/jpeg",
            "delete_all_object_versions": false,
            "id": "n/lr4poue3hwjl/b/ewp_image_store/o/weddings%2FBeth%20and%20Tom%2F61.jpg",
            "metadata": {},
            "namespace": "lr4poue3hwjl",
            "object": "weddings/Beth and Tom/61.jpg",
            "opc_sse_kms_key_id": null,
            "source": "assets/weddings/Beth and Tom/61.jpg 2016-03-09 09:17:36 +0000 GMT",
            "source_uri_details": [],
            "state": "COMPLETED",
            "storage_tier": "Standard",
            "timeouts": null,
            "version_id": "0154018d-9759-45ac-8b27-ceb07e31797a",
            "work_request_id": ""
          },
          "sensitive_attributes": [],
          "private": "eyJlMmJmYjczMC1lY2FhLTExZTYtOGY4OC0zNDM2M2JjN2M0YzAiOnsiY3JlYXRlIjoxMjAwMDAwMDAwMDAwLCJkZWxldGUiOjEyMDAwMDAwMDAwMDAsInVwZGF0ZSI6MTIwMDAwMDAwMDAwMH19",
          "dependencies": [
            "module.object-storage.oci_objectstorage_bucket.ewp_image_storage"
          ]
        },
        {
          "index_key": 126,
          "schema_version": 0,
          "attributes": {
            "bucket": "ewp_image_store",
            "cache_control": null,
            "content": null,
            "content_disposition": null,
            "content_encoding": null,
            "content_language": null,
            "content_length": "853682",
            "content_md5": "KcS4h538JbwI+oxpLfbr+g==",
            "content_type": "image/jpeg",
            "delete_all_object_versions": false,
            "id": "n/lr4poue3hwjl/b/ewp_image_store/o/weddings%2FBeth%20and%20Tom%2F62.jpg",
            "metadata": {},
            "namespace": "lr4poue3hwjl",
            "object": "weddings/Beth and Tom/62.jpg",
            "opc_sse_kms_key_id": null,
            "source": "assets/weddings/Beth and Tom/62.jpg 2016-03-09 09:17:42 +0000 GMT",
            "source_uri_details": [],
            "state": "COMPLETED",
            "storage_tier": "Standard",
            "timeouts": null,
            "version_id": "e6e1034c-2307-4d7e-94d0-51b231cd294f",
            "work_request_id": ""
          },
          "sensitive_attributes": [],
          "private": "eyJlMmJmYjczMC1lY2FhLTExZTYtOGY4OC0zNDM2M2JjN2M0YzAiOnsiY3JlYXRlIjoxMjAwMDAwMDAwMDAwLCJkZWxldGUiOjEyMDAwMDAwMDAwMDAsInVwZGF0ZSI6MTIwMDAwMDAwMDAwMH19",
          "dependencies": [
            "module.object-storage.oci_objectstorage_bucket.ewp_image_storage"
          ]
        },
        {
          "index_key": 127,
          "schema_version": 0,
          "attributes": {
            "bucket": "ewp_image_store",
            "cache_control": null,
            "content": null,
            "content_disposition": null,
            "content_encoding": null,
            "content_language": null,
            "content_length": "1338083",
            "content_md5": "4Z1H7yuDRfK+mWilsogWEQ==",
            "content_type": "image/jpeg",
            "delete_all_object_versions": false,
            "id": "n/lr4poue3hwjl/b/ewp_image_store/o/weddings%2FBeth%20and%20Tom%2F63.jpg",
            "metadata": {},
            "namespace": "lr4poue3hwjl",
            "object": "weddings/Beth and Tom/63.jpg",
            "opc_sse_kms_key_id": null,
            "source": "assets/weddings/Beth and Tom/63.jpg 2016-03-09 09:17:48 +0000 GMT",
            "source_uri_details": [],
            "state": "COMPLETED",
            "storage_tier": "Standard",
            "timeouts": null,
            "version_id": "27763afb-8ca4-43a2-9cd2-cb1a929ff1c6",
            "work_request_id": ""
          },
          "sensitive_attributes": [],
          "private": "eyJlMmJmYjczMC1lY2FhLTExZTYtOGY4OC0zNDM2M2JjN2M0YzAiOnsiY3JlYXRlIjoxMjAwMDAwMDAwMDAwLCJkZWxldGUiOjEyMDAwMDAwMDAwMDAsInVwZGF0ZSI6MTIwMDAwMDAwMDAwMH19",
          "dependencies": [
            "module.object-storage.oci_objectstorage_bucket.ewp_image_storage"
          ]
        },
        {
          "index_key": 128,
          "schema_version": 0,
          "attributes": {
            "bucket": "ewp_image_store",
            "cache_control": null,
            "content": null,
            "content_disposition": null,
            "content_encoding": null,
            "content_language": null,
            "content_length": "839306",
            "content_md5": "vHsNeRbWD7jZ5uh/+6V9VA==",
            "content_type": "image/jpeg",
            "delete_all_object_versions": false,
            "id": "n/lr4poue3hwjl/b/ewp_image_store/o/weddings%2FBeth%20and%20Tom%2F64.jpg",
            "metadata": {},
            "namespace": "lr4poue3hwjl",
            "object": "weddings/Beth and Tom/64.jpg",
            "opc_sse_kms_key_id": null,
            "source": "assets/weddings/Beth and Tom/64.jpg 2016-03-09 09:17:54 +0000 GMT",
            "source_uri_details": [],
            "state": "COMPLETED",
            "storage_tier": "Standard",
            "timeouts": null,
            "version_id": "8e91ef21-98c0-4d51-b2d1-07d21ba2c93b",
            "work_request_id": ""
          },
          "sensitive_attributes": [],
          "private": "eyJlMmJmYjczMC1lY2FhLTExZTYtOGY4OC0zNDM2M2JjN2M0YzAiOnsiY3JlYXRlIjoxMjAwMDAwMDAwMDAwLCJkZWxldGUiOjEyMDAwMDAwMDAwMDAsInVwZGF0ZSI6MTIwMDAwMDAwMDAwMH19",
          "dependencies": [
            "module.object-storage.oci_objectstorage_bucket.ewp_image_storage"
          ]
        },
        {
          "index_key": 129,
          "schema_version": 0,
          "attributes": {
            "bucket": "ewp_image_store",
            "cache_control": null,
            "content": null,
            "content_disposition": null,
            "content_encoding": null,
            "content_language": null,
            "content_length": "1037882",
            "content_md5": "RlW4f5wE6kVkxUFGYi7SMg==",
            "content_type": "image/jpeg",
            "delete_all_object_versions": false,
            "id": "n/lr4poue3hwjl/b/ewp_image_store/o/weddings%2FBeth%20and%20Tom%2F65.jpg",
            "metadata": {},
            "namespace": "lr4poue3hwjl",
            "object": "weddings/Beth and Tom/65.jpg",
            "opc_sse_kms_key_id": null,
            "source": "assets/weddings/Beth and Tom/65.jpg 2016-03-09 09:18:25 +0000 GMT",
            "source_uri_details": [],
            "state": "COMPLETED",
            "storage_tier": "Standard",
            "timeouts": null,
            "version_id": "7c281bb3-f345-4261-ab4a-c79e3cd37802",
            "work_request_id": ""
          },
          "sensitive_attributes": [],
          "private": "eyJlMmJmYjczMC1lY2FhLTExZTYtOGY4OC0zNDM2M2JjN2M0YzAiOnsiY3JlYXRlIjoxMjAwMDAwMDAwMDAwLCJkZWxldGUiOjEyMDAwMDAwMDAwMDAsInVwZGF0ZSI6MTIwMDAwMDAwMDAwMH19",
          "dependencies": [
            "module.object-storage.oci_objectstorage_bucket.ewp_image_storage"
          ]
        },
        {
          "index_key": 130,
          "schema_version": 0,
          "attributes": {
            "bucket": "ewp_image_store",
            "cache_control": null,
            "content": null,
            "content_disposition": null,
            "content_encoding": null,
            "content_language": null,
            "content_length": "1137663",
            "content_md5": "aIVKo7bNTWsLRM7NCLYsPQ==",
            "content_type": "image/jpeg",
            "delete_all_object_versions": false,
            "id": "n/lr4poue3hwjl/b/ewp_image_store/o/weddings%2FBeth%20and%20Tom%2F66.jpg",
            "metadata": {},
            "namespace": "lr4poue3hwjl",
            "object": "weddings/Beth and Tom/66.jpg",
            "opc_sse_kms_key_id": null,
            "source": "assets/weddings/Beth and Tom/66.jpg 2016-03-09 09:18:13 +0000 GMT",
            "source_uri_details": [],
            "state": "COMPLETED",
            "storage_tier": "Standard",
            "timeouts": null,
            "version_id": "8ef5b187-07cc-4edd-a7af-4cbbcb1814da",
            "work_request_id": ""
          },
          "sensitive_attributes": [],
          "private": "eyJlMmJmYjczMC1lY2FhLTExZTYtOGY4OC0zNDM2M2JjN2M0YzAiOnsiY3JlYXRlIjoxMjAwMDAwMDAwMDAwLCJkZWxldGUiOjEyMDAwMDAwMDAwMDAsInVwZGF0ZSI6MTIwMDAwMDAwMDAwMH19",
          "dependencies": [
            "module.object-storage.oci_objectstorage_bucket.ewp_image_storage"
          ]
        },
        {
          "index_key": 131,
          "schema_version": 0,
          "attributes": {
            "bucket": "ewp_image_store",
            "cache_control": null,
            "content": null,
            "content_disposition": null,
            "content_encoding": null,
            "content_language": null,
            "content_length": "1266247",
            "content_md5": "fhGEsAM30vwEtTRiKHGqXQ==",
            "content_type": "image/jpeg",
            "delete_all_object_versions": false,
            "id": "n/lr4poue3hwjl/b/ewp_image_store/o/weddings%2FBeth%20and%20Tom%2F67.jpg",
            "metadata": {},
            "namespace": "lr4poue3hwjl",
            "object": "weddings/Beth and Tom/67.jpg",
            "opc_sse_kms_key_id": null,
            "source": "assets/weddings/Beth and Tom/67.jpg 2016-03-09 09:18:00 +0000 GMT",
            "source_uri_details": [],
            "state": "COMPLETED",
            "storage_tier": "Standard",
            "timeouts": null,
            "version_id": "ea1f804b-7364-48f4-a662-0e48f4154441",
            "work_request_id": ""
          },
          "sensitive_attributes": [],
          "private": "eyJlMmJmYjczMC1lY2FhLTExZTYtOGY4OC0zNDM2M2JjN2M0YzAiOnsiY3JlYXRlIjoxMjAwMDAwMDAwMDAwLCJkZWxldGUiOjEyMDAwMDAwMDAwMDAsInVwZGF0ZSI6MTIwMDAwMDAwMDAwMH19",
          "dependencies": [
            "module.object-storage.oci_objectstorage_bucket.ewp_image_storage"
          ]
        },
        {
          "index_key": 132,
          "schema_version": 0,
          "attributes": {
            "bucket": "ewp_image_store",
            "cache_control": null,
            "content": null,
            "content_disposition": null,
            "content_encoding": null,
            "content_language": null,
            "content_length": "1339736",
            "content_md5": "wiWIQEdmQXZRXPYIoY0Cog==",
            "content_type": "image/jpeg",
            "delete_all_object_versions": false,
            "id": "n/lr4poue3hwjl/b/ewp_image_store/o/weddings%2FBeth%20and%20Tom%2F68.jpg",
            "metadata": {},
            "namespace": "lr4poue3hwjl",
            "object": "weddings/Beth and Tom/68.jpg",
            "opc_sse_kms_key_id": null,
            "source": "assets/weddings/Beth and Tom/68.jpg 2016-03-09 09:18:07 +0000 GMT",
            "source_uri_details": [],
            "state": "COMPLETED",
            "storage_tier": "Standard",
            "timeouts": null,
            "version_id": "bc8f660d-102d-4c99-a8c9-e885e8b59062",
            "work_request_id": ""
          },
          "sensitive_attributes": [],
          "private": "eyJlMmJmYjczMC1lY2FhLTExZTYtOGY4OC0zNDM2M2JjN2M0YzAiOnsiY3JlYXRlIjoxMjAwMDAwMDAwMDAwLCJkZWxldGUiOjEyMDAwMDAwMDAwMDAsInVwZGF0ZSI6MTIwMDAwMDAwMDAwMH19",
          "dependencies": [
            "module.object-storage.oci_objectstorage_bucket.ewp_image_storage"
          ]
        },
        {
          "index_key": 133,
          "schema_version": 0,
          "attributes": {
            "bucket": "ewp_image_store",
            "cache_control": null,
            "content": null,
            "content_disposition": null,
            "content_encoding": null,
            "content_language": null,
            "content_length": "493703",
            "content_md5": "DUJ4DJ97F5S3lqtOsihs8w==",
            "content_type": "image/jpeg",
            "delete_all_object_versions": false,
            "id": "n/lr4poue3hwjl/b/ewp_image_store/o/weddings%2FBeth%20and%20Tom%2F69.jpg",
            "metadata": {},
            "namespace": "lr4poue3hwjl",
            "object": "weddings/Beth and Tom/69.jpg",
            "opc_sse_kms_key_id": null,
            "source": "assets/weddings/Beth and Tom/69.jpg 2016-03-09 09:18:36 +0000 GMT",
            "source_uri_details": [],
            "state": "COMPLETED",
            "storage_tier": "Standard",
            "timeouts": null,
            "version_id": "36cc39de-702b-4122-a9b9-328971268635",
            "work_request_id": ""
          },
          "sensitive_attributes": [],
          "private": "eyJlMmJmYjczMC1lY2FhLTExZTYtOGY4OC0zNDM2M2JjN2M0YzAiOnsiY3JlYXRlIjoxMjAwMDAwMDAwMDAwLCJkZWxldGUiOjEyMDAwMDAwMDAwMDAsInVwZGF0ZSI6MTIwMDAwMDAwMDAwMH19",
          "dependencies": [
            "module.object-storage.oci_objectstorage_bucket.ewp_image_storage"
          ]
        },
        {
          "index_key": 134,
          "schema_version": 0,
          "attributes": {
            "bucket": "ewp_image_store",
            "cache_control": null,
            "content": null,
            "content_disposition": null,
            "content_encoding": null,
            "content_language": null,
            "content_length": "405318",
            "content_md5": "Wq7sCmkwpHLFKhhe/Qbz0g==",
            "content_type": "image/jpeg",
            "delete_all_object_versions": false,
            "id": "n/lr4poue3hwjl/b/ewp_image_store/o/weddings%2FBeth%20and%20Tom%2F7.jpg",
            "metadata": {},
            "namespace": "lr4poue3hwjl",
            "object": "weddings/Beth and Tom/7.jpg",
            "opc_sse_kms_key_id": null,
            "source": "assets/weddings/Beth and Tom/7.jpg 2016-03-09 09:12:02 +0000 GMT",
            "source_uri_details": [],
            "state": "COMPLETED",
            "storage_tier": "Standard",
            "timeouts": null,
            "version_id": "2f8494eb-7149-43b5-94bf-cda7380e76cf",
            "work_request_id": ""
          },
          "sensitive_attributes": [],
          "private": "eyJlMmJmYjczMC1lY2FhLTExZTYtOGY4OC0zNDM2M2JjN2M0YzAiOnsiY3JlYXRlIjoxMjAwMDAwMDAwMDAwLCJkZWxldGUiOjEyMDAwMDAwMDAwMDAsInVwZGF0ZSI6MTIwMDAwMDAwMDAwMH19",
          "dependencies": [
            "module.object-storage.oci_objectstorage_bucket.ewp_image_storage"
          ]
        },
        {
          "index_key": 135,
          "schema_version": 0,
          "attributes": {
            "bucket": "ewp_image_store",
            "cache_control": null,
            "content": null,
            "content_disposition": null,
            "content_encoding": null,
            "content_language": null,
            "content_length": "809334",
            "content_md5": "ZPIdduhV71/fxw7tVbjvfQ==",
            "content_type": "image/jpeg",
            "delete_all_object_versions": false,
            "id": "n/lr4poue3hwjl/b/ewp_image_store/o/weddings%2FBeth%20and%20Tom%2F70.jpg",
            "metadata": {},
            "namespace": "lr4poue3hwjl",
            "object": "weddings/Beth and Tom/70.jpg",
            "opc_sse_kms_key_id": null,
            "source": "assets/weddings/Beth and Tom/70.jpg 2016-03-09 09:18:19 +0000 GMT",
            "source_uri_details": [],
            "state": "COMPLETED",
            "storage_tier": "Standard",
            "timeouts": null,
            "version_id": "2a07000d-65da-4511-b851-2fb6b21daeff",
            "work_request_id": ""
          },
          "sensitive_attributes": [],
          "private": "eyJlMmJmYjczMC1lY2FhLTExZTYtOGY4OC0zNDM2M2JjN2M0YzAiOnsiY3JlYXRlIjoxMjAwMDAwMDAwMDAwLCJkZWxldGUiOjEyMDAwMDAwMDAwMDAsInVwZGF0ZSI6MTIwMDAwMDAwMDAwMH19",
          "dependencies": [
            "module.object-storage.oci_objectstorage_bucket.ewp_image_storage"
          ]
        },
        {
          "index_key": 136,
          "schema_version": 0,
          "attributes": {
            "bucket": "ewp_image_store",
            "cache_control": null,
            "content": null,
            "content_disposition": null,
            "content_encoding": null,
            "content_language": null,
            "content_length": "1196831",
            "content_md5": "94cZRAHYpaTKjxWMRybetA==",
            "content_type": "image/jpeg",
            "delete_all_object_versions": false,
            "id": "n/lr4poue3hwjl/b/ewp_image_store/o/weddings%2FBeth%20and%20Tom%2F71.jpg",
            "metadata": {},
            "namespace": "lr4poue3hwjl",
            "object": "weddings/Beth and Tom/71.jpg",
            "opc_sse_kms_key_id": null,
            "source": "assets/weddings/Beth and Tom/71.jpg 2016-03-09 09:19:09 +0000 GMT",
            "source_uri_details": [],
            "state": "COMPLETED",
            "storage_tier": "Standard",
            "timeouts": null,
            "version_id": "973999a7-9883-43e1-9e03-40dcb1219486",
            "work_request_id": ""
          },
          "sensitive_attributes": [],
          "private": "eyJlMmJmYjczMC1lY2FhLTExZTYtOGY4OC0zNDM2M2JjN2M0YzAiOnsiY3JlYXRlIjoxMjAwMDAwMDAwMDAwLCJkZWxldGUiOjEyMDAwMDAwMDAwMDAsInVwZGF0ZSI6MTIwMDAwMDAwMDAwMH19",
          "dependencies": [
            "module.object-storage.oci_objectstorage_bucket.ewp_image_storage"
          ]
        },
        {
          "index_key": 137,
          "schema_version": 0,
          "attributes": {
            "bucket": "ewp_image_store",
            "cache_control": null,
            "content": null,
            "content_disposition": null,
            "content_encoding": null,
            "content_language": null,
            "content_length": "400948",
            "content_md5": "IZZJeOEovyQvvy1gX+hcgA==",
            "content_type": "image/jpeg",
            "delete_all_object_versions": false,
            "id": "n/lr4poue3hwjl/b/ewp_image_store/o/weddings%2FBeth%20and%20Tom%2F72.jpg",
            "metadata": {},
            "namespace": "lr4poue3hwjl",
            "object": "weddings/Beth and Tom/72.jpg",
            "opc_sse_kms_key_id": null,
            "source": "assets/weddings/Beth and Tom/72.jpg 2016-03-09 09:18:30 +0000 GMT",
            "source_uri_details": [],
            "state": "COMPLETED",
            "storage_tier": "Standard",
            "timeouts": null,
            "version_id": "0f3a9d0a-f438-4884-a731-1f8d47f132a4",
            "work_request_id": ""
          },
          "sensitive_attributes": [],
          "private": "eyJlMmJmYjczMC1lY2FhLTExZTYtOGY4OC0zNDM2M2JjN2M0YzAiOnsiY3JlYXRlIjoxMjAwMDAwMDAwMDAwLCJkZWxldGUiOjEyMDAwMDAwMDAwMDAsInVwZGF0ZSI6MTIwMDAwMDAwMDAwMH19",
          "dependencies": [
            "module.object-storage.oci_objectstorage_bucket.ewp_image_storage"
          ]
        },
        {
          "index_key": 138,
          "schema_version": 0,
          "attributes": {
            "bucket": "ewp_image_store",
            "cache_control": null,
            "content": null,
            "content_disposition": null,
            "content_encoding": null,
            "content_language": null,
            "content_length": "390688",
            "content_md5": "rHkF7eeVvWqobAdMY7Chpw==",
            "content_type": "image/jpeg",
            "delete_all_object_versions": false,
            "id": "n/lr4poue3hwjl/b/ewp_image_store/o/weddings%2FBeth%20and%20Tom%2F73.jpg",
            "metadata": {},
            "namespace": "lr4poue3hwjl",
            "object": "weddings/Beth and Tom/73.jpg",
            "opc_sse_kms_key_id": null,
            "source": "assets/weddings/Beth and Tom/73.jpg 2016-03-09 09:19:01 +0000 GMT",
            "source_uri_details": [],
            "state": "COMPLETED",
            "storage_tier": "Standard",
            "timeouts": null,
            "version_id": "c6bdb448-abb6-40c9-8e20-ba0e4b932c49",
            "work_request_id": ""
          },
          "sensitive_attributes": [],
          "private": "eyJlMmJmYjczMC1lY2FhLTExZTYtOGY4OC0zNDM2M2JjN2M0YzAiOnsiY3JlYXRlIjoxMjAwMDAwMDAwMDAwLCJkZWxldGUiOjEyMDAwMDAwMDAwMDAsInVwZGF0ZSI6MTIwMDAwMDAwMDAwMH19",
          "dependencies": [
            "module.object-storage.oci_objectstorage_bucket.ewp_image_storage"
          ]
        },
        {
          "index_key": 139,
          "schema_version": 0,
          "attributes": {
            "bucket": "ewp_image_store",
            "cache_control": null,
            "content": null,
            "content_disposition": null,
            "content_encoding": null,
            "content_language": null,
            "content_length": "218297",
            "content_md5": "1Iw4ZuRus+rB3Woe3pB8xw==",
            "content_type": "image/jpeg",
            "delete_all_object_versions": false,
            "id": "n/lr4poue3hwjl/b/ewp_image_store/o/weddings%2FBeth%20and%20Tom%2F74.jpg",
            "metadata": {},
            "namespace": "lr4poue3hwjl",
            "object": "weddings/Beth and Tom/74.jpg",
            "opc_sse_kms_key_id": null,
            "source": "assets/weddings/Beth and Tom/74.jpg 2016-03-09 09:18:53 +0000 GMT",
            "source_uri_details": [],
            "state": "COMPLETED",
            "storage_tier": "Standard",
            "timeouts": null,
            "version_id": "ece8a52c-b604-4e52-a826-96e851061f0e",
            "work_request_id": ""
          },
          "sensitive_attributes": [],
          "private": "eyJlMmJmYjczMC1lY2FhLTExZTYtOGY4OC0zNDM2M2JjN2M0YzAiOnsiY3JlYXRlIjoxMjAwMDAwMDAwMDAwLCJkZWxldGUiOjEyMDAwMDAwMDAwMDAsInVwZGF0ZSI6MTIwMDAwMDAwMDAwMH19",
          "dependencies": [
            "module.object-storage.oci_objectstorage_bucket.ewp_image_storage"
          ]
        },
        {
          "index_key": 140,
          "schema_version": 0,
          "attributes": {
            "bucket": "ewp_image_store",
            "cache_control": null,
            "content": null,
            "content_disposition": null,
            "content_encoding": null,
            "content_language": null,
            "content_length": "342742",
            "content_md5": "HDC+TQ1hav9tnkYrq4G9jA==",
            "content_type": "image/jpeg",
            "delete_all_object_versions": false,
            "id": "n/lr4poue3hwjl/b/ewp_image_store/o/weddings%2FBeth%20and%20Tom%2F8.jpg",
            "metadata": {},
            "namespace": "lr4poue3hwjl",
            "object": "weddings/Beth and Tom/8.jpg",
            "opc_sse_kms_key_id": null,
            "source": "assets/weddings/Beth and Tom/8.jpg 2016-03-09 09:12:07 +0000 GMT",
            "source_uri_details": [],
            "state": "COMPLETED",
            "storage_tier": "Standard",
            "timeouts": null,
            "version_id": "10bb4256-443e-4c02-88c8-0391ff448579",
            "work_request_id": ""
          },
          "sensitive_attributes": [],
          "private": "eyJlMmJmYjczMC1lY2FhLTExZTYtOGY4OC0zNDM2M2JjN2M0YzAiOnsiY3JlYXRlIjoxMjAwMDAwMDAwMDAwLCJkZWxldGUiOjEyMDAwMDAwMDAwMDAsInVwZGF0ZSI6MTIwMDAwMDAwMDAwMH19",
          "dependencies": [
            "module.object-storage.oci_objectstorage_bucket.ewp_image_storage"
          ]
        },
        {
          "index_key": 141,
          "schema_version": 0,
          "attributes": {
            "bucket": "ewp_image_store",
            "cache_control": null,
            "content": null,
            "content_disposition": null,
            "content_encoding": null,
            "content_language": null,
            "content_length": "908263",
            "content_md5": "3xdD2mfoku3iPAw63Xa1nQ==",
            "content_type": "image/jpeg",
            "delete_all_object_versions": false,
            "id": "n/lr4poue3hwjl/b/ewp_image_store/o/weddings%2FBeth%20and%20Tom%2F9.jpg",
            "metadata": {},
            "namespace": "lr4poue3hwjl",
            "object": "weddings/Beth and Tom/9.jpg",
            "opc_sse_kms_key_id": null,
            "source": "assets/weddings/Beth and Tom/9.jpg 2016-03-09 09:12:15 +0000 GMT",
            "source_uri_details": [],
            "state": "COMPLETED",
            "storage_tier": "Standard",
            "timeouts": null,
            "version_id": "b4ed655e-f539-468a-809d-d8dfb1149f55",
            "work_request_id": ""
          },
          "sensitive_attributes": [],
          "private": "eyJlMmJmYjczMC1lY2FhLTExZTYtOGY4OC0zNDM2M2JjN2M0YzAiOnsiY3JlYXRlIjoxMjAwMDAwMDAwMDAwLCJkZWxldGUiOjEyMDAwMDAwMDAwMDAsInVwZGF0ZSI6MTIwMDAwMDAwMDAwMH19",
          "dependencies": [
            "module.object-storage.oci_objectstorage_bucket.ewp_image_storage"
          ]
        },
        {
          "index_key": 142,
          "schema_version": 0,
          "attributes": {
            "bucket": "ewp_image_store",
            "cache_control": null,
            "content": null,
            "content_disposition": null,
            "content_encoding": null,
            "content_language": null,
            "content_length": "709812",
            "content_md5": "5+pYjVXfjTVRPOABDqhxhg==",
            "content_type": "image/jpeg",
            "delete_all_object_versions": false,
            "id": "n/lr4poue3hwjl/b/ewp_image_store/o/weddings%2FBeth%20and%20Tom%2Fcover.jpg",
            "metadata": {},
            "namespace": "lr4poue3hwjl",
            "object": "weddings/Beth and Tom/cover.jpg",
            "opc_sse_kms_key_id": null,
            "source": "assets/weddings/Beth and Tom/cover.jpg 2016-03-09 09:15:41 +0000 GMT",
            "source_uri_details": [],
            "state": "COMPLETED",
            "storage_tier": "Standard",
            "timeouts": null,
            "version_id": "68eba11a-4545-4cfc-813b-bc852116159e",
            "work_request_id": ""
          },
          "sensitive_attributes": [],
          "private": "eyJlMmJmYjczMC1lY2FhLTExZTYtOGY4OC0zNDM2M2JjN2M0YzAiOnsiY3JlYXRlIjoxMjAwMDAwMDAwMDAwLCJkZWxldGUiOjEyMDAwMDAwMDAwMDAsInVwZGF0ZSI6MTIwMDAwMDAwMDAwMH19",
          "dependencies": [
            "module.object-storage.oci_objectstorage_bucket.ewp_image_storage"
          ]
        },
        {
          "index_key": 143,
          "schema_version": 0,
          "attributes": {
            "bucket": "ewp_image_store",
            "cache_control": null,
            "content": null,
            "content_disposition": null,
            "content_encoding": null,
            "content_language": null,
            "content_length": "476815",
            "content_md5": "m2jhFhhANA5NKOI6KxQVfg==",
            "content_type": "image/jpeg",
            "delete_all_object_versions": false,
            "id": "n/lr4poue3hwjl/b/ewp_image_store/o/weddings%2FEllie%20and%20Pete%2F1.jpg",
            "metadata": {},
            "namespace": "lr4poue3hwjl",
            "object": "weddings/Ellie and Pete/1.jpg",
            "opc_sse_kms_key_id": null,
            "source": "assets/weddings/Ellie and Pete/1.jpg 2014-07-30 16:35:10 +0100 BST",
            "source_uri_details": [],
            "state": "COMPLETED",
            "storage_tier": "Standard",
            "timeouts": null,
            "version_id": "c374f38e-3f9c-494c-9c15-4f4f75f34906",
            "work_request_id": ""
          },
          "sensitive_attributes": [],
          "private": "eyJlMmJmYjczMC1lY2FhLTExZTYtOGY4OC0zNDM2M2JjN2M0YzAiOnsiY3JlYXRlIjoxMjAwMDAwMDAwMDAwLCJkZWxldGUiOjEyMDAwMDAwMDAwMDAsInVwZGF0ZSI6MTIwMDAwMDAwMDAwMH19",
          "dependencies": [
            "module.object-storage.oci_objectstorage_bucket.ewp_image_storage"
          ]
        },
        {
          "index_key": 144,
          "schema_version": 0,
          "attributes": {
            "bucket": "ewp_image_store",
            "cache_control": null,
            "content": null,
            "content_disposition": null,
            "content_encoding": null,
            "content_language": null,
            "content_length": "444316",
            "content_md5": "Y6HhtfMb89hZg1lrtEjjWw==",
            "content_type": "image/jpeg",
            "delete_all_object_versions": false,
            "id": "n/lr4poue3hwjl/b/ewp_image_store/o/weddings%2FEllie%20and%20Pete%2F10.jpg",
            "metadata": {},
            "namespace": "lr4poue3hwjl",
            "object": "weddings/Ellie and Pete/10.jpg",
            "opc_sse_kms_key_id": null,
            "source": "assets/weddings/Ellie and Pete/10.jpg 2014-07-30 16:33:13 +0100 BST",
            "source_uri_details": [],
            "state": "COMPLETED",
            "storage_tier": "Standard",
            "timeouts": null,
            "version_id": "58f71b2d-5fc9-4835-8e4f-8de8f034e44c",
            "work_request_id": ""
          },
          "sensitive_attributes": [],
          "private": "eyJlMmJmYjczMC1lY2FhLTExZTYtOGY4OC0zNDM2M2JjN2M0YzAiOnsiY3JlYXRlIjoxMjAwMDAwMDAwMDAwLCJkZWxldGUiOjEyMDAwMDAwMDAwMDAsInVwZGF0ZSI6MTIwMDAwMDAwMDAwMH19",
          "dependencies": [
            "module.object-storage.oci_objectstorage_bucket.ewp_image_storage"
          ]
        },
        {
          "index_key": 145,
          "schema_version": 0,
          "attributes": {
            "bucket": "ewp_image_store",
            "cache_control": null,
            "content": null,
            "content_disposition": null,
            "content_encoding": null,
            "content_language": null,
            "content_length": "499470",
            "content_md5": "2P3VROWOdMH6hLo+CwuH0A==",
            "content_type": "image/jpeg",
            "delete_all_object_versions": false,
            "id": "n/lr4poue3hwjl/b/ewp_image_store/o/weddings%2FEllie%20and%20Pete%2F11.jpg",
            "metadata": {},
            "namespace": "lr4poue3hwjl",
            "object": "weddings/Ellie and Pete/11.jpg",
            "opc_sse_kms_key_id": null,
            "source": "assets/weddings/Ellie and Pete/11.jpg 2014-07-30 16:33:00 +0100 BST",
            "source_uri_details": [],
            "state": "COMPLETED",
            "storage_tier": "Standard",
            "timeouts": null,
            "version_id": "e093a367-13e6-455a-a2ef-55d4a9880c98",
            "work_request_id": ""
          },
          "sensitive_attributes": [],
          "private": "eyJlMmJmYjczMC1lY2FhLTExZTYtOGY4OC0zNDM2M2JjN2M0YzAiOnsiY3JlYXRlIjoxMjAwMDAwMDAwMDAwLCJkZWxldGUiOjEyMDAwMDAwMDAwMDAsInVwZGF0ZSI6MTIwMDAwMDAwMDAwMH19",
          "dependencies": [
            "module.object-storage.oci_objectstorage_bucket.ewp_image_storage"
          ]
        },
        {
          "index_key": 146,
          "schema_version": 0,
          "attributes": {
            "bucket": "ewp_image_store",
            "cache_control": null,
            "content": null,
            "content_disposition": null,
            "content_encoding": null,
            "content_language": null,
            "content_length": "460053",
            "content_md5": "mNdudOia6VtUkWhzO6WyTA==",
            "content_type": "image/jpeg",
            "delete_all_object_versions": false,
            "id": "n/lr4poue3hwjl/b/ewp_image_store/o/weddings%2FEllie%20and%20Pete%2F12.jpg",
            "metadata": {},
            "namespace": "lr4poue3hwjl",
            "object": "weddings/Ellie and Pete/12.jpg",
            "opc_sse_kms_key_id": null,
            "source": "assets/weddings/Ellie and Pete/12.jpg 2014-07-30 16:32:48 +0100 BST",
            "source_uri_details": [],
            "state": "COMPLETED",
            "storage_tier": "Standard",
            "timeouts": null,
            "version_id": "50fdfd4f-38f0-4efb-999c-ca05e51423cd",
            "work_request_id": ""
          },
          "sensitive_attributes": [],
          "private": "eyJlMmJmYjczMC1lY2FhLTExZTYtOGY4OC0zNDM2M2JjN2M0YzAiOnsiY3JlYXRlIjoxMjAwMDAwMDAwMDAwLCJkZWxldGUiOjEyMDAwMDAwMDAwMDAsInVwZGF0ZSI6MTIwMDAwMDAwMDAwMH19",
          "dependencies": [
            "module.object-storage.oci_objectstorage_bucket.ewp_image_storage"
          ]
        },
        {
          "index_key": 147,
          "schema_version": 0,
          "attributes": {
            "bucket": "ewp_image_store",
            "cache_control": null,
            "content": null,
            "content_disposition": null,
            "content_encoding": null,
            "content_language": null,
            "content_length": "401336",
            "content_md5": "9JRBhCUnWOZM9ypXzFHdMA==",
            "content_type": "image/jpeg",
            "delete_all_object_versions": false,
            "id": "n/lr4poue3hwjl/b/ewp_image_store/o/weddings%2FEllie%20and%20Pete%2F13.jpg",
            "metadata": {},
            "namespace": "lr4poue3hwjl",
            "object": "weddings/Ellie and Pete/13.jpg",
            "opc_sse_kms_key_id": null,
            "source": "assets/weddings/Ellie and Pete/13.jpg 2014-07-30 16:32:32 +0100 BST",
            "source_uri_details": [],
            "state": "COMPLETED",
            "storage_tier": "Standard",
            "timeouts": null,
            "version_id": "da3fab39-c2a1-4865-9feb-7318cb448afe",
            "work_request_id": ""
          },
          "sensitive_attributes": [],
          "private": "eyJlMmJmYjczMC1lY2FhLTExZTYtOGY4OC0zNDM2M2JjN2M0YzAiOnsiY3JlYXRlIjoxMjAwMDAwMDAwMDAwLCJkZWxldGUiOjEyMDAwMDAwMDAwMDAsInVwZGF0ZSI6MTIwMDAwMDAwMDAwMH19",
          "dependencies": [
            "module.object-storage.oci_objectstorage_bucket.ewp_image_storage"
          ]
        },
        {
          "index_key": 148,
          "schema_version": 0,
          "attributes": {
            "bucket": "ewp_image_store",
            "cache_control": null,
            "content": null,
            "content_disposition": null,
            "content_encoding": null,
            "content_language": null,
            "content_length": "454875",
            "content_md5": "gE54uVnDOg72lFzpuRdTyw==",
            "content_type": "image/jpeg",
            "delete_all_object_versions": false,
            "id": "n/lr4poue3hwjl/b/ewp_image_store/o/weddings%2FEllie%20and%20Pete%2F14.jpg",
            "metadata": {},
            "namespace": "lr4poue3hwjl",
            "object": "weddings/Ellie and Pete/14.jpg",
            "opc_sse_kms_key_id": null,
            "source": "assets/weddings/Ellie and Pete/14.jpg 2014-07-30 16:32:18 +0100 BST",
            "source_uri_details": [],
            "state": "COMPLETED",
            "storage_tier": "Standard",
            "timeouts": null,
            "version_id": "84a77805-558a-4bca-88b1-76b5c73395ca",
            "work_request_id": ""
          },
          "sensitive_attributes": [],
          "private": "eyJlMmJmYjczMC1lY2FhLTExZTYtOGY4OC0zNDM2M2JjN2M0YzAiOnsiY3JlYXRlIjoxMjAwMDAwMDAwMDAwLCJkZWxldGUiOjEyMDAwMDAwMDAwMDAsInVwZGF0ZSI6MTIwMDAwMDAwMDAwMH19",
          "dependencies": [
            "module.object-storage.oci_objectstorage_bucket.ewp_image_storage"
          ]
        },
        {
          "index_key": 149,
          "schema_version": 0,
          "attributes": {
            "bucket": "ewp_image_store",
            "cache_control": null,
            "content": null,
            "content_disposition": null,
            "content_encoding": null,
            "content_language": null,
            "content_length": "498973",
            "content_md5": "Ml+QDUHYWUEqZJBncUhjYg==",
            "content_type": "image/jpeg",
            "delete_all_object_versions": false,
            "id": "n/lr4poue3hwjl/b/ewp_image_store/o/weddings%2FEllie%20and%20Pete%2F15.jpg",
            "metadata": {},
            "namespace": "lr4poue3hwjl",
            "object": "weddings/Ellie and Pete/15.jpg",
            "opc_sse_kms_key_id": null,
            "source": "assets/weddings/Ellie and Pete/15.jpg 2014-07-30 16:32:03 +0100 BST",
            "source_uri_details": [],
            "state": "COMPLETED",
            "storage_tier": "Standard",
            "timeouts": null,
            "version_id": "2b252a90-0e9a-45fa-82e1-9a22f8a52068",
            "work_request_id": ""
          },
          "sensitive_attributes": [],
          "private": "eyJlMmJmYjczMC1lY2FhLTExZTYtOGY4OC0zNDM2M2JjN2M0YzAiOnsiY3JlYXRlIjoxMjAwMDAwMDAwMDAwLCJkZWxldGUiOjEyMDAwMDAwMDAwMDAsInVwZGF0ZSI6MTIwMDAwMDAwMDAwMH19",
          "dependencies": [
            "module.object-storage.oci_objectstorage_bucket.ewp_image_storage"
          ]
        },
        {
          "index_key": 150,
          "schema_version": 0,
          "attributes": {
            "bucket": "ewp_image_store",
            "cache_control": null,
            "content": null,
            "content_disposition": null,
            "content_encoding": null,
            "content_language": null,
            "content_length": "422007",
            "content_md5": "lcyL/H31a5V5vGQvjudj8A==",
            "content_type": "image/jpeg",
            "delete_all_object_versions": false,
            "id": "n/lr4poue3hwjl/b/ewp_image_store/o/weddings%2FEllie%20and%20Pete%2F16.jpg",
            "metadata": {},
            "namespace": "lr4poue3hwjl",
            "object": "weddings/Ellie and Pete/16.jpg",
            "opc_sse_kms_key_id": null,
            "source": "assets/weddings/Ellie and Pete/16.jpg 2014-07-30 16:31:53 +0100 BST",
            "source_uri_details": [],
            "state": "COMPLETED",
            "storage_tier": "Standard",
            "timeouts": null,
            "version_id": "998bf485-c7fb-4053-b800-240d89a14e20",
            "work_request_id": ""
          },
          "sensitive_attributes": [],
          "private": "eyJlMmJmYjczMC1lY2FhLTExZTYtOGY4OC0zNDM2M2JjN2M0YzAiOnsiY3JlYXRlIjoxMjAwMDAwMDAwMDAwLCJkZWxldGUiOjEyMDAwMDAwMDAwMDAsInVwZGF0ZSI6MTIwMDAwMDAwMDAwMH19",
          "dependencies": [
            "module.object-storage.oci_objectstorage_bucket.ewp_image_storage"
          ]
        },
        {
          "index_key": 151,
          "schema_version": 0,
          "attributes": {
            "bucket": "ewp_image_store",
            "cache_control": null,
            "content": null,
            "content_disposition": null,
            "content_encoding": null,
            "content_language": null,
            "content_length": "411083",
            "content_md5": "HCsLSRNhHBjAmmnVmWAwLw==",
            "content_type": "image/jpeg",
            "delete_all_object_versions": false,
            "id": "n/lr4poue3hwjl/b/ewp_image_store/o/weddings%2FEllie%20and%20Pete%2F17.jpg",
            "metadata": {},
            "namespace": "lr4poue3hwjl",
            "object": "weddings/Ellie and Pete/17.jpg",
            "opc_sse_kms_key_id": null,
            "source": "assets/weddings/Ellie and Pete/17.jpg 2014-07-30 16:31:38 +0100 BST",
            "source_uri_details": [],
            "state": "COMPLETED",
            "storage_tier": "Standard",
            "timeouts": null,
            "version_id": "daf42a89-8f84-4101-bc13-84dec208d019",
            "work_request_id": ""
          },
          "sensitive_attributes": [],
          "private": "eyJlMmJmYjczMC1lY2FhLTExZTYtOGY4OC0zNDM2M2JjN2M0YzAiOnsiY3JlYXRlIjoxMjAwMDAwMDAwMDAwLCJkZWxldGUiOjEyMDAwMDAwMDAwMDAsInVwZGF0ZSI6MTIwMDAwMDAwMDAwMH19",
          "dependencies": [
            "module.object-storage.oci_objectstorage_bucket.ewp_image_storage"
          ]
        },
        {
          "index_key": 152,
          "schema_version": 0,
          "attributes": {
            "bucket": "ewp_image_store",
            "cache_control": null,
            "content": null,
            "content_disposition": null,
            "content_encoding": null,
            "content_language": null,
            "content_length": "423143",
            "content_md5": "aPuqTVSw3eChHS6YoPDB/A==",
            "content_type": "image/jpeg",
            "delete_all_object_versions": false,
            "id": "n/lr4poue3hwjl/b/ewp_image_store/o/weddings%2FEllie%20and%20Pete%2F18.jpg",
            "metadata": {},
            "namespace": "lr4poue3hwjl",
            "object": "weddings/Ellie and Pete/18.jpg",
            "opc_sse_kms_key_id": null,
            "source": "assets/weddings/Ellie and Pete/18.jpg 2014-07-30 16:31:25 +0100 BST",
            "source_uri_details": [],
            "state": "COMPLETED",
            "storage_tier": "Standard",
            "timeouts": null,
            "version_id": "304af94f-e02c-471d-b565-43cc3918a707",
            "work_request_id": ""
          },
          "sensitive_attributes": [],
          "private": "eyJlMmJmYjczMC1lY2FhLTExZTYtOGY4OC0zNDM2M2JjN2M0YzAiOnsiY3JlYXRlIjoxMjAwMDAwMDAwMDAwLCJkZWxldGUiOjEyMDAwMDAwMDAwMDAsInVwZGF0ZSI6MTIwMDAwMDAwMDAwMH19",
          "dependencies": [
            "module.object-storage.oci_objectstorage_bucket.ewp_image_storage"
          ]
        },
        {
          "index_key": 153,
          "schema_version": 0,
          "attributes": {
            "bucket": "ewp_image_store",
            "cache_control": null,
            "content": null,
            "content_disposition": null,
            "content_encoding": null,
            "content_language": null,
            "content_length": "386691",
            "content_md5": "cI5TQUsQGn9DSXnMbsvLrQ==",
            "content_type": "image/jpeg",
            "delete_all_object_versions": false,
            "id": "n/lr4poue3hwjl/b/ewp_image_store/o/weddings%2FEllie%20and%20Pete%2F19.jpg",
            "metadata": {},
            "namespace": "lr4poue3hwjl",
            "object": "weddings/Ellie and Pete/19.jpg",
            "opc_sse_kms_key_id": null,
            "source": "assets/weddings/Ellie and Pete/19.jpg 2014-07-30 16:31:13 +0100 BST",
            "source_uri_details": [],
            "state": "COMPLETED",
            "storage_tier": "Standard",
            "timeouts": null,
            "version_id": "3eda7549-d4d6-4dc0-b5a3-f2fbe3c9a5ca",
            "work_request_id": ""
          },
          "sensitive_attributes": [],
          "private": "eyJlMmJmYjczMC1lY2FhLTExZTYtOGY4OC0zNDM2M2JjN2M0YzAiOnsiY3JlYXRlIjoxMjAwMDAwMDAwMDAwLCJkZWxldGUiOjEyMDAwMDAwMDAwMDAsInVwZGF0ZSI6MTIwMDAwMDAwMDAwMH19",
          "dependencies": [
            "module.object-storage.oci_objectstorage_bucket.ewp_image_storage"
          ]
        },
        {
          "index_key": 154,
          "schema_version": 0,
          "attributes": {
            "bucket": "ewp_image_store",
            "cache_control": null,
            "content": null,
            "content_disposition": null,
            "content_encoding": null,
            "content_language": null,
            "content_length": "534913",
            "content_md5": "AXhGaRXW4aYt5cVHN/H4/w==",
            "content_type": "image/jpeg",
            "delete_all_object_versions": false,
            "id": "n/lr4poue3hwjl/b/ewp_image_store/o/weddings%2FEllie%20and%20Pete%2F2.jpg",
            "metadata": {},
            "namespace": "lr4poue3hwjl",
            "object": "weddings/Ellie and Pete/2.jpg",
            "opc_sse_kms_key_id": null,
            "source": "assets/weddings/Ellie and Pete/2.jpg 2014-07-30 16:34:57 +0100 BST",
            "source_uri_details": [],
            "state": "COMPLETED",
            "storage_tier": "Standard",
            "timeouts": null,
            "version_id": "0b104935-6f40-4c13-a9c1-4f5ffead2565",
            "work_request_id": ""
          },
          "sensitive_attributes": [],
          "private": "eyJlMmJmYjczMC1lY2FhLTExZTYtOGY4OC0zNDM2M2JjN2M0YzAiOnsiY3JlYXRlIjoxMjAwMDAwMDAwMDAwLCJkZWxldGUiOjEyMDAwMDAwMDAwMDAsInVwZGF0ZSI6MTIwMDAwMDAwMDAwMH19",
          "dependencies": [
            "module.object-storage.oci_objectstorage_bucket.ewp_image_storage"
          ]
        },
        {
          "index_key": 155,
          "schema_version": 0,
          "attributes": {
            "bucket": "ewp_image_store",
            "cache_control": null,
            "content": null,
            "content_disposition": null,
            "content_encoding": null,
            "content_language": null,
            "content_length": "381831",
            "content_md5": "jKANwoD3z4E3OnXiU4eHfA==",
            "content_type": "image/jpeg",
            "delete_all_object_versions": false,
            "id": "n/lr4poue3hwjl/b/ewp_image_store/o/weddings%2FEllie%20and%20Pete%2F20.jpg",
            "metadata": {},
            "namespace": "lr4poue3hwjl",
            "object": "weddings/Ellie and Pete/20.jpg",
            "opc_sse_kms_key_id": null,
            "source": "assets/weddings/Ellie and Pete/20.jpg 2014-07-30 16:30:58 +0100 BST",
            "source_uri_details": [],
            "state": "COMPLETED",
            "storage_tier": "Standard",
            "timeouts": null,
            "version_id": "ccd80fc7-541c-4010-9484-44bcc2289020",
            "work_request_id": ""
          },
          "sensitive_attributes": [],
          "private": "eyJlMmJmYjczMC1lY2FhLTExZTYtOGY4OC0zNDM2M2JjN2M0YzAiOnsiY3JlYXRlIjoxMjAwMDAwMDAwMDAwLCJkZWxldGUiOjEyMDAwMDAwMDAwMDAsInVwZGF0ZSI6MTIwMDAwMDAwMDAwMH19",
          "dependencies": [
            "module.object-storage.oci_objectstorage_bucket.ewp_image_storage"
          ]
        },
        {
          "index_key": 156,
          "schema_version": 0,
          "attributes": {
            "bucket": "ewp_image_store",
            "cache_control": null,
            "content": null,
            "content_disposition": null,
            "content_encoding": null,
            "content_language": null,
            "content_length": "467770",
            "content_md5": "mKRH+IM11d/JSlNA37AAcg==",
            "content_type": "image/jpeg",
            "delete_all_object_versions": false,
            "id": "n/lr4poue3hwjl/b/ewp_image_store/o/weddings%2FEllie%20and%20Pete%2F21.jpg",
            "metadata": {},
            "namespace": "lr4poue3hwjl",
            "object": "weddings/Ellie and Pete/21.jpg",
            "opc_sse_kms_key_id": null,
            "source": "assets/weddings/Ellie and Pete/21.jpg 2014-07-30 16:30:44 +0100 BST",
            "source_uri_details": [],
            "state": "COMPLETED",
            "storage_tier": "Standard",
            "timeouts": null,
            "version_id": "dc8c8103-eca1-4aba-bc12-6f8703074a4f",
            "work_request_id": ""
          },
          "sensitive_attributes": [],
          "private": "eyJlMmJmYjczMC1lY2FhLTExZTYtOGY4OC0zNDM2M2JjN2M0YzAiOnsiY3JlYXRlIjoxMjAwMDAwMDAwMDAwLCJkZWxldGUiOjEyMDAwMDAwMDAwMDAsInVwZGF0ZSI6MTIwMDAwMDAwMDAwMH19",
          "dependencies": [
            "module.object-storage.oci_objectstorage_bucket.ewp_image_storage"
          ]
        },
        {
          "index_key": 157,
          "schema_version": 0,
          "attributes": {
            "bucket": "ewp_image_store",
            "cache_control": null,
            "content": null,
            "content_disposition": null,
            "content_encoding": null,
            "content_language": null,
            "content_length": "1168310",
            "content_md5": "hCO/S1e/jUVfM6qlNd7iaw==",
            "content_type": "image/jpeg",
            "delete_all_object_versions": false,
            "id": "n/lr4poue3hwjl/b/ewp_image_store/o/weddings%2FEllie%20and%20Pete%2F22.jpg",
            "metadata": {},
            "namespace": "lr4poue3hwjl",
            "object": "weddings/Ellie and Pete/22.jpg",
            "opc_sse_kms_key_id": null,
            "source": "assets/weddings/Ellie and Pete/22.jpg 2014-07-30 16:30:32 +0100 BST",
            "source_uri_details": [],
            "state": "COMPLETED",
            "storage_tier": "Standard",
            "timeouts": null,
            "version_id": "44c777be-f0af-4cd1-879e-d4d031bf7775",
            "work_request_id": ""
          },
          "sensitive_attributes": [],
          "private": "eyJlMmJmYjczMC1lY2FhLTExZTYtOGY4OC0zNDM2M2JjN2M0YzAiOnsiY3JlYXRlIjoxMjAwMDAwMDAwMDAwLCJkZWxldGUiOjEyMDAwMDAwMDAwMDAsInVwZGF0ZSI6MTIwMDAwMDAwMDAwMH19",
          "dependencies": [
            "module.object-storage.oci_objectstorage_bucket.ewp_image_storage"
          ]
        },
        {
          "index_key": 158,
          "schema_version": 0,
          "attributes": {
            "bucket": "ewp_image_store",
            "cache_control": null,
            "content": null,
            "content_disposition": null,
            "content_encoding": null,
            "content_language": null,
            "content_length": "489608",
            "content_md5": "CpQtTeDvTz49jYQk/X6dEA==",
            "content_type": "image/jpeg",
            "delete_all_object_versions": false,
            "id": "n/lr4poue3hwjl/b/ewp_image_store/o/weddings%2FEllie%20and%20Pete%2F23.jpg",
            "metadata": {},
            "namespace": "lr4poue3hwjl",
            "object": "weddings/Ellie and Pete/23.jpg",
            "opc_sse_kms_key_id": null,
            "source": "assets/weddings/Ellie and Pete/23.jpg 2014-07-30 16:29:37 +0100 BST",
            "source_uri_details": [],
            "state": "COMPLETED",
            "storage_tier": "Standard",
            "timeouts": null,
            "version_id": "91e7109c-399f-4cbd-a870-b54b2d1396d5",
            "work_request_id": ""
          },
          "sensitive_attributes": [],
          "private": "eyJlMmJmYjczMC1lY2FhLTExZTYtOGY4OC0zNDM2M2JjN2M0YzAiOnsiY3JlYXRlIjoxMjAwMDAwMDAwMDAwLCJkZWxldGUiOjEyMDAwMDAwMDAwMDAsInVwZGF0ZSI6MTIwMDAwMDAwMDAwMH19",
          "dependencies": [
            "module.object-storage.oci_objectstorage_bucket.ewp_image_storage"
          ]
        },
        {
          "index_key": 159,
          "schema_version": 0,
          "attributes": {
            "bucket": "ewp_image_store",
            "cache_control": null,
            "content": null,
            "content_disposition": null,
            "content_encoding": null,
            "content_language": null,
            "content_length": "497601",
            "content_md5": "o0E6vumXz47oT/AM5D6nSg==",
            "content_type": "image/jpeg",
            "delete_all_object_versions": false,
            "id": "n/lr4poue3hwjl/b/ewp_image_store/o/weddings%2FEllie%20and%20Pete%2F24.jpg",
            "metadata": {},
            "namespace": "lr4poue3hwjl",
            "object": "weddings/Ellie and Pete/24.jpg",
            "opc_sse_kms_key_id": null,
            "source": "assets/weddings/Ellie and Pete/24.jpg 2014-07-30 16:29:23 +0100 BST",
            "source_uri_details": [],
            "state": "COMPLETED",
            "storage_tier": "Standard",
            "timeouts": null,
            "version_id": "01578171-87fd-4028-925e-a5a59b4d8d3b",
            "work_request_id": ""
          },
          "sensitive_attributes": [],
          "private": "eyJlMmJmYjczMC1lY2FhLTExZTYtOGY4OC0zNDM2M2JjN2M0YzAiOnsiY3JlYXRlIjoxMjAwMDAwMDAwMDAwLCJkZWxldGUiOjEyMDAwMDAwMDAwMDAsInVwZGF0ZSI6MTIwMDAwMDAwMDAwMH19",
          "dependencies": [
            "module.object-storage.oci_objectstorage_bucket.ewp_image_storage"
          ]
        },
        {
          "index_key": 160,
          "schema_version": 0,
          "attributes": {
            "bucket": "ewp_image_store",
            "cache_control": null,
            "content": null,
            "content_disposition": null,
            "content_encoding": null,
            "content_language": null,
            "content_length": "517454",
            "content_md5": "jhsafJ84zKOgubCymYlZOA==",
            "content_type": "image/jpeg",
            "delete_all_object_versions": false,
            "id": "n/lr4poue3hwjl/b/ewp_image_store/o/weddings%2FEllie%20and%20Pete%2F25.jpg",
            "metadata": {},
            "namespace": "lr4poue3hwjl",
            "object": "weddings/Ellie and Pete/25.jpg",
            "opc_sse_kms_key_id": null,
            "source": "assets/weddings/Ellie and Pete/25.jpg 2014-07-30 16:29:09 +0100 BST",
            "source_uri_details": [],
            "state": "COMPLETED",
            "storage_tier": "Standard",
            "timeouts": null,
            "version_id": "ca80aad9-b1b7-4346-bfc4-09c53601688f",
            "work_request_id": ""
          },
          "sensitive_attributes": [],
          "private": "eyJlMmJmYjczMC1lY2FhLTExZTYtOGY4OC0zNDM2M2JjN2M0YzAiOnsiY3JlYXRlIjoxMjAwMDAwMDAwMDAwLCJkZWxldGUiOjEyMDAwMDAwMDAwMDAsInVwZGF0ZSI6MTIwMDAwMDAwMDAwMH19",
          "dependencies": [
            "module.object-storage.oci_objectstorage_bucket.ewp_image_storage"
          ]
        },
        {
          "index_key": 161,
          "schema_version": 0,
          "attributes": {
            "bucket": "ewp_image_store",
            "cache_control": null,
            "content": null,
            "content_disposition": null,
            "content_encoding": null,
            "content_language": null,
            "content_length": "569401",
            "content_md5": "Wjdpvlaw92wNBvMFP2KrxA==",
            "content_type": "image/jpeg",
            "delete_all_object_versions": false,
            "id": "n/lr4poue3hwjl/b/ewp_image_store/o/weddings%2FEllie%20and%20Pete%2F26.jpg",
            "metadata": {},
            "namespace": "lr4poue3hwjl",
            "object": "weddings/Ellie and Pete/26.jpg",
            "opc_sse_kms_key_id": null,
            "source": "assets/weddings/Ellie and Pete/26.jpg 2014-07-30 16:28:57 +0100 BST",
            "source_uri_details": [],
            "state": "COMPLETED",
            "storage_tier": "Standard",
            "timeouts": null,
            "version_id": "5e57e1a3-68f5-4d8e-9adb-2878b1746363",
            "work_request_id": ""
          },
          "sensitive_attributes": [],
          "private": "eyJlMmJmYjczMC1lY2FhLTExZTYtOGY4OC0zNDM2M2JjN2M0YzAiOnsiY3JlYXRlIjoxMjAwMDAwMDAwMDAwLCJkZWxldGUiOjEyMDAwMDAwMDAwMDAsInVwZGF0ZSI6MTIwMDAwMDAwMDAwMH19",
          "dependencies": [
            "module.object-storage.oci_objectstorage_bucket.ewp_image_storage"
          ]
        },
        {
          "index_key": 162,
          "schema_version": 0,
          "attributes": {
            "bucket": "ewp_image_store",
            "cache_control": null,
            "content": null,
            "content_disposition": null,
            "content_encoding": null,
            "content_language": null,
            "content_length": "568872",
            "content_md5": "ruq3B9MlDS7HctOrwMDqQg==",
            "content_type": "image/jpeg",
            "delete_all_object_versions": false,
            "id": "n/lr4poue3hwjl/b/ewp_image_store/o/weddings%2FEllie%20and%20Pete%2F27.jpg",
            "metadata": {},
            "namespace": "lr4poue3hwjl",
            "object": "weddings/Ellie and Pete/27.jpg",
            "opc_sse_kms_key_id": null,
            "source": "assets/weddings/Ellie and Pete/27.jpg 2014-07-30 16:28:35 +0100 BST",
            "source_uri_details": [],
            "state": "COMPLETED",
            "storage_tier": "Standard",
            "timeouts": null,
            "version_id": "4dc3ea47-0cc6-41a7-8372-9e417d79aa84",
            "work_request_id": ""
          },
          "sensitive_attributes": [],
          "private": "eyJlMmJmYjczMC1lY2FhLTExZTYtOGY4OC0zNDM2M2JjN2M0YzAiOnsiY3JlYXRlIjoxMjAwMDAwMDAwMDAwLCJkZWxldGUiOjEyMDAwMDAwMDAwMDAsInVwZGF0ZSI6MTIwMDAwMDAwMDAwMH19",
          "dependencies": [
            "module.object-storage.oci_objectstorage_bucket.ewp_image_storage"
          ]
        },
        {
          "index_key": 163,
          "schema_version": 0,
          "attributes": {
            "bucket": "ewp_image_store",
            "cache_control": null,
            "content": null,
            "content_disposition": null,
            "content_encoding": null,
            "content_language": null,
            "content_length": "430036",
            "content_md5": "UsbntTFX59al7Ml023YRLw==",
            "content_type": "image/jpeg",
            "delete_all_object_versions": false,
            "id": "n/lr4poue3hwjl/b/ewp_image_store/o/weddings%2FEllie%20and%20Pete%2F28.jpg",
            "metadata": {},
            "namespace": "lr4poue3hwjl",
            "object": "weddings/Ellie and Pete/28.jpg",
            "opc_sse_kms_key_id": null,
            "source": "assets/weddings/Ellie and Pete/28.jpg 2014-07-30 16:28:17 +0100 BST",
            "source_uri_details": [],
            "state": "COMPLETED",
            "storage_tier": "Standard",
            "timeouts": null,
            "version_id": "e9b73e3f-1334-4aa5-bd76-3816e28b3920",
            "work_request_id": ""
          },
          "sensitive_attributes": [],
          "private": "eyJlMmJmYjczMC1lY2FhLTExZTYtOGY4OC0zNDM2M2JjN2M0YzAiOnsiY3JlYXRlIjoxMjAwMDAwMDAwMDAwLCJkZWxldGUiOjEyMDAwMDAwMDAwMDAsInVwZGF0ZSI6MTIwMDAwMDAwMDAwMH19",
          "dependencies": [
            "module.object-storage.oci_objectstorage_bucket.ewp_image_storage"
          ]
        },
        {
          "index_key": 164,
          "schema_version": 0,
          "attributes": {
            "bucket": "ewp_image_store",
            "cache_control": null,
            "content": null,
            "content_disposition": null,
            "content_encoding": null,
            "content_language": null,
            "content_length": "539155",
            "content_md5": "vpz9o55Kn7KWlHytMdHbww==",
            "content_type": "image/jpeg",
            "delete_all_object_versions": false,
            "id": "n/lr4poue3hwjl/b/ewp_image_store/o/weddings%2FEllie%20and%20Pete%2F29.jpg",
            "metadata": {},
            "namespace": "lr4poue3hwjl",
            "object": "weddings/Ellie and Pete/29.jpg",
            "opc_sse_kms_key_id": null,
            "source": "assets/weddings/Ellie and Pete/29.jpg 2014-07-30 16:28:01 +0100 BST",
            "source_uri_details": [],
            "state": "COMPLETED",
            "storage_tier": "Standard",
            "timeouts": null,
            "version_id": "39a15d52-7cf7-4a29-bf89-302c37beb86f",
            "work_request_id": ""
          },
          "sensitive_attributes": [],
          "private": "eyJlMmJmYjczMC1lY2FhLTExZTYtOGY4OC0zNDM2M2JjN2M0YzAiOnsiY3JlYXRlIjoxMjAwMDAwMDAwMDAwLCJkZWxldGUiOjEyMDAwMDAwMDAwMDAsInVwZGF0ZSI6MTIwMDAwMDAwMDAwMH19",
          "dependencies": [
            "module.object-storage.oci_objectstorage_bucket.ewp_image_storage"
          ]
        },
        {
          "index_key": 165,
          "schema_version": 0,
          "attributes": {
            "bucket": "ewp_image_store",
            "cache_control": null,
            "content": null,
            "content_disposition": null,
            "content_encoding": null,
            "content_language": null,
            "content_length": "343182",
            "content_md5": "ZEvvDMrkjLUARpGG+mndxg==",
            "content_type": "image/jpeg",
            "delete_all_object_versions": false,
            "id": "n/lr4poue3hwjl/b/ewp_image_store/o/weddings%2FEllie%20and%20Pete%2F3.jpg",
            "metadata": {},
            "namespace": "lr4poue3hwjl",
            "object": "weddings/Ellie and Pete/3.jpg",
            "opc_sse_kms_key_id": null,
            "source": "assets/weddings/Ellie and Pete/3.jpg 2014-07-30 16:34:44 +0100 BST",
            "source_uri_details": [],
            "state": "COMPLETED",
            "storage_tier": "Standard",
            "timeouts": null,
            "version_id": "25d9d1e7-b97b-462d-ac0f-4899f8ba401c",
            "work_request_id": ""
          },
          "sensitive_attributes": [],
          "private": "eyJlMmJmYjczMC1lY2FhLTExZTYtOGY4OC0zNDM2M2JjN2M0YzAiOnsiY3JlYXRlIjoxMjAwMDAwMDAwMDAwLCJkZWxldGUiOjEyMDAwMDAwMDAwMDAsInVwZGF0ZSI6MTIwMDAwMDAwMDAwMH19",
          "dependencies": [
            "module.object-storage.oci_objectstorage_bucket.ewp_image_storage"
          ]
        },
        {
          "index_key": 166,
          "schema_version": 0,
          "attributes": {
            "bucket": "ewp_image_store",
            "cache_control": null,
            "content": null,
            "content_disposition": null,
            "content_encoding": null,
            "content_language": null,
            "content_length": "529650",
            "content_md5": "ZFJE+WVlojP0YCfokddAUQ==",
            "content_type": "image/jpeg",
            "delete_all_object_versions": false,
            "id": "n/lr4poue3hwjl/b/ewp_image_store/o/weddings%2FEllie%20and%20Pete%2F30.jpg",
            "metadata": {},
            "namespace": "lr4poue3hwjl",
            "object": "weddings/Ellie and Pete/30.jpg",
            "opc_sse_kms_key_id": null,
            "source": "assets/weddings/Ellie and Pete/30.jpg 2014-07-30 16:27:40 +0100 BST",
            "source_uri_details": [],
            "state": "COMPLETED",
            "storage_tier": "Standard",
            "timeouts": null,
            "version_id": "be35d327-da32-40bd-b109-66c8a1d98224",
            "work_request_id": ""
          },
          "sensitive_attributes": [],
          "private": "eyJlMmJmYjczMC1lY2FhLTExZTYtOGY4OC0zNDM2M2JjN2M0YzAiOnsiY3JlYXRlIjoxMjAwMDAwMDAwMDAwLCJkZWxldGUiOjEyMDAwMDAwMDAwMDAsInVwZGF0ZSI6MTIwMDAwMDAwMDAwMH19",
          "dependencies": [
            "module.object-storage.oci_objectstorage_bucket.ewp_image_storage"
          ]
        },
        {
          "index_key": 167,
          "schema_version": 0,
          "attributes": {
            "bucket": "ewp_image_store",
            "cache_control": null,
            "content": null,
            "content_disposition": null,
            "content_encoding": null,
            "content_language": null,
            "content_length": "533774",
            "content_md5": "Per/Z4+HEuJIavOsktJYqQ==",
            "content_type": "image/jpeg",
            "delete_all_object_versions": false,
            "id": "n/lr4poue3hwjl/b/ewp_image_store/o/weddings%2FEllie%20and%20Pete%2F31.jpg",
            "metadata": {},
            "namespace": "lr4poue3hwjl",
            "object": "weddings/Ellie and Pete/31.jpg",
            "opc_sse_kms_key_id": null,
            "source": "assets/weddings/Ellie and Pete/31.jpg 2014-07-30 16:26:54 +0100 BST",
            "source_uri_details": [],
            "state": "COMPLETED",
            "storage_tier": "Standard",
            "timeouts": null,
            "version_id": "8fb264b4-c05e-402c-9400-779a6e4939d5",
            "work_request_id": ""
          },
          "sensitive_attributes": [],
          "private": "eyJlMmJmYjczMC1lY2FhLTExZTYtOGY4OC0zNDM2M2JjN2M0YzAiOnsiY3JlYXRlIjoxMjAwMDAwMDAwMDAwLCJkZWxldGUiOjEyMDAwMDAwMDAwMDAsInVwZGF0ZSI6MTIwMDAwMDAwMDAwMH19",
          "dependencies": [
            "module.object-storage.oci_objectstorage_bucket.ewp_image_storage"
          ]
        },
        {
          "index_key": 168,
          "schema_version": 0,
          "attributes": {
            "bucket": "ewp_image_store",
            "cache_control": null,
            "content": null,
            "content_disposition": null,
            "content_encoding": null,
            "content_language": null,
            "content_length": "541616",
            "content_md5": "B/gNUH60eAq8hWjdj6v0pA==",
            "content_type": "image/jpeg",
            "delete_all_object_versions": false,
            "id": "n/lr4poue3hwjl/b/ewp_image_store/o/weddings%2FEllie%20and%20Pete%2F32.jpg",
            "metadata": {},
            "namespace": "lr4poue3hwjl",
            "object": "weddings/Ellie and Pete/32.jpg",
            "opc_sse_kms_key_id": null,
            "source": "assets/weddings/Ellie and Pete/32.jpg 2014-07-30 16:35:23 +0100 BST",
            "source_uri_details": [],
            "state": "COMPLETED",
            "storage_tier": "Standard",
            "timeouts": null,
            "version_id": "ba98d5a4-22ce-40ee-a98a-27231026191e",
            "work_request_id": ""
          },
          "sensitive_attributes": [],
          "private": "eyJlMmJmYjczMC1lY2FhLTExZTYtOGY4OC0zNDM2M2JjN2M0YzAiOnsiY3JlYXRlIjoxMjAwMDAwMDAwMDAwLCJkZWxldGUiOjEyMDAwMDAwMDAwMDAsInVwZGF0ZSI6MTIwMDAwMDAwMDAwMH19",
          "dependencies": [
            "module.object-storage.oci_objectstorage_bucket.ewp_image_storage"
          ]
        },
        {
          "index_key": 169,
          "schema_version": 0,
          "attributes": {
            "bucket": "ewp_image_store",
            "cache_control": null,
            "content": null,
            "content_disposition": null,
            "content_encoding": null,
            "content_language": null,
            "content_length": "440535",
            "content_md5": "v2UIbz+3sML8BRqd/KC9Kg==",
            "content_type": "image/jpeg",
            "delete_all_object_versions": false,
            "id": "n/lr4poue3hwjl/b/ewp_image_store/o/weddings%2FEllie%20and%20Pete%2F33.jpg",
            "metadata": {},
            "namespace": "lr4poue3hwjl",
            "object": "weddings/Ellie and Pete/33.jpg",
            "opc_sse_kms_key_id": null,
            "source": "assets/weddings/Ellie and Pete/33.jpg 2014-07-30 16:26:26 +0100 BST",
            "source_uri_details": [],
            "state": "COMPLETED",
            "storage_tier": "Standard",
            "timeouts": null,
            "version_id": "34cdf9d8-a643-4c0a-8bbf-b276d8dbf7f5",
            "work_request_id": ""
          },
          "sensitive_attributes": [],
          "private": "eyJlMmJmYjczMC1lY2FhLTExZTYtOGY4OC0zNDM2M2JjN2M0YzAiOnsiY3JlYXRlIjoxMjAwMDAwMDAwMDAwLCJkZWxldGUiOjEyMDAwMDAwMDAwMDAsInVwZGF0ZSI6MTIwMDAwMDAwMDAwMH19",
          "dependencies": [
            "module.object-storage.oci_objectstorage_bucket.ewp_image_storage"
          ]
        },
        {
          "index_key": 170,
          "schema_version": 0,
          "attributes": {
            "bucket": "ewp_image_store",
            "cache_control": null,
            "content": null,
            "content_disposition": null,
            "content_encoding": null,
            "content_language": null,
            "content_length": "337806",
            "content_md5": "qVxOYJmyJbzVzU1nxCPNgg==",
            "content_type": "image/jpeg",
            "delete_all_object_versions": false,
            "id": "n/lr4poue3hwjl/b/ewp_image_store/o/weddings%2FEllie%20and%20Pete%2F4.jpg",
            "metadata": {},
            "namespace": "lr4poue3hwjl",
            "object": "weddings/Ellie and Pete/4.jpg",
            "opc_sse_kms_key_id": null,
            "source": "assets/weddings/Ellie and Pete/4.jpg 2014-07-30 16:34:30 +0100 BST",
            "source_uri_details": [],
            "state": "COMPLETED",
            "storage_tier": "Standard",
            "timeouts": null,
            "version_id": "60291fe5-5273-46e3-93d1-fdc9147ee9b5",
            "work_request_id": ""
          },
          "sensitive_attributes": [],
          "private": "eyJlMmJmYjczMC1lY2FhLTExZTYtOGY4OC0zNDM2M2JjN2M0YzAiOnsiY3JlYXRlIjoxMjAwMDAwMDAwMDAwLCJkZWxldGUiOjEyMDAwMDAwMDAwMDAsInVwZGF0ZSI6MTIwMDAwMDAwMDAwMH19",
          "dependencies": [
            "module.object-storage.oci_objectstorage_bucket.ewp_image_storage"
          ]
        },
        {
          "index_key": 171,
          "schema_version": 0,
          "attributes": {
            "bucket": "ewp_image_store",
            "cache_control": null,
            "content": null,
            "content_disposition": null,
            "content_encoding": null,
            "content_language": null,
            "content_length": "372027",
            "content_md5": "9vtkOeEARt6J7pnVf+nJkA==",
            "content_type": "image/jpeg",
            "delete_all_object_versions": false,
            "id": "n/lr4poue3hwjl/b/ewp_image_store/o/weddings%2FEllie%20and%20Pete%2F5.jpg",
            "metadata": {},
            "namespace": "lr4poue3hwjl",
            "object": "weddings/Ellie and Pete/5.jpg",
            "opc_sse_kms_key_id": null,
            "source": "assets/weddings/Ellie and Pete/5.jpg 2014-07-30 16:34:17 +0100 BST",
            "source_uri_details": [],
            "state": "COMPLETED",
            "storage_tier": "Standard",
            "timeouts": null,
            "version_id": "fae8e2af-b017-4208-acd9-99ed5b2001f9",
            "work_request_id": ""
          },
          "sensitive_attributes": [],
          "private": "eyJlMmJmYjczMC1lY2FhLTExZTYtOGY4OC0zNDM2M2JjN2M0YzAiOnsiY3JlYXRlIjoxMjAwMDAwMDAwMDAwLCJkZWxldGUiOjEyMDAwMDAwMDAwMDAsInVwZGF0ZSI6MTIwMDAwMDAwMDAwMH19",
          "dependencies": [
            "module.object-storage.oci_objectstorage_bucket.ewp_image_storage"
          ]
        },
        {
          "index_key": 172,
          "schema_version": 0,
          "attributes": {
            "bucket": "ewp_image_store",
            "cache_control": null,
            "content": null,
            "content_disposition": null,
            "content_encoding": null,
            "content_language": null,
            "content_length": "441455",
            "content_md5": "qnhlK29CgvBHcbuvlH58pg==",
            "content_type": "image/jpeg",
            "delete_all_object_versions": false,
            "id": "n/lr4poue3hwjl/b/ewp_image_store/o/weddings%2FEllie%20and%20Pete%2F6.jpg",
            "metadata": {},
            "namespace": "lr4poue3hwjl",
            "object": "weddings/Ellie and Pete/6.jpg",
            "opc_sse_kms_key_id": null,
            "source": "assets/weddings/Ellie and Pete/6.jpg 2014-07-30 16:34:04 +0100 BST",
            "source_uri_details": [],
            "state": "COMPLETED",
            "storage_tier": "Standard",
            "timeouts": null,
            "version_id": "39306151-acd1-4049-ad89-3ee763d267ba",
            "work_request_id": ""
          },
          "sensitive_attributes": [],
          "private": "eyJlMmJmYjczMC1lY2FhLTExZTYtOGY4OC0zNDM2M2JjN2M0YzAiOnsiY3JlYXRlIjoxMjAwMDAwMDAwMDAwLCJkZWxldGUiOjEyMDAwMDAwMDAwMDAsInVwZGF0ZSI6MTIwMDAwMDAwMDAwMH19",
          "dependencies": [
            "module.object-storage.oci_objectstorage_bucket.ewp_image_storage"
          ]
        },
        {
          "index_key": 173,
          "schema_version": 0,
          "attributes": {
            "bucket": "ewp_image_store",
            "cache_control": null,
            "content": null,
            "content_disposition": null,
            "content_encoding": null,
            "content_language": null,
            "content_length": "519863",
            "content_md5": "qtOjor7fgOZ/PvC6US16xw==",
            "content_type": "image/jpeg",
            "delete_all_object_versions": false,
            "id": "n/lr4poue3hwjl/b/ewp_image_store/o/weddings%2FEllie%20and%20Pete%2F7.jpg",
            "metadata": {},
            "namespace": "lr4poue3hwjl",
            "object": "weddings/Ellie and Pete/7.jpg",
            "opc_sse_kms_key_id": null,
            "source": "assets/weddings/Ellie and Pete/7.jpg 2014-07-30 16:33:50 +0100 BST",
            "source_uri_details": [],
            "state": "COMPLETED",
            "storage_tier": "Standard",
            "timeouts": null,
            "version_id": "a2142e9a-cfd0-4fcb-8310-5cbe5d160eda",
            "work_request_id": ""
          },
          "sensitive_attributes": [],
          "private": "eyJlMmJmYjczMC1lY2FhLTExZTYtOGY4OC0zNDM2M2JjN2M0YzAiOnsiY3JlYXRlIjoxMjAwMDAwMDAwMDAwLCJkZWxldGUiOjEyMDAwMDAwMDAwMDAsInVwZGF0ZSI6MTIwMDAwMDAwMDAwMH19",
          "dependencies": [
            "module.object-storage.oci_objectstorage_bucket.ewp_image_storage"
          ]
        },
        {
          "index_key": 174,
          "schema_version": 0,
          "attributes": {
            "bucket": "ewp_image_store",
            "cache_control": null,
            "content": null,
            "content_disposition": null,
            "content_encoding": null,
            "content_language": null,
            "content_length": "409672",
            "content_md5": "T+TL1NnenFgTiJiWhvkIAQ==",
            "content_type": "image/jpeg",
            "delete_all_object_versions": false,
            "id": "n/lr4poue3hwjl/b/ewp_image_store/o/weddings%2FEllie%20and%20Pete%2F8.jpg",
            "metadata": {},
            "namespace": "lr4poue3hwjl",
            "object": "weddings/Ellie and Pete/8.jpg",
            "opc_sse_kms_key_id": null,
            "source": "assets/weddings/Ellie and Pete/8.jpg 2014-07-30 16:33:39 +0100 BST",
            "source_uri_details": [],
            "state": "COMPLETED",
            "storage_tier": "Standard",
            "timeouts": null,
            "version_id": "1bfb1cea-960f-4391-bc86-50ef131e4345",
            "work_request_id": ""
          },
          "sensitive_attributes": [],
          "private": "eyJlMmJmYjczMC1lY2FhLTExZTYtOGY4OC0zNDM2M2JjN2M0YzAiOnsiY3JlYXRlIjoxMjAwMDAwMDAwMDAwLCJkZWxldGUiOjEyMDAwMDAwMDAwMDAsInVwZGF0ZSI6MTIwMDAwMDAwMDAwMH19",
          "dependencies": [
            "module.object-storage.oci_objectstorage_bucket.ewp_image_storage"
          ]
        },
        {
          "index_key": 175,
          "schema_version": 0,
          "attributes": {
            "bucket": "ewp_image_store",
            "cache_control": null,
            "content": null,
            "content_disposition": null,
            "content_encoding": null,
            "content_language": null,
            "content_length": "542963",
            "content_md5": "q9B42E3iwGQTPjbRlJlS2g==",
            "content_type": "image/jpeg",
            "delete_all_object_versions": false,
            "id": "n/lr4poue3hwjl/b/ewp_image_store/o/weddings%2FEllie%20and%20Pete%2F9.jpg",
            "metadata": {},
            "namespace": "lr4poue3hwjl",
            "object": "weddings/Ellie and Pete/9.jpg",
            "opc_sse_kms_key_id": null,
            "source": "assets/weddings/Ellie and Pete/9.jpg 2014-07-30 16:33:30 +0100 BST",
            "source_uri_details": [],
            "state": "COMPLETED",
            "storage_tier": "Standard",
            "timeouts": null,
            "version_id": "b31bfb7e-72dd-480f-99aa-36bd5a862940",
            "work_request_id": ""
          },
          "sensitive_attributes": [],
          "private": "eyJlMmJmYjczMC1lY2FhLTExZTYtOGY4OC0zNDM2M2JjN2M0YzAiOnsiY3JlYXRlIjoxMjAwMDAwMDAwMDAwLCJkZWxldGUiOjEyMDAwMDAwMDAwMDAsInVwZGF0ZSI6MTIwMDAwMDAwMDAwMH19",
          "dependencies": [
            "module.object-storage.oci_objectstorage_bucket.ewp_image_storage"
          ]
        },
        {
          "index_key": 176,
          "schema_version": 0,
          "attributes": {
            "bucket": "ewp_image_store",
            "cache_control": null,
            "content": null,
            "content_disposition": null,
            "content_encoding": null,
            "content_language": null,
            "content_length": "1168310",
            "content_md5": "hCO/S1e/jUVfM6qlNd7iaw==",
            "content_type": "image/jpeg",
            "delete_all_object_versions": false,
            "id": "n/lr4poue3hwjl/b/ewp_image_store/o/weddings%2FEllie%20and%20Pete%2Fcover.jpg",
            "metadata": {},
            "namespace": "lr4poue3hwjl",
            "object": "weddings/Ellie and Pete/cover.jpg",
            "opc_sse_kms_key_id": null,
            "source": "assets/weddings/Ellie and Pete/cover.jpg 2014-07-30 16:30:32 +0100 BST",
            "source_uri_details": [],
            "state": "COMPLETED",
            "storage_tier": "Standard",
            "timeouts": null,
            "version_id": "9a0b9ba8-14b2-404b-868d-072a8790e748",
            "work_request_id": ""
          },
          "sensitive_attributes": [],
          "private": "eyJlMmJmYjczMC1lY2FhLTExZTYtOGY4OC0zNDM2M2JjN2M0YzAiOnsiY3JlYXRlIjoxMjAwMDAwMDAwMDAwLCJkZWxldGUiOjEyMDAwMDAwMDAwMDAsInVwZGF0ZSI6MTIwMDAwMDAwMDAwMH19",
          "dependencies": [
            "module.object-storage.oci_objectstorage_bucket.ewp_image_storage"
          ]
        },
        {
          "index_key": 177,
          "schema_version": 0,
          "attributes": {
            "bucket": "ewp_image_store",
            "cache_control": null,
            "content": null,
            "content_disposition": null,
            "content_encoding": null,
            "content_language": null,
            "content_length": "376378",
            "content_md5": "CuISY6EWk78+Zn8XteSKtQ==",
            "content_type": "image/jpeg",
            "delete_all_object_versions": false,
            "id": "n/lr4poue3hwjl/b/ewp_image_store/o/weddings%2FSarah%20and%20Toma%2F1.jpg",
            "metadata": {},
            "namespace": "lr4poue3hwjl",
            "object": "weddings/Sarah and Toma/1.jpg",
            "opc_sse_kms_key_id": null,
            "source": "assets/weddings/Sarah and Toma/1.jpg 2014-07-30 18:07:03 +0100 BST",
            "source_uri_details": [],
            "state": "COMPLETED",
            "storage_tier": "Standard",
            "timeouts": null,
            "version_id": "9c91c2cb-30fb-4fc5-b8e5-6f1ce342c6c3",
            "work_request_id": ""
          },
          "sensitive_attributes": [],
          "private": "eyJlMmJmYjczMC1lY2FhLTExZTYtOGY4OC0zNDM2M2JjN2M0YzAiOnsiY3JlYXRlIjoxMjAwMDAwMDAwMDAwLCJkZWxldGUiOjEyMDAwMDAwMDAwMDAsInVwZGF0ZSI6MTIwMDAwMDAwMDAwMH19",
          "dependencies": [
            "module.object-storage.oci_objectstorage_bucket.ewp_image_storage"
          ]
        },
        {
          "index_key": 178,
          "schema_version": 0,
          "attributes": {
            "bucket": "ewp_image_store",
            "cache_control": null,
            "content": null,
            "content_disposition": null,
            "content_encoding": null,
            "content_language": null,
            "content_length": "467621",
            "content_md5": "oqOvcFCY3LgsQUNF1HoI3g==",
            "content_type": "image/jpeg",
            "delete_all_object_versions": false,
            "id": "n/lr4poue3hwjl/b/ewp_image_store/o/weddings%2FSarah%20and%20Toma%2F10.jpg",
            "metadata": {},
            "namespace": "lr4poue3hwjl",
            "object": "weddings/Sarah and Toma/10.jpg",
            "opc_sse_kms_key_id": null,
            "source": "assets/weddings/Sarah and Toma/10.jpg 2014-07-30 18:05:03 +0100 BST",
            "source_uri_details": [],
            "state": "COMPLETED",
            "storage_tier": "Standard",
            "timeouts": null,
            "version_id": "796aedfa-0ffe-477a-9fde-c0a02ece68fd",
            "work_request_id": ""
          },
          "sensitive_attributes": [],
          "private": "eyJlMmJmYjczMC1lY2FhLTExZTYtOGY4OC0zNDM2M2JjN2M0YzAiOnsiY3JlYXRlIjoxMjAwMDAwMDAwMDAwLCJkZWxldGUiOjEyMDAwMDAwMDAwMDAsInVwZGF0ZSI6MTIwMDAwMDAwMDAwMH19",
          "dependencies": [
            "module.object-storage.oci_objectstorage_bucket.ewp_image_storage"
          ]
        },
        {
          "index_key": 179,
          "schema_version": 0,
          "attributes": {
            "bucket": "ewp_image_store",
            "cache_control": null,
            "content": null,
            "content_disposition": null,
            "content_encoding": null,
            "content_language": null,
            "content_length": "516574",
            "content_md5": "kgSBi0PCZB17iyKMKGEQDA==",
            "content_type": "image/jpeg",
            "delete_all_object_versions": false,
            "id": "n/lr4poue3hwjl/b/ewp_image_store/o/weddings%2FSarah%20and%20Toma%2F11.jpg",
            "metadata": {},
            "namespace": "lr4poue3hwjl",
            "object": "weddings/Sarah and Toma/11.jpg",
            "opc_sse_kms_key_id": null,
            "source": "assets/weddings/Sarah and Toma/11.jpg 2014-07-30 18:04:52 +0100 BST",
            "source_uri_details": [],
            "state": "COMPLETED",
            "storage_tier": "Standard",
            "timeouts": null,
            "version_id": "d6a7cba5-9f72-4f43-9fa4-5af75463c376",
            "work_request_id": ""
          },
          "sensitive_attributes": [],
          "private": "eyJlMmJmYjczMC1lY2FhLTExZTYtOGY4OC0zNDM2M2JjN2M0YzAiOnsiY3JlYXRlIjoxMjAwMDAwMDAwMDAwLCJkZWxldGUiOjEyMDAwMDAwMDAwMDAsInVwZGF0ZSI6MTIwMDAwMDAwMDAwMH19",
          "dependencies": [
            "module.object-storage.oci_objectstorage_bucket.ewp_image_storage"
          ]
        },
        {
          "index_key": 180,
          "schema_version": 0,
          "attributes": {
            "bucket": "ewp_image_store",
            "cache_control": null,
            "content": null,
            "content_disposition": null,
            "content_encoding": null,
            "content_language": null,
            "content_length": "424843",
            "content_md5": "wmmFLHhaShnmk1PWm5IRTA==",
            "content_type": "image/jpeg",
            "delete_all_object_versions": false,
            "id": "n/lr4poue3hwjl/b/ewp_image_store/o/weddings%2FSarah%20and%20Toma%2F12.jpg",
            "metadata": {},
            "namespace": "lr4poue3hwjl",
            "object": "weddings/Sarah and Toma/12.jpg",
            "opc_sse_kms_key_id": null,
            "source": "assets/weddings/Sarah and Toma/12.jpg 2014-07-30 18:04:29 +0100 BST",
            "source_uri_details": [],
            "state": "COMPLETED",
            "storage_tier": "Standard",
            "timeouts": null,
            "version_id": "ef80afe3-a752-4dbc-8583-90f95629598f",
            "work_request_id": ""
          },
          "sensitive_attributes": [],
          "private": "eyJlMmJmYjczMC1lY2FhLTExZTYtOGY4OC0zNDM2M2JjN2M0YzAiOnsiY3JlYXRlIjoxMjAwMDAwMDAwMDAwLCJkZWxldGUiOjEyMDAwMDAwMDAwMDAsInVwZGF0ZSI6MTIwMDAwMDAwMDAwMH19",
          "dependencies": [
            "module.object-storage.oci_objectstorage_bucket.ewp_image_storage"
          ]
        },
        {
          "index_key": 181,
          "schema_version": 0,
          "attributes": {
            "bucket": "ewp_image_store",
            "cache_control": null,
            "content": null,
            "content_disposition": null,
            "content_encoding": null,
            "content_language": null,
            "content_length": "420529",
            "content_md5": "xz9JawKIQV36qxSl/kacxg==",
            "content_type": "image/jpeg",
            "delete_all_object_versions": false,
            "id": "n/lr4poue3hwjl/b/ewp_image_store/o/weddings%2FSarah%20and%20Toma%2F13.jpg",
            "metadata": {},
            "namespace": "lr4poue3hwjl",
            "object": "weddings/Sarah and Toma/13.jpg",
            "opc_sse_kms_key_id": null,
            "source": "assets/weddings/Sarah and Toma/13.jpg 2014-07-30 18:04:16 +0100 BST",
            "source_uri_details": [],
            "state": "COMPLETED",
            "storage_tier": "Standard",
            "timeouts": null,
            "version_id": "ee68ea38-b533-4c18-bff4-e7ea7018cc48",
            "work_request_id": ""
          },
          "sensitive_attributes": [],
          "private": "eyJlMmJmYjczMC1lY2FhLTExZTYtOGY4OC0zNDM2M2JjN2M0YzAiOnsiY3JlYXRlIjoxMjAwMDAwMDAwMDAwLCJkZWxldGUiOjEyMDAwMDAwMDAwMDAsInVwZGF0ZSI6MTIwMDAwMDAwMDAwMH19",
          "dependencies": [
            "module.object-storage.oci_objectstorage_bucket.ewp_image_storage"
          ]
        },
        {
          "index_key": 182,
          "schema_version": 0,
          "attributes": {
            "bucket": "ewp_image_store",
            "cache_control": null,
            "content": null,
            "content_disposition": null,
            "content_encoding": null,
            "content_language": null,
            "content_length": "490435",
            "content_md5": "tLm5BhKtVfsnqyCQtLIj6A==",
            "content_type": "image/jpeg",
            "delete_all_object_versions": false,
            "id": "n/lr4poue3hwjl/b/ewp_image_store/o/weddings%2FSarah%20and%20Toma%2F14.jpg",
            "metadata": {},
            "namespace": "lr4poue3hwjl",
            "object": "weddings/Sarah and Toma/14.jpg",
            "opc_sse_kms_key_id": null,
            "source": "assets/weddings/Sarah and Toma/14.jpg 2014-07-30 18:04:03 +0100 BST",
            "source_uri_details": [],
            "state": "COMPLETED",
            "storage_tier": "Standard",
            "timeouts": null,
            "version_id": "275466e1-1f2b-4503-8ba6-57e56fecfa62",
            "work_request_id": ""
          },
          "sensitive_attributes": [],
          "private": "eyJlMmJmYjczMC1lY2FhLTExZTYtOGY4OC0zNDM2M2JjN2M0YzAiOnsiY3JlYXRlIjoxMjAwMDAwMDAwMDAwLCJkZWxldGUiOjEyMDAwMDAwMDAwMDAsInVwZGF0ZSI6MTIwMDAwMDAwMDAwMH19",
          "dependencies": [
            "module.object-storage.oci_objectstorage_bucket.ewp_image_storage"
          ]
        },
        {
          "index_key": 183,
          "schema_version": 0,
          "attributes": {
            "bucket": "ewp_image_store",
            "cache_control": null,
            "content": null,
            "content_disposition": null,
            "content_encoding": null,
            "content_language": null,
            "content_length": "404060",
            "content_md5": "/5qn0SIvrOUfrCcrQPWf/g==",
            "content_type": "image/jpeg",
            "delete_all_object_versions": false,
            "id": "n/lr4poue3hwjl/b/ewp_image_store/o/weddings%2FSarah%20and%20Toma%2F15.jpg",
            "metadata": {},
            "namespace": "lr4poue3hwjl",
            "object": "weddings/Sarah and Toma/15.jpg",
            "opc_sse_kms_key_id": null,
            "source": "assets/weddings/Sarah and Toma/15.jpg 2014-07-30 18:03:51 +0100 BST",
            "source_uri_details": [],
            "state": "COMPLETED",
            "storage_tier": "Standard",
            "timeouts": null,
            "version_id": "df2accf6-4596-46cb-b102-b1a32b09d31c",
            "work_request_id": ""
          },
          "sensitive_attributes": [],
          "private": "eyJlMmJmYjczMC1lY2FhLTExZTYtOGY4OC0zNDM2M2JjN2M0YzAiOnsiY3JlYXRlIjoxMjAwMDAwMDAwMDAwLCJkZWxldGUiOjEyMDAwMDAwMDAwMDAsInVwZGF0ZSI6MTIwMDAwMDAwMDAwMH19",
          "dependencies": [
            "module.object-storage.oci_objectstorage_bucket.ewp_image_storage"
          ]
        },
        {
          "index_key": 184,
          "schema_version": 0,
          "attributes": {
            "bucket": "ewp_image_store",
            "cache_control": null,
            "content": null,
            "content_disposition": null,
            "content_encoding": null,
            "content_language": null,
            "content_length": "400584",
            "content_md5": "RvHgs29L7TRqcNS0uss18w==",
            "content_type": "image/jpeg",
            "delete_all_object_versions": false,
            "id": "n/lr4poue3hwjl/b/ewp_image_store/o/weddings%2FSarah%20and%20Toma%2F16.jpg",
            "metadata": {},
            "namespace": "lr4poue3hwjl",
            "object": "weddings/Sarah and Toma/16.jpg",
            "opc_sse_kms_key_id": null,
            "source": "assets/weddings/Sarah and Toma/16.jpg 2014-07-30 18:03:36 +0100 BST",
            "source_uri_details": [],
            "state": "COMPLETED",
            "storage_tier": "Standard",
            "timeouts": null,
            "version_id": "c87a9885-86c4-44e5-b6fa-4776c38e9395",
            "work_request_id": ""
          },
          "sensitive_attributes": [],
          "private": "eyJlMmJmYjczMC1lY2FhLTExZTYtOGY4OC0zNDM2M2JjN2M0YzAiOnsiY3JlYXRlIjoxMjAwMDAwMDAwMDAwLCJkZWxldGUiOjEyMDAwMDAwMDAwMDAsInVwZGF0ZSI6MTIwMDAwMDAwMDAwMH19",
          "dependencies": [
            "module.object-storage.oci_objectstorage_bucket.ewp_image_storage"
          ]
        },
        {
          "index_key": 185,
          "schema_version": 0,
          "attributes": {
            "bucket": "ewp_image_store",
            "cache_control": null,
            "content": null,
            "content_disposition": null,
            "content_encoding": null,
            "content_language": null,
            "content_length": "480063",
            "content_md5": "/LNx8Han4KxPZxCOc+f5hQ==",
            "content_type": "image/jpeg",
            "delete_all_object_versions": false,
            "id": "n/lr4poue3hwjl/b/ewp_image_store/o/weddings%2FSarah%20and%20Toma%2F17.jpg",
            "metadata": {},
            "namespace": "lr4poue3hwjl",
            "object": "weddings/Sarah and Toma/17.jpg",
            "opc_sse_kms_key_id": null,
            "source": "assets/weddings/Sarah and Toma/17.jpg 2014-07-30 18:03:20 +0100 BST",
            "source_uri_details": [],
            "state": "COMPLETED",
            "storage_tier": "Standard",
            "timeouts": null,
            "version_id": "e64604d6-ffd2-4a3d-a7bb-a971ab2b10b9",
            "work_request_id": ""
          },
          "sensitive_attributes": [],
          "private": "eyJlMmJmYjczMC1lY2FhLTExZTYtOGY4OC0zNDM2M2JjN2M0YzAiOnsiY3JlYXRlIjoxMjAwMDAwMDAwMDAwLCJkZWxldGUiOjEyMDAwMDAwMDAwMDAsInVwZGF0ZSI6MTIwMDAwMDAwMDAwMH19",
          "dependencies": [
            "module.object-storage.oci_objectstorage_bucket.ewp_image_storage"
          ]
        },
        {
          "index_key": 186,
          "schema_version": 0,
          "attributes": {
            "bucket": "ewp_image_store",
            "cache_control": null,
            "content": null,
            "content_disposition": null,
            "content_encoding": null,
            "content_language": null,
            "content_length": "490563",
            "content_md5": "DQOYWOQkS73F5mmW1Ydy/Q==",
            "content_type": "image/jpeg",
            "delete_all_object_versions": false,
            "id": "n/lr4poue3hwjl/b/ewp_image_store/o/weddings%2FSarah%20and%20Toma%2F18.jpg",
            "metadata": {},
            "namespace": "lr4poue3hwjl",
            "object": "weddings/Sarah and Toma/18.jpg",
            "opc_sse_kms_key_id": null,
            "source": "assets/weddings/Sarah and Toma/18.jpg 2014-07-30 18:03:06 +0100 BST",
            "source_uri_details": [],
            "state": "COMPLETED",
            "storage_tier": "Standard",
            "timeouts": null,
            "version_id": "ace801bf-9463-42c3-9360-2f7536dcc63c",
            "work_request_id": ""
          },
          "sensitive_attributes": [],
          "private": "eyJlMmJmYjczMC1lY2FhLTExZTYtOGY4OC0zNDM2M2JjN2M0YzAiOnsiY3JlYXRlIjoxMjAwMDAwMDAwMDAwLCJkZWxldGUiOjEyMDAwMDAwMDAwMDAsInVwZGF0ZSI6MTIwMDAwMDAwMDAwMH19",
          "dependencies": [
            "module.object-storage.oci_objectstorage_bucket.ewp_image_storage"
          ]
        },
        {
          "index_key": 187,
          "schema_version": 0,
          "attributes": {
            "bucket": "ewp_image_store",
            "cache_control": null,
            "content": null,
            "content_disposition": null,
            "content_encoding": null,
            "content_language": null,
            "content_length": "419200",
            "content_md5": "O6cocec6OXMD0JPg2YS7UQ==",
            "content_type": "image/jpeg",
            "delete_all_object_versions": false,
            "id": "n/lr4poue3hwjl/b/ewp_image_store/o/weddings%2FSarah%20and%20Toma%2F19.jpg",
            "metadata": {},
            "namespace": "lr4poue3hwjl",
            "object": "weddings/Sarah and Toma/19.jpg",
            "opc_sse_kms_key_id": null,
            "source": "assets/weddings/Sarah and Toma/19.jpg 2014-07-30 18:02:53 +0100 BST",
            "source_uri_details": [],
            "state": "COMPLETED",
            "storage_tier": "Standard",
            "timeouts": null,
            "version_id": "d4cef5fe-f611-4895-8889-8d9007ab5560",
            "work_request_id": ""
          },
          "sensitive_attributes": [],
          "private": "eyJlMmJmYjczMC1lY2FhLTExZTYtOGY4OC0zNDM2M2JjN2M0YzAiOnsiY3JlYXRlIjoxMjAwMDAwMDAwMDAwLCJkZWxldGUiOjEyMDAwMDAwMDAwMDAsInVwZGF0ZSI6MTIwMDAwMDAwMDAwMH19",
          "dependencies": [
            "module.object-storage.oci_objectstorage_bucket.ewp_image_storage"
          ]
        },
        {
          "index_key": 188,
          "schema_version": 0,
          "attributes": {
            "bucket": "ewp_image_store",
            "cache_control": null,
            "content": null,
            "content_disposition": null,
            "content_encoding": null,
            "content_language": null,
            "content_length": "418646",
            "content_md5": "DaoGhq/ix6uJxpFlzpcqHw==",
            "content_type": "image/jpeg",
            "delete_all_object_versions": false,
            "id": "n/lr4poue3hwjl/b/ewp_image_store/o/weddings%2FSarah%20and%20Toma%2F2.jpg",
            "metadata": {},
            "namespace": "lr4poue3hwjl",
            "object": "weddings/Sarah and Toma/2.jpg",
            "opc_sse_kms_key_id": null,
            "source": "assets/weddings/Sarah and Toma/2.jpg 2014-07-30 18:06:47 +0100 BST",
            "source_uri_details": [],
            "state": "COMPLETED",
            "storage_tier": "Standard",
            "timeouts": null,
            "version_id": "6eb5369d-dde6-4ae5-ab3b-e5182348150a",
            "work_request_id": ""
          },
          "sensitive_attributes": [],
          "private": "eyJlMmJmYjczMC1lY2FhLTExZTYtOGY4OC0zNDM2M2JjN2M0YzAiOnsiY3JlYXRlIjoxMjAwMDAwMDAwMDAwLCJkZWxldGUiOjEyMDAwMDAwMDAwMDAsInVwZGF0ZSI6MTIwMDAwMDAwMDAwMH19",
          "dependencies": [
            "module.object-storage.oci_objectstorage_bucket.ewp_image_storage"
          ]
        },
        {
          "index_key": 189,
          "schema_version": 0,
          "attributes": {
            "bucket": "ewp_image_store",
            "cache_control": null,
            "content": null,
            "content_disposition": null,
            "content_encoding": null,
            "content_language": null,
            "content_length": "619460",
            "content_md5": "NGGBFmox0xGI1rqJysTK/Q==",
            "content_type": "image/jpeg",
            "delete_all_object_versions": false,
            "id": "n/lr4poue3hwjl/b/ewp_image_store/o/weddings%2FSarah%20and%20Toma%2F20.jpg",
            "metadata": {},
            "namespace": "lr4poue3hwjl",
            "object": "weddings/Sarah and Toma/20.jpg",
            "opc_sse_kms_key_id": null,
            "source": "assets/weddings/Sarah and Toma/20.jpg 2014-07-30 18:02:41 +0100 BST",
            "source_uri_details": [],
            "state": "COMPLETED",
            "storage_tier": "Standard",
            "timeouts": null,
            "version_id": "dbc322f2-8442-4a8e-9448-d27226a4ad83",
            "work_request_id": ""
          },
          "sensitive_attributes": [],
          "private": "eyJlMmJmYjczMC1lY2FhLTExZTYtOGY4OC0zNDM2M2JjN2M0YzAiOnsiY3JlYXRlIjoxMjAwMDAwMDAwMDAwLCJkZWxldGUiOjEyMDAwMDAwMDAwMDAsInVwZGF0ZSI6MTIwMDAwMDAwMDAwMH19",
          "dependencies": [
            "module.object-storage.oci_objectstorage_bucket.ewp_image_storage"
          ]
        },
        {
          "index_key": 190,
          "schema_version": 0,
          "attributes": {
            "bucket": "ewp_image_store",
            "cache_control": null,
            "content": null,
            "content_disposition": null,
            "content_encoding": null,
            "content_language": null,
            "content_length": "453421",
            "content_md5": "SzM1UTtA4xZR/nN9XXeMqg==",
            "content_type": "image/jpeg",
            "delete_all_object_versions": false,
            "id": "n/lr4poue3hwjl/b/ewp_image_store/o/weddings%2FSarah%20and%20Toma%2F21.jpg",
            "metadata": {},
            "namespace": "lr4poue3hwjl",
            "object": "weddings/Sarah and Toma/21.jpg",
            "opc_sse_kms_key_id": null,
            "source": "assets/weddings/Sarah and Toma/21.jpg 2014-07-30 18:02:26 +0100 BST",
            "source_uri_details": [],
            "state": "COMPLETED",
            "storage_tier": "Standard",
            "timeouts": null,
            "version_id": "83374ab8-c015-465b-82d3-4430b7027ff2",
            "work_request_id": ""
          },
          "sensitive_attributes": [],
          "private": "eyJlMmJmYjczMC1lY2FhLTExZTYtOGY4OC0zNDM2M2JjN2M0YzAiOnsiY3JlYXRlIjoxMjAwMDAwMDAwMDAwLCJkZWxldGUiOjEyMDAwMDAwMDAwMDAsInVwZGF0ZSI6MTIwMDAwMDAwMDAwMH19",
          "dependencies": [
            "module.object-storage.oci_objectstorage_bucket.ewp_image_storage"
          ]
        },
        {
          "index_key": 191,
          "schema_version": 0,
          "attributes": {
            "bucket": "ewp_image_store",
            "cache_control": null,
            "content": null,
            "content_disposition": null,
            "content_encoding": null,
            "content_language": null,
            "content_length": "444785",
            "content_md5": "+XMjSs+AJ5p341YJQreL5A==",
            "content_type": "image/jpeg",
            "delete_all_object_versions": false,
            "id": "n/lr4poue3hwjl/b/ewp_image_store/o/weddings%2FSarah%20and%20Toma%2F22.jpg",
            "metadata": {},
            "namespace": "lr4poue3hwjl",
            "object": "weddings/Sarah and Toma/22.jpg",
            "opc_sse_kms_key_id": null,
            "source": "assets/weddings/Sarah and Toma/22.jpg 2014-07-30 18:02:15 +0100 BST",
            "source_uri_details": [],
            "state": "COMPLETED",
            "storage_tier": "Standard",
            "timeouts": null,
            "version_id": "e2f29fb6-e5d9-46b5-a943-e4fd3d67d928",
            "work_request_id": ""
          },
          "sensitive_attributes": [],
          "private": "eyJlMmJmYjczMC1lY2FhLTExZTYtOGY4OC0zNDM2M2JjN2M0YzAiOnsiY3JlYXRlIjoxMjAwMDAwMDAwMDAwLCJkZWxldGUiOjEyMDAwMDAwMDAwMDAsInVwZGF0ZSI6MTIwMDAwMDAwMDAwMH19",
          "dependencies": [
            "module.object-storage.oci_objectstorage_bucket.ewp_image_storage"
          ]
        },
        {
          "index_key": 192,
          "schema_version": 0,
          "attributes": {
            "bucket": "ewp_image_store",
            "cache_control": null,
            "content": null,
            "content_disposition": null,
            "content_encoding": null,
            "content_language": null,
            "content_length": "452671",
            "content_md5": "fTXxy+xLySvoR/kx5AhVwg==",
            "content_type": "image/jpeg",
            "delete_all_object_versions": false,
            "id": "n/lr4poue3hwjl/b/ewp_image_store/o/weddings%2FSarah%20and%20Toma%2F23.jpg",
            "metadata": {},
            "namespace": "lr4poue3hwjl",
            "object": "weddings/Sarah and Toma/23.jpg",
            "opc_sse_kms_key_id": null,
            "source": "assets/weddings/Sarah and Toma/23.jpg 2014-07-30 18:02:00 +0100 BST",
            "source_uri_details": [],
            "state": "COMPLETED",
            "storage_tier": "Standard",
            "timeouts": null,
            "version_id": "a5714f5c-843d-4ea9-8a36-61722dfd5252",
            "work_request_id": ""
          },
          "sensitive_attributes": [],
          "private": "eyJlMmJmYjczMC1lY2FhLTExZTYtOGY4OC0zNDM2M2JjN2M0YzAiOnsiY3JlYXRlIjoxMjAwMDAwMDAwMDAwLCJkZWxldGUiOjEyMDAwMDAwMDAwMDAsInVwZGF0ZSI6MTIwMDAwMDAwMDAwMH19",
          "dependencies": [
            "module.object-storage.oci_objectstorage_bucket.ewp_image_storage"
          ]
        },
        {
          "index_key": 193,
          "schema_version": 0,
          "attributes": {
            "bucket": "ewp_image_store",
            "cache_control": null,
            "content": null,
            "content_disposition": null,
            "content_encoding": null,
            "content_language": null,
            "content_length": "445955",
            "content_md5": "a81MBPH92gvAIvNz1it5GQ==",
            "content_type": "image/jpeg",
            "delete_all_object_versions": false,
            "id": "n/lr4poue3hwjl/b/ewp_image_store/o/weddings%2FSarah%20and%20Toma%2F24.jpg",
            "metadata": {},
            "namespace": "lr4poue3hwjl",
            "object": "weddings/Sarah and Toma/24.jpg",
            "opc_sse_kms_key_id": null,
            "source": "assets/weddings/Sarah and Toma/24.jpg 2014-07-30 18:01:49 +0100 BST",
            "source_uri_details": [],
            "state": "COMPLETED",
            "storage_tier": "Standard",
            "timeouts": null,
            "version_id": "3103c270-e0b5-4591-bbea-939cbe127101",
            "work_request_id": ""
          },
          "sensitive_attributes": [],
          "private": "eyJlMmJmYjczMC1lY2FhLTExZTYtOGY4OC0zNDM2M2JjN2M0YzAiOnsiY3JlYXRlIjoxMjAwMDAwMDAwMDAwLCJkZWxldGUiOjEyMDAwMDAwMDAwMDAsInVwZGF0ZSI6MTIwMDAwMDAwMDAwMH19",
          "dependencies": [
            "module.object-storage.oci_objectstorage_bucket.ewp_image_storage"
          ]
        },
        {
          "index_key": 194,
          "schema_version": 0,
          "attributes": {
            "bucket": "ewp_image_store",
            "cache_control": null,
            "content": null,
            "content_disposition": null,
            "content_encoding": null,
            "content_language": null,
            "content_length": "388441",
            "content_md5": "GFEQeI/HBP21O+YFqchD3A==",
            "content_type": "image/jpeg",
            "delete_all_object_versions": false,
            "id": "n/lr4poue3hwjl/b/ewp_image_store/o/weddings%2FSarah%20and%20Toma%2F25.jpg",
            "metadata": {},
            "namespace": "lr4poue3hwjl",
            "object": "weddings/Sarah and Toma/25.jpg",
            "opc_sse_kms_key_id": null,
            "source": "assets/weddings/Sarah and Toma/25.jpg 2014-07-30 18:01:35 +0100 BST",
            "source_uri_details": [],
            "state": "COMPLETED",
            "storage_tier": "Standard",
            "timeouts": null,
            "version_id": "a422803d-b4df-4ba4-b6f3-f07227025cca",
            "work_request_id": ""
          },
          "sensitive_attributes": [],
          "private": "eyJlMmJmYjczMC1lY2FhLTExZTYtOGY4OC0zNDM2M2JjN2M0YzAiOnsiY3JlYXRlIjoxMjAwMDAwMDAwMDAwLCJkZWxldGUiOjEyMDAwMDAwMDAwMDAsInVwZGF0ZSI6MTIwMDAwMDAwMDAwMH19",
          "dependencies": [
            "module.object-storage.oci_objectstorage_bucket.ewp_image_storage"
          ]
        },
        {
          "index_key": 195,
          "schema_version": 0,
          "attributes": {
            "bucket": "ewp_image_store",
            "cache_control": null,
            "content": null,
            "content_disposition": null,
            "content_encoding": null,
            "content_language": null,
            "content_length": "457306",
            "content_md5": "VL0BEJ5VXXMF3/fcz+QRRA==",
            "content_type": "image/jpeg",
            "delete_all_object_versions": false,
            "id": "n/lr4poue3hwjl/b/ewp_image_store/o/weddings%2FSarah%20and%20Toma%2F26.jpg",
            "metadata": {},
            "namespace": "lr4poue3hwjl",
            "object": "weddings/Sarah and Toma/26.jpg",
            "opc_sse_kms_key_id": null,
            "source": "assets/weddings/Sarah and Toma/26.jpg 2014-07-30 18:01:06 +0100 BST",
            "source_uri_details": [],
            "state": "COMPLETED",
            "storage_tier": "Standard",
            "timeouts": null,
            "version_id": "bd4ae00d-bda1-44c9-87a4-aac1fe4dffad",
            "work_request_id": ""
          },
          "sensitive_attributes": [],
          "private": "eyJlMmJmYjczMC1lY2FhLTExZTYtOGY4OC0zNDM2M2JjN2M0YzAiOnsiY3JlYXRlIjoxMjAwMDAwMDAwMDAwLCJkZWxldGUiOjEyMDAwMDAwMDAwMDAsInVwZGF0ZSI6MTIwMDAwMDAwMDAwMH19",
          "dependencies": [
            "module.object-storage.oci_objectstorage_bucket.ewp_image_storage"
          ]
        },
        {
          "index_key": 196,
          "schema_version": 0,
          "attributes": {
            "bucket": "ewp_image_store",
            "cache_control": null,
            "content": null,
            "content_disposition": null,
            "content_encoding": null,
            "content_language": null,
            "content_length": "635310",
            "content_md5": "ePYglppVnNELymEIkTnFdg==",
            "content_type": "image/jpeg",
            "delete_all_object_versions": false,
            "id": "n/lr4poue3hwjl/b/ewp_image_store/o/weddings%2FSarah%20and%20Toma%2F27.jpg",
            "metadata": {},
            "namespace": "lr4poue3hwjl",
            "object": "weddings/Sarah and Toma/27.jpg",
            "opc_sse_kms_key_id": null,
            "source": "assets/weddings/Sarah and Toma/27.jpg 2014-07-30 18:00:46 +0100 BST",
            "source_uri_details": [],
            "state": "COMPLETED",
            "storage_tier": "Standard",
            "timeouts": null,
            "version_id": "ff9a2cd9-db01-4f30-a077-26aaf1cac670",
            "work_request_id": ""
          },
          "sensitive_attributes": [],
          "private": "eyJlMmJmYjczMC1lY2FhLTExZTYtOGY4OC0zNDM2M2JjN2M0YzAiOnsiY3JlYXRlIjoxMjAwMDAwMDAwMDAwLCJkZWxldGUiOjEyMDAwMDAwMDAwMDAsInVwZGF0ZSI6MTIwMDAwMDAwMDAwMH19",
          "dependencies": [
            "module.object-storage.oci_objectstorage_bucket.ewp_image_storage"
          ]
        },
        {
          "index_key": 197,
          "schema_version": 0,
          "attributes": {
            "bucket": "ewp_image_store",
            "cache_control": null,
            "content": null,
            "content_disposition": null,
            "content_encoding": null,
            "content_language": null,
            "content_length": "464938",
            "content_md5": "RxISjfMqm/6xNSJ+G1OZFQ==",
            "content_type": "image/jpeg",
            "delete_all_object_versions": false,
            "id": "n/lr4poue3hwjl/b/ewp_image_store/o/weddings%2FSarah%20and%20Toma%2F28.jpg",
            "metadata": {},
            "namespace": "lr4poue3hwjl",
            "object": "weddings/Sarah and Toma/28.jpg",
            "opc_sse_kms_key_id": null,
            "source": "assets/weddings/Sarah and Toma/28.jpg 2014-07-30 18:00:04 +0100 BST",
            "source_uri_details": [],
            "state": "COMPLETED",
            "storage_tier": "Standard",
            "timeouts": null,
            "version_id": "36620fde-1da9-4f25-b4b8-55796fa7a170",
            "work_request_id": ""
          },
          "sensitive_attributes": [],
          "private": "eyJlMmJmYjczMC1lY2FhLTExZTYtOGY4OC0zNDM2M2JjN2M0YzAiOnsiY3JlYXRlIjoxMjAwMDAwMDAwMDAwLCJkZWxldGUiOjEyMDAwMDAwMDAwMDAsInVwZGF0ZSI6MTIwMDAwMDAwMDAwMH19",
          "dependencies": [
            "module.object-storage.oci_objectstorage_bucket.ewp_image_storage"
          ]
        },
        {
          "index_key": 198,
          "schema_version": 0,
          "attributes": {
            "bucket": "ewp_image_store",
            "cache_control": null,
            "content": null,
            "content_disposition": null,
            "content_encoding": null,
            "content_language": null,
            "content_length": "531693",
            "content_md5": "utHuFBZWQRHTRe8i7ZEn4A==",
            "content_type": "image/jpeg",
            "delete_all_object_versions": false,
            "id": "n/lr4poue3hwjl/b/ewp_image_store/o/weddings%2FSarah%20and%20Toma%2F29.jpg",
            "metadata": {},
            "namespace": "lr4poue3hwjl",
            "object": "weddings/Sarah and Toma/29.jpg",
            "opc_sse_kms_key_id": null,
            "source": "assets/weddings/Sarah and Toma/29.jpg 2014-07-30 17:59:51 +0100 BST",
            "source_uri_details": [],
            "state": "COMPLETED",
            "storage_tier": "Standard",
            "timeouts": null,
            "version_id": "7547a1ca-1633-455b-95f8-2591cce48dec",
            "work_request_id": ""
          },
          "sensitive_attributes": [],
          "private": "eyJlMmJmYjczMC1lY2FhLTExZTYtOGY4OC0zNDM2M2JjN2M0YzAiOnsiY3JlYXRlIjoxMjAwMDAwMDAwMDAwLCJkZWxldGUiOjEyMDAwMDAwMDAwMDAsInVwZGF0ZSI6MTIwMDAwMDAwMDAwMH19",
          "dependencies": [
            "module.object-storage.oci_objectstorage_bucket.ewp_image_storage"
          ]
        },
        {
          "index_key": 199,
          "schema_version": 0,
          "attributes": {
            "bucket": "ewp_image_store",
            "cache_control": null,
            "content": null,
            "content_disposition": null,
            "content_encoding": null,
            "content_language": null,
            "content_length": "506520",
            "content_md5": "uz8hdAirlUb7+eVHplArEw==",
            "content_type": "image/jpeg",
            "delete_all_object_versions": false,
            "id": "n/lr4poue3hwjl/b/ewp_image_store/o/weddings%2FSarah%20and%20Toma%2F3.jpg",
            "metadata": {},
            "namespace": "lr4poue3hwjl",
            "object": "weddings/Sarah and Toma/3.jpg",
            "opc_sse_kms_key_id": null,
            "source": "assets/weddings/Sarah and Toma/3.jpg 2014-07-30 18:06:33 +0100 BST",
            "source_uri_details": [],
            "state": "COMPLETED",
            "storage_tier": "Standard",
            "timeouts": null,
            "version_id": "e58230ce-e5a8-4c41-9a91-f3fd19afc20c",
            "work_request_id": ""
          },
          "sensitive_attributes": [],
          "private": "eyJlMmJmYjczMC1lY2FhLTExZTYtOGY4OC0zNDM2M2JjN2M0YzAiOnsiY3JlYXRlIjoxMjAwMDAwMDAwMDAwLCJkZWxldGUiOjEyMDAwMDAwMDAwMDAsInVwZGF0ZSI6MTIwMDAwMDAwMDAwMH19",
          "dependencies": [
            "module.object-storage.oci_objectstorage_bucket.ewp_image_storage"
          ]
        },
        {
          "index_key": 200,
          "schema_version": 0,
          "attributes": {
            "bucket": "ewp_image_store",
            "cache_control": null,
            "content": null,
            "content_disposition": null,
            "content_encoding": null,
            "content_language": null,
            "content_length": "392917",
            "content_md5": "9bd3p/XFqMOoLJomPSnaMg==",
            "content_type": "image/jpeg",
            "delete_all_object_versions": false,
            "id": "n/lr4poue3hwjl/b/ewp_image_store/o/weddings%2FSarah%20and%20Toma%2F30.jpg",
            "metadata": {},
            "namespace": "lr4poue3hwjl",
            "object": "weddings/Sarah and Toma/30.jpg",
            "opc_sse_kms_key_id": null,
            "source": "assets/weddings/Sarah and Toma/30.jpg 2014-07-30 17:57:19 +0100 BST",
            "source_uri_details": [],
            "state": "COMPLETED",
            "storage_tier": "Standard",
            "timeouts": null,
            "version_id": "28c64aab-b2b1-412d-82ab-7ca936895c99",
            "work_request_id": ""
          },
          "sensitive_attributes": [],
          "private": "eyJlMmJmYjczMC1lY2FhLTExZTYtOGY4OC0zNDM2M2JjN2M0YzAiOnsiY3JlYXRlIjoxMjAwMDAwMDAwMDAwLCJkZWxldGUiOjEyMDAwMDAwMDAwMDAsInVwZGF0ZSI6MTIwMDAwMDAwMDAwMH19",
          "dependencies": [
            "module.object-storage.oci_objectstorage_bucket.ewp_image_storage"
          ]
        },
        {
          "index_key": 201,
          "schema_version": 0,
          "attributes": {
            "bucket": "ewp_image_store",
            "cache_control": null,
            "content": null,
            "content_disposition": null,
            "content_encoding": null,
            "content_language": null,
            "content_length": "456400",
            "content_md5": "33jmsC5vqLcSaShs5FUmcA==",
            "content_type": "image/jpeg",
            "delete_all_object_versions": false,
            "id": "n/lr4poue3hwjl/b/ewp_image_store/o/weddings%2FSarah%20and%20Toma%2F31.jpg",
            "metadata": {},
            "namespace": "lr4poue3hwjl",
            "object": "weddings/Sarah and Toma/31.jpg",
            "opc_sse_kms_key_id": null,
            "source": "assets/weddings/Sarah and Toma/31.jpg 2014-07-30 17:57:08 +0100 BST",
            "source_uri_details": [],
            "state": "COMPLETED",
            "storage_tier": "Standard",
            "timeouts": null,
            "version_id": "96f8d9b4-7b77-40b6-b2fc-1756bb1bce97",
            "work_request_id": ""
          },
          "sensitive_attributes": [],
          "private": "eyJlMmJmYjczMC1lY2FhLTExZTYtOGY4OC0zNDM2M2JjN2M0YzAiOnsiY3JlYXRlIjoxMjAwMDAwMDAwMDAwLCJkZWxldGUiOjEyMDAwMDAwMDAwMDAsInVwZGF0ZSI6MTIwMDAwMDAwMDAwMH19",
          "dependencies": [
            "module.object-storage.oci_objectstorage_bucket.ewp_image_storage"
          ]
        },
        {
          "index_key": 202,
          "schema_version": 0,
          "attributes": {
            "bucket": "ewp_image_store",
            "cache_control": null,
            "content": null,
            "content_disposition": null,
            "content_encoding": null,
            "content_language": null,
            "content_length": "419281",
            "content_md5": "b1XfQyrRsLUA7nsbJ5IwBA==",
            "content_type": "image/jpeg",
            "delete_all_object_versions": false,
            "id": "n/lr4poue3hwjl/b/ewp_image_store/o/weddings%2FSarah%20and%20Toma%2F32.jpg",
            "metadata": {},
            "namespace": "lr4poue3hwjl",
            "object": "weddings/Sarah and Toma/32.jpg",
            "opc_sse_kms_key_id": null,
            "source": "assets/weddings/Sarah and Toma/32.jpg 2014-07-30 17:56:56 +0100 BST",
            "source_uri_details": [],
            "state": "COMPLETED",
            "storage_tier": "Standard",
            "timeouts": null,
            "version_id": "618d9f79-169c-4d1b-97df-447356d2407f",
            "work_request_id": ""
          },
          "sensitive_attributes": [],
          "private": "eyJlMmJmYjczMC1lY2FhLTExZTYtOGY4OC0zNDM2M2JjN2M0YzAiOnsiY3JlYXRlIjoxMjAwMDAwMDAwMDAwLCJkZWxldGUiOjEyMDAwMDAwMDAwMDAsInVwZGF0ZSI6MTIwMDAwMDAwMDAwMH19",
          "dependencies": [
            "module.object-storage.oci_objectstorage_bucket.ewp_image_storage"
          ]
        },
        {
          "index_key": 203,
          "schema_version": 0,
          "attributes": {
            "bucket": "ewp_image_store",
            "cache_control": null,
            "content": null,
            "content_disposition": null,
            "content_encoding": null,
            "content_language": null,
            "content_length": "449496",
            "content_md5": "nqsF/oKPcrjV5XE0ZIqfMA==",
            "content_type": "image/jpeg",
            "delete_all_object_versions": false,
            "id": "n/lr4poue3hwjl/b/ewp_image_store/o/weddings%2FSarah%20and%20Toma%2F33.jpg",
            "metadata": {},
            "namespace": "lr4poue3hwjl",
            "object": "weddings/Sarah and Toma/33.jpg",
            "opc_sse_kms_key_id": null,
            "source": "assets/weddings/Sarah and Toma/33.jpg 2014-07-30 17:56:40 +0100 BST",
            "source_uri_details": [],
            "state": "COMPLETED",
            "storage_tier": "Standard",
            "timeouts": null,
            "version_id": "3fd0be59-760b-4495-a0c0-d9d97875e7c2",
            "work_request_id": ""
          },
          "sensitive_attributes": [],
          "private": "eyJlMmJmYjczMC1lY2FhLTExZTYtOGY4OC0zNDM2M2JjN2M0YzAiOnsiY3JlYXRlIjoxMjAwMDAwMDAwMDAwLCJkZWxldGUiOjEyMDAwMDAwMDAwMDAsInVwZGF0ZSI6MTIwMDAwMDAwMDAwMH19",
          "dependencies": [
            "module.object-storage.oci_objectstorage_bucket.ewp_image_storage"
          ]
        },
        {
          "index_key": 204,
          "schema_version": 0,
          "attributes": {
            "bucket": "ewp_image_store",
            "cache_control": null,
            "content": null,
            "content_disposition": null,
            "content_encoding": null,
            "content_language": null,
            "content_length": "414274",
            "content_md5": "XuqVG7BJasEb/jSa/ORSGA==",
            "content_type": "image/jpeg",
            "delete_all_object_versions": false,
            "id": "n/lr4poue3hwjl/b/ewp_image_store/o/weddings%2FSarah%20and%20Toma%2F34.jpg",
            "metadata": {},
            "namespace": "lr4poue3hwjl",
            "object": "weddings/Sarah and Toma/34.jpg",
            "opc_sse_kms_key_id": null,
            "source": "assets/weddings/Sarah and Toma/34.jpg 2014-07-30 17:56:24 +0100 BST",
            "source_uri_details": [],
            "state": "COMPLETED",
            "storage_tier": "Standard",
            "timeouts": null,
            "version_id": "9487ead3-aa79-44c2-8d23-8bec0a1e0eff",
            "work_request_id": ""
          },
          "sensitive_attributes": [],
          "private": "eyJlMmJmYjczMC1lY2FhLTExZTYtOGY4OC0zNDM2M2JjN2M0YzAiOnsiY3JlYXRlIjoxMjAwMDAwMDAwMDAwLCJkZWxldGUiOjEyMDAwMDAwMDAwMDAsInVwZGF0ZSI6MTIwMDAwMDAwMDAwMH19",
          "dependencies": [
            "module.object-storage.oci_objectstorage_bucket.ewp_image_storage"
          ]
        },
        {
          "index_key": 205,
          "schema_version": 0,
          "attributes": {
            "bucket": "ewp_image_store",
            "cache_control": null,
            "content": null,
            "content_disposition": null,
            "content_encoding": null,
            "content_language": null,
            "content_length": "431905",
            "content_md5": "HrlIWFJu54CzcGDdpDepWQ==",
            "content_type": "image/jpeg",
            "delete_all_object_versions": false,
            "id": "n/lr4poue3hwjl/b/ewp_image_store/o/weddings%2FSarah%20and%20Toma%2F35.jpg",
            "metadata": {},
            "namespace": "lr4poue3hwjl",
            "object": "weddings/Sarah and Toma/35.jpg",
            "opc_sse_kms_key_id": null,
            "source": "assets/weddings/Sarah and Toma/35.jpg 2014-07-30 17:56:11 +0100 BST",
            "source_uri_details": [],
            "state": "COMPLETED",
            "storage_tier": "Standard",
            "timeouts": null,
            "version_id": "10f9d359-f418-4152-b9ad-6668b8704430",
            "work_request_id": ""
          },
          "sensitive_attributes": [],
          "private": "eyJlMmJmYjczMC1lY2FhLTExZTYtOGY4OC0zNDM2M2JjN2M0YzAiOnsiY3JlYXRlIjoxMjAwMDAwMDAwMDAwLCJkZWxldGUiOjEyMDAwMDAwMDAwMDAsInVwZGF0ZSI6MTIwMDAwMDAwMDAwMH19",
          "dependencies": [
            "module.object-storage.oci_objectstorage_bucket.ewp_image_storage"
          ]
        },
        {
          "index_key": 206,
          "schema_version": 0,
          "attributes": {
            "bucket": "ewp_image_store",
            "cache_control": null,
            "content": null,
            "content_disposition": null,
            "content_encoding": null,
            "content_language": null,
            "content_length": "483881",
            "content_md5": "ifvR9lLLlxe7FZ57wgEfgA==",
            "content_type": "image/jpeg",
            "delete_all_object_versions": false,
            "id": "n/lr4poue3hwjl/b/ewp_image_store/o/weddings%2FSarah%20and%20Toma%2F36.jpg",
            "metadata": {},
            "namespace": "lr4poue3hwjl",
            "object": "weddings/Sarah and Toma/36.jpg",
            "opc_sse_kms_key_id": null,
            "source": "assets/weddings/Sarah and Toma/36.jpg 2014-07-30 17:55:54 +0100 BST",
            "source_uri_details": [],
            "state": "COMPLETED",
            "storage_tier": "Standard",
            "timeouts": null,
            "version_id": "70ca43e3-7f87-4737-adcc-804f6d22bddf",
            "work_request_id": ""
          },
          "sensitive_attributes": [],
          "private": "eyJlMmJmYjczMC1lY2FhLTExZTYtOGY4OC0zNDM2M2JjN2M0YzAiOnsiY3JlYXRlIjoxMjAwMDAwMDAwMDAwLCJkZWxldGUiOjEyMDAwMDAwMDAwMDAsInVwZGF0ZSI6MTIwMDAwMDAwMDAwMH19",
          "dependencies": [
            "module.object-storage.oci_objectstorage_bucket.ewp_image_storage"
          ]
        },
        {
          "index_key": 207,
          "schema_version": 0,
          "attributes": {
            "bucket": "ewp_image_store",
            "cache_control": null,
            "content": null,
            "content_disposition": null,
            "content_encoding": null,
            "content_language": null,
            "content_length": "465186",
            "content_md5": "Gq87BSWeBL+pyWALHeEXDA==",
            "content_type": "image/jpeg",
            "delete_all_object_versions": false,
            "id": "n/lr4poue3hwjl/b/ewp_image_store/o/weddings%2FSarah%20and%20Toma%2F37.jpg",
            "metadata": {},
            "namespace": "lr4poue3hwjl",
            "object": "weddings/Sarah and Toma/37.jpg",
            "opc_sse_kms_key_id": null,
            "source": "assets/weddings/Sarah and Toma/37.jpg 2014-07-30 17:55:34 +0100 BST",
            "source_uri_details": [],
            "state": "COMPLETED",
            "storage_tier": "Standard",
            "timeouts": null,
            "version_id": "e25daae1-f891-4b63-b393-77f41587b615",
            "work_request_id": ""
          },
          "sensitive_attributes": [],
          "private": "eyJlMmJmYjczMC1lY2FhLTExZTYtOGY4OC0zNDM2M2JjN2M0YzAiOnsiY3JlYXRlIjoxMjAwMDAwMDAwMDAwLCJkZWxldGUiOjEyMDAwMDAwMDAwMDAsInVwZGF0ZSI6MTIwMDAwMDAwMDAwMH19",
          "dependencies": [
            "module.object-storage.oci_objectstorage_bucket.ewp_image_storage"
          ]
        },
        {
          "index_key": 208,
          "schema_version": 0,
          "attributes": {
            "bucket": "ewp_image_store",
            "cache_control": null,
            "content": null,
            "content_disposition": null,
            "content_encoding": null,
            "content_language": null,
            "content_length": "548317",
            "content_md5": "kvKsrjghMig6f1P40VROwA==",
            "content_type": "image/jpeg",
            "delete_all_object_versions": false,
            "id": "n/lr4poue3hwjl/b/ewp_image_store/o/weddings%2FSarah%20and%20Toma%2F38.jpg",
            "metadata": {},
            "namespace": "lr4poue3hwjl",
            "object": "weddings/Sarah and Toma/38.jpg",
            "opc_sse_kms_key_id": null,
            "source": "assets/weddings/Sarah and Toma/38.jpg 2014-07-30 17:54:41 +0100 BST",
            "source_uri_details": [],
            "state": "COMPLETED",
            "storage_tier": "Standard",
            "timeouts": null,
            "version_id": "1b9803a0-2f05-40e8-9a4d-d090d9040922",
            "work_request_id": ""
          },
          "sensitive_attributes": [],
          "private": "eyJlMmJmYjczMC1lY2FhLTExZTYtOGY4OC0zNDM2M2JjN2M0YzAiOnsiY3JlYXRlIjoxMjAwMDAwMDAwMDAwLCJkZWxldGUiOjEyMDAwMDAwMDAwMDAsInVwZGF0ZSI6MTIwMDAwMDAwMDAwMH19",
          "dependencies": [
            "module.object-storage.oci_objectstorage_bucket.ewp_image_storage"
          ]
        },
        {
          "index_key": 209,
          "schema_version": 0,
          "attributes": {
            "bucket": "ewp_image_store",
            "cache_control": null,
            "content": null,
            "content_disposition": null,
            "content_encoding": null,
            "content_language": null,
            "content_length": "460373",
            "content_md5": "4t9c5WUkq2d/z9opR4hEMw==",
            "content_type": "image/jpeg",
            "delete_all_object_versions": false,
            "id": "n/lr4poue3hwjl/b/ewp_image_store/o/weddings%2FSarah%20and%20Toma%2F39.jpg",
            "metadata": {},
            "namespace": "lr4poue3hwjl",
            "object": "weddings/Sarah and Toma/39.jpg",
            "opc_sse_kms_key_id": null,
            "source": "assets/weddings/Sarah and Toma/39.jpg 2014-07-30 17:54:16 +0100 BST",
            "source_uri_details": [],
            "state": "COMPLETED",
            "storage_tier": "Standard",
            "timeouts": null,
            "version_id": "7d6ded91-87fb-4350-a10d-6867f7da21b6",
            "work_request_id": ""
          },
          "sensitive_attributes": [],
          "private": "eyJlMmJmYjczMC1lY2FhLTExZTYtOGY4OC0zNDM2M2JjN2M0YzAiOnsiY3JlYXRlIjoxMjAwMDAwMDAwMDAwLCJkZWxldGUiOjEyMDAwMDAwMDAwMDAsInVwZGF0ZSI6MTIwMDAwMDAwMDAwMH19",
          "dependencies": [
            "module.object-storage.oci_objectstorage_bucket.ewp_image_storage"
          ]
        },
        {
          "index_key": 210,
          "schema_version": 0,
          "attributes": {
            "bucket": "ewp_image_store",
            "cache_control": null,
            "content": null,
            "content_disposition": null,
            "content_encoding": null,
            "content_language": null,
            "content_length": "465804",
            "content_md5": "JFPwnHFyFOK4FhCYPZk1BQ==",
            "content_type": "image/jpeg",
            "delete_all_object_versions": false,
            "id": "n/lr4poue3hwjl/b/ewp_image_store/o/weddings%2FSarah%20and%20Toma%2F4.jpg",
            "metadata": {},
            "namespace": "lr4poue3hwjl",
            "object": "weddings/Sarah and Toma/4.jpg",
            "opc_sse_kms_key_id": null,
            "source": "assets/weddings/Sarah and Toma/4.jpg 2014-07-30 18:06:19 +0100 BST",
            "source_uri_details": [],
            "state": "COMPLETED",
            "storage_tier": "Standard",
            "timeouts": null,
            "version_id": "85a8f762-b0f2-4670-a335-29d34145de1c",
            "work_request_id": ""
          },
          "sensitive_attributes": [],
          "private": "eyJlMmJmYjczMC1lY2FhLTExZTYtOGY4OC0zNDM2M2JjN2M0YzAiOnsiY3JlYXRlIjoxMjAwMDAwMDAwMDAwLCJkZWxldGUiOjEyMDAwMDAwMDAwMDAsInVwZGF0ZSI6MTIwMDAwMDAwMDAwMH19",
          "dependencies": [
            "module.object-storage.oci_objectstorage_bucket.ewp_image_storage"
          ]
        },
        {
          "index_key": 211,
          "schema_version": 0,
          "attributes": {
            "bucket": "ewp_image_store",
            "cache_control": null,
            "content": null,
            "content_disposition": null,
            "content_encoding": null,
            "content_language": null,
            "content_length": "462837",
            "content_md5": "+AyGKMG/pwt3rHwFGQALBw==",
            "content_type": "image/jpeg",
            "delete_all_object_versions": false,
            "id": "n/lr4poue3hwjl/b/ewp_image_store/o/weddings%2FSarah%20and%20Toma%2F40.jpg",
            "metadata": {},
            "namespace": "lr4poue3hwjl",
            "object": "weddings/Sarah and Toma/40.jpg",
            "opc_sse_kms_key_id": null,
            "source": "assets/weddings/Sarah and Toma/40.jpg 2014-07-30 17:53:59 +0100 BST",
            "source_uri_details": [],
            "state": "COMPLETED",
            "storage_tier": "Standard",
            "timeouts": null,
            "version_id": "2f6ed057-e673-4bed-b68f-da47240b20fd",
            "work_request_id": ""
          },
          "sensitive_attributes": [],
          "private": "eyJlMmJmYjczMC1lY2FhLTExZTYtOGY4OC0zNDM2M2JjN2M0YzAiOnsiY3JlYXRlIjoxMjAwMDAwMDAwMDAwLCJkZWxldGUiOjEyMDAwMDAwMDAwMDAsInVwZGF0ZSI6MTIwMDAwMDAwMDAwMH19",
          "dependencies": [
            "module.object-storage.oci_objectstorage_bucket.ewp_image_storage"
          ]
        },
        {
          "index_key": 212,
          "schema_version": 0,
          "attributes": {
            "bucket": "ewp_image_store",
            "cache_control": null,
            "content": null,
            "content_disposition": null,
            "content_encoding": null,
            "content_language": null,
            "content_length": "381999",
            "content_md5": "GSdIdv1Rydpi/sTYJumxJQ==",
            "content_type": "image/jpeg",
            "delete_all_object_versions": false,
            "id": "n/lr4poue3hwjl/b/ewp_image_store/o/weddings%2FSarah%20and%20Toma%2F41.jpg",
            "metadata": {},
            "namespace": "lr4poue3hwjl",
            "object": "weddings/Sarah and Toma/41.jpg",
            "opc_sse_kms_key_id": null,
            "source": "assets/weddings/Sarah and Toma/41.jpg 2014-07-30 17:53:21 +0100 BST",
            "source_uri_details": [],
            "state": "COMPLETED",
            "storage_tier": "Standard",
            "timeouts": null,
            "version_id": "9c1c0141-290f-40d4-acfa-5298a2c3bde1",
            "work_request_id": ""
          },
          "sensitive_attributes": [],
          "private": "eyJlMmJmYjczMC1lY2FhLTExZTYtOGY4OC0zNDM2M2JjN2M0YzAiOnsiY3JlYXRlIjoxMjAwMDAwMDAwMDAwLCJkZWxldGUiOjEyMDAwMDAwMDAwMDAsInVwZGF0ZSI6MTIwMDAwMDAwMDAwMH19",
          "dependencies": [
            "module.object-storage.oci_objectstorage_bucket.ewp_image_storage"
          ]
        },
        {
          "index_key": 213,
          "schema_version": 0,
          "attributes": {
            "bucket": "ewp_image_store",
            "cache_control": null,
            "content": null,
            "content_disposition": null,
            "content_encoding": null,
            "content_language": null,
            "content_length": "423407",
            "content_md5": "ryuisUr+GbAQnzb7ZqWXTA==",
            "content_type": "image/jpeg",
            "delete_all_object_versions": false,
            "id": "n/lr4poue3hwjl/b/ewp_image_store/o/weddings%2FSarah%20and%20Toma%2F42.jpg",
            "metadata": {},
            "namespace": "lr4poue3hwjl",
            "object": "weddings/Sarah and Toma/42.jpg",
            "opc_sse_kms_key_id": null,
            "source": "assets/weddings/Sarah and Toma/42.jpg 2014-07-30 17:52:57 +0100 BST",
            "source_uri_details": [],
            "state": "COMPLETED",
            "storage_tier": "Standard",
            "timeouts": null,
            "version_id": "12cf6e37-6379-4995-af8b-25ed04a70bf1",
            "work_request_id": ""
          },
          "sensitive_attributes": [],
          "private": "eyJlMmJmYjczMC1lY2FhLTExZTYtOGY4OC0zNDM2M2JjN2M0YzAiOnsiY3JlYXRlIjoxMjAwMDAwMDAwMDAwLCJkZWxldGUiOjEyMDAwMDAwMDAwMDAsInVwZGF0ZSI6MTIwMDAwMDAwMDAwMH19",
          "dependencies": [
            "module.object-storage.oci_objectstorage_bucket.ewp_image_storage"
          ]
        },
        {
          "index_key": 214,
          "schema_version": 0,
          "attributes": {
            "bucket": "ewp_image_store",
            "cache_control": null,
            "content": null,
            "content_disposition": null,
            "content_encoding": null,
            "content_language": null,
            "content_length": "417807",
            "content_md5": "Y3wBDcyDmzYWtELVpufLPA==",
            "content_type": "image/jpeg",
            "delete_all_object_versions": false,
            "id": "n/lr4poue3hwjl/b/ewp_image_store/o/weddings%2FSarah%20and%20Toma%2F43.jpg",
            "metadata": {},
            "namespace": "lr4poue3hwjl",
            "object": "weddings/Sarah and Toma/43.jpg",
            "opc_sse_kms_key_id": null,
            "source": "assets/weddings/Sarah and Toma/43.jpg 2014-07-30 17:52:42 +0100 BST",
            "source_uri_details": [],
            "state": "COMPLETED",
            "storage_tier": "Standard",
            "timeouts": null,
            "version_id": "e839bfa4-3f73-4fe5-bd9f-98c6bcaa576c",
            "work_request_id": ""
          },
          "sensitive_attributes": [],
          "private": "eyJlMmJmYjczMC1lY2FhLTExZTYtOGY4OC0zNDM2M2JjN2M0YzAiOnsiY3JlYXRlIjoxMjAwMDAwMDAwMDAwLCJkZWxldGUiOjEyMDAwMDAwMDAwMDAsInVwZGF0ZSI6MTIwMDAwMDAwMDAwMH19",
          "dependencies": [
            "module.object-storage.oci_objectstorage_bucket.ewp_image_storage"
          ]
        },
        {
          "index_key": 215,
          "schema_version": 0,
          "attributes": {
            "bucket": "ewp_image_store",
            "cache_control": null,
            "content": null,
            "content_disposition": null,
            "content_encoding": null,
            "content_language": null,
            "content_length": "341315",
            "content_md5": "TsBLjsqeegqN0DY8DyUF/g==",
            "content_type": "image/jpeg",
            "delete_all_object_versions": false,
            "id": "n/lr4poue3hwjl/b/ewp_image_store/o/weddings%2FSarah%20and%20Toma%2F5.jpg",
            "metadata": {},
            "namespace": "lr4poue3hwjl",
            "object": "weddings/Sarah and Toma/5.jpg",
            "opc_sse_kms_key_id": null,
            "source": "assets/weddings/Sarah and Toma/5.jpg 2014-07-30 18:06:05 +0100 BST",
            "source_uri_details": [],
            "state": "COMPLETED",
            "storage_tier": "Standard",
            "timeouts": null,
            "version_id": "46935e26-05e9-4098-9250-6dbfd73db3ff",
            "work_request_id": ""
          },
          "sensitive_attributes": [],
          "private": "eyJlMmJmYjczMC1lY2FhLTExZTYtOGY4OC0zNDM2M2JjN2M0YzAiOnsiY3JlYXRlIjoxMjAwMDAwMDAwMDAwLCJkZWxldGUiOjEyMDAwMDAwMDAwMDAsInVwZGF0ZSI6MTIwMDAwMDAwMDAwMH19",
          "dependencies": [
            "module.object-storage.oci_objectstorage_bucket.ewp_image_storage"
          ]
        },
        {
          "index_key": 216,
          "schema_version": 0,
          "attributes": {
            "bucket": "ewp_image_store",
            "cache_control": null,
            "content": null,
            "content_disposition": null,
            "content_encoding": null,
            "content_language": null,
            "content_length": "559248",
            "content_md5": "CSW7dQl5bpy4i86gPp7TvA==",
            "content_type": "image/jpeg",
            "delete_all_object_versions": false,
            "id": "n/lr4poue3hwjl/b/ewp_image_store/o/weddings%2FSarah%20and%20Toma%2F6.jpg",
            "metadata": {},
            "namespace": "lr4poue3hwjl",
            "object": "weddings/Sarah and Toma/6.jpg",
            "opc_sse_kms_key_id": null,
            "source": "assets/weddings/Sarah and Toma/6.jpg 2014-07-30 18:05:54 +0100 BST",
            "source_uri_details": [],
            "state": "COMPLETED",
            "storage_tier": "Standard",
            "timeouts": null,
            "version_id": "a6bbffae-5a43-4ca6-bc5f-0f5a1ec99109",
            "work_request_id": ""
          },
          "sensitive_attributes": [],
          "private": "eyJlMmJmYjczMC1lY2FhLTExZTYtOGY4OC0zNDM2M2JjN2M0YzAiOnsiY3JlYXRlIjoxMjAwMDAwMDAwMDAwLCJkZWxldGUiOjEyMDAwMDAwMDAwMDAsInVwZGF0ZSI6MTIwMDAwMDAwMDAwMH19",
          "dependencies": [
            "module.object-storage.oci_objectstorage_bucket.ewp_image_storage"
          ]
        },
        {
          "index_key": 217,
          "schema_version": 0,
          "attributes": {
            "bucket": "ewp_image_store",
            "cache_control": null,
            "content": null,
            "content_disposition": null,
            "content_encoding": null,
            "content_language": null,
            "content_length": "484898",
            "content_md5": "Qe02mV1KBKfeMKFSt7xr8Q==",
            "content_type": "image/jpeg",
            "delete_all_object_versions": false,
            "id": "n/lr4poue3hwjl/b/ewp_image_store/o/weddings%2FSarah%20and%20Toma%2F7.jpg",
            "metadata": {},
            "namespace": "lr4poue3hwjl",
            "object": "weddings/Sarah and Toma/7.jpg",
            "opc_sse_kms_key_id": null,
            "source": "assets/weddings/Sarah and Toma/7.jpg 2014-07-30 18:05:41 +0100 BST",
            "source_uri_details": [],
            "state": "COMPLETED",
            "storage_tier": "Standard",
            "timeouts": null,
            "version_id": "e1cae2ee-33c8-4495-b6ff-36f969ba382f",
            "work_request_id": ""
          },
          "sensitive_attributes": [],
          "private": "eyJlMmJmYjczMC1lY2FhLTExZTYtOGY4OC0zNDM2M2JjN2M0YzAiOnsiY3JlYXRlIjoxMjAwMDAwMDAwMDAwLCJkZWxldGUiOjEyMDAwMDAwMDAwMDAsInVwZGF0ZSI6MTIwMDAwMDAwMDAwMH19",
          "dependencies": [
            "module.object-storage.oci_objectstorage_bucket.ewp_image_storage"
          ]
        },
        {
          "index_key": 218,
          "schema_version": 0,
          "attributes": {
            "bucket": "ewp_image_store",
            "cache_control": null,
            "content": null,
            "content_disposition": null,
            "content_encoding": null,
            "content_language": null,
            "content_length": "482941",
            "content_md5": "uT1A1JwtANNP5nd+NnneJw==",
            "content_type": "image/jpeg",
            "delete_all_object_versions": false,
            "id": "n/lr4poue3hwjl/b/ewp_image_store/o/weddings%2FSarah%20and%20Toma%2F8.jpg",
            "metadata": {},
            "namespace": "lr4poue3hwjl",
            "object": "weddings/Sarah and Toma/8.jpg",
            "opc_sse_kms_key_id": null,
            "source": "assets/weddings/Sarah and Toma/8.jpg 2014-07-30 18:05:29 +0100 BST",
            "source_uri_details": [],
            "state": "COMPLETED",
            "storage_tier": "Standard",
            "timeouts": null,
            "version_id": "af66b013-8853-4297-85f5-43cc8b1d2420",
            "work_request_id": ""
          },
          "sensitive_attributes": [],
          "private": "eyJlMmJmYjczMC1lY2FhLTExZTYtOGY4OC0zNDM2M2JjN2M0YzAiOnsiY3JlYXRlIjoxMjAwMDAwMDAwMDAwLCJkZWxldGUiOjEyMDAwMDAwMDAwMDAsInVwZGF0ZSI6MTIwMDAwMDAwMDAwMH19",
          "dependencies": [
            "module.object-storage.oci_objectstorage_bucket.ewp_image_storage"
          ]
        },
        {
          "index_key": 219,
          "schema_version": 0,
          "attributes": {
            "bucket": "ewp_image_store",
            "cache_control": null,
            "content": null,
            "content_disposition": null,
            "content_encoding": null,
            "content_language": null,
            "content_length": "462789",
            "content_md5": "7mSg7x8lk4Wf4pkH+i4w3A==",
            "content_type": "image/jpeg",
            "delete_all_object_versions": false,
            "id": "n/lr4poue3hwjl/b/ewp_image_store/o/weddings%2FSarah%20and%20Toma%2F9.jpg",
            "metadata": {},
            "namespace": "lr4poue3hwjl",
            "object": "weddings/Sarah and Toma/9.jpg",
            "opc_sse_kms_key_id": null,
            "source": "assets/weddings/Sarah and Toma/9.jpg 2014-07-30 18:05:19 +0100 BST",
            "source_uri_details": [],
            "state": "COMPLETED",
            "storage_tier": "Standard",
            "timeouts": null,
            "version_id": "437d66ed-8cf9-41bc-9ea9-c38a4a648d05",
            "work_request_id": ""
          },
          "sensitive_attributes": [],
          "private": "eyJlMmJmYjczMC1lY2FhLTExZTYtOGY4OC0zNDM2M2JjN2M0YzAiOnsiY3JlYXRlIjoxMjAwMDAwMDAwMDAwLCJkZWxldGUiOjEyMDAwMDAwMDAwMDAsInVwZGF0ZSI6MTIwMDAwMDAwMDAwMH19",
          "dependencies": [
            "module.object-storage.oci_objectstorage_bucket.ewp_image_storage"
          ]
        },
        {
          "index_key": 220,
          "schema_version": 0,
          "attributes": {
            "bucket": "ewp_image_store",
            "cache_control": null,
            "content": null,
            "content_disposition": null,
            "content_encoding": null,
            "content_language": null,
            "content_length": "483881",
            "content_md5": "ifvR9lLLlxe7FZ57wgEfgA==",
            "content_type": "image/jpeg",
            "delete_all_object_versions": false,
            "id": "n/lr4poue3hwjl/b/ewp_image_store/o/weddings%2FSarah%20and%20Toma%2Fcover.jpg",
            "metadata": {},
            "namespace": "lr4poue3hwjl",
            "object": "weddings/Sarah and Toma/cover.jpg",
            "opc_sse_kms_key_id": null,
            "source": "assets/weddings/Sarah and Toma/cover.jpg 2014-07-30 17:55:54 +0100 BST",
            "source_uri_details": [],
            "state": "COMPLETED",
            "storage_tier": "Standard",
            "timeouts": null,
            "version_id": "98bd0806-82ca-4989-8e33-36f29a186c5c",
            "work_request_id": ""
          },
          "sensitive_attributes": [],
          "private": "eyJlMmJmYjczMC1lY2FhLTExZTYtOGY4OC0zNDM2M2JjN2M0YzAiOnsiY3JlYXRlIjoxMjAwMDAwMDAwMDAwLCJkZWxldGUiOjEyMDAwMDAwMDAwMDAsInVwZGF0ZSI6MTIwMDAwMDAwMDAwMH19",
          "dependencies": [
            "module.object-storage.oci_objectstorage_bucket.ewp_image_storage"
          ]
        },
        {
          "index_key": 221,
          "schema_version": 0,
          "attributes": {
            "bucket": "ewp_image_store",
            "cache_control": null,
            "content": null,
            "content_disposition": null,
            "content_encoding": null,
            "content_language": null,
            "content_length": "703542",
            "content_md5": "ou4nP3PUVsKqbaiDGwhw7A==",
            "content_type": "image/jpeg",
            "delete_all_object_versions": false,
            "id": "n/lr4poue3hwjl/b/ewp_image_store/o/weddings%2FTom%20and%20Rebecca%2F1.jpg",
            "metadata": {},
            "namespace": "lr4poue3hwjl",
            "object": "weddings/Tom and Rebecca/1.jpg",
            "opc_sse_kms_key_id": null,
            "source": "assets/weddings/Tom and Rebecca/1.jpg 2015-07-19 13:13:12 +0100 BST",
            "source_uri_details": [],
            "state": "COMPLETED",
            "storage_tier": "Standard",
            "timeouts": null,
            "version_id": "fb1762d1-6f7d-4c58-93da-f28796ac0b48",
            "work_request_id": ""
          },
          "sensitive_attributes": [],
          "private": "eyJlMmJmYjczMC1lY2FhLTExZTYtOGY4OC0zNDM2M2JjN2M0YzAiOnsiY3JlYXRlIjoxMjAwMDAwMDAwMDAwLCJkZWxldGUiOjEyMDAwMDAwMDAwMDAsInVwZGF0ZSI6MTIwMDAwMDAwMDAwMH19",
          "dependencies": [
            "module.object-storage.oci_objectstorage_bucket.ewp_image_storage"
          ]
        },
        {
          "index_key": 222,
          "schema_version": 0,
          "attributes": {
            "bucket": "ewp_image_store",
            "cache_control": null,
            "content": null,
            "content_disposition": null,
            "content_encoding": null,
            "content_language": null,
            "content_length": "266308",
            "content_md5": "KbZFMSJsq2gOs2JSWL6Ycg==",
            "content_type": "image/jpeg",
            "delete_all_object_versions": false,
            "id": "n/lr4poue3hwjl/b/ewp_image_store/o/weddings%2FTom%20and%20Rebecca%2F10.jpg",
            "metadata": {},
            "namespace": "lr4poue3hwjl",
            "object": "weddings/Tom and Rebecca/10.jpg",
            "opc_sse_kms_key_id": null,
            "source": "assets/weddings/Tom and Rebecca/10.jpg 2015-07-19 13:11:41 +0100 BST",
            "source_uri_details": [],
            "state": "COMPLETED",
            "storage_tier": "Standard",
            "timeouts": null,
            "version_id": "7a2914f3-8a5c-4ed5-a33e-28b541e04007",
            "work_request_id": ""
          },
          "sensitive_attributes": [],
          "private": "eyJlMmJmYjczMC1lY2FhLTExZTYtOGY4OC0zNDM2M2JjN2M0YzAiOnsiY3JlYXRlIjoxMjAwMDAwMDAwMDAwLCJkZWxldGUiOjEyMDAwMDAwMDAwMDAsInVwZGF0ZSI6MTIwMDAwMDAwMDAwMH19",
          "dependencies": [
            "module.object-storage.oci_objectstorage_bucket.ewp_image_storage"
          ]
        },
        {
          "index_key": 223,
          "schema_version": 0,
          "attributes": {
            "bucket": "ewp_image_store",
            "cache_control": null,
            "content": null,
            "content_disposition": null,
            "content_encoding": null,
            "content_language": null,
            "content_length": "656688",
            "content_md5": "6AHUzlZXu67knQRxwCvKcQ==",
            "content_type": "image/jpeg",
            "delete_all_object_versions": false,
            "id": "n/lr4poue3hwjl/b/ewp_image_store/o/weddings%2FTom%20and%20Rebecca%2F11.jpg",
            "metadata": {},
            "namespace": "lr4poue3hwjl",
            "object": "weddings/Tom and Rebecca/11.jpg",
            "opc_sse_kms_key_id": null,
            "source": "assets/weddings/Tom and Rebecca/11.jpg 2015-07-19 13:11:32 +0100 BST",
            "source_uri_details": [],
            "state": "COMPLETED",
            "storage_tier": "Standard",
            "timeouts": null,
            "version_id": "797e7a08-8dd9-4050-9051-d002799016d7",
            "work_request_id": ""
          },
          "sensitive_attributes": [],
          "private": "eyJlMmJmYjczMC1lY2FhLTExZTYtOGY4OC0zNDM2M2JjN2M0YzAiOnsiY3JlYXRlIjoxMjAwMDAwMDAwMDAwLCJkZWxldGUiOjEyMDAwMDAwMDAwMDAsInVwZGF0ZSI6MTIwMDAwMDAwMDAwMH19",
          "dependencies": [
            "module.object-storage.oci_objectstorage_bucket.ewp_image_storage"
          ]
        },
        {
          "index_key": 224,
          "schema_version": 0,
          "attributes": {
            "bucket": "ewp_image_store",
            "cache_control": null,
            "content": null,
            "content_disposition": null,
            "content_encoding": null,
            "content_language": null,
            "content_length": "701829",
            "content_md5": "UgeFsTTBhZDOleijOK1dbA==",
            "content_type": "image/jpeg",
            "delete_all_object_versions": false,
            "id": "n/lr4poue3hwjl/b/ewp_image_store/o/weddings%2FTom%20and%20Rebecca%2F12.jpg",
            "metadata": {},
            "namespace": "lr4poue3hwjl",
            "object": "weddings/Tom and Rebecca/12.jpg",
            "opc_sse_kms_key_id": null,
            "source": "assets/weddings/Tom and Rebecca/12.jpg 2015-07-19 13:11:22 +0100 BST",
            "source_uri_details": [],
            "state": "COMPLETED",
            "storage_tier": "Standard",
            "timeouts": null,
            "version_id": "60503296-dffc-483d-b498-ef0fee7aafb8",
            "work_request_id": ""
          },
          "sensitive_attributes": [],
          "private": "eyJlMmJmYjczMC1lY2FhLTExZTYtOGY4OC0zNDM2M2JjN2M0YzAiOnsiY3JlYXRlIjoxMjAwMDAwMDAwMDAwLCJkZWxldGUiOjEyMDAwMDAwMDAwMDAsInVwZGF0ZSI6MTIwMDAwMDAwMDAwMH19",
          "dependencies": [
            "module.object-storage.oci_objectstorage_bucket.ewp_image_storage"
          ]
        },
        {
          "index_key": 225,
          "schema_version": 0,
          "attributes": {
            "bucket": "ewp_image_store",
            "cache_control": null,
            "content": null,
            "content_disposition": null,
            "content_encoding": null,
            "content_language": null,
            "content_length": "1066487",
            "content_md5": "wkFJZP9B1o5iLIhldikAdA==",
            "content_type": "image/jpeg",
            "delete_all_object_versions": false,
            "id": "n/lr4poue3hwjl/b/ewp_image_store/o/weddings%2FTom%20and%20Rebecca%2F13.jpg",
            "metadata": {},
            "namespace": "lr4poue3hwjl",
            "object": "weddings/Tom and Rebecca/13.jpg",
            "opc_sse_kms_key_id": null,
            "source": "assets/weddings/Tom and Rebecca/13.jpg 2015-07-19 13:11:12 +0100 BST",
            "source_uri_details": [],
            "state": "COMPLETED",
            "storage_tier": "Standard",
            "timeouts": null,
            "version_id": "9c5a6f8a-550d-430a-8d29-607d7cd3b8e6",
            "work_request_id": ""
          },
          "sensitive_attributes": [],
          "private": "eyJlMmJmYjczMC1lY2FhLTExZTYtOGY4OC0zNDM2M2JjN2M0YzAiOnsiY3JlYXRlIjoxMjAwMDAwMDAwMDAwLCJkZWxldGUiOjEyMDAwMDAwMDAwMDAsInVwZGF0ZSI6MTIwMDAwMDAwMDAwMH19",
          "dependencies": [
            "module.object-storage.oci_objectstorage_bucket.ewp_image_storage"
          ]
        },
        {
          "index_key": 226,
          "schema_version": 0,
          "attributes": {
            "bucket": "ewp_image_store",
            "cache_control": null,
            "content": null,
            "content_disposition": null,
            "content_encoding": null,
            "content_language": null,
            "content_length": "491529",
            "content_md5": "Nk8Vi3iT2AEeMSSmxNnL1w==",
            "content_type": "image/jpeg",
            "delete_all_object_versions": false,
            "id": "n/lr4poue3hwjl/b/ewp_image_store/o/weddings%2FTom%20and%20Rebecca%2F14.jpg",
            "metadata": {},
            "namespace": "lr4poue3hwjl",
            "object": "weddings/Tom and Rebecca/14.jpg",
            "opc_sse_kms_key_id": null,
            "source": "assets/weddings/Tom and Rebecca/14.jpg 2015-07-19 13:11:03 +0100 BST",
            "source_uri_details": [],
            "state": "COMPLETED",
            "storage_tier": "Standard",
            "timeouts": null,
            "version_id": "0c774b53-ceb9-44ed-a7a4-0e9181578295",
            "work_request_id": ""
          },
          "sensitive_attributes": [],
          "private": "eyJlMmJmYjczMC1lY2FhLTExZTYtOGY4OC0zNDM2M2JjN2M0YzAiOnsiY3JlYXRlIjoxMjAwMDAwMDAwMDAwLCJkZWxldGUiOjEyMDAwMDAwMDAwMDAsInVwZGF0ZSI6MTIwMDAwMDAwMDAwMH19",
          "dependencies": [
            "module.object-storage.oci_objectstorage_bucket.ewp_image_storage"
          ]
        },
        {
          "index_key": 227,
          "schema_version": 0,
          "attributes": {
            "bucket": "ewp_image_store",
            "cache_control": null,
            "content": null,
            "content_disposition": null,
            "content_encoding": null,
            "content_language": null,
            "content_length": "325933",
            "content_md5": "3Tz/1VOYx3RQxpcfs1jKTg==",
            "content_type": "image/jpeg",
            "delete_all_object_versions": false,
            "id": "n/lr4poue3hwjl/b/ewp_image_store/o/weddings%2FTom%20and%20Rebecca%2F15.jpg",
            "metadata": {},
            "namespace": "lr4poue3hwjl",
            "object": "weddings/Tom and Rebecca/15.jpg",
            "opc_sse_kms_key_id": null,
            "source": "assets/weddings/Tom and Rebecca/15.jpg 2015-07-19 13:10:51 +0100 BST",
            "source_uri_details": [],
            "state": "COMPLETED",
            "storage_tier": "Standard",
            "timeouts": null,
            "version_id": "cf63c4a8-848e-4be4-be1b-c187f1774d3c",
            "work_request_id": ""
          },
          "sensitive_attributes": [],
          "private": "eyJlMmJmYjczMC1lY2FhLTExZTYtOGY4OC0zNDM2M2JjN2M0YzAiOnsiY3JlYXRlIjoxMjAwMDAwMDAwMDAwLCJkZWxldGUiOjEyMDAwMDAwMDAwMDAsInVwZGF0ZSI6MTIwMDAwMDAwMDAwMH19",
          "dependencies": [
            "module.object-storage.oci_objectstorage_bucket.ewp_image_storage"
          ]
        },
        {
          "index_key": 228,
          "schema_version": 0,
          "attributes": {
            "bucket": "ewp_image_store",
            "cache_control": null,
            "content": null,
            "content_disposition": null,
            "content_encoding": null,
            "content_language": null,
            "content_length": "681602",
            "content_md5": "dzLapl3p4MBAcTO6tOvEIg==",
            "content_type": "image/jpeg",
            "delete_all_object_versions": false,
            "id": "n/lr4poue3hwjl/b/ewp_image_store/o/weddings%2FTom%20and%20Rebecca%2F16.jpg",
            "metadata": {},
            "namespace": "lr4poue3hwjl",
            "object": "weddings/Tom and Rebecca/16.jpg",
            "opc_sse_kms_key_id": null,
            "source": "assets/weddings/Tom and Rebecca/16.jpg 2015-07-19 13:10:42 +0100 BST",
            "source_uri_details": [],
            "state": "COMPLETED",
            "storage_tier": "Standard",
            "timeouts": null,
            "version_id": "557c7339-90ed-4bc1-83be-8c95d893441f",
            "work_request_id": ""
          },
          "sensitive_attributes": [],
          "private": "eyJlMmJmYjczMC1lY2FhLTExZTYtOGY4OC0zNDM2M2JjN2M0YzAiOnsiY3JlYXRlIjoxMjAwMDAwMDAwMDAwLCJkZWxldGUiOjEyMDAwMDAwMDAwMDAsInVwZGF0ZSI6MTIwMDAwMDAwMDAwMH19",
          "dependencies": [
            "module.object-storage.oci_objectstorage_bucket.ewp_image_storage"
          ]
        },
        {
          "index_key": 229,
          "schema_version": 0,
          "attributes": {
            "bucket": "ewp_image_store",
            "cache_control": null,
            "content": null,
            "content_disposition": null,
            "content_encoding": null,
            "content_language": null,
            "content_length": "442600",
            "content_md5": "i9GOx0R75AFVDW8UhaelcA==",
            "content_type": "image/jpeg",
            "delete_all_object_versions": false,
            "id": "n/lr4poue3hwjl/b/ewp_image_store/o/weddings%2FTom%20and%20Rebecca%2F17.jpg",
            "metadata": {},
            "namespace": "lr4poue3hwjl",
            "object": "weddings/Tom and Rebecca/17.jpg",
            "opc_sse_kms_key_id": null,
            "source": "assets/weddings/Tom and Rebecca/17.jpg 2015-07-19 13:10:32 +0100 BST",
            "source_uri_details": [],
            "state": "COMPLETED",
            "storage_tier": "Standard",
            "timeouts": null,
            "version_id": "8fde6216-33f2-4f75-90f3-bfc77ddc0fdf",
            "work_request_id": ""
          },
          "sensitive_attributes": [],
          "private": "eyJlMmJmYjczMC1lY2FhLTExZTYtOGY4OC0zNDM2M2JjN2M0YzAiOnsiY3JlYXRlIjoxMjAwMDAwMDAwMDAwLCJkZWxldGUiOjEyMDAwMDAwMDAwMDAsInVwZGF0ZSI6MTIwMDAwMDAwMDAwMH19",
          "dependencies": [
            "module.object-storage.oci_objectstorage_bucket.ewp_image_storage"
          ]
        },
        {
          "index_key": 230,
          "schema_version": 0,
          "attributes": {
            "bucket": "ewp_image_store",
            "cache_control": null,
            "content": null,
            "content_disposition": null,
            "content_encoding": null,
            "content_language": null,
            "content_length": "397677",
            "content_md5": "FeKGhs/TCjhHbIMyKQH9tw==",
            "content_type": "image/jpeg",
            "delete_all_object_versions": false,
            "id": "n/lr4poue3hwjl/b/ewp_image_store/o/weddings%2FTom%20and%20Rebecca%2F18.jpg",
            "metadata": {},
            "namespace": "lr4poue3hwjl",
            "object": "weddings/Tom and Rebecca/18.jpg",
            "opc_sse_kms_key_id": null,
            "source": "assets/weddings/Tom and Rebecca/18.jpg 2015-07-19 13:10:23 +0100 BST",
            "source_uri_details": [],
            "state": "COMPLETED",
            "storage_tier": "Standard",
            "timeouts": null,
            "version_id": "ecba8989-2993-46f3-bd9f-0b2c6e3f43a8",
            "work_request_id": ""
          },
          "sensitive_attributes": [],
          "private": "eyJlMmJmYjczMC1lY2FhLTExZTYtOGY4OC0zNDM2M2JjN2M0YzAiOnsiY3JlYXRlIjoxMjAwMDAwMDAwMDAwLCJkZWxldGUiOjEyMDAwMDAwMDAwMDAsInVwZGF0ZSI6MTIwMDAwMDAwMDAwMH19",
          "dependencies": [
            "module.object-storage.oci_objectstorage_bucket.ewp_image_storage"
          ]
        },
        {
          "index_key": 231,
          "schema_version": 0,
          "attributes": {
            "bucket": "ewp_image_store",
            "cache_control": null,
            "content": null,
            "content_disposition": null,
            "content_encoding": null,
            "content_language": null,
            "content_length": "349324",
            "content_md5": "0GLkNDeuEdrIbGeGytrJug==",
            "content_type": "image/jpeg",
            "delete_all_object_versions": false,
            "id": "n/lr4poue3hwjl/b/ewp_image_store/o/weddings%2FTom%20and%20Rebecca%2F19.jpg",
            "metadata": {},
            "namespace": "lr4poue3hwjl",
            "object": "weddings/Tom and Rebecca/19.jpg",
            "opc_sse_kms_key_id": null,
            "source": "assets/weddings/Tom and Rebecca/19.jpg 2015-07-19 13:10:11 +0100 BST",
            "source_uri_details": [],
            "state": "COMPLETED",
            "storage_tier": "Standard",
            "timeouts": null,
            "version_id": "be48b1ab-e46c-4dfa-be2a-40a00885f43d",
            "work_request_id": ""
          },
          "sensitive_attributes": [],
          "private": "eyJlMmJmYjczMC1lY2FhLTExZTYtOGY4OC0zNDM2M2JjN2M0YzAiOnsiY3JlYXRlIjoxMjAwMDAwMDAwMDAwLCJkZWxldGUiOjEyMDAwMDAwMDAwMDAsInVwZGF0ZSI6MTIwMDAwMDAwMDAwMH19",
          "dependencies": [
            "module.object-storage.oci_objectstorage_bucket.ewp_image_storage"
          ]
        },
        {
          "index_key": 232,
          "schema_version": 0,
          "attributes": {
            "bucket": "ewp_image_store",
            "cache_control": null,
            "content": null,
            "content_disposition": null,
            "content_encoding": null,
            "content_language": null,
            "content_length": "874064",
            "content_md5": "PQuyBNf9heVxFmO0CBkxVA==",
            "content_type": "image/jpeg",
            "delete_all_object_versions": false,
            "id": "n/lr4poue3hwjl/b/ewp_image_store/o/weddings%2FTom%20and%20Rebecca%2F2.jpg",
            "metadata": {},
            "namespace": "lr4poue3hwjl",
            "object": "weddings/Tom and Rebecca/2.jpg",
            "opc_sse_kms_key_id": null,
            "source": "assets/weddings/Tom and Rebecca/2.jpg 2015-07-19 13:12:57 +0100 BST",
            "source_uri_details": [],
            "state": "COMPLETED",
            "storage_tier": "Standard",
            "timeouts": null,
            "version_id": "acc185db-881a-422c-be24-21447ffd2f4c",
            "work_request_id": ""
          },
          "sensitive_attributes": [],
          "private": "eyJlMmJmYjczMC1lY2FhLTExZTYtOGY4OC0zNDM2M2JjN2M0YzAiOnsiY3JlYXRlIjoxMjAwMDAwMDAwMDAwLCJkZWxldGUiOjEyMDAwMDAwMDAwMDAsInVwZGF0ZSI6MTIwMDAwMDAwMDAwMH19",
          "dependencies": [
            "module.object-storage.oci_objectstorage_bucket.ewp_image_storage"
          ]
        },
        {
          "index_key": 233,
          "schema_version": 0,
          "attributes": {
            "bucket": "ewp_image_store",
            "cache_control": null,
            "content": null,
            "content_disposition": null,
            "content_encoding": null,
            "content_language": null,
            "content_length": "1065856",
            "content_md5": "eE15jEraUF2meHUZjQwQ+Q==",
            "content_type": "image/jpeg",
            "delete_all_object_versions": false,
            "id": "n/lr4poue3hwjl/b/ewp_image_store/o/weddings%2FTom%20and%20Rebecca%2F20.jpg",
            "metadata": {},
            "namespace": "lr4poue3hwjl",
            "object": "weddings/Tom and Rebecca/20.jpg",
            "opc_sse_kms_key_id": null,
            "source": "assets/weddings/Tom and Rebecca/20.jpg 2015-07-19 13:10:02 +0100 BST",
            "source_uri_details": [],
            "state": "COMPLETED",
            "storage_tier": "Standard",
            "timeouts": null,
            "version_id": "5ff5c8ba-3a2e-4cf1-88ba-08f0f74685cc",
            "work_request_id": ""
          },
          "sensitive_attributes": [],
          "private": "eyJlMmJmYjczMC1lY2FhLTExZTYtOGY4OC0zNDM2M2JjN2M0YzAiOnsiY3JlYXRlIjoxMjAwMDAwMDAwMDAwLCJkZWxldGUiOjEyMDAwMDAwMDAwMDAsInVwZGF0ZSI6MTIwMDAwMDAwMDAwMH19",
          "dependencies": [
            "module.object-storage.oci_objectstorage_bucket.ewp_image_storage"
          ]
        },
        {
          "index_key": 234,
          "schema_version": 0,
          "attributes": {
            "bucket": "ewp_image_store",
            "cache_control": null,
            "content": null,
            "content_disposition": null,
            "content_encoding": null,
            "content_language": null,
            "content_length": "768731",
            "content_md5": "AbkneHStIzOY7Rs2eU1u9A==",
            "content_type": "image/jpeg",
            "delete_all_object_versions": false,
            "id": "n/lr4poue3hwjl/b/ewp_image_store/o/weddings%2FTom%20and%20Rebecca%2F21.jpg",
            "metadata": {},
            "namespace": "lr4poue3hwjl",
            "object": "weddings/Tom and Rebecca/21.jpg",
            "opc_sse_kms_key_id": null,
            "source": "assets/weddings/Tom and Rebecca/21.jpg 2015-07-19 13:09:53 +0100 BST",
            "source_uri_details": [],
            "state": "COMPLETED",
            "storage_tier": "Standard",
            "timeouts": null,
            "version_id": "518b5941-6114-4c3d-9b5b-3fce1d6c86f7",
            "work_request_id": ""
          },
          "sensitive_attributes": [],
          "private": "eyJlMmJmYjczMC1lY2FhLTExZTYtOGY4OC0zNDM2M2JjN2M0YzAiOnsiY3JlYXRlIjoxMjAwMDAwMDAwMDAwLCJkZWxldGUiOjEyMDAwMDAwMDAwMDAsInVwZGF0ZSI6MTIwMDAwMDAwMDAwMH19",
          "dependencies": [
            "module.object-storage.oci_objectstorage_bucket.ewp_image_storage"
          ]
        },
        {
          "index_key": 235,
          "schema_version": 0,
          "attributes": {
            "bucket": "ewp_image_store",
            "cache_control": null,
            "content": null,
            "content_disposition": null,
            "content_encoding": null,
            "content_language": null,
            "content_length": "759361",
            "content_md5": "42WWCupbRYeIE0vhkC+7AQ==",
            "content_type": "image/jpeg",
            "delete_all_object_versions": false,
            "id": "n/lr4poue3hwjl/b/ewp_image_store/o/weddings%2FTom%20and%20Rebecca%2F22.jpg",
            "metadata": {},
            "namespace": "lr4poue3hwjl",
            "object": "weddings/Tom and Rebecca/22.jpg",
            "opc_sse_kms_key_id": null,
            "source": "assets/weddings/Tom and Rebecca/22.jpg 2015-07-19 13:09:44 +0100 BST",
            "source_uri_details": [],
            "state": "COMPLETED",
            "storage_tier": "Standard",
            "timeouts": null,
            "version_id": "3e067684-1632-4e86-b111-2480c7fbee0a",
            "work_request_id": ""
          },
          "sensitive_attributes": [],
          "private": "eyJlMmJmYjczMC1lY2FhLTExZTYtOGY4OC0zNDM2M2JjN2M0YzAiOnsiY3JlYXRlIjoxMjAwMDAwMDAwMDAwLCJkZWxldGUiOjEyMDAwMDAwMDAwMDAsInVwZGF0ZSI6MTIwMDAwMDAwMDAwMH19",
          "dependencies": [
            "module.object-storage.oci_objectstorage_bucket.ewp_image_storage"
          ]
        },
        {
          "index_key": 236,
          "schema_version": 0,
          "attributes": {
            "bucket": "ewp_image_store",
            "cache_control": null,
            "content": null,
            "content_disposition": null,
            "content_encoding": null,
            "content_language": null,
            "content_length": "694397",
            "content_md5": "KyXCI+MzyjeFNevrBi9gEw==",
            "content_type": "image/jpeg",
            "delete_all_object_versions": false,
            "id": "n/lr4poue3hwjl/b/ewp_image_store/o/weddings%2FTom%20and%20Rebecca%2F23.jpg",
            "metadata": {},
            "namespace": "lr4poue3hwjl",
            "object": "weddings/Tom and Rebecca/23.jpg",
            "opc_sse_kms_key_id": null,
            "source": "assets/weddings/Tom and Rebecca/23.jpg 2015-07-19 13:09:31 +0100 BST",
            "source_uri_details": [],
            "state": "COMPLETED",
            "storage_tier": "Standard",
            "timeouts": null,
            "version_id": "b087253d-a926-4504-8272-fca979a7f7c5",
            "work_request_id": ""
          },
          "sensitive_attributes": [],
          "private": "eyJlMmJmYjczMC1lY2FhLTExZTYtOGY4OC0zNDM2M2JjN2M0YzAiOnsiY3JlYXRlIjoxMjAwMDAwMDAwMDAwLCJkZWxldGUiOjEyMDAwMDAwMDAwMDAsInVwZGF0ZSI6MTIwMDAwMDAwMDAwMH19",
          "dependencies": [
            "module.object-storage.oci_objectstorage_bucket.ewp_image_storage"
          ]
        },
        {
          "index_key": 237,
          "schema_version": 0,
          "attributes": {
            "bucket": "ewp_image_store",
            "cache_control": null,
            "content": null,
            "content_disposition": null,
            "content_encoding": null,
            "content_language": null,
            "content_length": "820001",
            "content_md5": "G99EPspbRsCAzOONauGbfw==",
            "content_type": "image/jpeg",
            "delete_all_object_versions": false,
            "id": "n/lr4poue3hwjl/b/ewp_image_store/o/weddings%2FTom%20and%20Rebecca%2F24.jpg",
            "metadata": {},
            "namespace": "lr4poue3hwjl",
            "object": "weddings/Tom and Rebecca/24.jpg",
            "opc_sse_kms_key_id": null,
            "source": "assets/weddings/Tom and Rebecca/24.jpg 2015-07-19 13:09:21 +0100 BST",
            "source_uri_details": [],
            "state": "COMPLETED",
            "storage_tier": "Standard",
            "timeouts": null,
            "version_id": "ed8f630d-f41d-4217-ac2b-a1f2dc3df436",
            "work_request_id": ""
          },
          "sensitive_attributes": [],
          "private": "eyJlMmJmYjczMC1lY2FhLTExZTYtOGY4OC0zNDM2M2JjN2M0YzAiOnsiY3JlYXRlIjoxMjAwMDAwMDAwMDAwLCJkZWxldGUiOjEyMDAwMDAwMDAwMDAsInVwZGF0ZSI6MTIwMDAwMDAwMDAwMH19",
          "dependencies": [
            "module.object-storage.oci_objectstorage_bucket.ewp_image_storage"
          ]
        },
        {
          "index_key": 238,
          "schema_version": 0,
          "attributes": {
            "bucket": "ewp_image_store",
            "cache_control": null,
            "content": null,
            "content_disposition": null,
            "content_encoding": null,
            "content_language": null,
            "content_length": "547783",
            "content_md5": "UZnUFyO0Ai2wzAJ9bMtFgQ==",
            "content_type": "image/jpeg",
            "delete_all_object_versions": false,
            "id": "n/lr4poue3hwjl/b/ewp_image_store/o/weddings%2FTom%20and%20Rebecca%2F25.jpg",
            "metadata": {},
            "namespace": "lr4poue3hwjl",
            "object": "weddings/Tom and Rebecca/25.jpg",
            "opc_sse_kms_key_id": null,
            "source": "assets/weddings/Tom and Rebecca/25.jpg 2015-07-19 13:09:10 +0100 BST",
            "source_uri_details": [],
            "state": "COMPLETED",
            "storage_tier": "Standard",
            "timeouts": null,
            "version_id": "1732be91-3427-46d7-8c8d-1e6e75feed78",
            "work_request_id": ""
          },
          "sensitive_attributes": [],
          "private": "eyJlMmJmYjczMC1lY2FhLTExZTYtOGY4OC0zNDM2M2JjN2M0YzAiOnsiY3JlYXRlIjoxMjAwMDAwMDAwMDAwLCJkZWxldGUiOjEyMDAwMDAwMDAwMDAsInVwZGF0ZSI6MTIwMDAwMDAwMDAwMH19",
          "dependencies": [
            "module.object-storage.oci_objectstorage_bucket.ewp_image_storage"
          ]
        },
        {
          "index_key": 239,
          "schema_version": 0,
          "attributes": {
            "bucket": "ewp_image_store",
            "cache_control": null,
            "content": null,
            "content_disposition": null,
            "content_encoding": null,
            "content_language": null,
            "content_length": "1207152",
            "content_md5": "qqvca+DX+WZHCtOHZ9uOKA==",
            "content_type": "image/jpeg",
            "delete_all_object_versions": false,
            "id": "n/lr4poue3hwjl/b/ewp_image_store/o/weddings%2FTom%20and%20Rebecca%2F26.jpg",
            "metadata": {},
            "namespace": "lr4poue3hwjl",
            "object": "weddings/Tom and Rebecca/26.jpg",
            "opc_sse_kms_key_id": null,
            "source": "assets/weddings/Tom and Rebecca/26.jpg 2015-07-19 13:09:01 +0100 BST",
            "source_uri_details": [],
            "state": "COMPLETED",
            "storage_tier": "Standard",
            "timeouts": null,
            "version_id": "b92dc88f-67b2-41ee-8f95-56c2e6bb0c73",
            "work_request_id": ""
          },
          "sensitive_attributes": [],
          "private": "eyJlMmJmYjczMC1lY2FhLTExZTYtOGY4OC0zNDM2M2JjN2M0YzAiOnsiY3JlYXRlIjoxMjAwMDAwMDAwMDAwLCJkZWxldGUiOjEyMDAwMDAwMDAwMDAsInVwZGF0ZSI6MTIwMDAwMDAwMDAwMH19",
          "dependencies": [
            "module.object-storage.oci_objectstorage_bucket.ewp_image_storage"
          ]
        },
        {
          "index_key": 240,
          "schema_version": 0,
          "attributes": {
            "bucket": "ewp_image_store",
            "cache_control": null,
            "content": null,
            "content_disposition": null,
            "content_encoding": null,
            "content_language": null,
            "content_length": "910047",
            "content_md5": "t5qScDby7+SXmrtVL39O9g==",
            "content_type": "image/jpeg",
            "delete_all_object_versions": false,
            "id": "n/lr4poue3hwjl/b/ewp_image_store/o/weddings%2FTom%20and%20Rebecca%2F27.jpg",
            "metadata": {},
            "namespace": "lr4poue3hwjl",
            "object": "weddings/Tom and Rebecca/27.jpg",
            "opc_sse_kms_key_id": null,
            "source": "assets/weddings/Tom and Rebecca/27.jpg 2015-07-19 13:08:51 +0100 BST",
            "source_uri_details": [],
            "state": "COMPLETED",
            "storage_tier": "Standard",
            "timeouts": null,
            "version_id": "7aa6d67e-d7ac-4c6e-9040-a5db52292566",
            "work_request_id": ""
          },
          "sensitive_attributes": [],
          "private": "eyJlMmJmYjczMC1lY2FhLTExZTYtOGY4OC0zNDM2M2JjN2M0YzAiOnsiY3JlYXRlIjoxMjAwMDAwMDAwMDAwLCJkZWxldGUiOjEyMDAwMDAwMDAwMDAsInVwZGF0ZSI6MTIwMDAwMDAwMDAwMH19",
          "dependencies": [
            "module.object-storage.oci_objectstorage_bucket.ewp_image_storage"
          ]
        },
        {
          "index_key": 241,
          "schema_version": 0,
          "attributes": {
            "bucket": "ewp_image_store",
            "cache_control": null,
            "content": null,
            "content_disposition": null,
            "content_encoding": null,
            "content_language": null,
            "content_length": "717823",
            "content_md5": "gcMgnw1IIU9YstzEsZC74w==",
            "content_type": "image/jpeg",
            "delete_all_object_versions": false,
            "id": "n/lr4poue3hwjl/b/ewp_image_store/o/weddings%2FTom%20and%20Rebecca%2F28.jpg",
            "metadata": {},
            "namespace": "lr4poue3hwjl",
            "object": "weddings/Tom and Rebecca/28.jpg",
            "opc_sse_kms_key_id": null,
            "source": "assets/weddings/Tom and Rebecca/28.jpg 2015-07-19 13:08:41 +0100 BST",
            "source_uri_details": [],
            "state": "COMPLETED",
            "storage_tier": "Standard",
            "timeouts": null,
            "version_id": "28b4229e-4ea1-4ce8-83bb-f6c3786bd396",
            "work_request_id": ""
          },
          "sensitive_attributes": [],
          "private": "eyJlMmJmYjczMC1lY2FhLTExZTYtOGY4OC0zNDM2M2JjN2M0YzAiOnsiY3JlYXRlIjoxMjAwMDAwMDAwMDAwLCJkZWxldGUiOjEyMDAwMDAwMDAwMDAsInVwZGF0ZSI6MTIwMDAwMDAwMDAwMH19",
          "dependencies": [
            "module.object-storage.oci_objectstorage_bucket.ewp_image_storage"
          ]
        },
        {
          "index_key": 242,
          "schema_version": 0,
          "attributes": {
            "bucket": "ewp_image_store",
            "cache_control": null,
            "content": null,
            "content_disposition": null,
            "content_encoding": null,
            "content_language": null,
            "content_length": "684708",
            "content_md5": "Pt7sd6o+EVzCsOcq0ACqwA==",
            "content_type": "image/jpeg",
            "delete_all_object_versions": false,
            "id": "n/lr4poue3hwjl/b/ewp_image_store/o/weddings%2FTom%20and%20Rebecca%2F29.jpg",
            "metadata": {},
            "namespace": "lr4poue3hwjl",
            "object": "weddings/Tom and Rebecca/29.jpg",
            "opc_sse_kms_key_id": null,
            "source": "assets/weddings/Tom and Rebecca/29.jpg 2015-07-19 13:08:31 +0100 BST",
            "source_uri_details": [],
            "state": "COMPLETED",
            "storage_tier": "Standard",
            "timeouts": null,
            "version_id": "bfcffcce-b779-406b-8ab6-f2cb0d032963",
            "work_request_id": ""
          },
          "sensitive_attributes": [],
          "private": "eyJlMmJmYjczMC1lY2FhLTExZTYtOGY4OC0zNDM2M2JjN2M0YzAiOnsiY3JlYXRlIjoxMjAwMDAwMDAwMDAwLCJkZWxldGUiOjEyMDAwMDAwMDAwMDAsInVwZGF0ZSI6MTIwMDAwMDAwMDAwMH19",
          "dependencies": [
            "module.object-storage.oci_objectstorage_bucket.ewp_image_storage"
          ]
        },
        {
          "index_key": 243,
          "schema_version": 0,
          "attributes": {
            "bucket": "ewp_image_store",
            "cache_control": null,
            "content": null,
            "content_disposition": null,
            "content_encoding": null,
            "content_language": null,
            "content_length": "439667",
            "content_md5": "9UWQbYyDvGjgt/f72dx+Ng==",
            "content_type": "image/jpeg",
            "delete_all_object_versions": false,
            "id": "n/lr4poue3hwjl/b/ewp_image_store/o/weddings%2FTom%20and%20Rebecca%2F3.jpg",
            "metadata": {},
            "namespace": "lr4poue3hwjl",
            "object": "weddings/Tom and Rebecca/3.jpg",
            "opc_sse_kms_key_id": null,
            "source": "assets/weddings/Tom and Rebecca/3.jpg 2015-07-19 13:12:47 +0100 BST",
            "source_uri_details": [],
            "state": "COMPLETED",
            "storage_tier": "Standard",
            "timeouts": null,
            "version_id": "ce955967-0fb7-478d-bbaf-ba0c35179023",
            "work_request_id": ""
          },
          "sensitive_attributes": [],
          "private": "eyJlMmJmYjczMC1lY2FhLTExZTYtOGY4OC0zNDM2M2JjN2M0YzAiOnsiY3JlYXRlIjoxMjAwMDAwMDAwMDAwLCJkZWxldGUiOjEyMDAwMDAwMDAwMDAsInVwZGF0ZSI6MTIwMDAwMDAwMDAwMH19",
          "dependencies": [
            "module.object-storage.oci_objectstorage_bucket.ewp_image_storage"
          ]
        },
        {
          "index_key": 244,
          "schema_version": 0,
          "attributes": {
            "bucket": "ewp_image_store",
            "cache_control": null,
            "content": null,
            "content_disposition": null,
            "content_encoding": null,
            "content_language": null,
            "content_length": "588748",
            "content_md5": "o48v23P7vES7heZaZQBHjg==",
            "content_type": "image/jpeg",
            "delete_all_object_versions": false,
            "id": "n/lr4poue3hwjl/b/ewp_image_store/o/weddings%2FTom%20and%20Rebecca%2F30.jpg",
            "metadata": {},
            "namespace": "lr4poue3hwjl",
            "object": "weddings/Tom and Rebecca/30.jpg",
            "opc_sse_kms_key_id": null,
            "source": "assets/weddings/Tom and Rebecca/30.jpg 2015-07-19 13:08:17 +0100 BST",
            "source_uri_details": [],
            "state": "COMPLETED",
            "storage_tier": "Standard",
            "timeouts": null,
            "version_id": "44275780-3bc9-4c2d-baba-6911ed43e6b8",
            "work_request_id": ""
          },
          "sensitive_attributes": [],
          "private": "eyJlMmJmYjczMC1lY2FhLTExZTYtOGY4OC0zNDM2M2JjN2M0YzAiOnsiY3JlYXRlIjoxMjAwMDAwMDAwMDAwLCJkZWxldGUiOjEyMDAwMDAwMDAwMDAsInVwZGF0ZSI6MTIwMDAwMDAwMDAwMH19",
          "dependencies": [
            "module.object-storage.oci_objectstorage_bucket.ewp_image_storage"
          ]
        },
        {
          "index_key": 245,
          "schema_version": 0,
          "attributes": {
            "bucket": "ewp_image_store",
            "cache_control": null,
            "content": null,
            "content_disposition": null,
            "content_encoding": null,
            "content_language": null,
            "content_length": "1366129",
            "content_md5": "lIXnnkMg/7Xg+UuWDeyUVg==",
            "content_type": "image/jpeg",
            "delete_all_object_versions": false,
            "id": "n/lr4poue3hwjl/b/ewp_image_store/o/weddings%2FTom%20and%20Rebecca%2F31.jpg",
            "metadata": {},
            "namespace": "lr4poue3hwjl",
            "object": "weddings/Tom and Rebecca/31.jpg",
            "opc_sse_kms_key_id": null,
            "source": "assets/weddings/Tom and Rebecca/31.jpg 2015-07-19 13:08:07 +0100 BST",
            "source_uri_details": [],
            "state": "COMPLETED",
            "storage_tier": "Standard",
            "timeouts": null,
            "version_id": "8b08c0bb-aba6-468e-b9f2-b72eb2c06fe9",
            "work_request_id": ""
          },
          "sensitive_attributes": [],
          "private": "eyJlMmJmYjczMC1lY2FhLTExZTYtOGY4OC0zNDM2M2JjN2M0YzAiOnsiY3JlYXRlIjoxMjAwMDAwMDAwMDAwLCJkZWxldGUiOjEyMDAwMDAwMDAwMDAsInVwZGF0ZSI6MTIwMDAwMDAwMDAwMH19",
          "dependencies": [
            "module.object-storage.oci_objectstorage_bucket.ewp_image_storage"
          ]
        },
        {
          "index_key": 246,
          "schema_version": 0,
          "attributes": {
            "bucket": "ewp_image_store",
            "cache_control": null,
            "content": null,
            "content_disposition": null,
            "content_encoding": null,
            "content_language": null,
            "content_length": "1087755",
            "content_md5": "WeIOqmdC1QbycbNFgHqPog==",
            "content_type": "image/jpeg",
            "delete_all_object_versions": false,
            "id": "n/lr4poue3hwjl/b/ewp_image_store/o/weddings%2FTom%20and%20Rebecca%2F32.jpg",
            "metadata": {},
            "namespace": "lr4poue3hwjl",
            "object": "weddings/Tom and Rebecca/32.jpg",
            "opc_sse_kms_key_id": null,
            "source": "assets/weddings/Tom and Rebecca/32.jpg 2015-07-19 13:07:58 +0100 BST",
            "source_uri_details": [],
            "state": "COMPLETED",
            "storage_tier": "Standard",
            "timeouts": null,
            "version_id": "15412031-07fd-4e7d-81dd-2a81ead3964b",
            "work_request_id": ""
          },
          "sensitive_attributes": [],
          "private": "eyJlMmJmYjczMC1lY2FhLTExZTYtOGY4OC0zNDM2M2JjN2M0YzAiOnsiY3JlYXRlIjoxMjAwMDAwMDAwMDAwLCJkZWxldGUiOjEyMDAwMDAwMDAwMDAsInVwZGF0ZSI6MTIwMDAwMDAwMDAwMH19",
          "dependencies": [
            "module.object-storage.oci_objectstorage_bucket.ewp_image_storage"
          ]
        },
        {
          "index_key": 247,
          "schema_version": 0,
          "attributes": {
            "bucket": "ewp_image_store",
            "cache_control": null,
            "content": null,
            "content_disposition": null,
            "content_encoding": null,
            "content_language": null,
            "content_length": "446213",
            "content_md5": "N4GTFC8Ah1vttyxc7UfFyA==",
            "content_type": "image/jpeg",
            "delete_all_object_versions": false,
            "id": "n/lr4poue3hwjl/b/ewp_image_store/o/weddings%2FTom%20and%20Rebecca%2F33.jpg",
            "metadata": {},
            "namespace": "lr4poue3hwjl",
            "object": "weddings/Tom and Rebecca/33.jpg",
            "opc_sse_kms_key_id": null,
            "source": "assets/weddings/Tom and Rebecca/33.jpg 2015-07-19 13:07:45 +0100 BST",
            "source_uri_details": [],
            "state": "COMPLETED",
            "storage_tier": "Standard",
            "timeouts": null,
            "version_id": "f7719bb6-8a05-44c2-913f-893a02d0e2aa",
            "work_request_id": ""
          },
          "sensitive_attributes": [],
          "private": "eyJlMmJmYjczMC1lY2FhLTExZTYtOGY4OC0zNDM2M2JjN2M0YzAiOnsiY3JlYXRlIjoxMjAwMDAwMDAwMDAwLCJkZWxldGUiOjEyMDAwMDAwMDAwMDAsInVwZGF0ZSI6MTIwMDAwMDAwMDAwMH19",
          "dependencies": [
            "module.object-storage.oci_objectstorage_bucket.ewp_image_storage"
          ]
        },
        {
          "index_key": 248,
          "schema_version": 0,
          "attributes": {
            "bucket": "ewp_image_store",
            "cache_control": null,
            "content": null,
            "content_disposition": null,
            "content_encoding": null,
            "content_language": null,
            "content_length": "671984",
            "content_md5": "eC1kpnmuvTuahenGDOEmDA==",
            "content_type": "image/jpeg",
            "delete_all_object_versions": false,
            "id": "n/lr4poue3hwjl/b/ewp_image_store/o/weddings%2FTom%20and%20Rebecca%2F34.jpg",
            "metadata": {},
            "namespace": "lr4poue3hwjl",
            "object": "weddings/Tom and Rebecca/34.jpg",
            "opc_sse_kms_key_id": null,
            "source": "assets/weddings/Tom and Rebecca/34.jpg 2015-07-19 13:07:37 +0100 BST",
            "source_uri_details": [],
            "state": "COMPLETED",
            "storage_tier": "Standard",
            "timeouts": null,
            "version_id": "ff99ce48-4b72-48e2-b4b9-0f0e8abd6917",
            "work_request_id": ""
          },
          "sensitive_attributes": [],
          "private": "eyJlMmJmYjczMC1lY2FhLTExZTYtOGY4OC0zNDM2M2JjN2M0YzAiOnsiY3JlYXRlIjoxMjAwMDAwMDAwMDAwLCJkZWxldGUiOjEyMDAwMDAwMDAwMDAsInVwZGF0ZSI6MTIwMDAwMDAwMDAwMH19",
          "dependencies": [
            "module.object-storage.oci_objectstorage_bucket.ewp_image_storage"
          ]
        },
        {
          "index_key": 249,
          "schema_version": 0,
          "attributes": {
            "bucket": "ewp_image_store",
            "cache_control": null,
            "content": null,
            "content_disposition": null,
            "content_encoding": null,
            "content_language": null,
            "content_length": "510893",
            "content_md5": "7Gb8l02ctGq5zzSbuYNuVg==",
            "content_type": "image/jpeg",
            "delete_all_object_versions": false,
            "id": "n/lr4poue3hwjl/b/ewp_image_store/o/weddings%2FTom%20and%20Rebecca%2F35.jpg",
            "metadata": {},
            "namespace": "lr4poue3hwjl",
            "object": "weddings/Tom and Rebecca/35.jpg",
            "opc_sse_kms_key_id": null,
            "source": "assets/weddings/Tom and Rebecca/35.jpg 2015-07-19 13:07:24 +0100 BST",
            "source_uri_details": [],
            "state": "COMPLETED",
            "storage_tier": "Standard",
            "timeouts": null,
            "version_id": "0e2f4631-f8e8-484c-b529-41310c9cda4f",
            "work_request_id": ""
          },
          "sensitive_attributes": [],
          "private": "eyJlMmJmYjczMC1lY2FhLTExZTYtOGY4OC0zNDM2M2JjN2M0YzAiOnsiY3JlYXRlIjoxMjAwMDAwMDAwMDAwLCJkZWxldGUiOjEyMDAwMDAwMDAwMDAsInVwZGF0ZSI6MTIwMDAwMDAwMDAwMH19",
          "dependencies": [
            "module.object-storage.oci_objectstorage_bucket.ewp_image_storage"
          ]
        },
        {
          "index_key": 250,
          "schema_version": 0,
          "attributes": {
            "bucket": "ewp_image_store",
            "cache_control": null,
            "content": null,
            "content_disposition": null,
            "content_encoding": null,
            "content_language": null,
            "content_length": "1416616",
            "content_md5": "QY1Ed1ObfoKnr1wJlzkNJQ==",
            "content_type": "image/jpeg",
            "delete_all_object_versions": false,
            "id": "n/lr4poue3hwjl/b/ewp_image_store/o/weddings%2FTom%20and%20Rebecca%2F36.jpg",
            "metadata": {},
            "namespace": "lr4poue3hwjl",
            "object": "weddings/Tom and Rebecca/36.jpg",
            "opc_sse_kms_key_id": null,
            "source": "assets/weddings/Tom and Rebecca/36.jpg 2015-07-19 13:07:12 +0100 BST",
            "source_uri_details": [],
            "state": "COMPLETED",
            "storage_tier": "Standard",
            "timeouts": null,
            "version_id": "a86b5cee-1fe2-417e-996c-76bdcfad7a1f",
            "work_request_id": ""
          },
          "sensitive_attributes": [],
          "private": "eyJlMmJmYjczMC1lY2FhLTExZTYtOGY4OC0zNDM2M2JjN2M0YzAiOnsiY3JlYXRlIjoxMjAwMDAwMDAwMDAwLCJkZWxldGUiOjEyMDAwMDAwMDAwMDAsInVwZGF0ZSI6MTIwMDAwMDAwMDAwMH19",
          "dependencies": [
            "module.object-storage.oci_objectstorage_bucket.ewp_image_storage"
          ]
        },
        {
          "index_key": 251,
          "schema_version": 0,
          "attributes": {
            "bucket": "ewp_image_store",
            "cache_control": null,
            "content": null,
            "content_disposition": null,
            "content_encoding": null,
            "content_language": null,
            "content_length": "419367",
            "content_md5": "w+NWL5Nd69eVQTpjLuA5tw==",
            "content_type": "image/jpeg",
            "delete_all_object_versions": false,
            "id": "n/lr4poue3hwjl/b/ewp_image_store/o/weddings%2FTom%20and%20Rebecca%2F37.jpg",
            "metadata": {},
            "namespace": "lr4poue3hwjl",
            "object": "weddings/Tom and Rebecca/37.jpg",
            "opc_sse_kms_key_id": null,
            "source": "assets/weddings/Tom and Rebecca/37.jpg 2015-07-19 13:07:03 +0100 BST",
            "source_uri_details": [],
            "state": "COMPLETED",
            "storage_tier": "Standard",
            "timeouts": null,
            "version_id": "67491d5e-cb41-48f1-b255-8bda662b592a",
            "work_request_id": ""
          },
          "sensitive_attributes": [],
          "private": "eyJlMmJmYjczMC1lY2FhLTExZTYtOGY4OC0zNDM2M2JjN2M0YzAiOnsiY3JlYXRlIjoxMjAwMDAwMDAwMDAwLCJkZWxldGUiOjEyMDAwMDAwMDAwMDAsInVwZGF0ZSI6MTIwMDAwMDAwMDAwMH19",
          "dependencies": [
            "module.object-storage.oci_objectstorage_bucket.ewp_image_storage"
          ]
        },
        {
          "index_key": 252,
          "schema_version": 0,
          "attributes": {
            "bucket": "ewp_image_store",
            "cache_control": null,
            "content": null,
            "content_disposition": null,
            "content_encoding": null,
            "content_language": null,
            "content_length": "937868",
            "content_md5": "b4FVwc+lKNEIdgqDe6VKLA==",
            "content_type": "image/jpeg",
            "delete_all_object_versions": false,
            "id": "n/lr4poue3hwjl/b/ewp_image_store/o/weddings%2FTom%20and%20Rebecca%2F38.jpg",
            "metadata": {},
            "namespace": "lr4poue3hwjl",
            "object": "weddings/Tom and Rebecca/38.jpg",
            "opc_sse_kms_key_id": null,
            "source": "assets/weddings/Tom and Rebecca/38.jpg 2015-07-19 13:06:55 +0100 BST",
            "source_uri_details": [],
            "state": "COMPLETED",
            "storage_tier": "Standard",
            "timeouts": null,
            "version_id": "84a22fe9-16aa-4fba-865b-9763afd3bd6b",
            "work_request_id": ""
          },
          "sensitive_attributes": [],
          "private": "eyJlMmJmYjczMC1lY2FhLTExZTYtOGY4OC0zNDM2M2JjN2M0YzAiOnsiY3JlYXRlIjoxMjAwMDAwMDAwMDAwLCJkZWxldGUiOjEyMDAwMDAwMDAwMDAsInVwZGF0ZSI6MTIwMDAwMDAwMDAwMH19",
          "dependencies": [
            "module.object-storage.oci_objectstorage_bucket.ewp_image_storage"
          ]
        },
        {
          "index_key": 253,
          "schema_version": 0,
          "attributes": {
            "bucket": "ewp_image_store",
            "cache_control": null,
            "content": null,
            "content_disposition": null,
            "content_encoding": null,
            "content_language": null,
            "content_length": "346535",
            "content_md5": "5WR0ar1re2Rr5gxDgx3miw==",
            "content_type": "image/jpeg",
            "delete_all_object_versions": false,
            "id": "n/lr4poue3hwjl/b/ewp_image_store/o/weddings%2FTom%20and%20Rebecca%2F39.jpg",
            "metadata": {},
            "namespace": "lr4poue3hwjl",
            "object": "weddings/Tom and Rebecca/39.jpg",
            "opc_sse_kms_key_id": null,
            "source": "assets/weddings/Tom and Rebecca/39.jpg 2015-07-19 13:06:44 +0100 BST",
            "source_uri_details": [],
            "state": "COMPLETED",
            "storage_tier": "Standard",
            "timeouts": null,
            "version_id": "f1d5913c-26f0-40a3-a177-3882d169b98b",
            "work_request_id": ""
          },
          "sensitive_attributes": [],
          "private": "eyJlMmJmYjczMC1lY2FhLTExZTYtOGY4OC0zNDM2M2JjN2M0YzAiOnsiY3JlYXRlIjoxMjAwMDAwMDAwMDAwLCJkZWxldGUiOjEyMDAwMDAwMDAwMDAsInVwZGF0ZSI6MTIwMDAwMDAwMDAwMH19",
          "dependencies": [
            "module.object-storage.oci_objectstorage_bucket.ewp_image_storage"
          ]
        },
        {
          "index_key": 254,
          "schema_version": 0,
          "attributes": {
            "bucket": "ewp_image_store",
            "cache_control": null,
            "content": null,
            "content_disposition": null,
            "content_encoding": null,
            "content_language": null,
            "content_length": "304453",
            "content_md5": "0tA/rsqo1a9NXGKTriplZg==",
            "content_type": "image/jpeg",
            "delete_all_object_versions": false,
            "id": "n/lr4poue3hwjl/b/ewp_image_store/o/weddings%2FTom%20and%20Rebecca%2F4.jpg",
            "metadata": {},
            "namespace": "lr4poue3hwjl",
            "object": "weddings/Tom and Rebecca/4.jpg",
            "opc_sse_kms_key_id": null,
            "source": "assets/weddings/Tom and Rebecca/4.jpg 2015-07-19 13:12:38 +0100 BST",
            "source_uri_details": [],
            "state": "COMPLETED",
            "storage_tier": "Standard",
            "timeouts": null,
            "version_id": "e7097784-0deb-4ddb-b45e-76aa47555473",
            "work_request_id": ""
          },
          "sensitive_attributes": [],
          "private": "eyJlMmJmYjczMC1lY2FhLTExZTYtOGY4OC0zNDM2M2JjN2M0YzAiOnsiY3JlYXRlIjoxMjAwMDAwMDAwMDAwLCJkZWxldGUiOjEyMDAwMDAwMDAwMDAsInVwZGF0ZSI6MTIwMDAwMDAwMDAwMH19",
          "dependencies": [
            "module.object-storage.oci_objectstorage_bucket.ewp_image_storage"
          ]
        },
        {
          "index_key": 255,
          "schema_version": 0,
          "attributes": {
            "bucket": "ewp_image_store",
            "cache_control": null,
            "content": null,
            "content_disposition": null,
            "content_encoding": null,
            "content_language": null,
            "content_length": "492631",
            "content_md5": "CJ45AwmGn0y/RZikz1Rvgw==",
            "content_type": "image/jpeg",
            "delete_all_object_versions": false,
            "id": "n/lr4poue3hwjl/b/ewp_image_store/o/weddings%2FTom%20and%20Rebecca%2F40.jpg",
            "metadata": {},
            "namespace": "lr4poue3hwjl",
            "object": "weddings/Tom and Rebecca/40.jpg",
            "opc_sse_kms_key_id": null,
            "source": "assets/weddings/Tom and Rebecca/40.jpg 2015-07-19 13:06:34 +0100 BST",
            "source_uri_details": [],
            "state": "COMPLETED",
            "storage_tier": "Standard",
            "timeouts": null,
            "version_id": "af11bf5d-c74e-429b-8a36-656986f46616",
            "work_request_id": ""
          },
          "sensitive_attributes": [],
          "private": "eyJlMmJmYjczMC1lY2FhLTExZTYtOGY4OC0zNDM2M2JjN2M0YzAiOnsiY3JlYXRlIjoxMjAwMDAwMDAwMDAwLCJkZWxldGUiOjEyMDAwMDAwMDAwMDAsInVwZGF0ZSI6MTIwMDAwMDAwMDAwMH19",
          "dependencies": [
            "module.object-storage.oci_objectstorage_bucket.ewp_image_storage"
          ]
        },
        {
          "index_key": 256,
          "schema_version": 0,
          "attributes": {
            "bucket": "ewp_image_store",
            "cache_control": null,
            "content": null,
            "content_disposition": null,
            "content_encoding": null,
            "content_language": null,
            "content_length": "334736",
            "content_md5": "a2kl4uBLd0lUlWZ125H7Mw==",
            "content_type": "image/jpeg",
            "delete_all_object_versions": false,
            "id": "n/lr4poue3hwjl/b/ewp_image_store/o/weddings%2FTom%20and%20Rebecca%2F41.jpg",
            "metadata": {},
            "namespace": "lr4poue3hwjl",
            "object": "weddings/Tom and Rebecca/41.jpg",
            "opc_sse_kms_key_id": null,
            "source": "assets/weddings/Tom and Rebecca/41.jpg 2015-07-19 13:06:24 +0100 BST",
            "source_uri_details": [],
            "state": "COMPLETED",
            "storage_tier": "Standard",
            "timeouts": null,
            "version_id": "048cc9de-247d-446c-90ad-139fece0bd80",
            "work_request_id": ""
          },
          "sensitive_attributes": [],
          "private": "eyJlMmJmYjczMC1lY2FhLTExZTYtOGY4OC0zNDM2M2JjN2M0YzAiOnsiY3JlYXRlIjoxMjAwMDAwMDAwMDAwLCJkZWxldGUiOjEyMDAwMDAwMDAwMDAsInVwZGF0ZSI6MTIwMDAwMDAwMDAwMH19",
          "dependencies": [
            "module.object-storage.oci_objectstorage_bucket.ewp_image_storage"
          ]
        },
        {
          "index_key": 257,
          "schema_version": 0,
          "attributes": {
            "bucket": "ewp_image_store",
            "cache_control": null,
            "content": null,
            "content_disposition": null,
            "content_encoding": null,
            "content_language": null,
            "content_length": "381742",
            "content_md5": "Ycasv/J1LDIEIyidoxA/NA==",
            "content_type": "image/jpeg",
            "delete_all_object_versions": false,
            "id": "n/lr4poue3hwjl/b/ewp_image_store/o/weddings%2FTom%20and%20Rebecca%2F42.jpg",
            "metadata": {},
            "namespace": "lr4poue3hwjl",
            "object": "weddings/Tom and Rebecca/42.jpg",
            "opc_sse_kms_key_id": null,
            "source": "assets/weddings/Tom and Rebecca/42.jpg 2015-07-19 13:06:15 +0100 BST",
            "source_uri_details": [],
            "state": "COMPLETED",
            "storage_tier": "Standard",
            "timeouts": null,
            "version_id": "e730d72b-33ec-4516-94dc-ca47ccac57ec",
            "work_request_id": ""
          },
          "sensitive_attributes": [],
          "private": "eyJlMmJmYjczMC1lY2FhLTExZTYtOGY4OC0zNDM2M2JjN2M0YzAiOnsiY3JlYXRlIjoxMjAwMDAwMDAwMDAwLCJkZWxldGUiOjEyMDAwMDAwMDAwMDAsInVwZGF0ZSI6MTIwMDAwMDAwMDAwMH19",
          "dependencies": [
            "module.object-storage.oci_objectstorage_bucket.ewp_image_storage"
          ]
        },
        {
          "index_key": 258,
          "schema_version": 0,
          "attributes": {
            "bucket": "ewp_image_store",
            "cache_control": null,
            "content": null,
            "content_disposition": null,
            "content_encoding": null,
            "content_language": null,
            "content_length": "381034",
            "content_md5": "e+MKyhHxHG0aanAQD66l8Q==",
            "content_type": "image/jpeg",
            "delete_all_object_versions": false,
            "id": "n/lr4poue3hwjl/b/ewp_image_store/o/weddings%2FTom%20and%20Rebecca%2F43.jpg",
            "metadata": {},
            "namespace": "lr4poue3hwjl",
            "object": "weddings/Tom and Rebecca/43.jpg",
            "opc_sse_kms_key_id": null,
            "source": "assets/weddings/Tom and Rebecca/43.jpg 2015-07-19 13:06:06 +0100 BST",
            "source_uri_details": [],
            "state": "COMPLETED",
            "storage_tier": "Standard",
            "timeouts": null,
            "version_id": "64b9f0ea-a807-473d-9227-4a5c48af965e",
            "work_request_id": ""
          },
          "sensitive_attributes": [],
          "private": "eyJlMmJmYjczMC1lY2FhLTExZTYtOGY4OC0zNDM2M2JjN2M0YzAiOnsiY3JlYXRlIjoxMjAwMDAwMDAwMDAwLCJkZWxldGUiOjEyMDAwMDAwMDAwMDAsInVwZGF0ZSI6MTIwMDAwMDAwMDAwMH19",
          "dependencies": [
            "module.object-storage.oci_objectstorage_bucket.ewp_image_storage"
          ]
        },
        {
          "index_key": 259,
          "schema_version": 0,
          "attributes": {
            "bucket": "ewp_image_store",
            "cache_control": null,
            "content": null,
            "content_disposition": null,
            "content_encoding": null,
            "content_language": null,
            "content_length": "81067",
            "content_md5": "nvxIFA2+Hx4rHKUpsFUWqg==",
            "content_type": "image/jpeg",
            "delete_all_object_versions": false,
            "id": "n/lr4poue3hwjl/b/ewp_image_store/o/weddings%2FTom%20and%20Rebecca%2F44.jpg",
            "metadata": {},
            "namespace": "lr4poue3hwjl",
            "object": "weddings/Tom and Rebecca/44.jpg",
            "opc_sse_kms_key_id": null,
            "source": "assets/weddings/Tom and Rebecca/44.jpg 2015-07-19 13:05:56 +0100 BST",
            "source_uri_details": [],
            "state": "COMPLETED",
            "storage_tier": "Standard",
            "timeouts": null,
            "version_id": "e0bb3ee1-a8bb-4823-bcc1-2797ca751ece",
            "work_request_id": ""
          },
          "sensitive_attributes": [],
          "private": "eyJlMmJmYjczMC1lY2FhLTExZTYtOGY4OC0zNDM2M2JjN2M0YzAiOnsiY3JlYXRlIjoxMjAwMDAwMDAwMDAwLCJkZWxldGUiOjEyMDAwMDAwMDAwMDAsInVwZGF0ZSI6MTIwMDAwMDAwMDAwMH19",
          "dependencies": [
            "module.object-storage.oci_objectstorage_bucket.ewp_image_storage"
          ]
        },
        {
          "index_key": 260,
          "schema_version": 0,
          "attributes": {
            "bucket": "ewp_image_store",
            "cache_control": null,
            "content": null,
            "content_disposition": null,
            "content_encoding": null,
            "content_language": null,
            "content_length": "996580",
            "content_md5": "3jJ9Sa0MgbqMYHrRyzsqvQ==",
            "content_type": "image/jpeg",
            "delete_all_object_versions": false,
            "id": "n/lr4poue3hwjl/b/ewp_image_store/o/weddings%2FTom%20and%20Rebecca%2F45.jpg",
            "metadata": {},
            "namespace": "lr4poue3hwjl",
            "object": "weddings/Tom and Rebecca/45.jpg",
            "opc_sse_kms_key_id": null,
            "source": "assets/weddings/Tom and Rebecca/45.jpg 2015-07-19 13:05:47 +0100 BST",
            "source_uri_details": [],
            "state": "COMPLETED",
            "storage_tier": "Standard",
            "timeouts": null,
            "version_id": "876ff2b7-bc79-4495-b2af-4a34bdd47e67",
            "work_request_id": ""
          },
          "sensitive_attributes": [],
          "private": "eyJlMmJmYjczMC1lY2FhLTExZTYtOGY4OC0zNDM2M2JjN2M0YzAiOnsiY3JlYXRlIjoxMjAwMDAwMDAwMDAwLCJkZWxldGUiOjEyMDAwMDAwMDAwMDAsInVwZGF0ZSI6MTIwMDAwMDAwMDAwMH19",
          "dependencies": [
            "module.object-storage.oci_objectstorage_bucket.ewp_image_storage"
          ]
        },
        {
          "index_key": 261,
          "schema_version": 0,
          "attributes": {
            "bucket": "ewp_image_store",
            "cache_control": null,
            "content": null,
            "content_disposition": null,
            "content_encoding": null,
            "content_language": null,
            "content_length": "240587",
            "content_md5": "VDDAI6mRjccm1C7ht9rCfA==",
            "content_type": "image/jpeg",
            "delete_all_object_versions": false,
            "id": "n/lr4poue3hwjl/b/ewp_image_store/o/weddings%2FTom%20and%20Rebecca%2F46.jpg",
            "metadata": {},
            "namespace": "lr4poue3hwjl",
            "object": "weddings/Tom and Rebecca/46.jpg",
            "opc_sse_kms_key_id": null,
            "source": "assets/weddings/Tom and Rebecca/46.jpg 2015-07-19 13:05:37 +0100 BST",
            "source_uri_details": [],
            "state": "COMPLETED",
            "storage_tier": "Standard",
            "timeouts": null,
            "version_id": "7a145225-dad8-49bb-8e50-20e36b86c866",
            "work_request_id": ""
          },
          "sensitive_attributes": [],
          "private": "eyJlMmJmYjczMC1lY2FhLTExZTYtOGY4OC0zNDM2M2JjN2M0YzAiOnsiY3JlYXRlIjoxMjAwMDAwMDAwMDAwLCJkZWxldGUiOjEyMDAwMDAwMDAwMDAsInVwZGF0ZSI6MTIwMDAwMDAwMDAwMH19",
          "dependencies": [
            "module.object-storage.oci_objectstorage_bucket.ewp_image_storage"
          ]
        },
        {
          "index_key": 262,
          "schema_version": 0,
          "attributes": {
            "bucket": "ewp_image_store",
            "cache_control": null,
            "content": null,
            "content_disposition": null,
            "content_encoding": null,
            "content_language": null,
            "content_length": "1231827",
            "content_md5": "K3h64ISrpMvIG6gPA08O0Q==",
            "content_type": "image/jpeg",
            "delete_all_object_versions": false,
            "id": "n/lr4poue3hwjl/b/ewp_image_store/o/weddings%2FTom%20and%20Rebecca%2F47.jpg",
            "metadata": {},
            "namespace": "lr4poue3hwjl",
            "object": "weddings/Tom and Rebecca/47.jpg",
            "opc_sse_kms_key_id": null,
            "source": "assets/weddings/Tom and Rebecca/47.jpg 2015-07-19 13:05:28 +0100 BST",
            "source_uri_details": [],
            "state": "COMPLETED",
            "storage_tier": "Standard",
            "timeouts": null,
            "version_id": "8571ebb6-2f00-46eb-a63b-23b163d6ff5a",
            "work_request_id": ""
          },
          "sensitive_attributes": [],
          "private": "eyJlMmJmYjczMC1lY2FhLTExZTYtOGY4OC0zNDM2M2JjN2M0YzAiOnsiY3JlYXRlIjoxMjAwMDAwMDAwMDAwLCJkZWxldGUiOjEyMDAwMDAwMDAwMDAsInVwZGF0ZSI6MTIwMDAwMDAwMDAwMH19",
          "dependencies": [
            "module.object-storage.oci_objectstorage_bucket.ewp_image_storage"
          ]
        },
        {
          "index_key": 263,
          "schema_version": 0,
          "attributes": {
            "bucket": "ewp_image_store",
            "cache_control": null,
            "content": null,
            "content_disposition": null,
            "content_encoding": null,
            "content_language": null,
            "content_length": "1742005",
            "content_md5": "3d2yHSJwc8BidHPjUSGjLQ==",
            "content_type": "image/jpeg",
            "delete_all_object_versions": false,
            "id": "n/lr4poue3hwjl/b/ewp_image_store/o/weddings%2FTom%20and%20Rebecca%2F48.jpg",
            "metadata": {},
            "namespace": "lr4poue3hwjl",
            "object": "weddings/Tom and Rebecca/48.jpg",
            "opc_sse_kms_key_id": null,
            "source": "assets/weddings/Tom and Rebecca/48.jpg 2015-07-19 13:05:16 +0100 BST",
            "source_uri_details": [],
            "state": "COMPLETED",
            "storage_tier": "Standard",
            "timeouts": null,
            "version_id": "63b88a62-0bcc-4d23-b95d-aebad82f0f65",
            "work_request_id": ""
          },
          "sensitive_attributes": [],
          "private": "eyJlMmJmYjczMC1lY2FhLTExZTYtOGY4OC0zNDM2M2JjN2M0YzAiOnsiY3JlYXRlIjoxMjAwMDAwMDAwMDAwLCJkZWxldGUiOjEyMDAwMDAwMDAwMDAsInVwZGF0ZSI6MTIwMDAwMDAwMDAwMH19",
          "dependencies": [
            "module.object-storage.oci_objectstorage_bucket.ewp_image_storage"
          ]
        },
        {
          "index_key": 264,
          "schema_version": 0,
          "attributes": {
            "bucket": "ewp_image_store",
            "cache_control": null,
            "content": null,
            "content_disposition": null,
            "content_encoding": null,
            "content_language": null,
            "content_length": "287870",
            "content_md5": "4Tx1iLOZOs1XosS5ZvFKww==",
            "content_type": "image/jpeg",
            "delete_all_object_versions": false,
            "id": "n/lr4poue3hwjl/b/ewp_image_store/o/weddings%2FTom%20and%20Rebecca%2F49.jpg",
            "metadata": {},
            "namespace": "lr4poue3hwjl",
            "object": "weddings/Tom and Rebecca/49.jpg",
            "opc_sse_kms_key_id": null,
            "source": "assets/weddings/Tom and Rebecca/49.jpg 2015-07-19 13:05:05 +0100 BST",
            "source_uri_details": [],
            "state": "COMPLETED",
            "storage_tier": "Standard",
            "timeouts": null,
            "version_id": "5630bc10-a9af-41b3-9cda-87cb8c1f36be",
            "work_request_id": ""
          },
          "sensitive_attributes": [],
          "private": "eyJlMmJmYjczMC1lY2FhLTExZTYtOGY4OC0zNDM2M2JjN2M0YzAiOnsiY3JlYXRlIjoxMjAwMDAwMDAwMDAwLCJkZWxldGUiOjEyMDAwMDAwMDAwMDAsInVwZGF0ZSI6MTIwMDAwMDAwMDAwMH19",
          "dependencies": [
            "module.object-storage.oci_objectstorage_bucket.ewp_image_storage"
          ]
        },
        {
          "index_key": 265,
          "schema_version": 0,
          "attributes": {
            "bucket": "ewp_image_store",
            "cache_control": null,
            "content": null,
            "content_disposition": null,
            "content_encoding": null,
            "content_language": null,
            "content_length": "829531",
            "content_md5": "g/w7IgdKW3VXOeFyA44vGQ==",
            "content_type": "image/jpeg",
            "delete_all_object_versions": false,
            "id": "n/lr4poue3hwjl/b/ewp_image_store/o/weddings%2FTom%20and%20Rebecca%2F5.jpg",
            "metadata": {},
            "namespace": "lr4poue3hwjl",
            "object": "weddings/Tom and Rebecca/5.jpg",
            "opc_sse_kms_key_id": null,
            "source": "assets/weddings/Tom and Rebecca/5.jpg 2015-07-19 13:12:29 +0100 BST",
            "source_uri_details": [],
            "state": "COMPLETED",
            "storage_tier": "Standard",
            "timeouts": null,
            "version_id": "d625cf19-7d6c-434f-a6a4-fd6a5779fd9b",
            "work_request_id": ""
          },
          "sensitive_attributes": [],
          "private": "eyJlMmJmYjczMC1lY2FhLTExZTYtOGY4OC0zNDM2M2JjN2M0YzAiOnsiY3JlYXRlIjoxMjAwMDAwMDAwMDAwLCJkZWxldGUiOjEyMDAwMDAwMDAwMDAsInVwZGF0ZSI6MTIwMDAwMDAwMDAwMH19",
          "dependencies": [
            "module.object-storage.oci_objectstorage_bucket.ewp_image_storage"
          ]
        },
        {
          "index_key": 266,
          "schema_version": 0,
          "attributes": {
            "bucket": "ewp_image_store",
            "cache_control": null,
            "content": null,
            "content_disposition": null,
            "content_encoding": null,
            "content_language": null,
            "content_length": "952706",
            "content_md5": "g4MG5CVTgS617aId/RggVQ==",
            "content_type": "image/jpeg",
            "delete_all_object_versions": false,
            "id": "n/lr4poue3hwjl/b/ewp_image_store/o/weddings%2FTom%20and%20Rebecca%2F50.jpg",
            "metadata": {},
            "namespace": "lr4poue3hwjl",
            "object": "weddings/Tom and Rebecca/50.jpg",
            "opc_sse_kms_key_id": null,
            "source": "assets/weddings/Tom and Rebecca/50.jpg 2015-07-19 13:04:57 +0100 BST",
            "source_uri_details": [],
            "state": "COMPLETED",
            "storage_tier": "Standard",
            "timeouts": null,
            "version_id": "48a1d796-9298-47e3-86ea-a6d99ae9cc5d",
            "work_request_id": ""
          },
          "sensitive_attributes": [],
          "private": "eyJlMmJmYjczMC1lY2FhLTExZTYtOGY4OC0zNDM2M2JjN2M0YzAiOnsiY3JlYXRlIjoxMjAwMDAwMDAwMDAwLCJkZWxldGUiOjEyMDAwMDAwMDAwMDAsInVwZGF0ZSI6MTIwMDAwMDAwMDAwMH19",
          "dependencies": [
            "module.object-storage.oci_objectstorage_bucket.ewp_image_storage"
          ]
        },
        {
          "index_key": 267,
          "schema_version": 0,
          "attributes": {
            "bucket": "ewp_image_store",
            "cache_control": null,
            "content": null,
            "content_disposition": null,
            "content_encoding": null,
            "content_language": null,
            "content_length": "403947",
            "content_md5": "EEmVC1dVlNnlIUZHsESY/g==",
            "content_type": "image/jpeg",
            "delete_all_object_versions": false,
            "id": "n/lr4poue3hwjl/b/ewp_image_store/o/weddings%2FTom%20and%20Rebecca%2F51.jpg",
            "metadata": {},
            "namespace": "lr4poue3hwjl",
            "object": "weddings/Tom and Rebecca/51.jpg",
            "opc_sse_kms_key_id": null,
            "source": "assets/weddings/Tom and Rebecca/51.jpg 2015-07-19 13:04:45 +0100 BST",
            "source_uri_details": [],
            "state": "COMPLETED",
            "storage_tier": "Standard",
            "timeouts": null,
            "version_id": "174d3f34-da4f-4d91-973a-dbc052db88b7",
            "work_request_id": ""
          },
          "sensitive_attributes": [],
          "private": "eyJlMmJmYjczMC1lY2FhLTExZTYtOGY4OC0zNDM2M2JjN2M0YzAiOnsiY3JlYXRlIjoxMjAwMDAwMDAwMDAwLCJkZWxldGUiOjEyMDAwMDAwMDAwMDAsInVwZGF0ZSI6MTIwMDAwMDAwMDAwMH19",
          "dependencies": [
            "module.object-storage.oci_objectstorage_bucket.ewp_image_storage"
          ]
        },
        {
          "index_key": 268,
          "schema_version": 0,
          "attributes": {
            "bucket": "ewp_image_store",
            "cache_control": null,
            "content": null,
            "content_disposition": null,
            "content_encoding": null,
            "content_language": null,
            "content_length": "342717",
            "content_md5": "6jRlL4CAyY+SIaG+up3dpg==",
            "content_type": "image/jpeg",
            "delete_all_object_versions": false,
            "id": "n/lr4poue3hwjl/b/ewp_image_store/o/weddings%2FTom%20and%20Rebecca%2F52.jpg",
            "metadata": {},
            "namespace": "lr4poue3hwjl",
            "object": "weddings/Tom and Rebecca/52.jpg",
            "opc_sse_kms_key_id": null,
            "source": "assets/weddings/Tom and Rebecca/52.jpg 2015-07-19 13:04:36 +0100 BST",
            "source_uri_details": [],
            "state": "COMPLETED",
            "storage_tier": "Standard",
            "timeouts": null,
            "version_id": "6de6329b-f110-493e-a40e-316e2c2f218f",
            "work_request_id": ""
          },
          "sensitive_attributes": [],
          "private": "eyJlMmJmYjczMC1lY2FhLTExZTYtOGY4OC0zNDM2M2JjN2M0YzAiOnsiY3JlYXRlIjoxMjAwMDAwMDAwMDAwLCJkZWxldGUiOjEyMDAwMDAwMDAwMDAsInVwZGF0ZSI6MTIwMDAwMDAwMDAwMH19",
          "dependencies": [
            "module.object-storage.oci_objectstorage_bucket.ewp_image_storage"
          ]
        },
        {
          "index_key": 269,
          "schema_version": 0,
          "attributes": {
            "bucket": "ewp_image_store",
            "cache_control": null,
            "content": null,
            "content_disposition": null,
            "content_encoding": null,
            "content_language": null,
            "content_length": "371966",
            "content_md5": "0LJyGMuUfXjFTuazAhDnQA==",
            "content_type": "image/jpeg",
            "delete_all_object_versions": false,
            "id": "n/lr4poue3hwjl/b/ewp_image_store/o/weddings%2FTom%20and%20Rebecca%2F53.jpg",
            "metadata": {},
            "namespace": "lr4poue3hwjl",
            "object": "weddings/Tom and Rebecca/53.jpg",
            "opc_sse_kms_key_id": null,
            "source": "assets/weddings/Tom and Rebecca/53.jpg 2015-07-19 13:04:25 +0100 BST",
            "source_uri_details": [],
            "state": "COMPLETED",
            "storage_tier": "Standard",
            "timeouts": null,
            "version_id": "6b7729be-056b-486c-992f-de58cc1cf13a",
            "work_request_id": ""
          },
          "sensitive_attributes": [],
          "private": "eyJlMmJmYjczMC1lY2FhLTExZTYtOGY4OC0zNDM2M2JjN2M0YzAiOnsiY3JlYXRlIjoxMjAwMDAwMDAwMDAwLCJkZWxldGUiOjEyMDAwMDAwMDAwMDAsInVwZGF0ZSI6MTIwMDAwMDAwMDAwMH19",
          "dependencies": [
            "module.object-storage.oci_objectstorage_bucket.ewp_image_storage"
          ]
        },
        {
          "index_key": 270,
          "schema_version": 0,
          "attributes": {
            "bucket": "ewp_image_store",
            "cache_control": null,
            "content": null,
            "content_disposition": null,
            "content_encoding": null,
            "content_language": null,
            "content_length": "613674",
            "content_md5": "rq7hxrNS9eZ9KW19jD61Vw==",
            "content_type": "image/jpeg",
            "delete_all_object_versions": false,
            "id": "n/lr4poue3hwjl/b/ewp_image_store/o/weddings%2FTom%20and%20Rebecca%2F54.jpg",
            "metadata": {},
            "namespace": "lr4poue3hwjl",
            "object": "weddings/Tom and Rebecca/54.jpg",
            "opc_sse_kms_key_id": null,
            "source": "assets/weddings/Tom and Rebecca/54.jpg 2015-07-19 13:04:16 +0100 BST",
            "source_uri_details": [],
            "state": "COMPLETED",
            "storage_tier": "Standard",
            "timeouts": null,
            "version_id": "f19cd4e7-383c-4fa8-b371-d7c646acc215",
            "work_request_id": ""
          },
          "sensitive_attributes": [],
          "private": "eyJlMmJmYjczMC1lY2FhLTExZTYtOGY4OC0zNDM2M2JjN2M0YzAiOnsiY3JlYXRlIjoxMjAwMDAwMDAwMDAwLCJkZWxldGUiOjEyMDAwMDAwMDAwMDAsInVwZGF0ZSI6MTIwMDAwMDAwMDAwMH19",
          "dependencies": [
            "module.object-storage.oci_objectstorage_bucket.ewp_image_storage"
          ]
        },
        {
          "index_key": 271,
          "schema_version": 0,
          "attributes": {
            "bucket": "ewp_image_store",
            "cache_control": null,
            "content": null,
            "content_disposition": null,
            "content_encoding": null,
            "content_language": null,
            "content_length": "944374",
            "content_md5": "mO6/ar6xeJcdUR5NJ1Z8uQ==",
            "content_type": "image/jpeg",
            "delete_all_object_versions": false,
            "id": "n/lr4poue3hwjl/b/ewp_image_store/o/weddings%2FTom%20and%20Rebecca%2F55.jpg",
            "metadata": {},
            "namespace": "lr4poue3hwjl",
            "object": "weddings/Tom and Rebecca/55.jpg",
            "opc_sse_kms_key_id": null,
            "source": "assets/weddings/Tom and Rebecca/55.jpg 2015-07-19 13:04:05 +0100 BST",
            "source_uri_details": [],
            "state": "COMPLETED",
            "storage_tier": "Standard",
            "timeouts": null,
            "version_id": "1c60654e-d2b3-40ef-9a70-826aed488ec6",
            "work_request_id": ""
          },
          "sensitive_attributes": [],
          "private": "eyJlMmJmYjczMC1lY2FhLTExZTYtOGY4OC0zNDM2M2JjN2M0YzAiOnsiY3JlYXRlIjoxMjAwMDAwMDAwMDAwLCJkZWxldGUiOjEyMDAwMDAwMDAwMDAsInVwZGF0ZSI6MTIwMDAwMDAwMDAwMH19",
          "dependencies": [
            "module.object-storage.oci_objectstorage_bucket.ewp_image_storage"
          ]
        },
        {
          "index_key": 272,
          "schema_version": 0,
          "attributes": {
            "bucket": "ewp_image_store",
            "cache_control": null,
            "content": null,
            "content_disposition": null,
            "content_encoding": null,
            "content_language": null,
            "content_length": "1019131",
            "content_md5": "+f9srWwA5rqTb2YKA1iiYg==",
            "content_type": "image/jpeg",
            "delete_all_object_versions": false,
            "id": "n/lr4poue3hwjl/b/ewp_image_store/o/weddings%2FTom%20and%20Rebecca%2F56.jpg",
            "metadata": {},
            "namespace": "lr4poue3hwjl",
            "object": "weddings/Tom and Rebecca/56.jpg",
            "opc_sse_kms_key_id": null,
            "source": "assets/weddings/Tom and Rebecca/56.jpg 2015-07-19 13:03:54 +0100 BST",
            "source_uri_details": [],
            "state": "COMPLETED",
            "storage_tier": "Standard",
            "timeouts": null,
            "version_id": "8cbe8537-2e9d-42ea-820a-facdfad69eb2",
            "work_request_id": ""
          },
          "sensitive_attributes": [],
          "private": "eyJlMmJmYjczMC1lY2FhLTExZTYtOGY4OC0zNDM2M2JjN2M0YzAiOnsiY3JlYXRlIjoxMjAwMDAwMDAwMDAwLCJkZWxldGUiOjEyMDAwMDAwMDAwMDAsInVwZGF0ZSI6MTIwMDAwMDAwMDAwMH19",
          "dependencies": [
            "module.object-storage.oci_objectstorage_bucket.ewp_image_storage"
          ]
        },
        {
          "index_key": 273,
          "schema_version": 0,
          "attributes": {
            "bucket": "ewp_image_store",
            "cache_control": null,
            "content": null,
            "content_disposition": null,
            "content_encoding": null,
            "content_language": null,
            "content_length": "809695",
            "content_md5": "nu6ss5i2GYHDTR6tOxp9wQ==",
            "content_type": "image/jpeg",
            "delete_all_object_versions": false,
            "id": "n/lr4poue3hwjl/b/ewp_image_store/o/weddings%2FTom%20and%20Rebecca%2F57.jpg",
            "metadata": {},
            "namespace": "lr4poue3hwjl",
            "object": "weddings/Tom and Rebecca/57.jpg",
            "opc_sse_kms_key_id": null,
            "source": "assets/weddings/Tom and Rebecca/57.jpg 2015-07-19 13:03:43 +0100 BST",
            "source_uri_details": [],
            "state": "COMPLETED",
            "storage_tier": "Standard",
            "timeouts": null,
            "version_id": "f189e1b6-d240-413c-ba52-83472d303220",
            "work_request_id": ""
          },
          "sensitive_attributes": [],
          "private": "eyJlMmJmYjczMC1lY2FhLTExZTYtOGY4OC0zNDM2M2JjN2M0YzAiOnsiY3JlYXRlIjoxMjAwMDAwMDAwMDAwLCJkZWxldGUiOjEyMDAwMDAwMDAwMDAsInVwZGF0ZSI6MTIwMDAwMDAwMDAwMH19",
          "dependencies": [
            "module.object-storage.oci_objectstorage_bucket.ewp_image_storage"
          ]
        },
        {
          "index_key": 274,
          "schema_version": 0,
          "attributes": {
            "bucket": "ewp_image_store",
            "cache_control": null,
            "content": null,
            "content_disposition": null,
            "content_encoding": null,
            "content_language": null,
            "content_length": "802329",
            "content_md5": "JeBf3A/Q2KjVGSXqWbgpBQ==",
            "content_type": "image/jpeg",
            "delete_all_object_versions": false,
            "id": "n/lr4poue3hwjl/b/ewp_image_store/o/weddings%2FTom%20and%20Rebecca%2F58.jpg",
            "metadata": {},
            "namespace": "lr4poue3hwjl",
            "object": "weddings/Tom and Rebecca/58.jpg",
            "opc_sse_kms_key_id": null,
            "source": "assets/weddings/Tom and Rebecca/58.jpg 2015-07-19 13:03:33 +0100 BST",
            "source_uri_details": [],
            "state": "COMPLETED",
            "storage_tier": "Standard",
            "timeouts": null,
            "version_id": "0722b2a4-f283-4018-99f4-b4c1dbe57d8b",
            "work_request_id": ""
          },
          "sensitive_attributes": [],
          "private": "eyJlMmJmYjczMC1lY2FhLTExZTYtOGY4OC0zNDM2M2JjN2M0YzAiOnsiY3JlYXRlIjoxMjAwMDAwMDAwMDAwLCJkZWxldGUiOjEyMDAwMDAwMDAwMDAsInVwZGF0ZSI6MTIwMDAwMDAwMDAwMH19",
          "dependencies": [
            "module.object-storage.oci_objectstorage_bucket.ewp_image_storage"
          ]
        },
        {
          "index_key": 275,
          "schema_version": 0,
          "attributes": {
            "bucket": "ewp_image_store",
            "cache_control": null,
            "content": null,
            "content_disposition": null,
            "content_encoding": null,
            "content_language": null,
            "content_length": "745312",
            "content_md5": "gavJHt9d6wsKhyGMAvoaig==",
            "content_type": "image/jpeg",
            "delete_all_object_versions": false,
            "id": "n/lr4poue3hwjl/b/ewp_image_store/o/weddings%2FTom%20and%20Rebecca%2F59.jpg",
            "metadata": {},
            "namespace": "lr4poue3hwjl",
            "object": "weddings/Tom and Rebecca/59.jpg",
            "opc_sse_kms_key_id": null,
            "source": "assets/weddings/Tom and Rebecca/59.jpg 2015-07-19 13:03:21 +0100 BST",
            "source_uri_details": [],
            "state": "COMPLETED",
            "storage_tier": "Standard",
            "timeouts": null,
            "version_id": "5eca8a55-49ac-4ceb-b1a7-76b46414d4e7",
            "work_request_id": ""
          },
          "sensitive_attributes": [],
          "private": "eyJlMmJmYjczMC1lY2FhLTExZTYtOGY4OC0zNDM2M2JjN2M0YzAiOnsiY3JlYXRlIjoxMjAwMDAwMDAwMDAwLCJkZWxldGUiOjEyMDAwMDAwMDAwMDAsInVwZGF0ZSI6MTIwMDAwMDAwMDAwMH19",
          "dependencies": [
            "module.object-storage.oci_objectstorage_bucket.ewp_image_storage"
          ]
        },
        {
          "index_key": 276,
          "schema_version": 0,
          "attributes": {
            "bucket": "ewp_image_store",
            "cache_control": null,
            "content": null,
            "content_disposition": null,
            "content_encoding": null,
            "content_language": null,
            "content_length": "767058",
            "content_md5": "nrohEF0lMAv41NIa7vxaug==",
            "content_type": "image/jpeg",
            "delete_all_object_versions": false,
            "id": "n/lr4poue3hwjl/b/ewp_image_store/o/weddings%2FTom%20and%20Rebecca%2F6.jpg",
            "metadata": {},
            "namespace": "lr4poue3hwjl",
            "object": "weddings/Tom and Rebecca/6.jpg",
            "opc_sse_kms_key_id": null,
            "source": "assets/weddings/Tom and Rebecca/6.jpg 2015-07-19 13:12:20 +0100 BST",
            "source_uri_details": [],
            "state": "COMPLETED",
            "storage_tier": "Standard",
            "timeouts": null,
            "version_id": "fb6dc3a2-32f3-43ff-9b1a-5676f1f23368",
            "work_request_id": ""
          },
          "sensitive_attributes": [],
          "private": "eyJlMmJmYjczMC1lY2FhLTExZTYtOGY4OC0zNDM2M2JjN2M0YzAiOnsiY3JlYXRlIjoxMjAwMDAwMDAwMDAwLCJkZWxldGUiOjEyMDAwMDAwMDAwMDAsInVwZGF0ZSI6MTIwMDAwMDAwMDAwMH19",
          "dependencies": [
            "module.object-storage.oci_objectstorage_bucket.ewp_image_storage"
          ]
        },
        {
          "index_key": 277,
          "schema_version": 0,
          "attributes": {
            "bucket": "ewp_image_store",
            "cache_control": null,
            "content": null,
            "content_disposition": null,
            "content_encoding": null,
            "content_language": null,
            "content_length": "911618",
            "content_md5": "bOCTy9G4aw7X/GShrgSqDw==",
            "content_type": "image/jpeg",
            "delete_all_object_versions": false,
            "id": "n/lr4poue3hwjl/b/ewp_image_store/o/weddings%2FTom%20and%20Rebecca%2F60.jpg",
            "metadata": {},
            "namespace": "lr4poue3hwjl",
            "object": "weddings/Tom and Rebecca/60.jpg",
            "opc_sse_kms_key_id": null,
            "source": "assets/weddings/Tom and Rebecca/60.jpg 2015-07-19 13:03:12 +0100 BST",
            "source_uri_details": [],
            "state": "COMPLETED",
            "storage_tier": "Standard",
            "timeouts": null,
            "version_id": "d45d61de-947e-4790-a5a8-6dcb13550452",
            "work_request_id": ""
          },
          "sensitive_attributes": [],
          "private": "eyJlMmJmYjczMC1lY2FhLTExZTYtOGY4OC0zNDM2M2JjN2M0YzAiOnsiY3JlYXRlIjoxMjAwMDAwMDAwMDAwLCJkZWxldGUiOjEyMDAwMDAwMDAwMDAsInVwZGF0ZSI6MTIwMDAwMDAwMDAwMH19",
          "dependencies": [
            "module.object-storage.oci_objectstorage_bucket.ewp_image_storage"
          ]
        },
        {
          "index_key": 278,
          "schema_version": 0,
          "attributes": {
            "bucket": "ewp_image_store",
            "cache_control": null,
            "content": null,
            "content_disposition": null,
            "content_encoding": null,
            "content_language": null,
            "content_length": "312991",
            "content_md5": "UVvPCKrP8ml1g0FSvwFP4w==",
            "content_type": "image/jpeg",
            "delete_all_object_versions": false,
            "id": "n/lr4poue3hwjl/b/ewp_image_store/o/weddings%2FTom%20and%20Rebecca%2F61.jpg",
            "metadata": {},
            "namespace": "lr4poue3hwjl",
            "object": "weddings/Tom and Rebecca/61.jpg",
            "opc_sse_kms_key_id": null,
            "source": "assets/weddings/Tom and Rebecca/61.jpg 2015-07-19 13:02:59 +0100 BST",
            "source_uri_details": [],
            "state": "COMPLETED",
            "storage_tier": "Standard",
            "timeouts": null,
            "version_id": "fc8b9db8-af90-40b1-a619-71371c06f88f",
            "work_request_id": ""
          },
          "sensitive_attributes": [],
          "private": "eyJlMmJmYjczMC1lY2FhLTExZTYtOGY4OC0zNDM2M2JjN2M0YzAiOnsiY3JlYXRlIjoxMjAwMDAwMDAwMDAwLCJkZWxldGUiOjEyMDAwMDAwMDAwMDAsInVwZGF0ZSI6MTIwMDAwMDAwMDAwMH19",
          "dependencies": [
            "module.object-storage.oci_objectstorage_bucket.ewp_image_storage"
          ]
        },
        {
          "index_key": 279,
          "schema_version": 0,
          "attributes": {
            "bucket": "ewp_image_store",
            "cache_control": null,
            "content": null,
            "content_disposition": null,
            "content_encoding": null,
            "content_language": null,
            "content_length": "741856",
            "content_md5": "JOQS9Vcdki91rD53YvAuZg==",
            "content_type": "image/jpeg",
            "delete_all_object_versions": false,
            "id": "n/lr4poue3hwjl/b/ewp_image_store/o/weddings%2FTom%20and%20Rebecca%2F62.jpg",
            "metadata": {},
            "namespace": "lr4poue3hwjl",
            "object": "weddings/Tom and Rebecca/62.jpg",
            "opc_sse_kms_key_id": null,
            "source": "assets/weddings/Tom and Rebecca/62.jpg 2015-07-19 13:02:49 +0100 BST",
            "source_uri_details": [],
            "state": "COMPLETED",
            "storage_tier": "Standard",
            "timeouts": null,
            "version_id": "2865b5e9-aec3-4ffe-a4e0-af3b65df13ae",
            "work_request_id": ""
          },
          "sensitive_attributes": [],
          "private": "eyJlMmJmYjczMC1lY2FhLTExZTYtOGY4OC0zNDM2M2JjN2M0YzAiOnsiY3JlYXRlIjoxMjAwMDAwMDAwMDAwLCJkZWxldGUiOjEyMDAwMDAwMDAwMDAsInVwZGF0ZSI6MTIwMDAwMDAwMDAwMH19",
          "dependencies": [
            "module.object-storage.oci_objectstorage_bucket.ewp_image_storage"
          ]
        },
        {
          "index_key": 280,
          "schema_version": 0,
          "attributes": {
            "bucket": "ewp_image_store",
            "cache_control": null,
            "content": null,
            "content_disposition": null,
            "content_encoding": null,
            "content_language": null,
            "content_length": "876526",
            "content_md5": "98O1xkv1SYpsHcwOnVAUMw==",
            "content_type": "image/jpeg",
            "delete_all_object_versions": false,
            "id": "n/lr4poue3hwjl/b/ewp_image_store/o/weddings%2FTom%20and%20Rebecca%2F63.jpg",
            "metadata": {},
            "namespace": "lr4poue3hwjl",
            "object": "weddings/Tom and Rebecca/63.jpg",
            "opc_sse_kms_key_id": null,
            "source": "assets/weddings/Tom and Rebecca/63.jpg 2015-07-19 13:02:40 +0100 BST",
            "source_uri_details": [],
            "state": "COMPLETED",
            "storage_tier": "Standard",
            "timeouts": null,
            "version_id": "7a89d441-f641-47cd-9beb-f7b56df29969",
            "work_request_id": ""
          },
          "sensitive_attributes": [],
          "private": "eyJlMmJmYjczMC1lY2FhLTExZTYtOGY4OC0zNDM2M2JjN2M0YzAiOnsiY3JlYXRlIjoxMjAwMDAwMDAwMDAwLCJkZWxldGUiOjEyMDAwMDAwMDAwMDAsInVwZGF0ZSI6MTIwMDAwMDAwMDAwMH19",
          "dependencies": [
            "module.object-storage.oci_objectstorage_bucket.ewp_image_storage"
          ]
        },
        {
          "index_key": 281,
          "schema_version": 0,
          "attributes": {
            "bucket": "ewp_image_store",
            "cache_control": null,
            "content": null,
            "content_disposition": null,
            "content_encoding": null,
            "content_language": null,
            "content_length": "869082",
            "content_md5": "Adl7Db6zxN2H1WNIpkB8NQ==",
            "content_type": "image/jpeg",
            "delete_all_object_versions": false,
            "id": "n/lr4poue3hwjl/b/ewp_image_store/o/weddings%2FTom%20and%20Rebecca%2F64.jpg",
            "metadata": {},
            "namespace": "lr4poue3hwjl",
            "object": "weddings/Tom and Rebecca/64.jpg",
            "opc_sse_kms_key_id": null,
            "source": "assets/weddings/Tom and Rebecca/64.jpg 2015-07-19 13:02:28 +0100 BST",
            "source_uri_details": [],
            "state": "COMPLETED",
            "storage_tier": "Standard",
            "timeouts": null,
            "version_id": "880bf206-9261-4408-aaba-331beb617d28",
            "work_request_id": ""
          },
          "sensitive_attributes": [],
          "private": "eyJlMmJmYjczMC1lY2FhLTExZTYtOGY4OC0zNDM2M2JjN2M0YzAiOnsiY3JlYXRlIjoxMjAwMDAwMDAwMDAwLCJkZWxldGUiOjEyMDAwMDAwMDAwMDAsInVwZGF0ZSI6MTIwMDAwMDAwMDAwMH19",
          "dependencies": [
            "module.object-storage.oci_objectstorage_bucket.ewp_image_storage"
          ]
        },
        {
          "index_key": 282,
          "schema_version": 0,
          "attributes": {
            "bucket": "ewp_image_store",
            "cache_control": null,
            "content": null,
            "content_disposition": null,
            "content_encoding": null,
            "content_language": null,
            "content_length": "685428",
            "content_md5": "kgnxIvwB1AFC5DtyFoajlg==",
            "content_type": "image/jpeg",
            "delete_all_object_versions": false,
            "id": "n/lr4poue3hwjl/b/ewp_image_store/o/weddings%2FTom%20and%20Rebecca%2F65.jpg",
            "metadata": {},
            "namespace": "lr4poue3hwjl",
            "object": "weddings/Tom and Rebecca/65.jpg",
            "opc_sse_kms_key_id": null,
            "source": "assets/weddings/Tom and Rebecca/65.jpg 2015-07-19 13:02:16 +0100 BST",
            "source_uri_details": [],
            "state": "COMPLETED",
            "storage_tier": "Standard",
            "timeouts": null,
            "version_id": "53e1dcb7-4ae4-4967-9c17-37f745ea68cd",
            "work_request_id": ""
          },
          "sensitive_attributes": [],
          "private": "eyJlMmJmYjczMC1lY2FhLTExZTYtOGY4OC0zNDM2M2JjN2M0YzAiOnsiY3JlYXRlIjoxMjAwMDAwMDAwMDAwLCJkZWxldGUiOjEyMDAwMDAwMDAwMDAsInVwZGF0ZSI6MTIwMDAwMDAwMDAwMH19",
          "dependencies": [
            "module.object-storage.oci_objectstorage_bucket.ewp_image_storage"
          ]
        },
        {
          "index_key": 283,
          "schema_version": 0,
          "attributes": {
            "bucket": "ewp_image_store",
            "cache_control": null,
            "content": null,
            "content_disposition": null,
            "content_encoding": null,
            "content_language": null,
            "content_length": "688727",
            "content_md5": "hmKNohbdUsxQcOLUe2gChg==",
            "content_type": "image/jpeg",
            "delete_all_object_versions": false,
            "id": "n/lr4poue3hwjl/b/ewp_image_store/o/weddings%2FTom%20and%20Rebecca%2F66.jpg",
            "metadata": {},
            "namespace": "lr4poue3hwjl",
            "object": "weddings/Tom and Rebecca/66.jpg",
            "opc_sse_kms_key_id": null,
            "source": "assets/weddings/Tom and Rebecca/66.jpg 2015-07-19 13:02:07 +0100 BST",
            "source_uri_details": [],
            "state": "COMPLETED",
            "storage_tier": "Standard",
            "timeouts": null,
            "version_id": "73d32076-cab2-40a4-ae3e-49cf8dca77f4",
            "work_request_id": ""
          },
          "sensitive_attributes": [],
          "private": "eyJlMmJmYjczMC1lY2FhLTExZTYtOGY4OC0zNDM2M2JjN2M0YzAiOnsiY3JlYXRlIjoxMjAwMDAwMDAwMDAwLCJkZWxldGUiOjEyMDAwMDAwMDAwMDAsInVwZGF0ZSI6MTIwMDAwMDAwMDAwMH19",
          "dependencies": [
            "module.object-storage.oci_objectstorage_bucket.ewp_image_storage"
          ]
        },
        {
          "index_key": 284,
          "schema_version": 0,
          "attributes": {
            "bucket": "ewp_image_store",
            "cache_control": null,
            "content": null,
            "content_disposition": null,
            "content_encoding": null,
            "content_language": null,
            "content_length": "413731",
            "content_md5": "lqI51lJECvVW2/yTYFCRIg==",
            "content_type": "image/jpeg",
            "delete_all_object_versions": false,
            "id": "n/lr4poue3hwjl/b/ewp_image_store/o/weddings%2FTom%20and%20Rebecca%2F67.jpg",
            "metadata": {},
            "namespace": "lr4poue3hwjl",
            "object": "weddings/Tom and Rebecca/67.jpg",
            "opc_sse_kms_key_id": null,
            "source": "assets/weddings/Tom and Rebecca/67.jpg 2015-07-19 13:01:57 +0100 BST",
            "source_uri_details": [],
            "state": "COMPLETED",
            "storage_tier": "Standard",
            "timeouts": null,
            "version_id": "583d0fb0-8833-495c-8abd-2762d8513cf5",
            "work_request_id": ""
          },
          "sensitive_attributes": [],
          "private": "eyJlMmJmYjczMC1lY2FhLTExZTYtOGY4OC0zNDM2M2JjN2M0YzAiOnsiY3JlYXRlIjoxMjAwMDAwMDAwMDAwLCJkZWxldGUiOjEyMDAwMDAwMDAwMDAsInVwZGF0ZSI6MTIwMDAwMDAwMDAwMH19",
          "dependencies": [
            "module.object-storage.oci_objectstorage_bucket.ewp_image_storage"
          ]
        },
        {
          "index_key": 285,
          "schema_version": 0,
          "attributes": {
            "bucket": "ewp_image_store",
            "cache_control": null,
            "content": null,
            "content_disposition": null,
            "content_encoding": null,
            "content_language": null,
            "content_length": "857098",
            "content_md5": "IdhaSNkTDgifzWB+s+v7Zg==",
            "content_type": "image/jpeg",
            "delete_all_object_versions": false,
            "id": "n/lr4poue3hwjl/b/ewp_image_store/o/weddings%2FTom%20and%20Rebecca%2F68.jpg",
            "metadata": {},
            "namespace": "lr4poue3hwjl",
            "object": "weddings/Tom and Rebecca/68.jpg",
            "opc_sse_kms_key_id": null,
            "source": "assets/weddings/Tom and Rebecca/68.jpg 2015-07-19 13:01:47 +0100 BST",
            "source_uri_details": [],
            "state": "COMPLETED",
            "storage_tier": "Standard",
            "timeouts": null,
            "version_id": "cf057be9-a960-4d3a-9cb2-a08ff8f7663e",
            "work_request_id": ""
          },
          "sensitive_attributes": [],
          "private": "eyJlMmJmYjczMC1lY2FhLTExZTYtOGY4OC0zNDM2M2JjN2M0YzAiOnsiY3JlYXRlIjoxMjAwMDAwMDAwMDAwLCJkZWxldGUiOjEyMDAwMDAwMDAwMDAsInVwZGF0ZSI6MTIwMDAwMDAwMDAwMH19",
          "dependencies": [
            "module.object-storage.oci_objectstorage_bucket.ewp_image_storage"
          ]
        },
        {
          "index_key": 286,
          "schema_version": 0,
          "attributes": {
            "bucket": "ewp_image_store",
            "cache_control": null,
            "content": null,
            "content_disposition": null,
            "content_encoding": null,
            "content_language": null,
            "content_length": "347764",
            "content_md5": "JKYuaLVIuPGiAo7/REElFg==",
            "content_type": "image/jpeg",
            "delete_all_object_versions": false,
            "id": "n/lr4poue3hwjl/b/ewp_image_store/o/weddings%2FTom%20and%20Rebecca%2F69.jpg",
            "metadata": {},
            "namespace": "lr4poue3hwjl",
            "object": "weddings/Tom and Rebecca/69.jpg",
            "opc_sse_kms_key_id": null,
            "source": "assets/weddings/Tom and Rebecca/69.jpg 2015-07-19 13:01:34 +0100 BST",
            "source_uri_details": [],
            "state": "COMPLETED",
            "storage_tier": "Standard",
            "timeouts": null,
            "version_id": "8fa917ab-2a34-4a66-8533-2cc48790c466",
            "work_request_id": ""
          },
          "sensitive_attributes": [],
          "private": "eyJlMmJmYjczMC1lY2FhLTExZTYtOGY4OC0zNDM2M2JjN2M0YzAiOnsiY3JlYXRlIjoxMjAwMDAwMDAwMDAwLCJkZWxldGUiOjEyMDAwMDAwMDAwMDAsInVwZGF0ZSI6MTIwMDAwMDAwMDAwMH19",
          "dependencies": [
            "module.object-storage.oci_objectstorage_bucket.ewp_image_storage"
          ]
        },
        {
          "index_key": 287,
          "schema_version": 0,
          "attributes": {
            "bucket": "ewp_image_store",
            "cache_control": null,
            "content": null,
            "content_disposition": null,
            "content_encoding": null,
            "content_language": null,
            "content_length": "685007",
            "content_md5": "0uNh+zvR4S/MISPmpBwQsQ==",
            "content_type": "image/jpeg",
            "delete_all_object_versions": false,
            "id": "n/lr4poue3hwjl/b/ewp_image_store/o/weddings%2FTom%20and%20Rebecca%2F7.jpg",
            "metadata": {},
            "namespace": "lr4poue3hwjl",
            "object": "weddings/Tom and Rebecca/7.jpg",
            "opc_sse_kms_key_id": null,
            "source": "assets/weddings/Tom and Rebecca/7.jpg 2015-07-19 13:12:12 +0100 BST",
            "source_uri_details": [],
            "state": "COMPLETED",
            "storage_tier": "Standard",
            "timeouts": null,
            "version_id": "d2865977-b6c4-46e5-84f5-90395796e9db",
            "work_request_id": ""
          },
          "sensitive_attributes": [],
          "private": "eyJlMmJmYjczMC1lY2FhLTExZTYtOGY4OC0zNDM2M2JjN2M0YzAiOnsiY3JlYXRlIjoxMjAwMDAwMDAwMDAwLCJkZWxldGUiOjEyMDAwMDAwMDAwMDAsInVwZGF0ZSI6MTIwMDAwMDAwMDAwMH19",
          "dependencies": [
            "module.object-storage.oci_objectstorage_bucket.ewp_image_storage"
          ]
        },
        {
          "index_key": 288,
          "schema_version": 0,
          "attributes": {
            "bucket": "ewp_image_store",
            "cache_control": null,
            "content": null,
            "content_disposition": null,
            "content_encoding": null,
            "content_language": null,
            "content_length": "864149",
            "content_md5": "LZLK9lbUEStikvMCjrWOqA==",
            "content_type": "image/jpeg",
            "delete_all_object_versions": false,
            "id": "n/lr4poue3hwjl/b/ewp_image_store/o/weddings%2FTom%20and%20Rebecca%2F70.jpg",
            "metadata": {},
            "namespace": "lr4poue3hwjl",
            "object": "weddings/Tom and Rebecca/70.jpg",
            "opc_sse_kms_key_id": null,
            "source": "assets/weddings/Tom and Rebecca/70.jpg 2015-07-19 13:01:23 +0100 BST",
            "source_uri_details": [],
            "state": "COMPLETED",
            "storage_tier": "Standard",
            "timeouts": null,
            "version_id": "338db1f9-6ef9-49af-a458-b67a5f55da7b",
            "work_request_id": ""
          },
          "sensitive_attributes": [],
          "private": "eyJlMmJmYjczMC1lY2FhLTExZTYtOGY4OC0zNDM2M2JjN2M0YzAiOnsiY3JlYXRlIjoxMjAwMDAwMDAwMDAwLCJkZWxldGUiOjEyMDAwMDAwMDAwMDAsInVwZGF0ZSI6MTIwMDAwMDAwMDAwMH19",
          "dependencies": [
            "module.object-storage.oci_objectstorage_bucket.ewp_image_storage"
          ]
        },
        {
          "index_key": 289,
          "schema_version": 0,
          "attributes": {
            "bucket": "ewp_image_store",
            "cache_control": null,
            "content": null,
            "content_disposition": null,
            "content_encoding": null,
            "content_language": null,
            "content_length": "1043786",
            "content_md5": "OTzAx2vWLcWPot3boTrZqg==",
            "content_type": "image/jpeg",
            "delete_all_object_versions": false,
            "id": "n/lr4poue3hwjl/b/ewp_image_store/o/weddings%2FTom%20and%20Rebecca%2F71.jpg",
            "metadata": {},
            "namespace": "lr4poue3hwjl",
            "object": "weddings/Tom and Rebecca/71.jpg",
            "opc_sse_kms_key_id": null,
            "source": "assets/weddings/Tom and Rebecca/71.jpg 2015-07-19 13:01:09 +0100 BST",
            "source_uri_details": [],
            "state": "COMPLETED",
            "storage_tier": "Standard",
            "timeouts": null,
            "version_id": "3458ddcf-cf39-4546-a5cd-e22ab5a2618b",
            "work_request_id": ""
          },
          "sensitive_attributes": [],
          "private": "eyJlMmJmYjczMC1lY2FhLTExZTYtOGY4OC0zNDM2M2JjN2M0YzAiOnsiY3JlYXRlIjoxMjAwMDAwMDAwMDAwLCJkZWxldGUiOjEyMDAwMDAwMDAwMDAsInVwZGF0ZSI6MTIwMDAwMDAwMDAwMH19",
          "dependencies": [
            "module.object-storage.oci_objectstorage_bucket.ewp_image_storage"
          ]
        },
        {
          "index_key": 290,
          "schema_version": 0,
          "attributes": {
            "bucket": "ewp_image_store",
            "cache_control": null,
            "content": null,
            "content_disposition": null,
            "content_encoding": null,
            "content_language": null,
            "content_length": "841475",
            "content_md5": "58E5AGiod/hZWQv7iUe5fg==",
            "content_type": "image/jpeg",
            "delete_all_object_versions": false,
            "id": "n/lr4poue3hwjl/b/ewp_image_store/o/weddings%2FTom%20and%20Rebecca%2F72.jpg",
            "metadata": {},
            "namespace": "lr4poue3hwjl",
            "object": "weddings/Tom and Rebecca/72.jpg",
            "opc_sse_kms_key_id": null,
            "source": "assets/weddings/Tom and Rebecca/72.jpg 2015-07-19 12:59:37 +0100 BST",
            "source_uri_details": [],
            "state": "COMPLETED",
            "storage_tier": "Standard",
            "timeouts": null,
            "version_id": "41ccd385-ee26-4b71-a085-50335761475e",
            "work_request_id": ""
          },
          "sensitive_attributes": [],
          "private": "eyJlMmJmYjczMC1lY2FhLTExZTYtOGY4OC0zNDM2M2JjN2M0YzAiOnsiY3JlYXRlIjoxMjAwMDAwMDAwMDAwLCJkZWxldGUiOjEyMDAwMDAwMDAwMDAsInVwZGF0ZSI6MTIwMDAwMDAwMDAwMH19",
          "dependencies": [
            "module.object-storage.oci_objectstorage_bucket.ewp_image_storage"
          ]
        },
        {
          "index_key": 291,
          "schema_version": 0,
          "attributes": {
            "bucket": "ewp_image_store",
            "cache_control": null,
            "content": null,
            "content_disposition": null,
            "content_encoding": null,
            "content_language": null,
            "content_length": "433388",
            "content_md5": "9g8AXNxqGSyLEXY9230sCA==",
            "content_type": "image/jpeg",
            "delete_all_object_versions": false,
            "id": "n/lr4poue3hwjl/b/ewp_image_store/o/weddings%2FTom%20and%20Rebecca%2F8.jpg",
            "metadata": {},
            "namespace": "lr4poue3hwjl",
            "object": "weddings/Tom and Rebecca/8.jpg",
            "opc_sse_kms_key_id": null,
            "source": "assets/weddings/Tom and Rebecca/8.jpg 2015-07-19 13:12:01 +0100 BST",
            "source_uri_details": [],
            "state": "COMPLETED",
            "storage_tier": "Standard",
            "timeouts": null,
            "version_id": "05dd6ea9-2f3f-4f0d-bd4d-263e76167648",
            "work_request_id": ""
          },
          "sensitive_attributes": [],
          "private": "eyJlMmJmYjczMC1lY2FhLTExZTYtOGY4OC0zNDM2M2JjN2M0YzAiOnsiY3JlYXRlIjoxMjAwMDAwMDAwMDAwLCJkZWxldGUiOjEyMDAwMDAwMDAwMDAsInVwZGF0ZSI6MTIwMDAwMDAwMDAwMH19",
          "dependencies": [
            "module.object-storage.oci_objectstorage_bucket.ewp_image_storage"
          ]
        },
        {
          "index_key": 292,
          "schema_version": 0,
          "attributes": {
            "bucket": "ewp_image_store",
            "cache_control": null,
            "content": null,
            "content_disposition": null,
            "content_encoding": null,
            "content_language": null,
            "content_length": "741154",
            "content_md5": "7nWSpGMzslKKSUWUynFV4Q==",
            "content_type": "image/jpeg",
            "delete_all_object_versions": false,
            "id": "n/lr4poue3hwjl/b/ewp_image_store/o/weddings%2FTom%20and%20Rebecca%2F9.jpg",
            "metadata": {},
            "namespace": "lr4poue3hwjl",
            "object": "weddings/Tom and Rebecca/9.jpg",
            "opc_sse_kms_key_id": null,
            "source": "assets/weddings/Tom and Rebecca/9.jpg 2015-07-19 13:11:51 +0100 BST",
            "source_uri_details": [],
            "state": "COMPLETED",
            "storage_tier": "Standard",
            "timeouts": null,
            "version_id": "af55f425-2b21-48cf-9b29-8d63746bf4c7",
            "work_request_id": ""
          },
          "sensitive_attributes": [],
          "private": "eyJlMmJmYjczMC1lY2FhLTExZTYtOGY4OC0zNDM2M2JjN2M0YzAiOnsiY3JlYXRlIjoxMjAwMDAwMDAwMDAwLCJkZWxldGUiOjEyMDAwMDAwMDAwMDAsInVwZGF0ZSI6MTIwMDAwMDAwMDAwMH19",
          "dependencies": [
            "module.object-storage.oci_objectstorage_bucket.ewp_image_storage"
          ]
        },
        {
          "index_key": 293,
          "schema_version": 0,
          "attributes": {
            "bucket": "ewp_image_store",
            "cache_control": null,
            "content": null,
            "content_disposition": null,
            "content_encoding": null,
            "content_language": null,
            "content_length": "381742",
            "content_md5": "Ycasv/J1LDIEIyidoxA/NA==",
            "content_type": "image/jpeg",
            "delete_all_object_versions": false,
            "id": "n/lr4poue3hwjl/b/ewp_image_store/o/weddings%2FTom%20and%20Rebecca%2Fcover.jpg",
            "metadata": {},
            "namespace": "lr4poue3hwjl",
            "object": "weddings/Tom and Rebecca/cover.jpg",
            "opc_sse_kms_key_id": null,
            "source": "assets/weddings/Tom and Rebecca/cover.jpg 2015-07-19 13:06:15 +0100 BST",
            "source_uri_details": [],
            "state": "COMPLETED",
            "storage_tier": "Standard",
            "timeouts": null,
            "version_id": "9b46c178-adf4-4889-ad16-fda0216508bc",
            "work_request_id": ""
          },
          "sensitive_attributes": [],
          "private": "eyJlMmJmYjczMC1lY2FhLTExZTYtOGY4OC0zNDM2M2JjN2M0YzAiOnsiY3JlYXRlIjoxMjAwMDAwMDAwMDAwLCJkZWxldGUiOjEyMDAwMDAwMDAwMDAsInVwZGF0ZSI6MTIwMDAwMDAwMDAwMH19",
          "dependencies": [
            "module.object-storage.oci_objectstorage_bucket.ewp_image_storage"
          ]
        }
      ]
    }
  ],
  "check_results": null
}
