{
  "version": 4,
  "terraform_version": "1.5.6",
  "serial": 1378,
  "lineage": "b2b40986-67e7-24ec-d442-4640072c4cb7",
  "outputs": {
    "ads": {
      "value": [
        {
          "compartment_id": "ocid1.tenancy.oc1..aaaaaaaa7ir42cknj7xvbqc77vftjpvx7aavbueua4hzkuaur6wx7lyyvuxq",
          "id": "ocid1.availabilitydomain.oc1..aaaaaaaapjv4p3qtly2fesrig77q4tlmi3wvakeet6fskc7do2fmawz3xctq",
          "name": "bKRu:UK-LONDON-1-AD-1"
        },
        {
          "compartment_id": "ocid1.tenancy.oc1..aaaaaaaa7ir42cknj7xvbqc77vftjpvx7aavbueua4hzkuaur6wx7lyyvuxq",
          "id": "ocid1.availabilitydomain.oc1..aaaaaaaaw2i3i53quioaywmhx56ss5plwk7bmmeg2266lo7inilhbizeroua",
          "name": "bKRu:UK-LONDON-1-AD-2"
        },
        {
          "compartment_id": "ocid1.tenancy.oc1..aaaaaaaa7ir42cknj7xvbqc77vftjpvx7aavbueua4hzkuaur6wx7lyyvuxq",
          "id": "ocid1.availabilitydomain.oc1..aaaaaaaac6kgqnl5eberztbdm2ufhpxohk7cuelajmafpqa3m6rpri4tc2yq",
          "name": "bKRu:UK-LONDON-1-AD-3"
        }
      ],
      "type": [
        "list",
        [
          "object",
          {
            "compartment_id": "string",
            "id": "string",
            "name": "string"
          }
        ]
      ]
    },
    "subnet_id_1": {
      "value": "ocid1.subnet.oc1.uk-london-1.aaaaaaaaa7qwyccez5sq2bi6uusdbl3ep3riqoss4kcrqcy74yfmxnqiggfq",
      "type": "string"
    }
  },
  "resources": [
    {
      "module": "module.compute",
      "mode": "data",
      "type": "cloudinit_config",
      "name": "ewp",
      "provider": "provider[\"registry.terraform.io/hashicorp/cloudinit\"]",
      "instances": [
        {
          "index_key": "0",
          "schema_version": 0,
          "attributes": {
            "base64_encode": true,
            "boundary": "MIMEBOUNDARY",
            "gzip": true,
            "id": "3288641558",
            "part": [
              {
                "content": "hostname: ewp_instance_1\npackage_update: true\npackage_upgrade: false\npackages:\n- \"apt-transport-https\"\n- \"build-essential\"\n- \"ca-certificates\"\n- \"curl\"\n- \"jq\"\n- \"lsb-release\"\n- \"make\"\n- \"python3-pip\"\n- \"software-properties-common\"\n- \"tmux\"\n- \"tree\"\n- \"unzip\"\n\nusers:\n- default\n- name: docker\n  primary_group: docker\n  groups: docker\n  home: /home/docker\n  shell: /bin/bash\n  sudo: ALL=(ALL) NOPASSWD:ALL\n  ssh_authorized_keys:\n  - ssh-rsa AAAAB3NzaC1yc2EAAAADAQABAAACAQC2vol4ffwDIehsFecZmYqxs6RwmdSixKyf2dLZ/ek0h8BHPQ6HcvoCxbyVdJxFK7hOh7NRCYMxCW9V+0tgclgNO+7h9rfMEc2u6m8GgOMgZEKvI/gohqSGoET1t/eVq6b0X9RxIVxya7W1g+D87dQIh063sbv+GJFoqV0LP7MAXpYQb3aR4Y8Qe9M3rKb0uDKKGYWZJgJfXeGhdu+j51dWuYIzH1NzR4mc7enF2rC8cGd0FOreGWe2/lzwZzcJ8ONf6XeLpwz29MWNusSTrEvRLmTQ6yH5aCSMwzysr9BhyJRV5ewoJDnBESCAcdBaIZAjlpveJqQgqyYoJ018C77HY2ywYfjgJW3AIUiQLqPtGFJMadNJ3LP4/vgjgp3LvpeuiiKbC6eEax9I+4my06RFCNtHP+ADfhwRryUm1w81DG9mSTayW7abMgdq5t3UMNTofBAxrffexqEOgwU9Ik5aPWfB8ibZAMMo5+V26myHRJP4QUeCQVU0vdMF+GSMX6gTcZJVciDRhznsHUAcILLm0D7RLUMP6bO9gUFqrv205SdYTvdX3uSzFZX8PvqHHbKplHpkNGkQlvwy+gKd84wNsAiuONPqi+yftMcCvJqg4ZYD1GgaQzx9QXYmgzegb9BVwethsgZQZy5GLscUtsjh288NV14ZMbuYZJ/KIO2S8Q==\n\n  - ssh-rsa AAAAB3NzaC1yc2EAAAADAQABAAACAQC2vol4ffwDIehsFecZmYqxs6RwmdSixKyf2dLZ/ek0h8BHPQ6HcvoCxbyVdJxFK7hOh7NRCYMxCW9V+0tgclgNO+7h9rfMEc2u6m8GgOMgZEKvI/gohqSGoET1t/eVq6b0X9RxIVxya7W1g+D87dQIh063sbv+GJFoqV0LP7MAXpYQb3aR4Y8Qe9M3rKb0uDKKGYWZJgJfXeGhdu+j51dWuYIzH1NzR4mc7enF2rC8cGd0FOreGWe2/lzwZzcJ8ONf6XeLpwz29MWNusSTrEvRLmTQ6yH5aCSMwzysr9BhyJRV5ewoJDnBESCAcdBaIZAjlpveJqQgqyYoJ018C77HY2ywYfjgJW3AIUiQLqPtGFJMadNJ3LP4/vgjgp3LvpeuiiKbC6eEax9I+4my06RFCNtHP+ADfhwRryUm1w81DG9mSTayW7abMgdq5t3UMNTofBAxrffexqEOgwU9Ik5aPWfB8ibZAMMo5+V26myHRJP4QUeCQVU0vdMF+GSMX6gTcZJVciDRhznsHUAcILLm0D7RLUMP6bO9gUFqrv205SdYTvdX3uSzFZX8PvqHHbKplHpkNGkQlvwy+gKd84wNsAiuONPqi+yftMcCvJqg4ZYD1GgaQzx9QXYmgzegb9BVwethsgZQZy5GLscUtsjh288NV14ZMbuYZJ/KIO2S8Q==\nwrite_files:\n- path: /home/docker/.ssh/id_rsa\n  defer: true\n  owner: \"docker:docker\"\n  permissions: \"0600\"\n  content: |\n    -----BEGIN RSA PRIVATE KEY-----\n    MIIJKgIBAAKCAgEAtr6JeH38AyHobBXnGZmKsbOkcJnUosSsn9nS2f3pNIfARz0O\n    h3L6AsW8lXScRSu4ToezUQmDMQlvVftLYHJYDTvu4fa3zBHNrupvBoDjIGRCryP4\n    KIakhqBE9bf3laum9F/UcSFccmu1tYPg/O3UCIdOt7G7/hiRaKldCz+zAF6WEG92\n    keGPEHvTN6ym9LgyihmFmSYCX13hoXbvo+dXVrmCMx9Tc0eJnO3pxdqwvHBndBTq\n    3hlntv5c8Gc3CfDjX+l3i6cM9vTFjbrEk6xL0S5k0Osh+WgkjMM8rK/QYciUVeXs\n    KCQ5wREggHHQWiGQI5ab3iakIKsmKCdNfAu+x2NssGH44CVtwCFIkC6j7RhSTGnT\n    Sdyz+P74I4Kdy76XrooimwunhGsfSPuJstOkRQjbRz/gA34cEa8lJtcPNQxvZkk2\n    slu2mzIHaubd1DDU6HwQMa333sahDoMFPSJOWj1nwfIm2QDDKOfldupsh0ST+EFH\n    gkFVNL3TBfhkjF+oE3GSVXIg0Yc57B1AHCCy5tA+0S1DD+mzvYFBaq79tOUnWE73\n    V97ksxWV/D76hx2yqZR6ZDRpEJb8MvoCnfOMDbAIrjjT6ovsn7THAryaoOGWA9Ro\n    GkM8fUF2JoM3oG/QVcHrYbIGUGcuRi7HFLbI4dvPDVdeGTG7mGSfyiDtkvECAwEA\n    AQKCAgBcgXEnXGbw0v5LkH7Ot6m8sJoiIczApFxaArK4hM7DN6C+rwqmyC4Er0H6\n    SfA9F5eRsSG1eOI/NW51kOKkLN2jvV38Zp69n5mF3Mhc+2t93yLec4/QO/AW8hRW\n    akzbJ+w4sjXhGqkohpuSCfMfNejqdEwFsuPeCWO6HlmqMxGSs061fScBS7PW/Ud7\n    XFubb46t16OIVfRHgEeSK5m9V4MftIJTDJ16spDXrpty+3QRv7iuy1PlH+kfef1j\n    +GulDZqb15wbRnHKpTdHum597m7msdx44T3ueahe1QnmxIzwos9r+Bqma0gNEnVo\n    b7Svm2PSkA/Q0bCtlNWY5+RSUcO9YNIA5yQ0Q3gNPQ0orLga07emeypIooHZwulb\n    wQre1NoD91NmUFsm3+KACWN+5F+tjvYLy73CcxMU4ST6sV1Vs6WAlnjSHshpTpvj\n    bv6DLJzqf53e6vWYsKhqHKTZjzHU/RCkmoCtwhDN5h0kTCDh4+3zhHGWzbbGRglq\n    MxuD3nfjBHONwszozZoOgodJm2U5w6DIdKcqhNVRq6GmrulCbcKchLofvCI5Fya7\n    gDL4FwXAPjUQz8tYSpqpKWB9F0QIG49eN65YACWeIEqWbV9ICMI7GEgnky79J45I\n    m0hEmRzvDQVQyC91N4xT+WkQXcM0ElW14xp3/SXgF1D5dlnobQKCAQEA79SGTcy1\n    eNTKPwWF8F/1osY/TKcbv2enKsbX3DHWAXhDAExs0oOXMqUkIuI2k8i8H1cMitld\n    CAr2Ic5oNqgEFaBFlPezFUACratoWcYGvoqagDA00cfOZH1m7LStOzKqmOCXqjjS\n    2ErPM31miR94LToRjcEAAY8lGVosl5Dmm7gFV2Z8TsCrdPWoeCXLYJ9iA2Qd+jEH\n    MbmMxTU5oVv8Pf+lWVZgnX9qi+LwD6Lti91qvb1G7ypaYJCc1bh+h8Dtvy2ePFLH\n    B27+cuAYYMbDBz+8QzvE0jckn7/3Kzlr9TUUxtGSPIWzDBaZGsR2gHl9QEAZuS/+\n    orQ04T4kIRIvcwKCAQEAwxC1VxM5LSObnRYzXcBLDB5Tm2VM49v8eg+lUIPd+T6O\n    5Lxq3NCP1ViZqXCMXtvSI2b2QRwd0tz7Yykj9YKF7LLeGBiv56ETRAQ1pN5P6TQE\n    oBEraITTkQJpvtXL2mVTIOZwAe4JmA5qnM8EM3xgmJFZf7cJc0UphoyeDG6RN0+x\n    CWn9IDzJTjXw9tTZXFUCPkb0z5Mnzx7s68XMQQRyD5OXVsbIFtqi8X1hhiC1hvQo\n    BWA0py0CVH4P3SzxRQghN50fYXUEsYU2mTnTSz8r2ERU7am+9NcTFcJQc5a1zKVU\n    nMUFdM5ZYTkXx0KVRRdBcE7ozuxnR9gBsgcyDeATCwKCAQEAndNF7rzgT3v4/DAu\n    TFlZ1JyR22e9IuCbadMhCo7hPmZd8TxaAM8IGRQEC9DCCc73vcgTQOx6BGjyQJ0M\n    h6tZxMGMCNRYzYsqOA+sxCdFGO8tbV5L5CGQ+SBtMyhTN7nH+oMSS7rJRf01DbVg\n    XKyQ8XJdSuPPlTcWOvDUl4mLuL4JBdMzyr+QFY/0Jdz5UcSRQ5oHADZzfY2VzdGQ\n    81cNT9+EeJ4XRo4rF5NoV2Ho4Tn8nJCKtakxgIqqKxsWaU/VJRJoJ1pyD7pDSGWg\n    pU8n2QVgZv5WL+CKAXbauV84ZE1iNtSDX8C8ayAT8UGImlNY0YddZjjnYTsl8XRr\n    YjgNcQKCAQEAoTDRaR8NhGuEUA7ka3hXi7ATzrmrDC/hNsxvA1W0vB4h3oqEk+wU\n    r2wDrqy+kjR8NZ0DqVIeovzRD2QTvvEY0jwMo0TjNzk3vmDsI01CI6dEmzEU+c2p\n    No8T6wqo5dQNGYbS0AVwECL5npLDGfiRqgGSP6N1P7fLVNAmWoeToG1OEkVvUpBo\n    mSSh9pZ094OX0va3nkAwCUu45CwTWTbfOlfwG1kwRxJsy7mcOUYWO2rPF4IkgHEF\n    F+UEHvTgevb43AgOwm38buVx9LSAEhIlnRT6SVqX3aNMthJYgOvtVyrX/KQimh9a\n    ZKjVKWewCePpw3CxmSxpPEkXPZIMnsKneQKCAQEAoFVpkz6TUPdgqynrwprkpbHL\n    atyCBwb901QkxIzX7wrH+SbSgG5bfOkwpVCwOkISXDJAXNe+BQCKKrkORZ6OYqWm\n    6E5ED1DI3zP874ecBL/Bssj5FpD5sEV78zsFRx/5fQu1/8CbNEdPxK+q4f7hF4UY\n    vDcPK4RyVmbObOyz4OKNz34ApJ7AVxhs3ZoaJRPGb1dhbVwOiDO9YmBByKdxhilX\n    cBubzHsc72eK3A4LltH7/dzHBpv8saZh6l8Hgcz9Buo4lX8edaJDtzCrTfAWSl1D\n    g0bP1MawJbB51nLdRjTlgMpwkT4VE/dCC3GHgVNJdgondhLG7NWir/TWsXjWvQ==\n    -----END RSA PRIVATE KEY-----\n    \n- path: /home/docker/.ssh/id_rsa.pub\n  defer: true\n  owner: \"docker:docker\"\n  permissions: \"0600\"\n  content: |\n    ssh-rsa AAAAB3NzaC1yc2EAAAADAQABAAACAQC2vol4ffwDIehsFecZmYqxs6RwmdSixKyf2dLZ/ek0h8BHPQ6HcvoCxbyVdJxFK7hOh7NRCYMxCW9V+0tgclgNO+7h9rfMEc2u6m8GgOMgZEKvI/gohqSGoET1t/eVq6b0X9RxIVxya7W1g+D87dQIh063sbv+GJFoqV0LP7MAXpYQb3aR4Y8Qe9M3rKb0uDKKGYWZJgJfXeGhdu+j51dWuYIzH1NzR4mc7enF2rC8cGd0FOreGWe2/lzwZzcJ8ONf6XeLpwz29MWNusSTrEvRLmTQ6yH5aCSMwzysr9BhyJRV5ewoJDnBESCAcdBaIZAjlpveJqQgqyYoJ018C77HY2ywYfjgJW3AIUiQLqPtGFJMadNJ3LP4/vgjgp3LvpeuiiKbC6eEax9I+4my06RFCNtHP+ADfhwRryUm1w81DG9mSTayW7abMgdq5t3UMNTofBAxrffexqEOgwU9Ik5aPWfB8ibZAMMo5+V26myHRJP4QUeCQVU0vdMF+GSMX6gTcZJVciDRhznsHUAcILLm0D7RLUMP6bO9gUFqrv205SdYTvdX3uSzFZX8PvqHHbKplHpkNGkQlvwy+gKd84wNsAiuONPqi+yftMcCvJqg4ZYD1GgaQzx9QXYmgzegb9BVwethsgZQZy5GLscUtsjh288NV14ZMbuYZJ/KIO2S8Q==\n    \n",
                "content_type": "text/cloud-config",
                "filename": "cloud-config.cfg",
                "merge_type": null
              },
              {
                "content": "#!/bin/sh\nsed -i \"s/-A INPUT -j REJECT --reject-with icmp-host-prohibited//\" /etc/iptables/rules.v4\nnetfilter-persistent start\nchown docker:docker /home/docker/.ssh/authorized_keys\n",
                "content_type": "text/x-shellscript",
                "filename": "allow-inbound-traffic.sh",
                "merge_type": null
              }
            ],
            "rendered": "H4sIAAAAAAAA/+yZx87zWHKw9y/Q96D/+zc2CLVIMb+DXlDMFIMYxKDNB2ZSzDnAF29Imhn3eDwwYHs1aG3IU6f4sFinVHUC3dRjXI9Ha2vj70M1lWPe+v14qvI1jv50CJqpjvx+++2HIirsRburDGV4P75eraMd90Pe1N8H6Ffwl69fvo7H3yv98vUXNpMPbTPk41vXH0c/zKq4Hv90SPIyrv0q/u1HWDZTdAybOsnTX8Mk/fEfT1u9Xw9J3B/ZOmyivE6/D3iQj79TeJs+xut4+j3mly8lr+K/MzJrhvH1zu9DvLQ/83oY/TqMf0JfrR8Wfhr/nNrIH1/Afop/J0x7P4q/D4lfDn8VD99fx8MPvx2P48vItunHYzaO7fDjJQ+mvIyO8TDE9Zj75VsW+scw7sc8yUN/jD964dR/Op/d+1IOwbGPy9gf4ne78ovPTbuNWVPDxzZv3+2hScbF7+Nj2zftixoPx7CpqqZ+d4/VtH5u+vgDmOr99ejXNMT92/YoTvypHL+Oh49LoiYs4v7rcGj7vPL77WfaN1P7O/m7PfxOkDWv506vy+mvwiGLy/L7cAry+hT4Q/YSTVHzfaBk+bd/oWT5Xw+qdqNM02G+KVl+dQ/ZT38as6bP9zj6WcTb8P11OBxfHcd+8A8URVEXWN19GtrCM/tqMpROXSiKoimdPs9NiSTJwohxNnBx+Ki8bh0wY6kiM1+vW3KO5McpLsCMuAg3HRPCuaHXYLMjaeWueKZluGrQnrLSDmkD4JiGZapqAJ6RfaKw4XnCKoJPNSV9sNdZPKVN1pl8w1rQeIrtDgtAlzRW0V43H3egFGAIPNLFDMTgIZgBXuKazgblG65QbuvpAewbiEfoManA/TUAJ+Z65T3nIaVS4sZ8Fk3AE4UiZ/LEXYDU3UCqEI9r7tzTRMhHIKf1Me/E51O5L489lAhNTTA3lttlP5OKo06DafXsbMiVpWObgPq0qSz7NvTkJdskw0bjpZGY+sKaNBVGF198UM+ynWOp09Nu8xoJhAgaxwXvvC1e8kwlB6bEe67L3W3kOUnxI1WC5RtymtNn2sLy3MZTnl8DGotZfyVFAKk2EDM4Wh2FG0AxSbYY/XavoIWAGJ6sTMvfHNwPlDTq0BG+K6rVJBdq7ZMkXjtWS5c7KRaof3OSC5EHD0pRGhSwz1i1CYZ0Q/R7TOv2HZwjhQN4U3Gx1Aofkh3mjJHt9SDcqVCU5QpkcEO+Kzcs0Mj0znX9fAZRM/KsOXLhydy5h0vc5k4QgmtbCm2h8oVezssGpNeIQBZ1oPJJU29dDmzJqIT0LHUp8vAYiE99fV9J3fWqdI/TgLzYSzxmQ/rQHxvKy0N4H4dndiYI1YaQhxJM3kM6XUXtbBL6b799/RHZf0T2P2dkL30+xj9fdf1dX1p/zP62Opx+HYbslEc/+8H/OrwKUNz/udYeDs1Sv1o/Pqrfn8uPVzmK+yofXnV8+D78ADEQfEnDzwTg+/BvX4fD4XB8/S4sL6oHw6QON0O0KYs9XFnv3fPWUURRuqbihaKuNJWy1NhjUizABLUJTXBxa/5RXYdAK0KpvjeDOdRkbZ4TuFXFhDJ2UHtDMljGqMEhStcMDXNCrCbe73rFKHo528koe4LkMdY8IYkP7xdB7ad2vjTMU+QNut9uyBtyFf0i6y4sGSRw6U8VyZ3uocmFYTVBo3dLTxp8p8VIG3EeP2W54V/LiN6BneIwh+XJ8xtSxPyNFWZLxbaKlNMtzyquMj3aheCscYO5ASLX7itaWUkrBGOp1uB2jbplFi51dLG6NwTOynqc0ZDgQ5hOmKcLlHCOhQo5W9wz6NkCW2XQRAtQGzLASYunohD99aR7YX63Y3f4fA6to4vBpqkg6E7O6yLqB3DuF+J1qK50pCbUBKxndRh4AUFoe1xoTixo7IkbmWnxtfWGmNG2AzccEZFrtOGY2zdNXi1TnfFDYt4maRi1wtCfgbGfUgpGQtYnSmkMb6q+zo+i+PhkKKdztYuCPwURxDB3TFh0xYdhePAzplG4mylpzhOql0SszjrDXLWkjKZ2yEDTAlhOeEPSgrNVGbYuSVY8OaBhYd60XTEFvRDFLxAl0PSGjhQAmhDDANU+e9zF73By1O61w+LwG2KTeDGsjn1icCxbz1v3MLAHY7SsFBDK3NB1oilMQIn982lhzTzUuCVQ/eY3Gu9QpNG8IXyhEMmdO0uNAjf8SbdDofcCkb/z4WTkuMDJgYhE842xo5i3eLzizWTLmbGYWZpaWOoNofRXuF/C1GVrlw8WcEblQsC1EauIQWpyMdypllt9qr8imYIzKkYD/dJVG42wPShgn9FJKJJDY2MweSjWxJPqoFChXQtZPT9nGyYeLUbWaMXBShYC55GENzkOkZOunSiHyAznDfGLPZCABRmebsZ3RZO1k0knSqLGzy5iF26YbjHtaJhQVp2y8uYAYlBihhcTvzmne4S/IS43BQGCjRCmiXZiCCkbm1e0Im1ESUZRshgJwoaWcft23ABYN2Y8nzboVgpAkcQJ9HxDAH4qmUcXQOgSGLVwba1ImCqUxCu8GqIVQSx4iv0shvS6WsV9aQayBy5d5YOpytb2Z3QC3Jyr880sqJMOBvRYqo6HAoZ5DzXSU0UK3XRQh1P1poNNL6c+iMdVvLVi0wiPZSqDN2TR+xhSG4aE1OrODRUMXCnaUQGUA8bn7MkbDtPhqtwR08IGG7IHzKHK+mkKQ9Za7fz5nGDGGFnauwSFY2x2vOGadcLVejx34X4y6KJq6HHJGBXNwMKimQwB4D0TeGcPAt5Iy08qUNaJgevkeRE0dRn2Zn80WtpEUnW+owvGiNE17DLVNjqMr/qppIPwGmZyk8y0iHKb/xmdlJERbnGp2/Ou78TomW3XXp0LyYG6yCNkrGKoR9FOLLKdE9ikSCsizrNpXWw4KSGo+IZUYMZWxj4zuq1vNAmpyGoBTqG7oQKypQMhawufTDflIAaNyroJXhGusxROmrwVbtAbEqvW9bY4HMGdoGbwTtY1DOZzXF+HwIUZwaHcjKHYdQAbzVW6eyFO4rkgckKAQiUfy+gNoan+LIZoo3Ypy/kXrrzFO3en6N4fGyf0+Lnp/JShQDBMtIcAVbhsjtp+7SqNdrvn03xDzmx/U2Coyg0Ska3GeIYsRXlEydvNUKJMVeEpZ58fhDXQfXRzmph2ZU8ic+qsR8CT/SQlJaiU1bqjjT0TtwQoHfuR1i7Z5YC8MJg85iTUzQHE41vrexIdQkEGZAQzzts5vnHyB3I540A4UZ6nBMxlBwh9n1nwGRY1foKve9mT1v2+jrx5E52dufgPfjDOqVCSOks9JvMEvCFNr4OIhRSiIc7h8vH8stKQvSqobGpBbXi7G15k5oJa1dlWEHIm4hQo7+ItAizsU0ZRee1glb5Bdv7oXFpxx9kUz8FZN5YIHHfc24on6V05XJZj/pLPKMZaBqVDrYreMEtnP5Zc2N4XLavQpXYeXflc2ZaoPRYqRqSKQrtaIVgFXtNK4h4JHkoheG+zZosZHjNUEFg/Q+zUpMjskvV0F3K0Hi53p29FAO6oUu8rPmCEq+i6sTGo5tpDIHJjlxMulGU5DWWz/kkFF4cC2w2kbQG5wea+GnqaqSiYeO6dHbz7ubJqy9yJ/swad9yvAFINLS6U9BD1of1q39+QWrlzkYI+PKtwV/BqG0Z0CVm82ae1Nsj0MqThxsSURf/Z6XWkcni/pxY8IyeGmt4QiysfkLQZ53NMihMd+JGS0Q2e3apHRFirTymEyBs6S5MMTYc4PIeppWsrduGfmy6BymeSg42PVeEVWjW83Rs6jQKGlY44XiPGwEZllOZ1wLyMypZZKl4LQKOYJt5LRgJCTGCnn0R93XTClSJzut1KK3S0mbmXSCVPMiJdImXfekDnvBMoRTt6D01DRxuBYh574p3tPeL1N4SAQtUiATaWENdokJ5D1cY+Cw1i1UQt0dfRL9ZU7LrrOjj+/WRLhtRIULsxeMuYvPOxpL0T9Vm308eMOjJAXyk38CebQB4slKujybgETfgbZRF3XqxK1QO9KHo8n7VnDSXhGv0b4j1TNfxzomksxvANQs34ib1TeOHDmZvjlLX3Vc/Qp0wd1pmCHHC+IBncdGwBLJ8h7s8L03cbUDwNQn2ATGeLcTPvBnPWrXlmPfC5KA1oPdW9gOeKGUQQokUsYqudvQPhuX1D1IawsKVr0EhXeS8wQcpeWFpG61Zm+CQ3upQ3b5gK3fBEtlWqcprYanhIYwt7vreXT8RWppmR7QMkEc0FZx+uC2qh7xOC0ovlWEGilcnCQ8VirNKw4VWo3T1HO/c3DhGLVGC5N4QD7q8ZaBrPAQJTqbZUMBFM9krKJsVmYlkbFmbanQv7qjJmkpdq82hvvXu66nmVkf4b8rg+7asTL3R8axeYXitzbW9s4d4eolIP1zr+i9M5uy12zLrforTb6n5p+6INBPkztRg3+rIEJAjpxSruLr70AmAGZsqjQaIVS2vTi1aIpstIlKvGwEWnr9e+0IwHpnmdU70hGIuyDMSI8H4jcCQOL/LpMgxPlGsZdGBtnNgHzlhPaKJP0ImgA5WNbusV6JAEzzjk7r0hMxPeroix2VWgBdq2I9pV3WGEaiWcstdsgB+NLxk3PoCiLLAXLWc00qsul+0arVleum9IeJmCXRhC/BxfYQqRy1HAT9EuXNqZGPxHhpWEkIY7eZkapHSJOPIlZtzp3kooxywh5lOLweAGKf4iBRcUquXIeFplqrRLYSE2e4poGuaF1FalKG3qKJN5XHXy/mQ5g/t05teC7q8LK1Zl/vGy6r9d6v3aTsH/8XLvj/2TP/ZP/un2T95/pv/VSYpfls1yzOv3yc1x7P0kycNfh+x/eKKyHt+b+UPY5+34D45U/v//e+/0D9nXEEeHY374MZyO1EFUb3frcHweDFZiaetwPPbxMw7H45KP2SEPq/aYNcN4bPsmy4N8jKPT6cfhFI/hKW9HPyjj4dRPZTz8OiNfdTwmeTnG/bF9vX142XkYRr8fv8KsWerD3ySR/yIP/afThb9z8vH4y9e/BwAA//+MPPa1DRsAAA=="
          },
          "sensitive_attributes": [
            [
              {
                "type": "get_attr",
                "value": "part"
              },
              {
                "type": "index",
                "value": {
                  "value": 0,
                  "type": "number"
                }
              },
              {
                "type": "get_attr",
                "value": "content"
              }
            ]
          ]
        }
      ]
    },
    {
      "module": "module.compute",
      "mode": "data",
      "type": "http",
      "name": "apt_repo_key",
      "provider": "provider[\"registry.terraform.io/hashicorp/http\"]",
      "instances": [
        {
          "schema_version": 0,
          "attributes": {
            "body": "\n\u003c!DOCTYPE html\u003e\n\u003chtml lang=en\u003e\n  \u003cmeta charset=utf-8\u003e\n  \u003cmeta name=viewport content=\"initial-scale=1, minimum-scale=1, width=device-width\"\u003e\n  \u003ctitle\u003eError 404 (Not Found)!!1\u003c/title\u003e\n  \u003cstyle\u003e\n    *{margin:0;padding:0}html,code{font:15px/22px arial,sans-serif}html{background:#fff;color:#222;padding:15px}body{margin:7% auto 0;max-width:390px;min-height:180px;padding:30px 0 15px}* \u003e body{background:url(//www.google.com/images/errors/robot.png) 100% 5px no-repeat;padding-right:205px}p{margin:11px 0 22px;overflow:hidden}ins{color:#777;text-decoration:none}a img{border:0}@media screen and (max-width:772px){body{background:none;margin-top:0;max-width:none;padding-right:0}}#logo{background:url(//www.google.com/images/logos/errorpage/error_logo-150x54.png) no-repeat;margin-left:-5px}@media only screen and (min-resolution:192dpi){#logo{background:url(//www.google.com/images/logos/errorpage/error_logo-150x54-2x.png) no-repeat 0% 0%/100% 100%;-moz-border-image:url(//www.google.com/images/logos/errorpage/error_logo-150x54-2x.png) 0}}@media only screen and (-webkit-min-device-pixel-ratio:2){#logo{background:url(//www.google.com/images/logos/errorpage/error_logo-150x54-2x.png) no-repeat;-webkit-background-size:100% 100%}}#logo{display:inline-block;height:54px;width:150px}\n  \u003c/style\u003e\n  \u003ca href=//www.google.com/\u003e\u003cspan id=logo aria-label=Google\u003e\u003c/span\u003e\u003c/a\u003e\n  \u003cp\u003e\u003cb\u003e404.\u003c/b\u003e \u003cins\u003eThat’s an error.\u003c/ins\u003e\n  \u003cp\u003e  \u003cins\u003eThat’s all we know.\u003c/ins\u003e\n",
            "ca_cert_pem": null,
            "id": "https://packages.cloud.google.com/apt/doc/apt-key.gpg.asc",
            "insecure": null,
            "method": null,
            "request_body": null,
            "request_headers": null,
            "request_timeout_ms": null,
            "response_body": "\n\u003c!DOCTYPE html\u003e\n\u003chtml lang=en\u003e\n  \u003cmeta charset=utf-8\u003e\n  \u003cmeta name=viewport content=\"initial-scale=1, minimum-scale=1, width=device-width\"\u003e\n  \u003ctitle\u003eError 404 (Not Found)!!1\u003c/title\u003e\n  \u003cstyle\u003e\n    *{margin:0;padding:0}html,code{font:15px/22px arial,sans-serif}html{background:#fff;color:#222;padding:15px}body{margin:7% auto 0;max-width:390px;min-height:180px;padding:30px 0 15px}* \u003e body{background:url(//www.google.com/images/errors/robot.png) 100% 5px no-repeat;padding-right:205px}p{margin:11px 0 22px;overflow:hidden}ins{color:#777;text-decoration:none}a img{border:0}@media screen and (max-width:772px){body{background:none;margin-top:0;max-width:none;padding-right:0}}#logo{background:url(//www.google.com/images/logos/errorpage/error_logo-150x54.png) no-repeat;margin-left:-5px}@media only screen and (min-resolution:192dpi){#logo{background:url(//www.google.com/images/logos/errorpage/error_logo-150x54-2x.png) no-repeat 0% 0%/100% 100%;-moz-border-image:url(//www.google.com/images/logos/errorpage/error_logo-150x54-2x.png) 0}}@media only screen and (-webkit-min-device-pixel-ratio:2){#logo{background:url(//www.google.com/images/logos/errorpage/error_logo-150x54-2x.png) no-repeat;-webkit-background-size:100% 100%}}#logo{display:inline-block;height:54px;width:150px}\n  \u003c/style\u003e\n  \u003ca href=//www.google.com/\u003e\u003cspan id=logo aria-label=Google\u003e\u003c/span\u003e\u003c/a\u003e\n  \u003cp\u003e\u003cb\u003e404.\u003c/b\u003e \u003cins\u003eThat’s an error.\u003c/ins\u003e\n  \u003cp\u003e  \u003cins\u003eThat’s all we know.\u003c/ins\u003e\n",
            "response_body_base64": "CjwhRE9DVFlQRSBodG1sPgo8aHRtbCBsYW5nPWVuPgogIDxtZXRhIGNoYXJzZXQ9dXRmLTg+CiAgPG1ldGEgbmFtZT12aWV3cG9ydCBjb250ZW50PSJpbml0aWFsLXNjYWxlPTEsIG1pbmltdW0tc2NhbGU9MSwgd2lkdGg9ZGV2aWNlLXdpZHRoIj4KICA8dGl0bGU+RXJyb3IgNDA0IChOb3QgRm91bmQpISExPC90aXRsZT4KICA8c3R5bGU+CiAgICAqe21hcmdpbjowO3BhZGRpbmc6MH1odG1sLGNvZGV7Zm9udDoxNXB4LzIycHggYXJpYWwsc2Fucy1zZXJpZn1odG1se2JhY2tncm91bmQ6I2ZmZjtjb2xvcjojMjIyO3BhZGRpbmc6MTVweH1ib2R5e21hcmdpbjo3JSBhdXRvIDA7bWF4LXdpZHRoOjM5MHB4O21pbi1oZWlnaHQ6MTgwcHg7cGFkZGluZzozMHB4IDAgMTVweH0qID4gYm9keXtiYWNrZ3JvdW5kOnVybCgvL3d3dy5nb29nbGUuY29tL2ltYWdlcy9lcnJvcnMvcm9ib3QucG5nKSAxMDAlIDVweCBuby1yZXBlYXQ7cGFkZGluZy1yaWdodDoyMDVweH1we21hcmdpbjoxMXB4IDAgMjJweDtvdmVyZmxvdzpoaWRkZW59aW5ze2NvbG9yOiM3Nzc7dGV4dC1kZWNvcmF0aW9uOm5vbmV9YSBpbWd7Ym9yZGVyOjB9QG1lZGlhIHNjcmVlbiBhbmQgKG1heC13aWR0aDo3NzJweCl7Ym9keXtiYWNrZ3JvdW5kOm5vbmU7bWFyZ2luLXRvcDowO21heC13aWR0aDpub25lO3BhZGRpbmctcmlnaHQ6MH19I2xvZ297YmFja2dyb3VuZDp1cmwoLy93d3cuZ29vZ2xlLmNvbS9pbWFnZXMvbG9nb3MvZXJyb3JwYWdlL2Vycm9yX2xvZ28tMTUweDU0LnBuZykgbm8tcmVwZWF0O21hcmdpbi1sZWZ0Oi01cHh9QG1lZGlhIG9ubHkgc2NyZWVuIGFuZCAobWluLXJlc29sdXRpb246MTkyZHBpKXsjbG9nb3tiYWNrZ3JvdW5kOnVybCgvL3d3dy5nb29nbGUuY29tL2ltYWdlcy9sb2dvcy9lcnJvcnBhZ2UvZXJyb3JfbG9nby0xNTB4NTQtMngucG5nKSBuby1yZXBlYXQgMCUgMCUvMTAwJSAxMDAlOy1tb3otYm9yZGVyLWltYWdlOnVybCgvL3d3dy5nb29nbGUuY29tL2ltYWdlcy9sb2dvcy9lcnJvcnBhZ2UvZXJyb3JfbG9nby0xNTB4NTQtMngucG5nKSAwfX1AbWVkaWEgb25seSBzY3JlZW4gYW5kICgtd2Via2l0LW1pbi1kZXZpY2UtcGl4ZWwtcmF0aW86Mil7I2xvZ297YmFja2dyb3VuZDp1cmwoLy93d3cuZ29vZ2xlLmNvbS9pbWFnZXMvbG9nb3MvZXJyb3JwYWdlL2Vycm9yX2xvZ28tMTUweDU0LTJ4LnBuZykgbm8tcmVwZWF0Oy13ZWJraXQtYmFja2dyb3VuZC1zaXplOjEwMCUgMTAwJX19I2xvZ297ZGlzcGxheTppbmxpbmUtYmxvY2s7aGVpZ2h0OjU0cHg7d2lkdGg6MTUwcHh9CiAgPC9zdHlsZT4KICA8YSBocmVmPS8vd3d3Lmdvb2dsZS5jb20vPjxzcGFuIGlkPWxvZ28gYXJpYS1sYWJlbD1Hb29nbGU+PC9zcGFuPjwvYT4KICA8cD48Yj40MDQuPC9iPiA8aW5zPlRoYXTigJlzIGFuIGVycm9yLjwvaW5zPgogIDxwPiAgPGlucz5UaGF04oCZcyBhbGwgd2Uga25vdy48L2lucz4K",
            "response_headers": {
              "Alt-Svc": "h3=\":443\"; ma=2592000,h3-29=\":443\"; ma=2592000",
              "Content-Length": "1449",
              "Content-Security-Policy": "object-src 'none'; script-src 'nonce-JHjhMMFxqG/R5jRsXe5dblFkgfM=' 'unsafe-inline'; base-uri 'none'; report-uri https://csp.withgoogle.com/csp/rapture/",
              "Content-Type": "text/html; charset=utf-8",
              "Date": "Sat, 26 Aug 2023 20:35:43 GMT",
              "X-Content-Type-Options": "nosniff",
              "X-Frame-Options": "SAMEORIGIN",
              "X-Xss-Protection": "0"
            },
            "retry": null,
            "status_code": 404,
            "url": "https://packages.cloud.google.com/apt/doc/apt-key.gpg.asc"
          },
          "sensitive_attributes": []
        }
      ]
    },
    {
      "module": "module.compute",
      "mode": "data",
      "type": "oci_core_images",
      "name": "ewp_images",
      "provider": "provider[\"registry.terraform.io/hashicorp/oci\"]",
      "instances": [
        {
          "schema_version": 0,
          "attributes": {
            "compartment_id": "ocid1.tenancy.oc1..aaaaaaaa7ir42cknj7xvbqc77vftjpvx7aavbueua4hzkuaur6wx7lyyvuxq",
            "display_name": null,
            "filter": null,
            "id": "CoreImagesDataSource-3725865474",
            "images": [
              {
                "agent_features": [],
                "base_image_id": "",
                "billable_size_in_gbs": "5",
                "compartment_id": "",
                "create_image_allowed": true,
                "defined_tags": {},
                "display_name": "Oracle-Linux-8.8-2023.08.16-0",
                "freeform_tags": {},
                "id": "ocid1.image.oc1.uk-london-1.aaaaaaaap2ang26wvxlqk4pwf6xm7cgxcys63q7xtr3quylaynznxioqwiaq",
                "image_source_details": [],
                "instance_id": "",
                "launch_mode": "NATIVE",
                "launch_options": [
                  {
                    "boot_volume_type": "PARAVIRTUALIZED",
                    "firmware": "UEFI_64",
                    "is_consistent_volume_naming_enabled": true,
                    "is_pv_encryption_in_transit_enabled": true,
                    "network_type": "PARAVIRTUALIZED",
                    "remote_data_volume_type": "PARAVIRTUALIZED"
                  }
                ],
                "listing_type": "",
                "operating_system": "Oracle Linux",
                "operating_system_version": "8",
                "size_in_mbs": "47694",
                "state": "AVAILABLE",
                "time_created": "2023-08-18 16:51:59.346 +0000 UTC"
              },
              {
                "agent_features": [],
                "base_image_id": "",
                "billable_size_in_gbs": "5",
                "compartment_id": "",
                "create_image_allowed": true,
                "defined_tags": {},
                "display_name": "Oracle-Linux-8.8-2023.07.31-1",
                "freeform_tags": {},
                "id": "ocid1.image.oc1.uk-london-1.aaaaaaaadhw2zmwuwszxldkb674qwfqyrus5gwrsx6wenxqnbr2vxqlzvh4a",
                "image_source_details": [],
                "instance_id": "",
                "launch_mode": "NATIVE",
                "launch_options": [
                  {
                    "boot_volume_type": "PARAVIRTUALIZED",
                    "firmware": "UEFI_64",
                    "is_consistent_volume_naming_enabled": true,
                    "is_pv_encryption_in_transit_enabled": true,
                    "network_type": "PARAVIRTUALIZED",
                    "remote_data_volume_type": "PARAVIRTUALIZED"
                  }
                ],
                "listing_type": "",
                "operating_system": "Oracle Linux",
                "operating_system_version": "8",
                "size_in_mbs": "47694",
                "state": "AVAILABLE",
                "time_created": "2023-08-04 06:58:46.337 +0000 UTC"
              },
              {
                "agent_features": [],
                "base_image_id": "",
                "billable_size_in_gbs": "5",
                "compartment_id": "",
                "create_image_allowed": true,
                "defined_tags": {},
                "display_name": "Oracle-Linux-8.8-2023.06.30-0",
                "freeform_tags": {},
                "id": "ocid1.image.oc1.uk-london-1.aaaaaaaa7dx444ycwree3y5pon6mmh2k2fe5kiymj6xcakxof2jqdtbu642q",
                "image_source_details": [],
                "instance_id": "",
                "launch_mode": "NATIVE",
                "launch_options": [
                  {
                    "boot_volume_type": "PARAVIRTUALIZED",
                    "firmware": "UEFI_64",
                    "is_consistent_volume_naming_enabled": true,
                    "is_pv_encryption_in_transit_enabled": true,
                    "network_type": "PARAVIRTUALIZED",
                    "remote_data_volume_type": "PARAVIRTUALIZED"
                  }
                ],
                "listing_type": "",
                "operating_system": "Oracle Linux",
                "operating_system_version": "8",
                "size_in_mbs": "47694",
                "state": "AVAILABLE",
                "time_created": "2023-07-12 05:30:42.581 +0000 UTC"
              }
            ],
            "operating_system": "Oracle Linux",
            "operating_system_version": "8",
            "shape": "VM.Standard.E2.1.Micro",
            "sort_by": "TIMECREATED",
            "sort_order": "DESC",
            "state": null
          },
          "sensitive_attributes": []
        }
      ]
    },
    {
      "module": "module.compute",
      "mode": "data",
      "type": "oci_identity_availability_domains",
      "name": "ad",
      "provider": "provider[\"registry.terraform.io/hashicorp/oci\"]",
      "instances": [
        {
          "schema_version": 0,
          "attributes": {
            "availability_domains": [
              {
                "compartment_id": "ocid1.tenancy.oc1..aaaaaaaa7ir42cknj7xvbqc77vftjpvx7aavbueua4hzkuaur6wx7lyyvuxq",
                "id": "ocid1.availabilitydomain.oc1..aaaaaaaapjv4p3qtly2fesrig77q4tlmi3wvakeet6fskc7do2fmawz3xctq",
                "name": "bKRu:UK-LONDON-1-AD-1"
              },
              {
                "compartment_id": "ocid1.tenancy.oc1..aaaaaaaa7ir42cknj7xvbqc77vftjpvx7aavbueua4hzkuaur6wx7lyyvuxq",
                "id": "ocid1.availabilitydomain.oc1..aaaaaaaaw2i3i53quioaywmhx56ss5plwk7bmmeg2266lo7inilhbizeroua",
                "name": "bKRu:UK-LONDON-1-AD-2"
              },
              {
                "compartment_id": "ocid1.tenancy.oc1..aaaaaaaa7ir42cknj7xvbqc77vftjpvx7aavbueua4hzkuaur6wx7lyyvuxq",
                "id": "ocid1.availabilitydomain.oc1..aaaaaaaac6kgqnl5eberztbdm2ufhpxohk7cuelajmafpqa3m6rpri4tc2yq",
                "name": "bKRu:UK-LONDON-1-AD-3"
              }
            ],
            "compartment_id": "ocid1.tenancy.oc1..aaaaaaaa7ir42cknj7xvbqc77vftjpvx7aavbueua4hzkuaur6wx7lyyvuxq",
            "filter": null,
            "id": "IdentityAvailabilityDomainsDataSource-833945507"
          },
          "sensitive_attributes": []
        }
      ]
    },
    {
      "module": "module.compute",
      "mode": "data",
      "type": "template_file",
      "name": "ad_names",
      "provider": "provider[\"registry.terraform.io/hashicorp/template\"]",
      "instances": [
        {
          "index_key": 0,
          "schema_version": 0,
          "attributes": {
            "filename": null,
            "id": "2d15789160306cb7e376b476b06e93b2baf6503721f088d4fa1a9700ddb46f37",
            "rendered": "bKRu:UK-LONDON-1-AD-1",
            "template": "bKRu:UK-LONDON-1-AD-1",
            "vars": null
          },
          "sensitive_attributes": []
        },
        {
          "index_key": 1,
          "schema_version": 0,
          "attributes": {
            "filename": null,
            "id": "567785060efc42683629883382163d576be55243bced995d6b71b3d1e8866247",
            "rendered": "bKRu:UK-LONDON-1-AD-2",
            "template": "bKRu:UK-LONDON-1-AD-2",
            "vars": null
          },
          "sensitive_attributes": []
        },
        {
          "index_key": 2,
          "schema_version": 0,
          "attributes": {
            "filename": null,
            "id": "2ef06edc6bb2c11aa9431b5c6c75946e477c3a8d0a8d3ffc7c0e3b16d49bce45",
            "rendered": "bKRu:UK-LONDON-1-AD-3",
            "template": "bKRu:UK-LONDON-1-AD-3",
            "vars": null
          },
          "sensitive_attributes": []
        }
      ]
    },
    {
      "module": "module.compute",
      "mode": "managed",
      "type": "local_file",
      "name": "ssh_private_key",
      "provider": "provider[\"registry.terraform.io/hashicorp/local\"]",
      "instances": [
        {
          "schema_version": 0,
          "attributes": {
            "content": "-----BEGIN RSA PRIVATE KEY-----\nMIIJKgIBAAKCAgEAtr6JeH38AyHobBXnGZmKsbOkcJnUosSsn9nS2f3pNIfARz0O\nh3L6AsW8lXScRSu4ToezUQmDMQlvVftLYHJYDTvu4fa3zBHNrupvBoDjIGRCryP4\nKIakhqBE9bf3laum9F/UcSFccmu1tYPg/O3UCIdOt7G7/hiRaKldCz+zAF6WEG92\nkeGPEHvTN6ym9LgyihmFmSYCX13hoXbvo+dXVrmCMx9Tc0eJnO3pxdqwvHBndBTq\n3hlntv5c8Gc3CfDjX+l3i6cM9vTFjbrEk6xL0S5k0Osh+WgkjMM8rK/QYciUVeXs\nKCQ5wREggHHQWiGQI5ab3iakIKsmKCdNfAu+x2NssGH44CVtwCFIkC6j7RhSTGnT\nSdyz+P74I4Kdy76XrooimwunhGsfSPuJstOkRQjbRz/gA34cEa8lJtcPNQxvZkk2\nslu2mzIHaubd1DDU6HwQMa333sahDoMFPSJOWj1nwfIm2QDDKOfldupsh0ST+EFH\ngkFVNL3TBfhkjF+oE3GSVXIg0Yc57B1AHCCy5tA+0S1DD+mzvYFBaq79tOUnWE73\nV97ksxWV/D76hx2yqZR6ZDRpEJb8MvoCnfOMDbAIrjjT6ovsn7THAryaoOGWA9Ro\nGkM8fUF2JoM3oG/QVcHrYbIGUGcuRi7HFLbI4dvPDVdeGTG7mGSfyiDtkvECAwEA\nAQKCAgBcgXEnXGbw0v5LkH7Ot6m8sJoiIczApFxaArK4hM7DN6C+rwqmyC4Er0H6\nSfA9F5eRsSG1eOI/NW51kOKkLN2jvV38Zp69n5mF3Mhc+2t93yLec4/QO/AW8hRW\nakzbJ+w4sjXhGqkohpuSCfMfNejqdEwFsuPeCWO6HlmqMxGSs061fScBS7PW/Ud7\nXFubb46t16OIVfRHgEeSK5m9V4MftIJTDJ16spDXrpty+3QRv7iuy1PlH+kfef1j\n+GulDZqb15wbRnHKpTdHum597m7msdx44T3ueahe1QnmxIzwos9r+Bqma0gNEnVo\nb7Svm2PSkA/Q0bCtlNWY5+RSUcO9YNIA5yQ0Q3gNPQ0orLga07emeypIooHZwulb\nwQre1NoD91NmUFsm3+KACWN+5F+tjvYLy73CcxMU4ST6sV1Vs6WAlnjSHshpTpvj\nbv6DLJzqf53e6vWYsKhqHKTZjzHU/RCkmoCtwhDN5h0kTCDh4+3zhHGWzbbGRglq\nMxuD3nfjBHONwszozZoOgodJm2U5w6DIdKcqhNVRq6GmrulCbcKchLofvCI5Fya7\ngDL4FwXAPjUQz8tYSpqpKWB9F0QIG49eN65YACWeIEqWbV9ICMI7GEgnky79J45I\nm0hEmRzvDQVQyC91N4xT+WkQXcM0ElW14xp3/SXgF1D5dlnobQKCAQEA79SGTcy1\neNTKPwWF8F/1osY/TKcbv2enKsbX3DHWAXhDAExs0oOXMqUkIuI2k8i8H1cMitld\nCAr2Ic5oNqgEFaBFlPezFUACratoWcYGvoqagDA00cfOZH1m7LStOzKqmOCXqjjS\n2ErPM31miR94LToRjcEAAY8lGVosl5Dmm7gFV2Z8TsCrdPWoeCXLYJ9iA2Qd+jEH\nMbmMxTU5oVv8Pf+lWVZgnX9qi+LwD6Lti91qvb1G7ypaYJCc1bh+h8Dtvy2ePFLH\nB27+cuAYYMbDBz+8QzvE0jckn7/3Kzlr9TUUxtGSPIWzDBaZGsR2gHl9QEAZuS/+\norQ04T4kIRIvcwKCAQEAwxC1VxM5LSObnRYzXcBLDB5Tm2VM49v8eg+lUIPd+T6O\n5Lxq3NCP1ViZqXCMXtvSI2b2QRwd0tz7Yykj9YKF7LLeGBiv56ETRAQ1pN5P6TQE\noBEraITTkQJpvtXL2mVTIOZwAe4JmA5qnM8EM3xgmJFZf7cJc0UphoyeDG6RN0+x\nCWn9IDzJTjXw9tTZXFUCPkb0z5Mnzx7s68XMQQRyD5OXVsbIFtqi8X1hhiC1hvQo\nBWA0py0CVH4P3SzxRQghN50fYXUEsYU2mTnTSz8r2ERU7am+9NcTFcJQc5a1zKVU\nnMUFdM5ZYTkXx0KVRRdBcE7ozuxnR9gBsgcyDeATCwKCAQEAndNF7rzgT3v4/DAu\nTFlZ1JyR22e9IuCbadMhCo7hPmZd8TxaAM8IGRQEC9DCCc73vcgTQOx6BGjyQJ0M\nh6tZxMGMCNRYzYsqOA+sxCdFGO8tbV5L5CGQ+SBtMyhTN7nH+oMSS7rJRf01DbVg\nXKyQ8XJdSuPPlTcWOvDUl4mLuL4JBdMzyr+QFY/0Jdz5UcSRQ5oHADZzfY2VzdGQ\n81cNT9+EeJ4XRo4rF5NoV2Ho4Tn8nJCKtakxgIqqKxsWaU/VJRJoJ1pyD7pDSGWg\npU8n2QVgZv5WL+CKAXbauV84ZE1iNtSDX8C8ayAT8UGImlNY0YddZjjnYTsl8XRr\nYjgNcQKCAQEAoTDRaR8NhGuEUA7ka3hXi7ATzrmrDC/hNsxvA1W0vB4h3oqEk+wU\nr2wDrqy+kjR8NZ0DqVIeovzRD2QTvvEY0jwMo0TjNzk3vmDsI01CI6dEmzEU+c2p\nNo8T6wqo5dQNGYbS0AVwECL5npLDGfiRqgGSP6N1P7fLVNAmWoeToG1OEkVvUpBo\nmSSh9pZ094OX0va3nkAwCUu45CwTWTbfOlfwG1kwRxJsy7mcOUYWO2rPF4IkgHEF\nF+UEHvTgevb43AgOwm38buVx9LSAEhIlnRT6SVqX3aNMthJYgOvtVyrX/KQimh9a\nZKjVKWewCePpw3CxmSxpPEkXPZIMnsKneQKCAQEAoFVpkz6TUPdgqynrwprkpbHL\natyCBwb901QkxIzX7wrH+SbSgG5bfOkwpVCwOkISXDJAXNe+BQCKKrkORZ6OYqWm\n6E5ED1DI3zP874ecBL/Bssj5FpD5sEV78zsFRx/5fQu1/8CbNEdPxK+q4f7hF4UY\nvDcPK4RyVmbObOyz4OKNz34ApJ7AVxhs3ZoaJRPGb1dhbVwOiDO9YmBByKdxhilX\ncBubzHsc72eK3A4LltH7/dzHBpv8saZh6l8Hgcz9Buo4lX8edaJDtzCrTfAWSl1D\ng0bP1MawJbB51nLdRjTlgMpwkT4VE/dCC3GHgVNJdgondhLG7NWir/TWsXjWvQ==\n-----END RSA PRIVATE KEY-----\n",
            "content_base64": null,
            "content_base64sha256": "YcrXsjTTsAOe5Dp57eF+VbEGmW42mtT337DdeSmPLew=",
            "content_base64sha512": "URsvOK+hSO8xCz1K1go1a4lwtro7ENlKAyJE5nE9HVqsxCN/BCZFt9XTovILwJhMCEPGIB/ke8kQ7kjxR3M5xg==",
            "content_md5": "1558988a312b2c30e821372641b80722",
            "content_sha1": "a1aeaa8277cea0035ab2e58b423fe5f632f61142",
            "content_sha256": "61cad7b234d3b0039ee43a79ede17e55b106996e369ad4f7dfb0dd79298f2dec",
            "content_sha512": "511b2f38afa148ef310b3d4ad60a356b8970b6ba3b10d94a032244e6713d1d5aacc4237f042645b7d5d3a2f20bc0984c0843c6201fe47bc910ee48f1477339c6",
            "directory_permission": "0777",
            "file_permission": "0600",
            "filename": "id_rsa",
            "id": "a1aeaa8277cea0035ab2e58b423fe5f632f61142",
            "sensitive_content": null,
            "source": null
          },
          "sensitive_attributes": [
            [
              {
                "type": "get_attr",
                "value": "content"
              }
            ]
          ],
          "dependencies": [
            "module.compute.tls_private_key.ssh",
            "module.network.data.external.my_ip",
            "module.network.module.vcn.data.oci_core_services.all_oci_services",
            "module.network.module.vcn.module.subnet.data.oci_core_dhcp_options.dhcp_options",
            "module.network.module.vcn.module.subnet.oci_core_subnet.vcn_subnet",
            "module.network.module.vcn.oci_core_default_security_list.lockdown",
            "module.network.module.vcn.oci_core_default_security_list.restore_default",
            "module.network.module.vcn.oci_core_internet_gateway.ig",
            "module.network.module.vcn.oci_core_local_peering_gateway.lpg",
            "module.network.module.vcn.oci_core_nat_gateway.nat_gateway",
            "module.network.module.vcn.oci_core_route_table.ig",
            "module.network.module.vcn.oci_core_route_table.nat",
            "module.network.module.vcn.oci_core_route_table.service_gw",
            "module.network.module.vcn.oci_core_service_gateway.service_gateway",
            "module.network.module.vcn.oci_core_vcn.vcn",
            "module.network.oci_core_security_list.ewp_security_list",
            "module.network.oci_core_subnet.ewp_public"
          ]
        }
      ]
    },
    {
      "module": "module.compute",
      "mode": "managed",
      "type": "local_file",
      "name": "ssh_public_key",
      "provider": "provider[\"registry.terraform.io/hashicorp/local\"]",
      "instances": [
        {
          "schema_version": 0,
          "attributes": {
            "content": "ssh-rsa AAAAB3NzaC1yc2EAAAADAQABAAACAQC2vol4ffwDIehsFecZmYqxs6RwmdSixKyf2dLZ/ek0h8BHPQ6HcvoCxbyVdJxFK7hOh7NRCYMxCW9V+0tgclgNO+7h9rfMEc2u6m8GgOMgZEKvI/gohqSGoET1t/eVq6b0X9RxIVxya7W1g+D87dQIh063sbv+GJFoqV0LP7MAXpYQb3aR4Y8Qe9M3rKb0uDKKGYWZJgJfXeGhdu+j51dWuYIzH1NzR4mc7enF2rC8cGd0FOreGWe2/lzwZzcJ8ONf6XeLpwz29MWNusSTrEvRLmTQ6yH5aCSMwzysr9BhyJRV5ewoJDnBESCAcdBaIZAjlpveJqQgqyYoJ018C77HY2ywYfjgJW3AIUiQLqPtGFJMadNJ3LP4/vgjgp3LvpeuiiKbC6eEax9I+4my06RFCNtHP+ADfhwRryUm1w81DG9mSTayW7abMgdq5t3UMNTofBAxrffexqEOgwU9Ik5aPWfB8ibZAMMo5+V26myHRJP4QUeCQVU0vdMF+GSMX6gTcZJVciDRhznsHUAcILLm0D7RLUMP6bO9gUFqrv205SdYTvdX3uSzFZX8PvqHHbKplHpkNGkQlvwy+gKd84wNsAiuONPqi+yftMcCvJqg4ZYD1GgaQzx9QXYmgzegb9BVwethsgZQZy5GLscUtsjh288NV14ZMbuYZJ/KIO2S8Q==\n",
            "content_base64": null,
            "content_base64sha256": "wmHwnOyfloKEGI1Ubm9/PXCQGyG+Dbybeq5vIJBPEbc=",
            "content_base64sha512": "wcg70X1YoeA8i9ev5lbexC8xG8452/4tBDroSiccLSDYqHPJflgf8f+emqFT/B4RGVXTkv49dHmy22JImUO2nA==",
            "content_md5": "d02e451db1fb9119d7cb7bbd461aa461",
            "content_sha1": "d5bb6e363d2b3f87dddfa7919b57dca56566f1be",
            "content_sha256": "c261f09cec9f968284188d546e6f7f3d70901b21be0dbc9b7aae6f20904f11b7",
            "content_sha512": "c1c83bd17d58a1e03c8bd7afe656dec42f311bce39dbfe2d043ae84a271c2d20d8a873c97e581ff1ff9e9aa153fc1e111955d392fe3d7479b2db62489943b69c",
            "directory_permission": "0777",
            "file_permission": "0600",
            "filename": "id_rsa.pub",
            "id": "d5bb6e363d2b3f87dddfa7919b57dca56566f1be",
            "sensitive_content": null,
            "source": null
          },
          "sensitive_attributes": [],
          "dependencies": [
            "module.compute.tls_private_key.ssh",
            "module.network.data.external.my_ip",
            "module.network.module.vcn.data.oci_core_services.all_oci_services",
            "module.network.module.vcn.module.subnet.data.oci_core_dhcp_options.dhcp_options",
            "module.network.module.vcn.module.subnet.oci_core_subnet.vcn_subnet",
            "module.network.module.vcn.oci_core_default_security_list.lockdown",
            "module.network.module.vcn.oci_core_default_security_list.restore_default",
            "module.network.module.vcn.oci_core_internet_gateway.ig",
            "module.network.module.vcn.oci_core_local_peering_gateway.lpg",
            "module.network.module.vcn.oci_core_nat_gateway.nat_gateway",
            "module.network.module.vcn.oci_core_route_table.ig",
            "module.network.module.vcn.oci_core_route_table.nat",
            "module.network.module.vcn.oci_core_route_table.service_gw",
            "module.network.module.vcn.oci_core_service_gateway.service_gateway",
            "module.network.module.vcn.oci_core_vcn.vcn",
            "module.network.oci_core_security_list.ewp_security_list",
            "module.network.oci_core_subnet.ewp_public"
          ]
        }
      ]
    },
    {
      "module": "module.compute",
      "mode": "managed",
      "type": "oci_load_balancer_backend",
      "name": "ewp_load_balancer_backend",
      "provider": "provider[\"registry.terraform.io/hashicorp/oci\"]",
      "instances": []
    },
    {
      "module": "module.compute",
      "mode": "managed",
      "type": "oci_load_balancer_backend_set",
      "name": "ewp_load_balancer_backend_set",
      "provider": "provider[\"registry.terraform.io/hashicorp/oci\"]",
      "instances": []
    },
    {
      "module": "module.compute",
      "mode": "managed",
      "type": "oci_load_balancer_certificate",
      "name": "load_balancer_certificate",
      "provider": "provider[\"registry.terraform.io/hashicorp/oci\"]",
      "instances": []
    },
    {
      "module": "module.compute",
      "mode": "managed",
      "type": "oci_load_balancer_hostname",
      "name": "lb_hostname",
      "provider": "provider[\"registry.terraform.io/hashicorp/oci\"]",
      "instances": []
    },
    {
      "module": "module.compute",
      "mode": "managed",
      "type": "oci_load_balancer_listener",
      "name": "ewp_load_balancer_listener",
      "provider": "provider[\"registry.terraform.io/hashicorp/oci\"]",
      "instances": []
    },
    {
      "module": "module.compute",
      "mode": "managed",
      "type": "oci_load_balancer_listener",
      "name": "load_balancer_listener0",
      "provider": "provider[\"registry.terraform.io/hashicorp/oci\"]",
      "instances": []
    },
    {
      "module": "module.compute",
      "mode": "managed",
      "type": "oci_load_balancer_rule_set",
      "name": "ewp_rule_set",
      "provider": "provider[\"registry.terraform.io/hashicorp/oci\"]",
      "instances": []
    },
    {
      "module": "module.compute",
      "mode": "managed",
      "type": "tls_private_key",
      "name": "ewp_private_key",
      "provider": "provider[\"registry.terraform.io/hashicorp/tls\"]",
      "instances": [
        {
          "schema_version": 1,
          "attributes": {
            "algorithm": "ECDSA",
            "ecdsa_curve": "P384",
            "id": "a30f6e429b8d22d7c846006561dc460dbdc7e3fd",
            "private_key_openssh": "-----BEGIN OPENSSH PRIVATE KEY-----\nb3BlbnNzaC1rZXktdjEAAAAABG5vbmUAAAAEbm9uZQAAAAAAAAABAAAAiAAAABNl\nY2RzYS1zaGEyLW5pc3RwMzg0AAAACG5pc3RwMzg0AAAAYQRdo45Ogcu6kTtzDqMX\ny7vYap1B0m3zGKTWVC1RBVaD/rwUn+JLpaf4EQtPEsd5ku3o2YH1CxLhU2B4IpLN\neXB/CQRn1dbz2Lo67jOQ8/DL4NnA5lLVX1+Za3U5bMCOZO0AAADQUcYQMFHGEDAA\nAAATZWNkc2Etc2hhMi1uaXN0cDM4NAAAAAhuaXN0cDM4NAAAAGEEXaOOToHLupE7\ncw6jF8u72GqdQdJt8xik1lQtUQVWg/68FJ/iS6Wn+BELTxLHeZLt6NmB9QsS4VNg\neCKSzXlwfwkEZ9XW89i6Ou4zkPPwy+DZwOZS1V9fmWt1OWzAjmTtAAAAMQCtUxLj\noE5A4Y1cwx4JXarteVZJOlJEVsqQUrPf9mcIzvloevO8yx0zjbv64xrrwq8AAAAA\nAQIDBAUGBw==\n-----END OPENSSH PRIVATE KEY-----\n",
            "private_key_pem": "-----BEGIN EC PRIVATE KEY-----\nMIGkAgEBBDCtUxLjoE5A4Y1cwx4JXarteVZJOlJEVsqQUrPf9mcIzvloevO8yx0z\njbv64xrrwq+gBwYFK4EEACKhZANiAARdo45Ogcu6kTtzDqMXy7vYap1B0m3zGKTW\nVC1RBVaD/rwUn+JLpaf4EQtPEsd5ku3o2YH1CxLhU2B4IpLNeXB/CQRn1dbz2Lo6\n7jOQ8/DL4NnA5lLVX1+Za3U5bMCOZO0=\n-----END EC PRIVATE KEY-----\n",
            "private_key_pem_pkcs8": "-----BEGIN PRIVATE KEY-----\nMIG2AgEAMBAGByqGSM49AgEGBSuBBAAiBIGeMIGbAgEBBDCtUxLjoE5A4Y1cwx4J\nXarteVZJOlJEVsqQUrPf9mcIzvloevO8yx0zjbv64xrrwq+hZANiAARdo45Ogcu6\nkTtzDqMXy7vYap1B0m3zGKTWVC1RBVaD/rwUn+JLpaf4EQtPEsd5ku3o2YH1CxLh\nU2B4IpLNeXB/CQRn1dbz2Lo67jOQ8/DL4NnA5lLVX1+Za3U5bMCOZO0=\n-----END PRIVATE KEY-----\n",
            "public_key_fingerprint_md5": "19:3b:9b:fe:e4:c9:5d:66:54:2f:25:a7:50:03:9c:bc",
            "public_key_fingerprint_sha256": "SHA256:KrHdCr91vCslp4kJb6wxl2VKsQdVA5N1khHASzw6UF8",
            "public_key_openssh": "ecdsa-sha2-nistp384 AAAAE2VjZHNhLXNoYTItbmlzdHAzODQAAAAIbmlzdHAzODQAAABhBF2jjk6By7qRO3MOoxfLu9hqnUHSbfMYpNZULVEFVoP+vBSf4kulp/gRC08Sx3mS7ejZgfULEuFTYHgiks15cH8JBGfV1vPYujruM5Dz8Mvg2cDmUtVfX5lrdTlswI5k7Q==\n",
            "public_key_pem": "-----BEGIN PUBLIC KEY-----\nMHYwEAYHKoZIzj0CAQYFK4EEACIDYgAEXaOOToHLupE7cw6jF8u72GqdQdJt8xik\n1lQtUQVWg/68FJ/iS6Wn+BELTxLHeZLt6NmB9QsS4VNgeCKSzXlwfwkEZ9XW89i6\nOu4zkPPwy+DZwOZS1V9fmWt1OWzAjmTt\n-----END PUBLIC KEY-----\n",
            "rsa_bits": 2048
          },
          "sensitive_attributes": [],
          "dependencies": [
            "module.network.data.external.my_ip",
            "module.network.module.vcn.data.oci_core_services.all_oci_services",
            "module.network.module.vcn.module.subnet.data.oci_core_dhcp_options.dhcp_options",
            "module.network.module.vcn.module.subnet.oci_core_subnet.vcn_subnet",
            "module.network.module.vcn.oci_core_default_security_list.lockdown",
            "module.network.module.vcn.oci_core_default_security_list.restore_default",
            "module.network.module.vcn.oci_core_internet_gateway.ig",
            "module.network.module.vcn.oci_core_local_peering_gateway.lpg",
            "module.network.module.vcn.oci_core_nat_gateway.nat_gateway",
            "module.network.module.vcn.oci_core_route_table.ig",
            "module.network.module.vcn.oci_core_route_table.nat",
            "module.network.module.vcn.oci_core_route_table.service_gw",
            "module.network.module.vcn.oci_core_service_gateway.service_gateway",
            "module.network.module.vcn.oci_core_vcn.vcn",
            "module.network.oci_core_security_list.ewp_security_list",
            "module.network.oci_core_subnet.ewp_public"
          ]
        }
      ]
    },
    {
      "module": "module.compute",
      "mode": "managed",
      "type": "tls_private_key",
      "name": "ssh",
      "provider": "provider[\"registry.terraform.io/hashicorp/tls\"]",
      "instances": [
        {
          "schema_version": 1,
          "attributes": {
            "algorithm": "RSA",
            "ecdsa_curve": "P224",
            "id": "51d83667fcc77acd9d19ef25942693efb42330b0",
            "private_key_openssh": "-----BEGIN OPENSSH PRIVATE KEY-----\nb3BlbnNzaC1rZXktdjEAAAAABG5vbmUAAAAEbm9uZQAAAAAAAAABAAACFwAAAAdz\nc2gtcnNhAAAAAwEAAQAAAgEAtr6JeH38AyHobBXnGZmKsbOkcJnUosSsn9nS2f3p\nNIfARz0Oh3L6AsW8lXScRSu4ToezUQmDMQlvVftLYHJYDTvu4fa3zBHNrupvBoDj\nIGRCryP4KIakhqBE9bf3laum9F/UcSFccmu1tYPg/O3UCIdOt7G7/hiRaKldCz+z\nAF6WEG92keGPEHvTN6ym9LgyihmFmSYCX13hoXbvo+dXVrmCMx9Tc0eJnO3pxdqw\nvHBndBTq3hlntv5c8Gc3CfDjX+l3i6cM9vTFjbrEk6xL0S5k0Osh+WgkjMM8rK/Q\nYciUVeXsKCQ5wREggHHQWiGQI5ab3iakIKsmKCdNfAu+x2NssGH44CVtwCFIkC6j\n7RhSTGnTSdyz+P74I4Kdy76XrooimwunhGsfSPuJstOkRQjbRz/gA34cEa8lJtcP\nNQxvZkk2slu2mzIHaubd1DDU6HwQMa333sahDoMFPSJOWj1nwfIm2QDDKOfldups\nh0ST+EFHgkFVNL3TBfhkjF+oE3GSVXIg0Yc57B1AHCCy5tA+0S1DD+mzvYFBaq79\ntOUnWE73V97ksxWV/D76hx2yqZR6ZDRpEJb8MvoCnfOMDbAIrjjT6ovsn7THArya\noOGWA9RoGkM8fUF2JoM3oG/QVcHrYbIGUGcuRi7HFLbI4dvPDVdeGTG7mGSfyiDt\nkvEAAAc4vsbmub7G5rkAAAAHc3NoLXJzYQAAAgEAtr6JeH38AyHobBXnGZmKsbOk\ncJnUosSsn9nS2f3pNIfARz0Oh3L6AsW8lXScRSu4ToezUQmDMQlvVftLYHJYDTvu\n4fa3zBHNrupvBoDjIGRCryP4KIakhqBE9bf3laum9F/UcSFccmu1tYPg/O3UCIdO\nt7G7/hiRaKldCz+zAF6WEG92keGPEHvTN6ym9LgyihmFmSYCX13hoXbvo+dXVrmC\nMx9Tc0eJnO3pxdqwvHBndBTq3hlntv5c8Gc3CfDjX+l3i6cM9vTFjbrEk6xL0S5k\n0Osh+WgkjMM8rK/QYciUVeXsKCQ5wREggHHQWiGQI5ab3iakIKsmKCdNfAu+x2Ns\nsGH44CVtwCFIkC6j7RhSTGnTSdyz+P74I4Kdy76XrooimwunhGsfSPuJstOkRQjb\nRz/gA34cEa8lJtcPNQxvZkk2slu2mzIHaubd1DDU6HwQMa333sahDoMFPSJOWj1n\nwfIm2QDDKOfldupsh0ST+EFHgkFVNL3TBfhkjF+oE3GSVXIg0Yc57B1AHCCy5tA+\n0S1DD+mzvYFBaq79tOUnWE73V97ksxWV/D76hx2yqZR6ZDRpEJb8MvoCnfOMDbAI\nrjjT6ovsn7THAryaoOGWA9RoGkM8fUF2JoM3oG/QVcHrYbIGUGcuRi7HFLbI4dvP\nDVdeGTG7mGSfyiDtkvEAAAADAQABAAACAFyBcSdcZvDS/kuQfs63qbywmiIhzMCk\nXFoCsriEzsM3oL6vCqbILgSvQfpJ8D0Xl5GxIbV44j81bnWQ4qQs3aO9Xfxmnr2f\nmYXcyFz7a33fIt5zj9A78BbyFFZqTNsn7DiyNeEaqSiGm5IJ8x816Op0TAWy494J\nY7oeWaozEZKzTrV9JwFLs9b9R3tcW5tvjq3Xo4hV9EeAR5Irmb1Xgx+0glMMnXqy\nkNeum3L7dBG/uK7LU+Uf6R95/WP4a6UNmpvXnBtGccqlN0e6bn3ubuax3HjhPe55\nqF7VCebEjPCiz2v4GqZrSA0SdWhvtK+bY9KQD9DRsK2U1Zjn5FJRw71g0gDnJDRD\neA09DSisuBrTt6Z7KkiigdnC6VvBCt7U2gP3U2ZQWybf4oAJY37kX62O9gvLvcJz\nExThJPqxXVWzpYCWeNIeyGlOm+Nu/oMsnOp/nd7q9ZiwqGocpNmPMdT9EKSagK3C\nEM3mHSRMIOHj7fOEcZbNtsZGCWozG4Ped+MEc43CzOjNmg6Ch0mbZTnDoMh0pyqE\n1VGroaau6UJtwpyEuh+8IjkXJruAMvgXBcA+NRDPy1hKmqkpYH0XRAgbj143rlgA\nJZ4gSpZtX0gIwjsYSCeTLv0njkibSESZHO8NBVDIL3U3jFP5aRBdwzQSVbXjGnf9\nJeAXUPl2WehtAAABAQCgVWmTPpNQ92CrKevCmuSlsctq3IIHBv3TVCTEjNfvCsf5\nJtKAblt86TClULA6QhJcMkBc174FAIoquQ5Fno5ipaboTkQPUMjfM/zvh5wEv8Gy\nyPkWkPmwRXvzOwVHH/l9C7X/wJs0R0/Er6rh/uEXhRi8Nw8rhHJWZs5s7LPg4o3P\nfgCknsBXGGzdmholE8ZvV2FtXA6IM71iYEHIp3GGKVdwG5vMexzvZ4rcDguW0fv9\n3McGm/yxpmHqXweBzP0G6jiVfx51okO3MKtN8BZKXUODRs/UxrAlsHnWct1GNOWA\nynCRPhUT90ILcYeBU0l2Cid2Esbs1aKv9NaxeNa9AAABAQDv1IZNzLV41Mo/BYXw\nX/Wixj9Mpxu/Z6cqxtfcMdYBeEMATGzSg5cypSQi4jaTyLwfVwyK2V0ICvYhzmg2\nqAQVoEWU97MVQAKtq2hZxga+ipqAMDTRx85kfWbstK07MqqY4JeqONLYSs8zfWaJ\nH3gtOhGNwQABjyUZWiyXkOabuAVXZnxOwKt09ah4Jctgn2IDZB36MQcxuYzFNTmh\nW/w9/6VZVmCdf2qL4vAPou2L3Wq9vUbvKlpgkJzVuH6HwO2/LZ48UscHbv5y4Bhg\nxsMHP7xDO8TSNySfv/crOWv1NRTG0ZI8hbMMFpkaxHaAeX1AQBm5L/6itDThPiQh\nEi9zAAABAQDDELVXEzktI5udFjNdwEsMHlObZUzj2/x6D6VQg935Po7kvGrc0I/V\nWJmpcIxe29IjZvZBHB3S3PtjKSP1goXsst4YGK/noRNEBDWk3k/pNASgEStohNOR\nAmm+1cvaZVMg5nAB7gmYDmqczwQzfGCYkVl/twlzRSmGjJ4MbpE3T7EJaf0gPMlO\nNfD21NlcVQI+RvTPkyfPHuzrxcxBBHIPk5dWxsgW2qLxfWGGILWG9CgFYDSnLQJU\nfg/dLPFFCCE3nR9hdQSxhTaZOdNLPyvYRFTtqb701xMVwlBzlrXMpVScxQV0zllh\nORfHQpVFF0FwTujO7GdH2AGyBzIN4BMLAAAAAAEC\n-----END OPENSSH PRIVATE KEY-----\n",
            "private_key_pem": "-----BEGIN RSA PRIVATE KEY-----\nMIIJKgIBAAKCAgEAtr6JeH38AyHobBXnGZmKsbOkcJnUosSsn9nS2f3pNIfARz0O\nh3L6AsW8lXScRSu4ToezUQmDMQlvVftLYHJYDTvu4fa3zBHNrupvBoDjIGRCryP4\nKIakhqBE9bf3laum9F/UcSFccmu1tYPg/O3UCIdOt7G7/hiRaKldCz+zAF6WEG92\nkeGPEHvTN6ym9LgyihmFmSYCX13hoXbvo+dXVrmCMx9Tc0eJnO3pxdqwvHBndBTq\n3hlntv5c8Gc3CfDjX+l3i6cM9vTFjbrEk6xL0S5k0Osh+WgkjMM8rK/QYciUVeXs\nKCQ5wREggHHQWiGQI5ab3iakIKsmKCdNfAu+x2NssGH44CVtwCFIkC6j7RhSTGnT\nSdyz+P74I4Kdy76XrooimwunhGsfSPuJstOkRQjbRz/gA34cEa8lJtcPNQxvZkk2\nslu2mzIHaubd1DDU6HwQMa333sahDoMFPSJOWj1nwfIm2QDDKOfldupsh0ST+EFH\ngkFVNL3TBfhkjF+oE3GSVXIg0Yc57B1AHCCy5tA+0S1DD+mzvYFBaq79tOUnWE73\nV97ksxWV/D76hx2yqZR6ZDRpEJb8MvoCnfOMDbAIrjjT6ovsn7THAryaoOGWA9Ro\nGkM8fUF2JoM3oG/QVcHrYbIGUGcuRi7HFLbI4dvPDVdeGTG7mGSfyiDtkvECAwEA\nAQKCAgBcgXEnXGbw0v5LkH7Ot6m8sJoiIczApFxaArK4hM7DN6C+rwqmyC4Er0H6\nSfA9F5eRsSG1eOI/NW51kOKkLN2jvV38Zp69n5mF3Mhc+2t93yLec4/QO/AW8hRW\nakzbJ+w4sjXhGqkohpuSCfMfNejqdEwFsuPeCWO6HlmqMxGSs061fScBS7PW/Ud7\nXFubb46t16OIVfRHgEeSK5m9V4MftIJTDJ16spDXrpty+3QRv7iuy1PlH+kfef1j\n+GulDZqb15wbRnHKpTdHum597m7msdx44T3ueahe1QnmxIzwos9r+Bqma0gNEnVo\nb7Svm2PSkA/Q0bCtlNWY5+RSUcO9YNIA5yQ0Q3gNPQ0orLga07emeypIooHZwulb\nwQre1NoD91NmUFsm3+KACWN+5F+tjvYLy73CcxMU4ST6sV1Vs6WAlnjSHshpTpvj\nbv6DLJzqf53e6vWYsKhqHKTZjzHU/RCkmoCtwhDN5h0kTCDh4+3zhHGWzbbGRglq\nMxuD3nfjBHONwszozZoOgodJm2U5w6DIdKcqhNVRq6GmrulCbcKchLofvCI5Fya7\ngDL4FwXAPjUQz8tYSpqpKWB9F0QIG49eN65YACWeIEqWbV9ICMI7GEgnky79J45I\nm0hEmRzvDQVQyC91N4xT+WkQXcM0ElW14xp3/SXgF1D5dlnobQKCAQEA79SGTcy1\neNTKPwWF8F/1osY/TKcbv2enKsbX3DHWAXhDAExs0oOXMqUkIuI2k8i8H1cMitld\nCAr2Ic5oNqgEFaBFlPezFUACratoWcYGvoqagDA00cfOZH1m7LStOzKqmOCXqjjS\n2ErPM31miR94LToRjcEAAY8lGVosl5Dmm7gFV2Z8TsCrdPWoeCXLYJ9iA2Qd+jEH\nMbmMxTU5oVv8Pf+lWVZgnX9qi+LwD6Lti91qvb1G7ypaYJCc1bh+h8Dtvy2ePFLH\nB27+cuAYYMbDBz+8QzvE0jckn7/3Kzlr9TUUxtGSPIWzDBaZGsR2gHl9QEAZuS/+\norQ04T4kIRIvcwKCAQEAwxC1VxM5LSObnRYzXcBLDB5Tm2VM49v8eg+lUIPd+T6O\n5Lxq3NCP1ViZqXCMXtvSI2b2QRwd0tz7Yykj9YKF7LLeGBiv56ETRAQ1pN5P6TQE\noBEraITTkQJpvtXL2mVTIOZwAe4JmA5qnM8EM3xgmJFZf7cJc0UphoyeDG6RN0+x\nCWn9IDzJTjXw9tTZXFUCPkb0z5Mnzx7s68XMQQRyD5OXVsbIFtqi8X1hhiC1hvQo\nBWA0py0CVH4P3SzxRQghN50fYXUEsYU2mTnTSz8r2ERU7am+9NcTFcJQc5a1zKVU\nnMUFdM5ZYTkXx0KVRRdBcE7ozuxnR9gBsgcyDeATCwKCAQEAndNF7rzgT3v4/DAu\nTFlZ1JyR22e9IuCbadMhCo7hPmZd8TxaAM8IGRQEC9DCCc73vcgTQOx6BGjyQJ0M\nh6tZxMGMCNRYzYsqOA+sxCdFGO8tbV5L5CGQ+SBtMyhTN7nH+oMSS7rJRf01DbVg\nXKyQ8XJdSuPPlTcWOvDUl4mLuL4JBdMzyr+QFY/0Jdz5UcSRQ5oHADZzfY2VzdGQ\n81cNT9+EeJ4XRo4rF5NoV2Ho4Tn8nJCKtakxgIqqKxsWaU/VJRJoJ1pyD7pDSGWg\npU8n2QVgZv5WL+CKAXbauV84ZE1iNtSDX8C8ayAT8UGImlNY0YddZjjnYTsl8XRr\nYjgNcQKCAQEAoTDRaR8NhGuEUA7ka3hXi7ATzrmrDC/hNsxvA1W0vB4h3oqEk+wU\nr2wDrqy+kjR8NZ0DqVIeovzRD2QTvvEY0jwMo0TjNzk3vmDsI01CI6dEmzEU+c2p\nNo8T6wqo5dQNGYbS0AVwECL5npLDGfiRqgGSP6N1P7fLVNAmWoeToG1OEkVvUpBo\nmSSh9pZ094OX0va3nkAwCUu45CwTWTbfOlfwG1kwRxJsy7mcOUYWO2rPF4IkgHEF\nF+UEHvTgevb43AgOwm38buVx9LSAEhIlnRT6SVqX3aNMthJYgOvtVyrX/KQimh9a\nZKjVKWewCePpw3CxmSxpPEkXPZIMnsKneQKCAQEAoFVpkz6TUPdgqynrwprkpbHL\natyCBwb901QkxIzX7wrH+SbSgG5bfOkwpVCwOkISXDJAXNe+BQCKKrkORZ6OYqWm\n6E5ED1DI3zP874ecBL/Bssj5FpD5sEV78zsFRx/5fQu1/8CbNEdPxK+q4f7hF4UY\nvDcPK4RyVmbObOyz4OKNz34ApJ7AVxhs3ZoaJRPGb1dhbVwOiDO9YmBByKdxhilX\ncBubzHsc72eK3A4LltH7/dzHBpv8saZh6l8Hgcz9Buo4lX8edaJDtzCrTfAWSl1D\ng0bP1MawJbB51nLdRjTlgMpwkT4VE/dCC3GHgVNJdgondhLG7NWir/TWsXjWvQ==\n-----END RSA PRIVATE KEY-----\n",
            "private_key_pem_pkcs8": "-----BEGIN PRIVATE KEY-----\nMIIJRAIBADANBgkqhkiG9w0BAQEFAASCCS4wggkqAgEAAoICAQC2vol4ffwDIehs\nFecZmYqxs6RwmdSixKyf2dLZ/ek0h8BHPQ6HcvoCxbyVdJxFK7hOh7NRCYMxCW9V\n+0tgclgNO+7h9rfMEc2u6m8GgOMgZEKvI/gohqSGoET1t/eVq6b0X9RxIVxya7W1\ng+D87dQIh063sbv+GJFoqV0LP7MAXpYQb3aR4Y8Qe9M3rKb0uDKKGYWZJgJfXeGh\ndu+j51dWuYIzH1NzR4mc7enF2rC8cGd0FOreGWe2/lzwZzcJ8ONf6XeLpwz29MWN\nusSTrEvRLmTQ6yH5aCSMwzysr9BhyJRV5ewoJDnBESCAcdBaIZAjlpveJqQgqyYo\nJ018C77HY2ywYfjgJW3AIUiQLqPtGFJMadNJ3LP4/vgjgp3LvpeuiiKbC6eEax9I\n+4my06RFCNtHP+ADfhwRryUm1w81DG9mSTayW7abMgdq5t3UMNTofBAxrffexqEO\ngwU9Ik5aPWfB8ibZAMMo5+V26myHRJP4QUeCQVU0vdMF+GSMX6gTcZJVciDRhzns\nHUAcILLm0D7RLUMP6bO9gUFqrv205SdYTvdX3uSzFZX8PvqHHbKplHpkNGkQlvwy\n+gKd84wNsAiuONPqi+yftMcCvJqg4ZYD1GgaQzx9QXYmgzegb9BVwethsgZQZy5G\nLscUtsjh288NV14ZMbuYZJ/KIO2S8QIDAQABAoICAFyBcSdcZvDS/kuQfs63qbyw\nmiIhzMCkXFoCsriEzsM3oL6vCqbILgSvQfpJ8D0Xl5GxIbV44j81bnWQ4qQs3aO9\nXfxmnr2fmYXcyFz7a33fIt5zj9A78BbyFFZqTNsn7DiyNeEaqSiGm5IJ8x816Op0\nTAWy494JY7oeWaozEZKzTrV9JwFLs9b9R3tcW5tvjq3Xo4hV9EeAR5Irmb1Xgx+0\nglMMnXqykNeum3L7dBG/uK7LU+Uf6R95/WP4a6UNmpvXnBtGccqlN0e6bn3ubuax\n3HjhPe55qF7VCebEjPCiz2v4GqZrSA0SdWhvtK+bY9KQD9DRsK2U1Zjn5FJRw71g\n0gDnJDRDeA09DSisuBrTt6Z7KkiigdnC6VvBCt7U2gP3U2ZQWybf4oAJY37kX62O\n9gvLvcJzExThJPqxXVWzpYCWeNIeyGlOm+Nu/oMsnOp/nd7q9ZiwqGocpNmPMdT9\nEKSagK3CEM3mHSRMIOHj7fOEcZbNtsZGCWozG4Ped+MEc43CzOjNmg6Ch0mbZTnD\noMh0pyqE1VGroaau6UJtwpyEuh+8IjkXJruAMvgXBcA+NRDPy1hKmqkpYH0XRAgb\nj143rlgAJZ4gSpZtX0gIwjsYSCeTLv0njkibSESZHO8NBVDIL3U3jFP5aRBdwzQS\nVbXjGnf9JeAXUPl2WehtAoIBAQDv1IZNzLV41Mo/BYXwX/Wixj9Mpxu/Z6cqxtfc\nMdYBeEMATGzSg5cypSQi4jaTyLwfVwyK2V0ICvYhzmg2qAQVoEWU97MVQAKtq2hZ\nxga+ipqAMDTRx85kfWbstK07MqqY4JeqONLYSs8zfWaJH3gtOhGNwQABjyUZWiyX\nkOabuAVXZnxOwKt09ah4Jctgn2IDZB36MQcxuYzFNTmhW/w9/6VZVmCdf2qL4vAP\nou2L3Wq9vUbvKlpgkJzVuH6HwO2/LZ48UscHbv5y4BhgxsMHP7xDO8TSNySfv/cr\nOWv1NRTG0ZI8hbMMFpkaxHaAeX1AQBm5L/6itDThPiQhEi9zAoIBAQDDELVXEzkt\nI5udFjNdwEsMHlObZUzj2/x6D6VQg935Po7kvGrc0I/VWJmpcIxe29IjZvZBHB3S\n3PtjKSP1goXsst4YGK/noRNEBDWk3k/pNASgEStohNORAmm+1cvaZVMg5nAB7gmY\nDmqczwQzfGCYkVl/twlzRSmGjJ4MbpE3T7EJaf0gPMlONfD21NlcVQI+RvTPkyfP\nHuzrxcxBBHIPk5dWxsgW2qLxfWGGILWG9CgFYDSnLQJUfg/dLPFFCCE3nR9hdQSx\nhTaZOdNLPyvYRFTtqb701xMVwlBzlrXMpVScxQV0zllhORfHQpVFF0FwTujO7GdH\n2AGyBzIN4BMLAoIBAQCd00XuvOBPe/j8MC5MWVnUnJHbZ70i4Jtp0yEKjuE+Zl3x\nPFoAzwgZFAQL0MIJzve9yBNA7HoEaPJAnQyHq1nEwYwI1FjNiyo4D6zEJ0UY7y1t\nXkvkIZD5IG0zKFM3ucf6gxJLuslF/TUNtWBcrJDxcl1K48+VNxY68NSXiYu4vgkF\n0zPKv5AVj/Ql3PlRxJFDmgcANnN9jZXN0ZDzVw1P34R4nhdGjisXk2hXYejhOfyc\nkIq1qTGAiqorGxZpT9UlEmgnWnIPukNIZaClTyfZBWBm/lYv4IoBdtq5XzhkTWI2\n1INfwLxrIBPxQYiaU1jRh11mOOdhOyXxdGtiOA1xAoIBAQChMNFpHw2Ea4RQDuRr\neFeLsBPOuasML+E2zG8DVbS8HiHeioST7BSvbAOurL6SNHw1nQOpUh6i/NEPZBO+\n8RjSPAyjROM3OTe+YOwjTUIjp0SbMRT5zak2jxPrCqjl1A0ZhtLQBXAQIvmeksMZ\n+JGqAZI/o3U/t8tU0CZah5OgbU4SRW9SkGiZJKH2lnT3g5fS9reeQDAJS7jkLBNZ\nNt86V/AbWTBHEmzLuZw5RhY7as8XgiSAcQUX5QQe9OB69vjcCA7Cbfxu5XH0tIAS\nEiWdFPpJWpfdo0y2EliA6+1XKtf8pCKaH1pkqNUpZ7AJ4+nDcLGZLGk8SRc9kgye\nwqd5AoIBAQCgVWmTPpNQ92CrKevCmuSlsctq3IIHBv3TVCTEjNfvCsf5JtKAblt8\n6TClULA6QhJcMkBc174FAIoquQ5Fno5ipaboTkQPUMjfM/zvh5wEv8GyyPkWkPmw\nRXvzOwVHH/l9C7X/wJs0R0/Er6rh/uEXhRi8Nw8rhHJWZs5s7LPg4o3PfgCknsBX\nGGzdmholE8ZvV2FtXA6IM71iYEHIp3GGKVdwG5vMexzvZ4rcDguW0fv93McGm/yx\npmHqXweBzP0G6jiVfx51okO3MKtN8BZKXUODRs/UxrAlsHnWct1GNOWAynCRPhUT\n90ILcYeBU0l2Cid2Esbs1aKv9NaxeNa9\n-----END PRIVATE KEY-----\n",
            "public_key_fingerprint_md5": "65:40:4c:f5:45:4d:9d:f0:22:92:52:10:76:28:46:1c",
            "public_key_fingerprint_sha256": "SHA256:EhqDUCSP1zIefBgZZNlowkv3zlALactTFbtu66k8NvI",
            "public_key_openssh": "ssh-rsa AAAAB3NzaC1yc2EAAAADAQABAAACAQC2vol4ffwDIehsFecZmYqxs6RwmdSixKyf2dLZ/ek0h8BHPQ6HcvoCxbyVdJxFK7hOh7NRCYMxCW9V+0tgclgNO+7h9rfMEc2u6m8GgOMgZEKvI/gohqSGoET1t/eVq6b0X9RxIVxya7W1g+D87dQIh063sbv+GJFoqV0LP7MAXpYQb3aR4Y8Qe9M3rKb0uDKKGYWZJgJfXeGhdu+j51dWuYIzH1NzR4mc7enF2rC8cGd0FOreGWe2/lzwZzcJ8ONf6XeLpwz29MWNusSTrEvRLmTQ6yH5aCSMwzysr9BhyJRV5ewoJDnBESCAcdBaIZAjlpveJqQgqyYoJ018C77HY2ywYfjgJW3AIUiQLqPtGFJMadNJ3LP4/vgjgp3LvpeuiiKbC6eEax9I+4my06RFCNtHP+ADfhwRryUm1w81DG9mSTayW7abMgdq5t3UMNTofBAxrffexqEOgwU9Ik5aPWfB8ibZAMMo5+V26myHRJP4QUeCQVU0vdMF+GSMX6gTcZJVciDRhznsHUAcILLm0D7RLUMP6bO9gUFqrv205SdYTvdX3uSzFZX8PvqHHbKplHpkNGkQlvwy+gKd84wNsAiuONPqi+yftMcCvJqg4ZYD1GgaQzx9QXYmgzegb9BVwethsgZQZy5GLscUtsjh288NV14ZMbuYZJ/KIO2S8Q==\n",
            "public_key_pem": "-----BEGIN PUBLIC KEY-----\nMIICIjANBgkqhkiG9w0BAQEFAAOCAg8AMIICCgKCAgEAtr6JeH38AyHobBXnGZmK\nsbOkcJnUosSsn9nS2f3pNIfARz0Oh3L6AsW8lXScRSu4ToezUQmDMQlvVftLYHJY\nDTvu4fa3zBHNrupvBoDjIGRCryP4KIakhqBE9bf3laum9F/UcSFccmu1tYPg/O3U\nCIdOt7G7/hiRaKldCz+zAF6WEG92keGPEHvTN6ym9LgyihmFmSYCX13hoXbvo+dX\nVrmCMx9Tc0eJnO3pxdqwvHBndBTq3hlntv5c8Gc3CfDjX+l3i6cM9vTFjbrEk6xL\n0S5k0Osh+WgkjMM8rK/QYciUVeXsKCQ5wREggHHQWiGQI5ab3iakIKsmKCdNfAu+\nx2NssGH44CVtwCFIkC6j7RhSTGnTSdyz+P74I4Kdy76XrooimwunhGsfSPuJstOk\nRQjbRz/gA34cEa8lJtcPNQxvZkk2slu2mzIHaubd1DDU6HwQMa333sahDoMFPSJO\nWj1nwfIm2QDDKOfldupsh0ST+EFHgkFVNL3TBfhkjF+oE3GSVXIg0Yc57B1AHCCy\n5tA+0S1DD+mzvYFBaq79tOUnWE73V97ksxWV/D76hx2yqZR6ZDRpEJb8MvoCnfOM\nDbAIrjjT6ovsn7THAryaoOGWA9RoGkM8fUF2JoM3oG/QVcHrYbIGUGcuRi7HFLbI\n4dvPDVdeGTG7mGSfyiDtkvECAwEAAQ==\n-----END PUBLIC KEY-----\n",
            "rsa_bits": 4096
          },
          "sensitive_attributes": [],
          "dependencies": [
            "module.network.data.external.my_ip",
            "module.network.module.vcn.data.oci_core_services.all_oci_services",
            "module.network.module.vcn.module.subnet.data.oci_core_dhcp_options.dhcp_options",
            "module.network.module.vcn.module.subnet.oci_core_subnet.vcn_subnet",
            "module.network.module.vcn.oci_core_default_security_list.lockdown",
            "module.network.module.vcn.oci_core_default_security_list.restore_default",
            "module.network.module.vcn.oci_core_internet_gateway.ig",
            "module.network.module.vcn.oci_core_local_peering_gateway.lpg",
            "module.network.module.vcn.oci_core_nat_gateway.nat_gateway",
            "module.network.module.vcn.oci_core_route_table.ig",
            "module.network.module.vcn.oci_core_route_table.nat",
            "module.network.module.vcn.oci_core_route_table.service_gw",
            "module.network.module.vcn.oci_core_service_gateway.service_gateway",
            "module.network.module.vcn.oci_core_vcn.vcn",
            "module.network.oci_core_security_list.ewp_security_list",
            "module.network.oci_core_subnet.ewp_public"
          ]
        }
      ]
    },
    {
      "module": "module.compute",
      "mode": "managed",
      "type": "tls_self_signed_cert",
      "name": "ewp_self_signed_cert",
      "provider": "provider[\"registry.terraform.io/hashicorp/tls\"]",
      "instances": [
        {
          "schema_version": 0,
          "attributes": {
            "allowed_uses": [
              "key_encipherment",
              "digital_signature",
              "server_auth",
              "client_auth",
              "cert_signing"
            ],
            "cert_pem": "-----BEGIN CERTIFICATE-----\nMIICFjCCAZugAwIBAgIRALmxLkGmLi/He6HZe8/IMRowCgYIKoZIzj0EAwMwPDEL\nMAkGA1UEBhMCVUsxCzAJBgNVBAgTAlVLMQ8wDQYDVQQHEwZMb25kb24xDzANBgNV\nBAoTBk9yYWNsZTAeFw0yMzA4MjYwOTU3MDhaFw0yNDA4MjUwOTU3MDhaMDwxCzAJ\nBgNVBAYTAlVLMQswCQYDVQQIEwJVSzEPMA0GA1UEBxMGTG9uZG9uMQ8wDQYDVQQK\nEwZPcmFjbGUwdjAQBgcqhkjOPQIBBgUrgQQAIgNiAARdo45Ogcu6kTtzDqMXy7vY\nap1B0m3zGKTWVC1RBVaD/rwUn+JLpaf4EQtPEsd5ku3o2YH1CxLhU2B4IpLNeXB/\nCQRn1dbz2Lo67jOQ8/DL4NnA5lLVX1+Za3U5bMCOZO2jYTBfMA4GA1UdDwEB/wQE\nAwICpDAdBgNVHSUEFjAUBggrBgEFBQcDAQYIKwYBBQUHAwIwDwYDVR0TAQH/BAUw\nAwEB/zAdBgNVHQ4EFgQUqDtkio7LABmoWTZw0Jm93Vtjd1swCgYIKoZIzj0EAwMD\naQAwZgIxAJQLSU/MjUrKXdUmIkd3XClVx+56Afow6NwcUg/ee/2Es8+BKRUowXR9\n8XOqLRBhzQIxALz04kxzC6TEFVR5gjFtb9fUEKBld6cm+Xth9IWQnNQ0t5z77Q+2\nmGDyn0PxJRTAnw==\n-----END CERTIFICATE-----\n",
            "dns_names": null,
            "early_renewal_hours": 0,
            "id": "246827153956272780230556609711633346842",
            "ip_addresses": null,
            "is_ca_certificate": true,
            "key_algorithm": "ECDSA",
            "private_key_pem": "-----BEGIN EC PRIVATE KEY-----\nMIGkAgEBBDCtUxLjoE5A4Y1cwx4JXarteVZJOlJEVsqQUrPf9mcIzvloevO8yx0z\njbv64xrrwq+gBwYFK4EEACKhZANiAARdo45Ogcu6kTtzDqMXy7vYap1B0m3zGKTW\nVC1RBVaD/rwUn+JLpaf4EQtPEsd5ku3o2YH1CxLhU2B4IpLNeXB/CQRn1dbz2Lo6\n7jOQ8/DL4NnA5lLVX1+Za3U5bMCOZO0=\n-----END EC PRIVATE KEY-----\n",
            "ready_for_renewal": false,
            "set_authority_key_id": false,
            "set_subject_key_id": false,
            "subject": [
              {
                "common_name": null,
                "country": "UK",
                "locality": "London",
                "organization": "Oracle",
                "organizational_unit": null,
                "postal_code": null,
                "province": "UK",
                "serial_number": null,
                "street_address": null
              }
            ],
            "uris": null,
            "validity_end_time": "2024-08-25T10:57:08.295306177+01:00",
            "validity_period_hours": 8760,
            "validity_start_time": "2023-08-26T10:57:08.295306177+01:00"
          },
          "sensitive_attributes": [
            [
              {
                "type": "get_attr",
                "value": "private_key_pem"
              }
            ]
          ],
          "dependencies": [
            "module.compute.tls_private_key.ewp_private_key",
            "module.network.data.external.my_ip",
            "module.network.module.vcn.data.oci_core_services.all_oci_services",
            "module.network.module.vcn.module.subnet.data.oci_core_dhcp_options.dhcp_options",
            "module.network.module.vcn.module.subnet.oci_core_subnet.vcn_subnet",
            "module.network.module.vcn.oci_core_default_security_list.lockdown",
            "module.network.module.vcn.oci_core_default_security_list.restore_default",
            "module.network.module.vcn.oci_core_internet_gateway.ig",
            "module.network.module.vcn.oci_core_local_peering_gateway.lpg",
            "module.network.module.vcn.oci_core_nat_gateway.nat_gateway",
            "module.network.module.vcn.oci_core_route_table.ig",
            "module.network.module.vcn.oci_core_route_table.nat",
            "module.network.module.vcn.oci_core_route_table.service_gw",
            "module.network.module.vcn.oci_core_service_gateway.service_gateway",
            "module.network.module.vcn.oci_core_vcn.vcn",
            "module.network.oci_core_security_list.ewp_security_list",
            "module.network.oci_core_subnet.ewp_public"
          ]
        }
      ]
    },
    {
      "module": "module.network",
      "mode": "data",
      "type": "external",
      "name": "my_ip",
      "provider": "provider[\"registry.terraform.io/hashicorp/external\"]",
      "instances": [
        {
          "schema_version": 0,
          "attributes": {
            "id": "-",
            "program": [
              "bash",
              "modules/network/get_my_ip.sh"
            ],
            "query": null,
            "result": {
              "MY_IP": "62.3.76.144"
            },
            "working_dir": null
          },
          "sensitive_attributes": []
        }
      ]
    },
    {
      "module": "module.network",
      "mode": "managed",
      "type": "oci_core_security_list",
      "name": "ewp_security_list",
      "provider": "provider[\"registry.terraform.io/hashicorp/oci\"]",
      "instances": [
        {
          "schema_version": 0,
          "attributes": {
            "compartment_id": "ocid1.tenancy.oc1..aaaaaaaa7ir42cknj7xvbqc77vftjpvx7aavbueua4hzkuaur6wx7lyyvuxq",
            "defined_tags": {
              "Oracle-Tags.CreatedBy": "default/mike@wyss.co.uk",
              "Oracle-Tags.CreatedOn": "2023-08-25T21:52:36.155Z"
            },
            "display_name": "ewp_security_list",
            "egress_security_rules": [
              {
                "description": "",
                "destination": "0.0.0.0/0",
                "destination_type": "CIDR_BLOCK",
                "icmp_options": [],
                "protocol": "all",
                "stateless": false,
                "tcp_options": [],
                "udp_options": []
              }
            ],
            "freeform_tags": {},
            "id": "ocid1.securitylist.oc1.uk-london-1.aaaaaaaav52ky4gvgyvcvy7nmg37a3fccgw5h4uf5szayfsenl55mohgbmka",
            "ingress_security_rules": [
              {
                "description": "",
                "icmp_options": [],
                "protocol": "6",
                "source": "62.3.76.144/32",
                "source_type": "CIDR_BLOCK",
                "stateless": false,
                "tcp_options": [
                  {
                    "max": 22,
                    "min": 22,
                    "source_port_range": []
                  }
                ],
                "udp_options": []
              },
              {
                "description": "",
                "icmp_options": [],
                "protocol": "all",
                "source": "0.0.0.0/0",
                "source_type": "CIDR_BLOCK",
                "stateless": false,
                "tcp_options": [],
                "udp_options": []
              }
            ],
            "state": "AVAILABLE",
            "time_created": "2023-08-25 21:52:36.211 +0000 UTC",
            "timeouts": null,
            "vcn_id": "ocid1.vcn.oc1.uk-london-1.amaaaaaaavf7xtyan3fq7i6xjqtdualtqjhaowinaef52k645lmrxliuphfq"
          },
          "sensitive_attributes": [],
          "private": "eyJlMmJmYjczMC1lY2FhLTExZTYtOGY4OC0zNDM2M2JjN2M0YzAiOnsiY3JlYXRlIjoxMjAwMDAwMDAwMDAwLCJkZWxldGUiOjEyMDAwMDAwMDAwMDAsInVwZGF0ZSI6MTIwMDAwMDAwMDAwMH19",
          "dependencies": [
            "module.network.data.external.my_ip",
            "module.network.module.vcn.oci_core_vcn.vcn"
          ]
        }
      ]
    },
    {
      "module": "module.network",
      "mode": "managed",
      "type": "oci_core_subnet",
      "name": "ewp_public",
      "provider": "provider[\"registry.terraform.io/hashicorp/oci\"]",
      "instances": [
        {
          "index_key": 0,
          "schema_version": 0,
          "attributes": {
            "availability_domain": null,
            "cidr_block": "10.0.1.0/24",
            "compartment_id": "ocid1.tenancy.oc1..aaaaaaaa7ir42cknj7xvbqc77vftjpvx7aavbueua4hzkuaur6wx7lyyvuxq",
            "defined_tags": {
              "Oracle-Tags.CreatedBy": "default/mike@wyss.co.uk",
              "Oracle-Tags.CreatedOn": "2023-08-24T19:33:04.477Z"
            },
            "dhcp_options_id": "ocid1.dhcpoptions.oc1.uk-london-1.aaaaaaaa2mlrvbqu2vl3fwx5jz63lfhlxqwi3l3ri6b2uya5gkjmdpmg4jua",
            "display_name": "subnet20230824193304",
            "dns_label": "ewp0",
            "freeform_tags": {
              "CreatedBy": "Terraform",
              "UsedBy": "Elle Wyss Photography"
            },
            "id": "ocid1.subnet.oc1.uk-london-1.aaaaaaaaa7qwyccez5sq2bi6uusdbl3ep3riqoss4kcrqcy74yfmxnqiggfq",
            "ipv6cidr_block": null,
            "ipv6cidr_blocks": [],
            "ipv6virtual_router_ip": null,
            "prohibit_internet_ingress": false,
            "prohibit_public_ip_on_vnic": false,
            "route_table_id": "ocid1.routetable.oc1.uk-london-1.aaaaaaaaxqkxwnil56mlptx5x4o7xwxjm7dry2wukbwuilnkiehuybdfpuvq",
            "security_list_ids": [
              "ocid1.securitylist.oc1.uk-london-1.aaaaaaaav52ky4gvgyvcvy7nmg37a3fccgw5h4uf5szayfsenl55mohgbmka"
            ],
            "state": "AVAILABLE",
            "subnet_domain_name": "ewp0.vcnmodule.oraclevcn.com",
            "time_created": "2023-08-24 19:33:04.523 +0000 UTC",
            "timeouts": null,
            "vcn_id": "ocid1.vcn.oc1.uk-london-1.amaaaaaaavf7xtyan3fq7i6xjqtdualtqjhaowinaef52k645lmrxliuphfq",
            "virtual_router_ip": "10.0.1.1",
            "virtual_router_mac": "00:00:17:6E:4B:B7"
          },
          "sensitive_attributes": [],
          "private": "eyJlMmJmYjczMC1lY2FhLTExZTYtOGY4OC0zNDM2M2JjN2M0YzAiOnsiY3JlYXRlIjoxMjAwMDAwMDAwMDAwLCJkZWxldGUiOjEyMDAwMDAwMDAwMDAsInVwZGF0ZSI6MTIwMDAwMDAwMDAwMH19",
          "dependencies": [
            "module.network.data.external.my_ip",
            "module.network.module.vcn.oci_core_internet_gateway.ig",
            "module.network.module.vcn.oci_core_route_table.ig",
            "module.network.module.vcn.oci_core_vcn.vcn",
            "module.network.oci_core_security_list.ewp_security_list"
          ]
        },
        {
          "index_key": 1,
          "schema_version": 0,
          "attributes": {
            "availability_domain": null,
            "cidr_block": "10.0.2.0/24",
            "compartment_id": "ocid1.tenancy.oc1..aaaaaaaa7ir42cknj7xvbqc77vftjpvx7aavbueua4hzkuaur6wx7lyyvuxq",
            "defined_tags": {
              "Oracle-Tags.CreatedBy": "default/mike@wyss.co.uk",
              "Oracle-Tags.CreatedOn": "2023-08-24T19:33:05.814Z"
            },
            "dhcp_options_id": "ocid1.dhcpoptions.oc1.uk-london-1.aaaaaaaa2mlrvbqu2vl3fwx5jz63lfhlxqwi3l3ri6b2uya5gkjmdpmg4jua",
            "display_name": "subnet20230824193306",
            "dns_label": "ewp1",
            "freeform_tags": {
              "CreatedBy": "Terraform",
              "UsedBy": "Elle Wyss Photography"
            },
            "id": "ocid1.subnet.oc1.uk-london-1.aaaaaaaae5kw4uyx5enftnossaljjfxuwsvsnmh2vy6x7jz6i2ifuuntsgdq",
            "ipv6cidr_block": null,
            "ipv6cidr_blocks": [],
            "ipv6virtual_router_ip": null,
            "prohibit_internet_ingress": false,
            "prohibit_public_ip_on_vnic": false,
            "route_table_id": "ocid1.routetable.oc1.uk-london-1.aaaaaaaaxqkxwnil56mlptx5x4o7xwxjm7dry2wukbwuilnkiehuybdfpuvq",
            "security_list_ids": [
              "ocid1.securitylist.oc1.uk-london-1.aaaaaaaav52ky4gvgyvcvy7nmg37a3fccgw5h4uf5szayfsenl55mohgbmka"
            ],
            "state": "AVAILABLE",
            "subnet_domain_name": "ewp1.vcnmodule.oraclevcn.com",
            "time_created": "2023-08-24 19:33:06.178 +0000 UTC",
            "timeouts": null,
            "vcn_id": "ocid1.vcn.oc1.uk-london-1.amaaaaaaavf7xtyan3fq7i6xjqtdualtqjhaowinaef52k645lmrxliuphfq",
            "virtual_router_ip": "10.0.2.1",
            "virtual_router_mac": "00:00:17:6E:4B:B7"
          },
          "sensitive_attributes": [],
          "private": "eyJlMmJmYjczMC1lY2FhLTExZTYtOGY4OC0zNDM2M2JjN2M0YzAiOnsiY3JlYXRlIjoxMjAwMDAwMDAwMDAwLCJkZWxldGUiOjEyMDAwMDAwMDAwMDAsInVwZGF0ZSI6MTIwMDAwMDAwMDAwMH19",
          "dependencies": [
            "module.network.data.external.my_ip",
            "module.network.module.vcn.oci_core_internet_gateway.ig",
            "module.network.module.vcn.oci_core_route_table.ig",
            "module.network.module.vcn.oci_core_vcn.vcn",
            "module.network.oci_core_security_list.ewp_security_list"
          ],
          "create_before_destroy": true
        }
      ]
    },
    {
      "module": "module.network.module.vcn",
      "mode": "managed",
      "type": "oci_core_default_security_list",
      "name": "lockdown",
      "provider": "provider[\"registry.terraform.io/oracle/oci\"]",
      "instances": [
        {
          "index_key": 0,
          "schema_version": 0,
          "attributes": {
            "compartment_id": "ocid1.tenancy.oc1..aaaaaaaa7ir42cknj7xvbqc77vftjpvx7aavbueua4hzkuaur6wx7lyyvuxq",
            "defined_tags": {
              "Oracle-Tags.CreatedBy": "default/mike@wyss.co.uk",
              "Oracle-Tags.CreatedOn": "2023-08-24T19:12:02.179Z"
            },
            "display_name": "Default Security List for ewp_vcn",
            "egress_security_rules": [],
            "freeform_tags": {
              "CreatedBy": "Terraform",
              "UsedBy": "Elle Wyss Photography"
            },
            "id": "ocid1.securitylist.oc1.uk-london-1.aaaaaaaad3fzfecbc245agbztk7th332pgm4drpkmnlbr6ofkvbkkuuz37gq",
            "ingress_security_rules": [],
            "manage_default_resource_id": "ocid1.securitylist.oc1.uk-london-1.aaaaaaaad3fzfecbc245agbztk7th332pgm4drpkmnlbr6ofkvbkkuuz37gq",
            "state": "AVAILABLE",
            "time_created": "2023-08-24 19:12:02.289 +0000 UTC",
            "timeouts": null
          },
          "sensitive_attributes": [],
          "private": "eyJlMmJmYjczMC1lY2FhLTExZTYtOGY4OC0zNDM2M2JjN2M0YzAiOnsiY3JlYXRlIjoxMjAwMDAwMDAwMDAwLCJkZWxldGUiOjEyMDAwMDAwMDAwMDAsInVwZGF0ZSI6MTIwMDAwMDAwMDAwMH19",
          "dependencies": [
            "module.network.module.vcn.oci_core_vcn.vcn"
          ]
        }
      ]
    },
    {
      "module": "module.network.module.vcn",
      "mode": "managed",
      "type": "oci_core_internet_gateway",
      "name": "ig",
      "provider": "provider[\"registry.terraform.io/oracle/oci\"]",
      "instances": [
        {
          "index_key": 0,
          "schema_version": 0,
          "attributes": {
            "compartment_id": "ocid1.tenancy.oc1..aaaaaaaa7ir42cknj7xvbqc77vftjpvx7aavbueua4hzkuaur6wx7lyyvuxq",
            "defined_tags": {
              "Oracle-Tags.CreatedBy": "default/mike@wyss.co.uk",
              "Oracle-Tags.CreatedOn": "2023-08-24T19:12:03.182Z"
            },
            "display_name": "internet-gateway",
            "enabled": true,
            "freeform_tags": {
              "CreatedBy": "Terraform",
              "UsedBy": "Elle Wyss Photography"
            },
            "id": "ocid1.internetgateway.oc1.uk-london-1.aaaaaaaaiqcgvbq7edrp7k3dywx3p63nfgz3ndrlvdyqd743hvyc53beltka",
            "route_table_id": null,
            "state": "AVAILABLE",
            "time_created": "2023-08-24 19:12:03.22 +0000 UTC",
            "timeouts": null,
            "vcn_id": "ocid1.vcn.oc1.uk-london-1.amaaaaaaavf7xtyan3fq7i6xjqtdualtqjhaowinaef52k645lmrxliuphfq"
          },
          "sensitive_attributes": [],
          "private": "eyJlMmJmYjczMC1lY2FhLTExZTYtOGY4OC0zNDM2M2JjN2M0YzAiOnsiY3JlYXRlIjoxMjAwMDAwMDAwMDAwLCJkZWxldGUiOjEyMDAwMDAwMDAwMDAsInVwZGF0ZSI6MTIwMDAwMDAwMDAwMH19",
          "dependencies": [
            "module.network.module.vcn.oci_core_vcn.vcn"
          ]
        }
      ]
    },
    {
      "module": "module.network.module.vcn",
      "mode": "managed",
      "type": "oci_core_nat_gateway",
      "name": "nat_gateway",
      "provider": "provider[\"registry.terraform.io/oracle/oci\"]",
      "instances": [
        {
          "index_key": 0,
          "schema_version": 0,
          "attributes": {
            "block_traffic": false,
            "compartment_id": "ocid1.tenancy.oc1..aaaaaaaa7ir42cknj7xvbqc77vftjpvx7aavbueua4hzkuaur6wx7lyyvuxq",
            "defined_tags": {
              "Oracle-Tags.CreatedBy": "default/mike@wyss.co.uk",
              "Oracle-Tags.CreatedOn": "2023-08-24T19:12:03.222Z"
            },
            "display_name": "ewp_nat_gateway",
            "freeform_tags": {
              "CreatedBy": "Terraform",
              "UsedBy": "Elle Wyss Photography"
            },
            "id": "ocid1.natgateway.oc1.uk-london-1.aaaaaaaao7i4sun7yorphuydfoktiizwuxshnzo5m37n6ichacws3ixaw2ma",
            "nat_ip": "132.226.209.68",
            "public_ip_id": "ocid1.publicip.oc1.uk-london-1.aaaaaaaanv76alm4dmnj2uczxxsdhpz5gcyqeaozpaidygy3ptonb6x3z4xa",
            "route_table_id": null,
            "state": "AVAILABLE",
            "time_created": "2023-08-24 19:12:03.545 +0000 UTC",
            "timeouts": null,
            "vcn_id": "ocid1.vcn.oc1.uk-london-1.amaaaaaaavf7xtyan3fq7i6xjqtdualtqjhaowinaef52k645lmrxliuphfq"
          },
          "sensitive_attributes": [],
          "private": "eyJlMmJmYjczMC1lY2FhLTExZTYtOGY4OC0zNDM2M2JjN2M0YzAiOnsiY3JlYXRlIjoxMjAwMDAwMDAwMDAwLCJkZWxldGUiOjEyMDAwMDAwMDAwMDAsInVwZGF0ZSI6MTIwMDAwMDAwMDAwMH19",
          "dependencies": [
            "module.network.module.vcn.oci_core_vcn.vcn"
          ]
        }
      ]
    },
    {
      "module": "module.network.module.vcn",
      "mode": "managed",
      "type": "oci_core_route_table",
      "name": "ig",
      "provider": "provider[\"registry.terraform.io/oracle/oci\"]",
      "instances": [
        {
          "index_key": 0,
          "schema_version": 0,
          "attributes": {
            "compartment_id": "ocid1.tenancy.oc1..aaaaaaaa7ir42cknj7xvbqc77vftjpvx7aavbueua4hzkuaur6wx7lyyvuxq",
            "defined_tags": {
              "Oracle-Tags.CreatedBy": "default/mike@wyss.co.uk",
              "Oracle-Tags.CreatedOn": "2023-08-24T19:12:03.803Z"
            },
            "display_name": "internet-route",
            "freeform_tags": {
              "CreatedBy": "Terraform",
              "UsedBy": "Elle Wyss Photography"
            },
            "id": "ocid1.routetable.oc1.uk-london-1.aaaaaaaaxqkxwnil56mlptx5x4o7xwxjm7dry2wukbwuilnkiehuybdfpuvq",
            "route_rules": [
              {
                "cidr_block": "",
                "description": "Terraformed - Auto-generated at Internet Gateway creation: Internet Gateway as default gateway",
                "destination": "0.0.0.0/0",
                "destination_type": "CIDR_BLOCK",
                "network_entity_id": "ocid1.internetgateway.oc1.uk-london-1.aaaaaaaaiqcgvbq7edrp7k3dywx3p63nfgz3ndrlvdyqd743hvyc53beltka",
                "route_type": ""
              }
            ],
            "state": "AVAILABLE",
            "time_created": "2023-08-24 19:12:03.822 +0000 UTC",
            "timeouts": null,
            "vcn_id": "ocid1.vcn.oc1.uk-london-1.amaaaaaaavf7xtyan3fq7i6xjqtdualtqjhaowinaef52k645lmrxliuphfq"
          },
          "sensitive_attributes": [],
          "private": "eyJlMmJmYjczMC1lY2FhLTExZTYtOGY4OC0zNDM2M2JjN2M0YzAiOnsiY3JlYXRlIjoxMjAwMDAwMDAwMDAwLCJkZWxldGUiOjEyMDAwMDAwMDAwMDAsInVwZGF0ZSI6MTIwMDAwMDAwMDAwMH19",
          "dependencies": [
            "module.network.module.vcn.oci_core_internet_gateway.ig",
            "module.network.module.vcn.oci_core_vcn.vcn"
          ]
        }
      ]
    },
    {
      "module": "module.network.module.vcn",
      "mode": "managed",
      "type": "oci_core_route_table",
      "name": "nat",
      "provider": "provider[\"registry.terraform.io/oracle/oci\"]",
      "instances": [
        {
          "index_key": 0,
          "schema_version": 0,
          "attributes": {
            "compartment_id": "ocid1.tenancy.oc1..aaaaaaaa7ir42cknj7xvbqc77vftjpvx7aavbueua4hzkuaur6wx7lyyvuxq",
            "defined_tags": {
              "Oracle-Tags.CreatedBy": "default/mike@wyss.co.uk",
              "Oracle-Tags.CreatedOn": "2023-08-24T19:12:04.870Z"
            },
            "display_name": "nat-route",
            "freeform_tags": {
              "CreatedBy": "Terraform",
              "UsedBy": "Elle Wyss Photography"
            },
            "id": "ocid1.routetable.oc1.uk-london-1.aaaaaaaad74obelk4fls3gswmnetklxgec2gmflwtreo7vhhzalknif7u4kq",
            "route_rules": [
              {
                "cidr_block": "",
                "description": "Terraformed - Auto-generated at NAT Gateway creation: NAT Gateway as default gateway",
                "destination": "0.0.0.0/0",
                "destination_type": "CIDR_BLOCK",
                "network_entity_id": "ocid1.natgateway.oc1.uk-london-1.aaaaaaaao7i4sun7yorphuydfoktiizwuxshnzo5m37n6ichacws3ixaw2ma",
                "route_type": ""
              }
            ],
            "state": "AVAILABLE",
            "time_created": "2023-08-24 19:12:04.891 +0000 UTC",
            "timeouts": null,
            "vcn_id": "ocid1.vcn.oc1.uk-london-1.amaaaaaaavf7xtyan3fq7i6xjqtdualtqjhaowinaef52k645lmrxliuphfq"
          },
          "sensitive_attributes": [],
          "private": "eyJlMmJmYjczMC1lY2FhLTExZTYtOGY4OC0zNDM2M2JjN2M0YzAiOnsiY3JlYXRlIjoxMjAwMDAwMDAwMDAwLCJkZWxldGUiOjEyMDAwMDAwMDAwMDAsInVwZGF0ZSI6MTIwMDAwMDAwMDAwMH19",
          "dependencies": [
            "module.network.module.vcn.oci_core_nat_gateway.nat_gateway",
            "module.network.module.vcn.oci_core_vcn.vcn"
          ]
        }
      ]
    },
    {
      "module": "module.network.module.vcn",
      "mode": "managed",
      "type": "oci_core_vcn",
      "name": "vcn",
      "provider": "provider[\"registry.terraform.io/oracle/oci\"]",
      "instances": [
        {
          "schema_version": 0,
          "attributes": {
            "byoipv6cidr_blocks": [],
            "byoipv6cidr_details": [],
            "cidr_block": "10.0.0.0/16",
            "cidr_blocks": [
              "10.0.0.0/16"
            ],
            "compartment_id": "ocid1.tenancy.oc1..aaaaaaaa7ir42cknj7xvbqc77vftjpvx7aavbueua4hzkuaur6wx7lyyvuxq",
            "default_dhcp_options_id": "ocid1.dhcpoptions.oc1.uk-london-1.aaaaaaaa2mlrvbqu2vl3fwx5jz63lfhlxqwi3l3ri6b2uya5gkjmdpmg4jua",
            "default_route_table_id": "ocid1.routetable.oc1.uk-london-1.aaaaaaaacvqajzvkwiusiylvtpux4sllnatt5p6w3uksb55a3r4frd5rg6xa",
            "default_security_list_id": "ocid1.securitylist.oc1.uk-london-1.aaaaaaaad3fzfecbc245agbztk7th332pgm4drpkmnlbr6ofkvbkkuuz37gq",
            "defined_tags": {
              "Oracle-Tags.CreatedBy": "default/mike@wyss.co.uk",
              "Oracle-Tags.CreatedOn": "2023-08-24T19:12:02.179Z"
            },
            "display_name": "ewp_vcn",
            "dns_label": "vcnmodule",
            "freeform_tags": {
              "CreatedBy": "Terraform",
              "UsedBy": "Elle Wyss Photography"
            },
            "id": "ocid1.vcn.oc1.uk-london-1.amaaaaaaavf7xtyan3fq7i6xjqtdualtqjhaowinaef52k645lmrxliuphfq",
            "ipv6cidr_blocks": [],
            "ipv6private_cidr_blocks": [],
            "is_ipv6enabled": false,
            "is_oracle_gua_allocation_enabled": null,
            "state": "AVAILABLE",
            "time_created": "2023-08-24 19:12:02.289 +0000 UTC",
            "timeouts": null,
            "vcn_domain_name": "vcnmodule.oraclevcn.com"
          },
          "sensitive_attributes": [],
          "private": "eyJlMmJmYjczMC1lY2FhLTExZTYtOGY4OC0zNDM2M2JjN2M0YzAiOnsiY3JlYXRlIjoxMjAwMDAwMDAwMDAwLCJkZWxldGUiOjEyMDAwMDAwMDAwMDAsInVwZGF0ZSI6MTIwMDAwMDAwMDAwMH19"
        }
      ]
    },
    {
      "module": "module.object-storage",
      "mode": "managed",
      "type": "oci_objectstorage_bucket",
      "name": "ewp_image_storage",
      "provider": "provider[\"registry.terraform.io/hashicorp/oci\"]",
      "instances": [
        {
          "schema_version": 0,
          "attributes": {
            "access_type": "ObjectRead",
            "approximate_count": "294",
            "approximate_size": "209659789",
            "auto_tiering": "InfrequentAccess",
            "bucket_id": "ocid1.bucket.oc1.uk-london-1.aaaaaaaapn4chm4bwdquhoep356rkuvljvafrx6dhi6ageogsih7klwkxg3a",
            "compartment_id": "ocid1.tenancy.oc1..aaaaaaaa7ir42cknj7xvbqc77vftjpvx7aavbueua4hzkuaur6wx7lyyvuxq",
            "created_by": "ocid1.user.oc1..aaaaaaaafop7zhrbkkbp32l43eduibofjiwh5hx5alaypzhvrbyfw3rh3q3a",
            "defined_tags": {
              "Oracle-Tags.CreatedBy": "default/mike@wyss.co.uk",
              "Oracle-Tags.CreatedOn": "2023-08-23T21:42:39.708Z"
            },
            "etag": "c1c71352-67c2-451c-bdca-2b33659353f5",
            "freeform_tags": {
              "CreatedBy": "Terraform",
              "UsedBy": "Elle Wyss Photography"
            },
            "id": "n/lr4poue3hwjl/b/ewp_image_store",
            "is_read_only": false,
            "kms_key_id": null,
            "metadata": {},
            "name": "ewp_image_store",
            "namespace": "lr4poue3hwjl",
            "object_events_enabled": false,
            "object_lifecycle_policy_etag": null,
            "replication_enabled": false,
            "retention_rules": [],
            "storage_tier": "Standard",
            "time_created": "2023-08-23 21:42:39.724 +0000 UTC",
            "timeouts": null,
            "versioning": "Disabled"
          },
          "sensitive_attributes": [],
          "private": "eyJlMmJmYjczMC1lY2FhLTExZTYtOGY4OC0zNDM2M2JjN2M0YzAiOnsiY3JlYXRlIjoxMjAwMDAwMDAwMDAwLCJkZWxldGUiOjEyMDAwMDAwMDAwMDAsInVwZGF0ZSI6MTIwMDAwMDAwMDAwMH19"
        }
      ]
    },
    {
      "module": "module.object-storage",
      "mode": "managed",
      "type": "oci_objectstorage_object",
      "name": "ewp_image_storage",
      "provider": "provider[\"registry.terraform.io/hashicorp/oci\"]",
      "instances": [
        {
          "index_key": 0,
          "schema_version": 0,
          "attributes": {
            "bucket": "ewp_image_store",
            "cache_control": null,
            "content": null,
            "content_disposition": null,
            "content_encoding": null,
            "content_language": null,
            "content_length": "787435",
            "content_md5": "jmGqImUZ1GHWCyWIFbyeuA==",
            "content_type": "image/jpeg",
            "delete_all_object_versions": false,
            "id": "n/lr4poue3hwjl/b/ewp_image_store/o/weddings%2FAdrian%20and%20Monica%2F1.jpg",
            "metadata": {},
            "namespace": "lr4poue3hwjl",
            "object": "weddings/Adrian and Monica/1.jpg",
            "opc_sse_kms_key_id": null,
            "source": "../assets/weddings/Adrian and Monica/1.jpg 2016-03-09 09:22:23 +0000 GMT",
            "source_uri_details": [],
            "state": "COMPLETED",
            "storage_tier": "Standard",
            "timeouts": null,
            "version_id": "07b97505-f322-44cb-9beb-338213f47a36",
            "work_request_id": ""
          },
          "sensitive_attributes": [],
          "private": "eyJlMmJmYjczMC1lY2FhLTExZTYtOGY4OC0zNDM2M2JjN2M0YzAiOnsiY3JlYXRlIjoxMjAwMDAwMDAwMDAwLCJkZWxldGUiOjEyMDAwMDAwMDAwMDAsInVwZGF0ZSI6MTIwMDAwMDAwMDAwMH19",
          "dependencies": [
            "module.object-storage.oci_objectstorage_bucket.ewp_image_storage"
          ]
        },
        {
          "index_key": 1,
          "schema_version": 0,
          "attributes": {
            "bucket": "ewp_image_store",
            "cache_control": null,
            "content": null,
            "content_disposition": null,
            "content_encoding": null,
            "content_language": null,
            "content_length": "265146",
            "content_md5": "WhLXRvZGgSn5ulhkDKqcEg==",
            "content_type": "image/jpeg",
            "delete_all_object_versions": false,
            "id": "n/lr4poue3hwjl/b/ewp_image_store/o/weddings%2FAdrian%20and%20Monica%2F10.jpg",
            "metadata": {},
            "namespace": "lr4poue3hwjl",
            "object": "weddings/Adrian and Monica/10.jpg",
            "opc_sse_kms_key_id": null,
            "source": "../assets/weddings/Adrian and Monica/10.jpg 2016-03-09 09:23:31 +0000 GMT",
            "source_uri_details": [],
            "state": "COMPLETED",
            "storage_tier": "Standard",
            "timeouts": null,
            "version_id": "8cd0e4f6-76a9-4655-85c9-566598fa1f98",
            "work_request_id": ""
          },
          "sensitive_attributes": [],
          "private": "eyJlMmJmYjczMC1lY2FhLTExZTYtOGY4OC0zNDM2M2JjN2M0YzAiOnsiY3JlYXRlIjoxMjAwMDAwMDAwMDAwLCJkZWxldGUiOjEyMDAwMDAwMDAwMDAsInVwZGF0ZSI6MTIwMDAwMDAwMDAwMH19",
          "dependencies": [
            "module.object-storage.oci_objectstorage_bucket.ewp_image_storage"
          ]
        },
        {
          "index_key": 2,
          "schema_version": 0,
          "attributes": {
            "bucket": "ewp_image_store",
            "cache_control": null,
            "content": null,
            "content_disposition": null,
            "content_encoding": null,
            "content_language": null,
            "content_length": "746388",
            "content_md5": "4nZJ4Ec/bZddMAqfVFP83Q==",
            "content_type": "image/jpeg",
            "delete_all_object_versions": false,
            "id": "n/lr4poue3hwjl/b/ewp_image_store/o/weddings%2FAdrian%20and%20Monica%2F11.jpg",
            "metadata": {},
            "namespace": "lr4poue3hwjl",
            "object": "weddings/Adrian and Monica/11.jpg",
            "opc_sse_kms_key_id": null,
            "source": "../assets/weddings/Adrian and Monica/11.jpg 2016-03-09 09:27:42 +0000 GMT",
            "source_uri_details": [],
            "state": "COMPLETED",
            "storage_tier": "Standard",
            "timeouts": null,
            "version_id": "8fa29010-d406-41dc-b16d-f071043cd311",
            "work_request_id": ""
          },
          "sensitive_attributes": [],
          "private": "eyJlMmJmYjczMC1lY2FhLTExZTYtOGY4OC0zNDM2M2JjN2M0YzAiOnsiY3JlYXRlIjoxMjAwMDAwMDAwMDAwLCJkZWxldGUiOjEyMDAwMDAwMDAwMDAsInVwZGF0ZSI6MTIwMDAwMDAwMDAwMH19",
          "dependencies": [
            "module.object-storage.oci_objectstorage_bucket.ewp_image_storage"
          ]
        },
        {
          "index_key": 3,
          "schema_version": 0,
          "attributes": {
            "bucket": "ewp_image_store",
            "cache_control": null,
            "content": null,
            "content_disposition": null,
            "content_encoding": null,
            "content_language": null,
            "content_length": "670692",
            "content_md5": "IfxklR9PeuWslL+wXQQFOg==",
            "content_type": "image/jpeg",
            "delete_all_object_versions": false,
            "id": "n/lr4poue3hwjl/b/ewp_image_store/o/weddings%2FAdrian%20and%20Monica%2F12.jpg",
            "metadata": {},
            "namespace": "lr4poue3hwjl",
            "object": "weddings/Adrian and Monica/12.jpg",
            "opc_sse_kms_key_id": null,
            "source": "../assets/weddings/Adrian and Monica/12.jpg 2016-03-09 09:27:49 +0000 GMT",
            "source_uri_details": [],
            "state": "COMPLETED",
            "storage_tier": "Standard",
            "timeouts": null,
            "version_id": "33ab0176-afb9-41d4-b283-134156599edf",
            "work_request_id": ""
          },
          "sensitive_attributes": [],
          "private": "eyJlMmJmYjczMC1lY2FhLTExZTYtOGY4OC0zNDM2M2JjN2M0YzAiOnsiY3JlYXRlIjoxMjAwMDAwMDAwMDAwLCJkZWxldGUiOjEyMDAwMDAwMDAwMDAsInVwZGF0ZSI6MTIwMDAwMDAwMDAwMH19",
          "dependencies": [
            "module.object-storage.oci_objectstorage_bucket.ewp_image_storage"
          ]
        },
        {
          "index_key": 4,
          "schema_version": 0,
          "attributes": {
            "bucket": "ewp_image_store",
            "cache_control": null,
            "content": null,
            "content_disposition": null,
            "content_encoding": null,
            "content_language": null,
            "content_length": "918713",
            "content_md5": "C1hKz83JI1eFV3HO3Vm3PQ==",
            "content_type": "image/jpeg",
            "delete_all_object_versions": false,
            "id": "n/lr4poue3hwjl/b/ewp_image_store/o/weddings%2FAdrian%20and%20Monica%2F13.jpg",
            "metadata": {},
            "namespace": "lr4poue3hwjl",
            "object": "weddings/Adrian and Monica/13.jpg",
            "opc_sse_kms_key_id": null,
            "source": "../assets/weddings/Adrian and Monica/13.jpg 2016-03-09 09:23:39 +0000 GMT",
            "source_uri_details": [],
            "state": "COMPLETED",
            "storage_tier": "Standard",
            "timeouts": null,
            "version_id": "ccfaa754-51ef-4dc5-a016-ec6a4a19316e",
            "work_request_id": ""
          },
          "sensitive_attributes": [],
          "private": "eyJlMmJmYjczMC1lY2FhLTExZTYtOGY4OC0zNDM2M2JjN2M0YzAiOnsiY3JlYXRlIjoxMjAwMDAwMDAwMDAwLCJkZWxldGUiOjEyMDAwMDAwMDAwMDAsInVwZGF0ZSI6MTIwMDAwMDAwMDAwMH19",
          "dependencies": [
            "module.object-storage.oci_objectstorage_bucket.ewp_image_storage"
          ]
        },
        {
          "index_key": 5,
          "schema_version": 0,
          "attributes": {
            "bucket": "ewp_image_store",
            "cache_control": null,
            "content": null,
            "content_disposition": null,
            "content_encoding": null,
            "content_language": null,
            "content_length": "929042",
            "content_md5": "dsNOYN0JCSvbo6JLYzBVqg==",
            "content_type": "image/jpeg",
            "delete_all_object_versions": false,
            "id": "n/lr4poue3hwjl/b/ewp_image_store/o/weddings%2FAdrian%20and%20Monica%2F14.jpg",
            "metadata": {},
            "namespace": "lr4poue3hwjl",
            "object": "weddings/Adrian and Monica/14.jpg",
            "opc_sse_kms_key_id": null,
            "source": "../assets/weddings/Adrian and Monica/14.jpg 2016-03-09 09:23:44 +0000 GMT",
            "source_uri_details": [],
            "state": "COMPLETED",
            "storage_tier": "Standard",
            "timeouts": null,
            "version_id": "ad01f84a-c579-40e9-9270-aacff955e30b",
            "work_request_id": ""
          },
          "sensitive_attributes": [],
          "private": "eyJlMmJmYjczMC1lY2FhLTExZTYtOGY4OC0zNDM2M2JjN2M0YzAiOnsiY3JlYXRlIjoxMjAwMDAwMDAwMDAwLCJkZWxldGUiOjEyMDAwMDAwMDAwMDAsInVwZGF0ZSI6MTIwMDAwMDAwMDAwMH19",
          "dependencies": [
            "module.object-storage.oci_objectstorage_bucket.ewp_image_storage"
          ]
        },
        {
          "index_key": 6,
          "schema_version": 0,
          "attributes": {
            "bucket": "ewp_image_store",
            "cache_control": null,
            "content": null,
            "content_disposition": null,
            "content_encoding": null,
            "content_language": null,
            "content_length": "935027",
            "content_md5": "JUB4p/JZy9DrwEhwoKAVKg==",
            "content_type": "image/jpeg",
            "delete_all_object_versions": false,
            "id": "n/lr4poue3hwjl/b/ewp_image_store/o/weddings%2FAdrian%20and%20Monica%2F15.jpg",
            "metadata": {},
            "namespace": "lr4poue3hwjl",
            "object": "weddings/Adrian and Monica/15.jpg",
            "opc_sse_kms_key_id": null,
            "source": "../assets/weddings/Adrian and Monica/15.jpg 2016-03-09 09:23:50 +0000 GMT",
            "source_uri_details": [],
            "state": "COMPLETED",
            "storage_tier": "Standard",
            "timeouts": null,
            "version_id": "ebd4bd62-9544-472b-96a6-04370b6e08d7",
            "work_request_id": ""
          },
          "sensitive_attributes": [],
          "private": "eyJlMmJmYjczMC1lY2FhLTExZTYtOGY4OC0zNDM2M2JjN2M0YzAiOnsiY3JlYXRlIjoxMjAwMDAwMDAwMDAwLCJkZWxldGUiOjEyMDAwMDAwMDAwMDAsInVwZGF0ZSI6MTIwMDAwMDAwMDAwMH19",
          "dependencies": [
            "module.object-storage.oci_objectstorage_bucket.ewp_image_storage"
          ]
        },
        {
          "index_key": 7,
          "schema_version": 0,
          "attributes": {
            "bucket": "ewp_image_store",
            "cache_control": null,
            "content": null,
            "content_disposition": null,
            "content_encoding": null,
            "content_language": null,
            "content_length": "233797",
            "content_md5": "jhVnJWAYVJ/lfpMtPELilQ==",
            "content_type": "image/jpeg",
            "delete_all_object_versions": false,
            "id": "n/lr4poue3hwjl/b/ewp_image_store/o/weddings%2FAdrian%20and%20Monica%2F16.jpg",
            "metadata": {},
            "namespace": "lr4poue3hwjl",
            "object": "weddings/Adrian and Monica/16.jpg",
            "opc_sse_kms_key_id": null,
            "source": "../assets/weddings/Adrian and Monica/16.jpg 2016-03-09 09:23:56 +0000 GMT",
            "source_uri_details": [],
            "state": "COMPLETED",
            "storage_tier": "Standard",
            "timeouts": null,
            "version_id": "19f6562d-ca58-4471-8d9c-2f30b07f7e5e",
            "work_request_id": ""
          },
          "sensitive_attributes": [],
          "private": "eyJlMmJmYjczMC1lY2FhLTExZTYtOGY4OC0zNDM2M2JjN2M0YzAiOnsiY3JlYXRlIjoxMjAwMDAwMDAwMDAwLCJkZWxldGUiOjEyMDAwMDAwMDAwMDAsInVwZGF0ZSI6MTIwMDAwMDAwMDAwMH19",
          "dependencies": [
            "module.object-storage.oci_objectstorage_bucket.ewp_image_storage"
          ]
        },
        {
          "index_key": 8,
          "schema_version": 0,
          "attributes": {
            "bucket": "ewp_image_store",
            "cache_control": null,
            "content": null,
            "content_disposition": null,
            "content_encoding": null,
            "content_language": null,
            "content_length": "447670",
            "content_md5": "NO96tzjN2RB4YMK9dD+sGA==",
            "content_type": "image/jpeg",
            "delete_all_object_versions": false,
            "id": "n/lr4poue3hwjl/b/ewp_image_store/o/weddings%2FAdrian%20and%20Monica%2F17.jpg",
            "metadata": {},
            "namespace": "lr4poue3hwjl",
            "object": "weddings/Adrian and Monica/17.jpg",
            "opc_sse_kms_key_id": null,
            "source": "../assets/weddings/Adrian and Monica/17.jpg 2016-03-09 09:24:00 +0000 GMT",
            "source_uri_details": [],
            "state": "COMPLETED",
            "storage_tier": "Standard",
            "timeouts": null,
            "version_id": "fb6fe2e0-673f-427b-b287-974cdfd417d8",
            "work_request_id": ""
          },
          "sensitive_attributes": [],
          "private": "eyJlMmJmYjczMC1lY2FhLTExZTYtOGY4OC0zNDM2M2JjN2M0YzAiOnsiY3JlYXRlIjoxMjAwMDAwMDAwMDAwLCJkZWxldGUiOjEyMDAwMDAwMDAwMDAsInVwZGF0ZSI6MTIwMDAwMDAwMDAwMH19",
          "dependencies": [
            "module.object-storage.oci_objectstorage_bucket.ewp_image_storage"
          ]
        },
        {
          "index_key": 9,
          "schema_version": 0,
          "attributes": {
            "bucket": "ewp_image_store",
            "cache_control": null,
            "content": null,
            "content_disposition": null,
            "content_encoding": null,
            "content_language": null,
            "content_length": "463356",
            "content_md5": "W0OEx17h5jUuSIMV+47Oqw==",
            "content_type": "image/jpeg",
            "delete_all_object_versions": false,
            "id": "n/lr4poue3hwjl/b/ewp_image_store/o/weddings%2FAdrian%20and%20Monica%2F18.jpg",
            "metadata": {},
            "namespace": "lr4poue3hwjl",
            "object": "weddings/Adrian and Monica/18.jpg",
            "opc_sse_kms_key_id": null,
            "source": "../assets/weddings/Adrian and Monica/18.jpg 2016-03-09 09:24:05 +0000 GMT",
            "source_uri_details": [],
            "state": "COMPLETED",
            "storage_tier": "Standard",
            "timeouts": null,
            "version_id": "1f55325b-09bb-454f-9fe7-1c56f3376a9a",
            "work_request_id": ""
          },
          "sensitive_attributes": [],
          "private": "eyJlMmJmYjczMC1lY2FhLTExZTYtOGY4OC0zNDM2M2JjN2M0YzAiOnsiY3JlYXRlIjoxMjAwMDAwMDAwMDAwLCJkZWxldGUiOjEyMDAwMDAwMDAwMDAsInVwZGF0ZSI6MTIwMDAwMDAwMDAwMH19",
          "dependencies": [
            "module.object-storage.oci_objectstorage_bucket.ewp_image_storage"
          ]
        },
        {
          "index_key": 10,
          "schema_version": 0,
          "attributes": {
            "bucket": "ewp_image_store",
            "cache_control": null,
            "content": null,
            "content_disposition": null,
            "content_encoding": null,
            "content_language": null,
            "content_length": "962692",
            "content_md5": "OjHs7A4ikIELEER22DNbLA==",
            "content_type": "image/jpeg",
            "delete_all_object_versions": false,
            "id": "n/lr4poue3hwjl/b/ewp_image_store/o/weddings%2FAdrian%20and%20Monica%2F19.jpg",
            "metadata": {},
            "namespace": "lr4poue3hwjl",
            "object": "weddings/Adrian and Monica/19.jpg",
            "opc_sse_kms_key_id": null,
            "source": "../assets/weddings/Adrian and Monica/19.jpg 2016-03-09 09:27:55 +0000 GMT",
            "source_uri_details": [],
            "state": "COMPLETED",
            "storage_tier": "Standard",
            "timeouts": null,
            "version_id": "e0f62052-2496-44dc-b1d8-2d78c881adc6",
            "work_request_id": ""
          },
          "sensitive_attributes": [],
          "private": "eyJlMmJmYjczMC1lY2FhLTExZTYtOGY4OC0zNDM2M2JjN2M0YzAiOnsiY3JlYXRlIjoxMjAwMDAwMDAwMDAwLCJkZWxldGUiOjEyMDAwMDAwMDAwMDAsInVwZGF0ZSI6MTIwMDAwMDAwMDAwMH19",
          "dependencies": [
            "module.object-storage.oci_objectstorage_bucket.ewp_image_storage"
          ]
        },
        {
          "index_key": 11,
          "schema_version": 0,
          "attributes": {
            "bucket": "ewp_image_store",
            "cache_control": null,
            "content": null,
            "content_disposition": null,
            "content_encoding": null,
            "content_language": null,
            "content_length": "202037",
            "content_md5": "oYubTiTM1dCOsYOnVMYS3A==",
            "content_type": "image/jpeg",
            "delete_all_object_versions": false,
            "id": "n/lr4poue3hwjl/b/ewp_image_store/o/weddings%2FAdrian%20and%20Monica%2F2.jpg",
            "metadata": {},
            "namespace": "lr4poue3hwjl",
            "object": "weddings/Adrian and Monica/2.jpg",
            "opc_sse_kms_key_id": null,
            "source": "../assets/weddings/Adrian and Monica/2.jpg 2016-03-09 09:22:29 +0000 GMT",
            "source_uri_details": [],
            "state": "COMPLETED",
            "storage_tier": "Standard",
            "timeouts": null,
            "version_id": "84b5cace-51a7-4443-8f61-3c3eb9d4723c",
            "work_request_id": ""
          },
          "sensitive_attributes": [],
          "private": "eyJlMmJmYjczMC1lY2FhLTExZTYtOGY4OC0zNDM2M2JjN2M0YzAiOnsiY3JlYXRlIjoxMjAwMDAwMDAwMDAwLCJkZWxldGUiOjEyMDAwMDAwMDAwMDAsInVwZGF0ZSI6MTIwMDAwMDAwMDAwMH19",
          "dependencies": [
            "module.object-storage.oci_objectstorage_bucket.ewp_image_storage"
          ]
        },
        {
          "index_key": 12,
          "schema_version": 0,
          "attributes": {
            "bucket": "ewp_image_store",
            "cache_control": null,
            "content": null,
            "content_disposition": null,
            "content_encoding": null,
            "content_language": null,
            "content_length": "762777",
            "content_md5": "PHCZ6jpspMv0zfmi+MiO4Q==",
            "content_type": "image/jpeg",
            "delete_all_object_versions": false,
            "id": "n/lr4poue3hwjl/b/ewp_image_store/o/weddings%2FAdrian%20and%20Monica%2F20.jpg",
            "metadata": {},
            "namespace": "lr4poue3hwjl",
            "object": "weddings/Adrian and Monica/20.jpg",
            "opc_sse_kms_key_id": null,
            "source": "../assets/weddings/Adrian and Monica/20.jpg 2016-03-09 09:24:17 +0000 GMT",
            "source_uri_details": [],
            "state": "COMPLETED",
            "storage_tier": "Standard",
            "timeouts": null,
            "version_id": "643765d2-6799-426e-97e1-138bb3d76029",
            "work_request_id": ""
          },
          "sensitive_attributes": [],
          "private": "eyJlMmJmYjczMC1lY2FhLTExZTYtOGY4OC0zNDM2M2JjN2M0YzAiOnsiY3JlYXRlIjoxMjAwMDAwMDAwMDAwLCJkZWxldGUiOjEyMDAwMDAwMDAwMDAsInVwZGF0ZSI6MTIwMDAwMDAwMDAwMH19",
          "dependencies": [
            "module.object-storage.oci_objectstorage_bucket.ewp_image_storage"
          ]
        },
        {
          "index_key": 13,
          "schema_version": 0,
          "attributes": {
            "bucket": "ewp_image_store",
            "cache_control": null,
            "content": null,
            "content_disposition": null,
            "content_encoding": null,
            "content_language": null,
            "content_length": "786607",
            "content_md5": "VllojCldJr0C40ck2lxSgQ==",
            "content_type": "image/jpeg",
            "delete_all_object_versions": false,
            "id": "n/lr4poue3hwjl/b/ewp_image_store/o/weddings%2FAdrian%20and%20Monica%2F21.jpg",
            "metadata": {},
            "namespace": "lr4poue3hwjl",
            "object": "weddings/Adrian and Monica/21.jpg",
            "opc_sse_kms_key_id": null,
            "source": "../assets/weddings/Adrian and Monica/21.jpg 2016-03-09 09:24:22 +0000 GMT",
            "source_uri_details": [],
            "state": "COMPLETED",
            "storage_tier": "Standard",
            "timeouts": null,
            "version_id": "9599d423-f4f9-46f8-80ac-fecda5d067a2",
            "work_request_id": ""
          },
          "sensitive_attributes": [],
          "private": "eyJlMmJmYjczMC1lY2FhLTExZTYtOGY4OC0zNDM2M2JjN2M0YzAiOnsiY3JlYXRlIjoxMjAwMDAwMDAwMDAwLCJkZWxldGUiOjEyMDAwMDAwMDAwMDAsInVwZGF0ZSI6MTIwMDAwMDAwMDAwMH19",
          "dependencies": [
            "module.object-storage.oci_objectstorage_bucket.ewp_image_storage"
          ]
        },
        {
          "index_key": 14,
          "schema_version": 0,
          "attributes": {
            "bucket": "ewp_image_store",
            "cache_control": null,
            "content": null,
            "content_disposition": null,
            "content_encoding": null,
            "content_language": null,
            "content_length": "302394",
            "content_md5": "+UlUvnes7zVxYzdQBTECTg==",
            "content_type": "image/jpeg",
            "delete_all_object_versions": false,
            "id": "n/lr4poue3hwjl/b/ewp_image_store/o/weddings%2FAdrian%20and%20Monica%2F22.jpg",
            "metadata": {},
            "namespace": "lr4poue3hwjl",
            "object": "weddings/Adrian and Monica/22.jpg",
            "opc_sse_kms_key_id": null,
            "source": "../assets/weddings/Adrian and Monica/22.jpg 2016-03-09 09:24:27 +0000 GMT",
            "source_uri_details": [],
            "state": "COMPLETED",
            "storage_tier": "Standard",
            "timeouts": null,
            "version_id": "af3e707b-0729-4fc2-80cb-d62d78b00ee0",
            "work_request_id": ""
          },
          "sensitive_attributes": [],
          "private": "eyJlMmJmYjczMC1lY2FhLTExZTYtOGY4OC0zNDM2M2JjN2M0YzAiOnsiY3JlYXRlIjoxMjAwMDAwMDAwMDAwLCJkZWxldGUiOjEyMDAwMDAwMDAwMDAsInVwZGF0ZSI6MTIwMDAwMDAwMDAwMH19",
          "dependencies": [
            "module.object-storage.oci_objectstorage_bucket.ewp_image_storage"
          ]
        },
        {
          "index_key": 15,
          "schema_version": 0,
          "attributes": {
            "bucket": "ewp_image_store",
            "cache_control": null,
            "content": null,
            "content_disposition": null,
            "content_encoding": null,
            "content_language": null,
            "content_length": "415045",
            "content_md5": "uEH0wpfWmvlEdZNy6zsNnQ==",
            "content_type": "image/jpeg",
            "delete_all_object_versions": false,
            "id": "n/lr4poue3hwjl/b/ewp_image_store/o/weddings%2FAdrian%20and%20Monica%2F23.jpg",
            "metadata": {},
            "namespace": "lr4poue3hwjl",
            "object": "weddings/Adrian and Monica/23.jpg",
            "opc_sse_kms_key_id": null,
            "source": "../assets/weddings/Adrian and Monica/23.jpg 2016-03-09 09:24:32 +0000 GMT",
            "source_uri_details": [],
            "state": "COMPLETED",
            "storage_tier": "Standard",
            "timeouts": null,
            "version_id": "6f3dcf87-658b-4c23-a512-65e42eb75b7c",
            "work_request_id": ""
          },
          "sensitive_attributes": [],
          "private": "eyJlMmJmYjczMC1lY2FhLTExZTYtOGY4OC0zNDM2M2JjN2M0YzAiOnsiY3JlYXRlIjoxMjAwMDAwMDAwMDAwLCJkZWxldGUiOjEyMDAwMDAwMDAwMDAsInVwZGF0ZSI6MTIwMDAwMDAwMDAwMH19",
          "dependencies": [
            "module.object-storage.oci_objectstorage_bucket.ewp_image_storage"
          ]
        },
        {
          "index_key": 16,
          "schema_version": 0,
          "attributes": {
            "bucket": "ewp_image_store",
            "cache_control": null,
            "content": null,
            "content_disposition": null,
            "content_encoding": null,
            "content_language": null,
            "content_length": "1400561",
            "content_md5": "YA/VzZi7C0n4j6fNtXi0Fg==",
            "content_type": "image/jpeg",
            "delete_all_object_versions": false,
            "id": "n/lr4poue3hwjl/b/ewp_image_store/o/weddings%2FAdrian%20and%20Monica%2F24.jpg",
            "metadata": {},
            "namespace": "lr4poue3hwjl",
            "object": "weddings/Adrian and Monica/24.jpg",
            "opc_sse_kms_key_id": null,
            "source": "../assets/weddings/Adrian and Monica/24.jpg 2016-03-09 09:24:37 +0000 GMT",
            "source_uri_details": [],
            "state": "COMPLETED",
            "storage_tier": "Standard",
            "timeouts": null,
            "version_id": "85a4102d-c2aa-41e9-8338-72824cbd5084",
            "work_request_id": ""
          },
          "sensitive_attributes": [],
          "private": "eyJlMmJmYjczMC1lY2FhLTExZTYtOGY4OC0zNDM2M2JjN2M0YzAiOnsiY3JlYXRlIjoxMjAwMDAwMDAwMDAwLCJkZWxldGUiOjEyMDAwMDAwMDAwMDAsInVwZGF0ZSI6MTIwMDAwMDAwMDAwMH19",
          "dependencies": [
            "module.object-storage.oci_objectstorage_bucket.ewp_image_storage"
          ]
        },
        {
          "index_key": 17,
          "schema_version": 0,
          "attributes": {
            "bucket": "ewp_image_store",
            "cache_control": null,
            "content": null,
            "content_disposition": null,
            "content_encoding": null,
            "content_language": null,
            "content_length": "783866",
            "content_md5": "zpdZ0s08CwPXctmww9Y4ZQ==",
            "content_type": "image/jpeg",
            "delete_all_object_versions": false,
            "id": "n/lr4poue3hwjl/b/ewp_image_store/o/weddings%2FAdrian%20and%20Monica%2F25.jpg",
            "metadata": {},
            "namespace": "lr4poue3hwjl",
            "object": "weddings/Adrian and Monica/25.jpg",
            "opc_sse_kms_key_id": null,
            "source": "../assets/weddings/Adrian and Monica/25.jpg 2016-03-09 09:24:43 +0000 GMT",
            "source_uri_details": [],
            "state": "COMPLETED",
            "storage_tier": "Standard",
            "timeouts": null,
            "version_id": "682e94eb-c701-47ce-ba7f-309241c9a510",
            "work_request_id": ""
          },
          "sensitive_attributes": [],
          "private": "eyJlMmJmYjczMC1lY2FhLTExZTYtOGY4OC0zNDM2M2JjN2M0YzAiOnsiY3JlYXRlIjoxMjAwMDAwMDAwMDAwLCJkZWxldGUiOjEyMDAwMDAwMDAwMDAsInVwZGF0ZSI6MTIwMDAwMDAwMDAwMH19",
          "dependencies": [
            "module.object-storage.oci_objectstorage_bucket.ewp_image_storage"
          ]
        },
        {
          "index_key": 18,
          "schema_version": 0,
          "attributes": {
            "bucket": "ewp_image_store",
            "cache_control": null,
            "content": null,
            "content_disposition": null,
            "content_encoding": null,
            "content_language": null,
            "content_length": "942851",
            "content_md5": "49tWzvZxHScwLTm/Cz5uDw==",
            "content_type": "image/jpeg",
            "delete_all_object_versions": false,
            "id": "n/lr4poue3hwjl/b/ewp_image_store/o/weddings%2FAdrian%20and%20Monica%2F26.jpg",
            "metadata": {},
            "namespace": "lr4poue3hwjl",
            "object": "weddings/Adrian and Monica/26.jpg",
            "opc_sse_kms_key_id": null,
            "source": "../assets/weddings/Adrian and Monica/26.jpg 2016-03-09 09:24:49 +0000 GMT",
            "source_uri_details": [],
            "state": "COMPLETED",
            "storage_tier": "Standard",
            "timeouts": null,
            "version_id": "94ac2e97-46e4-4685-9013-87c144896ca3",
            "work_request_id": ""
          },
          "sensitive_attributes": [],
          "private": "eyJlMmJmYjczMC1lY2FhLTExZTYtOGY4OC0zNDM2M2JjN2M0YzAiOnsiY3JlYXRlIjoxMjAwMDAwMDAwMDAwLCJkZWxldGUiOjEyMDAwMDAwMDAwMDAsInVwZGF0ZSI6MTIwMDAwMDAwMDAwMH19",
          "dependencies": [
            "module.object-storage.oci_objectstorage_bucket.ewp_image_storage"
          ]
        },
        {
          "index_key": 19,
          "schema_version": 0,
          "attributes": {
            "bucket": "ewp_image_store",
            "cache_control": null,
            "content": null,
            "content_disposition": null,
            "content_encoding": null,
            "content_language": null,
            "content_length": "794771",
            "content_md5": "zM2xpXjCn3rAVgDMf6DuSg==",
            "content_type": "image/jpeg",
            "delete_all_object_versions": false,
            "id": "n/lr4poue3hwjl/b/ewp_image_store/o/weddings%2FAdrian%20and%20Monica%2F27.jpg",
            "metadata": {},
            "namespace": "lr4poue3hwjl",
            "object": "weddings/Adrian and Monica/27.jpg",
            "opc_sse_kms_key_id": null,
            "source": "../assets/weddings/Adrian and Monica/27.jpg 2016-03-09 09:24:54 +0000 GMT",
            "source_uri_details": [],
            "state": "COMPLETED",
            "storage_tier": "Standard",
            "timeouts": null,
            "version_id": "10015208-ec68-43fd-9caf-d0e8efe6f182",
            "work_request_id": ""
          },
          "sensitive_attributes": [],
          "private": "eyJlMmJmYjczMC1lY2FhLTExZTYtOGY4OC0zNDM2M2JjN2M0YzAiOnsiY3JlYXRlIjoxMjAwMDAwMDAwMDAwLCJkZWxldGUiOjEyMDAwMDAwMDAwMDAsInVwZGF0ZSI6MTIwMDAwMDAwMDAwMH19",
          "dependencies": [
            "module.object-storage.oci_objectstorage_bucket.ewp_image_storage"
          ]
        },
        {
          "index_key": 20,
          "schema_version": 0,
          "attributes": {
            "bucket": "ewp_image_store",
            "cache_control": null,
            "content": null,
            "content_disposition": null,
            "content_encoding": null,
            "content_language": null,
            "content_length": "922069",
            "content_md5": "ZUntoejjZAOvh2BlsvpdYQ==",
            "content_type": "image/jpeg",
            "delete_all_object_versions": false,
            "id": "n/lr4poue3hwjl/b/ewp_image_store/o/weddings%2FAdrian%20and%20Monica%2F28.jpg",
            "metadata": {},
            "namespace": "lr4poue3hwjl",
            "object": "weddings/Adrian and Monica/28.jpg",
            "opc_sse_kms_key_id": null,
            "source": "../assets/weddings/Adrian and Monica/28.jpg 2016-03-09 09:28:03 +0000 GMT",
            "source_uri_details": [],
            "state": "COMPLETED",
            "storage_tier": "Standard",
            "timeouts": null,
            "version_id": "c0452544-f113-45bf-936b-38822194bdf9",
            "work_request_id": ""
          },
          "sensitive_attributes": [],
          "private": "eyJlMmJmYjczMC1lY2FhLTExZTYtOGY4OC0zNDM2M2JjN2M0YzAiOnsiY3JlYXRlIjoxMjAwMDAwMDAwMDAwLCJkZWxldGUiOjEyMDAwMDAwMDAwMDAsInVwZGF0ZSI6MTIwMDAwMDAwMDAwMH19",
          "dependencies": [
            "module.object-storage.oci_objectstorage_bucket.ewp_image_storage"
          ]
        },
        {
          "index_key": 21,
          "schema_version": 0,
          "attributes": {
            "bucket": "ewp_image_store",
            "cache_control": null,
            "content": null,
            "content_disposition": null,
            "content_encoding": null,
            "content_language": null,
            "content_length": "752393",
            "content_md5": "GoMaFXd7KJ8JTvk9mNqMsw==",
            "content_type": "image/jpeg",
            "delete_all_object_versions": false,
            "id": "n/lr4poue3hwjl/b/ewp_image_store/o/weddings%2FAdrian%20and%20Monica%2F29.jpg",
            "metadata": {},
            "namespace": "lr4poue3hwjl",
            "object": "weddings/Adrian and Monica/29.jpg",
            "opc_sse_kms_key_id": null,
            "source": "../assets/weddings/Adrian and Monica/29.jpg 2016-03-09 09:25:00 +0000 GMT",
            "source_uri_details": [],
            "state": "COMPLETED",
            "storage_tier": "Standard",
            "timeouts": null,
            "version_id": "15c946b5-82ec-4a5b-8ba1-f1721bdb683d",
            "work_request_id": ""
          },
          "sensitive_attributes": [],
          "private": "eyJlMmJmYjczMC1lY2FhLTExZTYtOGY4OC0zNDM2M2JjN2M0YzAiOnsiY3JlYXRlIjoxMjAwMDAwMDAwMDAwLCJkZWxldGUiOjEyMDAwMDAwMDAwMDAsInVwZGF0ZSI6MTIwMDAwMDAwMDAwMH19",
          "dependencies": [
            "module.object-storage.oci_objectstorage_bucket.ewp_image_storage"
          ]
        },
        {
          "index_key": 22,
          "schema_version": 0,
          "attributes": {
            "bucket": "ewp_image_store",
            "cache_control": null,
            "content": null,
            "content_disposition": null,
            "content_encoding": null,
            "content_language": null,
            "content_length": "862784",
            "content_md5": "Ua0D+rDKka+gkYSTXLeThQ==",
            "content_type": "image/jpeg",
            "delete_all_object_versions": false,
            "id": "n/lr4poue3hwjl/b/ewp_image_store/o/weddings%2FAdrian%20and%20Monica%2F3.jpg",
            "metadata": {},
            "namespace": "lr4poue3hwjl",
            "object": "weddings/Adrian and Monica/3.jpg",
            "opc_sse_kms_key_id": null,
            "source": "../assets/weddings/Adrian and Monica/3.jpg 2016-03-09 09:22:52 +0000 GMT",
            "source_uri_details": [],
            "state": "COMPLETED",
            "storage_tier": "Standard",
            "timeouts": null,
            "version_id": "e0cfb7d9-973c-4ad7-8320-18089805fcc3",
            "work_request_id": ""
          },
          "sensitive_attributes": [],
          "private": "eyJlMmJmYjczMC1lY2FhLTExZTYtOGY4OC0zNDM2M2JjN2M0YzAiOnsiY3JlYXRlIjoxMjAwMDAwMDAwMDAwLCJkZWxldGUiOjEyMDAwMDAwMDAwMDAsInVwZGF0ZSI6MTIwMDAwMDAwMDAwMH19",
          "dependencies": [
            "module.object-storage.oci_objectstorage_bucket.ewp_image_storage"
          ]
        },
        {
          "index_key": 23,
          "schema_version": 0,
          "attributes": {
            "bucket": "ewp_image_store",
            "cache_control": null,
            "content": null,
            "content_disposition": null,
            "content_encoding": null,
            "content_language": null,
            "content_length": "262999",
            "content_md5": "JEneyB9lZ001HQ+CnqDLmw==",
            "content_type": "image/jpeg",
            "delete_all_object_versions": false,
            "id": "n/lr4poue3hwjl/b/ewp_image_store/o/weddings%2FAdrian%20and%20Monica%2F30.jpg",
            "metadata": {},
            "namespace": "lr4poue3hwjl",
            "object": "weddings/Adrian and Monica/30.jpg",
            "opc_sse_kms_key_id": null,
            "source": "../assets/weddings/Adrian and Monica/30.jpg 2016-03-09 09:25:05 +0000 GMT",
            "source_uri_details": [],
            "state": "COMPLETED",
            "storage_tier": "Standard",
            "timeouts": null,
            "version_id": "bc953b3b-0b25-49ce-9acf-7a44d431e9ec",
            "work_request_id": ""
          },
          "sensitive_attributes": [],
          "private": "eyJlMmJmYjczMC1lY2FhLTExZTYtOGY4OC0zNDM2M2JjN2M0YzAiOnsiY3JlYXRlIjoxMjAwMDAwMDAwMDAwLCJkZWxldGUiOjEyMDAwMDAwMDAwMDAsInVwZGF0ZSI6MTIwMDAwMDAwMDAwMH19",
          "dependencies": [
            "module.object-storage.oci_objectstorage_bucket.ewp_image_storage"
          ]
        },
        {
          "index_key": 24,
          "schema_version": 0,
          "attributes": {
            "bucket": "ewp_image_store",
            "cache_control": null,
            "content": null,
            "content_disposition": null,
            "content_encoding": null,
            "content_language": null,
            "content_length": "338525",
            "content_md5": "jjVz/eZ4/TOGyMCnsKt/1w==",
            "content_type": "image/jpeg",
            "delete_all_object_versions": false,
            "id": "n/lr4poue3hwjl/b/ewp_image_store/o/weddings%2FAdrian%20and%20Monica%2F31.jpg",
            "metadata": {},
            "namespace": "lr4poue3hwjl",
            "object": "weddings/Adrian and Monica/31.jpg",
            "opc_sse_kms_key_id": null,
            "source": "../assets/weddings/Adrian and Monica/31.jpg 2016-03-09 09:25:10 +0000 GMT",
            "source_uri_details": [],
            "state": "COMPLETED",
            "storage_tier": "Standard",
            "timeouts": null,
            "version_id": "642ac33d-7646-417e-9e92-b0181c0e00ac",
            "work_request_id": ""
          },
          "sensitive_attributes": [],
          "private": "eyJlMmJmYjczMC1lY2FhLTExZTYtOGY4OC0zNDM2M2JjN2M0YzAiOnsiY3JlYXRlIjoxMjAwMDAwMDAwMDAwLCJkZWxldGUiOjEyMDAwMDAwMDAwMDAsInVwZGF0ZSI6MTIwMDAwMDAwMDAwMH19",
          "dependencies": [
            "module.object-storage.oci_objectstorage_bucket.ewp_image_storage"
          ]
        },
        {
          "index_key": 25,
          "schema_version": 0,
          "attributes": {
            "bucket": "ewp_image_store",
            "cache_control": null,
            "content": null,
            "content_disposition": null,
            "content_encoding": null,
            "content_language": null,
            "content_length": "892284",
            "content_md5": "gZRDd6XWyWtELd+MrVyoMw==",
            "content_type": "image/jpeg",
            "delete_all_object_versions": false,
            "id": "n/lr4poue3hwjl/b/ewp_image_store/o/weddings%2FAdrian%20and%20Monica%2F32.jpg",
            "metadata": {},
            "namespace": "lr4poue3hwjl",
            "object": "weddings/Adrian and Monica/32.jpg",
            "opc_sse_kms_key_id": null,
            "source": "../assets/weddings/Adrian and Monica/32.jpg 2016-03-09 09:25:15 +0000 GMT",
            "source_uri_details": [],
            "state": "COMPLETED",
            "storage_tier": "Standard",
            "timeouts": null,
            "version_id": "464088b1-661c-4496-86be-e35f8a09473e",
            "work_request_id": ""
          },
          "sensitive_attributes": [],
          "private": "eyJlMmJmYjczMC1lY2FhLTExZTYtOGY4OC0zNDM2M2JjN2M0YzAiOnsiY3JlYXRlIjoxMjAwMDAwMDAwMDAwLCJkZWxldGUiOjEyMDAwMDAwMDAwMDAsInVwZGF0ZSI6MTIwMDAwMDAwMDAwMH19",
          "dependencies": [
            "module.object-storage.oci_objectstorage_bucket.ewp_image_storage"
          ]
        },
        {
          "index_key": 26,
          "schema_version": 0,
          "attributes": {
            "bucket": "ewp_image_store",
            "cache_control": null,
            "content": null,
            "content_disposition": null,
            "content_encoding": null,
            "content_language": null,
            "content_length": "837339",
            "content_md5": "LUr87NJq38VX7WFJZZ+/OQ==",
            "content_type": "image/jpeg",
            "delete_all_object_versions": false,
            "id": "n/lr4poue3hwjl/b/ewp_image_store/o/weddings%2FAdrian%20and%20Monica%2F33.jpg",
            "metadata": {},
            "namespace": "lr4poue3hwjl",
            "object": "weddings/Adrian and Monica/33.jpg",
            "opc_sse_kms_key_id": null,
            "source": "../assets/weddings/Adrian and Monica/33.jpg 2016-03-09 09:25:21 +0000 GMT",
            "source_uri_details": [],
            "state": "COMPLETED",
            "storage_tier": "Standard",
            "timeouts": null,
            "version_id": "1079e58e-6434-46e7-8ef2-5e1224130ab7",
            "work_request_id": ""
          },
          "sensitive_attributes": [],
          "private": "eyJlMmJmYjczMC1lY2FhLTExZTYtOGY4OC0zNDM2M2JjN2M0YzAiOnsiY3JlYXRlIjoxMjAwMDAwMDAwMDAwLCJkZWxldGUiOjEyMDAwMDAwMDAwMDAsInVwZGF0ZSI6MTIwMDAwMDAwMDAwMH19",
          "dependencies": [
            "module.object-storage.oci_objectstorage_bucket.ewp_image_storage"
          ]
        },
        {
          "index_key": 27,
          "schema_version": 0,
          "attributes": {
            "bucket": "ewp_image_store",
            "cache_control": null,
            "content": null,
            "content_disposition": null,
            "content_encoding": null,
            "content_language": null,
            "content_length": "411375",
            "content_md5": "QeAgwAvtGBycXjD226k6rw==",
            "content_type": "image/jpeg",
            "delete_all_object_versions": false,
            "id": "n/lr4poue3hwjl/b/ewp_image_store/o/weddings%2FAdrian%20and%20Monica%2F34.jpg",
            "metadata": {},
            "namespace": "lr4poue3hwjl",
            "object": "weddings/Adrian and Monica/34.jpg",
            "opc_sse_kms_key_id": null,
            "source": "../assets/weddings/Adrian and Monica/34.jpg 2016-03-09 09:25:25 +0000 GMT",
            "source_uri_details": [],
            "state": "COMPLETED",
            "storage_tier": "Standard",
            "timeouts": null,
            "version_id": "54d1865c-0911-456e-b949-c4ecbee5921a",
            "work_request_id": ""
          },
          "sensitive_attributes": [],
          "private": "eyJlMmJmYjczMC1lY2FhLTExZTYtOGY4OC0zNDM2M2JjN2M0YzAiOnsiY3JlYXRlIjoxMjAwMDAwMDAwMDAwLCJkZWxldGUiOjEyMDAwMDAwMDAwMDAsInVwZGF0ZSI6MTIwMDAwMDAwMDAwMH19",
          "dependencies": [
            "module.object-storage.oci_objectstorage_bucket.ewp_image_storage"
          ]
        },
        {
          "index_key": 28,
          "schema_version": 0,
          "attributes": {
            "bucket": "ewp_image_store",
            "cache_control": null,
            "content": null,
            "content_disposition": null,
            "content_encoding": null,
            "content_language": null,
            "content_length": "480914",
            "content_md5": "SqAFBhZilNPx1zEIG8NkXA==",
            "content_type": "image/jpeg",
            "delete_all_object_versions": false,
            "id": "n/lr4poue3hwjl/b/ewp_image_store/o/weddings%2FAdrian%20and%20Monica%2F35.jpg",
            "metadata": {},
            "namespace": "lr4poue3hwjl",
            "object": "weddings/Adrian and Monica/35.jpg",
            "opc_sse_kms_key_id": null,
            "source": "../assets/weddings/Adrian and Monica/35.jpg 2016-03-09 09:25:30 +0000 GMT",
            "source_uri_details": [],
            "state": "COMPLETED",
            "storage_tier": "Standard",
            "timeouts": null,
            "version_id": "f58e0823-f039-4ce1-9669-b3e0c5b2c875",
            "work_request_id": ""
          },
          "sensitive_attributes": [],
          "private": "eyJlMmJmYjczMC1lY2FhLTExZTYtOGY4OC0zNDM2M2JjN2M0YzAiOnsiY3JlYXRlIjoxMjAwMDAwMDAwMDAwLCJkZWxldGUiOjEyMDAwMDAwMDAwMDAsInVwZGF0ZSI6MTIwMDAwMDAwMDAwMH19",
          "dependencies": [
            "module.object-storage.oci_objectstorage_bucket.ewp_image_storage"
          ]
        },
        {
          "index_key": 29,
          "schema_version": 0,
          "attributes": {
            "bucket": "ewp_image_store",
            "cache_control": null,
            "content": null,
            "content_disposition": null,
            "content_encoding": null,
            "content_language": null,
            "content_length": "412507",
            "content_md5": "r6DHxcTF53ur/UvGmDRmqg==",
            "content_type": "image/jpeg",
            "delete_all_object_versions": false,
            "id": "n/lr4poue3hwjl/b/ewp_image_store/o/weddings%2FAdrian%20and%20Monica%2F36.jpg",
            "metadata": {},
            "namespace": "lr4poue3hwjl",
            "object": "weddings/Adrian and Monica/36.jpg",
            "opc_sse_kms_key_id": null,
            "source": "../assets/weddings/Adrian and Monica/36.jpg 2016-03-09 09:25:35 +0000 GMT",
            "source_uri_details": [],
            "state": "COMPLETED",
            "storage_tier": "Standard",
            "timeouts": null,
            "version_id": "d0cee76c-48d9-4341-9f02-14bf00b2ef41",
            "work_request_id": ""
          },
          "sensitive_attributes": [],
          "private": "eyJlMmJmYjczMC1lY2FhLTExZTYtOGY4OC0zNDM2M2JjN2M0YzAiOnsiY3JlYXRlIjoxMjAwMDAwMDAwMDAwLCJkZWxldGUiOjEyMDAwMDAwMDAwMDAsInVwZGF0ZSI6MTIwMDAwMDAwMDAwMH19",
          "dependencies": [
            "module.object-storage.oci_objectstorage_bucket.ewp_image_storage"
          ]
        },
        {
          "index_key": 30,
          "schema_version": 0,
          "attributes": {
            "bucket": "ewp_image_store",
            "cache_control": null,
            "content": null,
            "content_disposition": null,
            "content_encoding": null,
            "content_language": null,
            "content_length": "775602",
            "content_md5": "8l1trX5VUqasbp48kczNJQ==",
            "content_type": "image/jpeg",
            "delete_all_object_versions": false,
            "id": "n/lr4poue3hwjl/b/ewp_image_store/o/weddings%2FAdrian%20and%20Monica%2F37.jpg",
            "metadata": {},
            "namespace": "lr4poue3hwjl",
            "object": "weddings/Adrian and Monica/37.jpg",
            "opc_sse_kms_key_id": null,
            "source": "../assets/weddings/Adrian and Monica/37.jpg 2016-03-09 09:25:41 +0000 GMT",
            "source_uri_details": [],
            "state": "COMPLETED",
            "storage_tier": "Standard",
            "timeouts": null,
            "version_id": "77a30695-7354-45c3-89fd-5a455bd92908",
            "work_request_id": ""
          },
          "sensitive_attributes": [],
          "private": "eyJlMmJmYjczMC1lY2FhLTExZTYtOGY4OC0zNDM2M2JjN2M0YzAiOnsiY3JlYXRlIjoxMjAwMDAwMDAwMDAwLCJkZWxldGUiOjEyMDAwMDAwMDAwMDAsInVwZGF0ZSI6MTIwMDAwMDAwMDAwMH19",
          "dependencies": [
            "module.object-storage.oci_objectstorage_bucket.ewp_image_storage"
          ]
        },
        {
          "index_key": 31,
          "schema_version": 0,
          "attributes": {
            "bucket": "ewp_image_store",
            "cache_control": null,
            "content": null,
            "content_disposition": null,
            "content_encoding": null,
            "content_language": null,
            "content_length": "581578",
            "content_md5": "RMqSxspxerCfaPVQZ7PpUQ==",
            "content_type": "image/jpeg",
            "delete_all_object_versions": false,
            "id": "n/lr4poue3hwjl/b/ewp_image_store/o/weddings%2FAdrian%20and%20Monica%2F38.jpg",
            "metadata": {},
            "namespace": "lr4poue3hwjl",
            "object": "weddings/Adrian and Monica/38.jpg",
            "opc_sse_kms_key_id": null,
            "source": "../assets/weddings/Adrian and Monica/38.jpg 2016-03-09 09:25:47 +0000 GMT",
            "source_uri_details": [],
            "state": "COMPLETED",
            "storage_tier": "Standard",
            "timeouts": null,
            "version_id": "c6c40019-f686-4b7e-815f-c905e4620856",
            "work_request_id": ""
          },
          "sensitive_attributes": [],
          "private": "eyJlMmJmYjczMC1lY2FhLTExZTYtOGY4OC0zNDM2M2JjN2M0YzAiOnsiY3JlYXRlIjoxMjAwMDAwMDAwMDAwLCJkZWxldGUiOjEyMDAwMDAwMDAwMDAsInVwZGF0ZSI6MTIwMDAwMDAwMDAwMH19",
          "dependencies": [
            "module.object-storage.oci_objectstorage_bucket.ewp_image_storage"
          ]
        },
        {
          "index_key": 32,
          "schema_version": 0,
          "attributes": {
            "bucket": "ewp_image_store",
            "cache_control": null,
            "content": null,
            "content_disposition": null,
            "content_encoding": null,
            "content_language": null,
            "content_length": "778942",
            "content_md5": "ooSA+PT4y6l5+YFFwXf9BA==",
            "content_type": "image/jpeg",
            "delete_all_object_versions": false,
            "id": "n/lr4poue3hwjl/b/ewp_image_store/o/weddings%2FAdrian%20and%20Monica%2F39.jpg",
            "metadata": {},
            "namespace": "lr4poue3hwjl",
            "object": "weddings/Adrian and Monica/39.jpg",
            "opc_sse_kms_key_id": null,
            "source": "../assets/weddings/Adrian and Monica/39.jpg 2016-03-09 09:28:32 +0000 GMT",
            "source_uri_details": [],
            "state": "COMPLETED",
            "storage_tier": "Standard",
            "timeouts": null,
            "version_id": "aa252aab-3b4c-4a1c-acd7-e8b1c13e5e82",
            "work_request_id": ""
          },
          "sensitive_attributes": [],
          "private": "eyJlMmJmYjczMC1lY2FhLTExZTYtOGY4OC0zNDM2M2JjN2M0YzAiOnsiY3JlYXRlIjoxMjAwMDAwMDAwMDAwLCJkZWxldGUiOjEyMDAwMDAwMDAwMDAsInVwZGF0ZSI6MTIwMDAwMDAwMDAwMH19",
          "dependencies": [
            "module.object-storage.oci_objectstorage_bucket.ewp_image_storage"
          ]
        },
        {
          "index_key": 33,
          "schema_version": 0,
          "attributes": {
            "bucket": "ewp_image_store",
            "cache_control": null,
            "content": null,
            "content_disposition": null,
            "content_encoding": null,
            "content_language": null,
            "content_length": "980771",
            "content_md5": "ETfOWcpwSp7G8LJsMuUpSQ==",
            "content_type": "image/jpeg",
            "delete_all_object_versions": false,
            "id": "n/lr4poue3hwjl/b/ewp_image_store/o/weddings%2FAdrian%20and%20Monica%2F4.jpg",
            "metadata": {},
            "namespace": "lr4poue3hwjl",
            "object": "weddings/Adrian and Monica/4.jpg",
            "opc_sse_kms_key_id": null,
            "source": "../assets/weddings/Adrian and Monica/4.jpg 2016-03-09 09:22:58 +0000 GMT",
            "source_uri_details": [],
            "state": "COMPLETED",
            "storage_tier": "Standard",
            "timeouts": null,
            "version_id": "c8aaa219-c7ac-4450-97ef-945abbbf70cc",
            "work_request_id": ""
          },
          "sensitive_attributes": [],
          "private": "eyJlMmJmYjczMC1lY2FhLTExZTYtOGY4OC0zNDM2M2JjN2M0YzAiOnsiY3JlYXRlIjoxMjAwMDAwMDAwMDAwLCJkZWxldGUiOjEyMDAwMDAwMDAwMDAsInVwZGF0ZSI6MTIwMDAwMDAwMDAwMH19",
          "dependencies": [
            "module.object-storage.oci_objectstorage_bucket.ewp_image_storage"
          ]
        },
        {
          "index_key": 34,
          "schema_version": 0,
          "attributes": {
            "bucket": "ewp_image_store",
            "cache_control": null,
            "content": null,
            "content_disposition": null,
            "content_encoding": null,
            "content_language": null,
            "content_length": "688752",
            "content_md5": "XifyGCRt3aRMjsZWINJjzQ==",
            "content_type": "image/jpeg",
            "delete_all_object_versions": false,
            "id": "n/lr4poue3hwjl/b/ewp_image_store/o/weddings%2FAdrian%20and%20Monica%2F40.jpg",
            "metadata": {},
            "namespace": "lr4poue3hwjl",
            "object": "weddings/Adrian and Monica/40.jpg",
            "opc_sse_kms_key_id": null,
            "source": "../assets/weddings/Adrian and Monica/40.jpg 2016-03-09 09:25:53 +0000 GMT",
            "source_uri_details": [],
            "state": "COMPLETED",
            "storage_tier": "Standard",
            "timeouts": null,
            "version_id": "81af2020-d976-484a-aded-59382d5602e9",
            "work_request_id": ""
          },
          "sensitive_attributes": [],
          "private": "eyJlMmJmYjczMC1lY2FhLTExZTYtOGY4OC0zNDM2M2JjN2M0YzAiOnsiY3JlYXRlIjoxMjAwMDAwMDAwMDAwLCJkZWxldGUiOjEyMDAwMDAwMDAwMDAsInVwZGF0ZSI6MTIwMDAwMDAwMDAwMH19",
          "dependencies": [
            "module.object-storage.oci_objectstorage_bucket.ewp_image_storage"
          ]
        },
        {
          "index_key": 35,
          "schema_version": 0,
          "attributes": {
            "bucket": "ewp_image_store",
            "cache_control": null,
            "content": null,
            "content_disposition": null,
            "content_encoding": null,
            "content_language": null,
            "content_length": "1453938",
            "content_md5": "uL/Zondz/98B/9vJa4FdVg==",
            "content_type": "image/jpeg",
            "delete_all_object_versions": false,
            "id": "n/lr4poue3hwjl/b/ewp_image_store/o/weddings%2FAdrian%20and%20Monica%2F41.jpg",
            "metadata": {},
            "namespace": "lr4poue3hwjl",
            "object": "weddings/Adrian and Monica/41.jpg",
            "opc_sse_kms_key_id": null,
            "source": "../assets/weddings/Adrian and Monica/41.jpg 2016-03-09 09:25:59 +0000 GMT",
            "source_uri_details": [],
            "state": "COMPLETED",
            "storage_tier": "Standard",
            "timeouts": null,
            "version_id": "a516ef64-2b5b-4af2-b6ac-d5df5d4a1ba1",
            "work_request_id": ""
          },
          "sensitive_attributes": [],
          "private": "eyJlMmJmYjczMC1lY2FhLTExZTYtOGY4OC0zNDM2M2JjN2M0YzAiOnsiY3JlYXRlIjoxMjAwMDAwMDAwMDAwLCJkZWxldGUiOjEyMDAwMDAwMDAwMDAsInVwZGF0ZSI6MTIwMDAwMDAwMDAwMH19",
          "dependencies": [
            "module.object-storage.oci_objectstorage_bucket.ewp_image_storage"
          ]
        },
        {
          "index_key": 36,
          "schema_version": 0,
          "attributes": {
            "bucket": "ewp_image_store",
            "cache_control": null,
            "content": null,
            "content_disposition": null,
            "content_encoding": null,
            "content_language": null,
            "content_length": "837783",
            "content_md5": "wI3J4UHLrB1c6A2YbMb/NQ==",
            "content_type": "image/jpeg",
            "delete_all_object_versions": false,
            "id": "n/lr4poue3hwjl/b/ewp_image_store/o/weddings%2FAdrian%20and%20Monica%2F42.jpg",
            "metadata": {},
            "namespace": "lr4poue3hwjl",
            "object": "weddings/Adrian and Monica/42.jpg",
            "opc_sse_kms_key_id": null,
            "source": "../assets/weddings/Adrian and Monica/42.jpg 2016-03-09 09:28:10 +0000 GMT",
            "source_uri_details": [],
            "state": "COMPLETED",
            "storage_tier": "Standard",
            "timeouts": null,
            "version_id": "eb3bfeaa-f469-492a-a4a6-01539717babb",
            "work_request_id": ""
          },
          "sensitive_attributes": [],
          "private": "eyJlMmJmYjczMC1lY2FhLTExZTYtOGY4OC0zNDM2M2JjN2M0YzAiOnsiY3JlYXRlIjoxMjAwMDAwMDAwMDAwLCJkZWxldGUiOjEyMDAwMDAwMDAwMDAsInVwZGF0ZSI6MTIwMDAwMDAwMDAwMH19",
          "dependencies": [
            "module.object-storage.oci_objectstorage_bucket.ewp_image_storage"
          ]
        },
        {
          "index_key": 37,
          "schema_version": 0,
          "attributes": {
            "bucket": "ewp_image_store",
            "cache_control": null,
            "content": null,
            "content_disposition": null,
            "content_encoding": null,
            "content_language": null,
            "content_length": "899974",
            "content_md5": "ZG/3dcBDgdr5b2fWzCfv/g==",
            "content_type": "image/jpeg",
            "delete_all_object_versions": false,
            "id": "n/lr4poue3hwjl/b/ewp_image_store/o/weddings%2FAdrian%20and%20Monica%2F43.jpg",
            "metadata": {},
            "namespace": "lr4poue3hwjl",
            "object": "weddings/Adrian and Monica/43.jpg",
            "opc_sse_kms_key_id": null,
            "source": "../assets/weddings/Adrian and Monica/43.jpg 2016-03-09 09:26:05 +0000 GMT",
            "source_uri_details": [],
            "state": "COMPLETED",
            "storage_tier": "Standard",
            "timeouts": null,
            "version_id": "d4335705-70f5-453c-be87-e866de6923d6",
            "work_request_id": ""
          },
          "sensitive_attributes": [],
          "private": "eyJlMmJmYjczMC1lY2FhLTExZTYtOGY4OC0zNDM2M2JjN2M0YzAiOnsiY3JlYXRlIjoxMjAwMDAwMDAwMDAwLCJkZWxldGUiOjEyMDAwMDAwMDAwMDAsInVwZGF0ZSI6MTIwMDAwMDAwMDAwMH19",
          "dependencies": [
            "module.object-storage.oci_objectstorage_bucket.ewp_image_storage"
          ]
        },
        {
          "index_key": 38,
          "schema_version": 0,
          "attributes": {
            "bucket": "ewp_image_store",
            "cache_control": null,
            "content": null,
            "content_disposition": null,
            "content_encoding": null,
            "content_language": null,
            "content_length": "563767",
            "content_md5": "lgL5MO7yE4j2pHXZ75Oatg==",
            "content_type": "image/jpeg",
            "delete_all_object_versions": false,
            "id": "n/lr4poue3hwjl/b/ewp_image_store/o/weddings%2FAdrian%20and%20Monica%2F44.jpg",
            "metadata": {},
            "namespace": "lr4poue3hwjl",
            "object": "weddings/Adrian and Monica/44.jpg",
            "opc_sse_kms_key_id": null,
            "source": "../assets/weddings/Adrian and Monica/44.jpg 2016-03-09 09:28:16 +0000 GMT",
            "source_uri_details": [],
            "state": "COMPLETED",
            "storage_tier": "Standard",
            "timeouts": null,
            "version_id": "1f64a621-b565-41a5-8d48-eaab9038f320",
            "work_request_id": ""
          },
          "sensitive_attributes": [],
          "private": "eyJlMmJmYjczMC1lY2FhLTExZTYtOGY4OC0zNDM2M2JjN2M0YzAiOnsiY3JlYXRlIjoxMjAwMDAwMDAwMDAwLCJkZWxldGUiOjEyMDAwMDAwMDAwMDAsInVwZGF0ZSI6MTIwMDAwMDAwMDAwMH19",
          "dependencies": [
            "module.object-storage.oci_objectstorage_bucket.ewp_image_storage"
          ]
        },
        {
          "index_key": 39,
          "schema_version": 0,
          "attributes": {
            "bucket": "ewp_image_store",
            "cache_control": null,
            "content": null,
            "content_disposition": null,
            "content_encoding": null,
            "content_language": null,
            "content_length": "1247517",
            "content_md5": "iPexXcWEfmuL9KSf6pVJ0w==",
            "content_type": "image/jpeg",
            "delete_all_object_versions": false,
            "id": "n/lr4poue3hwjl/b/ewp_image_store/o/weddings%2FAdrian%20and%20Monica%2F45.jpg",
            "metadata": {},
            "namespace": "lr4poue3hwjl",
            "object": "weddings/Adrian and Monica/45.jpg",
            "opc_sse_kms_key_id": null,
            "source": "../assets/weddings/Adrian and Monica/45.jpg 2016-03-09 09:26:11 +0000 GMT",
            "source_uri_details": [],
            "state": "COMPLETED",
            "storage_tier": "Standard",
            "timeouts": null,
            "version_id": "833df63b-d1da-48c8-8516-a6a33dde060a",
            "work_request_id": ""
          },
          "sensitive_attributes": [],
          "private": "eyJlMmJmYjczMC1lY2FhLTExZTYtOGY4OC0zNDM2M2JjN2M0YzAiOnsiY3JlYXRlIjoxMjAwMDAwMDAwMDAwLCJkZWxldGUiOjEyMDAwMDAwMDAwMDAsInVwZGF0ZSI6MTIwMDAwMDAwMDAwMH19",
          "dependencies": [
            "module.object-storage.oci_objectstorage_bucket.ewp_image_storage"
          ]
        },
        {
          "index_key": 40,
          "schema_version": 0,
          "attributes": {
            "bucket": "ewp_image_store",
            "cache_control": null,
            "content": null,
            "content_disposition": null,
            "content_encoding": null,
            "content_language": null,
            "content_length": "481926",
            "content_md5": "5iDFI+r7oVqW9YY8iilCMg==",
            "content_type": "image/jpeg",
            "delete_all_object_versions": false,
            "id": "n/lr4poue3hwjl/b/ewp_image_store/o/weddings%2FAdrian%20and%20Monica%2F46.jpg",
            "metadata": {},
            "namespace": "lr4poue3hwjl",
            "object": "weddings/Adrian and Monica/46.jpg",
            "opc_sse_kms_key_id": null,
            "source": "../assets/weddings/Adrian and Monica/46.jpg 2016-03-09 09:26:16 +0000 GMT",
            "source_uri_details": [],
            "state": "COMPLETED",
            "storage_tier": "Standard",
            "timeouts": null,
            "version_id": "0b3755ba-96bd-42a7-8c11-12588cc268ad",
            "work_request_id": ""
          },
          "sensitive_attributes": [],
          "private": "eyJlMmJmYjczMC1lY2FhLTExZTYtOGY4OC0zNDM2M2JjN2M0YzAiOnsiY3JlYXRlIjoxMjAwMDAwMDAwMDAwLCJkZWxldGUiOjEyMDAwMDAwMDAwMDAsInVwZGF0ZSI6MTIwMDAwMDAwMDAwMH19",
          "dependencies": [
            "module.object-storage.oci_objectstorage_bucket.ewp_image_storage"
          ]
        },
        {
          "index_key": 41,
          "schema_version": 0,
          "attributes": {
            "bucket": "ewp_image_store",
            "cache_control": null,
            "content": null,
            "content_disposition": null,
            "content_encoding": null,
            "content_language": null,
            "content_length": "987806",
            "content_md5": "/KPu1TxyGp9V3cFy49Toqg==",
            "content_type": "image/jpeg",
            "delete_all_object_versions": false,
            "id": "n/lr4poue3hwjl/b/ewp_image_store/o/weddings%2FAdrian%20and%20Monica%2F47.jpg",
            "metadata": {},
            "namespace": "lr4poue3hwjl",
            "object": "weddings/Adrian and Monica/47.jpg",
            "opc_sse_kms_key_id": null,
            "source": "../assets/weddings/Adrian and Monica/47.jpg 2016-03-09 09:26:21 +0000 GMT",
            "source_uri_details": [],
            "state": "COMPLETED",
            "storage_tier": "Standard",
            "timeouts": null,
            "version_id": "1d0e07f7-1a39-462c-be38-9cb64a73e3d0",
            "work_request_id": ""
          },
          "sensitive_attributes": [],
          "private": "eyJlMmJmYjczMC1lY2FhLTExZTYtOGY4OC0zNDM2M2JjN2M0YzAiOnsiY3JlYXRlIjoxMjAwMDAwMDAwMDAwLCJkZWxldGUiOjEyMDAwMDAwMDAwMDAsInVwZGF0ZSI6MTIwMDAwMDAwMDAwMH19",
          "dependencies": [
            "module.object-storage.oci_objectstorage_bucket.ewp_image_storage"
          ]
        },
        {
          "index_key": 42,
          "schema_version": 0,
          "attributes": {
            "bucket": "ewp_image_store",
            "cache_control": null,
            "content": null,
            "content_disposition": null,
            "content_encoding": null,
            "content_language": null,
            "content_length": "2138153",
            "content_md5": "uJtqI8lyeBx4ETM9AZUprA==",
            "content_type": "image/jpeg",
            "delete_all_object_versions": false,
            "id": "n/lr4poue3hwjl/b/ewp_image_store/o/weddings%2FAdrian%20and%20Monica%2F48.jpg",
            "metadata": {},
            "namespace": "lr4poue3hwjl",
            "object": "weddings/Adrian and Monica/48.jpg",
            "opc_sse_kms_key_id": null,
            "source": "../assets/weddings/Adrian and Monica/48.jpg 2016-03-09 09:26:27 +0000 GMT",
            "source_uri_details": [],
            "state": "COMPLETED",
            "storage_tier": "Standard",
            "timeouts": null,
            "version_id": "97106b87-b9aa-4ed8-b6fd-21280943d298",
            "work_request_id": ""
          },
          "sensitive_attributes": [],
          "private": "eyJlMmJmYjczMC1lY2FhLTExZTYtOGY4OC0zNDM2M2JjN2M0YzAiOnsiY3JlYXRlIjoxMjAwMDAwMDAwMDAwLCJkZWxldGUiOjEyMDAwMDAwMDAwMDAsInVwZGF0ZSI6MTIwMDAwMDAwMDAwMH19",
          "dependencies": [
            "module.object-storage.oci_objectstorage_bucket.ewp_image_storage"
          ]
        },
        {
          "index_key": 43,
          "schema_version": 0,
          "attributes": {
            "bucket": "ewp_image_store",
            "cache_control": null,
            "content": null,
            "content_disposition": null,
            "content_encoding": null,
            "content_language": null,
            "content_length": "1977754",
            "content_md5": "ZDdDk+x5rtLhEIqwcXJf9g==",
            "content_type": "image/jpeg",
            "delete_all_object_versions": false,
            "id": "n/lr4poue3hwjl/b/ewp_image_store/o/weddings%2FAdrian%20and%20Monica%2F49.jpg",
            "metadata": {},
            "namespace": "lr4poue3hwjl",
            "object": "weddings/Adrian and Monica/49.jpg",
            "opc_sse_kms_key_id": null,
            "source": "../assets/weddings/Adrian and Monica/49.jpg 2016-03-09 09:28:26 +0000 GMT",
            "source_uri_details": [],
            "state": "COMPLETED",
            "storage_tier": "Standard",
            "timeouts": null,
            "version_id": "50dfb27c-c540-4a28-971f-a9ffffe0a979",
            "work_request_id": ""
          },
          "sensitive_attributes": [],
          "private": "eyJlMmJmYjczMC1lY2FhLTExZTYtOGY4OC0zNDM2M2JjN2M0YzAiOnsiY3JlYXRlIjoxMjAwMDAwMDAwMDAwLCJkZWxldGUiOjEyMDAwMDAwMDAwMDAsInVwZGF0ZSI6MTIwMDAwMDAwMDAwMH19",
          "dependencies": [
            "module.object-storage.oci_objectstorage_bucket.ewp_image_storage"
          ]
        },
        {
          "index_key": 44,
          "schema_version": 0,
          "attributes": {
            "bucket": "ewp_image_store",
            "cache_control": null,
            "content": null,
            "content_disposition": null,
            "content_encoding": null,
            "content_language": null,
            "content_length": "1377041",
            "content_md5": "J1n5uJhtFan7n8k9STv5CQ==",
            "content_type": "image/jpeg",
            "delete_all_object_versions": false,
            "id": "n/lr4poue3hwjl/b/ewp_image_store/o/weddings%2FAdrian%20and%20Monica%2F5.jpg",
            "metadata": {},
            "namespace": "lr4poue3hwjl",
            "object": "weddings/Adrian and Monica/5.jpg",
            "opc_sse_kms_key_id": null,
            "source": "../assets/weddings/Adrian and Monica/5.jpg 2016-03-09 09:23:05 +0000 GMT",
            "source_uri_details": [],
            "state": "COMPLETED",
            "storage_tier": "Standard",
            "timeouts": null,
            "version_id": "6f420e8a-04d6-46c9-b92a-c25b5746e977",
            "work_request_id": ""
          },
          "sensitive_attributes": [],
          "private": "eyJlMmJmYjczMC1lY2FhLTExZTYtOGY4OC0zNDM2M2JjN2M0YzAiOnsiY3JlYXRlIjoxMjAwMDAwMDAwMDAwLCJkZWxldGUiOjEyMDAwMDAwMDAwMDAsInVwZGF0ZSI6MTIwMDAwMDAwMDAwMH19",
          "dependencies": [
            "module.object-storage.oci_objectstorage_bucket.ewp_image_storage"
          ]
        },
        {
          "index_key": 45,
          "schema_version": 0,
          "attributes": {
            "bucket": "ewp_image_store",
            "cache_control": null,
            "content": null,
            "content_disposition": null,
            "content_encoding": null,
            "content_language": null,
            "content_length": "1353392",
            "content_md5": "waTbruPsd2EBqfPuWAAHSg==",
            "content_type": "image/jpeg",
            "delete_all_object_versions": false,
            "id": "n/lr4poue3hwjl/b/ewp_image_store/o/weddings%2FAdrian%20and%20Monica%2F50.jpg",
            "metadata": {},
            "namespace": "lr4poue3hwjl",
            "object": "weddings/Adrian and Monica/50.jpg",
            "opc_sse_kms_key_id": null,
            "source": "../assets/weddings/Adrian and Monica/50.jpg 2016-03-09 09:26:43 +0000 GMT",
            "source_uri_details": [],
            "state": "COMPLETED",
            "storage_tier": "Standard",
            "timeouts": null,
            "version_id": "cd9298a5-7be9-402f-9bc3-015297b295ee",
            "work_request_id": ""
          },
          "sensitive_attributes": [],
          "private": "eyJlMmJmYjczMC1lY2FhLTExZTYtOGY4OC0zNDM2M2JjN2M0YzAiOnsiY3JlYXRlIjoxMjAwMDAwMDAwMDAwLCJkZWxldGUiOjEyMDAwMDAwMDAwMDAsInVwZGF0ZSI6MTIwMDAwMDAwMDAwMH19",
          "dependencies": [
            "module.object-storage.oci_objectstorage_bucket.ewp_image_storage"
          ]
        },
        {
          "index_key": 46,
          "schema_version": 0,
          "attributes": {
            "bucket": "ewp_image_store",
            "cache_control": null,
            "content": null,
            "content_disposition": null,
            "content_encoding": null,
            "content_language": null,
            "content_length": "1045767",
            "content_md5": "traPaAhvYptC4Drf3XyW6w==",
            "content_type": "image/jpeg",
            "delete_all_object_versions": false,
            "id": "n/lr4poue3hwjl/b/ewp_image_store/o/weddings%2FAdrian%20and%20Monica%2F51.jpg",
            "metadata": {},
            "namespace": "lr4poue3hwjl",
            "object": "weddings/Adrian and Monica/51.jpg",
            "opc_sse_kms_key_id": null,
            "source": "../assets/weddings/Adrian and Monica/51.jpg 2016-03-09 09:26:49 +0000 GMT",
            "source_uri_details": [],
            "state": "COMPLETED",
            "storage_tier": "Standard",
            "timeouts": null,
            "version_id": "a6ab669c-5bc5-49ec-89a5-99d694aef698",
            "work_request_id": ""
          },
          "sensitive_attributes": [],
          "private": "eyJlMmJmYjczMC1lY2FhLTExZTYtOGY4OC0zNDM2M2JjN2M0YzAiOnsiY3JlYXRlIjoxMjAwMDAwMDAwMDAwLCJkZWxldGUiOjEyMDAwMDAwMDAwMDAsInVwZGF0ZSI6MTIwMDAwMDAwMDAwMH19",
          "dependencies": [
            "module.object-storage.oci_objectstorage_bucket.ewp_image_storage"
          ]
        },
        {
          "index_key": 47,
          "schema_version": 0,
          "attributes": {
            "bucket": "ewp_image_store",
            "cache_control": null,
            "content": null,
            "content_disposition": null,
            "content_encoding": null,
            "content_language": null,
            "content_length": "667305",
            "content_md5": "csLqqJp8ouDhXxeLfWqRpw==",
            "content_type": "image/jpeg",
            "delete_all_object_versions": false,
            "id": "n/lr4poue3hwjl/b/ewp_image_store/o/weddings%2FAdrian%20and%20Monica%2F52.jpg",
            "metadata": {},
            "namespace": "lr4poue3hwjl",
            "object": "weddings/Adrian and Monica/52.jpg",
            "opc_sse_kms_key_id": null,
            "source": "../assets/weddings/Adrian and Monica/52.jpg 2016-03-09 09:28:41 +0000 GMT",
            "source_uri_details": [],
            "state": "COMPLETED",
            "storage_tier": "Standard",
            "timeouts": null,
            "version_id": "9df95776-cc31-44a8-9d5f-ad1e41801f73",
            "work_request_id": ""
          },
          "sensitive_attributes": [],
          "private": "eyJlMmJmYjczMC1lY2FhLTExZTYtOGY4OC0zNDM2M2JjN2M0YzAiOnsiY3JlYXRlIjoxMjAwMDAwMDAwMDAwLCJkZWxldGUiOjEyMDAwMDAwMDAwMDAsInVwZGF0ZSI6MTIwMDAwMDAwMDAwMH19",
          "dependencies": [
            "module.object-storage.oci_objectstorage_bucket.ewp_image_storage"
          ]
        },
        {
          "index_key": 48,
          "schema_version": 0,
          "attributes": {
            "bucket": "ewp_image_store",
            "cache_control": null,
            "content": null,
            "content_disposition": null,
            "content_encoding": null,
            "content_language": null,
            "content_length": "768538",
            "content_md5": "uuglprSf/egUkEVJBCeUZQ==",
            "content_type": "image/jpeg",
            "delete_all_object_versions": false,
            "id": "n/lr4poue3hwjl/b/ewp_image_store/o/weddings%2FAdrian%20and%20Monica%2F53.jpg",
            "metadata": {},
            "namespace": "lr4poue3hwjl",
            "object": "weddings/Adrian and Monica/53.jpg",
            "opc_sse_kms_key_id": null,
            "source": "../assets/weddings/Adrian and Monica/53.jpg 2016-03-09 09:28:48 +0000 GMT",
            "source_uri_details": [],
            "state": "COMPLETED",
            "storage_tier": "Standard",
            "timeouts": null,
            "version_id": "fc8f2a5a-0766-4edd-8920-f43846365043",
            "work_request_id": ""
          },
          "sensitive_attributes": [],
          "private": "eyJlMmJmYjczMC1lY2FhLTExZTYtOGY4OC0zNDM2M2JjN2M0YzAiOnsiY3JlYXRlIjoxMjAwMDAwMDAwMDAwLCJkZWxldGUiOjEyMDAwMDAwMDAwMDAsInVwZGF0ZSI6MTIwMDAwMDAwMDAwMH19",
          "dependencies": [
            "module.object-storage.oci_objectstorage_bucket.ewp_image_storage"
          ]
        },
        {
          "index_key": 49,
          "schema_version": 0,
          "attributes": {
            "bucket": "ewp_image_store",
            "cache_control": null,
            "content": null,
            "content_disposition": null,
            "content_encoding": null,
            "content_language": null,
            "content_length": "328406",
            "content_md5": "WLdCIPPN3eZdqZR+Sopffg==",
            "content_type": "image/jpeg",
            "delete_all_object_versions": false,
            "id": "n/lr4poue3hwjl/b/ewp_image_store/o/weddings%2FAdrian%20and%20Monica%2F54.jpg",
            "metadata": {},
            "namespace": "lr4poue3hwjl",
            "object": "weddings/Adrian and Monica/54.jpg",
            "opc_sse_kms_key_id": null,
            "source": "../assets/weddings/Adrian and Monica/54.jpg 2016-03-09 09:29:00 +0000 GMT",
            "source_uri_details": [],
            "state": "COMPLETED",
            "storage_tier": "Standard",
            "timeouts": null,
            "version_id": "36f7bcb0-421d-4736-86c7-ca39e0a9a05a",
            "work_request_id": ""
          },
          "sensitive_attributes": [],
          "private": "eyJlMmJmYjczMC1lY2FhLTExZTYtOGY4OC0zNDM2M2JjN2M0YzAiOnsiY3JlYXRlIjoxMjAwMDAwMDAwMDAwLCJkZWxldGUiOjEyMDAwMDAwMDAwMDAsInVwZGF0ZSI6MTIwMDAwMDAwMDAwMH19",
          "dependencies": [
            "module.object-storage.oci_objectstorage_bucket.ewp_image_storage"
          ]
        },
        {
          "index_key": 50,
          "schema_version": 0,
          "attributes": {
            "bucket": "ewp_image_store",
            "cache_control": null,
            "content": null,
            "content_disposition": null,
            "content_encoding": null,
            "content_language": null,
            "content_length": "474276",
            "content_md5": "MXMq4lWYJt0jD+0QRd8sIQ==",
            "content_type": "image/jpeg",
            "delete_all_object_versions": false,
            "id": "n/lr4poue3hwjl/b/ewp_image_store/o/weddings%2FAdrian%20and%20Monica%2F55.jpg",
            "metadata": {},
            "namespace": "lr4poue3hwjl",
            "object": "weddings/Adrian and Monica/55.jpg",
            "opc_sse_kms_key_id": null,
            "source": "../assets/weddings/Adrian and Monica/55.jpg 2016-03-09 09:26:55 +0000 GMT",
            "source_uri_details": [],
            "state": "COMPLETED",
            "storage_tier": "Standard",
            "timeouts": null,
            "version_id": "4f71a25e-031a-400d-806e-707d7a0eb3ca",
            "work_request_id": ""
          },
          "sensitive_attributes": [],
          "private": "eyJlMmJmYjczMC1lY2FhLTExZTYtOGY4OC0zNDM2M2JjN2M0YzAiOnsiY3JlYXRlIjoxMjAwMDAwMDAwMDAwLCJkZWxldGUiOjEyMDAwMDAwMDAwMDAsInVwZGF0ZSI6MTIwMDAwMDAwMDAwMH19",
          "dependencies": [
            "module.object-storage.oci_objectstorage_bucket.ewp_image_storage"
          ]
        },
        {
          "index_key": 51,
          "schema_version": 0,
          "attributes": {
            "bucket": "ewp_image_store",
            "cache_control": null,
            "content": null,
            "content_disposition": null,
            "content_encoding": null,
            "content_language": null,
            "content_length": "1028335",
            "content_md5": "WnQvcVIJUhqkmsKpYOgm+w==",
            "content_type": "image/jpeg",
            "delete_all_object_versions": false,
            "id": "n/lr4poue3hwjl/b/ewp_image_store/o/weddings%2FAdrian%20and%20Monica%2F56.jpg",
            "metadata": {},
            "namespace": "lr4poue3hwjl",
            "object": "weddings/Adrian and Monica/56.jpg",
            "opc_sse_kms_key_id": null,
            "source": "../assets/weddings/Adrian and Monica/56.jpg 2016-03-09 09:28:54 +0000 GMT",
            "source_uri_details": [],
            "state": "COMPLETED",
            "storage_tier": "Standard",
            "timeouts": null,
            "version_id": "55920a4d-8d36-429d-a265-320e37750bcb",
            "work_request_id": ""
          },
          "sensitive_attributes": [],
          "private": "eyJlMmJmYjczMC1lY2FhLTExZTYtOGY4OC0zNDM2M2JjN2M0YzAiOnsiY3JlYXRlIjoxMjAwMDAwMDAwMDAwLCJkZWxldGUiOjEyMDAwMDAwMDAwMDAsInVwZGF0ZSI6MTIwMDAwMDAwMDAwMH19",
          "dependencies": [
            "module.object-storage.oci_objectstorage_bucket.ewp_image_storage"
          ]
        },
        {
          "index_key": 52,
          "schema_version": 0,
          "attributes": {
            "bucket": "ewp_image_store",
            "cache_control": null,
            "content": null,
            "content_disposition": null,
            "content_encoding": null,
            "content_language": null,
            "content_length": "581802",
            "content_md5": "1yfPqwg67aODFu4dMqDBYg==",
            "content_type": "image/jpeg",
            "delete_all_object_versions": false,
            "id": "n/lr4poue3hwjl/b/ewp_image_store/o/weddings%2FAdrian%20and%20Monica%2F57.jpg",
            "metadata": {},
            "namespace": "lr4poue3hwjl",
            "object": "weddings/Adrian and Monica/57.jpg",
            "opc_sse_kms_key_id": null,
            "source": "../assets/weddings/Adrian and Monica/57.jpg 2016-03-09 09:27:20 +0000 GMT",
            "source_uri_details": [],
            "state": "COMPLETED",
            "storage_tier": "Standard",
            "timeouts": null,
            "version_id": "a0c260cc-dde0-44e2-b342-228796ac5331",
            "work_request_id": ""
          },
          "sensitive_attributes": [],
          "private": "eyJlMmJmYjczMC1lY2FhLTExZTYtOGY4OC0zNDM2M2JjN2M0YzAiOnsiY3JlYXRlIjoxMjAwMDAwMDAwMDAwLCJkZWxldGUiOjEyMDAwMDAwMDAwMDAsInVwZGF0ZSI6MTIwMDAwMDAwMDAwMH19",
          "dependencies": [
            "module.object-storage.oci_objectstorage_bucket.ewp_image_storage"
          ]
        },
        {
          "index_key": 53,
          "schema_version": 0,
          "attributes": {
            "bucket": "ewp_image_store",
            "cache_control": null,
            "content": null,
            "content_disposition": null,
            "content_encoding": null,
            "content_language": null,
            "content_length": "667431",
            "content_md5": "L6uDFSWKmR5ykwi1xP6R6A==",
            "content_type": "image/jpeg",
            "delete_all_object_versions": false,
            "id": "n/lr4poue3hwjl/b/ewp_image_store/o/weddings%2FAdrian%20and%20Monica%2F58.jpg",
            "metadata": {},
            "namespace": "lr4poue3hwjl",
            "object": "weddings/Adrian and Monica/58.jpg",
            "opc_sse_kms_key_id": null,
            "source": "../assets/weddings/Adrian and Monica/58.jpg 2016-03-09 09:29:27 +0000 GMT",
            "source_uri_details": [],
            "state": "COMPLETED",
            "storage_tier": "Standard",
            "timeouts": null,
            "version_id": "0db90bb4-506d-4b9e-8268-a73d0ebed83b",
            "work_request_id": ""
          },
          "sensitive_attributes": [],
          "private": "eyJlMmJmYjczMC1lY2FhLTExZTYtOGY4OC0zNDM2M2JjN2M0YzAiOnsiY3JlYXRlIjoxMjAwMDAwMDAwMDAwLCJkZWxldGUiOjEyMDAwMDAwMDAwMDAsInVwZGF0ZSI6MTIwMDAwMDAwMDAwMH19",
          "dependencies": [
            "module.object-storage.oci_objectstorage_bucket.ewp_image_storage"
          ]
        },
        {
          "index_key": 54,
          "schema_version": 0,
          "attributes": {
            "bucket": "ewp_image_store",
            "cache_control": null,
            "content": null,
            "content_disposition": null,
            "content_encoding": null,
            "content_language": null,
            "content_length": "762171",
            "content_md5": "gyxPFDftvyWrDa3k9zWUvg==",
            "content_type": "image/jpeg",
            "delete_all_object_versions": false,
            "id": "n/lr4poue3hwjl/b/ewp_image_store/o/weddings%2FAdrian%20and%20Monica%2F59.jpg",
            "metadata": {},
            "namespace": "lr4poue3hwjl",
            "object": "weddings/Adrian and Monica/59.jpg",
            "opc_sse_kms_key_id": null,
            "source": "../assets/weddings/Adrian and Monica/59.jpg 2016-03-09 09:27:13 +0000 GMT",
            "source_uri_details": [],
            "state": "COMPLETED",
            "storage_tier": "Standard",
            "timeouts": null,
            "version_id": "354dea45-2208-424d-8c39-b4f1214ca289",
            "work_request_id": ""
          },
          "sensitive_attributes": [],
          "private": "eyJlMmJmYjczMC1lY2FhLTExZTYtOGY4OC0zNDM2M2JjN2M0YzAiOnsiY3JlYXRlIjoxMjAwMDAwMDAwMDAwLCJkZWxldGUiOjEyMDAwMDAwMDAwMDAsInVwZGF0ZSI6MTIwMDAwMDAwMDAwMH19",
          "dependencies": [
            "module.object-storage.oci_objectstorage_bucket.ewp_image_storage"
          ]
        },
        {
          "index_key": 55,
          "schema_version": 0,
          "attributes": {
            "bucket": "ewp_image_store",
            "cache_control": null,
            "content": null,
            "content_disposition": null,
            "content_encoding": null,
            "content_language": null,
            "content_length": "180566",
            "content_md5": "2iKiM4Y8tTwJHcUr618UDw==",
            "content_type": "image/jpeg",
            "delete_all_object_versions": false,
            "id": "n/lr4poue3hwjl/b/ewp_image_store/o/weddings%2FAdrian%20and%20Monica%2F6.jpg",
            "metadata": {},
            "namespace": "lr4poue3hwjl",
            "object": "weddings/Adrian and Monica/6.jpg",
            "opc_sse_kms_key_id": null,
            "source": "../assets/weddings/Adrian and Monica/6.jpg 2016-03-09 09:23:10 +0000 GMT",
            "source_uri_details": [],
            "state": "COMPLETED",
            "storage_tier": "Standard",
            "timeouts": null,
            "version_id": "9fb52db4-4172-4ae8-812f-dc1ca84e3eb1",
            "work_request_id": ""
          },
          "sensitive_attributes": [],
          "private": "eyJlMmJmYjczMC1lY2FhLTExZTYtOGY4OC0zNDM2M2JjN2M0YzAiOnsiY3JlYXRlIjoxMjAwMDAwMDAwMDAwLCJkZWxldGUiOjEyMDAwMDAwMDAwMDAsInVwZGF0ZSI6MTIwMDAwMDAwMDAwMH19",
          "dependencies": [
            "module.object-storage.oci_objectstorage_bucket.ewp_image_storage"
          ]
        },
        {
          "index_key": 56,
          "schema_version": 0,
          "attributes": {
            "bucket": "ewp_image_store",
            "cache_control": null,
            "content": null,
            "content_disposition": null,
            "content_encoding": null,
            "content_language": null,
            "content_length": "682534",
            "content_md5": "PtJzykcv25dqBNiK0TU53w==",
            "content_type": "image/jpeg",
            "delete_all_object_versions": false,
            "id": "n/lr4poue3hwjl/b/ewp_image_store/o/weddings%2FAdrian%20and%20Monica%2F60.jpg",
            "metadata": {},
            "namespace": "lr4poue3hwjl",
            "object": "weddings/Adrian and Monica/60.jpg",
            "opc_sse_kms_key_id": null,
            "source": "../assets/weddings/Adrian and Monica/60.jpg 2016-03-09 09:27:00 +0000 GMT",
            "source_uri_details": [],
            "state": "COMPLETED",
            "storage_tier": "Standard",
            "timeouts": null,
            "version_id": "683a6c02-f00e-4be3-9d94-624e93a326b9",
            "work_request_id": ""
          },
          "sensitive_attributes": [],
          "private": "eyJlMmJmYjczMC1lY2FhLTExZTYtOGY4OC0zNDM2M2JjN2M0YzAiOnsiY3JlYXRlIjoxMjAwMDAwMDAwMDAwLCJkZWxldGUiOjEyMDAwMDAwMDAwMDAsInVwZGF0ZSI6MTIwMDAwMDAwMDAwMH19",
          "dependencies": [
            "module.object-storage.oci_objectstorage_bucket.ewp_image_storage"
          ]
        },
        {
          "index_key": 57,
          "schema_version": 0,
          "attributes": {
            "bucket": "ewp_image_store",
            "cache_control": null,
            "content": null,
            "content_disposition": null,
            "content_encoding": null,
            "content_language": null,
            "content_length": "831605",
            "content_md5": "QIppFNm4dri0dxggJGlQ+A==",
            "content_type": "image/jpeg",
            "delete_all_object_versions": false,
            "id": "n/lr4poue3hwjl/b/ewp_image_store/o/weddings%2FAdrian%20and%20Monica%2F61.jpg",
            "metadata": {},
            "namespace": "lr4poue3hwjl",
            "object": "weddings/Adrian and Monica/61.jpg",
            "opc_sse_kms_key_id": null,
            "source": "../assets/weddings/Adrian and Monica/61.jpg 2016-03-09 09:27:07 +0000 GMT",
            "source_uri_details": [],
            "state": "COMPLETED",
            "storage_tier": "Standard",
            "timeouts": null,
            "version_id": "8f7484c3-7d67-4e41-8cdd-751093e97a73",
            "work_request_id": ""
          },
          "sensitive_attributes": [],
          "private": "eyJlMmJmYjczMC1lY2FhLTExZTYtOGY4OC0zNDM2M2JjN2M0YzAiOnsiY3JlYXRlIjoxMjAwMDAwMDAwMDAwLCJkZWxldGUiOjEyMDAwMDAwMDAwMDAsInVwZGF0ZSI6MTIwMDAwMDAwMDAwMH19",
          "dependencies": [
            "module.object-storage.oci_objectstorage_bucket.ewp_image_storage"
          ]
        },
        {
          "index_key": 58,
          "schema_version": 0,
          "attributes": {
            "bucket": "ewp_image_store",
            "cache_control": null,
            "content": null,
            "content_disposition": null,
            "content_encoding": null,
            "content_language": null,
            "content_length": "675535",
            "content_md5": "5wN+rxJItQJhEVZGZfRKiA==",
            "content_type": "image/jpeg",
            "delete_all_object_versions": false,
            "id": "n/lr4poue3hwjl/b/ewp_image_store/o/weddings%2FAdrian%20and%20Monica%2F62.jpg",
            "metadata": {},
            "namespace": "lr4poue3hwjl",
            "object": "weddings/Adrian and Monica/62.jpg",
            "opc_sse_kms_key_id": null,
            "source": "../assets/weddings/Adrian and Monica/62.jpg 2016-03-09 09:29:21 +0000 GMT",
            "source_uri_details": [],
            "state": "COMPLETED",
            "storage_tier": "Standard",
            "timeouts": null,
            "version_id": "d0537bc8-4879-4074-a19a-af2a88fad2e6",
            "work_request_id": ""
          },
          "sensitive_attributes": [],
          "private": "eyJlMmJmYjczMC1lY2FhLTExZTYtOGY4OC0zNDM2M2JjN2M0YzAiOnsiY3JlYXRlIjoxMjAwMDAwMDAwMDAwLCJkZWxldGUiOjEyMDAwMDAwMDAwMDAsInVwZGF0ZSI6MTIwMDAwMDAwMDAwMH19",
          "dependencies": [
            "module.object-storage.oci_objectstorage_bucket.ewp_image_storage"
          ]
        },
        {
          "index_key": 59,
          "schema_version": 0,
          "attributes": {
            "bucket": "ewp_image_store",
            "cache_control": null,
            "content": null,
            "content_disposition": null,
            "content_encoding": null,
            "content_language": null,
            "content_length": "1010580",
            "content_md5": "dNdDxV5ez2l5jWVJ89ox3A==",
            "content_type": "image/jpeg",
            "delete_all_object_versions": false,
            "id": "n/lr4poue3hwjl/b/ewp_image_store/o/weddings%2FAdrian%20and%20Monica%2F63.jpg",
            "metadata": {},
            "namespace": "lr4poue3hwjl",
            "object": "weddings/Adrian and Monica/63.jpg",
            "opc_sse_kms_key_id": null,
            "source": "../assets/weddings/Adrian and Monica/63.jpg 2016-03-09 09:29:41 +0000 GMT",
            "source_uri_details": [],
            "state": "COMPLETED",
            "storage_tier": "Standard",
            "timeouts": null,
            "version_id": "f3bc6cdd-a458-4a7e-8534-defa698777ad",
            "work_request_id": ""
          },
          "sensitive_attributes": [],
          "private": "eyJlMmJmYjczMC1lY2FhLTExZTYtOGY4OC0zNDM2M2JjN2M0YzAiOnsiY3JlYXRlIjoxMjAwMDAwMDAwMDAwLCJkZWxldGUiOjEyMDAwMDAwMDAwMDAsInVwZGF0ZSI6MTIwMDAwMDAwMDAwMH19",
          "dependencies": [
            "module.object-storage.oci_objectstorage_bucket.ewp_image_storage"
          ]
        },
        {
          "index_key": 60,
          "schema_version": 0,
          "attributes": {
            "bucket": "ewp_image_store",
            "cache_control": null,
            "content": null,
            "content_disposition": null,
            "content_encoding": null,
            "content_language": null,
            "content_length": "747482",
            "content_md5": "ZmS87fUTIS1CpolUNHkF6w==",
            "content_type": "image/jpeg",
            "delete_all_object_versions": false,
            "id": "n/lr4poue3hwjl/b/ewp_image_store/o/weddings%2FAdrian%20and%20Monica%2F64.jpg",
            "metadata": {},
            "namespace": "lr4poue3hwjl",
            "object": "weddings/Adrian and Monica/64.jpg",
            "opc_sse_kms_key_id": null,
            "source": "../assets/weddings/Adrian and Monica/64.jpg 2016-03-09 09:29:35 +0000 GMT",
            "source_uri_details": [],
            "state": "COMPLETED",
            "storage_tier": "Standard",
            "timeouts": null,
            "version_id": "30d6d6c9-c987-4219-b32f-28334e6ab7ac",
            "work_request_id": ""
          },
          "sensitive_attributes": [],
          "private": "eyJlMmJmYjczMC1lY2FhLTExZTYtOGY4OC0zNDM2M2JjN2M0YzAiOnsiY3JlYXRlIjoxMjAwMDAwMDAwMDAwLCJkZWxldGUiOjEyMDAwMDAwMDAwMDAsInVwZGF0ZSI6MTIwMDAwMDAwMDAwMH19",
          "dependencies": [
            "module.object-storage.oci_objectstorage_bucket.ewp_image_storage"
          ]
        },
        {
          "index_key": 61,
          "schema_version": 0,
          "attributes": {
            "bucket": "ewp_image_store",
            "cache_control": null,
            "content": null,
            "content_disposition": null,
            "content_encoding": null,
            "content_language": null,
            "content_length": "800668",
            "content_md5": "2Kz+ekF08/C/iIEBi+bd4w==",
            "content_type": "image/jpeg",
            "delete_all_object_versions": false,
            "id": "n/lr4poue3hwjl/b/ewp_image_store/o/weddings%2FAdrian%20and%20Monica%2F65.jpg",
            "metadata": {},
            "namespace": "lr4poue3hwjl",
            "object": "weddings/Adrian and Monica/65.jpg",
            "opc_sse_kms_key_id": null,
            "source": "../assets/weddings/Adrian and Monica/65.jpg 2016-03-09 09:27:27 +0000 GMT",
            "source_uri_details": [],
            "state": "COMPLETED",
            "storage_tier": "Standard",
            "timeouts": null,
            "version_id": "dcf7bb61-8af3-498f-a3db-07006d3074c2",
            "work_request_id": ""
          },
          "sensitive_attributes": [],
          "private": "eyJlMmJmYjczMC1lY2FhLTExZTYtOGY4OC0zNDM2M2JjN2M0YzAiOnsiY3JlYXRlIjoxMjAwMDAwMDAwMDAwLCJkZWxldGUiOjEyMDAwMDAwMDAwMDAsInVwZGF0ZSI6MTIwMDAwMDAwMDAwMH19",
          "dependencies": [
            "module.object-storage.oci_objectstorage_bucket.ewp_image_storage"
          ]
        },
        {
          "index_key": 62,
          "schema_version": 0,
          "attributes": {
            "bucket": "ewp_image_store",
            "cache_control": null,
            "content": null,
            "content_disposition": null,
            "content_encoding": null,
            "content_language": null,
            "content_length": "973130",
            "content_md5": "I+07IPrVAKPibzqvAt5klQ==",
            "content_type": "image/jpeg",
            "delete_all_object_versions": false,
            "id": "n/lr4poue3hwjl/b/ewp_image_store/o/weddings%2FAdrian%20and%20Monica%2F66.jpg",
            "metadata": {},
            "namespace": "lr4poue3hwjl",
            "object": "weddings/Adrian and Monica/66.jpg",
            "opc_sse_kms_key_id": null,
            "source": "../assets/weddings/Adrian and Monica/66.jpg 2016-03-09 09:27:34 +0000 GMT",
            "source_uri_details": [],
            "state": "COMPLETED",
            "storage_tier": "Standard",
            "timeouts": null,
            "version_id": "4e45e4da-ce60-4e2b-b8c8-912a9cfc6619",
            "work_request_id": ""
          },
          "sensitive_attributes": [],
          "private": "eyJlMmJmYjczMC1lY2FhLTExZTYtOGY4OC0zNDM2M2JjN2M0YzAiOnsiY3JlYXRlIjoxMjAwMDAwMDAwMDAwLCJkZWxldGUiOjEyMDAwMDAwMDAwMDAsInVwZGF0ZSI6MTIwMDAwMDAwMDAwMH19",
          "dependencies": [
            "module.object-storage.oci_objectstorage_bucket.ewp_image_storage"
          ]
        },
        {
          "index_key": 63,
          "schema_version": 0,
          "attributes": {
            "bucket": "ewp_image_store",
            "cache_control": null,
            "content": null,
            "content_disposition": null,
            "content_encoding": null,
            "content_language": null,
            "content_length": "918071",
            "content_md5": "73PFk2EGWoyzLjMq/EhC+A==",
            "content_type": "image/jpeg",
            "delete_all_object_versions": false,
            "id": "n/lr4poue3hwjl/b/ewp_image_store/o/weddings%2FAdrian%20and%20Monica%2F67.jpg",
            "metadata": {},
            "namespace": "lr4poue3hwjl",
            "object": "weddings/Adrian and Monica/67.jpg",
            "opc_sse_kms_key_id": null,
            "source": "../assets/weddings/Adrian and Monica/67.jpg 2016-03-09 09:29:47 +0000 GMT",
            "source_uri_details": [],
            "state": "COMPLETED",
            "storage_tier": "Standard",
            "timeouts": null,
            "version_id": "fc369c5b-0c76-4004-9d3a-548264b2e10e",
            "work_request_id": ""
          },
          "sensitive_attributes": [],
          "private": "eyJlMmJmYjczMC1lY2FhLTExZTYtOGY4OC0zNDM2M2JjN2M0YzAiOnsiY3JlYXRlIjoxMjAwMDAwMDAwMDAwLCJkZWxldGUiOjEyMDAwMDAwMDAwMDAsInVwZGF0ZSI6MTIwMDAwMDAwMDAwMH19",
          "dependencies": [
            "module.object-storage.oci_objectstorage_bucket.ewp_image_storage"
          ]
        },
        {
          "index_key": 64,
          "schema_version": 0,
          "attributes": {
            "bucket": "ewp_image_store",
            "cache_control": null,
            "content": null,
            "content_disposition": null,
            "content_encoding": null,
            "content_language": null,
            "content_length": "262546",
            "content_md5": "CAcrPmLNTCb102HEmfKJXg==",
            "content_type": "image/jpeg",
            "delete_all_object_versions": false,
            "id": "n/lr4poue3hwjl/b/ewp_image_store/o/weddings%2FAdrian%20and%20Monica%2F7.jpg",
            "metadata": {},
            "namespace": "lr4poue3hwjl",
            "object": "weddings/Adrian and Monica/7.jpg",
            "opc_sse_kms_key_id": null,
            "source": "../assets/weddings/Adrian and Monica/7.jpg 2016-03-09 09:23:15 +0000 GMT",
            "source_uri_details": [],
            "state": "COMPLETED",
            "storage_tier": "Standard",
            "timeouts": null,
            "version_id": "3123d19d-825c-4c67-97b0-cdb9f63fbff1",
            "work_request_id": ""
          },
          "sensitive_attributes": [],
          "private": "eyJlMmJmYjczMC1lY2FhLTExZTYtOGY4OC0zNDM2M2JjN2M0YzAiOnsiY3JlYXRlIjoxMjAwMDAwMDAwMDAwLCJkZWxldGUiOjEyMDAwMDAwMDAwMDAsInVwZGF0ZSI6MTIwMDAwMDAwMDAwMH19",
          "dependencies": [
            "module.object-storage.oci_objectstorage_bucket.ewp_image_storage"
          ]
        },
        {
          "index_key": 65,
          "schema_version": 0,
          "attributes": {
            "bucket": "ewp_image_store",
            "cache_control": null,
            "content": null,
            "content_disposition": null,
            "content_encoding": null,
            "content_language": null,
            "content_length": "158589",
            "content_md5": "UXatxSGCos76K7zadAXZYA==",
            "content_type": "image/jpeg",
            "delete_all_object_versions": false,
            "id": "n/lr4poue3hwjl/b/ewp_image_store/o/weddings%2FAdrian%20and%20Monica%2F8.jpg",
            "metadata": {},
            "namespace": "lr4poue3hwjl",
            "object": "weddings/Adrian and Monica/8.jpg",
            "opc_sse_kms_key_id": null,
            "source": "../assets/weddings/Adrian and Monica/8.jpg 2016-03-09 09:23:20 +0000 GMT",
            "source_uri_details": [],
            "state": "COMPLETED",
            "storage_tier": "Standard",
            "timeouts": null,
            "version_id": "229fb147-2670-4873-a6f8-3625df80d243",
            "work_request_id": ""
          },
          "sensitive_attributes": [],
          "private": "eyJlMmJmYjczMC1lY2FhLTExZTYtOGY4OC0zNDM2M2JjN2M0YzAiOnsiY3JlYXRlIjoxMjAwMDAwMDAwMDAwLCJkZWxldGUiOjEyMDAwMDAwMDAwMDAsInVwZGF0ZSI6MTIwMDAwMDAwMDAwMH19",
          "dependencies": [
            "module.object-storage.oci_objectstorage_bucket.ewp_image_storage"
          ]
        },
        {
          "index_key": 66,
          "schema_version": 0,
          "attributes": {
            "bucket": "ewp_image_store",
            "cache_control": null,
            "content": null,
            "content_disposition": null,
            "content_encoding": null,
            "content_language": null,
            "content_length": "875033",
            "content_md5": "SpsjOtrmRreUcu440aXqCA==",
            "content_type": "image/jpeg",
            "delete_all_object_versions": false,
            "id": "n/lr4poue3hwjl/b/ewp_image_store/o/weddings%2FAdrian%20and%20Monica%2F9.jpg",
            "metadata": {},
            "namespace": "lr4poue3hwjl",
            "object": "weddings/Adrian and Monica/9.jpg",
            "opc_sse_kms_key_id": null,
            "source": "../assets/weddings/Adrian and Monica/9.jpg 2016-03-09 09:23:25 +0000 GMT",
            "source_uri_details": [],
            "state": "COMPLETED",
            "storage_tier": "Standard",
            "timeouts": null,
            "version_id": "bd41cf27-4e16-4b1b-9b90-b8b426cad386",
            "work_request_id": ""
          },
          "sensitive_attributes": [],
          "private": "eyJlMmJmYjczMC1lY2FhLTExZTYtOGY4OC0zNDM2M2JjN2M0YzAiOnsiY3JlYXRlIjoxMjAwMDAwMDAwMDAwLCJkZWxldGUiOjEyMDAwMDAwMDAwMDAsInVwZGF0ZSI6MTIwMDAwMDAwMDAwMH19",
          "dependencies": [
            "module.object-storage.oci_objectstorage_bucket.ewp_image_storage"
          ]
        },
        {
          "index_key": 67,
          "schema_version": 0,
          "attributes": {
            "bucket": "ewp_image_store",
            "cache_control": null,
            "content": null,
            "content_disposition": null,
            "content_encoding": null,
            "content_language": null,
            "content_length": "2138153",
            "content_md5": "uJtqI8lyeBx4ETM9AZUprA==",
            "content_type": "image/jpeg",
            "delete_all_object_versions": false,
            "id": "n/lr4poue3hwjl/b/ewp_image_store/o/weddings%2FAdrian%20and%20Monica%2Fcover.jpg",
            "metadata": {},
            "namespace": "lr4poue3hwjl",
            "object": "weddings/Adrian and Monica/cover.jpg",
            "opc_sse_kms_key_id": null,
            "source": "../assets/weddings/Adrian and Monica/cover.jpg 2016-03-09 09:26:27 +0000 GMT",
            "source_uri_details": [],
            "state": "COMPLETED",
            "storage_tier": "Standard",
            "timeouts": null,
            "version_id": "d1827919-bc95-44e4-9e84-fff38af27415",
            "work_request_id": ""
          },
          "sensitive_attributes": [],
          "private": "eyJlMmJmYjczMC1lY2FhLTExZTYtOGY4OC0zNDM2M2JjN2M0YzAiOnsiY3JlYXRlIjoxMjAwMDAwMDAwMDAwLCJkZWxldGUiOjEyMDAwMDAwMDAwMDAsInVwZGF0ZSI6MTIwMDAwMDAwMDAwMH19",
          "dependencies": [
            "module.object-storage.oci_objectstorage_bucket.ewp_image_storage"
          ]
        },
        {
          "index_key": 68,
          "schema_version": 0,
          "attributes": {
            "bucket": "ewp_image_store",
            "cache_control": null,
            "content": null,
            "content_disposition": null,
            "content_encoding": null,
            "content_language": null,
            "content_length": "839789",
            "content_md5": "GdJuoCumU1HQdQN/IxJ1OQ==",
            "content_type": "image/jpeg",
            "delete_all_object_versions": false,
            "id": "n/lr4poue3hwjl/b/ewp_image_store/o/weddings%2FBeth%20and%20Tom%2F1.jpg",
            "metadata": {},
            "namespace": "lr4poue3hwjl",
            "object": "weddings/Beth and Tom/1.jpg",
            "opc_sse_kms_key_id": null,
            "source": "../assets/weddings/Beth and Tom/1.jpg 2016-03-09 09:06:29 +0000 GMT",
            "source_uri_details": [],
            "state": "COMPLETED",
            "storage_tier": "Standard",
            "timeouts": null,
            "version_id": "2d49391c-052f-440c-9830-09044b6786cb",
            "work_request_id": ""
          },
          "sensitive_attributes": [],
          "private": "eyJlMmJmYjczMC1lY2FhLTExZTYtOGY4OC0zNDM2M2JjN2M0YzAiOnsiY3JlYXRlIjoxMjAwMDAwMDAwMDAwLCJkZWxldGUiOjEyMDAwMDAwMDAwMDAsInVwZGF0ZSI6MTIwMDAwMDAwMDAwMH19",
          "dependencies": [
            "module.object-storage.oci_objectstorage_bucket.ewp_image_storage"
          ]
        },
        {
          "index_key": 69,
          "schema_version": 0,
          "attributes": {
            "bucket": "ewp_image_store",
            "cache_control": null,
            "content": null,
            "content_disposition": null,
            "content_encoding": null,
            "content_language": null,
            "content_length": "783308",
            "content_md5": "/VhNZSHmrW96l05sUTnnbQ==",
            "content_type": "image/jpeg",
            "delete_all_object_versions": false,
            "id": "n/lr4poue3hwjl/b/ewp_image_store/o/weddings%2FBeth%20and%20Tom%2F10.jpg",
            "metadata": {},
            "namespace": "lr4poue3hwjl",
            "object": "weddings/Beth and Tom/10.jpg",
            "opc_sse_kms_key_id": null,
            "source": "../assets/weddings/Beth and Tom/10.jpg 2016-03-09 09:12:20 +0000 GMT",
            "source_uri_details": [],
            "state": "COMPLETED",
            "storage_tier": "Standard",
            "timeouts": null,
            "version_id": "efdf80af-6f1a-44df-8880-6af50d31e6cf",
            "work_request_id": ""
          },
          "sensitive_attributes": [],
          "private": "eyJlMmJmYjczMC1lY2FhLTExZTYtOGY4OC0zNDM2M2JjN2M0YzAiOnsiY3JlYXRlIjoxMjAwMDAwMDAwMDAwLCJkZWxldGUiOjEyMDAwMDAwMDAwMDAsInVwZGF0ZSI6MTIwMDAwMDAwMDAwMH19",
          "dependencies": [
            "module.object-storage.oci_objectstorage_bucket.ewp_image_storage"
          ]
        },
        {
          "index_key": 70,
          "schema_version": 0,
          "attributes": {
            "bucket": "ewp_image_store",
            "cache_control": null,
            "content": null,
            "content_disposition": null,
            "content_encoding": null,
            "content_language": null,
            "content_length": "1169145",
            "content_md5": "SLlOOpi9+CcKAKwd9iEu8w==",
            "content_type": "image/jpeg",
            "delete_all_object_versions": false,
            "id": "n/lr4poue3hwjl/b/ewp_image_store/o/weddings%2FBeth%20and%20Tom%2F11.jpg",
            "metadata": {},
            "namespace": "lr4poue3hwjl",
            "object": "weddings/Beth and Tom/11.jpg",
            "opc_sse_kms_key_id": null,
            "source": "../assets/weddings/Beth and Tom/11.jpg 2016-03-09 09:12:27 +0000 GMT",
            "source_uri_details": [],
            "state": "COMPLETED",
            "storage_tier": "Standard",
            "timeouts": null,
            "version_id": "e676342a-1ea0-4109-a8d9-4b94f668a68f",
            "work_request_id": ""
          },
          "sensitive_attributes": [],
          "private": "eyJlMmJmYjczMC1lY2FhLTExZTYtOGY4OC0zNDM2M2JjN2M0YzAiOnsiY3JlYXRlIjoxMjAwMDAwMDAwMDAwLCJkZWxldGUiOjEyMDAwMDAwMDAwMDAsInVwZGF0ZSI6MTIwMDAwMDAwMDAwMH19",
          "dependencies": [
            "module.object-storage.oci_objectstorage_bucket.ewp_image_storage"
          ]
        },
        {
          "index_key": 71,
          "schema_version": 0,
          "attributes": {
            "bucket": "ewp_image_store",
            "cache_control": null,
            "content": null,
            "content_disposition": null,
            "content_encoding": null,
            "content_language": null,
            "content_length": "1268622",
            "content_md5": "wLH5sHBR57g2hiLlokT7cA==",
            "content_type": "image/jpeg",
            "delete_all_object_versions": false,
            "id": "n/lr4poue3hwjl/b/ewp_image_store/o/weddings%2FBeth%20and%20Tom%2F12.jpg",
            "metadata": {},
            "namespace": "lr4poue3hwjl",
            "object": "weddings/Beth and Tom/12.jpg",
            "opc_sse_kms_key_id": null,
            "source": "../assets/weddings/Beth and Tom/12.jpg 2016-03-09 09:12:32 +0000 GMT",
            "source_uri_details": [],
            "state": "COMPLETED",
            "storage_tier": "Standard",
            "timeouts": null,
            "version_id": "ef200b28-dfcf-41d7-81d3-9b058c10f248",
            "work_request_id": ""
          },
          "sensitive_attributes": [],
          "private": "eyJlMmJmYjczMC1lY2FhLTExZTYtOGY4OC0zNDM2M2JjN2M0YzAiOnsiY3JlYXRlIjoxMjAwMDAwMDAwMDAwLCJkZWxldGUiOjEyMDAwMDAwMDAwMDAsInVwZGF0ZSI6MTIwMDAwMDAwMDAwMH19",
          "dependencies": [
            "module.object-storage.oci_objectstorage_bucket.ewp_image_storage"
          ]
        },
        {
          "index_key": 72,
          "schema_version": 0,
          "attributes": {
            "bucket": "ewp_image_store",
            "cache_control": null,
            "content": null,
            "content_disposition": null,
            "content_encoding": null,
            "content_language": null,
            "content_length": "1721453",
            "content_md5": "+dHiu/foIT2xx1MTHlmOEg==",
            "content_type": "image/jpeg",
            "delete_all_object_versions": false,
            "id": "n/lr4poue3hwjl/b/ewp_image_store/o/weddings%2FBeth%20and%20Tom%2F13.jpg",
            "metadata": {},
            "namespace": "lr4poue3hwjl",
            "object": "weddings/Beth and Tom/13.jpg",
            "opc_sse_kms_key_id": null,
            "source": "../assets/weddings/Beth and Tom/13.jpg 2016-03-09 09:12:38 +0000 GMT",
            "source_uri_details": [],
            "state": "COMPLETED",
            "storage_tier": "Standard",
            "timeouts": null,
            "version_id": "8813fe63-7dd0-4029-8b52-3fe1909c0e09",
            "work_request_id": ""
          },
          "sensitive_attributes": [],
          "private": "eyJlMmJmYjczMC1lY2FhLTExZTYtOGY4OC0zNDM2M2JjN2M0YzAiOnsiY3JlYXRlIjoxMjAwMDAwMDAwMDAwLCJkZWxldGUiOjEyMDAwMDAwMDAwMDAsInVwZGF0ZSI6MTIwMDAwMDAwMDAwMH19",
          "dependencies": [
            "module.object-storage.oci_objectstorage_bucket.ewp_image_storage"
          ]
        },
        {
          "index_key": 73,
          "schema_version": 0,
          "attributes": {
            "bucket": "ewp_image_store",
            "cache_control": null,
            "content": null,
            "content_disposition": null,
            "content_encoding": null,
            "content_language": null,
            "content_length": "1255587",
            "content_md5": "lTJcBC3Gp/vSJy5naXC4/g==",
            "content_type": "image/jpeg",
            "delete_all_object_versions": false,
            "id": "n/lr4poue3hwjl/b/ewp_image_store/o/weddings%2FBeth%20and%20Tom%2F14.jpg",
            "metadata": {},
            "namespace": "lr4poue3hwjl",
            "object": "weddings/Beth and Tom/14.jpg",
            "opc_sse_kms_key_id": null,
            "source": "../assets/weddings/Beth and Tom/14.jpg 2016-03-09 09:12:44 +0000 GMT",
            "source_uri_details": [],
            "state": "COMPLETED",
            "storage_tier": "Standard",
            "timeouts": null,
            "version_id": "fd3bfe12-676a-4a2c-94d8-53fe642c9452",
            "work_request_id": ""
          },
          "sensitive_attributes": [],
          "private": "eyJlMmJmYjczMC1lY2FhLTExZTYtOGY4OC0zNDM2M2JjN2M0YzAiOnsiY3JlYXRlIjoxMjAwMDAwMDAwMDAwLCJkZWxldGUiOjEyMDAwMDAwMDAwMDAsInVwZGF0ZSI6MTIwMDAwMDAwMDAwMH19",
          "dependencies": [
            "module.object-storage.oci_objectstorage_bucket.ewp_image_storage"
          ]
        },
        {
          "index_key": 74,
          "schema_version": 0,
          "attributes": {
            "bucket": "ewp_image_store",
            "cache_control": null,
            "content": null,
            "content_disposition": null,
            "content_encoding": null,
            "content_language": null,
            "content_length": "543054",
            "content_md5": "CX0WBpdTORw8wEISYtrRdg==",
            "content_type": "image/jpeg",
            "delete_all_object_versions": false,
            "id": "n/lr4poue3hwjl/b/ewp_image_store/o/weddings%2FBeth%20and%20Tom%2F15.jpg",
            "metadata": {},
            "namespace": "lr4poue3hwjl",
            "object": "weddings/Beth and Tom/15.jpg",
            "opc_sse_kms_key_id": null,
            "source": "../assets/weddings/Beth and Tom/15.jpg 2016-03-09 09:12:49 +0000 GMT",
            "source_uri_details": [],
            "state": "COMPLETED",
            "storage_tier": "Standard",
            "timeouts": null,
            "version_id": "a43f1996-81b3-4d9e-bfcb-6b895ef0a36b",
            "work_request_id": ""
          },
          "sensitive_attributes": [],
          "private": "eyJlMmJmYjczMC1lY2FhLTExZTYtOGY4OC0zNDM2M2JjN2M0YzAiOnsiY3JlYXRlIjoxMjAwMDAwMDAwMDAwLCJkZWxldGUiOjEyMDAwMDAwMDAwMDAsInVwZGF0ZSI6MTIwMDAwMDAwMDAwMH19",
          "dependencies": [
            "module.object-storage.oci_objectstorage_bucket.ewp_image_storage"
          ]
        },
        {
          "index_key": 75,
          "schema_version": 0,
          "attributes": {
            "bucket": "ewp_image_store",
            "cache_control": null,
            "content": null,
            "content_disposition": null,
            "content_encoding": null,
            "content_language": null,
            "content_length": "1481846",
            "content_md5": "79TtD86CF/9keApZ1onMRQ==",
            "content_type": "image/jpeg",
            "delete_all_object_versions": false,
            "id": "n/lr4poue3hwjl/b/ewp_image_store/o/weddings%2FBeth%20and%20Tom%2F16.jpg",
            "metadata": {},
            "namespace": "lr4poue3hwjl",
            "object": "weddings/Beth and Tom/16.jpg",
            "opc_sse_kms_key_id": null,
            "source": "../assets/weddings/Beth and Tom/16.jpg 2016-03-09 09:12:55 +0000 GMT",
            "source_uri_details": [],
            "state": "COMPLETED",
            "storage_tier": "Standard",
            "timeouts": null,
            "version_id": "0eb9eb4f-27b0-40ab-9fa6-f1c2719928ee",
            "work_request_id": ""
          },
          "sensitive_attributes": [],
          "private": "eyJlMmJmYjczMC1lY2FhLTExZTYtOGY4OC0zNDM2M2JjN2M0YzAiOnsiY3JlYXRlIjoxMjAwMDAwMDAwMDAwLCJkZWxldGUiOjEyMDAwMDAwMDAwMDAsInVwZGF0ZSI6MTIwMDAwMDAwMDAwMH19",
          "dependencies": [
            "module.object-storage.oci_objectstorage_bucket.ewp_image_storage"
          ]
        },
        {
          "index_key": 76,
          "schema_version": 0,
          "attributes": {
            "bucket": "ewp_image_store",
            "cache_control": null,
            "content": null,
            "content_disposition": null,
            "content_encoding": null,
            "content_language": null,
            "content_length": "992427",
            "content_md5": "bnGf9vk1NTwZ/WpMIZ7Wzw==",
            "content_type": "image/jpeg",
            "delete_all_object_versions": false,
            "id": "n/lr4poue3hwjl/b/ewp_image_store/o/weddings%2FBeth%20and%20Tom%2F17.jpg",
            "metadata": {},
            "namespace": "lr4poue3hwjl",
            "object": "weddings/Beth and Tom/17.jpg",
            "opc_sse_kms_key_id": null,
            "source": "../assets/weddings/Beth and Tom/17.jpg 2016-03-09 09:13:01 +0000 GMT",
            "source_uri_details": [],
            "state": "COMPLETED",
            "storage_tier": "Standard",
            "timeouts": null,
            "version_id": "695468ac-3bcf-4924-8c6e-22fae5b2746b",
            "work_request_id": ""
          },
          "sensitive_attributes": [],
          "private": "eyJlMmJmYjczMC1lY2FhLTExZTYtOGY4OC0zNDM2M2JjN2M0YzAiOnsiY3JlYXRlIjoxMjAwMDAwMDAwMDAwLCJkZWxldGUiOjEyMDAwMDAwMDAwMDAsInVwZGF0ZSI6MTIwMDAwMDAwMDAwMH19",
          "dependencies": [
            "module.object-storage.oci_objectstorage_bucket.ewp_image_storage"
          ]
        },
        {
          "index_key": 77,
          "schema_version": 0,
          "attributes": {
            "bucket": "ewp_image_store",
            "cache_control": null,
            "content": null,
            "content_disposition": null,
            "content_encoding": null,
            "content_language": null,
            "content_length": "665783",
            "content_md5": "y7An1UYW3jLN6dvhYAS//Q==",
            "content_type": "image/jpeg",
            "delete_all_object_versions": false,
            "id": "n/lr4poue3hwjl/b/ewp_image_store/o/weddings%2FBeth%20and%20Tom%2F18.jpg",
            "metadata": {},
            "namespace": "lr4poue3hwjl",
            "object": "weddings/Beth and Tom/18.jpg",
            "opc_sse_kms_key_id": null,
            "source": "../assets/weddings/Beth and Tom/18.jpg 2016-03-09 09:13:07 +0000 GMT",
            "source_uri_details": [],
            "state": "COMPLETED",
            "storage_tier": "Standard",
            "timeouts": null,
            "version_id": "95251c40-743b-4962-ba3a-3d78eb442ab1",
            "work_request_id": ""
          },
          "sensitive_attributes": [],
          "private": "eyJlMmJmYjczMC1lY2FhLTExZTYtOGY4OC0zNDM2M2JjN2M0YzAiOnsiY3JlYXRlIjoxMjAwMDAwMDAwMDAwLCJkZWxldGUiOjEyMDAwMDAwMDAwMDAsInVwZGF0ZSI6MTIwMDAwMDAwMDAwMH19",
          "dependencies": [
            "module.object-storage.oci_objectstorage_bucket.ewp_image_storage"
          ]
        },
        {
          "index_key": 78,
          "schema_version": 0,
          "attributes": {
            "bucket": "ewp_image_store",
            "cache_control": null,
            "content": null,
            "content_disposition": null,
            "content_encoding": null,
            "content_language": null,
            "content_length": "1157680",
            "content_md5": "AfZFObVpKQuye5S482gvOg==",
            "content_type": "image/jpeg",
            "delete_all_object_versions": false,
            "id": "n/lr4poue3hwjl/b/ewp_image_store/o/weddings%2FBeth%20and%20Tom%2F19.jpg",
            "metadata": {},
            "namespace": "lr4poue3hwjl",
            "object": "weddings/Beth and Tom/19.jpg",
            "opc_sse_kms_key_id": null,
            "source": "../assets/weddings/Beth and Tom/19.jpg 2016-03-09 09:13:13 +0000 GMT",
            "source_uri_details": [],
            "state": "COMPLETED",
            "storage_tier": "Standard",
            "timeouts": null,
            "version_id": "e921b731-1bc0-4751-ac45-342e81e26279",
            "work_request_id": ""
          },
          "sensitive_attributes": [],
          "private": "eyJlMmJmYjczMC1lY2FhLTExZTYtOGY4OC0zNDM2M2JjN2M0YzAiOnsiY3JlYXRlIjoxMjAwMDAwMDAwMDAwLCJkZWxldGUiOjEyMDAwMDAwMDAwMDAsInVwZGF0ZSI6MTIwMDAwMDAwMDAwMH19",
          "dependencies": [
            "module.object-storage.oci_objectstorage_bucket.ewp_image_storage"
          ]
        },
        {
          "index_key": 79,
          "schema_version": 0,
          "attributes": {
            "bucket": "ewp_image_store",
            "cache_control": null,
            "content": null,
            "content_disposition": null,
            "content_encoding": null,
            "content_language": null,
            "content_length": "1590856",
            "content_md5": "KX/71aKIykWorSYKNfeNjQ==",
            "content_type": "image/jpeg",
            "delete_all_object_versions": false,
            "id": "n/lr4poue3hwjl/b/ewp_image_store/o/weddings%2FBeth%20and%20Tom%2F2.jpg",
            "metadata": {},
            "namespace": "lr4poue3hwjl",
            "object": "weddings/Beth and Tom/2.jpg",
            "opc_sse_kms_key_id": null,
            "source": "../assets/weddings/Beth and Tom/2.jpg 2016-03-09 09:10:59 +0000 GMT",
            "source_uri_details": [],
            "state": "COMPLETED",
            "storage_tier": "Standard",
            "timeouts": null,
            "version_id": "63ba3aa1-3941-477f-b1d6-7328c0eb8c74",
            "work_request_id": ""
          },
          "sensitive_attributes": [],
          "private": "eyJlMmJmYjczMC1lY2FhLTExZTYtOGY4OC0zNDM2M2JjN2M0YzAiOnsiY3JlYXRlIjoxMjAwMDAwMDAwMDAwLCJkZWxldGUiOjEyMDAwMDAwMDAwMDAsInVwZGF0ZSI6MTIwMDAwMDAwMDAwMH19",
          "dependencies": [
            "module.object-storage.oci_objectstorage_bucket.ewp_image_storage"
          ]
        },
        {
          "index_key": 80,
          "schema_version": 0,
          "attributes": {
            "bucket": "ewp_image_store",
            "cache_control": null,
            "content": null,
            "content_disposition": null,
            "content_encoding": null,
            "content_language": null,
            "content_length": "1285191",
            "content_md5": "TMBhnnlmodiIxqviDyFYlQ==",
            "content_type": "image/jpeg",
            "delete_all_object_versions": false,
            "id": "n/lr4poue3hwjl/b/ewp_image_store/o/weddings%2FBeth%20and%20Tom%2F20.jpg",
            "metadata": {},
            "namespace": "lr4poue3hwjl",
            "object": "weddings/Beth and Tom/20.jpg",
            "opc_sse_kms_key_id": null,
            "source": "../assets/weddings/Beth and Tom/20.jpg 2016-03-09 09:13:19 +0000 GMT",
            "source_uri_details": [],
            "state": "COMPLETED",
            "storage_tier": "Standard",
            "timeouts": null,
            "version_id": "7a344a42-6fd6-49c8-b480-51b5bfa841cc",
            "work_request_id": ""
          },
          "sensitive_attributes": [],
          "private": "eyJlMmJmYjczMC1lY2FhLTExZTYtOGY4OC0zNDM2M2JjN2M0YzAiOnsiY3JlYXRlIjoxMjAwMDAwMDAwMDAwLCJkZWxldGUiOjEyMDAwMDAwMDAwMDAsInVwZGF0ZSI6MTIwMDAwMDAwMDAwMH19",
          "dependencies": [
            "module.object-storage.oci_objectstorage_bucket.ewp_image_storage"
          ]
        },
        {
          "index_key": 81,
          "schema_version": 0,
          "attributes": {
            "bucket": "ewp_image_store",
            "cache_control": null,
            "content": null,
            "content_disposition": null,
            "content_encoding": null,
            "content_language": null,
            "content_length": "1325376",
            "content_md5": "qEAW4fqv6Uo178wEgW5uag==",
            "content_type": "image/jpeg",
            "delete_all_object_versions": false,
            "id": "n/lr4poue3hwjl/b/ewp_image_store/o/weddings%2FBeth%20and%20Tom%2F21.jpg",
            "metadata": {},
            "namespace": "lr4poue3hwjl",
            "object": "weddings/Beth and Tom/21.jpg",
            "opc_sse_kms_key_id": null,
            "source": "../assets/weddings/Beth and Tom/21.jpg 2016-03-09 09:13:25 +0000 GMT",
            "source_uri_details": [],
            "state": "COMPLETED",
            "storage_tier": "Standard",
            "timeouts": null,
            "version_id": "c9fb0640-d8e8-4ee0-9393-8eaafabda668",
            "work_request_id": ""
          },
          "sensitive_attributes": [],
          "private": "eyJlMmJmYjczMC1lY2FhLTExZTYtOGY4OC0zNDM2M2JjN2M0YzAiOnsiY3JlYXRlIjoxMjAwMDAwMDAwMDAwLCJkZWxldGUiOjEyMDAwMDAwMDAwMDAsInVwZGF0ZSI6MTIwMDAwMDAwMDAwMH19",
          "dependencies": [
            "module.object-storage.oci_objectstorage_bucket.ewp_image_storage"
          ]
        },
        {
          "index_key": 82,
          "schema_version": 0,
          "attributes": {
            "bucket": "ewp_image_store",
            "cache_control": null,
            "content": null,
            "content_disposition": null,
            "content_encoding": null,
            "content_language": null,
            "content_length": "953379",
            "content_md5": "dgPbAKh0iqVxK5bNWmermw==",
            "content_type": "image/jpeg",
            "delete_all_object_versions": false,
            "id": "n/lr4poue3hwjl/b/ewp_image_store/o/weddings%2FBeth%20and%20Tom%2F22.jpg",
            "metadata": {},
            "namespace": "lr4poue3hwjl",
            "object": "weddings/Beth and Tom/22.jpg",
            "opc_sse_kms_key_id": null,
            "source": "../assets/weddings/Beth and Tom/22.jpg 2016-03-09 09:13:31 +0000 GMT",
            "source_uri_details": [],
            "state": "COMPLETED",
            "storage_tier": "Standard",
            "timeouts": null,
            "version_id": "d7dba088-23e2-4bf1-9700-590be72b595c",
            "work_request_id": ""
          },
          "sensitive_attributes": [],
          "private": "eyJlMmJmYjczMC1lY2FhLTExZTYtOGY4OC0zNDM2M2JjN2M0YzAiOnsiY3JlYXRlIjoxMjAwMDAwMDAwMDAwLCJkZWxldGUiOjEyMDAwMDAwMDAwMDAsInVwZGF0ZSI6MTIwMDAwMDAwMDAwMH19",
          "dependencies": [
            "module.object-storage.oci_objectstorage_bucket.ewp_image_storage"
          ]
        },
        {
          "index_key": 83,
          "schema_version": 0,
          "attributes": {
            "bucket": "ewp_image_store",
            "cache_control": null,
            "content": null,
            "content_disposition": null,
            "content_encoding": null,
            "content_language": null,
            "content_length": "830741",
            "content_md5": "SNGGppolV1iO/72+0EPc5g==",
            "content_type": "image/jpeg",
            "delete_all_object_versions": false,
            "id": "n/lr4poue3hwjl/b/ewp_image_store/o/weddings%2FBeth%20and%20Tom%2F23.jpg",
            "metadata": {},
            "namespace": "lr4poue3hwjl",
            "object": "weddings/Beth and Tom/23.jpg",
            "opc_sse_kms_key_id": null,
            "source": "../assets/weddings/Beth and Tom/23.jpg 2016-03-09 09:13:37 +0000 GMT",
            "source_uri_details": [],
            "state": "COMPLETED",
            "storage_tier": "Standard",
            "timeouts": null,
            "version_id": "6791d751-bfbb-419a-a00f-da8d7476c8d9",
            "work_request_id": ""
          },
          "sensitive_attributes": [],
          "private": "eyJlMmJmYjczMC1lY2FhLTExZTYtOGY4OC0zNDM2M2JjN2M0YzAiOnsiY3JlYXRlIjoxMjAwMDAwMDAwMDAwLCJkZWxldGUiOjEyMDAwMDAwMDAwMDAsInVwZGF0ZSI6MTIwMDAwMDAwMDAwMH19",
          "dependencies": [
            "module.object-storage.oci_objectstorage_bucket.ewp_image_storage"
          ]
        },
        {
          "index_key": 84,
          "schema_version": 0,
          "attributes": {
            "bucket": "ewp_image_store",
            "cache_control": null,
            "content": null,
            "content_disposition": null,
            "content_encoding": null,
            "content_language": null,
            "content_length": "794650",
            "content_md5": "SMm5bms0X9oT9qKOFQuMmg==",
            "content_type": "image/jpeg",
            "delete_all_object_versions": false,
            "id": "n/lr4poue3hwjl/b/ewp_image_store/o/weddings%2FBeth%20and%20Tom%2F24.jpg",
            "metadata": {},
            "namespace": "lr4poue3hwjl",
            "object": "weddings/Beth and Tom/24.jpg",
            "opc_sse_kms_key_id": null,
            "source": "../assets/weddings/Beth and Tom/24.jpg 2016-03-09 09:13:53 +0000 GMT",
            "source_uri_details": [],
            "state": "COMPLETED",
            "storage_tier": "Standard",
            "timeouts": null,
            "version_id": "66e9f139-b781-41b7-9cbd-9b92e79fdf42",
            "work_request_id": ""
          },
          "sensitive_attributes": [],
          "private": "eyJlMmJmYjczMC1lY2FhLTExZTYtOGY4OC0zNDM2M2JjN2M0YzAiOnsiY3JlYXRlIjoxMjAwMDAwMDAwMDAwLCJkZWxldGUiOjEyMDAwMDAwMDAwMDAsInVwZGF0ZSI6MTIwMDAwMDAwMDAwMH19",
          "dependencies": [
            "module.object-storage.oci_objectstorage_bucket.ewp_image_storage"
          ]
        },
        {
          "index_key": 85,
          "schema_version": 0,
          "attributes": {
            "bucket": "ewp_image_store",
            "cache_control": null,
            "content": null,
            "content_disposition": null,
            "content_encoding": null,
            "content_language": null,
            "content_length": "607508",
            "content_md5": "IdWr+fQqfkpyQwPR+GuHfQ==",
            "content_type": "image/jpeg",
            "delete_all_object_versions": false,
            "id": "n/lr4poue3hwjl/b/ewp_image_store/o/weddings%2FBeth%20and%20Tom%2F25.jpg",
            "metadata": {},
            "namespace": "lr4poue3hwjl",
            "object": "weddings/Beth and Tom/25.jpg",
            "opc_sse_kms_key_id": null,
            "source": "../assets/weddings/Beth and Tom/25.jpg 2016-03-09 09:13:59 +0000 GMT",
            "source_uri_details": [],
            "state": "COMPLETED",
            "storage_tier": "Standard",
            "timeouts": null,
            "version_id": "5340ddb9-f5fe-4890-bcb4-5105f4b8a5e9",
            "work_request_id": ""
          },
          "sensitive_attributes": [],
          "private": "eyJlMmJmYjczMC1lY2FhLTExZTYtOGY4OC0zNDM2M2JjN2M0YzAiOnsiY3JlYXRlIjoxMjAwMDAwMDAwMDAwLCJkZWxldGUiOjEyMDAwMDAwMDAwMDAsInVwZGF0ZSI6MTIwMDAwMDAwMDAwMH19",
          "dependencies": [
            "module.object-storage.oci_objectstorage_bucket.ewp_image_storage"
          ]
        },
        {
          "index_key": 86,
          "schema_version": 0,
          "attributes": {
            "bucket": "ewp_image_store",
            "cache_control": null,
            "content": null,
            "content_disposition": null,
            "content_encoding": null,
            "content_language": null,
            "content_length": "365175",
            "content_md5": "CL3JBv4VMFbJQYCAC6hCig==",
            "content_type": "image/jpeg",
            "delete_all_object_versions": false,
            "id": "n/lr4poue3hwjl/b/ewp_image_store/o/weddings%2FBeth%20and%20Tom%2F26.jpg",
            "metadata": {},
            "namespace": "lr4poue3hwjl",
            "object": "weddings/Beth and Tom/26.jpg",
            "opc_sse_kms_key_id": null,
            "source": "../assets/weddings/Beth and Tom/26.jpg 2016-03-09 09:14:05 +0000 GMT",
            "source_uri_details": [],
            "state": "COMPLETED",
            "storage_tier": "Standard",
            "timeouts": null,
            "version_id": "c56a7988-a3c8-4e6a-9a7c-050c7d6008c1",
            "work_request_id": ""
          },
          "sensitive_attributes": [],
          "private": "eyJlMmJmYjczMC1lY2FhLTExZTYtOGY4OC0zNDM2M2JjN2M0YzAiOnsiY3JlYXRlIjoxMjAwMDAwMDAwMDAwLCJkZWxldGUiOjEyMDAwMDAwMDAwMDAsInVwZGF0ZSI6MTIwMDAwMDAwMDAwMH19",
          "dependencies": [
            "module.object-storage.oci_objectstorage_bucket.ewp_image_storage"
          ]
        },
        {
          "index_key": 87,
          "schema_version": 0,
          "attributes": {
            "bucket": "ewp_image_store",
            "cache_control": null,
            "content": null,
            "content_disposition": null,
            "content_encoding": null,
            "content_language": null,
            "content_length": "385038",
            "content_md5": "Bj4KPrGczCll8VrQrDScZw==",
            "content_type": "image/jpeg",
            "delete_all_object_versions": false,
            "id": "n/lr4poue3hwjl/b/ewp_image_store/o/weddings%2FBeth%20and%20Tom%2F27.jpg",
            "metadata": {},
            "namespace": "lr4poue3hwjl",
            "object": "weddings/Beth and Tom/27.jpg",
            "opc_sse_kms_key_id": null,
            "source": "../assets/weddings/Beth and Tom/27.jpg 2016-03-09 09:14:11 +0000 GMT",
            "source_uri_details": [],
            "state": "COMPLETED",
            "storage_tier": "Standard",
            "timeouts": null,
            "version_id": "c4b6a885-cf59-410d-a358-e68642cc863e",
            "work_request_id": ""
          },
          "sensitive_attributes": [],
          "private": "eyJlMmJmYjczMC1lY2FhLTExZTYtOGY4OC0zNDM2M2JjN2M0YzAiOnsiY3JlYXRlIjoxMjAwMDAwMDAwMDAwLCJkZWxldGUiOjEyMDAwMDAwMDAwMDAsInVwZGF0ZSI6MTIwMDAwMDAwMDAwMH19",
          "dependencies": [
            "module.object-storage.oci_objectstorage_bucket.ewp_image_storage"
          ]
        },
        {
          "index_key": 88,
          "schema_version": 0,
          "attributes": {
            "bucket": "ewp_image_store",
            "cache_control": null,
            "content": null,
            "content_disposition": null,
            "content_encoding": null,
            "content_language": null,
            "content_length": "438764",
            "content_md5": "NNrA8qg2PF7kKqOiTVQCtw==",
            "content_type": "image/jpeg",
            "delete_all_object_versions": false,
            "id": "n/lr4poue3hwjl/b/ewp_image_store/o/weddings%2FBeth%20and%20Tom%2F28.jpg",
            "metadata": {},
            "namespace": "lr4poue3hwjl",
            "object": "weddings/Beth and Tom/28.jpg",
            "opc_sse_kms_key_id": null,
            "source": "../assets/weddings/Beth and Tom/28.jpg 2016-03-09 09:14:22 +0000 GMT",
            "source_uri_details": [],
            "state": "COMPLETED",
            "storage_tier": "Standard",
            "timeouts": null,
            "version_id": "a043a2c6-d30d-473e-b02d-4505a2937bf9",
            "work_request_id": ""
          },
          "sensitive_attributes": [],
          "private": "eyJlMmJmYjczMC1lY2FhLTExZTYtOGY4OC0zNDM2M2JjN2M0YzAiOnsiY3JlYXRlIjoxMjAwMDAwMDAwMDAwLCJkZWxldGUiOjEyMDAwMDAwMDAwMDAsInVwZGF0ZSI6MTIwMDAwMDAwMDAwMH19",
          "dependencies": [
            "module.object-storage.oci_objectstorage_bucket.ewp_image_storage"
          ]
        },
        {
          "index_key": 89,
          "schema_version": 0,
          "attributes": {
            "bucket": "ewp_image_store",
            "cache_control": null,
            "content": null,
            "content_disposition": null,
            "content_encoding": null,
            "content_language": null,
            "content_length": "166078",
            "content_md5": "OsfHRBZO/1aZE5YbTlZmBg==",
            "content_type": "image/jpeg",
            "delete_all_object_versions": false,
            "id": "n/lr4poue3hwjl/b/ewp_image_store/o/weddings%2FBeth%20and%20Tom%2F29.jpg",
            "metadata": {},
            "namespace": "lr4poue3hwjl",
            "object": "weddings/Beth and Tom/29.jpg",
            "opc_sse_kms_key_id": null,
            "source": "../assets/weddings/Beth and Tom/29.jpg 2016-03-09 09:14:28 +0000 GMT",
            "source_uri_details": [],
            "state": "COMPLETED",
            "storage_tier": "Standard",
            "timeouts": null,
            "version_id": "163d3e53-d6f2-40c0-b52c-ad1a55c58ec0",
            "work_request_id": ""
          },
          "sensitive_attributes": [],
          "private": "eyJlMmJmYjczMC1lY2FhLTExZTYtOGY4OC0zNDM2M2JjN2M0YzAiOnsiY3JlYXRlIjoxMjAwMDAwMDAwMDAwLCJkZWxldGUiOjEyMDAwMDAwMDAwMDAsInVwZGF0ZSI6MTIwMDAwMDAwMDAwMH19",
          "dependencies": [
            "module.object-storage.oci_objectstorage_bucket.ewp_image_storage"
          ]
        },
        {
          "index_key": 90,
          "schema_version": 0,
          "attributes": {
            "bucket": "ewp_image_store",
            "cache_control": null,
            "content": null,
            "content_disposition": null,
            "content_encoding": null,
            "content_language": null,
            "content_length": "863850",
            "content_md5": "HDJ2jMBmpe6hkFBpUE/Giw==",
            "content_type": "image/jpeg",
            "delete_all_object_versions": false,
            "id": "n/lr4poue3hwjl/b/ewp_image_store/o/weddings%2FBeth%20and%20Tom%2F3.jpg",
            "metadata": {},
            "namespace": "lr4poue3hwjl",
            "object": "weddings/Beth and Tom/3.jpg",
            "opc_sse_kms_key_id": null,
            "source": "../assets/weddings/Beth and Tom/3.jpg 2016-03-09 09:11:35 +0000 GMT",
            "source_uri_details": [],
            "state": "COMPLETED",
            "storage_tier": "Standard",
            "timeouts": null,
            "version_id": "1114b342-7766-4489-ab80-4e6e3fa0962f",
            "work_request_id": ""
          },
          "sensitive_attributes": [],
          "private": "eyJlMmJmYjczMC1lY2FhLTExZTYtOGY4OC0zNDM2M2JjN2M0YzAiOnsiY3JlYXRlIjoxMjAwMDAwMDAwMDAwLCJkZWxldGUiOjEyMDAwMDAwMDAwMDAsInVwZGF0ZSI6MTIwMDAwMDAwMDAwMH19",
          "dependencies": [
            "module.object-storage.oci_objectstorage_bucket.ewp_image_storage"
          ]
        },
        {
          "index_key": 91,
          "schema_version": 0,
          "attributes": {
            "bucket": "ewp_image_store",
            "cache_control": null,
            "content": null,
            "content_disposition": null,
            "content_encoding": null,
            "content_language": null,
            "content_length": "380470",
            "content_md5": "4A7Y57QFbGk5QgMlf2c15w==",
            "content_type": "image/jpeg",
            "delete_all_object_versions": false,
            "id": "n/lr4poue3hwjl/b/ewp_image_store/o/weddings%2FBeth%20and%20Tom%2F30.jpg",
            "metadata": {},
            "namespace": "lr4poue3hwjl",
            "object": "weddings/Beth and Tom/30.jpg",
            "opc_sse_kms_key_id": null,
            "source": "../assets/weddings/Beth and Tom/30.jpg 2016-03-09 09:14:33 +0000 GMT",
            "source_uri_details": [],
            "state": "COMPLETED",
            "storage_tier": "Standard",
            "timeouts": null,
            "version_id": "e54c719b-89eb-4567-ba6a-f0da70624d11",
            "work_request_id": ""
          },
          "sensitive_attributes": [],
          "private": "eyJlMmJmYjczMC1lY2FhLTExZTYtOGY4OC0zNDM2M2JjN2M0YzAiOnsiY3JlYXRlIjoxMjAwMDAwMDAwMDAwLCJkZWxldGUiOjEyMDAwMDAwMDAwMDAsInVwZGF0ZSI6MTIwMDAwMDAwMDAwMH19",
          "dependencies": [
            "module.object-storage.oci_objectstorage_bucket.ewp_image_storage"
          ]
        },
        {
          "index_key": 92,
          "schema_version": 0,
          "attributes": {
            "bucket": "ewp_image_store",
            "cache_control": null,
            "content": null,
            "content_disposition": null,
            "content_encoding": null,
            "content_language": null,
            "content_length": "483411",
            "content_md5": "+EJcpaYUqXTH7s1Wiag2mA==",
            "content_type": "image/jpeg",
            "delete_all_object_versions": false,
            "id": "n/lr4poue3hwjl/b/ewp_image_store/o/weddings%2FBeth%20and%20Tom%2F31.jpg",
            "metadata": {},
            "namespace": "lr4poue3hwjl",
            "object": "weddings/Beth and Tom/31.jpg",
            "opc_sse_kms_key_id": null,
            "source": "../assets/weddings/Beth and Tom/31.jpg 2016-03-09 09:14:38 +0000 GMT",
            "source_uri_details": [],
            "state": "COMPLETED",
            "storage_tier": "Standard",
            "timeouts": null,
            "version_id": "2e61394a-1f9c-4ac3-b0d4-c0fd26783bf3",
            "work_request_id": ""
          },
          "sensitive_attributes": [],
          "private": "eyJlMmJmYjczMC1lY2FhLTExZTYtOGY4OC0zNDM2M2JjN2M0YzAiOnsiY3JlYXRlIjoxMjAwMDAwMDAwMDAwLCJkZWxldGUiOjEyMDAwMDAwMDAwMDAsInVwZGF0ZSI6MTIwMDAwMDAwMDAwMH19",
          "dependencies": [
            "module.object-storage.oci_objectstorage_bucket.ewp_image_storage"
          ]
        },
        {
          "index_key": 93,
          "schema_version": 0,
          "attributes": {
            "bucket": "ewp_image_store",
            "cache_control": null,
            "content": null,
            "content_disposition": null,
            "content_encoding": null,
            "content_language": null,
            "content_length": "904851",
            "content_md5": "cCL4EhoqJprvNkrQ37LkOQ==",
            "content_type": "image/jpeg",
            "delete_all_object_versions": false,
            "id": "n/lr4poue3hwjl/b/ewp_image_store/o/weddings%2FBeth%20and%20Tom%2F32.jpg",
            "metadata": {},
            "namespace": "lr4poue3hwjl",
            "object": "weddings/Beth and Tom/32.jpg",
            "opc_sse_kms_key_id": null,
            "source": "../assets/weddings/Beth and Tom/32.jpg 2016-03-09 09:14:44 +0000 GMT",
            "source_uri_details": [],
            "state": "COMPLETED",
            "storage_tier": "Standard",
            "timeouts": null,
            "version_id": "e7068488-403e-4166-8303-458db78d358c",
            "work_request_id": ""
          },
          "sensitive_attributes": [],
          "private": "eyJlMmJmYjczMC1lY2FhLTExZTYtOGY4OC0zNDM2M2JjN2M0YzAiOnsiY3JlYXRlIjoxMjAwMDAwMDAwMDAwLCJkZWxldGUiOjEyMDAwMDAwMDAwMDAsInVwZGF0ZSI6MTIwMDAwMDAwMDAwMH19",
          "dependencies": [
            "module.object-storage.oci_objectstorage_bucket.ewp_image_storage"
          ]
        },
        {
          "index_key": 94,
          "schema_version": 0,
          "attributes": {
            "bucket": "ewp_image_store",
            "cache_control": null,
            "content": null,
            "content_disposition": null,
            "content_encoding": null,
            "content_language": null,
            "content_length": "489482",
            "content_md5": "2PApPZ7TPbGn14gMAEdH3g==",
            "content_type": "image/jpeg",
            "delete_all_object_versions": false,
            "id": "n/lr4poue3hwjl/b/ewp_image_store/o/weddings%2FBeth%20and%20Tom%2F33.jpg",
            "metadata": {},
            "namespace": "lr4poue3hwjl",
            "object": "weddings/Beth and Tom/33.jpg",
            "opc_sse_kms_key_id": null,
            "source": "../assets/weddings/Beth and Tom/33.jpg 2016-03-09 09:14:50 +0000 GMT",
            "source_uri_details": [],
            "state": "COMPLETED",
            "storage_tier": "Standard",
            "timeouts": null,
            "version_id": "b000ec22-2ac2-4b4f-8582-36285b9c5037",
            "work_request_id": ""
          },
          "sensitive_attributes": [],
          "private": "eyJlMmJmYjczMC1lY2FhLTExZTYtOGY4OC0zNDM2M2JjN2M0YzAiOnsiY3JlYXRlIjoxMjAwMDAwMDAwMDAwLCJkZWxldGUiOjEyMDAwMDAwMDAwMDAsInVwZGF0ZSI6MTIwMDAwMDAwMDAwMH19",
          "dependencies": [
            "module.object-storage.oci_objectstorage_bucket.ewp_image_storage"
          ]
        },
        {
          "index_key": 95,
          "schema_version": 0,
          "attributes": {
            "bucket": "ewp_image_store",
            "cache_control": null,
            "content": null,
            "content_disposition": null,
            "content_encoding": null,
            "content_language": null,
            "content_length": "1014293",
            "content_md5": "rqyJOVnF1mwYx5+8YVKz2g==",
            "content_type": "image/jpeg",
            "delete_all_object_versions": false,
            "id": "n/lr4poue3hwjl/b/ewp_image_store/o/weddings%2FBeth%20and%20Tom%2F34.jpg",
            "metadata": {},
            "namespace": "lr4poue3hwjl",
            "object": "weddings/Beth and Tom/34.jpg",
            "opc_sse_kms_key_id": null,
            "source": "../assets/weddings/Beth and Tom/34.jpg 2016-03-09 09:14:56 +0000 GMT",
            "source_uri_details": [],
            "state": "COMPLETED",
            "storage_tier": "Standard",
            "timeouts": null,
            "version_id": "3fab37b6-3d1c-4ce8-9a76-ed392d451f32",
            "work_request_id": ""
          },
          "sensitive_attributes": [],
          "private": "eyJlMmJmYjczMC1lY2FhLTExZTYtOGY4OC0zNDM2M2JjN2M0YzAiOnsiY3JlYXRlIjoxMjAwMDAwMDAwMDAwLCJkZWxldGUiOjEyMDAwMDAwMDAwMDAsInVwZGF0ZSI6MTIwMDAwMDAwMDAwMH19",
          "dependencies": [
            "module.object-storage.oci_objectstorage_bucket.ewp_image_storage"
          ]
        },
        {
          "index_key": 96,
          "schema_version": 0,
          "attributes": {
            "bucket": "ewp_image_store",
            "cache_control": null,
            "content": null,
            "content_disposition": null,
            "content_encoding": null,
            "content_language": null,
            "content_length": "685838",
            "content_md5": "l0K36JAZIFECiaeV1hhapg==",
            "content_type": "image/jpeg",
            "delete_all_object_versions": false,
            "id": "n/lr4poue3hwjl/b/ewp_image_store/o/weddings%2FBeth%20and%20Tom%2F35.jpg",
            "metadata": {},
            "namespace": "lr4poue3hwjl",
            "object": "weddings/Beth and Tom/35.jpg",
            "opc_sse_kms_key_id": null,
            "source": "../assets/weddings/Beth and Tom/35.jpg 2016-03-09 09:15:02 +0000 GMT",
            "source_uri_details": [],
            "state": "COMPLETED",
            "storage_tier": "Standard",
            "timeouts": null,
            "version_id": "7ce22cab-4f37-4800-93cf-898248e883de",
            "work_request_id": ""
          },
          "sensitive_attributes": [],
          "private": "eyJlMmJmYjczMC1lY2FhLTExZTYtOGY4OC0zNDM2M2JjN2M0YzAiOnsiY3JlYXRlIjoxMjAwMDAwMDAwMDAwLCJkZWxldGUiOjEyMDAwMDAwMDAwMDAsInVwZGF0ZSI6MTIwMDAwMDAwMDAwMH19",
          "dependencies": [
            "module.object-storage.oci_objectstorage_bucket.ewp_image_storage"
          ]
        },
        {
          "index_key": 97,
          "schema_version": 0,
          "attributes": {
            "bucket": "ewp_image_store",
            "cache_control": null,
            "content": null,
            "content_disposition": null,
            "content_encoding": null,
            "content_language": null,
            "content_length": "482854",
            "content_md5": "5SGo4HO4lAh3yHOH2hJKPQ==",
            "content_type": "image/jpeg",
            "delete_all_object_versions": false,
            "id": "n/lr4poue3hwjl/b/ewp_image_store/o/weddings%2FBeth%20and%20Tom%2F36.jpg",
            "metadata": {},
            "namespace": "lr4poue3hwjl",
            "object": "weddings/Beth and Tom/36.jpg",
            "opc_sse_kms_key_id": null,
            "source": "../assets/weddings/Beth and Tom/36.jpg 2016-03-09 09:15:07 +0000 GMT",
            "source_uri_details": [],
            "state": "COMPLETED",
            "storage_tier": "Standard",
            "timeouts": null,
            "version_id": "771b04a8-f590-4016-b967-329055f112bb",
            "work_request_id": ""
          },
          "sensitive_attributes": [],
          "private": "eyJlMmJmYjczMC1lY2FhLTExZTYtOGY4OC0zNDM2M2JjN2M0YzAiOnsiY3JlYXRlIjoxMjAwMDAwMDAwMDAwLCJkZWxldGUiOjEyMDAwMDAwMDAwMDAsInVwZGF0ZSI6MTIwMDAwMDAwMDAwMH19",
          "dependencies": [
            "module.object-storage.oci_objectstorage_bucket.ewp_image_storage"
          ]
        },
        {
          "index_key": 98,
          "schema_version": 0,
          "attributes": {
            "bucket": "ewp_image_store",
            "cache_control": null,
            "content": null,
            "content_disposition": null,
            "content_encoding": null,
            "content_language": null,
            "content_length": "698999",
            "content_md5": "nHh4CTPCLgzpGZ3bb2AK9A==",
            "content_type": "image/jpeg",
            "delete_all_object_versions": false,
            "id": "n/lr4poue3hwjl/b/ewp_image_store/o/weddings%2FBeth%20and%20Tom%2F37.jpg",
            "metadata": {},
            "namespace": "lr4poue3hwjl",
            "object": "weddings/Beth and Tom/37.jpg",
            "opc_sse_kms_key_id": null,
            "source": "../assets/weddings/Beth and Tom/37.jpg 2016-03-09 09:15:14 +0000 GMT",
            "source_uri_details": [],
            "state": "COMPLETED",
            "storage_tier": "Standard",
            "timeouts": null,
            "version_id": "5b959e39-e7aa-469f-91b0-6debd363edd1",
            "work_request_id": ""
          },
          "sensitive_attributes": [],
          "private": "eyJlMmJmYjczMC1lY2FhLTExZTYtOGY4OC0zNDM2M2JjN2M0YzAiOnsiY3JlYXRlIjoxMjAwMDAwMDAwMDAwLCJkZWxldGUiOjEyMDAwMDAwMDAwMDAsInVwZGF0ZSI6MTIwMDAwMDAwMDAwMH19",
          "dependencies": [
            "module.object-storage.oci_objectstorage_bucket.ewp_image_storage"
          ]
        },
        {
          "index_key": 99,
          "schema_version": 0,
          "attributes": {
            "bucket": "ewp_image_store",
            "cache_control": null,
            "content": null,
            "content_disposition": null,
            "content_encoding": null,
            "content_language": null,
            "content_length": "687082",
            "content_md5": "dGQIMDWilajQfCGOxLCE7w==",
            "content_type": "image/jpeg",
            "delete_all_object_versions": false,
            "id": "n/lr4poue3hwjl/b/ewp_image_store/o/weddings%2FBeth%20and%20Tom%2F38.jpg",
            "metadata": {},
            "namespace": "lr4poue3hwjl",
            "object": "weddings/Beth and Tom/38.jpg",
            "opc_sse_kms_key_id": null,
            "source": "../assets/weddings/Beth and Tom/38.jpg 2016-03-09 09:15:23 +0000 GMT",
            "source_uri_details": [],
            "state": "COMPLETED",
            "storage_tier": "Standard",
            "timeouts": null,
            "version_id": "cf280db4-ea50-46bb-a83c-752ca91b6393",
            "work_request_id": ""
          },
          "sensitive_attributes": [],
          "private": "eyJlMmJmYjczMC1lY2FhLTExZTYtOGY4OC0zNDM2M2JjN2M0YzAiOnsiY3JlYXRlIjoxMjAwMDAwMDAwMDAwLCJkZWxldGUiOjEyMDAwMDAwMDAwMDAsInVwZGF0ZSI6MTIwMDAwMDAwMDAwMH19",
          "dependencies": [
            "module.object-storage.oci_objectstorage_bucket.ewp_image_storage"
          ]
        },
        {
          "index_key": 100,
          "schema_version": 0,
          "attributes": {
            "bucket": "ewp_image_store",
            "cache_control": null,
            "content": null,
            "content_disposition": null,
            "content_encoding": null,
            "content_language": null,
            "content_length": "1066211",
            "content_md5": "RKlXOqmqEuRJqBPobVj1ow==",
            "content_type": "image/jpeg",
            "delete_all_object_versions": false,
            "id": "n/lr4poue3hwjl/b/ewp_image_store/o/weddings%2FBeth%20and%20Tom%2F39.jpg",
            "metadata": {},
            "namespace": "lr4poue3hwjl",
            "object": "weddings/Beth and Tom/39.jpg",
            "opc_sse_kms_key_id": null,
            "source": "../assets/weddings/Beth and Tom/39.jpg 2016-03-09 09:15:30 +0000 GMT",
            "source_uri_details": [],
            "state": "COMPLETED",
            "storage_tier": "Standard",
            "timeouts": null,
            "version_id": "ee4474b1-4ef5-4180-8723-8ddb0e024541",
            "work_request_id": ""
          },
          "sensitive_attributes": [],
          "private": "eyJlMmJmYjczMC1lY2FhLTExZTYtOGY4OC0zNDM2M2JjN2M0YzAiOnsiY3JlYXRlIjoxMjAwMDAwMDAwMDAwLCJkZWxldGUiOjEyMDAwMDAwMDAwMDAsInVwZGF0ZSI6MTIwMDAwMDAwMDAwMH19",
          "dependencies": [
            "module.object-storage.oci_objectstorage_bucket.ewp_image_storage"
          ]
        },
        {
          "index_key": 101,
          "schema_version": 0,
          "attributes": {
            "bucket": "ewp_image_store",
            "cache_control": null,
            "content": null,
            "content_disposition": null,
            "content_encoding": null,
            "content_language": null,
            "content_length": "1408755",
            "content_md5": "8Ka1iYVRWF6PmZUW2gyaOA==",
            "content_type": "image/jpeg",
            "delete_all_object_versions": false,
            "id": "n/lr4poue3hwjl/b/ewp_image_store/o/weddings%2FBeth%20and%20Tom%2F4.jpg",
            "metadata": {},
            "namespace": "lr4poue3hwjl",
            "object": "weddings/Beth and Tom/4.jpg",
            "opc_sse_kms_key_id": null,
            "source": "../assets/weddings/Beth and Tom/4.jpg 2016-03-09 09:11:42 +0000 GMT",
            "source_uri_details": [],
            "state": "COMPLETED",
            "storage_tier": "Standard",
            "timeouts": null,
            "version_id": "e34cc62c-8b97-4337-aa7a-0ef513a84740",
            "work_request_id": ""
          },
          "sensitive_attributes": [],
          "private": "eyJlMmJmYjczMC1lY2FhLTExZTYtOGY4OC0zNDM2M2JjN2M0YzAiOnsiY3JlYXRlIjoxMjAwMDAwMDAwMDAwLCJkZWxldGUiOjEyMDAwMDAwMDAwMDAsInVwZGF0ZSI6MTIwMDAwMDAwMDAwMH19",
          "dependencies": [
            "module.object-storage.oci_objectstorage_bucket.ewp_image_storage"
          ]
        },
        {
          "index_key": 102,
          "schema_version": 0,
          "attributes": {
            "bucket": "ewp_image_store",
            "cache_control": null,
            "content": null,
            "content_disposition": null,
            "content_encoding": null,
            "content_language": null,
            "content_length": "330202",
            "content_md5": "5ZWRpY9JwQmIq3b+4/JE9w==",
            "content_type": "image/jpeg",
            "delete_all_object_versions": false,
            "id": "n/lr4poue3hwjl/b/ewp_image_store/o/weddings%2FBeth%20and%20Tom%2F40.jpg",
            "metadata": {},
            "namespace": "lr4poue3hwjl",
            "object": "weddings/Beth and Tom/40.jpg",
            "opc_sse_kms_key_id": null,
            "source": "../assets/weddings/Beth and Tom/40.jpg 2016-03-09 09:15:35 +0000 GMT",
            "source_uri_details": [],
            "state": "COMPLETED",
            "storage_tier": "Standard",
            "timeouts": null,
            "version_id": "b2259322-55af-4ed2-8937-b8c5bbdd10d4",
            "work_request_id": ""
          },
          "sensitive_attributes": [],
          "private": "eyJlMmJmYjczMC1lY2FhLTExZTYtOGY4OC0zNDM2M2JjN2M0YzAiOnsiY3JlYXRlIjoxMjAwMDAwMDAwMDAwLCJkZWxldGUiOjEyMDAwMDAwMDAwMDAsInVwZGF0ZSI6MTIwMDAwMDAwMDAwMH19",
          "dependencies": [
            "module.object-storage.oci_objectstorage_bucket.ewp_image_storage"
          ]
        },
        {
          "index_key": 103,
          "schema_version": 0,
          "attributes": {
            "bucket": "ewp_image_store",
            "cache_control": null,
            "content": null,
            "content_disposition": null,
            "content_encoding": null,
            "content_language": null,
            "content_length": "709812",
            "content_md5": "5+pYjVXfjTVRPOABDqhxhg==",
            "content_type": "image/jpeg",
            "delete_all_object_versions": false,
            "id": "n/lr4poue3hwjl/b/ewp_image_store/o/weddings%2FBeth%20and%20Tom%2F41.jpg",
            "metadata": {},
            "namespace": "lr4poue3hwjl",
            "object": "weddings/Beth and Tom/41.jpg",
            "opc_sse_kms_key_id": null,
            "source": "../assets/weddings/Beth and Tom/41.jpg 2016-03-09 09:15:41 +0000 GMT",
            "source_uri_details": [],
            "state": "COMPLETED",
            "storage_tier": "Standard",
            "timeouts": null,
            "version_id": "118ad6e4-e993-4621-b9aa-0848be52c01c",
            "work_request_id": ""
          },
          "sensitive_attributes": [],
          "private": "eyJlMmJmYjczMC1lY2FhLTExZTYtOGY4OC0zNDM2M2JjN2M0YzAiOnsiY3JlYXRlIjoxMjAwMDAwMDAwMDAwLCJkZWxldGUiOjEyMDAwMDAwMDAwMDAsInVwZGF0ZSI6MTIwMDAwMDAwMDAwMH19",
          "dependencies": [
            "module.object-storage.oci_objectstorage_bucket.ewp_image_storage"
          ]
        },
        {
          "index_key": 104,
          "schema_version": 0,
          "attributes": {
            "bucket": "ewp_image_store",
            "cache_control": null,
            "content": null,
            "content_disposition": null,
            "content_encoding": null,
            "content_language": null,
            "content_length": "908789",
            "content_md5": "aIY3HhVsxmW4jPp35JMlIg==",
            "content_type": "image/jpeg",
            "delete_all_object_versions": false,
            "id": "n/lr4poue3hwjl/b/ewp_image_store/o/weddings%2FBeth%20and%20Tom%2F42.jpg",
            "metadata": {},
            "namespace": "lr4poue3hwjl",
            "object": "weddings/Beth and Tom/42.jpg",
            "opc_sse_kms_key_id": null,
            "source": "../assets/weddings/Beth and Tom/42.jpg 2016-03-09 09:15:48 +0000 GMT",
            "source_uri_details": [],
            "state": "COMPLETED",
            "storage_tier": "Standard",
            "timeouts": null,
            "version_id": "daf545d9-23d8-423e-8864-b33a2a0ac22c",
            "work_request_id": ""
          },
          "sensitive_attributes": [],
          "private": "eyJlMmJmYjczMC1lY2FhLTExZTYtOGY4OC0zNDM2M2JjN2M0YzAiOnsiY3JlYXRlIjoxMjAwMDAwMDAwMDAwLCJkZWxldGUiOjEyMDAwMDAwMDAwMDAsInVwZGF0ZSI6MTIwMDAwMDAwMDAwMH19",
          "dependencies": [
            "module.object-storage.oci_objectstorage_bucket.ewp_image_storage"
          ]
        },
        {
          "index_key": 105,
          "schema_version": 0,
          "attributes": {
            "bucket": "ewp_image_store",
            "cache_control": null,
            "content": null,
            "content_disposition": null,
            "content_encoding": null,
            "content_language": null,
            "content_length": "819725",
            "content_md5": "09eLTs1jFMqjSFa0aUOgXg==",
            "content_type": "image/jpeg",
            "delete_all_object_versions": false,
            "id": "n/lr4poue3hwjl/b/ewp_image_store/o/weddings%2FBeth%20and%20Tom%2F43.jpg",
            "metadata": {},
            "namespace": "lr4poue3hwjl",
            "object": "weddings/Beth and Tom/43.jpg",
            "opc_sse_kms_key_id": null,
            "source": "../assets/weddings/Beth and Tom/43.jpg 2016-03-09 09:15:54 +0000 GMT",
            "source_uri_details": [],
            "state": "COMPLETED",
            "storage_tier": "Standard",
            "timeouts": null,
            "version_id": "63aaae34-fa13-4c0c-8927-ea7ca8dc39bb",
            "work_request_id": ""
          },
          "sensitive_attributes": [],
          "private": "eyJlMmJmYjczMC1lY2FhLTExZTYtOGY4OC0zNDM2M2JjN2M0YzAiOnsiY3JlYXRlIjoxMjAwMDAwMDAwMDAwLCJkZWxldGUiOjEyMDAwMDAwMDAwMDAsInVwZGF0ZSI6MTIwMDAwMDAwMDAwMH19",
          "dependencies": [
            "module.object-storage.oci_objectstorage_bucket.ewp_image_storage"
          ]
        },
        {
          "index_key": 106,
          "schema_version": 0,
          "attributes": {
            "bucket": "ewp_image_store",
            "cache_control": null,
            "content": null,
            "content_disposition": null,
            "content_encoding": null,
            "content_language": null,
            "content_length": "786628",
            "content_md5": "vHOUEYyXGxuYWcFXs0HPFg==",
            "content_type": "image/jpeg",
            "delete_all_object_versions": false,
            "id": "n/lr4poue3hwjl/b/ewp_image_store/o/weddings%2FBeth%20and%20Tom%2F44.jpg",
            "metadata": {},
            "namespace": "lr4poue3hwjl",
            "object": "weddings/Beth and Tom/44.jpg",
            "opc_sse_kms_key_id": null,
            "source": "../assets/weddings/Beth and Tom/44.jpg 2016-03-09 09:16:00 +0000 GMT",
            "source_uri_details": [],
            "state": "COMPLETED",
            "storage_tier": "Standard",
            "timeouts": null,
            "version_id": "d61ec2d6-6fb7-4194-89df-65f357f44f2c",
            "work_request_id": ""
          },
          "sensitive_attributes": [],
          "private": "eyJlMmJmYjczMC1lY2FhLTExZTYtOGY4OC0zNDM2M2JjN2M0YzAiOnsiY3JlYXRlIjoxMjAwMDAwMDAwMDAwLCJkZWxldGUiOjEyMDAwMDAwMDAwMDAsInVwZGF0ZSI6MTIwMDAwMDAwMDAwMH19",
          "dependencies": [
            "module.object-storage.oci_objectstorage_bucket.ewp_image_storage"
          ]
        },
        {
          "index_key": 107,
          "schema_version": 0,
          "attributes": {
            "bucket": "ewp_image_store",
            "cache_control": null,
            "content": null,
            "content_disposition": null,
            "content_encoding": null,
            "content_language": null,
            "content_length": "1947127",
            "content_md5": "Etbe7J0qMUE9/+2N2FVUhg==",
            "content_type": "image/jpeg",
            "delete_all_object_versions": false,
            "id": "n/lr4poue3hwjl/b/ewp_image_store/o/weddings%2FBeth%20and%20Tom%2F45.jpg",
            "metadata": {},
            "namespace": "lr4poue3hwjl",
            "object": "weddings/Beth and Tom/45.jpg",
            "opc_sse_kms_key_id": null,
            "source": "../assets/weddings/Beth and Tom/45.jpg 2016-03-09 09:16:06 +0000 GMT",
            "source_uri_details": [],
            "state": "COMPLETED",
            "storage_tier": "Standard",
            "timeouts": null,
            "version_id": "facbccc2-484c-48ca-990e-3ef9880e783b",
            "work_request_id": ""
          },
          "sensitive_attributes": [],
          "private": "eyJlMmJmYjczMC1lY2FhLTExZTYtOGY4OC0zNDM2M2JjN2M0YzAiOnsiY3JlYXRlIjoxMjAwMDAwMDAwMDAwLCJkZWxldGUiOjEyMDAwMDAwMDAwMDAsInVwZGF0ZSI6MTIwMDAwMDAwMDAwMH19",
          "dependencies": [
            "module.object-storage.oci_objectstorage_bucket.ewp_image_storage"
          ]
        },
        {
          "index_key": 108,
          "schema_version": 0,
          "attributes": {
            "bucket": "ewp_image_store",
            "cache_control": null,
            "content": null,
            "content_disposition": null,
            "content_encoding": null,
            "content_language": null,
            "content_length": "1374887",
            "content_md5": "Igoew/26nQg8kEWoGbcN5g==",
            "content_type": "image/jpeg",
            "delete_all_object_versions": false,
            "id": "n/lr4poue3hwjl/b/ewp_image_store/o/weddings%2FBeth%20and%20Tom%2F46.jpg",
            "metadata": {},
            "namespace": "lr4poue3hwjl",
            "object": "weddings/Beth and Tom/46.jpg",
            "opc_sse_kms_key_id": null,
            "source": "../assets/weddings/Beth and Tom/46.jpg 2016-03-09 09:16:12 +0000 GMT",
            "source_uri_details": [],
            "state": "COMPLETED",
            "storage_tier": "Standard",
            "timeouts": null,
            "version_id": "5dc6ba3d-7a5e-4b68-a9a4-55b07737c3bf",
            "work_request_id": ""
          },
          "sensitive_attributes": [],
          "private": "eyJlMmJmYjczMC1lY2FhLTExZTYtOGY4OC0zNDM2M2JjN2M0YzAiOnsiY3JlYXRlIjoxMjAwMDAwMDAwMDAwLCJkZWxldGUiOjEyMDAwMDAwMDAwMDAsInVwZGF0ZSI6MTIwMDAwMDAwMDAwMH19",
          "dependencies": [
            "module.object-storage.oci_objectstorage_bucket.ewp_image_storage"
          ]
        },
        {
          "index_key": 109,
          "schema_version": 0,
          "attributes": {
            "bucket": "ewp_image_store",
            "cache_control": null,
            "content": null,
            "content_disposition": null,
            "content_encoding": null,
            "content_language": null,
            "content_length": "1334293",
            "content_md5": "x5rXZu9k3mivKfIcwXxOYg==",
            "content_type": "image/jpeg",
            "delete_all_object_versions": false,
            "id": "n/lr4poue3hwjl/b/ewp_image_store/o/weddings%2FBeth%20and%20Tom%2F47.jpg",
            "metadata": {},
            "namespace": "lr4poue3hwjl",
            "object": "weddings/Beth and Tom/47.jpg",
            "opc_sse_kms_key_id": null,
            "source": "../assets/weddings/Beth and Tom/47.jpg 2016-03-09 09:16:18 +0000 GMT",
            "source_uri_details": [],
            "state": "COMPLETED",
            "storage_tier": "Standard",
            "timeouts": null,
            "version_id": "8e5ec9a7-1423-4e99-868d-e7d700012b30",
            "work_request_id": ""
          },
          "sensitive_attributes": [],
          "private": "eyJlMmJmYjczMC1lY2FhLTExZTYtOGY4OC0zNDM2M2JjN2M0YzAiOnsiY3JlYXRlIjoxMjAwMDAwMDAwMDAwLCJkZWxldGUiOjEyMDAwMDAwMDAwMDAsInVwZGF0ZSI6MTIwMDAwMDAwMDAwMH19",
          "dependencies": [
            "module.object-storage.oci_objectstorage_bucket.ewp_image_storage"
          ]
        },
        {
          "index_key": 110,
          "schema_version": 0,
          "attributes": {
            "bucket": "ewp_image_store",
            "cache_control": null,
            "content": null,
            "content_disposition": null,
            "content_encoding": null,
            "content_language": null,
            "content_length": "1089817",
            "content_md5": "ibQLEiPI0uWOK1wiXwxUkQ==",
            "content_type": "image/jpeg",
            "delete_all_object_versions": false,
            "id": "n/lr4poue3hwjl/b/ewp_image_store/o/weddings%2FBeth%20and%20Tom%2F48.jpg",
            "metadata": {},
            "namespace": "lr4poue3hwjl",
            "object": "weddings/Beth and Tom/48.jpg",
            "opc_sse_kms_key_id": null,
            "source": "../assets/weddings/Beth and Tom/48.jpg 2016-03-09 09:16:25 +0000 GMT",
            "source_uri_details": [],
            "state": "COMPLETED",
            "storage_tier": "Standard",
            "timeouts": null,
            "version_id": "80007e0d-b50a-41a9-a3c4-f71afda07f90",
            "work_request_id": ""
          },
          "sensitive_attributes": [],
          "private": "eyJlMmJmYjczMC1lY2FhLTExZTYtOGY4OC0zNDM2M2JjN2M0YzAiOnsiY3JlYXRlIjoxMjAwMDAwMDAwMDAwLCJkZWxldGUiOjEyMDAwMDAwMDAwMDAsInVwZGF0ZSI6MTIwMDAwMDAwMDAwMH19",
          "dependencies": [
            "module.object-storage.oci_objectstorage_bucket.ewp_image_storage"
          ]
        },
        {
          "index_key": 111,
          "schema_version": 0,
          "attributes": {
            "bucket": "ewp_image_store",
            "cache_control": null,
            "content": null,
            "content_disposition": null,
            "content_encoding": null,
            "content_language": null,
            "content_length": "1319237",
            "content_md5": "Buu02iaqQ71mJhJHuBko6w==",
            "content_type": "image/jpeg",
            "delete_all_object_versions": false,
            "id": "n/lr4poue3hwjl/b/ewp_image_store/o/weddings%2FBeth%20and%20Tom%2F49.jpg",
            "metadata": {},
            "namespace": "lr4poue3hwjl",
            "object": "weddings/Beth and Tom/49.jpg",
            "opc_sse_kms_key_id": null,
            "source": "../assets/weddings/Beth and Tom/49.jpg 2016-03-09 09:16:30 +0000 GMT",
            "source_uri_details": [],
            "state": "COMPLETED",
            "storage_tier": "Standard",
            "timeouts": null,
            "version_id": "c5624dc3-4a97-480c-a30d-f69fd738023f",
            "work_request_id": ""
          },
          "sensitive_attributes": [],
          "private": "eyJlMmJmYjczMC1lY2FhLTExZTYtOGY4OC0zNDM2M2JjN2M0YzAiOnsiY3JlYXRlIjoxMjAwMDAwMDAwMDAwLCJkZWxldGUiOjEyMDAwMDAwMDAwMDAsInVwZGF0ZSI6MTIwMDAwMDAwMDAwMH19",
          "dependencies": [
            "module.object-storage.oci_objectstorage_bucket.ewp_image_storage"
          ]
        },
        {
          "index_key": 112,
          "schema_version": 0,
          "attributes": {
            "bucket": "ewp_image_store",
            "cache_control": null,
            "content": null,
            "content_disposition": null,
            "content_encoding": null,
            "content_language": null,
            "content_length": "964776",
            "content_md5": "3dHGxTuoqvjofw7wpic6TA==",
            "content_type": "image/jpeg",
            "delete_all_object_versions": false,
            "id": "n/lr4poue3hwjl/b/ewp_image_store/o/weddings%2FBeth%20and%20Tom%2F5.jpg",
            "metadata": {},
            "namespace": "lr4poue3hwjl",
            "object": "weddings/Beth and Tom/5.jpg",
            "opc_sse_kms_key_id": null,
            "source": "../assets/weddings/Beth and Tom/5.jpg 2016-03-09 09:11:50 +0000 GMT",
            "source_uri_details": [],
            "state": "COMPLETED",
            "storage_tier": "Standard",
            "timeouts": null,
            "version_id": "11ae7e9b-cb4e-43c1-9a18-44665e4a5457",
            "work_request_id": ""
          },
          "sensitive_attributes": [],
          "private": "eyJlMmJmYjczMC1lY2FhLTExZTYtOGY4OC0zNDM2M2JjN2M0YzAiOnsiY3JlYXRlIjoxMjAwMDAwMDAwMDAwLCJkZWxldGUiOjEyMDAwMDAwMDAwMDAsInVwZGF0ZSI6MTIwMDAwMDAwMDAwMH19",
          "dependencies": [
            "module.object-storage.oci_objectstorage_bucket.ewp_image_storage"
          ]
        },
        {
          "index_key": 113,
          "schema_version": 0,
          "attributes": {
            "bucket": "ewp_image_store",
            "cache_control": null,
            "content": null,
            "content_disposition": null,
            "content_encoding": null,
            "content_language": null,
            "content_length": "1264901",
            "content_md5": "iJs/VeBjvekCdQv1S4laLQ==",
            "content_type": "image/jpeg",
            "delete_all_object_versions": false,
            "id": "n/lr4poue3hwjl/b/ewp_image_store/o/weddings%2FBeth%20and%20Tom%2F50.jpg",
            "metadata": {},
            "namespace": "lr4poue3hwjl",
            "object": "weddings/Beth and Tom/50.jpg",
            "opc_sse_kms_key_id": null,
            "source": "../assets/weddings/Beth and Tom/50.jpg 2016-03-09 09:16:36 +0000 GMT",
            "source_uri_details": [],
            "state": "COMPLETED",
            "storage_tier": "Standard",
            "timeouts": null,
            "version_id": "51e07c82-a091-40bf-b6ee-b4d6be8d0d8f",
            "work_request_id": ""
          },
          "sensitive_attributes": [],
          "private": "eyJlMmJmYjczMC1lY2FhLTExZTYtOGY4OC0zNDM2M2JjN2M0YzAiOnsiY3JlYXRlIjoxMjAwMDAwMDAwMDAwLCJkZWxldGUiOjEyMDAwMDAwMDAwMDAsInVwZGF0ZSI6MTIwMDAwMDAwMDAwMH19",
          "dependencies": [
            "module.object-storage.oci_objectstorage_bucket.ewp_image_storage"
          ]
        },
        {
          "index_key": 114,
          "schema_version": 0,
          "attributes": {
            "bucket": "ewp_image_store",
            "cache_control": null,
            "content": null,
            "content_disposition": null,
            "content_encoding": null,
            "content_language": null,
            "content_length": "1198203",
            "content_md5": "bvVO3z2ZmF8pZTXHiqD6Jg==",
            "content_type": "image/jpeg",
            "delete_all_object_versions": false,
            "id": "n/lr4poue3hwjl/b/ewp_image_store/o/weddings%2FBeth%20and%20Tom%2F51.jpg",
            "metadata": {},
            "namespace": "lr4poue3hwjl",
            "object": "weddings/Beth and Tom/51.jpg",
            "opc_sse_kms_key_id": null,
            "source": "../assets/weddings/Beth and Tom/51.jpg 2016-03-09 09:17:25 +0000 GMT",
            "source_uri_details": [],
            "state": "COMPLETED",
            "storage_tier": "Standard",
            "timeouts": null,
            "version_id": "5b14f17f-7315-4e12-83b8-abdf16dfa1c0",
            "work_request_id": ""
          },
          "sensitive_attributes": [],
          "private": "eyJlMmJmYjczMC1lY2FhLTExZTYtOGY4OC0zNDM2M2JjN2M0YzAiOnsiY3JlYXRlIjoxMjAwMDAwMDAwMDAwLCJkZWxldGUiOjEyMDAwMDAwMDAwMDAsInVwZGF0ZSI6MTIwMDAwMDAwMDAwMH19",
          "dependencies": [
            "module.object-storage.oci_objectstorage_bucket.ewp_image_storage"
          ]
        },
        {
          "index_key": 115,
          "schema_version": 0,
          "attributes": {
            "bucket": "ewp_image_store",
            "cache_control": null,
            "content": null,
            "content_disposition": null,
            "content_encoding": null,
            "content_language": null,
            "content_length": "1424842",
            "content_md5": "z5v2XH2fbHefESo3ht831w==",
            "content_type": "image/jpeg",
            "delete_all_object_versions": false,
            "id": "n/lr4poue3hwjl/b/ewp_image_store/o/weddings%2FBeth%20and%20Tom%2F52.jpg",
            "metadata": {},
            "namespace": "lr4poue3hwjl",
            "object": "weddings/Beth and Tom/52.jpg",
            "opc_sse_kms_key_id": null,
            "source": "../assets/weddings/Beth and Tom/52.jpg 2016-03-09 09:17:14 +0000 GMT",
            "source_uri_details": [],
            "state": "COMPLETED",
            "storage_tier": "Standard",
            "timeouts": null,
            "version_id": "c1d2a5cb-a0d7-4dfe-bd89-3a3d4e70e5a0",
            "work_request_id": ""
          },
          "sensitive_attributes": [],
          "private": "eyJlMmJmYjczMC1lY2FhLTExZTYtOGY4OC0zNDM2M2JjN2M0YzAiOnsiY3JlYXRlIjoxMjAwMDAwMDAwMDAwLCJkZWxldGUiOjEyMDAwMDAwMDAwMDAsInVwZGF0ZSI6MTIwMDAwMDAwMDAwMH19",
          "dependencies": [
            "module.object-storage.oci_objectstorage_bucket.ewp_image_storage"
          ]
        },
        {
          "index_key": 116,
          "schema_version": 0,
          "attributes": {
            "bucket": "ewp_image_store",
            "cache_control": null,
            "content": null,
            "content_disposition": null,
            "content_encoding": null,
            "content_language": null,
            "content_length": "873860",
            "content_md5": "7qzhVxzd+Obr0nU3umKlHw==",
            "content_type": "image/jpeg",
            "delete_all_object_versions": false,
            "id": "n/lr4poue3hwjl/b/ewp_image_store/o/weddings%2FBeth%20and%20Tom%2F53.jpg",
            "metadata": {},
            "namespace": "lr4poue3hwjl",
            "object": "weddings/Beth and Tom/53.jpg",
            "opc_sse_kms_key_id": null,
            "source": "../assets/weddings/Beth and Tom/53.jpg 2016-03-09 09:16:41 +0000 GMT",
            "source_uri_details": [],
            "state": "COMPLETED",
            "storage_tier": "Standard",
            "timeouts": null,
            "version_id": "ebb4b89f-95f5-441b-8069-8adb060e943e",
            "work_request_id": ""
          },
          "sensitive_attributes": [],
          "private": "eyJlMmJmYjczMC1lY2FhLTExZTYtOGY4OC0zNDM2M2JjN2M0YzAiOnsiY3JlYXRlIjoxMjAwMDAwMDAwMDAwLCJkZWxldGUiOjEyMDAwMDAwMDAwMDAsInVwZGF0ZSI6MTIwMDAwMDAwMDAwMH19",
          "dependencies": [
            "module.object-storage.oci_objectstorage_bucket.ewp_image_storage"
          ]
        },
        {
          "index_key": 117,
          "schema_version": 0,
          "attributes": {
            "bucket": "ewp_image_store",
            "cache_control": null,
            "content": null,
            "content_disposition": null,
            "content_encoding": null,
            "content_language": null,
            "content_length": "1058427",
            "content_md5": "Hy2aJku83Kr6VCgBTUBz3w==",
            "content_type": "image/jpeg",
            "delete_all_object_versions": false,
            "id": "n/lr4poue3hwjl/b/ewp_image_store/o/weddings%2FBeth%20and%20Tom%2F54.jpg",
            "metadata": {},
            "namespace": "lr4poue3hwjl",
            "object": "weddings/Beth and Tom/54.jpg",
            "opc_sse_kms_key_id": null,
            "source": "../assets/weddings/Beth and Tom/54.jpg 2016-03-09 09:16:47 +0000 GMT",
            "source_uri_details": [],
            "state": "COMPLETED",
            "storage_tier": "Standard",
            "timeouts": null,
            "version_id": "fff1d838-8d24-4428-a997-0907b653ad6d",
            "work_request_id": ""
          },
          "sensitive_attributes": [],
          "private": "eyJlMmJmYjczMC1lY2FhLTExZTYtOGY4OC0zNDM2M2JjN2M0YzAiOnsiY3JlYXRlIjoxMjAwMDAwMDAwMDAwLCJkZWxldGUiOjEyMDAwMDAwMDAwMDAsInVwZGF0ZSI6MTIwMDAwMDAwMDAwMH19",
          "dependencies": [
            "module.object-storage.oci_objectstorage_bucket.ewp_image_storage"
          ]
        },
        {
          "index_key": 118,
          "schema_version": 0,
          "attributes": {
            "bucket": "ewp_image_store",
            "cache_control": null,
            "content": null,
            "content_disposition": null,
            "content_encoding": null,
            "content_language": null,
            "content_length": "1625997",
            "content_md5": "+KEWCH+AzLJPx2dwg7SfXw==",
            "content_type": "image/jpeg",
            "delete_all_object_versions": false,
            "id": "n/lr4poue3hwjl/b/ewp_image_store/o/weddings%2FBeth%20and%20Tom%2F55.jpg",
            "metadata": {},
            "namespace": "lr4poue3hwjl",
            "object": "weddings/Beth and Tom/55.jpg",
            "opc_sse_kms_key_id": null,
            "source": "../assets/weddings/Beth and Tom/55.jpg 2016-03-09 09:16:53 +0000 GMT",
            "source_uri_details": [],
            "state": "COMPLETED",
            "storage_tier": "Standard",
            "timeouts": null,
            "version_id": "96a22678-8d96-4ed3-92db-b089635359a3",
            "work_request_id": ""
          },
          "sensitive_attributes": [],
          "private": "eyJlMmJmYjczMC1lY2FhLTExZTYtOGY4OC0zNDM2M2JjN2M0YzAiOnsiY3JlYXRlIjoxMjAwMDAwMDAwMDAwLCJkZWxldGUiOjEyMDAwMDAwMDAwMDAsInVwZGF0ZSI6MTIwMDAwMDAwMDAwMH19",
          "dependencies": [
            "module.object-storage.oci_objectstorage_bucket.ewp_image_storage"
          ]
        },
        {
          "index_key": 119,
          "schema_version": 0,
          "attributes": {
            "bucket": "ewp_image_store",
            "cache_control": null,
            "content": null,
            "content_disposition": null,
            "content_encoding": null,
            "content_language": null,
            "content_length": "1637403",
            "content_md5": "/BVij0g/PLCkpmCnj3TUBQ==",
            "content_type": "image/jpeg",
            "delete_all_object_versions": false,
            "id": "n/lr4poue3hwjl/b/ewp_image_store/o/weddings%2FBeth%20and%20Tom%2F56.jpg",
            "metadata": {},
            "namespace": "lr4poue3hwjl",
            "object": "weddings/Beth and Tom/56.jpg",
            "opc_sse_kms_key_id": null,
            "source": "../assets/weddings/Beth and Tom/56.jpg 2016-03-09 09:16:58 +0000 GMT",
            "source_uri_details": [],
            "state": "COMPLETED",
            "storage_tier": "Standard",
            "timeouts": null,
            "version_id": "ab9b5292-831e-4722-8c3d-685e5dc59746",
            "work_request_id": ""
          },
          "sensitive_attributes": [],
          "private": "eyJlMmJmYjczMC1lY2FhLTExZTYtOGY4OC0zNDM2M2JjN2M0YzAiOnsiY3JlYXRlIjoxMjAwMDAwMDAwMDAwLCJkZWxldGUiOjEyMDAwMDAwMDAwMDAsInVwZGF0ZSI6MTIwMDAwMDAwMDAwMH19",
          "dependencies": [
            "module.object-storage.oci_objectstorage_bucket.ewp_image_storage"
          ]
        },
        {
          "index_key": 120,
          "schema_version": 0,
          "attributes": {
            "bucket": "ewp_image_store",
            "cache_control": null,
            "content": null,
            "content_disposition": null,
            "content_encoding": null,
            "content_language": null,
            "content_length": "736903",
            "content_md5": "CyPC3LULRXq0Hy8c5O74AA==",
            "content_type": "image/jpeg",
            "delete_all_object_versions": false,
            "id": "n/lr4poue3hwjl/b/ewp_image_store/o/weddings%2FBeth%20and%20Tom%2F57.jpg",
            "metadata": {},
            "namespace": "lr4poue3hwjl",
            "object": "weddings/Beth and Tom/57.jpg",
            "opc_sse_kms_key_id": null,
            "source": "../assets/weddings/Beth and Tom/57.jpg 2016-03-09 09:17:04 +0000 GMT",
            "source_uri_details": [],
            "state": "COMPLETED",
            "storage_tier": "Standard",
            "timeouts": null,
            "version_id": "3dfbe548-e1ee-4ce1-aa62-a193badd0889",
            "work_request_id": ""
          },
          "sensitive_attributes": [],
          "private": "eyJlMmJmYjczMC1lY2FhLTExZTYtOGY4OC0zNDM2M2JjN2M0YzAiOnsiY3JlYXRlIjoxMjAwMDAwMDAwMDAwLCJkZWxldGUiOjEyMDAwMDAwMDAwMDAsInVwZGF0ZSI6MTIwMDAwMDAwMDAwMH19",
          "dependencies": [
            "module.object-storage.oci_objectstorage_bucket.ewp_image_storage"
          ]
        },
        {
          "index_key": 121,
          "schema_version": 0,
          "attributes": {
            "bucket": "ewp_image_store",
            "cache_control": null,
            "content": null,
            "content_disposition": null,
            "content_encoding": null,
            "content_language": null,
            "content_length": "778268",
            "content_md5": "RPAzMwUGqhb2o14MD8Xzaw==",
            "content_type": "image/jpeg",
            "delete_all_object_versions": false,
            "id": "n/lr4poue3hwjl/b/ewp_image_store/o/weddings%2FBeth%20and%20Tom%2F58.jpg",
            "metadata": {},
            "namespace": "lr4poue3hwjl",
            "object": "weddings/Beth and Tom/58.jpg",
            "opc_sse_kms_key_id": null,
            "source": "../assets/weddings/Beth and Tom/58.jpg 2016-03-09 09:17:09 +0000 GMT",
            "source_uri_details": [],
            "state": "COMPLETED",
            "storage_tier": "Standard",
            "timeouts": null,
            "version_id": "96fa69f1-bf37-4e11-8d65-8b98cfe18ad6",
            "work_request_id": ""
          },
          "sensitive_attributes": [],
          "private": "eyJlMmJmYjczMC1lY2FhLTExZTYtOGY4OC0zNDM2M2JjN2M0YzAiOnsiY3JlYXRlIjoxMjAwMDAwMDAwMDAwLCJkZWxldGUiOjEyMDAwMDAwMDAwMDAsInVwZGF0ZSI6MTIwMDAwMDAwMDAwMH19",
          "dependencies": [
            "module.object-storage.oci_objectstorage_bucket.ewp_image_storage"
          ]
        },
        {
          "index_key": 122,
          "schema_version": 0,
          "attributes": {
            "bucket": "ewp_image_store",
            "cache_control": null,
            "content": null,
            "content_disposition": null,
            "content_encoding": null,
            "content_language": null,
            "content_length": "724218",
            "content_md5": "aQtctt1g2rS10uD/b/MLnQ==",
            "content_type": "image/jpeg",
            "delete_all_object_versions": false,
            "id": "n/lr4poue3hwjl/b/ewp_image_store/o/weddings%2FBeth%20and%20Tom%2F59.jpg",
            "metadata": {},
            "namespace": "lr4poue3hwjl",
            "object": "weddings/Beth and Tom/59.jpg",
            "opc_sse_kms_key_id": null,
            "source": "../assets/weddings/Beth and Tom/59.jpg 2016-03-09 09:17:20 +0000 GMT",
            "source_uri_details": [],
            "state": "COMPLETED",
            "storage_tier": "Standard",
            "timeouts": null,
            "version_id": "4b2294db-bfe2-43b5-9fbd-2b848fc02f54",
            "work_request_id": ""
          },
          "sensitive_attributes": [],
          "private": "eyJlMmJmYjczMC1lY2FhLTExZTYtOGY4OC0zNDM2M2JjN2M0YzAiOnsiY3JlYXRlIjoxMjAwMDAwMDAwMDAwLCJkZWxldGUiOjEyMDAwMDAwMDAwMDAsInVwZGF0ZSI6MTIwMDAwMDAwMDAwMH19",
          "dependencies": [
            "module.object-storage.oci_objectstorage_bucket.ewp_image_storage"
          ]
        },
        {
          "index_key": 123,
          "schema_version": 0,
          "attributes": {
            "bucket": "ewp_image_store",
            "cache_control": null,
            "content": null,
            "content_disposition": null,
            "content_encoding": null,
            "content_language": null,
            "content_length": "1185967",
            "content_md5": "MdXnIdT7yQkiz1rrVgU2Tg==",
            "content_type": "image/jpeg",
            "delete_all_object_versions": false,
            "id": "n/lr4poue3hwjl/b/ewp_image_store/o/weddings%2FBeth%20and%20Tom%2F6.jpg",
            "metadata": {},
            "namespace": "lr4poue3hwjl",
            "object": "weddings/Beth and Tom/6.jpg",
            "opc_sse_kms_key_id": null,
            "source": "../assets/weddings/Beth and Tom/6.jpg 2016-03-09 09:11:56 +0000 GMT",
            "source_uri_details": [],
            "state": "COMPLETED",
            "storage_tier": "Standard",
            "timeouts": null,
            "version_id": "ecb742c5-a653-4083-b0d9-ff76641d8aa8",
            "work_request_id": ""
          },
          "sensitive_attributes": [],
          "private": "eyJlMmJmYjczMC1lY2FhLTExZTYtOGY4OC0zNDM2M2JjN2M0YzAiOnsiY3JlYXRlIjoxMjAwMDAwMDAwMDAwLCJkZWxldGUiOjEyMDAwMDAwMDAwMDAsInVwZGF0ZSI6MTIwMDAwMDAwMDAwMH19",
          "dependencies": [
            "module.object-storage.oci_objectstorage_bucket.ewp_image_storage"
          ]
        },
        {
          "index_key": 124,
          "schema_version": 0,
          "attributes": {
            "bucket": "ewp_image_store",
            "cache_control": null,
            "content": null,
            "content_disposition": null,
            "content_encoding": null,
            "content_language": null,
            "content_length": "356816",
            "content_md5": "n2t0NgD0dxBkEPPCy9YVMQ==",
            "content_type": "image/jpeg",
            "delete_all_object_versions": false,
            "id": "n/lr4poue3hwjl/b/ewp_image_store/o/weddings%2FBeth%20and%20Tom%2F60.jpg",
            "metadata": {},
            "namespace": "lr4poue3hwjl",
            "object": "weddings/Beth and Tom/60.jpg",
            "opc_sse_kms_key_id": null,
            "source": "../assets/weddings/Beth and Tom/60.jpg 2016-03-09 09:17:31 +0000 GMT",
            "source_uri_details": [],
            "state": "COMPLETED",
            "storage_tier": "Standard",
            "timeouts": null,
            "version_id": "24960039-0f8a-4dcf-a63c-3ccaca94425c",
            "work_request_id": ""
          },
          "sensitive_attributes": [],
          "private": "eyJlMmJmYjczMC1lY2FhLTExZTYtOGY4OC0zNDM2M2JjN2M0YzAiOnsiY3JlYXRlIjoxMjAwMDAwMDAwMDAwLCJkZWxldGUiOjEyMDAwMDAwMDAwMDAsInVwZGF0ZSI6MTIwMDAwMDAwMDAwMH19",
          "dependencies": [
            "module.object-storage.oci_objectstorage_bucket.ewp_image_storage"
          ]
        },
        {
          "index_key": 125,
          "schema_version": 0,
          "attributes": {
            "bucket": "ewp_image_store",
            "cache_control": null,
            "content": null,
            "content_disposition": null,
            "content_encoding": null,
            "content_language": null,
            "content_length": "544106",
            "content_md5": "gSXudt4qk8kIdkjJAvciyw==",
            "content_type": "image/jpeg",
            "delete_all_object_versions": false,
            "id": "n/lr4poue3hwjl/b/ewp_image_store/o/weddings%2FBeth%20and%20Tom%2F61.jpg",
            "metadata": {},
            "namespace": "lr4poue3hwjl",
            "object": "weddings/Beth and Tom/61.jpg",
            "opc_sse_kms_key_id": null,
            "source": "../assets/weddings/Beth and Tom/61.jpg 2016-03-09 09:17:36 +0000 GMT",
            "source_uri_details": [],
            "state": "COMPLETED",
            "storage_tier": "Standard",
            "timeouts": null,
            "version_id": "95eb3c02-c10d-460b-a8e0-afdf1ca5f75a",
            "work_request_id": ""
          },
          "sensitive_attributes": [],
          "private": "eyJlMmJmYjczMC1lY2FhLTExZTYtOGY4OC0zNDM2M2JjN2M0YzAiOnsiY3JlYXRlIjoxMjAwMDAwMDAwMDAwLCJkZWxldGUiOjEyMDAwMDAwMDAwMDAsInVwZGF0ZSI6MTIwMDAwMDAwMDAwMH19",
          "dependencies": [
            "module.object-storage.oci_objectstorage_bucket.ewp_image_storage"
          ]
        },
        {
          "index_key": 126,
          "schema_version": 0,
          "attributes": {
            "bucket": "ewp_image_store",
            "cache_control": null,
            "content": null,
            "content_disposition": null,
            "content_encoding": null,
            "content_language": null,
            "content_length": "853682",
            "content_md5": "KcS4h538JbwI+oxpLfbr+g==",
            "content_type": "image/jpeg",
            "delete_all_object_versions": false,
            "id": "n/lr4poue3hwjl/b/ewp_image_store/o/weddings%2FBeth%20and%20Tom%2F62.jpg",
            "metadata": {},
            "namespace": "lr4poue3hwjl",
            "object": "weddings/Beth and Tom/62.jpg",
            "opc_sse_kms_key_id": null,
            "source": "../assets/weddings/Beth and Tom/62.jpg 2016-03-09 09:17:42 +0000 GMT",
            "source_uri_details": [],
            "state": "COMPLETED",
            "storage_tier": "Standard",
            "timeouts": null,
            "version_id": "1e4cd4a4-4e06-40ee-8629-2b23d61c6ab7",
            "work_request_id": ""
          },
          "sensitive_attributes": [],
          "private": "eyJlMmJmYjczMC1lY2FhLTExZTYtOGY4OC0zNDM2M2JjN2M0YzAiOnsiY3JlYXRlIjoxMjAwMDAwMDAwMDAwLCJkZWxldGUiOjEyMDAwMDAwMDAwMDAsInVwZGF0ZSI6MTIwMDAwMDAwMDAwMH19",
          "dependencies": [
            "module.object-storage.oci_objectstorage_bucket.ewp_image_storage"
          ]
        },
        {
          "index_key": 127,
          "schema_version": 0,
          "attributes": {
            "bucket": "ewp_image_store",
            "cache_control": null,
            "content": null,
            "content_disposition": null,
            "content_encoding": null,
            "content_language": null,
            "content_length": "1338083",
            "content_md5": "4Z1H7yuDRfK+mWilsogWEQ==",
            "content_type": "image/jpeg",
            "delete_all_object_versions": false,
            "id": "n/lr4poue3hwjl/b/ewp_image_store/o/weddings%2FBeth%20and%20Tom%2F63.jpg",
            "metadata": {},
            "namespace": "lr4poue3hwjl",
            "object": "weddings/Beth and Tom/63.jpg",
            "opc_sse_kms_key_id": null,
            "source": "../assets/weddings/Beth and Tom/63.jpg 2016-03-09 09:17:48 +0000 GMT",
            "source_uri_details": [],
            "state": "COMPLETED",
            "storage_tier": "Standard",
            "timeouts": null,
            "version_id": "6360c8ac-a860-4a81-906c-cc79971f7a5a",
            "work_request_id": ""
          },
          "sensitive_attributes": [],
          "private": "eyJlMmJmYjczMC1lY2FhLTExZTYtOGY4OC0zNDM2M2JjN2M0YzAiOnsiY3JlYXRlIjoxMjAwMDAwMDAwMDAwLCJkZWxldGUiOjEyMDAwMDAwMDAwMDAsInVwZGF0ZSI6MTIwMDAwMDAwMDAwMH19",
          "dependencies": [
            "module.object-storage.oci_objectstorage_bucket.ewp_image_storage"
          ]
        },
        {
          "index_key": 128,
          "schema_version": 0,
          "attributes": {
            "bucket": "ewp_image_store",
            "cache_control": null,
            "content": null,
            "content_disposition": null,
            "content_encoding": null,
            "content_language": null,
            "content_length": "839306",
            "content_md5": "vHsNeRbWD7jZ5uh/+6V9VA==",
            "content_type": "image/jpeg",
            "delete_all_object_versions": false,
            "id": "n/lr4poue3hwjl/b/ewp_image_store/o/weddings%2FBeth%20and%20Tom%2F64.jpg",
            "metadata": {},
            "namespace": "lr4poue3hwjl",
            "object": "weddings/Beth and Tom/64.jpg",
            "opc_sse_kms_key_id": null,
            "source": "../assets/weddings/Beth and Tom/64.jpg 2016-03-09 09:17:54 +0000 GMT",
            "source_uri_details": [],
            "state": "COMPLETED",
            "storage_tier": "Standard",
            "timeouts": null,
            "version_id": "eb302610-dca8-4b8d-b583-5b157aaf0393",
            "work_request_id": ""
          },
          "sensitive_attributes": [],
          "private": "eyJlMmJmYjczMC1lY2FhLTExZTYtOGY4OC0zNDM2M2JjN2M0YzAiOnsiY3JlYXRlIjoxMjAwMDAwMDAwMDAwLCJkZWxldGUiOjEyMDAwMDAwMDAwMDAsInVwZGF0ZSI6MTIwMDAwMDAwMDAwMH19",
          "dependencies": [
            "module.object-storage.oci_objectstorage_bucket.ewp_image_storage"
          ]
        },
        {
          "index_key": 129,
          "schema_version": 0,
          "attributes": {
            "bucket": "ewp_image_store",
            "cache_control": null,
            "content": null,
            "content_disposition": null,
            "content_encoding": null,
            "content_language": null,
            "content_length": "1037882",
            "content_md5": "RlW4f5wE6kVkxUFGYi7SMg==",
            "content_type": "image/jpeg",
            "delete_all_object_versions": false,
            "id": "n/lr4poue3hwjl/b/ewp_image_store/o/weddings%2FBeth%20and%20Tom%2F65.jpg",
            "metadata": {},
            "namespace": "lr4poue3hwjl",
            "object": "weddings/Beth and Tom/65.jpg",
            "opc_sse_kms_key_id": null,
            "source": "../assets/weddings/Beth and Tom/65.jpg 2016-03-09 09:18:25 +0000 GMT",
            "source_uri_details": [],
            "state": "COMPLETED",
            "storage_tier": "Standard",
            "timeouts": null,
            "version_id": "ea3bbb30-e802-4d50-9c45-f8a56801ccf1",
            "work_request_id": ""
          },
          "sensitive_attributes": [],
          "private": "eyJlMmJmYjczMC1lY2FhLTExZTYtOGY4OC0zNDM2M2JjN2M0YzAiOnsiY3JlYXRlIjoxMjAwMDAwMDAwMDAwLCJkZWxldGUiOjEyMDAwMDAwMDAwMDAsInVwZGF0ZSI6MTIwMDAwMDAwMDAwMH19",
          "dependencies": [
            "module.object-storage.oci_objectstorage_bucket.ewp_image_storage"
          ]
        },
        {
          "index_key": 130,
          "schema_version": 0,
          "attributes": {
            "bucket": "ewp_image_store",
            "cache_control": null,
            "content": null,
            "content_disposition": null,
            "content_encoding": null,
            "content_language": null,
            "content_length": "1137663",
            "content_md5": "aIVKo7bNTWsLRM7NCLYsPQ==",
            "content_type": "image/jpeg",
            "delete_all_object_versions": false,
            "id": "n/lr4poue3hwjl/b/ewp_image_store/o/weddings%2FBeth%20and%20Tom%2F66.jpg",
            "metadata": {},
            "namespace": "lr4poue3hwjl",
            "object": "weddings/Beth and Tom/66.jpg",
            "opc_sse_kms_key_id": null,
            "source": "../assets/weddings/Beth and Tom/66.jpg 2016-03-09 09:18:13 +0000 GMT",
            "source_uri_details": [],
            "state": "COMPLETED",
            "storage_tier": "Standard",
            "timeouts": null,
            "version_id": "f479cae5-7671-4702-9943-f337e10c327a",
            "work_request_id": ""
          },
          "sensitive_attributes": [],
          "private": "eyJlMmJmYjczMC1lY2FhLTExZTYtOGY4OC0zNDM2M2JjN2M0YzAiOnsiY3JlYXRlIjoxMjAwMDAwMDAwMDAwLCJkZWxldGUiOjEyMDAwMDAwMDAwMDAsInVwZGF0ZSI6MTIwMDAwMDAwMDAwMH19",
          "dependencies": [
            "module.object-storage.oci_objectstorage_bucket.ewp_image_storage"
          ]
        },
        {
          "index_key": 131,
          "schema_version": 0,
          "attributes": {
            "bucket": "ewp_image_store",
            "cache_control": null,
            "content": null,
            "content_disposition": null,
            "content_encoding": null,
            "content_language": null,
            "content_length": "1266247",
            "content_md5": "fhGEsAM30vwEtTRiKHGqXQ==",
            "content_type": "image/jpeg",
            "delete_all_object_versions": false,
            "id": "n/lr4poue3hwjl/b/ewp_image_store/o/weddings%2FBeth%20and%20Tom%2F67.jpg",
            "metadata": {},
            "namespace": "lr4poue3hwjl",
            "object": "weddings/Beth and Tom/67.jpg",
            "opc_sse_kms_key_id": null,
            "source": "../assets/weddings/Beth and Tom/67.jpg 2016-03-09 09:18:00 +0000 GMT",
            "source_uri_details": [],
            "state": "COMPLETED",
            "storage_tier": "Standard",
            "timeouts": null,
            "version_id": "dc3897fe-cdbd-4322-a534-6e0d6403ecbb",
            "work_request_id": ""
          },
          "sensitive_attributes": [],
          "private": "eyJlMmJmYjczMC1lY2FhLTExZTYtOGY4OC0zNDM2M2JjN2M0YzAiOnsiY3JlYXRlIjoxMjAwMDAwMDAwMDAwLCJkZWxldGUiOjEyMDAwMDAwMDAwMDAsInVwZGF0ZSI6MTIwMDAwMDAwMDAwMH19",
          "dependencies": [
            "module.object-storage.oci_objectstorage_bucket.ewp_image_storage"
          ]
        },
        {
          "index_key": 132,
          "schema_version": 0,
          "attributes": {
            "bucket": "ewp_image_store",
            "cache_control": null,
            "content": null,
            "content_disposition": null,
            "content_encoding": null,
            "content_language": null,
            "content_length": "1339736",
            "content_md5": "wiWIQEdmQXZRXPYIoY0Cog==",
            "content_type": "image/jpeg",
            "delete_all_object_versions": false,
            "id": "n/lr4poue3hwjl/b/ewp_image_store/o/weddings%2FBeth%20and%20Tom%2F68.jpg",
            "metadata": {},
            "namespace": "lr4poue3hwjl",
            "object": "weddings/Beth and Tom/68.jpg",
            "opc_sse_kms_key_id": null,
            "source": "../assets/weddings/Beth and Tom/68.jpg 2016-03-09 09:18:07 +0000 GMT",
            "source_uri_details": [],
            "state": "COMPLETED",
            "storage_tier": "Standard",
            "timeouts": null,
            "version_id": "480ba7ff-d4e2-4a99-8d76-06e30c4e561e",
            "work_request_id": ""
          },
          "sensitive_attributes": [],
          "private": "eyJlMmJmYjczMC1lY2FhLTExZTYtOGY4OC0zNDM2M2JjN2M0YzAiOnsiY3JlYXRlIjoxMjAwMDAwMDAwMDAwLCJkZWxldGUiOjEyMDAwMDAwMDAwMDAsInVwZGF0ZSI6MTIwMDAwMDAwMDAwMH19",
          "dependencies": [
            "module.object-storage.oci_objectstorage_bucket.ewp_image_storage"
          ]
        },
        {
          "index_key": 133,
          "schema_version": 0,
          "attributes": {
            "bucket": "ewp_image_store",
            "cache_control": null,
            "content": null,
            "content_disposition": null,
            "content_encoding": null,
            "content_language": null,
            "content_length": "493703",
            "content_md5": "DUJ4DJ97F5S3lqtOsihs8w==",
            "content_type": "image/jpeg",
            "delete_all_object_versions": false,
            "id": "n/lr4poue3hwjl/b/ewp_image_store/o/weddings%2FBeth%20and%20Tom%2F69.jpg",
            "metadata": {},
            "namespace": "lr4poue3hwjl",
            "object": "weddings/Beth and Tom/69.jpg",
            "opc_sse_kms_key_id": null,
            "source": "../assets/weddings/Beth and Tom/69.jpg 2016-03-09 09:18:36 +0000 GMT",
            "source_uri_details": [],
            "state": "COMPLETED",
            "storage_tier": "Standard",
            "timeouts": null,
            "version_id": "5ea3646e-5ab4-451c-863b-8c249bc4ef96",
            "work_request_id": ""
          },
          "sensitive_attributes": [],
          "private": "eyJlMmJmYjczMC1lY2FhLTExZTYtOGY4OC0zNDM2M2JjN2M0YzAiOnsiY3JlYXRlIjoxMjAwMDAwMDAwMDAwLCJkZWxldGUiOjEyMDAwMDAwMDAwMDAsInVwZGF0ZSI6MTIwMDAwMDAwMDAwMH19",
          "dependencies": [
            "module.object-storage.oci_objectstorage_bucket.ewp_image_storage"
          ]
        },
        {
          "index_key": 134,
          "schema_version": 0,
          "attributes": {
            "bucket": "ewp_image_store",
            "cache_control": null,
            "content": null,
            "content_disposition": null,
            "content_encoding": null,
            "content_language": null,
            "content_length": "405318",
            "content_md5": "Wq7sCmkwpHLFKhhe/Qbz0g==",
            "content_type": "image/jpeg",
            "delete_all_object_versions": false,
            "id": "n/lr4poue3hwjl/b/ewp_image_store/o/weddings%2FBeth%20and%20Tom%2F7.jpg",
            "metadata": {},
            "namespace": "lr4poue3hwjl",
            "object": "weddings/Beth and Tom/7.jpg",
            "opc_sse_kms_key_id": null,
            "source": "../assets/weddings/Beth and Tom/7.jpg 2016-03-09 09:12:02 +0000 GMT",
            "source_uri_details": [],
            "state": "COMPLETED",
            "storage_tier": "Standard",
            "timeouts": null,
            "version_id": "d16bbb04-a223-4862-9703-90d3d90116f1",
            "work_request_id": ""
          },
          "sensitive_attributes": [],
          "private": "eyJlMmJmYjczMC1lY2FhLTExZTYtOGY4OC0zNDM2M2JjN2M0YzAiOnsiY3JlYXRlIjoxMjAwMDAwMDAwMDAwLCJkZWxldGUiOjEyMDAwMDAwMDAwMDAsInVwZGF0ZSI6MTIwMDAwMDAwMDAwMH19",
          "dependencies": [
            "module.object-storage.oci_objectstorage_bucket.ewp_image_storage"
          ]
        },
        {
          "index_key": 135,
          "schema_version": 0,
          "attributes": {
            "bucket": "ewp_image_store",
            "cache_control": null,
            "content": null,
            "content_disposition": null,
            "content_encoding": null,
            "content_language": null,
            "content_length": "809334",
            "content_md5": "ZPIdduhV71/fxw7tVbjvfQ==",
            "content_type": "image/jpeg",
            "delete_all_object_versions": false,
            "id": "n/lr4poue3hwjl/b/ewp_image_store/o/weddings%2FBeth%20and%20Tom%2F70.jpg",
            "metadata": {},
            "namespace": "lr4poue3hwjl",
            "object": "weddings/Beth and Tom/70.jpg",
            "opc_sse_kms_key_id": null,
            "source": "../assets/weddings/Beth and Tom/70.jpg 2016-03-09 09:18:19 +0000 GMT",
            "source_uri_details": [],
            "state": "COMPLETED",
            "storage_tier": "Standard",
            "timeouts": null,
            "version_id": "f676fa9c-0012-4761-b592-1fa38552fbcd",
            "work_request_id": ""
          },
          "sensitive_attributes": [],
          "private": "eyJlMmJmYjczMC1lY2FhLTExZTYtOGY4OC0zNDM2M2JjN2M0YzAiOnsiY3JlYXRlIjoxMjAwMDAwMDAwMDAwLCJkZWxldGUiOjEyMDAwMDAwMDAwMDAsInVwZGF0ZSI6MTIwMDAwMDAwMDAwMH19",
          "dependencies": [
            "module.object-storage.oci_objectstorage_bucket.ewp_image_storage"
          ]
        },
        {
          "index_key": 136,
          "schema_version": 0,
          "attributes": {
            "bucket": "ewp_image_store",
            "cache_control": null,
            "content": null,
            "content_disposition": null,
            "content_encoding": null,
            "content_language": null,
            "content_length": "1196831",
            "content_md5": "94cZRAHYpaTKjxWMRybetA==",
            "content_type": "image/jpeg",
            "delete_all_object_versions": false,
            "id": "n/lr4poue3hwjl/b/ewp_image_store/o/weddings%2FBeth%20and%20Tom%2F71.jpg",
            "metadata": {},
            "namespace": "lr4poue3hwjl",
            "object": "weddings/Beth and Tom/71.jpg",
            "opc_sse_kms_key_id": null,
            "source": "../assets/weddings/Beth and Tom/71.jpg 2016-03-09 09:19:09 +0000 GMT",
            "source_uri_details": [],
            "state": "COMPLETED",
            "storage_tier": "Standard",
            "timeouts": null,
            "version_id": "5462ef74-c855-47bc-9a21-38b2c297337b",
            "work_request_id": ""
          },
          "sensitive_attributes": [],
          "private": "eyJlMmJmYjczMC1lY2FhLTExZTYtOGY4OC0zNDM2M2JjN2M0YzAiOnsiY3JlYXRlIjoxMjAwMDAwMDAwMDAwLCJkZWxldGUiOjEyMDAwMDAwMDAwMDAsInVwZGF0ZSI6MTIwMDAwMDAwMDAwMH19",
          "dependencies": [
            "module.object-storage.oci_objectstorage_bucket.ewp_image_storage"
          ]
        },
        {
          "index_key": 137,
          "schema_version": 0,
          "attributes": {
            "bucket": "ewp_image_store",
            "cache_control": null,
            "content": null,
            "content_disposition": null,
            "content_encoding": null,
            "content_language": null,
            "content_length": "400948",
            "content_md5": "IZZJeOEovyQvvy1gX+hcgA==",
            "content_type": "image/jpeg",
            "delete_all_object_versions": false,
            "id": "n/lr4poue3hwjl/b/ewp_image_store/o/weddings%2FBeth%20and%20Tom%2F72.jpg",
            "metadata": {},
            "namespace": "lr4poue3hwjl",
            "object": "weddings/Beth and Tom/72.jpg",
            "opc_sse_kms_key_id": null,
            "source": "../assets/weddings/Beth and Tom/72.jpg 2016-03-09 09:18:30 +0000 GMT",
            "source_uri_details": [],
            "state": "COMPLETED",
            "storage_tier": "Standard",
            "timeouts": null,
            "version_id": "68215035-1426-4c78-957a-ed188a8e755b",
            "work_request_id": ""
          },
          "sensitive_attributes": [],
          "private": "eyJlMmJmYjczMC1lY2FhLTExZTYtOGY4OC0zNDM2M2JjN2M0YzAiOnsiY3JlYXRlIjoxMjAwMDAwMDAwMDAwLCJkZWxldGUiOjEyMDAwMDAwMDAwMDAsInVwZGF0ZSI6MTIwMDAwMDAwMDAwMH19",
          "dependencies": [
            "module.object-storage.oci_objectstorage_bucket.ewp_image_storage"
          ]
        },
        {
          "index_key": 138,
          "schema_version": 0,
          "attributes": {
            "bucket": "ewp_image_store",
            "cache_control": null,
            "content": null,
            "content_disposition": null,
            "content_encoding": null,
            "content_language": null,
            "content_length": "390688",
            "content_md5": "rHkF7eeVvWqobAdMY7Chpw==",
            "content_type": "image/jpeg",
            "delete_all_object_versions": false,
            "id": "n/lr4poue3hwjl/b/ewp_image_store/o/weddings%2FBeth%20and%20Tom%2F73.jpg",
            "metadata": {},
            "namespace": "lr4poue3hwjl",
            "object": "weddings/Beth and Tom/73.jpg",
            "opc_sse_kms_key_id": null,
            "source": "../assets/weddings/Beth and Tom/73.jpg 2016-03-09 09:19:01 +0000 GMT",
            "source_uri_details": [],
            "state": "COMPLETED",
            "storage_tier": "Standard",
            "timeouts": null,
            "version_id": "de142361-52a8-489d-9f8a-0f8e0fc4e9f2",
            "work_request_id": ""
          },
          "sensitive_attributes": [],
          "private": "eyJlMmJmYjczMC1lY2FhLTExZTYtOGY4OC0zNDM2M2JjN2M0YzAiOnsiY3JlYXRlIjoxMjAwMDAwMDAwMDAwLCJkZWxldGUiOjEyMDAwMDAwMDAwMDAsInVwZGF0ZSI6MTIwMDAwMDAwMDAwMH19",
          "dependencies": [
            "module.object-storage.oci_objectstorage_bucket.ewp_image_storage"
          ]
        },
        {
          "index_key": 139,
          "schema_version": 0,
          "attributes": {
            "bucket": "ewp_image_store",
            "cache_control": null,
            "content": null,
            "content_disposition": null,
            "content_encoding": null,
            "content_language": null,
            "content_length": "218297",
            "content_md5": "1Iw4ZuRus+rB3Woe3pB8xw==",
            "content_type": "image/jpeg",
            "delete_all_object_versions": false,
            "id": "n/lr4poue3hwjl/b/ewp_image_store/o/weddings%2FBeth%20and%20Tom%2F74.jpg",
            "metadata": {},
            "namespace": "lr4poue3hwjl",
            "object": "weddings/Beth and Tom/74.jpg",
            "opc_sse_kms_key_id": null,
            "source": "../assets/weddings/Beth and Tom/74.jpg 2016-03-09 09:18:53 +0000 GMT",
            "source_uri_details": [],
            "state": "COMPLETED",
            "storage_tier": "Standard",
            "timeouts": null,
            "version_id": "0a47abc4-e1f6-4f77-8036-83b615726840",
            "work_request_id": ""
          },
          "sensitive_attributes": [],
          "private": "eyJlMmJmYjczMC1lY2FhLTExZTYtOGY4OC0zNDM2M2JjN2M0YzAiOnsiY3JlYXRlIjoxMjAwMDAwMDAwMDAwLCJkZWxldGUiOjEyMDAwMDAwMDAwMDAsInVwZGF0ZSI6MTIwMDAwMDAwMDAwMH19",
          "dependencies": [
            "module.object-storage.oci_objectstorage_bucket.ewp_image_storage"
          ]
        },
        {
          "index_key": 140,
          "schema_version": 0,
          "attributes": {
            "bucket": "ewp_image_store",
            "cache_control": null,
            "content": null,
            "content_disposition": null,
            "content_encoding": null,
            "content_language": null,
            "content_length": "342742",
            "content_md5": "HDC+TQ1hav9tnkYrq4G9jA==",
            "content_type": "image/jpeg",
            "delete_all_object_versions": false,
            "id": "n/lr4poue3hwjl/b/ewp_image_store/o/weddings%2FBeth%20and%20Tom%2F8.jpg",
            "metadata": {},
            "namespace": "lr4poue3hwjl",
            "object": "weddings/Beth and Tom/8.jpg",
            "opc_sse_kms_key_id": null,
            "source": "../assets/weddings/Beth and Tom/8.jpg 2016-03-09 09:12:07 +0000 GMT",
            "source_uri_details": [],
            "state": "COMPLETED",
            "storage_tier": "Standard",
            "timeouts": null,
            "version_id": "7478123b-b213-484a-aa0c-5304788d53ff",
            "work_request_id": ""
          },
          "sensitive_attributes": [],
          "private": "eyJlMmJmYjczMC1lY2FhLTExZTYtOGY4OC0zNDM2M2JjN2M0YzAiOnsiY3JlYXRlIjoxMjAwMDAwMDAwMDAwLCJkZWxldGUiOjEyMDAwMDAwMDAwMDAsInVwZGF0ZSI6MTIwMDAwMDAwMDAwMH19",
          "dependencies": [
            "module.object-storage.oci_objectstorage_bucket.ewp_image_storage"
          ]
        },
        {
          "index_key": 141,
          "schema_version": 0,
          "attributes": {
            "bucket": "ewp_image_store",
            "cache_control": null,
            "content": null,
            "content_disposition": null,
            "content_encoding": null,
            "content_language": null,
            "content_length": "908263",
            "content_md5": "3xdD2mfoku3iPAw63Xa1nQ==",
            "content_type": "image/jpeg",
            "delete_all_object_versions": false,
            "id": "n/lr4poue3hwjl/b/ewp_image_store/o/weddings%2FBeth%20and%20Tom%2F9.jpg",
            "metadata": {},
            "namespace": "lr4poue3hwjl",
            "object": "weddings/Beth and Tom/9.jpg",
            "opc_sse_kms_key_id": null,
            "source": "../assets/weddings/Beth and Tom/9.jpg 2016-03-09 09:12:15 +0000 GMT",
            "source_uri_details": [],
            "state": "COMPLETED",
            "storage_tier": "Standard",
            "timeouts": null,
            "version_id": "bb570e53-6474-4228-8dca-4b50c52d8806",
            "work_request_id": ""
          },
          "sensitive_attributes": [],
          "private": "eyJlMmJmYjczMC1lY2FhLTExZTYtOGY4OC0zNDM2M2JjN2M0YzAiOnsiY3JlYXRlIjoxMjAwMDAwMDAwMDAwLCJkZWxldGUiOjEyMDAwMDAwMDAwMDAsInVwZGF0ZSI6MTIwMDAwMDAwMDAwMH19",
          "dependencies": [
            "module.object-storage.oci_objectstorage_bucket.ewp_image_storage"
          ]
        },
        {
          "index_key": 142,
          "schema_version": 0,
          "attributes": {
            "bucket": "ewp_image_store",
            "cache_control": null,
            "content": null,
            "content_disposition": null,
            "content_encoding": null,
            "content_language": null,
            "content_length": "709812",
            "content_md5": "5+pYjVXfjTVRPOABDqhxhg==",
            "content_type": "image/jpeg",
            "delete_all_object_versions": false,
            "id": "n/lr4poue3hwjl/b/ewp_image_store/o/weddings%2FBeth%20and%20Tom%2Fcover.jpg",
            "metadata": {},
            "namespace": "lr4poue3hwjl",
            "object": "weddings/Beth and Tom/cover.jpg",
            "opc_sse_kms_key_id": null,
            "source": "../assets/weddings/Beth and Tom/cover.jpg 2016-03-09 09:15:41 +0000 GMT",
            "source_uri_details": [],
            "state": "COMPLETED",
            "storage_tier": "Standard",
            "timeouts": null,
            "version_id": "3b8030ed-2aae-42e8-acfa-505b7c3adc82",
            "work_request_id": ""
          },
          "sensitive_attributes": [],
          "private": "eyJlMmJmYjczMC1lY2FhLTExZTYtOGY4OC0zNDM2M2JjN2M0YzAiOnsiY3JlYXRlIjoxMjAwMDAwMDAwMDAwLCJkZWxldGUiOjEyMDAwMDAwMDAwMDAsInVwZGF0ZSI6MTIwMDAwMDAwMDAwMH19",
          "dependencies": [
            "module.object-storage.oci_objectstorage_bucket.ewp_image_storage"
          ]
        },
        {
          "index_key": 143,
          "schema_version": 0,
          "attributes": {
            "bucket": "ewp_image_store",
            "cache_control": null,
            "content": null,
            "content_disposition": null,
            "content_encoding": null,
            "content_language": null,
            "content_length": "476815",
            "content_md5": "m2jhFhhANA5NKOI6KxQVfg==",
            "content_type": "image/jpeg",
            "delete_all_object_versions": false,
            "id": "n/lr4poue3hwjl/b/ewp_image_store/o/weddings%2FEllie%20and%20Pete%2F1.jpg",
            "metadata": {},
            "namespace": "lr4poue3hwjl",
            "object": "weddings/Ellie and Pete/1.jpg",
            "opc_sse_kms_key_id": null,
            "source": "../assets/weddings/Ellie and Pete/1.jpg 2014-07-30 16:35:10 +0100 BST",
            "source_uri_details": [],
            "state": "COMPLETED",
            "storage_tier": "Standard",
            "timeouts": null,
            "version_id": "a38d213d-77be-41f3-b956-20aab29ca0a6",
            "work_request_id": ""
          },
          "sensitive_attributes": [],
          "private": "eyJlMmJmYjczMC1lY2FhLTExZTYtOGY4OC0zNDM2M2JjN2M0YzAiOnsiY3JlYXRlIjoxMjAwMDAwMDAwMDAwLCJkZWxldGUiOjEyMDAwMDAwMDAwMDAsInVwZGF0ZSI6MTIwMDAwMDAwMDAwMH19",
          "dependencies": [
            "module.object-storage.oci_objectstorage_bucket.ewp_image_storage"
          ]
        },
        {
          "index_key": 144,
          "schema_version": 0,
          "attributes": {
            "bucket": "ewp_image_store",
            "cache_control": null,
            "content": null,
            "content_disposition": null,
            "content_encoding": null,
            "content_language": null,
            "content_length": "444316",
            "content_md5": "Y6HhtfMb89hZg1lrtEjjWw==",
            "content_type": "image/jpeg",
            "delete_all_object_versions": false,
            "id": "n/lr4poue3hwjl/b/ewp_image_store/o/weddings%2FEllie%20and%20Pete%2F10.jpg",
            "metadata": {},
            "namespace": "lr4poue3hwjl",
            "object": "weddings/Ellie and Pete/10.jpg",
            "opc_sse_kms_key_id": null,
            "source": "../assets/weddings/Ellie and Pete/10.jpg 2014-07-30 16:33:13 +0100 BST",
            "source_uri_details": [],
            "state": "COMPLETED",
            "storage_tier": "Standard",
            "timeouts": null,
            "version_id": "b178b345-8113-4da9-90c1-6599db3eed6e",
            "work_request_id": ""
          },
          "sensitive_attributes": [],
          "private": "eyJlMmJmYjczMC1lY2FhLTExZTYtOGY4OC0zNDM2M2JjN2M0YzAiOnsiY3JlYXRlIjoxMjAwMDAwMDAwMDAwLCJkZWxldGUiOjEyMDAwMDAwMDAwMDAsInVwZGF0ZSI6MTIwMDAwMDAwMDAwMH19",
          "dependencies": [
            "module.object-storage.oci_objectstorage_bucket.ewp_image_storage"
          ]
        },
        {
          "index_key": 145,
          "schema_version": 0,
          "attributes": {
            "bucket": "ewp_image_store",
            "cache_control": null,
            "content": null,
            "content_disposition": null,
            "content_encoding": null,
            "content_language": null,
            "content_length": "499470",
            "content_md5": "2P3VROWOdMH6hLo+CwuH0A==",
            "content_type": "image/jpeg",
            "delete_all_object_versions": false,
            "id": "n/lr4poue3hwjl/b/ewp_image_store/o/weddings%2FEllie%20and%20Pete%2F11.jpg",
            "metadata": {},
            "namespace": "lr4poue3hwjl",
            "object": "weddings/Ellie and Pete/11.jpg",
            "opc_sse_kms_key_id": null,
            "source": "../assets/weddings/Ellie and Pete/11.jpg 2014-07-30 16:33:00 +0100 BST",
            "source_uri_details": [],
            "state": "COMPLETED",
            "storage_tier": "Standard",
            "timeouts": null,
            "version_id": "d2ca6e9d-4284-4109-a132-3605833056b6",
            "work_request_id": ""
          },
          "sensitive_attributes": [],
          "private": "eyJlMmJmYjczMC1lY2FhLTExZTYtOGY4OC0zNDM2M2JjN2M0YzAiOnsiY3JlYXRlIjoxMjAwMDAwMDAwMDAwLCJkZWxldGUiOjEyMDAwMDAwMDAwMDAsInVwZGF0ZSI6MTIwMDAwMDAwMDAwMH19",
          "dependencies": [
            "module.object-storage.oci_objectstorage_bucket.ewp_image_storage"
          ]
        },
        {
          "index_key": 146,
          "schema_version": 0,
          "attributes": {
            "bucket": "ewp_image_store",
            "cache_control": null,
            "content": null,
            "content_disposition": null,
            "content_encoding": null,
            "content_language": null,
            "content_length": "460053",
            "content_md5": "mNdudOia6VtUkWhzO6WyTA==",
            "content_type": "image/jpeg",
            "delete_all_object_versions": false,
            "id": "n/lr4poue3hwjl/b/ewp_image_store/o/weddings%2FEllie%20and%20Pete%2F12.jpg",
            "metadata": {},
            "namespace": "lr4poue3hwjl",
            "object": "weddings/Ellie and Pete/12.jpg",
            "opc_sse_kms_key_id": null,
            "source": "../assets/weddings/Ellie and Pete/12.jpg 2014-07-30 16:32:48 +0100 BST",
            "source_uri_details": [],
            "state": "COMPLETED",
            "storage_tier": "Standard",
            "timeouts": null,
            "version_id": "ffd4ff43-f9d8-4c87-8cb2-ff0323ab1884",
            "work_request_id": ""
          },
          "sensitive_attributes": [],
          "private": "eyJlMmJmYjczMC1lY2FhLTExZTYtOGY4OC0zNDM2M2JjN2M0YzAiOnsiY3JlYXRlIjoxMjAwMDAwMDAwMDAwLCJkZWxldGUiOjEyMDAwMDAwMDAwMDAsInVwZGF0ZSI6MTIwMDAwMDAwMDAwMH19",
          "dependencies": [
            "module.object-storage.oci_objectstorage_bucket.ewp_image_storage"
          ]
        },
        {
          "index_key": 147,
          "schema_version": 0,
          "attributes": {
            "bucket": "ewp_image_store",
            "cache_control": null,
            "content": null,
            "content_disposition": null,
            "content_encoding": null,
            "content_language": null,
            "content_length": "401336",
            "content_md5": "9JRBhCUnWOZM9ypXzFHdMA==",
            "content_type": "image/jpeg",
            "delete_all_object_versions": false,
            "id": "n/lr4poue3hwjl/b/ewp_image_store/o/weddings%2FEllie%20and%20Pete%2F13.jpg",
            "metadata": {},
            "namespace": "lr4poue3hwjl",
            "object": "weddings/Ellie and Pete/13.jpg",
            "opc_sse_kms_key_id": null,
            "source": "../assets/weddings/Ellie and Pete/13.jpg 2014-07-30 16:32:32 +0100 BST",
            "source_uri_details": [],
            "state": "COMPLETED",
            "storage_tier": "Standard",
            "timeouts": null,
            "version_id": "5b28be52-e6a1-4eb5-b4b5-db4f91d1290a",
            "work_request_id": ""
          },
          "sensitive_attributes": [],
          "private": "eyJlMmJmYjczMC1lY2FhLTExZTYtOGY4OC0zNDM2M2JjN2M0YzAiOnsiY3JlYXRlIjoxMjAwMDAwMDAwMDAwLCJkZWxldGUiOjEyMDAwMDAwMDAwMDAsInVwZGF0ZSI6MTIwMDAwMDAwMDAwMH19",
          "dependencies": [
            "module.object-storage.oci_objectstorage_bucket.ewp_image_storage"
          ]
        },
        {
          "index_key": 148,
          "schema_version": 0,
          "attributes": {
            "bucket": "ewp_image_store",
            "cache_control": null,
            "content": null,
            "content_disposition": null,
            "content_encoding": null,
            "content_language": null,
            "content_length": "454875",
            "content_md5": "gE54uVnDOg72lFzpuRdTyw==",
            "content_type": "image/jpeg",
            "delete_all_object_versions": false,
            "id": "n/lr4poue3hwjl/b/ewp_image_store/o/weddings%2FEllie%20and%20Pete%2F14.jpg",
            "metadata": {},
            "namespace": "lr4poue3hwjl",
            "object": "weddings/Ellie and Pete/14.jpg",
            "opc_sse_kms_key_id": null,
            "source": "../assets/weddings/Ellie and Pete/14.jpg 2014-07-30 16:32:18 +0100 BST",
            "source_uri_details": [],
            "state": "COMPLETED",
            "storage_tier": "Standard",
            "timeouts": null,
            "version_id": "e783b576-0c22-4fcd-9d15-4c98d9a78882",
            "work_request_id": ""
          },
          "sensitive_attributes": [],
          "private": "eyJlMmJmYjczMC1lY2FhLTExZTYtOGY4OC0zNDM2M2JjN2M0YzAiOnsiY3JlYXRlIjoxMjAwMDAwMDAwMDAwLCJkZWxldGUiOjEyMDAwMDAwMDAwMDAsInVwZGF0ZSI6MTIwMDAwMDAwMDAwMH19",
          "dependencies": [
            "module.object-storage.oci_objectstorage_bucket.ewp_image_storage"
          ]
        },
        {
          "index_key": 149,
          "schema_version": 0,
          "attributes": {
            "bucket": "ewp_image_store",
            "cache_control": null,
            "content": null,
            "content_disposition": null,
            "content_encoding": null,
            "content_language": null,
            "content_length": "498973",
            "content_md5": "Ml+QDUHYWUEqZJBncUhjYg==",
            "content_type": "image/jpeg",
            "delete_all_object_versions": false,
            "id": "n/lr4poue3hwjl/b/ewp_image_store/o/weddings%2FEllie%20and%20Pete%2F15.jpg",
            "metadata": {},
            "namespace": "lr4poue3hwjl",
            "object": "weddings/Ellie and Pete/15.jpg",
            "opc_sse_kms_key_id": null,
            "source": "../assets/weddings/Ellie and Pete/15.jpg 2014-07-30 16:32:03 +0100 BST",
            "source_uri_details": [],
            "state": "COMPLETED",
            "storage_tier": "Standard",
            "timeouts": null,
            "version_id": "ae14d0ac-eb91-4d66-9ece-506b631e68e7",
            "work_request_id": ""
          },
          "sensitive_attributes": [],
          "private": "eyJlMmJmYjczMC1lY2FhLTExZTYtOGY4OC0zNDM2M2JjN2M0YzAiOnsiY3JlYXRlIjoxMjAwMDAwMDAwMDAwLCJkZWxldGUiOjEyMDAwMDAwMDAwMDAsInVwZGF0ZSI6MTIwMDAwMDAwMDAwMH19",
          "dependencies": [
            "module.object-storage.oci_objectstorage_bucket.ewp_image_storage"
          ]
        },
        {
          "index_key": 150,
          "schema_version": 0,
          "attributes": {
            "bucket": "ewp_image_store",
            "cache_control": null,
            "content": null,
            "content_disposition": null,
            "content_encoding": null,
            "content_language": null,
            "content_length": "422007",
            "content_md5": "lcyL/H31a5V5vGQvjudj8A==",
            "content_type": "image/jpeg",
            "delete_all_object_versions": false,
            "id": "n/lr4poue3hwjl/b/ewp_image_store/o/weddings%2FEllie%20and%20Pete%2F16.jpg",
            "metadata": {},
            "namespace": "lr4poue3hwjl",
            "object": "weddings/Ellie and Pete/16.jpg",
            "opc_sse_kms_key_id": null,
            "source": "../assets/weddings/Ellie and Pete/16.jpg 2014-07-30 16:31:53 +0100 BST",
            "source_uri_details": [],
            "state": "COMPLETED",
            "storage_tier": "Standard",
            "timeouts": null,
            "version_id": "1b7cbb0e-952e-4687-87b2-e2dd9aa9604f",
            "work_request_id": ""
          },
          "sensitive_attributes": [],
          "private": "eyJlMmJmYjczMC1lY2FhLTExZTYtOGY4OC0zNDM2M2JjN2M0YzAiOnsiY3JlYXRlIjoxMjAwMDAwMDAwMDAwLCJkZWxldGUiOjEyMDAwMDAwMDAwMDAsInVwZGF0ZSI6MTIwMDAwMDAwMDAwMH19",
          "dependencies": [
            "module.object-storage.oci_objectstorage_bucket.ewp_image_storage"
          ]
        },
        {
          "index_key": 151,
          "schema_version": 0,
          "attributes": {
            "bucket": "ewp_image_store",
            "cache_control": null,
            "content": null,
            "content_disposition": null,
            "content_encoding": null,
            "content_language": null,
            "content_length": "411083",
            "content_md5": "HCsLSRNhHBjAmmnVmWAwLw==",
            "content_type": "image/jpeg",
            "delete_all_object_versions": false,
            "id": "n/lr4poue3hwjl/b/ewp_image_store/o/weddings%2FEllie%20and%20Pete%2F17.jpg",
            "metadata": {},
            "namespace": "lr4poue3hwjl",
            "object": "weddings/Ellie and Pete/17.jpg",
            "opc_sse_kms_key_id": null,
            "source": "../assets/weddings/Ellie and Pete/17.jpg 2014-07-30 16:31:38 +0100 BST",
            "source_uri_details": [],
            "state": "COMPLETED",
            "storage_tier": "Standard",
            "timeouts": null,
            "version_id": "9e3d737f-0d68-47d6-9ffa-21d2251016c0",
            "work_request_id": ""
          },
          "sensitive_attributes": [],
          "private": "eyJlMmJmYjczMC1lY2FhLTExZTYtOGY4OC0zNDM2M2JjN2M0YzAiOnsiY3JlYXRlIjoxMjAwMDAwMDAwMDAwLCJkZWxldGUiOjEyMDAwMDAwMDAwMDAsInVwZGF0ZSI6MTIwMDAwMDAwMDAwMH19",
          "dependencies": [
            "module.object-storage.oci_objectstorage_bucket.ewp_image_storage"
          ]
        },
        {
          "index_key": 152,
          "schema_version": 0,
          "attributes": {
            "bucket": "ewp_image_store",
            "cache_control": null,
            "content": null,
            "content_disposition": null,
            "content_encoding": null,
            "content_language": null,
            "content_length": "423143",
            "content_md5": "aPuqTVSw3eChHS6YoPDB/A==",
            "content_type": "image/jpeg",
            "delete_all_object_versions": false,
            "id": "n/lr4poue3hwjl/b/ewp_image_store/o/weddings%2FEllie%20and%20Pete%2F18.jpg",
            "metadata": {},
            "namespace": "lr4poue3hwjl",
            "object": "weddings/Ellie and Pete/18.jpg",
            "opc_sse_kms_key_id": null,
            "source": "../assets/weddings/Ellie and Pete/18.jpg 2014-07-30 16:31:25 +0100 BST",
            "source_uri_details": [],
            "state": "COMPLETED",
            "storage_tier": "Standard",
            "timeouts": null,
            "version_id": "85f7ee48-ef16-465d-933c-afd9aaaeae4a",
            "work_request_id": ""
          },
          "sensitive_attributes": [],
          "private": "eyJlMmJmYjczMC1lY2FhLTExZTYtOGY4OC0zNDM2M2JjN2M0YzAiOnsiY3JlYXRlIjoxMjAwMDAwMDAwMDAwLCJkZWxldGUiOjEyMDAwMDAwMDAwMDAsInVwZGF0ZSI6MTIwMDAwMDAwMDAwMH19",
          "dependencies": [
            "module.object-storage.oci_objectstorage_bucket.ewp_image_storage"
          ]
        },
        {
          "index_key": 153,
          "schema_version": 0,
          "attributes": {
            "bucket": "ewp_image_store",
            "cache_control": null,
            "content": null,
            "content_disposition": null,
            "content_encoding": null,
            "content_language": null,
            "content_length": "386691",
            "content_md5": "cI5TQUsQGn9DSXnMbsvLrQ==",
            "content_type": "image/jpeg",
            "delete_all_object_versions": false,
            "id": "n/lr4poue3hwjl/b/ewp_image_store/o/weddings%2FEllie%20and%20Pete%2F19.jpg",
            "metadata": {},
            "namespace": "lr4poue3hwjl",
            "object": "weddings/Ellie and Pete/19.jpg",
            "opc_sse_kms_key_id": null,
            "source": "../assets/weddings/Ellie and Pete/19.jpg 2014-07-30 16:31:13 +0100 BST",
            "source_uri_details": [],
            "state": "COMPLETED",
            "storage_tier": "Standard",
            "timeouts": null,
            "version_id": "09f8820f-ed5b-4a78-862a-0c7b254c320c",
            "work_request_id": ""
          },
          "sensitive_attributes": [],
          "private": "eyJlMmJmYjczMC1lY2FhLTExZTYtOGY4OC0zNDM2M2JjN2M0YzAiOnsiY3JlYXRlIjoxMjAwMDAwMDAwMDAwLCJkZWxldGUiOjEyMDAwMDAwMDAwMDAsInVwZGF0ZSI6MTIwMDAwMDAwMDAwMH19",
          "dependencies": [
            "module.object-storage.oci_objectstorage_bucket.ewp_image_storage"
          ]
        },
        {
          "index_key": 154,
          "schema_version": 0,
          "attributes": {
            "bucket": "ewp_image_store",
            "cache_control": null,
            "content": null,
            "content_disposition": null,
            "content_encoding": null,
            "content_language": null,
            "content_length": "534913",
            "content_md5": "AXhGaRXW4aYt5cVHN/H4/w==",
            "content_type": "image/jpeg",
            "delete_all_object_versions": false,
            "id": "n/lr4poue3hwjl/b/ewp_image_store/o/weddings%2FEllie%20and%20Pete%2F2.jpg",
            "metadata": {},
            "namespace": "lr4poue3hwjl",
            "object": "weddings/Ellie and Pete/2.jpg",
            "opc_sse_kms_key_id": null,
            "source": "../assets/weddings/Ellie and Pete/2.jpg 2014-07-30 16:34:57 +0100 BST",
            "source_uri_details": [],
            "state": "COMPLETED",
            "storage_tier": "Standard",
            "timeouts": null,
            "version_id": "4358c312-449a-4061-97d5-163a3d1f38fc",
            "work_request_id": ""
          },
          "sensitive_attributes": [],
          "private": "eyJlMmJmYjczMC1lY2FhLTExZTYtOGY4OC0zNDM2M2JjN2M0YzAiOnsiY3JlYXRlIjoxMjAwMDAwMDAwMDAwLCJkZWxldGUiOjEyMDAwMDAwMDAwMDAsInVwZGF0ZSI6MTIwMDAwMDAwMDAwMH19",
          "dependencies": [
            "module.object-storage.oci_objectstorage_bucket.ewp_image_storage"
          ]
        },
        {
          "index_key": 155,
          "schema_version": 0,
          "attributes": {
            "bucket": "ewp_image_store",
            "cache_control": null,
            "content": null,
            "content_disposition": null,
            "content_encoding": null,
            "content_language": null,
            "content_length": "381831",
            "content_md5": "jKANwoD3z4E3OnXiU4eHfA==",
            "content_type": "image/jpeg",
            "delete_all_object_versions": false,
            "id": "n/lr4poue3hwjl/b/ewp_image_store/o/weddings%2FEllie%20and%20Pete%2F20.jpg",
            "metadata": {},
            "namespace": "lr4poue3hwjl",
            "object": "weddings/Ellie and Pete/20.jpg",
            "opc_sse_kms_key_id": null,
            "source": "../assets/weddings/Ellie and Pete/20.jpg 2014-07-30 16:30:58 +0100 BST",
            "source_uri_details": [],
            "state": "COMPLETED",
            "storage_tier": "Standard",
            "timeouts": null,
            "version_id": "707f5c9c-5e93-4c31-acd6-4ddbf51bd86c",
            "work_request_id": ""
          },
          "sensitive_attributes": [],
          "private": "eyJlMmJmYjczMC1lY2FhLTExZTYtOGY4OC0zNDM2M2JjN2M0YzAiOnsiY3JlYXRlIjoxMjAwMDAwMDAwMDAwLCJkZWxldGUiOjEyMDAwMDAwMDAwMDAsInVwZGF0ZSI6MTIwMDAwMDAwMDAwMH19",
          "dependencies": [
            "module.object-storage.oci_objectstorage_bucket.ewp_image_storage"
          ]
        },
        {
          "index_key": 156,
          "schema_version": 0,
          "attributes": {
            "bucket": "ewp_image_store",
            "cache_control": null,
            "content": null,
            "content_disposition": null,
            "content_encoding": null,
            "content_language": null,
            "content_length": "467770",
            "content_md5": "mKRH+IM11d/JSlNA37AAcg==",
            "content_type": "image/jpeg",
            "delete_all_object_versions": false,
            "id": "n/lr4poue3hwjl/b/ewp_image_store/o/weddings%2FEllie%20and%20Pete%2F21.jpg",
            "metadata": {},
            "namespace": "lr4poue3hwjl",
            "object": "weddings/Ellie and Pete/21.jpg",
            "opc_sse_kms_key_id": null,
            "source": "../assets/weddings/Ellie and Pete/21.jpg 2014-07-30 16:30:44 +0100 BST",
            "source_uri_details": [],
            "state": "COMPLETED",
            "storage_tier": "Standard",
            "timeouts": null,
            "version_id": "bed7d4ef-039a-4ad7-9d3b-af9f55c586d0",
            "work_request_id": ""
          },
          "sensitive_attributes": [],
          "private": "eyJlMmJmYjczMC1lY2FhLTExZTYtOGY4OC0zNDM2M2JjN2M0YzAiOnsiY3JlYXRlIjoxMjAwMDAwMDAwMDAwLCJkZWxldGUiOjEyMDAwMDAwMDAwMDAsInVwZGF0ZSI6MTIwMDAwMDAwMDAwMH19",
          "dependencies": [
            "module.object-storage.oci_objectstorage_bucket.ewp_image_storage"
          ]
        },
        {
          "index_key": 157,
          "schema_version": 0,
          "attributes": {
            "bucket": "ewp_image_store",
            "cache_control": null,
            "content": null,
            "content_disposition": null,
            "content_encoding": null,
            "content_language": null,
            "content_length": "1168310",
            "content_md5": "hCO/S1e/jUVfM6qlNd7iaw==",
            "content_type": "image/jpeg",
            "delete_all_object_versions": false,
            "id": "n/lr4poue3hwjl/b/ewp_image_store/o/weddings%2FEllie%20and%20Pete%2F22.jpg",
            "metadata": {},
            "namespace": "lr4poue3hwjl",
            "object": "weddings/Ellie and Pete/22.jpg",
            "opc_sse_kms_key_id": null,
            "source": "../assets/weddings/Ellie and Pete/22.jpg 2014-07-30 16:30:32 +0100 BST",
            "source_uri_details": [],
            "state": "COMPLETED",
            "storage_tier": "Standard",
            "timeouts": null,
            "version_id": "e45a9e66-59bb-472f-a140-bc859d142df4",
            "work_request_id": ""
          },
          "sensitive_attributes": [],
          "private": "eyJlMmJmYjczMC1lY2FhLTExZTYtOGY4OC0zNDM2M2JjN2M0YzAiOnsiY3JlYXRlIjoxMjAwMDAwMDAwMDAwLCJkZWxldGUiOjEyMDAwMDAwMDAwMDAsInVwZGF0ZSI6MTIwMDAwMDAwMDAwMH19",
          "dependencies": [
            "module.object-storage.oci_objectstorage_bucket.ewp_image_storage"
          ]
        },
        {
          "index_key": 158,
          "schema_version": 0,
          "attributes": {
            "bucket": "ewp_image_store",
            "cache_control": null,
            "content": null,
            "content_disposition": null,
            "content_encoding": null,
            "content_language": null,
            "content_length": "489608",
            "content_md5": "CpQtTeDvTz49jYQk/X6dEA==",
            "content_type": "image/jpeg",
            "delete_all_object_versions": false,
            "id": "n/lr4poue3hwjl/b/ewp_image_store/o/weddings%2FEllie%20and%20Pete%2F23.jpg",
            "metadata": {},
            "namespace": "lr4poue3hwjl",
            "object": "weddings/Ellie and Pete/23.jpg",
            "opc_sse_kms_key_id": null,
            "source": "../assets/weddings/Ellie and Pete/23.jpg 2014-07-30 16:29:37 +0100 BST",
            "source_uri_details": [],
            "state": "COMPLETED",
            "storage_tier": "Standard",
            "timeouts": null,
            "version_id": "ac91abf5-8698-4b17-8946-e4ca5c2fe0ce",
            "work_request_id": ""
          },
          "sensitive_attributes": [],
          "private": "eyJlMmJmYjczMC1lY2FhLTExZTYtOGY4OC0zNDM2M2JjN2M0YzAiOnsiY3JlYXRlIjoxMjAwMDAwMDAwMDAwLCJkZWxldGUiOjEyMDAwMDAwMDAwMDAsInVwZGF0ZSI6MTIwMDAwMDAwMDAwMH19",
          "dependencies": [
            "module.object-storage.oci_objectstorage_bucket.ewp_image_storage"
          ]
        },
        {
          "index_key": 159,
          "schema_version": 0,
          "attributes": {
            "bucket": "ewp_image_store",
            "cache_control": null,
            "content": null,
            "content_disposition": null,
            "content_encoding": null,
            "content_language": null,
            "content_length": "497601",
            "content_md5": "o0E6vumXz47oT/AM5D6nSg==",
            "content_type": "image/jpeg",
            "delete_all_object_versions": false,
            "id": "n/lr4poue3hwjl/b/ewp_image_store/o/weddings%2FEllie%20and%20Pete%2F24.jpg",
            "metadata": {},
            "namespace": "lr4poue3hwjl",
            "object": "weddings/Ellie and Pete/24.jpg",
            "opc_sse_kms_key_id": null,
            "source": "../assets/weddings/Ellie and Pete/24.jpg 2014-07-30 16:29:23 +0100 BST",
            "source_uri_details": [],
            "state": "COMPLETED",
            "storage_tier": "Standard",
            "timeouts": null,
            "version_id": "d88b6d68-75dc-4930-b793-aff0f31b97f4",
            "work_request_id": ""
          },
          "sensitive_attributes": [],
          "private": "eyJlMmJmYjczMC1lY2FhLTExZTYtOGY4OC0zNDM2M2JjN2M0YzAiOnsiY3JlYXRlIjoxMjAwMDAwMDAwMDAwLCJkZWxldGUiOjEyMDAwMDAwMDAwMDAsInVwZGF0ZSI6MTIwMDAwMDAwMDAwMH19",
          "dependencies": [
            "module.object-storage.oci_objectstorage_bucket.ewp_image_storage"
          ]
        },
        {
          "index_key": 160,
          "schema_version": 0,
          "attributes": {
            "bucket": "ewp_image_store",
            "cache_control": null,
            "content": null,
            "content_disposition": null,
            "content_encoding": null,
            "content_language": null,
            "content_length": "517454",
            "content_md5": "jhsafJ84zKOgubCymYlZOA==",
            "content_type": "image/jpeg",
            "delete_all_object_versions": false,
            "id": "n/lr4poue3hwjl/b/ewp_image_store/o/weddings%2FEllie%20and%20Pete%2F25.jpg",
            "metadata": {},
            "namespace": "lr4poue3hwjl",
            "object": "weddings/Ellie and Pete/25.jpg",
            "opc_sse_kms_key_id": null,
            "source": "../assets/weddings/Ellie and Pete/25.jpg 2014-07-30 16:29:09 +0100 BST",
            "source_uri_details": [],
            "state": "COMPLETED",
            "storage_tier": "Standard",
            "timeouts": null,
            "version_id": "d5541c6f-8920-4451-b0f6-223ee8084e6c",
            "work_request_id": ""
          },
          "sensitive_attributes": [],
          "private": "eyJlMmJmYjczMC1lY2FhLTExZTYtOGY4OC0zNDM2M2JjN2M0YzAiOnsiY3JlYXRlIjoxMjAwMDAwMDAwMDAwLCJkZWxldGUiOjEyMDAwMDAwMDAwMDAsInVwZGF0ZSI6MTIwMDAwMDAwMDAwMH19",
          "dependencies": [
            "module.object-storage.oci_objectstorage_bucket.ewp_image_storage"
          ]
        },
        {
          "index_key": 161,
          "schema_version": 0,
          "attributes": {
            "bucket": "ewp_image_store",
            "cache_control": null,
            "content": null,
            "content_disposition": null,
            "content_encoding": null,
            "content_language": null,
            "content_length": "569401",
            "content_md5": "Wjdpvlaw92wNBvMFP2KrxA==",
            "content_type": "image/jpeg",
            "delete_all_object_versions": false,
            "id": "n/lr4poue3hwjl/b/ewp_image_store/o/weddings%2FEllie%20and%20Pete%2F26.jpg",
            "metadata": {},
            "namespace": "lr4poue3hwjl",
            "object": "weddings/Ellie and Pete/26.jpg",
            "opc_sse_kms_key_id": null,
            "source": "../assets/weddings/Ellie and Pete/26.jpg 2014-07-30 16:28:57 +0100 BST",
            "source_uri_details": [],
            "state": "COMPLETED",
            "storage_tier": "Standard",
            "timeouts": null,
            "version_id": "ae0c40e3-d4d3-42a7-899d-83577fdfe875",
            "work_request_id": ""
          },
          "sensitive_attributes": [],
          "private": "eyJlMmJmYjczMC1lY2FhLTExZTYtOGY4OC0zNDM2M2JjN2M0YzAiOnsiY3JlYXRlIjoxMjAwMDAwMDAwMDAwLCJkZWxldGUiOjEyMDAwMDAwMDAwMDAsInVwZGF0ZSI6MTIwMDAwMDAwMDAwMH19",
          "dependencies": [
            "module.object-storage.oci_objectstorage_bucket.ewp_image_storage"
          ]
        },
        {
          "index_key": 162,
          "schema_version": 0,
          "attributes": {
            "bucket": "ewp_image_store",
            "cache_control": null,
            "content": null,
            "content_disposition": null,
            "content_encoding": null,
            "content_language": null,
            "content_length": "568872",
            "content_md5": "ruq3B9MlDS7HctOrwMDqQg==",
            "content_type": "image/jpeg",
            "delete_all_object_versions": false,
            "id": "n/lr4poue3hwjl/b/ewp_image_store/o/weddings%2FEllie%20and%20Pete%2F27.jpg",
            "metadata": {},
            "namespace": "lr4poue3hwjl",
            "object": "weddings/Ellie and Pete/27.jpg",
            "opc_sse_kms_key_id": null,
            "source": "../assets/weddings/Ellie and Pete/27.jpg 2014-07-30 16:28:35 +0100 BST",
            "source_uri_details": [],
            "state": "COMPLETED",
            "storage_tier": "Standard",
            "timeouts": null,
            "version_id": "8dda9ca2-2d8b-4aef-803a-547396ca9f16",
            "work_request_id": ""
          },
          "sensitive_attributes": [],
          "private": "eyJlMmJmYjczMC1lY2FhLTExZTYtOGY4OC0zNDM2M2JjN2M0YzAiOnsiY3JlYXRlIjoxMjAwMDAwMDAwMDAwLCJkZWxldGUiOjEyMDAwMDAwMDAwMDAsInVwZGF0ZSI6MTIwMDAwMDAwMDAwMH19",
          "dependencies": [
            "module.object-storage.oci_objectstorage_bucket.ewp_image_storage"
          ]
        },
        {
          "index_key": 163,
          "schema_version": 0,
          "attributes": {
            "bucket": "ewp_image_store",
            "cache_control": null,
            "content": null,
            "content_disposition": null,
            "content_encoding": null,
            "content_language": null,
            "content_length": "430036",
            "content_md5": "UsbntTFX59al7Ml023YRLw==",
            "content_type": "image/jpeg",
            "delete_all_object_versions": false,
            "id": "n/lr4poue3hwjl/b/ewp_image_store/o/weddings%2FEllie%20and%20Pete%2F28.jpg",
            "metadata": {},
            "namespace": "lr4poue3hwjl",
            "object": "weddings/Ellie and Pete/28.jpg",
            "opc_sse_kms_key_id": null,
            "source": "../assets/weddings/Ellie and Pete/28.jpg 2014-07-30 16:28:17 +0100 BST",
            "source_uri_details": [],
            "state": "COMPLETED",
            "storage_tier": "Standard",
            "timeouts": null,
            "version_id": "b6e17d2e-1f70-4d31-9019-16f2a525f7f9",
            "work_request_id": ""
          },
          "sensitive_attributes": [],
          "private": "eyJlMmJmYjczMC1lY2FhLTExZTYtOGY4OC0zNDM2M2JjN2M0YzAiOnsiY3JlYXRlIjoxMjAwMDAwMDAwMDAwLCJkZWxldGUiOjEyMDAwMDAwMDAwMDAsInVwZGF0ZSI6MTIwMDAwMDAwMDAwMH19",
          "dependencies": [
            "module.object-storage.oci_objectstorage_bucket.ewp_image_storage"
          ]
        },
        {
          "index_key": 164,
          "schema_version": 0,
          "attributes": {
            "bucket": "ewp_image_store",
            "cache_control": null,
            "content": null,
            "content_disposition": null,
            "content_encoding": null,
            "content_language": null,
            "content_length": "539155",
            "content_md5": "vpz9o55Kn7KWlHytMdHbww==",
            "content_type": "image/jpeg",
            "delete_all_object_versions": false,
            "id": "n/lr4poue3hwjl/b/ewp_image_store/o/weddings%2FEllie%20and%20Pete%2F29.jpg",
            "metadata": {},
            "namespace": "lr4poue3hwjl",
            "object": "weddings/Ellie and Pete/29.jpg",
            "opc_sse_kms_key_id": null,
            "source": "../assets/weddings/Ellie and Pete/29.jpg 2014-07-30 16:28:01 +0100 BST",
            "source_uri_details": [],
            "state": "COMPLETED",
            "storage_tier": "Standard",
            "timeouts": null,
            "version_id": "8b51f7d6-4ac8-4376-8483-d80ef896486c",
            "work_request_id": ""
          },
          "sensitive_attributes": [],
          "private": "eyJlMmJmYjczMC1lY2FhLTExZTYtOGY4OC0zNDM2M2JjN2M0YzAiOnsiY3JlYXRlIjoxMjAwMDAwMDAwMDAwLCJkZWxldGUiOjEyMDAwMDAwMDAwMDAsInVwZGF0ZSI6MTIwMDAwMDAwMDAwMH19",
          "dependencies": [
            "module.object-storage.oci_objectstorage_bucket.ewp_image_storage"
          ]
        },
        {
          "index_key": 165,
          "schema_version": 0,
          "attributes": {
            "bucket": "ewp_image_store",
            "cache_control": null,
            "content": null,
            "content_disposition": null,
            "content_encoding": null,
            "content_language": null,
            "content_length": "343182",
            "content_md5": "ZEvvDMrkjLUARpGG+mndxg==",
            "content_type": "image/jpeg",
            "delete_all_object_versions": false,
            "id": "n/lr4poue3hwjl/b/ewp_image_store/o/weddings%2FEllie%20and%20Pete%2F3.jpg",
            "metadata": {},
            "namespace": "lr4poue3hwjl",
            "object": "weddings/Ellie and Pete/3.jpg",
            "opc_sse_kms_key_id": null,
            "source": "../assets/weddings/Ellie and Pete/3.jpg 2014-07-30 16:34:44 +0100 BST",
            "source_uri_details": [],
            "state": "COMPLETED",
            "storage_tier": "Standard",
            "timeouts": null,
            "version_id": "9203a5f5-d17a-4657-86ca-df5dfb20ce26",
            "work_request_id": ""
          },
          "sensitive_attributes": [],
          "private": "eyJlMmJmYjczMC1lY2FhLTExZTYtOGY4OC0zNDM2M2JjN2M0YzAiOnsiY3JlYXRlIjoxMjAwMDAwMDAwMDAwLCJkZWxldGUiOjEyMDAwMDAwMDAwMDAsInVwZGF0ZSI6MTIwMDAwMDAwMDAwMH19",
          "dependencies": [
            "module.object-storage.oci_objectstorage_bucket.ewp_image_storage"
          ]
        },
        {
          "index_key": 166,
          "schema_version": 0,
          "attributes": {
            "bucket": "ewp_image_store",
            "cache_control": null,
            "content": null,
            "content_disposition": null,
            "content_encoding": null,
            "content_language": null,
            "content_length": "529650",
            "content_md5": "ZFJE+WVlojP0YCfokddAUQ==",
            "content_type": "image/jpeg",
            "delete_all_object_versions": false,
            "id": "n/lr4poue3hwjl/b/ewp_image_store/o/weddings%2FEllie%20and%20Pete%2F30.jpg",
            "metadata": {},
            "namespace": "lr4poue3hwjl",
            "object": "weddings/Ellie and Pete/30.jpg",
            "opc_sse_kms_key_id": null,
            "source": "../assets/weddings/Ellie and Pete/30.jpg 2014-07-30 16:27:40 +0100 BST",
            "source_uri_details": [],
            "state": "COMPLETED",
            "storage_tier": "Standard",
            "timeouts": null,
            "version_id": "7b40ae2e-eff9-48bd-97d4-d99f8a8e5f78",
            "work_request_id": ""
          },
          "sensitive_attributes": [],
          "private": "eyJlMmJmYjczMC1lY2FhLTExZTYtOGY4OC0zNDM2M2JjN2M0YzAiOnsiY3JlYXRlIjoxMjAwMDAwMDAwMDAwLCJkZWxldGUiOjEyMDAwMDAwMDAwMDAsInVwZGF0ZSI6MTIwMDAwMDAwMDAwMH19",
          "dependencies": [
            "module.object-storage.oci_objectstorage_bucket.ewp_image_storage"
          ]
        },
        {
          "index_key": 167,
          "schema_version": 0,
          "attributes": {
            "bucket": "ewp_image_store",
            "cache_control": null,
            "content": null,
            "content_disposition": null,
            "content_encoding": null,
            "content_language": null,
            "content_length": "533774",
            "content_md5": "Per/Z4+HEuJIavOsktJYqQ==",
            "content_type": "image/jpeg",
            "delete_all_object_versions": false,
            "id": "n/lr4poue3hwjl/b/ewp_image_store/o/weddings%2FEllie%20and%20Pete%2F31.jpg",
            "metadata": {},
            "namespace": "lr4poue3hwjl",
            "object": "weddings/Ellie and Pete/31.jpg",
            "opc_sse_kms_key_id": null,
            "source": "../assets/weddings/Ellie and Pete/31.jpg 2014-07-30 16:26:54 +0100 BST",
            "source_uri_details": [],
            "state": "COMPLETED",
            "storage_tier": "Standard",
            "timeouts": null,
            "version_id": "03135360-a24b-47c9-bd0a-cb28d6b9850b",
            "work_request_id": ""
          },
          "sensitive_attributes": [],
          "private": "eyJlMmJmYjczMC1lY2FhLTExZTYtOGY4OC0zNDM2M2JjN2M0YzAiOnsiY3JlYXRlIjoxMjAwMDAwMDAwMDAwLCJkZWxldGUiOjEyMDAwMDAwMDAwMDAsInVwZGF0ZSI6MTIwMDAwMDAwMDAwMH19",
          "dependencies": [
            "module.object-storage.oci_objectstorage_bucket.ewp_image_storage"
          ]
        },
        {
          "index_key": 168,
          "schema_version": 0,
          "attributes": {
            "bucket": "ewp_image_store",
            "cache_control": null,
            "content": null,
            "content_disposition": null,
            "content_encoding": null,
            "content_language": null,
            "content_length": "541616",
            "content_md5": "B/gNUH60eAq8hWjdj6v0pA==",
            "content_type": "image/jpeg",
            "delete_all_object_versions": false,
            "id": "n/lr4poue3hwjl/b/ewp_image_store/o/weddings%2FEllie%20and%20Pete%2F32.jpg",
            "metadata": {},
            "namespace": "lr4poue3hwjl",
            "object": "weddings/Ellie and Pete/32.jpg",
            "opc_sse_kms_key_id": null,
            "source": "../assets/weddings/Ellie and Pete/32.jpg 2014-07-30 16:35:23 +0100 BST",
            "source_uri_details": [],
            "state": "COMPLETED",
            "storage_tier": "Standard",
            "timeouts": null,
            "version_id": "f7c57de6-4ed4-4c8a-ac81-0b356f365614",
            "work_request_id": ""
          },
          "sensitive_attributes": [],
          "private": "eyJlMmJmYjczMC1lY2FhLTExZTYtOGY4OC0zNDM2M2JjN2M0YzAiOnsiY3JlYXRlIjoxMjAwMDAwMDAwMDAwLCJkZWxldGUiOjEyMDAwMDAwMDAwMDAsInVwZGF0ZSI6MTIwMDAwMDAwMDAwMH19",
          "dependencies": [
            "module.object-storage.oci_objectstorage_bucket.ewp_image_storage"
          ]
        },
        {
          "index_key": 169,
          "schema_version": 0,
          "attributes": {
            "bucket": "ewp_image_store",
            "cache_control": null,
            "content": null,
            "content_disposition": null,
            "content_encoding": null,
            "content_language": null,
            "content_length": "440535",
            "content_md5": "v2UIbz+3sML8BRqd/KC9Kg==",
            "content_type": "image/jpeg",
            "delete_all_object_versions": false,
            "id": "n/lr4poue3hwjl/b/ewp_image_store/o/weddings%2FEllie%20and%20Pete%2F33.jpg",
            "metadata": {},
            "namespace": "lr4poue3hwjl",
            "object": "weddings/Ellie and Pete/33.jpg",
            "opc_sse_kms_key_id": null,
            "source": "../assets/weddings/Ellie and Pete/33.jpg 2014-07-30 16:26:26 +0100 BST",
            "source_uri_details": [],
            "state": "COMPLETED",
            "storage_tier": "Standard",
            "timeouts": null,
            "version_id": "d61b13e0-e579-4a6e-a09a-77a8e2181405",
            "work_request_id": ""
          },
          "sensitive_attributes": [],
          "private": "eyJlMmJmYjczMC1lY2FhLTExZTYtOGY4OC0zNDM2M2JjN2M0YzAiOnsiY3JlYXRlIjoxMjAwMDAwMDAwMDAwLCJkZWxldGUiOjEyMDAwMDAwMDAwMDAsInVwZGF0ZSI6MTIwMDAwMDAwMDAwMH19",
          "dependencies": [
            "module.object-storage.oci_objectstorage_bucket.ewp_image_storage"
          ]
        },
        {
          "index_key": 170,
          "schema_version": 0,
          "attributes": {
            "bucket": "ewp_image_store",
            "cache_control": null,
            "content": null,
            "content_disposition": null,
            "content_encoding": null,
            "content_language": null,
            "content_length": "337806",
            "content_md5": "qVxOYJmyJbzVzU1nxCPNgg==",
            "content_type": "image/jpeg",
            "delete_all_object_versions": false,
            "id": "n/lr4poue3hwjl/b/ewp_image_store/o/weddings%2FEllie%20and%20Pete%2F4.jpg",
            "metadata": {},
            "namespace": "lr4poue3hwjl",
            "object": "weddings/Ellie and Pete/4.jpg",
            "opc_sse_kms_key_id": null,
            "source": "../assets/weddings/Ellie and Pete/4.jpg 2014-07-30 16:34:30 +0100 BST",
            "source_uri_details": [],
            "state": "COMPLETED",
            "storage_tier": "Standard",
            "timeouts": null,
            "version_id": "bd4f67be-1bd0-4dc9-98c1-175f4159315b",
            "work_request_id": ""
          },
          "sensitive_attributes": [],
          "private": "eyJlMmJmYjczMC1lY2FhLTExZTYtOGY4OC0zNDM2M2JjN2M0YzAiOnsiY3JlYXRlIjoxMjAwMDAwMDAwMDAwLCJkZWxldGUiOjEyMDAwMDAwMDAwMDAsInVwZGF0ZSI6MTIwMDAwMDAwMDAwMH19",
          "dependencies": [
            "module.object-storage.oci_objectstorage_bucket.ewp_image_storage"
          ]
        },
        {
          "index_key": 171,
          "schema_version": 0,
          "attributes": {
            "bucket": "ewp_image_store",
            "cache_control": null,
            "content": null,
            "content_disposition": null,
            "content_encoding": null,
            "content_language": null,
            "content_length": "372027",
            "content_md5": "9vtkOeEARt6J7pnVf+nJkA==",
            "content_type": "image/jpeg",
            "delete_all_object_versions": false,
            "id": "n/lr4poue3hwjl/b/ewp_image_store/o/weddings%2FEllie%20and%20Pete%2F5.jpg",
            "metadata": {},
            "namespace": "lr4poue3hwjl",
            "object": "weddings/Ellie and Pete/5.jpg",
            "opc_sse_kms_key_id": null,
            "source": "../assets/weddings/Ellie and Pete/5.jpg 2014-07-30 16:34:17 +0100 BST",
            "source_uri_details": [],
            "state": "COMPLETED",
            "storage_tier": "Standard",
            "timeouts": null,
            "version_id": "c7aea086-2a11-47e2-9e71-59f25b6e9fc3",
            "work_request_id": ""
          },
          "sensitive_attributes": [],
          "private": "eyJlMmJmYjczMC1lY2FhLTExZTYtOGY4OC0zNDM2M2JjN2M0YzAiOnsiY3JlYXRlIjoxMjAwMDAwMDAwMDAwLCJkZWxldGUiOjEyMDAwMDAwMDAwMDAsInVwZGF0ZSI6MTIwMDAwMDAwMDAwMH19",
          "dependencies": [
            "module.object-storage.oci_objectstorage_bucket.ewp_image_storage"
          ]
        },
        {
          "index_key": 172,
          "schema_version": 0,
          "attributes": {
            "bucket": "ewp_image_store",
            "cache_control": null,
            "content": null,
            "content_disposition": null,
            "content_encoding": null,
            "content_language": null,
            "content_length": "441455",
            "content_md5": "qnhlK29CgvBHcbuvlH58pg==",
            "content_type": "image/jpeg",
            "delete_all_object_versions": false,
            "id": "n/lr4poue3hwjl/b/ewp_image_store/o/weddings%2FEllie%20and%20Pete%2F6.jpg",
            "metadata": {},
            "namespace": "lr4poue3hwjl",
            "object": "weddings/Ellie and Pete/6.jpg",
            "opc_sse_kms_key_id": null,
            "source": "../assets/weddings/Ellie and Pete/6.jpg 2014-07-30 16:34:04 +0100 BST",
            "source_uri_details": [],
            "state": "COMPLETED",
            "storage_tier": "Standard",
            "timeouts": null,
            "version_id": "0e61cf74-ec67-4ef2-ac68-075ddd56afb8",
            "work_request_id": ""
          },
          "sensitive_attributes": [],
          "private": "eyJlMmJmYjczMC1lY2FhLTExZTYtOGY4OC0zNDM2M2JjN2M0YzAiOnsiY3JlYXRlIjoxMjAwMDAwMDAwMDAwLCJkZWxldGUiOjEyMDAwMDAwMDAwMDAsInVwZGF0ZSI6MTIwMDAwMDAwMDAwMH19",
          "dependencies": [
            "module.object-storage.oci_objectstorage_bucket.ewp_image_storage"
          ]
        },
        {
          "index_key": 173,
          "schema_version": 0,
          "attributes": {
            "bucket": "ewp_image_store",
            "cache_control": null,
            "content": null,
            "content_disposition": null,
            "content_encoding": null,
            "content_language": null,
            "content_length": "519863",
            "content_md5": "qtOjor7fgOZ/PvC6US16xw==",
            "content_type": "image/jpeg",
            "delete_all_object_versions": false,
            "id": "n/lr4poue3hwjl/b/ewp_image_store/o/weddings%2FEllie%20and%20Pete%2F7.jpg",
            "metadata": {},
            "namespace": "lr4poue3hwjl",
            "object": "weddings/Ellie and Pete/7.jpg",
            "opc_sse_kms_key_id": null,
            "source": "../assets/weddings/Ellie and Pete/7.jpg 2014-07-30 16:33:50 +0100 BST",
            "source_uri_details": [],
            "state": "COMPLETED",
            "storage_tier": "Standard",
            "timeouts": null,
            "version_id": "71f82322-e1e4-4bfb-83e8-81cdfa673993",
            "work_request_id": ""
          },
          "sensitive_attributes": [],
          "private": "eyJlMmJmYjczMC1lY2FhLTExZTYtOGY4OC0zNDM2M2JjN2M0YzAiOnsiY3JlYXRlIjoxMjAwMDAwMDAwMDAwLCJkZWxldGUiOjEyMDAwMDAwMDAwMDAsInVwZGF0ZSI6MTIwMDAwMDAwMDAwMH19",
          "dependencies": [
            "module.object-storage.oci_objectstorage_bucket.ewp_image_storage"
          ]
        },
        {
          "index_key": 174,
          "schema_version": 0,
          "attributes": {
            "bucket": "ewp_image_store",
            "cache_control": null,
            "content": null,
            "content_disposition": null,
            "content_encoding": null,
            "content_language": null,
            "content_length": "409672",
            "content_md5": "T+TL1NnenFgTiJiWhvkIAQ==",
            "content_type": "image/jpeg",
            "delete_all_object_versions": false,
            "id": "n/lr4poue3hwjl/b/ewp_image_store/o/weddings%2FEllie%20and%20Pete%2F8.jpg",
            "metadata": {},
            "namespace": "lr4poue3hwjl",
            "object": "weddings/Ellie and Pete/8.jpg",
            "opc_sse_kms_key_id": null,
            "source": "../assets/weddings/Ellie and Pete/8.jpg 2014-07-30 16:33:39 +0100 BST",
            "source_uri_details": [],
            "state": "COMPLETED",
            "storage_tier": "Standard",
            "timeouts": null,
            "version_id": "e809d71e-a42a-4e38-b790-5ce2b007c602",
            "work_request_id": ""
          },
          "sensitive_attributes": [],
          "private": "eyJlMmJmYjczMC1lY2FhLTExZTYtOGY4OC0zNDM2M2JjN2M0YzAiOnsiY3JlYXRlIjoxMjAwMDAwMDAwMDAwLCJkZWxldGUiOjEyMDAwMDAwMDAwMDAsInVwZGF0ZSI6MTIwMDAwMDAwMDAwMH19",
          "dependencies": [
            "module.object-storage.oci_objectstorage_bucket.ewp_image_storage"
          ]
        },
        {
          "index_key": 175,
          "schema_version": 0,
          "attributes": {
            "bucket": "ewp_image_store",
            "cache_control": null,
            "content": null,
            "content_disposition": null,
            "content_encoding": null,
            "content_language": null,
            "content_length": "542963",
            "content_md5": "q9B42E3iwGQTPjbRlJlS2g==",
            "content_type": "image/jpeg",
            "delete_all_object_versions": false,
            "id": "n/lr4poue3hwjl/b/ewp_image_store/o/weddings%2FEllie%20and%20Pete%2F9.jpg",
            "metadata": {},
            "namespace": "lr4poue3hwjl",
            "object": "weddings/Ellie and Pete/9.jpg",
            "opc_sse_kms_key_id": null,
            "source": "../assets/weddings/Ellie and Pete/9.jpg 2014-07-30 16:33:30 +0100 BST",
            "source_uri_details": [],
            "state": "COMPLETED",
            "storage_tier": "Standard",
            "timeouts": null,
            "version_id": "983ea8b5-be69-481e-ad13-32c217d2618f",
            "work_request_id": ""
          },
          "sensitive_attributes": [],
          "private": "eyJlMmJmYjczMC1lY2FhLTExZTYtOGY4OC0zNDM2M2JjN2M0YzAiOnsiY3JlYXRlIjoxMjAwMDAwMDAwMDAwLCJkZWxldGUiOjEyMDAwMDAwMDAwMDAsInVwZGF0ZSI6MTIwMDAwMDAwMDAwMH19",
          "dependencies": [
            "module.object-storage.oci_objectstorage_bucket.ewp_image_storage"
          ]
        },
        {
          "index_key": 176,
          "schema_version": 0,
          "attributes": {
            "bucket": "ewp_image_store",
            "cache_control": null,
            "content": null,
            "content_disposition": null,
            "content_encoding": null,
            "content_language": null,
            "content_length": "1168310",
            "content_md5": "hCO/S1e/jUVfM6qlNd7iaw==",
            "content_type": "image/jpeg",
            "delete_all_object_versions": false,
            "id": "n/lr4poue3hwjl/b/ewp_image_store/o/weddings%2FEllie%20and%20Pete%2Fcover.jpg",
            "metadata": {},
            "namespace": "lr4poue3hwjl",
            "object": "weddings/Ellie and Pete/cover.jpg",
            "opc_sse_kms_key_id": null,
            "source": "../assets/weddings/Ellie and Pete/cover.jpg 2014-07-30 16:30:32 +0100 BST",
            "source_uri_details": [],
            "state": "COMPLETED",
            "storage_tier": "Standard",
            "timeouts": null,
            "version_id": "1fadec1b-f306-4bba-ba89-43c8b06116f4",
            "work_request_id": ""
          },
          "sensitive_attributes": [],
          "private": "eyJlMmJmYjczMC1lY2FhLTExZTYtOGY4OC0zNDM2M2JjN2M0YzAiOnsiY3JlYXRlIjoxMjAwMDAwMDAwMDAwLCJkZWxldGUiOjEyMDAwMDAwMDAwMDAsInVwZGF0ZSI6MTIwMDAwMDAwMDAwMH19",
          "dependencies": [
            "module.object-storage.oci_objectstorage_bucket.ewp_image_storage"
          ]
        },
        {
          "index_key": 177,
          "schema_version": 0,
          "attributes": {
            "bucket": "ewp_image_store",
            "cache_control": null,
            "content": null,
            "content_disposition": null,
            "content_encoding": null,
            "content_language": null,
            "content_length": "376378",
            "content_md5": "CuISY6EWk78+Zn8XteSKtQ==",
            "content_type": "image/jpeg",
            "delete_all_object_versions": false,
            "id": "n/lr4poue3hwjl/b/ewp_image_store/o/weddings%2FSarah%20and%20Toma%2F1.jpg",
            "metadata": {},
            "namespace": "lr4poue3hwjl",
            "object": "weddings/Sarah and Toma/1.jpg",
            "opc_sse_kms_key_id": null,
            "source": "../assets/weddings/Sarah and Toma/1.jpg 2014-07-30 18:07:03 +0100 BST",
            "source_uri_details": [],
            "state": "COMPLETED",
            "storage_tier": "Standard",
            "timeouts": null,
            "version_id": "cb7da4aa-eb05-4537-8c2f-2489bc20aee6",
            "work_request_id": ""
          },
          "sensitive_attributes": [],
          "private": "eyJlMmJmYjczMC1lY2FhLTExZTYtOGY4OC0zNDM2M2JjN2M0YzAiOnsiY3JlYXRlIjoxMjAwMDAwMDAwMDAwLCJkZWxldGUiOjEyMDAwMDAwMDAwMDAsInVwZGF0ZSI6MTIwMDAwMDAwMDAwMH19",
          "dependencies": [
            "module.object-storage.oci_objectstorage_bucket.ewp_image_storage"
          ]
        },
        {
          "index_key": 178,
          "schema_version": 0,
          "attributes": {
            "bucket": "ewp_image_store",
            "cache_control": null,
            "content": null,
            "content_disposition": null,
            "content_encoding": null,
            "content_language": null,
            "content_length": "467621",
            "content_md5": "oqOvcFCY3LgsQUNF1HoI3g==",
            "content_type": "image/jpeg",
            "delete_all_object_versions": false,
            "id": "n/lr4poue3hwjl/b/ewp_image_store/o/weddings%2FSarah%20and%20Toma%2F10.jpg",
            "metadata": {},
            "namespace": "lr4poue3hwjl",
            "object": "weddings/Sarah and Toma/10.jpg",
            "opc_sse_kms_key_id": null,
            "source": "../assets/weddings/Sarah and Toma/10.jpg 2014-07-30 18:05:03 +0100 BST",
            "source_uri_details": [],
            "state": "COMPLETED",
            "storage_tier": "Standard",
            "timeouts": null,
            "version_id": "64ee79fd-b13f-496d-966e-b715f9d61dc8",
            "work_request_id": ""
          },
          "sensitive_attributes": [],
          "private": "eyJlMmJmYjczMC1lY2FhLTExZTYtOGY4OC0zNDM2M2JjN2M0YzAiOnsiY3JlYXRlIjoxMjAwMDAwMDAwMDAwLCJkZWxldGUiOjEyMDAwMDAwMDAwMDAsInVwZGF0ZSI6MTIwMDAwMDAwMDAwMH19",
          "dependencies": [
            "module.object-storage.oci_objectstorage_bucket.ewp_image_storage"
          ]
        },
        {
          "index_key": 179,
          "schema_version": 0,
          "attributes": {
            "bucket": "ewp_image_store",
            "cache_control": null,
            "content": null,
            "content_disposition": null,
            "content_encoding": null,
            "content_language": null,
            "content_length": "516574",
            "content_md5": "kgSBi0PCZB17iyKMKGEQDA==",
            "content_type": "image/jpeg",
            "delete_all_object_versions": false,
            "id": "n/lr4poue3hwjl/b/ewp_image_store/o/weddings%2FSarah%20and%20Toma%2F11.jpg",
            "metadata": {},
            "namespace": "lr4poue3hwjl",
            "object": "weddings/Sarah and Toma/11.jpg",
            "opc_sse_kms_key_id": null,
            "source": "../assets/weddings/Sarah and Toma/11.jpg 2014-07-30 18:04:52 +0100 BST",
            "source_uri_details": [],
            "state": "COMPLETED",
            "storage_tier": "Standard",
            "timeouts": null,
            "version_id": "daabc372-bf77-47e2-92b6-cbe215320391",
            "work_request_id": ""
          },
          "sensitive_attributes": [],
          "private": "eyJlMmJmYjczMC1lY2FhLTExZTYtOGY4OC0zNDM2M2JjN2M0YzAiOnsiY3JlYXRlIjoxMjAwMDAwMDAwMDAwLCJkZWxldGUiOjEyMDAwMDAwMDAwMDAsInVwZGF0ZSI6MTIwMDAwMDAwMDAwMH19",
          "dependencies": [
            "module.object-storage.oci_objectstorage_bucket.ewp_image_storage"
          ]
        },
        {
          "index_key": 180,
          "schema_version": 0,
          "attributes": {
            "bucket": "ewp_image_store",
            "cache_control": null,
            "content": null,
            "content_disposition": null,
            "content_encoding": null,
            "content_language": null,
            "content_length": "424843",
            "content_md5": "wmmFLHhaShnmk1PWm5IRTA==",
            "content_type": "image/jpeg",
            "delete_all_object_versions": false,
            "id": "n/lr4poue3hwjl/b/ewp_image_store/o/weddings%2FSarah%20and%20Toma%2F12.jpg",
            "metadata": {},
            "namespace": "lr4poue3hwjl",
            "object": "weddings/Sarah and Toma/12.jpg",
            "opc_sse_kms_key_id": null,
            "source": "../assets/weddings/Sarah and Toma/12.jpg 2014-07-30 18:04:29 +0100 BST",
            "source_uri_details": [],
            "state": "COMPLETED",
            "storage_tier": "Standard",
            "timeouts": null,
            "version_id": "39d97b8e-d4a1-4065-800d-92e8115a5fb5",
            "work_request_id": ""
          },
          "sensitive_attributes": [],
          "private": "eyJlMmJmYjczMC1lY2FhLTExZTYtOGY4OC0zNDM2M2JjN2M0YzAiOnsiY3JlYXRlIjoxMjAwMDAwMDAwMDAwLCJkZWxldGUiOjEyMDAwMDAwMDAwMDAsInVwZGF0ZSI6MTIwMDAwMDAwMDAwMH19",
          "dependencies": [
            "module.object-storage.oci_objectstorage_bucket.ewp_image_storage"
          ]
        },
        {
          "index_key": 181,
          "schema_version": 0,
          "attributes": {
            "bucket": "ewp_image_store",
            "cache_control": null,
            "content": null,
            "content_disposition": null,
            "content_encoding": null,
            "content_language": null,
            "content_length": "420529",
            "content_md5": "xz9JawKIQV36qxSl/kacxg==",
            "content_type": "image/jpeg",
            "delete_all_object_versions": false,
            "id": "n/lr4poue3hwjl/b/ewp_image_store/o/weddings%2FSarah%20and%20Toma%2F13.jpg",
            "metadata": {},
            "namespace": "lr4poue3hwjl",
            "object": "weddings/Sarah and Toma/13.jpg",
            "opc_sse_kms_key_id": null,
            "source": "../assets/weddings/Sarah and Toma/13.jpg 2014-07-30 18:04:16 +0100 BST",
            "source_uri_details": [],
            "state": "COMPLETED",
            "storage_tier": "Standard",
            "timeouts": null,
            "version_id": "b489bb6d-6f18-445f-8824-ca6090377d46",
            "work_request_id": ""
          },
          "sensitive_attributes": [],
          "private": "eyJlMmJmYjczMC1lY2FhLTExZTYtOGY4OC0zNDM2M2JjN2M0YzAiOnsiY3JlYXRlIjoxMjAwMDAwMDAwMDAwLCJkZWxldGUiOjEyMDAwMDAwMDAwMDAsInVwZGF0ZSI6MTIwMDAwMDAwMDAwMH19",
          "dependencies": [
            "module.object-storage.oci_objectstorage_bucket.ewp_image_storage"
          ]
        },
        {
          "index_key": 182,
          "schema_version": 0,
          "attributes": {
            "bucket": "ewp_image_store",
            "cache_control": null,
            "content": null,
            "content_disposition": null,
            "content_encoding": null,
            "content_language": null,
            "content_length": "490435",
            "content_md5": "tLm5BhKtVfsnqyCQtLIj6A==",
            "content_type": "image/jpeg",
            "delete_all_object_versions": false,
            "id": "n/lr4poue3hwjl/b/ewp_image_store/o/weddings%2FSarah%20and%20Toma%2F14.jpg",
            "metadata": {},
            "namespace": "lr4poue3hwjl",
            "object": "weddings/Sarah and Toma/14.jpg",
            "opc_sse_kms_key_id": null,
            "source": "../assets/weddings/Sarah and Toma/14.jpg 2014-07-30 18:04:03 +0100 BST",
            "source_uri_details": [],
            "state": "COMPLETED",
            "storage_tier": "Standard",
            "timeouts": null,
            "version_id": "87f21ce3-3ac8-4cae-a5c5-08d7dd537e2f",
            "work_request_id": ""
          },
          "sensitive_attributes": [],
          "private": "eyJlMmJmYjczMC1lY2FhLTExZTYtOGY4OC0zNDM2M2JjN2M0YzAiOnsiY3JlYXRlIjoxMjAwMDAwMDAwMDAwLCJkZWxldGUiOjEyMDAwMDAwMDAwMDAsInVwZGF0ZSI6MTIwMDAwMDAwMDAwMH19",
          "dependencies": [
            "module.object-storage.oci_objectstorage_bucket.ewp_image_storage"
          ]
        },
        {
          "index_key": 183,
          "schema_version": 0,
          "attributes": {
            "bucket": "ewp_image_store",
            "cache_control": null,
            "content": null,
            "content_disposition": null,
            "content_encoding": null,
            "content_language": null,
            "content_length": "404060",
            "content_md5": "/5qn0SIvrOUfrCcrQPWf/g==",
            "content_type": "image/jpeg",
            "delete_all_object_versions": false,
            "id": "n/lr4poue3hwjl/b/ewp_image_store/o/weddings%2FSarah%20and%20Toma%2F15.jpg",
            "metadata": {},
            "namespace": "lr4poue3hwjl",
            "object": "weddings/Sarah and Toma/15.jpg",
            "opc_sse_kms_key_id": null,
            "source": "../assets/weddings/Sarah and Toma/15.jpg 2014-07-30 18:03:51 +0100 BST",
            "source_uri_details": [],
            "state": "COMPLETED",
            "storage_tier": "Standard",
            "timeouts": null,
            "version_id": "2cd71b32-8a05-46b3-a828-aa31058600a6",
            "work_request_id": ""
          },
          "sensitive_attributes": [],
          "private": "eyJlMmJmYjczMC1lY2FhLTExZTYtOGY4OC0zNDM2M2JjN2M0YzAiOnsiY3JlYXRlIjoxMjAwMDAwMDAwMDAwLCJkZWxldGUiOjEyMDAwMDAwMDAwMDAsInVwZGF0ZSI6MTIwMDAwMDAwMDAwMH19",
          "dependencies": [
            "module.object-storage.oci_objectstorage_bucket.ewp_image_storage"
          ]
        },
        {
          "index_key": 184,
          "schema_version": 0,
          "attributes": {
            "bucket": "ewp_image_store",
            "cache_control": null,
            "content": null,
            "content_disposition": null,
            "content_encoding": null,
            "content_language": null,
            "content_length": "400584",
            "content_md5": "RvHgs29L7TRqcNS0uss18w==",
            "content_type": "image/jpeg",
            "delete_all_object_versions": false,
            "id": "n/lr4poue3hwjl/b/ewp_image_store/o/weddings%2FSarah%20and%20Toma%2F16.jpg",
            "metadata": {},
            "namespace": "lr4poue3hwjl",
            "object": "weddings/Sarah and Toma/16.jpg",
            "opc_sse_kms_key_id": null,
            "source": "../assets/weddings/Sarah and Toma/16.jpg 2014-07-30 18:03:36 +0100 BST",
            "source_uri_details": [],
            "state": "COMPLETED",
            "storage_tier": "Standard",
            "timeouts": null,
            "version_id": "7eee627e-a49a-4de8-baa2-eb7bee93cf75",
            "work_request_id": ""
          },
          "sensitive_attributes": [],
          "private": "eyJlMmJmYjczMC1lY2FhLTExZTYtOGY4OC0zNDM2M2JjN2M0YzAiOnsiY3JlYXRlIjoxMjAwMDAwMDAwMDAwLCJkZWxldGUiOjEyMDAwMDAwMDAwMDAsInVwZGF0ZSI6MTIwMDAwMDAwMDAwMH19",
          "dependencies": [
            "module.object-storage.oci_objectstorage_bucket.ewp_image_storage"
          ]
        },
        {
          "index_key": 185,
          "schema_version": 0,
          "attributes": {
            "bucket": "ewp_image_store",
            "cache_control": null,
            "content": null,
            "content_disposition": null,
            "content_encoding": null,
            "content_language": null,
            "content_length": "480063",
            "content_md5": "/LNx8Han4KxPZxCOc+f5hQ==",
            "content_type": "image/jpeg",
            "delete_all_object_versions": false,
            "id": "n/lr4poue3hwjl/b/ewp_image_store/o/weddings%2FSarah%20and%20Toma%2F17.jpg",
            "metadata": {},
            "namespace": "lr4poue3hwjl",
            "object": "weddings/Sarah and Toma/17.jpg",
            "opc_sse_kms_key_id": null,
            "source": "../assets/weddings/Sarah and Toma/17.jpg 2014-07-30 18:03:20 +0100 BST",
            "source_uri_details": [],
            "state": "COMPLETED",
            "storage_tier": "Standard",
            "timeouts": null,
            "version_id": "04dd21c6-d854-4e07-9216-603d9e9f45da",
            "work_request_id": ""
          },
          "sensitive_attributes": [],
          "private": "eyJlMmJmYjczMC1lY2FhLTExZTYtOGY4OC0zNDM2M2JjN2M0YzAiOnsiY3JlYXRlIjoxMjAwMDAwMDAwMDAwLCJkZWxldGUiOjEyMDAwMDAwMDAwMDAsInVwZGF0ZSI6MTIwMDAwMDAwMDAwMH19",
          "dependencies": [
            "module.object-storage.oci_objectstorage_bucket.ewp_image_storage"
          ]
        },
        {
          "index_key": 186,
          "schema_version": 0,
          "attributes": {
            "bucket": "ewp_image_store",
            "cache_control": null,
            "content": null,
            "content_disposition": null,
            "content_encoding": null,
            "content_language": null,
            "content_length": "490563",
            "content_md5": "DQOYWOQkS73F5mmW1Ydy/Q==",
            "content_type": "image/jpeg",
            "delete_all_object_versions": false,
            "id": "n/lr4poue3hwjl/b/ewp_image_store/o/weddings%2FSarah%20and%20Toma%2F18.jpg",
            "metadata": {},
            "namespace": "lr4poue3hwjl",
            "object": "weddings/Sarah and Toma/18.jpg",
            "opc_sse_kms_key_id": null,
            "source": "../assets/weddings/Sarah and Toma/18.jpg 2014-07-30 18:03:06 +0100 BST",
            "source_uri_details": [],
            "state": "COMPLETED",
            "storage_tier": "Standard",
            "timeouts": null,
            "version_id": "97fa8e4b-e2e4-43d4-ab9e-c9fc60bf390d",
            "work_request_id": ""
          },
          "sensitive_attributes": [],
          "private": "eyJlMmJmYjczMC1lY2FhLTExZTYtOGY4OC0zNDM2M2JjN2M0YzAiOnsiY3JlYXRlIjoxMjAwMDAwMDAwMDAwLCJkZWxldGUiOjEyMDAwMDAwMDAwMDAsInVwZGF0ZSI6MTIwMDAwMDAwMDAwMH19",
          "dependencies": [
            "module.object-storage.oci_objectstorage_bucket.ewp_image_storage"
          ]
        },
        {
          "index_key": 187,
          "schema_version": 0,
          "attributes": {
            "bucket": "ewp_image_store",
            "cache_control": null,
            "content": null,
            "content_disposition": null,
            "content_encoding": null,
            "content_language": null,
            "content_length": "419200",
            "content_md5": "O6cocec6OXMD0JPg2YS7UQ==",
            "content_type": "image/jpeg",
            "delete_all_object_versions": false,
            "id": "n/lr4poue3hwjl/b/ewp_image_store/o/weddings%2FSarah%20and%20Toma%2F19.jpg",
            "metadata": {},
            "namespace": "lr4poue3hwjl",
            "object": "weddings/Sarah and Toma/19.jpg",
            "opc_sse_kms_key_id": null,
            "source": "../assets/weddings/Sarah and Toma/19.jpg 2014-07-30 18:02:53 +0100 BST",
            "source_uri_details": [],
            "state": "COMPLETED",
            "storage_tier": "Standard",
            "timeouts": null,
            "version_id": "f04ec59d-c95c-463d-a263-5e2796a9ccc9",
            "work_request_id": ""
          },
          "sensitive_attributes": [],
          "private": "eyJlMmJmYjczMC1lY2FhLTExZTYtOGY4OC0zNDM2M2JjN2M0YzAiOnsiY3JlYXRlIjoxMjAwMDAwMDAwMDAwLCJkZWxldGUiOjEyMDAwMDAwMDAwMDAsInVwZGF0ZSI6MTIwMDAwMDAwMDAwMH19",
          "dependencies": [
            "module.object-storage.oci_objectstorage_bucket.ewp_image_storage"
          ]
        },
        {
          "index_key": 188,
          "schema_version": 0,
          "attributes": {
            "bucket": "ewp_image_store",
            "cache_control": null,
            "content": null,
            "content_disposition": null,
            "content_encoding": null,
            "content_language": null,
            "content_length": "418646",
            "content_md5": "DaoGhq/ix6uJxpFlzpcqHw==",
            "content_type": "image/jpeg",
            "delete_all_object_versions": false,
            "id": "n/lr4poue3hwjl/b/ewp_image_store/o/weddings%2FSarah%20and%20Toma%2F2.jpg",
            "metadata": {},
            "namespace": "lr4poue3hwjl",
            "object": "weddings/Sarah and Toma/2.jpg",
            "opc_sse_kms_key_id": null,
            "source": "../assets/weddings/Sarah and Toma/2.jpg 2014-07-30 18:06:47 +0100 BST",
            "source_uri_details": [],
            "state": "COMPLETED",
            "storage_tier": "Standard",
            "timeouts": null,
            "version_id": "bf43c178-7a72-4240-bb4a-2cb7f0ab1ba8",
            "work_request_id": ""
          },
          "sensitive_attributes": [],
          "private": "eyJlMmJmYjczMC1lY2FhLTExZTYtOGY4OC0zNDM2M2JjN2M0YzAiOnsiY3JlYXRlIjoxMjAwMDAwMDAwMDAwLCJkZWxldGUiOjEyMDAwMDAwMDAwMDAsInVwZGF0ZSI6MTIwMDAwMDAwMDAwMH19",
          "dependencies": [
            "module.object-storage.oci_objectstorage_bucket.ewp_image_storage"
          ]
        },
        {
          "index_key": 189,
          "schema_version": 0,
          "attributes": {
            "bucket": "ewp_image_store",
            "cache_control": null,
            "content": null,
            "content_disposition": null,
            "content_encoding": null,
            "content_language": null,
            "content_length": "619460",
            "content_md5": "NGGBFmox0xGI1rqJysTK/Q==",
            "content_type": "image/jpeg",
            "delete_all_object_versions": false,
            "id": "n/lr4poue3hwjl/b/ewp_image_store/o/weddings%2FSarah%20and%20Toma%2F20.jpg",
            "metadata": {},
            "namespace": "lr4poue3hwjl",
            "object": "weddings/Sarah and Toma/20.jpg",
            "opc_sse_kms_key_id": null,
            "source": "../assets/weddings/Sarah and Toma/20.jpg 2014-07-30 18:02:41 +0100 BST",
            "source_uri_details": [],
            "state": "COMPLETED",
            "storage_tier": "Standard",
            "timeouts": null,
            "version_id": "42d038ba-5603-41ed-aec5-f525041b70e0",
            "work_request_id": ""
          },
          "sensitive_attributes": [],
          "private": "eyJlMmJmYjczMC1lY2FhLTExZTYtOGY4OC0zNDM2M2JjN2M0YzAiOnsiY3JlYXRlIjoxMjAwMDAwMDAwMDAwLCJkZWxldGUiOjEyMDAwMDAwMDAwMDAsInVwZGF0ZSI6MTIwMDAwMDAwMDAwMH19",
          "dependencies": [
            "module.object-storage.oci_objectstorage_bucket.ewp_image_storage"
          ]
        },
        {
          "index_key": 190,
          "schema_version": 0,
          "attributes": {
            "bucket": "ewp_image_store",
            "cache_control": null,
            "content": null,
            "content_disposition": null,
            "content_encoding": null,
            "content_language": null,
            "content_length": "453421",
            "content_md5": "SzM1UTtA4xZR/nN9XXeMqg==",
            "content_type": "image/jpeg",
            "delete_all_object_versions": false,
            "id": "n/lr4poue3hwjl/b/ewp_image_store/o/weddings%2FSarah%20and%20Toma%2F21.jpg",
            "metadata": {},
            "namespace": "lr4poue3hwjl",
            "object": "weddings/Sarah and Toma/21.jpg",
            "opc_sse_kms_key_id": null,
            "source": "../assets/weddings/Sarah and Toma/21.jpg 2014-07-30 18:02:26 +0100 BST",
            "source_uri_details": [],
            "state": "COMPLETED",
            "storage_tier": "Standard",
            "timeouts": null,
            "version_id": "31b0ff38-4d15-45c7-9dfe-c5dfa609699c",
            "work_request_id": ""
          },
          "sensitive_attributes": [],
          "private": "eyJlMmJmYjczMC1lY2FhLTExZTYtOGY4OC0zNDM2M2JjN2M0YzAiOnsiY3JlYXRlIjoxMjAwMDAwMDAwMDAwLCJkZWxldGUiOjEyMDAwMDAwMDAwMDAsInVwZGF0ZSI6MTIwMDAwMDAwMDAwMH19",
          "dependencies": [
            "module.object-storage.oci_objectstorage_bucket.ewp_image_storage"
          ]
        },
        {
          "index_key": 191,
          "schema_version": 0,
          "attributes": {
            "bucket": "ewp_image_store",
            "cache_control": null,
            "content": null,
            "content_disposition": null,
            "content_encoding": null,
            "content_language": null,
            "content_length": "444785",
            "content_md5": "+XMjSs+AJ5p341YJQreL5A==",
            "content_type": "image/jpeg",
            "delete_all_object_versions": false,
            "id": "n/lr4poue3hwjl/b/ewp_image_store/o/weddings%2FSarah%20and%20Toma%2F22.jpg",
            "metadata": {},
            "namespace": "lr4poue3hwjl",
            "object": "weddings/Sarah and Toma/22.jpg",
            "opc_sse_kms_key_id": null,
            "source": "../assets/weddings/Sarah and Toma/22.jpg 2014-07-30 18:02:15 +0100 BST",
            "source_uri_details": [],
            "state": "COMPLETED",
            "storage_tier": "Standard",
            "timeouts": null,
            "version_id": "287751ac-77ee-4e51-9933-b4637600fd26",
            "work_request_id": ""
          },
          "sensitive_attributes": [],
          "private": "eyJlMmJmYjczMC1lY2FhLTExZTYtOGY4OC0zNDM2M2JjN2M0YzAiOnsiY3JlYXRlIjoxMjAwMDAwMDAwMDAwLCJkZWxldGUiOjEyMDAwMDAwMDAwMDAsInVwZGF0ZSI6MTIwMDAwMDAwMDAwMH19",
          "dependencies": [
            "module.object-storage.oci_objectstorage_bucket.ewp_image_storage"
          ]
        },
        {
          "index_key": 192,
          "schema_version": 0,
          "attributes": {
            "bucket": "ewp_image_store",
            "cache_control": null,
            "content": null,
            "content_disposition": null,
            "content_encoding": null,
            "content_language": null,
            "content_length": "452671",
            "content_md5": "fTXxy+xLySvoR/kx5AhVwg==",
            "content_type": "image/jpeg",
            "delete_all_object_versions": false,
            "id": "n/lr4poue3hwjl/b/ewp_image_store/o/weddings%2FSarah%20and%20Toma%2F23.jpg",
            "metadata": {},
            "namespace": "lr4poue3hwjl",
            "object": "weddings/Sarah and Toma/23.jpg",
            "opc_sse_kms_key_id": null,
            "source": "../assets/weddings/Sarah and Toma/23.jpg 2014-07-30 18:02:00 +0100 BST",
            "source_uri_details": [],
            "state": "COMPLETED",
            "storage_tier": "Standard",
            "timeouts": null,
            "version_id": "0af0300f-bb50-41ba-b3c4-75523e879667",
            "work_request_id": ""
          },
          "sensitive_attributes": [],
          "private": "eyJlMmJmYjczMC1lY2FhLTExZTYtOGY4OC0zNDM2M2JjN2M0YzAiOnsiY3JlYXRlIjoxMjAwMDAwMDAwMDAwLCJkZWxldGUiOjEyMDAwMDAwMDAwMDAsInVwZGF0ZSI6MTIwMDAwMDAwMDAwMH19",
          "dependencies": [
            "module.object-storage.oci_objectstorage_bucket.ewp_image_storage"
          ]
        },
        {
          "index_key": 193,
          "schema_version": 0,
          "attributes": {
            "bucket": "ewp_image_store",
            "cache_control": null,
            "content": null,
            "content_disposition": null,
            "content_encoding": null,
            "content_language": null,
            "content_length": "445955",
            "content_md5": "a81MBPH92gvAIvNz1it5GQ==",
            "content_type": "image/jpeg",
            "delete_all_object_versions": false,
            "id": "n/lr4poue3hwjl/b/ewp_image_store/o/weddings%2FSarah%20and%20Toma%2F24.jpg",
            "metadata": {},
            "namespace": "lr4poue3hwjl",
            "object": "weddings/Sarah and Toma/24.jpg",
            "opc_sse_kms_key_id": null,
            "source": "../assets/weddings/Sarah and Toma/24.jpg 2014-07-30 18:01:49 +0100 BST",
            "source_uri_details": [],
            "state": "COMPLETED",
            "storage_tier": "Standard",
            "timeouts": null,
            "version_id": "c65bfc99-3a96-4067-a06e-b7b8f4d1cc4d",
            "work_request_id": ""
          },
          "sensitive_attributes": [],
          "private": "eyJlMmJmYjczMC1lY2FhLTExZTYtOGY4OC0zNDM2M2JjN2M0YzAiOnsiY3JlYXRlIjoxMjAwMDAwMDAwMDAwLCJkZWxldGUiOjEyMDAwMDAwMDAwMDAsInVwZGF0ZSI6MTIwMDAwMDAwMDAwMH19",
          "dependencies": [
            "module.object-storage.oci_objectstorage_bucket.ewp_image_storage"
          ]
        },
        {
          "index_key": 194,
          "schema_version": 0,
          "attributes": {
            "bucket": "ewp_image_store",
            "cache_control": null,
            "content": null,
            "content_disposition": null,
            "content_encoding": null,
            "content_language": null,
            "content_length": "388441",
            "content_md5": "GFEQeI/HBP21O+YFqchD3A==",
            "content_type": "image/jpeg",
            "delete_all_object_versions": false,
            "id": "n/lr4poue3hwjl/b/ewp_image_store/o/weddings%2FSarah%20and%20Toma%2F25.jpg",
            "metadata": {},
            "namespace": "lr4poue3hwjl",
            "object": "weddings/Sarah and Toma/25.jpg",
            "opc_sse_kms_key_id": null,
            "source": "../assets/weddings/Sarah and Toma/25.jpg 2014-07-30 18:01:35 +0100 BST",
            "source_uri_details": [],
            "state": "COMPLETED",
            "storage_tier": "Standard",
            "timeouts": null,
            "version_id": "4b49f484-4d44-4919-bea0-f33fabfa5c1d",
            "work_request_id": ""
          },
          "sensitive_attributes": [],
          "private": "eyJlMmJmYjczMC1lY2FhLTExZTYtOGY4OC0zNDM2M2JjN2M0YzAiOnsiY3JlYXRlIjoxMjAwMDAwMDAwMDAwLCJkZWxldGUiOjEyMDAwMDAwMDAwMDAsInVwZGF0ZSI6MTIwMDAwMDAwMDAwMH19",
          "dependencies": [
            "module.object-storage.oci_objectstorage_bucket.ewp_image_storage"
          ]
        },
        {
          "index_key": 195,
          "schema_version": 0,
          "attributes": {
            "bucket": "ewp_image_store",
            "cache_control": null,
            "content": null,
            "content_disposition": null,
            "content_encoding": null,
            "content_language": null,
            "content_length": "457306",
            "content_md5": "VL0BEJ5VXXMF3/fcz+QRRA==",
            "content_type": "image/jpeg",
            "delete_all_object_versions": false,
            "id": "n/lr4poue3hwjl/b/ewp_image_store/o/weddings%2FSarah%20and%20Toma%2F26.jpg",
            "metadata": {},
            "namespace": "lr4poue3hwjl",
            "object": "weddings/Sarah and Toma/26.jpg",
            "opc_sse_kms_key_id": null,
            "source": "../assets/weddings/Sarah and Toma/26.jpg 2014-07-30 18:01:06 +0100 BST",
            "source_uri_details": [],
            "state": "COMPLETED",
            "storage_tier": "Standard",
            "timeouts": null,
            "version_id": "35d42283-af4c-4f62-aa12-fd31faea4c13",
            "work_request_id": ""
          },
          "sensitive_attributes": [],
          "private": "eyJlMmJmYjczMC1lY2FhLTExZTYtOGY4OC0zNDM2M2JjN2M0YzAiOnsiY3JlYXRlIjoxMjAwMDAwMDAwMDAwLCJkZWxldGUiOjEyMDAwMDAwMDAwMDAsInVwZGF0ZSI6MTIwMDAwMDAwMDAwMH19",
          "dependencies": [
            "module.object-storage.oci_objectstorage_bucket.ewp_image_storage"
          ]
        },
        {
          "index_key": 196,
          "schema_version": 0,
          "attributes": {
            "bucket": "ewp_image_store",
            "cache_control": null,
            "content": null,
            "content_disposition": null,
            "content_encoding": null,
            "content_language": null,
            "content_length": "635310",
            "content_md5": "ePYglppVnNELymEIkTnFdg==",
            "content_type": "image/jpeg",
            "delete_all_object_versions": false,
            "id": "n/lr4poue3hwjl/b/ewp_image_store/o/weddings%2FSarah%20and%20Toma%2F27.jpg",
            "metadata": {},
            "namespace": "lr4poue3hwjl",
            "object": "weddings/Sarah and Toma/27.jpg",
            "opc_sse_kms_key_id": null,
            "source": "../assets/weddings/Sarah and Toma/27.jpg 2014-07-30 18:00:46 +0100 BST",
            "source_uri_details": [],
            "state": "COMPLETED",
            "storage_tier": "Standard",
            "timeouts": null,
            "version_id": "ad56f23d-7392-47fd-9076-af8cc9c28980",
            "work_request_id": ""
          },
          "sensitive_attributes": [],
          "private": "eyJlMmJmYjczMC1lY2FhLTExZTYtOGY4OC0zNDM2M2JjN2M0YzAiOnsiY3JlYXRlIjoxMjAwMDAwMDAwMDAwLCJkZWxldGUiOjEyMDAwMDAwMDAwMDAsInVwZGF0ZSI6MTIwMDAwMDAwMDAwMH19",
          "dependencies": [
            "module.object-storage.oci_objectstorage_bucket.ewp_image_storage"
          ]
        },
        {
          "index_key": 197,
          "schema_version": 0,
          "attributes": {
            "bucket": "ewp_image_store",
            "cache_control": null,
            "content": null,
            "content_disposition": null,
            "content_encoding": null,
            "content_language": null,
            "content_length": "464938",
            "content_md5": "RxISjfMqm/6xNSJ+G1OZFQ==",
            "content_type": "image/jpeg",
            "delete_all_object_versions": false,
            "id": "n/lr4poue3hwjl/b/ewp_image_store/o/weddings%2FSarah%20and%20Toma%2F28.jpg",
            "metadata": {},
            "namespace": "lr4poue3hwjl",
            "object": "weddings/Sarah and Toma/28.jpg",
            "opc_sse_kms_key_id": null,
            "source": "../assets/weddings/Sarah and Toma/28.jpg 2014-07-30 18:00:04 +0100 BST",
            "source_uri_details": [],
            "state": "COMPLETED",
            "storage_tier": "Standard",
            "timeouts": null,
            "version_id": "75506319-ccfd-4e4e-a98b-12df92f05a9d",
            "work_request_id": ""
          },
          "sensitive_attributes": [],
          "private": "eyJlMmJmYjczMC1lY2FhLTExZTYtOGY4OC0zNDM2M2JjN2M0YzAiOnsiY3JlYXRlIjoxMjAwMDAwMDAwMDAwLCJkZWxldGUiOjEyMDAwMDAwMDAwMDAsInVwZGF0ZSI6MTIwMDAwMDAwMDAwMH19",
          "dependencies": [
            "module.object-storage.oci_objectstorage_bucket.ewp_image_storage"
          ]
        },
        {
          "index_key": 198,
          "schema_version": 0,
          "attributes": {
            "bucket": "ewp_image_store",
            "cache_control": null,
            "content": null,
            "content_disposition": null,
            "content_encoding": null,
            "content_language": null,
            "content_length": "531693",
            "content_md5": "utHuFBZWQRHTRe8i7ZEn4A==",
            "content_type": "image/jpeg",
            "delete_all_object_versions": false,
            "id": "n/lr4poue3hwjl/b/ewp_image_store/o/weddings%2FSarah%20and%20Toma%2F29.jpg",
            "metadata": {},
            "namespace": "lr4poue3hwjl",
            "object": "weddings/Sarah and Toma/29.jpg",
            "opc_sse_kms_key_id": null,
            "source": "../assets/weddings/Sarah and Toma/29.jpg 2014-07-30 17:59:51 +0100 BST",
            "source_uri_details": [],
            "state": "COMPLETED",
            "storage_tier": "Standard",
            "timeouts": null,
            "version_id": "6a6addfe-9804-4485-8419-37f5ea34f513",
            "work_request_id": ""
          },
          "sensitive_attributes": [],
          "private": "eyJlMmJmYjczMC1lY2FhLTExZTYtOGY4OC0zNDM2M2JjN2M0YzAiOnsiY3JlYXRlIjoxMjAwMDAwMDAwMDAwLCJkZWxldGUiOjEyMDAwMDAwMDAwMDAsInVwZGF0ZSI6MTIwMDAwMDAwMDAwMH19",
          "dependencies": [
            "module.object-storage.oci_objectstorage_bucket.ewp_image_storage"
          ]
        },
        {
          "index_key": 199,
          "schema_version": 0,
          "attributes": {
            "bucket": "ewp_image_store",
            "cache_control": null,
            "content": null,
            "content_disposition": null,
            "content_encoding": null,
            "content_language": null,
            "content_length": "506520",
            "content_md5": "uz8hdAirlUb7+eVHplArEw==",
            "content_type": "image/jpeg",
            "delete_all_object_versions": false,
            "id": "n/lr4poue3hwjl/b/ewp_image_store/o/weddings%2FSarah%20and%20Toma%2F3.jpg",
            "metadata": {},
            "namespace": "lr4poue3hwjl",
            "object": "weddings/Sarah and Toma/3.jpg",
            "opc_sse_kms_key_id": null,
            "source": "../assets/weddings/Sarah and Toma/3.jpg 2014-07-30 18:06:33 +0100 BST",
            "source_uri_details": [],
            "state": "COMPLETED",
            "storage_tier": "Standard",
            "timeouts": null,
            "version_id": "cefd25a8-42c7-471c-9f8a-4e46298d7541",
            "work_request_id": ""
          },
          "sensitive_attributes": [],
          "private": "eyJlMmJmYjczMC1lY2FhLTExZTYtOGY4OC0zNDM2M2JjN2M0YzAiOnsiY3JlYXRlIjoxMjAwMDAwMDAwMDAwLCJkZWxldGUiOjEyMDAwMDAwMDAwMDAsInVwZGF0ZSI6MTIwMDAwMDAwMDAwMH19",
          "dependencies": [
            "module.object-storage.oci_objectstorage_bucket.ewp_image_storage"
          ]
        },
        {
          "index_key": 200,
          "schema_version": 0,
          "attributes": {
            "bucket": "ewp_image_store",
            "cache_control": null,
            "content": null,
            "content_disposition": null,
            "content_encoding": null,
            "content_language": null,
            "content_length": "392917",
            "content_md5": "9bd3p/XFqMOoLJomPSnaMg==",
            "content_type": "image/jpeg",
            "delete_all_object_versions": false,
            "id": "n/lr4poue3hwjl/b/ewp_image_store/o/weddings%2FSarah%20and%20Toma%2F30.jpg",
            "metadata": {},
            "namespace": "lr4poue3hwjl",
            "object": "weddings/Sarah and Toma/30.jpg",
            "opc_sse_kms_key_id": null,
            "source": "../assets/weddings/Sarah and Toma/30.jpg 2014-07-30 17:57:19 +0100 BST",
            "source_uri_details": [],
            "state": "COMPLETED",
            "storage_tier": "Standard",
            "timeouts": null,
            "version_id": "52aeadce-9f3e-47cb-a137-1d2fefa64f36",
            "work_request_id": ""
          },
          "sensitive_attributes": [],
          "private": "eyJlMmJmYjczMC1lY2FhLTExZTYtOGY4OC0zNDM2M2JjN2M0YzAiOnsiY3JlYXRlIjoxMjAwMDAwMDAwMDAwLCJkZWxldGUiOjEyMDAwMDAwMDAwMDAsInVwZGF0ZSI6MTIwMDAwMDAwMDAwMH19",
          "dependencies": [
            "module.object-storage.oci_objectstorage_bucket.ewp_image_storage"
          ]
        },
        {
          "index_key": 201,
          "schema_version": 0,
          "attributes": {
            "bucket": "ewp_image_store",
            "cache_control": null,
            "content": null,
            "content_disposition": null,
            "content_encoding": null,
            "content_language": null,
            "content_length": "456400",
            "content_md5": "33jmsC5vqLcSaShs5FUmcA==",
            "content_type": "image/jpeg",
            "delete_all_object_versions": false,
            "id": "n/lr4poue3hwjl/b/ewp_image_store/o/weddings%2FSarah%20and%20Toma%2F31.jpg",
            "metadata": {},
            "namespace": "lr4poue3hwjl",
            "object": "weddings/Sarah and Toma/31.jpg",
            "opc_sse_kms_key_id": null,
            "source": "../assets/weddings/Sarah and Toma/31.jpg 2014-07-30 17:57:08 +0100 BST",
            "source_uri_details": [],
            "state": "COMPLETED",
            "storage_tier": "Standard",
            "timeouts": null,
            "version_id": "85d9d349-0e4b-4836-8a43-69192381ee6f",
            "work_request_id": ""
          },
          "sensitive_attributes": [],
          "private": "eyJlMmJmYjczMC1lY2FhLTExZTYtOGY4OC0zNDM2M2JjN2M0YzAiOnsiY3JlYXRlIjoxMjAwMDAwMDAwMDAwLCJkZWxldGUiOjEyMDAwMDAwMDAwMDAsInVwZGF0ZSI6MTIwMDAwMDAwMDAwMH19",
          "dependencies": [
            "module.object-storage.oci_objectstorage_bucket.ewp_image_storage"
          ]
        },
        {
          "index_key": 202,
          "schema_version": 0,
          "attributes": {
            "bucket": "ewp_image_store",
            "cache_control": null,
            "content": null,
            "content_disposition": null,
            "content_encoding": null,
            "content_language": null,
            "content_length": "419281",
            "content_md5": "b1XfQyrRsLUA7nsbJ5IwBA==",
            "content_type": "image/jpeg",
            "delete_all_object_versions": false,
            "id": "n/lr4poue3hwjl/b/ewp_image_store/o/weddings%2FSarah%20and%20Toma%2F32.jpg",
            "metadata": {},
            "namespace": "lr4poue3hwjl",
            "object": "weddings/Sarah and Toma/32.jpg",
            "opc_sse_kms_key_id": null,
            "source": "../assets/weddings/Sarah and Toma/32.jpg 2014-07-30 17:56:56 +0100 BST",
            "source_uri_details": [],
            "state": "COMPLETED",
            "storage_tier": "Standard",
            "timeouts": null,
            "version_id": "8189f930-3bd3-46f8-a38d-5fe8a6f4b14a",
            "work_request_id": ""
          },
          "sensitive_attributes": [],
          "private": "eyJlMmJmYjczMC1lY2FhLTExZTYtOGY4OC0zNDM2M2JjN2M0YzAiOnsiY3JlYXRlIjoxMjAwMDAwMDAwMDAwLCJkZWxldGUiOjEyMDAwMDAwMDAwMDAsInVwZGF0ZSI6MTIwMDAwMDAwMDAwMH19",
          "dependencies": [
            "module.object-storage.oci_objectstorage_bucket.ewp_image_storage"
          ]
        },
        {
          "index_key": 203,
          "schema_version": 0,
          "attributes": {
            "bucket": "ewp_image_store",
            "cache_control": null,
            "content": null,
            "content_disposition": null,
            "content_encoding": null,
            "content_language": null,
            "content_length": "449496",
            "content_md5": "nqsF/oKPcrjV5XE0ZIqfMA==",
            "content_type": "image/jpeg",
            "delete_all_object_versions": false,
            "id": "n/lr4poue3hwjl/b/ewp_image_store/o/weddings%2FSarah%20and%20Toma%2F33.jpg",
            "metadata": {},
            "namespace": "lr4poue3hwjl",
            "object": "weddings/Sarah and Toma/33.jpg",
            "opc_sse_kms_key_id": null,
            "source": "../assets/weddings/Sarah and Toma/33.jpg 2014-07-30 17:56:40 +0100 BST",
            "source_uri_details": [],
            "state": "COMPLETED",
            "storage_tier": "Standard",
            "timeouts": null,
            "version_id": "0efdc41b-039c-4641-a453-61e10a5b2335",
            "work_request_id": ""
          },
          "sensitive_attributes": [],
          "private": "eyJlMmJmYjczMC1lY2FhLTExZTYtOGY4OC0zNDM2M2JjN2M0YzAiOnsiY3JlYXRlIjoxMjAwMDAwMDAwMDAwLCJkZWxldGUiOjEyMDAwMDAwMDAwMDAsInVwZGF0ZSI6MTIwMDAwMDAwMDAwMH19",
          "dependencies": [
            "module.object-storage.oci_objectstorage_bucket.ewp_image_storage"
          ]
        },
        {
          "index_key": 204,
          "schema_version": 0,
          "attributes": {
            "bucket": "ewp_image_store",
            "cache_control": null,
            "content": null,
            "content_disposition": null,
            "content_encoding": null,
            "content_language": null,
            "content_length": "414274",
            "content_md5": "XuqVG7BJasEb/jSa/ORSGA==",
            "content_type": "image/jpeg",
            "delete_all_object_versions": false,
            "id": "n/lr4poue3hwjl/b/ewp_image_store/o/weddings%2FSarah%20and%20Toma%2F34.jpg",
            "metadata": {},
            "namespace": "lr4poue3hwjl",
            "object": "weddings/Sarah and Toma/34.jpg",
            "opc_sse_kms_key_id": null,
            "source": "../assets/weddings/Sarah and Toma/34.jpg 2014-07-30 17:56:24 +0100 BST",
            "source_uri_details": [],
            "state": "COMPLETED",
            "storage_tier": "Standard",
            "timeouts": null,
            "version_id": "f678560a-d55b-4442-b115-b07011420073",
            "work_request_id": ""
          },
          "sensitive_attributes": [],
          "private": "eyJlMmJmYjczMC1lY2FhLTExZTYtOGY4OC0zNDM2M2JjN2M0YzAiOnsiY3JlYXRlIjoxMjAwMDAwMDAwMDAwLCJkZWxldGUiOjEyMDAwMDAwMDAwMDAsInVwZGF0ZSI6MTIwMDAwMDAwMDAwMH19",
          "dependencies": [
            "module.object-storage.oci_objectstorage_bucket.ewp_image_storage"
          ]
        },
        {
          "index_key": 205,
          "schema_version": 0,
          "attributes": {
            "bucket": "ewp_image_store",
            "cache_control": null,
            "content": null,
            "content_disposition": null,
            "content_encoding": null,
            "content_language": null,
            "content_length": "431905",
            "content_md5": "HrlIWFJu54CzcGDdpDepWQ==",
            "content_type": "image/jpeg",
            "delete_all_object_versions": false,
            "id": "n/lr4poue3hwjl/b/ewp_image_store/o/weddings%2FSarah%20and%20Toma%2F35.jpg",
            "metadata": {},
            "namespace": "lr4poue3hwjl",
            "object": "weddings/Sarah and Toma/35.jpg",
            "opc_sse_kms_key_id": null,
            "source": "../assets/weddings/Sarah and Toma/35.jpg 2014-07-30 17:56:11 +0100 BST",
            "source_uri_details": [],
            "state": "COMPLETED",
            "storage_tier": "Standard",
            "timeouts": null,
            "version_id": "c542e319-1815-495a-b41a-36b6abfe5ef4",
            "work_request_id": ""
          },
          "sensitive_attributes": [],
          "private": "eyJlMmJmYjczMC1lY2FhLTExZTYtOGY4OC0zNDM2M2JjN2M0YzAiOnsiY3JlYXRlIjoxMjAwMDAwMDAwMDAwLCJkZWxldGUiOjEyMDAwMDAwMDAwMDAsInVwZGF0ZSI6MTIwMDAwMDAwMDAwMH19",
          "dependencies": [
            "module.object-storage.oci_objectstorage_bucket.ewp_image_storage"
          ]
        },
        {
          "index_key": 206,
          "schema_version": 0,
          "attributes": {
            "bucket": "ewp_image_store",
            "cache_control": null,
            "content": null,
            "content_disposition": null,
            "content_encoding": null,
            "content_language": null,
            "content_length": "483881",
            "content_md5": "ifvR9lLLlxe7FZ57wgEfgA==",
            "content_type": "image/jpeg",
            "delete_all_object_versions": false,
            "id": "n/lr4poue3hwjl/b/ewp_image_store/o/weddings%2FSarah%20and%20Toma%2F36.jpg",
            "metadata": {},
            "namespace": "lr4poue3hwjl",
            "object": "weddings/Sarah and Toma/36.jpg",
            "opc_sse_kms_key_id": null,
            "source": "../assets/weddings/Sarah and Toma/36.jpg 2014-07-30 17:55:54 +0100 BST",
            "source_uri_details": [],
            "state": "COMPLETED",
            "storage_tier": "Standard",
            "timeouts": null,
            "version_id": "36d3ea38-da04-443e-8618-f7f4f0f54d84",
            "work_request_id": ""
          },
          "sensitive_attributes": [],
          "private": "eyJlMmJmYjczMC1lY2FhLTExZTYtOGY4OC0zNDM2M2JjN2M0YzAiOnsiY3JlYXRlIjoxMjAwMDAwMDAwMDAwLCJkZWxldGUiOjEyMDAwMDAwMDAwMDAsInVwZGF0ZSI6MTIwMDAwMDAwMDAwMH19",
          "dependencies": [
            "module.object-storage.oci_objectstorage_bucket.ewp_image_storage"
          ]
        },
        {
          "index_key": 207,
          "schema_version": 0,
          "attributes": {
            "bucket": "ewp_image_store",
            "cache_control": null,
            "content": null,
            "content_disposition": null,
            "content_encoding": null,
            "content_language": null,
            "content_length": "465186",
            "content_md5": "Gq87BSWeBL+pyWALHeEXDA==",
            "content_type": "image/jpeg",
            "delete_all_object_versions": false,
            "id": "n/lr4poue3hwjl/b/ewp_image_store/o/weddings%2FSarah%20and%20Toma%2F37.jpg",
            "metadata": {},
            "namespace": "lr4poue3hwjl",
            "object": "weddings/Sarah and Toma/37.jpg",
            "opc_sse_kms_key_id": null,
            "source": "../assets/weddings/Sarah and Toma/37.jpg 2014-07-30 17:55:34 +0100 BST",
            "source_uri_details": [],
            "state": "COMPLETED",
            "storage_tier": "Standard",
            "timeouts": null,
            "version_id": "4fbcb11c-a44a-4cd1-b4ed-9d6c85d2efe4",
            "work_request_id": ""
          },
          "sensitive_attributes": [],
          "private": "eyJlMmJmYjczMC1lY2FhLTExZTYtOGY4OC0zNDM2M2JjN2M0YzAiOnsiY3JlYXRlIjoxMjAwMDAwMDAwMDAwLCJkZWxldGUiOjEyMDAwMDAwMDAwMDAsInVwZGF0ZSI6MTIwMDAwMDAwMDAwMH19",
          "dependencies": [
            "module.object-storage.oci_objectstorage_bucket.ewp_image_storage"
          ]
        },
        {
          "index_key": 208,
          "schema_version": 0,
          "attributes": {
            "bucket": "ewp_image_store",
            "cache_control": null,
            "content": null,
            "content_disposition": null,
            "content_encoding": null,
            "content_language": null,
            "content_length": "548317",
            "content_md5": "kvKsrjghMig6f1P40VROwA==",
            "content_type": "image/jpeg",
            "delete_all_object_versions": false,
            "id": "n/lr4poue3hwjl/b/ewp_image_store/o/weddings%2FSarah%20and%20Toma%2F38.jpg",
            "metadata": {},
            "namespace": "lr4poue3hwjl",
            "object": "weddings/Sarah and Toma/38.jpg",
            "opc_sse_kms_key_id": null,
            "source": "../assets/weddings/Sarah and Toma/38.jpg 2014-07-30 17:54:41 +0100 BST",
            "source_uri_details": [],
            "state": "COMPLETED",
            "storage_tier": "Standard",
            "timeouts": null,
            "version_id": "51a5f09e-e174-4e03-92bb-4ad59a6a124f",
            "work_request_id": ""
          },
          "sensitive_attributes": [],
          "private": "eyJlMmJmYjczMC1lY2FhLTExZTYtOGY4OC0zNDM2M2JjN2M0YzAiOnsiY3JlYXRlIjoxMjAwMDAwMDAwMDAwLCJkZWxldGUiOjEyMDAwMDAwMDAwMDAsInVwZGF0ZSI6MTIwMDAwMDAwMDAwMH19",
          "dependencies": [
            "module.object-storage.oci_objectstorage_bucket.ewp_image_storage"
          ]
        },
        {
          "index_key": 209,
          "schema_version": 0,
          "attributes": {
            "bucket": "ewp_image_store",
            "cache_control": null,
            "content": null,
            "content_disposition": null,
            "content_encoding": null,
            "content_language": null,
            "content_length": "460373",
            "content_md5": "4t9c5WUkq2d/z9opR4hEMw==",
            "content_type": "image/jpeg",
            "delete_all_object_versions": false,
            "id": "n/lr4poue3hwjl/b/ewp_image_store/o/weddings%2FSarah%20and%20Toma%2F39.jpg",
            "metadata": {},
            "namespace": "lr4poue3hwjl",
            "object": "weddings/Sarah and Toma/39.jpg",
            "opc_sse_kms_key_id": null,
            "source": "../assets/weddings/Sarah and Toma/39.jpg 2014-07-30 17:54:16 +0100 BST",
            "source_uri_details": [],
            "state": "COMPLETED",
            "storage_tier": "Standard",
            "timeouts": null,
            "version_id": "27b19012-4076-4925-a9ad-4356c22c0919",
            "work_request_id": ""
          },
          "sensitive_attributes": [],
          "private": "eyJlMmJmYjczMC1lY2FhLTExZTYtOGY4OC0zNDM2M2JjN2M0YzAiOnsiY3JlYXRlIjoxMjAwMDAwMDAwMDAwLCJkZWxldGUiOjEyMDAwMDAwMDAwMDAsInVwZGF0ZSI6MTIwMDAwMDAwMDAwMH19",
          "dependencies": [
            "module.object-storage.oci_objectstorage_bucket.ewp_image_storage"
          ]
        },
        {
          "index_key": 210,
          "schema_version": 0,
          "attributes": {
            "bucket": "ewp_image_store",
            "cache_control": null,
            "content": null,
            "content_disposition": null,
            "content_encoding": null,
            "content_language": null,
            "content_length": "465804",
            "content_md5": "JFPwnHFyFOK4FhCYPZk1BQ==",
            "content_type": "image/jpeg",
            "delete_all_object_versions": false,
            "id": "n/lr4poue3hwjl/b/ewp_image_store/o/weddings%2FSarah%20and%20Toma%2F4.jpg",
            "metadata": {},
            "namespace": "lr4poue3hwjl",
            "object": "weddings/Sarah and Toma/4.jpg",
            "opc_sse_kms_key_id": null,
            "source": "../assets/weddings/Sarah and Toma/4.jpg 2014-07-30 18:06:19 +0100 BST",
            "source_uri_details": [],
            "state": "COMPLETED",
            "storage_tier": "Standard",
            "timeouts": null,
            "version_id": "542f804c-0e2f-4d8a-9b8d-73ff07f511a3",
            "work_request_id": ""
          },
          "sensitive_attributes": [],
          "private": "eyJlMmJmYjczMC1lY2FhLTExZTYtOGY4OC0zNDM2M2JjN2M0YzAiOnsiY3JlYXRlIjoxMjAwMDAwMDAwMDAwLCJkZWxldGUiOjEyMDAwMDAwMDAwMDAsInVwZGF0ZSI6MTIwMDAwMDAwMDAwMH19",
          "dependencies": [
            "module.object-storage.oci_objectstorage_bucket.ewp_image_storage"
          ]
        },
        {
          "index_key": 211,
          "schema_version": 0,
          "attributes": {
            "bucket": "ewp_image_store",
            "cache_control": null,
            "content": null,
            "content_disposition": null,
            "content_encoding": null,
            "content_language": null,
            "content_length": "462837",
            "content_md5": "+AyGKMG/pwt3rHwFGQALBw==",
            "content_type": "image/jpeg",
            "delete_all_object_versions": false,
            "id": "n/lr4poue3hwjl/b/ewp_image_store/o/weddings%2FSarah%20and%20Toma%2F40.jpg",
            "metadata": {},
            "namespace": "lr4poue3hwjl",
            "object": "weddings/Sarah and Toma/40.jpg",
            "opc_sse_kms_key_id": null,
            "source": "../assets/weddings/Sarah and Toma/40.jpg 2014-07-30 17:53:59 +0100 BST",
            "source_uri_details": [],
            "state": "COMPLETED",
            "storage_tier": "Standard",
            "timeouts": null,
            "version_id": "55ac1b60-0ce9-4296-8126-4c036b143b5b",
            "work_request_id": ""
          },
          "sensitive_attributes": [],
          "private": "eyJlMmJmYjczMC1lY2FhLTExZTYtOGY4OC0zNDM2M2JjN2M0YzAiOnsiY3JlYXRlIjoxMjAwMDAwMDAwMDAwLCJkZWxldGUiOjEyMDAwMDAwMDAwMDAsInVwZGF0ZSI6MTIwMDAwMDAwMDAwMH19",
          "dependencies": [
            "module.object-storage.oci_objectstorage_bucket.ewp_image_storage"
          ]
        },
        {
          "index_key": 212,
          "schema_version": 0,
          "attributes": {
            "bucket": "ewp_image_store",
            "cache_control": null,
            "content": null,
            "content_disposition": null,
            "content_encoding": null,
            "content_language": null,
            "content_length": "381999",
            "content_md5": "GSdIdv1Rydpi/sTYJumxJQ==",
            "content_type": "image/jpeg",
            "delete_all_object_versions": false,
            "id": "n/lr4poue3hwjl/b/ewp_image_store/o/weddings%2FSarah%20and%20Toma%2F41.jpg",
            "metadata": {},
            "namespace": "lr4poue3hwjl",
            "object": "weddings/Sarah and Toma/41.jpg",
            "opc_sse_kms_key_id": null,
            "source": "../assets/weddings/Sarah and Toma/41.jpg 2014-07-30 17:53:21 +0100 BST",
            "source_uri_details": [],
            "state": "COMPLETED",
            "storage_tier": "Standard",
            "timeouts": null,
            "version_id": "c1768412-7b68-4db9-9eff-7c06536ab049",
            "work_request_id": ""
          },
          "sensitive_attributes": [],
          "private": "eyJlMmJmYjczMC1lY2FhLTExZTYtOGY4OC0zNDM2M2JjN2M0YzAiOnsiY3JlYXRlIjoxMjAwMDAwMDAwMDAwLCJkZWxldGUiOjEyMDAwMDAwMDAwMDAsInVwZGF0ZSI6MTIwMDAwMDAwMDAwMH19",
          "dependencies": [
            "module.object-storage.oci_objectstorage_bucket.ewp_image_storage"
          ]
        },
        {
          "index_key": 213,
          "schema_version": 0,
          "attributes": {
            "bucket": "ewp_image_store",
            "cache_control": null,
            "content": null,
            "content_disposition": null,
            "content_encoding": null,
            "content_language": null,
            "content_length": "423407",
            "content_md5": "ryuisUr+GbAQnzb7ZqWXTA==",
            "content_type": "image/jpeg",
            "delete_all_object_versions": false,
            "id": "n/lr4poue3hwjl/b/ewp_image_store/o/weddings%2FSarah%20and%20Toma%2F42.jpg",
            "metadata": {},
            "namespace": "lr4poue3hwjl",
            "object": "weddings/Sarah and Toma/42.jpg",
            "opc_sse_kms_key_id": null,
            "source": "../assets/weddings/Sarah and Toma/42.jpg 2014-07-30 17:52:57 +0100 BST",
            "source_uri_details": [],
            "state": "COMPLETED",
            "storage_tier": "Standard",
            "timeouts": null,
            "version_id": "a659abbf-e093-45dc-81e2-6bbeebfbe025",
            "work_request_id": ""
          },
          "sensitive_attributes": [],
          "private": "eyJlMmJmYjczMC1lY2FhLTExZTYtOGY4OC0zNDM2M2JjN2M0YzAiOnsiY3JlYXRlIjoxMjAwMDAwMDAwMDAwLCJkZWxldGUiOjEyMDAwMDAwMDAwMDAsInVwZGF0ZSI6MTIwMDAwMDAwMDAwMH19",
          "dependencies": [
            "module.object-storage.oci_objectstorage_bucket.ewp_image_storage"
          ]
        },
        {
          "index_key": 214,
          "schema_version": 0,
          "attributes": {
            "bucket": "ewp_image_store",
            "cache_control": null,
            "content": null,
            "content_disposition": null,
            "content_encoding": null,
            "content_language": null,
            "content_length": "417807",
            "content_md5": "Y3wBDcyDmzYWtELVpufLPA==",
            "content_type": "image/jpeg",
            "delete_all_object_versions": false,
            "id": "n/lr4poue3hwjl/b/ewp_image_store/o/weddings%2FSarah%20and%20Toma%2F43.jpg",
            "metadata": {},
            "namespace": "lr4poue3hwjl",
            "object": "weddings/Sarah and Toma/43.jpg",
            "opc_sse_kms_key_id": null,
            "source": "../assets/weddings/Sarah and Toma/43.jpg 2014-07-30 17:52:42 +0100 BST",
            "source_uri_details": [],
            "state": "COMPLETED",
            "storage_tier": "Standard",
            "timeouts": null,
            "version_id": "5b167fe8-3f22-4ede-b10d-36cc776974e5",
            "work_request_id": ""
          },
          "sensitive_attributes": [],
          "private": "eyJlMmJmYjczMC1lY2FhLTExZTYtOGY4OC0zNDM2M2JjN2M0YzAiOnsiY3JlYXRlIjoxMjAwMDAwMDAwMDAwLCJkZWxldGUiOjEyMDAwMDAwMDAwMDAsInVwZGF0ZSI6MTIwMDAwMDAwMDAwMH19",
          "dependencies": [
            "module.object-storage.oci_objectstorage_bucket.ewp_image_storage"
          ]
        },
        {
          "index_key": 215,
          "schema_version": 0,
          "attributes": {
            "bucket": "ewp_image_store",
            "cache_control": null,
            "content": null,
            "content_disposition": null,
            "content_encoding": null,
            "content_language": null,
            "content_length": "341315",
            "content_md5": "TsBLjsqeegqN0DY8DyUF/g==",
            "content_type": "image/jpeg",
            "delete_all_object_versions": false,
            "id": "n/lr4poue3hwjl/b/ewp_image_store/o/weddings%2FSarah%20and%20Toma%2F5.jpg",
            "metadata": {},
            "namespace": "lr4poue3hwjl",
            "object": "weddings/Sarah and Toma/5.jpg",
            "opc_sse_kms_key_id": null,
            "source": "../assets/weddings/Sarah and Toma/5.jpg 2014-07-30 18:06:05 +0100 BST",
            "source_uri_details": [],
            "state": "COMPLETED",
            "storage_tier": "Standard",
            "timeouts": null,
            "version_id": "33f88b0e-0296-4a53-acca-08edd8e69582",
            "work_request_id": ""
          },
          "sensitive_attributes": [],
          "private": "eyJlMmJmYjczMC1lY2FhLTExZTYtOGY4OC0zNDM2M2JjN2M0YzAiOnsiY3JlYXRlIjoxMjAwMDAwMDAwMDAwLCJkZWxldGUiOjEyMDAwMDAwMDAwMDAsInVwZGF0ZSI6MTIwMDAwMDAwMDAwMH19",
          "dependencies": [
            "module.object-storage.oci_objectstorage_bucket.ewp_image_storage"
          ]
        },
        {
          "index_key": 216,
          "schema_version": 0,
          "attributes": {
            "bucket": "ewp_image_store",
            "cache_control": null,
            "content": null,
            "content_disposition": null,
            "content_encoding": null,
            "content_language": null,
            "content_length": "559248",
            "content_md5": "CSW7dQl5bpy4i86gPp7TvA==",
            "content_type": "image/jpeg",
            "delete_all_object_versions": false,
            "id": "n/lr4poue3hwjl/b/ewp_image_store/o/weddings%2FSarah%20and%20Toma%2F6.jpg",
            "metadata": {},
            "namespace": "lr4poue3hwjl",
            "object": "weddings/Sarah and Toma/6.jpg",
            "opc_sse_kms_key_id": null,
            "source": "../assets/weddings/Sarah and Toma/6.jpg 2014-07-30 18:05:54 +0100 BST",
            "source_uri_details": [],
            "state": "COMPLETED",
            "storage_tier": "Standard",
            "timeouts": null,
            "version_id": "2766a445-25bc-44f1-b9f1-1c5e49e95e2d",
            "work_request_id": ""
          },
          "sensitive_attributes": [],
          "private": "eyJlMmJmYjczMC1lY2FhLTExZTYtOGY4OC0zNDM2M2JjN2M0YzAiOnsiY3JlYXRlIjoxMjAwMDAwMDAwMDAwLCJkZWxldGUiOjEyMDAwMDAwMDAwMDAsInVwZGF0ZSI6MTIwMDAwMDAwMDAwMH19",
          "dependencies": [
            "module.object-storage.oci_objectstorage_bucket.ewp_image_storage"
          ]
        },
        {
          "index_key": 217,
          "schema_version": 0,
          "attributes": {
            "bucket": "ewp_image_store",
            "cache_control": null,
            "content": null,
            "content_disposition": null,
            "content_encoding": null,
            "content_language": null,
            "content_length": "484898",
            "content_md5": "Qe02mV1KBKfeMKFSt7xr8Q==",
            "content_type": "image/jpeg",
            "delete_all_object_versions": false,
            "id": "n/lr4poue3hwjl/b/ewp_image_store/o/weddings%2FSarah%20and%20Toma%2F7.jpg",
            "metadata": {},
            "namespace": "lr4poue3hwjl",
            "object": "weddings/Sarah and Toma/7.jpg",
            "opc_sse_kms_key_id": null,
            "source": "../assets/weddings/Sarah and Toma/7.jpg 2014-07-30 18:05:41 +0100 BST",
            "source_uri_details": [],
            "state": "COMPLETED",
            "storage_tier": "Standard",
            "timeouts": null,
            "version_id": "0fa47050-c781-47b8-b919-6f87e0b9515d",
            "work_request_id": ""
          },
          "sensitive_attributes": [],
          "private": "eyJlMmJmYjczMC1lY2FhLTExZTYtOGY4OC0zNDM2M2JjN2M0YzAiOnsiY3JlYXRlIjoxMjAwMDAwMDAwMDAwLCJkZWxldGUiOjEyMDAwMDAwMDAwMDAsInVwZGF0ZSI6MTIwMDAwMDAwMDAwMH19",
          "dependencies": [
            "module.object-storage.oci_objectstorage_bucket.ewp_image_storage"
          ]
        },
        {
          "index_key": 218,
          "schema_version": 0,
          "attributes": {
            "bucket": "ewp_image_store",
            "cache_control": null,
            "content": null,
            "content_disposition": null,
            "content_encoding": null,
            "content_language": null,
            "content_length": "482941",
            "content_md5": "uT1A1JwtANNP5nd+NnneJw==",
            "content_type": "image/jpeg",
            "delete_all_object_versions": false,
            "id": "n/lr4poue3hwjl/b/ewp_image_store/o/weddings%2FSarah%20and%20Toma%2F8.jpg",
            "metadata": {},
            "namespace": "lr4poue3hwjl",
            "object": "weddings/Sarah and Toma/8.jpg",
            "opc_sse_kms_key_id": null,
            "source": "../assets/weddings/Sarah and Toma/8.jpg 2014-07-30 18:05:29 +0100 BST",
            "source_uri_details": [],
            "state": "COMPLETED",
            "storage_tier": "Standard",
            "timeouts": null,
            "version_id": "ffb66062-e99d-4cbf-8627-d57b40a93f45",
            "work_request_id": ""
          },
          "sensitive_attributes": [],
          "private": "eyJlMmJmYjczMC1lY2FhLTExZTYtOGY4OC0zNDM2M2JjN2M0YzAiOnsiY3JlYXRlIjoxMjAwMDAwMDAwMDAwLCJkZWxldGUiOjEyMDAwMDAwMDAwMDAsInVwZGF0ZSI6MTIwMDAwMDAwMDAwMH19",
          "dependencies": [
            "module.object-storage.oci_objectstorage_bucket.ewp_image_storage"
          ]
        },
        {
          "index_key": 219,
          "schema_version": 0,
          "attributes": {
            "bucket": "ewp_image_store",
            "cache_control": null,
            "content": null,
            "content_disposition": null,
            "content_encoding": null,
            "content_language": null,
            "content_length": "462789",
            "content_md5": "7mSg7x8lk4Wf4pkH+i4w3A==",
            "content_type": "image/jpeg",
            "delete_all_object_versions": false,
            "id": "n/lr4poue3hwjl/b/ewp_image_store/o/weddings%2FSarah%20and%20Toma%2F9.jpg",
            "metadata": {},
            "namespace": "lr4poue3hwjl",
            "object": "weddings/Sarah and Toma/9.jpg",
            "opc_sse_kms_key_id": null,
            "source": "../assets/weddings/Sarah and Toma/9.jpg 2014-07-30 18:05:19 +0100 BST",
            "source_uri_details": [],
            "state": "COMPLETED",
            "storage_tier": "Standard",
            "timeouts": null,
            "version_id": "eabf11d5-50d1-44f1-8a09-7e5ebc2a552b",
            "work_request_id": ""
          },
          "sensitive_attributes": [],
          "private": "eyJlMmJmYjczMC1lY2FhLTExZTYtOGY4OC0zNDM2M2JjN2M0YzAiOnsiY3JlYXRlIjoxMjAwMDAwMDAwMDAwLCJkZWxldGUiOjEyMDAwMDAwMDAwMDAsInVwZGF0ZSI6MTIwMDAwMDAwMDAwMH19",
          "dependencies": [
            "module.object-storage.oci_objectstorage_bucket.ewp_image_storage"
          ]
        },
        {
          "index_key": 220,
          "schema_version": 0,
          "attributes": {
            "bucket": "ewp_image_store",
            "cache_control": null,
            "content": null,
            "content_disposition": null,
            "content_encoding": null,
            "content_language": null,
            "content_length": "483881",
            "content_md5": "ifvR9lLLlxe7FZ57wgEfgA==",
            "content_type": "image/jpeg",
            "delete_all_object_versions": false,
            "id": "n/lr4poue3hwjl/b/ewp_image_store/o/weddings%2FSarah%20and%20Toma%2Fcover.jpg",
            "metadata": {},
            "namespace": "lr4poue3hwjl",
            "object": "weddings/Sarah and Toma/cover.jpg",
            "opc_sse_kms_key_id": null,
            "source": "../assets/weddings/Sarah and Toma/cover.jpg 2014-07-30 17:55:54 +0100 BST",
            "source_uri_details": [],
            "state": "COMPLETED",
            "storage_tier": "Standard",
            "timeouts": null,
            "version_id": "b8a6ab8d-ce36-4b63-9263-ee30d64da859",
            "work_request_id": ""
          },
          "sensitive_attributes": [],
          "private": "eyJlMmJmYjczMC1lY2FhLTExZTYtOGY4OC0zNDM2M2JjN2M0YzAiOnsiY3JlYXRlIjoxMjAwMDAwMDAwMDAwLCJkZWxldGUiOjEyMDAwMDAwMDAwMDAsInVwZGF0ZSI6MTIwMDAwMDAwMDAwMH19",
          "dependencies": [
            "module.object-storage.oci_objectstorage_bucket.ewp_image_storage"
          ]
        },
        {
          "index_key": 221,
          "schema_version": 0,
          "attributes": {
            "bucket": "ewp_image_store",
            "cache_control": null,
            "content": null,
            "content_disposition": null,
            "content_encoding": null,
            "content_language": null,
            "content_length": "703542",
            "content_md5": "ou4nP3PUVsKqbaiDGwhw7A==",
            "content_type": "image/jpeg",
            "delete_all_object_versions": false,
            "id": "n/lr4poue3hwjl/b/ewp_image_store/o/weddings%2FTom%20and%20Rebecca%2F1.jpg",
            "metadata": {},
            "namespace": "lr4poue3hwjl",
            "object": "weddings/Tom and Rebecca/1.jpg",
            "opc_sse_kms_key_id": null,
            "source": "../assets/weddings/Tom and Rebecca/1.jpg 2015-07-19 13:13:12 +0100 BST",
            "source_uri_details": [],
            "state": "COMPLETED",
            "storage_tier": "Standard",
            "timeouts": null,
            "version_id": "92638374-0f4b-4a4a-8d6b-4c4c71ad256d",
            "work_request_id": ""
          },
          "sensitive_attributes": [],
          "private": "eyJlMmJmYjczMC1lY2FhLTExZTYtOGY4OC0zNDM2M2JjN2M0YzAiOnsiY3JlYXRlIjoxMjAwMDAwMDAwMDAwLCJkZWxldGUiOjEyMDAwMDAwMDAwMDAsInVwZGF0ZSI6MTIwMDAwMDAwMDAwMH19",
          "dependencies": [
            "module.object-storage.oci_objectstorage_bucket.ewp_image_storage"
          ]
        },
        {
          "index_key": 222,
          "schema_version": 0,
          "attributes": {
            "bucket": "ewp_image_store",
            "cache_control": null,
            "content": null,
            "content_disposition": null,
            "content_encoding": null,
            "content_language": null,
            "content_length": "266308",
            "content_md5": "KbZFMSJsq2gOs2JSWL6Ycg==",
            "content_type": "image/jpeg",
            "delete_all_object_versions": false,
            "id": "n/lr4poue3hwjl/b/ewp_image_store/o/weddings%2FTom%20and%20Rebecca%2F10.jpg",
            "metadata": {},
            "namespace": "lr4poue3hwjl",
            "object": "weddings/Tom and Rebecca/10.jpg",
            "opc_sse_kms_key_id": null,
            "source": "../assets/weddings/Tom and Rebecca/10.jpg 2015-07-19 13:11:41 +0100 BST",
            "source_uri_details": [],
            "state": "COMPLETED",
            "storage_tier": "Standard",
            "timeouts": null,
            "version_id": "992e7074-e8b7-4cb5-b36f-f3a08e72b3cf",
            "work_request_id": ""
          },
          "sensitive_attributes": [],
          "private": "eyJlMmJmYjczMC1lY2FhLTExZTYtOGY4OC0zNDM2M2JjN2M0YzAiOnsiY3JlYXRlIjoxMjAwMDAwMDAwMDAwLCJkZWxldGUiOjEyMDAwMDAwMDAwMDAsInVwZGF0ZSI6MTIwMDAwMDAwMDAwMH19",
          "dependencies": [
            "module.object-storage.oci_objectstorage_bucket.ewp_image_storage"
          ]
        },
        {
          "index_key": 223,
          "schema_version": 0,
          "attributes": {
            "bucket": "ewp_image_store",
            "cache_control": null,
            "content": null,
            "content_disposition": null,
            "content_encoding": null,
            "content_language": null,
            "content_length": "656688",
            "content_md5": "6AHUzlZXu67knQRxwCvKcQ==",
            "content_type": "image/jpeg",
            "delete_all_object_versions": false,
            "id": "n/lr4poue3hwjl/b/ewp_image_store/o/weddings%2FTom%20and%20Rebecca%2F11.jpg",
            "metadata": {},
            "namespace": "lr4poue3hwjl",
            "object": "weddings/Tom and Rebecca/11.jpg",
            "opc_sse_kms_key_id": null,
            "source": "../assets/weddings/Tom and Rebecca/11.jpg 2015-07-19 13:11:32 +0100 BST",
            "source_uri_details": [],
            "state": "COMPLETED",
            "storage_tier": "Standard",
            "timeouts": null,
            "version_id": "4eb74286-62be-46c7-9214-5cfb4d76c001",
            "work_request_id": ""
          },
          "sensitive_attributes": [],
          "private": "eyJlMmJmYjczMC1lY2FhLTExZTYtOGY4OC0zNDM2M2JjN2M0YzAiOnsiY3JlYXRlIjoxMjAwMDAwMDAwMDAwLCJkZWxldGUiOjEyMDAwMDAwMDAwMDAsInVwZGF0ZSI6MTIwMDAwMDAwMDAwMH19",
          "dependencies": [
            "module.object-storage.oci_objectstorage_bucket.ewp_image_storage"
          ]
        },
        {
          "index_key": 224,
          "schema_version": 0,
          "attributes": {
            "bucket": "ewp_image_store",
            "cache_control": null,
            "content": null,
            "content_disposition": null,
            "content_encoding": null,
            "content_language": null,
            "content_length": "701829",
            "content_md5": "UgeFsTTBhZDOleijOK1dbA==",
            "content_type": "image/jpeg",
            "delete_all_object_versions": false,
            "id": "n/lr4poue3hwjl/b/ewp_image_store/o/weddings%2FTom%20and%20Rebecca%2F12.jpg",
            "metadata": {},
            "namespace": "lr4poue3hwjl",
            "object": "weddings/Tom and Rebecca/12.jpg",
            "opc_sse_kms_key_id": null,
            "source": "../assets/weddings/Tom and Rebecca/12.jpg 2015-07-19 13:11:22 +0100 BST",
            "source_uri_details": [],
            "state": "COMPLETED",
            "storage_tier": "Standard",
            "timeouts": null,
            "version_id": "4fbe45ca-f3a6-406f-8b03-99c02635ef69",
            "work_request_id": ""
          },
          "sensitive_attributes": [],
          "private": "eyJlMmJmYjczMC1lY2FhLTExZTYtOGY4OC0zNDM2M2JjN2M0YzAiOnsiY3JlYXRlIjoxMjAwMDAwMDAwMDAwLCJkZWxldGUiOjEyMDAwMDAwMDAwMDAsInVwZGF0ZSI6MTIwMDAwMDAwMDAwMH19",
          "dependencies": [
            "module.object-storage.oci_objectstorage_bucket.ewp_image_storage"
          ]
        },
        {
          "index_key": 225,
          "schema_version": 0,
          "attributes": {
            "bucket": "ewp_image_store",
            "cache_control": null,
            "content": null,
            "content_disposition": null,
            "content_encoding": null,
            "content_language": null,
            "content_length": "1066487",
            "content_md5": "wkFJZP9B1o5iLIhldikAdA==",
            "content_type": "image/jpeg",
            "delete_all_object_versions": false,
            "id": "n/lr4poue3hwjl/b/ewp_image_store/o/weddings%2FTom%20and%20Rebecca%2F13.jpg",
            "metadata": {},
            "namespace": "lr4poue3hwjl",
            "object": "weddings/Tom and Rebecca/13.jpg",
            "opc_sse_kms_key_id": null,
            "source": "../assets/weddings/Tom and Rebecca/13.jpg 2015-07-19 13:11:12 +0100 BST",
            "source_uri_details": [],
            "state": "COMPLETED",
            "storage_tier": "Standard",
            "timeouts": null,
            "version_id": "eedb757f-78b3-4851-9d89-24c21fca1c4a",
            "work_request_id": ""
          },
          "sensitive_attributes": [],
          "private": "eyJlMmJmYjczMC1lY2FhLTExZTYtOGY4OC0zNDM2M2JjN2M0YzAiOnsiY3JlYXRlIjoxMjAwMDAwMDAwMDAwLCJkZWxldGUiOjEyMDAwMDAwMDAwMDAsInVwZGF0ZSI6MTIwMDAwMDAwMDAwMH19",
          "dependencies": [
            "module.object-storage.oci_objectstorage_bucket.ewp_image_storage"
          ]
        },
        {
          "index_key": 226,
          "schema_version": 0,
          "attributes": {
            "bucket": "ewp_image_store",
            "cache_control": null,
            "content": null,
            "content_disposition": null,
            "content_encoding": null,
            "content_language": null,
            "content_length": "491529",
            "content_md5": "Nk8Vi3iT2AEeMSSmxNnL1w==",
            "content_type": "image/jpeg",
            "delete_all_object_versions": false,
            "id": "n/lr4poue3hwjl/b/ewp_image_store/o/weddings%2FTom%20and%20Rebecca%2F14.jpg",
            "metadata": {},
            "namespace": "lr4poue3hwjl",
            "object": "weddings/Tom and Rebecca/14.jpg",
            "opc_sse_kms_key_id": null,
            "source": "../assets/weddings/Tom and Rebecca/14.jpg 2015-07-19 13:11:03 +0100 BST",
            "source_uri_details": [],
            "state": "COMPLETED",
            "storage_tier": "Standard",
            "timeouts": null,
            "version_id": "b57a92d6-2372-452b-8e36-a15d3413fe4a",
            "work_request_id": ""
          },
          "sensitive_attributes": [],
          "private": "eyJlMmJmYjczMC1lY2FhLTExZTYtOGY4OC0zNDM2M2JjN2M0YzAiOnsiY3JlYXRlIjoxMjAwMDAwMDAwMDAwLCJkZWxldGUiOjEyMDAwMDAwMDAwMDAsInVwZGF0ZSI6MTIwMDAwMDAwMDAwMH19",
          "dependencies": [
            "module.object-storage.oci_objectstorage_bucket.ewp_image_storage"
          ]
        },
        {
          "index_key": 227,
          "schema_version": 0,
          "attributes": {
            "bucket": "ewp_image_store",
            "cache_control": null,
            "content": null,
            "content_disposition": null,
            "content_encoding": null,
            "content_language": null,
            "content_length": "325933",
            "content_md5": "3Tz/1VOYx3RQxpcfs1jKTg==",
            "content_type": "image/jpeg",
            "delete_all_object_versions": false,
            "id": "n/lr4poue3hwjl/b/ewp_image_store/o/weddings%2FTom%20and%20Rebecca%2F15.jpg",
            "metadata": {},
            "namespace": "lr4poue3hwjl",
            "object": "weddings/Tom and Rebecca/15.jpg",
            "opc_sse_kms_key_id": null,
            "source": "../assets/weddings/Tom and Rebecca/15.jpg 2015-07-19 13:10:51 +0100 BST",
            "source_uri_details": [],
            "state": "COMPLETED",
            "storage_tier": "Standard",
            "timeouts": null,
            "version_id": "9683fb49-1193-4642-9eb6-999a9f7196f1",
            "work_request_id": ""
          },
          "sensitive_attributes": [],
          "private": "eyJlMmJmYjczMC1lY2FhLTExZTYtOGY4OC0zNDM2M2JjN2M0YzAiOnsiY3JlYXRlIjoxMjAwMDAwMDAwMDAwLCJkZWxldGUiOjEyMDAwMDAwMDAwMDAsInVwZGF0ZSI6MTIwMDAwMDAwMDAwMH19",
          "dependencies": [
            "module.object-storage.oci_objectstorage_bucket.ewp_image_storage"
          ]
        },
        {
          "index_key": 228,
          "schema_version": 0,
          "attributes": {
            "bucket": "ewp_image_store",
            "cache_control": null,
            "content": null,
            "content_disposition": null,
            "content_encoding": null,
            "content_language": null,
            "content_length": "681602",
            "content_md5": "dzLapl3p4MBAcTO6tOvEIg==",
            "content_type": "image/jpeg",
            "delete_all_object_versions": false,
            "id": "n/lr4poue3hwjl/b/ewp_image_store/o/weddings%2FTom%20and%20Rebecca%2F16.jpg",
            "metadata": {},
            "namespace": "lr4poue3hwjl",
            "object": "weddings/Tom and Rebecca/16.jpg",
            "opc_sse_kms_key_id": null,
            "source": "../assets/weddings/Tom and Rebecca/16.jpg 2015-07-19 13:10:42 +0100 BST",
            "source_uri_details": [],
            "state": "COMPLETED",
            "storage_tier": "Standard",
            "timeouts": null,
            "version_id": "1e556a6d-fb71-43fb-b76a-793f7050e052",
            "work_request_id": ""
          },
          "sensitive_attributes": [],
          "private": "eyJlMmJmYjczMC1lY2FhLTExZTYtOGY4OC0zNDM2M2JjN2M0YzAiOnsiY3JlYXRlIjoxMjAwMDAwMDAwMDAwLCJkZWxldGUiOjEyMDAwMDAwMDAwMDAsInVwZGF0ZSI6MTIwMDAwMDAwMDAwMH19",
          "dependencies": [
            "module.object-storage.oci_objectstorage_bucket.ewp_image_storage"
          ]
        },
        {
          "index_key": 229,
          "schema_version": 0,
          "attributes": {
            "bucket": "ewp_image_store",
            "cache_control": null,
            "content": null,
            "content_disposition": null,
            "content_encoding": null,
            "content_language": null,
            "content_length": "442600",
            "content_md5": "i9GOx0R75AFVDW8UhaelcA==",
            "content_type": "image/jpeg",
            "delete_all_object_versions": false,
            "id": "n/lr4poue3hwjl/b/ewp_image_store/o/weddings%2FTom%20and%20Rebecca%2F17.jpg",
            "metadata": {},
            "namespace": "lr4poue3hwjl",
            "object": "weddings/Tom and Rebecca/17.jpg",
            "opc_sse_kms_key_id": null,
            "source": "../assets/weddings/Tom and Rebecca/17.jpg 2015-07-19 13:10:32 +0100 BST",
            "source_uri_details": [],
            "state": "COMPLETED",
            "storage_tier": "Standard",
            "timeouts": null,
            "version_id": "3022f81d-3758-4159-873d-51364e2f1988",
            "work_request_id": ""
          },
          "sensitive_attributes": [],
          "private": "eyJlMmJmYjczMC1lY2FhLTExZTYtOGY4OC0zNDM2M2JjN2M0YzAiOnsiY3JlYXRlIjoxMjAwMDAwMDAwMDAwLCJkZWxldGUiOjEyMDAwMDAwMDAwMDAsInVwZGF0ZSI6MTIwMDAwMDAwMDAwMH19",
          "dependencies": [
            "module.object-storage.oci_objectstorage_bucket.ewp_image_storage"
          ]
        },
        {
          "index_key": 230,
          "schema_version": 0,
          "attributes": {
            "bucket": "ewp_image_store",
            "cache_control": null,
            "content": null,
            "content_disposition": null,
            "content_encoding": null,
            "content_language": null,
            "content_length": "397677",
            "content_md5": "FeKGhs/TCjhHbIMyKQH9tw==",
            "content_type": "image/jpeg",
            "delete_all_object_versions": false,
            "id": "n/lr4poue3hwjl/b/ewp_image_store/o/weddings%2FTom%20and%20Rebecca%2F18.jpg",
            "metadata": {},
            "namespace": "lr4poue3hwjl",
            "object": "weddings/Tom and Rebecca/18.jpg",
            "opc_sse_kms_key_id": null,
            "source": "../assets/weddings/Tom and Rebecca/18.jpg 2015-07-19 13:10:23 +0100 BST",
            "source_uri_details": [],
            "state": "COMPLETED",
            "storage_tier": "Standard",
            "timeouts": null,
            "version_id": "1be2221a-6696-4408-9de8-33a9405ba1c8",
            "work_request_id": ""
          },
          "sensitive_attributes": [],
          "private": "eyJlMmJmYjczMC1lY2FhLTExZTYtOGY4OC0zNDM2M2JjN2M0YzAiOnsiY3JlYXRlIjoxMjAwMDAwMDAwMDAwLCJkZWxldGUiOjEyMDAwMDAwMDAwMDAsInVwZGF0ZSI6MTIwMDAwMDAwMDAwMH19",
          "dependencies": [
            "module.object-storage.oci_objectstorage_bucket.ewp_image_storage"
          ]
        },
        {
          "index_key": 231,
          "schema_version": 0,
          "attributes": {
            "bucket": "ewp_image_store",
            "cache_control": null,
            "content": null,
            "content_disposition": null,
            "content_encoding": null,
            "content_language": null,
            "content_length": "349324",
            "content_md5": "0GLkNDeuEdrIbGeGytrJug==",
            "content_type": "image/jpeg",
            "delete_all_object_versions": false,
            "id": "n/lr4poue3hwjl/b/ewp_image_store/o/weddings%2FTom%20and%20Rebecca%2F19.jpg",
            "metadata": {},
            "namespace": "lr4poue3hwjl",
            "object": "weddings/Tom and Rebecca/19.jpg",
            "opc_sse_kms_key_id": null,
            "source": "../assets/weddings/Tom and Rebecca/19.jpg 2015-07-19 13:10:11 +0100 BST",
            "source_uri_details": [],
            "state": "COMPLETED",
            "storage_tier": "Standard",
            "timeouts": null,
            "version_id": "66db81aa-6253-4f39-9367-17a23e03d93f",
            "work_request_id": ""
          },
          "sensitive_attributes": [],
          "private": "eyJlMmJmYjczMC1lY2FhLTExZTYtOGY4OC0zNDM2M2JjN2M0YzAiOnsiY3JlYXRlIjoxMjAwMDAwMDAwMDAwLCJkZWxldGUiOjEyMDAwMDAwMDAwMDAsInVwZGF0ZSI6MTIwMDAwMDAwMDAwMH19",
          "dependencies": [
            "module.object-storage.oci_objectstorage_bucket.ewp_image_storage"
          ]
        },
        {
          "index_key": 232,
          "schema_version": 0,
          "attributes": {
            "bucket": "ewp_image_store",
            "cache_control": null,
            "content": null,
            "content_disposition": null,
            "content_encoding": null,
            "content_language": null,
            "content_length": "874064",
            "content_md5": "PQuyBNf9heVxFmO0CBkxVA==",
            "content_type": "image/jpeg",
            "delete_all_object_versions": false,
            "id": "n/lr4poue3hwjl/b/ewp_image_store/o/weddings%2FTom%20and%20Rebecca%2F2.jpg",
            "metadata": {},
            "namespace": "lr4poue3hwjl",
            "object": "weddings/Tom and Rebecca/2.jpg",
            "opc_sse_kms_key_id": null,
            "source": "../assets/weddings/Tom and Rebecca/2.jpg 2015-07-19 13:12:57 +0100 BST",
            "source_uri_details": [],
            "state": "COMPLETED",
            "storage_tier": "Standard",
            "timeouts": null,
            "version_id": "bbf788bb-734d-4a94-a879-bbd4d9f7eff1",
            "work_request_id": ""
          },
          "sensitive_attributes": [],
          "private": "eyJlMmJmYjczMC1lY2FhLTExZTYtOGY4OC0zNDM2M2JjN2M0YzAiOnsiY3JlYXRlIjoxMjAwMDAwMDAwMDAwLCJkZWxldGUiOjEyMDAwMDAwMDAwMDAsInVwZGF0ZSI6MTIwMDAwMDAwMDAwMH19",
          "dependencies": [
            "module.object-storage.oci_objectstorage_bucket.ewp_image_storage"
          ]
        },
        {
          "index_key": 233,
          "schema_version": 0,
          "attributes": {
            "bucket": "ewp_image_store",
            "cache_control": null,
            "content": null,
            "content_disposition": null,
            "content_encoding": null,
            "content_language": null,
            "content_length": "1065856",
            "content_md5": "eE15jEraUF2meHUZjQwQ+Q==",
            "content_type": "image/jpeg",
            "delete_all_object_versions": false,
            "id": "n/lr4poue3hwjl/b/ewp_image_store/o/weddings%2FTom%20and%20Rebecca%2F20.jpg",
            "metadata": {},
            "namespace": "lr4poue3hwjl",
            "object": "weddings/Tom and Rebecca/20.jpg",
            "opc_sse_kms_key_id": null,
            "source": "../assets/weddings/Tom and Rebecca/20.jpg 2015-07-19 13:10:02 +0100 BST",
            "source_uri_details": [],
            "state": "COMPLETED",
            "storage_tier": "Standard",
            "timeouts": null,
            "version_id": "b4388e14-ccbb-4fd2-b7d9-4141e1573e4f",
            "work_request_id": ""
          },
          "sensitive_attributes": [],
          "private": "eyJlMmJmYjczMC1lY2FhLTExZTYtOGY4OC0zNDM2M2JjN2M0YzAiOnsiY3JlYXRlIjoxMjAwMDAwMDAwMDAwLCJkZWxldGUiOjEyMDAwMDAwMDAwMDAsInVwZGF0ZSI6MTIwMDAwMDAwMDAwMH19",
          "dependencies": [
            "module.object-storage.oci_objectstorage_bucket.ewp_image_storage"
          ]
        },
        {
          "index_key": 234,
          "schema_version": 0,
          "attributes": {
            "bucket": "ewp_image_store",
            "cache_control": null,
            "content": null,
            "content_disposition": null,
            "content_encoding": null,
            "content_language": null,
            "content_length": "768731",
            "content_md5": "AbkneHStIzOY7Rs2eU1u9A==",
            "content_type": "image/jpeg",
            "delete_all_object_versions": false,
            "id": "n/lr4poue3hwjl/b/ewp_image_store/o/weddings%2FTom%20and%20Rebecca%2F21.jpg",
            "metadata": {},
            "namespace": "lr4poue3hwjl",
            "object": "weddings/Tom and Rebecca/21.jpg",
            "opc_sse_kms_key_id": null,
            "source": "../assets/weddings/Tom and Rebecca/21.jpg 2015-07-19 13:09:53 +0100 BST",
            "source_uri_details": [],
            "state": "COMPLETED",
            "storage_tier": "Standard",
            "timeouts": null,
            "version_id": "6ffab1b3-7706-4df8-9bca-ddcf9bd6ca58",
            "work_request_id": ""
          },
          "sensitive_attributes": [],
          "private": "eyJlMmJmYjczMC1lY2FhLTExZTYtOGY4OC0zNDM2M2JjN2M0YzAiOnsiY3JlYXRlIjoxMjAwMDAwMDAwMDAwLCJkZWxldGUiOjEyMDAwMDAwMDAwMDAsInVwZGF0ZSI6MTIwMDAwMDAwMDAwMH19",
          "dependencies": [
            "module.object-storage.oci_objectstorage_bucket.ewp_image_storage"
          ]
        },
        {
          "index_key": 235,
          "schema_version": 0,
          "attributes": {
            "bucket": "ewp_image_store",
            "cache_control": null,
            "content": null,
            "content_disposition": null,
            "content_encoding": null,
            "content_language": null,
            "content_length": "759361",
            "content_md5": "42WWCupbRYeIE0vhkC+7AQ==",
            "content_type": "image/jpeg",
            "delete_all_object_versions": false,
            "id": "n/lr4poue3hwjl/b/ewp_image_store/o/weddings%2FTom%20and%20Rebecca%2F22.jpg",
            "metadata": {},
            "namespace": "lr4poue3hwjl",
            "object": "weddings/Tom and Rebecca/22.jpg",
            "opc_sse_kms_key_id": null,
            "source": "../assets/weddings/Tom and Rebecca/22.jpg 2015-07-19 13:09:44 +0100 BST",
            "source_uri_details": [],
            "state": "COMPLETED",
            "storage_tier": "Standard",
            "timeouts": null,
            "version_id": "9719d843-1221-491c-8435-42559d14e014",
            "work_request_id": ""
          },
          "sensitive_attributes": [],
          "private": "eyJlMmJmYjczMC1lY2FhLTExZTYtOGY4OC0zNDM2M2JjN2M0YzAiOnsiY3JlYXRlIjoxMjAwMDAwMDAwMDAwLCJkZWxldGUiOjEyMDAwMDAwMDAwMDAsInVwZGF0ZSI6MTIwMDAwMDAwMDAwMH19",
          "dependencies": [
            "module.object-storage.oci_objectstorage_bucket.ewp_image_storage"
          ]
        },
        {
          "index_key": 236,
          "schema_version": 0,
          "attributes": {
            "bucket": "ewp_image_store",
            "cache_control": null,
            "content": null,
            "content_disposition": null,
            "content_encoding": null,
            "content_language": null,
            "content_length": "694397",
            "content_md5": "KyXCI+MzyjeFNevrBi9gEw==",
            "content_type": "image/jpeg",
            "delete_all_object_versions": false,
            "id": "n/lr4poue3hwjl/b/ewp_image_store/o/weddings%2FTom%20and%20Rebecca%2F23.jpg",
            "metadata": {},
            "namespace": "lr4poue3hwjl",
            "object": "weddings/Tom and Rebecca/23.jpg",
            "opc_sse_kms_key_id": null,
            "source": "../assets/weddings/Tom and Rebecca/23.jpg 2015-07-19 13:09:31 +0100 BST",
            "source_uri_details": [],
            "state": "COMPLETED",
            "storage_tier": "Standard",
            "timeouts": null,
            "version_id": "dee12868-ea61-4018-a76c-63d9bea303dc",
            "work_request_id": ""
          },
          "sensitive_attributes": [],
          "private": "eyJlMmJmYjczMC1lY2FhLTExZTYtOGY4OC0zNDM2M2JjN2M0YzAiOnsiY3JlYXRlIjoxMjAwMDAwMDAwMDAwLCJkZWxldGUiOjEyMDAwMDAwMDAwMDAsInVwZGF0ZSI6MTIwMDAwMDAwMDAwMH19",
          "dependencies": [
            "module.object-storage.oci_objectstorage_bucket.ewp_image_storage"
          ]
        },
        {
          "index_key": 237,
          "schema_version": 0,
          "attributes": {
            "bucket": "ewp_image_store",
            "cache_control": null,
            "content": null,
            "content_disposition": null,
            "content_encoding": null,
            "content_language": null,
            "content_length": "820001",
            "content_md5": "G99EPspbRsCAzOONauGbfw==",
            "content_type": "image/jpeg",
            "delete_all_object_versions": false,
            "id": "n/lr4poue3hwjl/b/ewp_image_store/o/weddings%2FTom%20and%20Rebecca%2F24.jpg",
            "metadata": {},
            "namespace": "lr4poue3hwjl",
            "object": "weddings/Tom and Rebecca/24.jpg",
            "opc_sse_kms_key_id": null,
            "source": "../assets/weddings/Tom and Rebecca/24.jpg 2015-07-19 13:09:21 +0100 BST",
            "source_uri_details": [],
            "state": "COMPLETED",
            "storage_tier": "Standard",
            "timeouts": null,
            "version_id": "a5f1bd9e-3412-4e9c-8517-ca2c7bdb9fb8",
            "work_request_id": ""
          },
          "sensitive_attributes": [],
          "private": "eyJlMmJmYjczMC1lY2FhLTExZTYtOGY4OC0zNDM2M2JjN2M0YzAiOnsiY3JlYXRlIjoxMjAwMDAwMDAwMDAwLCJkZWxldGUiOjEyMDAwMDAwMDAwMDAsInVwZGF0ZSI6MTIwMDAwMDAwMDAwMH19",
          "dependencies": [
            "module.object-storage.oci_objectstorage_bucket.ewp_image_storage"
          ]
        },
        {
          "index_key": 238,
          "schema_version": 0,
          "attributes": {
            "bucket": "ewp_image_store",
            "cache_control": null,
            "content": null,
            "content_disposition": null,
            "content_encoding": null,
            "content_language": null,
            "content_length": "547783",
            "content_md5": "UZnUFyO0Ai2wzAJ9bMtFgQ==",
            "content_type": "image/jpeg",
            "delete_all_object_versions": false,
            "id": "n/lr4poue3hwjl/b/ewp_image_store/o/weddings%2FTom%20and%20Rebecca%2F25.jpg",
            "metadata": {},
            "namespace": "lr4poue3hwjl",
            "object": "weddings/Tom and Rebecca/25.jpg",
            "opc_sse_kms_key_id": null,
            "source": "../assets/weddings/Tom and Rebecca/25.jpg 2015-07-19 13:09:10 +0100 BST",
            "source_uri_details": [],
            "state": "COMPLETED",
            "storage_tier": "Standard",
            "timeouts": null,
            "version_id": "bca267e9-65cf-4676-8ebd-66f7e9ebcc78",
            "work_request_id": ""
          },
          "sensitive_attributes": [],
          "private": "eyJlMmJmYjczMC1lY2FhLTExZTYtOGY4OC0zNDM2M2JjN2M0YzAiOnsiY3JlYXRlIjoxMjAwMDAwMDAwMDAwLCJkZWxldGUiOjEyMDAwMDAwMDAwMDAsInVwZGF0ZSI6MTIwMDAwMDAwMDAwMH19",
          "dependencies": [
            "module.object-storage.oci_objectstorage_bucket.ewp_image_storage"
          ]
        },
        {
          "index_key": 239,
          "schema_version": 0,
          "attributes": {
            "bucket": "ewp_image_store",
            "cache_control": null,
            "content": null,
            "content_disposition": null,
            "content_encoding": null,
            "content_language": null,
            "content_length": "1207152",
            "content_md5": "qqvca+DX+WZHCtOHZ9uOKA==",
            "content_type": "image/jpeg",
            "delete_all_object_versions": false,
            "id": "n/lr4poue3hwjl/b/ewp_image_store/o/weddings%2FTom%20and%20Rebecca%2F26.jpg",
            "metadata": {},
            "namespace": "lr4poue3hwjl",
            "object": "weddings/Tom and Rebecca/26.jpg",
            "opc_sse_kms_key_id": null,
            "source": "../assets/weddings/Tom and Rebecca/26.jpg 2015-07-19 13:09:01 +0100 BST",
            "source_uri_details": [],
            "state": "COMPLETED",
            "storage_tier": "Standard",
            "timeouts": null,
            "version_id": "67133761-33cc-4099-9f75-4e240382f135",
            "work_request_id": ""
          },
          "sensitive_attributes": [],
          "private": "eyJlMmJmYjczMC1lY2FhLTExZTYtOGY4OC0zNDM2M2JjN2M0YzAiOnsiY3JlYXRlIjoxMjAwMDAwMDAwMDAwLCJkZWxldGUiOjEyMDAwMDAwMDAwMDAsInVwZGF0ZSI6MTIwMDAwMDAwMDAwMH19",
          "dependencies": [
            "module.object-storage.oci_objectstorage_bucket.ewp_image_storage"
          ]
        },
        {
          "index_key": 240,
          "schema_version": 0,
          "attributes": {
            "bucket": "ewp_image_store",
            "cache_control": null,
            "content": null,
            "content_disposition": null,
            "content_encoding": null,
            "content_language": null,
            "content_length": "910047",
            "content_md5": "t5qScDby7+SXmrtVL39O9g==",
            "content_type": "image/jpeg",
            "delete_all_object_versions": false,
            "id": "n/lr4poue3hwjl/b/ewp_image_store/o/weddings%2FTom%20and%20Rebecca%2F27.jpg",
            "metadata": {},
            "namespace": "lr4poue3hwjl",
            "object": "weddings/Tom and Rebecca/27.jpg",
            "opc_sse_kms_key_id": null,
            "source": "../assets/weddings/Tom and Rebecca/27.jpg 2015-07-19 13:08:51 +0100 BST",
            "source_uri_details": [],
            "state": "COMPLETED",
            "storage_tier": "Standard",
            "timeouts": null,
            "version_id": "42fb9cad-84dd-4da5-a1b4-d6f997b7567c",
            "work_request_id": ""
          },
          "sensitive_attributes": [],
          "private": "eyJlMmJmYjczMC1lY2FhLTExZTYtOGY4OC0zNDM2M2JjN2M0YzAiOnsiY3JlYXRlIjoxMjAwMDAwMDAwMDAwLCJkZWxldGUiOjEyMDAwMDAwMDAwMDAsInVwZGF0ZSI6MTIwMDAwMDAwMDAwMH19",
          "dependencies": [
            "module.object-storage.oci_objectstorage_bucket.ewp_image_storage"
          ]
        },
        {
          "index_key": 241,
          "schema_version": 0,
          "attributes": {
            "bucket": "ewp_image_store",
            "cache_control": null,
            "content": null,
            "content_disposition": null,
            "content_encoding": null,
            "content_language": null,
            "content_length": "717823",
            "content_md5": "gcMgnw1IIU9YstzEsZC74w==",
            "content_type": "image/jpeg",
            "delete_all_object_versions": false,
            "id": "n/lr4poue3hwjl/b/ewp_image_store/o/weddings%2FTom%20and%20Rebecca%2F28.jpg",
            "metadata": {},
            "namespace": "lr4poue3hwjl",
            "object": "weddings/Tom and Rebecca/28.jpg",
            "opc_sse_kms_key_id": null,
            "source": "../assets/weddings/Tom and Rebecca/28.jpg 2015-07-19 13:08:41 +0100 BST",
            "source_uri_details": [],
            "state": "COMPLETED",
            "storage_tier": "Standard",
            "timeouts": null,
            "version_id": "898f93de-91cf-4c42-b35a-088ecdb6abe6",
            "work_request_id": ""
          },
          "sensitive_attributes": [],
          "private": "eyJlMmJmYjczMC1lY2FhLTExZTYtOGY4OC0zNDM2M2JjN2M0YzAiOnsiY3JlYXRlIjoxMjAwMDAwMDAwMDAwLCJkZWxldGUiOjEyMDAwMDAwMDAwMDAsInVwZGF0ZSI6MTIwMDAwMDAwMDAwMH19",
          "dependencies": [
            "module.object-storage.oci_objectstorage_bucket.ewp_image_storage"
          ]
        },
        {
          "index_key": 242,
          "schema_version": 0,
          "attributes": {
            "bucket": "ewp_image_store",
            "cache_control": null,
            "content": null,
            "content_disposition": null,
            "content_encoding": null,
            "content_language": null,
            "content_length": "684708",
            "content_md5": "Pt7sd6o+EVzCsOcq0ACqwA==",
            "content_type": "image/jpeg",
            "delete_all_object_versions": false,
            "id": "n/lr4poue3hwjl/b/ewp_image_store/o/weddings%2FTom%20and%20Rebecca%2F29.jpg",
            "metadata": {},
            "namespace": "lr4poue3hwjl",
            "object": "weddings/Tom and Rebecca/29.jpg",
            "opc_sse_kms_key_id": null,
            "source": "../assets/weddings/Tom and Rebecca/29.jpg 2015-07-19 13:08:31 +0100 BST",
            "source_uri_details": [],
            "state": "COMPLETED",
            "storage_tier": "Standard",
            "timeouts": null,
            "version_id": "9e8cf043-2c71-46bf-acf5-92d5a1c1dbc1",
            "work_request_id": ""
          },
          "sensitive_attributes": [],
          "private": "eyJlMmJmYjczMC1lY2FhLTExZTYtOGY4OC0zNDM2M2JjN2M0YzAiOnsiY3JlYXRlIjoxMjAwMDAwMDAwMDAwLCJkZWxldGUiOjEyMDAwMDAwMDAwMDAsInVwZGF0ZSI6MTIwMDAwMDAwMDAwMH19",
          "dependencies": [
            "module.object-storage.oci_objectstorage_bucket.ewp_image_storage"
          ]
        },
        {
          "index_key": 243,
          "schema_version": 0,
          "attributes": {
            "bucket": "ewp_image_store",
            "cache_control": null,
            "content": null,
            "content_disposition": null,
            "content_encoding": null,
            "content_language": null,
            "content_length": "439667",
            "content_md5": "9UWQbYyDvGjgt/f72dx+Ng==",
            "content_type": "image/jpeg",
            "delete_all_object_versions": false,
            "id": "n/lr4poue3hwjl/b/ewp_image_store/o/weddings%2FTom%20and%20Rebecca%2F3.jpg",
            "metadata": {},
            "namespace": "lr4poue3hwjl",
            "object": "weddings/Tom and Rebecca/3.jpg",
            "opc_sse_kms_key_id": null,
            "source": "../assets/weddings/Tom and Rebecca/3.jpg 2015-07-19 13:12:47 +0100 BST",
            "source_uri_details": [],
            "state": "COMPLETED",
            "storage_tier": "Standard",
            "timeouts": null,
            "version_id": "e546099c-7e92-473f-88b4-e8e57c9f6130",
            "work_request_id": ""
          },
          "sensitive_attributes": [],
          "private": "eyJlMmJmYjczMC1lY2FhLTExZTYtOGY4OC0zNDM2M2JjN2M0YzAiOnsiY3JlYXRlIjoxMjAwMDAwMDAwMDAwLCJkZWxldGUiOjEyMDAwMDAwMDAwMDAsInVwZGF0ZSI6MTIwMDAwMDAwMDAwMH19",
          "dependencies": [
            "module.object-storage.oci_objectstorage_bucket.ewp_image_storage"
          ]
        },
        {
          "index_key": 244,
          "schema_version": 0,
          "attributes": {
            "bucket": "ewp_image_store",
            "cache_control": null,
            "content": null,
            "content_disposition": null,
            "content_encoding": null,
            "content_language": null,
            "content_length": "588748",
            "content_md5": "o48v23P7vES7heZaZQBHjg==",
            "content_type": "image/jpeg",
            "delete_all_object_versions": false,
            "id": "n/lr4poue3hwjl/b/ewp_image_store/o/weddings%2FTom%20and%20Rebecca%2F30.jpg",
            "metadata": {},
            "namespace": "lr4poue3hwjl",
            "object": "weddings/Tom and Rebecca/30.jpg",
            "opc_sse_kms_key_id": null,
            "source": "../assets/weddings/Tom and Rebecca/30.jpg 2015-07-19 13:08:17 +0100 BST",
            "source_uri_details": [],
            "state": "COMPLETED",
            "storage_tier": "Standard",
            "timeouts": null,
            "version_id": "86c5a831-8b97-498d-a711-d30ac378b600",
            "work_request_id": ""
          },
          "sensitive_attributes": [],
          "private": "eyJlMmJmYjczMC1lY2FhLTExZTYtOGY4OC0zNDM2M2JjN2M0YzAiOnsiY3JlYXRlIjoxMjAwMDAwMDAwMDAwLCJkZWxldGUiOjEyMDAwMDAwMDAwMDAsInVwZGF0ZSI6MTIwMDAwMDAwMDAwMH19",
          "dependencies": [
            "module.object-storage.oci_objectstorage_bucket.ewp_image_storage"
          ]
        },
        {
          "index_key": 245,
          "schema_version": 0,
          "attributes": {
            "bucket": "ewp_image_store",
            "cache_control": null,
            "content": null,
            "content_disposition": null,
            "content_encoding": null,
            "content_language": null,
            "content_length": "1366129",
            "content_md5": "lIXnnkMg/7Xg+UuWDeyUVg==",
            "content_type": "image/jpeg",
            "delete_all_object_versions": false,
            "id": "n/lr4poue3hwjl/b/ewp_image_store/o/weddings%2FTom%20and%20Rebecca%2F31.jpg",
            "metadata": {},
            "namespace": "lr4poue3hwjl",
            "object": "weddings/Tom and Rebecca/31.jpg",
            "opc_sse_kms_key_id": null,
            "source": "../assets/weddings/Tom and Rebecca/31.jpg 2015-07-19 13:08:07 +0100 BST",
            "source_uri_details": [],
            "state": "COMPLETED",
            "storage_tier": "Standard",
            "timeouts": null,
            "version_id": "f88de023-1a1c-4f90-9d80-aea980c64d69",
            "work_request_id": ""
          },
          "sensitive_attributes": [],
          "private": "eyJlMmJmYjczMC1lY2FhLTExZTYtOGY4OC0zNDM2M2JjN2M0YzAiOnsiY3JlYXRlIjoxMjAwMDAwMDAwMDAwLCJkZWxldGUiOjEyMDAwMDAwMDAwMDAsInVwZGF0ZSI6MTIwMDAwMDAwMDAwMH19",
          "dependencies": [
            "module.object-storage.oci_objectstorage_bucket.ewp_image_storage"
          ]
        },
        {
          "index_key": 246,
          "schema_version": 0,
          "attributes": {
            "bucket": "ewp_image_store",
            "cache_control": null,
            "content": null,
            "content_disposition": null,
            "content_encoding": null,
            "content_language": null,
            "content_length": "1087755",
            "content_md5": "WeIOqmdC1QbycbNFgHqPog==",
            "content_type": "image/jpeg",
            "delete_all_object_versions": false,
            "id": "n/lr4poue3hwjl/b/ewp_image_store/o/weddings%2FTom%20and%20Rebecca%2F32.jpg",
            "metadata": {},
            "namespace": "lr4poue3hwjl",
            "object": "weddings/Tom and Rebecca/32.jpg",
            "opc_sse_kms_key_id": null,
            "source": "../assets/weddings/Tom and Rebecca/32.jpg 2015-07-19 13:07:58 +0100 BST",
            "source_uri_details": [],
            "state": "COMPLETED",
            "storage_tier": "Standard",
            "timeouts": null,
            "version_id": "12eec897-e8c7-4e92-8e42-d2ffe5d5235c",
            "work_request_id": ""
          },
          "sensitive_attributes": [],
          "private": "eyJlMmJmYjczMC1lY2FhLTExZTYtOGY4OC0zNDM2M2JjN2M0YzAiOnsiY3JlYXRlIjoxMjAwMDAwMDAwMDAwLCJkZWxldGUiOjEyMDAwMDAwMDAwMDAsInVwZGF0ZSI6MTIwMDAwMDAwMDAwMH19",
          "dependencies": [
            "module.object-storage.oci_objectstorage_bucket.ewp_image_storage"
          ]
        },
        {
          "index_key": 247,
          "schema_version": 0,
          "attributes": {
            "bucket": "ewp_image_store",
            "cache_control": null,
            "content": null,
            "content_disposition": null,
            "content_encoding": null,
            "content_language": null,
            "content_length": "446213",
            "content_md5": "N4GTFC8Ah1vttyxc7UfFyA==",
            "content_type": "image/jpeg",
            "delete_all_object_versions": false,
            "id": "n/lr4poue3hwjl/b/ewp_image_store/o/weddings%2FTom%20and%20Rebecca%2F33.jpg",
            "metadata": {},
            "namespace": "lr4poue3hwjl",
            "object": "weddings/Tom and Rebecca/33.jpg",
            "opc_sse_kms_key_id": null,
            "source": "../assets/weddings/Tom and Rebecca/33.jpg 2015-07-19 13:07:45 +0100 BST",
            "source_uri_details": [],
            "state": "COMPLETED",
            "storage_tier": "Standard",
            "timeouts": null,
            "version_id": "bb21448c-8360-4ec5-a17b-9b4071b56170",
            "work_request_id": ""
          },
          "sensitive_attributes": [],
          "private": "eyJlMmJmYjczMC1lY2FhLTExZTYtOGY4OC0zNDM2M2JjN2M0YzAiOnsiY3JlYXRlIjoxMjAwMDAwMDAwMDAwLCJkZWxldGUiOjEyMDAwMDAwMDAwMDAsInVwZGF0ZSI6MTIwMDAwMDAwMDAwMH19",
          "dependencies": [
            "module.object-storage.oci_objectstorage_bucket.ewp_image_storage"
          ]
        },
        {
          "index_key": 248,
          "schema_version": 0,
          "attributes": {
            "bucket": "ewp_image_store",
            "cache_control": null,
            "content": null,
            "content_disposition": null,
            "content_encoding": null,
            "content_language": null,
            "content_length": "671984",
            "content_md5": "eC1kpnmuvTuahenGDOEmDA==",
            "content_type": "image/jpeg",
            "delete_all_object_versions": false,
            "id": "n/lr4poue3hwjl/b/ewp_image_store/o/weddings%2FTom%20and%20Rebecca%2F34.jpg",
            "metadata": {},
            "namespace": "lr4poue3hwjl",
            "object": "weddings/Tom and Rebecca/34.jpg",
            "opc_sse_kms_key_id": null,
            "source": "../assets/weddings/Tom and Rebecca/34.jpg 2015-07-19 13:07:37 +0100 BST",
            "source_uri_details": [],
            "state": "COMPLETED",
            "storage_tier": "Standard",
            "timeouts": null,
            "version_id": "97252173-bb10-45f4-a50a-004067b5479d",
            "work_request_id": ""
          },
          "sensitive_attributes": [],
          "private": "eyJlMmJmYjczMC1lY2FhLTExZTYtOGY4OC0zNDM2M2JjN2M0YzAiOnsiY3JlYXRlIjoxMjAwMDAwMDAwMDAwLCJkZWxldGUiOjEyMDAwMDAwMDAwMDAsInVwZGF0ZSI6MTIwMDAwMDAwMDAwMH19",
          "dependencies": [
            "module.object-storage.oci_objectstorage_bucket.ewp_image_storage"
          ]
        },
        {
          "index_key": 249,
          "schema_version": 0,
          "attributes": {
            "bucket": "ewp_image_store",
            "cache_control": null,
            "content": null,
            "content_disposition": null,
            "content_encoding": null,
            "content_language": null,
            "content_length": "510893",
            "content_md5": "7Gb8l02ctGq5zzSbuYNuVg==",
            "content_type": "image/jpeg",
            "delete_all_object_versions": false,
            "id": "n/lr4poue3hwjl/b/ewp_image_store/o/weddings%2FTom%20and%20Rebecca%2F35.jpg",
            "metadata": {},
            "namespace": "lr4poue3hwjl",
            "object": "weddings/Tom and Rebecca/35.jpg",
            "opc_sse_kms_key_id": null,
            "source": "../assets/weddings/Tom and Rebecca/35.jpg 2015-07-19 13:07:24 +0100 BST",
            "source_uri_details": [],
            "state": "COMPLETED",
            "storage_tier": "Standard",
            "timeouts": null,
            "version_id": "c2f8f24a-57e9-4185-9f31-e30a8edd05ca",
            "work_request_id": ""
          },
          "sensitive_attributes": [],
          "private": "eyJlMmJmYjczMC1lY2FhLTExZTYtOGY4OC0zNDM2M2JjN2M0YzAiOnsiY3JlYXRlIjoxMjAwMDAwMDAwMDAwLCJkZWxldGUiOjEyMDAwMDAwMDAwMDAsInVwZGF0ZSI6MTIwMDAwMDAwMDAwMH19",
          "dependencies": [
            "module.object-storage.oci_objectstorage_bucket.ewp_image_storage"
          ]
        },
        {
          "index_key": 250,
          "schema_version": 0,
          "attributes": {
            "bucket": "ewp_image_store",
            "cache_control": null,
            "content": null,
            "content_disposition": null,
            "content_encoding": null,
            "content_language": null,
            "content_length": "1416616",
            "content_md5": "QY1Ed1ObfoKnr1wJlzkNJQ==",
            "content_type": "image/jpeg",
            "delete_all_object_versions": false,
            "id": "n/lr4poue3hwjl/b/ewp_image_store/o/weddings%2FTom%20and%20Rebecca%2F36.jpg",
            "metadata": {},
            "namespace": "lr4poue3hwjl",
            "object": "weddings/Tom and Rebecca/36.jpg",
            "opc_sse_kms_key_id": null,
            "source": "../assets/weddings/Tom and Rebecca/36.jpg 2015-07-19 13:07:12 +0100 BST",
            "source_uri_details": [],
            "state": "COMPLETED",
            "storage_tier": "Standard",
            "timeouts": null,
            "version_id": "f1d074c5-b880-4188-9051-bfe9509ef9b7",
            "work_request_id": ""
          },
          "sensitive_attributes": [],
          "private": "eyJlMmJmYjczMC1lY2FhLTExZTYtOGY4OC0zNDM2M2JjN2M0YzAiOnsiY3JlYXRlIjoxMjAwMDAwMDAwMDAwLCJkZWxldGUiOjEyMDAwMDAwMDAwMDAsInVwZGF0ZSI6MTIwMDAwMDAwMDAwMH19",
          "dependencies": [
            "module.object-storage.oci_objectstorage_bucket.ewp_image_storage"
          ]
        },
        {
          "index_key": 251,
          "schema_version": 0,
          "attributes": {
            "bucket": "ewp_image_store",
            "cache_control": null,
            "content": null,
            "content_disposition": null,
            "content_encoding": null,
            "content_language": null,
            "content_length": "419367",
            "content_md5": "w+NWL5Nd69eVQTpjLuA5tw==",
            "content_type": "image/jpeg",
            "delete_all_object_versions": false,
            "id": "n/lr4poue3hwjl/b/ewp_image_store/o/weddings%2FTom%20and%20Rebecca%2F37.jpg",
            "metadata": {},
            "namespace": "lr4poue3hwjl",
            "object": "weddings/Tom and Rebecca/37.jpg",
            "opc_sse_kms_key_id": null,
            "source": "../assets/weddings/Tom and Rebecca/37.jpg 2015-07-19 13:07:03 +0100 BST",
            "source_uri_details": [],
            "state": "COMPLETED",
            "storage_tier": "Standard",
            "timeouts": null,
            "version_id": "586480e0-1779-4626-a721-24fcaa6dfce9",
            "work_request_id": ""
          },
          "sensitive_attributes": [],
          "private": "eyJlMmJmYjczMC1lY2FhLTExZTYtOGY4OC0zNDM2M2JjN2M0YzAiOnsiY3JlYXRlIjoxMjAwMDAwMDAwMDAwLCJkZWxldGUiOjEyMDAwMDAwMDAwMDAsInVwZGF0ZSI6MTIwMDAwMDAwMDAwMH19",
          "dependencies": [
            "module.object-storage.oci_objectstorage_bucket.ewp_image_storage"
          ]
        },
        {
          "index_key": 252,
          "schema_version": 0,
          "attributes": {
            "bucket": "ewp_image_store",
            "cache_control": null,
            "content": null,
            "content_disposition": null,
            "content_encoding": null,
            "content_language": null,
            "content_length": "937868",
            "content_md5": "b4FVwc+lKNEIdgqDe6VKLA==",
            "content_type": "image/jpeg",
            "delete_all_object_versions": false,
            "id": "n/lr4poue3hwjl/b/ewp_image_store/o/weddings%2FTom%20and%20Rebecca%2F38.jpg",
            "metadata": {},
            "namespace": "lr4poue3hwjl",
            "object": "weddings/Tom and Rebecca/38.jpg",
            "opc_sse_kms_key_id": null,
            "source": "../assets/weddings/Tom and Rebecca/38.jpg 2015-07-19 13:06:55 +0100 BST",
            "source_uri_details": [],
            "state": "COMPLETED",
            "storage_tier": "Standard",
            "timeouts": null,
            "version_id": "0d0cdf7d-4dac-4b76-8ab0-258212b1ee97",
            "work_request_id": ""
          },
          "sensitive_attributes": [],
          "private": "eyJlMmJmYjczMC1lY2FhLTExZTYtOGY4OC0zNDM2M2JjN2M0YzAiOnsiY3JlYXRlIjoxMjAwMDAwMDAwMDAwLCJkZWxldGUiOjEyMDAwMDAwMDAwMDAsInVwZGF0ZSI6MTIwMDAwMDAwMDAwMH19",
          "dependencies": [
            "module.object-storage.oci_objectstorage_bucket.ewp_image_storage"
          ]
        },
        {
          "index_key": 253,
          "schema_version": 0,
          "attributes": {
            "bucket": "ewp_image_store",
            "cache_control": null,
            "content": null,
            "content_disposition": null,
            "content_encoding": null,
            "content_language": null,
            "content_length": "346535",
            "content_md5": "5WR0ar1re2Rr5gxDgx3miw==",
            "content_type": "image/jpeg",
            "delete_all_object_versions": false,
            "id": "n/lr4poue3hwjl/b/ewp_image_store/o/weddings%2FTom%20and%20Rebecca%2F39.jpg",
            "metadata": {},
            "namespace": "lr4poue3hwjl",
            "object": "weddings/Tom and Rebecca/39.jpg",
            "opc_sse_kms_key_id": null,
            "source": "../assets/weddings/Tom and Rebecca/39.jpg 2015-07-19 13:06:44 +0100 BST",
            "source_uri_details": [],
            "state": "COMPLETED",
            "storage_tier": "Standard",
            "timeouts": null,
            "version_id": "a569cf9e-8869-4f2f-a611-5411415bb84c",
            "work_request_id": ""
          },
          "sensitive_attributes": [],
          "private": "eyJlMmJmYjczMC1lY2FhLTExZTYtOGY4OC0zNDM2M2JjN2M0YzAiOnsiY3JlYXRlIjoxMjAwMDAwMDAwMDAwLCJkZWxldGUiOjEyMDAwMDAwMDAwMDAsInVwZGF0ZSI6MTIwMDAwMDAwMDAwMH19",
          "dependencies": [
            "module.object-storage.oci_objectstorage_bucket.ewp_image_storage"
          ]
        },
        {
          "index_key": 254,
          "schema_version": 0,
          "attributes": {
            "bucket": "ewp_image_store",
            "cache_control": null,
            "content": null,
            "content_disposition": null,
            "content_encoding": null,
            "content_language": null,
            "content_length": "304453",
            "content_md5": "0tA/rsqo1a9NXGKTriplZg==",
            "content_type": "image/jpeg",
            "delete_all_object_versions": false,
            "id": "n/lr4poue3hwjl/b/ewp_image_store/o/weddings%2FTom%20and%20Rebecca%2F4.jpg",
            "metadata": {},
            "namespace": "lr4poue3hwjl",
            "object": "weddings/Tom and Rebecca/4.jpg",
            "opc_sse_kms_key_id": null,
            "source": "../assets/weddings/Tom and Rebecca/4.jpg 2015-07-19 13:12:38 +0100 BST",
            "source_uri_details": [],
            "state": "COMPLETED",
            "storage_tier": "Standard",
            "timeouts": null,
            "version_id": "046cf46c-fc8d-4cdd-b92d-1ba732bd5ad8",
            "work_request_id": ""
          },
          "sensitive_attributes": [],
          "private": "eyJlMmJmYjczMC1lY2FhLTExZTYtOGY4OC0zNDM2M2JjN2M0YzAiOnsiY3JlYXRlIjoxMjAwMDAwMDAwMDAwLCJkZWxldGUiOjEyMDAwMDAwMDAwMDAsInVwZGF0ZSI6MTIwMDAwMDAwMDAwMH19",
          "dependencies": [
            "module.object-storage.oci_objectstorage_bucket.ewp_image_storage"
          ]
        },
        {
          "index_key": 255,
          "schema_version": 0,
          "attributes": {
            "bucket": "ewp_image_store",
            "cache_control": null,
            "content": null,
            "content_disposition": null,
            "content_encoding": null,
            "content_language": null,
            "content_length": "492631",
            "content_md5": "CJ45AwmGn0y/RZikz1Rvgw==",
            "content_type": "image/jpeg",
            "delete_all_object_versions": false,
            "id": "n/lr4poue3hwjl/b/ewp_image_store/o/weddings%2FTom%20and%20Rebecca%2F40.jpg",
            "metadata": {},
            "namespace": "lr4poue3hwjl",
            "object": "weddings/Tom and Rebecca/40.jpg",
            "opc_sse_kms_key_id": null,
            "source": "../assets/weddings/Tom and Rebecca/40.jpg 2015-07-19 13:06:34 +0100 BST",
            "source_uri_details": [],
            "state": "COMPLETED",
            "storage_tier": "Standard",
            "timeouts": null,
            "version_id": "75b4596d-04af-4679-86c8-f7b314f22b77",
            "work_request_id": ""
          },
          "sensitive_attributes": [],
          "private": "eyJlMmJmYjczMC1lY2FhLTExZTYtOGY4OC0zNDM2M2JjN2M0YzAiOnsiY3JlYXRlIjoxMjAwMDAwMDAwMDAwLCJkZWxldGUiOjEyMDAwMDAwMDAwMDAsInVwZGF0ZSI6MTIwMDAwMDAwMDAwMH19",
          "dependencies": [
            "module.object-storage.oci_objectstorage_bucket.ewp_image_storage"
          ]
        },
        {
          "index_key": 256,
          "schema_version": 0,
          "attributes": {
            "bucket": "ewp_image_store",
            "cache_control": null,
            "content": null,
            "content_disposition": null,
            "content_encoding": null,
            "content_language": null,
            "content_length": "334736",
            "content_md5": "a2kl4uBLd0lUlWZ125H7Mw==",
            "content_type": "image/jpeg",
            "delete_all_object_versions": false,
            "id": "n/lr4poue3hwjl/b/ewp_image_store/o/weddings%2FTom%20and%20Rebecca%2F41.jpg",
            "metadata": {},
            "namespace": "lr4poue3hwjl",
            "object": "weddings/Tom and Rebecca/41.jpg",
            "opc_sse_kms_key_id": null,
            "source": "../assets/weddings/Tom and Rebecca/41.jpg 2015-07-19 13:06:24 +0100 BST",
            "source_uri_details": [],
            "state": "COMPLETED",
            "storage_tier": "Standard",
            "timeouts": null,
            "version_id": "7f27fed4-82f5-4b51-9298-f5af513595a4",
            "work_request_id": ""
          },
          "sensitive_attributes": [],
          "private": "eyJlMmJmYjczMC1lY2FhLTExZTYtOGY4OC0zNDM2M2JjN2M0YzAiOnsiY3JlYXRlIjoxMjAwMDAwMDAwMDAwLCJkZWxldGUiOjEyMDAwMDAwMDAwMDAsInVwZGF0ZSI6MTIwMDAwMDAwMDAwMH19",
          "dependencies": [
            "module.object-storage.oci_objectstorage_bucket.ewp_image_storage"
          ]
        },
        {
          "index_key": 257,
          "schema_version": 0,
          "attributes": {
            "bucket": "ewp_image_store",
            "cache_control": null,
            "content": null,
            "content_disposition": null,
            "content_encoding": null,
            "content_language": null,
            "content_length": "381742",
            "content_md5": "Ycasv/J1LDIEIyidoxA/NA==",
            "content_type": "image/jpeg",
            "delete_all_object_versions": false,
            "id": "n/lr4poue3hwjl/b/ewp_image_store/o/weddings%2FTom%20and%20Rebecca%2F42.jpg",
            "metadata": {},
            "namespace": "lr4poue3hwjl",
            "object": "weddings/Tom and Rebecca/42.jpg",
            "opc_sse_kms_key_id": null,
            "source": "../assets/weddings/Tom and Rebecca/42.jpg 2015-07-19 13:06:15 +0100 BST",
            "source_uri_details": [],
            "state": "COMPLETED",
            "storage_tier": "Standard",
            "timeouts": null,
            "version_id": "4dca4ae4-022c-4db0-afac-cb11a88f92fe",
            "work_request_id": ""
          },
          "sensitive_attributes": [],
          "private": "eyJlMmJmYjczMC1lY2FhLTExZTYtOGY4OC0zNDM2M2JjN2M0YzAiOnsiY3JlYXRlIjoxMjAwMDAwMDAwMDAwLCJkZWxldGUiOjEyMDAwMDAwMDAwMDAsInVwZGF0ZSI6MTIwMDAwMDAwMDAwMH19",
          "dependencies": [
            "module.object-storage.oci_objectstorage_bucket.ewp_image_storage"
          ]
        },
        {
          "index_key": 258,
          "schema_version": 0,
          "attributes": {
            "bucket": "ewp_image_store",
            "cache_control": null,
            "content": null,
            "content_disposition": null,
            "content_encoding": null,
            "content_language": null,
            "content_length": "381034",
            "content_md5": "e+MKyhHxHG0aanAQD66l8Q==",
            "content_type": "image/jpeg",
            "delete_all_object_versions": false,
            "id": "n/lr4poue3hwjl/b/ewp_image_store/o/weddings%2FTom%20and%20Rebecca%2F43.jpg",
            "metadata": {},
            "namespace": "lr4poue3hwjl",
            "object": "weddings/Tom and Rebecca/43.jpg",
            "opc_sse_kms_key_id": null,
            "source": "../assets/weddings/Tom and Rebecca/43.jpg 2015-07-19 13:06:06 +0100 BST",
            "source_uri_details": [],
            "state": "COMPLETED",
            "storage_tier": "Standard",
            "timeouts": null,
            "version_id": "c3d65cd9-d276-4aca-8d11-6d90c642be9a",
            "work_request_id": ""
          },
          "sensitive_attributes": [],
          "private": "eyJlMmJmYjczMC1lY2FhLTExZTYtOGY4OC0zNDM2M2JjN2M0YzAiOnsiY3JlYXRlIjoxMjAwMDAwMDAwMDAwLCJkZWxldGUiOjEyMDAwMDAwMDAwMDAsInVwZGF0ZSI6MTIwMDAwMDAwMDAwMH19",
          "dependencies": [
            "module.object-storage.oci_objectstorage_bucket.ewp_image_storage"
          ]
        },
        {
          "index_key": 259,
          "schema_version": 0,
          "attributes": {
            "bucket": "ewp_image_store",
            "cache_control": null,
            "content": null,
            "content_disposition": null,
            "content_encoding": null,
            "content_language": null,
            "content_length": "81067",
            "content_md5": "nvxIFA2+Hx4rHKUpsFUWqg==",
            "content_type": "image/jpeg",
            "delete_all_object_versions": false,
            "id": "n/lr4poue3hwjl/b/ewp_image_store/o/weddings%2FTom%20and%20Rebecca%2F44.jpg",
            "metadata": {},
            "namespace": "lr4poue3hwjl",
            "object": "weddings/Tom and Rebecca/44.jpg",
            "opc_sse_kms_key_id": null,
            "source": "../assets/weddings/Tom and Rebecca/44.jpg 2015-07-19 13:05:56 +0100 BST",
            "source_uri_details": [],
            "state": "COMPLETED",
            "storage_tier": "Standard",
            "timeouts": null,
            "version_id": "bbb1b58d-4529-4ee9-b409-92108fb6a546",
            "work_request_id": ""
          },
          "sensitive_attributes": [],
          "private": "eyJlMmJmYjczMC1lY2FhLTExZTYtOGY4OC0zNDM2M2JjN2M0YzAiOnsiY3JlYXRlIjoxMjAwMDAwMDAwMDAwLCJkZWxldGUiOjEyMDAwMDAwMDAwMDAsInVwZGF0ZSI6MTIwMDAwMDAwMDAwMH19",
          "dependencies": [
            "module.object-storage.oci_objectstorage_bucket.ewp_image_storage"
          ]
        },
        {
          "index_key": 260,
          "schema_version": 0,
          "attributes": {
            "bucket": "ewp_image_store",
            "cache_control": null,
            "content": null,
            "content_disposition": null,
            "content_encoding": null,
            "content_language": null,
            "content_length": "996580",
            "content_md5": "3jJ9Sa0MgbqMYHrRyzsqvQ==",
            "content_type": "image/jpeg",
            "delete_all_object_versions": false,
            "id": "n/lr4poue3hwjl/b/ewp_image_store/o/weddings%2FTom%20and%20Rebecca%2F45.jpg",
            "metadata": {},
            "namespace": "lr4poue3hwjl",
            "object": "weddings/Tom and Rebecca/45.jpg",
            "opc_sse_kms_key_id": null,
            "source": "../assets/weddings/Tom and Rebecca/45.jpg 2015-07-19 13:05:47 +0100 BST",
            "source_uri_details": [],
            "state": "COMPLETED",
            "storage_tier": "Standard",
            "timeouts": null,
            "version_id": "235abb4a-1138-4b3a-96f2-9e58f48322db",
            "work_request_id": ""
          },
          "sensitive_attributes": [],
          "private": "eyJlMmJmYjczMC1lY2FhLTExZTYtOGY4OC0zNDM2M2JjN2M0YzAiOnsiY3JlYXRlIjoxMjAwMDAwMDAwMDAwLCJkZWxldGUiOjEyMDAwMDAwMDAwMDAsInVwZGF0ZSI6MTIwMDAwMDAwMDAwMH19",
          "dependencies": [
            "module.object-storage.oci_objectstorage_bucket.ewp_image_storage"
          ]
        },
        {
          "index_key": 261,
          "schema_version": 0,
          "attributes": {
            "bucket": "ewp_image_store",
            "cache_control": null,
            "content": null,
            "content_disposition": null,
            "content_encoding": null,
            "content_language": null,
            "content_length": "240587",
            "content_md5": "VDDAI6mRjccm1C7ht9rCfA==",
            "content_type": "image/jpeg",
            "delete_all_object_versions": false,
            "id": "n/lr4poue3hwjl/b/ewp_image_store/o/weddings%2FTom%20and%20Rebecca%2F46.jpg",
            "metadata": {},
            "namespace": "lr4poue3hwjl",
            "object": "weddings/Tom and Rebecca/46.jpg",
            "opc_sse_kms_key_id": null,
            "source": "../assets/weddings/Tom and Rebecca/46.jpg 2015-07-19 13:05:37 +0100 BST",
            "source_uri_details": [],
            "state": "COMPLETED",
            "storage_tier": "Standard",
            "timeouts": null,
            "version_id": "61b0aaf5-a0ab-44dc-b2c0-ae2adcbed07b",
            "work_request_id": ""
          },
          "sensitive_attributes": [],
          "private": "eyJlMmJmYjczMC1lY2FhLTExZTYtOGY4OC0zNDM2M2JjN2M0YzAiOnsiY3JlYXRlIjoxMjAwMDAwMDAwMDAwLCJkZWxldGUiOjEyMDAwMDAwMDAwMDAsInVwZGF0ZSI6MTIwMDAwMDAwMDAwMH19",
          "dependencies": [
            "module.object-storage.oci_objectstorage_bucket.ewp_image_storage"
          ]
        },
        {
          "index_key": 262,
          "schema_version": 0,
          "attributes": {
            "bucket": "ewp_image_store",
            "cache_control": null,
            "content": null,
            "content_disposition": null,
            "content_encoding": null,
            "content_language": null,
            "content_length": "1231827",
            "content_md5": "K3h64ISrpMvIG6gPA08O0Q==",
            "content_type": "image/jpeg",
            "delete_all_object_versions": false,
            "id": "n/lr4poue3hwjl/b/ewp_image_store/o/weddings%2FTom%20and%20Rebecca%2F47.jpg",
            "metadata": {},
            "namespace": "lr4poue3hwjl",
            "object": "weddings/Tom and Rebecca/47.jpg",
            "opc_sse_kms_key_id": null,
            "source": "../assets/weddings/Tom and Rebecca/47.jpg 2015-07-19 13:05:28 +0100 BST",
            "source_uri_details": [],
            "state": "COMPLETED",
            "storage_tier": "Standard",
            "timeouts": null,
            "version_id": "ba23dd50-c5da-4ea8-bc9e-87090ea29d62",
            "work_request_id": ""
          },
          "sensitive_attributes": [],
          "private": "eyJlMmJmYjczMC1lY2FhLTExZTYtOGY4OC0zNDM2M2JjN2M0YzAiOnsiY3JlYXRlIjoxMjAwMDAwMDAwMDAwLCJkZWxldGUiOjEyMDAwMDAwMDAwMDAsInVwZGF0ZSI6MTIwMDAwMDAwMDAwMH19",
          "dependencies": [
            "module.object-storage.oci_objectstorage_bucket.ewp_image_storage"
          ]
        },
        {
          "index_key": 263,
          "schema_version": 0,
          "attributes": {
            "bucket": "ewp_image_store",
            "cache_control": null,
            "content": null,
            "content_disposition": null,
            "content_encoding": null,
            "content_language": null,
            "content_length": "1742005",
            "content_md5": "3d2yHSJwc8BidHPjUSGjLQ==",
            "content_type": "image/jpeg",
            "delete_all_object_versions": false,
            "id": "n/lr4poue3hwjl/b/ewp_image_store/o/weddings%2FTom%20and%20Rebecca%2F48.jpg",
            "metadata": {},
            "namespace": "lr4poue3hwjl",
            "object": "weddings/Tom and Rebecca/48.jpg",
            "opc_sse_kms_key_id": null,
            "source": "../assets/weddings/Tom and Rebecca/48.jpg 2015-07-19 13:05:16 +0100 BST",
            "source_uri_details": [],
            "state": "COMPLETED",
            "storage_tier": "Standard",
            "timeouts": null,
            "version_id": "9350ddf0-e326-4138-8d6b-1a2bc0c89dd9",
            "work_request_id": ""
          },
          "sensitive_attributes": [],
          "private": "eyJlMmJmYjczMC1lY2FhLTExZTYtOGY4OC0zNDM2M2JjN2M0YzAiOnsiY3JlYXRlIjoxMjAwMDAwMDAwMDAwLCJkZWxldGUiOjEyMDAwMDAwMDAwMDAsInVwZGF0ZSI6MTIwMDAwMDAwMDAwMH19",
          "dependencies": [
            "module.object-storage.oci_objectstorage_bucket.ewp_image_storage"
          ]
        },
        {
          "index_key": 264,
          "schema_version": 0,
          "attributes": {
            "bucket": "ewp_image_store",
            "cache_control": null,
            "content": null,
            "content_disposition": null,
            "content_encoding": null,
            "content_language": null,
            "content_length": "287870",
            "content_md5": "4Tx1iLOZOs1XosS5ZvFKww==",
            "content_type": "image/jpeg",
            "delete_all_object_versions": false,
            "id": "n/lr4poue3hwjl/b/ewp_image_store/o/weddings%2FTom%20and%20Rebecca%2F49.jpg",
            "metadata": {},
            "namespace": "lr4poue3hwjl",
            "object": "weddings/Tom and Rebecca/49.jpg",
            "opc_sse_kms_key_id": null,
            "source": "../assets/weddings/Tom and Rebecca/49.jpg 2015-07-19 13:05:05 +0100 BST",
            "source_uri_details": [],
            "state": "COMPLETED",
            "storage_tier": "Standard",
            "timeouts": null,
            "version_id": "326bdc89-f1e2-429c-8930-b7ed63cd60e3",
            "work_request_id": ""
          },
          "sensitive_attributes": [],
          "private": "eyJlMmJmYjczMC1lY2FhLTExZTYtOGY4OC0zNDM2M2JjN2M0YzAiOnsiY3JlYXRlIjoxMjAwMDAwMDAwMDAwLCJkZWxldGUiOjEyMDAwMDAwMDAwMDAsInVwZGF0ZSI6MTIwMDAwMDAwMDAwMH19",
          "dependencies": [
            "module.object-storage.oci_objectstorage_bucket.ewp_image_storage"
          ]
        },
        {
          "index_key": 265,
          "schema_version": 0,
          "attributes": {
            "bucket": "ewp_image_store",
            "cache_control": null,
            "content": null,
            "content_disposition": null,
            "content_encoding": null,
            "content_language": null,
            "content_length": "829531",
            "content_md5": "g/w7IgdKW3VXOeFyA44vGQ==",
            "content_type": "image/jpeg",
            "delete_all_object_versions": false,
            "id": "n/lr4poue3hwjl/b/ewp_image_store/o/weddings%2FTom%20and%20Rebecca%2F5.jpg",
            "metadata": {},
            "namespace": "lr4poue3hwjl",
            "object": "weddings/Tom and Rebecca/5.jpg",
            "opc_sse_kms_key_id": null,
            "source": "../assets/weddings/Tom and Rebecca/5.jpg 2015-07-19 13:12:29 +0100 BST",
            "source_uri_details": [],
            "state": "COMPLETED",
            "storage_tier": "Standard",
            "timeouts": null,
            "version_id": "ca1be642-ae83-4418-9305-5777b0dcb709",
            "work_request_id": ""
          },
          "sensitive_attributes": [],
          "private": "eyJlMmJmYjczMC1lY2FhLTExZTYtOGY4OC0zNDM2M2JjN2M0YzAiOnsiY3JlYXRlIjoxMjAwMDAwMDAwMDAwLCJkZWxldGUiOjEyMDAwMDAwMDAwMDAsInVwZGF0ZSI6MTIwMDAwMDAwMDAwMH19",
          "dependencies": [
            "module.object-storage.oci_objectstorage_bucket.ewp_image_storage"
          ]
        },
        {
          "index_key": 266,
          "schema_version": 0,
          "attributes": {
            "bucket": "ewp_image_store",
            "cache_control": null,
            "content": null,
            "content_disposition": null,
            "content_encoding": null,
            "content_language": null,
            "content_length": "952706",
            "content_md5": "g4MG5CVTgS617aId/RggVQ==",
            "content_type": "image/jpeg",
            "delete_all_object_versions": false,
            "id": "n/lr4poue3hwjl/b/ewp_image_store/o/weddings%2FTom%20and%20Rebecca%2F50.jpg",
            "metadata": {},
            "namespace": "lr4poue3hwjl",
            "object": "weddings/Tom and Rebecca/50.jpg",
            "opc_sse_kms_key_id": null,
            "source": "../assets/weddings/Tom and Rebecca/50.jpg 2015-07-19 13:04:57 +0100 BST",
            "source_uri_details": [],
            "state": "COMPLETED",
            "storage_tier": "Standard",
            "timeouts": null,
            "version_id": "ae43aa1c-3329-486f-88d1-476921fecdb0",
            "work_request_id": ""
          },
          "sensitive_attributes": [],
          "private": "eyJlMmJmYjczMC1lY2FhLTExZTYtOGY4OC0zNDM2M2JjN2M0YzAiOnsiY3JlYXRlIjoxMjAwMDAwMDAwMDAwLCJkZWxldGUiOjEyMDAwMDAwMDAwMDAsInVwZGF0ZSI6MTIwMDAwMDAwMDAwMH19",
          "dependencies": [
            "module.object-storage.oci_objectstorage_bucket.ewp_image_storage"
          ]
        },
        {
          "index_key": 267,
          "schema_version": 0,
          "attributes": {
            "bucket": "ewp_image_store",
            "cache_control": null,
            "content": null,
            "content_disposition": null,
            "content_encoding": null,
            "content_language": null,
            "content_length": "403947",
            "content_md5": "EEmVC1dVlNnlIUZHsESY/g==",
            "content_type": "image/jpeg",
            "delete_all_object_versions": false,
            "id": "n/lr4poue3hwjl/b/ewp_image_store/o/weddings%2FTom%20and%20Rebecca%2F51.jpg",
            "metadata": {},
            "namespace": "lr4poue3hwjl",
            "object": "weddings/Tom and Rebecca/51.jpg",
            "opc_sse_kms_key_id": null,
            "source": "../assets/weddings/Tom and Rebecca/51.jpg 2015-07-19 13:04:45 +0100 BST",
            "source_uri_details": [],
            "state": "COMPLETED",
            "storage_tier": "Standard",
            "timeouts": null,
            "version_id": "cd314e9d-f6b4-4b76-bdcd-517945e43acd",
            "work_request_id": ""
          },
          "sensitive_attributes": [],
          "private": "eyJlMmJmYjczMC1lY2FhLTExZTYtOGY4OC0zNDM2M2JjN2M0YzAiOnsiY3JlYXRlIjoxMjAwMDAwMDAwMDAwLCJkZWxldGUiOjEyMDAwMDAwMDAwMDAsInVwZGF0ZSI6MTIwMDAwMDAwMDAwMH19",
          "dependencies": [
            "module.object-storage.oci_objectstorage_bucket.ewp_image_storage"
          ]
        },
        {
          "index_key": 268,
          "schema_version": 0,
          "attributes": {
            "bucket": "ewp_image_store",
            "cache_control": null,
            "content": null,
            "content_disposition": null,
            "content_encoding": null,
            "content_language": null,
            "content_length": "342717",
            "content_md5": "6jRlL4CAyY+SIaG+up3dpg==",
            "content_type": "image/jpeg",
            "delete_all_object_versions": false,
            "id": "n/lr4poue3hwjl/b/ewp_image_store/o/weddings%2FTom%20and%20Rebecca%2F52.jpg",
            "metadata": {},
            "namespace": "lr4poue3hwjl",
            "object": "weddings/Tom and Rebecca/52.jpg",
            "opc_sse_kms_key_id": null,
            "source": "../assets/weddings/Tom and Rebecca/52.jpg 2015-07-19 13:04:36 +0100 BST",
            "source_uri_details": [],
            "state": "COMPLETED",
            "storage_tier": "Standard",
            "timeouts": null,
            "version_id": "21a41837-e5fc-411a-a136-e37c56fba2fc",
            "work_request_id": ""
          },
          "sensitive_attributes": [],
          "private": "eyJlMmJmYjczMC1lY2FhLTExZTYtOGY4OC0zNDM2M2JjN2M0YzAiOnsiY3JlYXRlIjoxMjAwMDAwMDAwMDAwLCJkZWxldGUiOjEyMDAwMDAwMDAwMDAsInVwZGF0ZSI6MTIwMDAwMDAwMDAwMH19",
          "dependencies": [
            "module.object-storage.oci_objectstorage_bucket.ewp_image_storage"
          ]
        },
        {
          "index_key": 269,
          "schema_version": 0,
          "attributes": {
            "bucket": "ewp_image_store",
            "cache_control": null,
            "content": null,
            "content_disposition": null,
            "content_encoding": null,
            "content_language": null,
            "content_length": "371966",
            "content_md5": "0LJyGMuUfXjFTuazAhDnQA==",
            "content_type": "image/jpeg",
            "delete_all_object_versions": false,
            "id": "n/lr4poue3hwjl/b/ewp_image_store/o/weddings%2FTom%20and%20Rebecca%2F53.jpg",
            "metadata": {},
            "namespace": "lr4poue3hwjl",
            "object": "weddings/Tom and Rebecca/53.jpg",
            "opc_sse_kms_key_id": null,
            "source": "../assets/weddings/Tom and Rebecca/53.jpg 2015-07-19 13:04:25 +0100 BST",
            "source_uri_details": [],
            "state": "COMPLETED",
            "storage_tier": "Standard",
            "timeouts": null,
            "version_id": "d05fa14f-b33d-40fe-855f-b6787f3a5251",
            "work_request_id": ""
          },
          "sensitive_attributes": [],
          "private": "eyJlMmJmYjczMC1lY2FhLTExZTYtOGY4OC0zNDM2M2JjN2M0YzAiOnsiY3JlYXRlIjoxMjAwMDAwMDAwMDAwLCJkZWxldGUiOjEyMDAwMDAwMDAwMDAsInVwZGF0ZSI6MTIwMDAwMDAwMDAwMH19",
          "dependencies": [
            "module.object-storage.oci_objectstorage_bucket.ewp_image_storage"
          ]
        },
        {
          "index_key": 270,
          "schema_version": 0,
          "attributes": {
            "bucket": "ewp_image_store",
            "cache_control": null,
            "content": null,
            "content_disposition": null,
            "content_encoding": null,
            "content_language": null,
            "content_length": "613674",
            "content_md5": "rq7hxrNS9eZ9KW19jD61Vw==",
            "content_type": "image/jpeg",
            "delete_all_object_versions": false,
            "id": "n/lr4poue3hwjl/b/ewp_image_store/o/weddings%2FTom%20and%20Rebecca%2F54.jpg",
            "metadata": {},
            "namespace": "lr4poue3hwjl",
            "object": "weddings/Tom and Rebecca/54.jpg",
            "opc_sse_kms_key_id": null,
            "source": "../assets/weddings/Tom and Rebecca/54.jpg 2015-07-19 13:04:16 +0100 BST",
            "source_uri_details": [],
            "state": "COMPLETED",
            "storage_tier": "Standard",
            "timeouts": null,
            "version_id": "36d6dd67-a3f3-4d72-9d04-bcf7dc1ea21c",
            "work_request_id": ""
          },
          "sensitive_attributes": [],
          "private": "eyJlMmJmYjczMC1lY2FhLTExZTYtOGY4OC0zNDM2M2JjN2M0YzAiOnsiY3JlYXRlIjoxMjAwMDAwMDAwMDAwLCJkZWxldGUiOjEyMDAwMDAwMDAwMDAsInVwZGF0ZSI6MTIwMDAwMDAwMDAwMH19",
          "dependencies": [
            "module.object-storage.oci_objectstorage_bucket.ewp_image_storage"
          ]
        },
        {
          "index_key": 271,
          "schema_version": 0,
          "attributes": {
            "bucket": "ewp_image_store",
            "cache_control": null,
            "content": null,
            "content_disposition": null,
            "content_encoding": null,
            "content_language": null,
            "content_length": "944374",
            "content_md5": "mO6/ar6xeJcdUR5NJ1Z8uQ==",
            "content_type": "image/jpeg",
            "delete_all_object_versions": false,
            "id": "n/lr4poue3hwjl/b/ewp_image_store/o/weddings%2FTom%20and%20Rebecca%2F55.jpg",
            "metadata": {},
            "namespace": "lr4poue3hwjl",
            "object": "weddings/Tom and Rebecca/55.jpg",
            "opc_sse_kms_key_id": null,
            "source": "../assets/weddings/Tom and Rebecca/55.jpg 2015-07-19 13:04:05 +0100 BST",
            "source_uri_details": [],
            "state": "COMPLETED",
            "storage_tier": "Standard",
            "timeouts": null,
            "version_id": "052820c0-e3cf-4f89-9e6d-9677507d92b8",
            "work_request_id": ""
          },
          "sensitive_attributes": [],
          "private": "eyJlMmJmYjczMC1lY2FhLTExZTYtOGY4OC0zNDM2M2JjN2M0YzAiOnsiY3JlYXRlIjoxMjAwMDAwMDAwMDAwLCJkZWxldGUiOjEyMDAwMDAwMDAwMDAsInVwZGF0ZSI6MTIwMDAwMDAwMDAwMH19",
          "dependencies": [
            "module.object-storage.oci_objectstorage_bucket.ewp_image_storage"
          ]
        },
        {
          "index_key": 272,
          "schema_version": 0,
          "attributes": {
            "bucket": "ewp_image_store",
            "cache_control": null,
            "content": null,
            "content_disposition": null,
            "content_encoding": null,
            "content_language": null,
            "content_length": "1019131",
            "content_md5": "+f9srWwA5rqTb2YKA1iiYg==",
            "content_type": "image/jpeg",
            "delete_all_object_versions": false,
            "id": "n/lr4poue3hwjl/b/ewp_image_store/o/weddings%2FTom%20and%20Rebecca%2F56.jpg",
            "metadata": {},
            "namespace": "lr4poue3hwjl",
            "object": "weddings/Tom and Rebecca/56.jpg",
            "opc_sse_kms_key_id": null,
            "source": "../assets/weddings/Tom and Rebecca/56.jpg 2015-07-19 13:03:54 +0100 BST",
            "source_uri_details": [],
            "state": "COMPLETED",
            "storage_tier": "Standard",
            "timeouts": null,
            "version_id": "08862313-7530-41b9-b41f-5b47779cd014",
            "work_request_id": ""
          },
          "sensitive_attributes": [],
          "private": "eyJlMmJmYjczMC1lY2FhLTExZTYtOGY4OC0zNDM2M2JjN2M0YzAiOnsiY3JlYXRlIjoxMjAwMDAwMDAwMDAwLCJkZWxldGUiOjEyMDAwMDAwMDAwMDAsInVwZGF0ZSI6MTIwMDAwMDAwMDAwMH19",
          "dependencies": [
            "module.object-storage.oci_objectstorage_bucket.ewp_image_storage"
          ]
        },
        {
          "index_key": 273,
          "schema_version": 0,
          "attributes": {
            "bucket": "ewp_image_store",
            "cache_control": null,
            "content": null,
            "content_disposition": null,
            "content_encoding": null,
            "content_language": null,
            "content_length": "809695",
            "content_md5": "nu6ss5i2GYHDTR6tOxp9wQ==",
            "content_type": "image/jpeg",
            "delete_all_object_versions": false,
            "id": "n/lr4poue3hwjl/b/ewp_image_store/o/weddings%2FTom%20and%20Rebecca%2F57.jpg",
            "metadata": {},
            "namespace": "lr4poue3hwjl",
            "object": "weddings/Tom and Rebecca/57.jpg",
            "opc_sse_kms_key_id": null,
            "source": "../assets/weddings/Tom and Rebecca/57.jpg 2015-07-19 13:03:43 +0100 BST",
            "source_uri_details": [],
            "state": "COMPLETED",
            "storage_tier": "Standard",
            "timeouts": null,
            "version_id": "eff408d9-2572-49a2-be7d-92db5735a5d7",
            "work_request_id": ""
          },
          "sensitive_attributes": [],
          "private": "eyJlMmJmYjczMC1lY2FhLTExZTYtOGY4OC0zNDM2M2JjN2M0YzAiOnsiY3JlYXRlIjoxMjAwMDAwMDAwMDAwLCJkZWxldGUiOjEyMDAwMDAwMDAwMDAsInVwZGF0ZSI6MTIwMDAwMDAwMDAwMH19",
          "dependencies": [
            "module.object-storage.oci_objectstorage_bucket.ewp_image_storage"
          ]
        },
        {
          "index_key": 274,
          "schema_version": 0,
          "attributes": {
            "bucket": "ewp_image_store",
            "cache_control": null,
            "content": null,
            "content_disposition": null,
            "content_encoding": null,
            "content_language": null,
            "content_length": "802329",
            "content_md5": "JeBf3A/Q2KjVGSXqWbgpBQ==",
            "content_type": "image/jpeg",
            "delete_all_object_versions": false,
            "id": "n/lr4poue3hwjl/b/ewp_image_store/o/weddings%2FTom%20and%20Rebecca%2F58.jpg",
            "metadata": {},
            "namespace": "lr4poue3hwjl",
            "object": "weddings/Tom and Rebecca/58.jpg",
            "opc_sse_kms_key_id": null,
            "source": "../assets/weddings/Tom and Rebecca/58.jpg 2015-07-19 13:03:33 +0100 BST",
            "source_uri_details": [],
            "state": "COMPLETED",
            "storage_tier": "Standard",
            "timeouts": null,
            "version_id": "d58f8f1d-ba86-4ac2-a208-83f31f313613",
            "work_request_id": ""
          },
          "sensitive_attributes": [],
          "private": "eyJlMmJmYjczMC1lY2FhLTExZTYtOGY4OC0zNDM2M2JjN2M0YzAiOnsiY3JlYXRlIjoxMjAwMDAwMDAwMDAwLCJkZWxldGUiOjEyMDAwMDAwMDAwMDAsInVwZGF0ZSI6MTIwMDAwMDAwMDAwMH19",
          "dependencies": [
            "module.object-storage.oci_objectstorage_bucket.ewp_image_storage"
          ]
        },
        {
          "index_key": 275,
          "schema_version": 0,
          "attributes": {
            "bucket": "ewp_image_store",
            "cache_control": null,
            "content": null,
            "content_disposition": null,
            "content_encoding": null,
            "content_language": null,
            "content_length": "745312",
            "content_md5": "gavJHt9d6wsKhyGMAvoaig==",
            "content_type": "image/jpeg",
            "delete_all_object_versions": false,
            "id": "n/lr4poue3hwjl/b/ewp_image_store/o/weddings%2FTom%20and%20Rebecca%2F59.jpg",
            "metadata": {},
            "namespace": "lr4poue3hwjl",
            "object": "weddings/Tom and Rebecca/59.jpg",
            "opc_sse_kms_key_id": null,
            "source": "../assets/weddings/Tom and Rebecca/59.jpg 2015-07-19 13:03:21 +0100 BST",
            "source_uri_details": [],
            "state": "COMPLETED",
            "storage_tier": "Standard",
            "timeouts": null,
            "version_id": "f6ea0991-bdc9-4168-b070-7124234e36db",
            "work_request_id": ""
          },
          "sensitive_attributes": [],
          "private": "eyJlMmJmYjczMC1lY2FhLTExZTYtOGY4OC0zNDM2M2JjN2M0YzAiOnsiY3JlYXRlIjoxMjAwMDAwMDAwMDAwLCJkZWxldGUiOjEyMDAwMDAwMDAwMDAsInVwZGF0ZSI6MTIwMDAwMDAwMDAwMH19",
          "dependencies": [
            "module.object-storage.oci_objectstorage_bucket.ewp_image_storage"
          ]
        },
        {
          "index_key": 276,
          "schema_version": 0,
          "attributes": {
            "bucket": "ewp_image_store",
            "cache_control": null,
            "content": null,
            "content_disposition": null,
            "content_encoding": null,
            "content_language": null,
            "content_length": "767058",
            "content_md5": "nrohEF0lMAv41NIa7vxaug==",
            "content_type": "image/jpeg",
            "delete_all_object_versions": false,
            "id": "n/lr4poue3hwjl/b/ewp_image_store/o/weddings%2FTom%20and%20Rebecca%2F6.jpg",
            "metadata": {},
            "namespace": "lr4poue3hwjl",
            "object": "weddings/Tom and Rebecca/6.jpg",
            "opc_sse_kms_key_id": null,
            "source": "../assets/weddings/Tom and Rebecca/6.jpg 2015-07-19 13:12:20 +0100 BST",
            "source_uri_details": [],
            "state": "COMPLETED",
            "storage_tier": "Standard",
            "timeouts": null,
            "version_id": "4002c1d4-e0c5-4020-8474-e1ef6e4886de",
            "work_request_id": ""
          },
          "sensitive_attributes": [],
          "private": "eyJlMmJmYjczMC1lY2FhLTExZTYtOGY4OC0zNDM2M2JjN2M0YzAiOnsiY3JlYXRlIjoxMjAwMDAwMDAwMDAwLCJkZWxldGUiOjEyMDAwMDAwMDAwMDAsInVwZGF0ZSI6MTIwMDAwMDAwMDAwMH19",
          "dependencies": [
            "module.object-storage.oci_objectstorage_bucket.ewp_image_storage"
          ]
        },
        {
          "index_key": 277,
          "schema_version": 0,
          "attributes": {
            "bucket": "ewp_image_store",
            "cache_control": null,
            "content": null,
            "content_disposition": null,
            "content_encoding": null,
            "content_language": null,
            "content_length": "911618",
            "content_md5": "bOCTy9G4aw7X/GShrgSqDw==",
            "content_type": "image/jpeg",
            "delete_all_object_versions": false,
            "id": "n/lr4poue3hwjl/b/ewp_image_store/o/weddings%2FTom%20and%20Rebecca%2F60.jpg",
            "metadata": {},
            "namespace": "lr4poue3hwjl",
            "object": "weddings/Tom and Rebecca/60.jpg",
            "opc_sse_kms_key_id": null,
            "source": "../assets/weddings/Tom and Rebecca/60.jpg 2015-07-19 13:03:12 +0100 BST",
            "source_uri_details": [],
            "state": "COMPLETED",
            "storage_tier": "Standard",
            "timeouts": null,
            "version_id": "b42e485c-4c5e-445f-81f0-7bd32d0f515e",
            "work_request_id": ""
          },
          "sensitive_attributes": [],
          "private": "eyJlMmJmYjczMC1lY2FhLTExZTYtOGY4OC0zNDM2M2JjN2M0YzAiOnsiY3JlYXRlIjoxMjAwMDAwMDAwMDAwLCJkZWxldGUiOjEyMDAwMDAwMDAwMDAsInVwZGF0ZSI6MTIwMDAwMDAwMDAwMH19",
          "dependencies": [
            "module.object-storage.oci_objectstorage_bucket.ewp_image_storage"
          ]
        },
        {
          "index_key": 278,
          "schema_version": 0,
          "attributes": {
            "bucket": "ewp_image_store",
            "cache_control": null,
            "content": null,
            "content_disposition": null,
            "content_encoding": null,
            "content_language": null,
            "content_length": "312991",
            "content_md5": "UVvPCKrP8ml1g0FSvwFP4w==",
            "content_type": "image/jpeg",
            "delete_all_object_versions": false,
            "id": "n/lr4poue3hwjl/b/ewp_image_store/o/weddings%2FTom%20and%20Rebecca%2F61.jpg",
            "metadata": {},
            "namespace": "lr4poue3hwjl",
            "object": "weddings/Tom and Rebecca/61.jpg",
            "opc_sse_kms_key_id": null,
            "source": "../assets/weddings/Tom and Rebecca/61.jpg 2015-07-19 13:02:59 +0100 BST",
            "source_uri_details": [],
            "state": "COMPLETED",
            "storage_tier": "Standard",
            "timeouts": null,
            "version_id": "a3805378-83ea-4baf-a928-44123a1825f5",
            "work_request_id": ""
          },
          "sensitive_attributes": [],
          "private": "eyJlMmJmYjczMC1lY2FhLTExZTYtOGY4OC0zNDM2M2JjN2M0YzAiOnsiY3JlYXRlIjoxMjAwMDAwMDAwMDAwLCJkZWxldGUiOjEyMDAwMDAwMDAwMDAsInVwZGF0ZSI6MTIwMDAwMDAwMDAwMH19",
          "dependencies": [
            "module.object-storage.oci_objectstorage_bucket.ewp_image_storage"
          ]
        },
        {
          "index_key": 279,
          "schema_version": 0,
          "attributes": {
            "bucket": "ewp_image_store",
            "cache_control": null,
            "content": null,
            "content_disposition": null,
            "content_encoding": null,
            "content_language": null,
            "content_length": "741856",
            "content_md5": "JOQS9Vcdki91rD53YvAuZg==",
            "content_type": "image/jpeg",
            "delete_all_object_versions": false,
            "id": "n/lr4poue3hwjl/b/ewp_image_store/o/weddings%2FTom%20and%20Rebecca%2F62.jpg",
            "metadata": {},
            "namespace": "lr4poue3hwjl",
            "object": "weddings/Tom and Rebecca/62.jpg",
            "opc_sse_kms_key_id": null,
            "source": "../assets/weddings/Tom and Rebecca/62.jpg 2015-07-19 13:02:49 +0100 BST",
            "source_uri_details": [],
            "state": "COMPLETED",
            "storage_tier": "Standard",
            "timeouts": null,
            "version_id": "f023e039-551e-4c2c-b1eb-50660f28a672",
            "work_request_id": ""
          },
          "sensitive_attributes": [],
          "private": "eyJlMmJmYjczMC1lY2FhLTExZTYtOGY4OC0zNDM2M2JjN2M0YzAiOnsiY3JlYXRlIjoxMjAwMDAwMDAwMDAwLCJkZWxldGUiOjEyMDAwMDAwMDAwMDAsInVwZGF0ZSI6MTIwMDAwMDAwMDAwMH19",
          "dependencies": [
            "module.object-storage.oci_objectstorage_bucket.ewp_image_storage"
          ]
        },
        {
          "index_key": 280,
          "schema_version": 0,
          "attributes": {
            "bucket": "ewp_image_store",
            "cache_control": null,
            "content": null,
            "content_disposition": null,
            "content_encoding": null,
            "content_language": null,
            "content_length": "876526",
            "content_md5": "98O1xkv1SYpsHcwOnVAUMw==",
            "content_type": "image/jpeg",
            "delete_all_object_versions": false,
            "id": "n/lr4poue3hwjl/b/ewp_image_store/o/weddings%2FTom%20and%20Rebecca%2F63.jpg",
            "metadata": {},
            "namespace": "lr4poue3hwjl",
            "object": "weddings/Tom and Rebecca/63.jpg",
            "opc_sse_kms_key_id": null,
            "source": "../assets/weddings/Tom and Rebecca/63.jpg 2015-07-19 13:02:40 +0100 BST",
            "source_uri_details": [],
            "state": "COMPLETED",
            "storage_tier": "Standard",
            "timeouts": null,
            "version_id": "bd1d9267-e8f5-4f66-b846-e9fef6b85500",
            "work_request_id": ""
          },
          "sensitive_attributes": [],
          "private": "eyJlMmJmYjczMC1lY2FhLTExZTYtOGY4OC0zNDM2M2JjN2M0YzAiOnsiY3JlYXRlIjoxMjAwMDAwMDAwMDAwLCJkZWxldGUiOjEyMDAwMDAwMDAwMDAsInVwZGF0ZSI6MTIwMDAwMDAwMDAwMH19",
          "dependencies": [
            "module.object-storage.oci_objectstorage_bucket.ewp_image_storage"
          ]
        },
        {
          "index_key": 281,
          "schema_version": 0,
          "attributes": {
            "bucket": "ewp_image_store",
            "cache_control": null,
            "content": null,
            "content_disposition": null,
            "content_encoding": null,
            "content_language": null,
            "content_length": "869082",
            "content_md5": "Adl7Db6zxN2H1WNIpkB8NQ==",
            "content_type": "image/jpeg",
            "delete_all_object_versions": false,
            "id": "n/lr4poue3hwjl/b/ewp_image_store/o/weddings%2FTom%20and%20Rebecca%2F64.jpg",
            "metadata": {},
            "namespace": "lr4poue3hwjl",
            "object": "weddings/Tom and Rebecca/64.jpg",
            "opc_sse_kms_key_id": null,
            "source": "../assets/weddings/Tom and Rebecca/64.jpg 2015-07-19 13:02:28 +0100 BST",
            "source_uri_details": [],
            "state": "COMPLETED",
            "storage_tier": "Standard",
            "timeouts": null,
            "version_id": "9af71f0c-26f2-41b1-ba28-3b906aca5774",
            "work_request_id": ""
          },
          "sensitive_attributes": [],
          "private": "eyJlMmJmYjczMC1lY2FhLTExZTYtOGY4OC0zNDM2M2JjN2M0YzAiOnsiY3JlYXRlIjoxMjAwMDAwMDAwMDAwLCJkZWxldGUiOjEyMDAwMDAwMDAwMDAsInVwZGF0ZSI6MTIwMDAwMDAwMDAwMH19",
          "dependencies": [
            "module.object-storage.oci_objectstorage_bucket.ewp_image_storage"
          ]
        },
        {
          "index_key": 282,
          "schema_version": 0,
          "attributes": {
            "bucket": "ewp_image_store",
            "cache_control": null,
            "content": null,
            "content_disposition": null,
            "content_encoding": null,
            "content_language": null,
            "content_length": "685428",
            "content_md5": "kgnxIvwB1AFC5DtyFoajlg==",
            "content_type": "image/jpeg",
            "delete_all_object_versions": false,
            "id": "n/lr4poue3hwjl/b/ewp_image_store/o/weddings%2FTom%20and%20Rebecca%2F65.jpg",
            "metadata": {},
            "namespace": "lr4poue3hwjl",
            "object": "weddings/Tom and Rebecca/65.jpg",
            "opc_sse_kms_key_id": null,
            "source": "../assets/weddings/Tom and Rebecca/65.jpg 2015-07-19 13:02:16 +0100 BST",
            "source_uri_details": [],
            "state": "COMPLETED",
            "storage_tier": "Standard",
            "timeouts": null,
            "version_id": "f1a6b9f0-b565-4186-8f40-557b46791c31",
            "work_request_id": ""
          },
          "sensitive_attributes": [],
          "private": "eyJlMmJmYjczMC1lY2FhLTExZTYtOGY4OC0zNDM2M2JjN2M0YzAiOnsiY3JlYXRlIjoxMjAwMDAwMDAwMDAwLCJkZWxldGUiOjEyMDAwMDAwMDAwMDAsInVwZGF0ZSI6MTIwMDAwMDAwMDAwMH19",
          "dependencies": [
            "module.object-storage.oci_objectstorage_bucket.ewp_image_storage"
          ]
        },
        {
          "index_key": 283,
          "schema_version": 0,
          "attributes": {
            "bucket": "ewp_image_store",
            "cache_control": null,
            "content": null,
            "content_disposition": null,
            "content_encoding": null,
            "content_language": null,
            "content_length": "688727",
            "content_md5": "hmKNohbdUsxQcOLUe2gChg==",
            "content_type": "image/jpeg",
            "delete_all_object_versions": false,
            "id": "n/lr4poue3hwjl/b/ewp_image_store/o/weddings%2FTom%20and%20Rebecca%2F66.jpg",
            "metadata": {},
            "namespace": "lr4poue3hwjl",
            "object": "weddings/Tom and Rebecca/66.jpg",
            "opc_sse_kms_key_id": null,
            "source": "../assets/weddings/Tom and Rebecca/66.jpg 2015-07-19 13:02:07 +0100 BST",
            "source_uri_details": [],
            "state": "COMPLETED",
            "storage_tier": "Standard",
            "timeouts": null,
            "version_id": "25258e13-f8fd-4046-a844-a114134c64fd",
            "work_request_id": ""
          },
          "sensitive_attributes": [],
          "private": "eyJlMmJmYjczMC1lY2FhLTExZTYtOGY4OC0zNDM2M2JjN2M0YzAiOnsiY3JlYXRlIjoxMjAwMDAwMDAwMDAwLCJkZWxldGUiOjEyMDAwMDAwMDAwMDAsInVwZGF0ZSI6MTIwMDAwMDAwMDAwMH19",
          "dependencies": [
            "module.object-storage.oci_objectstorage_bucket.ewp_image_storage"
          ]
        },
        {
          "index_key": 284,
          "schema_version": 0,
          "attributes": {
            "bucket": "ewp_image_store",
            "cache_control": null,
            "content": null,
            "content_disposition": null,
            "content_encoding": null,
            "content_language": null,
            "content_length": "413731",
            "content_md5": "lqI51lJECvVW2/yTYFCRIg==",
            "content_type": "image/jpeg",
            "delete_all_object_versions": false,
            "id": "n/lr4poue3hwjl/b/ewp_image_store/o/weddings%2FTom%20and%20Rebecca%2F67.jpg",
            "metadata": {},
            "namespace": "lr4poue3hwjl",
            "object": "weddings/Tom and Rebecca/67.jpg",
            "opc_sse_kms_key_id": null,
            "source": "../assets/weddings/Tom and Rebecca/67.jpg 2015-07-19 13:01:57 +0100 BST",
            "source_uri_details": [],
            "state": "COMPLETED",
            "storage_tier": "Standard",
            "timeouts": null,
            "version_id": "7f93af56-05d6-475f-b23b-1a4827c10c49",
            "work_request_id": ""
          },
          "sensitive_attributes": [],
          "private": "eyJlMmJmYjczMC1lY2FhLTExZTYtOGY4OC0zNDM2M2JjN2M0YzAiOnsiY3JlYXRlIjoxMjAwMDAwMDAwMDAwLCJkZWxldGUiOjEyMDAwMDAwMDAwMDAsInVwZGF0ZSI6MTIwMDAwMDAwMDAwMH19",
          "dependencies": [
            "module.object-storage.oci_objectstorage_bucket.ewp_image_storage"
          ]
        },
        {
          "index_key": 285,
          "schema_version": 0,
          "attributes": {
            "bucket": "ewp_image_store",
            "cache_control": null,
            "content": null,
            "content_disposition": null,
            "content_encoding": null,
            "content_language": null,
            "content_length": "857098",
            "content_md5": "IdhaSNkTDgifzWB+s+v7Zg==",
            "content_type": "image/jpeg",
            "delete_all_object_versions": false,
            "id": "n/lr4poue3hwjl/b/ewp_image_store/o/weddings%2FTom%20and%20Rebecca%2F68.jpg",
            "metadata": {},
            "namespace": "lr4poue3hwjl",
            "object": "weddings/Tom and Rebecca/68.jpg",
            "opc_sse_kms_key_id": null,
            "source": "../assets/weddings/Tom and Rebecca/68.jpg 2015-07-19 13:01:47 +0100 BST",
            "source_uri_details": [],
            "state": "COMPLETED",
            "storage_tier": "Standard",
            "timeouts": null,
            "version_id": "b153931f-b44c-4457-a06e-34d9fdaebcd6",
            "work_request_id": ""
          },
          "sensitive_attributes": [],
          "private": "eyJlMmJmYjczMC1lY2FhLTExZTYtOGY4OC0zNDM2M2JjN2M0YzAiOnsiY3JlYXRlIjoxMjAwMDAwMDAwMDAwLCJkZWxldGUiOjEyMDAwMDAwMDAwMDAsInVwZGF0ZSI6MTIwMDAwMDAwMDAwMH19",
          "dependencies": [
            "module.object-storage.oci_objectstorage_bucket.ewp_image_storage"
          ]
        },
        {
          "index_key": 286,
          "schema_version": 0,
          "attributes": {
            "bucket": "ewp_image_store",
            "cache_control": null,
            "content": null,
            "content_disposition": null,
            "content_encoding": null,
            "content_language": null,
            "content_length": "347764",
            "content_md5": "JKYuaLVIuPGiAo7/REElFg==",
            "content_type": "image/jpeg",
            "delete_all_object_versions": false,
            "id": "n/lr4poue3hwjl/b/ewp_image_store/o/weddings%2FTom%20and%20Rebecca%2F69.jpg",
            "metadata": {},
            "namespace": "lr4poue3hwjl",
            "object": "weddings/Tom and Rebecca/69.jpg",
            "opc_sse_kms_key_id": null,
            "source": "../assets/weddings/Tom and Rebecca/69.jpg 2015-07-19 13:01:34 +0100 BST",
            "source_uri_details": [],
            "state": "COMPLETED",
            "storage_tier": "Standard",
            "timeouts": null,
            "version_id": "387b23e4-0b2d-4def-b2c0-5a25de185207",
            "work_request_id": ""
          },
          "sensitive_attributes": [],
          "private": "eyJlMmJmYjczMC1lY2FhLTExZTYtOGY4OC0zNDM2M2JjN2M0YzAiOnsiY3JlYXRlIjoxMjAwMDAwMDAwMDAwLCJkZWxldGUiOjEyMDAwMDAwMDAwMDAsInVwZGF0ZSI6MTIwMDAwMDAwMDAwMH19",
          "dependencies": [
            "module.object-storage.oci_objectstorage_bucket.ewp_image_storage"
          ]
        },
        {
          "index_key": 287,
          "schema_version": 0,
          "attributes": {
            "bucket": "ewp_image_store",
            "cache_control": null,
            "content": null,
            "content_disposition": null,
            "content_encoding": null,
            "content_language": null,
            "content_length": "685007",
            "content_md5": "0uNh+zvR4S/MISPmpBwQsQ==",
            "content_type": "image/jpeg",
            "delete_all_object_versions": false,
            "id": "n/lr4poue3hwjl/b/ewp_image_store/o/weddings%2FTom%20and%20Rebecca%2F7.jpg",
            "metadata": {},
            "namespace": "lr4poue3hwjl",
            "object": "weddings/Tom and Rebecca/7.jpg",
            "opc_sse_kms_key_id": null,
            "source": "../assets/weddings/Tom and Rebecca/7.jpg 2015-07-19 13:12:12 +0100 BST",
            "source_uri_details": [],
            "state": "COMPLETED",
            "storage_tier": "Standard",
            "timeouts": null,
            "version_id": "ab91f85c-cc2c-42c5-852e-a751aa898788",
            "work_request_id": ""
          },
          "sensitive_attributes": [],
          "private": "eyJlMmJmYjczMC1lY2FhLTExZTYtOGY4OC0zNDM2M2JjN2M0YzAiOnsiY3JlYXRlIjoxMjAwMDAwMDAwMDAwLCJkZWxldGUiOjEyMDAwMDAwMDAwMDAsInVwZGF0ZSI6MTIwMDAwMDAwMDAwMH19",
          "dependencies": [
            "module.object-storage.oci_objectstorage_bucket.ewp_image_storage"
          ]
        },
        {
          "index_key": 288,
          "schema_version": 0,
          "attributes": {
            "bucket": "ewp_image_store",
            "cache_control": null,
            "content": null,
            "content_disposition": null,
            "content_encoding": null,
            "content_language": null,
            "content_length": "864149",
            "content_md5": "LZLK9lbUEStikvMCjrWOqA==",
            "content_type": "image/jpeg",
            "delete_all_object_versions": false,
            "id": "n/lr4poue3hwjl/b/ewp_image_store/o/weddings%2FTom%20and%20Rebecca%2F70.jpg",
            "metadata": {},
            "namespace": "lr4poue3hwjl",
            "object": "weddings/Tom and Rebecca/70.jpg",
            "opc_sse_kms_key_id": null,
            "source": "../assets/weddings/Tom and Rebecca/70.jpg 2015-07-19 13:01:23 +0100 BST",
            "source_uri_details": [],
            "state": "COMPLETED",
            "storage_tier": "Standard",
            "timeouts": null,
            "version_id": "de587b88-28b7-41fb-9079-acff14ea5ed0",
            "work_request_id": ""
          },
          "sensitive_attributes": [],
          "private": "eyJlMmJmYjczMC1lY2FhLTExZTYtOGY4OC0zNDM2M2JjN2M0YzAiOnsiY3JlYXRlIjoxMjAwMDAwMDAwMDAwLCJkZWxldGUiOjEyMDAwMDAwMDAwMDAsInVwZGF0ZSI6MTIwMDAwMDAwMDAwMH19",
          "dependencies": [
            "module.object-storage.oci_objectstorage_bucket.ewp_image_storage"
          ]
        },
        {
          "index_key": 289,
          "schema_version": 0,
          "attributes": {
            "bucket": "ewp_image_store",
            "cache_control": null,
            "content": null,
            "content_disposition": null,
            "content_encoding": null,
            "content_language": null,
            "content_length": "1043786",
            "content_md5": "OTzAx2vWLcWPot3boTrZqg==",
            "content_type": "image/jpeg",
            "delete_all_object_versions": false,
            "id": "n/lr4poue3hwjl/b/ewp_image_store/o/weddings%2FTom%20and%20Rebecca%2F71.jpg",
            "metadata": {},
            "namespace": "lr4poue3hwjl",
            "object": "weddings/Tom and Rebecca/71.jpg",
            "opc_sse_kms_key_id": null,
            "source": "../assets/weddings/Tom and Rebecca/71.jpg 2015-07-19 13:01:09 +0100 BST",
            "source_uri_details": [],
            "state": "COMPLETED",
            "storage_tier": "Standard",
            "timeouts": null,
            "version_id": "b51daff9-59a2-4816-afc3-f750f205eac2",
            "work_request_id": ""
          },
          "sensitive_attributes": [],
          "private": "eyJlMmJmYjczMC1lY2FhLTExZTYtOGY4OC0zNDM2M2JjN2M0YzAiOnsiY3JlYXRlIjoxMjAwMDAwMDAwMDAwLCJkZWxldGUiOjEyMDAwMDAwMDAwMDAsInVwZGF0ZSI6MTIwMDAwMDAwMDAwMH19",
          "dependencies": [
            "module.object-storage.oci_objectstorage_bucket.ewp_image_storage"
          ]
        },
        {
          "index_key": 290,
          "schema_version": 0,
          "attributes": {
            "bucket": "ewp_image_store",
            "cache_control": null,
            "content": null,
            "content_disposition": null,
            "content_encoding": null,
            "content_language": null,
            "content_length": "841475",
            "content_md5": "58E5AGiod/hZWQv7iUe5fg==",
            "content_type": "image/jpeg",
            "delete_all_object_versions": false,
            "id": "n/lr4poue3hwjl/b/ewp_image_store/o/weddings%2FTom%20and%20Rebecca%2F72.jpg",
            "metadata": {},
            "namespace": "lr4poue3hwjl",
            "object": "weddings/Tom and Rebecca/72.jpg",
            "opc_sse_kms_key_id": null,
            "source": "../assets/weddings/Tom and Rebecca/72.jpg 2015-07-19 12:59:37 +0100 BST",
            "source_uri_details": [],
            "state": "COMPLETED",
            "storage_tier": "Standard",
            "timeouts": null,
            "version_id": "217d1dab-28b1-4711-afda-32d5e9a02793",
            "work_request_id": ""
          },
          "sensitive_attributes": [],
          "private": "eyJlMmJmYjczMC1lY2FhLTExZTYtOGY4OC0zNDM2M2JjN2M0YzAiOnsiY3JlYXRlIjoxMjAwMDAwMDAwMDAwLCJkZWxldGUiOjEyMDAwMDAwMDAwMDAsInVwZGF0ZSI6MTIwMDAwMDAwMDAwMH19",
          "dependencies": [
            "module.object-storage.oci_objectstorage_bucket.ewp_image_storage"
          ]
        },
        {
          "index_key": 291,
          "schema_version": 0,
          "attributes": {
            "bucket": "ewp_image_store",
            "cache_control": null,
            "content": null,
            "content_disposition": null,
            "content_encoding": null,
            "content_language": null,
            "content_length": "433388",
            "content_md5": "9g8AXNxqGSyLEXY9230sCA==",
            "content_type": "image/jpeg",
            "delete_all_object_versions": false,
            "id": "n/lr4poue3hwjl/b/ewp_image_store/o/weddings%2FTom%20and%20Rebecca%2F8.jpg",
            "metadata": {},
            "namespace": "lr4poue3hwjl",
            "object": "weddings/Tom and Rebecca/8.jpg",
            "opc_sse_kms_key_id": null,
            "source": "../assets/weddings/Tom and Rebecca/8.jpg 2015-07-19 13:12:01 +0100 BST",
            "source_uri_details": [],
            "state": "COMPLETED",
            "storage_tier": "Standard",
            "timeouts": null,
            "version_id": "d5018d2e-417f-46f1-b066-2065c2bbfb98",
            "work_request_id": ""
          },
          "sensitive_attributes": [],
          "private": "eyJlMmJmYjczMC1lY2FhLTExZTYtOGY4OC0zNDM2M2JjN2M0YzAiOnsiY3JlYXRlIjoxMjAwMDAwMDAwMDAwLCJkZWxldGUiOjEyMDAwMDAwMDAwMDAsInVwZGF0ZSI6MTIwMDAwMDAwMDAwMH19",
          "dependencies": [
            "module.object-storage.oci_objectstorage_bucket.ewp_image_storage"
          ]
        },
        {
          "index_key": 292,
          "schema_version": 0,
          "attributes": {
            "bucket": "ewp_image_store",
            "cache_control": null,
            "content": null,
            "content_disposition": null,
            "content_encoding": null,
            "content_language": null,
            "content_length": "741154",
            "content_md5": "7nWSpGMzslKKSUWUynFV4Q==",
            "content_type": "image/jpeg",
            "delete_all_object_versions": false,
            "id": "n/lr4poue3hwjl/b/ewp_image_store/o/weddings%2FTom%20and%20Rebecca%2F9.jpg",
            "metadata": {},
            "namespace": "lr4poue3hwjl",
            "object": "weddings/Tom and Rebecca/9.jpg",
            "opc_sse_kms_key_id": null,
            "source": "../assets/weddings/Tom and Rebecca/9.jpg 2015-07-19 13:11:51 +0100 BST",
            "source_uri_details": [],
            "state": "COMPLETED",
            "storage_tier": "Standard",
            "timeouts": null,
            "version_id": "8a553d5c-ead9-4743-8b1a-018a1de1b039",
            "work_request_id": ""
          },
          "sensitive_attributes": [],
          "private": "eyJlMmJmYjczMC1lY2FhLTExZTYtOGY4OC0zNDM2M2JjN2M0YzAiOnsiY3JlYXRlIjoxMjAwMDAwMDAwMDAwLCJkZWxldGUiOjEyMDAwMDAwMDAwMDAsInVwZGF0ZSI6MTIwMDAwMDAwMDAwMH19",
          "dependencies": [
            "module.object-storage.oci_objectstorage_bucket.ewp_image_storage"
          ]
        },
        {
          "index_key": 293,
          "schema_version": 0,
          "attributes": {
            "bucket": "ewp_image_store",
            "cache_control": null,
            "content": null,
            "content_disposition": null,
            "content_encoding": null,
            "content_language": null,
            "content_length": "381742",
            "content_md5": "Ycasv/J1LDIEIyidoxA/NA==",
            "content_type": "image/jpeg",
            "delete_all_object_versions": false,
            "id": "n/lr4poue3hwjl/b/ewp_image_store/o/weddings%2FTom%20and%20Rebecca%2Fcover.jpg",
            "metadata": {},
            "namespace": "lr4poue3hwjl",
            "object": "weddings/Tom and Rebecca/cover.jpg",
            "opc_sse_kms_key_id": null,
            "source": "../assets/weddings/Tom and Rebecca/cover.jpg 2015-07-19 13:06:15 +0100 BST",
            "source_uri_details": [],
            "state": "COMPLETED",
            "storage_tier": "Standard",
            "timeouts": null,
            "version_id": "f0db642a-5ca2-421b-98a2-d937c5b995cc",
            "work_request_id": ""
          },
          "sensitive_attributes": [],
          "private": "eyJlMmJmYjczMC1lY2FhLTExZTYtOGY4OC0zNDM2M2JjN2M0YzAiOnsiY3JlYXRlIjoxMjAwMDAwMDAwMDAwLCJkZWxldGUiOjEyMDAwMDAwMDAwMDAsInVwZGF0ZSI6MTIwMDAwMDAwMDAwMH19",
          "dependencies": [
            "module.object-storage.oci_objectstorage_bucket.ewp_image_storage"
          ]
        }
      ]
    }
  ],
  "check_results": null
}
